{
    "version": 3,
    "terraform_version": "0.11.3",
    "serial": 238,
    "lineage": "6a6e3f47-d4c8-46eb-a34e-885062b7c62a",
    "modules": [
        {
            "path": [
                "root"
            ],
            "outputs": {},
            "resources": {},
            "depends_on": []
        },
        {
            "path": [
                "root",
                "account"
            ],
            "outputs": {
                "logging-bucket": {
                    "sensitive": false,
                    "type": "string",
                    "value": "akerl-s3-logs"
                }
            },
            "resources": {
                "aws_cloudtrail.main-trail": {
                    "type": "aws_cloudtrail",
                    "depends_on": [
                        "aws_s3_bucket.main-trail"
                    ],
                    "primary": {
                        "id": "main-trail",
                        "attributes": {
                            "arn": "arn:aws:cloudtrail:us-east-1:764218738161:trail/main-trail",
                            "cloud_watch_logs_group_arn": "",
                            "cloud_watch_logs_role_arn": "",
                            "enable_log_file_validation": "true",
                            "enable_logging": "true",
                            "event_selector.#": "0",
                            "home_region": "us-east-1",
                            "id": "main-trail",
                            "include_global_service_events": "true",
                            "is_multi_region_trail": "true",
                            "kms_key_id": "",
                            "name": "main-trail",
                            "s3_bucket_name": "akerl-cloudtrail",
                            "s3_key_prefix": "",
                            "sns_topic_name": "",
                            "tags.%": "0"
                        },
                        "meta": {},
                        "tainted": false
                    },
                    "deposed": [],
                    "provider": "provider.aws"
                },
                "aws_cloudwatch_metric_alarm.billing-alarm": {
                    "type": "aws_cloudwatch_metric_alarm",
                    "depends_on": [
                        "aws_sns_topic.billing-notif"
                    ],
                    "primary": {
                        "id": "billing-alarm",
                        "attributes": {
                            "actions_enabled": "true",
                            "alarm_actions.#": "1",
                            "alarm_actions.3019211877": "arn:aws:sns:us-east-1:764218738161:billing-notif",
                            "alarm_description": "Check for billing spikes",
                            "alarm_name": "billing-alarm",
                            "comparison_operator": "GreaterThanThreshold",
                            "datapoints_to_alarm": "0",
                            "dimensions.%": "1",
                            "dimensions.Currency": "USD",
                            "evaluate_low_sample_count_percentiles": "",
                            "evaluation_periods": "2",
                            "extended_statistic": "",
                            "id": "billing-alarm",
                            "insufficient_data_actions.#": "0",
                            "metric_name": "EstimatedCharges",
                            "namespace": "AWS/Billing",
                            "ok_actions.#": "0",
                            "period": "3600",
                            "statistic": "Maximum",
                            "threshold": "20",
                            "treat_missing_data": "missing",
                            "unit": ""
                        },
                        "meta": {
                            "schema_version": "1"
                        },
                        "tainted": false
                    },
                    "deposed": [],
                    "provider": "provider.aws"
                },
                "aws_iam_account_password_policy.strict": {
                    "type": "aws_iam_account_password_policy",
                    "depends_on": [],
                    "primary": {
                        "id": "iam-account-password-policy",
                        "attributes": {
                            "allow_users_to_change_password": "true",
                            "expire_passwords": "false",
                            "hard_expiry": "false",
                            "id": "iam-account-password-policy",
                            "max_password_age": "0",
                            "minimum_password_length": "32",
                            "password_reuse_prevention": "24",
                            "require_lowercase_characters": "true",
                            "require_numbers": "true",
                            "require_symbols": "true",
                            "require_uppercase_characters": "true"
                        },
                        "meta": {},
                        "tainted": false
                    },
                    "deposed": [],
                    "provider": "provider.aws"
                },
                "aws_s3_bucket.logging": {
                    "type": "aws_s3_bucket",
                    "depends_on": [],
                    "primary": {
                        "id": "akerl-s3-logs",
                        "attributes": {
                            "acceleration_status": "",
                            "acl": "log-delivery-write",
                            "arn": "arn:aws:s3:::akerl-s3-logs",
                            "bucket": "akerl-s3-logs",
                            "bucket_domain_name": "akerl-s3-logs.s3.amazonaws.com",
                            "force_destroy": "false",
                            "hosted_zone_id": "Z3AQBSTGFYJSTF",
                            "id": "akerl-s3-logs",
                            "logging.#": "0",
                            "policy": "",
                            "region": "us-east-1",
                            "replication_configuration.#": "0",
                            "request_payer": "BucketOwner",
                            "server_side_encryption_configuration.#": "0",
                            "tags.%": "0",
                            "versioning.#": "1",
                            "versioning.0.enabled": "true",
                            "versioning.0.mfa_delete": "false",
                            "website.#": "0"
                        },
                        "meta": {},
                        "tainted": false
                    },
                    "deposed": [],
                    "provider": "provider.aws"
                },
                "aws_s3_bucket.main-trail": {
                    "type": "aws_s3_bucket",
                    "depends_on": [],
                    "primary": {
                        "id": "akerl-cloudtrail",
                        "attributes": {
                            "acceleration_status": "",
                            "acl": "private",
                            "arn": "arn:aws:s3:::akerl-cloudtrail",
                            "bucket": "akerl-cloudtrail",
                            "bucket_domain_name": "akerl-cloudtrail.s3.amazonaws.com",
                            "force_destroy": "false",
                            "hosted_zone_id": "Z3AQBSTGFYJSTF",
                            "id": "akerl-cloudtrail",
                            "logging.#": "0",
                            "policy": "{\"Statement\":[{\"Action\":\"s3:GetBucketAcl\",\"Effect\":\"Allow\",\"Principal\":{\"Service\":\"cloudtrail.amazonaws.com\"},\"Resource\":\"arn:aws:s3:::akerl-cloudtrail\",\"Sid\":\"AWSCloudTrailAclCheck\"},{\"Action\":\"s3:PutObject\",\"Condition\":{\"StringEquals\":{\"s3:x-amz-acl\":\"bucket-owner-full-control\"}},\"Effect\":\"Allow\",\"Principal\":{\"Service\":\"cloudtrail.amazonaws.com\"},\"Resource\":\"arn:aws:s3:::akerl-cloudtrail/*\",\"Sid\":\"AWSCloudTrailWrite\"}],\"Version\":\"2012-10-17\"}",
                            "region": "us-east-1",
                            "replication_configuration.#": "0",
                            "request_payer": "BucketOwner",
                            "server_side_encryption_configuration.#": "0",
                            "tags.%": "0",
                            "versioning.#": "1",
                            "versioning.0.enabled": "false",
                            "versioning.0.mfa_delete": "false",
                            "website.#": "0"
                        },
                        "meta": {},
                        "tainted": false
                    },
                    "deposed": [],
                    "provider": "provider.aws"
                },
                "aws_sns_topic.billing-notif": {
                    "type": "aws_sns_topic",
                    "depends_on": [],
                    "primary": {
                        "id": "arn:aws:sns:us-east-1:764218738161:billing-notif",
                        "attributes": {
                            "application_failure_feedback_role_arn": "",
                            "application_success_feedback_role_arn": "",
                            "application_success_feedback_sample_rate": "0",
                            "arn": "arn:aws:sns:us-east-1:764218738161:billing-notif",
                            "delivery_policy": "",
                            "display_name": "",
                            "http_failure_feedback_role_arn": "",
                            "http_success_feedback_role_arn": "",
                            "http_success_feedback_sample_rate": "0",
                            "id": "arn:aws:sns:us-east-1:764218738161:billing-notif",
                            "lambda_failure_feedback_role_arn": "",
                            "lambda_success_feedback_role_arn": "",
                            "lambda_success_feedback_sample_rate": "0",
                            "name": "billing-notif",
                            "policy": "{\"Version\":\"2008-10-17\",\"Id\":\"__default_policy_ID\",\"Statement\":[{\"Sid\":\"__default_statement_ID\",\"Effect\":\"Allow\",\"Principal\":{\"AWS\":\"*\"},\"Action\":[\"SNS:GetTopicAttributes\",\"SNS:SetTopicAttributes\",\"SNS:AddPermission\",\"SNS:RemovePermission\",\"SNS:DeleteTopic\",\"SNS:Subscribe\",\"SNS:ListSubscriptionsByTopic\",\"SNS:Publish\",\"SNS:Receive\"],\"Resource\":\"arn:aws:sns:us-east-1:764218738161:billing-notif\",\"Condition\":{\"StringEquals\":{\"AWS:SourceOwner\":\"764218738161\"}}}]}",
                            "sqs_failure_feedback_role_arn": "",
                            "sqs_success_feedback_role_arn": "",
                            "sqs_success_feedback_sample_rate": "0"
                        },
                        "meta": {},
                        "tainted": false
                    },
                    "deposed": [],
                    "provider": "provider.aws"
                }
            },
            "depends_on": []
        },
        {
            "path": [
                "root",
                "akerl-aws-account"
            ],
            "outputs": {},
            "resources": {
                "aws_iam_user.circleci": {
                    "type": "aws_iam_user",
                    "depends_on": [],
                    "primary": {
                        "id": "circleci-akerl-aws-account",
                        "attributes": {
                            "arn": "arn:aws:iam::764218738161:user/circleci-akerl-aws-account",
                            "force_destroy": "false",
                            "id": "circleci-akerl-aws-account",
                            "name": "circleci-akerl-aws-account",
                            "path": "/",
                            "unique_id": "AIDAIBKO6FLE5PWHLFVD2"
                        },
                        "meta": {},
                        "tainted": false
                    },
                    "deposed": [],
                    "provider": "provider.aws"
                },
                "aws_iam_user_policy.terraform-planner": {
                    "type": "aws_iam_user_policy",
                    "depends_on": [
                        "aws_iam_user.circleci",
                        "data.aws_iam_policy_document.terraform-planner"
                    ],
                    "primary": {
                        "id": "circleci-akerl-aws-account:terraform-planner",
                        "attributes": {
                            "id": "circleci-akerl-aws-account:terraform-planner",
                            "name": "terraform-planner",
                            "policy": "{\n  \"Version\": \"2012-10-17\",\n  \"Statement\": [\n    {\n      \"Sid\": \"\",\n      \"Effect\": \"Allow\",\n      \"Action\": [\n        \"sns:Get*\",\n        \"s3:ListBucket\",\n        \"s3:ListAllMyBuckets\",\n        \"s3:GetReplicationConfiguration\",\n        \"s3:GetLifecycleConfiguration\",\n        \"s3:GetEncryptionConfiguration\",\n        \"s3:GetBucket*\",\n        \"s3:GetAccelerateConfiguration\",\n        \"route53:List*\",\n        \"route53:Get*\",\n        \"lambda:List*\",\n        \"lambda:Get*\",\n        \"iam:List*\",\n        \"iam:Get*\",\n        \"events:List*\",\n        \"events:Describe*\",\n        \"ec2:Describe*\",\n        \"cloudwatch:Describe*\",\n        \"cloudtrail:List*\",\n        \"cloudtrail:Get*\",\n        \"cloudtrail:Describe*\",\n        \"cloudfront:List*\",\n        \"cloudfront:Get*\",\n        \"apigateway:Get*\",\n        \"acm:List*\",\n        \"acm:Describe*\"\n      ],\n      \"Resource\": \"*\"\n    }\n  ]\n}",
                            "user": "circleci-akerl-aws-account"
                        },
                        "meta": {},
                        "tainted": false
                    },
                    "deposed": [],
                    "provider": "provider.aws"
                },
                "awscreds_iam_access_key.circleci-key": {
                    "type": "awscreds_iam_access_key",
                    "depends_on": [
                        "aws_iam_user.circleci"
                    ],
                    "primary": {
                        "id": "AKIAJGVDRGWWJZWLTO5A",
                        "attributes": {
                            "file": "creds/circleci-akerl-aws-account",
                            "id": "AKIAJGVDRGWWJZWLTO5A",
                            "secret": "",
                            "ses_smtp_password": "",
                            "status": "Active",
                            "user": "circleci-akerl-aws-account"
                        },
                        "meta": {},
                        "tainted": false
                    },
                    "deposed": [],
                    "provider": "provider.awscreds"
                },
                "data.aws_iam_policy_document.terraform-planner": {
                    "type": "aws_iam_policy_document",
                    "depends_on": [],
                    "primary": {
                        "id": "858949510",
                        "attributes": {
                            "id": "858949510",
                            "json": "{\n  \"Version\": \"2012-10-17\",\n  \"Statement\": [\n    {\n      \"Sid\": \"\",\n      \"Effect\": \"Allow\",\n      \"Action\": [\n        \"sns:Get*\",\n        \"s3:ListBucket\",\n        \"s3:ListAllMyBuckets\",\n        \"s3:GetReplicationConfiguration\",\n        \"s3:GetLifecycleConfiguration\",\n        \"s3:GetEncryptionConfiguration\",\n        \"s3:GetBucket*\",\n        \"s3:GetAccelerateConfiguration\",\n        \"route53:List*\",\n        \"route53:Get*\",\n        \"lambda:List*\",\n        \"lambda:Get*\",\n        \"iam:List*\",\n        \"iam:Get*\",\n        \"events:List*\",\n        \"events:Describe*\",\n        \"ec2:Describe*\",\n        \"cloudwatch:Describe*\",\n        \"cloudtrail:List*\",\n        \"cloudtrail:Get*\",\n        \"cloudtrail:Describe*\",\n        \"cloudfront:List*\",\n        \"cloudfront:Get*\",\n        \"apigateway:Get*\",\n        \"acm:List*\",\n        \"acm:Describe*\"\n      ],\n      \"Resource\": \"*\"\n    }\n  ]\n}",
                            "statement.#": "1",
                            "statement.0.actions.#": "26",
                            "statement.0.actions.1303906083": "route53:List*",
                            "statement.0.actions.1390412377": "s3:GetBucket*",
                            "statement.0.actions.1794484843": "s3:GetReplicationConfiguration",
                            "statement.0.actions.1877980538": "lambda:List*",
                            "statement.0.actions.1942864761": "route53:Get*",
                            "statement.0.actions.1999404577": "cloudfront:Get*",
                            "statement.0.actions.2323439281": "s3:GetAccelerateConfiguration",
                            "statement.0.actions.2459212947": "ec2:Describe*",
                            "statement.0.actions.2723925517": "events:List*",
                            "statement.0.actions.2960554739": "cloudtrail:Describe*",
                            "statement.0.actions.3319256821": "acm:Describe*",
                            "statement.0.actions.3643160128": "apigateway:Get*",
                            "statement.0.actions.3661080708": "iam:List*",
                            "statement.0.actions.3713003022": "events:Describe*",
                            "statement.0.actions.3877028086": "acm:List*",
                            "statement.0.actions.394265353": "cloudtrail:Get*",
                            "statement.0.actions.401159279": "cloudwatch:Describe*",
                            "statement.0.actions.4100473182": "s3:GetLifecycleConfiguration",
                            "statement.0.actions.4187279778": "sns:Get*",
                            "statement.0.actions.486976917": "s3:ListBucket",
                            "statement.0.actions.500775903": "cloudtrail:List*",
                            "statement.0.actions.644424655": "lambda:Get*",
                            "statement.0.actions.671891288": "cloudfront:List*",
                            "statement.0.actions.784067698": "iam:Get*",
                            "statement.0.actions.796062918": "s3:ListAllMyBuckets",
                            "statement.0.actions.906973559": "s3:GetEncryptionConfiguration",
                            "statement.0.condition.#": "0",
                            "statement.0.effect": "Allow",
                            "statement.0.not_actions.#": "0",
                            "statement.0.not_principals.#": "0",
                            "statement.0.not_resources.#": "0",
                            "statement.0.principals.#": "0",
                            "statement.0.resources.#": "1",
                            "statement.0.resources.2679715827": "*",
                            "statement.0.sid": ""
                        },
                        "meta": {},
                        "tainted": false
                    },
                    "deposed": [],
                    "provider": "provider.aws"
                }
            },
            "depends_on": []
        },
        {
            "path": [
                "root",
                "akerl-blog"
            ],
            "outputs": {
                "cloudfront-zone-id": {
                    "sensitive": false,
                    "type": "string",
                    "value": "Z2FDTNDATAQYW2"
                },
                "redirect-dns-name": {
                    "sensitive": false,
                    "type": "string",
                    "value": "d25ducmpfzq31v.cloudfront.net"
                },
                "site-dns-name": {
                    "sensitive": false,
                    "type": "string",
                    "value": "dsuwypuv0eq4c.cloudfront.net"
                }
            },
            "resources": {},
            "depends_on": []
        },
        {
            "path": [
                "root",
                "akerl-dns"
            ],
            "outputs": {},
            "resources": {
                "aws_route53_delegation_set.main": {
                    "type": "aws_route53_delegation_set",
                    "depends_on": [],
                    "primary": {
                        "id": "N3C8AV2DA0N4N9",
                        "attributes": {
                            "id": "N3C8AV2DA0N4N9",
                            "name_servers.#": "4",
                            "name_servers.0": "ns-1242.awsdns-27.org",
                            "name_servers.1": "ns-1942.awsdns-50.co.uk",
                            "name_servers.2": "ns-477.awsdns-59.com",
                            "name_servers.3": "ns-808.awsdns-37.net",
                            "reference_name": "main"
                        },
                        "meta": {},
                        "tainted": false
                    },
                    "deposed": [],
                    "provider": "provider.aws"
                },
                "aws_route53_record.a_a-rwx_org": {
                    "type": "aws_route53_record",
                    "depends_on": [
                        "module.a-rwx_org"
                    ],
                    "primary": {
                        "id": "Z1GSN0DUY7LO3I_a-rwx.org_A",
                        "attributes": {
                            "alias.#": "1",
                            "alias.71226817.evaluate_target_health": "false",
                            "alias.71226817.name": "d25ducmpfzq31v.cloudfront.net",
                            "alias.71226817.zone_id": "Z2FDTNDATAQYW2",
                            "allow_overwrite": "true",
                            "fqdn": "a-rwx.org",
                            "health_check_id": "",
                            "id": "Z1GSN0DUY7LO3I_a-rwx.org_A",
                            "name": "a-rwx.org",
                            "records.#": "0",
                            "set_identifier": "",
                            "ttl": "0",
                            "type": "A",
                            "zone_id": "Z1GSN0DUY7LO3I"
                        },
                        "meta": {
                            "schema_version": "2"
                        },
                        "tainted": false
                    },
                    "deposed": [],
                    "provider": "provider.aws"
                },
                "aws_route53_record.a_akerl_com": {
                    "type": "aws_route53_record",
                    "depends_on": [
                        "module.akerl_com"
                    ],
                    "primary": {
                        "id": "Z1EXF3DHNCLVFG_akerl.com_A",
                        "attributes": {
                            "alias.#": "1",
                            "alias.71226817.evaluate_target_health": "false",
                            "alias.71226817.name": "d25ducmpfzq31v.cloudfront.net",
                            "alias.71226817.zone_id": "Z2FDTNDATAQYW2",
                            "allow_overwrite": "true",
                            "fqdn": "akerl.com",
                            "health_check_id": "",
                            "id": "Z1EXF3DHNCLVFG_akerl.com_A",
                            "name": "akerl.com",
                            "records.#": "0",
                            "set_identifier": "",
                            "ttl": "0",
                            "type": "A",
                            "zone_id": "Z1EXF3DHNCLVFG"
                        },
                        "meta": {
                            "schema_version": "2"
                        },
                        "tainted": false
                    },
                    "deposed": [],
                    "provider": "provider.aws"
                },
                "aws_route53_record.a_akerl_org": {
                    "type": "aws_route53_record",
                    "depends_on": [
                        "module.akerl_org"
                    ],
                    "primary": {
                        "id": "Z1GXO6WRJN3B5T_akerl.org_A",
                        "attributes": {
                            "alias.#": "1",
                            "alias.71226817.evaluate_target_health": "false",
                            "alias.71226817.name": "d25ducmpfzq31v.cloudfront.net",
                            "alias.71226817.zone_id": "Z2FDTNDATAQYW2",
                            "allow_overwrite": "true",
                            "fqdn": "akerl.org",
                            "health_check_id": "",
                            "id": "Z1GXO6WRJN3B5T_akerl.org_A",
                            "name": "akerl.org",
                            "records.#": "0",
                            "set_identifier": "",
                            "ttl": "0",
                            "type": "A",
                            "zone_id": "Z1GXO6WRJN3B5T"
                        },
                        "meta": {
                            "schema_version": "2"
                        },
                        "tainted": false
                    },
                    "deposed": [],
                    "provider": "provider.aws"
                },
                "aws_route53_record.a_blog_akerl_org": {
                    "type": "aws_route53_record",
                    "depends_on": [
                        "module.akerl_org"
                    ],
                    "primary": {
                        "id": "Z1GXO6WRJN3B5T_blog.akerl.org_A",
                        "attributes": {
                            "alias.#": "1",
                            "alias.652884908.evaluate_target_health": "false",
                            "alias.652884908.name": "dsuwypuv0eq4c.cloudfront.net",
                            "alias.652884908.zone_id": "Z2FDTNDATAQYW2",
                            "allow_overwrite": "true",
                            "fqdn": "blog.akerl.org",
                            "health_check_id": "",
                            "id": "Z1GXO6WRJN3B5T_blog.akerl.org_A",
                            "name": "blog.akerl.org",
                            "records.#": "0",
                            "set_identifier": "",
                            "ttl": "0",
                            "type": "A",
                            "zone_id": "Z1GXO6WRJN3B5T"
                        },
                        "meta": {
                            "schema_version": "2"
                        },
                        "tainted": false
                    },
                    "deposed": [],
                    "provider": "provider.aws"
                },
                "aws_route53_record.a_coolquotes_xyz": {
                    "type": "aws_route53_record",
                    "depends_on": [
                        "module.coolquotes_xyz"
                    ],
                    "primary": {
                        "id": "Z8OAL9XXAA49Z_coolquotes.xyz_A",
                        "attributes": {
                            "alias.#": "1",
                            "alias.1093655774.evaluate_target_health": "false",
                            "alias.1093655774.name": "d3lo6xc9midagy.cloudfront.net",
                            "alias.1093655774.zone_id": "Z2FDTNDATAQYW2",
                            "allow_overwrite": "true",
                            "fqdn": "coolquotes.xyz",
                            "health_check_id": "",
                            "id": "Z8OAL9XXAA49Z_coolquotes.xyz_A",
                            "name": "coolquotes.xyz",
                            "records.#": "0",
                            "set_identifier": "",
                            "ttl": "0",
                            "type": "A",
                            "zone_id": "Z8OAL9XXAA49Z"
                        },
                        "meta": {
                            "schema_version": "2"
                        },
                        "tainted": false
                    },
                    "deposed": [],
                    "provider": "provider.aws"
                },
                "aws_route53_record.a_happilyeveraker_com": {
                    "type": "aws_route53_record",
                    "depends_on": [
                        "module.happilyeveraker_com"
                    ],
                    "primary": {
                        "id": "Z2ZXZ7VFSXR5E7_happilyeveraker.com_A",
                        "attributes": {
                            "alias.#": "1",
                            "alias.68781069.evaluate_target_health": "false",
                            "alias.68781069.name": "d3bzinit6iv173.cloudfront.net",
                            "alias.68781069.zone_id": "Z2FDTNDATAQYW2",
                            "allow_overwrite": "true",
                            "fqdn": "happilyeveraker.com",
                            "health_check_id": "",
                            "id": "Z2ZXZ7VFSXR5E7_happilyeveraker.com_A",
                            "name": "happilyeveraker.com",
                            "records.#": "0",
                            "set_identifier": "",
                            "ttl": "0",
                            "type": "A",
                            "zone_id": "Z2ZXZ7VFSXR5E7"
                        },
                        "meta": {
                            "schema_version": "2"
                        },
                        "tainted": false
                    },
                    "deposed": [],
                    "provider": "provider.aws"
                },
                "aws_route53_record.a_id-ed25519_pub": {
                    "type": "aws_route53_record",
                    "depends_on": [
                        "module.id-ed25519_pub"
                    ],
                    "primary": {
                        "id": "Z23K6MA9HYNB2L_id-ed25519.pub_A",
                        "attributes": {
                            "alias.#": "1",
                            "alias.1826672608.evaluate_target_health": "false",
                            "alias.1826672608.name": "d2jsdnv6ibvxye.cloudfront.net",
                            "alias.1826672608.zone_id": "Z2FDTNDATAQYW2",
                            "allow_overwrite": "true",
                            "fqdn": "id-ed25519.pub",
                            "health_check_id": "",
                            "id": "Z23K6MA9HYNB2L_id-ed25519.pub_A",
                            "name": "id-ed25519.pub",
                            "records.#": "0",
                            "set_identifier": "",
                            "ttl": "0",
                            "type": "A",
                            "zone_id": "Z23K6MA9HYNB2L"
                        },
                        "meta": {
                            "schema_version": "2"
                        },
                        "tainted": false
                    },
                    "deposed": [],
                    "provider": "provider.aws"
                },
                "aws_route53_record.a_kellywatts_com": {
                    "type": "aws_route53_record",
                    "depends_on": [
                        "module.kellywatts_com"
                    ],
                    "primary": {
                        "id": "Z42GR4540YNA5_kellywatts.com_A",
                        "attributes": {
                            "allow_overwrite": "true",
                            "fqdn": "kellywatts.com",
                            "health_check_id": "",
                            "id": "Z42GR4540YNA5_kellywatts.com_A",
                            "name": "kellywatts.com",
                            "records.#": "1",
                            "records.3175620411": "66.6.44.4",
                            "set_identifier": "",
                            "ttl": "86400",
                            "type": "A",
                            "zone_id": "Z42GR4540YNA5"
                        },
                        "meta": {
                            "schema_version": "2"
                        },
                        "tainted": false
                    },
                    "deposed": [],
                    "provider": "provider.aws"
                },
                "aws_route53_record.a_lesaker_com": {
                    "type": "aws_route53_record",
                    "depends_on": [
                        "module.lesaker_com"
                    ],
                    "primary": {
                        "id": "Z12UG2AR1236YD_lesaker.com_A",
                        "attributes": {
                            "alias.#": "1",
                            "alias.71226817.evaluate_target_health": "false",
                            "alias.71226817.name": "d25ducmpfzq31v.cloudfront.net",
                            "alias.71226817.zone_id": "Z2FDTNDATAQYW2",
                            "allow_overwrite": "true",
                            "fqdn": "lesaker.com",
                            "health_check_id": "",
                            "id": "Z12UG2AR1236YD_lesaker.com_A",
                            "name": "lesaker.com",
                            "records.#": "0",
                            "set_identifier": "",
                            "ttl": "0",
                            "type": "A",
                            "zone_id": "Z12UG2AR1236YD"
                        },
                        "meta": {
                            "schema_version": "2"
                        },
                        "tainted": false
                    },
                    "deposed": [],
                    "provider": "provider.aws"
                },
                "aws_route53_record.a_lesaker_org": {
                    "type": "aws_route53_record",
                    "depends_on": [
                        "module.lesaker_org"
                    ],
                    "primary": {
                        "id": "Z3RU5N2GAL6D4W_lesaker.org_A",
                        "attributes": {
                            "alias.#": "1",
                            "alias.71226817.evaluate_target_health": "false",
                            "alias.71226817.name": "d25ducmpfzq31v.cloudfront.net",
                            "alias.71226817.zone_id": "Z2FDTNDATAQYW2",
                            "allow_overwrite": "true",
                            "fqdn": "lesaker.org",
                            "health_check_id": "",
                            "id": "Z3RU5N2GAL6D4W_lesaker.org_A",
                            "name": "lesaker.org",
                            "records.#": "0",
                            "set_identifier": "",
                            "ttl": "0",
                            "type": "A",
                            "zone_id": "Z3RU5N2GAL6D4W"
                        },
                        "meta": {
                            "schema_version": "2"
                        },
                        "tainted": false
                    },
                    "deposed": [],
                    "provider": "provider.aws"
                },
                "aws_route53_record.a_repo_scrtybybscrty_org": {
                    "type": "aws_route53_record",
                    "depends_on": [
                        "module.scrtybybscrty_org"
                    ],
                    "primary": {
                        "id": "Z11UY811DI2S1K_repo.scrtybybscrty.org_A",
                        "attributes": {
                            "alias.#": "1",
                            "alias.873343640.evaluate_target_health": "false",
                            "alias.873343640.name": "d28ndvib2qch6l.cloudfront.net",
                            "alias.873343640.zone_id": "Z2FDTNDATAQYW2",
                            "allow_overwrite": "true",
                            "fqdn": "repo.scrtybybscrty.org",
                            "health_check_id": "",
                            "id": "Z11UY811DI2S1K_repo.scrtybybscrty.org_A",
                            "name": "repo.scrtybybscrty.org",
                            "records.#": "0",
                            "set_identifier": "",
                            "ttl": "0",
                            "type": "A",
                            "zone_id": "Z11UY811DI2S1K"
                        },
                        "meta": {
                            "schema_version": "2"
                        },
                        "tainted": false
                    },
                    "deposed": [],
                    "provider": "provider.aws"
                },
                "aws_route53_record.a_scrtybybscrty_org": {
                    "type": "aws_route53_record",
                    "depends_on": [
                        "module.scrtybybscrty_org"
                    ],
                    "primary": {
                        "id": "Z11UY811DI2S1K_scrtybybscrty.org_A",
                        "attributes": {
                            "alias.#": "1",
                            "alias.71226817.evaluate_target_health": "false",
                            "alias.71226817.name": "d25ducmpfzq31v.cloudfront.net",
                            "alias.71226817.zone_id": "Z2FDTNDATAQYW2",
                            "allow_overwrite": "true",
                            "fqdn": "scrtybybscrty.org",
                            "health_check_id": "",
                            "id": "Z11UY811DI2S1K_scrtybybscrty.org_A",
                            "name": "scrtybybscrty.org",
                            "records.#": "0",
                            "set_identifier": "",
                            "ttl": "0",
                            "type": "A",
                            "zone_id": "Z11UY811DI2S1K"
                        },
                        "meta": {
                            "schema_version": "2"
                        },
                        "tainted": false
                    },
                    "deposed": [],
                    "provider": "provider.aws"
                },
                "aws_route53_record.a_www_a-rwx_org": {
                    "type": "aws_route53_record",
                    "depends_on": [
                        "module.a-rwx_org"
                    ],
                    "primary": {
                        "id": "Z1GSN0DUY7LO3I_www.a-rwx.org_A",
                        "attributes": {
                            "alias.#": "1",
                            "alias.71226817.evaluate_target_health": "false",
                            "alias.71226817.name": "d25ducmpfzq31v.cloudfront.net",
                            "alias.71226817.zone_id": "Z2FDTNDATAQYW2",
                            "allow_overwrite": "true",
                            "fqdn": "www.a-rwx.org",
                            "health_check_id": "",
                            "id": "Z1GSN0DUY7LO3I_www.a-rwx.org_A",
                            "name": "www.a-rwx.org",
                            "records.#": "0",
                            "set_identifier": "",
                            "ttl": "0",
                            "type": "A",
                            "zone_id": "Z1GSN0DUY7LO3I"
                        },
                        "meta": {
                            "schema_version": "2"
                        },
                        "tainted": false
                    },
                    "deposed": [],
                    "provider": "provider.aws"
                },
                "aws_route53_record.a_www_akerl_com": {
                    "type": "aws_route53_record",
                    "depends_on": [
                        "module.akerl_com"
                    ],
                    "primary": {
                        "id": "Z1EXF3DHNCLVFG_www.akerl.com_A",
                        "attributes": {
                            "alias.#": "1",
                            "alias.71226817.evaluate_target_health": "false",
                            "alias.71226817.name": "d25ducmpfzq31v.cloudfront.net",
                            "alias.71226817.zone_id": "Z2FDTNDATAQYW2",
                            "allow_overwrite": "true",
                            "fqdn": "www.akerl.com",
                            "health_check_id": "",
                            "id": "Z1EXF3DHNCLVFG_www.akerl.com_A",
                            "name": "www.akerl.com",
                            "records.#": "0",
                            "set_identifier": "",
                            "ttl": "0",
                            "type": "A",
                            "zone_id": "Z1EXF3DHNCLVFG"
                        },
                        "meta": {
                            "schema_version": "2"
                        },
                        "tainted": false
                    },
                    "deposed": [],
                    "provider": "provider.aws"
                },
                "aws_route53_record.a_www_akerl_org": {
                    "type": "aws_route53_record",
                    "depends_on": [
                        "module.akerl_org"
                    ],
                    "primary": {
                        "id": "Z1GXO6WRJN3B5T_www.akerl.org_A",
                        "attributes": {
                            "alias.#": "1",
                            "alias.71226817.evaluate_target_health": "false",
                            "alias.71226817.name": "d25ducmpfzq31v.cloudfront.net",
                            "alias.71226817.zone_id": "Z2FDTNDATAQYW2",
                            "allow_overwrite": "true",
                            "fqdn": "www.akerl.org",
                            "health_check_id": "",
                            "id": "Z1GXO6WRJN3B5T_www.akerl.org_A",
                            "name": "www.akerl.org",
                            "records.#": "0",
                            "set_identifier": "",
                            "ttl": "0",
                            "type": "A",
                            "zone_id": "Z1GXO6WRJN3B5T"
                        },
                        "meta": {
                            "schema_version": "2"
                        },
                        "tainted": false
                    },
                    "deposed": [],
                    "provider": "provider.aws"
                },
                "aws_route53_record.a_www_happilyeveraker_com": {
                    "type": "aws_route53_record",
                    "depends_on": [
                        "module.happilyeveraker_com"
                    ],
                    "primary": {
                        "id": "Z2ZXZ7VFSXR5E7_www.happilyeveraker.com_A",
                        "attributes": {
                            "alias.#": "1",
                            "alias.68781069.evaluate_target_health": "false",
                            "alias.68781069.name": "d3bzinit6iv173.cloudfront.net",
                            "alias.68781069.zone_id": "Z2FDTNDATAQYW2",
                            "allow_overwrite": "true",
                            "fqdn": "www.happilyeveraker.com",
                            "health_check_id": "",
                            "id": "Z2ZXZ7VFSXR5E7_www.happilyeveraker.com_A",
                            "name": "www.happilyeveraker.com",
                            "records.#": "0",
                            "set_identifier": "",
                            "ttl": "0",
                            "type": "A",
                            "zone_id": "Z2ZXZ7VFSXR5E7"
                        },
                        "meta": {
                            "schema_version": "2"
                        },
                        "tainted": false
                    },
                    "deposed": [],
                    "provider": "provider.aws"
                },
                "aws_route53_record.a_www_lesaker_com": {
                    "type": "aws_route53_record",
                    "depends_on": [
                        "module.lesaker_com"
                    ],
                    "primary": {
                        "id": "Z12UG2AR1236YD_www.lesaker.com_A",
                        "attributes": {
                            "alias.#": "1",
                            "alias.71226817.evaluate_target_health": "false",
                            "alias.71226817.name": "d25ducmpfzq31v.cloudfront.net",
                            "alias.71226817.zone_id": "Z2FDTNDATAQYW2",
                            "allow_overwrite": "true",
                            "fqdn": "www.lesaker.com",
                            "health_check_id": "",
                            "id": "Z12UG2AR1236YD_www.lesaker.com_A",
                            "name": "www.lesaker.com",
                            "records.#": "0",
                            "set_identifier": "",
                            "ttl": "0",
                            "type": "A",
                            "zone_id": "Z12UG2AR1236YD"
                        },
                        "meta": {
                            "schema_version": "2"
                        },
                        "tainted": false
                    },
                    "deposed": [],
                    "provider": "provider.aws"
                },
                "aws_route53_record.a_www_lesaker_org": {
                    "type": "aws_route53_record",
                    "depends_on": [
                        "module.lesaker_org"
                    ],
                    "primary": {
                        "id": "Z3RU5N2GAL6D4W_www.lesaker.org_A",
                        "attributes": {
                            "alias.#": "1",
                            "alias.71226817.evaluate_target_health": "false",
                            "alias.71226817.name": "d25ducmpfzq31v.cloudfront.net",
                            "alias.71226817.zone_id": "Z2FDTNDATAQYW2",
                            "allow_overwrite": "true",
                            "fqdn": "www.lesaker.org",
                            "health_check_id": "",
                            "id": "Z3RU5N2GAL6D4W_www.lesaker.org_A",
                            "name": "www.lesaker.org",
                            "records.#": "0",
                            "set_identifier": "",
                            "ttl": "0",
                            "type": "A",
                            "zone_id": "Z3RU5N2GAL6D4W"
                        },
                        "meta": {
                            "schema_version": "2"
                        },
                        "tainted": false
                    },
                    "deposed": [],
                    "provider": "provider.aws"
                },
                "aws_route53_record.a_www_scrtybybscrty_org": {
                    "type": "aws_route53_record",
                    "depends_on": [
                        "module.scrtybybscrty_org"
                    ],
                    "primary": {
                        "id": "Z11UY811DI2S1K_www.scrtybybscrty.org_A",
                        "attributes": {
                            "alias.#": "1",
                            "alias.71226817.evaluate_target_health": "false",
                            "alias.71226817.name": "d25ducmpfzq31v.cloudfront.net",
                            "alias.71226817.zone_id": "Z2FDTNDATAQYW2",
                            "allow_overwrite": "true",
                            "fqdn": "www.scrtybybscrty.org",
                            "health_check_id": "",
                            "id": "Z11UY811DI2S1K_www.scrtybybscrty.org_A",
                            "name": "www.scrtybybscrty.org",
                            "records.#": "0",
                            "set_identifier": "",
                            "ttl": "0",
                            "type": "A",
                            "zone_id": "Z11UY811DI2S1K"
                        },
                        "meta": {
                            "schema_version": "2"
                        },
                        "tainted": false
                    },
                    "deposed": [],
                    "provider": "provider.aws"
                },
                "aws_route53_record.cname_cal_lesaker_org": {
                    "type": "aws_route53_record",
                    "depends_on": [
                        "module.lesaker_org"
                    ],
                    "primary": {
                        "id": "Z3RU5N2GAL6D4W_cal.lesaker.org_CNAME",
                        "attributes": {
                            "allow_overwrite": "true",
                            "fqdn": "cal.lesaker.org",
                            "health_check_id": "",
                            "id": "Z3RU5N2GAL6D4W_cal.lesaker.org_CNAME",
                            "name": "cal.lesaker.org",
                            "records.#": "1",
                            "records.543990245": "ghs.googlehosted.com.",
                            "set_identifier": "",
                            "ttl": "86400",
                            "type": "CNAME",
                            "zone_id": "Z3RU5N2GAL6D4W"
                        },
                        "meta": {
                            "schema_version": "2"
                        },
                        "tainted": false
                    },
                    "deposed": [],
                    "provider": "provider.aws"
                },
                "aws_route53_record.cname_mail_lesaker_org": {
                    "type": "aws_route53_record",
                    "depends_on": [
                        "module.lesaker_org"
                    ],
                    "primary": {
                        "id": "Z3RU5N2GAL6D4W_mail.lesaker.org_CNAME",
                        "attributes": {
                            "allow_overwrite": "true",
                            "fqdn": "mail.lesaker.org",
                            "health_check_id": "",
                            "id": "Z3RU5N2GAL6D4W_mail.lesaker.org_CNAME",
                            "name": "mail.lesaker.org",
                            "records.#": "1",
                            "records.543990245": "ghs.googlehosted.com.",
                            "set_identifier": "",
                            "ttl": "86400",
                            "type": "CNAME",
                            "zone_id": "Z3RU5N2GAL6D4W"
                        },
                        "meta": {
                            "schema_version": "2"
                        },
                        "tainted": false
                    },
                    "deposed": [],
                    "provider": "provider.aws"
                },
                "aws_route53_record.cname_www_kellywatts_com": {
                    "type": "aws_route53_record",
                    "depends_on": [
                        "module.kellywatts_com"
                    ],
                    "primary": {
                        "id": "Z42GR4540YNA5_www.kellywatts.com_CNAME",
                        "attributes": {
                            "allow_overwrite": "true",
                            "fqdn": "www.kellywatts.com",
                            "health_check_id": "",
                            "id": "Z42GR4540YNA5_www.kellywatts.com_CNAME",
                            "name": "www.kellywatts.com",
                            "records.#": "1",
                            "records.1240937337": "domains.tumblr.com.",
                            "set_identifier": "",
                            "ttl": "86400",
                            "type": "CNAME",
                            "zone_id": "Z42GR4540YNA5"
                        },
                        "meta": {
                            "schema_version": "2"
                        },
                        "tainted": false
                    },
                    "deposed": [],
                    "provider": "provider.aws"
                }
            },
            "depends_on": []
        },
        {
            "path": [
                "root",
                "akerl-hookshot"
            ],
            "outputs": {},
            "resources": {},
            "depends_on": []
        },
        {
            "path": [
                "root",
                "akerl-keys"
            ],
            "outputs": {
                "site-dns-name": {
                    "sensitive": false,
                    "type": "string",
                    "value": "d2jsdnv6ibvxye.cloudfront.net"
                }
            },
            "resources": {},
            "depends_on": []
        },
        {
            "path": [
                "root",
                "akerl-madlibrarian"
            ],
            "outputs": {
                "madlibrarian-dns-name": {
                    "sensitive": false,
                    "type": "string",
                    "value": "d3lo6xc9midagy.cloudfront.net"
                }
            },
            "resources": {
                "aws_api_gateway_account.account": {
                    "type": "aws_api_gateway_account",
                    "depends_on": [
                        "aws_iam_role.madlibrarian_apigw"
                    ],
                    "primary": {
                        "id": "api-gateway-account",
                        "attributes": {
                            "cloudwatch_role_arn": "arn:aws:iam::764218738161:role/madlibrarian_apigw",
                            "id": "api-gateway-account",
                            "throttle_settings.#": "1",
                            "throttle_settings.0.burst_limit": "5000",
                            "throttle_settings.0.rate_limit": "10000"
                        },
                        "meta": {},
                        "tainted": false
                    },
                    "deposed": [],
                    "provider": "provider.aws"
                },
                "aws_api_gateway_base_path_mapping.mapping": {
                    "type": "aws_api_gateway_base_path_mapping",
                    "depends_on": [
                        "aws_api_gateway_domain_name.domain",
                        "aws_api_gateway_rest_api.api",
                        "aws_api_gateway_stage.stage"
                    ],
                    "primary": {
                        "id": "coolquotes.xyz/",
                        "attributes": {
                            "api_id": "axvc4873ej",
                            "base_path": "",
                            "domain_name": "coolquotes.xyz",
                            "id": "coolquotes.xyz/",
                            "stage_name": "prod"
                        },
                        "meta": {},
                        "tainted": false
                    },
                    "deposed": [],
                    "provider": "provider.aws"
                },
                "aws_api_gateway_deployment.deployment": {
                    "type": "aws_api_gateway_deployment",
                    "depends_on": [
                        "aws_api_gateway_integration.integration",
                        "aws_api_gateway_method.method",
                        "aws_api_gateway_rest_api.api"
                    ],
                    "primary": {
                        "id": "quhi7l",
                        "attributes": {
                            "created_date": "2018-02-24T21:54:46Z",
                            "description": "",
                            "execution_arn": "arn:aws:execute-api:us-east-1:764218738161:axvc4873ej/api",
                            "id": "quhi7l",
                            "invoke_url": "https://axvc4873ej.execute-api.us-east-1.amazonaws.com/api",
                            "rest_api_id": "axvc4873ej",
                            "stage_name": "api",
                            "variables.%": "2",
                            "variables.bucket": "akerl-madlibrarian",
                            "variables.slack_token": "skip"
                        },
                        "meta": {},
                        "tainted": false
                    },
                    "deposed": [],
                    "provider": "provider.aws"
                },
                "aws_api_gateway_domain_name.domain": {
                    "type": "aws_api_gateway_domain_name",
                    "depends_on": [
                        "data.aws_acm_certificate.cert"
                    ],
                    "primary": {
                        "id": "coolquotes.xyz",
                        "attributes": {
                            "certificate_arn": "arn:aws:acm:us-east-1:764218738161:certificate/af680619-4bcc-4eef-9659-9f7b87cb451e",
                            "certificate_name": "",
                            "certificate_upload_date": "2017-09-14T05:31:09Z",
                            "cloudfront_domain_name": "d3lo6xc9midagy.cloudfront.net",
                            "cloudfront_zone_id": "Z2FDTNDATAQYW2",
                            "domain_name": "coolquotes.xyz",
                            "id": "coolquotes.xyz"
                        },
                        "meta": {},
                        "tainted": false
                    },
                    "deposed": [],
                    "provider": "provider.aws"
                },
                "aws_api_gateway_integration.integration": {
                    "type": "aws_api_gateway_integration",
                    "depends_on": [
                        "aws_api_gateway_method.method",
                        "aws_api_gateway_resource.endpoint",
                        "aws_api_gateway_rest_api.api",
                        "aws_lambda_function.madlibrarian_lambda"
                    ],
                    "primary": {
                        "id": "agi-axvc4873ej-wkuzke-ANY",
                        "attributes": {
                            "cache_key_parameters.#": "0",
                            "cache_namespace": "wkuzke",
                            "http_method": "ANY",
                            "id": "agi-axvc4873ej-wkuzke-ANY",
                            "integration_http_method": "POST",
                            "passthrough_behavior": "WHEN_NO_MATCH",
                            "request_parameters.%": "0",
                            "request_templates.%": "0",
                            "resource_id": "wkuzke",
                            "rest_api_id": "axvc4873ej",
                            "type": "AWS_PROXY",
                            "uri": "arn:aws:apigateway:us-east-1:lambda:path/2015-03-31/functions/arn:aws:lambda:us-east-1:764218738161:function:madlibrarian_lambda/invocations"
                        },
                        "meta": {},
                        "tainted": false
                    },
                    "deposed": [],
                    "provider": "provider.aws"
                },
                "aws_api_gateway_method.method": {
                    "type": "aws_api_gateway_method",
                    "depends_on": [
                        "aws_api_gateway_resource.endpoint",
                        "aws_api_gateway_rest_api.api"
                    ],
                    "primary": {
                        "id": "agm-axvc4873ej-wkuzke-ANY",
                        "attributes": {
                            "api_key_required": "false",
                            "authorization": "NONE",
                            "authorizer_id": "",
                            "http_method": "ANY",
                            "id": "agm-axvc4873ej-wkuzke-ANY",
                            "request_models.%": "0",
                            "request_parameters.%": "0",
                            "request_validator_id": "",
                            "resource_id": "wkuzke",
                            "rest_api_id": "axvc4873ej"
                        },
                        "meta": {},
                        "tainted": false
                    },
                    "deposed": [],
                    "provider": "provider.aws"
                },
                "aws_api_gateway_method_settings.settings": {
                    "type": "aws_api_gateway_method_settings",
                    "depends_on": [
                        "aws_api_gateway_rest_api.api",
                        "aws_api_gateway_stage.stage"
                    ],
                    "primary": {
                        "id": "axvc4873ej-prod-*/*",
                        "attributes": {
                            "id": "axvc4873ej-prod-*/*",
                            "method_path": "*/*",
                            "rest_api_id": "axvc4873ej",
                            "settings.#": "1",
                            "settings.0.cache_data_encrypted": "false",
                            "settings.0.cache_ttl_in_seconds": "0",
                            "settings.0.caching_enabled": "false",
                            "settings.0.data_trace_enabled": "false",
                            "settings.0.logging_level": "INFO",
                            "settings.0.metrics_enabled": "true",
                            "settings.0.require_authorization_for_cache_control": "false",
                            "settings.0.throttling_burst_limit": "0",
                            "settings.0.throttling_rate_limit": "0",
                            "settings.0.unauthorized_cache_control_header_strategy": "",
                            "stage_name": "prod"
                        },
                        "meta": {},
                        "tainted": false
                    },
                    "deposed": [],
                    "provider": "provider.aws"
                },
                "aws_api_gateway_resource.endpoint": {
                    "type": "aws_api_gateway_resource",
                    "depends_on": [
                        "aws_api_gateway_rest_api.api"
                    ],
                    "primary": {
                        "id": "wkuzke",
                        "attributes": {
                            "id": "wkuzke",
                            "parent_id": "ldkhx6j9vg",
                            "path": "/{story}",
                            "path_part": "{story}",
                            "rest_api_id": "axvc4873ej"
                        },
                        "meta": {},
                        "tainted": false
                    },
                    "deposed": [],
                    "provider": "provider.aws"
                },
                "aws_api_gateway_rest_api.api": {
                    "type": "aws_api_gateway_rest_api",
                    "depends_on": [],
                    "primary": {
                        "id": "axvc4873ej",
                        "attributes": {
                            "binary_media_types.#": "0",
                            "created_date": "2017-09-13T04:32:25Z",
                            "description": "",
                            "id": "axvc4873ej",
                            "name": "madlibrarian",
                            "root_resource_id": "ldkhx6j9vg"
                        },
                        "meta": {},
                        "tainted": false
                    },
                    "deposed": [],
                    "provider": "provider.aws"
                },
                "aws_api_gateway_stage.stage": {
                    "type": "aws_api_gateway_stage",
                    "depends_on": [
                        "aws_api_gateway_deployment.deployment",
                        "aws_api_gateway_rest_api.api"
                    ],
                    "primary": {
                        "id": "ags-axvc4873ej-prod",
                        "attributes": {
                            "cache_cluster_enabled": "false",
                            "cache_cluster_size": "",
                            "client_certificate_id": "",
                            "deployment_id": "quhi7l",
                            "description": "",
                            "documentation_version": "",
                            "id": "ags-axvc4873ej-prod",
                            "rest_api_id": "axvc4873ej",
                            "stage_name": "prod",
                            "variables.%": "2",
                            "variables.bucket": "akerl-madlibrarian",
                            "variables.slack_token": "skip"
                        },
                        "meta": {},
                        "tainted": false
                    },
                    "deposed": [],
                    "provider": "provider.aws"
                },
                "aws_iam_role.madlibrarian_apigw": {
                    "type": "aws_iam_role",
                    "depends_on": [
                        "data.aws_iam_policy_document.apigw_assume"
                    ],
                    "primary": {
                        "id": "madlibrarian_apigw",
                        "attributes": {
                            "arn": "arn:aws:iam::764218738161:role/madlibrarian_apigw",
                            "assume_role_policy": "{\"Version\":\"2012-10-17\",\"Statement\":[{\"Sid\":\"\",\"Effect\":\"Allow\",\"Principal\":{\"Service\":\"apigateway.amazonaws.com\"},\"Action\":\"sts:AssumeRole\"}]}",
                            "create_date": "2017-09-14T02:18:56Z",
                            "force_detach_policies": "false",
                            "id": "madlibrarian_apigw",
                            "name": "madlibrarian_apigw",
                            "path": "/",
                            "unique_id": "AROAI2T47N2XKL7TX2SLI"
                        },
                        "meta": {},
                        "tainted": false
                    },
                    "deposed": [],
                    "provider": "provider.aws"
                },
                "aws_iam_role.madlibrarian_lambda": {
                    "type": "aws_iam_role",
                    "depends_on": [
                        "data.aws_iam_policy_document.lambda_assume"
                    ],
                    "primary": {
                        "id": "madlibrarian_lambda",
                        "attributes": {
                            "arn": "arn:aws:iam::764218738161:role/madlibrarian_lambda",
                            "assume_role_policy": "{\"Version\":\"2012-10-17\",\"Statement\":[{\"Sid\":\"\",\"Effect\":\"Allow\",\"Principal\":{\"Service\":[\"apigateway.amazonaws.com\",\"lambda.amazonaws.com\"]},\"Action\":\"sts:AssumeRole\"}]}",
                            "create_date": "2017-09-13T03:43:12Z",
                            "force_detach_policies": "false",
                            "id": "madlibrarian_lambda",
                            "name": "madlibrarian_lambda",
                            "path": "/",
                            "unique_id": "AROAJHJQPBP57M4PN7KW4"
                        },
                        "meta": {},
                        "tainted": false
                    },
                    "deposed": [],
                    "provider": "provider.aws"
                },
                "aws_iam_role_policy.apigw_perms": {
                    "type": "aws_iam_role_policy",
                    "depends_on": [
                        "aws_iam_role.madlibrarian_apigw",
                        "data.aws_iam_policy_document.apigw_perms"
                    ],
                    "primary": {
                        "id": "madlibrarian_apigw:apigw_perms",
                        "attributes": {
                            "id": "madlibrarian_apigw:apigw_perms",
                            "name": "apigw_perms",
                            "policy": "{\n  \"Version\": \"2012-10-17\",\n  \"Statement\": [\n    {\n      \"Sid\": \"\",\n      \"Effect\": \"Allow\",\n      \"Action\": [\n        \"logs:PutLogEvents\",\n        \"logs:GetLogEvents\",\n        \"logs:FilterLogEvents\",\n        \"logs:DescribeLogStreams\",\n        \"logs:DescribeLogGroups\",\n        \"logs:CreateLogStream\",\n        \"logs:CreateLogGroup\"\n      ],\n      \"Resource\": \"arn:aws:logs:*:*:*\"\n    }\n  ]\n}",
                            "role": "madlibrarian_apigw"
                        },
                        "meta": {},
                        "tainted": false
                    },
                    "deposed": [],
                    "provider": "provider.aws"
                },
                "aws_iam_role_policy.lambda_perms": {
                    "type": "aws_iam_role_policy",
                    "depends_on": [
                        "aws_iam_role.madlibrarian_lambda",
                        "data.aws_iam_policy_document.lambda_perms"
                    ],
                    "primary": {
                        "id": "madlibrarian_lambda:lambda_perms",
                        "attributes": {
                            "id": "madlibrarian_lambda:lambda_perms",
                            "name": "lambda_perms",
                            "policy": "{\n  \"Version\": \"2012-10-17\",\n  \"Statement\": [\n    {\n      \"Sid\": \"\",\n      \"Effect\": \"Allow\",\n      \"Action\": [\n        \"s3:ListBucket\",\n        \"s3:GetObject\"\n      ],\n      \"Resource\": [\n        \"arn:aws:s3:::akerl-madlibrarian/*\",\n        \"arn:aws:s3:::akerl-madlibrarian\"\n      ]\n    },\n    {\n      \"Sid\": \"\",\n      \"Effect\": \"Allow\",\n      \"Action\": [\n        \"logs:PutLogEvents\",\n        \"logs:CreateLogStream\",\n        \"logs:CreateLogGroup\"\n      ],\n      \"Resource\": \"arn:aws:logs:*:*:*\"\n    }\n  ]\n}",
                            "role": "madlibrarian_lambda"
                        },
                        "meta": {},
                        "tainted": false
                    },
                    "deposed": [],
                    "provider": "provider.aws"
                },
                "aws_lambda_function.madlibrarian_lambda": {
                    "type": "aws_lambda_function",
                    "depends_on": [
                        "aws_iam_role.madlibrarian_lambda"
                    ],
                    "primary": {
                        "id": "madlibrarian_lambda",
                        "attributes": {
                            "arn": "arn:aws:lambda:us-east-1:764218738161:function:madlibrarian_lambda",
                            "dead_letter_config.#": "0",
                            "description": "",
                            "environment.#": "0",
                            "filename": "",
                            "function_name": "madlibrarian_lambda",
                            "handler": "main",
                            "id": "madlibrarian_lambda",
                            "invoke_arn": "arn:aws:apigateway:us-east-1:lambda:path/2015-03-31/functions/arn:aws:lambda:us-east-1:764218738161:function:madlibrarian_lambda/invocations",
                            "kms_key_arn": "",
                            "last_modified": "2018-02-25T05:08:30.154+0000",
                            "memory_size": "128",
                            "publish": "false",
                            "qualified_arn": "arn:aws:lambda:us-east-1:764218738161:function:madlibrarian_lambda:4",
                            "reserved_concurrent_executions": "0",
                            "role": "arn:aws:iam::764218738161:role/madlibrarian_lambda",
                            "runtime": "go1.x",
                            "s3_bucket": "akerl-madlibrarian",
                            "s3_key": "lambdas/payload-0.3.0.zip",
                            "source_code_hash": "TDuudhpgFt0Csgcc+RBbwnr2q9HSZVnLVWwARjq/NJk=",
                            "tags.%": "0",
                            "timeout": "10",
                            "tracing_config.#": "1",
                            "tracing_config.0.mode": "PassThrough",
                            "version": "4",
                            "vpc_config.#": "0"
                        },
                        "meta": {},
                        "tainted": false
                    },
                    "deposed": [],
                    "provider": "provider.aws"
                },
                "aws_lambda_permission.allow_api_gateway": {
                    "type": "aws_lambda_permission",
                    "depends_on": [
                        "aws_api_gateway_rest_api.api",
                        "aws_lambda_function.madlibrarian_lambda",
                        "data.aws_caller_identity.current",
                        "data.aws_region.current"
                    ],
                    "primary": {
                        "id": "AllowExecutionFromApiGateway",
                        "attributes": {
                            "action": "lambda:InvokeFunction",
                            "function_name": "madlibrarian_lambda",
                            "id": "AllowExecutionFromApiGateway",
                            "principal": "apigateway.amazonaws.com",
                            "qualifier": "",
                            "source_arn": "arn:aws:execute-api:us-east-1:764218738161:axvc4873ej/*",
                            "statement_id": "AllowExecutionFromApiGateway"
                        },
                        "meta": {},
                        "tainted": false
                    },
                    "deposed": [],
                    "provider": "provider.aws"
                },
                "data.aws_acm_certificate.cert": {
                    "type": "aws_acm_certificate",
                    "depends_on": [],
                    "primary": {
                        "id": "2018-02-25 05:40:06.698923 +0000 UTC",
                        "attributes": {
                            "arn": "arn:aws:acm:us-east-1:764218738161:certificate/af680619-4bcc-4eef-9659-9f7b87cb451e",
                            "domain": "coolquotes.xyz",
                            "id": "2018-02-25 05:40:06.698923 +0000 UTC",
                            "most_recent": "false"
                        },
                        "meta": {},
                        "tainted": false
                    },
                    "deposed": [],
                    "provider": "provider.aws"
                },
                "data.aws_caller_identity.current": {
                    "type": "aws_caller_identity",
                    "depends_on": [],
                    "primary": {
                        "id": "2018-02-25 05:40:06.418848 +0000 UTC",
                        "attributes": {
                            "account_id": "764218738161",
                            "arn": "arn:aws:sts::764218738161:assumed-role/admin/akerl",
                            "id": "2018-02-25 05:40:06.418848 +0000 UTC",
                            "user_id": "AROAJGIBWVRCR3J55QVX6:akerl"
                        },
                        "meta": {},
                        "tainted": false
                    },
                    "deposed": [],
                    "provider": "provider.aws"
                },
                "data.aws_iam_policy_document.apigw_assume": {
                    "type": "aws_iam_policy_document",
                    "depends_on": [],
                    "primary": {
                        "id": "1004447381",
                        "attributes": {
                            "id": "1004447381",
                            "json": "{\n  \"Version\": \"2012-10-17\",\n  \"Statement\": [\n    {\n      \"Sid\": \"\",\n      \"Effect\": \"Allow\",\n      \"Action\": \"sts:AssumeRole\",\n      \"Principal\": {\n        \"Service\": \"apigateway.amazonaws.com\"\n      }\n    }\n  ]\n}",
                            "statement.#": "1",
                            "statement.0.actions.#": "1",
                            "statement.0.actions.2528466339": "sts:AssumeRole",
                            "statement.0.condition.#": "0",
                            "statement.0.effect": "Allow",
                            "statement.0.not_actions.#": "0",
                            "statement.0.not_principals.#": "0",
                            "statement.0.not_resources.#": "0",
                            "statement.0.principals.#": "1",
                            "statement.0.principals.2040772961.identifiers.#": "1",
                            "statement.0.principals.2040772961.identifiers.1175233861": "apigateway.amazonaws.com",
                            "statement.0.principals.2040772961.type": "Service",
                            "statement.0.resources.#": "0",
                            "statement.0.sid": ""
                        },
                        "meta": {},
                        "tainted": false
                    },
                    "deposed": [],
                    "provider": "provider.aws"
                },
                "data.aws_iam_policy_document.apigw_perms": {
                    "type": "aws_iam_policy_document",
                    "depends_on": [],
                    "primary": {
                        "id": "250684656",
                        "attributes": {
                            "id": "250684656",
                            "json": "{\n  \"Version\": \"2012-10-17\",\n  \"Statement\": [\n    {\n      \"Sid\": \"\",\n      \"Effect\": \"Allow\",\n      \"Action\": [\n        \"logs:PutLogEvents\",\n        \"logs:GetLogEvents\",\n        \"logs:FilterLogEvents\",\n        \"logs:DescribeLogStreams\",\n        \"logs:DescribeLogGroups\",\n        \"logs:CreateLogStream\",\n        \"logs:CreateLogGroup\"\n      ],\n      \"Resource\": \"arn:aws:logs:*:*:*\"\n    }\n  ]\n}",
                            "statement.#": "1",
                            "statement.0.actions.#": "7",
                            "statement.0.actions.2164683621": "logs:DescribeLogGroups",
                            "statement.0.actions.2809485102": "logs:CreateLogGroup",
                            "statement.0.actions.3065443861": "logs:FilterLogEvents",
                            "statement.0.actions.3285979848": "logs:CreateLogStream",
                            "statement.0.actions.3341951797": "logs:GetLogEvents",
                            "statement.0.actions.3697566380": "logs:DescribeLogStreams",
                            "statement.0.actions.39743051": "logs:PutLogEvents",
                            "statement.0.condition.#": "0",
                            "statement.0.effect": "Allow",
                            "statement.0.not_actions.#": "0",
                            "statement.0.not_principals.#": "0",
                            "statement.0.not_resources.#": "0",
                            "statement.0.principals.#": "0",
                            "statement.0.resources.#": "1",
                            "statement.0.resources.162423377": "arn:aws:logs:*:*:*",
                            "statement.0.sid": ""
                        },
                        "meta": {},
                        "tainted": false
                    },
                    "deposed": [],
                    "provider": "provider.aws"
                },
                "data.aws_iam_policy_document.lambda_assume": {
                    "type": "aws_iam_policy_document",
                    "depends_on": [],
                    "primary": {
                        "id": "3127519745",
                        "attributes": {
                            "id": "3127519745",
                            "json": "{\n  \"Version\": \"2012-10-17\",\n  \"Statement\": [\n    {\n      \"Sid\": \"\",\n      \"Effect\": \"Allow\",\n      \"Action\": \"sts:AssumeRole\",\n      \"Principal\": {\n        \"Service\": [\n          \"lambda.amazonaws.com\",\n          \"apigateway.amazonaws.com\"\n        ]\n      }\n    }\n  ]\n}",
                            "statement.#": "1",
                            "statement.0.actions.#": "1",
                            "statement.0.actions.2528466339": "sts:AssumeRole",
                            "statement.0.condition.#": "0",
                            "statement.0.effect": "Allow",
                            "statement.0.not_actions.#": "0",
                            "statement.0.not_principals.#": "0",
                            "statement.0.not_resources.#": "0",
                            "statement.0.principals.#": "1",
                            "statement.0.principals.1632598396.identifiers.#": "2",
                            "statement.0.principals.1632598396.identifiers.1175233861": "apigateway.amazonaws.com",
                            "statement.0.principals.1632598396.identifiers.2638019528": "lambda.amazonaws.com",
                            "statement.0.principals.1632598396.type": "Service",
                            "statement.0.resources.#": "0",
                            "statement.0.sid": ""
                        },
                        "meta": {},
                        "tainted": false
                    },
                    "deposed": [],
                    "provider": "provider.aws"
                },
                "data.aws_iam_policy_document.lambda_perms": {
                    "type": "aws_iam_policy_document",
                    "depends_on": [],
                    "primary": {
                        "id": "2469428243",
                        "attributes": {
                            "id": "2469428243",
                            "json": "{\n  \"Version\": \"2012-10-17\",\n  \"Statement\": [\n    {\n      \"Sid\": \"\",\n      \"Effect\": \"Allow\",\n      \"Action\": [\n        \"s3:ListBucket\",\n        \"s3:GetObject\"\n      ],\n      \"Resource\": [\n        \"arn:aws:s3:::akerl-madlibrarian/*\",\n        \"arn:aws:s3:::akerl-madlibrarian\"\n      ]\n    },\n    {\n      \"Sid\": \"\",\n      \"Effect\": \"Allow\",\n      \"Action\": [\n        \"logs:PutLogEvents\",\n        \"logs:CreateLogStream\",\n        \"logs:CreateLogGroup\"\n      ],\n      \"Resource\": \"arn:aws:logs:*:*:*\"\n    }\n  ]\n}",
                            "statement.#": "2",
                            "statement.0.actions.#": "2",
                            "statement.0.actions.2071725391": "s3:GetObject",
                            "statement.0.actions.486976917": "s3:ListBucket",
                            "statement.0.condition.#": "0",
                            "statement.0.effect": "Allow",
                            "statement.0.not_actions.#": "0",
                            "statement.0.not_principals.#": "0",
                            "statement.0.not_resources.#": "0",
                            "statement.0.principals.#": "0",
                            "statement.0.resources.#": "2",
                            "statement.0.resources.1469511721": "arn:aws:s3:::akerl-madlibrarian/*",
                            "statement.0.resources.3861811104": "arn:aws:s3:::akerl-madlibrarian",
                            "statement.0.sid": "",
                            "statement.1.actions.#": "3",
                            "statement.1.actions.2809485102": "logs:CreateLogGroup",
                            "statement.1.actions.3285979848": "logs:CreateLogStream",
                            "statement.1.actions.39743051": "logs:PutLogEvents",
                            "statement.1.condition.#": "0",
                            "statement.1.effect": "Allow",
                            "statement.1.not_actions.#": "0",
                            "statement.1.not_principals.#": "0",
                            "statement.1.not_resources.#": "0",
                            "statement.1.principals.#": "0",
                            "statement.1.resources.#": "1",
                            "statement.1.resources.162423377": "arn:aws:logs:*:*:*",
                            "statement.1.sid": ""
                        },
                        "meta": {},
                        "tainted": false
                    },
                    "deposed": [],
                    "provider": "provider.aws"
                },
                "data.aws_region.current": {
                    "type": "aws_region",
                    "depends_on": [],
                    "primary": {
                        "id": "us-east-1",
                        "attributes": {
                            "current": "true",
                            "endpoint": "ec2.us-east-1.amazonaws.com",
                            "id": "us-east-1",
                            "name": "us-east-1"
                        },
                        "meta": {},
                        "tainted": false
                    },
                    "deposed": [],
                    "provider": "provider.aws"
                }
            },
            "depends_on": []
        },
        {
            "path": [
                "root",
                "akerl-wedding"
            ],
            "outputs": {
                "wedding-dns-name": {
                    "sensitive": false,
                    "type": "string",
                    "value": "d3bzinit6iv173.cloudfront.net"
                }
            },
            "resources": {
                "aws_cloudfront_distribution.redirect_distribution": {
                    "type": "aws_cloudfront_distribution",
                    "depends_on": [
                        "aws_s3_bucket.redirect-bucket",
                        "data.aws_acm_certificate.cert"
                    ],
                    "primary": {
                        "id": "E1KCDNA0SCSJUO",
                        "attributes": {
                            "active_trusted_signers.%": "2",
                            "active_trusted_signers.enabled": "false",
                            "active_trusted_signers.items.#": "0",
                            "aliases.#": "2",
                            "aliases.1791641142": "www.happilyeveraker.com",
                            "aliases.2119664291": "happilyeveraker.com",
                            "arn": "arn:aws:cloudfront::764218738161:distribution/E1KCDNA0SCSJUO",
                            "cache_behavior.#": "0",
                            "caller_reference": "2017-02-11T11:55:06.711532371-08:00",
                            "custom_error_response.#": "0",
                            "default_cache_behavior.#": "1",
                            "default_cache_behavior.2219766909.allowed_methods.#": "2",
                            "default_cache_behavior.2219766909.allowed_methods.0": "HEAD",
                            "default_cache_behavior.2219766909.allowed_methods.1": "GET",
                            "default_cache_behavior.2219766909.cached_methods.#": "2",
                            "default_cache_behavior.2219766909.cached_methods.0": "HEAD",
                            "default_cache_behavior.2219766909.cached_methods.1": "GET",
                            "default_cache_behavior.2219766909.compress": "true",
                            "default_cache_behavior.2219766909.default_ttl": "300",
                            "default_cache_behavior.2219766909.forwarded_values.#": "1",
                            "default_cache_behavior.2219766909.forwarded_values.2759845635.cookies.#": "1",
                            "default_cache_behavior.2219766909.forwarded_values.2759845635.cookies.2625240281.forward": "none",
                            "default_cache_behavior.2219766909.forwarded_values.2759845635.cookies.2625240281.whitelisted_names.#": "0",
                            "default_cache_behavior.2219766909.forwarded_values.2759845635.headers.#": "0",
                            "default_cache_behavior.2219766909.forwarded_values.2759845635.query_string": "false",
                            "default_cache_behavior.2219766909.forwarded_values.2759845635.query_string_cache_keys.#": "0",
                            "default_cache_behavior.2219766909.lambda_function_association.#": "0",
                            "default_cache_behavior.2219766909.max_ttl": "300",
                            "default_cache_behavior.2219766909.min_ttl": "0",
                            "default_cache_behavior.2219766909.smooth_streaming": "false",
                            "default_cache_behavior.2219766909.target_origin_id": "redirect-bucket",
                            "default_cache_behavior.2219766909.trusted_signers.#": "0",
                            "default_cache_behavior.2219766909.viewer_protocol_policy": "redirect-to-https",
                            "default_root_object": "",
                            "domain_name": "d3bzinit6iv173.cloudfront.net",
                            "enabled": "true",
                            "etag": "E29HZ22P79TCOA",
                            "hosted_zone_id": "Z2FDTNDATAQYW2",
                            "http_version": "http2",
                            "id": "E1KCDNA0SCSJUO",
                            "in_progress_validation_batches": "0",
                            "is_ipv6_enabled": "false",
                            "last_modified_time": "2017-10-07 16:20:59.308 +0000 UTC",
                            "logging_config.#": "1",
                            "logging_config.1997544614.bucket": "akerl-s3-logs.s3.amazonaws.com",
                            "logging_config.1997544614.include_cookies": "false",
                            "logging_config.1997544614.prefix": "akerl-wedding-redirect-cdn",
                            "origin.#": "1",
                            "origin.4199489960.custom_header.#": "0",
                            "origin.4199489960.custom_origin_config.#": "1",
                            "origin.4199489960.custom_origin_config.2335875933.http_port": "80",
                            "origin.4199489960.custom_origin_config.2335875933.https_port": "443",
                            "origin.4199489960.custom_origin_config.2335875933.origin_keepalive_timeout": "5",
                            "origin.4199489960.custom_origin_config.2335875933.origin_protocol_policy": "http-only",
                            "origin.4199489960.custom_origin_config.2335875933.origin_read_timeout": "30",
                            "origin.4199489960.custom_origin_config.2335875933.origin_ssl_protocols.#": "1",
                            "origin.4199489960.custom_origin_config.2335875933.origin_ssl_protocols.0": "TLSv1.2",
                            "origin.4199489960.domain_name": "akerl-wedding-redirect.s3-website-us-east-1.amazonaws.com",
                            "origin.4199489960.origin_id": "redirect-bucket",
                            "origin.4199489960.origin_path": "",
                            "origin.4199489960.s3_origin_config.#": "0",
                            "price_class": "PriceClass_100",
                            "restrictions.#": "1",
                            "restrictions.1097372288.geo_restriction.#": "1",
                            "restrictions.1097372288.geo_restriction.2625240281.locations.#": "0",
                            "restrictions.1097372288.geo_restriction.2625240281.restriction_type": "none",
                            "retain_on_delete": "false",
                            "status": "Deployed",
                            "tags.%": "0",
                            "viewer_certificate.#": "1",
                            "viewer_certificate.1602682105.acm_certificate_arn": "arn:aws:acm:us-east-1:764218738161:certificate/90048130-4680-45e3-aa7a-2ccfbcb0c2ff",
                            "viewer_certificate.1602682105.cloudfront_default_certificate": "false",
                            "viewer_certificate.1602682105.iam_certificate_id": "",
                            "viewer_certificate.1602682105.minimum_protocol_version": "TLSv1",
                            "viewer_certificate.1602682105.ssl_support_method": "sni-only",
                            "web_acl_id": ""
                        },
                        "meta": {},
                        "tainted": false
                    },
                    "deposed": [],
                    "provider": "provider.aws"
                },
                "aws_s3_bucket.redirect-bucket": {
                    "type": "aws_s3_bucket",
                    "depends_on": [
                        "data.aws_iam_policy_document.redirect-bucket-read-access"
                    ],
                    "primary": {
                        "id": "akerl-wedding-redirect",
                        "attributes": {
                            "acceleration_status": "",
                            "acl": "private",
                            "arn": "arn:aws:s3:::akerl-wedding-redirect",
                            "bucket": "akerl-wedding-redirect",
                            "bucket_domain_name": "akerl-wedding-redirect.s3.amazonaws.com",
                            "force_destroy": "false",
                            "hosted_zone_id": "Z3AQBSTGFYJSTF",
                            "id": "akerl-wedding-redirect",
                            "logging.#": "1",
                            "logging.464015257.target_bucket": "akerl-s3-logs",
                            "logging.464015257.target_prefix": "akerl-wedding-redirect/",
                            "policy": "{\"Statement\":[{\"Action\":\"s3:GetObject\",\"Effect\":\"Allow\",\"Principal\":\"*\",\"Resource\":\"arn:aws:s3:::akerl-wedding-redirect/*\",\"Sid\":\"\"}],\"Version\":\"2012-10-17\"}",
                            "region": "us-east-1",
                            "replication_configuration.#": "0",
                            "request_payer": "BucketOwner",
                            "server_side_encryption_configuration.#": "0",
                            "tags.%": "0",
                            "versioning.#": "1",
                            "versioning.0.enabled": "true",
                            "versioning.0.mfa_delete": "false",
                            "website.#": "1",
                            "website.0.error_document": "",
                            "website.0.index_document": "",
                            "website.0.redirect_all_requests_to": "https://www.theknot.com/us/kelly-watts-and-les-aker-may-2017",
                            "website.0.routing_rules": "",
                            "website_domain": "s3-website-us-east-1.amazonaws.com",
                            "website_endpoint": "akerl-wedding-redirect.s3-website-us-east-1.amazonaws.com"
                        },
                        "meta": {},
                        "tainted": false
                    },
                    "deposed": [],
                    "provider": "provider.aws"
                },
                "data.aws_acm_certificate.cert": {
                    "type": "aws_acm_certificate",
                    "depends_on": [],
                    "primary": {
                        "id": "2018-02-25 05:40:06.858984 +0000 UTC",
                        "attributes": {
                            "arn": "arn:aws:acm:us-east-1:764218738161:certificate/90048130-4680-45e3-aa7a-2ccfbcb0c2ff",
                            "domain": "blog.akerl.org",
                            "id": "2018-02-25 05:40:06.858984 +0000 UTC",
                            "most_recent": "false"
                        },
                        "meta": {},
                        "tainted": false
                    },
                    "deposed": [],
                    "provider": "provider.aws"
                },
                "data.aws_iam_policy_document.redirect-bucket-read-access": {
                    "type": "aws_iam_policy_document",
                    "depends_on": [],
                    "primary": {
                        "id": "1772374224",
                        "attributes": {
                            "id": "1772374224",
                            "json": "{\n  \"Version\": \"2012-10-17\",\n  \"Statement\": [\n    {\n      \"Sid\": \"\",\n      \"Effect\": \"Allow\",\n      \"Action\": \"s3:GetObject\",\n      \"Resource\": \"arn:aws:s3:::akerl-wedding-redirect/*\",\n      \"Principal\": \"*\"\n    }\n  ]\n}",
                            "statement.#": "1",
                            "statement.0.actions.#": "1",
                            "statement.0.actions.2071725391": "s3:GetObject",
                            "statement.0.condition.#": "0",
                            "statement.0.effect": "Allow",
                            "statement.0.not_actions.#": "0",
                            "statement.0.not_principals.#": "0",
                            "statement.0.not_resources.#": "0",
                            "statement.0.principals.#": "1",
                            "statement.0.principals.636693895.identifiers.#": "1",
                            "statement.0.principals.636693895.identifiers.2679715827": "*",
                            "statement.0.principals.636693895.type": "AWS",
                            "statement.0.resources.#": "1",
                            "statement.0.resources.3536382383": "arn:aws:s3:::akerl-wedding-redirect/*",
                            "statement.0.sid": ""
                        },
                        "meta": {},
                        "tainted": false
                    },
                    "deposed": [],
                    "provider": "provider.aws"
                }
            },
            "depends_on": []
        },
        {
            "path": [
                "root",
                "amylum-repo"
            ],
            "outputs": {
                "site-dns-name": {
                    "sensitive": false,
                    "type": "string",
                    "value": "d28ndvib2qch6l.cloudfront.net"
                }
            },
            "resources": {},
            "depends_on": []
        },
        {
            "path": [
                "root",
                "account",
                "admins"
            ],
            "outputs": {},
            "resources": {
                "aws_iam_group.admins": {
                    "type": "aws_iam_group",
                    "depends_on": [],
                    "primary": {
                        "id": "admins",
                        "attributes": {
                            "arn": "arn:aws:iam::764218738161:group/admins",
                            "id": "admins",
                            "name": "admins",
                            "path": "/",
                            "unique_id": "AGPAI66FG2KEIRI3KZB6W"
                        },
                        "meta": {},
                        "tainted": false
                    },
                    "deposed": [],
                    "provider": "provider.aws"
                },
                "aws_iam_group_membership.admins": {
                    "type": "aws_iam_group_membership",
                    "depends_on": [
                        "aws_iam_group.admins",
                        "aws_iam_user.admins"
                    ],
                    "primary": {
                        "id": "admins",
                        "attributes": {
                            "group": "admins",
                            "id": "admins",
                            "name": "admins",
                            "users.#": "1",
                            "users.2571560494": "akerl"
                        },
                        "meta": {},
                        "tainted": false
                    },
                    "deposed": [],
                    "provider": "provider.aws"
                },
                "aws_iam_group_policy_attachment.assume_admin": {
                    "type": "aws_iam_group_policy_attachment",
                    "depends_on": [
                        "aws_iam_group.admins",
                        "aws_iam_policy.assume_admin"
                    ],
                    "primary": {
                        "id": "admins-20161204061433071896942g6t",
                        "attributes": {
                            "group": "admins",
                            "id": "admins-20161204061433071896942g6t",
                            "policy_arn": "arn:aws:iam::764218738161:policy/AssumeAdmin"
                        },
                        "meta": {},
                        "tainted": false
                    },
                    "deposed": [],
                    "provider": "provider.aws"
                },
                "aws_iam_policy.assume_admin": {
                    "type": "aws_iam_policy",
                    "depends_on": [
                        "data.aws_iam_policy_document.assume_admin"
                    ],
                    "primary": {
                        "id": "arn:aws:iam::764218738161:policy/AssumeAdmin",
                        "attributes": {
                            "arn": "arn:aws:iam::764218738161:policy/AssumeAdmin",
                            "id": "arn:aws:iam::764218738161:policy/AssumeAdmin",
                            "name": "AssumeAdmin",
                            "path": "/",
                            "policy": "{\n  \"Version\": \"2012-10-17\",\n  \"Statement\": [\n    {\n      \"Sid\": \"\",\n      \"Effect\": \"Allow\",\n      \"Action\": \"sts:AssumeRole\",\n      \"Resource\": \"arn:aws:iam::764218738161:role/admin\"\n    }\n  ]\n}"
                        },
                        "meta": {},
                        "tainted": false
                    },
                    "deposed": [],
                    "provider": "provider.aws"
                },
                "aws_iam_role.admin": {
                    "type": "aws_iam_role",
                    "depends_on": [
                        "data.aws_iam_policy_document.admin_trust"
                    ],
                    "primary": {
                        "id": "admin",
                        "attributes": {
                            "arn": "arn:aws:iam::764218738161:role/admin",
                            "assume_role_policy": "{\"Version\":\"2012-10-17\",\"Statement\":[{\"Sid\":\"\",\"Effect\":\"Allow\",\"Principal\":{\"AWS\":\"arn:aws:iam::764218738161:root\"},\"Action\":\"sts:AssumeRole\",\"Condition\":{\"Bool\":{\"aws:MultiFactorAuthPresent\":\"true\"}}}]}",
                            "create_date": "2016-12-04T06:01:25Z",
                            "force_detach_policies": "false",
                            "id": "admin",
                            "name": "admin",
                            "path": "/",
                            "unique_id": "AROAJGIBWVRCR3J55QVX6"
                        },
                        "meta": {},
                        "tainted": false
                    },
                    "deposed": [],
                    "provider": "provider.aws"
                },
                "aws_iam_role_policy_attachment.admin_access": {
                    "type": "aws_iam_role_policy_attachment",
                    "depends_on": [
                        "aws_iam_role.admin"
                    ],
                    "primary": {
                        "id": "admin-20161204060649193832020ds7",
                        "attributes": {
                            "id": "admin-20161204060649193832020ds7",
                            "policy_arn": "arn:aws:iam::aws:policy/AdministratorAccess",
                            "role": "admin"
                        },
                        "meta": {},
                        "tainted": false
                    },
                    "deposed": [],
                    "provider": "provider.aws"
                },
                "aws_iam_user.admins": {
                    "type": "aws_iam_user",
                    "depends_on": [],
                    "primary": {
                        "id": "akerl",
                        "attributes": {
                            "arn": "arn:aws:iam::764218738161:user/akerl",
                            "force_destroy": "false",
                            "id": "akerl",
                            "name": "akerl",
                            "path": "/",
                            "unique_id": "AIDAI6ZGH7H4L4QMBOUTG"
                        },
                        "meta": {},
                        "tainted": false
                    },
                    "deposed": [],
                    "provider": "provider.aws"
                },
                "awscreds_iam_access_key.admins": {
                    "type": "awscreds_iam_access_key",
                    "depends_on": [
                        "aws_iam_user.admins"
                    ],
                    "primary": {
                        "id": "AKIAIWTTQTDX4YYBMP2A",
                        "attributes": {
                            "file": "creds/account-admins-akerl",
                            "id": "AKIAIWTTQTDX4YYBMP2A",
                            "secret": "",
                            "ses_smtp_password": "",
                            "status": "Active",
                            "user": "akerl"
                        },
                        "meta": {},
                        "tainted": false
                    },
                    "deposed": [],
                    "provider": "provider.awscreds"
                },
                "data.aws_caller_identity.account_info": {
                    "type": "aws_caller_identity",
                    "depends_on": [],
                    "primary": {
                        "id": "2018-02-25 05:40:06.572593 +0000 UTC",
                        "attributes": {
                            "account_id": "764218738161",
                            "arn": "arn:aws:sts::764218738161:assumed-role/admin/akerl",
                            "id": "2018-02-25 05:40:06.572593 +0000 UTC",
                            "user_id": "AROAJGIBWVRCR3J55QVX6:akerl"
                        },
                        "meta": {},
                        "tainted": false
                    },
                    "deposed": [],
                    "provider": "provider.aws"
                },
                "data.aws_iam_policy_document.admin_trust": {
                    "type": "aws_iam_policy_document",
                    "depends_on": [
                        "data.aws_caller_identity.account_info"
                    ],
                    "primary": {
                        "id": "855490042",
                        "attributes": {
                            "id": "855490042",
                            "json": "{\n  \"Version\": \"2012-10-17\",\n  \"Statement\": [\n    {\n      \"Sid\": \"\",\n      \"Effect\": \"Allow\",\n      \"Action\": \"sts:AssumeRole\",\n      \"Principal\": {\n        \"AWS\": \"arn:aws:iam::764218738161:root\"\n      },\n      \"Condition\": {\n        \"Bool\": {\n          \"aws:MultiFactorAuthPresent\": \"true\"\n        }\n      }\n    }\n  ]\n}",
                            "statement.#": "1",
                            "statement.0.actions.#": "1",
                            "statement.0.actions.2528466339": "sts:AssumeRole",
                            "statement.0.condition.#": "1",
                            "statement.0.condition.3433588302.test": "Bool",
                            "statement.0.condition.3433588302.values.#": "1",
                            "statement.0.condition.3433588302.values.4043113848": "true",
                            "statement.0.condition.3433588302.variable": "aws:MultiFactorAuthPresent",
                            "statement.0.effect": "Allow",
                            "statement.0.not_actions.#": "0",
                            "statement.0.not_principals.#": "0",
                            "statement.0.not_resources.#": "0",
                            "statement.0.principals.#": "1",
                            "statement.0.principals.2199456504.identifiers.#": "1",
                            "statement.0.principals.2199456504.identifiers.1687563408": "arn:aws:iam::764218738161:root",
                            "statement.0.principals.2199456504.type": "AWS",
                            "statement.0.resources.#": "0",
                            "statement.0.sid": ""
                        },
                        "meta": {},
                        "tainted": false
                    },
                    "deposed": [],
                    "provider": "provider.aws"
                },
                "data.aws_iam_policy_document.assume_admin": {
                    "type": "aws_iam_policy_document",
                    "depends_on": [
                        "aws_iam_role.admin"
                    ],
                    "primary": {
                        "id": "3669647341",
                        "attributes": {
                            "id": "3669647341",
                            "json": "{\n  \"Version\": \"2012-10-17\",\n  \"Statement\": [\n    {\n      \"Sid\": \"\",\n      \"Effect\": \"Allow\",\n      \"Action\": \"sts:AssumeRole\",\n      \"Resource\": \"arn:aws:iam::764218738161:role/admin\"\n    }\n  ]\n}",
                            "statement.#": "1",
                            "statement.0.actions.#": "1",
                            "statement.0.actions.2528466339": "sts:AssumeRole",
                            "statement.0.condition.#": "0",
                            "statement.0.effect": "Allow",
                            "statement.0.not_actions.#": "0",
                            "statement.0.not_principals.#": "0",
                            "statement.0.not_resources.#": "0",
                            "statement.0.principals.#": "0",
                            "statement.0.resources.#": "1",
                            "statement.0.resources.239624386": "arn:aws:iam::764218738161:role/admin",
                            "statement.0.sid": ""
                        },
                        "meta": {},
                        "tainted": false
                    },
                    "deposed": [],
                    "provider": "provider.aws"
                }
            },
            "depends_on": []
        },
        {
            "path": [
                "root",
                "akerl-blog",
                "s3-website"
            ],
            "outputs": {
                "cloudfront-zone-id": {
                    "sensitive": false,
                    "type": "string",
                    "value": "Z2FDTNDATAQYW2"
                },
                "redirect-dns-name": {
                    "sensitive": false,
                    "type": "string",
                    "value": "d25ducmpfzq31v.cloudfront.net"
                },
                "site-dns-name": {
                    "sensitive": false,
                    "type": "string",
                    "value": "dsuwypuv0eq4c.cloudfront.net"
                }
            },
            "resources": {
                "aws_cloudfront_distribution.redirect_distribution": {
                    "type": "aws_cloudfront_distribution",
                    "depends_on": [
                        "aws_s3_bucket.redirect-bucket",
                        "data.aws_acm_certificate.cert"
                    ],
                    "primary": {
                        "id": "EERH88E77D1CX",
                        "attributes": {
                            "active_trusted_signers.%": "2",
                            "active_trusted_signers.enabled": "false",
                            "active_trusted_signers.items.#": "0",
                            "aliases.#": "12",
                            "aliases.1288416212": "lesaker.org",
                            "aliases.1516820402": "lesaker.com",
                            "aliases.1577856700": "www.a-rwx.org",
                            "aliases.1599199520": "scrtybybscrty.org",
                            "aliases.2796100132": "a-rwx.org",
                            "aliases.3230243585": "www.akerl.com",
                            "aliases.3259292592": "www.lesaker.com",
                            "aliases.3465374948": "www.scrtybybscrty.org",
                            "aliases.3571951574": "www.lesaker.org",
                            "aliases.3593135975": "www.akerl.org",
                            "aliases.781177855": "akerl.org",
                            "aliases.942452633": "akerl.com",
                            "arn": "arn:aws:cloudfront::764218738161:distribution/EERH88E77D1CX",
                            "cache_behavior.#": "0",
                            "caller_reference": "2017-10-07T10:27:51.497074222-04:00",
                            "custom_error_response.#": "0",
                            "default_cache_behavior.#": "1",
                            "default_cache_behavior.2219766909.allowed_methods.#": "2",
                            "default_cache_behavior.2219766909.allowed_methods.0": "HEAD",
                            "default_cache_behavior.2219766909.allowed_methods.1": "GET",
                            "default_cache_behavior.2219766909.cached_methods.#": "2",
                            "default_cache_behavior.2219766909.cached_methods.0": "HEAD",
                            "default_cache_behavior.2219766909.cached_methods.1": "GET",
                            "default_cache_behavior.2219766909.compress": "true",
                            "default_cache_behavior.2219766909.default_ttl": "300",
                            "default_cache_behavior.2219766909.forwarded_values.#": "1",
                            "default_cache_behavior.2219766909.forwarded_values.2759845635.cookies.#": "1",
                            "default_cache_behavior.2219766909.forwarded_values.2759845635.cookies.2625240281.forward": "none",
                            "default_cache_behavior.2219766909.forwarded_values.2759845635.cookies.2625240281.whitelisted_names.#": "0",
                            "default_cache_behavior.2219766909.forwarded_values.2759845635.headers.#": "0",
                            "default_cache_behavior.2219766909.forwarded_values.2759845635.query_string": "false",
                            "default_cache_behavior.2219766909.forwarded_values.2759845635.query_string_cache_keys.#": "0",
                            "default_cache_behavior.2219766909.lambda_function_association.#": "0",
                            "default_cache_behavior.2219766909.max_ttl": "300",
                            "default_cache_behavior.2219766909.min_ttl": "0",
                            "default_cache_behavior.2219766909.smooth_streaming": "false",
                            "default_cache_behavior.2219766909.target_origin_id": "redirect-bucket",
                            "default_cache_behavior.2219766909.trusted_signers.#": "0",
                            "default_cache_behavior.2219766909.viewer_protocol_policy": "redirect-to-https",
                            "default_root_object": "",
                            "domain_name": "d25ducmpfzq31v.cloudfront.net",
                            "enabled": "true",
                            "etag": "E105FGLZ2PK6Q7",
                            "hosted_zone_id": "Z2FDTNDATAQYW2",
                            "http_version": "http2",
                            "id": "EERH88E77D1CX",
                            "in_progress_validation_batches": "0",
                            "is_ipv6_enabled": "false",
                            "last_modified_time": "2017-11-11 18:29:29.241 +0000 UTC",
                            "logging_config.#": "1",
                            "logging_config.3634125634.bucket": "akerl-s3-logs.s3.amazonaws.com",
                            "logging_config.3634125634.include_cookies": "false",
                            "logging_config.3634125634.prefix": "akerl-blog-redirect-cdn",
                            "origin.#": "1",
                            "origin.3868504272.custom_header.#": "0",
                            "origin.3868504272.custom_origin_config.#": "1",
                            "origin.3868504272.custom_origin_config.2335875933.http_port": "80",
                            "origin.3868504272.custom_origin_config.2335875933.https_port": "443",
                            "origin.3868504272.custom_origin_config.2335875933.origin_keepalive_timeout": "5",
                            "origin.3868504272.custom_origin_config.2335875933.origin_protocol_policy": "http-only",
                            "origin.3868504272.custom_origin_config.2335875933.origin_read_timeout": "30",
                            "origin.3868504272.custom_origin_config.2335875933.origin_ssl_protocols.#": "1",
                            "origin.3868504272.custom_origin_config.2335875933.origin_ssl_protocols.0": "TLSv1.2",
                            "origin.3868504272.domain_name": "akerl-blog-redirect.s3-website-us-east-1.amazonaws.com",
                            "origin.3868504272.origin_id": "redirect-bucket",
                            "origin.3868504272.origin_path": "",
                            "origin.3868504272.s3_origin_config.#": "0",
                            "price_class": "PriceClass_100",
                            "restrictions.#": "1",
                            "restrictions.1097372288.geo_restriction.#": "1",
                            "restrictions.1097372288.geo_restriction.2625240281.locations.#": "0",
                            "restrictions.1097372288.geo_restriction.2625240281.restriction_type": "none",
                            "retain_on_delete": "false",
                            "status": "Deployed",
                            "tags.%": "0",
                            "viewer_certificate.#": "1",
                            "viewer_certificate.1602682105.acm_certificate_arn": "arn:aws:acm:us-east-1:764218738161:certificate/90048130-4680-45e3-aa7a-2ccfbcb0c2ff",
                            "viewer_certificate.1602682105.cloudfront_default_certificate": "false",
                            "viewer_certificate.1602682105.iam_certificate_id": "",
                            "viewer_certificate.1602682105.minimum_protocol_version": "TLSv1",
                            "viewer_certificate.1602682105.ssl_support_method": "sni-only",
                            "web_acl_id": ""
                        },
                        "meta": {},
                        "tainted": false
                    },
                    "deposed": [],
                    "provider": "provider.aws"
                },
                "aws_cloudfront_distribution.site_distribution": {
                    "type": "aws_cloudfront_distribution",
                    "depends_on": [
                        "aws_s3_bucket.file-bucket",
                        "data.aws_acm_certificate.cert"
                    ],
                    "primary": {
                        "id": "E1W0NXQC8IQA5S",
                        "attributes": {
                            "active_trusted_signers.%": "2",
                            "active_trusted_signers.enabled": "false",
                            "active_trusted_signers.items.#": "0",
                            "aliases.#": "1",
                            "aliases.2457523478": "blog.akerl.org",
                            "arn": "arn:aws:cloudfront::764218738161:distribution/E1W0NXQC8IQA5S",
                            "cache_behavior.#": "0",
                            "caller_reference": "2017-10-07T10:27:52.266879237-04:00",
                            "custom_error_response.#": "0",
                            "default_cache_behavior.#": "1",
                            "default_cache_behavior.3424070059.allowed_methods.#": "2",
                            "default_cache_behavior.3424070059.allowed_methods.0": "HEAD",
                            "default_cache_behavior.3424070059.allowed_methods.1": "GET",
                            "default_cache_behavior.3424070059.cached_methods.#": "2",
                            "default_cache_behavior.3424070059.cached_methods.0": "HEAD",
                            "default_cache_behavior.3424070059.cached_methods.1": "GET",
                            "default_cache_behavior.3424070059.compress": "true",
                            "default_cache_behavior.3424070059.default_ttl": "0",
                            "default_cache_behavior.3424070059.forwarded_values.#": "1",
                            "default_cache_behavior.3424070059.forwarded_values.2759845635.cookies.#": "1",
                            "default_cache_behavior.3424070059.forwarded_values.2759845635.cookies.2625240281.forward": "none",
                            "default_cache_behavior.3424070059.forwarded_values.2759845635.cookies.2625240281.whitelisted_names.#": "0",
                            "default_cache_behavior.3424070059.forwarded_values.2759845635.headers.#": "0",
                            "default_cache_behavior.3424070059.forwarded_values.2759845635.query_string": "false",
                            "default_cache_behavior.3424070059.forwarded_values.2759845635.query_string_cache_keys.#": "0",
                            "default_cache_behavior.3424070059.lambda_function_association.#": "0",
                            "default_cache_behavior.3424070059.max_ttl": "300",
                            "default_cache_behavior.3424070059.min_ttl": "0",
                            "default_cache_behavior.3424070059.smooth_streaming": "false",
                            "default_cache_behavior.3424070059.target_origin_id": "site-bucket",
                            "default_cache_behavior.3424070059.trusted_signers.#": "0",
                            "default_cache_behavior.3424070059.viewer_protocol_policy": "redirect-to-https",
                            "default_root_object": "index.html",
                            "domain_name": "dsuwypuv0eq4c.cloudfront.net",
                            "enabled": "true",
                            "etag": "E2MC322WBKCRPC",
                            "hosted_zone_id": "Z2FDTNDATAQYW2",
                            "http_version": "http2",
                            "id": "E1W0NXQC8IQA5S",
                            "in_progress_validation_batches": "0",
                            "is_ipv6_enabled": "false",
                            "last_modified_time": "2017-10-07 16:39:16.122 +0000 UTC",
                            "logging_config.#": "1",
                            "logging_config.2942440303.bucket": "akerl-s3-logs.s3.amazonaws.com",
                            "logging_config.2942440303.include_cookies": "false",
                            "logging_config.2942440303.prefix": "akerl-blog-cdn/",
                            "origin.#": "1",
                            "origin.604662508.custom_header.#": "0",
                            "origin.604662508.custom_origin_config.#": "1",
                            "origin.604662508.custom_origin_config.2335875933.http_port": "80",
                            "origin.604662508.custom_origin_config.2335875933.https_port": "443",
                            "origin.604662508.custom_origin_config.2335875933.origin_keepalive_timeout": "5",
                            "origin.604662508.custom_origin_config.2335875933.origin_protocol_policy": "http-only",
                            "origin.604662508.custom_origin_config.2335875933.origin_read_timeout": "30",
                            "origin.604662508.custom_origin_config.2335875933.origin_ssl_protocols.#": "1",
                            "origin.604662508.custom_origin_config.2335875933.origin_ssl_protocols.0": "TLSv1.2",
                            "origin.604662508.domain_name": "akerl-blog.s3-website-us-east-1.amazonaws.com",
                            "origin.604662508.origin_id": "site-bucket",
                            "origin.604662508.origin_path": "",
                            "origin.604662508.s3_origin_config.#": "0",
                            "price_class": "PriceClass_100",
                            "restrictions.#": "1",
                            "restrictions.1097372288.geo_restriction.#": "1",
                            "restrictions.1097372288.geo_restriction.2625240281.locations.#": "0",
                            "restrictions.1097372288.geo_restriction.2625240281.restriction_type": "none",
                            "retain_on_delete": "false",
                            "status": "Deployed",
                            "tags.%": "0",
                            "viewer_certificate.#": "1",
                            "viewer_certificate.1602682105.acm_certificate_arn": "arn:aws:acm:us-east-1:764218738161:certificate/90048130-4680-45e3-aa7a-2ccfbcb0c2ff",
                            "viewer_certificate.1602682105.cloudfront_default_certificate": "false",
                            "viewer_certificate.1602682105.iam_certificate_id": "",
                            "viewer_certificate.1602682105.minimum_protocol_version": "TLSv1",
                            "viewer_certificate.1602682105.ssl_support_method": "sni-only",
                            "web_acl_id": ""
                        },
                        "meta": {},
                        "tainted": false
                    },
                    "deposed": [],
                    "provider": "provider.aws"
                },
                "aws_s3_bucket.file-bucket": {
                    "type": "aws_s3_bucket",
                    "depends_on": [
                        "data.aws_iam_policy_document.site-bucket-read-access"
                    ],
                    "primary": {
                        "id": "akerl-blog",
                        "attributes": {
                            "acceleration_status": "",
                            "acl": "private",
                            "arn": "arn:aws:s3:::akerl-blog",
                            "bucket": "akerl-blog",
                            "bucket_domain_name": "akerl-blog.s3.amazonaws.com",
                            "force_destroy": "false",
                            "hosted_zone_id": "Z3AQBSTGFYJSTF",
                            "id": "akerl-blog",
                            "logging.#": "1",
                            "logging.2158441842.target_bucket": "akerl-s3-logs",
                            "logging.2158441842.target_prefix": "akerl-blog/",
                            "policy": "{\"Statement\":[{\"Action\":\"s3:GetObject\",\"Effect\":\"Allow\",\"Principal\":\"*\",\"Resource\":\"arn:aws:s3:::akerl-blog/*\",\"Sid\":\"\"}],\"Version\":\"2012-10-17\"}",
                            "region": "us-east-1",
                            "replication_configuration.#": "0",
                            "request_payer": "BucketOwner",
                            "server_side_encryption_configuration.#": "0",
                            "tags.%": "0",
                            "versioning.#": "1",
                            "versioning.0.enabled": "true",
                            "versioning.0.mfa_delete": "false",
                            "website.#": "1",
                            "website.0.error_document": "404/index.html",
                            "website.0.index_document": "index.html",
                            "website.0.redirect_all_requests_to": "",
                            "website.0.routing_rules": "",
                            "website_domain": "s3-website-us-east-1.amazonaws.com",
                            "website_endpoint": "akerl-blog.s3-website-us-east-1.amazonaws.com"
                        },
                        "meta": {},
                        "tainted": false
                    },
                    "deposed": [],
                    "provider": "provider.aws"
                },
                "aws_s3_bucket.redirect-bucket": {
                    "type": "aws_s3_bucket",
                    "depends_on": [
                        "data.aws_iam_policy_document.redirect-bucket-read-access"
                    ],
                    "primary": {
                        "id": "akerl-blog-redirect",
                        "attributes": {
                            "acceleration_status": "",
                            "acl": "private",
                            "arn": "arn:aws:s3:::akerl-blog-redirect",
                            "bucket": "akerl-blog-redirect",
                            "bucket_domain_name": "akerl-blog-redirect.s3.amazonaws.com",
                            "force_destroy": "false",
                            "hosted_zone_id": "Z3AQBSTGFYJSTF",
                            "id": "akerl-blog-redirect",
                            "logging.#": "1",
                            "logging.525726922.target_bucket": "akerl-s3-logs",
                            "logging.525726922.target_prefix": "akerl-blog-redirect/",
                            "policy": "{\"Statement\":[{\"Action\":\"s3:GetObject\",\"Effect\":\"Allow\",\"Principal\":\"*\",\"Resource\":\"arn:aws:s3:::akerl-blog-redirect/*\",\"Sid\":\"\"}],\"Version\":\"2012-10-17\"}",
                            "region": "us-east-1",
                            "replication_configuration.#": "0",
                            "request_payer": "BucketOwner",
                            "server_side_encryption_configuration.#": "0",
                            "tags.%": "0",
                            "versioning.#": "1",
                            "versioning.0.enabled": "true",
                            "versioning.0.mfa_delete": "false",
                            "website.#": "1",
                            "website.0.error_document": "",
                            "website.0.index_document": "",
                            "website.0.redirect_all_requests_to": "https://blog.akerl.org",
                            "website.0.routing_rules": "",
                            "website_domain": "s3-website-us-east-1.amazonaws.com",
                            "website_endpoint": "akerl-blog-redirect.s3-website-us-east-1.amazonaws.com"
                        },
                        "meta": {},
                        "tainted": false
                    },
                    "deposed": [],
                    "provider": "provider.aws"
                },
                "data.aws_acm_certificate.cert": {
                    "type": "aws_acm_certificate",
                    "depends_on": [],
                    "primary": {
                        "id": "2018-02-25 05:40:06.899109 +0000 UTC",
                        "attributes": {
                            "arn": "arn:aws:acm:us-east-1:764218738161:certificate/90048130-4680-45e3-aa7a-2ccfbcb0c2ff",
                            "domain": "blog.akerl.org",
                            "id": "2018-02-25 05:40:06.899109 +0000 UTC",
                            "most_recent": "false"
                        },
                        "meta": {},
                        "tainted": false
                    },
                    "deposed": [],
                    "provider": "provider.aws"
                },
                "data.aws_iam_policy_document.redirect-bucket-read-access": {
                    "type": "aws_iam_policy_document",
                    "depends_on": [],
                    "primary": {
                        "id": "2033328484",
                        "attributes": {
                            "id": "2033328484",
                            "json": "{\n  \"Version\": \"2012-10-17\",\n  \"Statement\": [\n    {\n      \"Sid\": \"\",\n      \"Effect\": \"Allow\",\n      \"Action\": \"s3:GetObject\",\n      \"Resource\": \"arn:aws:s3:::akerl-blog-redirect/*\",\n      \"Principal\": \"*\"\n    }\n  ]\n}",
                            "statement.#": "1",
                            "statement.0.actions.#": "1",
                            "statement.0.actions.2071725391": "s3:GetObject",
                            "statement.0.condition.#": "0",
                            "statement.0.effect": "Allow",
                            "statement.0.not_actions.#": "0",
                            "statement.0.not_principals.#": "0",
                            "statement.0.not_resources.#": "0",
                            "statement.0.principals.#": "1",
                            "statement.0.principals.636693895.identifiers.#": "1",
                            "statement.0.principals.636693895.identifiers.2679715827": "*",
                            "statement.0.principals.636693895.type": "AWS",
                            "statement.0.resources.#": "1",
                            "statement.0.resources.2274886761": "arn:aws:s3:::akerl-blog-redirect/*",
                            "statement.0.sid": ""
                        },
                        "meta": {},
                        "tainted": false
                    },
                    "deposed": [],
                    "provider": "provider.aws"
                },
                "data.aws_iam_policy_document.site-bucket-read-access": {
                    "type": "aws_iam_policy_document",
                    "depends_on": [],
                    "primary": {
                        "id": "714376945",
                        "attributes": {
                            "id": "714376945",
                            "json": "{\n  \"Version\": \"2012-10-17\",\n  \"Statement\": [\n    {\n      \"Sid\": \"\",\n      \"Effect\": \"Allow\",\n      \"Action\": \"s3:GetObject\",\n      \"Resource\": \"arn:aws:s3:::akerl-blog/*\",\n      \"Principal\": \"*\"\n    }\n  ]\n}",
                            "statement.#": "1",
                            "statement.0.actions.#": "1",
                            "statement.0.actions.2071725391": "s3:GetObject",
                            "statement.0.condition.#": "0",
                            "statement.0.effect": "Allow",
                            "statement.0.not_actions.#": "0",
                            "statement.0.not_principals.#": "0",
                            "statement.0.not_resources.#": "0",
                            "statement.0.principals.#": "1",
                            "statement.0.principals.636693895.identifiers.#": "1",
                            "statement.0.principals.636693895.identifiers.2679715827": "*",
                            "statement.0.principals.636693895.type": "AWS",
                            "statement.0.resources.#": "1",
                            "statement.0.resources.2218934011": "arn:aws:s3:::akerl-blog/*",
                            "statement.0.sid": ""
                        },
                        "meta": {},
                        "tainted": false
                    },
                    "deposed": [],
                    "provider": "provider.aws"
                }
            },
            "depends_on": []
        },
        {
            "path": [
                "root",
                "akerl-dns",
                "a-rwx_org"
            ],
            "outputs": {
                "zone_id": {
                    "sensitive": false,
                    "type": "string",
                    "value": "Z1GSN0DUY7LO3I"
                }
            },
            "resources": {
                "aws_route53_record.caa": {
                    "type": "aws_route53_record",
                    "depends_on": [
                        "aws_route53_zone.domain"
                    ],
                    "primary": {
                        "id": "Z1GSN0DUY7LO3I_a-rwx.org_CAA",
                        "attributes": {
                            "allow_overwrite": "true",
                            "fqdn": "a-rwx.org",
                            "health_check_id": "",
                            "id": "Z1GSN0DUY7LO3I_a-rwx.org_CAA",
                            "name": "a-rwx.org",
                            "records.#": "3",
                            "records.2565321753": "0 iodef \"mailto:admin@lesaker.org\"",
                            "records.3034643430": "0 issuewild \";\"",
                            "records.3940762333": "0 issue \"amazon.com\"",
                            "set_identifier": "",
                            "ttl": "86400",
                            "type": "CAA",
                            "zone_id": "Z1GSN0DUY7LO3I"
                        },
                        "meta": {
                            "schema_version": "2"
                        },
                        "tainted": false
                    },
                    "deposed": [],
                    "provider": "provider.aws"
                },
                "aws_route53_record.mx": {
                    "type": "aws_route53_record",
                    "depends_on": [
                        "aws_route53_zone.domain"
                    ],
                    "primary": {
                        "id": "Z1GSN0DUY7LO3I_a-rwx.org_MX",
                        "attributes": {
                            "allow_overwrite": "true",
                            "fqdn": "a-rwx.org",
                            "health_check_id": "",
                            "id": "Z1GSN0DUY7LO3I_a-rwx.org_MX",
                            "name": "a-rwx.org",
                            "records.#": "5",
                            "records.2181529566": "1   aspmx.l.google.com.",
                            "records.2525408040": "5   alt2.aspmx.l.google.com.",
                            "records.3170450948": "10  aspmx3.googlemail.com.",
                            "records.3986172363": "5   alt1.aspmx.l.google.com.",
                            "records.996144455": "10  aspmx2.googlemail.com.",
                            "set_identifier": "",
                            "ttl": "86400",
                            "type": "MX",
                            "zone_id": "Z1GSN0DUY7LO3I"
                        },
                        "meta": {
                            "schema_version": "2"
                        },
                        "tainted": false
                    },
                    "deposed": [],
                    "provider": "provider.aws"
                },
                "aws_route53_record.soa": {
                    "type": "aws_route53_record",
                    "depends_on": [
                        "aws_route53_zone.domain"
                    ],
                    "primary": {
                        "id": "Z1GSN0DUY7LO3I_a-rwx.org_SOA",
                        "attributes": {
                            "allow_overwrite": "true",
                            "fqdn": "a-rwx.org",
                            "health_check_id": "",
                            "id": "Z1GSN0DUY7LO3I_a-rwx.org_SOA",
                            "name": "a-rwx.org",
                            "records.#": "1",
                            "records.79063542": "ns-1242.awsdns-27.org. admin.lesaker.org. 1 7200 900 1209600 3600",
                            "set_identifier": "",
                            "ttl": "86400",
                            "type": "SOA",
                            "zone_id": "Z1GSN0DUY7LO3I"
                        },
                        "meta": {
                            "schema_version": "2"
                        },
                        "tainted": false
                    },
                    "deposed": [],
                    "provider": "provider.aws"
                },
                "aws_route53_record.spf": {
                    "type": "aws_route53_record",
                    "depends_on": [
                        "aws_route53_zone.domain"
                    ],
                    "primary": {
                        "id": "Z1GSN0DUY7LO3I_a-rwx.org_SPF",
                        "attributes": {
                            "allow_overwrite": "true",
                            "fqdn": "a-rwx.org",
                            "health_check_id": "",
                            "id": "Z1GSN0DUY7LO3I_a-rwx.org_SPF",
                            "name": "a-rwx.org",
                            "records.#": "1",
                            "records.3572300059": "v=spf1 a include:_spf.google.com ~all",
                            "set_identifier": "",
                            "ttl": "86400",
                            "type": "SPF",
                            "zone_id": "Z1GSN0DUY7LO3I"
                        },
                        "meta": {
                            "schema_version": "2"
                        },
                        "tainted": false
                    },
                    "deposed": [],
                    "provider": "provider.aws"
                },
                "aws_route53_record.txt": {
                    "type": "aws_route53_record",
                    "depends_on": [
                        "aws_route53_zone.domain"
                    ],
                    "primary": {
                        "id": "Z1GSN0DUY7LO3I_a-rwx.org_TXT",
                        "attributes": {
                            "allow_overwrite": "true",
                            "fqdn": "a-rwx.org",
                            "health_check_id": "",
                            "id": "Z1GSN0DUY7LO3I_a-rwx.org_TXT",
                            "name": "a-rwx.org",
                            "records.#": "1",
                            "records.3572300059": "v=spf1 a include:_spf.google.com ~all",
                            "set_identifier": "",
                            "ttl": "86400",
                            "type": "TXT",
                            "zone_id": "Z1GSN0DUY7LO3I"
                        },
                        "meta": {
                            "schema_version": "2"
                        },
                        "tainted": false
                    },
                    "deposed": [],
                    "provider": "provider.aws"
                },
                "aws_route53_zone.domain": {
                    "type": "aws_route53_zone",
                    "depends_on": [],
                    "primary": {
                        "id": "Z1GSN0DUY7LO3I",
                        "attributes": {
                            "comment": "Managed by Terraform",
                            "delegation_set_id": "N3C8AV2DA0N4N9",
                            "force_destroy": "false",
                            "id": "Z1GSN0DUY7LO3I",
                            "name": "a-rwx.org",
                            "name_servers.#": "4",
                            "name_servers.0": "ns-1242.awsdns-27.org",
                            "name_servers.1": "ns-1942.awsdns-50.co.uk",
                            "name_servers.2": "ns-477.awsdns-59.com",
                            "name_servers.3": "ns-808.awsdns-37.net",
                            "tags.%": "0",
                            "zone_id": "Z1GSN0DUY7LO3I"
                        },
                        "meta": {},
                        "tainted": false
                    },
                    "deposed": [],
                    "provider": "provider.aws"
                }
            },
            "depends_on": []
        },
        {
            "path": [
                "root",
                "akerl-dns",
                "akerl_com"
            ],
            "outputs": {
                "zone_id": {
                    "sensitive": false,
                    "type": "string",
                    "value": "Z1EXF3DHNCLVFG"
                }
            },
            "resources": {
                "aws_route53_record.caa": {
                    "type": "aws_route53_record",
                    "depends_on": [
                        "aws_route53_zone.domain"
                    ],
                    "primary": {
                        "id": "Z1EXF3DHNCLVFG_akerl.com_CAA",
                        "attributes": {
                            "allow_overwrite": "true",
                            "fqdn": "akerl.com",
                            "health_check_id": "",
                            "id": "Z1EXF3DHNCLVFG_akerl.com_CAA",
                            "name": "akerl.com",
                            "records.#": "3",
                            "records.2565321753": "0 iodef \"mailto:admin@lesaker.org\"",
                            "records.3034643430": "0 issuewild \";\"",
                            "records.3940762333": "0 issue \"amazon.com\"",
                            "set_identifier": "",
                            "ttl": "86400",
                            "type": "CAA",
                            "zone_id": "Z1EXF3DHNCLVFG"
                        },
                        "meta": {
                            "schema_version": "2"
                        },
                        "tainted": false
                    },
                    "deposed": [],
                    "provider": "provider.aws"
                },
                "aws_route53_record.mx": {
                    "type": "aws_route53_record",
                    "depends_on": [
                        "aws_route53_zone.domain"
                    ],
                    "primary": {
                        "id": "Z1EXF3DHNCLVFG_akerl.com_MX",
                        "attributes": {
                            "allow_overwrite": "true",
                            "fqdn": "akerl.com",
                            "health_check_id": "",
                            "id": "Z1EXF3DHNCLVFG_akerl.com_MX",
                            "name": "akerl.com",
                            "records.#": "5",
                            "records.2181529566": "1   aspmx.l.google.com.",
                            "records.2525408040": "5   alt2.aspmx.l.google.com.",
                            "records.3170450948": "10  aspmx3.googlemail.com.",
                            "records.3986172363": "5   alt1.aspmx.l.google.com.",
                            "records.996144455": "10  aspmx2.googlemail.com.",
                            "set_identifier": "",
                            "ttl": "86400",
                            "type": "MX",
                            "zone_id": "Z1EXF3DHNCLVFG"
                        },
                        "meta": {
                            "schema_version": "2"
                        },
                        "tainted": false
                    },
                    "deposed": [],
                    "provider": "provider.aws"
                },
                "aws_route53_record.soa": {
                    "type": "aws_route53_record",
                    "depends_on": [
                        "aws_route53_zone.domain"
                    ],
                    "primary": {
                        "id": "Z1EXF3DHNCLVFG_akerl.com_SOA",
                        "attributes": {
                            "allow_overwrite": "true",
                            "fqdn": "akerl.com",
                            "health_check_id": "",
                            "id": "Z1EXF3DHNCLVFG_akerl.com_SOA",
                            "name": "akerl.com",
                            "records.#": "1",
                            "records.79063542": "ns-1242.awsdns-27.org. admin.lesaker.org. 1 7200 900 1209600 3600",
                            "set_identifier": "",
                            "ttl": "86400",
                            "type": "SOA",
                            "zone_id": "Z1EXF3DHNCLVFG"
                        },
                        "meta": {
                            "schema_version": "2"
                        },
                        "tainted": false
                    },
                    "deposed": [],
                    "provider": "provider.aws"
                },
                "aws_route53_record.spf": {
                    "type": "aws_route53_record",
                    "depends_on": [
                        "aws_route53_zone.domain"
                    ],
                    "primary": {
                        "id": "Z1EXF3DHNCLVFG_akerl.com_SPF",
                        "attributes": {
                            "allow_overwrite": "true",
                            "fqdn": "akerl.com",
                            "health_check_id": "",
                            "id": "Z1EXF3DHNCLVFG_akerl.com_SPF",
                            "name": "akerl.com",
                            "records.#": "1",
                            "records.3572300059": "v=spf1 a include:_spf.google.com ~all",
                            "set_identifier": "",
                            "ttl": "86400",
                            "type": "SPF",
                            "zone_id": "Z1EXF3DHNCLVFG"
                        },
                        "meta": {
                            "schema_version": "2"
                        },
                        "tainted": false
                    },
                    "deposed": [],
                    "provider": "provider.aws"
                },
                "aws_route53_record.txt": {
                    "type": "aws_route53_record",
                    "depends_on": [
                        "aws_route53_zone.domain"
                    ],
                    "primary": {
                        "id": "Z1EXF3DHNCLVFG_akerl.com_TXT",
                        "attributes": {
                            "allow_overwrite": "true",
                            "fqdn": "akerl.com",
                            "health_check_id": "",
                            "id": "Z1EXF3DHNCLVFG_akerl.com_TXT",
                            "name": "akerl.com",
                            "records.#": "1",
                            "records.3572300059": "v=spf1 a include:_spf.google.com ~all",
                            "set_identifier": "",
                            "ttl": "86400",
                            "type": "TXT",
                            "zone_id": "Z1EXF3DHNCLVFG"
                        },
                        "meta": {
                            "schema_version": "2"
                        },
                        "tainted": false
                    },
                    "deposed": [],
                    "provider": "provider.aws"
                },
                "aws_route53_zone.domain": {
                    "type": "aws_route53_zone",
                    "depends_on": [],
                    "primary": {
                        "id": "Z1EXF3DHNCLVFG",
                        "attributes": {
                            "comment": "Managed by Terraform",
                            "delegation_set_id": "N3C8AV2DA0N4N9",
                            "force_destroy": "false",
                            "id": "Z1EXF3DHNCLVFG",
                            "name": "akerl.com",
                            "name_servers.#": "4",
                            "name_servers.0": "ns-1242.awsdns-27.org",
                            "name_servers.1": "ns-1942.awsdns-50.co.uk",
                            "name_servers.2": "ns-477.awsdns-59.com",
                            "name_servers.3": "ns-808.awsdns-37.net",
                            "tags.%": "0",
                            "zone_id": "Z1EXF3DHNCLVFG"
                        },
                        "meta": {},
                        "tainted": false
                    },
                    "deposed": [],
                    "provider": "provider.aws"
                }
            },
            "depends_on": []
        },
        {
            "path": [
                "root",
                "akerl-dns",
                "akerl_org"
            ],
            "outputs": {
                "zone_id": {
                    "sensitive": false,
                    "type": "string",
                    "value": "Z1GXO6WRJN3B5T"
                }
            },
            "resources": {
                "aws_route53_record.caa": {
                    "type": "aws_route53_record",
                    "depends_on": [
                        "aws_route53_zone.domain"
                    ],
                    "primary": {
                        "id": "Z1GXO6WRJN3B5T_akerl.org_CAA",
                        "attributes": {
                            "allow_overwrite": "true",
                            "fqdn": "akerl.org",
                            "health_check_id": "",
                            "id": "Z1GXO6WRJN3B5T_akerl.org_CAA",
                            "name": "akerl.org",
                            "records.#": "3",
                            "records.2565321753": "0 iodef \"mailto:admin@lesaker.org\"",
                            "records.3034643430": "0 issuewild \";\"",
                            "records.3940762333": "0 issue \"amazon.com\"",
                            "set_identifier": "",
                            "ttl": "86400",
                            "type": "CAA",
                            "zone_id": "Z1GXO6WRJN3B5T"
                        },
                        "meta": {
                            "schema_version": "2"
                        },
                        "tainted": false
                    },
                    "deposed": [],
                    "provider": "provider.aws"
                },
                "aws_route53_record.mx": {
                    "type": "aws_route53_record",
                    "depends_on": [
                        "aws_route53_zone.domain"
                    ],
                    "primary": {
                        "id": "Z1GXO6WRJN3B5T_akerl.org_MX",
                        "attributes": {
                            "allow_overwrite": "true",
                            "fqdn": "akerl.org",
                            "health_check_id": "",
                            "id": "Z1GXO6WRJN3B5T_akerl.org_MX",
                            "name": "akerl.org",
                            "records.#": "5",
                            "records.2181529566": "1   aspmx.l.google.com.",
                            "records.2525408040": "5   alt2.aspmx.l.google.com.",
                            "records.3170450948": "10  aspmx3.googlemail.com.",
                            "records.3986172363": "5   alt1.aspmx.l.google.com.",
                            "records.996144455": "10  aspmx2.googlemail.com.",
                            "set_identifier": "",
                            "ttl": "86400",
                            "type": "MX",
                            "zone_id": "Z1GXO6WRJN3B5T"
                        },
                        "meta": {
                            "schema_version": "2"
                        },
                        "tainted": false
                    },
                    "deposed": [],
                    "provider": "provider.aws"
                },
                "aws_route53_record.soa": {
                    "type": "aws_route53_record",
                    "depends_on": [
                        "aws_route53_zone.domain"
                    ],
                    "primary": {
                        "id": "Z1GXO6WRJN3B5T_akerl.org_SOA",
                        "attributes": {
                            "allow_overwrite": "true",
                            "fqdn": "akerl.org",
                            "health_check_id": "",
                            "id": "Z1GXO6WRJN3B5T_akerl.org_SOA",
                            "name": "akerl.org",
                            "records.#": "1",
                            "records.79063542": "ns-1242.awsdns-27.org. admin.lesaker.org. 1 7200 900 1209600 3600",
                            "set_identifier": "",
                            "ttl": "86400",
                            "type": "SOA",
                            "zone_id": "Z1GXO6WRJN3B5T"
                        },
                        "meta": {
                            "schema_version": "2"
                        },
                        "tainted": false
                    },
                    "deposed": [],
                    "provider": "provider.aws"
                },
                "aws_route53_record.spf": {
                    "type": "aws_route53_record",
                    "depends_on": [
                        "aws_route53_zone.domain"
                    ],
                    "primary": {
                        "id": "Z1GXO6WRJN3B5T_akerl.org_SPF",
                        "attributes": {
                            "allow_overwrite": "true",
                            "fqdn": "akerl.org",
                            "health_check_id": "",
                            "id": "Z1GXO6WRJN3B5T_akerl.org_SPF",
                            "name": "akerl.org",
                            "records.#": "1",
                            "records.3572300059": "v=spf1 a include:_spf.google.com ~all",
                            "set_identifier": "",
                            "ttl": "86400",
                            "type": "SPF",
                            "zone_id": "Z1GXO6WRJN3B5T"
                        },
                        "meta": {
                            "schema_version": "2"
                        },
                        "tainted": false
                    },
                    "deposed": [],
                    "provider": "provider.aws"
                },
                "aws_route53_record.txt": {
                    "type": "aws_route53_record",
                    "depends_on": [
                        "aws_route53_zone.domain"
                    ],
                    "primary": {
                        "id": "Z1GXO6WRJN3B5T_akerl.org_TXT",
                        "attributes": {
                            "allow_overwrite": "true",
                            "fqdn": "akerl.org",
                            "health_check_id": "",
                            "id": "Z1GXO6WRJN3B5T_akerl.org_TXT",
                            "name": "akerl.org",
                            "records.#": "1",
                            "records.3572300059": "v=spf1 a include:_spf.google.com ~all",
                            "set_identifier": "",
                            "ttl": "86400",
                            "type": "TXT",
                            "zone_id": "Z1GXO6WRJN3B5T"
                        },
                        "meta": {
                            "schema_version": "2"
                        },
                        "tainted": false
                    },
                    "deposed": [],
                    "provider": "provider.aws"
                },
                "aws_route53_zone.domain": {
                    "type": "aws_route53_zone",
                    "depends_on": [],
                    "primary": {
                        "id": "Z1GXO6WRJN3B5T",
                        "attributes": {
                            "comment": "Managed by Terraform",
                            "delegation_set_id": "N3C8AV2DA0N4N9",
                            "force_destroy": "false",
                            "id": "Z1GXO6WRJN3B5T",
                            "name": "akerl.org",
                            "name_servers.#": "4",
                            "name_servers.0": "ns-1242.awsdns-27.org",
                            "name_servers.1": "ns-1942.awsdns-50.co.uk",
                            "name_servers.2": "ns-477.awsdns-59.com",
                            "name_servers.3": "ns-808.awsdns-37.net",
                            "tags.%": "0",
                            "zone_id": "Z1GXO6WRJN3B5T"
                        },
                        "meta": {},
                        "tainted": false
                    },
                    "deposed": [],
                    "provider": "provider.aws"
                }
            },
            "depends_on": []
        },
        {
            "path": [
                "root",
                "akerl-dns",
                "coolquotes_xyz"
            ],
            "outputs": {
                "zone_id": {
                    "sensitive": false,
                    "type": "string",
                    "value": "Z8OAL9XXAA49Z"
                }
            },
            "resources": {
                "aws_route53_record.caa": {
                    "type": "aws_route53_record",
                    "depends_on": [
                        "aws_route53_zone.domain"
                    ],
                    "primary": {
                        "id": "Z8OAL9XXAA49Z_coolquotes.xyz_CAA",
                        "attributes": {
                            "allow_overwrite": "true",
                            "fqdn": "coolquotes.xyz",
                            "health_check_id": "",
                            "id": "Z8OAL9XXAA49Z_coolquotes.xyz_CAA",
                            "name": "coolquotes.xyz",
                            "records.#": "3",
                            "records.2565321753": "0 iodef \"mailto:admin@lesaker.org\"",
                            "records.3034643430": "0 issuewild \";\"",
                            "records.3940762333": "0 issue \"amazon.com\"",
                            "set_identifier": "",
                            "ttl": "86400",
                            "type": "CAA",
                            "zone_id": "Z8OAL9XXAA49Z"
                        },
                        "meta": {
                            "schema_version": "2"
                        },
                        "tainted": false
                    },
                    "deposed": [],
                    "provider": "provider.aws"
                },
                "aws_route53_record.mx": {
                    "type": "aws_route53_record",
                    "depends_on": [
                        "aws_route53_zone.domain"
                    ],
                    "primary": {
                        "id": "Z8OAL9XXAA49Z_coolquotes.xyz_MX",
                        "attributes": {
                            "allow_overwrite": "true",
                            "fqdn": "coolquotes.xyz",
                            "health_check_id": "",
                            "id": "Z8OAL9XXAA49Z_coolquotes.xyz_MX",
                            "name": "coolquotes.xyz",
                            "records.#": "5",
                            "records.2181529566": "1   aspmx.l.google.com.",
                            "records.2525408040": "5   alt2.aspmx.l.google.com.",
                            "records.3170450948": "10  aspmx3.googlemail.com.",
                            "records.3986172363": "5   alt1.aspmx.l.google.com.",
                            "records.996144455": "10  aspmx2.googlemail.com.",
                            "set_identifier": "",
                            "ttl": "86400",
                            "type": "MX",
                            "zone_id": "Z8OAL9XXAA49Z"
                        },
                        "meta": {
                            "schema_version": "2"
                        },
                        "tainted": false
                    },
                    "deposed": [],
                    "provider": "provider.aws"
                },
                "aws_route53_record.soa": {
                    "type": "aws_route53_record",
                    "depends_on": [
                        "aws_route53_zone.domain"
                    ],
                    "primary": {
                        "id": "Z8OAL9XXAA49Z_coolquotes.xyz_SOA",
                        "attributes": {
                            "allow_overwrite": "true",
                            "fqdn": "coolquotes.xyz",
                            "health_check_id": "",
                            "id": "Z8OAL9XXAA49Z_coolquotes.xyz_SOA",
                            "name": "coolquotes.xyz",
                            "records.#": "1",
                            "records.79063542": "ns-1242.awsdns-27.org. admin.lesaker.org. 1 7200 900 1209600 3600",
                            "set_identifier": "",
                            "ttl": "86400",
                            "type": "SOA",
                            "zone_id": "Z8OAL9XXAA49Z"
                        },
                        "meta": {
                            "schema_version": "2"
                        },
                        "tainted": false
                    },
                    "deposed": [],
                    "provider": "provider.aws"
                },
                "aws_route53_record.spf": {
                    "type": "aws_route53_record",
                    "depends_on": [
                        "aws_route53_zone.domain"
                    ],
                    "primary": {
                        "id": "Z8OAL9XXAA49Z_coolquotes.xyz_SPF",
                        "attributes": {
                            "allow_overwrite": "true",
                            "fqdn": "coolquotes.xyz",
                            "health_check_id": "",
                            "id": "Z8OAL9XXAA49Z_coolquotes.xyz_SPF",
                            "name": "coolquotes.xyz",
                            "records.#": "1",
                            "records.3572300059": "v=spf1 a include:_spf.google.com ~all",
                            "set_identifier": "",
                            "ttl": "86400",
                            "type": "SPF",
                            "zone_id": "Z8OAL9XXAA49Z"
                        },
                        "meta": {
                            "schema_version": "2"
                        },
                        "tainted": false
                    },
                    "deposed": [],
                    "provider": "provider.aws"
                },
                "aws_route53_record.txt": {
                    "type": "aws_route53_record",
                    "depends_on": [
                        "aws_route53_zone.domain"
                    ],
                    "primary": {
                        "id": "Z8OAL9XXAA49Z_coolquotes.xyz_TXT",
                        "attributes": {
                            "allow_overwrite": "true",
                            "fqdn": "coolquotes.xyz",
                            "health_check_id": "",
                            "id": "Z8OAL9XXAA49Z_coolquotes.xyz_TXT",
                            "name": "coolquotes.xyz",
                            "records.#": "1",
                            "records.3572300059": "v=spf1 a include:_spf.google.com ~all",
                            "set_identifier": "",
                            "ttl": "86400",
                            "type": "TXT",
                            "zone_id": "Z8OAL9XXAA49Z"
                        },
                        "meta": {
                            "schema_version": "2"
                        },
                        "tainted": false
                    },
                    "deposed": [],
                    "provider": "provider.aws"
                },
                "aws_route53_zone.domain": {
                    "type": "aws_route53_zone",
                    "depends_on": [],
                    "primary": {
                        "id": "Z8OAL9XXAA49Z",
                        "attributes": {
                            "comment": "Managed by Terraform",
                            "delegation_set_id": "N3C8AV2DA0N4N9",
                            "force_destroy": "false",
                            "id": "Z8OAL9XXAA49Z",
                            "name": "coolquotes.xyz",
                            "name_servers.#": "4",
                            "name_servers.0": "ns-1242.awsdns-27.org",
                            "name_servers.1": "ns-1942.awsdns-50.co.uk",
                            "name_servers.2": "ns-477.awsdns-59.com",
                            "name_servers.3": "ns-808.awsdns-37.net",
                            "tags.%": "0",
                            "zone_id": "Z8OAL9XXAA49Z"
                        },
                        "meta": {},
                        "tainted": false
                    },
                    "deposed": [],
                    "provider": "provider.aws"
                }
            },
            "depends_on": []
        },
        {
            "path": [
                "root",
                "akerl-dns",
                "happilyeveraker_com"
            ],
            "outputs": {
                "zone_id": {
                    "sensitive": false,
                    "type": "string",
                    "value": "Z2ZXZ7VFSXR5E7"
                }
            },
            "resources": {
                "aws_route53_record.caa": {
                    "type": "aws_route53_record",
                    "depends_on": [
                        "aws_route53_zone.domain"
                    ],
                    "primary": {
                        "id": "Z2ZXZ7VFSXR5E7_happilyeveraker.com_CAA",
                        "attributes": {
                            "allow_overwrite": "true",
                            "fqdn": "happilyeveraker.com",
                            "health_check_id": "",
                            "id": "Z2ZXZ7VFSXR5E7_happilyeveraker.com_CAA",
                            "name": "happilyeveraker.com",
                            "records.#": "3",
                            "records.2565321753": "0 iodef \"mailto:admin@lesaker.org\"",
                            "records.3034643430": "0 issuewild \";\"",
                            "records.3940762333": "0 issue \"amazon.com\"",
                            "set_identifier": "",
                            "ttl": "86400",
                            "type": "CAA",
                            "zone_id": "Z2ZXZ7VFSXR5E7"
                        },
                        "meta": {
                            "schema_version": "2"
                        },
                        "tainted": false
                    },
                    "deposed": [],
                    "provider": "provider.aws"
                },
                "aws_route53_record.mx": {
                    "type": "aws_route53_record",
                    "depends_on": [
                        "aws_route53_zone.domain"
                    ],
                    "primary": {
                        "id": "Z2ZXZ7VFSXR5E7_happilyeveraker.com_MX",
                        "attributes": {
                            "allow_overwrite": "true",
                            "fqdn": "happilyeveraker.com",
                            "health_check_id": "",
                            "id": "Z2ZXZ7VFSXR5E7_happilyeveraker.com_MX",
                            "name": "happilyeveraker.com",
                            "records.#": "5",
                            "records.2181529566": "1   aspmx.l.google.com.",
                            "records.2525408040": "5   alt2.aspmx.l.google.com.",
                            "records.3170450948": "10  aspmx3.googlemail.com.",
                            "records.3986172363": "5   alt1.aspmx.l.google.com.",
                            "records.996144455": "10  aspmx2.googlemail.com.",
                            "set_identifier": "",
                            "ttl": "86400",
                            "type": "MX",
                            "zone_id": "Z2ZXZ7VFSXR5E7"
                        },
                        "meta": {
                            "schema_version": "2"
                        },
                        "tainted": false
                    },
                    "deposed": [],
                    "provider": "provider.aws"
                },
                "aws_route53_record.soa": {
                    "type": "aws_route53_record",
                    "depends_on": [
                        "aws_route53_zone.domain"
                    ],
                    "primary": {
                        "id": "Z2ZXZ7VFSXR5E7_happilyeveraker.com_SOA",
                        "attributes": {
                            "allow_overwrite": "true",
                            "fqdn": "happilyeveraker.com",
                            "health_check_id": "",
                            "id": "Z2ZXZ7VFSXR5E7_happilyeveraker.com_SOA",
                            "name": "happilyeveraker.com",
                            "records.#": "1",
                            "records.79063542": "ns-1242.awsdns-27.org. admin.lesaker.org. 1 7200 900 1209600 3600",
                            "set_identifier": "",
                            "ttl": "86400",
                            "type": "SOA",
                            "zone_id": "Z2ZXZ7VFSXR5E7"
                        },
                        "meta": {
                            "schema_version": "2"
                        },
                        "tainted": false
                    },
                    "deposed": [],
                    "provider": "provider.aws"
                },
                "aws_route53_record.spf": {
                    "type": "aws_route53_record",
                    "depends_on": [
                        "aws_route53_zone.domain"
                    ],
                    "primary": {
                        "id": "Z2ZXZ7VFSXR5E7_happilyeveraker.com_SPF",
                        "attributes": {
                            "allow_overwrite": "true",
                            "fqdn": "happilyeveraker.com",
                            "health_check_id": "",
                            "id": "Z2ZXZ7VFSXR5E7_happilyeveraker.com_SPF",
                            "name": "happilyeveraker.com",
                            "records.#": "1",
                            "records.3572300059": "v=spf1 a include:_spf.google.com ~all",
                            "set_identifier": "",
                            "ttl": "86400",
                            "type": "SPF",
                            "zone_id": "Z2ZXZ7VFSXR5E7"
                        },
                        "meta": {
                            "schema_version": "2"
                        },
                        "tainted": false
                    },
                    "deposed": [],
                    "provider": "provider.aws"
                },
                "aws_route53_record.txt": {
                    "type": "aws_route53_record",
                    "depends_on": [
                        "aws_route53_zone.domain"
                    ],
                    "primary": {
                        "id": "Z2ZXZ7VFSXR5E7_happilyeveraker.com_TXT",
                        "attributes": {
                            "allow_overwrite": "true",
                            "fqdn": "happilyeveraker.com",
                            "health_check_id": "",
                            "id": "Z2ZXZ7VFSXR5E7_happilyeveraker.com_TXT",
                            "name": "happilyeveraker.com",
                            "records.#": "1",
                            "records.3572300059": "v=spf1 a include:_spf.google.com ~all",
                            "set_identifier": "",
                            "ttl": "86400",
                            "type": "TXT",
                            "zone_id": "Z2ZXZ7VFSXR5E7"
                        },
                        "meta": {
                            "schema_version": "2"
                        },
                        "tainted": false
                    },
                    "deposed": [],
                    "provider": "provider.aws"
                },
                "aws_route53_zone.domain": {
                    "type": "aws_route53_zone",
                    "depends_on": [],
                    "primary": {
                        "id": "Z2ZXZ7VFSXR5E7",
                        "attributes": {
                            "comment": "Managed by Terraform",
                            "delegation_set_id": "N3C8AV2DA0N4N9",
                            "force_destroy": "false",
                            "id": "Z2ZXZ7VFSXR5E7",
                            "name": "happilyeveraker.com",
                            "name_servers.#": "4",
                            "name_servers.0": "ns-1242.awsdns-27.org",
                            "name_servers.1": "ns-1942.awsdns-50.co.uk",
                            "name_servers.2": "ns-477.awsdns-59.com",
                            "name_servers.3": "ns-808.awsdns-37.net",
                            "tags.%": "0",
                            "zone_id": "Z2ZXZ7VFSXR5E7"
                        },
                        "meta": {},
                        "tainted": false
                    },
                    "deposed": [],
                    "provider": "provider.aws"
                }
            },
            "depends_on": []
        },
        {
            "path": [
                "root",
                "akerl-dns",
                "id-ed25519_pub"
            ],
            "outputs": {
                "zone_id": {
                    "sensitive": false,
                    "type": "string",
                    "value": "Z23K6MA9HYNB2L"
                }
            },
            "resources": {
                "aws_route53_record.caa": {
                    "type": "aws_route53_record",
                    "depends_on": [
                        "aws_route53_zone.domain"
                    ],
                    "primary": {
                        "id": "Z23K6MA9HYNB2L_id-ed25519.pub_CAA",
                        "attributes": {
                            "allow_overwrite": "true",
                            "fqdn": "id-ed25519.pub",
                            "health_check_id": "",
                            "id": "Z23K6MA9HYNB2L_id-ed25519.pub_CAA",
                            "name": "id-ed25519.pub",
                            "records.#": "3",
                            "records.2565321753": "0 iodef \"mailto:admin@lesaker.org\"",
                            "records.3034643430": "0 issuewild \";\"",
                            "records.3940762333": "0 issue \"amazon.com\"",
                            "set_identifier": "",
                            "ttl": "86400",
                            "type": "CAA",
                            "zone_id": "Z23K6MA9HYNB2L"
                        },
                        "meta": {
                            "schema_version": "2"
                        },
                        "tainted": false
                    },
                    "deposed": [],
                    "provider": "provider.aws"
                },
                "aws_route53_record.mx": {
                    "type": "aws_route53_record",
                    "depends_on": [
                        "aws_route53_zone.domain"
                    ],
                    "primary": {
                        "id": "Z23K6MA9HYNB2L_id-ed25519.pub_MX",
                        "attributes": {
                            "allow_overwrite": "true",
                            "fqdn": "id-ed25519.pub",
                            "health_check_id": "",
                            "id": "Z23K6MA9HYNB2L_id-ed25519.pub_MX",
                            "name": "id-ed25519.pub",
                            "records.#": "5",
                            "records.2181529566": "1   aspmx.l.google.com.",
                            "records.2525408040": "5   alt2.aspmx.l.google.com.",
                            "records.3170450948": "10  aspmx3.googlemail.com.",
                            "records.3986172363": "5   alt1.aspmx.l.google.com.",
                            "records.996144455": "10  aspmx2.googlemail.com.",
                            "set_identifier": "",
                            "ttl": "86400",
                            "type": "MX",
                            "zone_id": "Z23K6MA9HYNB2L"
                        },
                        "meta": {
                            "schema_version": "2"
                        },
                        "tainted": false
                    },
                    "deposed": [],
                    "provider": "provider.aws"
                },
                "aws_route53_record.soa": {
                    "type": "aws_route53_record",
                    "depends_on": [
                        "aws_route53_zone.domain"
                    ],
                    "primary": {
                        "id": "Z23K6MA9HYNB2L_id-ed25519.pub_SOA",
                        "attributes": {
                            "allow_overwrite": "true",
                            "fqdn": "id-ed25519.pub",
                            "health_check_id": "",
                            "id": "Z23K6MA9HYNB2L_id-ed25519.pub_SOA",
                            "name": "id-ed25519.pub",
                            "records.#": "1",
                            "records.79063542": "ns-1242.awsdns-27.org. admin.lesaker.org. 1 7200 900 1209600 3600",
                            "set_identifier": "",
                            "ttl": "86400",
                            "type": "SOA",
                            "zone_id": "Z23K6MA9HYNB2L"
                        },
                        "meta": {
                            "schema_version": "2"
                        },
                        "tainted": false
                    },
                    "deposed": [],
                    "provider": "provider.aws"
                },
                "aws_route53_record.spf": {
                    "type": "aws_route53_record",
                    "depends_on": [
                        "aws_route53_zone.domain"
                    ],
                    "primary": {
                        "id": "Z23K6MA9HYNB2L_id-ed25519.pub_SPF",
                        "attributes": {
                            "allow_overwrite": "true",
                            "fqdn": "id-ed25519.pub",
                            "health_check_id": "",
                            "id": "Z23K6MA9HYNB2L_id-ed25519.pub_SPF",
                            "name": "id-ed25519.pub",
                            "records.#": "1",
                            "records.3572300059": "v=spf1 a include:_spf.google.com ~all",
                            "set_identifier": "",
                            "ttl": "86400",
                            "type": "SPF",
                            "zone_id": "Z23K6MA9HYNB2L"
                        },
                        "meta": {
                            "schema_version": "2"
                        },
                        "tainted": false
                    },
                    "deposed": [],
                    "provider": "provider.aws"
                },
                "aws_route53_record.txt": {
                    "type": "aws_route53_record",
                    "depends_on": [
                        "aws_route53_zone.domain"
                    ],
                    "primary": {
                        "id": "Z23K6MA9HYNB2L_id-ed25519.pub_TXT",
                        "attributes": {
                            "allow_overwrite": "true",
                            "fqdn": "id-ed25519.pub",
                            "health_check_id": "",
                            "id": "Z23K6MA9HYNB2L_id-ed25519.pub_TXT",
                            "name": "id-ed25519.pub",
                            "records.#": "1",
                            "records.3572300059": "v=spf1 a include:_spf.google.com ~all",
                            "set_identifier": "",
                            "ttl": "86400",
                            "type": "TXT",
                            "zone_id": "Z23K6MA9HYNB2L"
                        },
                        "meta": {
                            "schema_version": "2"
                        },
                        "tainted": false
                    },
                    "deposed": [],
                    "provider": "provider.aws"
                },
                "aws_route53_zone.domain": {
                    "type": "aws_route53_zone",
                    "depends_on": [],
                    "primary": {
                        "id": "Z23K6MA9HYNB2L",
                        "attributes": {
                            "comment": "Managed by Terraform",
                            "delegation_set_id": "N3C8AV2DA0N4N9",
                            "force_destroy": "false",
                            "id": "Z23K6MA9HYNB2L",
                            "name": "id-ed25519.pub",
                            "name_servers.#": "4",
                            "name_servers.0": "ns-1242.awsdns-27.org",
                            "name_servers.1": "ns-1942.awsdns-50.co.uk",
                            "name_servers.2": "ns-477.awsdns-59.com",
                            "name_servers.3": "ns-808.awsdns-37.net",
                            "tags.%": "0",
                            "zone_id": "Z23K6MA9HYNB2L"
                        },
                        "meta": {},
                        "tainted": false
                    },
                    "deposed": [],
                    "provider": "provider.aws"
                }
            },
            "depends_on": []
        },
        {
            "path": [
                "root",
                "akerl-dns",
                "kellywatts_com"
            ],
            "outputs": {
                "zone_id": {
                    "sensitive": false,
                    "type": "string",
                    "value": "Z42GR4540YNA5"
                }
            },
            "resources": {
                "aws_route53_record.mx": {
                    "type": "aws_route53_record",
                    "depends_on": [
                        "aws_route53_zone.domain"
                    ],
                    "primary": {
                        "id": "Z42GR4540YNA5_kellywatts.com_MX",
                        "attributes": {
                            "allow_overwrite": "true",
                            "fqdn": "kellywatts.com",
                            "health_check_id": "",
                            "id": "Z42GR4540YNA5_kellywatts.com_MX",
                            "name": "kellywatts.com",
                            "records.#": "5",
                            "records.2181529566": "1   aspmx.l.google.com.",
                            "records.2525408040": "5   alt2.aspmx.l.google.com.",
                            "records.3170450948": "10  aspmx3.googlemail.com.",
                            "records.3986172363": "5   alt1.aspmx.l.google.com.",
                            "records.996144455": "10  aspmx2.googlemail.com.",
                            "set_identifier": "",
                            "ttl": "86400",
                            "type": "MX",
                            "zone_id": "Z42GR4540YNA5"
                        },
                        "meta": {
                            "schema_version": "2"
                        },
                        "tainted": false
                    },
                    "deposed": [],
                    "provider": "provider.aws"
                },
                "aws_route53_record.soa": {
                    "type": "aws_route53_record",
                    "depends_on": [
                        "aws_route53_zone.domain"
                    ],
                    "primary": {
                        "id": "Z42GR4540YNA5_kellywatts.com_SOA",
                        "attributes": {
                            "allow_overwrite": "true",
                            "fqdn": "kellywatts.com",
                            "health_check_id": "",
                            "id": "Z42GR4540YNA5_kellywatts.com_SOA",
                            "name": "kellywatts.com",
                            "records.#": "1",
                            "records.79063542": "ns-1242.awsdns-27.org. admin.lesaker.org. 1 7200 900 1209600 3600",
                            "set_identifier": "",
                            "ttl": "86400",
                            "type": "SOA",
                            "zone_id": "Z42GR4540YNA5"
                        },
                        "meta": {
                            "schema_version": "2"
                        },
                        "tainted": false
                    },
                    "deposed": [],
                    "provider": "provider.aws"
                },
                "aws_route53_record.spf": {
                    "type": "aws_route53_record",
                    "depends_on": [
                        "aws_route53_zone.domain"
                    ],
                    "primary": {
                        "id": "Z42GR4540YNA5_kellywatts.com_SPF",
                        "attributes": {
                            "allow_overwrite": "true",
                            "fqdn": "kellywatts.com",
                            "health_check_id": "",
                            "id": "Z42GR4540YNA5_kellywatts.com_SPF",
                            "name": "kellywatts.com",
                            "records.#": "1",
                            "records.3572300059": "v=spf1 a include:_spf.google.com ~all",
                            "set_identifier": "",
                            "ttl": "86400",
                            "type": "SPF",
                            "zone_id": "Z42GR4540YNA5"
                        },
                        "meta": {
                            "schema_version": "2"
                        },
                        "tainted": false
                    },
                    "deposed": [],
                    "provider": "provider.aws"
                },
                "aws_route53_record.txt": {
                    "type": "aws_route53_record",
                    "depends_on": [
                        "aws_route53_zone.domain"
                    ],
                    "primary": {
                        "id": "Z42GR4540YNA5_kellywatts.com_TXT",
                        "attributes": {
                            "allow_overwrite": "true",
                            "fqdn": "kellywatts.com",
                            "health_check_id": "",
                            "id": "Z42GR4540YNA5_kellywatts.com_TXT",
                            "name": "kellywatts.com",
                            "records.#": "1",
                            "records.3572300059": "v=spf1 a include:_spf.google.com ~all",
                            "set_identifier": "",
                            "ttl": "86400",
                            "type": "TXT",
                            "zone_id": "Z42GR4540YNA5"
                        },
                        "meta": {
                            "schema_version": "2"
                        },
                        "tainted": false
                    },
                    "deposed": [],
                    "provider": "provider.aws"
                },
                "aws_route53_zone.domain": {
                    "type": "aws_route53_zone",
                    "depends_on": [],
                    "primary": {
                        "id": "Z42GR4540YNA5",
                        "attributes": {
                            "comment": "Managed by Terraform",
                            "delegation_set_id": "N3C8AV2DA0N4N9",
                            "force_destroy": "false",
                            "id": "Z42GR4540YNA5",
                            "name": "kellywatts.com",
                            "name_servers.#": "4",
                            "name_servers.0": "ns-1242.awsdns-27.org",
                            "name_servers.1": "ns-1942.awsdns-50.co.uk",
                            "name_servers.2": "ns-477.awsdns-59.com",
                            "name_servers.3": "ns-808.awsdns-37.net",
                            "tags.%": "0",
                            "zone_id": "Z42GR4540YNA5"
                        },
                        "meta": {},
                        "tainted": false
                    },
                    "deposed": [],
                    "provider": "provider.aws"
                }
            },
            "depends_on": []
        },
        {
            "path": [
                "root",
                "akerl-dns",
                "lesaker_com"
            ],
            "outputs": {
                "zone_id": {
                    "sensitive": false,
                    "type": "string",
                    "value": "Z12UG2AR1236YD"
                }
            },
            "resources": {
                "aws_route53_record.caa": {
                    "type": "aws_route53_record",
                    "depends_on": [
                        "aws_route53_zone.domain"
                    ],
                    "primary": {
                        "id": "Z12UG2AR1236YD_lesaker.com_CAA",
                        "attributes": {
                            "allow_overwrite": "true",
                            "fqdn": "lesaker.com",
                            "health_check_id": "",
                            "id": "Z12UG2AR1236YD_lesaker.com_CAA",
                            "name": "lesaker.com",
                            "records.#": "3",
                            "records.2565321753": "0 iodef \"mailto:admin@lesaker.org\"",
                            "records.3034643430": "0 issuewild \";\"",
                            "records.3940762333": "0 issue \"amazon.com\"",
                            "set_identifier": "",
                            "ttl": "86400",
                            "type": "CAA",
                            "zone_id": "Z12UG2AR1236YD"
                        },
                        "meta": {
                            "schema_version": "2"
                        },
                        "tainted": false
                    },
                    "deposed": [],
                    "provider": "provider.aws"
                },
                "aws_route53_record.mx": {
                    "type": "aws_route53_record",
                    "depends_on": [
                        "aws_route53_zone.domain"
                    ],
                    "primary": {
                        "id": "Z12UG2AR1236YD_lesaker.com_MX",
                        "attributes": {
                            "allow_overwrite": "true",
                            "fqdn": "lesaker.com",
                            "health_check_id": "",
                            "id": "Z12UG2AR1236YD_lesaker.com_MX",
                            "name": "lesaker.com",
                            "records.#": "5",
                            "records.2181529566": "1   aspmx.l.google.com.",
                            "records.2525408040": "5   alt2.aspmx.l.google.com.",
                            "records.3170450948": "10  aspmx3.googlemail.com.",
                            "records.3986172363": "5   alt1.aspmx.l.google.com.",
                            "records.996144455": "10  aspmx2.googlemail.com.",
                            "set_identifier": "",
                            "ttl": "86400",
                            "type": "MX",
                            "zone_id": "Z12UG2AR1236YD"
                        },
                        "meta": {
                            "schema_version": "2"
                        },
                        "tainted": false
                    },
                    "deposed": [],
                    "provider": "provider.aws"
                },
                "aws_route53_record.soa": {
                    "type": "aws_route53_record",
                    "depends_on": [
                        "aws_route53_zone.domain"
                    ],
                    "primary": {
                        "id": "Z12UG2AR1236YD_lesaker.com_SOA",
                        "attributes": {
                            "allow_overwrite": "true",
                            "fqdn": "lesaker.com",
                            "health_check_id": "",
                            "id": "Z12UG2AR1236YD_lesaker.com_SOA",
                            "name": "lesaker.com",
                            "records.#": "1",
                            "records.79063542": "ns-1242.awsdns-27.org. admin.lesaker.org. 1 7200 900 1209600 3600",
                            "set_identifier": "",
                            "ttl": "86400",
                            "type": "SOA",
                            "zone_id": "Z12UG2AR1236YD"
                        },
                        "meta": {
                            "schema_version": "2"
                        },
                        "tainted": false
                    },
                    "deposed": [],
                    "provider": "provider.aws"
                },
                "aws_route53_record.spf": {
                    "type": "aws_route53_record",
                    "depends_on": [
                        "aws_route53_zone.domain"
                    ],
                    "primary": {
                        "id": "Z12UG2AR1236YD_lesaker.com_SPF",
                        "attributes": {
                            "allow_overwrite": "true",
                            "fqdn": "lesaker.com",
                            "health_check_id": "",
                            "id": "Z12UG2AR1236YD_lesaker.com_SPF",
                            "name": "lesaker.com",
                            "records.#": "1",
                            "records.3572300059": "v=spf1 a include:_spf.google.com ~all",
                            "set_identifier": "",
                            "ttl": "86400",
                            "type": "SPF",
                            "zone_id": "Z12UG2AR1236YD"
                        },
                        "meta": {
                            "schema_version": "2"
                        },
                        "tainted": false
                    },
                    "deposed": [],
                    "provider": "provider.aws"
                },
                "aws_route53_record.txt": {
                    "type": "aws_route53_record",
                    "depends_on": [
                        "aws_route53_zone.domain"
                    ],
                    "primary": {
                        "id": "Z12UG2AR1236YD_lesaker.com_TXT",
                        "attributes": {
                            "allow_overwrite": "true",
                            "fqdn": "lesaker.com",
                            "health_check_id": "",
                            "id": "Z12UG2AR1236YD_lesaker.com_TXT",
                            "name": "lesaker.com",
                            "records.#": "1",
                            "records.3572300059": "v=spf1 a include:_spf.google.com ~all",
                            "set_identifier": "",
                            "ttl": "86400",
                            "type": "TXT",
                            "zone_id": "Z12UG2AR1236YD"
                        },
                        "meta": {
                            "schema_version": "2"
                        },
                        "tainted": false
                    },
                    "deposed": [],
                    "provider": "provider.aws"
                },
                "aws_route53_zone.domain": {
                    "type": "aws_route53_zone",
                    "depends_on": [],
                    "primary": {
                        "id": "Z12UG2AR1236YD",
                        "attributes": {
                            "comment": "Managed by Terraform",
                            "delegation_set_id": "N3C8AV2DA0N4N9",
                            "force_destroy": "false",
                            "id": "Z12UG2AR1236YD",
                            "name": "lesaker.com",
                            "name_servers.#": "4",
                            "name_servers.0": "ns-1242.awsdns-27.org",
                            "name_servers.1": "ns-1942.awsdns-50.co.uk",
                            "name_servers.2": "ns-477.awsdns-59.com",
                            "name_servers.3": "ns-808.awsdns-37.net",
                            "tags.%": "0",
                            "zone_id": "Z12UG2AR1236YD"
                        },
                        "meta": {},
                        "tainted": false
                    },
                    "deposed": [],
                    "provider": "provider.aws"
                }
            },
            "depends_on": []
        },
        {
            "path": [
                "root",
                "akerl-dns",
                "lesaker_org"
            ],
            "outputs": {
                "zone_id": {
                    "sensitive": false,
                    "type": "string",
                    "value": "Z3RU5N2GAL6D4W"
                }
            },
            "resources": {
                "aws_route53_record.caa": {
                    "type": "aws_route53_record",
                    "depends_on": [
                        "aws_route53_zone.domain"
                    ],
                    "primary": {
                        "id": "Z3RU5N2GAL6D4W_lesaker.org_CAA",
                        "attributes": {
                            "allow_overwrite": "true",
                            "fqdn": "lesaker.org",
                            "health_check_id": "",
                            "id": "Z3RU5N2GAL6D4W_lesaker.org_CAA",
                            "name": "lesaker.org",
                            "records.#": "3",
                            "records.2565321753": "0 iodef \"mailto:admin@lesaker.org\"",
                            "records.3034643430": "0 issuewild \";\"",
                            "records.3940762333": "0 issue \"amazon.com\"",
                            "set_identifier": "",
                            "ttl": "86400",
                            "type": "CAA",
                            "zone_id": "Z3RU5N2GAL6D4W"
                        },
                        "meta": {
                            "schema_version": "2"
                        },
                        "tainted": false
                    },
                    "deposed": [],
                    "provider": "provider.aws"
                },
                "aws_route53_record.mx": {
                    "type": "aws_route53_record",
                    "depends_on": [
                        "aws_route53_zone.domain"
                    ],
                    "primary": {
                        "id": "Z3RU5N2GAL6D4W_lesaker.org_MX",
                        "attributes": {
                            "allow_overwrite": "true",
                            "fqdn": "lesaker.org",
                            "health_check_id": "",
                            "id": "Z3RU5N2GAL6D4W_lesaker.org_MX",
                            "name": "lesaker.org",
                            "records.#": "5",
                            "records.2181529566": "1   aspmx.l.google.com.",
                            "records.2525408040": "5   alt2.aspmx.l.google.com.",
                            "records.3170450948": "10  aspmx3.googlemail.com.",
                            "records.3986172363": "5   alt1.aspmx.l.google.com.",
                            "records.996144455": "10  aspmx2.googlemail.com.",
                            "set_identifier": "",
                            "ttl": "86400",
                            "type": "MX",
                            "zone_id": "Z3RU5N2GAL6D4W"
                        },
                        "meta": {
                            "schema_version": "2"
                        },
                        "tainted": false
                    },
                    "deposed": [],
                    "provider": "provider.aws"
                },
                "aws_route53_record.soa": {
                    "type": "aws_route53_record",
                    "depends_on": [
                        "aws_route53_zone.domain"
                    ],
                    "primary": {
                        "id": "Z3RU5N2GAL6D4W_lesaker.org_SOA",
                        "attributes": {
                            "allow_overwrite": "true",
                            "fqdn": "lesaker.org",
                            "health_check_id": "",
                            "id": "Z3RU5N2GAL6D4W_lesaker.org_SOA",
                            "name": "lesaker.org",
                            "records.#": "1",
                            "records.79063542": "ns-1242.awsdns-27.org. admin.lesaker.org. 1 7200 900 1209600 3600",
                            "set_identifier": "",
                            "ttl": "86400",
                            "type": "SOA",
                            "zone_id": "Z3RU5N2GAL6D4W"
                        },
                        "meta": {
                            "schema_version": "2"
                        },
                        "tainted": false
                    },
                    "deposed": [],
                    "provider": "provider.aws"
                },
                "aws_route53_record.spf": {
                    "type": "aws_route53_record",
                    "depends_on": [
                        "aws_route53_zone.domain"
                    ],
                    "primary": {
                        "id": "Z3RU5N2GAL6D4W_lesaker.org_SPF",
                        "attributes": {
                            "allow_overwrite": "true",
                            "fqdn": "lesaker.org",
                            "health_check_id": "",
                            "id": "Z3RU5N2GAL6D4W_lesaker.org_SPF",
                            "name": "lesaker.org",
                            "records.#": "1",
                            "records.3572300059": "v=spf1 a include:_spf.google.com ~all",
                            "set_identifier": "",
                            "ttl": "86400",
                            "type": "SPF",
                            "zone_id": "Z3RU5N2GAL6D4W"
                        },
                        "meta": {
                            "schema_version": "2"
                        },
                        "tainted": false
                    },
                    "deposed": [],
                    "provider": "provider.aws"
                },
                "aws_route53_record.txt": {
                    "type": "aws_route53_record",
                    "depends_on": [
                        "aws_route53_zone.domain"
                    ],
                    "primary": {
                        "id": "Z3RU5N2GAL6D4W_lesaker.org_TXT",
                        "attributes": {
                            "allow_overwrite": "true",
                            "fqdn": "lesaker.org",
                            "health_check_id": "",
                            "id": "Z3RU5N2GAL6D4W_lesaker.org_TXT",
                            "name": "lesaker.org",
                            "records.#": "1",
                            "records.3572300059": "v=spf1 a include:_spf.google.com ~all",
                            "set_identifier": "",
                            "ttl": "86400",
                            "type": "TXT",
                            "zone_id": "Z3RU5N2GAL6D4W"
                        },
                        "meta": {
                            "schema_version": "2"
                        },
                        "tainted": false
                    },
                    "deposed": [],
                    "provider": "provider.aws"
                },
                "aws_route53_zone.domain": {
                    "type": "aws_route53_zone",
                    "depends_on": [],
                    "primary": {
                        "id": "Z3RU5N2GAL6D4W",
                        "attributes": {
                            "comment": "Managed by Terraform",
                            "delegation_set_id": "N3C8AV2DA0N4N9",
                            "force_destroy": "false",
                            "id": "Z3RU5N2GAL6D4W",
                            "name": "lesaker.org",
                            "name_servers.#": "4",
                            "name_servers.0": "ns-1242.awsdns-27.org",
                            "name_servers.1": "ns-1942.awsdns-50.co.uk",
                            "name_servers.2": "ns-477.awsdns-59.com",
                            "name_servers.3": "ns-808.awsdns-37.net",
                            "tags.%": "0",
                            "zone_id": "Z3RU5N2GAL6D4W"
                        },
                        "meta": {},
                        "tainted": false
                    },
                    "deposed": [],
                    "provider": "provider.aws"
                }
            },
            "depends_on": []
        },
        {
            "path": [
                "root",
                "akerl-dns",
                "scrtybybscrty_org"
            ],
            "outputs": {
                "zone_id": {
                    "sensitive": false,
                    "type": "string",
                    "value": "Z11UY811DI2S1K"
                }
            },
            "resources": {
                "aws_route53_record.caa": {
                    "type": "aws_route53_record",
                    "depends_on": [
                        "aws_route53_zone.domain"
                    ],
                    "primary": {
                        "id": "Z11UY811DI2S1K_scrtybybscrty.org_CAA",
                        "attributes": {
                            "allow_overwrite": "true",
                            "fqdn": "scrtybybscrty.org",
                            "health_check_id": "",
                            "id": "Z11UY811DI2S1K_scrtybybscrty.org_CAA",
                            "name": "scrtybybscrty.org",
                            "records.#": "3",
                            "records.2565321753": "0 iodef \"mailto:admin@lesaker.org\"",
                            "records.3034643430": "0 issuewild \";\"",
                            "records.3940762333": "0 issue \"amazon.com\"",
                            "set_identifier": "",
                            "ttl": "86400",
                            "type": "CAA",
                            "zone_id": "Z11UY811DI2S1K"
                        },
                        "meta": {
                            "schema_version": "2"
                        },
                        "tainted": false
                    },
                    "deposed": [],
                    "provider": "provider.aws"
                },
                "aws_route53_record.mx": {
                    "type": "aws_route53_record",
                    "depends_on": [
                        "aws_route53_zone.domain"
                    ],
                    "primary": {
                        "id": "Z11UY811DI2S1K_scrtybybscrty.org_MX",
                        "attributes": {
                            "allow_overwrite": "true",
                            "fqdn": "scrtybybscrty.org",
                            "health_check_id": "",
                            "id": "Z11UY811DI2S1K_scrtybybscrty.org_MX",
                            "name": "scrtybybscrty.org",
                            "records.#": "5",
                            "records.2181529566": "1   aspmx.l.google.com.",
                            "records.2525408040": "5   alt2.aspmx.l.google.com.",
                            "records.3170450948": "10  aspmx3.googlemail.com.",
                            "records.3986172363": "5   alt1.aspmx.l.google.com.",
                            "records.996144455": "10  aspmx2.googlemail.com.",
                            "set_identifier": "",
                            "ttl": "86400",
                            "type": "MX",
                            "zone_id": "Z11UY811DI2S1K"
                        },
                        "meta": {
                            "schema_version": "2"
                        },
                        "tainted": false
                    },
                    "deposed": [],
                    "provider": "provider.aws"
                },
                "aws_route53_record.soa": {
                    "type": "aws_route53_record",
                    "depends_on": [
                        "aws_route53_zone.domain"
                    ],
                    "primary": {
                        "id": "Z11UY811DI2S1K_scrtybybscrty.org_SOA",
                        "attributes": {
                            "allow_overwrite": "true",
                            "fqdn": "scrtybybscrty.org",
                            "health_check_id": "",
                            "id": "Z11UY811DI2S1K_scrtybybscrty.org_SOA",
                            "name": "scrtybybscrty.org",
                            "records.#": "1",
                            "records.79063542": "ns-1242.awsdns-27.org. admin.lesaker.org. 1 7200 900 1209600 3600",
                            "set_identifier": "",
                            "ttl": "86400",
                            "type": "SOA",
                            "zone_id": "Z11UY811DI2S1K"
                        },
                        "meta": {
                            "schema_version": "2"
                        },
                        "tainted": false
                    },
                    "deposed": [],
                    "provider": "provider.aws"
                },
                "aws_route53_record.spf": {
                    "type": "aws_route53_record",
                    "depends_on": [
                        "aws_route53_zone.domain"
                    ],
                    "primary": {
                        "id": "Z11UY811DI2S1K_scrtybybscrty.org_SPF",
                        "attributes": {
                            "allow_overwrite": "true",
                            "fqdn": "scrtybybscrty.org",
                            "health_check_id": "",
                            "id": "Z11UY811DI2S1K_scrtybybscrty.org_SPF",
                            "name": "scrtybybscrty.org",
                            "records.#": "1",
                            "records.3572300059": "v=spf1 a include:_spf.google.com ~all",
                            "set_identifier": "",
                            "ttl": "86400",
                            "type": "SPF",
                            "zone_id": "Z11UY811DI2S1K"
                        },
                        "meta": {
                            "schema_version": "2"
                        },
                        "tainted": false
                    },
                    "deposed": [],
                    "provider": "provider.aws"
                },
                "aws_route53_record.txt": {
                    "type": "aws_route53_record",
                    "depends_on": [
                        "aws_route53_zone.domain"
                    ],
                    "primary": {
                        "id": "Z11UY811DI2S1K_scrtybybscrty.org_TXT",
                        "attributes": {
                            "allow_overwrite": "true",
                            "fqdn": "scrtybybscrty.org",
                            "health_check_id": "",
                            "id": "Z11UY811DI2S1K_scrtybybscrty.org_TXT",
                            "name": "scrtybybscrty.org",
                            "records.#": "1",
                            "records.3572300059": "v=spf1 a include:_spf.google.com ~all",
                            "set_identifier": "",
                            "ttl": "86400",
                            "type": "TXT",
                            "zone_id": "Z11UY811DI2S1K"
                        },
                        "meta": {
                            "schema_version": "2"
                        },
                        "tainted": false
                    },
                    "deposed": [],
                    "provider": "provider.aws"
                },
                "aws_route53_zone.domain": {
                    "type": "aws_route53_zone",
                    "depends_on": [],
                    "primary": {
                        "id": "Z11UY811DI2S1K",
                        "attributes": {
                            "comment": "Managed by Terraform",
                            "delegation_set_id": "N3C8AV2DA0N4N9",
                            "force_destroy": "false",
                            "id": "Z11UY811DI2S1K",
                            "name": "scrtybybscrty.org",
                            "name_servers.#": "4",
                            "name_servers.0": "ns-1242.awsdns-27.org",
                            "name_servers.1": "ns-1942.awsdns-50.co.uk",
                            "name_servers.2": "ns-477.awsdns-59.com",
                            "name_servers.3": "ns-808.awsdns-37.net",
                            "tags.%": "0",
                            "zone_id": "Z11UY811DI2S1K"
                        },
                        "meta": {},
                        "tainted": false
                    },
                    "deposed": [],
                    "provider": "provider.aws"
                }
            },
            "depends_on": []
        },
        {
            "path": [
                "root",
                "akerl-hookshot",
                "publish-user"
            ],
            "outputs": {},
            "resources": {
                "aws_iam_user.circleci": {
                    "type": "aws_iam_user",
                    "depends_on": [],
                    "primary": {
                        "id": "circleci-akerl-hookshot",
                        "attributes": {
                            "arn": "arn:aws:iam::764218738161:user/circleci-akerl-hookshot",
                            "force_destroy": "false",
                            "id": "circleci-akerl-hookshot",
                            "name": "circleci-akerl-hookshot",
                            "path": "/",
                            "unique_id": "AIDAIMZT4TSQRNMPYIAUW"
                        },
                        "meta": {},
                        "tainted": false
                    },
                    "deposed": [],
                    "provider": "provider.aws"
                },
                "aws_iam_user_policy.s3_publish": {
                    "type": "aws_iam_user_policy",
                    "depends_on": [
                        "aws_iam_user.circleci",
                        "data.aws_iam_policy_document.publish"
                    ],
                    "primary": {
                        "id": "circleci-akerl-hookshot:s3_publish",
                        "attributes": {
                            "id": "circleci-akerl-hookshot:s3_publish",
                            "name": "s3_publish",
                            "policy": "{\n  \"Version\": \"2012-10-17\",\n  \"Statement\": [\n    {\n      \"Sid\": \"\",\n      \"Effect\": \"Allow\",\n      \"Action\": [\n        \"s3:PutObject\",\n        \"s3:ListBucket\",\n        \"s3:ListAllMyBuckets\",\n        \"s3:GetObjectAcl\",\n        \"s3:GetObject\",\n        \"s3:GetBucketLocation\",\n        \"s3:GetBucketAcl\",\n        \"s3:DeleteObject\"\n      ],\n      \"Resource\": [\n        \"arn:aws:s3:::akerl-hookshot/*\",\n        \"arn:aws:s3:::akerl-hookshot\"\n      ]\n    }\n  ]\n}",
                            "user": "circleci-akerl-hookshot"
                        },
                        "meta": {},
                        "tainted": false
                    },
                    "deposed": [],
                    "provider": "provider.aws"
                },
                "aws_s3_bucket.publish-bucket": {
                    "type": "aws_s3_bucket",
                    "depends_on": [],
                    "primary": {
                        "id": "akerl-hookshot",
                        "attributes": {
                            "acceleration_status": "",
                            "acl": "private",
                            "arn": "arn:aws:s3:::akerl-hookshot",
                            "bucket": "akerl-hookshot",
                            "bucket_domain_name": "akerl-hookshot.s3.amazonaws.com",
                            "force_destroy": "false",
                            "hosted_zone_id": "Z3AQBSTGFYJSTF",
                            "id": "akerl-hookshot",
                            "logging.#": "1",
                            "logging.2869076850.target_bucket": "akerl-s3-logs",
                            "logging.2869076850.target_prefix": "akerl-hookshot/",
                            "region": "us-east-1",
                            "replication_configuration.#": "0",
                            "request_payer": "BucketOwner",
                            "server_side_encryption_configuration.#": "0",
                            "tags.%": "0",
                            "versioning.#": "1",
                            "versioning.0.enabled": "true",
                            "versioning.0.mfa_delete": "false",
                            "website.#": "0"
                        },
                        "meta": {},
                        "tainted": false
                    },
                    "deposed": [],
                    "provider": "provider.aws"
                },
                "awscreds_iam_access_key.circleci-key": {
                    "type": "awscreds_iam_access_key",
                    "depends_on": [
                        "aws_iam_user.circleci"
                    ],
                    "primary": {
                        "id": "AKIAJ4GF3XFL77EADJEA",
                        "attributes": {
                            "file": "creds/circleci-akerl-hookshot",
                            "id": "AKIAJ4GF3XFL77EADJEA",
                            "secret": "",
                            "ses_smtp_password": "",
                            "status": "Active",
                            "user": "circleci-akerl-hookshot"
                        },
                        "meta": {},
                        "tainted": false
                    },
                    "deposed": [],
                    "provider": "provider.awscreds"
                },
                "data.aws_iam_policy_document.publish": {
                    "type": "aws_iam_policy_document",
                    "depends_on": [],
                    "primary": {
                        "id": "1661536030",
                        "attributes": {
                            "id": "1661536030",
                            "json": "{\n  \"Version\": \"2012-10-17\",\n  \"Statement\": [\n    {\n      \"Sid\": \"\",\n      \"Effect\": \"Allow\",\n      \"Action\": [\n        \"s3:PutObject\",\n        \"s3:ListBucket\",\n        \"s3:ListAllMyBuckets\",\n        \"s3:GetObjectAcl\",\n        \"s3:GetObject\",\n        \"s3:GetBucketLocation\",\n        \"s3:GetBucketAcl\",\n        \"s3:DeleteObject\"\n      ],\n      \"Resource\": [\n        \"arn:aws:s3:::akerl-hookshot/*\",\n        \"arn:aws:s3:::akerl-hookshot\"\n      ]\n    }\n  ]\n}",
                            "statement.#": "1",
                            "statement.0.actions.#": "8",
                            "statement.0.actions.2071725391": "s3:GetObject",
                            "statement.0.actions.2517836488": "s3:GetObjectAcl",
                            "statement.0.actions.3009670498": "s3:DeleteObject",
                            "statement.0.actions.315547055": "s3:PutObject",
                            "statement.0.actions.3948445924": "s3:GetBucketLocation",
                            "statement.0.actions.486976917": "s3:ListBucket",
                            "statement.0.actions.796062918": "s3:ListAllMyBuckets",
                            "statement.0.actions.845481387": "s3:GetBucketAcl",
                            "statement.0.condition.#": "0",
                            "statement.0.effect": "Allow",
                            "statement.0.not_actions.#": "0",
                            "statement.0.not_principals.#": "0",
                            "statement.0.not_resources.#": "0",
                            "statement.0.principals.#": "0",
                            "statement.0.resources.#": "2",
                            "statement.0.resources.1182834592": "arn:aws:s3:::akerl-hookshot",
                            "statement.0.resources.1243695331": "arn:aws:s3:::akerl-hookshot/*",
                            "statement.0.sid": ""
                        },
                        "meta": {},
                        "tainted": false
                    },
                    "deposed": [],
                    "provider": "provider.aws"
                }
            },
            "depends_on": []
        },
        {
            "path": [
                "root",
                "akerl-keys",
                "s3-website"
            ],
            "outputs": {
                "cloudfront-zone-id": {
                    "sensitive": false,
                    "type": "string",
                    "value": "Z2FDTNDATAQYW2"
                },
                "redirect-dns-name": {
                    "sensitive": false,
                    "type": "string",
                    "value": "d3u2jxepqb02jo.cloudfront.net"
                },
                "site-dns-name": {
                    "sensitive": false,
                    "type": "string",
                    "value": "d2jsdnv6ibvxye.cloudfront.net"
                }
            },
            "resources": {
                "aws_cloudfront_distribution.redirect_distribution": {
                    "type": "aws_cloudfront_distribution",
                    "depends_on": [
                        "aws_s3_bucket.redirect-bucket",
                        "data.aws_acm_certificate.cert"
                    ],
                    "primary": {
                        "id": "EYWWNI754YQ4N",
                        "attributes": {
                            "active_trusted_signers.%": "2",
                            "active_trusted_signers.enabled": "false",
                            "active_trusted_signers.items.#": "0",
                            "aliases.#": "0",
                            "arn": "arn:aws:cloudfront::764218738161:distribution/EYWWNI754YQ4N",
                            "cache_behavior.#": "0",
                            "caller_reference": "2017-11-11T13:25:14.097271478-05:00",
                            "custom_error_response.#": "0",
                            "default_cache_behavior.#": "1",
                            "default_cache_behavior.2219766909.allowed_methods.#": "2",
                            "default_cache_behavior.2219766909.allowed_methods.0": "HEAD",
                            "default_cache_behavior.2219766909.allowed_methods.1": "GET",
                            "default_cache_behavior.2219766909.cached_methods.#": "2",
                            "default_cache_behavior.2219766909.cached_methods.0": "HEAD",
                            "default_cache_behavior.2219766909.cached_methods.1": "GET",
                            "default_cache_behavior.2219766909.compress": "true",
                            "default_cache_behavior.2219766909.default_ttl": "300",
                            "default_cache_behavior.2219766909.forwarded_values.#": "1",
                            "default_cache_behavior.2219766909.forwarded_values.2759845635.cookies.#": "1",
                            "default_cache_behavior.2219766909.forwarded_values.2759845635.cookies.2625240281.forward": "none",
                            "default_cache_behavior.2219766909.forwarded_values.2759845635.cookies.2625240281.whitelisted_names.#": "0",
                            "default_cache_behavior.2219766909.forwarded_values.2759845635.headers.#": "0",
                            "default_cache_behavior.2219766909.forwarded_values.2759845635.query_string": "false",
                            "default_cache_behavior.2219766909.forwarded_values.2759845635.query_string_cache_keys.#": "0",
                            "default_cache_behavior.2219766909.lambda_function_association.#": "0",
                            "default_cache_behavior.2219766909.max_ttl": "300",
                            "default_cache_behavior.2219766909.min_ttl": "0",
                            "default_cache_behavior.2219766909.smooth_streaming": "false",
                            "default_cache_behavior.2219766909.target_origin_id": "redirect-bucket",
                            "default_cache_behavior.2219766909.trusted_signers.#": "0",
                            "default_cache_behavior.2219766909.viewer_protocol_policy": "redirect-to-https",
                            "default_root_object": "",
                            "domain_name": "d3u2jxepqb02jo.cloudfront.net",
                            "enabled": "true",
                            "etag": "E3UT3VX5OARAUQ",
                            "hosted_zone_id": "Z2FDTNDATAQYW2",
                            "http_version": "http2",
                            "id": "EYWWNI754YQ4N",
                            "in_progress_validation_batches": "0",
                            "is_ipv6_enabled": "false",
                            "last_modified_time": "2017-11-11 18:25:15.735 +0000 UTC",
                            "logging_config.#": "1",
                            "logging_config.917373350.bucket": "akerl-s3-logs.s3.amazonaws.com",
                            "logging_config.917373350.include_cookies": "false",
                            "logging_config.917373350.prefix": "akerl-keys-redirect-cdn",
                            "origin.#": "1",
                            "origin.3103650474.custom_header.#": "0",
                            "origin.3103650474.custom_origin_config.#": "1",
                            "origin.3103650474.custom_origin_config.2335875933.http_port": "80",
                            "origin.3103650474.custom_origin_config.2335875933.https_port": "443",
                            "origin.3103650474.custom_origin_config.2335875933.origin_keepalive_timeout": "5",
                            "origin.3103650474.custom_origin_config.2335875933.origin_protocol_policy": "http-only",
                            "origin.3103650474.custom_origin_config.2335875933.origin_read_timeout": "30",
                            "origin.3103650474.custom_origin_config.2335875933.origin_ssl_protocols.#": "1",
                            "origin.3103650474.custom_origin_config.2335875933.origin_ssl_protocols.0": "TLSv1.2",
                            "origin.3103650474.domain_name": "akerl-keys-redirect.s3-website-us-east-1.amazonaws.com",
                            "origin.3103650474.origin_id": "redirect-bucket",
                            "origin.3103650474.origin_path": "",
                            "origin.3103650474.s3_origin_config.#": "0",
                            "price_class": "PriceClass_100",
                            "restrictions.#": "1",
                            "restrictions.1097372288.geo_restriction.#": "1",
                            "restrictions.1097372288.geo_restriction.2625240281.locations.#": "0",
                            "restrictions.1097372288.geo_restriction.2625240281.restriction_type": "none",
                            "retain_on_delete": "false",
                            "status": "Deployed",
                            "tags.%": "0",
                            "viewer_certificate.#": "1",
                            "viewer_certificate.3344982813.acm_certificate_arn": "arn:aws:acm:us-east-1:764218738161:certificate/0ec9e907-89dd-418d-aba0-6ba5e63b5da0",
                            "viewer_certificate.3344982813.cloudfront_default_certificate": "false",
                            "viewer_certificate.3344982813.iam_certificate_id": "",
                            "viewer_certificate.3344982813.minimum_protocol_version": "TLSv1",
                            "viewer_certificate.3344982813.ssl_support_method": "sni-only",
                            "web_acl_id": ""
                        },
                        "meta": {},
                        "tainted": false
                    },
                    "deposed": [],
                    "provider": "provider.aws"
                },
                "aws_cloudfront_distribution.site_distribution": {
                    "type": "aws_cloudfront_distribution",
                    "depends_on": [
                        "aws_s3_bucket.file-bucket",
                        "data.aws_acm_certificate.cert"
                    ],
                    "primary": {
                        "id": "E34E4JXRSUAG4U",
                        "attributes": {
                            "active_trusted_signers.%": "2",
                            "active_trusted_signers.enabled": "false",
                            "active_trusted_signers.items.#": "0",
                            "aliases.#": "1",
                            "aliases.4079350237": "id-ed25519.pub",
                            "arn": "arn:aws:cloudfront::764218738161:distribution/E34E4JXRSUAG4U",
                            "cache_behavior.#": "0",
                            "caller_reference": "2017-11-11T13:29:28.305797599-05:00",
                            "custom_error_response.#": "0",
                            "default_cache_behavior.#": "1",
                            "default_cache_behavior.3424070059.allowed_methods.#": "2",
                            "default_cache_behavior.3424070059.allowed_methods.0": "HEAD",
                            "default_cache_behavior.3424070059.allowed_methods.1": "GET",
                            "default_cache_behavior.3424070059.cached_methods.#": "2",
                            "default_cache_behavior.3424070059.cached_methods.0": "HEAD",
                            "default_cache_behavior.3424070059.cached_methods.1": "GET",
                            "default_cache_behavior.3424070059.compress": "true",
                            "default_cache_behavior.3424070059.default_ttl": "0",
                            "default_cache_behavior.3424070059.forwarded_values.#": "1",
                            "default_cache_behavior.3424070059.forwarded_values.2759845635.cookies.#": "1",
                            "default_cache_behavior.3424070059.forwarded_values.2759845635.cookies.2625240281.forward": "none",
                            "default_cache_behavior.3424070059.forwarded_values.2759845635.cookies.2625240281.whitelisted_names.#": "0",
                            "default_cache_behavior.3424070059.forwarded_values.2759845635.headers.#": "0",
                            "default_cache_behavior.3424070059.forwarded_values.2759845635.query_string": "false",
                            "default_cache_behavior.3424070059.forwarded_values.2759845635.query_string_cache_keys.#": "0",
                            "default_cache_behavior.3424070059.lambda_function_association.#": "0",
                            "default_cache_behavior.3424070059.max_ttl": "300",
                            "default_cache_behavior.3424070059.min_ttl": "0",
                            "default_cache_behavior.3424070059.smooth_streaming": "false",
                            "default_cache_behavior.3424070059.target_origin_id": "site-bucket",
                            "default_cache_behavior.3424070059.trusted_signers.#": "0",
                            "default_cache_behavior.3424070059.viewer_protocol_policy": "redirect-to-https",
                            "default_root_object": "index.html",
                            "domain_name": "d2jsdnv6ibvxye.cloudfront.net",
                            "enabled": "true",
                            "etag": "E2EZU9QVW4G47K",
                            "hosted_zone_id": "Z2FDTNDATAQYW2",
                            "http_version": "http2",
                            "id": "E34E4JXRSUAG4U",
                            "in_progress_validation_batches": "0",
                            "is_ipv6_enabled": "false",
                            "last_modified_time": "2017-11-11 18:29:29.057 +0000 UTC",
                            "logging_config.#": "1",
                            "logging_config.767309606.bucket": "akerl-s3-logs.s3.amazonaws.com",
                            "logging_config.767309606.include_cookies": "false",
                            "logging_config.767309606.prefix": "akerl-keys-cdn/",
                            "origin.#": "1",
                            "origin.405906158.custom_header.#": "0",
                            "origin.405906158.custom_origin_config.#": "1",
                            "origin.405906158.custom_origin_config.2335875933.http_port": "80",
                            "origin.405906158.custom_origin_config.2335875933.https_port": "443",
                            "origin.405906158.custom_origin_config.2335875933.origin_keepalive_timeout": "5",
                            "origin.405906158.custom_origin_config.2335875933.origin_protocol_policy": "http-only",
                            "origin.405906158.custom_origin_config.2335875933.origin_read_timeout": "30",
                            "origin.405906158.custom_origin_config.2335875933.origin_ssl_protocols.#": "1",
                            "origin.405906158.custom_origin_config.2335875933.origin_ssl_protocols.0": "TLSv1.2",
                            "origin.405906158.domain_name": "akerl-keys.s3-website-us-east-1.amazonaws.com",
                            "origin.405906158.origin_id": "site-bucket",
                            "origin.405906158.origin_path": "",
                            "origin.405906158.s3_origin_config.#": "0",
                            "price_class": "PriceClass_100",
                            "restrictions.#": "1",
                            "restrictions.1097372288.geo_restriction.#": "1",
                            "restrictions.1097372288.geo_restriction.2625240281.locations.#": "0",
                            "restrictions.1097372288.geo_restriction.2625240281.restriction_type": "none",
                            "retain_on_delete": "false",
                            "status": "Deployed",
                            "tags.%": "0",
                            "viewer_certificate.#": "1",
                            "viewer_certificate.3344982813.acm_certificate_arn": "arn:aws:acm:us-east-1:764218738161:certificate/0ec9e907-89dd-418d-aba0-6ba5e63b5da0",
                            "viewer_certificate.3344982813.cloudfront_default_certificate": "false",
                            "viewer_certificate.3344982813.iam_certificate_id": "",
                            "viewer_certificate.3344982813.minimum_protocol_version": "TLSv1",
                            "viewer_certificate.3344982813.ssl_support_method": "sni-only",
                            "web_acl_id": ""
                        },
                        "meta": {},
                        "tainted": false
                    },
                    "deposed": [],
                    "provider": "provider.aws"
                },
                "aws_s3_bucket.file-bucket": {
                    "type": "aws_s3_bucket",
                    "depends_on": [
                        "data.aws_iam_policy_document.site-bucket-read-access"
                    ],
                    "primary": {
                        "id": "akerl-keys",
                        "attributes": {
                            "acceleration_status": "",
                            "acl": "private",
                            "arn": "arn:aws:s3:::akerl-keys",
                            "bucket": "akerl-keys",
                            "bucket_domain_name": "akerl-keys.s3.amazonaws.com",
                            "force_destroy": "false",
                            "hosted_zone_id": "Z3AQBSTGFYJSTF",
                            "id": "akerl-keys",
                            "logging.#": "1",
                            "logging.3303343396.target_bucket": "akerl-s3-logs",
                            "logging.3303343396.target_prefix": "akerl-keys/",
                            "policy": "{\"Statement\":[{\"Action\":\"s3:GetObject\",\"Effect\":\"Allow\",\"Principal\":\"*\",\"Resource\":\"arn:aws:s3:::akerl-keys/*\",\"Sid\":\"\"}],\"Version\":\"2012-10-17\"}",
                            "region": "us-east-1",
                            "replication_configuration.#": "0",
                            "request_payer": "BucketOwner",
                            "server_side_encryption_configuration.#": "0",
                            "tags.%": "0",
                            "versioning.#": "1",
                            "versioning.0.enabled": "true",
                            "versioning.0.mfa_delete": "false",
                            "website.#": "1",
                            "website.0.error_document": "404.html",
                            "website.0.index_document": "index.html",
                            "website.0.redirect_all_requests_to": "",
                            "website.0.routing_rules": "",
                            "website_domain": "s3-website-us-east-1.amazonaws.com",
                            "website_endpoint": "akerl-keys.s3-website-us-east-1.amazonaws.com"
                        },
                        "meta": {},
                        "tainted": false
                    },
                    "deposed": [],
                    "provider": "provider.aws"
                },
                "aws_s3_bucket.redirect-bucket": {
                    "type": "aws_s3_bucket",
                    "depends_on": [
                        "data.aws_iam_policy_document.redirect-bucket-read-access"
                    ],
                    "primary": {
                        "id": "akerl-keys-redirect",
                        "attributes": {
                            "acceleration_status": "",
                            "acl": "private",
                            "arn": "arn:aws:s3:::akerl-keys-redirect",
                            "bucket": "akerl-keys-redirect",
                            "bucket_domain_name": "akerl-keys-redirect.s3.amazonaws.com",
                            "force_destroy": "false",
                            "hosted_zone_id": "Z3AQBSTGFYJSTF",
                            "id": "akerl-keys-redirect",
                            "logging.#": "1",
                            "logging.3700274017.target_bucket": "akerl-s3-logs",
                            "logging.3700274017.target_prefix": "akerl-keys-redirect/",
                            "policy": "{\"Statement\":[{\"Action\":\"s3:GetObject\",\"Effect\":\"Allow\",\"Principal\":\"*\",\"Resource\":\"arn:aws:s3:::akerl-keys-redirect/*\",\"Sid\":\"\"}],\"Version\":\"2012-10-17\"}",
                            "region": "us-east-1",
                            "replication_configuration.#": "0",
                            "request_payer": "BucketOwner",
                            "server_side_encryption_configuration.#": "0",
                            "tags.%": "0",
                            "versioning.#": "1",
                            "versioning.0.enabled": "true",
                            "versioning.0.mfa_delete": "false",
                            "website.#": "1",
                            "website.0.error_document": "",
                            "website.0.index_document": "",
                            "website.0.redirect_all_requests_to": "https://id-ed25519.pub",
                            "website.0.routing_rules": "",
                            "website_domain": "s3-website-us-east-1.amazonaws.com",
                            "website_endpoint": "akerl-keys-redirect.s3-website-us-east-1.amazonaws.com"
                        },
                        "meta": {},
                        "tainted": false
                    },
                    "deposed": [],
                    "provider": "provider.aws"
                },
                "data.aws_acm_certificate.cert": {
                    "type": "aws_acm_certificate",
                    "depends_on": [],
                    "primary": {
                        "id": "2018-02-25 05:40:06.720536 +0000 UTC",
                        "attributes": {
                            "arn": "arn:aws:acm:us-east-1:764218738161:certificate/0ec9e907-89dd-418d-aba0-6ba5e63b5da0",
                            "domain": "id-ed25519.pub",
                            "id": "2018-02-25 05:40:06.720536 +0000 UTC",
                            "most_recent": "false"
                        },
                        "meta": {},
                        "tainted": false
                    },
                    "deposed": [],
                    "provider": "provider.aws"
                },
                "data.aws_iam_policy_document.redirect-bucket-read-access": {
                    "type": "aws_iam_policy_document",
                    "depends_on": [],
                    "primary": {
                        "id": "2367930822",
                        "attributes": {
                            "id": "2367930822",
                            "json": "{\n  \"Version\": \"2012-10-17\",\n  \"Statement\": [\n    {\n      \"Sid\": \"\",\n      \"Effect\": \"Allow\",\n      \"Action\": \"s3:GetObject\",\n      \"Resource\": \"arn:aws:s3:::akerl-keys-redirect/*\",\n      \"Principal\": \"*\"\n    }\n  ]\n}",
                            "statement.#": "1",
                            "statement.0.actions.#": "1",
                            "statement.0.actions.2071725391": "s3:GetObject",
                            "statement.0.condition.#": "0",
                            "statement.0.effect": "Allow",
                            "statement.0.not_actions.#": "0",
                            "statement.0.not_principals.#": "0",
                            "statement.0.not_resources.#": "0",
                            "statement.0.principals.#": "1",
                            "statement.0.principals.636693895.identifiers.#": "1",
                            "statement.0.principals.636693895.identifiers.2679715827": "*",
                            "statement.0.principals.636693895.type": "AWS",
                            "statement.0.resources.#": "1",
                            "statement.0.resources.3328157262": "arn:aws:s3:::akerl-keys-redirect/*",
                            "statement.0.sid": ""
                        },
                        "meta": {},
                        "tainted": false
                    },
                    "deposed": [],
                    "provider": "provider.aws"
                },
                "data.aws_iam_policy_document.site-bucket-read-access": {
                    "type": "aws_iam_policy_document",
                    "depends_on": [],
                    "primary": {
                        "id": "4082920564",
                        "attributes": {
                            "id": "4082920564",
                            "json": "{\n  \"Version\": \"2012-10-17\",\n  \"Statement\": [\n    {\n      \"Sid\": \"\",\n      \"Effect\": \"Allow\",\n      \"Action\": \"s3:GetObject\",\n      \"Resource\": \"arn:aws:s3:::akerl-keys/*\",\n      \"Principal\": \"*\"\n    }\n  ]\n}",
                            "statement.#": "1",
                            "statement.0.actions.#": "1",
                            "statement.0.actions.2071725391": "s3:GetObject",
                            "statement.0.condition.#": "0",
                            "statement.0.effect": "Allow",
                            "statement.0.not_actions.#": "0",
                            "statement.0.not_principals.#": "0",
                            "statement.0.not_resources.#": "0",
                            "statement.0.principals.#": "1",
                            "statement.0.principals.636693895.identifiers.#": "1",
                            "statement.0.principals.636693895.identifiers.2679715827": "*",
                            "statement.0.principals.636693895.type": "AWS",
                            "statement.0.resources.#": "1",
                            "statement.0.resources.101615626": "arn:aws:s3:::akerl-keys/*",
                            "statement.0.sid": ""
                        },
                        "meta": {},
                        "tainted": false
                    },
                    "deposed": [],
                    "provider": "provider.aws"
                }
            },
            "depends_on": []
        },
        {
            "path": [
                "root",
                "akerl-madlibrarian",
                "publish-user"
            ],
            "outputs": {},
            "resources": {
                "aws_iam_user.circleci": {
                    "type": "aws_iam_user",
                    "depends_on": [],
                    "primary": {
                        "id": "circleci-akerl-madlibrarian",
                        "attributes": {
                            "arn": "arn:aws:iam::764218738161:user/circleci-akerl-madlibrarian",
                            "force_destroy": "false",
                            "id": "circleci-akerl-madlibrarian",
                            "name": "circleci-akerl-madlibrarian",
                            "path": "/",
                            "unique_id": "AIDAIHJ3GKOTIXAAF4A7I"
                        },
                        "meta": {},
                        "tainted": false
                    },
                    "deposed": [],
                    "provider": "provider.aws"
                },
                "aws_iam_user_policy.s3_publish": {
                    "type": "aws_iam_user_policy",
                    "depends_on": [
                        "aws_iam_user.circleci",
                        "data.aws_iam_policy_document.publish"
                    ],
                    "primary": {
                        "id": "circleci-akerl-madlibrarian:s3_publish",
                        "attributes": {
                            "id": "circleci-akerl-madlibrarian:s3_publish",
                            "name": "s3_publish",
                            "policy": "{\n  \"Version\": \"2012-10-17\",\n  \"Statement\": [\n    {\n      \"Sid\": \"\",\n      \"Effect\": \"Allow\",\n      \"Action\": [\n        \"s3:PutObject\",\n        \"s3:ListBucket\",\n        \"s3:ListAllMyBuckets\",\n        \"s3:GetObjectAcl\",\n        \"s3:GetObject\",\n        \"s3:GetBucketLocation\",\n        \"s3:GetBucketAcl\",\n        \"s3:DeleteObject\"\n      ],\n      \"Resource\": [\n        \"arn:aws:s3:::akerl-madlibrarian/*\",\n        \"arn:aws:s3:::akerl-madlibrarian\"\n      ]\n    }\n  ]\n}",
                            "user": "circleci-akerl-madlibrarian"
                        },
                        "meta": {},
                        "tainted": false
                    },
                    "deposed": [],
                    "provider": "provider.aws"
                },
                "aws_s3_bucket.publish-bucket": {
                    "type": "aws_s3_bucket",
                    "depends_on": [],
                    "primary": {
                        "id": "akerl-madlibrarian",
                        "attributes": {
                            "acceleration_status": "",
                            "acl": "private",
                            "arn": "arn:aws:s3:::akerl-madlibrarian",
                            "bucket": "akerl-madlibrarian",
                            "bucket_domain_name": "akerl-madlibrarian.s3.amazonaws.com",
                            "force_destroy": "false",
                            "hosted_zone_id": "Z3AQBSTGFYJSTF",
                            "id": "akerl-madlibrarian",
                            "logging.#": "1",
                            "logging.2451268696.target_bucket": "akerl-s3-logs",
                            "logging.2451268696.target_prefix": "akerl-madlibrarian/",
                            "region": "us-east-1",
                            "replication_configuration.#": "0",
                            "request_payer": "BucketOwner",
                            "server_side_encryption_configuration.#": "0",
                            "tags.%": "0",
                            "versioning.#": "1",
                            "versioning.0.enabled": "true",
                            "versioning.0.mfa_delete": "false",
                            "website.#": "0"
                        },
                        "meta": {},
                        "tainted": false
                    },
                    "deposed": [],
                    "provider": "provider.aws"
                },
                "awscreds_iam_access_key.circleci-key": {
                    "type": "awscreds_iam_access_key",
                    "depends_on": [
                        "aws_iam_user.circleci"
                    ],
                    "primary": {
                        "id": "AKIAIYI5DHHOCKIY6UJQ",
                        "attributes": {
                            "file": "creds/circleci-akerl-madlibrarian",
                            "id": "AKIAIYI5DHHOCKIY6UJQ",
                            "secret": "",
                            "ses_smtp_password": "",
                            "status": "Active",
                            "user": "circleci-akerl-madlibrarian"
                        },
                        "meta": {},
                        "tainted": false
                    },
                    "deposed": [],
                    "provider": "provider.awscreds"
                },
                "data.aws_iam_policy_document.publish": {
                    "type": "aws_iam_policy_document",
                    "depends_on": [],
                    "primary": {
                        "id": "270864480",
                        "attributes": {
                            "id": "270864480",
                            "json": "{\n  \"Version\": \"2012-10-17\",\n  \"Statement\": [\n    {\n      \"Sid\": \"\",\n      \"Effect\": \"Allow\",\n      \"Action\": [\n        \"s3:PutObject\",\n        \"s3:ListBucket\",\n        \"s3:ListAllMyBuckets\",\n        \"s3:GetObjectAcl\",\n        \"s3:GetObject\",\n        \"s3:GetBucketLocation\",\n        \"s3:GetBucketAcl\",\n        \"s3:DeleteObject\"\n      ],\n      \"Resource\": [\n        \"arn:aws:s3:::akerl-madlibrarian/*\",\n        \"arn:aws:s3:::akerl-madlibrarian\"\n      ]\n    }\n  ]\n}",
                            "statement.#": "1",
                            "statement.0.actions.#": "8",
                            "statement.0.actions.2071725391": "s3:GetObject",
                            "statement.0.actions.2517836488": "s3:GetObjectAcl",
                            "statement.0.actions.3009670498": "s3:DeleteObject",
                            "statement.0.actions.315547055": "s3:PutObject",
                            "statement.0.actions.3948445924": "s3:GetBucketLocation",
                            "statement.0.actions.486976917": "s3:ListBucket",
                            "statement.0.actions.796062918": "s3:ListAllMyBuckets",
                            "statement.0.actions.845481387": "s3:GetBucketAcl",
                            "statement.0.condition.#": "0",
                            "statement.0.effect": "Allow",
                            "statement.0.not_actions.#": "0",
                            "statement.0.not_principals.#": "0",
                            "statement.0.not_resources.#": "0",
                            "statement.0.principals.#": "0",
                            "statement.0.resources.#": "2",
                            "statement.0.resources.1469511721": "arn:aws:s3:::akerl-madlibrarian/*",
                            "statement.0.resources.3861811104": "arn:aws:s3:::akerl-madlibrarian",
                            "statement.0.sid": ""
                        },
                        "meta": {},
                        "tainted": false
                    },
                    "deposed": [],
                    "provider": "provider.aws"
                }
            },
            "depends_on": []
        },
        {
            "path": [
                "root",
                "amylum-repo",
                "s3-website"
            ],
            "outputs": {
                "cloudfront-zone-id": {
                    "sensitive": false,
                    "type": "string",
                    "value": "Z2FDTNDATAQYW2"
                },
                "redirect-dns-name": {
                    "sensitive": false,
                    "type": "string",
                    "value": "d1qtl3nxppfts1.cloudfront.net"
                },
                "site-dns-name": {
                    "sensitive": false,
                    "type": "string",
                    "value": "d28ndvib2qch6l.cloudfront.net"
                }
            },
            "resources": {
                "aws_cloudfront_distribution.redirect_distribution": {
                    "type": "aws_cloudfront_distribution",
                    "depends_on": [
                        "aws_s3_bucket.redirect-bucket",
                        "data.aws_acm_certificate.cert"
                    ],
                    "primary": {
                        "id": "E34F8M4RVV5SGK",
                        "attributes": {
                            "active_trusted_signers.%": "2",
                            "active_trusted_signers.enabled": "false",
                            "active_trusted_signers.items.#": "0",
                            "aliases.#": "0",
                            "arn": "arn:aws:cloudfront::764218738161:distribution/E34F8M4RVV5SGK",
                            "cache_behavior.#": "0",
                            "caller_reference": "2017-10-07T10:27:50.747564923-04:00",
                            "custom_error_response.#": "0",
                            "default_cache_behavior.#": "1",
                            "default_cache_behavior.2219766909.allowed_methods.#": "2",
                            "default_cache_behavior.2219766909.allowed_methods.0": "HEAD",
                            "default_cache_behavior.2219766909.allowed_methods.1": "GET",
                            "default_cache_behavior.2219766909.cached_methods.#": "2",
                            "default_cache_behavior.2219766909.cached_methods.0": "HEAD",
                            "default_cache_behavior.2219766909.cached_methods.1": "GET",
                            "default_cache_behavior.2219766909.compress": "true",
                            "default_cache_behavior.2219766909.default_ttl": "300",
                            "default_cache_behavior.2219766909.forwarded_values.#": "1",
                            "default_cache_behavior.2219766909.forwarded_values.2759845635.cookies.#": "1",
                            "default_cache_behavior.2219766909.forwarded_values.2759845635.cookies.2625240281.forward": "none",
                            "default_cache_behavior.2219766909.forwarded_values.2759845635.cookies.2625240281.whitelisted_names.#": "0",
                            "default_cache_behavior.2219766909.forwarded_values.2759845635.headers.#": "0",
                            "default_cache_behavior.2219766909.forwarded_values.2759845635.query_string": "false",
                            "default_cache_behavior.2219766909.forwarded_values.2759845635.query_string_cache_keys.#": "0",
                            "default_cache_behavior.2219766909.lambda_function_association.#": "0",
                            "default_cache_behavior.2219766909.max_ttl": "300",
                            "default_cache_behavior.2219766909.min_ttl": "0",
                            "default_cache_behavior.2219766909.smooth_streaming": "false",
                            "default_cache_behavior.2219766909.target_origin_id": "redirect-bucket",
                            "default_cache_behavior.2219766909.trusted_signers.#": "0",
                            "default_cache_behavior.2219766909.viewer_protocol_policy": "redirect-to-https",
                            "default_root_object": "",
                            "domain_name": "d1qtl3nxppfts1.cloudfront.net",
                            "enabled": "true",
                            "etag": "E3ALGJ2KGWEWHY",
                            "hosted_zone_id": "Z2FDTNDATAQYW2",
                            "http_version": "http2",
                            "id": "E34F8M4RVV5SGK",
                            "in_progress_validation_batches": "0",
                            "is_ipv6_enabled": "false",
                            "last_modified_time": "2017-10-07 16:20:59.325 +0000 UTC",
                            "logging_config.#": "1",
                            "logging_config.3713287414.bucket": "akerl-s3-logs.s3.amazonaws.com",
                            "logging_config.3713287414.include_cookies": "false",
                            "logging_config.3713287414.prefix": "amylum-repo-redirect-cdn",
                            "origin.#": "1",
                            "origin.3996731579.custom_header.#": "0",
                            "origin.3996731579.custom_origin_config.#": "1",
                            "origin.3996731579.custom_origin_config.2335875933.http_port": "80",
                            "origin.3996731579.custom_origin_config.2335875933.https_port": "443",
                            "origin.3996731579.custom_origin_config.2335875933.origin_keepalive_timeout": "5",
                            "origin.3996731579.custom_origin_config.2335875933.origin_protocol_policy": "http-only",
                            "origin.3996731579.custom_origin_config.2335875933.origin_read_timeout": "30",
                            "origin.3996731579.custom_origin_config.2335875933.origin_ssl_protocols.#": "1",
                            "origin.3996731579.custom_origin_config.2335875933.origin_ssl_protocols.0": "TLSv1.2",
                            "origin.3996731579.domain_name": "amylum-repo-redirect.s3-website-us-east-1.amazonaws.com",
                            "origin.3996731579.origin_id": "redirect-bucket",
                            "origin.3996731579.origin_path": "",
                            "origin.3996731579.s3_origin_config.#": "0",
                            "price_class": "PriceClass_100",
                            "restrictions.#": "1",
                            "restrictions.1097372288.geo_restriction.#": "1",
                            "restrictions.1097372288.geo_restriction.2625240281.locations.#": "0",
                            "restrictions.1097372288.geo_restriction.2625240281.restriction_type": "none",
                            "retain_on_delete": "false",
                            "status": "Deployed",
                            "tags.%": "0",
                            "viewer_certificate.#": "1",
                            "viewer_certificate.2213251214.acm_certificate_arn": "arn:aws:acm:us-east-1:764218738161:certificate/8bfde24c-2f55-4bdd-9706-4b3398825e2c",
                            "viewer_certificate.2213251214.cloudfront_default_certificate": "false",
                            "viewer_certificate.2213251214.iam_certificate_id": "",
                            "viewer_certificate.2213251214.minimum_protocol_version": "TLSv1",
                            "viewer_certificate.2213251214.ssl_support_method": "sni-only",
                            "web_acl_id": ""
                        },
                        "meta": {},
                        "tainted": false
                    },
                    "deposed": [],
                    "provider": "provider.aws"
                },
                "aws_cloudfront_distribution.site_distribution": {
                    "type": "aws_cloudfront_distribution",
                    "depends_on": [
                        "aws_s3_bucket.file-bucket",
                        "data.aws_acm_certificate.cert"
                    ],
                    "primary": {
                        "id": "E15S830E0ZJ2DU",
                        "attributes": {
                            "active_trusted_signers.%": "2",
                            "active_trusted_signers.enabled": "false",
                            "active_trusted_signers.items.#": "0",
                            "aliases.#": "1",
                            "aliases.3058809287": "repo.scrtybybscrty.org",
                            "arn": "arn:aws:cloudfront::764218738161:distribution/E15S830E0ZJ2DU",
                            "cache_behavior.#": "0",
                            "caller_reference": "2017-10-07T10:43:33.162498293-04:00",
                            "custom_error_response.#": "0",
                            "default_cache_behavior.#": "1",
                            "default_cache_behavior.3424070059.allowed_methods.#": "2",
                            "default_cache_behavior.3424070059.allowed_methods.0": "HEAD",
                            "default_cache_behavior.3424070059.allowed_methods.1": "GET",
                            "default_cache_behavior.3424070059.cached_methods.#": "2",
                            "default_cache_behavior.3424070059.cached_methods.0": "HEAD",
                            "default_cache_behavior.3424070059.cached_methods.1": "GET",
                            "default_cache_behavior.3424070059.compress": "true",
                            "default_cache_behavior.3424070059.default_ttl": "0",
                            "default_cache_behavior.3424070059.forwarded_values.#": "1",
                            "default_cache_behavior.3424070059.forwarded_values.2759845635.cookies.#": "1",
                            "default_cache_behavior.3424070059.forwarded_values.2759845635.cookies.2625240281.forward": "none",
                            "default_cache_behavior.3424070059.forwarded_values.2759845635.cookies.2625240281.whitelisted_names.#": "0",
                            "default_cache_behavior.3424070059.forwarded_values.2759845635.headers.#": "0",
                            "default_cache_behavior.3424070059.forwarded_values.2759845635.query_string": "false",
                            "default_cache_behavior.3424070059.forwarded_values.2759845635.query_string_cache_keys.#": "0",
                            "default_cache_behavior.3424070059.lambda_function_association.#": "0",
                            "default_cache_behavior.3424070059.max_ttl": "300",
                            "default_cache_behavior.3424070059.min_ttl": "0",
                            "default_cache_behavior.3424070059.smooth_streaming": "false",
                            "default_cache_behavior.3424070059.target_origin_id": "site-bucket",
                            "default_cache_behavior.3424070059.trusted_signers.#": "0",
                            "default_cache_behavior.3424070059.viewer_protocol_policy": "redirect-to-https",
                            "default_root_object": "index.html",
                            "domain_name": "d28ndvib2qch6l.cloudfront.net",
                            "enabled": "true",
                            "etag": "E3EX271PJX2DWX",
                            "hosted_zone_id": "Z2FDTNDATAQYW2",
                            "http_version": "http2",
                            "id": "E15S830E0ZJ2DU",
                            "in_progress_validation_batches": "0",
                            "is_ipv6_enabled": "false",
                            "last_modified_time": "2017-10-07 16:39:16.163 +0000 UTC",
                            "logging_config.#": "1",
                            "logging_config.2882177888.bucket": "akerl-s3-logs.s3.amazonaws.com",
                            "logging_config.2882177888.include_cookies": "false",
                            "logging_config.2882177888.prefix": "amylum-repo-cdn/",
                            "origin.#": "1",
                            "origin.2111645184.custom_header.#": "0",
                            "origin.2111645184.custom_origin_config.#": "1",
                            "origin.2111645184.custom_origin_config.2335875933.http_port": "80",
                            "origin.2111645184.custom_origin_config.2335875933.https_port": "443",
                            "origin.2111645184.custom_origin_config.2335875933.origin_keepalive_timeout": "5",
                            "origin.2111645184.custom_origin_config.2335875933.origin_protocol_policy": "http-only",
                            "origin.2111645184.custom_origin_config.2335875933.origin_read_timeout": "30",
                            "origin.2111645184.custom_origin_config.2335875933.origin_ssl_protocols.#": "1",
                            "origin.2111645184.custom_origin_config.2335875933.origin_ssl_protocols.0": "TLSv1.2",
                            "origin.2111645184.domain_name": "amylum-repo.s3-website-us-east-1.amazonaws.com",
                            "origin.2111645184.origin_id": "site-bucket",
                            "origin.2111645184.origin_path": "",
                            "origin.2111645184.s3_origin_config.#": "0",
                            "price_class": "PriceClass_100",
                            "restrictions.#": "1",
                            "restrictions.1097372288.geo_restriction.#": "1",
                            "restrictions.1097372288.geo_restriction.2625240281.locations.#": "0",
                            "restrictions.1097372288.geo_restriction.2625240281.restriction_type": "none",
                            "retain_on_delete": "false",
                            "status": "Deployed",
                            "tags.%": "0",
                            "viewer_certificate.#": "1",
                            "viewer_certificate.2213251214.acm_certificate_arn": "arn:aws:acm:us-east-1:764218738161:certificate/8bfde24c-2f55-4bdd-9706-4b3398825e2c",
                            "viewer_certificate.2213251214.cloudfront_default_certificate": "false",
                            "viewer_certificate.2213251214.iam_certificate_id": "",
                            "viewer_certificate.2213251214.minimum_protocol_version": "TLSv1",
                            "viewer_certificate.2213251214.ssl_support_method": "sni-only",
                            "web_acl_id": ""
                        },
                        "meta": {},
                        "tainted": false
                    },
                    "deposed": [],
                    "provider": "provider.aws"
                },
                "aws_s3_bucket.file-bucket": {
                    "type": "aws_s3_bucket",
                    "depends_on": [
                        "data.aws_iam_policy_document.site-bucket-read-access"
                    ],
                    "primary": {
                        "id": "amylum-repo",
                        "attributes": {
                            "acceleration_status": "",
                            "acl": "private",
                            "arn": "arn:aws:s3:::amylum-repo",
                            "bucket": "amylum-repo",
                            "bucket_domain_name": "amylum-repo.s3.amazonaws.com",
                            "force_destroy": "false",
                            "hosted_zone_id": "Z3AQBSTGFYJSTF",
                            "id": "amylum-repo",
                            "logging.#": "1",
                            "logging.1012108819.target_bucket": "akerl-s3-logs",
                            "logging.1012108819.target_prefix": "amylum-repo/",
                            "policy": "{\"Statement\":[{\"Action\":\"s3:GetObject\",\"Effect\":\"Allow\",\"Principal\":\"*\",\"Resource\":\"arn:aws:s3:::amylum-repo/*\",\"Sid\":\"\"}],\"Version\":\"2012-10-17\"}",
                            "region": "us-east-1",
                            "replication_configuration.#": "0",
                            "request_payer": "BucketOwner",
                            "server_side_encryption_configuration.#": "0",
                            "tags.%": "0",
                            "versioning.#": "1",
                            "versioning.0.enabled": "true",
                            "versioning.0.mfa_delete": "false",
                            "website.#": "1",
                            "website.0.error_document": "404.html",
                            "website.0.index_document": "index.html",
                            "website.0.redirect_all_requests_to": "",
                            "website.0.routing_rules": "",
                            "website_domain": "s3-website-us-east-1.amazonaws.com",
                            "website_endpoint": "amylum-repo.s3-website-us-east-1.amazonaws.com"
                        },
                        "meta": {},
                        "tainted": false
                    },
                    "deposed": [],
                    "provider": "provider.aws"
                },
                "aws_s3_bucket.redirect-bucket": {
                    "type": "aws_s3_bucket",
                    "depends_on": [
                        "data.aws_iam_policy_document.redirect-bucket-read-access"
                    ],
                    "primary": {
                        "id": "amylum-repo-redirect",
                        "attributes": {
                            "acceleration_status": "",
                            "acl": "private",
                            "arn": "arn:aws:s3:::amylum-repo-redirect",
                            "bucket": "amylum-repo-redirect",
                            "bucket_domain_name": "amylum-repo-redirect.s3.amazonaws.com",
                            "force_destroy": "false",
                            "hosted_zone_id": "Z3AQBSTGFYJSTF",
                            "id": "amylum-repo-redirect",
                            "logging.#": "1",
                            "logging.585655832.target_bucket": "akerl-s3-logs",
                            "logging.585655832.target_prefix": "amylum-repo-redirect/",
                            "policy": "{\"Statement\":[{\"Action\":\"s3:GetObject\",\"Effect\":\"Allow\",\"Principal\":\"*\",\"Resource\":\"arn:aws:s3:::amylum-repo-redirect/*\",\"Sid\":\"\"}],\"Version\":\"2012-10-17\"}",
                            "region": "us-east-1",
                            "replication_configuration.#": "0",
                            "request_payer": "BucketOwner",
                            "server_side_encryption_configuration.#": "0",
                            "tags.%": "0",
                            "versioning.#": "1",
                            "versioning.0.enabled": "true",
                            "versioning.0.mfa_delete": "false",
                            "website.#": "1",
                            "website.0.error_document": "",
                            "website.0.index_document": "",
                            "website.0.redirect_all_requests_to": "https://repo.scrtybybscrty.org",
                            "website.0.routing_rules": "",
                            "website_domain": "s3-website-us-east-1.amazonaws.com",
                            "website_endpoint": "amylum-repo-redirect.s3-website-us-east-1.amazonaws.com"
                        },
                        "meta": {},
                        "tainted": false
                    },
                    "deposed": [],
                    "provider": "provider.aws"
                },
                "data.aws_acm_certificate.cert": {
                    "type": "aws_acm_certificate",
                    "depends_on": [],
                    "primary": {
                        "id": "2018-02-25 05:40:06.881982 +0000 UTC",
                        "attributes": {
                            "arn": "arn:aws:acm:us-east-1:764218738161:certificate/8bfde24c-2f55-4bdd-9706-4b3398825e2c",
                            "domain": "repo.scrtybybscrty.org",
                            "id": "2018-02-25 05:40:06.881982 +0000 UTC",
                            "most_recent": "false"
                        },
                        "meta": {},
                        "tainted": false
                    },
                    "deposed": [],
                    "provider": "provider.aws"
                },
                "data.aws_iam_policy_document.redirect-bucket-read-access": {
                    "type": "aws_iam_policy_document",
                    "depends_on": [],
                    "primary": {
                        "id": "1312276851",
                        "attributes": {
                            "id": "1312276851",
                            "json": "{\n  \"Version\": \"2012-10-17\",\n  \"Statement\": [\n    {\n      \"Sid\": \"\",\n      \"Effect\": \"Allow\",\n      \"Action\": \"s3:GetObject\",\n      \"Resource\": \"arn:aws:s3:::amylum-repo-redirect/*\",\n      \"Principal\": \"*\"\n    }\n  ]\n}",
                            "statement.#": "1",
                            "statement.0.actions.#": "1",
                            "statement.0.actions.2071725391": "s3:GetObject",
                            "statement.0.condition.#": "0",
                            "statement.0.effect": "Allow",
                            "statement.0.not_actions.#": "0",
                            "statement.0.not_principals.#": "0",
                            "statement.0.not_resources.#": "0",
                            "statement.0.principals.#": "1",
                            "statement.0.principals.636693895.identifiers.#": "1",
                            "statement.0.principals.636693895.identifiers.2679715827": "*",
                            "statement.0.principals.636693895.type": "AWS",
                            "statement.0.resources.#": "1",
                            "statement.0.resources.705475581": "arn:aws:s3:::amylum-repo-redirect/*",
                            "statement.0.sid": ""
                        },
                        "meta": {},
                        "tainted": false
                    },
                    "deposed": [],
                    "provider": "provider.aws"
                },
                "data.aws_iam_policy_document.site-bucket-read-access": {
                    "type": "aws_iam_policy_document",
                    "depends_on": [],
                    "primary": {
                        "id": "1433841349",
                        "attributes": {
                            "id": "1433841349",
                            "json": "{\n  \"Version\": \"2012-10-17\",\n  \"Statement\": [\n    {\n      \"Sid\": \"\",\n      \"Effect\": \"Allow\",\n      \"Action\": \"s3:GetObject\",\n      \"Resource\": \"arn:aws:s3:::amylum-repo/*\",\n      \"Principal\": \"*\"\n    }\n  ]\n}",
                            "statement.#": "1",
                            "statement.0.actions.#": "1",
                            "statement.0.actions.2071725391": "s3:GetObject",
                            "statement.0.condition.#": "0",
                            "statement.0.effect": "Allow",
                            "statement.0.not_actions.#": "0",
                            "statement.0.not_principals.#": "0",
                            "statement.0.not_resources.#": "0",
                            "statement.0.principals.#": "1",
                            "statement.0.principals.636693895.identifiers.#": "1",
                            "statement.0.principals.636693895.identifiers.2679715827": "*",
                            "statement.0.principals.636693895.type": "AWS",
                            "statement.0.resources.#": "1",
                            "statement.0.resources.1673375915": "arn:aws:s3:::amylum-repo/*",
                            "statement.0.sid": ""
                        },
                        "meta": {},
                        "tainted": false
                    },
                    "deposed": [],
                    "provider": "provider.aws"
                }
            },
            "depends_on": []
        },
        {
            "path": [
                "root",
                "dock0-arch",
                "hookshot"
            ],
            "outputs": {},
            "resources": {
                "aws_cloudwatch_event_rule.cron": {
                    "type": "aws_cloudwatch_event_rule",
                    "depends_on": [],
                    "primary": {
                        "id": "dock0-arch_cron",
                        "attributes": {
                            "arn": "arn:aws:events:us-east-1:764218738161:rule/dock0-arch_cron",
                            "description": "Launch lambda",
                            "id": "dock0-arch_cron",
                            "is_enabled": "true",
                            "name": "dock0-arch_cron",
                            "role_arn": "",
                            "schedule_expression": "rate(1 minute)"
                        },
                        "meta": {},
                        "tainted": false
                    },
                    "deposed": [],
                    "provider": "provider.aws"
                },
                "aws_cloudwatch_event_target.cron": {
                    "type": "aws_cloudwatch_event_target",
                    "depends_on": [
                        "aws_cloudwatch_event_rule.cron",
                        "aws_lambda_function.lambda"
                    ],
                    "primary": {
                        "id": "dock0-arch_cron-invoke_hookshot",
                        "attributes": {
                            "arn": "arn:aws:lambda:us-east-1:764218738161:function:dock0-arch",
                            "id": "dock0-arch_cron-invoke_hookshot",
                            "input": "",
                            "input_path": "",
                            "role_arn": "",
                            "rule": "dock0-arch_cron",
                            "target_id": "invoke_hookshot"
                        },
                        "meta": {},
                        "tainted": false
                    },
                    "deposed": [],
                    "provider": "provider.aws"
                },
                "aws_iam_role.lambda": {
                    "type": "aws_iam_role",
                    "depends_on": [
                        "data.aws_iam_policy_document.lambda_assume"
                    ],
                    "primary": {
                        "id": "dock0-arch_lambda",
                        "attributes": {
                            "arn": "arn:aws:iam::764218738161:role/dock0-arch_lambda",
                            "assume_role_policy": "{\"Version\":\"2012-10-17\",\"Statement\":[{\"Sid\":\"\",\"Effect\":\"Allow\",\"Principal\":{\"Service\":\"lambda.amazonaws.com\"},\"Action\":\"sts:AssumeRole\"}]}",
                            "create_date": "2017-10-12T03:44:49Z",
                            "force_detach_policies": "false",
                            "id": "dock0-arch_lambda",
                            "name": "dock0-arch_lambda",
                            "path": "/",
                            "unique_id": "AROAJTZH4SWOF5SY2L6OS"
                        },
                        "meta": {},
                        "tainted": false
                    },
                    "deposed": [],
                    "provider": "provider.aws"
                },
                "aws_iam_role_policy.lambda_perms": {
                    "type": "aws_iam_role_policy",
                    "depends_on": [
                        "aws_iam_role.lambda",
                        "data.aws_iam_policy_document.lambda_perms"
                    ],
                    "primary": {
                        "id": "dock0-arch_lambda:lambda_perms",
                        "attributes": {
                            "id": "dock0-arch_lambda:lambda_perms",
                            "name": "lambda_perms",
                            "policy": "{\n  \"Version\": \"2012-10-17\",\n  \"Statement\": [\n    {\n      \"Sid\": \"\",\n      \"Effect\": \"Allow\",\n      \"Action\": [\n        \"s3:ListBucket\",\n        \"s3:GetObject\"\n      ],\n      \"Resource\": [\n        \"arn:aws:s3:::dock0-arch/*\",\n        \"arn:aws:s3:::dock0-arch\"\n      ]\n    },\n    {\n      \"Sid\": \"\",\n      \"Effect\": \"Allow\",\n      \"Action\": [\n        \"logs:PutLogEvents\",\n        \"logs:CreateLogStream\",\n        \"logs:CreateLogGroup\"\n      ],\n      \"Resource\": \"arn:aws:logs:*:*:*\"\n    }\n  ]\n}",
                            "role": "dock0-arch_lambda"
                        },
                        "meta": {},
                        "tainted": false
                    },
                    "deposed": [],
                    "provider": "provider.aws"
                },
                "aws_lambda_function.lambda": {
                    "type": "aws_lambda_function",
                    "depends_on": [
                        "aws_iam_role.lambda"
                    ],
                    "primary": {
                        "id": "dock0-arch",
                        "attributes": {
                            "arn": "arn:aws:lambda:us-east-1:764218738161:function:dock0-arch",
                            "dead_letter_config.#": "0",
                            "description": "",
                            "environment.#": "1",
                            "environment.0.variables.%": "2",
                            "environment.0.variables.S3_BUCKET": "dock0-arch",
                            "environment.0.variables.S3_KEY": "config/urls",
                            "function_name": "dock0-arch",
                            "handler": "main",
                            "id": "dock0-arch",
                            "invoke_arn": "arn:aws:apigateway:us-east-1:lambda:path/2015-03-31/functions/arn:aws:lambda:us-east-1:764218738161:function:dock0-arch/invocations",
                            "kms_key_arn": "",
                            "last_modified": "2018-02-25T05:40:40.198+0000",
                            "memory_size": "128",
                            "publish": "false",
                            "qualified_arn": "arn:aws:lambda:us-east-1:764218738161:function:dock0-arch:$LATEST",
                            "reserved_concurrent_executions": "0",
                            "role": "arn:aws:iam::764218738161:role/dock0-arch_lambda",
                            "runtime": "go1.x",
                            "s3_bucket": "akerl-hookshot",
                            "s3_key": "lambdas/payload-0.1.0.zip",
                            "source_code_hash": "7U/f9ivvQacHy0srFy+mZzMDMQl0QIsTsygeL+bOJq0=",
                            "tags.%": "0",
                            "timeout": "50",
                            "tracing_config.#": "1",
                            "tracing_config.0.mode": "PassThrough",
                            "version": "$LATEST",
                            "vpc_config.#": "0"
                        },
                        "meta": {},
                        "tainted": false
                    },
                    "deposed": [],
                    "provider": "provider.aws"
                },
                "aws_lambda_permission.allow_cloudwatch": {
                    "type": "aws_lambda_permission",
                    "depends_on": [
                        "aws_cloudwatch_event_rule.cron",
                        "aws_lambda_function.lambda"
                    ],
                    "primary": {
                        "id": "AllowExecutionFromCloudWatch",
                        "attributes": {
                            "action": "lambda:InvokeFunction",
                            "function_name": "dock0-arch",
                            "id": "AllowExecutionFromCloudWatch",
                            "principal": "events.amazonaws.com",
                            "qualifier": "",
                            "source_arn": "arn:aws:events:us-east-1:764218738161:rule/dock0-arch_cron",
                            "statement_id": "AllowExecutionFromCloudWatch"
                        },
                        "meta": {},
                        "tainted": false
                    },
                    "deposed": [],
                    "provider": "provider.aws"
                },
                "data.aws_iam_policy_document.lambda_assume": {
                    "type": "aws_iam_policy_document",
                    "depends_on": [],
                    "primary": {
                        "id": "3693445097",
                        "attributes": {
                            "id": "3693445097",
                            "json": "{\n  \"Version\": \"2012-10-17\",\n  \"Statement\": [\n    {\n      \"Sid\": \"\",\n      \"Effect\": \"Allow\",\n      \"Action\": \"sts:AssumeRole\",\n      \"Principal\": {\n        \"Service\": \"lambda.amazonaws.com\"\n      }\n    }\n  ]\n}",
                            "statement.#": "1",
                            "statement.0.actions.#": "1",
                            "statement.0.actions.2528466339": "sts:AssumeRole",
                            "statement.0.condition.#": "0",
                            "statement.0.effect": "Allow",
                            "statement.0.not_actions.#": "0",
                            "statement.0.not_principals.#": "0",
                            "statement.0.not_resources.#": "0",
                            "statement.0.principals.#": "1",
                            "statement.0.principals.3118762561.identifiers.#": "1",
                            "statement.0.principals.3118762561.identifiers.2638019528": "lambda.amazonaws.com",
                            "statement.0.principals.3118762561.type": "Service",
                            "statement.0.resources.#": "0",
                            "statement.0.sid": ""
                        },
                        "meta": {},
                        "tainted": false
                    },
                    "deposed": [],
                    "provider": "provider.aws"
                },
                "data.aws_iam_policy_document.lambda_perms": {
                    "type": "aws_iam_policy_document",
                    "depends_on": [],
                    "primary": {
                        "id": "2263446196",
                        "attributes": {
                            "id": "2263446196",
                            "json": "{\n  \"Version\": \"2012-10-17\",\n  \"Statement\": [\n    {\n      \"Sid\": \"\",\n      \"Effect\": \"Allow\",\n      \"Action\": [\n        \"s3:ListBucket\",\n        \"s3:GetObject\"\n      ],\n      \"Resource\": [\n        \"arn:aws:s3:::dock0-arch/*\",\n        \"arn:aws:s3:::dock0-arch\"\n      ]\n    },\n    {\n      \"Sid\": \"\",\n      \"Effect\": \"Allow\",\n      \"Action\": [\n        \"logs:PutLogEvents\",\n        \"logs:CreateLogStream\",\n        \"logs:CreateLogGroup\"\n      ],\n      \"Resource\": \"arn:aws:logs:*:*:*\"\n    }\n  ]\n}",
                            "statement.#": "2",
                            "statement.0.actions.#": "2",
                            "statement.0.actions.2071725391": "s3:GetObject",
                            "statement.0.actions.486976917": "s3:ListBucket",
                            "statement.0.condition.#": "0",
                            "statement.0.effect": "Allow",
                            "statement.0.not_actions.#": "0",
                            "statement.0.not_principals.#": "0",
                            "statement.0.not_resources.#": "0",
                            "statement.0.principals.#": "0",
                            "statement.0.resources.#": "2",
                            "statement.0.resources.1280803269": "arn:aws:s3:::dock0-arch",
                            "statement.0.resources.2829377717": "arn:aws:s3:::dock0-arch/*",
                            "statement.0.sid": "",
                            "statement.1.actions.#": "3",
                            "statement.1.actions.2809485102": "logs:CreateLogGroup",
                            "statement.1.actions.3285979848": "logs:CreateLogStream",
                            "statement.1.actions.39743051": "logs:PutLogEvents",
                            "statement.1.condition.#": "0",
                            "statement.1.effect": "Allow",
                            "statement.1.not_actions.#": "0",
                            "statement.1.not_principals.#": "0",
                            "statement.1.not_resources.#": "0",
                            "statement.1.principals.#": "0",
                            "statement.1.resources.#": "1",
                            "statement.1.resources.162423377": "arn:aws:logs:*:*:*",
                            "statement.1.sid": ""
                        },
                        "meta": {},
                        "tainted": false
                    },
                    "deposed": [],
                    "provider": "provider.aws"
                }
            },
            "depends_on": []
        },
        {
            "path": [
                "root",
                "akerl-blog",
                "s3-website",
                "publish-user"
            ],
            "outputs": {},
            "resources": {
                "aws_iam_user.circleci": {
                    "type": "aws_iam_user",
                    "depends_on": [],
                    "primary": {
                        "id": "circleci-akerl-blog",
                        "attributes": {
                            "arn": "arn:aws:iam::764218738161:user/circleci-akerl-blog",
                            "force_destroy": "false",
                            "id": "circleci-akerl-blog",
                            "name": "circleci-akerl-blog",
                            "path": "/",
                            "unique_id": "AIDAJFVCGU3YX2FL2X4Z2"
                        },
                        "meta": {},
                        "tainted": false
                    },
                    "deposed": [],
                    "provider": "provider.aws"
                },
                "aws_iam_user_policy.s3_publish": {
                    "type": "aws_iam_user_policy",
                    "depends_on": [
                        "aws_iam_user.circleci",
                        "data.aws_iam_policy_document.publish"
                    ],
                    "primary": {
                        "id": "circleci-akerl-blog:s3_publish",
                        "attributes": {
                            "id": "circleci-akerl-blog:s3_publish",
                            "name": "s3_publish",
                            "policy": "{\n  \"Version\": \"2012-10-17\",\n  \"Statement\": [\n    {\n      \"Sid\": \"\",\n      \"Effect\": \"Allow\",\n      \"Action\": [\n        \"s3:PutObject\",\n        \"s3:ListBucket\",\n        \"s3:ListAllMyBuckets\",\n        \"s3:GetObjectAcl\",\n        \"s3:GetObject\",\n        \"s3:GetBucketLocation\",\n        \"s3:GetBucketAcl\",\n        \"s3:DeleteObject\"\n      ],\n      \"Resource\": [\n        \"arn:aws:s3:::akerl-blog/*\",\n        \"arn:aws:s3:::akerl-blog\"\n      ]\n    }\n  ]\n}",
                            "user": "circleci-akerl-blog"
                        },
                        "meta": {},
                        "tainted": false
                    },
                    "deposed": [],
                    "provider": "provider.aws"
                },
                "awscreds_iam_access_key.circleci-key": {
                    "type": "awscreds_iam_access_key",
                    "depends_on": [
                        "aws_iam_user.circleci"
                    ],
                    "primary": {
                        "id": "AKIAI5E6IY4YUQZNWDJA",
                        "attributes": {
                            "file": "creds/circleci-akerl-blog",
                            "id": "AKIAI5E6IY4YUQZNWDJA",
                            "secret": "",
                            "ses_smtp_password": "",
                            "status": "Active",
                            "user": "circleci-akerl-blog"
                        },
                        "meta": {},
                        "tainted": false
                    },
                    "deposed": [],
                    "provider": "provider.awscreds"
                },
                "data.aws_iam_policy_document.publish": {
                    "type": "aws_iam_policy_document",
                    "depends_on": [],
                    "primary": {
                        "id": "2135601489",
                        "attributes": {
                            "id": "2135601489",
                            "json": "{\n  \"Version\": \"2012-10-17\",\n  \"Statement\": [\n    {\n      \"Sid\": \"\",\n      \"Effect\": \"Allow\",\n      \"Action\": [\n        \"s3:PutObject\",\n        \"s3:ListBucket\",\n        \"s3:ListAllMyBuckets\",\n        \"s3:GetObjectAcl\",\n        \"s3:GetObject\",\n        \"s3:GetBucketLocation\",\n        \"s3:GetBucketAcl\",\n        \"s3:DeleteObject\"\n      ],\n      \"Resource\": [\n        \"arn:aws:s3:::akerl-blog/*\",\n        \"arn:aws:s3:::akerl-blog\"\n      ]\n    }\n  ]\n}",
                            "statement.#": "1",
                            "statement.0.actions.#": "8",
                            "statement.0.actions.2071725391": "s3:GetObject",
                            "statement.0.actions.2517836488": "s3:GetObjectAcl",
                            "statement.0.actions.3009670498": "s3:DeleteObject",
                            "statement.0.actions.315547055": "s3:PutObject",
                            "statement.0.actions.3948445924": "s3:GetBucketLocation",
                            "statement.0.actions.486976917": "s3:ListBucket",
                            "statement.0.actions.796062918": "s3:ListAllMyBuckets",
                            "statement.0.actions.845481387": "s3:GetBucketAcl",
                            "statement.0.condition.#": "0",
                            "statement.0.effect": "Allow",
                            "statement.0.not_actions.#": "0",
                            "statement.0.not_principals.#": "0",
                            "statement.0.not_resources.#": "0",
                            "statement.0.principals.#": "0",
                            "statement.0.resources.#": "2",
                            "statement.0.resources.2218934011": "arn:aws:s3:::akerl-blog/*",
                            "statement.0.resources.3113542243": "arn:aws:s3:::akerl-blog",
                            "statement.0.sid": ""
                        },
                        "meta": {},
                        "tainted": false
                    },
                    "deposed": [],
                    "provider": "provider.aws"
                }
            },
            "depends_on": []
        },
        {
            "path": [
                "root",
                "akerl-keys",
                "s3-website",
                "publish-user"
            ],
            "outputs": {},
            "resources": {
                "aws_iam_user.circleci": {
                    "type": "aws_iam_user",
                    "depends_on": [],
                    "primary": {
                        "id": "circleci-akerl-keys",
                        "attributes": {
                            "arn": "arn:aws:iam::764218738161:user/circleci-akerl-keys",
                            "force_destroy": "false",
                            "id": "circleci-akerl-keys",
                            "name": "circleci-akerl-keys",
                            "path": "/",
                            "unique_id": "AIDAI2FI2UAPKKB2DCO74"
                        },
                        "meta": {},
                        "tainted": false
                    },
                    "deposed": [],
                    "provider": "provider.aws"
                },
                "aws_iam_user_policy.s3_publish": {
                    "type": "aws_iam_user_policy",
                    "depends_on": [
                        "aws_iam_user.circleci",
                        "data.aws_iam_policy_document.publish"
                    ],
                    "primary": {
                        "id": "circleci-akerl-keys:s3_publish",
                        "attributes": {
                            "id": "circleci-akerl-keys:s3_publish",
                            "name": "s3_publish",
                            "policy": "{\n  \"Version\": \"2012-10-17\",\n  \"Statement\": [\n    {\n      \"Sid\": \"\",\n      \"Effect\": \"Allow\",\n      \"Action\": [\n        \"s3:PutObject\",\n        \"s3:ListBucket\",\n        \"s3:ListAllMyBuckets\",\n        \"s3:GetObjectAcl\",\n        \"s3:GetObject\",\n        \"s3:GetBucketLocation\",\n        \"s3:GetBucketAcl\",\n        \"s3:DeleteObject\"\n      ],\n      \"Resource\": [\n        \"arn:aws:s3:::akerl-keys/*\",\n        \"arn:aws:s3:::akerl-keys\"\n      ]\n    }\n  ]\n}",
                            "user": "circleci-akerl-keys"
                        },
                        "meta": {},
                        "tainted": false
                    },
                    "deposed": [],
                    "provider": "provider.aws"
                },
                "awscreds_iam_access_key.circleci-key": {
                    "type": "awscreds_iam_access_key",
                    "depends_on": [
                        "aws_iam_user.circleci"
                    ],
                    "primary": {
                        "id": "AKIAIIIKWAHHZ7VZOYUQ",
                        "attributes": {
                            "file": "creds/circleci-akerl-keys",
                            "id": "AKIAIIIKWAHHZ7VZOYUQ",
                            "secret": "",
                            "ses_smtp_password": "",
                            "status": "Active",
                            "user": "circleci-akerl-keys"
                        },
                        "meta": {},
                        "tainted": false
                    },
                    "deposed": [],
                    "provider": "provider.awscreds"
                },
                "data.aws_iam_policy_document.publish": {
                    "type": "aws_iam_policy_document",
                    "depends_on": [],
                    "primary": {
                        "id": "196588158",
                        "attributes": {
                            "id": "196588158",
                            "json": "{\n  \"Version\": \"2012-10-17\",\n  \"Statement\": [\n    {\n      \"Sid\": \"\",\n      \"Effect\": \"Allow\",\n      \"Action\": [\n        \"s3:PutObject\",\n        \"s3:ListBucket\",\n        \"s3:ListAllMyBuckets\",\n        \"s3:GetObjectAcl\",\n        \"s3:GetObject\",\n        \"s3:GetBucketLocation\",\n        \"s3:GetBucketAcl\",\n        \"s3:DeleteObject\"\n      ],\n      \"Resource\": [\n        \"arn:aws:s3:::akerl-keys/*\",\n        \"arn:aws:s3:::akerl-keys\"\n      ]\n    }\n  ]\n}",
                            "statement.#": "1",
                            "statement.0.actions.#": "8",
                            "statement.0.actions.2071725391": "s3:GetObject",
                            "statement.0.actions.2517836488": "s3:GetObjectAcl",
                            "statement.0.actions.3009670498": "s3:DeleteObject",
                            "statement.0.actions.315547055": "s3:PutObject",
                            "statement.0.actions.3948445924": "s3:GetBucketLocation",
                            "statement.0.actions.486976917": "s3:ListBucket",
                            "statement.0.actions.796062918": "s3:ListAllMyBuckets",
                            "statement.0.actions.845481387": "s3:GetBucketAcl",
                            "statement.0.condition.#": "0",
                            "statement.0.effect": "Allow",
                            "statement.0.not_actions.#": "0",
                            "statement.0.not_principals.#": "0",
                            "statement.0.not_resources.#": "0",
                            "statement.0.principals.#": "0",
                            "statement.0.resources.#": "2",
                            "statement.0.resources.101615626": "arn:aws:s3:::akerl-keys/*",
                            "statement.0.resources.4287219471": "arn:aws:s3:::akerl-keys",
                            "statement.0.sid": ""
                        },
                        "meta": {},
                        "tainted": false
                    },
                    "deposed": [],
                    "provider": "provider.aws"
                }
            },
            "depends_on": []
        },
        {
            "path": [
                "root",
                "amylum-repo",
                "s3-website",
                "publish-user"
            ],
            "outputs": {},
            "resources": {
                "aws_iam_user.circleci": {
                    "type": "aws_iam_user",
                    "depends_on": [],
                    "primary": {
                        "id": "circleci-amylum-repo",
                        "attributes": {
                            "arn": "arn:aws:iam::764218738161:user/circleci-amylum-repo",
                            "force_destroy": "false",
                            "id": "circleci-amylum-repo",
                            "name": "circleci-amylum-repo",
                            "path": "/",
                            "unique_id": "AIDAIG2KABB674RK6V2CS"
                        },
                        "meta": {},
                        "tainted": false
                    },
                    "deposed": [],
                    "provider": "provider.aws"
                },
                "aws_iam_user_policy.s3_publish": {
                    "type": "aws_iam_user_policy",
                    "depends_on": [
                        "aws_iam_user.circleci",
                        "data.aws_iam_policy_document.publish"
                    ],
                    "primary": {
                        "id": "circleci-amylum-repo:s3_publish",
                        "attributes": {
                            "id": "circleci-amylum-repo:s3_publish",
                            "name": "s3_publish",
                            "policy": "{\n  \"Version\": \"2012-10-17\",\n  \"Statement\": [\n    {\n      \"Sid\": \"\",\n      \"Effect\": \"Allow\",\n      \"Action\": [\n        \"s3:PutObject\",\n        \"s3:ListBucket\",\n        \"s3:ListAllMyBuckets\",\n        \"s3:GetObjectAcl\",\n        \"s3:GetObject\",\n        \"s3:GetBucketLocation\",\n        \"s3:GetBucketAcl\",\n        \"s3:DeleteObject\"\n      ],\n      \"Resource\": [\n        \"arn:aws:s3:::amylum-repo/*\",\n        \"arn:aws:s3:::amylum-repo\"\n      ]\n    }\n  ]\n}",
                            "user": "circleci-amylum-repo"
                        },
                        "meta": {},
                        "tainted": false
                    },
                    "deposed": [],
                    "provider": "provider.aws"
                },
                "awscreds_iam_access_key.circleci-key": {
                    "type": "awscreds_iam_access_key",
                    "depends_on": [
                        "aws_iam_user.circleci"
                    ],
                    "primary": {
                        "id": "AKIAJWDAR2M75GH4ESWA",
                        "attributes": {
                            "file": "creds/circleci-amylum-repo",
                            "id": "AKIAJWDAR2M75GH4ESWA",
                            "secret": "",
                            "ses_smtp_password": "",
                            "status": "Active",
                            "user": "circleci-amylum-repo"
                        },
                        "meta": {},
                        "tainted": false
                    },
                    "deposed": [],
                    "provider": "provider.awscreds"
                },
                "data.aws_iam_policy_document.publish": {
                    "type": "aws_iam_policy_document",
                    "depends_on": [],
                    "primary": {
                        "id": "1193194925",
                        "attributes": {
                            "id": "1193194925",
                            "json": "{\n  \"Version\": \"2012-10-17\",\n  \"Statement\": [\n    {\n      \"Sid\": \"\",\n      \"Effect\": \"Allow\",\n      \"Action\": [\n        \"s3:PutObject\",\n        \"s3:ListBucket\",\n        \"s3:ListAllMyBuckets\",\n        \"s3:GetObjectAcl\",\n        \"s3:GetObject\",\n        \"s3:GetBucketLocation\",\n        \"s3:GetBucketAcl\",\n        \"s3:DeleteObject\"\n      ],\n      \"Resource\": [\n        \"arn:aws:s3:::amylum-repo/*\",\n        \"arn:aws:s3:::amylum-repo\"\n      ]\n    }\n  ]\n}",
                            "statement.#": "1",
                            "statement.0.actions.#": "8",
                            "statement.0.actions.2071725391": "s3:GetObject",
                            "statement.0.actions.2517836488": "s3:GetObjectAcl",
                            "statement.0.actions.3009670498": "s3:DeleteObject",
                            "statement.0.actions.315547055": "s3:PutObject",
                            "statement.0.actions.3948445924": "s3:GetBucketLocation",
                            "statement.0.actions.486976917": "s3:ListBucket",
                            "statement.0.actions.796062918": "s3:ListAllMyBuckets",
                            "statement.0.actions.845481387": "s3:GetBucketAcl",
                            "statement.0.condition.#": "0",
                            "statement.0.effect": "Allow",
                            "statement.0.not_actions.#": "0",
                            "statement.0.not_principals.#": "0",
                            "statement.0.not_resources.#": "0",
                            "statement.0.principals.#": "0",
                            "statement.0.resources.#": "2",
                            "statement.0.resources.1673375915": "arn:aws:s3:::amylum-repo/*",
                            "statement.0.resources.2819396493": "arn:aws:s3:::amylum-repo",
                            "statement.0.sid": ""
                        },
                        "meta": {},
                        "tainted": false
                    },
                    "deposed": [],
                    "provider": "provider.aws"
                }
            },
            "depends_on": []
        },
        {
            "path": [
                "root",
                "dock0-arch",
                "hookshot",
                "publish-user"
            ],
            "outputs": {},
            "resources": {
                "aws_iam_user.circleci": {
                    "type": "aws_iam_user",
                    "depends_on": [],
                    "primary": {
                        "id": "circleci-dock0-arch",
                        "attributes": {
                            "arn": "arn:aws:iam::764218738161:user/circleci-dock0-arch",
                            "force_destroy": "false",
                            "id": "circleci-dock0-arch",
                            "name": "circleci-dock0-arch",
                            "path": "/",
                            "unique_id": "AIDAJ5CHNCKIVIGBSGHE4"
                        },
                        "meta": {},
                        "tainted": false
                    },
                    "deposed": [],
                    "provider": "provider.aws"
                },
                "aws_iam_user_policy.s3_publish": {
                    "type": "aws_iam_user_policy",
                    "depends_on": [
                        "aws_iam_user.circleci",
                        "data.aws_iam_policy_document.publish"
                    ],
                    "primary": {
                        "id": "circleci-dock0-arch:s3_publish",
                        "attributes": {
                            "id": "circleci-dock0-arch:s3_publish",
                            "name": "s3_publish",
                            "policy": "{\n  \"Version\": \"2012-10-17\",\n  \"Statement\": [\n    {\n      \"Sid\": \"\",\n      \"Effect\": \"Allow\",\n      \"Action\": [\n        \"s3:PutObject\",\n        \"s3:ListBucket\",\n        \"s3:ListAllMyBuckets\",\n        \"s3:GetObjectAcl\",\n        \"s3:GetObject\",\n        \"s3:GetBucketLocation\",\n        \"s3:GetBucketAcl\",\n        \"s3:DeleteObject\"\n      ],\n      \"Resource\": [\n        \"arn:aws:s3:::dock0-arch/*\",\n        \"arn:aws:s3:::dock0-arch\"\n      ]\n    }\n  ]\n}",
                            "user": "circleci-dock0-arch"
                        },
                        "meta": {},
                        "tainted": false
                    },
                    "deposed": [],
                    "provider": "provider.aws"
                },
                "aws_s3_bucket.publish-bucket": {
                    "type": "aws_s3_bucket",
                    "depends_on": [],
                    "primary": {
                        "id": "dock0-arch",
                        "attributes": {
                            "acceleration_status": "",
                            "acl": "private",
                            "arn": "arn:aws:s3:::dock0-arch",
                            "bucket": "dock0-arch",
                            "bucket_domain_name": "dock0-arch.s3.amazonaws.com",
                            "force_destroy": "false",
                            "hosted_zone_id": "Z3AQBSTGFYJSTF",
                            "id": "dock0-arch",
                            "logging.#": "1",
                            "logging.3219648716.target_bucket": "akerl-s3-logs",
                            "logging.3219648716.target_prefix": "dock0-arch/",
                            "region": "us-east-1",
                            "replication_configuration.#": "0",
                            "request_payer": "BucketOwner",
                            "server_side_encryption_configuration.#": "0",
                            "tags.%": "0",
                            "versioning.#": "1",
                            "versioning.0.enabled": "true",
                            "versioning.0.mfa_delete": "false",
                            "website.#": "0"
                        },
                        "meta": {},
                        "tainted": false
                    },
                    "deposed": [],
                    "provider": "provider.aws"
                },
                "awscreds_iam_access_key.circleci-key": {
                    "type": "awscreds_iam_access_key",
                    "depends_on": [
                        "aws_iam_user.circleci"
                    ],
                    "primary": {
                        "id": "AKIAIT3LHFD5TTJKTQ6Q",
                        "attributes": {
                            "file": "creds/circleci-dock0-arch",
                            "id": "AKIAIT3LHFD5TTJKTQ6Q",
                            "secret": "",
                            "ses_smtp_password": "",
                            "status": "Active",
                            "user": "circleci-dock0-arch"
                        },
                        "meta": {},
                        "tainted": false
                    },
                    "deposed": [],
                    "provider": "provider.awscreds"
                },
                "data.aws_iam_policy_document.publish": {
                    "type": "aws_iam_policy_document",
                    "depends_on": [],
                    "primary": {
                        "id": "3060168452",
                        "attributes": {
                            "id": "3060168452",
                            "json": "{\n  \"Version\": \"2012-10-17\",\n  \"Statement\": [\n    {\n      \"Sid\": \"\",\n      \"Effect\": \"Allow\",\n      \"Action\": [\n        \"s3:PutObject\",\n        \"s3:ListBucket\",\n        \"s3:ListAllMyBuckets\",\n        \"s3:GetObjectAcl\",\n        \"s3:GetObject\",\n        \"s3:GetBucketLocation\",\n        \"s3:GetBucketAcl\",\n        \"s3:DeleteObject\"\n      ],\n      \"Resource\": [\n        \"arn:aws:s3:::dock0-arch/*\",\n        \"arn:aws:s3:::dock0-arch\"\n      ]\n    }\n  ]\n}",
                            "statement.#": "1",
                            "statement.0.actions.#": "8",
                            "statement.0.actions.2071725391": "s3:GetObject",
                            "statement.0.actions.2517836488": "s3:GetObjectAcl",
                            "statement.0.actions.3009670498": "s3:DeleteObject",
                            "statement.0.actions.315547055": "s3:PutObject",
                            "statement.0.actions.3948445924": "s3:GetBucketLocation",
                            "statement.0.actions.486976917": "s3:ListBucket",
                            "statement.0.actions.796062918": "s3:ListAllMyBuckets",
                            "statement.0.actions.845481387": "s3:GetBucketAcl",
                            "statement.0.condition.#": "0",
                            "statement.0.effect": "Allow",
                            "statement.0.not_actions.#": "0",
                            "statement.0.not_principals.#": "0",
                            "statement.0.not_resources.#": "0",
                            "statement.0.principals.#": "0",
                            "statement.0.resources.#": "2",
                            "statement.0.resources.1280803269": "arn:aws:s3:::dock0-arch",
                            "statement.0.resources.2829377717": "arn:aws:s3:::dock0-arch/*",
                            "statement.0.sid": ""
                        },
                        "meta": {},
                        "tainted": false
                    },
                    "deposed": [],
                    "provider": "provider.aws"
                }
            },
            "depends_on": []
        }
    ]
}
