{
    "version": 3,
    "terraform_version": "0.9.8",
    "serial": 143,
    "lineage": "6a6e3f47-d4c8-46eb-a34e-885062b7c62a",
    "modules": [
        {
            "path": [
                "root"
            ],
            "outputs": {},
            "resources": {},
            "depends_on": []
        },
        {
            "path": [
                "root",
                "a_rwx_org"
            ],
            "outputs": {
                "zone_id": {
                    "sensitive": false,
                    "type": "string",
                    "value": "Z2Z19QFI9KE096"
                }
            },
            "resources": {},
            "depends_on": []
        },
        {
            "path": [
                "root",
                "account"
            ],
            "outputs": {
                "logging-bucket": {
                    "sensitive": false,
                    "type": "string",
                    "value": "akerl-s3-logs"
                }
            },
            "resources": {
                "aws_cloudtrail.main-trail": {
                    "type": "aws_cloudtrail",
                    "depends_on": [
                        "aws_s3_bucket.main-trail"
                    ],
                    "primary": {
                        "id": "main-trail",
                        "attributes": {
                            "arn": "arn:aws:cloudtrail:us-east-1:764218738161:trail/main-trail",
                            "cloud_watch_logs_group_arn": "",
                            "cloud_watch_logs_role_arn": "",
                            "enable_log_file_validation": "true",
                            "enable_logging": "true",
                            "home_region": "us-east-1",
                            "id": "main-trail",
                            "include_global_service_events": "true",
                            "is_multi_region_trail": "true",
                            "kms_key_id": "",
                            "name": "main-trail",
                            "s3_bucket_name": "akerl-cloudtrail",
                            "s3_key_prefix": "",
                            "sns_topic_name": "",
                            "tags.%": "0"
                        },
                        "meta": {},
                        "tainted": false
                    },
                    "deposed": [],
                    "provider": ""
                },
                "aws_cloudwatch_metric_alarm.billing-alarm": {
                    "type": "aws_cloudwatch_metric_alarm",
                    "depends_on": [
                        "aws_sns_topic.billing-notif"
                    ],
                    "primary": {
                        "id": "billing-alarm",
                        "attributes": {
                            "actions_enabled": "true",
                            "alarm_actions.#": "1",
                            "alarm_actions.3019211877": "arn:aws:sns:us-east-1:764218738161:billing-notif",
                            "alarm_description": "Check for billing spikes",
                            "alarm_name": "billing-alarm",
                            "comparison_operator": "GreaterThanThreshold",
                            "dimensions.%": "1",
                            "dimensions.Currency": "USD",
                            "evaluate_low_sample_count_percentiles": "",
                            "evaluation_periods": "2",
                            "extended_statistic": "",
                            "id": "billing-alarm",
                            "insufficient_data_actions.#": "0",
                            "metric_name": "EstimatedCharges",
                            "namespace": "AWS/Billing",
                            "ok_actions.#": "0",
                            "period": "3600",
                            "statistic": "Maximum",
                            "threshold": "20",
                            "treat_missing_data": "missing",
                            "unit": ""
                        },
                        "meta": {
                            "schema_version": "1"
                        },
                        "tainted": false
                    },
                    "deposed": [],
                    "provider": ""
                },
                "aws_iam_account_password_policy.strict": {
                    "type": "aws_iam_account_password_policy",
                    "depends_on": [],
                    "primary": {
                        "id": "iam-account-password-policy",
                        "attributes": {
                            "allow_users_to_change_password": "true",
                            "expire_passwords": "false",
                            "hard_expiry": "false",
                            "id": "iam-account-password-policy",
                            "max_password_age": "0",
                            "minimum_password_length": "32",
                            "password_reuse_prevention": "24",
                            "require_lowercase_characters": "true",
                            "require_numbers": "true",
                            "require_symbols": "true",
                            "require_uppercase_characters": "true"
                        },
                        "meta": {},
                        "tainted": false
                    },
                    "deposed": [],
                    "provider": ""
                },
                "aws_s3_bucket.logging": {
                    "type": "aws_s3_bucket",
                    "depends_on": [],
                    "primary": {
                        "id": "akerl-s3-logs",
                        "attributes": {
                            "acceleration_status": "",
                            "acl": "log-delivery-write",
                            "arn": "arn:aws:s3:::akerl-s3-logs",
                            "bucket": "akerl-s3-logs",
                            "bucket_domain_name": "akerl-s3-logs.s3.amazonaws.com",
                            "force_destroy": "false",
                            "hosted_zone_id": "Z3AQBSTGFYJSTF",
                            "id": "akerl-s3-logs",
                            "logging.#": "0",
                            "policy": "",
                            "region": "us-east-1",
                            "request_payer": "BucketOwner",
                            "tags.%": "0",
                            "versioning.#": "1",
                            "versioning.0.enabled": "true",
                            "versioning.0.mfa_delete": "false",
                            "website.#": "0"
                        },
                        "meta": {},
                        "tainted": false
                    },
                    "deposed": [],
                    "provider": ""
                },
                "aws_s3_bucket.main-trail": {
                    "type": "aws_s3_bucket",
                    "depends_on": [],
                    "primary": {
                        "id": "akerl-cloudtrail",
                        "attributes": {
                            "acceleration_status": "",
                            "acl": "private",
                            "arn": "arn:aws:s3:::akerl-cloudtrail",
                            "bucket": "akerl-cloudtrail",
                            "bucket_domain_name": "akerl-cloudtrail.s3.amazonaws.com",
                            "force_destroy": "false",
                            "hosted_zone_id": "Z3AQBSTGFYJSTF",
                            "id": "akerl-cloudtrail",
                            "logging.#": "0",
                            "policy": "{\"Statement\":[{\"Action\":\"s3:GetBucketAcl\",\"Effect\":\"Allow\",\"Principal\":{\"Service\":\"cloudtrail.amazonaws.com\"},\"Resource\":\"arn:aws:s3:::akerl-cloudtrail\",\"Sid\":\"AWSCloudTrailAclCheck\"},{\"Action\":\"s3:PutObject\",\"Condition\":{\"StringEquals\":{\"s3:x-amz-acl\":\"bucket-owner-full-control\"}},\"Effect\":\"Allow\",\"Principal\":{\"Service\":\"cloudtrail.amazonaws.com\"},\"Resource\":\"arn:aws:s3:::akerl-cloudtrail/*\",\"Sid\":\"AWSCloudTrailWrite\"}],\"Version\":\"2012-10-17\"}",
                            "region": "us-east-1",
                            "request_payer": "BucketOwner",
                            "tags.%": "0",
                            "versioning.#": "1",
                            "versioning.0.enabled": "false",
                            "versioning.0.mfa_delete": "false",
                            "website.#": "0"
                        },
                        "meta": {},
                        "tainted": false
                    },
                    "deposed": [],
                    "provider": ""
                },
                "aws_sns_topic.billing-notif": {
                    "type": "aws_sns_topic",
                    "depends_on": [],
                    "primary": {
                        "id": "arn:aws:sns:us-east-1:764218738161:billing-notif",
                        "attributes": {
                            "arn": "arn:aws:sns:us-east-1:764218738161:billing-notif",
                            "display_name": "",
                            "id": "arn:aws:sns:us-east-1:764218738161:billing-notif",
                            "name": "billing-notif",
                            "policy": "{\"Id\":\"__default_policy_ID\",\"Statement\":[{\"Action\":[\"SNS:GetTopicAttributes\",\"SNS:SetTopicAttributes\",\"SNS:AddPermission\",\"SNS:RemovePermission\",\"SNS:DeleteTopic\",\"SNS:Subscribe\",\"SNS:ListSubscriptionsByTopic\",\"SNS:Publish\",\"SNS:Receive\"],\"Condition\":{\"StringEquals\":{\"AWS:SourceOwner\":\"764218738161\"}},\"Effect\":\"Allow\",\"Principal\":{\"AWS\":\"*\"},\"Resource\":\"arn:aws:sns:us-east-1:764218738161:billing-notif\",\"Sid\":\"__default_statement_ID\"}],\"Version\":\"2008-10-17\"}"
                        },
                        "meta": {},
                        "tainted": false
                    },
                    "deposed": [],
                    "provider": ""
                }
            },
            "depends_on": []
        },
        {
            "path": [
                "root",
                "akerl-aws-account"
            ],
            "outputs": {},
            "resources": {
                "aws_iam_user.circleci": {
                    "type": "aws_iam_user",
                    "depends_on": [],
                    "primary": {
                        "id": "akerl-aws-account-circleci",
                        "attributes": {
                            "arn": "arn:aws:iam::764218738161:user/akerl-aws-account-circleci",
                            "force_destroy": "false",
                            "id": "akerl-aws-account-circleci",
                            "name": "akerl-aws-account-circleci",
                            "path": "/",
                            "unique_id": "AIDAJDI7CBGYHXU6IGN7C"
                        },
                        "meta": {},
                        "tainted": false
                    },
                    "deposed": [],
                    "provider": ""
                },
                "aws_iam_user_policy.terraform-planner": {
                    "type": "aws_iam_user_policy",
                    "depends_on": [
                        "aws_iam_user.circleci",
                        "data.aws_iam_policy_document.terraform-planner"
                    ],
                    "primary": {
                        "id": "akerl-aws-account-circleci:terraform-planner",
                        "attributes": {
                            "id": "akerl-aws-account-circleci:terraform-planner",
                            "name": "terraform-planner",
                            "policy": "{\n  \"Version\": \"2012-10-17\",\n  \"Statement\": [\n    {\n      \"Sid\": \"\",\n      \"Effect\": \"Allow\",\n      \"Action\": [\n        \"sns:Get*\",\n        \"s3:ListBucket\",\n        \"s3:ListAllMyBuckets\",\n        \"s3:GetReplicationConfiguration\",\n        \"s3:GetLifecycleConfiguration\",\n        \"s3:GetBucket*\",\n        \"s3:GetAccelerateConfiguration\",\n        \"route53:List*\",\n        \"route53:Get*\",\n        \"iam:List*\",\n        \"iam:Get*\",\n        \"cloudwatch:Describe*\",\n        \"cloudtrail:List*\",\n        \"cloudtrail:Get*\",\n        \"cloudtrail:Describe*\",\n        \"cloudfront:List*\",\n        \"cloudfront:Get*\"\n      ],\n      \"Resource\": \"*\"\n    }\n  ]\n}",
                            "user": "akerl-aws-account-circleci"
                        },
                        "meta": {},
                        "tainted": false
                    },
                    "deposed": [],
                    "provider": ""
                },
                "awscreds_iam_access_key.circleci-key": {
                    "type": "awscreds_iam_access_key",
                    "depends_on": [
                        "aws_iam_user.circleci"
                    ],
                    "primary": {
                        "id": "AKIAIUMB2JLIKOOQB4XA",
                        "attributes": {
                            "file": "creds/akerl-aws-account-circleci",
                            "id": "AKIAIUMB2JLIKOOQB4XA",
                            "secret": "",
                            "ses_smtp_password": "",
                            "status": "Active",
                            "user": "akerl-aws-account-circleci"
                        },
                        "meta": {},
                        "tainted": false
                    },
                    "deposed": [],
                    "provider": ""
                },
                "data.aws_iam_policy_document.terraform-planner": {
                    "type": "aws_iam_policy_document",
                    "depends_on": [],
                    "primary": {
                        "id": "1004771635",
                        "attributes": {
                            "id": "1004771635",
                            "json": "{\n  \"Version\": \"2012-10-17\",\n  \"Statement\": [\n    {\n      \"Sid\": \"\",\n      \"Effect\": \"Allow\",\n      \"Action\": [\n        \"sns:Get*\",\n        \"s3:ListBucket\",\n        \"s3:ListAllMyBuckets\",\n        \"s3:GetReplicationConfiguration\",\n        \"s3:GetLifecycleConfiguration\",\n        \"s3:GetBucket*\",\n        \"s3:GetAccelerateConfiguration\",\n        \"route53:List*\",\n        \"route53:Get*\",\n        \"iam:List*\",\n        \"iam:Get*\",\n        \"cloudwatch:Describe*\",\n        \"cloudtrail:List*\",\n        \"cloudtrail:Get*\",\n        \"cloudtrail:Describe*\",\n        \"cloudfront:List*\",\n        \"cloudfront:Get*\"\n      ],\n      \"Resource\": \"*\"\n    }\n  ]\n}",
                            "statement.#": "1",
                            "statement.0.actions.#": "17",
                            "statement.0.actions.1303906083": "route53:List*",
                            "statement.0.actions.1390412377": "s3:GetBucket*",
                            "statement.0.actions.1794484843": "s3:GetReplicationConfiguration",
                            "statement.0.actions.1942864761": "route53:Get*",
                            "statement.0.actions.1999404577": "cloudfront:Get*",
                            "statement.0.actions.2323439281": "s3:GetAccelerateConfiguration",
                            "statement.0.actions.2960554739": "cloudtrail:Describe*",
                            "statement.0.actions.3661080708": "iam:List*",
                            "statement.0.actions.394265353": "cloudtrail:Get*",
                            "statement.0.actions.401159279": "cloudwatch:Describe*",
                            "statement.0.actions.4100473182": "s3:GetLifecycleConfiguration",
                            "statement.0.actions.4187279778": "sns:Get*",
                            "statement.0.actions.486976917": "s3:ListBucket",
                            "statement.0.actions.500775903": "cloudtrail:List*",
                            "statement.0.actions.671891288": "cloudfront:List*",
                            "statement.0.actions.784067698": "iam:Get*",
                            "statement.0.actions.796062918": "s3:ListAllMyBuckets",
                            "statement.0.condition.#": "0",
                            "statement.0.effect": "Allow",
                            "statement.0.not_actions.#": "0",
                            "statement.0.not_principals.#": "0",
                            "statement.0.not_resources.#": "0",
                            "statement.0.principals.#": "0",
                            "statement.0.resources.#": "1",
                            "statement.0.resources.2679715827": "*",
                            "statement.0.sid": ""
                        },
                        "meta": {},
                        "tainted": false
                    },
                    "deposed": [],
                    "provider": ""
                }
            },
            "depends_on": []
        },
        {
            "path": [
                "root",
                "akerl-blog"
            ],
            "outputs": {},
            "resources": {
                "aws_cloudfront_distribution.blog_distribution": {
                    "type": "aws_cloudfront_distribution",
                    "depends_on": [
                        "aws_s3_bucket.file-bucket"
                    ],
                    "primary": {
                        "id": "E25X7XETU1AI20",
                        "attributes": {
                            "active_trusted_signers.%": "2",
                            "active_trusted_signers.enabled": "false",
                            "active_trusted_signers.items.#": "0",
                            "aliases.#": "1",
                            "aliases.2457523478": "blog.akerl.org",
                            "arn": "arn:aws:cloudfront::764218738161:distribution/E25X7XETU1AI20",
                            "cache_behavior.#": "0",
                            "caller_reference": "2016-09-14T11:49:10.073436535-04:00",
                            "custom_error_response.#": "0",
                            "default_cache_behavior.#": "1",
                            "default_cache_behavior.1985700601.allowed_methods.#": "2",
                            "default_cache_behavior.1985700601.allowed_methods.0": "HEAD",
                            "default_cache_behavior.1985700601.allowed_methods.1": "GET",
                            "default_cache_behavior.1985700601.cached_methods.#": "2",
                            "default_cache_behavior.1985700601.cached_methods.0": "HEAD",
                            "default_cache_behavior.1985700601.cached_methods.1": "GET",
                            "default_cache_behavior.1985700601.compress": "true",
                            "default_cache_behavior.1985700601.default_ttl": "300",
                            "default_cache_behavior.1985700601.forwarded_values.#": "1",
                            "default_cache_behavior.1985700601.forwarded_values.2759845635.cookies.#": "1",
                            "default_cache_behavior.1985700601.forwarded_values.2759845635.cookies.2625240281.forward": "none",
                            "default_cache_behavior.1985700601.forwarded_values.2759845635.cookies.2625240281.whitelisted_names.#": "0",
                            "default_cache_behavior.1985700601.forwarded_values.2759845635.headers.#": "0",
                            "default_cache_behavior.1985700601.forwarded_values.2759845635.query_string": "false",
                            "default_cache_behavior.1985700601.forwarded_values.2759845635.query_string_cache_keys.#": "0",
                            "default_cache_behavior.1985700601.lambda_function_association.#": "0",
                            "default_cache_behavior.1985700601.max_ttl": "300",
                            "default_cache_behavior.1985700601.min_ttl": "0",
                            "default_cache_behavior.1985700601.smooth_streaming": "false",
                            "default_cache_behavior.1985700601.target_origin_id": "blog-bucket",
                            "default_cache_behavior.1985700601.trusted_signers.#": "0",
                            "default_cache_behavior.1985700601.viewer_protocol_policy": "redirect-to-https",
                            "default_root_object": "index.html",
                            "domain_name": "dvw7pswcn4cfg.cloudfront.net",
                            "enabled": "true",
                            "etag": "E12QCR3E6PXVD7",
                            "hosted_zone_id": "Z2FDTNDATAQYW2",
                            "http_version": "http2",
                            "id": "E25X7XETU1AI20",
                            "in_progress_validation_batches": "0",
                            "is_ipv6_enabled": "false",
                            "last_modified_time": "2016-10-07 02:44:28.215 +0000 UTC",
                            "logging_config.#": "1",
                            "logging_config.2942440303.bucket": "akerl-s3-logs.s3.amazonaws.com",
                            "logging_config.2942440303.include_cookies": "false",
                            "logging_config.2942440303.prefix": "akerl-blog-cdn/",
                            "origin.#": "1",
                            "origin.2377019964.custom_header.#": "0",
                            "origin.2377019964.custom_origin_config.#": "1",
                            "origin.2377019964.custom_origin_config.1702400468.http_port": "80",
                            "origin.2377019964.custom_origin_config.1702400468.https_port": "443",
                            "origin.2377019964.custom_origin_config.1702400468.origin_keepalive_timeout": "5",
                            "origin.2377019964.custom_origin_config.1702400468.origin_protocol_policy": "http-only",
                            "origin.2377019964.custom_origin_config.1702400468.origin_read_timeout": "30",
                            "origin.2377019964.custom_origin_config.1702400468.origin_ssl_protocols.#": "3",
                            "origin.2377019964.custom_origin_config.1702400468.origin_ssl_protocols.0": "TLSv1",
                            "origin.2377019964.custom_origin_config.1702400468.origin_ssl_protocols.1": "TLSv1.1",
                            "origin.2377019964.custom_origin_config.1702400468.origin_ssl_protocols.2": "TLSv1.2",
                            "origin.2377019964.domain_name": "akerl-blog.s3-website-us-east-1.amazonaws.com",
                            "origin.2377019964.origin_id": "blog-bucket",
                            "origin.2377019964.origin_path": "",
                            "origin.2377019964.s3_origin_config.#": "0",
                            "price_class": "PriceClass_100",
                            "restrictions.#": "1",
                            "restrictions.1097372288.geo_restriction.#": "1",
                            "restrictions.1097372288.geo_restriction.2625240281.locations.#": "0",
                            "restrictions.1097372288.geo_restriction.2625240281.restriction_type": "none",
                            "retain_on_delete": "false",
                            "status": "Deployed",
                            "tags.%": "0",
                            "viewer_certificate.#": "1",
                            "viewer_certificate.1602682105.acm_certificate_arn": "arn:aws:acm:us-east-1:764218738161:certificate/90048130-4680-45e3-aa7a-2ccfbcb0c2ff",
                            "viewer_certificate.1602682105.cloudfront_default_certificate": "false",
                            "viewer_certificate.1602682105.iam_certificate_id": "",
                            "viewer_certificate.1602682105.minimum_protocol_version": "TLSv1",
                            "viewer_certificate.1602682105.ssl_support_method": "sni-only",
                            "web_acl_id": ""
                        },
                        "meta": {},
                        "tainted": false
                    },
                    "deposed": [],
                    "provider": ""
                },
                "aws_cloudfront_distribution.redirect_distribution": {
                    "type": "aws_cloudfront_distribution",
                    "depends_on": [
                        "aws_s3_bucket.redirect-bucket"
                    ],
                    "primary": {
                        "id": "E2GA04NOQ30KBV",
                        "attributes": {
                            "active_trusted_signers.%": "2",
                            "active_trusted_signers.enabled": "false",
                            "active_trusted_signers.items.#": "0",
                            "aliases.#": "14",
                            "aliases.1288416212": "lesaker.org",
                            "aliases.1516820402": "lesaker.com",
                            "aliases.1577856700": "www.a-rwx.org",
                            "aliases.1599199520": "scrtybybscrty.org",
                            "aliases.1858864836": "www.id-ed25519.pub",
                            "aliases.2796100132": "a-rwx.org",
                            "aliases.3230243585": "www.akerl.com",
                            "aliases.3259292592": "www.lesaker.com",
                            "aliases.3465374948": "www.scrtybybscrty.org",
                            "aliases.3571951574": "www.lesaker.org",
                            "aliases.3593135975": "www.akerl.org",
                            "aliases.4079350237": "id-ed25519.pub",
                            "aliases.781177855": "akerl.org",
                            "aliases.942452633": "akerl.com",
                            "arn": "arn:aws:cloudfront::764218738161:distribution/E2GA04NOQ30KBV",
                            "cache_behavior.#": "0",
                            "caller_reference": "2016-09-14T17:49:06.981798011-04:00",
                            "custom_error_response.#": "0",
                            "default_cache_behavior.#": "1",
                            "default_cache_behavior.2219766909.allowed_methods.#": "2",
                            "default_cache_behavior.2219766909.allowed_methods.0": "HEAD",
                            "default_cache_behavior.2219766909.allowed_methods.1": "GET",
                            "default_cache_behavior.2219766909.cached_methods.#": "2",
                            "default_cache_behavior.2219766909.cached_methods.0": "HEAD",
                            "default_cache_behavior.2219766909.cached_methods.1": "GET",
                            "default_cache_behavior.2219766909.compress": "true",
                            "default_cache_behavior.2219766909.default_ttl": "300",
                            "default_cache_behavior.2219766909.forwarded_values.#": "1",
                            "default_cache_behavior.2219766909.forwarded_values.2759845635.cookies.#": "1",
                            "default_cache_behavior.2219766909.forwarded_values.2759845635.cookies.2625240281.forward": "none",
                            "default_cache_behavior.2219766909.forwarded_values.2759845635.cookies.2625240281.whitelisted_names.#": "0",
                            "default_cache_behavior.2219766909.forwarded_values.2759845635.headers.#": "0",
                            "default_cache_behavior.2219766909.forwarded_values.2759845635.query_string": "false",
                            "default_cache_behavior.2219766909.forwarded_values.2759845635.query_string_cache_keys.#": "0",
                            "default_cache_behavior.2219766909.lambda_function_association.#": "0",
                            "default_cache_behavior.2219766909.max_ttl": "300",
                            "default_cache_behavior.2219766909.min_ttl": "0",
                            "default_cache_behavior.2219766909.smooth_streaming": "false",
                            "default_cache_behavior.2219766909.target_origin_id": "redirect-bucket",
                            "default_cache_behavior.2219766909.trusted_signers.#": "0",
                            "default_cache_behavior.2219766909.viewer_protocol_policy": "redirect-to-https",
                            "default_root_object": "",
                            "domain_name": "d3c22u04feroyw.cloudfront.net",
                            "enabled": "true",
                            "etag": "EMPM4DATD1HSK",
                            "hosted_zone_id": "Z2FDTNDATAQYW2",
                            "http_version": "http2",
                            "id": "E2GA04NOQ30KBV",
                            "in_progress_validation_batches": "0",
                            "is_ipv6_enabled": "false",
                            "last_modified_time": "2017-02-11 19:55:07.092 +0000 UTC",
                            "logging_config.#": "1",
                            "logging_config.3634125634.bucket": "akerl-s3-logs.s3.amazonaws.com",
                            "logging_config.3634125634.include_cookies": "false",
                            "logging_config.3634125634.prefix": "akerl-blog-redirect-cdn",
                            "origin.#": "1",
                            "origin.2942019192.custom_header.#": "0",
                            "origin.2942019192.custom_origin_config.#": "1",
                            "origin.2942019192.custom_origin_config.1702400468.http_port": "80",
                            "origin.2942019192.custom_origin_config.1702400468.https_port": "443",
                            "origin.2942019192.custom_origin_config.1702400468.origin_keepalive_timeout": "5",
                            "origin.2942019192.custom_origin_config.1702400468.origin_protocol_policy": "http-only",
                            "origin.2942019192.custom_origin_config.1702400468.origin_read_timeout": "30",
                            "origin.2942019192.custom_origin_config.1702400468.origin_ssl_protocols.#": "3",
                            "origin.2942019192.custom_origin_config.1702400468.origin_ssl_protocols.0": "TLSv1",
                            "origin.2942019192.custom_origin_config.1702400468.origin_ssl_protocols.1": "TLSv1.1",
                            "origin.2942019192.custom_origin_config.1702400468.origin_ssl_protocols.2": "TLSv1.2",
                            "origin.2942019192.domain_name": "akerl-blog-redirect.s3-website-us-east-1.amazonaws.com",
                            "origin.2942019192.origin_id": "redirect-bucket",
                            "origin.2942019192.origin_path": "",
                            "origin.2942019192.s3_origin_config.#": "0",
                            "price_class": "PriceClass_100",
                            "restrictions.#": "1",
                            "restrictions.1097372288.geo_restriction.#": "1",
                            "restrictions.1097372288.geo_restriction.2625240281.locations.#": "0",
                            "restrictions.1097372288.geo_restriction.2625240281.restriction_type": "none",
                            "retain_on_delete": "false",
                            "status": "Deployed",
                            "tags.%": "0",
                            "viewer_certificate.#": "1",
                            "viewer_certificate.1602682105.acm_certificate_arn": "arn:aws:acm:us-east-1:764218738161:certificate/90048130-4680-45e3-aa7a-2ccfbcb0c2ff",
                            "viewer_certificate.1602682105.cloudfront_default_certificate": "false",
                            "viewer_certificate.1602682105.iam_certificate_id": "",
                            "viewer_certificate.1602682105.minimum_protocol_version": "TLSv1",
                            "viewer_certificate.1602682105.ssl_support_method": "sni-only",
                            "web_acl_id": ""
                        },
                        "meta": {},
                        "tainted": false
                    },
                    "deposed": [],
                    "provider": ""
                },
                "aws_iam_user.circleci": {
                    "type": "aws_iam_user",
                    "depends_on": [],
                    "primary": {
                        "id": "akerl-blog-circleci",
                        "attributes": {
                            "arn": "arn:aws:iam::764218738161:user/akerl-blog-circleci",
                            "force_destroy": "false",
                            "id": "akerl-blog-circleci",
                            "name": "akerl-blog-circleci",
                            "path": "/",
                            "unique_id": "AIDAJSEU6VTSN7ATPSRBQ"
                        },
                        "meta": {},
                        "tainted": false
                    },
                    "deposed": [],
                    "provider": ""
                },
                "aws_iam_user_policy.blogupdater": {
                    "type": "aws_iam_user_policy",
                    "depends_on": [
                        "aws_iam_user.circleci",
                        "data.aws_iam_policy_document.blogupdater"
                    ],
                    "primary": {
                        "id": "akerl-blog-circleci:blogupdater",
                        "attributes": {
                            "id": "akerl-blog-circleci:blogupdater",
                            "name": "blogupdater",
                            "policy": "{\n  \"Version\": \"2012-10-17\",\n  \"Statement\": [\n    {\n      \"Sid\": \"\",\n      \"Effect\": \"Allow\",\n      \"Action\": [\n        \"s3:PutObject\",\n        \"s3:ListBucket\",\n        \"s3:ListAllMyBuckets\",\n        \"s3:GetObjectAcl\",\n        \"s3:GetObject\",\n        \"s3:GetBucketLocation\",\n        \"s3:GetBucketAcl\",\n        \"s3:DeleteObject\"\n      ],\n      \"Resource\": [\n        \"arn:aws:s3:::akerl-blog/*\",\n        \"arn:aws:s3:::akerl-blog\"\n      ]\n    }\n  ]\n}",
                            "user": "akerl-blog-circleci"
                        },
                        "meta": {},
                        "tainted": false
                    },
                    "deposed": [],
                    "provider": ""
                },
                "aws_s3_bucket.file-bucket": {
                    "type": "aws_s3_bucket",
                    "depends_on": [
                        "data.aws_iam_policy_document.file-bucket-read-access"
                    ],
                    "primary": {
                        "id": "akerl-blog",
                        "attributes": {
                            "acceleration_status": "",
                            "acl": "private",
                            "arn": "arn:aws:s3:::akerl-blog",
                            "bucket": "akerl-blog",
                            "bucket_domain_name": "akerl-blog.s3.amazonaws.com",
                            "force_destroy": "false",
                            "hosted_zone_id": "Z3AQBSTGFYJSTF",
                            "id": "akerl-blog",
                            "logging.#": "1",
                            "logging.2158441842.target_bucket": "akerl-s3-logs",
                            "logging.2158441842.target_prefix": "akerl-blog/",
                            "policy": "{\"Statement\":[{\"Action\":\"s3:GetObject\",\"Effect\":\"Allow\",\"Principal\":\"*\",\"Resource\":\"arn:aws:s3:::akerl-blog/*\",\"Sid\":\"\"}],\"Version\":\"2012-10-17\"}",
                            "region": "us-east-1",
                            "request_payer": "BucketOwner",
                            "tags.%": "0",
                            "versioning.#": "1",
                            "versioning.0.enabled": "true",
                            "versioning.0.mfa_delete": "false",
                            "website.#": "1",
                            "website.0.error_document": "404/index.html",
                            "website.0.index_document": "index.html",
                            "website.0.redirect_all_requests_to": "",
                            "website.0.routing_rules": "",
                            "website_domain": "s3-website-us-east-1.amazonaws.com",
                            "website_endpoint": "akerl-blog.s3-website-us-east-1.amazonaws.com"
                        },
                        "meta": {},
                        "tainted": false
                    },
                    "deposed": [],
                    "provider": ""
                },
                "aws_s3_bucket.redirect-bucket": {
                    "type": "aws_s3_bucket",
                    "depends_on": [
                        "data.aws_iam_policy_document.redirect-bucket-read-access"
                    ],
                    "primary": {
                        "id": "akerl-blog-redirect",
                        "attributes": {
                            "acceleration_status": "",
                            "acl": "private",
                            "arn": "arn:aws:s3:::akerl-blog-redirect",
                            "bucket": "akerl-blog-redirect",
                            "bucket_domain_name": "akerl-blog-redirect.s3.amazonaws.com",
                            "force_destroy": "false",
                            "hosted_zone_id": "Z3AQBSTGFYJSTF",
                            "id": "akerl-blog-redirect",
                            "logging.#": "1",
                            "logging.525726922.target_bucket": "akerl-s3-logs",
                            "logging.525726922.target_prefix": "akerl-blog-redirect/",
                            "policy": "{\"Statement\":[{\"Action\":\"s3:GetObject\",\"Effect\":\"Allow\",\"Principal\":\"*\",\"Resource\":\"arn:aws:s3:::akerl-blog-redirect/*\",\"Sid\":\"\"}],\"Version\":\"2012-10-17\"}",
                            "region": "us-east-1",
                            "request_payer": "BucketOwner",
                            "tags.%": "0",
                            "versioning.#": "1",
                            "versioning.0.enabled": "true",
                            "versioning.0.mfa_delete": "false",
                            "website.#": "1",
                            "website.0.error_document": "",
                            "website.0.index_document": "",
                            "website.0.redirect_all_requests_to": "https://blog.akerl.org",
                            "website.0.routing_rules": "",
                            "website_domain": "s3-website-us-east-1.amazonaws.com",
                            "website_endpoint": "akerl-blog-redirect.s3-website-us-east-1.amazonaws.com"
                        },
                        "meta": {},
                        "tainted": false
                    },
                    "deposed": [],
                    "provider": ""
                },
                "awscreds_iam_access_key.circleci-key": {
                    "type": "awscreds_iam_access_key",
                    "depends_on": [
                        "aws_iam_user.circleci"
                    ],
                    "primary": {
                        "id": "AKIAI525JZUHKUMHICXA",
                        "attributes": {
                            "file": "creds/akerl-blog-circleci",
                            "id": "AKIAI525JZUHKUMHICXA",
                            "secret": "",
                            "ses_smtp_password": "",
                            "status": "Active",
                            "user": "akerl-blog-circleci"
                        },
                        "meta": {},
                        "tainted": false
                    },
                    "deposed": [],
                    "provider": ""
                },
                "data.aws_iam_policy_document.blogupdater": {
                    "type": "aws_iam_policy_document",
                    "depends_on": [
                        "aws_s3_bucket.file-bucket"
                    ],
                    "primary": {
                        "id": "2135601489",
                        "attributes": {
                            "id": "2135601489",
                            "json": "{\n  \"Version\": \"2012-10-17\",\n  \"Statement\": [\n    {\n      \"Sid\": \"\",\n      \"Effect\": \"Allow\",\n      \"Action\": [\n        \"s3:PutObject\",\n        \"s3:ListBucket\",\n        \"s3:ListAllMyBuckets\",\n        \"s3:GetObjectAcl\",\n        \"s3:GetObject\",\n        \"s3:GetBucketLocation\",\n        \"s3:GetBucketAcl\",\n        \"s3:DeleteObject\"\n      ],\n      \"Resource\": [\n        \"arn:aws:s3:::akerl-blog/*\",\n        \"arn:aws:s3:::akerl-blog\"\n      ]\n    }\n  ]\n}",
                            "statement.#": "1",
                            "statement.0.actions.#": "8",
                            "statement.0.actions.2071725391": "s3:GetObject",
                            "statement.0.actions.2517836488": "s3:GetObjectAcl",
                            "statement.0.actions.3009670498": "s3:DeleteObject",
                            "statement.0.actions.315547055": "s3:PutObject",
                            "statement.0.actions.3948445924": "s3:GetBucketLocation",
                            "statement.0.actions.486976917": "s3:ListBucket",
                            "statement.0.actions.796062918": "s3:ListAllMyBuckets",
                            "statement.0.actions.845481387": "s3:GetBucketAcl",
                            "statement.0.condition.#": "0",
                            "statement.0.effect": "Allow",
                            "statement.0.not_actions.#": "0",
                            "statement.0.not_principals.#": "0",
                            "statement.0.not_resources.#": "0",
                            "statement.0.principals.#": "0",
                            "statement.0.resources.#": "2",
                            "statement.0.resources.2218934011": "arn:aws:s3:::akerl-blog/*",
                            "statement.0.resources.3113542243": "arn:aws:s3:::akerl-blog",
                            "statement.0.sid": ""
                        },
                        "meta": {},
                        "tainted": false
                    },
                    "deposed": [],
                    "provider": ""
                },
                "data.aws_iam_policy_document.bucket-read-access": {
                    "type": "aws_iam_policy_document",
                    "depends_on": [],
                    "primary": {
                        "id": "3293655752",
                        "attributes": {
                            "id": "3293655752",
                            "json": "{\n  \"Version\": \"2012-10-17\",\n  \"Statement\": [\n    {\n      \"Sid\": \"\",\n      \"Effect\": \"Allow\",\n      \"Action\": \"s3:GetObject\",\n      \"Resource\": \"arn:aws:s3:::*\",\n      \"Principal\": \"*\"\n    }\n  ]\n}",
                            "statement.#": "1",
                            "statement.0.actions.#": "1",
                            "statement.0.actions.2071725391": "s3:GetObject",
                            "statement.0.condition.#": "0",
                            "statement.0.effect": "Allow",
                            "statement.0.not_actions.#": "0",
                            "statement.0.not_principals.#": "0",
                            "statement.0.not_resources.#": "0",
                            "statement.0.principals.#": "1",
                            "statement.0.principals.636693895.identifiers.#": "1",
                            "statement.0.principals.636693895.identifiers.2679715827": "*",
                            "statement.0.principals.636693895.type": "AWS",
                            "statement.0.resources.#": "1",
                            "statement.0.resources.2835728174": "arn:aws:s3:::*",
                            "statement.0.sid": ""
                        },
                        "meta": {},
                        "tainted": false
                    },
                    "deposed": [],
                    "provider": ""
                },
                "data.aws_iam_policy_document.file-bucket-read-access": {
                    "type": "aws_iam_policy_document",
                    "depends_on": [],
                    "primary": {
                        "id": "714376945",
                        "attributes": {
                            "id": "714376945",
                            "json": "{\n  \"Version\": \"2012-10-17\",\n  \"Statement\": [\n    {\n      \"Sid\": \"\",\n      \"Effect\": \"Allow\",\n      \"Action\": \"s3:GetObject\",\n      \"Resource\": \"arn:aws:s3:::akerl-blog/*\",\n      \"Principal\": \"*\"\n    }\n  ]\n}",
                            "statement.#": "1",
                            "statement.0.actions.#": "1",
                            "statement.0.actions.2071725391": "s3:GetObject",
                            "statement.0.condition.#": "0",
                            "statement.0.effect": "Allow",
                            "statement.0.not_actions.#": "0",
                            "statement.0.not_principals.#": "0",
                            "statement.0.not_resources.#": "0",
                            "statement.0.principals.#": "1",
                            "statement.0.principals.636693895.identifiers.#": "1",
                            "statement.0.principals.636693895.identifiers.2679715827": "*",
                            "statement.0.principals.636693895.type": "AWS",
                            "statement.0.resources.#": "1",
                            "statement.0.resources.2218934011": "arn:aws:s3:::akerl-blog/*",
                            "statement.0.sid": ""
                        },
                        "meta": {},
                        "tainted": false
                    },
                    "deposed": [],
                    "provider": ""
                },
                "data.aws_iam_policy_document.redirect-bucket-read-access": {
                    "type": "aws_iam_policy_document",
                    "depends_on": [],
                    "primary": {
                        "id": "2033328484",
                        "attributes": {
                            "id": "2033328484",
                            "json": "{\n  \"Version\": \"2012-10-17\",\n  \"Statement\": [\n    {\n      \"Sid\": \"\",\n      \"Effect\": \"Allow\",\n      \"Action\": \"s3:GetObject\",\n      \"Resource\": \"arn:aws:s3:::akerl-blog-redirect/*\",\n      \"Principal\": \"*\"\n    }\n  ]\n}",
                            "statement.#": "1",
                            "statement.0.actions.#": "1",
                            "statement.0.actions.2071725391": "s3:GetObject",
                            "statement.0.condition.#": "0",
                            "statement.0.effect": "Allow",
                            "statement.0.not_actions.#": "0",
                            "statement.0.not_principals.#": "0",
                            "statement.0.not_resources.#": "0",
                            "statement.0.principals.#": "1",
                            "statement.0.principals.636693895.identifiers.#": "1",
                            "statement.0.principals.636693895.identifiers.2679715827": "*",
                            "statement.0.principals.636693895.type": "AWS",
                            "statement.0.resources.#": "1",
                            "statement.0.resources.2274886761": "arn:aws:s3:::akerl-blog-redirect/*",
                            "statement.0.sid": ""
                        },
                        "meta": {},
                        "tainted": false
                    },
                    "deposed": [],
                    "provider": ""
                }
            },
            "depends_on": []
        },
        {
            "path": [
                "root",
                "akerl-dns"
            ],
            "outputs": {},
            "resources": {
                "aws_route53_delegation_set.main": {
                    "type": "aws_route53_delegation_set",
                    "depends_on": [],
                    "primary": {
                        "id": "N3C8AV2DA0N4N9",
                        "attributes": {
                            "id": "N3C8AV2DA0N4N9",
                            "name_servers.#": "4",
                            "name_servers.0": "ns-1242.awsdns-27.org",
                            "name_servers.1": "ns-1942.awsdns-50.co.uk",
                            "name_servers.2": "ns-477.awsdns-59.com",
                            "name_servers.3": "ns-808.awsdns-37.net",
                            "reference_name": "main"
                        },
                        "meta": {},
                        "tainted": false
                    },
                    "deposed": [],
                    "provider": ""
                },
                "aws_route53_record.a_a-rwx_org": {
                    "type": "aws_route53_record",
                    "depends_on": [
                        "module.a-rwx_org"
                    ],
                    "primary": {
                        "id": "Z1GSN0DUY7LO3I_a-rwx.org_A",
                        "attributes": {
                            "alias.#": "1",
                            "alias.3962097262.evaluate_target_health": "false",
                            "alias.3962097262.name": "d3c22u04feroyw.cloudfront.net",
                            "alias.3962097262.zone_id": "Z2FDTNDATAQYW2",
                            "fqdn": "a-rwx.org",
                            "health_check_id": "",
                            "id": "Z1GSN0DUY7LO3I_a-rwx.org_A",
                            "name": "a-rwx.org",
                            "records.#": "0",
                            "set_identifier": "",
                            "ttl": "0",
                            "type": "A",
                            "zone_id": "Z1GSN0DUY7LO3I"
                        },
                        "meta": {
                            "schema_version": "2"
                        },
                        "tainted": false
                    },
                    "deposed": [],
                    "provider": ""
                },
                "aws_route53_record.a_akerl_com": {
                    "type": "aws_route53_record",
                    "depends_on": [
                        "module.akerl_com"
                    ],
                    "primary": {
                        "id": "Z1EXF3DHNCLVFG_akerl.com_A",
                        "attributes": {
                            "alias.#": "1",
                            "alias.3962097262.evaluate_target_health": "false",
                            "alias.3962097262.name": "d3c22u04feroyw.cloudfront.net",
                            "alias.3962097262.zone_id": "Z2FDTNDATAQYW2",
                            "fqdn": "akerl.com",
                            "health_check_id": "",
                            "id": "Z1EXF3DHNCLVFG_akerl.com_A",
                            "name": "akerl.com",
                            "records.#": "0",
                            "set_identifier": "",
                            "ttl": "0",
                            "type": "A",
                            "zone_id": "Z1EXF3DHNCLVFG"
                        },
                        "meta": {
                            "schema_version": "2"
                        },
                        "tainted": false
                    },
                    "deposed": [],
                    "provider": ""
                },
                "aws_route53_record.a_akerl_org": {
                    "type": "aws_route53_record",
                    "depends_on": [
                        "module.akerl_org"
                    ],
                    "primary": {
                        "id": "Z1GXO6WRJN3B5T_akerl.org_A",
                        "attributes": {
                            "alias.#": "1",
                            "alias.3962097262.evaluate_target_health": "false",
                            "alias.3962097262.name": "d3c22u04feroyw.cloudfront.net",
                            "alias.3962097262.zone_id": "Z2FDTNDATAQYW2",
                            "fqdn": "akerl.org",
                            "health_check_id": "",
                            "id": "Z1GXO6WRJN3B5T_akerl.org_A",
                            "name": "akerl.org",
                            "records.#": "0",
                            "set_identifier": "",
                            "ttl": "0",
                            "type": "A",
                            "zone_id": "Z1GXO6WRJN3B5T"
                        },
                        "meta": {
                            "schema_version": "2"
                        },
                        "tainted": false
                    },
                    "deposed": [],
                    "provider": ""
                },
                "aws_route53_record.a_alfa-ipmi_internal_a-rwx_org": {
                    "type": "aws_route53_record",
                    "depends_on": [
                        "module.a-rwx_org"
                    ],
                    "primary": {
                        "id": "Z1GSN0DUY7LO3I_alfa-ipmi.internal.a-rwx.org_A",
                        "attributes": {
                            "fqdn": "alfa-ipmi.internal.a-rwx.org",
                            "health_check_id": "",
                            "id": "Z1GSN0DUY7LO3I_alfa-ipmi.internal.a-rwx.org_A",
                            "name": "alfa-ipmi.internal.a-rwx.org",
                            "records.#": "1",
                            "records.658287524": "10.0.1.1",
                            "set_identifier": "",
                            "ttl": "86400",
                            "type": "A",
                            "zone_id": "Z1GSN0DUY7LO3I"
                        },
                        "meta": {
                            "schema_version": "2"
                        },
                        "tainted": false
                    },
                    "deposed": [],
                    "provider": ""
                },
                "aws_route53_record.a_alfa_internal_a-rwx_org": {
                    "type": "aws_route53_record",
                    "depends_on": [
                        "module.a-rwx_org"
                    ],
                    "primary": {
                        "id": "Z1GSN0DUY7LO3I_alfa.internal.a-rwx.org_A",
                        "attributes": {
                            "fqdn": "alfa.internal.a-rwx.org",
                            "health_check_id": "",
                            "id": "Z1GSN0DUY7LO3I_alfa.internal.a-rwx.org_A",
                            "name": "alfa.internal.a-rwx.org",
                            "records.#": "1",
                            "records.442270228": "10.1.1.1",
                            "set_identifier": "",
                            "ttl": "86400",
                            "type": "A",
                            "zone_id": "Z1GSN0DUY7LO3I"
                        },
                        "meta": {
                            "schema_version": "2"
                        },
                        "tainted": false
                    },
                    "deposed": [],
                    "provider": ""
                },
                "aws_route53_record.a_blog_akerl_org": {
                    "type": "aws_route53_record",
                    "depends_on": [
                        "module.akerl_org"
                    ],
                    "primary": {
                        "id": "Z1GXO6WRJN3B5T_blog.akerl.org_A",
                        "attributes": {
                            "alias.#": "1",
                            "alias.519942941.evaluate_target_health": "false",
                            "alias.519942941.name": "dvw7pswcn4cfg.cloudfront.net",
                            "alias.519942941.zone_id": "Z2FDTNDATAQYW2",
                            "fqdn": "blog.akerl.org",
                            "health_check_id": "",
                            "id": "Z1GXO6WRJN3B5T_blog.akerl.org_A",
                            "name": "blog.akerl.org",
                            "records.#": "0",
                            "set_identifier": "",
                            "ttl": "0",
                            "type": "A",
                            "zone_id": "Z1GXO6WRJN3B5T"
                        },
                        "meta": {
                            "schema_version": "2"
                        },
                        "tainted": false
                    },
                    "deposed": [],
                    "provider": ""
                },
                "aws_route53_record.a_bravo-ipmi_internal_a-rwx_org": {
                    "type": "aws_route53_record",
                    "depends_on": [
                        "module.a-rwx_org"
                    ],
                    "primary": {
                        "id": "Z1GSN0DUY7LO3I_bravo-ipmi.internal.a-rwx.org_A",
                        "attributes": {
                            "fqdn": "bravo-ipmi.internal.a-rwx.org",
                            "health_check_id": "",
                            "id": "Z1GSN0DUY7LO3I_bravo-ipmi.internal.a-rwx.org_A",
                            "name": "bravo-ipmi.internal.a-rwx.org",
                            "records.#": "1",
                            "records.3191208478": "10.0.1.2",
                            "set_identifier": "",
                            "ttl": "86400",
                            "type": "A",
                            "zone_id": "Z1GSN0DUY7LO3I"
                        },
                        "meta": {
                            "schema_version": "2"
                        },
                        "tainted": false
                    },
                    "deposed": [],
                    "provider": ""
                },
                "aws_route53_record.a_bravo_internal_a-rwx_org": {
                    "type": "aws_route53_record",
                    "depends_on": [
                        "module.a-rwx_org"
                    ],
                    "primary": {
                        "id": "Z1GSN0DUY7LO3I_bravo.internal.a-rwx.org_A",
                        "attributes": {
                            "fqdn": "bravo.internal.a-rwx.org",
                            "health_check_id": "",
                            "id": "Z1GSN0DUY7LO3I_bravo.internal.a-rwx.org_A",
                            "name": "bravo.internal.a-rwx.org",
                            "records.#": "1",
                            "records.2203440046": "10.1.1.2",
                            "set_identifier": "",
                            "ttl": "86400",
                            "type": "A",
                            "zone_id": "Z1GSN0DUY7LO3I"
                        },
                        "meta": {
                            "schema_version": "2"
                        },
                        "tainted": false
                    },
                    "deposed": [],
                    "provider": ""
                },
                "aws_route53_record.a_charlie-ipmi_internal_a-rwx_org": {
                    "type": "aws_route53_record",
                    "depends_on": [
                        "module.a-rwx_org"
                    ],
                    "primary": {
                        "id": "Z1GSN0DUY7LO3I_charlie-ipmi.internal.a-rwx.org_A",
                        "attributes": {
                            "fqdn": "charlie-ipmi.internal.a-rwx.org",
                            "health_check_id": "",
                            "id": "Z1GSN0DUY7LO3I_charlie-ipmi.internal.a-rwx.org_A",
                            "name": "charlie-ipmi.internal.a-rwx.org",
                            "records.#": "1",
                            "records.3375549064": "10.0.1.3",
                            "set_identifier": "",
                            "ttl": "86400",
                            "type": "A",
                            "zone_id": "Z1GSN0DUY7LO3I"
                        },
                        "meta": {
                            "schema_version": "2"
                        },
                        "tainted": false
                    },
                    "deposed": [],
                    "provider": ""
                },
                "aws_route53_record.a_charlie_internal_a-rwx_org": {
                    "type": "aws_route53_record",
                    "depends_on": [
                        "module.a-rwx_org"
                    ],
                    "primary": {
                        "id": "Z1GSN0DUY7LO3I_charlie.internal.a-rwx.org_A",
                        "attributes": {
                            "fqdn": "charlie.internal.a-rwx.org",
                            "health_check_id": "",
                            "id": "Z1GSN0DUY7LO3I_charlie.internal.a-rwx.org_A",
                            "name": "charlie.internal.a-rwx.org",
                            "records.#": "1",
                            "records.4099072824": "10.1.1.3",
                            "set_identifier": "",
                            "ttl": "86400",
                            "type": "A",
                            "zone_id": "Z1GSN0DUY7LO3I"
                        },
                        "meta": {
                            "schema_version": "2"
                        },
                        "tainted": false
                    },
                    "deposed": [],
                    "provider": ""
                },
                "aws_route53_record.a_committed_akerl_org": {
                    "type": "aws_route53_record",
                    "depends_on": [
                        "module.akerl_org"
                    ],
                    "primary": {
                        "id": "Z1GXO6WRJN3B5T_committed.akerl.org_A",
                        "attributes": {
                            "fqdn": "committed.akerl.org",
                            "health_check_id": "",
                            "id": "Z1GXO6WRJN3B5T_committed.akerl.org_A",
                            "name": "committed.akerl.org",
                            "records.#": "1",
                            "records.2648538230": "70.85.129.127",
                            "set_identifier": "",
                            "ttl": "86400",
                            "type": "A",
                            "zone_id": "Z1GXO6WRJN3B5T"
                        },
                        "meta": {
                            "schema_version": "2"
                        },
                        "tainted": false
                    },
                    "deposed": [],
                    "provider": ""
                },
                "aws_route53_record.a_delta-ipmi_internal_a-rwx_org": {
                    "type": "aws_route53_record",
                    "depends_on": [
                        "module.a-rwx_org"
                    ],
                    "primary": {
                        "id": "Z1GSN0DUY7LO3I_delta-ipmi.internal.a-rwx.org_A",
                        "attributes": {
                            "fqdn": "delta-ipmi.internal.a-rwx.org",
                            "health_check_id": "",
                            "id": "Z1GSN0DUY7LO3I_delta-ipmi.internal.a-rwx.org_A",
                            "name": "delta-ipmi.internal.a-rwx.org",
                            "records.#": "1",
                            "records.1465278251": "10.0.1.4",
                            "set_identifier": "",
                            "ttl": "86400",
                            "type": "A",
                            "zone_id": "Z1GSN0DUY7LO3I"
                        },
                        "meta": {
                            "schema_version": "2"
                        },
                        "tainted": false
                    },
                    "deposed": [],
                    "provider": ""
                },
                "aws_route53_record.a_delta_internal_a-rwx_org": {
                    "type": "aws_route53_record",
                    "depends_on": [
                        "module.a-rwx_org"
                    ],
                    "primary": {
                        "id": "Z1GSN0DUY7LO3I_delta.internal.a-rwx.org_A",
                        "attributes": {
                            "fqdn": "delta.internal.a-rwx.org",
                            "health_check_id": "",
                            "id": "Z1GSN0DUY7LO3I_delta.internal.a-rwx.org_A",
                            "name": "delta.internal.a-rwx.org",
                            "records.#": "1",
                            "records.1781954203": "10.1.1.4",
                            "set_identifier": "",
                            "ttl": "86400",
                            "type": "A",
                            "zone_id": "Z1GSN0DUY7LO3I"
                        },
                        "meta": {
                            "schema_version": "2"
                        },
                        "tainted": false
                    },
                    "deposed": [],
                    "provider": ""
                },
                "aws_route53_record.a_dnstun_id-ed25519_pub": {
                    "type": "aws_route53_record",
                    "depends_on": [
                        "module.id-ed25519_pub"
                    ],
                    "primary": {
                        "id": "Z23K6MA9HYNB2L_dnstun.id-ed25519.pub_A",
                        "attributes": {
                            "fqdn": "dnstun.id-ed25519.pub",
                            "health_check_id": "",
                            "id": "Z23K6MA9HYNB2L_dnstun.id-ed25519.pub_A",
                            "name": "dnstun.id-ed25519.pub",
                            "records.#": "1",
                            "records.4282796847": "54.209.255.25",
                            "set_identifier": "",
                            "ttl": "5",
                            "type": "A",
                            "zone_id": "Z23K6MA9HYNB2L"
                        },
                        "meta": {
                            "schema_version": "2"
                        },
                        "tainted": false
                    },
                    "deposed": [],
                    "provider": ""
                },
                "aws_route53_record.a_echo-ipmi_internal_a-rwx_org": {
                    "type": "aws_route53_record",
                    "depends_on": [
                        "module.a-rwx_org"
                    ],
                    "primary": {
                        "id": "Z1GSN0DUY7LO3I_echo-ipmi.internal.a-rwx.org_A",
                        "attributes": {
                            "fqdn": "echo-ipmi.internal.a-rwx.org",
                            "health_check_id": "",
                            "id": "Z1GSN0DUY7LO3I_echo-ipmi.internal.a-rwx.org_A",
                            "name": "echo-ipmi.internal.a-rwx.org",
                            "records.#": "1",
                            "records.542207933": "10.0.1.5",
                            "set_identifier": "",
                            "ttl": "86400",
                            "type": "A",
                            "zone_id": "Z1GSN0DUY7LO3I"
                        },
                        "meta": {
                            "schema_version": "2"
                        },
                        "tainted": false
                    },
                    "deposed": [],
                    "provider": ""
                },
                "aws_route53_record.a_echo_internal_a-rwx_org": {
                    "type": "aws_route53_record",
                    "depends_on": [
                        "module.a-rwx_org"
                    ],
                    "primary": {
                        "id": "Z1GSN0DUY7LO3I_echo.internal.a-rwx.org_A",
                        "attributes": {
                            "fqdn": "echo.internal.a-rwx.org",
                            "health_check_id": "",
                            "id": "Z1GSN0DUY7LO3I_echo.internal.a-rwx.org_A",
                            "name": "echo.internal.a-rwx.org",
                            "records.#": "1",
                            "records.489768461": "10.1.1.5",
                            "set_identifier": "",
                            "ttl": "86400",
                            "type": "A",
                            "zone_id": "Z1GSN0DUY7LO3I"
                        },
                        "meta": {
                            "schema_version": "2"
                        },
                        "tainted": false
                    },
                    "deposed": [],
                    "provider": ""
                },
                "aws_route53_record.a_edge_internal_a-rwx_org": {
                    "type": "aws_route53_record",
                    "depends_on": [
                        "module.a-rwx_org"
                    ],
                    "primary": {
                        "id": "Z1GSN0DUY7LO3I_edge.internal.a-rwx.org_A",
                        "attributes": {
                            "fqdn": "edge.internal.a-rwx.org",
                            "health_check_id": "",
                            "id": "Z1GSN0DUY7LO3I_edge.internal.a-rwx.org_A",
                            "name": "edge.internal.a-rwx.org",
                            "records.#": "1",
                            "records.654229907": "10.0.0.1",
                            "set_identifier": "",
                            "ttl": "86400",
                            "type": "A",
                            "zone_id": "Z1GSN0DUY7LO3I"
                        },
                        "meta": {
                            "schema_version": "2"
                        },
                        "tainted": false
                    },
                    "deposed": [],
                    "provider": ""
                },
                "aws_route53_record.a_foxtrot-ipmi_internal_a-rwx_org": {
                    "type": "aws_route53_record",
                    "depends_on": [
                        "module.a-rwx_org"
                    ],
                    "primary": {
                        "id": "Z1GSN0DUY7LO3I_foxtrot-ipmi.internal.a-rwx.org_A",
                        "attributes": {
                            "fqdn": "foxtrot-ipmi.internal.a-rwx.org",
                            "health_check_id": "",
                            "id": "Z1GSN0DUY7LO3I_foxtrot-ipmi.internal.a-rwx.org_A",
                            "name": "foxtrot-ipmi.internal.a-rwx.org",
                            "records.#": "1",
                            "records.3109568007": "10.0.1.6",
                            "set_identifier": "",
                            "ttl": "86400",
                            "type": "A",
                            "zone_id": "Z1GSN0DUY7LO3I"
                        },
                        "meta": {
                            "schema_version": "2"
                        },
                        "tainted": false
                    },
                    "deposed": [],
                    "provider": ""
                },
                "aws_route53_record.a_foxtrot_internal_a-rwx_org": {
                    "type": "aws_route53_record",
                    "depends_on": [
                        "module.a-rwx_org"
                    ],
                    "primary": {
                        "id": "Z1GSN0DUY7LO3I_foxtrot.internal.a-rwx.org_A",
                        "attributes": {
                            "fqdn": "foxtrot.internal.a-rwx.org",
                            "health_check_id": "",
                            "id": "Z1GSN0DUY7LO3I_foxtrot.internal.a-rwx.org_A",
                            "name": "foxtrot.internal.a-rwx.org",
                            "records.#": "1",
                            "records.2218268599": "10.1.1.6",
                            "set_identifier": "",
                            "ttl": "86400",
                            "type": "A",
                            "zone_id": "Z1GSN0DUY7LO3I"
                        },
                        "meta": {
                            "schema_version": "2"
                        },
                        "tainted": false
                    },
                    "deposed": [],
                    "provider": ""
                },
                "aws_route53_record.a_happilyeveraker_com": {
                    "type": "aws_route53_record",
                    "depends_on": [
                        "module.happilyeveraker_com"
                    ],
                    "primary": {
                        "id": "Z2ZXZ7VFSXR5E7_happilyeveraker.com_A",
                        "attributes": {
                            "alias.#": "1",
                            "alias.68781069.evaluate_target_health": "false",
                            "alias.68781069.name": "d3bzinit6iv173.cloudfront.net",
                            "alias.68781069.zone_id": "Z2FDTNDATAQYW2",
                            "fqdn": "happilyeveraker.com",
                            "health_check_id": "",
                            "id": "Z2ZXZ7VFSXR5E7_happilyeveraker.com_A",
                            "name": "happilyeveraker.com",
                            "records.#": "0",
                            "set_identifier": "",
                            "ttl": "0",
                            "type": "A",
                            "zone_id": "Z2ZXZ7VFSXR5E7"
                        },
                        "meta": {
                            "schema_version": "2"
                        },
                        "tainted": false
                    },
                    "deposed": [],
                    "provider": ""
                },
                "aws_route53_record.a_id-ed25519_pub": {
                    "type": "aws_route53_record",
                    "depends_on": [
                        "module.id-ed25519_pub"
                    ],
                    "primary": {
                        "id": "Z23K6MA9HYNB2L_id-ed25519.pub_A",
                        "attributes": {
                            "alias.#": "1",
                            "alias.3962097262.evaluate_target_health": "false",
                            "alias.3962097262.name": "d3c22u04feroyw.cloudfront.net",
                            "alias.3962097262.zone_id": "Z2FDTNDATAQYW2",
                            "fqdn": "id-ed25519.pub",
                            "health_check_id": "",
                            "id": "Z23K6MA9HYNB2L_id-ed25519.pub_A",
                            "name": "id-ed25519.pub",
                            "records.#": "0",
                            "set_identifier": "",
                            "ttl": "0",
                            "type": "A",
                            "zone_id": "Z23K6MA9HYNB2L"
                        },
                        "meta": {
                            "schema_version": "2"
                        },
                        "tainted": false
                    },
                    "deposed": [],
                    "provider": ""
                },
                "aws_route53_record.a_infra_internal_a-rwx_org": {
                    "type": "aws_route53_record",
                    "depends_on": [
                        "module.a-rwx_org"
                    ],
                    "primary": {
                        "id": "Z1GSN0DUY7LO3I_infra.internal.a-rwx.org_A",
                        "attributes": {
                            "fqdn": "infra.internal.a-rwx.org",
                            "health_check_id": "",
                            "id": "Z1GSN0DUY7LO3I_infra.internal.a-rwx.org_A",
                            "name": "infra.internal.a-rwx.org",
                            "records.#": "1",
                            "records.239671713": "10.0.0.100",
                            "set_identifier": "",
                            "ttl": "86400",
                            "type": "A",
                            "zone_id": "Z1GSN0DUY7LO3I"
                        },
                        "meta": {
                            "schema_version": "2"
                        },
                        "tainted": false
                    },
                    "deposed": [],
                    "provider": ""
                },
                "aws_route53_record.a_jump_internal_a-rwx_org": {
                    "type": "aws_route53_record",
                    "depends_on": [
                        "module.a-rwx_org"
                    ],
                    "primary": {
                        "id": "Z1GSN0DUY7LO3I_jump.internal.a-rwx.org_A",
                        "attributes": {
                            "fqdn": "jump.internal.a-rwx.org",
                            "health_check_id": "",
                            "id": "Z1GSN0DUY7LO3I_jump.internal.a-rwx.org_A",
                            "name": "jump.internal.a-rwx.org",
                            "records.#": "1",
                            "records.1547604723": "10.2.0.1",
                            "set_identifier": "",
                            "ttl": "86400",
                            "type": "A",
                            "zone_id": "Z1GSN0DUY7LO3I"
                        },
                        "meta": {
                            "schema_version": "2"
                        },
                        "tainted": false
                    },
                    "deposed": [],
                    "provider": ""
                },
                "aws_route53_record.a_kellywatts_com": {
                    "type": "aws_route53_record",
                    "depends_on": [
                        "module.kellywatts_com"
                    ],
                    "primary": {
                        "id": "Z42GR4540YNA5_kellywatts.com_A",
                        "attributes": {
                            "fqdn": "kellywatts.com",
                            "health_check_id": "",
                            "id": "Z42GR4540YNA5_kellywatts.com_A",
                            "name": "kellywatts.com",
                            "records.#": "1",
                            "records.3175620411": "66.6.44.4",
                            "set_identifier": "",
                            "ttl": "86400",
                            "type": "A",
                            "zone_id": "Z42GR4540YNA5"
                        },
                        "meta": {
                            "schema_version": "2"
                        },
                        "tainted": false
                    },
                    "deposed": [],
                    "provider": ""
                },
                "aws_route53_record.a_lesaker_com": {
                    "type": "aws_route53_record",
                    "depends_on": [
                        "module.lesaker_com"
                    ],
                    "primary": {
                        "id": "Z12UG2AR1236YD_lesaker.com_A",
                        "attributes": {
                            "alias.#": "1",
                            "alias.3962097262.evaluate_target_health": "false",
                            "alias.3962097262.name": "d3c22u04feroyw.cloudfront.net",
                            "alias.3962097262.zone_id": "Z2FDTNDATAQYW2",
                            "fqdn": "lesaker.com",
                            "health_check_id": "",
                            "id": "Z12UG2AR1236YD_lesaker.com_A",
                            "name": "lesaker.com",
                            "records.#": "0",
                            "set_identifier": "",
                            "ttl": "0",
                            "type": "A",
                            "zone_id": "Z12UG2AR1236YD"
                        },
                        "meta": {
                            "schema_version": "2"
                        },
                        "tainted": false
                    },
                    "deposed": [],
                    "provider": ""
                },
                "aws_route53_record.a_lesaker_org": {
                    "type": "aws_route53_record",
                    "depends_on": [
                        "module.lesaker_org"
                    ],
                    "primary": {
                        "id": "Z3RU5N2GAL6D4W_lesaker.org_A",
                        "attributes": {
                            "alias.#": "1",
                            "alias.3962097262.evaluate_target_health": "false",
                            "alias.3962097262.name": "d3c22u04feroyw.cloudfront.net",
                            "alias.3962097262.zone_id": "Z2FDTNDATAQYW2",
                            "fqdn": "lesaker.org",
                            "health_check_id": "",
                            "id": "Z3RU5N2GAL6D4W_lesaker.org_A",
                            "name": "lesaker.org",
                            "records.#": "0",
                            "set_identifier": "",
                            "ttl": "0",
                            "type": "A",
                            "zone_id": "Z3RU5N2GAL6D4W"
                        },
                        "meta": {
                            "schema_version": "2"
                        },
                        "tainted": false
                    },
                    "deposed": [],
                    "provider": ""
                },
                "aws_route53_record.a_scrtybybscrty_org": {
                    "type": "aws_route53_record",
                    "depends_on": [
                        "module.scrtybybscrty_org"
                    ],
                    "primary": {
                        "id": "Z11UY811DI2S1K_scrtybybscrty.org_A",
                        "attributes": {
                            "alias.#": "1",
                            "alias.3962097262.evaluate_target_health": "false",
                            "alias.3962097262.name": "d3c22u04feroyw.cloudfront.net",
                            "alias.3962097262.zone_id": "Z2FDTNDATAQYW2",
                            "fqdn": "scrtybybscrty.org",
                            "health_check_id": "",
                            "id": "Z11UY811DI2S1K_scrtybybscrty.org_A",
                            "name": "scrtybybscrty.org",
                            "records.#": "0",
                            "set_identifier": "",
                            "ttl": "0",
                            "type": "A",
                            "zone_id": "Z11UY811DI2S1K"
                        },
                        "meta": {
                            "schema_version": "2"
                        },
                        "tainted": false
                    },
                    "deposed": [],
                    "provider": ""
                },
                "aws_route53_record.a_switch1_internal_a-rwx_org": {
                    "type": "aws_route53_record",
                    "depends_on": [
                        "module.a-rwx_org"
                    ],
                    "primary": {
                        "id": "Z1GSN0DUY7LO3I_switch1.internal.a-rwx.org_A",
                        "attributes": {
                            "fqdn": "switch1.internal.a-rwx.org",
                            "health_check_id": "",
                            "id": "Z1GSN0DUY7LO3I_switch1.internal.a-rwx.org_A",
                            "name": "switch1.internal.a-rwx.org",
                            "records.#": "1",
                            "records.3220672553": "10.0.0.2",
                            "set_identifier": "",
                            "ttl": "86400",
                            "type": "A",
                            "zone_id": "Z1GSN0DUY7LO3I"
                        },
                        "meta": {
                            "schema_version": "2"
                        },
                        "tainted": false
                    },
                    "deposed": [],
                    "provider": ""
                },
                "aws_route53_record.a_www_a-rwx_org": {
                    "type": "aws_route53_record",
                    "depends_on": [
                        "module.a-rwx_org"
                    ],
                    "primary": {
                        "id": "Z1GSN0DUY7LO3I_www.a-rwx.org_A",
                        "attributes": {
                            "alias.#": "1",
                            "alias.3962097262.evaluate_target_health": "false",
                            "alias.3962097262.name": "d3c22u04feroyw.cloudfront.net",
                            "alias.3962097262.zone_id": "Z2FDTNDATAQYW2",
                            "fqdn": "www.a-rwx.org",
                            "health_check_id": "",
                            "id": "Z1GSN0DUY7LO3I_www.a-rwx.org_A",
                            "name": "www.a-rwx.org",
                            "records.#": "0",
                            "set_identifier": "",
                            "ttl": "0",
                            "type": "A",
                            "zone_id": "Z1GSN0DUY7LO3I"
                        },
                        "meta": {
                            "schema_version": "2"
                        },
                        "tainted": false
                    },
                    "deposed": [],
                    "provider": ""
                },
                "aws_route53_record.a_www_akerl_com": {
                    "type": "aws_route53_record",
                    "depends_on": [
                        "module.akerl_com"
                    ],
                    "primary": {
                        "id": "Z1EXF3DHNCLVFG_www.akerl.com_A",
                        "attributes": {
                            "alias.#": "1",
                            "alias.3962097262.evaluate_target_health": "false",
                            "alias.3962097262.name": "d3c22u04feroyw.cloudfront.net",
                            "alias.3962097262.zone_id": "Z2FDTNDATAQYW2",
                            "fqdn": "www.akerl.com",
                            "health_check_id": "",
                            "id": "Z1EXF3DHNCLVFG_www.akerl.com_A",
                            "name": "www.akerl.com",
                            "records.#": "0",
                            "set_identifier": "",
                            "ttl": "0",
                            "type": "A",
                            "zone_id": "Z1EXF3DHNCLVFG"
                        },
                        "meta": {
                            "schema_version": "2"
                        },
                        "tainted": false
                    },
                    "deposed": [],
                    "provider": ""
                },
                "aws_route53_record.a_www_akerl_org": {
                    "type": "aws_route53_record",
                    "depends_on": [
                        "module.akerl_org"
                    ],
                    "primary": {
                        "id": "Z1GXO6WRJN3B5T_www.akerl.org_A",
                        "attributes": {
                            "alias.#": "1",
                            "alias.3962097262.evaluate_target_health": "false",
                            "alias.3962097262.name": "d3c22u04feroyw.cloudfront.net",
                            "alias.3962097262.zone_id": "Z2FDTNDATAQYW2",
                            "fqdn": "www.akerl.org",
                            "health_check_id": "",
                            "id": "Z1GXO6WRJN3B5T_www.akerl.org_A",
                            "name": "www.akerl.org",
                            "records.#": "0",
                            "set_identifier": "",
                            "ttl": "0",
                            "type": "A",
                            "zone_id": "Z1GXO6WRJN3B5T"
                        },
                        "meta": {
                            "schema_version": "2"
                        },
                        "tainted": false
                    },
                    "deposed": [],
                    "provider": ""
                },
                "aws_route53_record.a_www_happilyeveraker_com": {
                    "type": "aws_route53_record",
                    "depends_on": [
                        "module.happilyeveraker_com"
                    ],
                    "primary": {
                        "id": "Z2ZXZ7VFSXR5E7_www.happilyeveraker.com_A",
                        "attributes": {
                            "alias.#": "1",
                            "alias.68781069.evaluate_target_health": "false",
                            "alias.68781069.name": "d3bzinit6iv173.cloudfront.net",
                            "alias.68781069.zone_id": "Z2FDTNDATAQYW2",
                            "fqdn": "www.happilyeveraker.com",
                            "health_check_id": "",
                            "id": "Z2ZXZ7VFSXR5E7_www.happilyeveraker.com_A",
                            "name": "www.happilyeveraker.com",
                            "records.#": "0",
                            "set_identifier": "",
                            "ttl": "0",
                            "type": "A",
                            "zone_id": "Z2ZXZ7VFSXR5E7"
                        },
                        "meta": {
                            "schema_version": "2"
                        },
                        "tainted": false
                    },
                    "deposed": [],
                    "provider": ""
                },
                "aws_route53_record.a_www_id-ed25519_pub": {
                    "type": "aws_route53_record",
                    "depends_on": [
                        "module.id-ed25519_pub"
                    ],
                    "primary": {
                        "id": "Z23K6MA9HYNB2L_www.id-ed25519.pub_A",
                        "attributes": {
                            "alias.#": "1",
                            "alias.3962097262.evaluate_target_health": "false",
                            "alias.3962097262.name": "d3c22u04feroyw.cloudfront.net",
                            "alias.3962097262.zone_id": "Z2FDTNDATAQYW2",
                            "fqdn": "www.id-ed25519.pub",
                            "health_check_id": "",
                            "id": "Z23K6MA9HYNB2L_www.id-ed25519.pub_A",
                            "name": "www.id-ed25519.pub",
                            "records.#": "0",
                            "set_identifier": "",
                            "ttl": "0",
                            "type": "A",
                            "zone_id": "Z23K6MA9HYNB2L"
                        },
                        "meta": {
                            "schema_version": "2"
                        },
                        "tainted": false
                    },
                    "deposed": [],
                    "provider": ""
                },
                "aws_route53_record.a_www_lesaker_com": {
                    "type": "aws_route53_record",
                    "depends_on": [
                        "module.lesaker_com"
                    ],
                    "primary": {
                        "id": "Z12UG2AR1236YD_www.lesaker.com_A",
                        "attributes": {
                            "alias.#": "1",
                            "alias.3962097262.evaluate_target_health": "false",
                            "alias.3962097262.name": "d3c22u04feroyw.cloudfront.net",
                            "alias.3962097262.zone_id": "Z2FDTNDATAQYW2",
                            "fqdn": "www.lesaker.com",
                            "health_check_id": "",
                            "id": "Z12UG2AR1236YD_www.lesaker.com_A",
                            "name": "www.lesaker.com",
                            "records.#": "0",
                            "set_identifier": "",
                            "ttl": "0",
                            "type": "A",
                            "zone_id": "Z12UG2AR1236YD"
                        },
                        "meta": {
                            "schema_version": "2"
                        },
                        "tainted": false
                    },
                    "deposed": [],
                    "provider": ""
                },
                "aws_route53_record.a_www_lesaker_org": {
                    "type": "aws_route53_record",
                    "depends_on": [
                        "module.lesaker_org"
                    ],
                    "primary": {
                        "id": "Z3RU5N2GAL6D4W_www.lesaker.org_A",
                        "attributes": {
                            "alias.#": "1",
                            "alias.3962097262.evaluate_target_health": "false",
                            "alias.3962097262.name": "d3c22u04feroyw.cloudfront.net",
                            "alias.3962097262.zone_id": "Z2FDTNDATAQYW2",
                            "fqdn": "www.lesaker.org",
                            "health_check_id": "",
                            "id": "Z3RU5N2GAL6D4W_www.lesaker.org_A",
                            "name": "www.lesaker.org",
                            "records.#": "0",
                            "set_identifier": "",
                            "ttl": "0",
                            "type": "A",
                            "zone_id": "Z3RU5N2GAL6D4W"
                        },
                        "meta": {
                            "schema_version": "2"
                        },
                        "tainted": false
                    },
                    "deposed": [],
                    "provider": ""
                },
                "aws_route53_record.a_www_scrtybybscrty_org": {
                    "type": "aws_route53_record",
                    "depends_on": [
                        "module.scrtybybscrty_org"
                    ],
                    "primary": {
                        "id": "Z11UY811DI2S1K_www.scrtybybscrty.org_A",
                        "attributes": {
                            "alias.#": "1",
                            "alias.3962097262.evaluate_target_health": "false",
                            "alias.3962097262.name": "d3c22u04feroyw.cloudfront.net",
                            "alias.3962097262.zone_id": "Z2FDTNDATAQYW2",
                            "fqdn": "www.scrtybybscrty.org",
                            "health_check_id": "",
                            "id": "Z11UY811DI2S1K_www.scrtybybscrty.org_A",
                            "name": "www.scrtybybscrty.org",
                            "records.#": "0",
                            "set_identifier": "",
                            "ttl": "0",
                            "type": "A",
                            "zone_id": "Z11UY811DI2S1K"
                        },
                        "meta": {
                            "schema_version": "2"
                        },
                        "tainted": false
                    },
                    "deposed": [],
                    "provider": ""
                },
                "aws_route53_record.aaaa_committed_akerl_org": {
                    "type": "aws_route53_record",
                    "depends_on": [
                        "module.akerl_org"
                    ],
                    "primary": {
                        "id": "Z1GXO6WRJN3B5T_committed.akerl.org_AAAA",
                        "attributes": {
                            "fqdn": "committed.akerl.org",
                            "health_check_id": "",
                            "id": "Z1GXO6WRJN3B5T_committed.akerl.org_AAAA",
                            "name": "committed.akerl.org",
                            "records.#": "1",
                            "records.1404671470": "2600:3c00:e001:9001::1",
                            "set_identifier": "",
                            "ttl": "86400",
                            "type": "AAAA",
                            "zone_id": "Z1GXO6WRJN3B5T"
                        },
                        "meta": {
                            "schema_version": "2"
                        },
                        "tainted": false
                    },
                    "deposed": [],
                    "provider": ""
                },
                "aws_route53_record.cname_cal_lesaker_org": {
                    "type": "aws_route53_record",
                    "depends_on": [
                        "module.lesaker_org"
                    ],
                    "primary": {
                        "id": "Z3RU5N2GAL6D4W_cal.lesaker.org_CNAME",
                        "attributes": {
                            "fqdn": "cal.lesaker.org",
                            "health_check_id": "",
                            "id": "Z3RU5N2GAL6D4W_cal.lesaker.org_CNAME",
                            "name": "cal.lesaker.org",
                            "records.#": "1",
                            "records.543990245": "ghs.googlehosted.com.",
                            "set_identifier": "",
                            "ttl": "86400",
                            "type": "CNAME",
                            "zone_id": "Z3RU5N2GAL6D4W"
                        },
                        "meta": {
                            "schema_version": "2"
                        },
                        "tainted": false
                    },
                    "deposed": [],
                    "provider": ""
                },
                "aws_route53_record.cname_mail_lesaker_org": {
                    "type": "aws_route53_record",
                    "depends_on": [
                        "module.lesaker_org"
                    ],
                    "primary": {
                        "id": "Z3RU5N2GAL6D4W_mail.lesaker.org_CNAME",
                        "attributes": {
                            "fqdn": "mail.lesaker.org",
                            "health_check_id": "",
                            "id": "Z3RU5N2GAL6D4W_mail.lesaker.org_CNAME",
                            "name": "mail.lesaker.org",
                            "records.#": "1",
                            "records.543990245": "ghs.googlehosted.com.",
                            "set_identifier": "",
                            "ttl": "86400",
                            "type": "CNAME",
                            "zone_id": "Z3RU5N2GAL6D4W"
                        },
                        "meta": {
                            "schema_version": "2"
                        },
                        "tainted": false
                    },
                    "deposed": [],
                    "provider": ""
                },
                "aws_route53_record.cname_repo_scrtybybscrty_org": {
                    "type": "aws_route53_record",
                    "depends_on": [
                        "module.scrtybybscrty_org"
                    ],
                    "primary": {
                        "id": "Z11UY811DI2S1K_repo.scrtybybscrty.org_CNAME",
                        "attributes": {
                            "fqdn": "repo.scrtybybscrty.org",
                            "health_check_id": "",
                            "id": "Z11UY811DI2S1K_repo.scrtybybscrty.org_CNAME",
                            "name": "repo.scrtybybscrty.org",
                            "records.#": "1",
                            "records.4189690380": "d2zau5gkfcknai.cloudfront.net.",
                            "set_identifier": "",
                            "ttl": "86400",
                            "type": "CNAME",
                            "zone_id": "Z11UY811DI2S1K"
                        },
                        "meta": {
                            "schema_version": "2"
                        },
                        "tainted": false
                    },
                    "deposed": [],
                    "provider": ""
                },
                "aws_route53_record.cname_www_kellywatts_com": {
                    "type": "aws_route53_record",
                    "depends_on": [
                        "module.kellywatts_com"
                    ],
                    "primary": {
                        "id": "Z42GR4540YNA5_www.kellywatts.com_CNAME",
                        "attributes": {
                            "fqdn": "www.kellywatts.com",
                            "health_check_id": "",
                            "id": "Z42GR4540YNA5_www.kellywatts.com_CNAME",
                            "name": "www.kellywatts.com",
                            "records.#": "1",
                            "records.1240937337": "domains.tumblr.com.",
                            "set_identifier": "",
                            "ttl": "86400",
                            "type": "CNAME",
                            "zone_id": "Z42GR4540YNA5"
                        },
                        "meta": {
                            "schema_version": "2"
                        },
                        "tainted": false
                    },
                    "deposed": [],
                    "provider": ""
                },
                "aws_route53_record.ns_asdf_id-ed25519_pub": {
                    "type": "aws_route53_record",
                    "depends_on": [
                        "module.id-ed25519_pub"
                    ],
                    "primary": {
                        "id": "Z23K6MA9HYNB2L_asdf.id-ed25519.pub_NS",
                        "attributes": {
                            "fqdn": "asdf.id-ed25519.pub",
                            "health_check_id": "",
                            "id": "Z23K6MA9HYNB2L_asdf.id-ed25519.pub_NS",
                            "name": "asdf.id-ed25519.pub",
                            "records.#": "1",
                            "records.4282796847": "54.209.255.25",
                            "set_identifier": "",
                            "ttl": "5",
                            "type": "NS",
                            "zone_id": "Z23K6MA9HYNB2L"
                        },
                        "meta": {
                            "schema_version": "2"
                        },
                        "tainted": false
                    },
                    "deposed": [],
                    "provider": ""
                },
                "aws_route53_record.ns_tunnel_id-ed25519_pub": {
                    "type": "aws_route53_record",
                    "depends_on": [
                        "module.id-ed25519_pub"
                    ],
                    "primary": {
                        "id": "Z23K6MA9HYNB2L_tunnel.id-ed25519.pub_NS",
                        "attributes": {
                            "fqdn": "tunnel.id-ed25519.pub",
                            "health_check_id": "",
                            "id": "Z23K6MA9HYNB2L_tunnel.id-ed25519.pub_NS",
                            "name": "tunnel.id-ed25519.pub",
                            "records.#": "1",
                            "records.4282796847": "54.209.255.25",
                            "set_identifier": "",
                            "ttl": "5",
                            "type": "NS",
                            "zone_id": "Z23K6MA9HYNB2L"
                        },
                        "meta": {
                            "schema_version": "2"
                        },
                        "tainted": false
                    },
                    "deposed": [],
                    "provider": ""
                }
            },
            "depends_on": []
        },
        {
            "path": [
                "root",
                "akerl-irc"
            ],
            "outputs": {},
            "resources": {},
            "depends_on": []
        },
        {
            "path": [
                "root",
                "akerl-wedding"
            ],
            "outputs": {},
            "resources": {
                "aws_cloudfront_distribution.redirect_distribution": {
                    "type": "aws_cloudfront_distribution",
                    "depends_on": [
                        "aws_s3_bucket.redirect-bucket"
                    ],
                    "primary": {
                        "id": "E1KCDNA0SCSJUO",
                        "attributes": {
                            "active_trusted_signers.%": "2",
                            "active_trusted_signers.enabled": "false",
                            "active_trusted_signers.items.#": "0",
                            "aliases.#": "2",
                            "aliases.1791641142": "www.happilyeveraker.com",
                            "aliases.2119664291": "happilyeveraker.com",
                            "arn": "arn:aws:cloudfront::764218738161:distribution/E1KCDNA0SCSJUO",
                            "cache_behavior.#": "0",
                            "caller_reference": "2017-02-11T11:55:06.711532371-08:00",
                            "custom_error_response.#": "0",
                            "default_cache_behavior.#": "1",
                            "default_cache_behavior.2219766909.allowed_methods.#": "2",
                            "default_cache_behavior.2219766909.allowed_methods.0": "HEAD",
                            "default_cache_behavior.2219766909.allowed_methods.1": "GET",
                            "default_cache_behavior.2219766909.cached_methods.#": "2",
                            "default_cache_behavior.2219766909.cached_methods.0": "HEAD",
                            "default_cache_behavior.2219766909.cached_methods.1": "GET",
                            "default_cache_behavior.2219766909.compress": "true",
                            "default_cache_behavior.2219766909.default_ttl": "300",
                            "default_cache_behavior.2219766909.forwarded_values.#": "1",
                            "default_cache_behavior.2219766909.forwarded_values.2759845635.cookies.#": "1",
                            "default_cache_behavior.2219766909.forwarded_values.2759845635.cookies.2625240281.forward": "none",
                            "default_cache_behavior.2219766909.forwarded_values.2759845635.cookies.2625240281.whitelisted_names.#": "0",
                            "default_cache_behavior.2219766909.forwarded_values.2759845635.headers.#": "0",
                            "default_cache_behavior.2219766909.forwarded_values.2759845635.query_string": "false",
                            "default_cache_behavior.2219766909.forwarded_values.2759845635.query_string_cache_keys.#": "0",
                            "default_cache_behavior.2219766909.lambda_function_association.#": "0",
                            "default_cache_behavior.2219766909.max_ttl": "300",
                            "default_cache_behavior.2219766909.min_ttl": "0",
                            "default_cache_behavior.2219766909.smooth_streaming": "false",
                            "default_cache_behavior.2219766909.target_origin_id": "redirect-bucket",
                            "default_cache_behavior.2219766909.trusted_signers.#": "0",
                            "default_cache_behavior.2219766909.viewer_protocol_policy": "redirect-to-https",
                            "default_root_object": "",
                            "domain_name": "d3bzinit6iv173.cloudfront.net",
                            "enabled": "true",
                            "etag": "E2XTHK45T5AK8Z",
                            "hosted_zone_id": "Z2FDTNDATAQYW2",
                            "http_version": "http2",
                            "id": "E1KCDNA0SCSJUO",
                            "in_progress_validation_batches": "0",
                            "is_ipv6_enabled": "false",
                            "last_modified_time": "2017-02-11 19:55:07.1 +0000 UTC",
                            "logging_config.#": "1",
                            "logging_config.1997544614.bucket": "akerl-s3-logs.s3.amazonaws.com",
                            "logging_config.1997544614.include_cookies": "false",
                            "logging_config.1997544614.prefix": "akerl-wedding-redirect-cdn",
                            "origin.#": "1",
                            "origin.3011524352.custom_header.#": "0",
                            "origin.3011524352.custom_origin_config.#": "1",
                            "origin.3011524352.custom_origin_config.1702400468.http_port": "80",
                            "origin.3011524352.custom_origin_config.1702400468.https_port": "443",
                            "origin.3011524352.custom_origin_config.1702400468.origin_keepalive_timeout": "5",
                            "origin.3011524352.custom_origin_config.1702400468.origin_protocol_policy": "http-only",
                            "origin.3011524352.custom_origin_config.1702400468.origin_read_timeout": "30",
                            "origin.3011524352.custom_origin_config.1702400468.origin_ssl_protocols.#": "3",
                            "origin.3011524352.custom_origin_config.1702400468.origin_ssl_protocols.0": "TLSv1",
                            "origin.3011524352.custom_origin_config.1702400468.origin_ssl_protocols.1": "TLSv1.1",
                            "origin.3011524352.custom_origin_config.1702400468.origin_ssl_protocols.2": "TLSv1.2",
                            "origin.3011524352.domain_name": "akerl-wedding-redirect.s3-website-us-east-1.amazonaws.com",
                            "origin.3011524352.origin_id": "redirect-bucket",
                            "origin.3011524352.origin_path": "",
                            "origin.3011524352.s3_origin_config.#": "0",
                            "price_class": "PriceClass_100",
                            "restrictions.#": "1",
                            "restrictions.1097372288.geo_restriction.#": "1",
                            "restrictions.1097372288.geo_restriction.2625240281.locations.#": "0",
                            "restrictions.1097372288.geo_restriction.2625240281.restriction_type": "none",
                            "retain_on_delete": "false",
                            "status": "Deployed",
                            "tags.%": "0",
                            "viewer_certificate.#": "1",
                            "viewer_certificate.1602682105.acm_certificate_arn": "arn:aws:acm:us-east-1:764218738161:certificate/90048130-4680-45e3-aa7a-2ccfbcb0c2ff",
                            "viewer_certificate.1602682105.cloudfront_default_certificate": "false",
                            "viewer_certificate.1602682105.iam_certificate_id": "",
                            "viewer_certificate.1602682105.minimum_protocol_version": "TLSv1",
                            "viewer_certificate.1602682105.ssl_support_method": "sni-only",
                            "web_acl_id": ""
                        },
                        "meta": {},
                        "tainted": false
                    },
                    "deposed": [],
                    "provider": ""
                },
                "aws_s3_bucket.redirect-bucket": {
                    "type": "aws_s3_bucket",
                    "depends_on": [
                        "data.aws_iam_policy_document.redirect-bucket-read-access"
                    ],
                    "primary": {
                        "id": "akerl-wedding-redirect",
                        "attributes": {
                            "acceleration_status": "",
                            "acl": "private",
                            "arn": "arn:aws:s3:::akerl-wedding-redirect",
                            "bucket": "akerl-wedding-redirect",
                            "bucket_domain_name": "akerl-wedding-redirect.s3.amazonaws.com",
                            "force_destroy": "false",
                            "hosted_zone_id": "Z3AQBSTGFYJSTF",
                            "id": "akerl-wedding-redirect",
                            "logging.#": "1",
                            "logging.464015257.target_bucket": "akerl-s3-logs",
                            "logging.464015257.target_prefix": "akerl-wedding-redirect/",
                            "policy": "{\"Statement\":[{\"Action\":\"s3:GetObject\",\"Effect\":\"Allow\",\"Principal\":\"*\",\"Resource\":\"arn:aws:s3:::akerl-wedding-redirect/*\",\"Sid\":\"\"}],\"Version\":\"2012-10-17\"}",
                            "region": "us-east-1",
                            "request_payer": "BucketOwner",
                            "tags.%": "0",
                            "versioning.#": "1",
                            "versioning.0.enabled": "true",
                            "versioning.0.mfa_delete": "false",
                            "website.#": "1",
                            "website.0.error_document": "",
                            "website.0.index_document": "",
                            "website.0.redirect_all_requests_to": "https://www.theknot.com/us/kelly-watts-and-les-aker-may-2017",
                            "website.0.routing_rules": "",
                            "website_domain": "s3-website-us-east-1.amazonaws.com",
                            "website_endpoint": "akerl-wedding-redirect.s3-website-us-east-1.amazonaws.com"
                        },
                        "meta": {},
                        "tainted": false
                    },
                    "deposed": [],
                    "provider": ""
                },
                "data.aws_iam_policy_document.redirect-bucket-read-access": {
                    "type": "aws_iam_policy_document",
                    "depends_on": [],
                    "primary": {
                        "id": "1772374224",
                        "attributes": {
                            "id": "1772374224",
                            "json": "{\n  \"Version\": \"2012-10-17\",\n  \"Statement\": [\n    {\n      \"Sid\": \"\",\n      \"Effect\": \"Allow\",\n      \"Action\": \"s3:GetObject\",\n      \"Resource\": \"arn:aws:s3:::akerl-wedding-redirect/*\",\n      \"Principal\": \"*\"\n    }\n  ]\n}",
                            "statement.#": "1",
                            "statement.0.actions.#": "1",
                            "statement.0.actions.2071725391": "s3:GetObject",
                            "statement.0.condition.#": "0",
                            "statement.0.effect": "Allow",
                            "statement.0.not_actions.#": "0",
                            "statement.0.not_principals.#": "0",
                            "statement.0.not_resources.#": "0",
                            "statement.0.principals.#": "1",
                            "statement.0.principals.636693895.identifiers.#": "1",
                            "statement.0.principals.636693895.identifiers.2679715827": "*",
                            "statement.0.principals.636693895.type": "AWS",
                            "statement.0.resources.#": "1",
                            "statement.0.resources.3536382383": "arn:aws:s3:::akerl-wedding-redirect/*",
                            "statement.0.sid": ""
                        },
                        "meta": {},
                        "tainted": false
                    },
                    "deposed": [],
                    "provider": ""
                }
            },
            "depends_on": []
        },
        {
            "path": [
                "root",
                "id_ed25519_pub"
            ],
            "outputs": {
                "zone_id": {
                    "sensitive": false,
                    "type": "string",
                    "value": "ZJG5DLUI4GE4M"
                }
            },
            "resources": {},
            "depends_on": []
        },
        {
            "path": [
                "root",
                "account",
                "admins"
            ],
            "outputs": {},
            "resources": {
                "aws_iam_group.admins": {
                    "type": "aws_iam_group",
                    "depends_on": [],
                    "primary": {
                        "id": "admins",
                        "attributes": {
                            "arn": "arn:aws:iam::764218738161:group/admins",
                            "id": "admins",
                            "name": "admins",
                            "path": "/",
                            "unique_id": "AGPAI66FG2KEIRI3KZB6W"
                        },
                        "meta": {},
                        "tainted": false
                    },
                    "deposed": [],
                    "provider": ""
                },
                "aws_iam_group_membership.admins": {
                    "type": "aws_iam_group_membership",
                    "depends_on": [
                        "aws_iam_group.admins",
                        "aws_iam_user.admins"
                    ],
                    "primary": {
                        "id": "admins",
                        "attributes": {
                            "group": "admins",
                            "id": "admins",
                            "name": "admins",
                            "users.#": "1",
                            "users.2571560494": "akerl"
                        },
                        "meta": {},
                        "tainted": false
                    },
                    "deposed": [],
                    "provider": ""
                },
                "aws_iam_group_policy_attachment.assume_admin": {
                    "type": "aws_iam_group_policy_attachment",
                    "depends_on": [
                        "aws_iam_group.admins",
                        "aws_iam_policy.assume_admin"
                    ],
                    "primary": {
                        "id": "admins-20161204061433071896942g6t",
                        "attributes": {
                            "group": "admins",
                            "id": "admins-20161204061433071896942g6t",
                            "policy_arn": "arn:aws:iam::764218738161:policy/AssumeAdmin"
                        },
                        "meta": {},
                        "tainted": false
                    },
                    "deposed": [],
                    "provider": ""
                },
                "aws_iam_policy.assume_admin": {
                    "type": "aws_iam_policy",
                    "depends_on": [
                        "data.aws_iam_policy_document.assume_admin"
                    ],
                    "primary": {
                        "id": "arn:aws:iam::764218738161:policy/AssumeAdmin",
                        "attributes": {
                            "arn": "arn:aws:iam::764218738161:policy/AssumeAdmin",
                            "id": "arn:aws:iam::764218738161:policy/AssumeAdmin",
                            "name": "AssumeAdmin",
                            "path": "/",
                            "policy": "{\n  \"Version\": \"2012-10-17\",\n  \"Statement\": [\n    {\n      \"Sid\": \"\",\n      \"Effect\": \"Allow\",\n      \"Action\": \"sts:AssumeRole\",\n      \"Resource\": \"arn:aws:iam::764218738161:role/admin\"\n    }\n  ]\n}"
                        },
                        "meta": {},
                        "tainted": false
                    },
                    "deposed": [],
                    "provider": ""
                },
                "aws_iam_role.admin": {
                    "type": "aws_iam_role",
                    "depends_on": [
                        "data.aws_iam_policy_document.admin_trust"
                    ],
                    "primary": {
                        "id": "admin",
                        "attributes": {
                            "arn": "arn:aws:iam::764218738161:role/admin",
                            "assume_role_policy": "{\"Version\":\"2012-10-17\",\"Statement\":[{\"Sid\":\"\",\"Effect\":\"Allow\",\"Principal\":{\"AWS\":\"arn:aws:iam::764218738161:root\"},\"Action\":\"sts:AssumeRole\"}]}",
                            "create_date": "2016-12-04T06:01:25Z",
                            "id": "admin",
                            "name": "admin",
                            "path": "/",
                            "unique_id": "AROAJGIBWVRCR3J55QVX6"
                        },
                        "meta": {},
                        "tainted": false
                    },
                    "deposed": [],
                    "provider": ""
                },
                "aws_iam_role_policy_attachment.admin_access": {
                    "type": "aws_iam_role_policy_attachment",
                    "depends_on": [
                        "aws_iam_role.admin"
                    ],
                    "primary": {
                        "id": "admin-20161204060649193832020ds7",
                        "attributes": {
                            "id": "admin-20161204060649193832020ds7",
                            "policy_arn": "arn:aws:iam::aws:policy/AdministratorAccess",
                            "role": "admin"
                        },
                        "meta": {},
                        "tainted": false
                    },
                    "deposed": [],
                    "provider": ""
                },
                "aws_iam_user.admins": {
                    "type": "aws_iam_user",
                    "depends_on": [],
                    "primary": {
                        "id": "akerl",
                        "attributes": {
                            "arn": "arn:aws:iam::764218738161:user/akerl",
                            "force_destroy": "false",
                            "id": "akerl",
                            "name": "akerl",
                            "path": "/",
                            "unique_id": "AIDAI6ZGH7H4L4QMBOUTG"
                        },
                        "meta": {},
                        "tainted": false
                    },
                    "deposed": [],
                    "provider": ""
                },
                "awscreds_iam_access_key.admins": {
                    "type": "awscreds_iam_access_key",
                    "depends_on": [
                        "aws_iam_user.admins"
                    ],
                    "primary": {
                        "id": "AKIAJH5CODNTPUJETPVA",
                        "attributes": {
                            "file": "creds/account-admins-akerl",
                            "id": "AKIAJH5CODNTPUJETPVA",
                            "secret": "",
                            "ses_smtp_password": "",
                            "status": "Active",
                            "user": "akerl"
                        },
                        "meta": {},
                        "tainted": false
                    },
                    "deposed": [],
                    "provider": ""
                },
                "data.aws_caller_identity.account_info": {
                    "type": "aws_caller_identity",
                    "depends_on": [],
                    "primary": {
                        "id": "2017-07-06 23:47:05.512397226 +0000 UTC",
                        "attributes": {
                            "account_id": "764218738161",
                            "arn": "arn:aws:sts::764218738161:assumed-role/admin/akerl",
                            "id": "2017-07-06 23:47:05.512397226 +0000 UTC",
                            "user_id": "AROAJGIBWVRCR3J55QVX6:akerl"
                        },
                        "meta": {},
                        "tainted": false
                    },
                    "deposed": [],
                    "provider": ""
                },
                "data.aws_iam_policy_document.admin_trust": {
                    "type": "aws_iam_policy_document",
                    "depends_on": [
                        "data.aws_caller_identity.account_info"
                    ],
                    "primary": {
                        "id": "1061384268",
                        "attributes": {
                            "id": "1061384268",
                            "json": "{\n  \"Version\": \"2012-10-17\",\n  \"Statement\": [\n    {\n      \"Sid\": \"\",\n      \"Effect\": \"Allow\",\n      \"Action\": \"sts:AssumeRole\",\n      \"Principal\": {\n        \"AWS\": \"arn:aws:iam::764218738161:root\"\n      }\n    }\n  ]\n}",
                            "statement.#": "1",
                            "statement.0.actions.#": "1",
                            "statement.0.actions.2528466339": "sts:AssumeRole",
                            "statement.0.condition.#": "0",
                            "statement.0.effect": "Allow",
                            "statement.0.not_actions.#": "0",
                            "statement.0.not_principals.#": "0",
                            "statement.0.not_resources.#": "0",
                            "statement.0.principals.#": "1",
                            "statement.0.principals.2199456504.identifiers.#": "1",
                            "statement.0.principals.2199456504.identifiers.1687563408": "arn:aws:iam::764218738161:root",
                            "statement.0.principals.2199456504.type": "AWS",
                            "statement.0.resources.#": "0",
                            "statement.0.sid": ""
                        },
                        "meta": {},
                        "tainted": false
                    },
                    "deposed": [],
                    "provider": ""
                },
                "data.aws_iam_policy_document.assume_admin": {
                    "type": "aws_iam_policy_document",
                    "depends_on": [
                        "aws_iam_role.admin"
                    ],
                    "primary": {
                        "id": "3669647341",
                        "attributes": {
                            "id": "3669647341",
                            "json": "{\n  \"Version\": \"2012-10-17\",\n  \"Statement\": [\n    {\n      \"Sid\": \"\",\n      \"Effect\": \"Allow\",\n      \"Action\": \"sts:AssumeRole\",\n      \"Resource\": \"arn:aws:iam::764218738161:role/admin\"\n    }\n  ]\n}",
                            "statement.#": "1",
                            "statement.0.actions.#": "1",
                            "statement.0.actions.2528466339": "sts:AssumeRole",
                            "statement.0.condition.#": "0",
                            "statement.0.effect": "Allow",
                            "statement.0.not_actions.#": "0",
                            "statement.0.not_principals.#": "0",
                            "statement.0.not_resources.#": "0",
                            "statement.0.principals.#": "0",
                            "statement.0.resources.#": "1",
                            "statement.0.resources.239624386": "arn:aws:iam::764218738161:role/admin",
                            "statement.0.sid": ""
                        },
                        "meta": {},
                        "tainted": false
                    },
                    "deposed": [],
                    "provider": ""
                }
            },
            "depends_on": []
        },
        {
            "path": [
                "root",
                "akerl-dns",
                "a-rwx_org"
            ],
            "outputs": {
                "zone_id": {
                    "sensitive": false,
                    "type": "string",
                    "value": "Z1GSN0DUY7LO3I"
                }
            },
            "resources": {
                "aws_route53_record.mx": {
                    "type": "aws_route53_record",
                    "depends_on": [
                        "aws_route53_zone.domain"
                    ],
                    "primary": {
                        "id": "Z1GSN0DUY7LO3I_a-rwx.org_MX",
                        "attributes": {
                            "fqdn": "a-rwx.org",
                            "health_check_id": "",
                            "id": "Z1GSN0DUY7LO3I_a-rwx.org_MX",
                            "name": "a-rwx.org",
                            "records.#": "5",
                            "records.2181529566": "1   aspmx.l.google.com.",
                            "records.2525408040": "5   alt2.aspmx.l.google.com.",
                            "records.3170450948": "10  aspmx3.googlemail.com.",
                            "records.3986172363": "5   alt1.aspmx.l.google.com.",
                            "records.996144455": "10  aspmx2.googlemail.com.",
                            "set_identifier": "",
                            "ttl": "86400",
                            "type": "MX",
                            "zone_id": "Z1GSN0DUY7LO3I"
                        },
                        "meta": {
                            "schema_version": "2"
                        },
                        "tainted": false
                    },
                    "deposed": [],
                    "provider": ""
                },
                "aws_route53_record.soa": {
                    "type": "aws_route53_record",
                    "depends_on": [
                        "aws_route53_zone.domain"
                    ],
                    "primary": {
                        "id": "Z1GSN0DUY7LO3I_a-rwx.org_SOA",
                        "attributes": {
                            "fqdn": "a-rwx.org",
                            "health_check_id": "",
                            "id": "Z1GSN0DUY7LO3I_a-rwx.org_SOA",
                            "name": "a-rwx.org",
                            "records.#": "1",
                            "records.79063542": "ns-1242.awsdns-27.org. admin.lesaker.org. 1 7200 900 1209600 3600",
                            "set_identifier": "",
                            "ttl": "86400",
                            "type": "SOA",
                            "zone_id": "Z1GSN0DUY7LO3I"
                        },
                        "meta": {
                            "schema_version": "2"
                        },
                        "tainted": false
                    },
                    "deposed": [],
                    "provider": ""
                },
                "aws_route53_record.spf": {
                    "type": "aws_route53_record",
                    "depends_on": [
                        "aws_route53_zone.domain"
                    ],
                    "primary": {
                        "id": "Z1GSN0DUY7LO3I_a-rwx.org_SPF",
                        "attributes": {
                            "fqdn": "a-rwx.org",
                            "health_check_id": "",
                            "id": "Z1GSN0DUY7LO3I_a-rwx.org_SPF",
                            "name": "a-rwx.org",
                            "records.#": "1",
                            "records.3572300059": "v=spf1 a include:_spf.google.com ~all",
                            "set_identifier": "",
                            "ttl": "86400",
                            "type": "SPF",
                            "zone_id": "Z1GSN0DUY7LO3I"
                        },
                        "meta": {
                            "schema_version": "2"
                        },
                        "tainted": false
                    },
                    "deposed": [],
                    "provider": ""
                },
                "aws_route53_record.txt": {
                    "type": "aws_route53_record",
                    "depends_on": [
                        "aws_route53_zone.domain"
                    ],
                    "primary": {
                        "id": "Z1GSN0DUY7LO3I_a-rwx.org_TXT",
                        "attributes": {
                            "fqdn": "a-rwx.org",
                            "health_check_id": "",
                            "id": "Z1GSN0DUY7LO3I_a-rwx.org_TXT",
                            "name": "a-rwx.org",
                            "records.#": "1",
                            "records.3572300059": "v=spf1 a include:_spf.google.com ~all",
                            "set_identifier": "",
                            "ttl": "86400",
                            "type": "TXT",
                            "zone_id": "Z1GSN0DUY7LO3I"
                        },
                        "meta": {
                            "schema_version": "2"
                        },
                        "tainted": false
                    },
                    "deposed": [],
                    "provider": ""
                },
                "aws_route53_zone.domain": {
                    "type": "aws_route53_zone",
                    "depends_on": [],
                    "primary": {
                        "id": "Z1GSN0DUY7LO3I",
                        "attributes": {
                            "comment": "Managed by Terraform",
                            "delegation_set_id": "N3C8AV2DA0N4N9",
                            "force_destroy": "false",
                            "id": "Z1GSN0DUY7LO3I",
                            "name": "a-rwx.org",
                            "name_servers.#": "4",
                            "name_servers.0": "ns-1242.awsdns-27.org",
                            "name_servers.1": "ns-1942.awsdns-50.co.uk",
                            "name_servers.2": "ns-477.awsdns-59.com",
                            "name_servers.3": "ns-808.awsdns-37.net",
                            "tags.%": "0",
                            "zone_id": "Z1GSN0DUY7LO3I"
                        },
                        "meta": {},
                        "tainted": false
                    },
                    "deposed": [],
                    "provider": ""
                }
            },
            "depends_on": []
        },
        {
            "path": [
                "root",
                "akerl-dns",
                "akerl_com"
            ],
            "outputs": {
                "zone_id": {
                    "sensitive": false,
                    "type": "string",
                    "value": "Z1EXF3DHNCLVFG"
                }
            },
            "resources": {
                "aws_route53_record.mx": {
                    "type": "aws_route53_record",
                    "depends_on": [
                        "aws_route53_zone.domain"
                    ],
                    "primary": {
                        "id": "Z1EXF3DHNCLVFG_akerl.com_MX",
                        "attributes": {
                            "fqdn": "akerl.com",
                            "health_check_id": "",
                            "id": "Z1EXF3DHNCLVFG_akerl.com_MX",
                            "name": "akerl.com",
                            "records.#": "5",
                            "records.2181529566": "1   aspmx.l.google.com.",
                            "records.2525408040": "5   alt2.aspmx.l.google.com.",
                            "records.3170450948": "10  aspmx3.googlemail.com.",
                            "records.3986172363": "5   alt1.aspmx.l.google.com.",
                            "records.996144455": "10  aspmx2.googlemail.com.",
                            "set_identifier": "",
                            "ttl": "86400",
                            "type": "MX",
                            "zone_id": "Z1EXF3DHNCLVFG"
                        },
                        "meta": {
                            "schema_version": "2"
                        },
                        "tainted": false
                    },
                    "deposed": [],
                    "provider": ""
                },
                "aws_route53_record.soa": {
                    "type": "aws_route53_record",
                    "depends_on": [
                        "aws_route53_zone.domain"
                    ],
                    "primary": {
                        "id": "Z1EXF3DHNCLVFG_akerl.com_SOA",
                        "attributes": {
                            "fqdn": "akerl.com",
                            "health_check_id": "",
                            "id": "Z1EXF3DHNCLVFG_akerl.com_SOA",
                            "name": "akerl.com",
                            "records.#": "1",
                            "records.79063542": "ns-1242.awsdns-27.org. admin.lesaker.org. 1 7200 900 1209600 3600",
                            "set_identifier": "",
                            "ttl": "86400",
                            "type": "SOA",
                            "zone_id": "Z1EXF3DHNCLVFG"
                        },
                        "meta": {
                            "schema_version": "2"
                        },
                        "tainted": false
                    },
                    "deposed": [],
                    "provider": ""
                },
                "aws_route53_record.spf": {
                    "type": "aws_route53_record",
                    "depends_on": [
                        "aws_route53_zone.domain"
                    ],
                    "primary": {
                        "id": "Z1EXF3DHNCLVFG_akerl.com_SPF",
                        "attributes": {
                            "fqdn": "akerl.com",
                            "health_check_id": "",
                            "id": "Z1EXF3DHNCLVFG_akerl.com_SPF",
                            "name": "akerl.com",
                            "records.#": "1",
                            "records.3572300059": "v=spf1 a include:_spf.google.com ~all",
                            "set_identifier": "",
                            "ttl": "86400",
                            "type": "SPF",
                            "zone_id": "Z1EXF3DHNCLVFG"
                        },
                        "meta": {
                            "schema_version": "2"
                        },
                        "tainted": false
                    },
                    "deposed": [],
                    "provider": ""
                },
                "aws_route53_record.txt": {
                    "type": "aws_route53_record",
                    "depends_on": [
                        "aws_route53_zone.domain"
                    ],
                    "primary": {
                        "id": "Z1EXF3DHNCLVFG_akerl.com_TXT",
                        "attributes": {
                            "fqdn": "akerl.com",
                            "health_check_id": "",
                            "id": "Z1EXF3DHNCLVFG_akerl.com_TXT",
                            "name": "akerl.com",
                            "records.#": "1",
                            "records.3572300059": "v=spf1 a include:_spf.google.com ~all",
                            "set_identifier": "",
                            "ttl": "86400",
                            "type": "TXT",
                            "zone_id": "Z1EXF3DHNCLVFG"
                        },
                        "meta": {
                            "schema_version": "2"
                        },
                        "tainted": false
                    },
                    "deposed": [],
                    "provider": ""
                },
                "aws_route53_zone.domain": {
                    "type": "aws_route53_zone",
                    "depends_on": [],
                    "primary": {
                        "id": "Z1EXF3DHNCLVFG",
                        "attributes": {
                            "comment": "Managed by Terraform",
                            "delegation_set_id": "N3C8AV2DA0N4N9",
                            "force_destroy": "false",
                            "id": "Z1EXF3DHNCLVFG",
                            "name": "akerl.com",
                            "name_servers.#": "4",
                            "name_servers.0": "ns-1242.awsdns-27.org",
                            "name_servers.1": "ns-1942.awsdns-50.co.uk",
                            "name_servers.2": "ns-477.awsdns-59.com",
                            "name_servers.3": "ns-808.awsdns-37.net",
                            "tags.%": "0",
                            "zone_id": "Z1EXF3DHNCLVFG"
                        },
                        "meta": {},
                        "tainted": false
                    },
                    "deposed": [],
                    "provider": ""
                }
            },
            "depends_on": []
        },
        {
            "path": [
                "root",
                "akerl-dns",
                "akerl_org"
            ],
            "outputs": {
                "zone_id": {
                    "sensitive": false,
                    "type": "string",
                    "value": "Z1GXO6WRJN3B5T"
                }
            },
            "resources": {
                "aws_route53_record.mx": {
                    "type": "aws_route53_record",
                    "depends_on": [
                        "aws_route53_zone.domain"
                    ],
                    "primary": {
                        "id": "Z1GXO6WRJN3B5T_akerl.org_MX",
                        "attributes": {
                            "fqdn": "akerl.org",
                            "health_check_id": "",
                            "id": "Z1GXO6WRJN3B5T_akerl.org_MX",
                            "name": "akerl.org",
                            "records.#": "5",
                            "records.2181529566": "1   aspmx.l.google.com.",
                            "records.2525408040": "5   alt2.aspmx.l.google.com.",
                            "records.3170450948": "10  aspmx3.googlemail.com.",
                            "records.3986172363": "5   alt1.aspmx.l.google.com.",
                            "records.996144455": "10  aspmx2.googlemail.com.",
                            "set_identifier": "",
                            "ttl": "86400",
                            "type": "MX",
                            "zone_id": "Z1GXO6WRJN3B5T"
                        },
                        "meta": {
                            "schema_version": "2"
                        },
                        "tainted": false
                    },
                    "deposed": [],
                    "provider": ""
                },
                "aws_route53_record.soa": {
                    "type": "aws_route53_record",
                    "depends_on": [
                        "aws_route53_zone.domain"
                    ],
                    "primary": {
                        "id": "Z1GXO6WRJN3B5T_akerl.org_SOA",
                        "attributes": {
                            "fqdn": "akerl.org",
                            "health_check_id": "",
                            "id": "Z1GXO6WRJN3B5T_akerl.org_SOA",
                            "name": "akerl.org",
                            "records.#": "1",
                            "records.79063542": "ns-1242.awsdns-27.org. admin.lesaker.org. 1 7200 900 1209600 3600",
                            "set_identifier": "",
                            "ttl": "86400",
                            "type": "SOA",
                            "zone_id": "Z1GXO6WRJN3B5T"
                        },
                        "meta": {
                            "schema_version": "2"
                        },
                        "tainted": false
                    },
                    "deposed": [],
                    "provider": ""
                },
                "aws_route53_record.spf": {
                    "type": "aws_route53_record",
                    "depends_on": [
                        "aws_route53_zone.domain"
                    ],
                    "primary": {
                        "id": "Z1GXO6WRJN3B5T_akerl.org_SPF",
                        "attributes": {
                            "fqdn": "akerl.org",
                            "health_check_id": "",
                            "id": "Z1GXO6WRJN3B5T_akerl.org_SPF",
                            "name": "akerl.org",
                            "records.#": "1",
                            "records.3572300059": "v=spf1 a include:_spf.google.com ~all",
                            "set_identifier": "",
                            "ttl": "86400",
                            "type": "SPF",
                            "zone_id": "Z1GXO6WRJN3B5T"
                        },
                        "meta": {
                            "schema_version": "2"
                        },
                        "tainted": false
                    },
                    "deposed": [],
                    "provider": ""
                },
                "aws_route53_record.txt": {
                    "type": "aws_route53_record",
                    "depends_on": [
                        "aws_route53_zone.domain"
                    ],
                    "primary": {
                        "id": "Z1GXO6WRJN3B5T_akerl.org_TXT",
                        "attributes": {
                            "fqdn": "akerl.org",
                            "health_check_id": "",
                            "id": "Z1GXO6WRJN3B5T_akerl.org_TXT",
                            "name": "akerl.org",
                            "records.#": "1",
                            "records.3572300059": "v=spf1 a include:_spf.google.com ~all",
                            "set_identifier": "",
                            "ttl": "86400",
                            "type": "TXT",
                            "zone_id": "Z1GXO6WRJN3B5T"
                        },
                        "meta": {
                            "schema_version": "2"
                        },
                        "tainted": false
                    },
                    "deposed": [],
                    "provider": ""
                },
                "aws_route53_zone.domain": {
                    "type": "aws_route53_zone",
                    "depends_on": [],
                    "primary": {
                        "id": "Z1GXO6WRJN3B5T",
                        "attributes": {
                            "comment": "Managed by Terraform",
                            "delegation_set_id": "N3C8AV2DA0N4N9",
                            "force_destroy": "false",
                            "id": "Z1GXO6WRJN3B5T",
                            "name": "akerl.org",
                            "name_servers.#": "4",
                            "name_servers.0": "ns-1242.awsdns-27.org",
                            "name_servers.1": "ns-1942.awsdns-50.co.uk",
                            "name_servers.2": "ns-477.awsdns-59.com",
                            "name_servers.3": "ns-808.awsdns-37.net",
                            "tags.%": "0",
                            "zone_id": "Z1GXO6WRJN3B5T"
                        },
                        "meta": {},
                        "tainted": false
                    },
                    "deposed": [],
                    "provider": ""
                }
            },
            "depends_on": []
        },
        {
            "path": [
                "root",
                "akerl-dns",
                "happilyeveraker_com"
            ],
            "outputs": {
                "zone_id": {
                    "sensitive": false,
                    "type": "string",
                    "value": "Z2ZXZ7VFSXR5E7"
                }
            },
            "resources": {
                "aws_route53_record.mx": {
                    "type": "aws_route53_record",
                    "depends_on": [
                        "aws_route53_zone.domain"
                    ],
                    "primary": {
                        "id": "Z2ZXZ7VFSXR5E7_happilyeveraker.com_MX",
                        "attributes": {
                            "fqdn": "happilyeveraker.com",
                            "health_check_id": "",
                            "id": "Z2ZXZ7VFSXR5E7_happilyeveraker.com_MX",
                            "name": "happilyeveraker.com",
                            "records.#": "5",
                            "records.2181529566": "1   aspmx.l.google.com.",
                            "records.2525408040": "5   alt2.aspmx.l.google.com.",
                            "records.3170450948": "10  aspmx3.googlemail.com.",
                            "records.3986172363": "5   alt1.aspmx.l.google.com.",
                            "records.996144455": "10  aspmx2.googlemail.com.",
                            "set_identifier": "",
                            "ttl": "86400",
                            "type": "MX",
                            "zone_id": "Z2ZXZ7VFSXR5E7"
                        },
                        "meta": {
                            "schema_version": "2"
                        },
                        "tainted": false
                    },
                    "deposed": [],
                    "provider": ""
                },
                "aws_route53_record.soa": {
                    "type": "aws_route53_record",
                    "depends_on": [
                        "aws_route53_zone.domain"
                    ],
                    "primary": {
                        "id": "Z2ZXZ7VFSXR5E7_happilyeveraker.com_SOA",
                        "attributes": {
                            "fqdn": "happilyeveraker.com",
                            "health_check_id": "",
                            "id": "Z2ZXZ7VFSXR5E7_happilyeveraker.com_SOA",
                            "name": "happilyeveraker.com",
                            "records.#": "1",
                            "records.79063542": "ns-1242.awsdns-27.org. admin.lesaker.org. 1 7200 900 1209600 3600",
                            "set_identifier": "",
                            "ttl": "86400",
                            "type": "SOA",
                            "zone_id": "Z2ZXZ7VFSXR5E7"
                        },
                        "meta": {
                            "schema_version": "2"
                        },
                        "tainted": false
                    },
                    "deposed": [],
                    "provider": ""
                },
                "aws_route53_record.spf": {
                    "type": "aws_route53_record",
                    "depends_on": [
                        "aws_route53_zone.domain"
                    ],
                    "primary": {
                        "id": "Z2ZXZ7VFSXR5E7_happilyeveraker.com_SPF",
                        "attributes": {
                            "fqdn": "happilyeveraker.com",
                            "health_check_id": "",
                            "id": "Z2ZXZ7VFSXR5E7_happilyeveraker.com_SPF",
                            "name": "happilyeveraker.com",
                            "records.#": "1",
                            "records.3572300059": "v=spf1 a include:_spf.google.com ~all",
                            "set_identifier": "",
                            "ttl": "86400",
                            "type": "SPF",
                            "zone_id": "Z2ZXZ7VFSXR5E7"
                        },
                        "meta": {
                            "schema_version": "2"
                        },
                        "tainted": false
                    },
                    "deposed": [],
                    "provider": ""
                },
                "aws_route53_record.txt": {
                    "type": "aws_route53_record",
                    "depends_on": [
                        "aws_route53_zone.domain"
                    ],
                    "primary": {
                        "id": "Z2ZXZ7VFSXR5E7_happilyeveraker.com_TXT",
                        "attributes": {
                            "fqdn": "happilyeveraker.com",
                            "health_check_id": "",
                            "id": "Z2ZXZ7VFSXR5E7_happilyeveraker.com_TXT",
                            "name": "happilyeveraker.com",
                            "records.#": "1",
                            "records.3572300059": "v=spf1 a include:_spf.google.com ~all",
                            "set_identifier": "",
                            "ttl": "86400",
                            "type": "TXT",
                            "zone_id": "Z2ZXZ7VFSXR5E7"
                        },
                        "meta": {
                            "schema_version": "2"
                        },
                        "tainted": false
                    },
                    "deposed": [],
                    "provider": ""
                },
                "aws_route53_zone.domain": {
                    "type": "aws_route53_zone",
                    "depends_on": [],
                    "primary": {
                        "id": "Z2ZXZ7VFSXR5E7",
                        "attributes": {
                            "comment": "Managed by Terraform",
                            "delegation_set_id": "N3C8AV2DA0N4N9",
                            "force_destroy": "false",
                            "id": "Z2ZXZ7VFSXR5E7",
                            "name": "happilyeveraker.com",
                            "name_servers.#": "4",
                            "name_servers.0": "ns-1242.awsdns-27.org",
                            "name_servers.1": "ns-1942.awsdns-50.co.uk",
                            "name_servers.2": "ns-477.awsdns-59.com",
                            "name_servers.3": "ns-808.awsdns-37.net",
                            "tags.%": "0",
                            "zone_id": "Z2ZXZ7VFSXR5E7"
                        },
                        "meta": {},
                        "tainted": false
                    },
                    "deposed": [],
                    "provider": ""
                }
            },
            "depends_on": []
        },
        {
            "path": [
                "root",
                "akerl-dns",
                "id-ed25519_pub"
            ],
            "outputs": {
                "zone_id": {
                    "sensitive": false,
                    "type": "string",
                    "value": "Z23K6MA9HYNB2L"
                }
            },
            "resources": {
                "aws_route53_record.mx": {
                    "type": "aws_route53_record",
                    "depends_on": [
                        "aws_route53_zone.domain"
                    ],
                    "primary": {
                        "id": "Z23K6MA9HYNB2L_id-ed25519.pub_MX",
                        "attributes": {
                            "fqdn": "id-ed25519.pub",
                            "health_check_id": "",
                            "id": "Z23K6MA9HYNB2L_id-ed25519.pub_MX",
                            "name": "id-ed25519.pub",
                            "records.#": "5",
                            "records.2181529566": "1   aspmx.l.google.com.",
                            "records.2525408040": "5   alt2.aspmx.l.google.com.",
                            "records.3170450948": "10  aspmx3.googlemail.com.",
                            "records.3986172363": "5   alt1.aspmx.l.google.com.",
                            "records.996144455": "10  aspmx2.googlemail.com.",
                            "set_identifier": "",
                            "ttl": "86400",
                            "type": "MX",
                            "zone_id": "Z23K6MA9HYNB2L"
                        },
                        "meta": {
                            "schema_version": "2"
                        },
                        "tainted": false
                    },
                    "deposed": [],
                    "provider": ""
                },
                "aws_route53_record.soa": {
                    "type": "aws_route53_record",
                    "depends_on": [
                        "aws_route53_zone.domain"
                    ],
                    "primary": {
                        "id": "Z23K6MA9HYNB2L_id-ed25519.pub_SOA",
                        "attributes": {
                            "fqdn": "id-ed25519.pub",
                            "health_check_id": "",
                            "id": "Z23K6MA9HYNB2L_id-ed25519.pub_SOA",
                            "name": "id-ed25519.pub",
                            "records.#": "1",
                            "records.79063542": "ns-1242.awsdns-27.org. admin.lesaker.org. 1 7200 900 1209600 3600",
                            "set_identifier": "",
                            "ttl": "86400",
                            "type": "SOA",
                            "zone_id": "Z23K6MA9HYNB2L"
                        },
                        "meta": {
                            "schema_version": "2"
                        },
                        "tainted": false
                    },
                    "deposed": [],
                    "provider": ""
                },
                "aws_route53_record.spf": {
                    "type": "aws_route53_record",
                    "depends_on": [
                        "aws_route53_zone.domain"
                    ],
                    "primary": {
                        "id": "Z23K6MA9HYNB2L_id-ed25519.pub_SPF",
                        "attributes": {
                            "fqdn": "id-ed25519.pub",
                            "health_check_id": "",
                            "id": "Z23K6MA9HYNB2L_id-ed25519.pub_SPF",
                            "name": "id-ed25519.pub",
                            "records.#": "1",
                            "records.3572300059": "v=spf1 a include:_spf.google.com ~all",
                            "set_identifier": "",
                            "ttl": "86400",
                            "type": "SPF",
                            "zone_id": "Z23K6MA9HYNB2L"
                        },
                        "meta": {
                            "schema_version": "2"
                        },
                        "tainted": false
                    },
                    "deposed": [],
                    "provider": ""
                },
                "aws_route53_record.txt": {
                    "type": "aws_route53_record",
                    "depends_on": [
                        "aws_route53_zone.domain"
                    ],
                    "primary": {
                        "id": "Z23K6MA9HYNB2L_id-ed25519.pub_TXT",
                        "attributes": {
                            "fqdn": "id-ed25519.pub",
                            "health_check_id": "",
                            "id": "Z23K6MA9HYNB2L_id-ed25519.pub_TXT",
                            "name": "id-ed25519.pub",
                            "records.#": "1",
                            "records.3572300059": "v=spf1 a include:_spf.google.com ~all",
                            "set_identifier": "",
                            "ttl": "86400",
                            "type": "TXT",
                            "zone_id": "Z23K6MA9HYNB2L"
                        },
                        "meta": {
                            "schema_version": "2"
                        },
                        "tainted": false
                    },
                    "deposed": [],
                    "provider": ""
                },
                "aws_route53_zone.domain": {
                    "type": "aws_route53_zone",
                    "depends_on": [],
                    "primary": {
                        "id": "Z23K6MA9HYNB2L",
                        "attributes": {
                            "comment": "Managed by Terraform",
                            "delegation_set_id": "N3C8AV2DA0N4N9",
                            "force_destroy": "false",
                            "id": "Z23K6MA9HYNB2L",
                            "name": "id-ed25519.pub",
                            "name_servers.#": "4",
                            "name_servers.0": "ns-1242.awsdns-27.org",
                            "name_servers.1": "ns-1942.awsdns-50.co.uk",
                            "name_servers.2": "ns-477.awsdns-59.com",
                            "name_servers.3": "ns-808.awsdns-37.net",
                            "tags.%": "0",
                            "zone_id": "Z23K6MA9HYNB2L"
                        },
                        "meta": {},
                        "tainted": false
                    },
                    "deposed": [],
                    "provider": ""
                }
            },
            "depends_on": []
        },
        {
            "path": [
                "root",
                "akerl-dns",
                "kellywatts_com"
            ],
            "outputs": {
                "zone_id": {
                    "sensitive": false,
                    "type": "string",
                    "value": "Z42GR4540YNA5"
                }
            },
            "resources": {
                "aws_route53_record.mx": {
                    "type": "aws_route53_record",
                    "depends_on": [
                        "aws_route53_zone.domain"
                    ],
                    "primary": {
                        "id": "Z42GR4540YNA5_kellywatts.com_MX",
                        "attributes": {
                            "fqdn": "kellywatts.com",
                            "health_check_id": "",
                            "id": "Z42GR4540YNA5_kellywatts.com_MX",
                            "name": "kellywatts.com",
                            "records.#": "5",
                            "records.2181529566": "1   aspmx.l.google.com.",
                            "records.2525408040": "5   alt2.aspmx.l.google.com.",
                            "records.3170450948": "10  aspmx3.googlemail.com.",
                            "records.3986172363": "5   alt1.aspmx.l.google.com.",
                            "records.996144455": "10  aspmx2.googlemail.com.",
                            "set_identifier": "",
                            "ttl": "86400",
                            "type": "MX",
                            "zone_id": "Z42GR4540YNA5"
                        },
                        "meta": {
                            "schema_version": "2"
                        },
                        "tainted": false
                    },
                    "deposed": [],
                    "provider": ""
                },
                "aws_route53_record.soa": {
                    "type": "aws_route53_record",
                    "depends_on": [
                        "aws_route53_zone.domain"
                    ],
                    "primary": {
                        "id": "Z42GR4540YNA5_kellywatts.com_SOA",
                        "attributes": {
                            "fqdn": "kellywatts.com",
                            "health_check_id": "",
                            "id": "Z42GR4540YNA5_kellywatts.com_SOA",
                            "name": "kellywatts.com",
                            "records.#": "1",
                            "records.79063542": "ns-1242.awsdns-27.org. admin.lesaker.org. 1 7200 900 1209600 3600",
                            "set_identifier": "",
                            "ttl": "86400",
                            "type": "SOA",
                            "zone_id": "Z42GR4540YNA5"
                        },
                        "meta": {
                            "schema_version": "2"
                        },
                        "tainted": false
                    },
                    "deposed": [],
                    "provider": ""
                },
                "aws_route53_record.spf": {
                    "type": "aws_route53_record",
                    "depends_on": [
                        "aws_route53_zone.domain"
                    ],
                    "primary": {
                        "id": "Z42GR4540YNA5_kellywatts.com_SPF",
                        "attributes": {
                            "fqdn": "kellywatts.com",
                            "health_check_id": "",
                            "id": "Z42GR4540YNA5_kellywatts.com_SPF",
                            "name": "kellywatts.com",
                            "records.#": "1",
                            "records.3572300059": "v=spf1 a include:_spf.google.com ~all",
                            "set_identifier": "",
                            "ttl": "86400",
                            "type": "SPF",
                            "zone_id": "Z42GR4540YNA5"
                        },
                        "meta": {
                            "schema_version": "2"
                        },
                        "tainted": false
                    },
                    "deposed": [],
                    "provider": ""
                },
                "aws_route53_record.txt": {
                    "type": "aws_route53_record",
                    "depends_on": [
                        "aws_route53_zone.domain"
                    ],
                    "primary": {
                        "id": "Z42GR4540YNA5_kellywatts.com_TXT",
                        "attributes": {
                            "fqdn": "kellywatts.com",
                            "health_check_id": "",
                            "id": "Z42GR4540YNA5_kellywatts.com_TXT",
                            "name": "kellywatts.com",
                            "records.#": "1",
                            "records.3572300059": "v=spf1 a include:_spf.google.com ~all",
                            "set_identifier": "",
                            "ttl": "86400",
                            "type": "TXT",
                            "zone_id": "Z42GR4540YNA5"
                        },
                        "meta": {
                            "schema_version": "2"
                        },
                        "tainted": false
                    },
                    "deposed": [],
                    "provider": ""
                },
                "aws_route53_zone.domain": {
                    "type": "aws_route53_zone",
                    "depends_on": [],
                    "primary": {
                        "id": "Z42GR4540YNA5",
                        "attributes": {
                            "comment": "Managed by Terraform",
                            "delegation_set_id": "N3C8AV2DA0N4N9",
                            "force_destroy": "false",
                            "id": "Z42GR4540YNA5",
                            "name": "kellywatts.com",
                            "name_servers.#": "4",
                            "name_servers.0": "ns-1242.awsdns-27.org",
                            "name_servers.1": "ns-1942.awsdns-50.co.uk",
                            "name_servers.2": "ns-477.awsdns-59.com",
                            "name_servers.3": "ns-808.awsdns-37.net",
                            "tags.%": "0",
                            "zone_id": "Z42GR4540YNA5"
                        },
                        "meta": {},
                        "tainted": false
                    },
                    "deposed": [],
                    "provider": ""
                }
            },
            "depends_on": []
        },
        {
            "path": [
                "root",
                "akerl-dns",
                "lesaker_com"
            ],
            "outputs": {
                "zone_id": {
                    "sensitive": false,
                    "type": "string",
                    "value": "Z12UG2AR1236YD"
                }
            },
            "resources": {
                "aws_route53_record.mx": {
                    "type": "aws_route53_record",
                    "depends_on": [
                        "aws_route53_zone.domain"
                    ],
                    "primary": {
                        "id": "Z12UG2AR1236YD_lesaker.com_MX",
                        "attributes": {
                            "fqdn": "lesaker.com",
                            "health_check_id": "",
                            "id": "Z12UG2AR1236YD_lesaker.com_MX",
                            "name": "lesaker.com",
                            "records.#": "5",
                            "records.2181529566": "1   aspmx.l.google.com.",
                            "records.2525408040": "5   alt2.aspmx.l.google.com.",
                            "records.3170450948": "10  aspmx3.googlemail.com.",
                            "records.3986172363": "5   alt1.aspmx.l.google.com.",
                            "records.996144455": "10  aspmx2.googlemail.com.",
                            "set_identifier": "",
                            "ttl": "86400",
                            "type": "MX",
                            "zone_id": "Z12UG2AR1236YD"
                        },
                        "meta": {
                            "schema_version": "2"
                        },
                        "tainted": false
                    },
                    "deposed": [],
                    "provider": ""
                },
                "aws_route53_record.soa": {
                    "type": "aws_route53_record",
                    "depends_on": [
                        "aws_route53_zone.domain"
                    ],
                    "primary": {
                        "id": "Z12UG2AR1236YD_lesaker.com_SOA",
                        "attributes": {
                            "fqdn": "lesaker.com",
                            "health_check_id": "",
                            "id": "Z12UG2AR1236YD_lesaker.com_SOA",
                            "name": "lesaker.com",
                            "records.#": "1",
                            "records.79063542": "ns-1242.awsdns-27.org. admin.lesaker.org. 1 7200 900 1209600 3600",
                            "set_identifier": "",
                            "ttl": "86400",
                            "type": "SOA",
                            "zone_id": "Z12UG2AR1236YD"
                        },
                        "meta": {
                            "schema_version": "2"
                        },
                        "tainted": false
                    },
                    "deposed": [],
                    "provider": ""
                },
                "aws_route53_record.spf": {
                    "type": "aws_route53_record",
                    "depends_on": [
                        "aws_route53_zone.domain"
                    ],
                    "primary": {
                        "id": "Z12UG2AR1236YD_lesaker.com_SPF",
                        "attributes": {
                            "fqdn": "lesaker.com",
                            "health_check_id": "",
                            "id": "Z12UG2AR1236YD_lesaker.com_SPF",
                            "name": "lesaker.com",
                            "records.#": "1",
                            "records.3572300059": "v=spf1 a include:_spf.google.com ~all",
                            "set_identifier": "",
                            "ttl": "86400",
                            "type": "SPF",
                            "zone_id": "Z12UG2AR1236YD"
                        },
                        "meta": {
                            "schema_version": "2"
                        },
                        "tainted": false
                    },
                    "deposed": [],
                    "provider": ""
                },
                "aws_route53_record.txt": {
                    "type": "aws_route53_record",
                    "depends_on": [
                        "aws_route53_zone.domain"
                    ],
                    "primary": {
                        "id": "Z12UG2AR1236YD_lesaker.com_TXT",
                        "attributes": {
                            "fqdn": "lesaker.com",
                            "health_check_id": "",
                            "id": "Z12UG2AR1236YD_lesaker.com_TXT",
                            "name": "lesaker.com",
                            "records.#": "1",
                            "records.3572300059": "v=spf1 a include:_spf.google.com ~all",
                            "set_identifier": "",
                            "ttl": "86400",
                            "type": "TXT",
                            "zone_id": "Z12UG2AR1236YD"
                        },
                        "meta": {
                            "schema_version": "2"
                        },
                        "tainted": false
                    },
                    "deposed": [],
                    "provider": ""
                },
                "aws_route53_zone.domain": {
                    "type": "aws_route53_zone",
                    "depends_on": [],
                    "primary": {
                        "id": "Z12UG2AR1236YD",
                        "attributes": {
                            "comment": "Managed by Terraform",
                            "delegation_set_id": "N3C8AV2DA0N4N9",
                            "force_destroy": "false",
                            "id": "Z12UG2AR1236YD",
                            "name": "lesaker.com",
                            "name_servers.#": "4",
                            "name_servers.0": "ns-1242.awsdns-27.org",
                            "name_servers.1": "ns-1942.awsdns-50.co.uk",
                            "name_servers.2": "ns-477.awsdns-59.com",
                            "name_servers.3": "ns-808.awsdns-37.net",
                            "tags.%": "0",
                            "zone_id": "Z12UG2AR1236YD"
                        },
                        "meta": {},
                        "tainted": false
                    },
                    "deposed": [],
                    "provider": ""
                }
            },
            "depends_on": []
        },
        {
            "path": [
                "root",
                "akerl-dns",
                "lesaker_org"
            ],
            "outputs": {
                "zone_id": {
                    "sensitive": false,
                    "type": "string",
                    "value": "Z3RU5N2GAL6D4W"
                }
            },
            "resources": {
                "aws_route53_record.mx": {
                    "type": "aws_route53_record",
                    "depends_on": [
                        "aws_route53_zone.domain"
                    ],
                    "primary": {
                        "id": "Z3RU5N2GAL6D4W_lesaker.org_MX",
                        "attributes": {
                            "fqdn": "lesaker.org",
                            "health_check_id": "",
                            "id": "Z3RU5N2GAL6D4W_lesaker.org_MX",
                            "name": "lesaker.org",
                            "records.#": "5",
                            "records.2181529566": "1   aspmx.l.google.com.",
                            "records.2525408040": "5   alt2.aspmx.l.google.com.",
                            "records.3170450948": "10  aspmx3.googlemail.com.",
                            "records.3986172363": "5   alt1.aspmx.l.google.com.",
                            "records.996144455": "10  aspmx2.googlemail.com.",
                            "set_identifier": "",
                            "ttl": "86400",
                            "type": "MX",
                            "zone_id": "Z3RU5N2GAL6D4W"
                        },
                        "meta": {
                            "schema_version": "2"
                        },
                        "tainted": false
                    },
                    "deposed": [],
                    "provider": ""
                },
                "aws_route53_record.soa": {
                    "type": "aws_route53_record",
                    "depends_on": [
                        "aws_route53_zone.domain"
                    ],
                    "primary": {
                        "id": "Z3RU5N2GAL6D4W_lesaker.org_SOA",
                        "attributes": {
                            "fqdn": "lesaker.org",
                            "health_check_id": "",
                            "id": "Z3RU5N2GAL6D4W_lesaker.org_SOA",
                            "name": "lesaker.org",
                            "records.#": "1",
                            "records.79063542": "ns-1242.awsdns-27.org. admin.lesaker.org. 1 7200 900 1209600 3600",
                            "set_identifier": "",
                            "ttl": "86400",
                            "type": "SOA",
                            "zone_id": "Z3RU5N2GAL6D4W"
                        },
                        "meta": {
                            "schema_version": "2"
                        },
                        "tainted": false
                    },
                    "deposed": [],
                    "provider": ""
                },
                "aws_route53_record.spf": {
                    "type": "aws_route53_record",
                    "depends_on": [
                        "aws_route53_zone.domain"
                    ],
                    "primary": {
                        "id": "Z3RU5N2GAL6D4W_lesaker.org_SPF",
                        "attributes": {
                            "fqdn": "lesaker.org",
                            "health_check_id": "",
                            "id": "Z3RU5N2GAL6D4W_lesaker.org_SPF",
                            "name": "lesaker.org",
                            "records.#": "1",
                            "records.3572300059": "v=spf1 a include:_spf.google.com ~all",
                            "set_identifier": "",
                            "ttl": "86400",
                            "type": "SPF",
                            "zone_id": "Z3RU5N2GAL6D4W"
                        },
                        "meta": {
                            "schema_version": "2"
                        },
                        "tainted": false
                    },
                    "deposed": [],
                    "provider": ""
                },
                "aws_route53_record.txt": {
                    "type": "aws_route53_record",
                    "depends_on": [
                        "aws_route53_zone.domain"
                    ],
                    "primary": {
                        "id": "Z3RU5N2GAL6D4W_lesaker.org_TXT",
                        "attributes": {
                            "fqdn": "lesaker.org",
                            "health_check_id": "",
                            "id": "Z3RU5N2GAL6D4W_lesaker.org_TXT",
                            "name": "lesaker.org",
                            "records.#": "1",
                            "records.3572300059": "v=spf1 a include:_spf.google.com ~all",
                            "set_identifier": "",
                            "ttl": "86400",
                            "type": "TXT",
                            "zone_id": "Z3RU5N2GAL6D4W"
                        },
                        "meta": {
                            "schema_version": "2"
                        },
                        "tainted": false
                    },
                    "deposed": [],
                    "provider": ""
                },
                "aws_route53_zone.domain": {
                    "type": "aws_route53_zone",
                    "depends_on": [],
                    "primary": {
                        "id": "Z3RU5N2GAL6D4W",
                        "attributes": {
                            "comment": "Managed by Terraform",
                            "delegation_set_id": "N3C8AV2DA0N4N9",
                            "force_destroy": "false",
                            "id": "Z3RU5N2GAL6D4W",
                            "name": "lesaker.org",
                            "name_servers.#": "4",
                            "name_servers.0": "ns-1242.awsdns-27.org",
                            "name_servers.1": "ns-1942.awsdns-50.co.uk",
                            "name_servers.2": "ns-477.awsdns-59.com",
                            "name_servers.3": "ns-808.awsdns-37.net",
                            "tags.%": "0",
                            "zone_id": "Z3RU5N2GAL6D4W"
                        },
                        "meta": {},
                        "tainted": false
                    },
                    "deposed": [],
                    "provider": ""
                }
            },
            "depends_on": []
        },
        {
            "path": [
                "root",
                "akerl-dns",
                "scrtybybscrty_org"
            ],
            "outputs": {
                "zone_id": {
                    "sensitive": false,
                    "type": "string",
                    "value": "Z11UY811DI2S1K"
                }
            },
            "resources": {
                "aws_route53_record.mx": {
                    "type": "aws_route53_record",
                    "depends_on": [
                        "aws_route53_zone.domain"
                    ],
                    "primary": {
                        "id": "Z11UY811DI2S1K_scrtybybscrty.org_MX",
                        "attributes": {
                            "fqdn": "scrtybybscrty.org",
                            "health_check_id": "",
                            "id": "Z11UY811DI2S1K_scrtybybscrty.org_MX",
                            "name": "scrtybybscrty.org",
                            "records.#": "5",
                            "records.2181529566": "1   aspmx.l.google.com.",
                            "records.2525408040": "5   alt2.aspmx.l.google.com.",
                            "records.3170450948": "10  aspmx3.googlemail.com.",
                            "records.3986172363": "5   alt1.aspmx.l.google.com.",
                            "records.996144455": "10  aspmx2.googlemail.com.",
                            "set_identifier": "",
                            "ttl": "86400",
                            "type": "MX",
                            "zone_id": "Z11UY811DI2S1K"
                        },
                        "meta": {
                            "schema_version": "2"
                        },
                        "tainted": false
                    },
                    "deposed": [],
                    "provider": ""
                },
                "aws_route53_record.soa": {
                    "type": "aws_route53_record",
                    "depends_on": [
                        "aws_route53_zone.domain"
                    ],
                    "primary": {
                        "id": "Z11UY811DI2S1K_scrtybybscrty.org_SOA",
                        "attributes": {
                            "fqdn": "scrtybybscrty.org",
                            "health_check_id": "",
                            "id": "Z11UY811DI2S1K_scrtybybscrty.org_SOA",
                            "name": "scrtybybscrty.org",
                            "records.#": "1",
                            "records.79063542": "ns-1242.awsdns-27.org. admin.lesaker.org. 1 7200 900 1209600 3600",
                            "set_identifier": "",
                            "ttl": "86400",
                            "type": "SOA",
                            "zone_id": "Z11UY811DI2S1K"
                        },
                        "meta": {
                            "schema_version": "2"
                        },
                        "tainted": false
                    },
                    "deposed": [],
                    "provider": ""
                },
                "aws_route53_record.spf": {
                    "type": "aws_route53_record",
                    "depends_on": [
                        "aws_route53_zone.domain"
                    ],
                    "primary": {
                        "id": "Z11UY811DI2S1K_scrtybybscrty.org_SPF",
                        "attributes": {
                            "fqdn": "scrtybybscrty.org",
                            "health_check_id": "",
                            "id": "Z11UY811DI2S1K_scrtybybscrty.org_SPF",
                            "name": "scrtybybscrty.org",
                            "records.#": "1",
                            "records.3572300059": "v=spf1 a include:_spf.google.com ~all",
                            "set_identifier": "",
                            "ttl": "86400",
                            "type": "SPF",
                            "zone_id": "Z11UY811DI2S1K"
                        },
                        "meta": {
                            "schema_version": "2"
                        },
                        "tainted": false
                    },
                    "deposed": [],
                    "provider": ""
                },
                "aws_route53_record.txt": {
                    "type": "aws_route53_record",
                    "depends_on": [
                        "aws_route53_zone.domain"
                    ],
                    "primary": {
                        "id": "Z11UY811DI2S1K_scrtybybscrty.org_TXT",
                        "attributes": {
                            "fqdn": "scrtybybscrty.org",
                            "health_check_id": "",
                            "id": "Z11UY811DI2S1K_scrtybybscrty.org_TXT",
                            "name": "scrtybybscrty.org",
                            "records.#": "1",
                            "records.3572300059": "v=spf1 a include:_spf.google.com ~all",
                            "set_identifier": "",
                            "ttl": "86400",
                            "type": "TXT",
                            "zone_id": "Z11UY811DI2S1K"
                        },
                        "meta": {
                            "schema_version": "2"
                        },
                        "tainted": false
                    },
                    "deposed": [],
                    "provider": ""
                },
                "aws_route53_zone.domain": {
                    "type": "aws_route53_zone",
                    "depends_on": [],
                    "primary": {
                        "id": "Z11UY811DI2S1K",
                        "attributes": {
                            "comment": "Managed by Terraform",
                            "delegation_set_id": "N3C8AV2DA0N4N9",
                            "force_destroy": "false",
                            "id": "Z11UY811DI2S1K",
                            "name": "scrtybybscrty.org",
                            "name_servers.#": "4",
                            "name_servers.0": "ns-1242.awsdns-27.org",
                            "name_servers.1": "ns-1942.awsdns-50.co.uk",
                            "name_servers.2": "ns-477.awsdns-59.com",
                            "name_servers.3": "ns-808.awsdns-37.net",
                            "tags.%": "0",
                            "zone_id": "Z11UY811DI2S1K"
                        },
                        "meta": {},
                        "tainted": false
                    },
                    "deposed": [],
                    "provider": ""
                }
            },
            "depends_on": []
        }
    ]
}
