{
    "version": 3,
    "terraform_version": "0.7.3",
    "serial": 66,
    "lineage": "6a6e3f47-d4c8-46eb-a34e-885062b7c62a",
    "modules": [
        {
            "path": [
                "root"
            ],
            "outputs": {},
            "resources": {},
            "depends_on": []
        },
        {
            "path": [
                "root",
                "account"
            ],
            "outputs": {
                "logging-bucket": {
                    "sensitive": false,
                    "type": "string",
                    "value": "akerl-s3-logs"
                }
            },
            "resources": {
                "aws_cloudtrail.main-trail": {
                    "type": "aws_cloudtrail",
                    "depends_on": [
                        "aws_s3_bucket.main-trail"
                    ],
                    "primary": {
                        "id": "main-trail",
                        "attributes": {
                            "arn": "arn:aws:cloudtrail:us-east-1:764218738161:trail/main-trail",
                            "cloud_watch_logs_group_arn": "",
                            "cloud_watch_logs_role_arn": "",
                            "enable_log_file_validation": "true",
                            "enable_logging": "true",
                            "home_region": "us-east-1",
                            "id": "main-trail",
                            "include_global_service_events": "true",
                            "is_multi_region_trail": "true",
                            "kms_key_id": "",
                            "name": "main-trail",
                            "s3_bucket_name": "akerl-cloudtrail",
                            "s3_key_prefix": "",
                            "sns_topic_name": "",
                            "tags.%": "0"
                        },
                        "meta": {},
                        "tainted": false
                    },
                    "deposed": [],
                    "provider": ""
                },
                "aws_cloudwatch_metric_alarm.billing-alarm": {
                    "type": "aws_cloudwatch_metric_alarm",
                    "depends_on": [
                        "aws_sns_topic.billing-notif"
                    ],
                    "primary": {
                        "id": "billing-alarm",
                        "attributes": {
                            "actions_enabled": "true",
                            "alarm_actions.#": "1",
                            "alarm_actions.3019211877": "arn:aws:sns:us-east-1:764218738161:billing-notif",
                            "alarm_description": "Check for billing spikes",
                            "alarm_name": "billing-alarm",
                            "comparison_operator": "GreaterThanThreshold",
                            "dimensions.%": "1",
                            "dimensions.Currency": "USD",
                            "evaluation_periods": "2",
                            "id": "billing-alarm",
                            "insufficient_data_actions.#": "0",
                            "metric_name": "EstimatedCharges",
                            "namespace": "AWS/Billing",
                            "ok_actions.#": "0",
                            "period": "3600",
                            "statistic": "Maximum",
                            "threshold": "10",
                            "unit": ""
                        },
                        "meta": {},
                        "tainted": false
                    },
                    "deposed": [],
                    "provider": ""
                },
                "aws_iam_account_password_policy.strict": {
                    "type": "aws_iam_account_password_policy",
                    "depends_on": [],
                    "primary": {
                        "id": "iam-account-password-policy",
                        "attributes": {
                            "allow_users_to_change_password": "true",
                            "expire_passwords": "false",
                            "hard_expiry": "false",
                            "id": "iam-account-password-policy",
                            "max_password_age": "0",
                            "minimum_password_length": "32",
                            "password_reuse_prevention": "24",
                            "require_lowercase_characters": "true",
                            "require_numbers": "true",
                            "require_symbols": "true",
                            "require_uppercase_characters": "true"
                        },
                        "meta": {},
                        "tainted": false
                    },
                    "deposed": [],
                    "provider": ""
                },
                "aws_iam_group.admins": {
                    "type": "aws_iam_group",
                    "depends_on": [],
                    "primary": {
                        "id": "admins",
                        "attributes": {
                            "arn": "arn:aws:iam::764218738161:group/admins",
                            "id": "admins",
                            "name": "admins",
                            "path": "/",
                            "unique_id": "AGPAJFOZQAI54CYL4M43G"
                        },
                        "meta": {},
                        "tainted": false
                    },
                    "deposed": [],
                    "provider": ""
                },
                "aws_iam_group_membership.admins": {
                    "type": "aws_iam_group_membership",
                    "depends_on": [
                        "aws_iam_group.admins",
                        "aws_iam_user.admin_users"
                    ],
                    "primary": {
                        "id": "admins",
                        "attributes": {
                            "group": "admins",
                            "id": "admins",
                            "name": "admins",
                            "users.#": "1",
                            "users.2571560494": "akerl"
                        },
                        "meta": {},
                        "tainted": false
                    },
                    "deposed": [],
                    "provider": ""
                },
                "aws_iam_group_policy_attachment.admin-access": {
                    "type": "aws_iam_group_policy_attachment",
                    "depends_on": [
                        "aws_iam_group.admins"
                    ],
                    "primary": {
                        "id": "admins-20160914031035805838310uoi",
                        "attributes": {
                            "group": "admins",
                            "id": "admins-20160914031035805838310uoi",
                            "policy_arn": "arn:aws:iam::aws:policy/AdministratorAccess"
                        },
                        "meta": {},
                        "tainted": false
                    },
                    "deposed": [],
                    "provider": ""
                },
                "aws_iam_user.admin_users": {
                    "type": "aws_iam_user",
                    "depends_on": [],
                    "primary": {
                        "id": "akerl",
                        "attributes": {
                            "arn": "arn:aws:iam::764218738161:user/akerl",
                            "force_destroy": "false",
                            "id": "akerl",
                            "name": "akerl",
                            "path": "/",
                            "unique_id": "AIDAJXS5PGT6LKR754PEG"
                        },
                        "meta": {},
                        "tainted": false
                    },
                    "deposed": [],
                    "provider": ""
                },
                "aws_s3_bucket.logging": {
                    "type": "aws_s3_bucket",
                    "depends_on": [],
                    "primary": {
                        "id": "akerl-s3-logs",
                        "attributes": {
                            "acceleration_status": "",
                            "acl": "log-delivery-write",
                            "arn": "arn:aws:s3:::akerl-s3-logs",
                            "bucket": "akerl-s3-logs",
                            "force_destroy": "false",
                            "hosted_zone_id": "Z3AQBSTGFYJSTF",
                            "id": "akerl-s3-logs",
                            "policy": "",
                            "region": "us-east-1",
                            "request_payer": "BucketOwner",
                            "tags.%": "0",
                            "versioning.#": "1",
                            "versioning.69840937.enabled": "true",
                            "website.#": "0"
                        },
                        "meta": {},
                        "tainted": false
                    },
                    "deposed": [],
                    "provider": ""
                },
                "aws_s3_bucket.main-trail": {
                    "type": "aws_s3_bucket",
                    "depends_on": [],
                    "primary": {
                        "id": "akerl-cloudtrail",
                        "attributes": {
                            "acceleration_status": "",
                            "acl": "private",
                            "arn": "arn:aws:s3:::akerl-cloudtrail",
                            "bucket": "akerl-cloudtrail",
                            "force_destroy": "false",
                            "hosted_zone_id": "Z3AQBSTGFYJSTF",
                            "id": "akerl-cloudtrail",
                            "policy": "{\"Statement\":[{\"Action\":\"s3:GetBucketAcl\",\"Effect\":\"Allow\",\"Principal\":{\"Service\":\"cloudtrail.amazonaws.com\"},\"Resource\":\"arn:aws:s3:::akerl-cloudtrail\",\"Sid\":\"AWSCloudTrailAclCheck\"},{\"Action\":\"s3:PutObject\",\"Condition\":{\"StringEquals\":{\"s3:x-amz-acl\":\"bucket-owner-full-control\"}},\"Effect\":\"Allow\",\"Principal\":{\"Service\":\"cloudtrail.amazonaws.com\"},\"Resource\":\"arn:aws:s3:::akerl-cloudtrail/*\",\"Sid\":\"AWSCloudTrailWrite\"}],\"Version\":\"2012-10-17\"}",
                            "region": "us-east-1",
                            "request_payer": "BucketOwner",
                            "tags.%": "0",
                            "website.#": "0"
                        },
                        "meta": {},
                        "tainted": false
                    },
                    "deposed": [],
                    "provider": ""
                },
                "aws_sns_topic.billing-notif": {
                    "type": "aws_sns_topic",
                    "depends_on": [],
                    "primary": {
                        "id": "arn:aws:sns:us-east-1:764218738161:billing-notif",
                        "attributes": {
                            "arn": "arn:aws:sns:us-east-1:764218738161:billing-notif",
                            "display_name": "",
                            "id": "arn:aws:sns:us-east-1:764218738161:billing-notif",
                            "name": "billing-notif",
                            "policy": "{\"Id\":\"__default_policy_ID\",\"Statement\":[{\"Action\":[\"SNS:GetTopicAttributes\",\"SNS:SetTopicAttributes\",\"SNS:AddPermission\",\"SNS:RemovePermission\",\"SNS:DeleteTopic\",\"SNS:Subscribe\",\"SNS:ListSubscriptionsByTopic\",\"SNS:Publish\",\"SNS:Receive\"],\"Condition\":{\"StringEquals\":{\"AWS:SourceOwner\":\"764218738161\"}},\"Effect\":\"Allow\",\"Principal\":{\"AWS\":\"*\"},\"Resource\":\"arn:aws:sns:us-east-1:764218738161:billing-notif\",\"Sid\":\"__default_statement_ID\"}],\"Version\":\"2008-10-17\"}"
                        },
                        "meta": {},
                        "tainted": false
                    },
                    "deposed": [],
                    "provider": ""
                },
                "awscreds_iam_access_key.akerl": {
                    "type": "awscreds_iam_access_key",
                    "depends_on": [
                        "aws_iam_user.admin_users"
                    ],
                    "primary": {
                        "id": "AKIAJBKLTIM5FCI6IXMA",
                        "attributes": {
                            "file": "creds/account-admins-akerl",
                            "id": "AKIAJBKLTIM5FCI6IXMA",
                            "secret": "",
                            "ses_smtp_password": "",
                            "status": "Active",
                            "user": "akerl"
                        },
                        "meta": {},
                        "tainted": false
                    },
                    "deposed": [],
                    "provider": ""
                }
            },
            "depends_on": []
        },
        {
            "path": [
                "root",
                "akerl-aws-account"
            ],
            "outputs": {},
            "resources": {
                "aws_iam_user.circleci": {
                    "type": "aws_iam_user",
                    "depends_on": [],
                    "primary": {
                        "id": "akerl-aws-account-circleci",
                        "attributes": {
                            "arn": "arn:aws:iam::764218738161:user/akerl-aws-account-circleci",
                            "force_destroy": "false",
                            "id": "akerl-aws-account-circleci",
                            "name": "akerl-aws-account-circleci",
                            "path": "/",
                            "unique_id": "AIDAJDI7CBGYHXU6IGN7C"
                        },
                        "meta": {},
                        "tainted": false
                    },
                    "deposed": [],
                    "provider": ""
                },
                "aws_iam_user_policy.terraform-planner": {
                    "type": "aws_iam_user_policy",
                    "depends_on": [
                        "aws_iam_user.circleci",
                        "data.aws_iam_policy_document.terraform-planner"
                    ],
                    "primary": {
                        "id": "akerl-aws-account-circleci:terraform-planner",
                        "attributes": {
                            "id": "akerl-aws-account-circleci:terraform-planner",
                            "name": "terraform-planner",
                            "policy": "{\n  \"Version\": \"2012-10-17\",\n  \"Statement\": [\n    {\n      \"Sid\": \"\",\n      \"Effect\": \"Allow\",\n      \"Action\": [\n        \"sns:Get*\",\n        \"s3:ListAllMyBuckets\",\n        \"s3:GetReplicationConfiguration\",\n        \"s3:GetLifecycleConfiguration\",\n        \"s3:GetBucket*\",\n        \"s3:GetAccelerateConfiguration\",\n        \"iam:List*\",\n        \"iam:Get*\",\n        \"cloudwatch:Describe*\",\n        \"cloudtrail:List*\",\n        \"cloudtrail:Get*\",\n        \"cloudtrail:Describe*\",\n        \"cloudfront:Get*\"\n      ],\n      \"Resource\": \"*\"\n    },\n    {\n      \"Sid\": \"\",\n      \"Effect\": \"Allow\",\n      \"Action\": \"s3:ListBucket\",\n      \"Resource\": \"arn:aws:s3:::*\"\n    }\n  ]\n}",
                            "user": "akerl-aws-account-circleci"
                        },
                        "meta": {},
                        "tainted": false
                    },
                    "deposed": [],
                    "provider": ""
                },
                "awscreds_iam_access_key.circleci-key": {
                    "type": "awscreds_iam_access_key",
                    "depends_on": [
                        "aws_iam_user.circleci"
                    ],
                    "primary": {
                        "id": "AKIAIUMB2JLIKOOQB4XA",
                        "attributes": {
                            "file": "creds/akerl-aws-account-circleci",
                            "id": "AKIAIUMB2JLIKOOQB4XA",
                            "secret": "",
                            "ses_smtp_password": "",
                            "status": "Active",
                            "user": "akerl-aws-account-circleci"
                        },
                        "meta": {},
                        "tainted": false
                    },
                    "deposed": [],
                    "provider": ""
                },
                "data.aws_iam_policy_document.terraform-planner": {
                    "type": "aws_iam_policy_document",
                    "depends_on": [],
                    "primary": {
                        "id": "992401823",
                        "attributes": {
                            "id": "992401823",
                            "json": "{\n  \"Version\": \"2012-10-17\",\n  \"Statement\": [\n    {\n      \"Sid\": \"\",\n      \"Effect\": \"Allow\",\n      \"Action\": [\n        \"sns:Get*\",\n        \"s3:ListAllMyBuckets\",\n        \"s3:GetReplicationConfiguration\",\n        \"s3:GetLifecycleConfiguration\",\n        \"s3:GetBucket*\",\n        \"s3:GetAccelerateConfiguration\",\n        \"iam:List*\",\n        \"iam:Get*\",\n        \"cloudwatch:Describe*\",\n        \"cloudtrail:List*\",\n        \"cloudtrail:Get*\",\n        \"cloudtrail:Describe*\",\n        \"cloudfront:Get*\"\n      ],\n      \"Resource\": \"*\"\n    },\n    {\n      \"Sid\": \"\",\n      \"Effect\": \"Allow\",\n      \"Action\": \"s3:ListBucket\",\n      \"Resource\": \"arn:aws:s3:::*\"\n    }\n  ]\n}",
                            "statement.#": "2",
                            "statement.0.actions.#": "13",
                            "statement.0.actions.1390412377": "s3:GetBucket*",
                            "statement.0.actions.1794484843": "s3:GetReplicationConfiguration",
                            "statement.0.actions.1999404577": "cloudfront:Get*",
                            "statement.0.actions.2323439281": "s3:GetAccelerateConfiguration",
                            "statement.0.actions.2960554739": "cloudtrail:Describe*",
                            "statement.0.actions.3661080708": "iam:List*",
                            "statement.0.actions.394265353": "cloudtrail:Get*",
                            "statement.0.actions.401159279": "cloudwatch:Describe*",
                            "statement.0.actions.4100473182": "s3:GetLifecycleConfiguration",
                            "statement.0.actions.4187279778": "sns:Get*",
                            "statement.0.actions.500775903": "cloudtrail:List*",
                            "statement.0.actions.784067698": "iam:Get*",
                            "statement.0.actions.796062918": "s3:ListAllMyBuckets",
                            "statement.0.condition.#": "0",
                            "statement.0.effect": "Allow",
                            "statement.0.not_actions.#": "0",
                            "statement.0.not_principals.#": "0",
                            "statement.0.not_resources.#": "0",
                            "statement.0.principals.#": "0",
                            "statement.0.resources.#": "1",
                            "statement.0.resources.2679715827": "*",
                            "statement.0.sid": "",
                            "statement.1.actions.#": "1",
                            "statement.1.actions.486976917": "s3:ListBucket",
                            "statement.1.condition.#": "0",
                            "statement.1.effect": "Allow",
                            "statement.1.not_actions.#": "0",
                            "statement.1.not_principals.#": "0",
                            "statement.1.not_resources.#": "0",
                            "statement.1.principals.#": "0",
                            "statement.1.resources.#": "1",
                            "statement.1.resources.2835728174": "arn:aws:s3:::*",
                            "statement.1.sid": ""
                        },
                        "meta": {},
                        "tainted": false
                    },
                    "deposed": [],
                    "provider": ""
                }
            },
            "depends_on": []
        },
        {
            "path": [
                "root",
                "akerl-blog"
            ],
            "outputs": {},
            "resources": {
                "aws_cloudfront_distribution.blog_distribution": {
                    "type": "aws_cloudfront_distribution",
                    "depends_on": [
                        "aws_s3_bucket.file-bucket"
                    ],
                    "primary": {
                        "id": "E25X7XETU1AI20",
                        "attributes": {
                            "active_trusted_signers.%": "2",
                            "active_trusted_signers.enabled": "false",
                            "active_trusted_signers.items.#": "0",
                            "aliases.#": "1",
                            "aliases.2457523478": "blog.akerl.org",
                            "cache_behavior.#": "0",
                            "caller_reference": "2016-09-14T11:49:10.073436535-04:00",
                            "custom_error_response.#": "0",
                            "default_cache_behavior.#": "1",
                            "default_cache_behavior.1985700601.allowed_methods.#": "2",
                            "default_cache_behavior.1985700601.allowed_methods.0": "HEAD",
                            "default_cache_behavior.1985700601.allowed_methods.1": "GET",
                            "default_cache_behavior.1985700601.cached_methods.#": "2",
                            "default_cache_behavior.1985700601.cached_methods.0": "HEAD",
                            "default_cache_behavior.1985700601.cached_methods.1": "GET",
                            "default_cache_behavior.1985700601.compress": "true",
                            "default_cache_behavior.1985700601.default_ttl": "300",
                            "default_cache_behavior.1985700601.forwarded_values.#": "1",
                            "default_cache_behavior.1985700601.forwarded_values.2759845635.cookies.#": "1",
                            "default_cache_behavior.1985700601.forwarded_values.2759845635.cookies.2625240281.forward": "none",
                            "default_cache_behavior.1985700601.forwarded_values.2759845635.cookies.2625240281.whitelisted_names.#": "0",
                            "default_cache_behavior.1985700601.forwarded_values.2759845635.headers.#": "0",
                            "default_cache_behavior.1985700601.forwarded_values.2759845635.query_string": "false",
                            "default_cache_behavior.1985700601.max_ttl": "300",
                            "default_cache_behavior.1985700601.min_ttl": "0",
                            "default_cache_behavior.1985700601.smooth_streaming": "false",
                            "default_cache_behavior.1985700601.target_origin_id": "blog-bucket",
                            "default_cache_behavior.1985700601.trusted_signers.#": "0",
                            "default_cache_behavior.1985700601.viewer_protocol_policy": "redirect-to-https",
                            "default_root_object": "index.html",
                            "domain_name": "dvw7pswcn4cfg.cloudfront.net",
                            "enabled": "true",
                            "etag": "E11ZL9LB2WQXPP",
                            "hosted_zone_id": "Z2FDTNDATAQYW2",
                            "id": "E25X7XETU1AI20",
                            "in_progress_validation_batches": "0",
                            "last_modified_time": "2016-09-16 05:01:32.221 +0000 UTC",
                            "logging_config.#": "1",
                            "logging_config.2942440303.bucket": "akerl-s3-logs.s3.amazonaws.com",
                            "logging_config.2942440303.include_cookies": "false",
                            "logging_config.2942440303.prefix": "akerl-blog-cdn/",
                            "origin.#": "1",
                            "origin.1381632125.custom_header.#": "0",
                            "origin.1381632125.custom_origin_config.#": "1",
                            "origin.1381632125.custom_origin_config.1129457067.http_port": "80",
                            "origin.1381632125.custom_origin_config.1129457067.https_port": "443",
                            "origin.1381632125.custom_origin_config.1129457067.origin_protocol_policy": "http-only",
                            "origin.1381632125.custom_origin_config.1129457067.origin_ssl_protocols.#": "3",
                            "origin.1381632125.custom_origin_config.1129457067.origin_ssl_protocols.0": "TLSv1",
                            "origin.1381632125.custom_origin_config.1129457067.origin_ssl_protocols.1": "TLSv1.1",
                            "origin.1381632125.custom_origin_config.1129457067.origin_ssl_protocols.2": "TLSv1.2",
                            "origin.1381632125.domain_name": "akerl-blog.s3-website-us-east-1.amazonaws.com",
                            "origin.1381632125.origin_id": "blog-bucket",
                            "origin.1381632125.origin_path": "",
                            "origin.1381632125.s3_origin_config.#": "0",
                            "price_class": "PriceClass_100",
                            "restrictions.#": "1",
                            "restrictions.1097372288.geo_restriction.#": "1",
                            "restrictions.1097372288.geo_restriction.2625240281.locations.#": "0",
                            "restrictions.1097372288.geo_restriction.2625240281.restriction_type": "none",
                            "retain_on_delete": "false",
                            "status": "Deployed",
                            "viewer_certificate.#": "1",
                            "viewer_certificate.1602682105.acm_certificate_arn": "arn:aws:acm:us-east-1:764218738161:certificate/90048130-4680-45e3-aa7a-2ccfbcb0c2ff",
                            "viewer_certificate.1602682105.cloudfront_default_certificate": "false",
                            "viewer_certificate.1602682105.iam_certificate_id": "",
                            "viewer_certificate.1602682105.minimum_protocol_version": "TLSv1",
                            "viewer_certificate.1602682105.ssl_support_method": "sni-only",
                            "web_acl_id": ""
                        },
                        "meta": {},
                        "tainted": false
                    },
                    "deposed": [],
                    "provider": ""
                },
                "aws_cloudfront_distribution.redirect_distribution": {
                    "type": "aws_cloudfront_distribution",
                    "depends_on": [
                        "aws_s3_bucket.redirect-bucket"
                    ],
                    "primary": {
                        "id": "E2GA04NOQ30KBV",
                        "attributes": {
                            "active_trusted_signers.%": "2",
                            "active_trusted_signers.enabled": "false",
                            "active_trusted_signers.items.#": "0",
                            "aliases.#": "16",
                            "aliases.1288416212": "lesaker.org",
                            "aliases.1516820402": "lesaker.com",
                            "aliases.1577856700": "www.a-rwx.org",
                            "aliases.1599199520": "scrtybybscrty.org",
                            "aliases.1791641142": "www.happilyeveraker.com",
                            "aliases.1858864836": "www.id-ed25519.pub",
                            "aliases.2119664291": "happilyeveraker.com",
                            "aliases.2796100132": "a-rwx.org",
                            "aliases.3230243585": "www.akerl.com",
                            "aliases.3259292592": "www.lesaker.com",
                            "aliases.3465374948": "www.scrtybybscrty.org",
                            "aliases.3571951574": "www.lesaker.org",
                            "aliases.3593135975": "www.akerl.org",
                            "aliases.4079350237": "id-ed25519.pub",
                            "aliases.781177855": "akerl.org",
                            "aliases.942452633": "akerl.com",
                            "cache_behavior.#": "0",
                            "caller_reference": "2016-09-14T17:49:06.981798011-04:00",
                            "custom_error_response.#": "0",
                            "default_cache_behavior.#": "1",
                            "default_cache_behavior.2219766909.allowed_methods.#": "2",
                            "default_cache_behavior.2219766909.allowed_methods.0": "HEAD",
                            "default_cache_behavior.2219766909.allowed_methods.1": "GET",
                            "default_cache_behavior.2219766909.cached_methods.#": "2",
                            "default_cache_behavior.2219766909.cached_methods.0": "HEAD",
                            "default_cache_behavior.2219766909.cached_methods.1": "GET",
                            "default_cache_behavior.2219766909.compress": "true",
                            "default_cache_behavior.2219766909.default_ttl": "300",
                            "default_cache_behavior.2219766909.forwarded_values.#": "1",
                            "default_cache_behavior.2219766909.forwarded_values.2759845635.cookies.#": "1",
                            "default_cache_behavior.2219766909.forwarded_values.2759845635.cookies.2625240281.forward": "none",
                            "default_cache_behavior.2219766909.forwarded_values.2759845635.cookies.2625240281.whitelisted_names.#": "0",
                            "default_cache_behavior.2219766909.forwarded_values.2759845635.headers.#": "0",
                            "default_cache_behavior.2219766909.forwarded_values.2759845635.query_string": "false",
                            "default_cache_behavior.2219766909.max_ttl": "300",
                            "default_cache_behavior.2219766909.min_ttl": "0",
                            "default_cache_behavior.2219766909.smooth_streaming": "false",
                            "default_cache_behavior.2219766909.target_origin_id": "redirect-bucket",
                            "default_cache_behavior.2219766909.trusted_signers.#": "0",
                            "default_cache_behavior.2219766909.viewer_protocol_policy": "redirect-to-https",
                            "default_root_object": "",
                            "domain_name": "d3c22u04feroyw.cloudfront.net",
                            "enabled": "true",
                            "etag": "EHM3UH1DA6IML",
                            "hosted_zone_id": "Z2FDTNDATAQYW2",
                            "id": "E2GA04NOQ30KBV",
                            "in_progress_validation_batches": "0",
                            "last_modified_time": "2016-09-16 05:01:32.875 +0000 UTC",
                            "logging_config.#": "1",
                            "logging_config.3634125634.bucket": "akerl-s3-logs.s3.amazonaws.com",
                            "logging_config.3634125634.include_cookies": "false",
                            "logging_config.3634125634.prefix": "akerl-blog-redirect-cdn",
                            "origin.#": "1",
                            "origin.1890573369.custom_header.#": "0",
                            "origin.1890573369.custom_origin_config.#": "1",
                            "origin.1890573369.custom_origin_config.1129457067.http_port": "80",
                            "origin.1890573369.custom_origin_config.1129457067.https_port": "443",
                            "origin.1890573369.custom_origin_config.1129457067.origin_protocol_policy": "http-only",
                            "origin.1890573369.custom_origin_config.1129457067.origin_ssl_protocols.#": "3",
                            "origin.1890573369.custom_origin_config.1129457067.origin_ssl_protocols.0": "TLSv1",
                            "origin.1890573369.custom_origin_config.1129457067.origin_ssl_protocols.1": "TLSv1.1",
                            "origin.1890573369.custom_origin_config.1129457067.origin_ssl_protocols.2": "TLSv1.2",
                            "origin.1890573369.domain_name": "akerl-blog-redirect.s3-website-us-east-1.amazonaws.com",
                            "origin.1890573369.origin_id": "redirect-bucket",
                            "origin.1890573369.origin_path": "",
                            "origin.1890573369.s3_origin_config.#": "0",
                            "price_class": "PriceClass_100",
                            "restrictions.#": "1",
                            "restrictions.1097372288.geo_restriction.#": "1",
                            "restrictions.1097372288.geo_restriction.2625240281.locations.#": "0",
                            "restrictions.1097372288.geo_restriction.2625240281.restriction_type": "none",
                            "retain_on_delete": "false",
                            "status": "Deployed",
                            "viewer_certificate.#": "1",
                            "viewer_certificate.1602682105.acm_certificate_arn": "arn:aws:acm:us-east-1:764218738161:certificate/90048130-4680-45e3-aa7a-2ccfbcb0c2ff",
                            "viewer_certificate.1602682105.cloudfront_default_certificate": "false",
                            "viewer_certificate.1602682105.iam_certificate_id": "",
                            "viewer_certificate.1602682105.minimum_protocol_version": "TLSv1",
                            "viewer_certificate.1602682105.ssl_support_method": "sni-only",
                            "web_acl_id": ""
                        },
                        "meta": {},
                        "tainted": false
                    },
                    "deposed": [],
                    "provider": ""
                },
                "aws_iam_user.circleci": {
                    "type": "aws_iam_user",
                    "depends_on": [],
                    "primary": {
                        "id": "akerl-blog-circleci",
                        "attributes": {
                            "arn": "arn:aws:iam::764218738161:user/akerl-blog-circleci",
                            "force_destroy": "false",
                            "id": "akerl-blog-circleci",
                            "name": "akerl-blog-circleci",
                            "path": "/",
                            "unique_id": "AIDAJSEU6VTSN7ATPSRBQ"
                        },
                        "meta": {},
                        "tainted": false
                    },
                    "deposed": [],
                    "provider": ""
                },
                "aws_iam_user_policy.blogupdater": {
                    "type": "aws_iam_user_policy",
                    "depends_on": [
                        "aws_iam_user.circleci",
                        "data.aws_iam_policy_document.blogupdater"
                    ],
                    "primary": {
                        "id": "akerl-blog-circleci:blogupdater",
                        "attributes": {
                            "id": "akerl-blog-circleci:blogupdater",
                            "name": "blogupdater",
                            "policy": "{\n  \"Version\": \"2012-10-17\",\n  \"Statement\": [\n    {\n      \"Sid\": \"\",\n      \"Effect\": \"Allow\",\n      \"Action\": [\n        \"s3:PutObject\",\n        \"s3:ListBucket\",\n        \"s3:ListAllMyBuckets\",\n        \"s3:GetObjectAcl\",\n        \"s3:GetObject\",\n        \"s3:GetBucketLocation\",\n        \"s3:GetBucketAcl\",\n        \"s3:DeleteObject\"\n      ],\n      \"Resource\": [\n        \"arn:aws:s3:::akerl-blog/*\",\n        \"arn:aws:s3:::akerl-blog\"\n      ]\n    }\n  ]\n}",
                            "user": "akerl-blog-circleci"
                        },
                        "meta": {},
                        "tainted": false
                    },
                    "deposed": [],
                    "provider": ""
                },
                "aws_s3_bucket.file-bucket": {
                    "type": "aws_s3_bucket",
                    "depends_on": [
                        "data.aws_iam_policy_document.file-bucket-read-access"
                    ],
                    "primary": {
                        "id": "akerl-blog",
                        "attributes": {
                            "acceleration_status": "",
                            "acl": "private",
                            "arn": "arn:aws:s3:::akerl-blog",
                            "bucket": "akerl-blog",
                            "force_destroy": "false",
                            "hosted_zone_id": "Z3AQBSTGFYJSTF",
                            "id": "akerl-blog",
                            "logging.#": "1",
                            "logging.2158441842.target_bucket": "akerl-s3-logs",
                            "logging.2158441842.target_prefix": "akerl-blog/",
                            "policy": "{\"Statement\":[{\"Action\":\"s3:GetObject\",\"Effect\":\"Allow\",\"Principal\":{\"AWS\":\"*\"},\"Resource\":\"arn:aws:s3:::akerl-blog/*\",\"Sid\":\"\"}],\"Version\":\"2012-10-17\"}",
                            "region": "us-east-1",
                            "request_payer": "BucketOwner",
                            "tags.%": "0",
                            "versioning.#": "1",
                            "versioning.69840937.enabled": "true",
                            "website.#": "1",
                            "website.0.error_document": "404/index.html",
                            "website.0.index_document": "index.html",
                            "website.0.redirect_all_requests_to": "",
                            "website.0.routing_rules": "",
                            "website_domain": "s3-website-us-east-1.amazonaws.com",
                            "website_endpoint": "akerl-blog.s3-website-us-east-1.amazonaws.com"
                        },
                        "meta": {},
                        "tainted": false
                    },
                    "deposed": [],
                    "provider": ""
                },
                "aws_s3_bucket.redirect-bucket": {
                    "type": "aws_s3_bucket",
                    "depends_on": [
                        "data.aws_iam_policy_document.redirect-bucket-read-access"
                    ],
                    "primary": {
                        "id": "akerl-blog-redirect",
                        "attributes": {
                            "acceleration_status": "",
                            "acl": "private",
                            "arn": "arn:aws:s3:::akerl-blog-redirect",
                            "bucket": "akerl-blog-redirect",
                            "force_destroy": "false",
                            "hosted_zone_id": "Z3AQBSTGFYJSTF",
                            "id": "akerl-blog-redirect",
                            "logging.#": "1",
                            "logging.525726922.target_bucket": "akerl-s3-logs",
                            "logging.525726922.target_prefix": "akerl-blog-redirect/",
                            "policy": "{\"Statement\":[{\"Action\":\"s3:GetObject\",\"Effect\":\"Allow\",\"Principal\":{\"AWS\":\"*\"},\"Resource\":\"arn:aws:s3:::akerl-blog-redirect/*\",\"Sid\":\"\"}],\"Version\":\"2012-10-17\"}",
                            "region": "us-east-1",
                            "request_payer": "BucketOwner",
                            "tags.%": "0",
                            "versioning.#": "1",
                            "versioning.69840937.enabled": "true",
                            "website.#": "1",
                            "website.0.error_document": "",
                            "website.0.index_document": "",
                            "website.0.redirect_all_requests_to": "https://blog.akerl.org",
                            "website.0.routing_rules": "",
                            "website_domain": "s3-website-us-east-1.amazonaws.com",
                            "website_endpoint": "akerl-blog-redirect.s3-website-us-east-1.amazonaws.com"
                        },
                        "meta": {},
                        "tainted": false
                    },
                    "deposed": [],
                    "provider": ""
                },
                "awscreds_iam_access_key.circleci-key": {
                    "type": "awscreds_iam_access_key",
                    "depends_on": [
                        "aws_iam_user.circleci"
                    ],
                    "primary": {
                        "id": "AKIAI525JZUHKUMHICXA",
                        "attributes": {
                            "file": "creds/akerl-blog-circleci",
                            "id": "AKIAI525JZUHKUMHICXA",
                            "secret": "",
                            "ses_smtp_password": "",
                            "status": "Active",
                            "user": "akerl-blog-circleci"
                        },
                        "meta": {},
                        "tainted": false
                    },
                    "deposed": [],
                    "provider": ""
                },
                "data.aws_iam_policy_document.blogupdater": {
                    "type": "aws_iam_policy_document",
                    "depends_on": [
                        "aws_s3_bucket.file-bucket"
                    ],
                    "primary": {
                        "id": "2135601489",
                        "attributes": {
                            "id": "2135601489",
                            "json": "{\n  \"Version\": \"2012-10-17\",\n  \"Statement\": [\n    {\n      \"Sid\": \"\",\n      \"Effect\": \"Allow\",\n      \"Action\": [\n        \"s3:PutObject\",\n        \"s3:ListBucket\",\n        \"s3:ListAllMyBuckets\",\n        \"s3:GetObjectAcl\",\n        \"s3:GetObject\",\n        \"s3:GetBucketLocation\",\n        \"s3:GetBucketAcl\",\n        \"s3:DeleteObject\"\n      ],\n      \"Resource\": [\n        \"arn:aws:s3:::akerl-blog/*\",\n        \"arn:aws:s3:::akerl-blog\"\n      ]\n    }\n  ]\n}",
                            "statement.#": "1",
                            "statement.0.actions.#": "8",
                            "statement.0.actions.2071725391": "s3:GetObject",
                            "statement.0.actions.2517836488": "s3:GetObjectAcl",
                            "statement.0.actions.3009670498": "s3:DeleteObject",
                            "statement.0.actions.315547055": "s3:PutObject",
                            "statement.0.actions.3948445924": "s3:GetBucketLocation",
                            "statement.0.actions.486976917": "s3:ListBucket",
                            "statement.0.actions.796062918": "s3:ListAllMyBuckets",
                            "statement.0.actions.845481387": "s3:GetBucketAcl",
                            "statement.0.condition.#": "0",
                            "statement.0.effect": "Allow",
                            "statement.0.not_actions.#": "0",
                            "statement.0.not_principals.#": "0",
                            "statement.0.not_resources.#": "0",
                            "statement.0.principals.#": "0",
                            "statement.0.resources.#": "2",
                            "statement.0.resources.2218934011": "arn:aws:s3:::akerl-blog/*",
                            "statement.0.resources.3113542243": "arn:aws:s3:::akerl-blog",
                            "statement.0.sid": ""
                        },
                        "meta": {},
                        "tainted": false
                    },
                    "deposed": [],
                    "provider": ""
                },
                "data.aws_iam_policy_document.bucket-read-access": {
                    "type": "aws_iam_policy_document",
                    "depends_on": [],
                    "primary": {
                        "id": "2908133582",
                        "attributes": {
                            "id": "2908133582",
                            "json": "{\n  \"Version\": \"2012-10-17\",\n  \"Statement\": [\n    {\n      \"Sid\": \"\",\n      \"Effect\": \"Allow\",\n      \"Action\": \"s3:GetObject\",\n      \"Resource\": \"arn:aws:s3:::*\",\n      \"Principal\": {\n        \"AWS\": \"*\"\n      }\n    }\n  ]\n}",
                            "statement.#": "1",
                            "statement.0.actions.#": "1",
                            "statement.0.actions.2071725391": "s3:GetObject",
                            "statement.0.condition.#": "0",
                            "statement.0.effect": "Allow",
                            "statement.0.not_actions.#": "0",
                            "statement.0.not_principals.#": "0",
                            "statement.0.not_resources.#": "0",
                            "statement.0.principals.#": "1",
                            "statement.0.principals.636693895.identifiers.#": "1",
                            "statement.0.principals.636693895.identifiers.2679715827": "*",
                            "statement.0.principals.636693895.type": "AWS",
                            "statement.0.resources.#": "1",
                            "statement.0.resources.2835728174": "arn:aws:s3:::*",
                            "statement.0.sid": ""
                        },
                        "meta": {},
                        "tainted": false
                    },
                    "deposed": [],
                    "provider": ""
                },
                "data.aws_iam_policy_document.file-bucket-read-access": {
                    "type": "aws_iam_policy_document",
                    "depends_on": [],
                    "primary": {
                        "id": "974320875",
                        "attributes": {
                            "id": "974320875",
                            "json": "{\n  \"Version\": \"2012-10-17\",\n  \"Statement\": [\n    {\n      \"Sid\": \"\",\n      \"Effect\": \"Allow\",\n      \"Action\": \"s3:GetObject\",\n      \"Resource\": \"arn:aws:s3:::akerl-blog/*\",\n      \"Principal\": {\n        \"AWS\": \"*\"\n      }\n    }\n  ]\n}",
                            "statement.#": "1",
                            "statement.0.actions.#": "1",
                            "statement.0.actions.2071725391": "s3:GetObject",
                            "statement.0.condition.#": "0",
                            "statement.0.effect": "Allow",
                            "statement.0.not_actions.#": "0",
                            "statement.0.not_principals.#": "0",
                            "statement.0.not_resources.#": "0",
                            "statement.0.principals.#": "1",
                            "statement.0.principals.636693895.identifiers.#": "1",
                            "statement.0.principals.636693895.identifiers.2679715827": "*",
                            "statement.0.principals.636693895.type": "AWS",
                            "statement.0.resources.#": "1",
                            "statement.0.resources.2218934011": "arn:aws:s3:::akerl-blog/*",
                            "statement.0.sid": ""
                        },
                        "meta": {},
                        "tainted": false
                    },
                    "deposed": [],
                    "provider": ""
                },
                "data.aws_iam_policy_document.redirect-bucket-read-access": {
                    "type": "aws_iam_policy_document",
                    "depends_on": [],
                    "primary": {
                        "id": "2903805152",
                        "attributes": {
                            "id": "2903805152",
                            "json": "{\n  \"Version\": \"2012-10-17\",\n  \"Statement\": [\n    {\n      \"Sid\": \"\",\n      \"Effect\": \"Allow\",\n      \"Action\": \"s3:GetObject\",\n      \"Resource\": \"arn:aws:s3:::akerl-blog-redirect/*\",\n      \"Principal\": {\n        \"AWS\": \"*\"\n      }\n    }\n  ]\n}",
                            "statement.#": "1",
                            "statement.0.actions.#": "1",
                            "statement.0.actions.2071725391": "s3:GetObject",
                            "statement.0.condition.#": "0",
                            "statement.0.effect": "Allow",
                            "statement.0.not_actions.#": "0",
                            "statement.0.not_principals.#": "0",
                            "statement.0.not_resources.#": "0",
                            "statement.0.principals.#": "1",
                            "statement.0.principals.636693895.identifiers.#": "1",
                            "statement.0.principals.636693895.identifiers.2679715827": "*",
                            "statement.0.principals.636693895.type": "AWS",
                            "statement.0.resources.#": "1",
                            "statement.0.resources.2274886761": "arn:aws:s3:::akerl-blog-redirect/*",
                            "statement.0.sid": ""
                        },
                        "meta": {},
                        "tainted": false
                    },
                    "deposed": [],
                    "provider": ""
                }
            },
            "depends_on": []
        },
        {
            "path": [
                "root",
                "akerl-dns"
            ],
            "outputs": {},
            "resources": {
                "aws_iam_user.circleci": {
                    "type": "aws_iam_user",
                    "depends_on": [],
                    "primary": {
                        "id": "akerl-dns-circleci",
                        "attributes": {
                            "arn": "arn:aws:iam::764218738161:user/akerl-dns-circleci",
                            "force_destroy": "false",
                            "id": "akerl-dns-circleci",
                            "name": "akerl-dns-circleci",
                            "path": "/",
                            "unique_id": "AIDAIYHO5O5JRTZTDYNNE"
                        },
                        "meta": {},
                        "tainted": false
                    },
                    "deposed": [],
                    "provider": ""
                },
                "aws_iam_user_policy.dnsupdater": {
                    "type": "aws_iam_user_policy",
                    "depends_on": [
                        "aws_iam_user.circleci",
                        "data.aws_iam_policy_document.dnsupdater"
                    ],
                    "primary": {
                        "id": "akerl-dns-circleci:dnsupdater",
                        "attributes": {
                            "id": "akerl-dns-circleci:dnsupdater",
                            "name": "dnsupdater",
                            "policy": "{\n  \"Version\": \"2012-10-17\",\n  \"Statement\": [\n    {\n      \"Sid\": \"\",\n      \"Effect\": \"Allow\",\n      \"Action\": [\n        \"route53:UpdateHostedZoneComment\",\n        \"route53:List*\",\n        \"route53:Get*\",\n        \"route53:CreateReusableDelegationSet\",\n        \"route53:CreateHostedZone\",\n        \"route53:ChangeTagsForResource\",\n        \"route53:ChangeResourceRecordSets\"\n      ],\n      \"Resource\": \"arn:aws:route53:::*\"\n    },\n    {\n      \"Sid\": \"\",\n      \"Effect\": \"Allow\",\n      \"Action\": [\n        \"s3:PutObject\",\n        \"s3:ListBucket\",\n        \"s3:ListAllMyBuckets\",\n        \"s3:GetObjectAcl\",\n        \"s3:GetObject\",\n        \"s3:GetBucketLocation\",\n        \"s3:GetBucketAcl\",\n        \"s3:DeleteObject\"\n      ],\n      \"Resource\": [\n        \"arn:aws:s3:::akerl-dns/*\",\n        \"arn:aws:s3:::akerl-dns\"\n      ]\n    }\n  ]\n}",
                            "user": "akerl-dns-circleci"
                        },
                        "meta": {},
                        "tainted": false
                    },
                    "deposed": [],
                    "provider": ""
                },
                "aws_s3_bucket.state-bucket": {
                    "type": "aws_s3_bucket",
                    "depends_on": [],
                    "primary": {
                        "id": "akerl-dns",
                        "attributes": {
                            "acceleration_status": "",
                            "acl": "private",
                            "arn": "arn:aws:s3:::akerl-dns",
                            "bucket": "akerl-dns",
                            "force_destroy": "false",
                            "hosted_zone_id": "Z3AQBSTGFYJSTF",
                            "id": "akerl-dns",
                            "logging.#": "1",
                            "logging.736299648.target_bucket": "akerl-s3-logs",
                            "logging.736299648.target_prefix": "akerl-dns/",
                            "policy": "",
                            "region": "us-east-1",
                            "request_payer": "BucketOwner",
                            "tags.%": "0",
                            "versioning.#": "1",
                            "versioning.69840937.enabled": "true",
                            "website.#": "0"
                        },
                        "meta": {},
                        "tainted": false
                    },
                    "deposed": [],
                    "provider": ""
                },
                "awscreds_iam_access_key.circleci-key": {
                    "type": "awscreds_iam_access_key",
                    "depends_on": [
                        "aws_iam_user.circleci"
                    ],
                    "primary": {
                        "id": "AKIAJN6CNB7WDPSGMK7A",
                        "attributes": {
                            "file": "creds/akerl-dns-circleci",
                            "id": "AKIAJN6CNB7WDPSGMK7A",
                            "secret": "",
                            "ses_smtp_password": "",
                            "status": "Active",
                            "user": "akerl-dns-circleci"
                        },
                        "meta": {},
                        "tainted": false
                    },
                    "deposed": [],
                    "provider": ""
                },
                "data.aws_iam_policy_document.dnsupdater": {
                    "type": "aws_iam_policy_document",
                    "depends_on": [
                        "aws_s3_bucket.state-bucket"
                    ],
                    "primary": {
                        "id": "993292507",
                        "attributes": {
                            "id": "993292507",
                            "json": "{\n  \"Version\": \"2012-10-17\",\n  \"Statement\": [\n    {\n      \"Sid\": \"\",\n      \"Effect\": \"Allow\",\n      \"Action\": [\n        \"route53:UpdateHostedZoneComment\",\n        \"route53:List*\",\n        \"route53:Get*\",\n        \"route53:CreateReusableDelegationSet\",\n        \"route53:CreateHostedZone\",\n        \"route53:ChangeTagsForResource\",\n        \"route53:ChangeResourceRecordSets\"\n      ],\n      \"Resource\": \"arn:aws:route53:::*\"\n    },\n    {\n      \"Sid\": \"\",\n      \"Effect\": \"Allow\",\n      \"Action\": [\n        \"s3:PutObject\",\n        \"s3:ListBucket\",\n        \"s3:ListAllMyBuckets\",\n        \"s3:GetObjectAcl\",\n        \"s3:GetObject\",\n        \"s3:GetBucketLocation\",\n        \"s3:GetBucketAcl\",\n        \"s3:DeleteObject\"\n      ],\n      \"Resource\": [\n        \"arn:aws:s3:::akerl-dns/*\",\n        \"arn:aws:s3:::akerl-dns\"\n      ]\n    }\n  ]\n}",
                            "statement.#": "2",
                            "statement.0.actions.#": "7",
                            "statement.0.actions.114232790": "route53:CreateReusableDelegationSet",
                            "statement.0.actions.1303906083": "route53:List*",
                            "statement.0.actions.1333784953": "route53:ChangeResourceRecordSets",
                            "statement.0.actions.1910444124": "route53:UpdateHostedZoneComment",
                            "statement.0.actions.1942864761": "route53:Get*",
                            "statement.0.actions.306590355": "route53:CreateHostedZone",
                            "statement.0.actions.4191071465": "route53:ChangeTagsForResource",
                            "statement.0.condition.#": "0",
                            "statement.0.effect": "Allow",
                            "statement.0.not_actions.#": "0",
                            "statement.0.not_principals.#": "0",
                            "statement.0.not_resources.#": "0",
                            "statement.0.principals.#": "0",
                            "statement.0.resources.#": "1",
                            "statement.0.resources.3372187696": "arn:aws:route53:::*",
                            "statement.0.sid": "",
                            "statement.1.actions.#": "8",
                            "statement.1.actions.2071725391": "s3:GetObject",
                            "statement.1.actions.2517836488": "s3:GetObjectAcl",
                            "statement.1.actions.3009670498": "s3:DeleteObject",
                            "statement.1.actions.315547055": "s3:PutObject",
                            "statement.1.actions.3948445924": "s3:GetBucketLocation",
                            "statement.1.actions.486976917": "s3:ListBucket",
                            "statement.1.actions.796062918": "s3:ListAllMyBuckets",
                            "statement.1.actions.845481387": "s3:GetBucketAcl",
                            "statement.1.condition.#": "0",
                            "statement.1.effect": "Allow",
                            "statement.1.not_actions.#": "0",
                            "statement.1.not_principals.#": "0",
                            "statement.1.not_resources.#": "0",
                            "statement.1.principals.#": "0",
                            "statement.1.resources.#": "2",
                            "statement.1.resources.1595527515": "arn:aws:s3:::akerl-dns",
                            "statement.1.resources.739050907": "arn:aws:s3:::akerl-dns/*",
                            "statement.1.sid": ""
                        },
                        "meta": {},
                        "tainted": false
                    },
                    "deposed": [],
                    "provider": ""
                }
            },
            "depends_on": []
        }
    ]
}
