{
  "version": 4,
  "terraform_version": "0.13.1",
  "serial": 660,
  "lineage": "6a6e3f47-d4c8-46eb-a34e-885062b7c62a",
  "outputs": {},
  "resources": [
    {
      "module": "module.account",
      "mode": "data",
      "type": "aws_iam_policy_document",
      "name": "apigw_cloudwatch_assume",
      "provider": "provider[\"registry.terraform.io/hashicorp/aws\"]",
      "instances": [
        {
          "schema_version": 0,
          "attributes": {
            "id": "1004447381",
            "json": "{\n  \"Version\": \"2012-10-17\",\n  \"Statement\": [\n    {\n      \"Sid\": \"\",\n      \"Effect\": \"Allow\",\n      \"Action\": \"sts:AssumeRole\",\n      \"Principal\": {\n        \"Service\": \"apigateway.amazonaws.com\"\n      }\n    }\n  ]\n}",
            "override_json": null,
            "policy_id": null,
            "source_json": null,
            "statement": [
              {
                "actions": [
                  "sts:AssumeRole"
                ],
                "condition": [],
                "effect": "Allow",
                "not_actions": [],
                "not_principals": [],
                "not_resources": [],
                "principals": [
                  {
                    "identifiers": [
                      "apigateway.amazonaws.com"
                    ],
                    "type": "Service"
                  }
                ],
                "resources": [],
                "sid": ""
              }
            ],
            "version": "2012-10-17"
          }
        }
      ]
    },
    {
      "module": "module.account",
      "mode": "data",
      "type": "aws_iam_policy_document",
      "name": "apigw_cloudwatch_perms",
      "provider": "provider[\"registry.terraform.io/hashicorp/aws\"]",
      "instances": [
        {
          "schema_version": 0,
          "attributes": {
            "id": "250684656",
            "json": "{\n  \"Version\": \"2012-10-17\",\n  \"Statement\": [\n    {\n      \"Sid\": \"\",\n      \"Effect\": \"Allow\",\n      \"Action\": [\n        \"logs:PutLogEvents\",\n        \"logs:GetLogEvents\",\n        \"logs:FilterLogEvents\",\n        \"logs:DescribeLogStreams\",\n        \"logs:DescribeLogGroups\",\n        \"logs:CreateLogStream\",\n        \"logs:CreateLogGroup\"\n      ],\n      \"Resource\": \"arn:aws:logs:*:*:*\"\n    }\n  ]\n}",
            "override_json": null,
            "policy_id": null,
            "source_json": null,
            "statement": [
              {
                "actions": [
                  "logs:CreateLogGroup",
                  "logs:CreateLogStream",
                  "logs:DescribeLogGroups",
                  "logs:DescribeLogStreams",
                  "logs:FilterLogEvents",
                  "logs:GetLogEvents",
                  "logs:PutLogEvents"
                ],
                "condition": [],
                "effect": "Allow",
                "not_actions": [],
                "not_principals": [],
                "not_resources": [],
                "principals": [],
                "resources": [
                  "arn:aws:logs:*:*:*"
                ],
                "sid": ""
              }
            ],
            "version": "2012-10-17"
          }
        }
      ]
    },
    {
      "module": "module.account",
      "mode": "managed",
      "type": "aws_api_gateway_account",
      "name": "account",
      "provider": "provider[\"registry.terraform.io/hashicorp/aws\"]",
      "instances": [
        {
          "schema_version": 0,
          "attributes": {
            "cloudwatch_role_arn": "arn:aws:iam::764218738161:role/apigw_cloudwatch",
            "id": "api-gateway-account",
            "throttle_settings": [
              {
                "burst_limit": 5000,
                "rate_limit": 10000
              }
            ]
          },
          "dependencies": [
            "module.account.aws_iam_role.apigw_cloudwatch"
          ]
        }
      ]
    },
    {
      "module": "module.account",
      "mode": "managed",
      "type": "aws_budgets_budget",
      "name": "cost",
      "provider": "provider[\"registry.terraform.io/hashicorp/aws\"]",
      "instances": [
        {
          "schema_version": 0,
          "attributes": {
            "account_id": "764218738161",
            "budget_type": "COST",
            "cost_filters": {},
            "cost_types": [
              {
                "include_credit": true,
                "include_discount": true,
                "include_other_subscription": false,
                "include_recurring": true,
                "include_refund": true,
                "include_subscription": true,
                "include_support": true,
                "include_tax": true,
                "include_upfront": true,
                "use_amortized": false,
                "use_blended": false
              }
            ],
            "id": "764218738161:cost_budget",
            "limit_amount": "10.0",
            "limit_unit": "USD",
            "name": "cost_budget",
            "name_prefix": null,
            "notification": [
              {
                "comparison_operator": "GREATER_THAN",
                "notification_type": "FORECASTED",
                "subscriber_email_addresses": [
                  "me@lesaker.org"
                ],
                "subscriber_sns_topic_arns": [],
                "threshold": 100,
                "threshold_type": "PERCENTAGE"
              }
            ],
            "time_period_end": "2087-06-15_00:00",
            "time_period_start": "2017-01-01_00:00",
            "time_unit": "MONTHLY"
          },
          "private": "bnVsbA=="
        }
      ]
    },
    {
      "module": "module.account",
      "mode": "managed",
      "type": "aws_cloudtrail",
      "name": "main-trail",
      "provider": "provider[\"registry.terraform.io/hashicorp/aws\"]",
      "instances": [
        {
          "schema_version": 0,
          "attributes": {
            "arn": "arn:aws:cloudtrail:us-east-1:764218738161:trail/main-trail",
            "cloud_watch_logs_group_arn": "",
            "cloud_watch_logs_role_arn": "",
            "enable_log_file_validation": true,
            "enable_logging": true,
            "event_selector": [
              {
                "data_resource": [
                  {
                    "type": "AWS::S3::Object",
                    "values": [
                      "arn:aws:s3:::"
                    ]
                  }
                ],
                "include_management_events": true,
                "read_write_type": "All"
              },
              {
                "data_resource": [
                  {
                    "type": "AWS::Lambda::Function",
                    "values": [
                      "arn:aws:lambda"
                    ]
                  }
                ],
                "include_management_events": true,
                "read_write_type": "All"
              }
            ],
            "home_region": "us-east-1",
            "id": "main-trail",
            "include_global_service_events": true,
            "is_multi_region_trail": true,
            "is_organization_trail": false,
            "kms_key_id": "",
            "name": "main-trail",
            "s3_bucket_name": "akerl-cloudtrail",
            "s3_key_prefix": "",
            "sns_topic_name": "",
            "tags": {}
          },
          "dependencies": [
            "module.account.aws_s3_bucket.main-trail"
          ]
        }
      ]
    },
    {
      "module": "module.account",
      "mode": "managed",
      "type": "aws_iam_account_password_policy",
      "name": "strict",
      "provider": "provider[\"registry.terraform.io/hashicorp/aws\"]",
      "instances": [
        {
          "schema_version": 0,
          "attributes": {
            "allow_users_to_change_password": true,
            "expire_passwords": false,
            "hard_expiry": false,
            "id": "iam-account-password-policy",
            "max_password_age": 0,
            "minimum_password_length": 32,
            "password_reuse_prevention": 24,
            "require_lowercase_characters": true,
            "require_numbers": true,
            "require_symbols": true,
            "require_uppercase_characters": true
          }
        }
      ]
    },
    {
      "module": "module.account",
      "mode": "managed",
      "type": "aws_iam_role",
      "name": "apigw_cloudwatch",
      "provider": "provider[\"registry.terraform.io/hashicorp/aws\"]",
      "instances": [
        {
          "schema_version": 0,
          "attributes": {
            "arn": "arn:aws:iam::764218738161:role/apigw_cloudwatch",
            "assume_role_policy": "{\"Version\":\"2012-10-17\",\"Statement\":[{\"Sid\":\"\",\"Effect\":\"Allow\",\"Principal\":{\"Service\":\"apigateway.amazonaws.com\"},\"Action\":\"sts:AssumeRole\"}]}",
            "create_date": "2019-03-10T13:09:02Z",
            "description": "",
            "force_detach_policies": false,
            "id": "apigw_cloudwatch",
            "max_session_duration": 3600,
            "name": "apigw_cloudwatch",
            "name_prefix": null,
            "path": "/",
            "permissions_boundary": null,
            "tags": {},
            "unique_id": "AROAJ7TMFFVTPEUDB4J5C"
          }
        }
      ]
    },
    {
      "module": "module.account",
      "mode": "managed",
      "type": "aws_iam_role_policy",
      "name": "apigw_cloudwatch",
      "provider": "provider[\"registry.terraform.io/hashicorp/aws\"]",
      "instances": [
        {
          "schema_version": 0,
          "attributes": {
            "id": "apigw_cloudwatch:apigw_cloudwatch",
            "name": "apigw_cloudwatch",
            "name_prefix": null,
            "policy": "{\n  \"Version\": \"2012-10-17\",\n  \"Statement\": [\n    {\n      \"Sid\": \"\",\n      \"Effect\": \"Allow\",\n      \"Action\": [\n        \"logs:PutLogEvents\",\n        \"logs:GetLogEvents\",\n        \"logs:FilterLogEvents\",\n        \"logs:DescribeLogStreams\",\n        \"logs:DescribeLogGroups\",\n        \"logs:CreateLogStream\",\n        \"logs:CreateLogGroup\"\n      ],\n      \"Resource\": \"arn:aws:logs:*:*:*\"\n    }\n  ]\n}",
            "role": "apigw_cloudwatch"
          },
          "dependencies": [
            "module.account.aws_iam_role.apigw_cloudwatch"
          ]
        }
      ]
    },
    {
      "module": "module.account",
      "mode": "managed",
      "type": "aws_s3_bucket",
      "name": "logging",
      "provider": "provider[\"registry.terraform.io/hashicorp/aws\"]",
      "instances": [
        {
          "schema_version": 0,
          "attributes": {
            "acceleration_status": "",
            "acl": "log-delivery-write",
            "arn": "arn:aws:s3:::akerl-s3-logs",
            "bucket": "akerl-s3-logs",
            "bucket_domain_name": "akerl-s3-logs.s3.amazonaws.com",
            "bucket_prefix": null,
            "bucket_regional_domain_name": "akerl-s3-logs.s3.amazonaws.com",
            "cors_rule": [],
            "force_destroy": false,
            "hosted_zone_id": "Z3AQBSTGFYJSTF",
            "id": "akerl-s3-logs",
            "lifecycle_rule": [],
            "logging": [],
            "object_lock_configuration": [],
            "policy": "",
            "region": "us-east-1",
            "replication_configuration": [],
            "request_payer": "BucketOwner",
            "server_side_encryption_configuration": [],
            "tags": {},
            "versioning": [
              {
                "enabled": true,
                "mfa_delete": false
              }
            ],
            "website": [],
            "website_domain": null,
            "website_endpoint": null
          }
        }
      ]
    },
    {
      "module": "module.account",
      "mode": "managed",
      "type": "aws_s3_bucket",
      "name": "main-trail",
      "provider": "provider[\"registry.terraform.io/hashicorp/aws\"]",
      "instances": [
        {
          "schema_version": 0,
          "attributes": {
            "acceleration_status": "",
            "acl": "private",
            "arn": "arn:aws:s3:::akerl-cloudtrail",
            "bucket": "akerl-cloudtrail",
            "bucket_domain_name": "akerl-cloudtrail.s3.amazonaws.com",
            "bucket_prefix": null,
            "bucket_regional_domain_name": "akerl-cloudtrail.s3.amazonaws.com",
            "cors_rule": [],
            "force_destroy": false,
            "hosted_zone_id": "Z3AQBSTGFYJSTF",
            "id": "akerl-cloudtrail",
            "lifecycle_rule": [],
            "logging": [],
            "object_lock_configuration": [],
            "policy": "{\"Statement\":[{\"Action\":\"s3:GetBucketAcl\",\"Effect\":\"Allow\",\"Principal\":{\"Service\":\"cloudtrail.amazonaws.com\"},\"Resource\":\"arn:aws:s3:::akerl-cloudtrail\",\"Sid\":\"AWSCloudTrailAclCheck\"},{\"Action\":\"s3:PutObject\",\"Condition\":{\"StringEquals\":{\"s3:x-amz-acl\":\"bucket-owner-full-control\"}},\"Effect\":\"Allow\",\"Principal\":{\"Service\":\"cloudtrail.amazonaws.com\"},\"Resource\":\"arn:aws:s3:::akerl-cloudtrail/*\",\"Sid\":\"AWSCloudTrailWrite\"}],\"Version\":\"2012-10-17\"}",
            "region": "us-east-1",
            "replication_configuration": [],
            "request_payer": "BucketOwner",
            "server_side_encryption_configuration": [],
            "tags": {},
            "versioning": [
              {
                "enabled": false,
                "mfa_delete": false
              }
            ],
            "website": [],
            "website_domain": null,
            "website_endpoint": null
          }
        }
      ]
    },
    {
      "module": "module.account.module.admins",
      "mode": "data",
      "type": "aws_caller_identity",
      "name": "account_info",
      "provider": "provider[\"registry.terraform.io/hashicorp/aws\"]",
      "instances": [
        {
          "schema_version": 0,
          "attributes": {
            "account_id": "764218738161",
            "arn": "arn:aws:sts::764218738161:assumed-role/admin/akerl-codepad",
            "id": "2020-04-03 15:20:56.265331916 +0000 UTC",
            "user_id": "AROAJGIBWVRCR3J55QVX6:akerl-codepad"
          }
        }
      ]
    },
    {
      "module": "module.account.module.admins",
      "mode": "data",
      "type": "aws_iam_policy_document",
      "name": "admin_trust",
      "provider": "provider[\"registry.terraform.io/hashicorp/aws\"]",
      "instances": [
        {
          "schema_version": 0,
          "attributes": {
            "id": "855490042",
            "json": "{\n  \"Version\": \"2012-10-17\",\n  \"Statement\": [\n    {\n      \"Sid\": \"\",\n      \"Effect\": \"Allow\",\n      \"Action\": \"sts:AssumeRole\",\n      \"Principal\": {\n        \"AWS\": \"arn:aws:iam::764218738161:root\"\n      },\n      \"Condition\": {\n        \"Bool\": {\n          \"aws:MultiFactorAuthPresent\": \"true\"\n        }\n      }\n    }\n  ]\n}",
            "override_json": null,
            "policy_id": null,
            "source_json": null,
            "statement": [
              {
                "actions": [
                  "sts:AssumeRole"
                ],
                "condition": [
                  {
                    "test": "Bool",
                    "values": [
                      "true"
                    ],
                    "variable": "aws:MultiFactorAuthPresent"
                  }
                ],
                "effect": "Allow",
                "not_actions": [],
                "not_principals": [],
                "not_resources": [],
                "principals": [
                  {
                    "identifiers": [
                      "arn:aws:iam::764218738161:root"
                    ],
                    "type": "AWS"
                  }
                ],
                "resources": [],
                "sid": ""
              }
            ],
            "version": "2012-10-17"
          }
        }
      ]
    },
    {
      "module": "module.account.module.admins",
      "mode": "data",
      "type": "aws_iam_policy_document",
      "name": "assume_admin",
      "provider": "provider[\"registry.terraform.io/hashicorp/aws\"]",
      "instances": [
        {
          "schema_version": 0,
          "attributes": {
            "id": "2475857684",
            "json": "{\n  \"Version\": \"2012-10-17\",\n  \"Statement\": [\n    {\n      \"Sid\": \"\",\n      \"Effect\": \"Allow\",\n      \"Action\": \"sts:AssumeRole\",\n      \"Resource\": \"arn:aws:iam::764218738161:role/admin\",\n      \"Condition\": {\n        \"Bool\": {\n          \"aws:MultiFactorAuthPresent\": \"true\"\n        }\n      }\n    }\n  ]\n}",
            "override_json": null,
            "policy_id": null,
            "source_json": null,
            "statement": [
              {
                "actions": [
                  "sts:AssumeRole"
                ],
                "condition": [
                  {
                    "test": "Bool",
                    "values": [
                      "true"
                    ],
                    "variable": "aws:MultiFactorAuthPresent"
                  }
                ],
                "effect": "Allow",
                "not_actions": [],
                "not_principals": [],
                "not_resources": [],
                "principals": [],
                "resources": [
                  "arn:aws:iam::764218738161:role/admin"
                ],
                "sid": ""
              }
            ],
            "version": "2012-10-17"
          }
        }
      ]
    },
    {
      "module": "module.account.module.admins",
      "mode": "managed",
      "type": "aws_iam_group",
      "name": "admins",
      "provider": "provider[\"registry.terraform.io/hashicorp/aws\"]",
      "instances": [
        {
          "schema_version": 0,
          "attributes": {
            "arn": "arn:aws:iam::764218738161:group/admins",
            "id": "admins",
            "name": "admins",
            "path": "/",
            "unique_id": "AGPAI66FG2KEIRI3KZB6W"
          }
        }
      ]
    },
    {
      "module": "module.account.module.admins",
      "mode": "managed",
      "type": "aws_iam_group_membership",
      "name": "admins",
      "provider": "provider[\"registry.terraform.io/hashicorp/aws\"]",
      "instances": [
        {
          "schema_version": 0,
          "attributes": {
            "group": "admins",
            "id": "admins",
            "name": "admins",
            "users": [
              "akerl-codepad"
            ]
          },
          "private": "bnVsbA==",
          "dependencies": [
            "module.account.module.admins.aws_iam_group.admins",
            "module.account.module.admins.aws_iam_user.admins"
          ]
        }
      ]
    },
    {
      "module": "module.account.module.admins",
      "mode": "managed",
      "type": "aws_iam_group_policy_attachment",
      "name": "assume_admin",
      "provider": "provider[\"registry.terraform.io/hashicorp/aws\"]",
      "instances": [
        {
          "schema_version": 0,
          "attributes": {
            "group": "admins",
            "id": "admins-20161204061433071896942g6t",
            "policy_arn": "arn:aws:iam::764218738161:policy/AssumeAdmin"
          },
          "dependencies": [
            "module.account.module.admins.aws_iam_group.admins",
            "module.account.module.admins.aws_iam_policy.assume_admin",
            "module.account.module.admins.aws_iam_role.admin"
          ]
        }
      ]
    },
    {
      "module": "module.account.module.admins",
      "mode": "managed",
      "type": "aws_iam_policy",
      "name": "assume_admin",
      "provider": "provider[\"registry.terraform.io/hashicorp/aws\"]",
      "instances": [
        {
          "schema_version": 0,
          "attributes": {
            "arn": "arn:aws:iam::764218738161:policy/AssumeAdmin",
            "description": "",
            "id": "arn:aws:iam::764218738161:policy/AssumeAdmin",
            "name": "AssumeAdmin",
            "name_prefix": null,
            "path": "/",
            "policy": "{\n  \"Version\": \"2012-10-17\",\n  \"Statement\": [\n    {\n      \"Sid\": \"\",\n      \"Effect\": \"Allow\",\n      \"Action\": \"sts:AssumeRole\",\n      \"Resource\": \"arn:aws:iam::764218738161:role/admin\",\n      \"Condition\": {\n        \"Bool\": {\n          \"aws:MultiFactorAuthPresent\": \"true\"\n        }\n      }\n    }\n  ]\n}"
          },
          "dependencies": [
            "module.account.module.admins.aws_iam_role.admin"
          ]
        }
      ]
    },
    {
      "module": "module.account.module.admins",
      "mode": "managed",
      "type": "aws_iam_role",
      "name": "admin",
      "provider": "provider[\"registry.terraform.io/hashicorp/aws\"]",
      "instances": [
        {
          "schema_version": 0,
          "attributes": {
            "arn": "arn:aws:iam::764218738161:role/admin",
            "assume_role_policy": "{\"Version\":\"2012-10-17\",\"Statement\":[{\"Sid\":\"\",\"Effect\":\"Allow\",\"Principal\":{\"AWS\":\"arn:aws:iam::764218738161:root\"},\"Action\":\"sts:AssumeRole\",\"Condition\":{\"Bool\":{\"aws:MultiFactorAuthPresent\":\"true\"}}}]}",
            "create_date": "2016-12-04T06:01:25Z",
            "description": "",
            "force_detach_policies": false,
            "id": "admin",
            "max_session_duration": 3600,
            "name": "admin",
            "name_prefix": null,
            "path": "/",
            "permissions_boundary": null,
            "tags": {},
            "unique_id": "AROAJGIBWVRCR3J55QVX6"
          }
        }
      ]
    },
    {
      "module": "module.account.module.admins",
      "mode": "managed",
      "type": "aws_iam_role_policy_attachment",
      "name": "admin_access",
      "provider": "provider[\"registry.terraform.io/hashicorp/aws\"]",
      "instances": [
        {
          "schema_version": 0,
          "attributes": {
            "id": "admin-20161204060649193832020ds7",
            "policy_arn": "arn:aws:iam::aws:policy/AdministratorAccess",
            "role": "admin"
          },
          "dependencies": [
            "module.account.module.admins.aws_iam_role.admin"
          ]
        }
      ]
    },
    {
      "module": "module.account.module.admins",
      "mode": "managed",
      "type": "aws_iam_user",
      "name": "admins",
      "provider": "provider[\"registry.terraform.io/hashicorp/aws\"]",
      "instances": [
        {
          "index_key": 0,
          "schema_version": 0,
          "attributes": {
            "arn": "arn:aws:iam::764218738161:user/akerl-codepad",
            "force_destroy": false,
            "id": "akerl-codepad",
            "name": "akerl-codepad",
            "path": "/",
            "permissions_boundary": null,
            "tags": {},
            "unique_id": "AIDA3D3X4QXYZJQF6KBN2"
          },
          "private": "bnVsbA=="
        }
      ]
    },
    {
      "module": "module.account.module.admins",
      "mode": "managed",
      "type": "awscreds_iam_access_key",
      "name": "admins",
      "provider": "provider[\"terraform.scrtybybscrty.org/armorfret/awscreds\"]",
      "instances": [
        {
          "index_key": 0,
          "schema_version": 0,
          "attributes": {
            "encrypted_secret": null,
            "file": "creds/account-admins-akerl-codepad",
            "id": "AKIA3D3X4QXYYU4DB2OB",
            "key_fingerprint": null,
            "pgp_key": null,
            "secret": "",
            "ses_smtp_password": "",
            "status": "Active",
            "user": "akerl-codepad"
          },
          "private": "bnVsbA==",
          "dependencies": [
            "module.account.module.admins.aws_iam_user.admins"
          ]
        }
      ]
    },
    {
      "module": "module.akerl-aws-account",
      "mode": "data",
      "type": "aws_iam_policy_document",
      "name": "terraform-planner",
      "provider": "provider[\"registry.terraform.io/hashicorp/aws\"]",
      "instances": [
        {
          "schema_version": 0,
          "attributes": {
            "id": "490589767",
            "json": "{\n  \"Version\": \"2012-10-17\",\n  \"Statement\": [\n    {\n      \"Sid\": \"\",\n      \"Effect\": \"Allow\",\n      \"Action\": [\n        \"sns:Get*\",\n        \"s3:ListBucket\",\n        \"s3:ListAllMyBuckets\",\n        \"s3:GetReplicationConfiguration\",\n        \"s3:GetLifecycleConfiguration\",\n        \"s3:GetEncryptionConfiguration\",\n        \"s3:GetBucket*\",\n        \"s3:GetAccelerateConfiguration\",\n        \"route53:List*\",\n        \"route53:Get*\",\n        \"lambda:List*\",\n        \"lambda:Get*\",\n        \"iam:List*\",\n        \"iam:Get*\",\n        \"events:List*\",\n        \"events:Describe*\",\n        \"ec2:Describe*\",\n        \"cloudwatch:Describe*\",\n        \"cloudtrail:List*\",\n        \"cloudtrail:Get*\",\n        \"cloudtrail:Describe*\",\n        \"cloudfront:List*\",\n        \"cloudfront:Get*\",\n        \"budgets:View*\",\n        \"apigateway:Get*\",\n        \"acm:List*\",\n        \"acm:Describe*\"\n      ],\n      \"Resource\": \"*\"\n    }\n  ]\n}",
            "override_json": null,
            "policy_id": null,
            "source_json": null,
            "statement": [
              {
                "actions": [
                  "acm:Describe*",
                  "acm:List*",
                  "apigateway:Get*",
                  "budgets:View*",
                  "cloudfront:Get*",
                  "cloudfront:List*",
                  "cloudtrail:Describe*",
                  "cloudtrail:Get*",
                  "cloudtrail:List*",
                  "cloudwatch:Describe*",
                  "ec2:Describe*",
                  "events:Describe*",
                  "events:List*",
                  "iam:Get*",
                  "iam:List*",
                  "lambda:Get*",
                  "lambda:List*",
                  "route53:Get*",
                  "route53:List*",
                  "s3:GetAccelerateConfiguration",
                  "s3:GetBucket*",
                  "s3:GetEncryptionConfiguration",
                  "s3:GetLifecycleConfiguration",
                  "s3:GetReplicationConfiguration",
                  "s3:ListAllMyBuckets",
                  "s3:ListBucket",
                  "sns:Get*"
                ],
                "condition": [],
                "effect": "Allow",
                "not_actions": [],
                "not_principals": [],
                "not_resources": [],
                "principals": [],
                "resources": [
                  "*"
                ],
                "sid": ""
              }
            ],
            "version": "2012-10-17"
          }
        }
      ]
    },
    {
      "module": "module.akerl-aws-account",
      "mode": "managed",
      "type": "aws_iam_user",
      "name": "build",
      "provider": "provider[\"registry.terraform.io/hashicorp/aws\"]",
      "instances": [
        {
          "schema_version": 0,
          "attributes": {
            "arn": "arn:aws:iam::764218738161:user/build-akerl-aws-account",
            "force_destroy": false,
            "id": "build-akerl-aws-account",
            "name": "build-akerl-aws-account",
            "path": "/",
            "permissions_boundary": null,
            "tags": {},
            "unique_id": "AIDAJ4HI3M43KDY46ZISA"
          }
        }
      ]
    },
    {
      "module": "module.akerl-aws-account",
      "mode": "managed",
      "type": "aws_iam_user_policy",
      "name": "terraform-planner",
      "provider": "provider[\"registry.terraform.io/hashicorp/aws\"]",
      "instances": [
        {
          "schema_version": 0,
          "attributes": {
            "id": "build-akerl-aws-account:terraform-planner",
            "name": "terraform-planner",
            "name_prefix": null,
            "policy": "{\n  \"Version\": \"2012-10-17\",\n  \"Statement\": [\n    {\n      \"Sid\": \"\",\n      \"Effect\": \"Allow\",\n      \"Action\": [\n        \"sns:Get*\",\n        \"s3:ListBucket\",\n        \"s3:ListAllMyBuckets\",\n        \"s3:GetReplicationConfiguration\",\n        \"s3:GetLifecycleConfiguration\",\n        \"s3:GetEncryptionConfiguration\",\n        \"s3:GetBucket*\",\n        \"s3:GetAccelerateConfiguration\",\n        \"route53:List*\",\n        \"route53:Get*\",\n        \"lambda:List*\",\n        \"lambda:Get*\",\n        \"iam:List*\",\n        \"iam:Get*\",\n        \"events:List*\",\n        \"events:Describe*\",\n        \"ec2:Describe*\",\n        \"cloudwatch:Describe*\",\n        \"cloudtrail:List*\",\n        \"cloudtrail:Get*\",\n        \"cloudtrail:Describe*\",\n        \"cloudfront:List*\",\n        \"cloudfront:Get*\",\n        \"budgets:View*\",\n        \"apigateway:Get*\",\n        \"acm:List*\",\n        \"acm:Describe*\"\n      ],\n      \"Resource\": \"*\"\n    }\n  ]\n}",
            "user": "build-akerl-aws-account"
          },
          "dependencies": [
            "module.akerl-aws-account.aws_iam_user.build"
          ]
        }
      ]
    },
    {
      "module": "module.akerl-aws-account",
      "mode": "managed",
      "type": "awscreds_iam_access_key",
      "name": "build-key",
      "provider": "provider[\"terraform.scrtybybscrty.org/armorfret/awscreds\"]",
      "instances": [
        {
          "schema_version": 0,
          "attributes": {
            "encrypted_secret": null,
            "file": "creds/build-akerl-aws-account",
            "id": "AKIAJGNT6XKPDZQADKOQ",
            "key_fingerprint": null,
            "pgp_key": null,
            "secret": "",
            "ses_smtp_password": "",
            "status": "Active",
            "user": "build-akerl-aws-account"
          },
          "dependencies": [
            "module.akerl-aws-account.aws_iam_user.build"
          ]
        }
      ]
    },
    {
      "module": "module.akerl-blog",
      "mode": "data",
      "type": "aws_iam_policy_document",
      "name": "file_bucket_read_access",
      "provider": "provider[\"registry.terraform.io/hashicorp/aws\"]",
      "instances": [
        {
          "schema_version": 0,
          "attributes": {
            "id": "974320875",
            "json": "{\n  \"Version\": \"2012-10-17\",\n  \"Statement\": [\n    {\n      \"Sid\": \"\",\n      \"Effect\": \"Allow\",\n      \"Action\": \"s3:GetObject\",\n      \"Resource\": \"arn:aws:s3:::akerl-blog/*\",\n      \"Principal\": {\n        \"AWS\": \"*\"\n      }\n    }\n  ]\n}",
            "override_json": null,
            "policy_id": null,
            "source_json": null,
            "statement": [
              {
                "actions": [
                  "s3:GetObject"
                ],
                "condition": [],
                "effect": "Allow",
                "not_actions": [],
                "not_principals": [],
                "not_resources": [],
                "principals": [
                  {
                    "identifiers": [
                      "*"
                    ],
                    "type": "AWS"
                  }
                ],
                "resources": [
                  "arn:aws:s3:::akerl-blog/*"
                ],
                "sid": ""
              }
            ],
            "version": "2012-10-17"
          }
        }
      ]
    },
    {
      "module": "module.akerl-blog",
      "mode": "data",
      "type": "aws_iam_policy_document",
      "name": "redirect_bucket_read_access",
      "provider": "provider[\"registry.terraform.io/hashicorp/aws\"]",
      "instances": [
        {
          "schema_version": 0,
          "attributes": {
            "id": "2903805152",
            "json": "{\n  \"Version\": \"2012-10-17\",\n  \"Statement\": [\n    {\n      \"Sid\": \"\",\n      \"Effect\": \"Allow\",\n      \"Action\": \"s3:GetObject\",\n      \"Resource\": \"arn:aws:s3:::akerl-blog-redirect/*\",\n      \"Principal\": {\n        \"AWS\": \"*\"\n      }\n    }\n  ]\n}",
            "override_json": null,
            "policy_id": null,
            "source_json": null,
            "statement": [
              {
                "actions": [
                  "s3:GetObject"
                ],
                "condition": [],
                "effect": "Allow",
                "not_actions": [],
                "not_principals": [],
                "not_resources": [],
                "principals": [
                  {
                    "identifiers": [
                      "*"
                    ],
                    "type": "AWS"
                  }
                ],
                "resources": [
                  "arn:aws:s3:::akerl-blog-redirect/*"
                ],
                "sid": ""
              }
            ],
            "version": "2012-10-17"
          }
        }
      ]
    },
    {
      "module": "module.akerl-blog",
      "mode": "managed",
      "type": "aws_cloudfront_distribution",
      "name": "file",
      "provider": "provider[\"registry.terraform.io/hashicorp/aws\"]",
      "instances": [
        {
          "schema_version": 1,
          "attributes": {
            "active_trusted_signers": {
              "enabled": "false",
              "items.#": "0"
            },
            "aliases": [
              "blog.akerl.org"
            ],
            "arn": "arn:aws:cloudfront::764218738161:distribution/EJOK7T2CUGBYP",
            "cache_behavior": [],
            "caller_reference": "2019-03-10T16:45:18.424506+03:00",
            "comment": null,
            "custom_error_response": [],
            "default_cache_behavior": [
              {
                "allowed_methods": [
                  "GET",
                  "HEAD"
                ],
                "cached_methods": [
                  "GET",
                  "HEAD"
                ],
                "compress": true,
                "default_ttl": 0,
                "field_level_encryption_id": "",
                "forwarded_values": [
                  {
                    "cookies": [
                      {
                        "forward": "none",
                        "whitelisted_names": []
                      }
                    ],
                    "headers": [],
                    "query_string": false,
                    "query_string_cache_keys": []
                  }
                ],
                "lambda_function_association": [],
                "max_ttl": 300,
                "min_ttl": 0,
                "smooth_streaming": false,
                "target_origin_id": "file-bucket",
                "trusted_signers": [],
                "viewer_protocol_policy": "redirect-to-https"
              }
            ],
            "default_root_object": "index.html",
            "domain_name": "d1bw70pwuuwdo0.cloudfront.net",
            "enabled": true,
            "etag": "E3T1E73XLBS3VO",
            "hosted_zone_id": "Z2FDTNDATAQYW2",
            "http_version": "http2",
            "id": "EJOK7T2CUGBYP",
            "in_progress_validation_batches": 0,
            "is_ipv6_enabled": false,
            "last_modified_time": "2019-03-10 13:45:23.309 +0000 UTC",
            "logging_config": [
              {
                "bucket": "akerl-s3-logs.s3.amazonaws.com",
                "include_cookies": false,
                "prefix": "akerl-blog-cdn/"
              }
            ],
            "ordered_cache_behavior": [],
            "origin": [
              {
                "custom_header": [],
                "custom_origin_config": [
                  {
                    "http_port": 80,
                    "https_port": 443,
                    "origin_keepalive_timeout": 5,
                    "origin_protocol_policy": "http-only",
                    "origin_read_timeout": 30,
                    "origin_ssl_protocols": [
                      "TLSv1.2"
                    ]
                  }
                ],
                "domain_name": "akerl-blog.s3-website-us-east-1.amazonaws.com",
                "origin_id": "file-bucket",
                "origin_path": "",
                "s3_origin_config": []
              }
            ],
            "origin_group": [],
            "price_class": "PriceClass_100",
            "restrictions": [
              {
                "geo_restriction": [
                  {
                    "locations": [],
                    "restriction_type": "none"
                  }
                ]
              }
            ],
            "retain_on_delete": false,
            "status": "Deployed",
            "tags": {},
            "viewer_certificate": [
              {
                "acm_certificate_arn": "arn:aws:acm:us-east-1:764218738161:certificate/d4510974-2f79-437c-a744-0be088415f05",
                "cloudfront_default_certificate": false,
                "iam_certificate_id": "",
                "minimum_protocol_version": "TLSv1.2_2018",
                "ssl_support_method": "sni-only"
              }
            ],
            "wait_for_deployment": true,
            "web_acl_id": ""
          },
          "dependencies": [
            "module.account.aws_s3_bucket.logging",
            "module.akerl-blog.aws_s3_bucket.file",
            "module.akerl-blog.module.certificate.aws_acm_certificate.this",
            "module.akerl-blog.module.certificate.aws_acm_certificate_validation.this",
            "module.akerl-blog.module.certificate.aws_route53_record.validation"
          ]
        }
      ]
    },
    {
      "module": "module.akerl-blog",
      "mode": "managed",
      "type": "aws_cloudfront_distribution",
      "name": "redirect",
      "provider": "provider[\"registry.terraform.io/hashicorp/aws\"]",
      "instances": [
        {
          "schema_version": 1,
          "attributes": {
            "active_trusted_signers": {
              "enabled": "false",
              "items.#": "0"
            },
            "aliases": [
              "a-rwx.org",
              "akerl.com",
              "akerl.org",
              "lesaker.com",
              "lesaker.org",
              "scrtybybscrty.org",
              "www.a-rwx.org",
              "www.akerl.com",
              "www.akerl.org",
              "www.lesaker.com",
              "www.lesaker.org",
              "www.scrtybybscrty.org"
            ],
            "arn": "arn:aws:cloudfront::764218738161:distribution/E3KW5OM87UMD7P",
            "cache_behavior": [],
            "caller_reference": "2019-03-10T16:16:03.56448+03:00",
            "comment": null,
            "custom_error_response": [],
            "default_cache_behavior": [
              {
                "allowed_methods": [
                  "GET",
                  "HEAD"
                ],
                "cached_methods": [
                  "GET",
                  "HEAD"
                ],
                "compress": true,
                "default_ttl": 300,
                "field_level_encryption_id": "",
                "forwarded_values": [
                  {
                    "cookies": [
                      {
                        "forward": "none",
                        "whitelisted_names": []
                      }
                    ],
                    "headers": [],
                    "query_string": false,
                    "query_string_cache_keys": []
                  }
                ],
                "lambda_function_association": [],
                "max_ttl": 300,
                "min_ttl": 0,
                "smooth_streaming": false,
                "target_origin_id": "redirect-bucket",
                "trusted_signers": [],
                "viewer_protocol_policy": "redirect-to-https"
              }
            ],
            "default_root_object": "",
            "domain_name": "d1rqobv89rg0ff.cloudfront.net",
            "enabled": true,
            "etag": "E39WV8U19IRSVM",
            "hosted_zone_id": "Z2FDTNDATAQYW2",
            "http_version": "http2",
            "id": "E3KW5OM87UMD7P",
            "in_progress_validation_batches": 0,
            "is_ipv6_enabled": false,
            "last_modified_time": "2019-03-10 13:16:05.435 +0000 UTC",
            "logging_config": [
              {
                "bucket": "akerl-s3-logs.s3.amazonaws.com",
                "include_cookies": false,
                "prefix": "akerl-blog-redirect-cdn"
              }
            ],
            "ordered_cache_behavior": [],
            "origin": [
              {
                "custom_header": [],
                "custom_origin_config": [
                  {
                    "http_port": 80,
                    "https_port": 443,
                    "origin_keepalive_timeout": 5,
                    "origin_protocol_policy": "http-only",
                    "origin_read_timeout": 30,
                    "origin_ssl_protocols": [
                      "TLSv1.2"
                    ]
                  }
                ],
                "domain_name": "akerl-blog-redirect.s3-website-us-east-1.amazonaws.com",
                "origin_id": "redirect-bucket",
                "origin_path": "",
                "s3_origin_config": []
              }
            ],
            "origin_group": [],
            "price_class": "PriceClass_100",
            "restrictions": [
              {
                "geo_restriction": [
                  {
                    "locations": [],
                    "restriction_type": "none"
                  }
                ]
              }
            ],
            "retain_on_delete": false,
            "status": "Deployed",
            "tags": {},
            "viewer_certificate": [
              {
                "acm_certificate_arn": "arn:aws:acm:us-east-1:764218738161:certificate/d4510974-2f79-437c-a744-0be088415f05",
                "cloudfront_default_certificate": false,
                "iam_certificate_id": "",
                "minimum_protocol_version": "TLSv1.2_2018",
                "ssl_support_method": "sni-only"
              }
            ],
            "wait_for_deployment": true,
            "web_acl_id": ""
          },
          "dependencies": [
            "module.account.aws_s3_bucket.logging",
            "module.akerl-blog.aws_s3_bucket.redirect",
            "module.akerl-blog.module.certificate.aws_acm_certificate.this",
            "module.akerl-blog.module.certificate.aws_acm_certificate_validation.this",
            "module.akerl-blog.module.certificate.aws_route53_record.validation"
          ]
        }
      ]
    },
    {
      "module": "module.akerl-blog",
      "mode": "managed",
      "type": "aws_s3_bucket",
      "name": "file",
      "provider": "provider[\"registry.terraform.io/hashicorp/aws\"]",
      "instances": [
        {
          "schema_version": 0,
          "attributes": {
            "acceleration_status": "",
            "acl": "private",
            "arn": "arn:aws:s3:::akerl-blog",
            "bucket": "akerl-blog",
            "bucket_domain_name": "akerl-blog.s3.amazonaws.com",
            "bucket_prefix": null,
            "bucket_regional_domain_name": "akerl-blog.s3.amazonaws.com",
            "cors_rule": [],
            "force_destroy": false,
            "hosted_zone_id": "Z3AQBSTGFYJSTF",
            "id": "akerl-blog",
            "lifecycle_rule": [],
            "logging": [
              {
                "target_bucket": "akerl-s3-logs",
                "target_prefix": "akerl-blog/"
              }
            ],
            "object_lock_configuration": [],
            "policy": "{\"Statement\":[{\"Action\":\"s3:GetObject\",\"Effect\":\"Allow\",\"Principal\":{\"AWS\":\"*\"},\"Resource\":\"arn:aws:s3:::akerl-blog/*\",\"Sid\":\"\"}],\"Version\":\"2012-10-17\"}",
            "region": "us-east-1",
            "replication_configuration": [],
            "request_payer": "BucketOwner",
            "server_side_encryption_configuration": [],
            "tags": {},
            "versioning": [
              {
                "enabled": true,
                "mfa_delete": false
              }
            ],
            "website": [
              {
                "error_document": "404/index.html",
                "index_document": "index.html",
                "redirect_all_requests_to": "",
                "routing_rules": ""
              }
            ],
            "website_domain": "s3-website-us-east-1.amazonaws.com",
            "website_endpoint": "akerl-blog.s3-website-us-east-1.amazonaws.com"
          },
          "dependencies": [
            "module.account.aws_s3_bucket.logging"
          ]
        }
      ]
    },
    {
      "module": "module.akerl-blog",
      "mode": "managed",
      "type": "aws_s3_bucket",
      "name": "redirect",
      "provider": "provider[\"registry.terraform.io/hashicorp/aws\"]",
      "instances": [
        {
          "schema_version": 0,
          "attributes": {
            "acceleration_status": "",
            "acl": "private",
            "arn": "arn:aws:s3:::akerl-blog-redirect",
            "bucket": "akerl-blog-redirect",
            "bucket_domain_name": "akerl-blog-redirect.s3.amazonaws.com",
            "bucket_prefix": null,
            "bucket_regional_domain_name": "akerl-blog-redirect.s3.amazonaws.com",
            "cors_rule": [],
            "force_destroy": false,
            "hosted_zone_id": "Z3AQBSTGFYJSTF",
            "id": "akerl-blog-redirect",
            "lifecycle_rule": [],
            "logging": [
              {
                "target_bucket": "akerl-s3-logs",
                "target_prefix": "akerl-blog-redirect/"
              }
            ],
            "object_lock_configuration": [],
            "policy": "{\"Statement\":[{\"Action\":\"s3:GetObject\",\"Effect\":\"Allow\",\"Principal\":{\"AWS\":\"*\"},\"Resource\":\"arn:aws:s3:::akerl-blog-redirect/*\",\"Sid\":\"\"}],\"Version\":\"2012-10-17\"}",
            "region": "us-east-1",
            "replication_configuration": [],
            "request_payer": "BucketOwner",
            "server_side_encryption_configuration": [],
            "tags": {},
            "versioning": [
              {
                "enabled": true,
                "mfa_delete": false
              }
            ],
            "website": [
              {
                "error_document": "",
                "index_document": "",
                "redirect_all_requests_to": "https://blog.akerl.org",
                "routing_rules": ""
              }
            ],
            "website_domain": "s3-website-us-east-1.amazonaws.com",
            "website_endpoint": "akerl-blog-redirect.s3-website-us-east-1.amazonaws.com"
          },
          "dependencies": [
            "module.account.aws_s3_bucket.logging"
          ]
        }
      ]
    },
    {
      "module": "module.akerl-blog.module.certificate",
      "mode": "data",
      "type": "aws_route53_zone",
      "name": "parent",
      "provider": "provider[\"registry.terraform.io/hashicorp/aws\"]",
      "instances": [
        {
          "index_key": 0,
          "schema_version": 0,
          "attributes": {
            "caller_reference": "2016-09-14T19:18:10.521998426-04:00",
            "comment": "Managed by Terraform",
            "id": "Z1GXO6WRJN3B5T",
            "linked_service_description": null,
            "linked_service_principal": null,
            "name": "akerl.org.",
            "name_servers": [
              "ns-1242.awsdns-27.org",
              "ns-477.awsdns-59.com",
              "ns-808.awsdns-37.net",
              "ns-1942.awsdns-50.co.uk"
            ],
            "private_zone": false,
            "resource_record_set_count": 12,
            "tags": null,
            "vpc_id": null,
            "zone_id": "Z1GXO6WRJN3B5T"
          }
        },
        {
          "index_key": 1,
          "schema_version": 0,
          "attributes": {
            "caller_reference": "2016-09-14T19:18:10.522033792-04:00",
            "comment": "Managed by Terraform",
            "id": "Z3RU5N2GAL6D4W",
            "linked_service_description": null,
            "linked_service_principal": null,
            "name": "lesaker.org.",
            "name_servers": [
              "ns-1242.awsdns-27.org",
              "ns-477.awsdns-59.com",
              "ns-808.awsdns-37.net",
              "ns-1942.awsdns-50.co.uk"
            ],
            "private_zone": false,
            "resource_record_set_count": 12,
            "tags": null,
            "vpc_id": null,
            "zone_id": "Z3RU5N2GAL6D4W"
          }
        },
        {
          "index_key": 2,
          "schema_version": 0,
          "attributes": {
            "caller_reference": "2016-09-14T19:18:10.522033792-04:00",
            "comment": "Managed by Terraform",
            "id": "Z3RU5N2GAL6D4W",
            "linked_service_description": null,
            "linked_service_principal": null,
            "name": "lesaker.org.",
            "name_servers": [
              "ns-1242.awsdns-27.org",
              "ns-477.awsdns-59.com",
              "ns-808.awsdns-37.net",
              "ns-1942.awsdns-50.co.uk"
            ],
            "private_zone": false,
            "resource_record_set_count": 12,
            "tags": null,
            "vpc_id": null,
            "zone_id": "Z3RU5N2GAL6D4W"
          }
        },
        {
          "index_key": 3,
          "schema_version": 0,
          "attributes": {
            "caller_reference": "2016-09-14T19:18:10.523044235-04:00",
            "comment": "Managed by Terraform",
            "id": "Z11UY811DI2S1K",
            "linked_service_description": null,
            "linked_service_principal": null,
            "name": "scrtybybscrty.org.",
            "name_servers": [
              "ns-1242.awsdns-27.org",
              "ns-477.awsdns-59.com",
              "ns-808.awsdns-37.net",
              "ns-1942.awsdns-50.co.uk"
            ],
            "private_zone": false,
            "resource_record_set_count": 22,
            "tags": null,
            "vpc_id": null,
            "zone_id": "Z11UY811DI2S1K"
          }
        },
        {
          "index_key": 4,
          "schema_version": 0,
          "attributes": {
            "caller_reference": "2016-09-14T19:18:10.523044235-04:00",
            "comment": "Managed by Terraform",
            "id": "Z11UY811DI2S1K",
            "linked_service_description": null,
            "linked_service_principal": null,
            "name": "scrtybybscrty.org.",
            "name_servers": [
              "ns-1242.awsdns-27.org",
              "ns-477.awsdns-59.com",
              "ns-808.awsdns-37.net",
              "ns-1942.awsdns-50.co.uk"
            ],
            "private_zone": false,
            "resource_record_set_count": 22,
            "tags": null,
            "vpc_id": null,
            "zone_id": "Z11UY811DI2S1K"
          }
        },
        {
          "index_key": 5,
          "schema_version": 0,
          "attributes": {
            "caller_reference": "2016-09-14T19:18:10.513493351-04:00",
            "comment": "Managed by Terraform",
            "id": "Z12UG2AR1236YD",
            "linked_service_description": null,
            "linked_service_principal": null,
            "name": "lesaker.com.",
            "name_servers": [
              "ns-1242.awsdns-27.org",
              "ns-477.awsdns-59.com",
              "ns-808.awsdns-37.net",
              "ns-1942.awsdns-50.co.uk"
            ],
            "private_zone": false,
            "resource_record_set_count": 10,
            "tags": null,
            "vpc_id": null,
            "zone_id": "Z12UG2AR1236YD"
          }
        },
        {
          "index_key": 6,
          "schema_version": 0,
          "attributes": {
            "caller_reference": "2016-09-14T19:18:10.513493351-04:00",
            "comment": "Managed by Terraform",
            "id": "Z12UG2AR1236YD",
            "linked_service_description": null,
            "linked_service_principal": null,
            "name": "lesaker.com.",
            "name_servers": [
              "ns-1242.awsdns-27.org",
              "ns-477.awsdns-59.com",
              "ns-808.awsdns-37.net",
              "ns-1942.awsdns-50.co.uk"
            ],
            "private_zone": false,
            "resource_record_set_count": 10,
            "tags": null,
            "vpc_id": null,
            "zone_id": "Z12UG2AR1236YD"
          }
        },
        {
          "index_key": 7,
          "schema_version": 0,
          "attributes": {
            "caller_reference": "2016-09-14T19:18:10.521998426-04:00",
            "comment": "Managed by Terraform",
            "id": "Z1GXO6WRJN3B5T",
            "linked_service_description": null,
            "linked_service_principal": null,
            "name": "akerl.org.",
            "name_servers": [
              "ns-1242.awsdns-27.org",
              "ns-477.awsdns-59.com",
              "ns-808.awsdns-37.net",
              "ns-1942.awsdns-50.co.uk"
            ],
            "private_zone": false,
            "resource_record_set_count": 12,
            "tags": null,
            "vpc_id": null,
            "zone_id": "Z1GXO6WRJN3B5T"
          }
        },
        {
          "index_key": 8,
          "schema_version": 0,
          "attributes": {
            "caller_reference": "2016-09-14T19:18:10.521998426-04:00",
            "comment": "Managed by Terraform",
            "id": "Z1GXO6WRJN3B5T",
            "linked_service_description": null,
            "linked_service_principal": null,
            "name": "akerl.org.",
            "name_servers": [
              "ns-1242.awsdns-27.org",
              "ns-477.awsdns-59.com",
              "ns-808.awsdns-37.net",
              "ns-1942.awsdns-50.co.uk"
            ],
            "private_zone": false,
            "resource_record_set_count": 12,
            "tags": null,
            "vpc_id": null,
            "zone_id": "Z1GXO6WRJN3B5T"
          }
        },
        {
          "index_key": 9,
          "schema_version": 0,
          "attributes": {
            "caller_reference": "2016-09-14T19:18:10.521985366-04:00",
            "comment": "Managed by Terraform",
            "id": "Z1EXF3DHNCLVFG",
            "linked_service_description": null,
            "linked_service_principal": null,
            "name": "akerl.com.",
            "name_servers": [
              "ns-1242.awsdns-27.org",
              "ns-477.awsdns-59.com",
              "ns-808.awsdns-37.net",
              "ns-1942.awsdns-50.co.uk"
            ],
            "private_zone": false,
            "resource_record_set_count": 10,
            "tags": null,
            "vpc_id": null,
            "zone_id": "Z1EXF3DHNCLVFG"
          }
        },
        {
          "index_key": 10,
          "schema_version": 0,
          "attributes": {
            "caller_reference": "2016-09-14T19:18:10.521985366-04:00",
            "comment": "Managed by Terraform",
            "id": "Z1EXF3DHNCLVFG",
            "linked_service_description": null,
            "linked_service_principal": null,
            "name": "akerl.com.",
            "name_servers": [
              "ns-1242.awsdns-27.org",
              "ns-477.awsdns-59.com",
              "ns-808.awsdns-37.net",
              "ns-1942.awsdns-50.co.uk"
            ],
            "private_zone": false,
            "resource_record_set_count": 10,
            "tags": null,
            "vpc_id": null,
            "zone_id": "Z1EXF3DHNCLVFG"
          }
        },
        {
          "index_key": 11,
          "schema_version": 0,
          "attributes": {
            "caller_reference": "2016-09-14T19:18:10.97680021-04:00",
            "comment": "Managed by Terraform",
            "id": "Z1GSN0DUY7LO3I",
            "linked_service_description": null,
            "linked_service_principal": null,
            "name": "a-rwx.org.",
            "name_servers": [
              "ns-1242.awsdns-27.org",
              "ns-477.awsdns-59.com",
              "ns-808.awsdns-37.net",
              "ns-1942.awsdns-50.co.uk"
            ],
            "private_zone": false,
            "resource_record_set_count": 23,
            "tags": null,
            "vpc_id": null,
            "zone_id": "Z1GSN0DUY7LO3I"
          }
        },
        {
          "index_key": 12,
          "schema_version": 0,
          "attributes": {
            "caller_reference": "2016-09-14T19:18:10.97680021-04:00",
            "comment": "Managed by Terraform",
            "id": "Z1GSN0DUY7LO3I",
            "linked_service_description": null,
            "linked_service_principal": null,
            "name": "a-rwx.org.",
            "name_servers": [
              "ns-1242.awsdns-27.org",
              "ns-477.awsdns-59.com",
              "ns-808.awsdns-37.net",
              "ns-1942.awsdns-50.co.uk"
            ],
            "private_zone": false,
            "resource_record_set_count": 23,
            "tags": null,
            "vpc_id": null,
            "zone_id": "Z1GSN0DUY7LO3I"
          }
        }
      ]
    },
    {
      "module": "module.akerl-blog.module.certificate",
      "mode": "managed",
      "type": "aws_acm_certificate",
      "name": "this",
      "provider": "provider[\"registry.terraform.io/hashicorp/aws\"]",
      "instances": [
        {
          "schema_version": 0,
          "attributes": {
            "arn": "arn:aws:acm:us-east-1:764218738161:certificate/d4510974-2f79-437c-a744-0be088415f05",
            "certificate_authority_arn": "",
            "certificate_body": null,
            "certificate_chain": null,
            "domain_name": "blog.akerl.org",
            "domain_validation_options": [
              {
                "domain_name": "blog.akerl.org",
                "resource_record_name": "_7a3ec3b28e9915b39cd7212e0a3cebbb.blog.akerl.org.",
                "resource_record_type": "CNAME",
                "resource_record_value": "_4cb8503680d95f2e0f0491cb310312d7.acm-validations.aws."
              },
              {
                "domain_name": "lesaker.org",
                "resource_record_name": "_10def5d8dcabd9b2523d3f223691faf6.lesaker.org.",
                "resource_record_type": "CNAME",
                "resource_record_value": "_0dc436dc6a70db4ae737d3c99ec34783.acm-validations.aws."
              },
              {
                "domain_name": "www.lesaker.org",
                "resource_record_name": "_93bcd041fce834edca0b647887c98042.www.lesaker.org.",
                "resource_record_type": "CNAME",
                "resource_record_value": "_9163b7a0cedcc2d2e805f5390ec86c20.acm-validations.aws."
              },
              {
                "domain_name": "scrtybybscrty.org",
                "resource_record_name": "_6aa3cdf9b733a6b40f649e04c42a208a.scrtybybscrty.org.",
                "resource_record_type": "CNAME",
                "resource_record_value": "_0ff299895f594c93404f8cf67f6fee76.acm-validations.aws."
              },
              {
                "domain_name": "www.scrtybybscrty.org",
                "resource_record_name": "_c065254b9b53d6af1a91cbd3ea5e1624.www.scrtybybscrty.org.",
                "resource_record_type": "CNAME",
                "resource_record_value": "_89f1b8b6e12ace264c5968ee4bf31feb.acm-validations.aws."
              },
              {
                "domain_name": "lesaker.com",
                "resource_record_name": "_2143a2c8fea6a68d788698945a7129ba.lesaker.com.",
                "resource_record_type": "CNAME",
                "resource_record_value": "_640ce9c8da3865cb3c89df5ceea4769d.acm-validations.aws."
              },
              {
                "domain_name": "www.lesaker.com",
                "resource_record_name": "_e3358842b459a87fd6f4dfd3edcf97b1.www.lesaker.com.",
                "resource_record_type": "CNAME",
                "resource_record_value": "_207f1de258aae194c7a65e839f86c0b1.acm-validations.aws."
              },
              {
                "domain_name": "akerl.org",
                "resource_record_name": "_0682ace0a1f2d5669af2cb59fb0ad65f.akerl.org.",
                "resource_record_type": "CNAME",
                "resource_record_value": "_267ffba9fc2608500536bf047212fe30.acm-validations.aws."
              },
              {
                "domain_name": "www.akerl.org",
                "resource_record_name": "_a19e98dfc8b630accbc93bf7c44953e1.www.akerl.org.",
                "resource_record_type": "CNAME",
                "resource_record_value": "_70373f85e4145f434a899444280557c1.acm-validations.aws."
              },
              {
                "domain_name": "akerl.com",
                "resource_record_name": "_2e033dd592dce29f583a62ae5913a2c4.akerl.com.",
                "resource_record_type": "CNAME",
                "resource_record_value": "_a20d5a7c7dff688ebe5a64b118ba99a3.acm-validations.aws."
              },
              {
                "domain_name": "www.akerl.com",
                "resource_record_name": "_b93ec15c7debfeffe7d8e02ec232ada9.www.akerl.com.",
                "resource_record_type": "CNAME",
                "resource_record_value": "_ac79db8c33417e4a178296c74d807d28.acm-validations.aws."
              },
              {
                "domain_name": "a-rwx.org",
                "resource_record_name": "_f3adc7905d737b6c002c129623651603.a-rwx.org.",
                "resource_record_type": "CNAME",
                "resource_record_value": "_74459d0e2dfe4cdef12456457cc67ce9.acm-validations.aws."
              },
              {
                "domain_name": "www.a-rwx.org",
                "resource_record_name": "_7a47d307d51f48fa2ebf893e7c68571d.www.a-rwx.org.",
                "resource_record_type": "CNAME",
                "resource_record_value": "_723561826f1299f7f58fcb296c1c6b68.acm-validations.aws."
              }
            ],
            "id": "arn:aws:acm:us-east-1:764218738161:certificate/d4510974-2f79-437c-a744-0be088415f05",
            "options": [
              {
                "certificate_transparency_logging_preference": "ENABLED"
              }
            ],
            "private_key": null,
            "subject_alternative_names": [
              "lesaker.org",
              "www.lesaker.org",
              "scrtybybscrty.org",
              "www.scrtybybscrty.org",
              "lesaker.com",
              "www.lesaker.com",
              "akerl.org",
              "www.akerl.org",
              "akerl.com",
              "www.akerl.com",
              "a-rwx.org",
              "www.a-rwx.org"
            ],
            "tags": {},
            "validation_emails": [],
            "validation_method": "DNS"
          }
        }
      ]
    },
    {
      "module": "module.akerl-blog.module.certificate",
      "mode": "managed",
      "type": "aws_acm_certificate_validation",
      "name": "this",
      "provider": "provider[\"registry.terraform.io/hashicorp/aws\"]",
      "instances": [
        {
          "schema_version": 0,
          "attributes": {
            "certificate_arn": "arn:aws:acm:us-east-1:764218738161:certificate/d4510974-2f79-437c-a744-0be088415f05",
            "id": "2020-02-11 01:43:02 +0000 UTC",
            "timeouts": null,
            "validation_record_fqdns": [
              "_0682ace0a1f2d5669af2cb59fb0ad65f.akerl.org",
              "_10def5d8dcabd9b2523d3f223691faf6.lesaker.org",
              "_2143a2c8fea6a68d788698945a7129ba.lesaker.com",
              "_2e033dd592dce29f583a62ae5913a2c4.akerl.com",
              "_6aa3cdf9b733a6b40f649e04c42a208a.scrtybybscrty.org",
              "_7a3ec3b28e9915b39cd7212e0a3cebbb.blog.akerl.org",
              "_7a47d307d51f48fa2ebf893e7c68571d.www.a-rwx.org",
              "_93bcd041fce834edca0b647887c98042.www.lesaker.org",
              "_a19e98dfc8b630accbc93bf7c44953e1.www.akerl.org",
              "_b93ec15c7debfeffe7d8e02ec232ada9.www.akerl.com",
              "_c065254b9b53d6af1a91cbd3ea5e1624.www.scrtybybscrty.org",
              "_e3358842b459a87fd6f4dfd3edcf97b1.www.lesaker.com",
              "_f3adc7905d737b6c002c129623651603.a-rwx.org"
            ]
          },
          "private": "eyJlMmJmYjczMC1lY2FhLTExZTYtOGY4OC0zNDM2M2JjN2M0YzAiOnsiY3JlYXRlIjoyNzAwMDAwMDAwMDAwfX0=",
          "dependencies": [
            "module.akerl-blog.module.certificate.aws_acm_certificate.this",
            "module.akerl-blog.module.certificate.aws_route53_record.validation"
          ]
        }
      ]
    },
    {
      "module": "module.akerl-blog.module.certificate",
      "mode": "managed",
      "type": "aws_route53_record",
      "name": "validation",
      "provider": "provider[\"registry.terraform.io/hashicorp/aws\"]",
      "instances": [
        {
          "index_key": 0,
          "schema_version": 2,
          "attributes": {
            "alias": [],
            "allow_overwrite": null,
            "failover_routing_policy": [],
            "fqdn": "_7a3ec3b28e9915b39cd7212e0a3cebbb.blog.akerl.org",
            "geolocation_routing_policy": [],
            "health_check_id": "",
            "id": "Z1GXO6WRJN3B5T__7a3ec3b28e9915b39cd7212e0a3cebbb.blog.akerl.org._CNAME",
            "latency_routing_policy": [],
            "multivalue_answer_routing_policy": null,
            "name": "_7a3ec3b28e9915b39cd7212e0a3cebbb.blog.akerl.org",
            "records": [
              "_4cb8503680d95f2e0f0491cb310312d7.acm-validations.aws."
            ],
            "set_identifier": "",
            "ttl": 60,
            "type": "CNAME",
            "weighted_routing_policy": [],
            "zone_id": "Z1GXO6WRJN3B5T"
          },
          "private": "eyJzY2hlbWFfdmVyc2lvbiI6IjIifQ==",
          "dependencies": [
            "module.akerl-blog.module.certificate.aws_acm_certificate.this"
          ]
        },
        {
          "index_key": 1,
          "schema_version": 2,
          "attributes": {
            "alias": [],
            "allow_overwrite": null,
            "failover_routing_policy": [],
            "fqdn": "_10def5d8dcabd9b2523d3f223691faf6.lesaker.org",
            "geolocation_routing_policy": [],
            "health_check_id": "",
            "id": "Z3RU5N2GAL6D4W__10def5d8dcabd9b2523d3f223691faf6.lesaker.org._CNAME",
            "latency_routing_policy": [],
            "multivalue_answer_routing_policy": null,
            "name": "_10def5d8dcabd9b2523d3f223691faf6.lesaker.org",
            "records": [
              "_0dc436dc6a70db4ae737d3c99ec34783.acm-validations.aws."
            ],
            "set_identifier": "",
            "ttl": 60,
            "type": "CNAME",
            "weighted_routing_policy": [],
            "zone_id": "Z3RU5N2GAL6D4W"
          },
          "private": "eyJzY2hlbWFfdmVyc2lvbiI6IjIifQ==",
          "dependencies": [
            "module.akerl-blog.module.certificate.aws_acm_certificate.this"
          ]
        },
        {
          "index_key": 2,
          "schema_version": 2,
          "attributes": {
            "alias": [],
            "allow_overwrite": null,
            "failover_routing_policy": [],
            "fqdn": "_93bcd041fce834edca0b647887c98042.www.lesaker.org",
            "geolocation_routing_policy": [],
            "health_check_id": "",
            "id": "Z3RU5N2GAL6D4W__93bcd041fce834edca0b647887c98042.www.lesaker.org._CNAME",
            "latency_routing_policy": [],
            "multivalue_answer_routing_policy": null,
            "name": "_93bcd041fce834edca0b647887c98042.www.lesaker.org",
            "records": [
              "_9163b7a0cedcc2d2e805f5390ec86c20.acm-validations.aws."
            ],
            "set_identifier": "",
            "ttl": 60,
            "type": "CNAME",
            "weighted_routing_policy": [],
            "zone_id": "Z3RU5N2GAL6D4W"
          },
          "private": "eyJzY2hlbWFfdmVyc2lvbiI6IjIifQ==",
          "dependencies": [
            "module.akerl-blog.module.certificate.aws_acm_certificate.this"
          ]
        },
        {
          "index_key": 3,
          "schema_version": 2,
          "attributes": {
            "alias": [],
            "allow_overwrite": null,
            "failover_routing_policy": [],
            "fqdn": "_6aa3cdf9b733a6b40f649e04c42a208a.scrtybybscrty.org",
            "geolocation_routing_policy": [],
            "health_check_id": "",
            "id": "Z11UY811DI2S1K__6aa3cdf9b733a6b40f649e04c42a208a.scrtybybscrty.org._CNAME",
            "latency_routing_policy": [],
            "multivalue_answer_routing_policy": null,
            "name": "_6aa3cdf9b733a6b40f649e04c42a208a.scrtybybscrty.org",
            "records": [
              "_0ff299895f594c93404f8cf67f6fee76.acm-validations.aws."
            ],
            "set_identifier": "",
            "ttl": 60,
            "type": "CNAME",
            "weighted_routing_policy": [],
            "zone_id": "Z11UY811DI2S1K"
          },
          "private": "eyJzY2hlbWFfdmVyc2lvbiI6IjIifQ==",
          "dependencies": [
            "module.akerl-blog.module.certificate.aws_acm_certificate.this"
          ]
        },
        {
          "index_key": 4,
          "schema_version": 2,
          "attributes": {
            "alias": [],
            "allow_overwrite": null,
            "failover_routing_policy": [],
            "fqdn": "_c065254b9b53d6af1a91cbd3ea5e1624.www.scrtybybscrty.org",
            "geolocation_routing_policy": [],
            "health_check_id": "",
            "id": "Z11UY811DI2S1K__c065254b9b53d6af1a91cbd3ea5e1624.www.scrtybybscrty.org._CNAME",
            "latency_routing_policy": [],
            "multivalue_answer_routing_policy": null,
            "name": "_c065254b9b53d6af1a91cbd3ea5e1624.www.scrtybybscrty.org",
            "records": [
              "_89f1b8b6e12ace264c5968ee4bf31feb.acm-validations.aws."
            ],
            "set_identifier": "",
            "ttl": 60,
            "type": "CNAME",
            "weighted_routing_policy": [],
            "zone_id": "Z11UY811DI2S1K"
          },
          "private": "eyJzY2hlbWFfdmVyc2lvbiI6IjIifQ==",
          "dependencies": [
            "module.akerl-blog.module.certificate.aws_acm_certificate.this"
          ]
        },
        {
          "index_key": 5,
          "schema_version": 2,
          "attributes": {
            "alias": [],
            "allow_overwrite": null,
            "failover_routing_policy": [],
            "fqdn": "_2143a2c8fea6a68d788698945a7129ba.lesaker.com",
            "geolocation_routing_policy": [],
            "health_check_id": "",
            "id": "Z12UG2AR1236YD__2143a2c8fea6a68d788698945a7129ba.lesaker.com._CNAME",
            "latency_routing_policy": [],
            "multivalue_answer_routing_policy": null,
            "name": "_2143a2c8fea6a68d788698945a7129ba.lesaker.com",
            "records": [
              "_640ce9c8da3865cb3c89df5ceea4769d.acm-validations.aws."
            ],
            "set_identifier": "",
            "ttl": 60,
            "type": "CNAME",
            "weighted_routing_policy": [],
            "zone_id": "Z12UG2AR1236YD"
          },
          "private": "eyJzY2hlbWFfdmVyc2lvbiI6IjIifQ==",
          "dependencies": [
            "module.akerl-blog.module.certificate.aws_acm_certificate.this"
          ]
        },
        {
          "index_key": 6,
          "schema_version": 2,
          "attributes": {
            "alias": [],
            "allow_overwrite": null,
            "failover_routing_policy": [],
            "fqdn": "_e3358842b459a87fd6f4dfd3edcf97b1.www.lesaker.com",
            "geolocation_routing_policy": [],
            "health_check_id": "",
            "id": "Z12UG2AR1236YD__e3358842b459a87fd6f4dfd3edcf97b1.www.lesaker.com._CNAME",
            "latency_routing_policy": [],
            "multivalue_answer_routing_policy": null,
            "name": "_e3358842b459a87fd6f4dfd3edcf97b1.www.lesaker.com",
            "records": [
              "_207f1de258aae194c7a65e839f86c0b1.acm-validations.aws."
            ],
            "set_identifier": "",
            "ttl": 60,
            "type": "CNAME",
            "weighted_routing_policy": [],
            "zone_id": "Z12UG2AR1236YD"
          },
          "private": "eyJzY2hlbWFfdmVyc2lvbiI6IjIifQ==",
          "dependencies": [
            "module.akerl-blog.module.certificate.aws_acm_certificate.this"
          ]
        },
        {
          "index_key": 7,
          "schema_version": 2,
          "attributes": {
            "alias": [],
            "allow_overwrite": null,
            "failover_routing_policy": [],
            "fqdn": "_0682ace0a1f2d5669af2cb59fb0ad65f.akerl.org",
            "geolocation_routing_policy": [],
            "health_check_id": "",
            "id": "Z1GXO6WRJN3B5T__0682ace0a1f2d5669af2cb59fb0ad65f.akerl.org._CNAME",
            "latency_routing_policy": [],
            "multivalue_answer_routing_policy": null,
            "name": "_0682ace0a1f2d5669af2cb59fb0ad65f.akerl.org",
            "records": [
              "_267ffba9fc2608500536bf047212fe30.acm-validations.aws."
            ],
            "set_identifier": "",
            "ttl": 60,
            "type": "CNAME",
            "weighted_routing_policy": [],
            "zone_id": "Z1GXO6WRJN3B5T"
          },
          "private": "eyJzY2hlbWFfdmVyc2lvbiI6IjIifQ==",
          "dependencies": [
            "module.akerl-blog.module.certificate.aws_acm_certificate.this"
          ]
        },
        {
          "index_key": 8,
          "schema_version": 2,
          "attributes": {
            "alias": [],
            "allow_overwrite": null,
            "failover_routing_policy": [],
            "fqdn": "_a19e98dfc8b630accbc93bf7c44953e1.www.akerl.org",
            "geolocation_routing_policy": [],
            "health_check_id": "",
            "id": "Z1GXO6WRJN3B5T__a19e98dfc8b630accbc93bf7c44953e1.www.akerl.org._CNAME",
            "latency_routing_policy": [],
            "multivalue_answer_routing_policy": null,
            "name": "_a19e98dfc8b630accbc93bf7c44953e1.www.akerl.org",
            "records": [
              "_70373f85e4145f434a899444280557c1.acm-validations.aws."
            ],
            "set_identifier": "",
            "ttl": 60,
            "type": "CNAME",
            "weighted_routing_policy": [],
            "zone_id": "Z1GXO6WRJN3B5T"
          },
          "private": "eyJzY2hlbWFfdmVyc2lvbiI6IjIifQ==",
          "dependencies": [
            "module.akerl-blog.module.certificate.aws_acm_certificate.this"
          ]
        },
        {
          "index_key": 9,
          "schema_version": 2,
          "attributes": {
            "alias": [],
            "allow_overwrite": null,
            "failover_routing_policy": [],
            "fqdn": "_2e033dd592dce29f583a62ae5913a2c4.akerl.com",
            "geolocation_routing_policy": [],
            "health_check_id": "",
            "id": "Z1EXF3DHNCLVFG__2e033dd592dce29f583a62ae5913a2c4.akerl.com._CNAME",
            "latency_routing_policy": [],
            "multivalue_answer_routing_policy": null,
            "name": "_2e033dd592dce29f583a62ae5913a2c4.akerl.com",
            "records": [
              "_a20d5a7c7dff688ebe5a64b118ba99a3.acm-validations.aws."
            ],
            "set_identifier": "",
            "ttl": 60,
            "type": "CNAME",
            "weighted_routing_policy": [],
            "zone_id": "Z1EXF3DHNCLVFG"
          },
          "private": "eyJzY2hlbWFfdmVyc2lvbiI6IjIifQ==",
          "dependencies": [
            "module.akerl-blog.module.certificate.aws_acm_certificate.this"
          ]
        },
        {
          "index_key": 10,
          "schema_version": 2,
          "attributes": {
            "alias": [],
            "allow_overwrite": null,
            "failover_routing_policy": [],
            "fqdn": "_b93ec15c7debfeffe7d8e02ec232ada9.www.akerl.com",
            "geolocation_routing_policy": [],
            "health_check_id": "",
            "id": "Z1EXF3DHNCLVFG__b93ec15c7debfeffe7d8e02ec232ada9.www.akerl.com._CNAME",
            "latency_routing_policy": [],
            "multivalue_answer_routing_policy": null,
            "name": "_b93ec15c7debfeffe7d8e02ec232ada9.www.akerl.com",
            "records": [
              "_ac79db8c33417e4a178296c74d807d28.acm-validations.aws."
            ],
            "set_identifier": "",
            "ttl": 60,
            "type": "CNAME",
            "weighted_routing_policy": [],
            "zone_id": "Z1EXF3DHNCLVFG"
          },
          "private": "eyJzY2hlbWFfdmVyc2lvbiI6IjIifQ==",
          "dependencies": [
            "module.akerl-blog.module.certificate.aws_acm_certificate.this"
          ]
        },
        {
          "index_key": 11,
          "schema_version": 2,
          "attributes": {
            "alias": [],
            "allow_overwrite": null,
            "failover_routing_policy": [],
            "fqdn": "_f3adc7905d737b6c002c129623651603.a-rwx.org",
            "geolocation_routing_policy": [],
            "health_check_id": "",
            "id": "Z1GSN0DUY7LO3I__f3adc7905d737b6c002c129623651603.a-rwx.org._CNAME",
            "latency_routing_policy": [],
            "multivalue_answer_routing_policy": null,
            "name": "_f3adc7905d737b6c002c129623651603.a-rwx.org",
            "records": [
              "_74459d0e2dfe4cdef12456457cc67ce9.acm-validations.aws."
            ],
            "set_identifier": "",
            "ttl": 60,
            "type": "CNAME",
            "weighted_routing_policy": [],
            "zone_id": "Z1GSN0DUY7LO3I"
          },
          "private": "eyJzY2hlbWFfdmVyc2lvbiI6IjIifQ==",
          "dependencies": [
            "module.akerl-blog.module.certificate.aws_acm_certificate.this"
          ]
        },
        {
          "index_key": 12,
          "schema_version": 2,
          "attributes": {
            "alias": [],
            "allow_overwrite": null,
            "failover_routing_policy": [],
            "fqdn": "_7a47d307d51f48fa2ebf893e7c68571d.www.a-rwx.org",
            "geolocation_routing_policy": [],
            "health_check_id": "",
            "id": "Z1GSN0DUY7LO3I__7a47d307d51f48fa2ebf893e7c68571d.www.a-rwx.org._CNAME",
            "latency_routing_policy": [],
            "multivalue_answer_routing_policy": null,
            "name": "_7a47d307d51f48fa2ebf893e7c68571d.www.a-rwx.org",
            "records": [
              "_723561826f1299f7f58fcb296c1c6b68.acm-validations.aws."
            ],
            "set_identifier": "",
            "ttl": 60,
            "type": "CNAME",
            "weighted_routing_policy": [],
            "zone_id": "Z1GSN0DUY7LO3I"
          },
          "private": "eyJzY2hlbWFfdmVyc2lvbiI6IjIifQ==",
          "dependencies": [
            "module.akerl-blog.module.certificate.aws_acm_certificate.this"
          ]
        }
      ]
    },
    {
      "module": "module.akerl-blog.module.publish_user",
      "mode": "data",
      "type": "aws_iam_policy_document",
      "name": "this",
      "provider": "provider[\"registry.terraform.io/hashicorp/aws\"]",
      "instances": [
        {
          "schema_version": 0,
          "attributes": {
            "id": "2135601489",
            "json": "{\n  \"Version\": \"2012-10-17\",\n  \"Statement\": [\n    {\n      \"Sid\": \"\",\n      \"Effect\": \"Allow\",\n      \"Action\": [\n        \"s3:PutObject\",\n        \"s3:ListBucket\",\n        \"s3:ListAllMyBuckets\",\n        \"s3:GetObjectAcl\",\n        \"s3:GetObject\",\n        \"s3:GetBucketLocation\",\n        \"s3:GetBucketAcl\",\n        \"s3:DeleteObject\"\n      ],\n      \"Resource\": [\n        \"arn:aws:s3:::akerl-blog/*\",\n        \"arn:aws:s3:::akerl-blog\"\n      ]\n    }\n  ]\n}",
            "override_json": null,
            "policy_id": null,
            "source_json": null,
            "statement": [
              {
                "actions": [
                  "s3:DeleteObject",
                  "s3:GetBucketAcl",
                  "s3:GetBucketLocation",
                  "s3:GetObject",
                  "s3:GetObjectAcl",
                  "s3:ListAllMyBuckets",
                  "s3:ListBucket",
                  "s3:PutObject"
                ],
                "condition": [],
                "effect": "Allow",
                "not_actions": [],
                "not_principals": [],
                "not_resources": [],
                "principals": [],
                "resources": [
                  "arn:aws:s3:::akerl-blog",
                  "arn:aws:s3:::akerl-blog/*"
                ],
                "sid": ""
              }
            ],
            "version": "2012-10-17"
          }
        }
      ]
    },
    {
      "module": "module.akerl-blog.module.publish_user",
      "mode": "managed",
      "type": "aws_iam_user",
      "name": "this",
      "provider": "provider[\"registry.terraform.io/hashicorp/aws\"]",
      "instances": [
        {
          "schema_version": 0,
          "attributes": {
            "arn": "arn:aws:iam::764218738161:user/s3-publish-akerl-blog",
            "force_destroy": false,
            "id": "s3-publish-akerl-blog",
            "name": "s3-publish-akerl-blog",
            "path": "/",
            "permissions_boundary": null,
            "tags": {},
            "unique_id": "AIDAISZXREHGOVTMO43PY"
          }
        }
      ]
    },
    {
      "module": "module.akerl-blog.module.publish_user",
      "mode": "managed",
      "type": "aws_iam_user_policy",
      "name": "this",
      "provider": "provider[\"registry.terraform.io/hashicorp/aws\"]",
      "instances": [
        {
          "schema_version": 0,
          "attributes": {
            "id": "s3-publish-akerl-blog:s3-publish",
            "name": "s3-publish",
            "name_prefix": null,
            "policy": "{\n  \"Version\": \"2012-10-17\",\n  \"Statement\": [\n    {\n      \"Sid\": \"\",\n      \"Effect\": \"Allow\",\n      \"Action\": [\n        \"s3:PutObject\",\n        \"s3:ListBucket\",\n        \"s3:ListAllMyBuckets\",\n        \"s3:GetObjectAcl\",\n        \"s3:GetObject\",\n        \"s3:GetBucketLocation\",\n        \"s3:GetBucketAcl\",\n        \"s3:DeleteObject\"\n      ],\n      \"Resource\": [\n        \"arn:aws:s3:::akerl-blog/*\",\n        \"arn:aws:s3:::akerl-blog\"\n      ]\n    }\n  ]\n}",
            "user": "s3-publish-akerl-blog"
          },
          "dependencies": [
            "module.akerl-blog.module.publish_user.aws_iam_user.this"
          ]
        }
      ]
    },
    {
      "module": "module.akerl-blog.module.publish_user",
      "mode": "managed",
      "type": "aws_s3_bucket",
      "name": "this",
      "provider": "provider[\"registry.terraform.io/hashicorp/aws\"]",
      "instances": []
    },
    {
      "module": "module.akerl-blog.module.publish_user",
      "mode": "managed",
      "type": "awscreds_iam_access_key",
      "name": "this",
      "provider": "provider[\"terraform.scrtybybscrty.org/armorfret/awscreds\"]",
      "instances": [
        {
          "schema_version": 0,
          "attributes": {
            "encrypted_secret": null,
            "file": "creds/s3-publish-akerl-blog",
            "id": "AKIAI5XZCIFC45GO3NWQ",
            "key_fingerprint": null,
            "pgp_key": null,
            "secret": "",
            "ses_smtp_password": "",
            "status": "Active",
            "user": "s3-publish-akerl-blog"
          },
          "dependencies": [
            "module.akerl-blog.module.publish_user.aws_iam_user.this"
          ]
        }
      ]
    },
    {
      "module": "module.akerl-books-library",
      "mode": "data",
      "type": "aws_iam_policy_document",
      "name": "lambda_perms",
      "provider": "provider[\"registry.terraform.io/hashicorp/aws\"]",
      "instances": [
        {
          "schema_version": 0,
          "attributes": {
            "id": "2584515409",
            "json": "{\n  \"Version\": \"2012-10-17\",\n  \"Statement\": [\n    {\n      \"Sid\": \"\",\n      \"Effect\": \"Allow\",\n      \"Action\": [\n        \"s3:ListBucket\",\n        \"s3:GetObject\"\n      ],\n      \"Resource\": [\n        \"arn:aws:s3:::akerl-book-library/*\",\n        \"arn:aws:s3:::akerl-book-library-config/*\",\n        \"arn:aws:s3:::akerl-book-library-config\",\n        \"arn:aws:s3:::akerl-book-library\"\n      ]\n    },\n    {\n      \"Sid\": \"\",\n      \"Effect\": \"Allow\",\n      \"Action\": [\n        \"logs:PutLogEvents\",\n        \"logs:CreateLogStream\",\n        \"logs:CreateLogGroup\"\n      ],\n      \"Resource\": \"arn:aws:logs:*:*:*\"\n    }\n  ]\n}",
            "override_json": null,
            "policy_id": null,
            "source_json": null,
            "statement": [
              {
                "actions": [
                  "s3:GetObject",
                  "s3:ListBucket"
                ],
                "condition": [],
                "effect": "Allow",
                "not_actions": [],
                "not_principals": [],
                "not_resources": [],
                "principals": [],
                "resources": [
                  "arn:aws:s3:::akerl-book-library",
                  "arn:aws:s3:::akerl-book-library-config",
                  "arn:aws:s3:::akerl-book-library-config/*",
                  "arn:aws:s3:::akerl-book-library/*"
                ],
                "sid": ""
              },
              {
                "actions": [
                  "logs:CreateLogGroup",
                  "logs:CreateLogStream",
                  "logs:PutLogEvents"
                ],
                "condition": [],
                "effect": "Allow",
                "not_actions": [],
                "not_principals": [],
                "not_resources": [],
                "principals": [],
                "resources": [
                  "arn:aws:logs:*:*:*"
                ],
                "sid": ""
              }
            ],
            "version": "2012-10-17"
          }
        }
      ]
    },
    {
      "module": "module.akerl-books-library.module.apigw",
      "mode": "managed",
      "type": "aws_api_gateway_base_path_mapping",
      "name": "this",
      "provider": "provider[\"registry.terraform.io/hashicorp/aws\"]",
      "instances": [
        {
          "schema_version": 0,
          "attributes": {
            "api_id": "uece7pm8e1",
            "base_path": "",
            "domain_name": "books.coolquotes.xyz",
            "id": "books.coolquotes.xyz/",
            "stage_name": "prod"
          },
          "dependencies": [
            "module.akerl-books-library.module.apigw.aws_api_gateway_deployment.this",
            "module.akerl-books-library.module.apigw.aws_api_gateway_domain_name.this",
            "module.akerl-books-library.module.apigw.aws_api_gateway_integration.root",
            "module.akerl-books-library.module.apigw.aws_api_gateway_integration.this",
            "module.akerl-books-library.module.apigw.aws_api_gateway_method.root",
            "module.akerl-books-library.module.apigw.aws_api_gateway_method.this",
            "module.akerl-books-library.module.apigw.aws_api_gateway_resource.this",
            "module.akerl-books-library.module.apigw.aws_api_gateway_rest_api.this",
            "module.akerl-books-library.module.apigw.module.certificate.aws_acm_certificate.this",
            "module.akerl-books-library.module.apigw.module.certificate.aws_acm_certificate_validation.this",
            "module.akerl-books-library.module.apigw.module.certificate.aws_route53_record.validation",
            "module.akerl-books-library.module.apigw.module.lambda.aws_iam_role.lambda",
            "module.akerl-books-library.module.apigw.module.lambda.aws_lambda_function.this"
          ]
        }
      ]
    },
    {
      "module": "module.akerl-books-library.module.apigw",
      "mode": "managed",
      "type": "aws_api_gateway_deployment",
      "name": "this",
      "provider": "provider[\"registry.terraform.io/hashicorp/aws\"]",
      "instances": [
        {
          "schema_version": 0,
          "attributes": {
            "created_date": "2019-03-10T18:57:29Z",
            "description": "",
            "execution_arn": "arn:aws:execute-api:us-east-1:764218738161:uece7pm8e1/prod",
            "id": "unxqxq",
            "invoke_url": "https://uece7pm8e1.execute-api.us-east-1.amazonaws.com/prod",
            "rest_api_id": "uece7pm8e1",
            "stage_description": null,
            "stage_name": "prod",
            "variables": {
              "bucket": "akerl-book-library"
            }
          },
          "dependencies": [
            "module.akerl-books-library.module.apigw.aws_api_gateway_integration.root",
            "module.akerl-books-library.module.apigw.aws_api_gateway_integration.this",
            "module.akerl-books-library.module.apigw.aws_api_gateway_method.root",
            "module.akerl-books-library.module.apigw.aws_api_gateway_method.this",
            "module.akerl-books-library.module.apigw.aws_api_gateway_resource.this",
            "module.akerl-books-library.module.apigw.aws_api_gateway_rest_api.this",
            "module.akerl-books-library.module.apigw.module.lambda.aws_iam_role.lambda",
            "module.akerl-books-library.module.apigw.module.lambda.aws_lambda_function.this"
          ]
        }
      ]
    },
    {
      "module": "module.akerl-books-library.module.apigw",
      "mode": "managed",
      "type": "aws_api_gateway_domain_name",
      "name": "this",
      "provider": "provider[\"registry.terraform.io/hashicorp/aws\"]",
      "instances": [
        {
          "schema_version": 0,
          "attributes": {
            "certificate_arn": "arn:aws:acm:us-east-1:764218738161:certificate/92c197d6-80d3-43fe-95f4-3470c3695373",
            "certificate_body": null,
            "certificate_chain": null,
            "certificate_name": "",
            "certificate_private_key": null,
            "certificate_upload_date": "2019-03-10T20:06:31Z",
            "cloudfront_domain_name": "d3iukmmdtej1e4.cloudfront.net",
            "cloudfront_zone_id": "Z2FDTNDATAQYW2",
            "domain_name": "books.coolquotes.xyz",
            "endpoint_configuration": [
              {
                "types": [
                  "EDGE"
                ]
              }
            ],
            "id": "books.coolquotes.xyz",
            "regional_certificate_arn": "",
            "regional_certificate_name": "",
            "regional_domain_name": "",
            "regional_zone_id": "",
            "security_policy": "TLS_1_0"
          },
          "dependencies": [
            "module.akerl-books-library.module.apigw.module.certificate.aws_acm_certificate.this",
            "module.akerl-books-library.module.apigw.module.certificate.aws_acm_certificate_validation.this",
            "module.akerl-books-library.module.apigw.module.certificate.aws_route53_record.validation"
          ]
        }
      ]
    },
    {
      "module": "module.akerl-books-library.module.apigw",
      "mode": "managed",
      "type": "aws_api_gateway_integration",
      "name": "root",
      "provider": "provider[\"registry.terraform.io/hashicorp/aws\"]",
      "instances": [
        {
          "schema_version": 0,
          "attributes": {
            "cache_key_parameters": [],
            "cache_namespace": "pixnifqvvh",
            "connection_id": "",
            "connection_type": "INTERNET",
            "content_handling": "",
            "credentials": "",
            "http_method": "ANY",
            "id": "agi-uece7pm8e1-pixnifqvvh-ANY",
            "integration_http_method": "POST",
            "passthrough_behavior": "WHEN_NO_MATCH",
            "request_parameters": {},
            "request_parameters_in_json": null,
            "request_templates": {},
            "resource_id": "pixnifqvvh",
            "rest_api_id": "uece7pm8e1",
            "timeout_milliseconds": 29000,
            "type": "AWS_PROXY",
            "uri": "arn:aws:apigateway:us-east-1:lambda:path/2015-03-31/functions/arn:aws:lambda:us-east-1:764218738161:function:madlibrarian_akerl-book-library/invocations"
          },
          "dependencies": [
            "module.akerl-books-library.module.apigw.aws_api_gateway_method.root",
            "module.akerl-books-library.module.apigw.aws_api_gateway_rest_api.this",
            "module.akerl-books-library.module.apigw.module.lambda.aws_iam_role.lambda",
            "module.akerl-books-library.module.apigw.module.lambda.aws_lambda_function.this"
          ]
        }
      ]
    },
    {
      "module": "module.akerl-books-library.module.apigw",
      "mode": "managed",
      "type": "aws_api_gateway_integration",
      "name": "this",
      "provider": "provider[\"registry.terraform.io/hashicorp/aws\"]",
      "instances": [
        {
          "schema_version": 0,
          "attributes": {
            "cache_key_parameters": [],
            "cache_namespace": "gcykju",
            "connection_id": "",
            "connection_type": "INTERNET",
            "content_handling": "",
            "credentials": "",
            "http_method": "ANY",
            "id": "agi-uece7pm8e1-gcykju-ANY",
            "integration_http_method": "POST",
            "passthrough_behavior": "WHEN_NO_MATCH",
            "request_parameters": {},
            "request_parameters_in_json": null,
            "request_templates": {},
            "resource_id": "gcykju",
            "rest_api_id": "uece7pm8e1",
            "timeout_milliseconds": 29000,
            "type": "AWS_PROXY",
            "uri": "arn:aws:apigateway:us-east-1:lambda:path/2015-03-31/functions/arn:aws:lambda:us-east-1:764218738161:function:madlibrarian_akerl-book-library/invocations"
          },
          "dependencies": [
            "module.akerl-books-library.module.apigw.aws_api_gateway_method.this",
            "module.akerl-books-library.module.apigw.aws_api_gateway_resource.this",
            "module.akerl-books-library.module.apigw.aws_api_gateway_rest_api.this",
            "module.akerl-books-library.module.apigw.module.lambda.aws_iam_role.lambda",
            "module.akerl-books-library.module.apigw.module.lambda.aws_lambda_function.this"
          ]
        }
      ]
    },
    {
      "module": "module.akerl-books-library.module.apigw",
      "mode": "managed",
      "type": "aws_api_gateway_method",
      "name": "root",
      "provider": "provider[\"registry.terraform.io/hashicorp/aws\"]",
      "instances": [
        {
          "schema_version": 0,
          "attributes": {
            "api_key_required": false,
            "authorization": "NONE",
            "authorization_scopes": [],
            "authorizer_id": "",
            "http_method": "ANY",
            "id": "agm-uece7pm8e1-pixnifqvvh-ANY",
            "request_models": {},
            "request_parameters": {},
            "request_parameters_in_json": null,
            "request_validator_id": "",
            "resource_id": "pixnifqvvh",
            "rest_api_id": "uece7pm8e1"
          },
          "dependencies": [
            "module.akerl-books-library.module.apigw.aws_api_gateway_rest_api.this"
          ]
        }
      ]
    },
    {
      "module": "module.akerl-books-library.module.apigw",
      "mode": "managed",
      "type": "aws_api_gateway_method",
      "name": "this",
      "provider": "provider[\"registry.terraform.io/hashicorp/aws\"]",
      "instances": [
        {
          "schema_version": 0,
          "attributes": {
            "api_key_required": false,
            "authorization": "NONE",
            "authorization_scopes": [],
            "authorizer_id": "",
            "http_method": "ANY",
            "id": "agm-uece7pm8e1-gcykju-ANY",
            "request_models": {},
            "request_parameters": {},
            "request_parameters_in_json": null,
            "request_validator_id": "",
            "resource_id": "gcykju",
            "rest_api_id": "uece7pm8e1"
          },
          "dependencies": [
            "module.akerl-books-library.module.apigw.aws_api_gateway_resource.this",
            "module.akerl-books-library.module.apigw.aws_api_gateway_rest_api.this"
          ]
        }
      ]
    },
    {
      "module": "module.akerl-books-library.module.apigw",
      "mode": "managed",
      "type": "aws_api_gateway_method_settings",
      "name": "settings",
      "provider": "provider[\"registry.terraform.io/hashicorp/aws\"]",
      "instances": [
        {
          "schema_version": 0,
          "attributes": {
            "id": "uece7pm8e1-prod-*/*",
            "method_path": "*/*",
            "rest_api_id": "uece7pm8e1",
            "settings": [
              {
                "cache_data_encrypted": false,
                "cache_ttl_in_seconds": 0,
                "caching_enabled": false,
                "data_trace_enabled": false,
                "logging_level": "INFO",
                "metrics_enabled": true,
                "require_authorization_for_cache_control": false,
                "throttling_burst_limit": 0,
                "throttling_rate_limit": 0,
                "unauthorized_cache_control_header_strategy": ""
              }
            ],
            "stage_name": "prod"
          },
          "dependencies": [
            "module.akerl-books-library.module.apigw.aws_api_gateway_deployment.this",
            "module.akerl-books-library.module.apigw.aws_api_gateway_integration.root",
            "module.akerl-books-library.module.apigw.aws_api_gateway_integration.this",
            "module.akerl-books-library.module.apigw.aws_api_gateway_method.root",
            "module.akerl-books-library.module.apigw.aws_api_gateway_method.this",
            "module.akerl-books-library.module.apigw.aws_api_gateway_resource.this",
            "module.akerl-books-library.module.apigw.aws_api_gateway_rest_api.this",
            "module.akerl-books-library.module.apigw.module.lambda.aws_iam_role.lambda",
            "module.akerl-books-library.module.apigw.module.lambda.aws_lambda_function.this"
          ]
        }
      ]
    },
    {
      "module": "module.akerl-books-library.module.apigw",
      "mode": "managed",
      "type": "aws_api_gateway_resource",
      "name": "this",
      "provider": "provider[\"registry.terraform.io/hashicorp/aws\"]",
      "instances": [
        {
          "schema_version": 0,
          "attributes": {
            "id": "gcykju",
            "parent_id": "pixnifqvvh",
            "path": "/{path+}",
            "path_part": "{path+}",
            "rest_api_id": "uece7pm8e1"
          },
          "dependencies": [
            "module.akerl-books-library.module.apigw.aws_api_gateway_rest_api.this"
          ]
        }
      ]
    },
    {
      "module": "module.akerl-books-library.module.apigw",
      "mode": "managed",
      "type": "aws_api_gateway_rest_api",
      "name": "this",
      "provider": "provider[\"registry.terraform.io/hashicorp/aws\"]",
      "instances": [
        {
          "schema_version": 0,
          "attributes": {
            "api_key_source": "HEADER",
            "binary_media_types": [],
            "body": null,
            "created_date": "2019-03-10T13:01:42Z",
            "description": "",
            "endpoint_configuration": [
              {
                "types": [
                  "EDGE"
                ]
              }
            ],
            "execution_arn": "arn:aws:execute-api:us-east-1:764218738161:uece7pm8e1",
            "id": "uece7pm8e1",
            "minimum_compression_size": -1,
            "name": "madlibrarian_akerl-book-library",
            "policy": "",
            "root_resource_id": "pixnifqvvh"
          }
        }
      ]
    },
    {
      "module": "module.akerl-books-library.module.apigw.module.certificate",
      "mode": "data",
      "type": "aws_route53_zone",
      "name": "parent",
      "provider": "provider[\"registry.terraform.io/hashicorp/aws\"]",
      "instances": [
        {
          "index_key": 0,
          "schema_version": 0,
          "attributes": {
            "caller_reference": "2017-09-14T01:31:08.67890792-04:00",
            "comment": "Managed by Terraform",
            "id": "Z8OAL9XXAA49Z",
            "linked_service_description": null,
            "linked_service_principal": null,
            "name": "coolquotes.xyz.",
            "name_servers": [
              "ns-1242.awsdns-27.org",
              "ns-477.awsdns-59.com",
              "ns-808.awsdns-37.net",
              "ns-1942.awsdns-50.co.uk"
            ],
            "private_zone": false,
            "resource_record_set_count": 16,
            "tags": null,
            "vpc_id": null,
            "zone_id": "Z8OAL9XXAA49Z"
          }
        }
      ]
    },
    {
      "module": "module.akerl-books-library.module.apigw.module.certificate",
      "mode": "managed",
      "type": "aws_acm_certificate",
      "name": "this",
      "provider": "provider[\"registry.terraform.io/hashicorp/aws\"]",
      "instances": [
        {
          "schema_version": 0,
          "attributes": {
            "arn": "arn:aws:acm:us-east-1:764218738161:certificate/92c197d6-80d3-43fe-95f4-3470c3695373",
            "certificate_authority_arn": "",
            "certificate_body": null,
            "certificate_chain": null,
            "domain_name": "books.coolquotes.xyz",
            "domain_validation_options": [
              {
                "domain_name": "books.coolquotes.xyz",
                "resource_record_name": "_d3a2aca77ccecb8a511cd0b3386cad83.books.coolquotes.xyz.",
                "resource_record_type": "CNAME",
                "resource_record_value": "_563a90cf16eda912f6c8961df8a52e34.tljzshvwok.acm-validations.aws."
              }
            ],
            "id": "arn:aws:acm:us-east-1:764218738161:certificate/92c197d6-80d3-43fe-95f4-3470c3695373",
            "options": [
              {
                "certificate_transparency_logging_preference": "ENABLED"
              }
            ],
            "private_key": null,
            "subject_alternative_names": [],
            "tags": {},
            "validation_emails": [],
            "validation_method": "DNS"
          }
        }
      ]
    },
    {
      "module": "module.akerl-books-library.module.apigw.module.certificate",
      "mode": "managed",
      "type": "aws_acm_certificate_validation",
      "name": "this",
      "provider": "provider[\"registry.terraform.io/hashicorp/aws\"]",
      "instances": [
        {
          "schema_version": 0,
          "attributes": {
            "certificate_arn": "arn:aws:acm:us-east-1:764218738161:certificate/92c197d6-80d3-43fe-95f4-3470c3695373",
            "id": "2020-02-11 01:43:00 +0000 UTC",
            "timeouts": null,
            "validation_record_fqdns": [
              "_d3a2aca77ccecb8a511cd0b3386cad83.books.coolquotes.xyz"
            ]
          },
          "private": "eyJlMmJmYjczMC1lY2FhLTExZTYtOGY4OC0zNDM2M2JjN2M0YzAiOnsiY3JlYXRlIjoyNzAwMDAwMDAwMDAwfX0=",
          "dependencies": [
            "module.akerl-books-library.module.apigw.module.certificate.aws_acm_certificate.this",
            "module.akerl-books-library.module.apigw.module.certificate.aws_route53_record.validation"
          ]
        }
      ]
    },
    {
      "module": "module.akerl-books-library.module.apigw.module.certificate",
      "mode": "managed",
      "type": "aws_route53_record",
      "name": "validation",
      "provider": "provider[\"registry.terraform.io/hashicorp/aws\"]",
      "instances": [
        {
          "index_key": 0,
          "schema_version": 2,
          "attributes": {
            "alias": [],
            "allow_overwrite": null,
            "failover_routing_policy": [],
            "fqdn": "_d3a2aca77ccecb8a511cd0b3386cad83.books.coolquotes.xyz",
            "geolocation_routing_policy": [],
            "health_check_id": "",
            "id": "Z8OAL9XXAA49Z__d3a2aca77ccecb8a511cd0b3386cad83.books.coolquotes.xyz._CNAME",
            "latency_routing_policy": [],
            "multivalue_answer_routing_policy": null,
            "name": "_d3a2aca77ccecb8a511cd0b3386cad83.books.coolquotes.xyz",
            "records": [
              "_563a90cf16eda912f6c8961df8a52e34.tljzshvwok.acm-validations.aws."
            ],
            "set_identifier": "",
            "ttl": 60,
            "type": "CNAME",
            "weighted_routing_policy": [],
            "zone_id": "Z8OAL9XXAA49Z"
          },
          "private": "eyJzY2hlbWFfdmVyc2lvbiI6IjIifQ==",
          "dependencies": [
            "module.akerl-books-library.module.apigw.module.certificate.aws_acm_certificate.this"
          ]
        }
      ]
    },
    {
      "module": "module.akerl-books-library.module.apigw.module.lambda",
      "mode": "data",
      "type": "aws_iam_policy_document",
      "name": "trust",
      "provider": "provider[\"registry.terraform.io/hashicorp/aws\"]",
      "instances": [
        {
          "schema_version": 0,
          "attributes": {
            "id": "3693445097",
            "json": "{\n  \"Version\": \"2012-10-17\",\n  \"Statement\": [\n    {\n      \"Sid\": \"\",\n      \"Effect\": \"Allow\",\n      \"Action\": \"sts:AssumeRole\",\n      \"Principal\": {\n        \"Service\": \"lambda.amazonaws.com\"\n      }\n    }\n  ]\n}",
            "override_json": null,
            "policy_id": null,
            "source_json": null,
            "statement": [
              {
                "actions": [
                  "sts:AssumeRole"
                ],
                "condition": [],
                "effect": "Allow",
                "not_actions": [],
                "not_principals": [],
                "not_resources": [],
                "principals": [
                  {
                    "identifiers": [
                      "lambda.amazonaws.com"
                    ],
                    "type": "Service"
                  }
                ],
                "resources": [],
                "sid": ""
              }
            ],
            "version": "2012-10-17"
          }
        }
      ]
    },
    {
      "module": "module.akerl-books-library.module.apigw.module.lambda",
      "mode": "managed",
      "type": "aws_iam_role",
      "name": "lambda",
      "provider": "provider[\"registry.terraform.io/hashicorp/aws\"]",
      "instances": [
        {
          "schema_version": 0,
          "attributes": {
            "arn": "arn:aws:iam::764218738161:role/madlibrarian_akerl-book-library",
            "assume_role_policy": "{\"Version\":\"2012-10-17\",\"Statement\":[{\"Sid\":\"\",\"Effect\":\"Allow\",\"Principal\":{\"Service\":\"lambda.amazonaws.com\"},\"Action\":\"sts:AssumeRole\"}]}",
            "create_date": "2019-03-10T13:01:56Z",
            "description": "",
            "force_detach_policies": false,
            "id": "madlibrarian_akerl-book-library",
            "max_session_duration": 3600,
            "name": "madlibrarian_akerl-book-library",
            "name_prefix": null,
            "path": "/",
            "permissions_boundary": null,
            "tags": {},
            "unique_id": "AROAJEP6CLAXJU4MGMA44"
          }
        }
      ]
    },
    {
      "module": "module.akerl-books-library.module.apigw.module.lambda",
      "mode": "managed",
      "type": "aws_iam_role_policy",
      "name": "lambda_perms",
      "provider": "provider[\"registry.terraform.io/hashicorp/aws\"]",
      "instances": [
        {
          "schema_version": 0,
          "attributes": {
            "id": "madlibrarian_akerl-book-library:lambda_perms",
            "name": "lambda_perms",
            "name_prefix": null,
            "policy": "{\n  \"Version\": \"2012-10-17\",\n  \"Statement\": [\n    {\n      \"Sid\": \"\",\n      \"Effect\": \"Allow\",\n      \"Action\": [\n        \"s3:ListBucket\",\n        \"s3:GetObject\"\n      ],\n      \"Resource\": [\n        \"arn:aws:s3:::akerl-book-library/*\",\n        \"arn:aws:s3:::akerl-book-library-config/*\",\n        \"arn:aws:s3:::akerl-book-library-config\",\n        \"arn:aws:s3:::akerl-book-library\"\n      ]\n    },\n    {\n      \"Sid\": \"\",\n      \"Effect\": \"Allow\",\n      \"Action\": [\n        \"logs:PutLogEvents\",\n        \"logs:CreateLogStream\",\n        \"logs:CreateLogGroup\"\n      ],\n      \"Resource\": \"arn:aws:logs:*:*:*\"\n    }\n  ]\n}",
            "role": "madlibrarian_akerl-book-library"
          },
          "dependencies": [
            "module.akerl-books-library.module.apigw.module.lambda.aws_iam_role.lambda"
          ]
        }
      ]
    },
    {
      "module": "module.akerl-books-library.module.apigw.module.lambda",
      "mode": "managed",
      "type": "aws_lambda_function",
      "name": "this",
      "provider": "provider[\"registry.terraform.io/hashicorp/aws\"]",
      "instances": [
        {
          "schema_version": 0,
          "attributes": {
            "arn": "arn:aws:lambda:us-east-1:764218738161:function:madlibrarian_akerl-book-library",
            "dead_letter_config": [],
            "description": "",
            "environment": [
              {
                "variables": {
                  "S3_BUCKET": "akerl-book-library-config",
                  "S3_KEY": "config.yaml"
                }
              }
            ],
            "filename": null,
            "function_name": "madlibrarian_akerl-book-library",
            "handler": "main",
            "id": "madlibrarian_akerl-book-library",
            "invoke_arn": "arn:aws:apigateway:us-east-1:lambda:path/2015-03-31/functions/arn:aws:lambda:us-east-1:764218738161:function:madlibrarian_akerl-book-library/invocations",
            "kms_key_arn": "",
            "last_modified": "2019-07-11T22:08:43.988+0000",
            "layers": [],
            "memory_size": 128,
            "publish": false,
            "qualified_arn": "arn:aws:lambda:us-east-1:764218738161:function:madlibrarian_akerl-book-library:$LATEST",
            "reserved_concurrent_executions": -1,
            "role": "arn:aws:iam::764218738161:role/madlibrarian_akerl-book-library",
            "runtime": "go1.x",
            "s3_bucket": "akerl-madlibrarian",
            "s3_key": "v0.12.4.zip",
            "s3_object_version": null,
            "source_code_hash": "ulAjcRV+DbZNwAVWJt7ve9NK6uWx4StASmkW9dyzu0M=",
            "source_code_size": 9493776,
            "tags": {},
            "timeout": 10,
            "timeouts": {
              "create": null
            },
            "tracing_config": [
              {
                "mode": "PassThrough"
              }
            ],
            "version": "$LATEST",
            "vpc_config": []
          },
          "private": "eyJlMmJmYjczMC1lY2FhLTExZTYtOGY4OC0zNDM2M2JjN2M0YzAiOnsiY3JlYXRlIjo2MDAwMDAwMDAwMDB9fQ==",
          "dependencies": [
            "module.akerl-books-library.module.apigw.module.lambda.aws_iam_role.lambda"
          ]
        }
      ]
    },
    {
      "module": "module.akerl-books-library.module.apigw.module.lambda",
      "mode": "managed",
      "type": "aws_lambda_permission",
      "name": "allow_source",
      "provider": "provider[\"registry.terraform.io/hashicorp/aws\"]",
      "instances": [
        {
          "index_key": 0,
          "schema_version": 0,
          "attributes": {
            "action": "lambda:InvokeFunction",
            "event_source_token": null,
            "function_name": "madlibrarian_akerl-book-library",
            "id": "AllowExecutionFromApigateway",
            "principal": "apigateway.amazonaws.com",
            "qualifier": "",
            "source_account": null,
            "source_arn": "arn:aws:execute-api:us-east-1:764218738161:uece7pm8e1/*",
            "statement_id": "AllowExecutionFromApigateway",
            "statement_id_prefix": null
          },
          "dependencies": [
            "module.akerl-books-library.module.apigw.aws_api_gateway_rest_api.this",
            "module.akerl-books-library.module.apigw.module.lambda.aws_iam_role.lambda",
            "module.akerl-books-library.module.apigw.module.lambda.aws_lambda_function.this"
          ]
        }
      ]
    },
    {
      "module": "module.akerl-books-library.module.config_user",
      "mode": "data",
      "type": "aws_iam_policy_document",
      "name": "this",
      "provider": "provider[\"registry.terraform.io/hashicorp/aws\"]",
      "instances": [
        {
          "schema_version": 0,
          "attributes": {
            "id": "4216300623",
            "json": "{\n  \"Version\": \"2012-10-17\",\n  \"Statement\": [\n    {\n      \"Sid\": \"\",\n      \"Effect\": \"Allow\",\n      \"Action\": [\n        \"s3:PutObject\",\n        \"s3:ListBucket\",\n        \"s3:ListAllMyBuckets\",\n        \"s3:GetObjectAcl\",\n        \"s3:GetObject\",\n        \"s3:GetBucketLocation\",\n        \"s3:GetBucketAcl\",\n        \"s3:DeleteObject\"\n      ],\n      \"Resource\": [\n        \"arn:aws:s3:::akerl-book-library-config/*\",\n        \"arn:aws:s3:::akerl-book-library-config\"\n      ]\n    }\n  ]\n}",
            "override_json": null,
            "policy_id": null,
            "source_json": null,
            "statement": [
              {
                "actions": [
                  "s3:DeleteObject",
                  "s3:GetBucketAcl",
                  "s3:GetBucketLocation",
                  "s3:GetObject",
                  "s3:GetObjectAcl",
                  "s3:ListAllMyBuckets",
                  "s3:ListBucket",
                  "s3:PutObject"
                ],
                "condition": [],
                "effect": "Allow",
                "not_actions": [],
                "not_principals": [],
                "not_resources": [],
                "principals": [],
                "resources": [
                  "arn:aws:s3:::akerl-book-library-config",
                  "arn:aws:s3:::akerl-book-library-config/*"
                ],
                "sid": ""
              }
            ],
            "version": "2012-10-17"
          }
        }
      ]
    },
    {
      "module": "module.akerl-books-library.module.config_user",
      "mode": "managed",
      "type": "aws_iam_user",
      "name": "this",
      "provider": "provider[\"registry.terraform.io/hashicorp/aws\"]",
      "instances": [
        {
          "schema_version": 0,
          "attributes": {
            "arn": "arn:aws:iam::764218738161:user/s3-publish-akerl-book-library-config",
            "force_destroy": false,
            "id": "s3-publish-akerl-book-library-config",
            "name": "s3-publish-akerl-book-library-config",
            "path": "/",
            "permissions_boundary": null,
            "tags": {},
            "unique_id": "AIDAIJLQ6IH2Q2ZRIJBGW"
          }
        }
      ]
    },
    {
      "module": "module.akerl-books-library.module.config_user",
      "mode": "managed",
      "type": "aws_iam_user_policy",
      "name": "this",
      "provider": "provider[\"registry.terraform.io/hashicorp/aws\"]",
      "instances": [
        {
          "schema_version": 0,
          "attributes": {
            "id": "s3-publish-akerl-book-library-config:s3-publish",
            "name": "s3-publish",
            "name_prefix": null,
            "policy": "{\n  \"Version\": \"2012-10-17\",\n  \"Statement\": [\n    {\n      \"Sid\": \"\",\n      \"Effect\": \"Allow\",\n      \"Action\": [\n        \"s3:PutObject\",\n        \"s3:ListBucket\",\n        \"s3:ListAllMyBuckets\",\n        \"s3:GetObjectAcl\",\n        \"s3:GetObject\",\n        \"s3:GetBucketLocation\",\n        \"s3:GetBucketAcl\",\n        \"s3:DeleteObject\"\n      ],\n      \"Resource\": [\n        \"arn:aws:s3:::akerl-book-library-config/*\",\n        \"arn:aws:s3:::akerl-book-library-config\"\n      ]\n    }\n  ]\n}",
            "user": "s3-publish-akerl-book-library-config"
          },
          "dependencies": [
            "module.akerl-books-library.module.config_user.aws_iam_user.this"
          ]
        }
      ]
    },
    {
      "module": "module.akerl-books-library.module.config_user",
      "mode": "managed",
      "type": "aws_s3_bucket",
      "name": "this",
      "provider": "provider[\"registry.terraform.io/hashicorp/aws\"]",
      "instances": [
        {
          "index_key": 0,
          "schema_version": 0,
          "attributes": {
            "acceleration_status": "",
            "acl": "private",
            "arn": "arn:aws:s3:::akerl-book-library-config",
            "bucket": "akerl-book-library-config",
            "bucket_domain_name": "akerl-book-library-config.s3.amazonaws.com",
            "bucket_prefix": null,
            "bucket_regional_domain_name": "akerl-book-library-config.s3.amazonaws.com",
            "cors_rule": [],
            "force_destroy": false,
            "hosted_zone_id": "Z3AQBSTGFYJSTF",
            "id": "akerl-book-library-config",
            "lifecycle_rule": [],
            "logging": [
              {
                "target_bucket": "akerl-s3-logs",
                "target_prefix": "akerl-book-library-config/"
              }
            ],
            "object_lock_configuration": [],
            "policy": null,
            "region": "us-east-1",
            "replication_configuration": [],
            "request_payer": "BucketOwner",
            "server_side_encryption_configuration": [],
            "tags": {},
            "versioning": [
              {
                "enabled": true,
                "mfa_delete": false
              }
            ],
            "website": [],
            "website_domain": null,
            "website_endpoint": null
          },
          "dependencies": [
            "module.account.aws_s3_bucket.logging"
          ]
        }
      ]
    },
    {
      "module": "module.akerl-books-library.module.config_user",
      "mode": "managed",
      "type": "awscreds_iam_access_key",
      "name": "this",
      "provider": "provider[\"terraform.scrtybybscrty.org/armorfret/awscreds\"]",
      "instances": [
        {
          "schema_version": 0,
          "attributes": {
            "encrypted_secret": null,
            "file": "creds/s3-publish-akerl-book-library-config",
            "id": "AKIAJE6T6P7RC4JKITPQ",
            "key_fingerprint": null,
            "pgp_key": null,
            "secret": "",
            "ses_smtp_password": "",
            "status": "Active",
            "user": "s3-publish-akerl-book-library-config"
          },
          "dependencies": [
            "module.akerl-books-library.module.config_user.aws_iam_user.this"
          ]
        }
      ]
    },
    {
      "module": "module.akerl-books-library.module.publish_user",
      "mode": "data",
      "type": "aws_iam_policy_document",
      "name": "this",
      "provider": "provider[\"registry.terraform.io/hashicorp/aws\"]",
      "instances": [
        {
          "schema_version": 0,
          "attributes": {
            "id": "2941430827",
            "json": "{\n  \"Version\": \"2012-10-17\",\n  \"Statement\": [\n    {\n      \"Sid\": \"\",\n      \"Effect\": \"Allow\",\n      \"Action\": [\n        \"s3:PutObject\",\n        \"s3:ListBucket\",\n        \"s3:ListAllMyBuckets\",\n        \"s3:GetObjectAcl\",\n        \"s3:GetObject\",\n        \"s3:GetBucketLocation\",\n        \"s3:GetBucketAcl\",\n        \"s3:DeleteObject\"\n      ],\n      \"Resource\": [\n        \"arn:aws:s3:::akerl-book-library/*\",\n        \"arn:aws:s3:::akerl-book-library\"\n      ]\n    }\n  ]\n}",
            "override_json": null,
            "policy_id": null,
            "source_json": null,
            "statement": [
              {
                "actions": [
                  "s3:DeleteObject",
                  "s3:GetBucketAcl",
                  "s3:GetBucketLocation",
                  "s3:GetObject",
                  "s3:GetObjectAcl",
                  "s3:ListAllMyBuckets",
                  "s3:ListBucket",
                  "s3:PutObject"
                ],
                "condition": [],
                "effect": "Allow",
                "not_actions": [],
                "not_principals": [],
                "not_resources": [],
                "principals": [],
                "resources": [
                  "arn:aws:s3:::akerl-book-library",
                  "arn:aws:s3:::akerl-book-library/*"
                ],
                "sid": ""
              }
            ],
            "version": "2012-10-17"
          }
        }
      ]
    },
    {
      "module": "module.akerl-books-library.module.publish_user",
      "mode": "managed",
      "type": "aws_iam_user",
      "name": "this",
      "provider": "provider[\"registry.terraform.io/hashicorp/aws\"]",
      "instances": [
        {
          "schema_version": 0,
          "attributes": {
            "arn": "arn:aws:iam::764218738161:user/s3-publish-akerl-book-library",
            "force_destroy": false,
            "id": "s3-publish-akerl-book-library",
            "name": "s3-publish-akerl-book-library",
            "path": "/",
            "permissions_boundary": null,
            "tags": {},
            "unique_id": "AIDAJODVMLEZYG66Y5AQE"
          }
        }
      ]
    },
    {
      "module": "module.akerl-books-library.module.publish_user",
      "mode": "managed",
      "type": "aws_iam_user_policy",
      "name": "this",
      "provider": "provider[\"registry.terraform.io/hashicorp/aws\"]",
      "instances": [
        {
          "schema_version": 0,
          "attributes": {
            "id": "s3-publish-akerl-book-library:s3-publish",
            "name": "s3-publish",
            "name_prefix": null,
            "policy": "{\n  \"Version\": \"2012-10-17\",\n  \"Statement\": [\n    {\n      \"Sid\": \"\",\n      \"Effect\": \"Allow\",\n      \"Action\": [\n        \"s3:PutObject\",\n        \"s3:ListBucket\",\n        \"s3:ListAllMyBuckets\",\n        \"s3:GetObjectAcl\",\n        \"s3:GetObject\",\n        \"s3:GetBucketLocation\",\n        \"s3:GetBucketAcl\",\n        \"s3:DeleteObject\"\n      ],\n      \"Resource\": [\n        \"arn:aws:s3:::akerl-book-library/*\",\n        \"arn:aws:s3:::akerl-book-library\"\n      ]\n    }\n  ]\n}",
            "user": "s3-publish-akerl-book-library"
          },
          "dependencies": [
            "module.akerl-books-library.module.publish_user.aws_iam_user.this"
          ]
        }
      ]
    },
    {
      "module": "module.akerl-books-library.module.publish_user",
      "mode": "managed",
      "type": "aws_s3_bucket",
      "name": "this",
      "provider": "provider[\"registry.terraform.io/hashicorp/aws\"]",
      "instances": [
        {
          "index_key": 0,
          "schema_version": 0,
          "attributes": {
            "acceleration_status": "",
            "acl": "private",
            "arn": "arn:aws:s3:::akerl-book-library",
            "bucket": "akerl-book-library",
            "bucket_domain_name": "akerl-book-library.s3.amazonaws.com",
            "bucket_prefix": null,
            "bucket_regional_domain_name": "akerl-book-library.s3.amazonaws.com",
            "cors_rule": [],
            "force_destroy": false,
            "hosted_zone_id": "Z3AQBSTGFYJSTF",
            "id": "akerl-book-library",
            "lifecycle_rule": [],
            "logging": [
              {
                "target_bucket": "akerl-s3-logs",
                "target_prefix": "akerl-book-library/"
              }
            ],
            "object_lock_configuration": [],
            "policy": null,
            "region": "us-east-1",
            "replication_configuration": [],
            "request_payer": "BucketOwner",
            "server_side_encryption_configuration": [],
            "tags": {},
            "versioning": [
              {
                "enabled": true,
                "mfa_delete": false
              }
            ],
            "website": [],
            "website_domain": null,
            "website_endpoint": null
          },
          "dependencies": [
            "module.account.aws_s3_bucket.logging"
          ]
        }
      ]
    },
    {
      "module": "module.akerl-books-library.module.publish_user",
      "mode": "managed",
      "type": "awscreds_iam_access_key",
      "name": "this",
      "provider": "provider[\"terraform.scrtybybscrty.org/armorfret/awscreds\"]",
      "instances": [
        {
          "schema_version": 0,
          "attributes": {
            "encrypted_secret": null,
            "file": "creds/s3-publish-akerl-book-library",
            "id": "AKIAJGPKYUJECKWLGZOQ",
            "key_fingerprint": null,
            "pgp_key": null,
            "secret": "",
            "ses_smtp_password": "",
            "status": "Active",
            "user": "s3-publish-akerl-book-library"
          },
          "dependencies": [
            "module.akerl-books-library.module.publish_user.aws_iam_user.this"
          ]
        }
      ]
    },
    {
      "module": "module.akerl-coolquotes-share",
      "mode": "data",
      "type": "aws_iam_policy_document",
      "name": "lambda_perms",
      "provider": "provider[\"registry.terraform.io/hashicorp/aws\"]",
      "instances": [
        {
          "schema_version": 0,
          "attributes": {
            "id": "2694027246",
            "json": "{\n  \"Version\": \"2012-10-17\",\n  \"Statement\": [\n    {\n      \"Sid\": \"\",\n      \"Effect\": \"Allow\",\n      \"Action\": [\n        \"s3:ListBucket\",\n        \"s3:GetObject\"\n      ],\n      \"Resource\": [\n        \"arn:aws:s3:::akerl-coolquotes-share/*\",\n        \"arn:aws:s3:::akerl-coolquotes-share-config/*\",\n        \"arn:aws:s3:::akerl-coolquotes-share-config\",\n        \"arn:aws:s3:::akerl-coolquotes-share\"\n      ]\n    },\n    {\n      \"Sid\": \"\",\n      \"Effect\": \"Allow\",\n      \"Action\": [\n        \"logs:PutLogEvents\",\n        \"logs:CreateLogStream\",\n        \"logs:CreateLogGroup\"\n      ],\n      \"Resource\": \"arn:aws:logs:*:*:*\"\n    }\n  ]\n}",
            "override_json": null,
            "policy_id": null,
            "source_json": null,
            "statement": [
              {
                "actions": [
                  "s3:GetObject",
                  "s3:ListBucket"
                ],
                "condition": [],
                "effect": "Allow",
                "not_actions": [],
                "not_principals": [],
                "not_resources": [],
                "principals": [],
                "resources": [
                  "arn:aws:s3:::akerl-coolquotes-share",
                  "arn:aws:s3:::akerl-coolquotes-share-config",
                  "arn:aws:s3:::akerl-coolquotes-share-config/*",
                  "arn:aws:s3:::akerl-coolquotes-share/*"
                ],
                "sid": ""
              },
              {
                "actions": [
                  "logs:CreateLogGroup",
                  "logs:CreateLogStream",
                  "logs:PutLogEvents"
                ],
                "condition": [],
                "effect": "Allow",
                "not_actions": [],
                "not_principals": [],
                "not_resources": [],
                "principals": [],
                "resources": [
                  "arn:aws:logs:*:*:*"
                ],
                "sid": ""
              }
            ],
            "version": "2012-10-17"
          }
        }
      ]
    },
    {
      "module": "module.akerl-coolquotes-share.module.apigw",
      "mode": "managed",
      "type": "aws_api_gateway_base_path_mapping",
      "name": "this",
      "provider": "provider[\"registry.terraform.io/hashicorp/aws\"]",
      "instances": [
        {
          "schema_version": 0,
          "attributes": {
            "api_id": "e8ijsk66pa",
            "base_path": "",
            "domain_name": "share.coolquotes.xyz",
            "id": "share.coolquotes.xyz/",
            "stage_name": "prod"
          },
          "dependencies": [
            "module.akerl-coolquotes-share.module.apigw.aws_api_gateway_deployment.this",
            "module.akerl-coolquotes-share.module.apigw.aws_api_gateway_domain_name.this",
            "module.akerl-coolquotes-share.module.apigw.aws_api_gateway_integration.root",
            "module.akerl-coolquotes-share.module.apigw.aws_api_gateway_integration.this",
            "module.akerl-coolquotes-share.module.apigw.aws_api_gateway_method.root",
            "module.akerl-coolquotes-share.module.apigw.aws_api_gateway_method.this",
            "module.akerl-coolquotes-share.module.apigw.aws_api_gateway_resource.this",
            "module.akerl-coolquotes-share.module.apigw.aws_api_gateway_rest_api.this",
            "module.akerl-coolquotes-share.module.apigw.module.certificate.aws_acm_certificate.this",
            "module.akerl-coolquotes-share.module.apigw.module.certificate.aws_acm_certificate_validation.this",
            "module.akerl-coolquotes-share.module.apigw.module.certificate.aws_route53_record.validation",
            "module.akerl-coolquotes-share.module.apigw.module.lambda.aws_iam_role.lambda",
            "module.akerl-coolquotes-share.module.apigw.module.lambda.aws_lambda_function.this"
          ]
        }
      ]
    },
    {
      "module": "module.akerl-coolquotes-share.module.apigw",
      "mode": "managed",
      "type": "aws_api_gateway_deployment",
      "name": "this",
      "provider": "provider[\"registry.terraform.io/hashicorp/aws\"]",
      "instances": [
        {
          "schema_version": 0,
          "attributes": {
            "created_date": "2019-03-11T22:42:23Z",
            "description": "",
            "execution_arn": "arn:aws:execute-api:us-east-1:764218738161:e8ijsk66pa/prod",
            "id": "8kncbx",
            "invoke_url": "https://e8ijsk66pa.execute-api.us-east-1.amazonaws.com/prod",
            "rest_api_id": "e8ijsk66pa",
            "stage_description": null,
            "stage_name": "prod",
            "variables": {
              "bucket": "akerl-coolquotes-share"
            }
          },
          "dependencies": [
            "module.akerl-coolquotes-share.module.apigw.aws_api_gateway_integration.root",
            "module.akerl-coolquotes-share.module.apigw.aws_api_gateway_integration.this",
            "module.akerl-coolquotes-share.module.apigw.aws_api_gateway_method.root",
            "module.akerl-coolquotes-share.module.apigw.aws_api_gateway_method.this",
            "module.akerl-coolquotes-share.module.apigw.aws_api_gateway_resource.this",
            "module.akerl-coolquotes-share.module.apigw.aws_api_gateway_rest_api.this",
            "module.akerl-coolquotes-share.module.apigw.module.lambda.aws_iam_role.lambda",
            "module.akerl-coolquotes-share.module.apigw.module.lambda.aws_lambda_function.this"
          ]
        }
      ]
    },
    {
      "module": "module.akerl-coolquotes-share.module.apigw",
      "mode": "managed",
      "type": "aws_api_gateway_domain_name",
      "name": "this",
      "provider": "provider[\"registry.terraform.io/hashicorp/aws\"]",
      "instances": [
        {
          "schema_version": 0,
          "attributes": {
            "certificate_arn": "arn:aws:acm:us-east-1:764218738161:certificate/48bd76a3-0a9c-4bb6-b30a-7261d8245503",
            "certificate_body": null,
            "certificate_chain": null,
            "certificate_name": "",
            "certificate_private_key": null,
            "certificate_upload_date": "2019-03-11T22:44:04Z",
            "cloudfront_domain_name": "dc03x1y03yy6b.cloudfront.net",
            "cloudfront_zone_id": "Z2FDTNDATAQYW2",
            "domain_name": "share.coolquotes.xyz",
            "endpoint_configuration": [
              {
                "types": [
                  "EDGE"
                ]
              }
            ],
            "id": "share.coolquotes.xyz",
            "regional_certificate_arn": "",
            "regional_certificate_name": "",
            "regional_domain_name": "",
            "regional_zone_id": "",
            "security_policy": "TLS_1_0"
          },
          "dependencies": [
            "module.akerl-coolquotes-share.module.apigw.module.certificate.aws_acm_certificate.this",
            "module.akerl-coolquotes-share.module.apigw.module.certificate.aws_acm_certificate_validation.this",
            "module.akerl-coolquotes-share.module.apigw.module.certificate.aws_route53_record.validation"
          ]
        }
      ]
    },
    {
      "module": "module.akerl-coolquotes-share.module.apigw",
      "mode": "managed",
      "type": "aws_api_gateway_integration",
      "name": "root",
      "provider": "provider[\"registry.terraform.io/hashicorp/aws\"]",
      "instances": [
        {
          "schema_version": 0,
          "attributes": {
            "cache_key_parameters": [],
            "cache_namespace": "6kentub1m2",
            "connection_id": "",
            "connection_type": "INTERNET",
            "content_handling": "",
            "credentials": "",
            "http_method": "ANY",
            "id": "agi-e8ijsk66pa-6kentub1m2-ANY",
            "integration_http_method": "POST",
            "passthrough_behavior": "WHEN_NO_MATCH",
            "request_parameters": {},
            "request_parameters_in_json": null,
            "request_templates": {},
            "resource_id": "6kentub1m2",
            "rest_api_id": "e8ijsk66pa",
            "timeout_milliseconds": 29000,
            "type": "AWS_PROXY",
            "uri": "arn:aws:apigateway:us-east-1:lambda:path/2015-03-31/functions/arn:aws:lambda:us-east-1:764218738161:function:s3authproxy_akerl-coolquotes-share-config/invocations"
          },
          "dependencies": [
            "module.akerl-coolquotes-share.module.apigw.aws_api_gateway_method.root",
            "module.akerl-coolquotes-share.module.apigw.aws_api_gateway_rest_api.this",
            "module.akerl-coolquotes-share.module.apigw.module.lambda.aws_iam_role.lambda",
            "module.akerl-coolquotes-share.module.apigw.module.lambda.aws_lambda_function.this"
          ]
        }
      ]
    },
    {
      "module": "module.akerl-coolquotes-share.module.apigw",
      "mode": "managed",
      "type": "aws_api_gateway_integration",
      "name": "this",
      "provider": "provider[\"registry.terraform.io/hashicorp/aws\"]",
      "instances": [
        {
          "schema_version": 0,
          "attributes": {
            "cache_key_parameters": [],
            "cache_namespace": "xrkopx",
            "connection_id": "",
            "connection_type": "INTERNET",
            "content_handling": "",
            "credentials": "",
            "http_method": "ANY",
            "id": "agi-e8ijsk66pa-xrkopx-ANY",
            "integration_http_method": "POST",
            "passthrough_behavior": "WHEN_NO_MATCH",
            "request_parameters": {},
            "request_parameters_in_json": null,
            "request_templates": {},
            "resource_id": "xrkopx",
            "rest_api_id": "e8ijsk66pa",
            "timeout_milliseconds": 29000,
            "type": "AWS_PROXY",
            "uri": "arn:aws:apigateway:us-east-1:lambda:path/2015-03-31/functions/arn:aws:lambda:us-east-1:764218738161:function:s3authproxy_akerl-coolquotes-share-config/invocations"
          },
          "dependencies": [
            "module.akerl-coolquotes-share.module.apigw.aws_api_gateway_method.this",
            "module.akerl-coolquotes-share.module.apigw.aws_api_gateway_resource.this",
            "module.akerl-coolquotes-share.module.apigw.aws_api_gateway_rest_api.this",
            "module.akerl-coolquotes-share.module.apigw.module.lambda.aws_iam_role.lambda",
            "module.akerl-coolquotes-share.module.apigw.module.lambda.aws_lambda_function.this"
          ]
        }
      ]
    },
    {
      "module": "module.akerl-coolquotes-share.module.apigw",
      "mode": "managed",
      "type": "aws_api_gateway_method",
      "name": "root",
      "provider": "provider[\"registry.terraform.io/hashicorp/aws\"]",
      "instances": [
        {
          "schema_version": 0,
          "attributes": {
            "api_key_required": false,
            "authorization": "NONE",
            "authorization_scopes": [],
            "authorizer_id": "",
            "http_method": "ANY",
            "id": "agm-e8ijsk66pa-6kentub1m2-ANY",
            "request_models": {},
            "request_parameters": {},
            "request_parameters_in_json": null,
            "request_validator_id": "",
            "resource_id": "6kentub1m2",
            "rest_api_id": "e8ijsk66pa"
          },
          "dependencies": [
            "module.akerl-coolquotes-share.module.apigw.aws_api_gateway_rest_api.this"
          ]
        }
      ]
    },
    {
      "module": "module.akerl-coolquotes-share.module.apigw",
      "mode": "managed",
      "type": "aws_api_gateway_method",
      "name": "this",
      "provider": "provider[\"registry.terraform.io/hashicorp/aws\"]",
      "instances": [
        {
          "schema_version": 0,
          "attributes": {
            "api_key_required": false,
            "authorization": "NONE",
            "authorization_scopes": [],
            "authorizer_id": "",
            "http_method": "ANY",
            "id": "agm-e8ijsk66pa-xrkopx-ANY",
            "request_models": {},
            "request_parameters": {},
            "request_parameters_in_json": null,
            "request_validator_id": "",
            "resource_id": "xrkopx",
            "rest_api_id": "e8ijsk66pa"
          },
          "dependencies": [
            "module.akerl-coolquotes-share.module.apigw.aws_api_gateway_resource.this",
            "module.akerl-coolquotes-share.module.apigw.aws_api_gateway_rest_api.this"
          ]
        }
      ]
    },
    {
      "module": "module.akerl-coolquotes-share.module.apigw",
      "mode": "managed",
      "type": "aws_api_gateway_method_settings",
      "name": "settings",
      "provider": "provider[\"registry.terraform.io/hashicorp/aws\"]",
      "instances": [
        {
          "schema_version": 0,
          "attributes": {
            "id": "e8ijsk66pa-prod-*/*",
            "method_path": "*/*",
            "rest_api_id": "e8ijsk66pa",
            "settings": [
              {
                "cache_data_encrypted": false,
                "cache_ttl_in_seconds": 0,
                "caching_enabled": false,
                "data_trace_enabled": false,
                "logging_level": "INFO",
                "metrics_enabled": true,
                "require_authorization_for_cache_control": false,
                "throttling_burst_limit": 0,
                "throttling_rate_limit": 0,
                "unauthorized_cache_control_header_strategy": ""
              }
            ],
            "stage_name": "prod"
          },
          "dependencies": [
            "module.akerl-coolquotes-share.module.apigw.aws_api_gateway_deployment.this",
            "module.akerl-coolquotes-share.module.apigw.aws_api_gateway_integration.root",
            "module.akerl-coolquotes-share.module.apigw.aws_api_gateway_integration.this",
            "module.akerl-coolquotes-share.module.apigw.aws_api_gateway_method.root",
            "module.akerl-coolquotes-share.module.apigw.aws_api_gateway_method.this",
            "module.akerl-coolquotes-share.module.apigw.aws_api_gateway_resource.this",
            "module.akerl-coolquotes-share.module.apigw.aws_api_gateway_rest_api.this",
            "module.akerl-coolquotes-share.module.apigw.module.lambda.aws_iam_role.lambda",
            "module.akerl-coolquotes-share.module.apigw.module.lambda.aws_lambda_function.this"
          ]
        }
      ]
    },
    {
      "module": "module.akerl-coolquotes-share.module.apigw",
      "mode": "managed",
      "type": "aws_api_gateway_resource",
      "name": "this",
      "provider": "provider[\"registry.terraform.io/hashicorp/aws\"]",
      "instances": [
        {
          "schema_version": 0,
          "attributes": {
            "id": "xrkopx",
            "parent_id": "6kentub1m2",
            "path": "/{path+}",
            "path_part": "{path+}",
            "rest_api_id": "e8ijsk66pa"
          },
          "dependencies": [
            "module.akerl-coolquotes-share.module.apigw.aws_api_gateway_rest_api.this"
          ]
        }
      ]
    },
    {
      "module": "module.akerl-coolquotes-share.module.apigw",
      "mode": "managed",
      "type": "aws_api_gateway_rest_api",
      "name": "this",
      "provider": "provider[\"registry.terraform.io/hashicorp/aws\"]",
      "instances": [
        {
          "schema_version": 0,
          "attributes": {
            "api_key_source": "HEADER",
            "binary_media_types": [],
            "body": null,
            "created_date": "2019-03-11T22:42:05Z",
            "description": "",
            "endpoint_configuration": [
              {
                "types": [
                  "EDGE"
                ]
              }
            ],
            "execution_arn": "arn:aws:execute-api:us-east-1:764218738161:e8ijsk66pa",
            "id": "e8ijsk66pa",
            "minimum_compression_size": -1,
            "name": "s3authproxy_akerl-coolquotes-share-config",
            "policy": "",
            "root_resource_id": "6kentub1m2"
          }
        }
      ]
    },
    {
      "module": "module.akerl-coolquotes-share.module.apigw.module.certificate",
      "mode": "data",
      "type": "aws_route53_zone",
      "name": "parent",
      "provider": "provider[\"registry.terraform.io/hashicorp/aws\"]",
      "instances": [
        {
          "index_key": 0,
          "schema_version": 0,
          "attributes": {
            "caller_reference": "2017-09-14T01:31:08.67890792-04:00",
            "comment": "Managed by Terraform",
            "id": "Z8OAL9XXAA49Z",
            "linked_service_description": null,
            "linked_service_principal": null,
            "name": "coolquotes.xyz.",
            "name_servers": [
              "ns-1242.awsdns-27.org",
              "ns-477.awsdns-59.com",
              "ns-808.awsdns-37.net",
              "ns-1942.awsdns-50.co.uk"
            ],
            "private_zone": false,
            "resource_record_set_count": 16,
            "tags": null,
            "vpc_id": null,
            "zone_id": "Z8OAL9XXAA49Z"
          }
        }
      ]
    },
    {
      "module": "module.akerl-coolquotes-share.module.apigw.module.certificate",
      "mode": "managed",
      "type": "aws_acm_certificate",
      "name": "this",
      "provider": "provider[\"registry.terraform.io/hashicorp/aws\"]",
      "instances": [
        {
          "schema_version": 0,
          "attributes": {
            "arn": "arn:aws:acm:us-east-1:764218738161:certificate/48bd76a3-0a9c-4bb6-b30a-7261d8245503",
            "certificate_authority_arn": "",
            "certificate_body": null,
            "certificate_chain": null,
            "domain_name": "share.coolquotes.xyz",
            "domain_validation_options": [
              {
                "domain_name": "share.coolquotes.xyz",
                "resource_record_name": "_028ec799063c81677b80861d02fcc54e.share.coolquotes.xyz.",
                "resource_record_type": "CNAME",
                "resource_record_value": "_0846043324f3d99c783b68fd3a1db247.hkvuiqjoua.acm-validations.aws."
              }
            ],
            "id": "arn:aws:acm:us-east-1:764218738161:certificate/48bd76a3-0a9c-4bb6-b30a-7261d8245503",
            "options": [
              {
                "certificate_transparency_logging_preference": "ENABLED"
              }
            ],
            "private_key": null,
            "subject_alternative_names": [],
            "tags": {},
            "validation_emails": [],
            "validation_method": "DNS"
          }
        }
      ]
    },
    {
      "module": "module.akerl-coolquotes-share.module.apigw.module.certificate",
      "mode": "managed",
      "type": "aws_acm_certificate_validation",
      "name": "this",
      "provider": "provider[\"registry.terraform.io/hashicorp/aws\"]",
      "instances": [
        {
          "schema_version": 0,
          "attributes": {
            "certificate_arn": "arn:aws:acm:us-east-1:764218738161:certificate/48bd76a3-0a9c-4bb6-b30a-7261d8245503",
            "id": "2020-02-12 01:29:54 +0000 UTC",
            "timeouts": null,
            "validation_record_fqdns": [
              "_028ec799063c81677b80861d02fcc54e.share.coolquotes.xyz"
            ]
          },
          "private": "eyJlMmJmYjczMC1lY2FhLTExZTYtOGY4OC0zNDM2M2JjN2M0YzAiOnsiY3JlYXRlIjoyNzAwMDAwMDAwMDAwfX0=",
          "dependencies": [
            "module.akerl-coolquotes-share.module.apigw.module.certificate.aws_acm_certificate.this",
            "module.akerl-coolquotes-share.module.apigw.module.certificate.aws_route53_record.validation"
          ]
        }
      ]
    },
    {
      "module": "module.akerl-coolquotes-share.module.apigw.module.certificate",
      "mode": "managed",
      "type": "aws_route53_record",
      "name": "validation",
      "provider": "provider[\"registry.terraform.io/hashicorp/aws\"]",
      "instances": [
        {
          "index_key": 0,
          "schema_version": 2,
          "attributes": {
            "alias": [],
            "allow_overwrite": null,
            "failover_routing_policy": [],
            "fqdn": "_028ec799063c81677b80861d02fcc54e.share.coolquotes.xyz",
            "geolocation_routing_policy": [],
            "health_check_id": "",
            "id": "Z8OAL9XXAA49Z__028ec799063c81677b80861d02fcc54e.share.coolquotes.xyz._CNAME",
            "latency_routing_policy": [],
            "multivalue_answer_routing_policy": null,
            "name": "_028ec799063c81677b80861d02fcc54e.share.coolquotes.xyz",
            "records": [
              "_0846043324f3d99c783b68fd3a1db247.hkvuiqjoua.acm-validations.aws."
            ],
            "set_identifier": "",
            "ttl": 60,
            "type": "CNAME",
            "weighted_routing_policy": [],
            "zone_id": "Z8OAL9XXAA49Z"
          },
          "private": "eyJzY2hlbWFfdmVyc2lvbiI6IjIifQ==",
          "dependencies": [
            "module.akerl-coolquotes-share.module.apigw.module.certificate.aws_acm_certificate.this"
          ]
        }
      ]
    },
    {
      "module": "module.akerl-coolquotes-share.module.apigw.module.lambda",
      "mode": "data",
      "type": "aws_iam_policy_document",
      "name": "trust",
      "provider": "provider[\"registry.terraform.io/hashicorp/aws\"]",
      "instances": [
        {
          "schema_version": 0,
          "attributes": {
            "id": "3693445097",
            "json": "{\n  \"Version\": \"2012-10-17\",\n  \"Statement\": [\n    {\n      \"Sid\": \"\",\n      \"Effect\": \"Allow\",\n      \"Action\": \"sts:AssumeRole\",\n      \"Principal\": {\n        \"Service\": \"lambda.amazonaws.com\"\n      }\n    }\n  ]\n}",
            "override_json": null,
            "policy_id": null,
            "source_json": null,
            "statement": [
              {
                "actions": [
                  "sts:AssumeRole"
                ],
                "condition": [],
                "effect": "Allow",
                "not_actions": [],
                "not_principals": [],
                "not_resources": [],
                "principals": [
                  {
                    "identifiers": [
                      "lambda.amazonaws.com"
                    ],
                    "type": "Service"
                  }
                ],
                "resources": [],
                "sid": ""
              }
            ],
            "version": "2012-10-17"
          }
        }
      ]
    },
    {
      "module": "module.akerl-coolquotes-share.module.apigw.module.lambda",
      "mode": "managed",
      "type": "aws_iam_role",
      "name": "lambda",
      "provider": "provider[\"registry.terraform.io/hashicorp/aws\"]",
      "instances": [
        {
          "schema_version": 0,
          "attributes": {
            "arn": "arn:aws:iam::764218738161:role/s3authproxy_akerl-coolquotes-share-config",
            "assume_role_policy": "{\"Version\":\"2012-10-17\",\"Statement\":[{\"Sid\":\"\",\"Effect\":\"Allow\",\"Principal\":{\"Service\":\"lambda.amazonaws.com\"},\"Action\":\"sts:AssumeRole\"}]}",
            "create_date": "2019-03-11T22:42:05Z",
            "description": "",
            "force_detach_policies": false,
            "id": "s3authproxy_akerl-coolquotes-share-config",
            "max_session_duration": 3600,
            "name": "s3authproxy_akerl-coolquotes-share-config",
            "name_prefix": null,
            "path": "/",
            "permissions_boundary": null,
            "tags": {},
            "unique_id": "AROAIVPLCLESR4ABNOFY6"
          }
        }
      ]
    },
    {
      "module": "module.akerl-coolquotes-share.module.apigw.module.lambda",
      "mode": "managed",
      "type": "aws_iam_role_policy",
      "name": "lambda_perms",
      "provider": "provider[\"registry.terraform.io/hashicorp/aws\"]",
      "instances": [
        {
          "schema_version": 0,
          "attributes": {
            "id": "s3authproxy_akerl-coolquotes-share-config:lambda_perms",
            "name": "lambda_perms",
            "name_prefix": null,
            "policy": "{\n  \"Version\": \"2012-10-17\",\n  \"Statement\": [\n    {\n      \"Sid\": \"\",\n      \"Effect\": \"Allow\",\n      \"Action\": [\n        \"s3:ListBucket\",\n        \"s3:GetObject\"\n      ],\n      \"Resource\": [\n        \"arn:aws:s3:::akerl-coolquotes-share/*\",\n        \"arn:aws:s3:::akerl-coolquotes-share-config/*\",\n        \"arn:aws:s3:::akerl-coolquotes-share-config\",\n        \"arn:aws:s3:::akerl-coolquotes-share\"\n      ]\n    },\n    {\n      \"Sid\": \"\",\n      \"Effect\": \"Allow\",\n      \"Action\": [\n        \"logs:PutLogEvents\",\n        \"logs:CreateLogStream\",\n        \"logs:CreateLogGroup\"\n      ],\n      \"Resource\": \"arn:aws:logs:*:*:*\"\n    }\n  ]\n}",
            "role": "s3authproxy_akerl-coolquotes-share-config"
          },
          "dependencies": [
            "module.akerl-coolquotes-share.module.apigw.module.lambda.aws_iam_role.lambda"
          ]
        }
      ]
    },
    {
      "module": "module.akerl-coolquotes-share.module.apigw.module.lambda",
      "mode": "managed",
      "type": "aws_lambda_function",
      "name": "this",
      "provider": "provider[\"registry.terraform.io/hashicorp/aws\"]",
      "instances": [
        {
          "schema_version": 0,
          "attributes": {
            "arn": "arn:aws:lambda:us-east-1:764218738161:function:s3authproxy_akerl-coolquotes-share-config",
            "dead_letter_config": [],
            "description": "",
            "environment": [
              {
                "variables": {
                  "S3_BUCKET": "akerl-coolquotes-share-config",
                  "S3_KEY": "config.yaml"
                }
              }
            ],
            "filename": null,
            "function_name": "s3authproxy_akerl-coolquotes-share-config",
            "handler": "main",
            "id": "s3authproxy_akerl-coolquotes-share-config",
            "invoke_arn": "arn:aws:apigateway:us-east-1:lambda:path/2015-03-31/functions/arn:aws:lambda:us-east-1:764218738161:function:s3authproxy_akerl-coolquotes-share-config/invocations",
            "kms_key_arn": "",
            "last_modified": "2019-07-11T22:09:01.843+0000",
            "layers": [],
            "memory_size": 128,
            "publish": false,
            "qualified_arn": "arn:aws:lambda:us-east-1:764218738161:function:s3authproxy_akerl-coolquotes-share-config:$LATEST",
            "reserved_concurrent_executions": -1,
            "role": "arn:aws:iam::764218738161:role/s3authproxy_akerl-coolquotes-share-config",
            "runtime": "go1.x",
            "s3_bucket": "akerl-s3authproxy",
            "s3_key": "v0.0.7.zip",
            "s3_object_version": null,
            "source_code_hash": "nHZWn3zsjDMG3cbHq6DWTQVOKssXKPAXyYZJymQ2Pyg=",
            "source_code_size": 7569804,
            "tags": {},
            "timeout": 10,
            "timeouts": {
              "create": null
            },
            "tracing_config": [
              {
                "mode": "PassThrough"
              }
            ],
            "version": "$LATEST",
            "vpc_config": []
          },
          "private": "eyJlMmJmYjczMC1lY2FhLTExZTYtOGY4OC0zNDM2M2JjN2M0YzAiOnsiY3JlYXRlIjo2MDAwMDAwMDAwMDB9fQ==",
          "dependencies": [
            "module.akerl-coolquotes-share.module.apigw.module.lambda.aws_iam_role.lambda"
          ]
        }
      ]
    },
    {
      "module": "module.akerl-coolquotes-share.module.apigw.module.lambda",
      "mode": "managed",
      "type": "aws_lambda_permission",
      "name": "allow_source",
      "provider": "provider[\"registry.terraform.io/hashicorp/aws\"]",
      "instances": [
        {
          "index_key": 0,
          "schema_version": 0,
          "attributes": {
            "action": "lambda:InvokeFunction",
            "event_source_token": null,
            "function_name": "s3authproxy_akerl-coolquotes-share-config",
            "id": "AllowExecutionFromApigateway",
            "principal": "apigateway.amazonaws.com",
            "qualifier": "",
            "source_account": null,
            "source_arn": "arn:aws:execute-api:us-east-1:764218738161:e8ijsk66pa/*",
            "statement_id": "AllowExecutionFromApigateway",
            "statement_id_prefix": null
          },
          "dependencies": [
            "module.akerl-coolquotes-share.module.apigw.aws_api_gateway_rest_api.this",
            "module.akerl-coolquotes-share.module.apigw.module.lambda.aws_iam_role.lambda",
            "module.akerl-coolquotes-share.module.apigw.module.lambda.aws_lambda_function.this"
          ]
        }
      ]
    },
    {
      "module": "module.akerl-coolquotes-share.module.config_user",
      "mode": "data",
      "type": "aws_iam_policy_document",
      "name": "this",
      "provider": "provider[\"registry.terraform.io/hashicorp/aws\"]",
      "instances": [
        {
          "schema_version": 0,
          "attributes": {
            "id": "4258100398",
            "json": "{\n  \"Version\": \"2012-10-17\",\n  \"Statement\": [\n    {\n      \"Sid\": \"\",\n      \"Effect\": \"Allow\",\n      \"Action\": [\n        \"s3:PutObject\",\n        \"s3:ListBucket\",\n        \"s3:ListAllMyBuckets\",\n        \"s3:GetObjectAcl\",\n        \"s3:GetObject\",\n        \"s3:GetBucketLocation\",\n        \"s3:GetBucketAcl\",\n        \"s3:DeleteObject\"\n      ],\n      \"Resource\": [\n        \"arn:aws:s3:::akerl-coolquotes-share-config/*\",\n        \"arn:aws:s3:::akerl-coolquotes-share-config\"\n      ]\n    }\n  ]\n}",
            "override_json": null,
            "policy_id": null,
            "source_json": null,
            "statement": [
              {
                "actions": [
                  "s3:DeleteObject",
                  "s3:GetBucketAcl",
                  "s3:GetBucketLocation",
                  "s3:GetObject",
                  "s3:GetObjectAcl",
                  "s3:ListAllMyBuckets",
                  "s3:ListBucket",
                  "s3:PutObject"
                ],
                "condition": [],
                "effect": "Allow",
                "not_actions": [],
                "not_principals": [],
                "not_resources": [],
                "principals": [],
                "resources": [
                  "arn:aws:s3:::akerl-coolquotes-share-config",
                  "arn:aws:s3:::akerl-coolquotes-share-config/*"
                ],
                "sid": ""
              }
            ],
            "version": "2012-10-17"
          }
        }
      ]
    },
    {
      "module": "module.akerl-coolquotes-share.module.config_user",
      "mode": "managed",
      "type": "aws_iam_user",
      "name": "this",
      "provider": "provider[\"registry.terraform.io/hashicorp/aws\"]",
      "instances": [
        {
          "schema_version": 0,
          "attributes": {
            "arn": "arn:aws:iam::764218738161:user/s3-publish-akerl-coolquotes-share-config",
            "force_destroy": false,
            "id": "s3-publish-akerl-coolquotes-share-config",
            "name": "s3-publish-akerl-coolquotes-share-config",
            "path": "/",
            "permissions_boundary": null,
            "tags": {},
            "unique_id": "AIDAJIPZL46LUB7PDDF5K"
          }
        }
      ]
    },
    {
      "module": "module.akerl-coolquotes-share.module.config_user",
      "mode": "managed",
      "type": "aws_iam_user_policy",
      "name": "this",
      "provider": "provider[\"registry.terraform.io/hashicorp/aws\"]",
      "instances": [
        {
          "schema_version": 0,
          "attributes": {
            "id": "s3-publish-akerl-coolquotes-share-config:s3-publish",
            "name": "s3-publish",
            "name_prefix": null,
            "policy": "{\n  \"Version\": \"2012-10-17\",\n  \"Statement\": [\n    {\n      \"Sid\": \"\",\n      \"Effect\": \"Allow\",\n      \"Action\": [\n        \"s3:PutObject\",\n        \"s3:ListBucket\",\n        \"s3:ListAllMyBuckets\",\n        \"s3:GetObjectAcl\",\n        \"s3:GetObject\",\n        \"s3:GetBucketLocation\",\n        \"s3:GetBucketAcl\",\n        \"s3:DeleteObject\"\n      ],\n      \"Resource\": [\n        \"arn:aws:s3:::akerl-coolquotes-share-config/*\",\n        \"arn:aws:s3:::akerl-coolquotes-share-config\"\n      ]\n    }\n  ]\n}",
            "user": "s3-publish-akerl-coolquotes-share-config"
          },
          "dependencies": [
            "module.akerl-coolquotes-share.module.config_user.aws_iam_user.this"
          ]
        }
      ]
    },
    {
      "module": "module.akerl-coolquotes-share.module.config_user",
      "mode": "managed",
      "type": "aws_s3_bucket",
      "name": "this",
      "provider": "provider[\"registry.terraform.io/hashicorp/aws\"]",
      "instances": [
        {
          "index_key": 0,
          "schema_version": 0,
          "attributes": {
            "acceleration_status": "",
            "acl": "private",
            "arn": "arn:aws:s3:::akerl-coolquotes-share-config",
            "bucket": "akerl-coolquotes-share-config",
            "bucket_domain_name": "akerl-coolquotes-share-config.s3.amazonaws.com",
            "bucket_prefix": null,
            "bucket_regional_domain_name": "akerl-coolquotes-share-config.s3.amazonaws.com",
            "cors_rule": [],
            "force_destroy": false,
            "hosted_zone_id": "Z3AQBSTGFYJSTF",
            "id": "akerl-coolquotes-share-config",
            "lifecycle_rule": [],
            "logging": [
              {
                "target_bucket": "akerl-s3-logs",
                "target_prefix": "akerl-coolquotes-share-config/"
              }
            ],
            "object_lock_configuration": [],
            "policy": null,
            "region": "us-east-1",
            "replication_configuration": [],
            "request_payer": "BucketOwner",
            "server_side_encryption_configuration": [],
            "tags": {},
            "versioning": [
              {
                "enabled": true,
                "mfa_delete": false
              }
            ],
            "website": [],
            "website_domain": null,
            "website_endpoint": null
          },
          "dependencies": [
            "module.account.aws_s3_bucket.logging"
          ]
        }
      ]
    },
    {
      "module": "module.akerl-coolquotes-share.module.config_user",
      "mode": "managed",
      "type": "awscreds_iam_access_key",
      "name": "this",
      "provider": "provider[\"terraform.scrtybybscrty.org/armorfret/awscreds\"]",
      "instances": [
        {
          "schema_version": 0,
          "attributes": {
            "encrypted_secret": null,
            "file": "creds/s3-publish-akerl-coolquotes-share-config",
            "id": "AKIAIUP4HK6I5D5TVNKQ",
            "key_fingerprint": null,
            "pgp_key": null,
            "secret": "",
            "ses_smtp_password": "",
            "status": "Active",
            "user": "s3-publish-akerl-coolquotes-share-config"
          },
          "dependencies": [
            "module.akerl-coolquotes-share.module.config_user.aws_iam_user.this"
          ]
        }
      ]
    },
    {
      "module": "module.akerl-coolquotes-share.module.publish_user",
      "mode": "data",
      "type": "aws_iam_policy_document",
      "name": "this",
      "provider": "provider[\"registry.terraform.io/hashicorp/aws\"]",
      "instances": [
        {
          "schema_version": 0,
          "attributes": {
            "id": "2121241194",
            "json": "{\n  \"Version\": \"2012-10-17\",\n  \"Statement\": [\n    {\n      \"Sid\": \"\",\n      \"Effect\": \"Allow\",\n      \"Action\": [\n        \"s3:PutObject\",\n        \"s3:ListBucket\",\n        \"s3:ListAllMyBuckets\",\n        \"s3:GetObjectAcl\",\n        \"s3:GetObject\",\n        \"s3:GetBucketLocation\",\n        \"s3:GetBucketAcl\",\n        \"s3:DeleteObject\"\n      ],\n      \"Resource\": [\n        \"arn:aws:s3:::akerl-coolquotes-share/*\",\n        \"arn:aws:s3:::akerl-coolquotes-share\"\n      ]\n    }\n  ]\n}",
            "override_json": null,
            "policy_id": null,
            "source_json": null,
            "statement": [
              {
                "actions": [
                  "s3:DeleteObject",
                  "s3:GetBucketAcl",
                  "s3:GetBucketLocation",
                  "s3:GetObject",
                  "s3:GetObjectAcl",
                  "s3:ListAllMyBuckets",
                  "s3:ListBucket",
                  "s3:PutObject"
                ],
                "condition": [],
                "effect": "Allow",
                "not_actions": [],
                "not_principals": [],
                "not_resources": [],
                "principals": [],
                "resources": [
                  "arn:aws:s3:::akerl-coolquotes-share",
                  "arn:aws:s3:::akerl-coolquotes-share/*"
                ],
                "sid": ""
              }
            ],
            "version": "2012-10-17"
          }
        }
      ]
    },
    {
      "module": "module.akerl-coolquotes-share.module.publish_user",
      "mode": "managed",
      "type": "aws_iam_user",
      "name": "this",
      "provider": "provider[\"registry.terraform.io/hashicorp/aws\"]",
      "instances": [
        {
          "schema_version": 0,
          "attributes": {
            "arn": "arn:aws:iam::764218738161:user/s3-publish-akerl-coolquotes-share",
            "force_destroy": false,
            "id": "s3-publish-akerl-coolquotes-share",
            "name": "s3-publish-akerl-coolquotes-share",
            "path": "/",
            "permissions_boundary": null,
            "tags": {},
            "unique_id": "AIDAJV3ZSV42SOV7EFQY6"
          }
        }
      ]
    },
    {
      "module": "module.akerl-coolquotes-share.module.publish_user",
      "mode": "managed",
      "type": "aws_iam_user_policy",
      "name": "this",
      "provider": "provider[\"registry.terraform.io/hashicorp/aws\"]",
      "instances": [
        {
          "schema_version": 0,
          "attributes": {
            "id": "s3-publish-akerl-coolquotes-share:s3-publish",
            "name": "s3-publish",
            "name_prefix": null,
            "policy": "{\n  \"Version\": \"2012-10-17\",\n  \"Statement\": [\n    {\n      \"Sid\": \"\",\n      \"Effect\": \"Allow\",\n      \"Action\": [\n        \"s3:PutObject\",\n        \"s3:ListBucket\",\n        \"s3:ListAllMyBuckets\",\n        \"s3:GetObjectAcl\",\n        \"s3:GetObject\",\n        \"s3:GetBucketLocation\",\n        \"s3:GetBucketAcl\",\n        \"s3:DeleteObject\"\n      ],\n      \"Resource\": [\n        \"arn:aws:s3:::akerl-coolquotes-share/*\",\n        \"arn:aws:s3:::akerl-coolquotes-share\"\n      ]\n    }\n  ]\n}",
            "user": "s3-publish-akerl-coolquotes-share"
          },
          "dependencies": [
            "module.akerl-coolquotes-share.module.publish_user.aws_iam_user.this"
          ]
        }
      ]
    },
    {
      "module": "module.akerl-coolquotes-share.module.publish_user",
      "mode": "managed",
      "type": "aws_s3_bucket",
      "name": "this",
      "provider": "provider[\"registry.terraform.io/hashicorp/aws\"]",
      "instances": [
        {
          "index_key": 0,
          "schema_version": 0,
          "attributes": {
            "acceleration_status": "",
            "acl": "private",
            "arn": "arn:aws:s3:::akerl-coolquotes-share",
            "bucket": "akerl-coolquotes-share",
            "bucket_domain_name": "akerl-coolquotes-share.s3.amazonaws.com",
            "bucket_prefix": null,
            "bucket_regional_domain_name": "akerl-coolquotes-share.s3.amazonaws.com",
            "cors_rule": [],
            "force_destroy": false,
            "hosted_zone_id": "Z3AQBSTGFYJSTF",
            "id": "akerl-coolquotes-share",
            "lifecycle_rule": [],
            "logging": [
              {
                "target_bucket": "akerl-s3-logs",
                "target_prefix": "akerl-coolquotes-share/"
              }
            ],
            "object_lock_configuration": [],
            "policy": null,
            "region": "us-east-1",
            "replication_configuration": [],
            "request_payer": "BucketOwner",
            "server_side_encryption_configuration": [],
            "tags": {},
            "versioning": [
              {
                "enabled": true,
                "mfa_delete": false
              }
            ],
            "website": [],
            "website_domain": null,
            "website_endpoint": null
          },
          "dependencies": [
            "module.account.aws_s3_bucket.logging"
          ]
        }
      ]
    },
    {
      "module": "module.akerl-coolquotes-share.module.publish_user",
      "mode": "managed",
      "type": "awscreds_iam_access_key",
      "name": "this",
      "provider": "provider[\"terraform.scrtybybscrty.org/armorfret/awscreds\"]",
      "instances": [
        {
          "schema_version": 0,
          "attributes": {
            "encrypted_secret": null,
            "file": "creds/s3-publish-akerl-coolquotes-share",
            "id": "AKIAIPK7QW4ZUW7GBRMA",
            "key_fingerprint": null,
            "pgp_key": null,
            "secret": "",
            "ses_smtp_password": "",
            "status": "Active",
            "user": "s3-publish-akerl-coolquotes-share"
          },
          "dependencies": [
            "module.akerl-coolquotes-share.module.publish_user.aws_iam_user.this"
          ]
        }
      ]
    },
    {
      "module": "module.akerl-dcs-library",
      "mode": "data",
      "type": "aws_iam_policy_document",
      "name": "lambda_perms",
      "provider": "provider[\"registry.terraform.io/hashicorp/aws\"]",
      "instances": [
        {
          "schema_version": 0,
          "attributes": {
            "id": "2492265245",
            "json": "{\n  \"Version\": \"2012-10-17\",\n  \"Statement\": [\n    {\n      \"Sid\": \"\",\n      \"Effect\": \"Allow\",\n      \"Action\": [\n        \"s3:ListBucket\",\n        \"s3:GetObject\"\n      ],\n      \"Resource\": [\n        \"arn:aws:s3:::akerl-dcs-library/*\",\n        \"arn:aws:s3:::akerl-dcs-library-config/*\",\n        \"arn:aws:s3:::akerl-dcs-library-config\",\n        \"arn:aws:s3:::akerl-dcs-library\"\n      ]\n    },\n    {\n      \"Sid\": \"\",\n      \"Effect\": \"Allow\",\n      \"Action\": [\n        \"logs:PutLogEvents\",\n        \"logs:CreateLogStream\",\n        \"logs:CreateLogGroup\"\n      ],\n      \"Resource\": \"arn:aws:logs:*:*:*\"\n    }\n  ]\n}",
            "override_json": null,
            "policy_id": null,
            "source_json": null,
            "statement": [
              {
                "actions": [
                  "s3:GetObject",
                  "s3:ListBucket"
                ],
                "condition": [],
                "effect": "Allow",
                "not_actions": [],
                "not_principals": [],
                "not_resources": [],
                "principals": [],
                "resources": [
                  "arn:aws:s3:::akerl-dcs-library",
                  "arn:aws:s3:::akerl-dcs-library-config",
                  "arn:aws:s3:::akerl-dcs-library-config/*",
                  "arn:aws:s3:::akerl-dcs-library/*"
                ],
                "sid": ""
              },
              {
                "actions": [
                  "logs:CreateLogGroup",
                  "logs:CreateLogStream",
                  "logs:PutLogEvents"
                ],
                "condition": [],
                "effect": "Allow",
                "not_actions": [],
                "not_principals": [],
                "not_resources": [],
                "principals": [],
                "resources": [
                  "arn:aws:logs:*:*:*"
                ],
                "sid": ""
              }
            ],
            "version": "2012-10-17"
          }
        }
      ]
    },
    {
      "module": "module.akerl-dcs-library.module.apigw",
      "mode": "managed",
      "type": "aws_api_gateway_base_path_mapping",
      "name": "this",
      "provider": "provider[\"registry.terraform.io/hashicorp/aws\"]",
      "instances": [
        {
          "schema_version": 0,
          "attributes": {
            "api_id": "xo2l31ffu6",
            "base_path": "",
            "domain_name": "dcs.coolquotes.xyz",
            "id": "dcs.coolquotes.xyz/",
            "stage_name": "prod"
          },
          "dependencies": [
            "module.akerl-dcs-library.module.apigw.aws_api_gateway_deployment.this",
            "module.akerl-dcs-library.module.apigw.aws_api_gateway_domain_name.this",
            "module.akerl-dcs-library.module.apigw.aws_api_gateway_integration.root",
            "module.akerl-dcs-library.module.apigw.aws_api_gateway_integration.this",
            "module.akerl-dcs-library.module.apigw.aws_api_gateway_method.root",
            "module.akerl-dcs-library.module.apigw.aws_api_gateway_method.this",
            "module.akerl-dcs-library.module.apigw.aws_api_gateway_resource.this",
            "module.akerl-dcs-library.module.apigw.aws_api_gateway_rest_api.this",
            "module.akerl-dcs-library.module.apigw.module.certificate.aws_acm_certificate.this",
            "module.akerl-dcs-library.module.apigw.module.certificate.aws_acm_certificate_validation.this",
            "module.akerl-dcs-library.module.apigw.module.certificate.aws_route53_record.validation",
            "module.akerl-dcs-library.module.apigw.module.lambda.aws_iam_role.lambda",
            "module.akerl-dcs-library.module.apigw.module.lambda.aws_lambda_function.this"
          ]
        }
      ]
    },
    {
      "module": "module.akerl-dcs-library.module.apigw",
      "mode": "managed",
      "type": "aws_api_gateway_deployment",
      "name": "this",
      "provider": "provider[\"registry.terraform.io/hashicorp/aws\"]",
      "instances": [
        {
          "schema_version": 0,
          "attributes": {
            "created_date": "2019-03-10T18:57:29Z",
            "description": "",
            "execution_arn": "arn:aws:execute-api:us-east-1:764218738161:xo2l31ffu6/prod",
            "id": "gs855e",
            "invoke_url": "https://xo2l31ffu6.execute-api.us-east-1.amazonaws.com/prod",
            "rest_api_id": "xo2l31ffu6",
            "stage_description": null,
            "stage_name": "prod",
            "variables": {
              "bucket": "akerl-dcs-library"
            }
          },
          "dependencies": [
            "module.akerl-dcs-library.module.apigw.aws_api_gateway_integration.root",
            "module.akerl-dcs-library.module.apigw.aws_api_gateway_integration.this",
            "module.akerl-dcs-library.module.apigw.aws_api_gateway_method.root",
            "module.akerl-dcs-library.module.apigw.aws_api_gateway_method.this",
            "module.akerl-dcs-library.module.apigw.aws_api_gateway_resource.this",
            "module.akerl-dcs-library.module.apigw.aws_api_gateway_rest_api.this",
            "module.akerl-dcs-library.module.apigw.module.lambda.aws_iam_role.lambda",
            "module.akerl-dcs-library.module.apigw.module.lambda.aws_lambda_function.this"
          ]
        }
      ]
    },
    {
      "module": "module.akerl-dcs-library.module.apigw",
      "mode": "managed",
      "type": "aws_api_gateway_domain_name",
      "name": "this",
      "provider": "provider[\"registry.terraform.io/hashicorp/aws\"]",
      "instances": [
        {
          "schema_version": 0,
          "attributes": {
            "certificate_arn": "arn:aws:acm:us-east-1:764218738161:certificate/6c7bdabb-950f-49da-a8e0-e0c195347590",
            "certificate_body": null,
            "certificate_chain": null,
            "certificate_name": "",
            "certificate_private_key": null,
            "certificate_upload_date": "2019-03-10T20:23:54Z",
            "cloudfront_domain_name": "d27f42y68vvkmg.cloudfront.net",
            "cloudfront_zone_id": "Z2FDTNDATAQYW2",
            "domain_name": "dcs.coolquotes.xyz",
            "endpoint_configuration": [
              {
                "types": [
                  "EDGE"
                ]
              }
            ],
            "id": "dcs.coolquotes.xyz",
            "regional_certificate_arn": "",
            "regional_certificate_name": "",
            "regional_domain_name": "",
            "regional_zone_id": "",
            "security_policy": "TLS_1_0"
          },
          "dependencies": [
            "module.akerl-dcs-library.module.apigw.module.certificate.aws_acm_certificate.this",
            "module.akerl-dcs-library.module.apigw.module.certificate.aws_acm_certificate_validation.this",
            "module.akerl-dcs-library.module.apigw.module.certificate.aws_route53_record.validation"
          ]
        }
      ]
    },
    {
      "module": "module.akerl-dcs-library.module.apigw",
      "mode": "managed",
      "type": "aws_api_gateway_integration",
      "name": "root",
      "provider": "provider[\"registry.terraform.io/hashicorp/aws\"]",
      "instances": [
        {
          "schema_version": 0,
          "attributes": {
            "cache_key_parameters": [],
            "cache_namespace": "ptcmh3bne1",
            "connection_id": "",
            "connection_type": "INTERNET",
            "content_handling": "",
            "credentials": "",
            "http_method": "ANY",
            "id": "agi-xo2l31ffu6-ptcmh3bne1-ANY",
            "integration_http_method": "POST",
            "passthrough_behavior": "WHEN_NO_MATCH",
            "request_parameters": {},
            "request_parameters_in_json": null,
            "request_templates": {},
            "resource_id": "ptcmh3bne1",
            "rest_api_id": "xo2l31ffu6",
            "timeout_milliseconds": 29000,
            "type": "AWS_PROXY",
            "uri": "arn:aws:apigateway:us-east-1:lambda:path/2015-03-31/functions/arn:aws:lambda:us-east-1:764218738161:function:madlibrarian_akerl-dcs-library/invocations"
          },
          "dependencies": [
            "module.akerl-dcs-library.module.apigw.aws_api_gateway_method.root",
            "module.akerl-dcs-library.module.apigw.aws_api_gateway_rest_api.this",
            "module.akerl-dcs-library.module.apigw.module.lambda.aws_iam_role.lambda",
            "module.akerl-dcs-library.module.apigw.module.lambda.aws_lambda_function.this"
          ]
        }
      ]
    },
    {
      "module": "module.akerl-dcs-library.module.apigw",
      "mode": "managed",
      "type": "aws_api_gateway_integration",
      "name": "this",
      "provider": "provider[\"registry.terraform.io/hashicorp/aws\"]",
      "instances": [
        {
          "schema_version": 0,
          "attributes": {
            "cache_key_parameters": [],
            "cache_namespace": "sk52hx",
            "connection_id": "",
            "connection_type": "INTERNET",
            "content_handling": "",
            "credentials": "",
            "http_method": "ANY",
            "id": "agi-xo2l31ffu6-sk52hx-ANY",
            "integration_http_method": "POST",
            "passthrough_behavior": "WHEN_NO_MATCH",
            "request_parameters": {},
            "request_parameters_in_json": null,
            "request_templates": {},
            "resource_id": "sk52hx",
            "rest_api_id": "xo2l31ffu6",
            "timeout_milliseconds": 29000,
            "type": "AWS_PROXY",
            "uri": "arn:aws:apigateway:us-east-1:lambda:path/2015-03-31/functions/arn:aws:lambda:us-east-1:764218738161:function:madlibrarian_akerl-dcs-library/invocations"
          },
          "dependencies": [
            "module.akerl-dcs-library.module.apigw.aws_api_gateway_method.this",
            "module.akerl-dcs-library.module.apigw.aws_api_gateway_resource.this",
            "module.akerl-dcs-library.module.apigw.aws_api_gateway_rest_api.this",
            "module.akerl-dcs-library.module.apigw.module.lambda.aws_iam_role.lambda",
            "module.akerl-dcs-library.module.apigw.module.lambda.aws_lambda_function.this"
          ]
        }
      ]
    },
    {
      "module": "module.akerl-dcs-library.module.apigw",
      "mode": "managed",
      "type": "aws_api_gateway_method",
      "name": "root",
      "provider": "provider[\"registry.terraform.io/hashicorp/aws\"]",
      "instances": [
        {
          "schema_version": 0,
          "attributes": {
            "api_key_required": false,
            "authorization": "NONE",
            "authorization_scopes": [],
            "authorizer_id": "",
            "http_method": "ANY",
            "id": "agm-xo2l31ffu6-ptcmh3bne1-ANY",
            "request_models": {},
            "request_parameters": {},
            "request_parameters_in_json": null,
            "request_validator_id": "",
            "resource_id": "ptcmh3bne1",
            "rest_api_id": "xo2l31ffu6"
          },
          "dependencies": [
            "module.akerl-dcs-library.module.apigw.aws_api_gateway_rest_api.this"
          ]
        }
      ]
    },
    {
      "module": "module.akerl-dcs-library.module.apigw",
      "mode": "managed",
      "type": "aws_api_gateway_method",
      "name": "this",
      "provider": "provider[\"registry.terraform.io/hashicorp/aws\"]",
      "instances": [
        {
          "schema_version": 0,
          "attributes": {
            "api_key_required": false,
            "authorization": "NONE",
            "authorization_scopes": [],
            "authorizer_id": "",
            "http_method": "ANY",
            "id": "agm-xo2l31ffu6-sk52hx-ANY",
            "request_models": {},
            "request_parameters": {},
            "request_parameters_in_json": null,
            "request_validator_id": "",
            "resource_id": "sk52hx",
            "rest_api_id": "xo2l31ffu6"
          },
          "dependencies": [
            "module.akerl-dcs-library.module.apigw.aws_api_gateway_resource.this",
            "module.akerl-dcs-library.module.apigw.aws_api_gateway_rest_api.this"
          ]
        }
      ]
    },
    {
      "module": "module.akerl-dcs-library.module.apigw",
      "mode": "managed",
      "type": "aws_api_gateway_method_settings",
      "name": "settings",
      "provider": "provider[\"registry.terraform.io/hashicorp/aws\"]",
      "instances": [
        {
          "schema_version": 0,
          "attributes": {
            "id": "xo2l31ffu6-prod-*/*",
            "method_path": "*/*",
            "rest_api_id": "xo2l31ffu6",
            "settings": [
              {
                "cache_data_encrypted": false,
                "cache_ttl_in_seconds": 0,
                "caching_enabled": false,
                "data_trace_enabled": false,
                "logging_level": "INFO",
                "metrics_enabled": true,
                "require_authorization_for_cache_control": false,
                "throttling_burst_limit": 0,
                "throttling_rate_limit": 0,
                "unauthorized_cache_control_header_strategy": ""
              }
            ],
            "stage_name": "prod"
          },
          "dependencies": [
            "module.akerl-dcs-library.module.apigw.aws_api_gateway_deployment.this",
            "module.akerl-dcs-library.module.apigw.aws_api_gateway_integration.root",
            "module.akerl-dcs-library.module.apigw.aws_api_gateway_integration.this",
            "module.akerl-dcs-library.module.apigw.aws_api_gateway_method.root",
            "module.akerl-dcs-library.module.apigw.aws_api_gateway_method.this",
            "module.akerl-dcs-library.module.apigw.aws_api_gateway_resource.this",
            "module.akerl-dcs-library.module.apigw.aws_api_gateway_rest_api.this",
            "module.akerl-dcs-library.module.apigw.module.lambda.aws_iam_role.lambda",
            "module.akerl-dcs-library.module.apigw.module.lambda.aws_lambda_function.this"
          ]
        }
      ]
    },
    {
      "module": "module.akerl-dcs-library.module.apigw",
      "mode": "managed",
      "type": "aws_api_gateway_resource",
      "name": "this",
      "provider": "provider[\"registry.terraform.io/hashicorp/aws\"]",
      "instances": [
        {
          "schema_version": 0,
          "attributes": {
            "id": "sk52hx",
            "parent_id": "ptcmh3bne1",
            "path": "/{path+}",
            "path_part": "{path+}",
            "rest_api_id": "xo2l31ffu6"
          },
          "dependencies": [
            "module.akerl-dcs-library.module.apigw.aws_api_gateway_rest_api.this"
          ]
        }
      ]
    },
    {
      "module": "module.akerl-dcs-library.module.apigw",
      "mode": "managed",
      "type": "aws_api_gateway_rest_api",
      "name": "this",
      "provider": "provider[\"registry.terraform.io/hashicorp/aws\"]",
      "instances": [
        {
          "schema_version": 0,
          "attributes": {
            "api_key_source": "HEADER",
            "binary_media_types": [],
            "body": null,
            "created_date": "2019-03-10T13:06:08Z",
            "description": "",
            "endpoint_configuration": [
              {
                "types": [
                  "EDGE"
                ]
              }
            ],
            "execution_arn": "arn:aws:execute-api:us-east-1:764218738161:xo2l31ffu6",
            "id": "xo2l31ffu6",
            "minimum_compression_size": -1,
            "name": "madlibrarian_akerl-dcs-library",
            "policy": "",
            "root_resource_id": "ptcmh3bne1"
          }
        }
      ]
    },
    {
      "module": "module.akerl-dcs-library.module.apigw.module.certificate",
      "mode": "data",
      "type": "aws_route53_zone",
      "name": "parent",
      "provider": "provider[\"registry.terraform.io/hashicorp/aws\"]",
      "instances": [
        {
          "index_key": 0,
          "schema_version": 0,
          "attributes": {
            "caller_reference": "2017-09-14T01:31:08.67890792-04:00",
            "comment": "Managed by Terraform",
            "id": "Z8OAL9XXAA49Z",
            "linked_service_description": null,
            "linked_service_principal": null,
            "name": "coolquotes.xyz.",
            "name_servers": [
              "ns-1242.awsdns-27.org",
              "ns-477.awsdns-59.com",
              "ns-808.awsdns-37.net",
              "ns-1942.awsdns-50.co.uk"
            ],
            "private_zone": false,
            "resource_record_set_count": 16,
            "tags": null,
            "vpc_id": null,
            "zone_id": "Z8OAL9XXAA49Z"
          }
        }
      ]
    },
    {
      "module": "module.akerl-dcs-library.module.apigw.module.certificate",
      "mode": "managed",
      "type": "aws_acm_certificate",
      "name": "this",
      "provider": "provider[\"registry.terraform.io/hashicorp/aws\"]",
      "instances": [
        {
          "schema_version": 0,
          "attributes": {
            "arn": "arn:aws:acm:us-east-1:764218738161:certificate/6c7bdabb-950f-49da-a8e0-e0c195347590",
            "certificate_authority_arn": "",
            "certificate_body": null,
            "certificate_chain": null,
            "domain_name": "dcs.coolquotes.xyz",
            "domain_validation_options": [
              {
                "domain_name": "dcs.coolquotes.xyz",
                "resource_record_name": "_b9b94583dc89ac6fb593bb0e98125d47.dcs.coolquotes.xyz.",
                "resource_record_type": "CNAME",
                "resource_record_value": "_56004aa83203431310ce76ca4d5aa03e.acm-validations.aws."
              }
            ],
            "id": "arn:aws:acm:us-east-1:764218738161:certificate/6c7bdabb-950f-49da-a8e0-e0c195347590",
            "options": [
              {
                "certificate_transparency_logging_preference": "ENABLED"
              }
            ],
            "private_key": null,
            "subject_alternative_names": [],
            "tags": {},
            "validation_emails": [],
            "validation_method": "DNS"
          }
        }
      ]
    },
    {
      "module": "module.akerl-dcs-library.module.apigw.module.certificate",
      "mode": "managed",
      "type": "aws_acm_certificate_validation",
      "name": "this",
      "provider": "provider[\"registry.terraform.io/hashicorp/aws\"]",
      "instances": [
        {
          "schema_version": 0,
          "attributes": {
            "certificate_arn": "arn:aws:acm:us-east-1:764218738161:certificate/6c7bdabb-950f-49da-a8e0-e0c195347590",
            "id": "2020-02-11 01:42:13 +0000 UTC",
            "timeouts": null,
            "validation_record_fqdns": [
              "_b9b94583dc89ac6fb593bb0e98125d47.dcs.coolquotes.xyz"
            ]
          },
          "private": "eyJlMmJmYjczMC1lY2FhLTExZTYtOGY4OC0zNDM2M2JjN2M0YzAiOnsiY3JlYXRlIjoyNzAwMDAwMDAwMDAwfX0=",
          "dependencies": [
            "module.akerl-dcs-library.module.apigw.module.certificate.aws_acm_certificate.this",
            "module.akerl-dcs-library.module.apigw.module.certificate.aws_route53_record.validation"
          ]
        }
      ]
    },
    {
      "module": "module.akerl-dcs-library.module.apigw.module.certificate",
      "mode": "managed",
      "type": "aws_route53_record",
      "name": "validation",
      "provider": "provider[\"registry.terraform.io/hashicorp/aws\"]",
      "instances": [
        {
          "index_key": 0,
          "schema_version": 2,
          "attributes": {
            "alias": [],
            "allow_overwrite": null,
            "failover_routing_policy": [],
            "fqdn": "_b9b94583dc89ac6fb593bb0e98125d47.dcs.coolquotes.xyz",
            "geolocation_routing_policy": [],
            "health_check_id": "",
            "id": "Z8OAL9XXAA49Z__b9b94583dc89ac6fb593bb0e98125d47.dcs.coolquotes.xyz._CNAME",
            "latency_routing_policy": [],
            "multivalue_answer_routing_policy": null,
            "name": "_b9b94583dc89ac6fb593bb0e98125d47.dcs.coolquotes.xyz",
            "records": [
              "_56004aa83203431310ce76ca4d5aa03e.acm-validations.aws."
            ],
            "set_identifier": "",
            "ttl": 60,
            "type": "CNAME",
            "weighted_routing_policy": [],
            "zone_id": "Z8OAL9XXAA49Z"
          },
          "private": "eyJzY2hlbWFfdmVyc2lvbiI6IjIifQ==",
          "dependencies": [
            "module.akerl-dcs-library.module.apigw.module.certificate.aws_acm_certificate.this"
          ]
        }
      ]
    },
    {
      "module": "module.akerl-dcs-library.module.apigw.module.lambda",
      "mode": "data",
      "type": "aws_iam_policy_document",
      "name": "trust",
      "provider": "provider[\"registry.terraform.io/hashicorp/aws\"]",
      "instances": [
        {
          "schema_version": 0,
          "attributes": {
            "id": "3693445097",
            "json": "{\n  \"Version\": \"2012-10-17\",\n  \"Statement\": [\n    {\n      \"Sid\": \"\",\n      \"Effect\": \"Allow\",\n      \"Action\": \"sts:AssumeRole\",\n      \"Principal\": {\n        \"Service\": \"lambda.amazonaws.com\"\n      }\n    }\n  ]\n}",
            "override_json": null,
            "policy_id": null,
            "source_json": null,
            "statement": [
              {
                "actions": [
                  "sts:AssumeRole"
                ],
                "condition": [],
                "effect": "Allow",
                "not_actions": [],
                "not_principals": [],
                "not_resources": [],
                "principals": [
                  {
                    "identifiers": [
                      "lambda.amazonaws.com"
                    ],
                    "type": "Service"
                  }
                ],
                "resources": [],
                "sid": ""
              }
            ],
            "version": "2012-10-17"
          }
        }
      ]
    },
    {
      "module": "module.akerl-dcs-library.module.apigw.module.lambda",
      "mode": "managed",
      "type": "aws_iam_role",
      "name": "lambda",
      "provider": "provider[\"registry.terraform.io/hashicorp/aws\"]",
      "instances": [
        {
          "schema_version": 0,
          "attributes": {
            "arn": "arn:aws:iam::764218738161:role/madlibrarian_akerl-dcs-library",
            "assume_role_policy": "{\"Version\":\"2012-10-17\",\"Statement\":[{\"Sid\":\"\",\"Effect\":\"Allow\",\"Principal\":{\"Service\":\"lambda.amazonaws.com\"},\"Action\":\"sts:AssumeRole\"}]}",
            "create_date": "2019-03-10T13:01:05Z",
            "description": "",
            "force_detach_policies": false,
            "id": "madlibrarian_akerl-dcs-library",
            "max_session_duration": 3600,
            "name": "madlibrarian_akerl-dcs-library",
            "name_prefix": null,
            "path": "/",
            "permissions_boundary": null,
            "tags": {},
            "unique_id": "AROAJTQS3OCBCCFJBSKAM"
          }
        }
      ]
    },
    {
      "module": "module.akerl-dcs-library.module.apigw.module.lambda",
      "mode": "managed",
      "type": "aws_iam_role_policy",
      "name": "lambda_perms",
      "provider": "provider[\"registry.terraform.io/hashicorp/aws\"]",
      "instances": [
        {
          "schema_version": 0,
          "attributes": {
            "id": "madlibrarian_akerl-dcs-library:lambda_perms",
            "name": "lambda_perms",
            "name_prefix": null,
            "policy": "{\n  \"Version\": \"2012-10-17\",\n  \"Statement\": [\n    {\n      \"Sid\": \"\",\n      \"Effect\": \"Allow\",\n      \"Action\": [\n        \"s3:ListBucket\",\n        \"s3:GetObject\"\n      ],\n      \"Resource\": [\n        \"arn:aws:s3:::akerl-dcs-library/*\",\n        \"arn:aws:s3:::akerl-dcs-library-config/*\",\n        \"arn:aws:s3:::akerl-dcs-library-config\",\n        \"arn:aws:s3:::akerl-dcs-library\"\n      ]\n    },\n    {\n      \"Sid\": \"\",\n      \"Effect\": \"Allow\",\n      \"Action\": [\n        \"logs:PutLogEvents\",\n        \"logs:CreateLogStream\",\n        \"logs:CreateLogGroup\"\n      ],\n      \"Resource\": \"arn:aws:logs:*:*:*\"\n    }\n  ]\n}",
            "role": "madlibrarian_akerl-dcs-library"
          },
          "dependencies": [
            "module.akerl-dcs-library.module.apigw.module.lambda.aws_iam_role.lambda"
          ]
        }
      ]
    },
    {
      "module": "module.akerl-dcs-library.module.apigw.module.lambda",
      "mode": "managed",
      "type": "aws_lambda_function",
      "name": "this",
      "provider": "provider[\"registry.terraform.io/hashicorp/aws\"]",
      "instances": [
        {
          "schema_version": 0,
          "attributes": {
            "arn": "arn:aws:lambda:us-east-1:764218738161:function:madlibrarian_akerl-dcs-library",
            "dead_letter_config": [],
            "description": "",
            "environment": [
              {
                "variables": {
                  "S3_BUCKET": "akerl-dcs-library-config",
                  "S3_KEY": "config.yaml"
                }
              }
            ],
            "filename": null,
            "function_name": "madlibrarian_akerl-dcs-library",
            "handler": "main",
            "id": "madlibrarian_akerl-dcs-library",
            "invoke_arn": "arn:aws:apigateway:us-east-1:lambda:path/2015-03-31/functions/arn:aws:lambda:us-east-1:764218738161:function:madlibrarian_akerl-dcs-library/invocations",
            "kms_key_arn": "",
            "last_modified": "2019-07-11T22:08:44.117+0000",
            "layers": [],
            "memory_size": 128,
            "publish": false,
            "qualified_arn": "arn:aws:lambda:us-east-1:764218738161:function:madlibrarian_akerl-dcs-library:$LATEST",
            "reserved_concurrent_executions": -1,
            "role": "arn:aws:iam::764218738161:role/madlibrarian_akerl-dcs-library",
            "runtime": "go1.x",
            "s3_bucket": "akerl-madlibrarian",
            "s3_key": "v0.12.4.zip",
            "s3_object_version": null,
            "source_code_hash": "ulAjcRV+DbZNwAVWJt7ve9NK6uWx4StASmkW9dyzu0M=",
            "source_code_size": 9493776,
            "tags": {},
            "timeout": 10,
            "timeouts": {
              "create": null
            },
            "tracing_config": [
              {
                "mode": "PassThrough"
              }
            ],
            "version": "$LATEST",
            "vpc_config": []
          },
          "private": "eyJlMmJmYjczMC1lY2FhLTExZTYtOGY4OC0zNDM2M2JjN2M0YzAiOnsiY3JlYXRlIjo2MDAwMDAwMDAwMDB9fQ==",
          "dependencies": [
            "module.akerl-dcs-library.module.apigw.module.lambda.aws_iam_role.lambda"
          ]
        }
      ]
    },
    {
      "module": "module.akerl-dcs-library.module.apigw.module.lambda",
      "mode": "managed",
      "type": "aws_lambda_permission",
      "name": "allow_source",
      "provider": "provider[\"registry.terraform.io/hashicorp/aws\"]",
      "instances": [
        {
          "index_key": 0,
          "schema_version": 0,
          "attributes": {
            "action": "lambda:InvokeFunction",
            "event_source_token": null,
            "function_name": "madlibrarian_akerl-dcs-library",
            "id": "AllowExecutionFromApigateway",
            "principal": "apigateway.amazonaws.com",
            "qualifier": "",
            "source_account": null,
            "source_arn": "arn:aws:execute-api:us-east-1:764218738161:xo2l31ffu6/*",
            "statement_id": "AllowExecutionFromApigateway",
            "statement_id_prefix": null
          },
          "dependencies": [
            "module.akerl-dcs-library.module.apigw.aws_api_gateway_rest_api.this",
            "module.akerl-dcs-library.module.apigw.module.lambda.aws_iam_role.lambda",
            "module.akerl-dcs-library.module.apigw.module.lambda.aws_lambda_function.this"
          ]
        }
      ]
    },
    {
      "module": "module.akerl-dcs-library.module.config_user",
      "mode": "data",
      "type": "aws_iam_policy_document",
      "name": "this",
      "provider": "provider[\"registry.terraform.io/hashicorp/aws\"]",
      "instances": [
        {
          "schema_version": 0,
          "attributes": {
            "id": "2906024152",
            "json": "{\n  \"Version\": \"2012-10-17\",\n  \"Statement\": [\n    {\n      \"Sid\": \"\",\n      \"Effect\": \"Allow\",\n      \"Action\": [\n        \"s3:PutObject\",\n        \"s3:ListBucket\",\n        \"s3:ListAllMyBuckets\",\n        \"s3:GetObjectAcl\",\n        \"s3:GetObject\",\n        \"s3:GetBucketLocation\",\n        \"s3:GetBucketAcl\",\n        \"s3:DeleteObject\"\n      ],\n      \"Resource\": [\n        \"arn:aws:s3:::akerl-dcs-library-config/*\",\n        \"arn:aws:s3:::akerl-dcs-library-config\"\n      ]\n    }\n  ]\n}",
            "override_json": null,
            "policy_id": null,
            "source_json": null,
            "statement": [
              {
                "actions": [
                  "s3:DeleteObject",
                  "s3:GetBucketAcl",
                  "s3:GetBucketLocation",
                  "s3:GetObject",
                  "s3:GetObjectAcl",
                  "s3:ListAllMyBuckets",
                  "s3:ListBucket",
                  "s3:PutObject"
                ],
                "condition": [],
                "effect": "Allow",
                "not_actions": [],
                "not_principals": [],
                "not_resources": [],
                "principals": [],
                "resources": [
                  "arn:aws:s3:::akerl-dcs-library-config",
                  "arn:aws:s3:::akerl-dcs-library-config/*"
                ],
                "sid": ""
              }
            ],
            "version": "2012-10-17"
          }
        }
      ]
    },
    {
      "module": "module.akerl-dcs-library.module.config_user",
      "mode": "managed",
      "type": "aws_iam_user",
      "name": "this",
      "provider": "provider[\"registry.terraform.io/hashicorp/aws\"]",
      "instances": [
        {
          "schema_version": 0,
          "attributes": {
            "arn": "arn:aws:iam::764218738161:user/s3-publish-akerl-dcs-library-config",
            "force_destroy": false,
            "id": "s3-publish-akerl-dcs-library-config",
            "name": "s3-publish-akerl-dcs-library-config",
            "path": "/",
            "permissions_boundary": null,
            "tags": {},
            "unique_id": "AIDAIT5PN3WFCEWLPMJSC"
          }
        }
      ]
    },
    {
      "module": "module.akerl-dcs-library.module.config_user",
      "mode": "managed",
      "type": "aws_iam_user_policy",
      "name": "this",
      "provider": "provider[\"registry.terraform.io/hashicorp/aws\"]",
      "instances": [
        {
          "schema_version": 0,
          "attributes": {
            "id": "s3-publish-akerl-dcs-library-config:s3-publish",
            "name": "s3-publish",
            "name_prefix": null,
            "policy": "{\n  \"Version\": \"2012-10-17\",\n  \"Statement\": [\n    {\n      \"Sid\": \"\",\n      \"Effect\": \"Allow\",\n      \"Action\": [\n        \"s3:PutObject\",\n        \"s3:ListBucket\",\n        \"s3:ListAllMyBuckets\",\n        \"s3:GetObjectAcl\",\n        \"s3:GetObject\",\n        \"s3:GetBucketLocation\",\n        \"s3:GetBucketAcl\",\n        \"s3:DeleteObject\"\n      ],\n      \"Resource\": [\n        \"arn:aws:s3:::akerl-dcs-library-config/*\",\n        \"arn:aws:s3:::akerl-dcs-library-config\"\n      ]\n    }\n  ]\n}",
            "user": "s3-publish-akerl-dcs-library-config"
          },
          "dependencies": [
            "module.akerl-dcs-library.module.config_user.aws_iam_user.this"
          ]
        }
      ]
    },
    {
      "module": "module.akerl-dcs-library.module.config_user",
      "mode": "managed",
      "type": "aws_s3_bucket",
      "name": "this",
      "provider": "provider[\"registry.terraform.io/hashicorp/aws\"]",
      "instances": [
        {
          "index_key": 0,
          "schema_version": 0,
          "attributes": {
            "acceleration_status": "",
            "acl": "private",
            "arn": "arn:aws:s3:::akerl-dcs-library-config",
            "bucket": "akerl-dcs-library-config",
            "bucket_domain_name": "akerl-dcs-library-config.s3.amazonaws.com",
            "bucket_prefix": null,
            "bucket_regional_domain_name": "akerl-dcs-library-config.s3.amazonaws.com",
            "cors_rule": [],
            "force_destroy": false,
            "hosted_zone_id": "Z3AQBSTGFYJSTF",
            "id": "akerl-dcs-library-config",
            "lifecycle_rule": [],
            "logging": [
              {
                "target_bucket": "akerl-s3-logs",
                "target_prefix": "akerl-dcs-library-config/"
              }
            ],
            "object_lock_configuration": [],
            "policy": null,
            "region": "us-east-1",
            "replication_configuration": [],
            "request_payer": "BucketOwner",
            "server_side_encryption_configuration": [],
            "tags": {},
            "versioning": [
              {
                "enabled": true,
                "mfa_delete": false
              }
            ],
            "website": [],
            "website_domain": null,
            "website_endpoint": null
          },
          "dependencies": [
            "module.account.aws_s3_bucket.logging"
          ]
        }
      ]
    },
    {
      "module": "module.akerl-dcs-library.module.config_user",
      "mode": "managed",
      "type": "awscreds_iam_access_key",
      "name": "this",
      "provider": "provider[\"terraform.scrtybybscrty.org/armorfret/awscreds\"]",
      "instances": [
        {
          "schema_version": 0,
          "attributes": {
            "encrypted_secret": null,
            "file": "creds/s3-publish-akerl-dcs-library-config",
            "id": "AKIAJDUH27QYBXJFJMYQ",
            "key_fingerprint": null,
            "pgp_key": null,
            "secret": "",
            "ses_smtp_password": "",
            "status": "Active",
            "user": "s3-publish-akerl-dcs-library-config"
          },
          "dependencies": [
            "module.akerl-dcs-library.module.config_user.aws_iam_user.this"
          ]
        }
      ]
    },
    {
      "module": "module.akerl-dcs-library.module.publish_user",
      "mode": "data",
      "type": "aws_iam_policy_document",
      "name": "this",
      "provider": "provider[\"registry.terraform.io/hashicorp/aws\"]",
      "instances": [
        {
          "schema_version": 0,
          "attributes": {
            "id": "2265459946",
            "json": "{\n  \"Version\": \"2012-10-17\",\n  \"Statement\": [\n    {\n      \"Sid\": \"\",\n      \"Effect\": \"Allow\",\n      \"Action\": [\n        \"s3:PutObject\",\n        \"s3:ListBucket\",\n        \"s3:ListAllMyBuckets\",\n        \"s3:GetObjectAcl\",\n        \"s3:GetObject\",\n        \"s3:GetBucketLocation\",\n        \"s3:GetBucketAcl\",\n        \"s3:DeleteObject\"\n      ],\n      \"Resource\": [\n        \"arn:aws:s3:::akerl-dcs-library/*\",\n        \"arn:aws:s3:::akerl-dcs-library\"\n      ]\n    }\n  ]\n}",
            "override_json": null,
            "policy_id": null,
            "source_json": null,
            "statement": [
              {
                "actions": [
                  "s3:DeleteObject",
                  "s3:GetBucketAcl",
                  "s3:GetBucketLocation",
                  "s3:GetObject",
                  "s3:GetObjectAcl",
                  "s3:ListAllMyBuckets",
                  "s3:ListBucket",
                  "s3:PutObject"
                ],
                "condition": [],
                "effect": "Allow",
                "not_actions": [],
                "not_principals": [],
                "not_resources": [],
                "principals": [],
                "resources": [
                  "arn:aws:s3:::akerl-dcs-library",
                  "arn:aws:s3:::akerl-dcs-library/*"
                ],
                "sid": ""
              }
            ],
            "version": "2012-10-17"
          }
        }
      ]
    },
    {
      "module": "module.akerl-dcs-library.module.publish_user",
      "mode": "managed",
      "type": "aws_iam_user",
      "name": "this",
      "provider": "provider[\"registry.terraform.io/hashicorp/aws\"]",
      "instances": [
        {
          "schema_version": 0,
          "attributes": {
            "arn": "arn:aws:iam::764218738161:user/s3-publish-akerl-dcs-library",
            "force_destroy": false,
            "id": "s3-publish-akerl-dcs-library",
            "name": "s3-publish-akerl-dcs-library",
            "path": "/",
            "permissions_boundary": null,
            "tags": {},
            "unique_id": "AIDAJH3VU5UWPSJKB3QXU"
          }
        }
      ]
    },
    {
      "module": "module.akerl-dcs-library.module.publish_user",
      "mode": "managed",
      "type": "aws_iam_user_policy",
      "name": "this",
      "provider": "provider[\"registry.terraform.io/hashicorp/aws\"]",
      "instances": [
        {
          "schema_version": 0,
          "attributes": {
            "id": "s3-publish-akerl-dcs-library:s3-publish",
            "name": "s3-publish",
            "name_prefix": null,
            "policy": "{\n  \"Version\": \"2012-10-17\",\n  \"Statement\": [\n    {\n      \"Sid\": \"\",\n      \"Effect\": \"Allow\",\n      \"Action\": [\n        \"s3:PutObject\",\n        \"s3:ListBucket\",\n        \"s3:ListAllMyBuckets\",\n        \"s3:GetObjectAcl\",\n        \"s3:GetObject\",\n        \"s3:GetBucketLocation\",\n        \"s3:GetBucketAcl\",\n        \"s3:DeleteObject\"\n      ],\n      \"Resource\": [\n        \"arn:aws:s3:::akerl-dcs-library/*\",\n        \"arn:aws:s3:::akerl-dcs-library\"\n      ]\n    }\n  ]\n}",
            "user": "s3-publish-akerl-dcs-library"
          },
          "dependencies": [
            "module.akerl-dcs-library.module.publish_user.aws_iam_user.this"
          ]
        }
      ]
    },
    {
      "module": "module.akerl-dcs-library.module.publish_user",
      "mode": "managed",
      "type": "aws_s3_bucket",
      "name": "this",
      "provider": "provider[\"registry.terraform.io/hashicorp/aws\"]",
      "instances": [
        {
          "index_key": 0,
          "schema_version": 0,
          "attributes": {
            "acceleration_status": "",
            "acl": "private",
            "arn": "arn:aws:s3:::akerl-dcs-library",
            "bucket": "akerl-dcs-library",
            "bucket_domain_name": "akerl-dcs-library.s3.amazonaws.com",
            "bucket_prefix": null,
            "bucket_regional_domain_name": "akerl-dcs-library.s3.amazonaws.com",
            "cors_rule": [],
            "force_destroy": false,
            "hosted_zone_id": "Z3AQBSTGFYJSTF",
            "id": "akerl-dcs-library",
            "lifecycle_rule": [],
            "logging": [
              {
                "target_bucket": "akerl-s3-logs",
                "target_prefix": "akerl-dcs-library/"
              }
            ],
            "object_lock_configuration": [],
            "policy": null,
            "region": "us-east-1",
            "replication_configuration": [],
            "request_payer": "BucketOwner",
            "server_side_encryption_configuration": [],
            "tags": {},
            "versioning": [
              {
                "enabled": true,
                "mfa_delete": false
              }
            ],
            "website": [],
            "website_domain": null,
            "website_endpoint": null
          },
          "dependencies": [
            "module.account.aws_s3_bucket.logging"
          ]
        }
      ]
    },
    {
      "module": "module.akerl-dcs-library.module.publish_user",
      "mode": "managed",
      "type": "awscreds_iam_access_key",
      "name": "this",
      "provider": "provider[\"terraform.scrtybybscrty.org/armorfret/awscreds\"]",
      "instances": [
        {
          "schema_version": 0,
          "attributes": {
            "encrypted_secret": null,
            "file": "creds/s3-publish-akerl-dcs-library",
            "id": "AKIAI2K6VSZAZFKDURCA",
            "key_fingerprint": null,
            "pgp_key": null,
            "secret": "",
            "ses_smtp_password": "",
            "status": "Active",
            "user": "s3-publish-akerl-dcs-library"
          },
          "dependencies": [
            "module.akerl-dcs-library.module.publish_user.aws_iam_user.this"
          ]
        }
      ]
    },
    {
      "module": "module.akerl-dns",
      "mode": "data",
      "type": "aws_iam_policy_document",
      "name": "certbot_validation",
      "provider": "provider[\"registry.terraform.io/hashicorp/aws\"]",
      "instances": [
        {
          "schema_version": 0,
          "attributes": {
            "id": "3624665485",
            "json": "{\n  \"Version\": \"2012-10-17\",\n  \"Statement\": [\n    {\n      \"Sid\": \"\",\n      \"Effect\": \"Allow\",\n      \"Action\": \"route53:ListHostedZones\",\n      \"Resource\": \"*\"\n    },\n    {\n      \"Sid\": \"\",\n      \"Effect\": \"Allow\",\n      \"Action\": [\n        \"route53:ListResourceRecordSets\",\n        \"route53:GetHostedZone\",\n        \"route53:ChangeResourceRecordSets\"\n      ],\n      \"Resource\": \"arn:aws:route53:::hostedzone/Z05189664XL679869QEY\"\n    }\n  ]\n}",
            "override_json": null,
            "policy_id": null,
            "source_json": null,
            "statement": [
              {
                "actions": [
                  "route53:ListHostedZones"
                ],
                "condition": [],
                "effect": "Allow",
                "not_actions": [],
                "not_principals": [],
                "not_resources": [],
                "principals": [],
                "resources": [
                  "*"
                ],
                "sid": ""
              },
              {
                "actions": [
                  "route53:ChangeResourceRecordSets",
                  "route53:GetHostedZone",
                  "route53:ListResourceRecordSets"
                ],
                "condition": [],
                "effect": "Allow",
                "not_actions": [],
                "not_principals": [],
                "not_resources": [],
                "principals": [],
                "resources": [
                  "arn:aws:route53:::hostedzone/Z05189664XL679869QEY"
                ],
                "sid": ""
              }
            ],
            "version": "2012-10-17"
          }
        }
      ]
    },
    {
      "module": "module.akerl-dns",
      "mode": "managed",
      "type": "aws_iam_user",
      "name": "controller_certbot",
      "provider": "provider[\"registry.terraform.io/hashicorp/aws\"]",
      "instances": [
        {
          "schema_version": 0,
          "attributes": {
            "arn": "arn:aws:iam::764218738161:user/controller_certbot",
            "force_destroy": false,
            "id": "controller_certbot",
            "name": "controller_certbot",
            "path": "/",
            "permissions_boundary": null,
            "tags": {},
            "unique_id": "AIDA3D3X4QXYRQNL25OJQ"
          },
          "private": "bnVsbA=="
        }
      ]
    },
    {
      "module": "module.akerl-dns",
      "mode": "managed",
      "type": "aws_iam_user_policy",
      "name": "certbot_validation",
      "provider": "provider[\"registry.terraform.io/hashicorp/aws\"]",
      "instances": [
        {
          "schema_version": 0,
          "attributes": {
            "id": "controller_certbot:controller_certbot_validation",
            "name": "controller_certbot_validation",
            "name_prefix": null,
            "policy": "{\n  \"Version\": \"2012-10-17\",\n  \"Statement\": [\n    {\n      \"Sid\": \"\",\n      \"Effect\": \"Allow\",\n      \"Action\": \"route53:ListHostedZones\",\n      \"Resource\": \"*\"\n    },\n    {\n      \"Sid\": \"\",\n      \"Effect\": \"Allow\",\n      \"Action\": [\n        \"route53:ListResourceRecordSets\",\n        \"route53:GetHostedZone\",\n        \"route53:ChangeResourceRecordSets\"\n      ],\n      \"Resource\": \"arn:aws:route53:::hostedzone/Z05189664XL679869QEY\"\n    }\n  ]\n}",
            "user": "controller_certbot"
          },
          "private": "bnVsbA==",
          "dependencies": [
            "module.akerl-dns.aws_iam_user.controller_certbot",
            "module.akerl-dns.aws_route53_delegation_set.controller",
            "module.akerl-dns.module.controller_infra_home_certs_a-rwx_org.aws_route53_zone.this"
          ]
        }
      ]
    },
    {
      "module": "module.akerl-dns",
      "mode": "managed",
      "type": "aws_route53_delegation_set",
      "name": "controller",
      "provider": "provider[\"registry.terraform.io/hashicorp/aws\"]",
      "instances": [
        {
          "schema_version": 0,
          "attributes": {
            "id": "N03372166VBJ45E8XJ59",
            "name_servers": [
              "ns-1408.awsdns-48.org",
              "ns-1560.awsdns-03.co.uk",
              "ns-608.awsdns-12.net",
              "ns-99.awsdns-12.com"
            ],
            "reference_name": "controller"
          },
          "private": "bnVsbA=="
        }
      ]
    },
    {
      "module": "module.akerl-dns",
      "mode": "managed",
      "type": "aws_route53_delegation_set",
      "name": "main",
      "provider": "provider[\"registry.terraform.io/hashicorp/aws\"]",
      "instances": [
        {
          "schema_version": 0,
          "attributes": {
            "id": "N3C8AV2DA0N4N9",
            "name_servers": [
              "ns-1242.awsdns-27.org",
              "ns-1942.awsdns-50.co.uk",
              "ns-477.awsdns-59.com",
              "ns-808.awsdns-37.net"
            ],
            "reference_name": "main"
          }
        }
      ]
    },
    {
      "module": "module.akerl-dns",
      "mode": "managed",
      "type": "aws_route53_record",
      "name": "a_a-rwx_org",
      "provider": "provider[\"registry.terraform.io/hashicorp/aws\"]",
      "instances": [
        {
          "schema_version": 2,
          "attributes": {
            "alias": [
              {
                "evaluate_target_health": false,
                "name": "d1rqobv89rg0ff.cloudfront.net",
                "zone_id": "Z2FDTNDATAQYW2"
              }
            ],
            "allow_overwrite": null,
            "failover_routing_policy": [],
            "fqdn": "a-rwx.org",
            "geolocation_routing_policy": [],
            "health_check_id": "",
            "id": "Z1GSN0DUY7LO3I_a-rwx.org_A",
            "latency_routing_policy": [],
            "multivalue_answer_routing_policy": null,
            "name": "a-rwx.org",
            "records": [],
            "set_identifier": "",
            "ttl": 0,
            "type": "A",
            "weighted_routing_policy": [],
            "zone_id": "Z1GSN0DUY7LO3I"
          },
          "dependencies": [
            "module.account.aws_s3_bucket.logging",
            "module.akerl-blog.aws_cloudfront_distribution.file",
            "module.akerl-blog.aws_cloudfront_distribution.redirect",
            "module.akerl-blog.aws_s3_bucket.file",
            "module.akerl-blog.aws_s3_bucket.redirect",
            "module.akerl-blog.module.certificate.aws_acm_certificate.this",
            "module.akerl-blog.module.certificate.aws_acm_certificate_validation.this",
            "module.akerl-blog.module.certificate.aws_route53_record.validation",
            "module.akerl-dns.aws_route53_delegation_set.main",
            "module.akerl-dns.module.a-rwx_org.aws_route53_zone.this"
          ]
        }
      ]
    },
    {
      "module": "module.akerl-dns",
      "mode": "managed",
      "type": "aws_route53_record",
      "name": "a_akerl_com",
      "provider": "provider[\"registry.terraform.io/hashicorp/aws\"]",
      "instances": [
        {
          "schema_version": 2,
          "attributes": {
            "alias": [
              {
                "evaluate_target_health": false,
                "name": "d1rqobv89rg0ff.cloudfront.net",
                "zone_id": "Z2FDTNDATAQYW2"
              }
            ],
            "allow_overwrite": null,
            "failover_routing_policy": [],
            "fqdn": "akerl.com",
            "geolocation_routing_policy": [],
            "health_check_id": "",
            "id": "Z1EXF3DHNCLVFG_akerl.com_A",
            "latency_routing_policy": [],
            "multivalue_answer_routing_policy": null,
            "name": "akerl.com",
            "records": [],
            "set_identifier": "",
            "ttl": 0,
            "type": "A",
            "weighted_routing_policy": [],
            "zone_id": "Z1EXF3DHNCLVFG"
          },
          "dependencies": [
            "module.account.aws_s3_bucket.logging",
            "module.akerl-blog.aws_cloudfront_distribution.file",
            "module.akerl-blog.aws_cloudfront_distribution.redirect",
            "module.akerl-blog.aws_s3_bucket.file",
            "module.akerl-blog.aws_s3_bucket.redirect",
            "module.akerl-blog.module.certificate.aws_acm_certificate.this",
            "module.akerl-blog.module.certificate.aws_acm_certificate_validation.this",
            "module.akerl-blog.module.certificate.aws_route53_record.validation",
            "module.akerl-dns.aws_route53_delegation_set.main",
            "module.akerl-dns.module.akerl_com.aws_route53_zone.this"
          ]
        }
      ]
    },
    {
      "module": "module.akerl-dns",
      "mode": "managed",
      "type": "aws_route53_record",
      "name": "a_akerl_org",
      "provider": "provider[\"registry.terraform.io/hashicorp/aws\"]",
      "instances": [
        {
          "schema_version": 2,
          "attributes": {
            "alias": [
              {
                "evaluate_target_health": false,
                "name": "d1rqobv89rg0ff.cloudfront.net",
                "zone_id": "Z2FDTNDATAQYW2"
              }
            ],
            "allow_overwrite": null,
            "failover_routing_policy": [],
            "fqdn": "akerl.org",
            "geolocation_routing_policy": [],
            "health_check_id": "",
            "id": "Z1GXO6WRJN3B5T_akerl.org_A",
            "latency_routing_policy": [],
            "multivalue_answer_routing_policy": null,
            "name": "akerl.org",
            "records": [],
            "set_identifier": "",
            "ttl": 0,
            "type": "A",
            "weighted_routing_policy": [],
            "zone_id": "Z1GXO6WRJN3B5T"
          },
          "dependencies": [
            "module.account.aws_s3_bucket.logging",
            "module.akerl-blog.aws_cloudfront_distribution.file",
            "module.akerl-blog.aws_cloudfront_distribution.redirect",
            "module.akerl-blog.aws_s3_bucket.file",
            "module.akerl-blog.aws_s3_bucket.redirect",
            "module.akerl-blog.module.certificate.aws_acm_certificate.this",
            "module.akerl-blog.module.certificate.aws_acm_certificate_validation.this",
            "module.akerl-blog.module.certificate.aws_route53_record.validation",
            "module.akerl-dns.aws_route53_delegation_set.main",
            "module.akerl-dns.module.akerl_org.aws_route53_zone.this"
          ]
        }
      ]
    },
    {
      "module": "module.akerl-dns",
      "mode": "managed",
      "type": "aws_route53_record",
      "name": "a_auth_coolquotes_xyz",
      "provider": "provider[\"registry.terraform.io/hashicorp/aws\"]",
      "instances": [
        {
          "schema_version": 2,
          "attributes": {
            "alias": [
              {
                "evaluate_target_health": false,
                "name": "d1398ufz80zb1c.cloudfront.net",
                "zone_id": "Z2FDTNDATAQYW2"
              }
            ],
            "allow_overwrite": null,
            "failover_routing_policy": [],
            "fqdn": "auth.coolquotes.xyz",
            "geolocation_routing_policy": [],
            "health_check_id": "",
            "id": "Z8OAL9XXAA49Z_auth.coolquotes.xyz_A",
            "latency_routing_policy": [],
            "multivalue_answer_routing_policy": null,
            "name": "auth.coolquotes.xyz",
            "records": [],
            "set_identifier": "",
            "ttl": 0,
            "type": "A",
            "weighted_routing_policy": [],
            "zone_id": "Z8OAL9XXAA49Z"
          },
          "dependencies": [
            "module.account.aws_s3_bucket.logging",
            "module.akerl-blog.aws_cloudfront_distribution.file",
            "module.akerl-blog.aws_s3_bucket.file",
            "module.akerl-blog.module.certificate.aws_acm_certificate.this",
            "module.akerl-blog.module.certificate.aws_acm_certificate_validation.this",
            "module.akerl-blog.module.certificate.aws_route53_record.validation",
            "module.akerl-dns.aws_route53_delegation_set.main",
            "module.akerl-dns.module.coolquotes_xyz.aws_route53_zone.this",
            "module.akerl-quote-auth.module.apigw.aws_api_gateway_domain_name.this",
            "module.akerl-quote-auth.module.apigw.module.certificate.aws_acm_certificate.this",
            "module.akerl-quote-auth.module.apigw.module.certificate.aws_acm_certificate_validation.this",
            "module.akerl-quote-auth.module.apigw.module.certificate.aws_route53_record.validation"
          ]
        }
      ]
    },
    {
      "module": "module.akerl-dns",
      "mode": "managed",
      "type": "aws_route53_record",
      "name": "a_auth_scrtybybscrty_org",
      "provider": "provider[\"registry.terraform.io/hashicorp/aws\"]",
      "instances": [
        {
          "schema_version": 2,
          "attributes": {
            "alias": [
              {
                "evaluate_target_health": false,
                "name": "d62jwfzckrglk.cloudfront.net",
                "zone_id": "Z2FDTNDATAQYW2"
              }
            ],
            "allow_overwrite": null,
            "failover_routing_policy": [],
            "fqdn": "auth.scrtybybscrty.org",
            "geolocation_routing_policy": [],
            "health_check_id": "",
            "id": "Z11UY811DI2S1K_auth.scrtybybscrty.org_A",
            "latency_routing_policy": [],
            "multivalue_answer_routing_policy": null,
            "name": "auth.scrtybybscrty.org",
            "records": [],
            "set_identifier": "",
            "ttl": 0,
            "type": "A",
            "weighted_routing_policy": [],
            "zone_id": "Z11UY811DI2S1K"
          },
          "dependencies": [
            "module.account.aws_s3_bucket.logging",
            "module.akerl-blog.aws_cloudfront_distribution.file",
            "module.akerl-blog.aws_s3_bucket.file",
            "module.akerl-blog.module.certificate.aws_acm_certificate.this",
            "module.akerl-blog.module.certificate.aws_acm_certificate_validation.this",
            "module.akerl-blog.module.certificate.aws_route53_record.validation",
            "module.akerl-dns.aws_route53_delegation_set.main",
            "module.akerl-dns.module.scrtybybscrty_org.aws_route53_zone.this",
            "module.akerl-private-auth.module.apigw.aws_api_gateway_domain_name.this",
            "module.akerl-private-auth.module.apigw.module.certificate.aws_acm_certificate.this",
            "module.akerl-private-auth.module.apigw.module.certificate.aws_acm_certificate_validation.this",
            "module.akerl-private-auth.module.apigw.module.certificate.aws_route53_record.validation"
          ]
        }
      ]
    },
    {
      "module": "module.akerl-dns",
      "mode": "managed",
      "type": "aws_route53_record",
      "name": "a_blog_akerl_org",
      "provider": "provider[\"registry.terraform.io/hashicorp/aws\"]",
      "instances": [
        {
          "schema_version": 2,
          "attributes": {
            "alias": [
              {
                "evaluate_target_health": false,
                "name": "d1bw70pwuuwdo0.cloudfront.net",
                "zone_id": "Z2FDTNDATAQYW2"
              }
            ],
            "allow_overwrite": null,
            "failover_routing_policy": [],
            "fqdn": "blog.akerl.org",
            "geolocation_routing_policy": [],
            "health_check_id": "",
            "id": "Z1GXO6WRJN3B5T_blog.akerl.org_A",
            "latency_routing_policy": [],
            "multivalue_answer_routing_policy": null,
            "name": "blog.akerl.org",
            "records": [],
            "set_identifier": "",
            "ttl": 0,
            "type": "A",
            "weighted_routing_policy": [],
            "zone_id": "Z1GXO6WRJN3B5T"
          },
          "dependencies": [
            "module.account.aws_s3_bucket.logging",
            "module.akerl-blog.aws_cloudfront_distribution.file",
            "module.akerl-blog.aws_s3_bucket.file",
            "module.akerl-blog.module.certificate.aws_acm_certificate.this",
            "module.akerl-blog.module.certificate.aws_acm_certificate_validation.this",
            "module.akerl-blog.module.certificate.aws_route53_record.validation",
            "module.akerl-dns.aws_route53_delegation_set.main",
            "module.akerl-dns.module.akerl_org.aws_route53_zone.this"
          ]
        }
      ]
    },
    {
      "module": "module.akerl-dns",
      "mode": "managed",
      "type": "aws_route53_record",
      "name": "a_books_coolquotes_xyz",
      "provider": "provider[\"registry.terraform.io/hashicorp/aws\"]",
      "instances": [
        {
          "schema_version": 2,
          "attributes": {
            "alias": [
              {
                "evaluate_target_health": false,
                "name": "d3iukmmdtej1e4.cloudfront.net",
                "zone_id": "Z2FDTNDATAQYW2"
              }
            ],
            "allow_overwrite": null,
            "failover_routing_policy": [],
            "fqdn": "books.coolquotes.xyz",
            "geolocation_routing_policy": [],
            "health_check_id": "",
            "id": "Z8OAL9XXAA49Z_books.coolquotes.xyz_A",
            "latency_routing_policy": [],
            "multivalue_answer_routing_policy": null,
            "name": "books.coolquotes.xyz",
            "records": [],
            "set_identifier": "",
            "ttl": 0,
            "type": "A",
            "weighted_routing_policy": [],
            "zone_id": "Z8OAL9XXAA49Z"
          },
          "dependencies": [
            "module.account.aws_s3_bucket.logging",
            "module.akerl-blog.aws_cloudfront_distribution.file",
            "module.akerl-blog.aws_s3_bucket.file",
            "module.akerl-blog.module.certificate.aws_acm_certificate.this",
            "module.akerl-blog.module.certificate.aws_acm_certificate_validation.this",
            "module.akerl-blog.module.certificate.aws_route53_record.validation",
            "module.akerl-books-library.module.apigw.aws_api_gateway_domain_name.this",
            "module.akerl-books-library.module.apigw.module.certificate.aws_acm_certificate.this",
            "module.akerl-books-library.module.apigw.module.certificate.aws_acm_certificate_validation.this",
            "module.akerl-books-library.module.apigw.module.certificate.aws_route53_record.validation",
            "module.akerl-dns.aws_route53_delegation_set.main",
            "module.akerl-dns.module.coolquotes_xyz.aws_route53_zone.this"
          ]
        }
      ]
    },
    {
      "module": "module.akerl-dns",
      "mode": "managed",
      "type": "aws_route53_record",
      "name": "a_controller_infra_home_a-rwx_org",
      "provider": "provider[\"registry.terraform.io/hashicorp/aws\"]",
      "instances": [
        {
          "schema_version": 2,
          "attributes": {
            "alias": [],
            "allow_overwrite": null,
            "failover_routing_policy": [],
            "fqdn": "controller.infra.home.a-rwx.org",
            "geolocation_routing_policy": [],
            "health_check_id": "",
            "id": "Z1GSN0DUY7LO3I_controller.infra.home.a-rwx.org_A",
            "latency_routing_policy": [],
            "multivalue_answer_routing_policy": null,
            "name": "controller.infra.home.a-rwx.org",
            "records": [
              "10.0.0.10"
            ],
            "set_identifier": "",
            "ttl": 60,
            "type": "A",
            "weighted_routing_policy": [],
            "zone_id": "Z1GSN0DUY7LO3I"
          },
          "private": "eyJzY2hlbWFfdmVyc2lvbiI6IjIifQ==",
          "dependencies": [
            "module.akerl-dns.module.a-rwx_org.aws_route53_zone.this"
          ]
        }
      ]
    },
    {
      "module": "module.akerl-dns",
      "mode": "managed",
      "type": "aws_route53_record",
      "name": "a_dcs_coolquotes_xyz",
      "provider": "provider[\"registry.terraform.io/hashicorp/aws\"]",
      "instances": [
        {
          "schema_version": 2,
          "attributes": {
            "alias": [
              {
                "evaluate_target_health": false,
                "name": "d27f42y68vvkmg.cloudfront.net",
                "zone_id": "Z2FDTNDATAQYW2"
              }
            ],
            "allow_overwrite": null,
            "failover_routing_policy": [],
            "fqdn": "dcs.coolquotes.xyz",
            "geolocation_routing_policy": [],
            "health_check_id": "",
            "id": "Z8OAL9XXAA49Z_dcs.coolquotes.xyz_A",
            "latency_routing_policy": [],
            "multivalue_answer_routing_policy": null,
            "name": "dcs.coolquotes.xyz",
            "records": [],
            "set_identifier": "",
            "ttl": 0,
            "type": "A",
            "weighted_routing_policy": [],
            "zone_id": "Z8OAL9XXAA49Z"
          },
          "dependencies": [
            "module.account.aws_s3_bucket.logging",
            "module.akerl-blog.aws_cloudfront_distribution.file",
            "module.akerl-blog.aws_s3_bucket.file",
            "module.akerl-blog.module.certificate.aws_acm_certificate.this",
            "module.akerl-blog.module.certificate.aws_acm_certificate_validation.this",
            "module.akerl-blog.module.certificate.aws_route53_record.validation",
            "module.akerl-dcs-library.module.apigw.aws_api_gateway_domain_name.this",
            "module.akerl-dcs-library.module.apigw.module.certificate.aws_acm_certificate.this",
            "module.akerl-dcs-library.module.apigw.module.certificate.aws_acm_certificate_validation.this",
            "module.akerl-dcs-library.module.apigw.module.certificate.aws_route53_record.validation",
            "module.akerl-dns.aws_route53_delegation_set.main",
            "module.akerl-dns.module.coolquotes_xyz.aws_route53_zone.this"
          ]
        }
      ]
    },
    {
      "module": "module.akerl-dns",
      "mode": "managed",
      "type": "aws_route53_record",
      "name": "a_files_scrtybybscrty_org",
      "provider": "provider[\"registry.terraform.io/hashicorp/aws\"]",
      "instances": [
        {
          "schema_version": 2,
          "attributes": {
            "alias": [
              {
                "evaluate_target_health": false,
                "name": "dlo0riio86e63.cloudfront.net",
                "zone_id": "Z2FDTNDATAQYW2"
              }
            ],
            "allow_overwrite": null,
            "failover_routing_policy": [],
            "fqdn": "files.scrtybybscrty.org",
            "geolocation_routing_policy": [],
            "health_check_id": "",
            "id": "Z11UY811DI2S1K_files.scrtybybscrty.org_A",
            "latency_routing_policy": [],
            "multivalue_answer_routing_policy": null,
            "name": "files.scrtybybscrty.org",
            "records": [],
            "set_identifier": "",
            "ttl": 0,
            "type": "A",
            "weighted_routing_policy": [],
            "zone_id": "Z11UY811DI2S1K"
          },
          "dependencies": [
            "module.account.aws_s3_bucket.logging",
            "module.akerl-blog.aws_cloudfront_distribution.file",
            "module.akerl-blog.aws_s3_bucket.file",
            "module.akerl-blog.module.certificate.aws_acm_certificate.this",
            "module.akerl-blog.module.certificate.aws_acm_certificate_validation.this",
            "module.akerl-blog.module.certificate.aws_route53_record.validation",
            "module.akerl-dns.aws_route53_delegation_set.main",
            "module.akerl-dns.module.scrtybybscrty_org.aws_route53_zone.this",
            "module.akerl-private-files.module.apigw.aws_api_gateway_domain_name.this",
            "module.akerl-private-files.module.apigw.module.certificate.aws_acm_certificate.this",
            "module.akerl-private-files.module.apigw.module.certificate.aws_acm_certificate_validation.this",
            "module.akerl-private-files.module.apigw.module.certificate.aws_route53_record.validation"
          ]
        }
      ]
    },
    {
      "module": "module.akerl-dns",
      "mode": "managed",
      "type": "aws_route53_record",
      "name": "a_happilyeveraker_com",
      "provider": "provider[\"registry.terraform.io/hashicorp/aws\"]",
      "instances": [
        {
          "schema_version": 2,
          "attributes": {
            "alias": [
              {
                "evaluate_target_health": false,
                "name": "d28rmrxunttz4a.cloudfront.net",
                "zone_id": "Z2FDTNDATAQYW2"
              }
            ],
            "allow_overwrite": null,
            "failover_routing_policy": [],
            "fqdn": "happilyeveraker.com",
            "geolocation_routing_policy": [],
            "health_check_id": "",
            "id": "Z2ZXZ7VFSXR5E7_happilyeveraker.com_A",
            "latency_routing_policy": [],
            "multivalue_answer_routing_policy": null,
            "name": "happilyeveraker.com",
            "records": [],
            "set_identifier": "",
            "ttl": 0,
            "type": "A",
            "weighted_routing_policy": [],
            "zone_id": "Z2ZXZ7VFSXR5E7"
          },
          "dependencies": [
            "module.account.aws_s3_bucket.logging",
            "module.akerl-blog.aws_cloudfront_distribution.file",
            "module.akerl-blog.aws_s3_bucket.file",
            "module.akerl-blog.module.certificate.aws_acm_certificate.this",
            "module.akerl-blog.module.certificate.aws_acm_certificate_validation.this",
            "module.akerl-blog.module.certificate.aws_route53_record.validation",
            "module.akerl-dns.aws_route53_delegation_set.main",
            "module.akerl-dns.module.happilyeveraker_com.aws_route53_zone.this",
            "module.akerl-wedding.aws_cloudfront_distribution.redirect_distribution",
            "module.akerl-wedding.aws_s3_bucket.redirect_bucket",
            "module.akerl-wedding.module.certificate.aws_acm_certificate.this",
            "module.akerl-wedding.module.certificate.aws_acm_certificate_validation.this",
            "module.akerl-wedding.module.certificate.aws_route53_record.validation"
          ]
        }
      ]
    },
    {
      "module": "module.akerl-dns",
      "mode": "managed",
      "type": "aws_route53_record",
      "name": "a_hf_coolquotes_xyz",
      "provider": "provider[\"registry.terraform.io/hashicorp/aws\"]",
      "instances": [
        {
          "schema_version": 2,
          "attributes": {
            "alias": [
              {
                "evaluate_target_health": false,
                "name": "d2i7ns0mouro3n.cloudfront.net",
                "zone_id": "Z2FDTNDATAQYW2"
              }
            ],
            "allow_overwrite": null,
            "failover_routing_policy": [],
            "fqdn": "hf.coolquotes.xyz",
            "geolocation_routing_policy": [],
            "health_check_id": "",
            "id": "Z8OAL9XXAA49Z_hf.coolquotes.xyz_A",
            "latency_routing_policy": [],
            "multivalue_answer_routing_policy": null,
            "name": "hf.coolquotes.xyz",
            "records": [],
            "set_identifier": "",
            "ttl": 0,
            "type": "A",
            "weighted_routing_policy": [],
            "zone_id": "Z8OAL9XXAA49Z"
          },
          "dependencies": [
            "module.account.aws_s3_bucket.logging",
            "module.akerl-blog.aws_cloudfront_distribution.file",
            "module.akerl-blog.aws_s3_bucket.file",
            "module.akerl-blog.module.certificate.aws_acm_certificate.this",
            "module.akerl-blog.module.certificate.aws_acm_certificate_validation.this",
            "module.akerl-blog.module.certificate.aws_route53_record.validation",
            "module.akerl-dns.aws_route53_delegation_set.main",
            "module.akerl-dns.module.coolquotes_xyz.aws_route53_zone.this",
            "module.akerl-hf-library.module.apigw.aws_api_gateway_domain_name.this",
            "module.akerl-hf-library.module.apigw.module.certificate.aws_acm_certificate.this",
            "module.akerl-hf-library.module.apigw.module.certificate.aws_acm_certificate_validation.this",
            "module.akerl-hf-library.module.apigw.module.certificate.aws_route53_record.validation"
          ]
        }
      ]
    },
    {
      "module": "module.akerl-dns",
      "mode": "managed",
      "type": "aws_route53_record",
      "name": "a_id-ed25519_pub",
      "provider": "provider[\"registry.terraform.io/hashicorp/aws\"]",
      "instances": [
        {
          "schema_version": 2,
          "attributes": {
            "alias": [
              {
                "evaluate_target_health": false,
                "name": "d1x4h1p4ky05i1.cloudfront.net",
                "zone_id": "Z2FDTNDATAQYW2"
              }
            ],
            "allow_overwrite": null,
            "failover_routing_policy": [],
            "fqdn": "id-ed25519.pub",
            "geolocation_routing_policy": [],
            "health_check_id": "",
            "id": "Z23K6MA9HYNB2L_id-ed25519.pub_A",
            "latency_routing_policy": [],
            "multivalue_answer_routing_policy": null,
            "name": "id-ed25519.pub",
            "records": [],
            "set_identifier": "",
            "ttl": 0,
            "type": "A",
            "weighted_routing_policy": [],
            "zone_id": "Z23K6MA9HYNB2L"
          },
          "dependencies": [
            "module.account.aws_s3_bucket.logging",
            "module.akerl-blog.aws_cloudfront_distribution.file",
            "module.akerl-blog.aws_s3_bucket.file",
            "module.akerl-blog.module.certificate.aws_acm_certificate.this",
            "module.akerl-blog.module.certificate.aws_acm_certificate_validation.this",
            "module.akerl-blog.module.certificate.aws_route53_record.validation",
            "module.akerl-dns.aws_route53_delegation_set.main",
            "module.akerl-dns.module.id-ed25519_pub.aws_route53_zone.this",
            "module.akerl-keys.aws_cloudfront_distribution.file",
            "module.akerl-keys.aws_s3_bucket.file",
            "module.akerl-keys.module.certificate.aws_acm_certificate.this",
            "module.akerl-keys.module.certificate.aws_acm_certificate_validation.this",
            "module.akerl-keys.module.certificate.aws_route53_record.validation"
          ]
        }
      ]
    },
    {
      "module": "module.akerl-dns",
      "mode": "managed",
      "type": "aws_route53_record",
      "name": "a_kellywatts_com",
      "provider": "provider[\"registry.terraform.io/hashicorp/aws\"]",
      "instances": [
        {
          "schema_version": 2,
          "attributes": {
            "alias": [],
            "allow_overwrite": null,
            "failover_routing_policy": [],
            "fqdn": "kellywatts.com",
            "geolocation_routing_policy": [],
            "health_check_id": "",
            "id": "Z2DQ7RUJQNTQI5_kellywatts.com_A",
            "latency_routing_policy": [],
            "multivalue_answer_routing_policy": null,
            "name": "kellywatts.com",
            "records": [
              "66.6.44.4"
            ],
            "set_identifier": "",
            "ttl": 86400,
            "type": "A",
            "weighted_routing_policy": [],
            "zone_id": "Z2DQ7RUJQNTQI5"
          },
          "dependencies": [
            "module.akerl-dns.aws_route53_delegation_set.main",
            "module.akerl-dns.module.kellywatts_com.aws_route53_zone.this"
          ]
        }
      ]
    },
    {
      "module": "module.akerl-dns",
      "mode": "managed",
      "type": "aws_route53_record",
      "name": "a_lesaker_com",
      "provider": "provider[\"registry.terraform.io/hashicorp/aws\"]",
      "instances": [
        {
          "schema_version": 2,
          "attributes": {
            "alias": [
              {
                "evaluate_target_health": false,
                "name": "d1rqobv89rg0ff.cloudfront.net",
                "zone_id": "Z2FDTNDATAQYW2"
              }
            ],
            "allow_overwrite": null,
            "failover_routing_policy": [],
            "fqdn": "lesaker.com",
            "geolocation_routing_policy": [],
            "health_check_id": "",
            "id": "Z12UG2AR1236YD_lesaker.com_A",
            "latency_routing_policy": [],
            "multivalue_answer_routing_policy": null,
            "name": "lesaker.com",
            "records": [],
            "set_identifier": "",
            "ttl": 0,
            "type": "A",
            "weighted_routing_policy": [],
            "zone_id": "Z12UG2AR1236YD"
          },
          "dependencies": [
            "module.account.aws_s3_bucket.logging",
            "module.akerl-blog.aws_cloudfront_distribution.file",
            "module.akerl-blog.aws_cloudfront_distribution.redirect",
            "module.akerl-blog.aws_s3_bucket.file",
            "module.akerl-blog.aws_s3_bucket.redirect",
            "module.akerl-blog.module.certificate.aws_acm_certificate.this",
            "module.akerl-blog.module.certificate.aws_acm_certificate_validation.this",
            "module.akerl-blog.module.certificate.aws_route53_record.validation",
            "module.akerl-dns.aws_route53_delegation_set.main",
            "module.akerl-dns.module.lesaker_com.aws_route53_zone.this"
          ]
        }
      ]
    },
    {
      "module": "module.akerl-dns",
      "mode": "managed",
      "type": "aws_route53_record",
      "name": "a_lesaker_org",
      "provider": "provider[\"registry.terraform.io/hashicorp/aws\"]",
      "instances": [
        {
          "schema_version": 2,
          "attributes": {
            "alias": [
              {
                "evaluate_target_health": false,
                "name": "d1rqobv89rg0ff.cloudfront.net",
                "zone_id": "Z2FDTNDATAQYW2"
              }
            ],
            "allow_overwrite": null,
            "failover_routing_policy": [],
            "fqdn": "lesaker.org",
            "geolocation_routing_policy": [],
            "health_check_id": "",
            "id": "Z3RU5N2GAL6D4W_lesaker.org_A",
            "latency_routing_policy": [],
            "multivalue_answer_routing_policy": null,
            "name": "lesaker.org",
            "records": [],
            "set_identifier": "",
            "ttl": 0,
            "type": "A",
            "weighted_routing_policy": [],
            "zone_id": "Z3RU5N2GAL6D4W"
          },
          "dependencies": [
            "module.account.aws_s3_bucket.logging",
            "module.akerl-blog.aws_cloudfront_distribution.file",
            "module.akerl-blog.aws_cloudfront_distribution.redirect",
            "module.akerl-blog.aws_s3_bucket.file",
            "module.akerl-blog.aws_s3_bucket.redirect",
            "module.akerl-blog.module.certificate.aws_acm_certificate.this",
            "module.akerl-blog.module.certificate.aws_acm_certificate_validation.this",
            "module.akerl-blog.module.certificate.aws_route53_record.validation",
            "module.akerl-dns.aws_route53_delegation_set.main",
            "module.akerl-dns.module.lesaker_org.aws_route53_zone.this"
          ]
        }
      ]
    },
    {
      "module": "module.akerl-dns",
      "mode": "managed",
      "type": "aws_route53_record",
      "name": "a_littlesnitch_scrtybybscrty_org",
      "provider": "provider[\"registry.terraform.io/hashicorp/aws\"]",
      "instances": [
        {
          "schema_version": 2,
          "attributes": {
            "alias": [
              {
                "evaluate_target_health": false,
                "name": "d121rvu3mnm3b6.cloudfront.net",
                "zone_id": "Z2FDTNDATAQYW2"
              }
            ],
            "allow_overwrite": null,
            "failover_routing_policy": [],
            "fqdn": "littlesnitch.scrtybybscrty.org",
            "geolocation_routing_policy": [],
            "health_check_id": "",
            "id": "Z11UY811DI2S1K_littlesnitch.scrtybybscrty.org_A",
            "latency_routing_policy": [],
            "multivalue_answer_routing_policy": null,
            "name": "littlesnitch.scrtybybscrty.org",
            "records": [],
            "set_identifier": "",
            "ttl": 0,
            "type": "A",
            "weighted_routing_policy": [],
            "zone_id": "Z11UY811DI2S1K"
          },
          "dependencies": [
            "module.account.aws_s3_bucket.logging",
            "module.akerl-blog.aws_cloudfront_distribution.file",
            "module.akerl-blog.aws_s3_bucket.file",
            "module.akerl-blog.module.certificate.aws_acm_certificate.this",
            "module.akerl-blog.module.certificate.aws_acm_certificate_validation.this",
            "module.akerl-blog.module.certificate.aws_route53_record.validation",
            "module.akerl-dns.aws_route53_delegation_set.main",
            "module.akerl-dns.module.scrtybybscrty_org.aws_route53_zone.this",
            "module.akerl-littlesnitch-rules.aws_cloudfront_distribution.file",
            "module.akerl-littlesnitch-rules.aws_s3_bucket.file",
            "module.akerl-littlesnitch-rules.module.certificate.aws_acm_certificate.this",
            "module.akerl-littlesnitch-rules.module.certificate.aws_acm_certificate_validation.this",
            "module.akerl-littlesnitch-rules.module.certificate.aws_route53_record.validation"
          ]
        }
      ]
    },
    {
      "module": "module.akerl-dns",
      "mode": "managed",
      "type": "aws_route53_record",
      "name": "a_repo_scrtybybscrty_org",
      "provider": "provider[\"registry.terraform.io/hashicorp/aws\"]",
      "instances": [
        {
          "schema_version": 2,
          "attributes": {
            "alias": [
              {
                "evaluate_target_health": false,
                "name": "d3b0h0je7nbicg.cloudfront.net",
                "zone_id": "Z2FDTNDATAQYW2"
              }
            ],
            "allow_overwrite": null,
            "failover_routing_policy": [],
            "fqdn": "repo.scrtybybscrty.org",
            "geolocation_routing_policy": [],
            "health_check_id": "",
            "id": "Z11UY811DI2S1K_repo.scrtybybscrty.org_A",
            "latency_routing_policy": [],
            "multivalue_answer_routing_policy": null,
            "name": "repo.scrtybybscrty.org",
            "records": [],
            "set_identifier": "",
            "ttl": 0,
            "type": "A",
            "weighted_routing_policy": [],
            "zone_id": "Z11UY811DI2S1K"
          },
          "dependencies": [
            "module.account.aws_s3_bucket.logging",
            "module.akerl-blog.aws_cloudfront_distribution.file",
            "module.akerl-blog.aws_s3_bucket.file",
            "module.akerl-blog.module.certificate.aws_acm_certificate.this",
            "module.akerl-blog.module.certificate.aws_acm_certificate_validation.this",
            "module.akerl-blog.module.certificate.aws_route53_record.validation",
            "module.akerl-dns.aws_route53_delegation_set.main",
            "module.akerl-dns.module.scrtybybscrty_org.aws_route53_zone.this",
            "module.amylum-repo.aws_cloudfront_distribution.file",
            "module.amylum-repo.aws_s3_bucket.file",
            "module.amylum-repo.module.certificate.aws_acm_certificate.this",
            "module.amylum-repo.module.certificate.aws_acm_certificate_validation.this",
            "module.amylum-repo.module.certificate.aws_route53_record.validation"
          ]
        }
      ]
    },
    {
      "module": "module.akerl-dns",
      "mode": "managed",
      "type": "aws_route53_record",
      "name": "a_scratch_scrtybybscrty_org",
      "provider": "provider[\"registry.terraform.io/hashicorp/aws\"]",
      "instances": [
        {
          "schema_version": 2,
          "attributes": {
            "alias": [
              {
                "evaluate_target_health": false,
                "name": "d11laxkl3xppse.cloudfront.net",
                "zone_id": "Z2FDTNDATAQYW2"
              }
            ],
            "allow_overwrite": null,
            "failover_routing_policy": [],
            "fqdn": "scratch.scrtybybscrty.org",
            "geolocation_routing_policy": [],
            "health_check_id": "",
            "id": "Z11UY811DI2S1K_scratch.scrtybybscrty.org_A",
            "latency_routing_policy": [],
            "multivalue_answer_routing_policy": null,
            "name": "scratch.scrtybybscrty.org",
            "records": [],
            "set_identifier": "",
            "ttl": 0,
            "type": "A",
            "weighted_routing_policy": [],
            "zone_id": "Z11UY811DI2S1K"
          },
          "dependencies": [
            "module.account.aws_s3_bucket.logging",
            "module.akerl-blog.aws_cloudfront_distribution.file",
            "module.akerl-blog.aws_s3_bucket.file",
            "module.akerl-blog.module.certificate.aws_acm_certificate.this",
            "module.akerl-blog.module.certificate.aws_acm_certificate_validation.this",
            "module.akerl-blog.module.certificate.aws_route53_record.validation",
            "module.akerl-dns.aws_route53_delegation_set.main",
            "module.akerl-dns.module.scrtybybscrty_org.aws_route53_zone.this",
            "module.akerl-scratch.aws_cloudfront_distribution.file",
            "module.akerl-scratch.aws_s3_bucket.file",
            "module.akerl-scratch.module.certificate.aws_acm_certificate.this",
            "module.akerl-scratch.module.certificate.aws_acm_certificate_validation.this",
            "module.akerl-scratch.module.certificate.aws_route53_record.validation"
          ]
        }
      ]
    },
    {
      "module": "module.akerl-dns",
      "mode": "managed",
      "type": "aws_route53_record",
      "name": "a_scrtybybscrty_org",
      "provider": "provider[\"registry.terraform.io/hashicorp/aws\"]",
      "instances": [
        {
          "schema_version": 2,
          "attributes": {
            "alias": [
              {
                "evaluate_target_health": false,
                "name": "d1rqobv89rg0ff.cloudfront.net",
                "zone_id": "Z2FDTNDATAQYW2"
              }
            ],
            "allow_overwrite": null,
            "failover_routing_policy": [],
            "fqdn": "scrtybybscrty.org",
            "geolocation_routing_policy": [],
            "health_check_id": "",
            "id": "Z11UY811DI2S1K_scrtybybscrty.org_A",
            "latency_routing_policy": [],
            "multivalue_answer_routing_policy": null,
            "name": "scrtybybscrty.org",
            "records": [],
            "set_identifier": "",
            "ttl": 0,
            "type": "A",
            "weighted_routing_policy": [],
            "zone_id": "Z11UY811DI2S1K"
          },
          "dependencies": [
            "module.account.aws_s3_bucket.logging",
            "module.akerl-blog.aws_cloudfront_distribution.file",
            "module.akerl-blog.aws_cloudfront_distribution.redirect",
            "module.akerl-blog.aws_s3_bucket.file",
            "module.akerl-blog.aws_s3_bucket.redirect",
            "module.akerl-blog.module.certificate.aws_acm_certificate.this",
            "module.akerl-blog.module.certificate.aws_acm_certificate_validation.this",
            "module.akerl-blog.module.certificate.aws_route53_record.validation",
            "module.akerl-dns.aws_route53_delegation_set.main",
            "module.akerl-dns.module.scrtybybscrty_org.aws_route53_zone.this"
          ]
        }
      ]
    },
    {
      "module": "module.akerl-dns",
      "mode": "managed",
      "type": "aws_route53_record",
      "name": "a_share_coolquotes_xyz",
      "provider": "provider[\"registry.terraform.io/hashicorp/aws\"]",
      "instances": [
        {
          "schema_version": 2,
          "attributes": {
            "alias": [
              {
                "evaluate_target_health": false,
                "name": "dc03x1y03yy6b.cloudfront.net",
                "zone_id": "Z2FDTNDATAQYW2"
              }
            ],
            "allow_overwrite": null,
            "failover_routing_policy": [],
            "fqdn": "share.coolquotes.xyz",
            "geolocation_routing_policy": [],
            "health_check_id": "",
            "id": "Z8OAL9XXAA49Z_share.coolquotes.xyz_A",
            "latency_routing_policy": [],
            "multivalue_answer_routing_policy": null,
            "name": "share.coolquotes.xyz",
            "records": [],
            "set_identifier": "",
            "ttl": 0,
            "type": "A",
            "weighted_routing_policy": [],
            "zone_id": "Z8OAL9XXAA49Z"
          },
          "dependencies": [
            "module.account.aws_s3_bucket.logging",
            "module.akerl-blog.aws_cloudfront_distribution.file",
            "module.akerl-blog.aws_s3_bucket.file",
            "module.akerl-blog.module.certificate.aws_acm_certificate.this",
            "module.akerl-blog.module.certificate.aws_acm_certificate_validation.this",
            "module.akerl-blog.module.certificate.aws_route53_record.validation",
            "module.akerl-coolquotes-share.module.apigw.aws_api_gateway_domain_name.this",
            "module.akerl-coolquotes-share.module.apigw.module.certificate.aws_acm_certificate.this",
            "module.akerl-coolquotes-share.module.apigw.module.certificate.aws_acm_certificate_validation.this",
            "module.akerl-coolquotes-share.module.apigw.module.certificate.aws_route53_record.validation",
            "module.akerl-dns.aws_route53_delegation_set.main",
            "module.akerl-dns.module.coolquotes_xyz.aws_route53_zone.this"
          ]
        }
      ]
    },
    {
      "module": "module.akerl-dns",
      "mode": "managed",
      "type": "aws_route53_record",
      "name": "a_www_a-rwx_org",
      "provider": "provider[\"registry.terraform.io/hashicorp/aws\"]",
      "instances": [
        {
          "schema_version": 2,
          "attributes": {
            "alias": [
              {
                "evaluate_target_health": false,
                "name": "d1rqobv89rg0ff.cloudfront.net",
                "zone_id": "Z2FDTNDATAQYW2"
              }
            ],
            "allow_overwrite": null,
            "failover_routing_policy": [],
            "fqdn": "www.a-rwx.org",
            "geolocation_routing_policy": [],
            "health_check_id": "",
            "id": "Z1GSN0DUY7LO3I_www.a-rwx.org_A",
            "latency_routing_policy": [],
            "multivalue_answer_routing_policy": null,
            "name": "www.a-rwx.org",
            "records": [],
            "set_identifier": "",
            "ttl": 0,
            "type": "A",
            "weighted_routing_policy": [],
            "zone_id": "Z1GSN0DUY7LO3I"
          },
          "dependencies": [
            "module.account.aws_s3_bucket.logging",
            "module.akerl-blog.aws_cloudfront_distribution.file",
            "module.akerl-blog.aws_cloudfront_distribution.redirect",
            "module.akerl-blog.aws_s3_bucket.file",
            "module.akerl-blog.aws_s3_bucket.redirect",
            "module.akerl-blog.module.certificate.aws_acm_certificate.this",
            "module.akerl-blog.module.certificate.aws_acm_certificate_validation.this",
            "module.akerl-blog.module.certificate.aws_route53_record.validation",
            "module.akerl-dns.aws_route53_delegation_set.main",
            "module.akerl-dns.module.a-rwx_org.aws_route53_zone.this"
          ]
        }
      ]
    },
    {
      "module": "module.akerl-dns",
      "mode": "managed",
      "type": "aws_route53_record",
      "name": "a_www_akerl_com",
      "provider": "provider[\"registry.terraform.io/hashicorp/aws\"]",
      "instances": [
        {
          "schema_version": 2,
          "attributes": {
            "alias": [
              {
                "evaluate_target_health": false,
                "name": "d1rqobv89rg0ff.cloudfront.net",
                "zone_id": "Z2FDTNDATAQYW2"
              }
            ],
            "allow_overwrite": null,
            "failover_routing_policy": [],
            "fqdn": "www.akerl.com",
            "geolocation_routing_policy": [],
            "health_check_id": "",
            "id": "Z1EXF3DHNCLVFG_www.akerl.com_A",
            "latency_routing_policy": [],
            "multivalue_answer_routing_policy": null,
            "name": "www.akerl.com",
            "records": [],
            "set_identifier": "",
            "ttl": 0,
            "type": "A",
            "weighted_routing_policy": [],
            "zone_id": "Z1EXF3DHNCLVFG"
          },
          "dependencies": [
            "module.account.aws_s3_bucket.logging",
            "module.akerl-blog.aws_cloudfront_distribution.file",
            "module.akerl-blog.aws_cloudfront_distribution.redirect",
            "module.akerl-blog.aws_s3_bucket.file",
            "module.akerl-blog.aws_s3_bucket.redirect",
            "module.akerl-blog.module.certificate.aws_acm_certificate.this",
            "module.akerl-blog.module.certificate.aws_acm_certificate_validation.this",
            "module.akerl-blog.module.certificate.aws_route53_record.validation",
            "module.akerl-dns.aws_route53_delegation_set.main",
            "module.akerl-dns.module.akerl_com.aws_route53_zone.this"
          ]
        }
      ]
    },
    {
      "module": "module.akerl-dns",
      "mode": "managed",
      "type": "aws_route53_record",
      "name": "a_www_akerl_org",
      "provider": "provider[\"registry.terraform.io/hashicorp/aws\"]",
      "instances": [
        {
          "schema_version": 2,
          "attributes": {
            "alias": [
              {
                "evaluate_target_health": false,
                "name": "d1rqobv89rg0ff.cloudfront.net",
                "zone_id": "Z2FDTNDATAQYW2"
              }
            ],
            "allow_overwrite": null,
            "failover_routing_policy": [],
            "fqdn": "www.akerl.org",
            "geolocation_routing_policy": [],
            "health_check_id": "",
            "id": "Z1GXO6WRJN3B5T_www.akerl.org_A",
            "latency_routing_policy": [],
            "multivalue_answer_routing_policy": null,
            "name": "www.akerl.org",
            "records": [],
            "set_identifier": "",
            "ttl": 0,
            "type": "A",
            "weighted_routing_policy": [],
            "zone_id": "Z1GXO6WRJN3B5T"
          },
          "dependencies": [
            "module.account.aws_s3_bucket.logging",
            "module.akerl-blog.aws_cloudfront_distribution.file",
            "module.akerl-blog.aws_cloudfront_distribution.redirect",
            "module.akerl-blog.aws_s3_bucket.file",
            "module.akerl-blog.aws_s3_bucket.redirect",
            "module.akerl-blog.module.certificate.aws_acm_certificate.this",
            "module.akerl-blog.module.certificate.aws_acm_certificate_validation.this",
            "module.akerl-blog.module.certificate.aws_route53_record.validation",
            "module.akerl-dns.aws_route53_delegation_set.main",
            "module.akerl-dns.module.akerl_org.aws_route53_zone.this"
          ]
        }
      ]
    },
    {
      "module": "module.akerl-dns",
      "mode": "managed",
      "type": "aws_route53_record",
      "name": "a_www_happilyeveraker_com",
      "provider": "provider[\"registry.terraform.io/hashicorp/aws\"]",
      "instances": [
        {
          "schema_version": 2,
          "attributes": {
            "alias": [
              {
                "evaluate_target_health": false,
                "name": "d28rmrxunttz4a.cloudfront.net",
                "zone_id": "Z2FDTNDATAQYW2"
              }
            ],
            "allow_overwrite": null,
            "failover_routing_policy": [],
            "fqdn": "www.happilyeveraker.com",
            "geolocation_routing_policy": [],
            "health_check_id": "",
            "id": "Z2ZXZ7VFSXR5E7_www.happilyeveraker.com_A",
            "latency_routing_policy": [],
            "multivalue_answer_routing_policy": null,
            "name": "www.happilyeveraker.com",
            "records": [],
            "set_identifier": "",
            "ttl": 0,
            "type": "A",
            "weighted_routing_policy": [],
            "zone_id": "Z2ZXZ7VFSXR5E7"
          },
          "dependencies": [
            "module.account.aws_s3_bucket.logging",
            "module.akerl-blog.aws_cloudfront_distribution.file",
            "module.akerl-blog.aws_s3_bucket.file",
            "module.akerl-blog.module.certificate.aws_acm_certificate.this",
            "module.akerl-blog.module.certificate.aws_acm_certificate_validation.this",
            "module.akerl-blog.module.certificate.aws_route53_record.validation",
            "module.akerl-dns.aws_route53_delegation_set.main",
            "module.akerl-dns.module.happilyeveraker_com.aws_route53_zone.this",
            "module.akerl-wedding.aws_cloudfront_distribution.redirect_distribution",
            "module.akerl-wedding.aws_s3_bucket.redirect_bucket",
            "module.akerl-wedding.module.certificate.aws_acm_certificate.this",
            "module.akerl-wedding.module.certificate.aws_acm_certificate_validation.this",
            "module.akerl-wedding.module.certificate.aws_route53_record.validation"
          ]
        }
      ]
    },
    {
      "module": "module.akerl-dns",
      "mode": "managed",
      "type": "aws_route53_record",
      "name": "a_www_lesaker_com",
      "provider": "provider[\"registry.terraform.io/hashicorp/aws\"]",
      "instances": [
        {
          "schema_version": 2,
          "attributes": {
            "alias": [
              {
                "evaluate_target_health": false,
                "name": "d1rqobv89rg0ff.cloudfront.net",
                "zone_id": "Z2FDTNDATAQYW2"
              }
            ],
            "allow_overwrite": null,
            "failover_routing_policy": [],
            "fqdn": "www.lesaker.com",
            "geolocation_routing_policy": [],
            "health_check_id": "",
            "id": "Z12UG2AR1236YD_www.lesaker.com_A",
            "latency_routing_policy": [],
            "multivalue_answer_routing_policy": null,
            "name": "www.lesaker.com",
            "records": [],
            "set_identifier": "",
            "ttl": 0,
            "type": "A",
            "weighted_routing_policy": [],
            "zone_id": "Z12UG2AR1236YD"
          },
          "dependencies": [
            "module.account.aws_s3_bucket.logging",
            "module.akerl-blog.aws_cloudfront_distribution.file",
            "module.akerl-blog.aws_cloudfront_distribution.redirect",
            "module.akerl-blog.aws_s3_bucket.file",
            "module.akerl-blog.aws_s3_bucket.redirect",
            "module.akerl-blog.module.certificate.aws_acm_certificate.this",
            "module.akerl-blog.module.certificate.aws_acm_certificate_validation.this",
            "module.akerl-blog.module.certificate.aws_route53_record.validation",
            "module.akerl-dns.aws_route53_delegation_set.main",
            "module.akerl-dns.module.lesaker_com.aws_route53_zone.this"
          ]
        }
      ]
    },
    {
      "module": "module.akerl-dns",
      "mode": "managed",
      "type": "aws_route53_record",
      "name": "a_www_lesaker_org",
      "provider": "provider[\"registry.terraform.io/hashicorp/aws\"]",
      "instances": [
        {
          "schema_version": 2,
          "attributes": {
            "alias": [
              {
                "evaluate_target_health": false,
                "name": "d1rqobv89rg0ff.cloudfront.net",
                "zone_id": "Z2FDTNDATAQYW2"
              }
            ],
            "allow_overwrite": null,
            "failover_routing_policy": [],
            "fqdn": "www.lesaker.org",
            "geolocation_routing_policy": [],
            "health_check_id": "",
            "id": "Z3RU5N2GAL6D4W_www.lesaker.org_A",
            "latency_routing_policy": [],
            "multivalue_answer_routing_policy": null,
            "name": "www.lesaker.org",
            "records": [],
            "set_identifier": "",
            "ttl": 0,
            "type": "A",
            "weighted_routing_policy": [],
            "zone_id": "Z3RU5N2GAL6D4W"
          },
          "dependencies": [
            "module.account.aws_s3_bucket.logging",
            "module.akerl-blog.aws_cloudfront_distribution.file",
            "module.akerl-blog.aws_cloudfront_distribution.redirect",
            "module.akerl-blog.aws_s3_bucket.file",
            "module.akerl-blog.aws_s3_bucket.redirect",
            "module.akerl-blog.module.certificate.aws_acm_certificate.this",
            "module.akerl-blog.module.certificate.aws_acm_certificate_validation.this",
            "module.akerl-blog.module.certificate.aws_route53_record.validation",
            "module.akerl-dns.aws_route53_delegation_set.main",
            "module.akerl-dns.module.lesaker_org.aws_route53_zone.this"
          ]
        }
      ]
    },
    {
      "module": "module.akerl-dns",
      "mode": "managed",
      "type": "aws_route53_record",
      "name": "a_www_scrtybybscrty_org",
      "provider": "provider[\"registry.terraform.io/hashicorp/aws\"]",
      "instances": [
        {
          "schema_version": 2,
          "attributes": {
            "alias": [
              {
                "evaluate_target_health": false,
                "name": "d1rqobv89rg0ff.cloudfront.net",
                "zone_id": "Z2FDTNDATAQYW2"
              }
            ],
            "allow_overwrite": null,
            "failover_routing_policy": [],
            "fqdn": "www.scrtybybscrty.org",
            "geolocation_routing_policy": [],
            "health_check_id": "",
            "id": "Z11UY811DI2S1K_www.scrtybybscrty.org_A",
            "latency_routing_policy": [],
            "multivalue_answer_routing_policy": null,
            "name": "www.scrtybybscrty.org",
            "records": [],
            "set_identifier": "",
            "ttl": 0,
            "type": "A",
            "weighted_routing_policy": [],
            "zone_id": "Z11UY811DI2S1K"
          },
          "dependencies": [
            "module.account.aws_s3_bucket.logging",
            "module.akerl-blog.aws_cloudfront_distribution.file",
            "module.akerl-blog.aws_cloudfront_distribution.redirect",
            "module.akerl-blog.aws_s3_bucket.file",
            "module.akerl-blog.aws_s3_bucket.redirect",
            "module.akerl-blog.module.certificate.aws_acm_certificate.this",
            "module.akerl-blog.module.certificate.aws_acm_certificate_validation.this",
            "module.akerl-blog.module.certificate.aws_route53_record.validation",
            "module.akerl-dns.aws_route53_delegation_set.main",
            "module.akerl-dns.module.scrtybybscrty_org.aws_route53_zone.this"
          ]
        }
      ]
    },
    {
      "module": "module.akerl-dns",
      "mode": "managed",
      "type": "aws_route53_record",
      "name": "caa_controller_infra_home_a-rwx_org",
      "provider": "provider[\"registry.terraform.io/hashicorp/aws\"]",
      "instances": [
        {
          "schema_version": 2,
          "attributes": {
            "alias": [],
            "allow_overwrite": null,
            "failover_routing_policy": [],
            "fqdn": "controller.infra.home.a-rwx.org",
            "geolocation_routing_policy": [],
            "health_check_id": "",
            "id": "Z1GSN0DUY7LO3I_controller.infra.home.a-rwx.org_CAA",
            "latency_routing_policy": [],
            "multivalue_answer_routing_policy": null,
            "name": "controller.infra.home.a-rwx.org",
            "records": [
              "0 iodef \"mailto:admin@lesaker.org\"",
              "0 issue \"letsencrypt.org\"",
              "0 issuewild \";\""
            ],
            "set_identifier": "",
            "ttl": 60,
            "type": "CAA",
            "weighted_routing_policy": [],
            "zone_id": "Z1GSN0DUY7LO3I"
          },
          "private": "eyJzY2hlbWFfdmVyc2lvbiI6IjIifQ==",
          "dependencies": [
            "module.akerl-dns.module.a-rwx_org.aws_route53_zone.this"
          ]
        }
      ]
    },
    {
      "module": "module.akerl-dns",
      "mode": "managed",
      "type": "aws_route53_record",
      "name": "cname_acme_challenge_controller_infra_home_a-rwx_org",
      "provider": "provider[\"registry.terraform.io/hashicorp/aws\"]",
      "instances": [
        {
          "schema_version": 2,
          "attributes": {
            "alias": [],
            "allow_overwrite": null,
            "failover_routing_policy": [],
            "fqdn": "_acme-challenge.controller.infra.home.a-rwx.org",
            "geolocation_routing_policy": [],
            "health_check_id": "",
            "id": "Z1GSN0DUY7LO3I__acme-challenge.controller.infra.home.a-rwx.org_CNAME",
            "latency_routing_policy": [],
            "multivalue_answer_routing_policy": null,
            "name": "_acme-challenge.controller.infra.home.a-rwx.org",
            "records": [
              "_acme-challenge.controller.infra.home.certs.a-rwx.org"
            ],
            "set_identifier": "",
            "ttl": 60,
            "type": "CNAME",
            "weighted_routing_policy": [],
            "zone_id": "Z1GSN0DUY7LO3I"
          },
          "private": "eyJzY2hlbWFfdmVyc2lvbiI6IjIifQ==",
          "dependencies": [
            "module.akerl-dns.module.a-rwx_org.aws_route53_zone.this"
          ]
        }
      ]
    },
    {
      "module": "module.akerl-dns",
      "mode": "managed",
      "type": "aws_route53_record",
      "name": "cname_cal_lesaker_org",
      "provider": "provider[\"registry.terraform.io/hashicorp/aws\"]",
      "instances": [
        {
          "schema_version": 2,
          "attributes": {
            "alias": [],
            "allow_overwrite": null,
            "failover_routing_policy": [],
            "fqdn": "cal.lesaker.org",
            "geolocation_routing_policy": [],
            "health_check_id": "",
            "id": "Z3RU5N2GAL6D4W_cal.lesaker.org_CNAME",
            "latency_routing_policy": [],
            "multivalue_answer_routing_policy": null,
            "name": "cal.lesaker.org",
            "records": [
              "ghs.googlehosted.com."
            ],
            "set_identifier": "",
            "ttl": 86400,
            "type": "CNAME",
            "weighted_routing_policy": [],
            "zone_id": "Z3RU5N2GAL6D4W"
          },
          "dependencies": [
            "module.akerl-dns.aws_route53_delegation_set.main",
            "module.akerl-dns.module.lesaker_org.aws_route53_zone.this"
          ]
        }
      ]
    },
    {
      "module": "module.akerl-dns",
      "mode": "managed",
      "type": "aws_route53_record",
      "name": "cname_home_a-rwx_org",
      "provider": "provider[\"registry.terraform.io/hashicorp/aws\"]",
      "instances": [
        {
          "schema_version": 2,
          "attributes": {
            "alias": [],
            "allow_overwrite": null,
            "failover_routing_policy": [],
            "fqdn": "home.a-rwx.org",
            "geolocation_routing_policy": [],
            "health_check_id": null,
            "id": "Z1GSN0DUY7LO3I_home.a-rwx.org_CNAME",
            "latency_routing_policy": [],
            "multivalue_answer_routing_policy": null,
            "name": "home.a-rwx.org",
            "records": [
              "akerl.dyndns.org"
            ],
            "set_identifier": null,
            "ttl": 60,
            "type": "CNAME",
            "weighted_routing_policy": [],
            "zone_id": "Z1GSN0DUY7LO3I"
          },
          "private": "eyJzY2hlbWFfdmVyc2lvbiI6IjIifQ==",
          "dependencies": [
            "module.akerl-dns.module.a-rwx_org.aws_route53_zone.this"
          ]
        }
      ]
    },
    {
      "module": "module.akerl-dns",
      "mode": "managed",
      "type": "aws_route53_record",
      "name": "cname_mail_lesaker_org",
      "provider": "provider[\"registry.terraform.io/hashicorp/aws\"]",
      "instances": [
        {
          "schema_version": 2,
          "attributes": {
            "alias": [],
            "allow_overwrite": null,
            "failover_routing_policy": [],
            "fqdn": "mail.lesaker.org",
            "geolocation_routing_policy": [],
            "health_check_id": "",
            "id": "Z3RU5N2GAL6D4W_mail.lesaker.org_CNAME",
            "latency_routing_policy": [],
            "multivalue_answer_routing_policy": null,
            "name": "mail.lesaker.org",
            "records": [
              "ghs.googlehosted.com."
            ],
            "set_identifier": "",
            "ttl": 86400,
            "type": "CNAME",
            "weighted_routing_policy": [],
            "zone_id": "Z3RU5N2GAL6D4W"
          },
          "dependencies": [
            "module.akerl-dns.aws_route53_delegation_set.main",
            "module.akerl-dns.module.lesaker_org.aws_route53_zone.this"
          ]
        }
      ]
    },
    {
      "module": "module.akerl-dns",
      "mode": "managed",
      "type": "aws_route53_record",
      "name": "cname_www_kellywatts_com",
      "provider": "provider[\"registry.terraform.io/hashicorp/aws\"]",
      "instances": [
        {
          "schema_version": 2,
          "attributes": {
            "alias": [],
            "allow_overwrite": null,
            "failover_routing_policy": [],
            "fqdn": "www.kellywatts.com",
            "geolocation_routing_policy": [],
            "health_check_id": "",
            "id": "Z2DQ7RUJQNTQI5_www.kellywatts.com_CNAME",
            "latency_routing_policy": [],
            "multivalue_answer_routing_policy": null,
            "name": "www.kellywatts.com",
            "records": [
              "domains.tumblr.com."
            ],
            "set_identifier": "",
            "ttl": 86400,
            "type": "CNAME",
            "weighted_routing_policy": [],
            "zone_id": "Z2DQ7RUJQNTQI5"
          },
          "dependencies": [
            "module.akerl-dns.aws_route53_delegation_set.main",
            "module.akerl-dns.module.kellywatts_com.aws_route53_zone.this"
          ]
        }
      ]
    },
    {
      "module": "module.akerl-dns",
      "mode": "managed",
      "type": "aws_route53_record",
      "name": "core_infra_home_a-rwx_org",
      "provider": "provider[\"registry.terraform.io/hashicorp/aws\"]",
      "instances": [
        {
          "schema_version": 2,
          "attributes": {
            "alias": [],
            "allow_overwrite": null,
            "failover_routing_policy": [],
            "fqdn": "core.infra.home.a-rwx.org",
            "geolocation_routing_policy": [],
            "health_check_id": "",
            "id": "Z1GSN0DUY7LO3I_core.infra.home.a-rwx.org_A",
            "latency_routing_policy": [],
            "multivalue_answer_routing_policy": null,
            "name": "core.infra.home.a-rwx.org",
            "records": [
              "10.0.0.2"
            ],
            "set_identifier": "",
            "ttl": 60,
            "type": "A",
            "weighted_routing_policy": [],
            "zone_id": "Z1GSN0DUY7LO3I"
          },
          "private": "eyJzY2hlbWFfdmVyc2lvbiI6IjIifQ==",
          "dependencies": [
            "module.akerl-dns.module.a-rwx_org.aws_route53_zone.this"
          ]
        }
      ]
    },
    {
      "module": "module.akerl-dns",
      "mode": "managed",
      "type": "aws_route53_record",
      "name": "gateway_infra_home_a-rwx_org",
      "provider": "provider[\"registry.terraform.io/hashicorp/aws\"]",
      "instances": [
        {
          "schema_version": 2,
          "attributes": {
            "alias": [],
            "allow_overwrite": null,
            "failover_routing_policy": [],
            "fqdn": "gateway.infra.home.a-rwx.org",
            "geolocation_routing_policy": [],
            "health_check_id": "",
            "id": "Z1GSN0DUY7LO3I_gateway.infra.home.a-rwx.org_A",
            "latency_routing_policy": [],
            "multivalue_answer_routing_policy": null,
            "name": "gateway.infra.home.a-rwx.org",
            "records": [
              "10.0.0.1"
            ],
            "set_identifier": "",
            "ttl": 60,
            "type": "A",
            "weighted_routing_policy": [],
            "zone_id": "Z1GSN0DUY7LO3I"
          },
          "private": "eyJzY2hlbWFfdmVyc2lvbiI6IjIifQ==",
          "dependencies": [
            "module.akerl-dns.module.a-rwx_org.aws_route53_zone.this"
          ]
        }
      ]
    },
    {
      "module": "module.akerl-dns",
      "mode": "managed",
      "type": "aws_route53_record",
      "name": "ns_controller_infra_home_certs_a-rwx_org",
      "provider": "provider[\"registry.terraform.io/hashicorp/aws\"]",
      "instances": [
        {
          "schema_version": 2,
          "attributes": {
            "alias": [],
            "allow_overwrite": null,
            "failover_routing_policy": [],
            "fqdn": "controller.infra.home.certs.a-rwx.org",
            "geolocation_routing_policy": [],
            "health_check_id": "",
            "id": "Z1GSN0DUY7LO3I_controller.infra.home.certs.a-rwx.org_NS",
            "latency_routing_policy": [],
            "multivalue_answer_routing_policy": null,
            "name": "controller.infra.home.certs.a-rwx.org",
            "records": [
              "ns-1408.awsdns-48.org",
              "ns-1560.awsdns-03.co.uk",
              "ns-608.awsdns-12.net",
              "ns-99.awsdns-12.com"
            ],
            "set_identifier": "",
            "ttl": 60,
            "type": "NS",
            "weighted_routing_policy": [],
            "zone_id": "Z1GSN0DUY7LO3I"
          },
          "private": "eyJzY2hlbWFfdmVyc2lvbiI6IjIifQ==",
          "dependencies": [
            "module.akerl-dns.aws_route53_delegation_set.controller",
            "module.akerl-dns.module.a-rwx_org.aws_route53_zone.this"
          ]
        }
      ]
    },
    {
      "module": "module.akerl-dns",
      "mode": "managed",
      "type": "aws_route53_record",
      "name": "ns_mc_scrtybybscrty_org",
      "provider": "provider[\"registry.terraform.io/hashicorp/aws\"]",
      "instances": [
        {
          "schema_version": 2,
          "attributes": {
            "alias": [],
            "allow_overwrite": null,
            "failover_routing_policy": [],
            "fqdn": "mc.scrtybybscrty.org",
            "geolocation_routing_policy": [],
            "health_check_id": "",
            "id": "Z11UY811DI2S1K_mc.scrtybybscrty.org_NS",
            "latency_routing_policy": [],
            "multivalue_answer_routing_policy": null,
            "name": "mc.scrtybybscrty.org",
            "records": [
              "ns1.linode.com",
              "ns2.linode.com",
              "ns3.linode.com",
              "ns4.linode.com",
              "ns5.linode.com"
            ],
            "set_identifier": "",
            "ttl": 86400,
            "type": "NS",
            "weighted_routing_policy": [],
            "zone_id": "Z11UY811DI2S1K"
          },
          "private": "eyJzY2hlbWFfdmVyc2lvbiI6IjIifQ==",
          "dependencies": [
            "module.akerl-dns.module.scrtybybscrty_org.aws_route53_zone.this"
          ]
        }
      ]
    },
    {
      "module": "module.akerl-dns",
      "mode": "managed",
      "type": "aws_route53_record",
      "name": "ns_wg_scrtybybscrty_org",
      "provider": "provider[\"registry.terraform.io/hashicorp/aws\"]",
      "instances": [
        {
          "schema_version": 2,
          "attributes": {
            "alias": [],
            "allow_overwrite": null,
            "failover_routing_policy": [],
            "fqdn": "wg.scrtybybscrty.org",
            "geolocation_routing_policy": [],
            "health_check_id": "",
            "id": "Z11UY811DI2S1K_wg.scrtybybscrty.org_NS",
            "latency_routing_policy": [],
            "multivalue_answer_routing_policy": null,
            "name": "wg.scrtybybscrty.org",
            "records": [
              "ns1.linode.com",
              "ns2.linode.com",
              "ns3.linode.com",
              "ns4.linode.com",
              "ns5.linode.com"
            ],
            "set_identifier": "",
            "ttl": 86400,
            "type": "NS",
            "weighted_routing_policy": [],
            "zone_id": "Z11UY811DI2S1K"
          },
          "dependencies": [
            "module.akerl-dns.aws_route53_delegation_set.main",
            "module.akerl-dns.module.scrtybybscrty_org.aws_route53_zone.this"
          ]
        }
      ]
    },
    {
      "module": "module.akerl-dns",
      "mode": "managed",
      "type": "aws_route53_record",
      "name": "switch0_infra_home_a-rwx_org",
      "provider": "provider[\"registry.terraform.io/hashicorp/aws\"]",
      "instances": [
        {
          "schema_version": 2,
          "attributes": {
            "alias": [],
            "allow_overwrite": null,
            "failover_routing_policy": [],
            "fqdn": "switch0.infra.home.a-rwx.org",
            "geolocation_routing_policy": [],
            "health_check_id": "",
            "id": "Z1GSN0DUY7LO3I_switch0.infra.home.a-rwx.org_A",
            "latency_routing_policy": [],
            "multivalue_answer_routing_policy": null,
            "name": "switch0.infra.home.a-rwx.org",
            "records": [
              "10.0.0.20"
            ],
            "set_identifier": "",
            "ttl": 60,
            "type": "A",
            "weighted_routing_policy": [],
            "zone_id": "Z1GSN0DUY7LO3I"
          },
          "private": "eyJzY2hlbWFfdmVyc2lvbiI6IjIifQ==",
          "dependencies": [
            "module.akerl-dns.module.a-rwx_org.aws_route53_zone.this"
          ]
        }
      ]
    },
    {
      "module": "module.akerl-dns",
      "mode": "managed",
      "type": "aws_route53_record",
      "name": "switch1_infra_home_a-rwx_org",
      "provider": "provider[\"registry.terraform.io/hashicorp/aws\"]",
      "instances": [
        {
          "schema_version": 2,
          "attributes": {
            "alias": [],
            "allow_overwrite": null,
            "failover_routing_policy": [],
            "fqdn": "switch1.infra.home.a-rwx.org",
            "geolocation_routing_policy": [],
            "health_check_id": "",
            "id": "Z1GSN0DUY7LO3I_switch1.infra.home.a-rwx.org_A",
            "latency_routing_policy": [],
            "multivalue_answer_routing_policy": null,
            "name": "switch1.infra.home.a-rwx.org",
            "records": [
              "10.0.0.21"
            ],
            "set_identifier": "",
            "ttl": 60,
            "type": "A",
            "weighted_routing_policy": [],
            "zone_id": "Z1GSN0DUY7LO3I"
          },
          "private": "eyJzY2hlbWFfdmVyc2lvbiI6IjIifQ==",
          "dependencies": [
            "module.akerl-dns.module.a-rwx_org.aws_route53_zone.this"
          ]
        }
      ]
    },
    {
      "module": "module.akerl-dns",
      "mode": "managed",
      "type": "aws_route53_record",
      "name": "switch2_infra_home_a-rwx_org",
      "provider": "provider[\"registry.terraform.io/hashicorp/aws\"]",
      "instances": [
        {
          "schema_version": 2,
          "attributes": {
            "alias": [],
            "allow_overwrite": null,
            "failover_routing_policy": [],
            "fqdn": "switch2.infra.home.a-rwx.org",
            "geolocation_routing_policy": [],
            "health_check_id": "",
            "id": "Z1GSN0DUY7LO3I_switch2.infra.home.a-rwx.org_A",
            "latency_routing_policy": [],
            "multivalue_answer_routing_policy": null,
            "name": "switch2.infra.home.a-rwx.org",
            "records": [
              "10.0.0.22"
            ],
            "set_identifier": "",
            "ttl": 60,
            "type": "A",
            "weighted_routing_policy": [],
            "zone_id": "Z1GSN0DUY7LO3I"
          },
          "private": "eyJzY2hlbWFfdmVyc2lvbiI6IjIifQ==",
          "dependencies": [
            "module.akerl-dns.module.a-rwx_org.aws_route53_zone.this"
          ]
        }
      ]
    },
    {
      "module": "module.akerl-dns",
      "mode": "managed",
      "type": "aws_route53_record",
      "name": "wap0_infra_home_a-rwx_org",
      "provider": "provider[\"registry.terraform.io/hashicorp/aws\"]",
      "instances": [
        {
          "schema_version": 2,
          "attributes": {
            "alias": [],
            "allow_overwrite": null,
            "failover_routing_policy": [],
            "fqdn": "wap0.infra.home.a-rwx.org",
            "geolocation_routing_policy": [],
            "health_check_id": "",
            "id": "Z1GSN0DUY7LO3I_wap0.infra.home.a-rwx.org_A",
            "latency_routing_policy": [],
            "multivalue_answer_routing_policy": null,
            "name": "wap0.infra.home.a-rwx.org",
            "records": [
              "10.0.0.40"
            ],
            "set_identifier": "",
            "ttl": 60,
            "type": "A",
            "weighted_routing_policy": [],
            "zone_id": "Z1GSN0DUY7LO3I"
          },
          "private": "eyJzY2hlbWFfdmVyc2lvbiI6IjIifQ==",
          "dependencies": [
            "module.akerl-dns.module.a-rwx_org.aws_route53_zone.this"
          ]
        }
      ]
    },
    {
      "module": "module.akerl-dns",
      "mode": "managed",
      "type": "aws_route53_record",
      "name": "wap1_infra_home_a-rwx_org",
      "provider": "provider[\"registry.terraform.io/hashicorp/aws\"]",
      "instances": [
        {
          "schema_version": 2,
          "attributes": {
            "alias": [],
            "allow_overwrite": null,
            "failover_routing_policy": [],
            "fqdn": "wap1.infra.home.a-rwx.org",
            "geolocation_routing_policy": [],
            "health_check_id": "",
            "id": "Z1GSN0DUY7LO3I_wap1.infra.home.a-rwx.org_A",
            "latency_routing_policy": [],
            "multivalue_answer_routing_policy": null,
            "name": "wap1.infra.home.a-rwx.org",
            "records": [
              "10.0.0.41"
            ],
            "set_identifier": "",
            "ttl": 60,
            "type": "A",
            "weighted_routing_policy": [],
            "zone_id": "Z1GSN0DUY7LO3I"
          },
          "private": "eyJzY2hlbWFfdmVyc2lvbiI6IjIifQ==",
          "dependencies": [
            "module.akerl-dns.module.a-rwx_org.aws_route53_zone.this"
          ]
        }
      ]
    },
    {
      "module": "module.akerl-dns",
      "mode": "managed",
      "type": "aws_route53_record",
      "name": "wap2_infra_home_a-rwx_org",
      "provider": "provider[\"registry.terraform.io/hashicorp/aws\"]",
      "instances": [
        {
          "schema_version": 2,
          "attributes": {
            "alias": [],
            "allow_overwrite": null,
            "failover_routing_policy": [],
            "fqdn": "wap2.infra.home.a-rwx.org",
            "geolocation_routing_policy": [],
            "health_check_id": "",
            "id": "Z1GSN0DUY7LO3I_wap2.infra.home.a-rwx.org_A",
            "latency_routing_policy": [],
            "multivalue_answer_routing_policy": null,
            "name": "wap2.infra.home.a-rwx.org",
            "records": [
              "10.0.0.42"
            ],
            "set_identifier": "",
            "ttl": 60,
            "type": "A",
            "weighted_routing_policy": [],
            "zone_id": "Z1GSN0DUY7LO3I"
          },
          "private": "eyJzY2hlbWFfdmVyc2lvbiI6IjIifQ==",
          "dependencies": [
            "module.akerl-dns.module.a-rwx_org.aws_route53_zone.this"
          ]
        }
      ]
    },
    {
      "module": "module.akerl-dns",
      "mode": "managed",
      "type": "awscreds_iam_access_key",
      "name": "controller_certbot",
      "provider": "provider[\"terraform.scrtybybscrty.org/armorfret/awscreds\"]",
      "instances": [
        {
          "schema_version": 0,
          "attributes": {
            "encrypted_secret": null,
            "file": "creds/controller_certbot",
            "id": "AKIA3D3X4QXY4CFEIXOS",
            "key_fingerprint": null,
            "pgp_key": null,
            "secret": "",
            "ses_smtp_password": "",
            "status": "Active",
            "user": "controller_certbot"
          },
          "private": "bnVsbA==",
          "dependencies": [
            "module.akerl-dns.aws_iam_user.controller_certbot"
          ]
        }
      ]
    },
    {
      "module": "module.akerl-dns.module.a-rwx_org",
      "mode": "managed",
      "type": "aws_route53_record",
      "name": "caa",
      "provider": "provider[\"registry.terraform.io/hashicorp/aws\"]",
      "instances": [
        {
          "index_key": 0,
          "schema_version": 2,
          "attributes": {
            "alias": [],
            "allow_overwrite": null,
            "failover_routing_policy": [],
            "fqdn": "a-rwx.org",
            "geolocation_routing_policy": [],
            "health_check_id": "",
            "id": "Z1GSN0DUY7LO3I_a-rwx.org_CAA",
            "latency_routing_policy": [],
            "multivalue_answer_routing_policy": null,
            "name": "a-rwx.org",
            "records": [
              "0 iodef \"mailto:admin@lesaker.org\"",
              "0 issue \"amazon.com\"",
              "0 issuewild \";\""
            ],
            "set_identifier": "",
            "ttl": 86400,
            "type": "CAA",
            "weighted_routing_policy": [],
            "zone_id": "Z1GSN0DUY7LO3I"
          },
          "dependencies": [
            "module.akerl-dns.aws_route53_delegation_set.main",
            "module.akerl-dns.module.a-rwx_org.aws_route53_zone.this"
          ]
        }
      ]
    },
    {
      "module": "module.akerl-dns.module.a-rwx_org",
      "mode": "managed",
      "type": "aws_route53_record",
      "name": "mx",
      "provider": "provider[\"registry.terraform.io/hashicorp/aws\"]",
      "instances": [
        {
          "schema_version": 2,
          "attributes": {
            "alias": [],
            "allow_overwrite": null,
            "failover_routing_policy": [],
            "fqdn": "a-rwx.org",
            "geolocation_routing_policy": [],
            "health_check_id": "",
            "id": "Z1GSN0DUY7LO3I_a-rwx.org_MX",
            "latency_routing_policy": [],
            "multivalue_answer_routing_policy": null,
            "name": "a-rwx.org",
            "records": [
              "1   aspmx.l.google.com.",
              "10  aspmx2.googlemail.com.",
              "10  aspmx3.googlemail.com.",
              "5   alt1.aspmx.l.google.com.",
              "5   alt2.aspmx.l.google.com."
            ],
            "set_identifier": "",
            "ttl": 86400,
            "type": "MX",
            "weighted_routing_policy": [],
            "zone_id": "Z1GSN0DUY7LO3I"
          },
          "dependencies": [
            "module.akerl-dns.aws_route53_delegation_set.main",
            "module.akerl-dns.module.a-rwx_org.aws_route53_zone.this"
          ]
        }
      ]
    },
    {
      "module": "module.akerl-dns.module.a-rwx_org",
      "mode": "managed",
      "type": "aws_route53_record",
      "name": "soa",
      "provider": "provider[\"registry.terraform.io/hashicorp/aws\"]",
      "instances": [
        {
          "schema_version": 2,
          "attributes": {
            "alias": [],
            "allow_overwrite": true,
            "failover_routing_policy": [],
            "fqdn": "a-rwx.org",
            "geolocation_routing_policy": [],
            "health_check_id": "",
            "id": "Z1GSN0DUY7LO3I_a-rwx.org_SOA",
            "latency_routing_policy": [],
            "multivalue_answer_routing_policy": null,
            "name": "a-rwx.org",
            "records": [
              "ns-1242.awsdns-27.org. admin.lesaker.org. 1 7200 900 1209600 3600"
            ],
            "set_identifier": "",
            "ttl": 86400,
            "type": "SOA",
            "weighted_routing_policy": [],
            "zone_id": "Z1GSN0DUY7LO3I"
          },
          "private": "eyJzY2hlbWFfdmVyc2lvbiI6IjIifQ==",
          "dependencies": [
            "module.akerl-dns.module.a-rwx_org.aws_route53_zone.this"
          ]
        }
      ]
    },
    {
      "module": "module.akerl-dns.module.a-rwx_org",
      "mode": "managed",
      "type": "aws_route53_record",
      "name": "spf",
      "provider": "provider[\"registry.terraform.io/hashicorp/aws\"]",
      "instances": [
        {
          "schema_version": 2,
          "attributes": {
            "alias": [],
            "allow_overwrite": null,
            "failover_routing_policy": [],
            "fqdn": "a-rwx.org",
            "geolocation_routing_policy": [],
            "health_check_id": "",
            "id": "Z1GSN0DUY7LO3I_a-rwx.org_SPF",
            "latency_routing_policy": [],
            "multivalue_answer_routing_policy": null,
            "name": "a-rwx.org",
            "records": [
              "v=spf1 a include:_spf.google.com ~all"
            ],
            "set_identifier": "",
            "ttl": 86400,
            "type": "SPF",
            "weighted_routing_policy": [],
            "zone_id": "Z1GSN0DUY7LO3I"
          },
          "dependencies": [
            "module.akerl-dns.aws_route53_delegation_set.main",
            "module.akerl-dns.module.a-rwx_org.aws_route53_zone.this"
          ]
        }
      ]
    },
    {
      "module": "module.akerl-dns.module.a-rwx_org",
      "mode": "managed",
      "type": "aws_route53_record",
      "name": "txt",
      "provider": "provider[\"registry.terraform.io/hashicorp/aws\"]",
      "instances": [
        {
          "schema_version": 2,
          "attributes": {
            "alias": [],
            "allow_overwrite": null,
            "failover_routing_policy": [],
            "fqdn": "a-rwx.org",
            "geolocation_routing_policy": [],
            "health_check_id": "",
            "id": "Z1GSN0DUY7LO3I_a-rwx.org_TXT",
            "latency_routing_policy": [],
            "multivalue_answer_routing_policy": null,
            "name": "a-rwx.org",
            "records": [
              "v=spf1 a include:_spf.google.com ~all"
            ],
            "set_identifier": "",
            "ttl": 86400,
            "type": "TXT",
            "weighted_routing_policy": [],
            "zone_id": "Z1GSN0DUY7LO3I"
          },
          "dependencies": [
            "module.akerl-dns.aws_route53_delegation_set.main",
            "module.akerl-dns.module.a-rwx_org.aws_route53_zone.this"
          ]
        }
      ]
    },
    {
      "module": "module.akerl-dns.module.a-rwx_org",
      "mode": "managed",
      "type": "aws_route53_zone",
      "name": "this",
      "provider": "provider[\"registry.terraform.io/hashicorp/aws\"]",
      "instances": [
        {
          "schema_version": 0,
          "attributes": {
            "comment": "Managed by Terraform",
            "delegation_set_id": "N3C8AV2DA0N4N9",
            "force_destroy": false,
            "id": "Z1GSN0DUY7LO3I",
            "name": "a-rwx.org.",
            "name_servers": [
              "ns-1242.awsdns-27.org",
              "ns-1942.awsdns-50.co.uk",
              "ns-477.awsdns-59.com",
              "ns-808.awsdns-37.net"
            ],
            "tags": {},
            "vpc": [],
            "vpc_id": "",
            "vpc_region": "",
            "zone_id": "Z1GSN0DUY7LO3I"
          },
          "dependencies": [
            "module.akerl-dns.aws_route53_delegation_set.main"
          ]
        }
      ]
    },
    {
      "module": "module.akerl-dns.module.akerl_com",
      "mode": "managed",
      "type": "aws_route53_record",
      "name": "caa",
      "provider": "provider[\"registry.terraform.io/hashicorp/aws\"]",
      "instances": [
        {
          "index_key": 0,
          "schema_version": 2,
          "attributes": {
            "alias": [],
            "allow_overwrite": null,
            "failover_routing_policy": [],
            "fqdn": "akerl.com",
            "geolocation_routing_policy": [],
            "health_check_id": "",
            "id": "Z1EXF3DHNCLVFG_akerl.com_CAA",
            "latency_routing_policy": [],
            "multivalue_answer_routing_policy": null,
            "name": "akerl.com",
            "records": [
              "0 iodef \"mailto:admin@lesaker.org\"",
              "0 issue \"amazon.com\"",
              "0 issuewild \";\""
            ],
            "set_identifier": "",
            "ttl": 86400,
            "type": "CAA",
            "weighted_routing_policy": [],
            "zone_id": "Z1EXF3DHNCLVFG"
          },
          "dependencies": [
            "module.akerl-dns.aws_route53_delegation_set.main",
            "module.akerl-dns.module.akerl_com.aws_route53_zone.this"
          ]
        }
      ]
    },
    {
      "module": "module.akerl-dns.module.akerl_com",
      "mode": "managed",
      "type": "aws_route53_record",
      "name": "mx",
      "provider": "provider[\"registry.terraform.io/hashicorp/aws\"]",
      "instances": [
        {
          "schema_version": 2,
          "attributes": {
            "alias": [],
            "allow_overwrite": null,
            "failover_routing_policy": [],
            "fqdn": "akerl.com",
            "geolocation_routing_policy": [],
            "health_check_id": "",
            "id": "Z1EXF3DHNCLVFG_akerl.com_MX",
            "latency_routing_policy": [],
            "multivalue_answer_routing_policy": null,
            "name": "akerl.com",
            "records": [
              "1   aspmx.l.google.com.",
              "10  aspmx2.googlemail.com.",
              "10  aspmx3.googlemail.com.",
              "5   alt1.aspmx.l.google.com.",
              "5   alt2.aspmx.l.google.com."
            ],
            "set_identifier": "",
            "ttl": 86400,
            "type": "MX",
            "weighted_routing_policy": [],
            "zone_id": "Z1EXF3DHNCLVFG"
          },
          "dependencies": [
            "module.akerl-dns.aws_route53_delegation_set.main",
            "module.akerl-dns.module.akerl_com.aws_route53_zone.this"
          ]
        }
      ]
    },
    {
      "module": "module.akerl-dns.module.akerl_com",
      "mode": "managed",
      "type": "aws_route53_record",
      "name": "soa",
      "provider": "provider[\"registry.terraform.io/hashicorp/aws\"]",
      "instances": [
        {
          "schema_version": 2,
          "attributes": {
            "alias": [],
            "allow_overwrite": true,
            "failover_routing_policy": [],
            "fqdn": "akerl.com",
            "geolocation_routing_policy": [],
            "health_check_id": "",
            "id": "Z1EXF3DHNCLVFG_akerl.com_SOA",
            "latency_routing_policy": [],
            "multivalue_answer_routing_policy": null,
            "name": "akerl.com",
            "records": [
              "ns-1242.awsdns-27.org. admin.lesaker.org. 1 7200 900 1209600 3600"
            ],
            "set_identifier": "",
            "ttl": 86400,
            "type": "SOA",
            "weighted_routing_policy": [],
            "zone_id": "Z1EXF3DHNCLVFG"
          },
          "private": "eyJzY2hlbWFfdmVyc2lvbiI6IjIifQ==",
          "dependencies": [
            "module.akerl-dns.module.akerl_com.aws_route53_zone.this"
          ]
        }
      ]
    },
    {
      "module": "module.akerl-dns.module.akerl_com",
      "mode": "managed",
      "type": "aws_route53_record",
      "name": "spf",
      "provider": "provider[\"registry.terraform.io/hashicorp/aws\"]",
      "instances": [
        {
          "schema_version": 2,
          "attributes": {
            "alias": [],
            "allow_overwrite": null,
            "failover_routing_policy": [],
            "fqdn": "akerl.com",
            "geolocation_routing_policy": [],
            "health_check_id": "",
            "id": "Z1EXF3DHNCLVFG_akerl.com_SPF",
            "latency_routing_policy": [],
            "multivalue_answer_routing_policy": null,
            "name": "akerl.com",
            "records": [
              "v=spf1 a include:_spf.google.com ~all"
            ],
            "set_identifier": "",
            "ttl": 86400,
            "type": "SPF",
            "weighted_routing_policy": [],
            "zone_id": "Z1EXF3DHNCLVFG"
          },
          "dependencies": [
            "module.akerl-dns.aws_route53_delegation_set.main",
            "module.akerl-dns.module.akerl_com.aws_route53_zone.this"
          ]
        }
      ]
    },
    {
      "module": "module.akerl-dns.module.akerl_com",
      "mode": "managed",
      "type": "aws_route53_record",
      "name": "txt",
      "provider": "provider[\"registry.terraform.io/hashicorp/aws\"]",
      "instances": [
        {
          "schema_version": 2,
          "attributes": {
            "alias": [],
            "allow_overwrite": null,
            "failover_routing_policy": [],
            "fqdn": "akerl.com",
            "geolocation_routing_policy": [],
            "health_check_id": "",
            "id": "Z1EXF3DHNCLVFG_akerl.com_TXT",
            "latency_routing_policy": [],
            "multivalue_answer_routing_policy": null,
            "name": "akerl.com",
            "records": [
              "v=spf1 a include:_spf.google.com ~all"
            ],
            "set_identifier": "",
            "ttl": 86400,
            "type": "TXT",
            "weighted_routing_policy": [],
            "zone_id": "Z1EXF3DHNCLVFG"
          },
          "dependencies": [
            "module.akerl-dns.aws_route53_delegation_set.main",
            "module.akerl-dns.module.akerl_com.aws_route53_zone.this"
          ]
        }
      ]
    },
    {
      "module": "module.akerl-dns.module.akerl_com",
      "mode": "managed",
      "type": "aws_route53_zone",
      "name": "this",
      "provider": "provider[\"registry.terraform.io/hashicorp/aws\"]",
      "instances": [
        {
          "schema_version": 0,
          "attributes": {
            "comment": "Managed by Terraform",
            "delegation_set_id": "N3C8AV2DA0N4N9",
            "force_destroy": false,
            "id": "Z1EXF3DHNCLVFG",
            "name": "akerl.com.",
            "name_servers": [
              "ns-1242.awsdns-27.org",
              "ns-1942.awsdns-50.co.uk",
              "ns-477.awsdns-59.com",
              "ns-808.awsdns-37.net"
            ],
            "tags": {},
            "vpc": [],
            "vpc_id": "",
            "vpc_region": "",
            "zone_id": "Z1EXF3DHNCLVFG"
          },
          "dependencies": [
            "module.akerl-dns.aws_route53_delegation_set.main"
          ]
        }
      ]
    },
    {
      "module": "module.akerl-dns.module.akerl_dev",
      "mode": "managed",
      "type": "aws_route53_record",
      "name": "caa",
      "provider": "provider[\"registry.terraform.io/hashicorp/aws\"]",
      "instances": [
        {
          "index_key": 0,
          "schema_version": 2,
          "attributes": {
            "alias": [],
            "allow_overwrite": null,
            "failover_routing_policy": [],
            "fqdn": "akerl.dev",
            "geolocation_routing_policy": [],
            "health_check_id": "",
            "id": "ZFTS7NQJK6C96_akerl.dev_CAA",
            "latency_routing_policy": [],
            "multivalue_answer_routing_policy": null,
            "name": "akerl.dev",
            "records": [
              "0 iodef \"mailto:admin@lesaker.org\"",
              "0 issue \"amazon.com\"",
              "0 issuewild \";\""
            ],
            "set_identifier": "",
            "ttl": 86400,
            "type": "CAA",
            "weighted_routing_policy": [],
            "zone_id": "ZFTS7NQJK6C96"
          },
          "dependencies": [
            "module.akerl-dns.aws_route53_delegation_set.main",
            "module.akerl-dns.module.akerl_dev.aws_route53_zone.this"
          ]
        }
      ]
    },
    {
      "module": "module.akerl-dns.module.akerl_dev",
      "mode": "managed",
      "type": "aws_route53_record",
      "name": "mx",
      "provider": "provider[\"registry.terraform.io/hashicorp/aws\"]",
      "instances": [
        {
          "schema_version": 2,
          "attributes": {
            "alias": [],
            "allow_overwrite": null,
            "failover_routing_policy": [],
            "fqdn": "akerl.dev",
            "geolocation_routing_policy": [],
            "health_check_id": "",
            "id": "ZFTS7NQJK6C96_akerl.dev_MX",
            "latency_routing_policy": [],
            "multivalue_answer_routing_policy": null,
            "name": "akerl.dev",
            "records": [
              "1   aspmx.l.google.com.",
              "10  aspmx2.googlemail.com.",
              "10  aspmx3.googlemail.com.",
              "5   alt1.aspmx.l.google.com.",
              "5   alt2.aspmx.l.google.com."
            ],
            "set_identifier": "",
            "ttl": 86400,
            "type": "MX",
            "weighted_routing_policy": [],
            "zone_id": "ZFTS7NQJK6C96"
          },
          "dependencies": [
            "module.akerl-dns.aws_route53_delegation_set.main",
            "module.akerl-dns.module.akerl_dev.aws_route53_zone.this"
          ]
        }
      ]
    },
    {
      "module": "module.akerl-dns.module.akerl_dev",
      "mode": "managed",
      "type": "aws_route53_record",
      "name": "soa",
      "provider": "provider[\"registry.terraform.io/hashicorp/aws\"]",
      "instances": [
        {
          "schema_version": 2,
          "attributes": {
            "alias": [],
            "allow_overwrite": true,
            "failover_routing_policy": [],
            "fqdn": "akerl.dev",
            "geolocation_routing_policy": [],
            "health_check_id": "",
            "id": "ZFTS7NQJK6C96_akerl.dev_SOA",
            "latency_routing_policy": [],
            "multivalue_answer_routing_policy": null,
            "name": "akerl.dev",
            "records": [
              "ns-1242.awsdns-27.org. admin.lesaker.org. 1 7200 900 1209600 3600"
            ],
            "set_identifier": "",
            "ttl": 86400,
            "type": "SOA",
            "weighted_routing_policy": [],
            "zone_id": "ZFTS7NQJK6C96"
          },
          "private": "eyJzY2hlbWFfdmVyc2lvbiI6IjIifQ==",
          "dependencies": [
            "module.akerl-dns.module.akerl_dev.aws_route53_zone.this"
          ]
        }
      ]
    },
    {
      "module": "module.akerl-dns.module.akerl_dev",
      "mode": "managed",
      "type": "aws_route53_record",
      "name": "spf",
      "provider": "provider[\"registry.terraform.io/hashicorp/aws\"]",
      "instances": [
        {
          "schema_version": 2,
          "attributes": {
            "alias": [],
            "allow_overwrite": null,
            "failover_routing_policy": [],
            "fqdn": "akerl.dev",
            "geolocation_routing_policy": [],
            "health_check_id": "",
            "id": "ZFTS7NQJK6C96_akerl.dev_SPF",
            "latency_routing_policy": [],
            "multivalue_answer_routing_policy": null,
            "name": "akerl.dev",
            "records": [
              "v=spf1 a include:_spf.google.com ~all"
            ],
            "set_identifier": "",
            "ttl": 86400,
            "type": "SPF",
            "weighted_routing_policy": [],
            "zone_id": "ZFTS7NQJK6C96"
          },
          "dependencies": [
            "module.akerl-dns.aws_route53_delegation_set.main",
            "module.akerl-dns.module.akerl_dev.aws_route53_zone.this"
          ]
        }
      ]
    },
    {
      "module": "module.akerl-dns.module.akerl_dev",
      "mode": "managed",
      "type": "aws_route53_record",
      "name": "txt",
      "provider": "provider[\"registry.terraform.io/hashicorp/aws\"]",
      "instances": [
        {
          "schema_version": 2,
          "attributes": {
            "alias": [],
            "allow_overwrite": null,
            "failover_routing_policy": [],
            "fqdn": "akerl.dev",
            "geolocation_routing_policy": [],
            "health_check_id": "",
            "id": "ZFTS7NQJK6C96_akerl.dev_TXT",
            "latency_routing_policy": [],
            "multivalue_answer_routing_policy": null,
            "name": "akerl.dev",
            "records": [
              "v=spf1 a include:_spf.google.com ~all"
            ],
            "set_identifier": "",
            "ttl": 86400,
            "type": "TXT",
            "weighted_routing_policy": [],
            "zone_id": "ZFTS7NQJK6C96"
          },
          "dependencies": [
            "module.akerl-dns.aws_route53_delegation_set.main",
            "module.akerl-dns.module.akerl_dev.aws_route53_zone.this"
          ]
        }
      ]
    },
    {
      "module": "module.akerl-dns.module.akerl_dev",
      "mode": "managed",
      "type": "aws_route53_zone",
      "name": "this",
      "provider": "provider[\"registry.terraform.io/hashicorp/aws\"]",
      "instances": [
        {
          "schema_version": 0,
          "attributes": {
            "comment": "Managed by Terraform",
            "delegation_set_id": "N3C8AV2DA0N4N9",
            "force_destroy": false,
            "id": "ZFTS7NQJK6C96",
            "name": "akerl.dev.",
            "name_servers": [
              "ns-1242.awsdns-27.org",
              "ns-1942.awsdns-50.co.uk",
              "ns-477.awsdns-59.com",
              "ns-808.awsdns-37.net"
            ],
            "tags": {},
            "vpc": [],
            "vpc_id": null,
            "vpc_region": null,
            "zone_id": "ZFTS7NQJK6C96"
          },
          "dependencies": [
            "module.akerl-dns.aws_route53_delegation_set.main"
          ]
        }
      ]
    },
    {
      "module": "module.akerl-dns.module.akerl_org",
      "mode": "managed",
      "type": "aws_route53_record",
      "name": "caa",
      "provider": "provider[\"registry.terraform.io/hashicorp/aws\"]",
      "instances": [
        {
          "index_key": 0,
          "schema_version": 2,
          "attributes": {
            "alias": [],
            "allow_overwrite": null,
            "failover_routing_policy": [],
            "fqdn": "akerl.org",
            "geolocation_routing_policy": [],
            "health_check_id": "",
            "id": "Z1GXO6WRJN3B5T_akerl.org_CAA",
            "latency_routing_policy": [],
            "multivalue_answer_routing_policy": null,
            "name": "akerl.org",
            "records": [
              "0 iodef \"mailto:admin@lesaker.org\"",
              "0 issue \"amazon.com\"",
              "0 issuewild \";\""
            ],
            "set_identifier": "",
            "ttl": 86400,
            "type": "CAA",
            "weighted_routing_policy": [],
            "zone_id": "Z1GXO6WRJN3B5T"
          },
          "dependencies": [
            "module.akerl-dns.aws_route53_delegation_set.main",
            "module.akerl-dns.module.akerl_org.aws_route53_zone.this"
          ]
        }
      ]
    },
    {
      "module": "module.akerl-dns.module.akerl_org",
      "mode": "managed",
      "type": "aws_route53_record",
      "name": "mx",
      "provider": "provider[\"registry.terraform.io/hashicorp/aws\"]",
      "instances": [
        {
          "schema_version": 2,
          "attributes": {
            "alias": [],
            "allow_overwrite": null,
            "failover_routing_policy": [],
            "fqdn": "akerl.org",
            "geolocation_routing_policy": [],
            "health_check_id": "",
            "id": "Z1GXO6WRJN3B5T_akerl.org_MX",
            "latency_routing_policy": [],
            "multivalue_answer_routing_policy": null,
            "name": "akerl.org",
            "records": [
              "1   aspmx.l.google.com.",
              "10  aspmx2.googlemail.com.",
              "10  aspmx3.googlemail.com.",
              "5   alt1.aspmx.l.google.com.",
              "5   alt2.aspmx.l.google.com."
            ],
            "set_identifier": "",
            "ttl": 86400,
            "type": "MX",
            "weighted_routing_policy": [],
            "zone_id": "Z1GXO6WRJN3B5T"
          },
          "dependencies": [
            "module.akerl-dns.aws_route53_delegation_set.main",
            "module.akerl-dns.module.akerl_org.aws_route53_zone.this"
          ]
        }
      ]
    },
    {
      "module": "module.akerl-dns.module.akerl_org",
      "mode": "managed",
      "type": "aws_route53_record",
      "name": "soa",
      "provider": "provider[\"registry.terraform.io/hashicorp/aws\"]",
      "instances": [
        {
          "schema_version": 2,
          "attributes": {
            "alias": [],
            "allow_overwrite": true,
            "failover_routing_policy": [],
            "fqdn": "akerl.org",
            "geolocation_routing_policy": [],
            "health_check_id": "",
            "id": "Z1GXO6WRJN3B5T_akerl.org_SOA",
            "latency_routing_policy": [],
            "multivalue_answer_routing_policy": null,
            "name": "akerl.org",
            "records": [
              "ns-1242.awsdns-27.org. admin.lesaker.org. 1 7200 900 1209600 3600"
            ],
            "set_identifier": "",
            "ttl": 86400,
            "type": "SOA",
            "weighted_routing_policy": [],
            "zone_id": "Z1GXO6WRJN3B5T"
          },
          "private": "eyJzY2hlbWFfdmVyc2lvbiI6IjIifQ==",
          "dependencies": [
            "module.akerl-dns.module.akerl_org.aws_route53_zone.this"
          ]
        }
      ]
    },
    {
      "module": "module.akerl-dns.module.akerl_org",
      "mode": "managed",
      "type": "aws_route53_record",
      "name": "spf",
      "provider": "provider[\"registry.terraform.io/hashicorp/aws\"]",
      "instances": [
        {
          "schema_version": 2,
          "attributes": {
            "alias": [],
            "allow_overwrite": null,
            "failover_routing_policy": [],
            "fqdn": "akerl.org",
            "geolocation_routing_policy": [],
            "health_check_id": "",
            "id": "Z1GXO6WRJN3B5T_akerl.org_SPF",
            "latency_routing_policy": [],
            "multivalue_answer_routing_policy": null,
            "name": "akerl.org",
            "records": [
              "v=spf1 a include:_spf.google.com ~all"
            ],
            "set_identifier": "",
            "ttl": 86400,
            "type": "SPF",
            "weighted_routing_policy": [],
            "zone_id": "Z1GXO6WRJN3B5T"
          },
          "dependencies": [
            "module.akerl-dns.aws_route53_delegation_set.main",
            "module.akerl-dns.module.akerl_org.aws_route53_zone.this"
          ]
        }
      ]
    },
    {
      "module": "module.akerl-dns.module.akerl_org",
      "mode": "managed",
      "type": "aws_route53_record",
      "name": "txt",
      "provider": "provider[\"registry.terraform.io/hashicorp/aws\"]",
      "instances": [
        {
          "schema_version": 2,
          "attributes": {
            "alias": [],
            "allow_overwrite": null,
            "failover_routing_policy": [],
            "fqdn": "akerl.org",
            "geolocation_routing_policy": [],
            "health_check_id": "",
            "id": "Z1GXO6WRJN3B5T_akerl.org_TXT",
            "latency_routing_policy": [],
            "multivalue_answer_routing_policy": null,
            "name": "akerl.org",
            "records": [
              "v=spf1 a include:_spf.google.com ~all"
            ],
            "set_identifier": "",
            "ttl": 86400,
            "type": "TXT",
            "weighted_routing_policy": [],
            "zone_id": "Z1GXO6WRJN3B5T"
          },
          "dependencies": [
            "module.akerl-dns.aws_route53_delegation_set.main",
            "module.akerl-dns.module.akerl_org.aws_route53_zone.this"
          ]
        }
      ]
    },
    {
      "module": "module.akerl-dns.module.akerl_org",
      "mode": "managed",
      "type": "aws_route53_zone",
      "name": "this",
      "provider": "provider[\"registry.terraform.io/hashicorp/aws\"]",
      "instances": [
        {
          "schema_version": 0,
          "attributes": {
            "comment": "Managed by Terraform",
            "delegation_set_id": "N3C8AV2DA0N4N9",
            "force_destroy": false,
            "id": "Z1GXO6WRJN3B5T",
            "name": "akerl.org.",
            "name_servers": [
              "ns-1242.awsdns-27.org",
              "ns-1942.awsdns-50.co.uk",
              "ns-477.awsdns-59.com",
              "ns-808.awsdns-37.net"
            ],
            "tags": {},
            "vpc": [],
            "vpc_id": "",
            "vpc_region": "",
            "zone_id": "Z1GXO6WRJN3B5T"
          },
          "dependencies": [
            "module.akerl-dns.aws_route53_delegation_set.main"
          ]
        }
      ]
    },
    {
      "module": "module.akerl-dns.module.controller_infra_home_certs_a-rwx_org",
      "mode": "managed",
      "type": "aws_route53_record",
      "name": "caa",
      "provider": "provider[\"registry.terraform.io/hashicorp/aws\"]",
      "instances": [
        {
          "index_key": 0,
          "schema_version": 2,
          "attributes": {
            "alias": [],
            "allow_overwrite": null,
            "failover_routing_policy": [],
            "fqdn": "controller.infra.home.certs.a-rwx.org",
            "geolocation_routing_policy": [],
            "health_check_id": "",
            "id": "Z05189664XL679869QEY_controller.infra.home.certs.a-rwx.org_CAA",
            "latency_routing_policy": [],
            "multivalue_answer_routing_policy": null,
            "name": "controller.infra.home.certs.a-rwx.org",
            "records": [
              "0 iodef \"mailto:admin@lesaker.org\"",
              "0 issue \"amazon.com\"",
              "0 issuewild \";\""
            ],
            "set_identifier": "",
            "ttl": 86400,
            "type": "CAA",
            "weighted_routing_policy": [],
            "zone_id": "Z05189664XL679869QEY"
          },
          "private": "eyJzY2hlbWFfdmVyc2lvbiI6IjIifQ==",
          "dependencies": [
            "module.akerl-dns.module.controller_infra_home_certs_a-rwx_org.aws_route53_zone.this"
          ]
        }
      ]
    },
    {
      "module": "module.akerl-dns.module.controller_infra_home_certs_a-rwx_org",
      "mode": "managed",
      "type": "aws_route53_record",
      "name": "mx",
      "provider": "provider[\"registry.terraform.io/hashicorp/aws\"]",
      "instances": [
        {
          "schema_version": 2,
          "attributes": {
            "alias": [],
            "allow_overwrite": null,
            "failover_routing_policy": [],
            "fqdn": "controller.infra.home.certs.a-rwx.org",
            "geolocation_routing_policy": [],
            "health_check_id": "",
            "id": "Z05189664XL679869QEY_controller.infra.home.certs.a-rwx.org_MX",
            "latency_routing_policy": [],
            "multivalue_answer_routing_policy": null,
            "name": "controller.infra.home.certs.a-rwx.org",
            "records": [
              "1   aspmx.l.google.com.",
              "10  aspmx2.googlemail.com.",
              "10  aspmx3.googlemail.com.",
              "5   alt1.aspmx.l.google.com.",
              "5   alt2.aspmx.l.google.com."
            ],
            "set_identifier": "",
            "ttl": 86400,
            "type": "MX",
            "weighted_routing_policy": [],
            "zone_id": "Z05189664XL679869QEY"
          },
          "private": "eyJzY2hlbWFfdmVyc2lvbiI6IjIifQ==",
          "dependencies": [
            "module.akerl-dns.aws_route53_delegation_set.controller",
            "module.akerl-dns.module.controller_infra_home_certs_a-rwx_org.aws_route53_zone.this"
          ]
        }
      ]
    },
    {
      "module": "module.akerl-dns.module.controller_infra_home_certs_a-rwx_org",
      "mode": "managed",
      "type": "aws_route53_record",
      "name": "soa",
      "provider": "provider[\"registry.terraform.io/hashicorp/aws\"]",
      "instances": [
        {
          "schema_version": 2,
          "attributes": {
            "alias": [],
            "allow_overwrite": true,
            "failover_routing_policy": [],
            "fqdn": "controller.infra.home.certs.a-rwx.org",
            "geolocation_routing_policy": [],
            "health_check_id": "",
            "id": "Z05189664XL679869QEY_controller.infra.home.certs.a-rwx.org_SOA",
            "latency_routing_policy": [],
            "multivalue_answer_routing_policy": null,
            "name": "controller.infra.home.certs.a-rwx.org",
            "records": [
              "ns-1408.awsdns-48.org. admin.lesaker.org. 1 7200 900 1209600 3600"
            ],
            "set_identifier": "",
            "ttl": 86400,
            "type": "SOA",
            "weighted_routing_policy": [],
            "zone_id": "Z05189664XL679869QEY"
          },
          "private": "eyJzY2hlbWFfdmVyc2lvbiI6IjIifQ==",
          "dependencies": [
            "module.akerl-dns.aws_route53_delegation_set.controller",
            "module.akerl-dns.module.controller_infra_home_certs_a-rwx_org.aws_route53_zone.this"
          ]
        }
      ]
    },
    {
      "module": "module.akerl-dns.module.controller_infra_home_certs_a-rwx_org",
      "mode": "managed",
      "type": "aws_route53_record",
      "name": "spf",
      "provider": "provider[\"registry.terraform.io/hashicorp/aws\"]",
      "instances": [
        {
          "schema_version": 2,
          "attributes": {
            "alias": [],
            "allow_overwrite": null,
            "failover_routing_policy": [],
            "fqdn": "controller.infra.home.certs.a-rwx.org",
            "geolocation_routing_policy": [],
            "health_check_id": "",
            "id": "Z05189664XL679869QEY_controller.infra.home.certs.a-rwx.org_SPF",
            "latency_routing_policy": [],
            "multivalue_answer_routing_policy": null,
            "name": "controller.infra.home.certs.a-rwx.org",
            "records": [
              "v=spf1 a include:_spf.google.com ~all"
            ],
            "set_identifier": "",
            "ttl": 86400,
            "type": "SPF",
            "weighted_routing_policy": [],
            "zone_id": "Z05189664XL679869QEY"
          },
          "private": "eyJzY2hlbWFfdmVyc2lvbiI6IjIifQ==",
          "dependencies": [
            "module.akerl-dns.aws_route53_delegation_set.controller",
            "module.akerl-dns.module.controller_infra_home_certs_a-rwx_org.aws_route53_zone.this"
          ]
        }
      ]
    },
    {
      "module": "module.akerl-dns.module.controller_infra_home_certs_a-rwx_org",
      "mode": "managed",
      "type": "aws_route53_record",
      "name": "txt",
      "provider": "provider[\"registry.terraform.io/hashicorp/aws\"]",
      "instances": [
        {
          "schema_version": 2,
          "attributes": {
            "alias": [],
            "allow_overwrite": null,
            "failover_routing_policy": [],
            "fqdn": "controller.infra.home.certs.a-rwx.org",
            "geolocation_routing_policy": [],
            "health_check_id": "",
            "id": "Z05189664XL679869QEY_controller.infra.home.certs.a-rwx.org_TXT",
            "latency_routing_policy": [],
            "multivalue_answer_routing_policy": null,
            "name": "controller.infra.home.certs.a-rwx.org",
            "records": [
              "v=spf1 a include:_spf.google.com ~all"
            ],
            "set_identifier": "",
            "ttl": 86400,
            "type": "TXT",
            "weighted_routing_policy": [],
            "zone_id": "Z05189664XL679869QEY"
          },
          "private": "eyJzY2hlbWFfdmVyc2lvbiI6IjIifQ==",
          "dependencies": [
            "module.akerl-dns.aws_route53_delegation_set.controller",
            "module.akerl-dns.module.controller_infra_home_certs_a-rwx_org.aws_route53_zone.this"
          ]
        }
      ]
    },
    {
      "module": "module.akerl-dns.module.controller_infra_home_certs_a-rwx_org",
      "mode": "managed",
      "type": "aws_route53_zone",
      "name": "this",
      "provider": "provider[\"registry.terraform.io/hashicorp/aws\"]",
      "instances": [
        {
          "schema_version": 0,
          "attributes": {
            "comment": "Managed by Terraform",
            "delegation_set_id": "N03372166VBJ45E8XJ59",
            "force_destroy": false,
            "id": "Z05189664XL679869QEY",
            "name": "controller.infra.home.certs.a-rwx.org.",
            "name_servers": [
              "ns-1408.awsdns-48.org",
              "ns-1560.awsdns-03.co.uk",
              "ns-608.awsdns-12.net",
              "ns-99.awsdns-12.com"
            ],
            "tags": {},
            "vpc": [],
            "vpc_id": null,
            "vpc_region": null,
            "zone_id": "Z05189664XL679869QEY"
          },
          "private": "bnVsbA==",
          "dependencies": [
            "module.akerl-dns.aws_route53_delegation_set.controller"
          ]
        }
      ]
    },
    {
      "module": "module.akerl-dns.module.coolquotes_xyz",
      "mode": "managed",
      "type": "aws_route53_record",
      "name": "caa",
      "provider": "provider[\"registry.terraform.io/hashicorp/aws\"]",
      "instances": [
        {
          "index_key": 0,
          "schema_version": 2,
          "attributes": {
            "alias": [],
            "allow_overwrite": null,
            "failover_routing_policy": [],
            "fqdn": "coolquotes.xyz",
            "geolocation_routing_policy": [],
            "health_check_id": "",
            "id": "Z8OAL9XXAA49Z_coolquotes.xyz_CAA",
            "latency_routing_policy": [],
            "multivalue_answer_routing_policy": null,
            "name": "coolquotes.xyz",
            "records": [
              "0 iodef \"mailto:admin@lesaker.org\"",
              "0 issue \"amazon.com\"",
              "0 issuewild \";\""
            ],
            "set_identifier": "",
            "ttl": 86400,
            "type": "CAA",
            "weighted_routing_policy": [],
            "zone_id": "Z8OAL9XXAA49Z"
          },
          "dependencies": [
            "module.akerl-dns.aws_route53_delegation_set.main",
            "module.akerl-dns.module.coolquotes_xyz.aws_route53_zone.this"
          ]
        }
      ]
    },
    {
      "module": "module.akerl-dns.module.coolquotes_xyz",
      "mode": "managed",
      "type": "aws_route53_record",
      "name": "mx",
      "provider": "provider[\"registry.terraform.io/hashicorp/aws\"]",
      "instances": [
        {
          "schema_version": 2,
          "attributes": {
            "alias": [],
            "allow_overwrite": null,
            "failover_routing_policy": [],
            "fqdn": "coolquotes.xyz",
            "geolocation_routing_policy": [],
            "health_check_id": "",
            "id": "Z8OAL9XXAA49Z_coolquotes.xyz_MX",
            "latency_routing_policy": [],
            "multivalue_answer_routing_policy": null,
            "name": "coolquotes.xyz",
            "records": [
              "1   aspmx.l.google.com.",
              "10  aspmx2.googlemail.com.",
              "10  aspmx3.googlemail.com.",
              "5   alt1.aspmx.l.google.com.",
              "5   alt2.aspmx.l.google.com."
            ],
            "set_identifier": "",
            "ttl": 86400,
            "type": "MX",
            "weighted_routing_policy": [],
            "zone_id": "Z8OAL9XXAA49Z"
          },
          "dependencies": [
            "module.akerl-dns.aws_route53_delegation_set.main",
            "module.akerl-dns.module.coolquotes_xyz.aws_route53_zone.this"
          ]
        }
      ]
    },
    {
      "module": "module.akerl-dns.module.coolquotes_xyz",
      "mode": "managed",
      "type": "aws_route53_record",
      "name": "soa",
      "provider": "provider[\"registry.terraform.io/hashicorp/aws\"]",
      "instances": [
        {
          "schema_version": 2,
          "attributes": {
            "alias": [],
            "allow_overwrite": true,
            "failover_routing_policy": [],
            "fqdn": "coolquotes.xyz",
            "geolocation_routing_policy": [],
            "health_check_id": "",
            "id": "Z8OAL9XXAA49Z_coolquotes.xyz_SOA",
            "latency_routing_policy": [],
            "multivalue_answer_routing_policy": null,
            "name": "coolquotes.xyz",
            "records": [
              "ns-1242.awsdns-27.org. admin.lesaker.org. 1 7200 900 1209600 3600"
            ],
            "set_identifier": "",
            "ttl": 86400,
            "type": "SOA",
            "weighted_routing_policy": [],
            "zone_id": "Z8OAL9XXAA49Z"
          },
          "private": "eyJzY2hlbWFfdmVyc2lvbiI6IjIifQ==",
          "dependencies": [
            "module.akerl-dns.module.coolquotes_xyz.aws_route53_zone.this"
          ]
        }
      ]
    },
    {
      "module": "module.akerl-dns.module.coolquotes_xyz",
      "mode": "managed",
      "type": "aws_route53_record",
      "name": "spf",
      "provider": "provider[\"registry.terraform.io/hashicorp/aws\"]",
      "instances": [
        {
          "schema_version": 2,
          "attributes": {
            "alias": [],
            "allow_overwrite": null,
            "failover_routing_policy": [],
            "fqdn": "coolquotes.xyz",
            "geolocation_routing_policy": [],
            "health_check_id": "",
            "id": "Z8OAL9XXAA49Z_coolquotes.xyz_SPF",
            "latency_routing_policy": [],
            "multivalue_answer_routing_policy": null,
            "name": "coolquotes.xyz",
            "records": [
              "v=spf1 a include:_spf.google.com ~all"
            ],
            "set_identifier": "",
            "ttl": 86400,
            "type": "SPF",
            "weighted_routing_policy": [],
            "zone_id": "Z8OAL9XXAA49Z"
          },
          "dependencies": [
            "module.akerl-dns.aws_route53_delegation_set.main",
            "module.akerl-dns.module.coolquotes_xyz.aws_route53_zone.this"
          ]
        }
      ]
    },
    {
      "module": "module.akerl-dns.module.coolquotes_xyz",
      "mode": "managed",
      "type": "aws_route53_record",
      "name": "txt",
      "provider": "provider[\"registry.terraform.io/hashicorp/aws\"]",
      "instances": [
        {
          "schema_version": 2,
          "attributes": {
            "alias": [],
            "allow_overwrite": null,
            "failover_routing_policy": [],
            "fqdn": "coolquotes.xyz",
            "geolocation_routing_policy": [],
            "health_check_id": "",
            "id": "Z8OAL9XXAA49Z_coolquotes.xyz_TXT",
            "latency_routing_policy": [],
            "multivalue_answer_routing_policy": null,
            "name": "coolquotes.xyz",
            "records": [
              "v=spf1 a include:_spf.google.com ~all"
            ],
            "set_identifier": "",
            "ttl": 86400,
            "type": "TXT",
            "weighted_routing_policy": [],
            "zone_id": "Z8OAL9XXAA49Z"
          },
          "dependencies": [
            "module.akerl-dns.aws_route53_delegation_set.main",
            "module.akerl-dns.module.coolquotes_xyz.aws_route53_zone.this"
          ]
        }
      ]
    },
    {
      "module": "module.akerl-dns.module.coolquotes_xyz",
      "mode": "managed",
      "type": "aws_route53_zone",
      "name": "this",
      "provider": "provider[\"registry.terraform.io/hashicorp/aws\"]",
      "instances": [
        {
          "schema_version": 0,
          "attributes": {
            "comment": "Managed by Terraform",
            "delegation_set_id": "N3C8AV2DA0N4N9",
            "force_destroy": false,
            "id": "Z8OAL9XXAA49Z",
            "name": "coolquotes.xyz.",
            "name_servers": [
              "ns-1242.awsdns-27.org",
              "ns-1942.awsdns-50.co.uk",
              "ns-477.awsdns-59.com",
              "ns-808.awsdns-37.net"
            ],
            "tags": {},
            "vpc": [],
            "vpc_id": "",
            "vpc_region": "",
            "zone_id": "Z8OAL9XXAA49Z"
          },
          "dependencies": [
            "module.akerl-dns.aws_route53_delegation_set.main"
          ]
        }
      ]
    },
    {
      "module": "module.akerl-dns.module.happilyeveraker_com",
      "mode": "managed",
      "type": "aws_route53_record",
      "name": "caa",
      "provider": "provider[\"registry.terraform.io/hashicorp/aws\"]",
      "instances": [
        {
          "index_key": 0,
          "schema_version": 2,
          "attributes": {
            "alias": [],
            "allow_overwrite": null,
            "failover_routing_policy": [],
            "fqdn": "happilyeveraker.com",
            "geolocation_routing_policy": [],
            "health_check_id": "",
            "id": "Z2ZXZ7VFSXR5E7_happilyeveraker.com_CAA",
            "latency_routing_policy": [],
            "multivalue_answer_routing_policy": null,
            "name": "happilyeveraker.com",
            "records": [
              "0 iodef \"mailto:admin@lesaker.org\"",
              "0 issue \"amazon.com\"",
              "0 issuewild \";\""
            ],
            "set_identifier": "",
            "ttl": 86400,
            "type": "CAA",
            "weighted_routing_policy": [],
            "zone_id": "Z2ZXZ7VFSXR5E7"
          },
          "dependencies": [
            "module.akerl-dns.aws_route53_delegation_set.main",
            "module.akerl-dns.module.happilyeveraker_com.aws_route53_zone.this"
          ]
        }
      ]
    },
    {
      "module": "module.akerl-dns.module.happilyeveraker_com",
      "mode": "managed",
      "type": "aws_route53_record",
      "name": "mx",
      "provider": "provider[\"registry.terraform.io/hashicorp/aws\"]",
      "instances": [
        {
          "schema_version": 2,
          "attributes": {
            "alias": [],
            "allow_overwrite": null,
            "failover_routing_policy": [],
            "fqdn": "happilyeveraker.com",
            "geolocation_routing_policy": [],
            "health_check_id": "",
            "id": "Z2ZXZ7VFSXR5E7_happilyeveraker.com_MX",
            "latency_routing_policy": [],
            "multivalue_answer_routing_policy": null,
            "name": "happilyeveraker.com",
            "records": [
              "1   aspmx.l.google.com.",
              "10  aspmx2.googlemail.com.",
              "10  aspmx3.googlemail.com.",
              "5   alt1.aspmx.l.google.com.",
              "5   alt2.aspmx.l.google.com."
            ],
            "set_identifier": "",
            "ttl": 86400,
            "type": "MX",
            "weighted_routing_policy": [],
            "zone_id": "Z2ZXZ7VFSXR5E7"
          },
          "dependencies": [
            "module.akerl-dns.aws_route53_delegation_set.main",
            "module.akerl-dns.module.happilyeveraker_com.aws_route53_zone.this"
          ]
        }
      ]
    },
    {
      "module": "module.akerl-dns.module.happilyeveraker_com",
      "mode": "managed",
      "type": "aws_route53_record",
      "name": "soa",
      "provider": "provider[\"registry.terraform.io/hashicorp/aws\"]",
      "instances": [
        {
          "schema_version": 2,
          "attributes": {
            "alias": [],
            "allow_overwrite": true,
            "failover_routing_policy": [],
            "fqdn": "happilyeveraker.com",
            "geolocation_routing_policy": [],
            "health_check_id": "",
            "id": "Z2ZXZ7VFSXR5E7_happilyeveraker.com_SOA",
            "latency_routing_policy": [],
            "multivalue_answer_routing_policy": null,
            "name": "happilyeveraker.com",
            "records": [
              "ns-1242.awsdns-27.org. admin.lesaker.org. 1 7200 900 1209600 3600"
            ],
            "set_identifier": "",
            "ttl": 86400,
            "type": "SOA",
            "weighted_routing_policy": [],
            "zone_id": "Z2ZXZ7VFSXR5E7"
          },
          "private": "eyJzY2hlbWFfdmVyc2lvbiI6IjIifQ==",
          "dependencies": [
            "module.akerl-dns.module.happilyeveraker_com.aws_route53_zone.this"
          ]
        }
      ]
    },
    {
      "module": "module.akerl-dns.module.happilyeveraker_com",
      "mode": "managed",
      "type": "aws_route53_record",
      "name": "spf",
      "provider": "provider[\"registry.terraform.io/hashicorp/aws\"]",
      "instances": [
        {
          "schema_version": 2,
          "attributes": {
            "alias": [],
            "allow_overwrite": null,
            "failover_routing_policy": [],
            "fqdn": "happilyeveraker.com",
            "geolocation_routing_policy": [],
            "health_check_id": "",
            "id": "Z2ZXZ7VFSXR5E7_happilyeveraker.com_SPF",
            "latency_routing_policy": [],
            "multivalue_answer_routing_policy": null,
            "name": "happilyeveraker.com",
            "records": [
              "v=spf1 a include:_spf.google.com ~all"
            ],
            "set_identifier": "",
            "ttl": 86400,
            "type": "SPF",
            "weighted_routing_policy": [],
            "zone_id": "Z2ZXZ7VFSXR5E7"
          },
          "dependencies": [
            "module.akerl-dns.aws_route53_delegation_set.main",
            "module.akerl-dns.module.happilyeveraker_com.aws_route53_zone.this"
          ]
        }
      ]
    },
    {
      "module": "module.akerl-dns.module.happilyeveraker_com",
      "mode": "managed",
      "type": "aws_route53_record",
      "name": "txt",
      "provider": "provider[\"registry.terraform.io/hashicorp/aws\"]",
      "instances": [
        {
          "schema_version": 2,
          "attributes": {
            "alias": [],
            "allow_overwrite": null,
            "failover_routing_policy": [],
            "fqdn": "happilyeveraker.com",
            "geolocation_routing_policy": [],
            "health_check_id": "",
            "id": "Z2ZXZ7VFSXR5E7_happilyeveraker.com_TXT",
            "latency_routing_policy": [],
            "multivalue_answer_routing_policy": null,
            "name": "happilyeveraker.com",
            "records": [
              "v=spf1 a include:_spf.google.com ~all"
            ],
            "set_identifier": "",
            "ttl": 86400,
            "type": "TXT",
            "weighted_routing_policy": [],
            "zone_id": "Z2ZXZ7VFSXR5E7"
          },
          "dependencies": [
            "module.akerl-dns.aws_route53_delegation_set.main",
            "module.akerl-dns.module.happilyeveraker_com.aws_route53_zone.this"
          ]
        }
      ]
    },
    {
      "module": "module.akerl-dns.module.happilyeveraker_com",
      "mode": "managed",
      "type": "aws_route53_zone",
      "name": "this",
      "provider": "provider[\"registry.terraform.io/hashicorp/aws\"]",
      "instances": [
        {
          "schema_version": 0,
          "attributes": {
            "comment": "Managed by Terraform",
            "delegation_set_id": "N3C8AV2DA0N4N9",
            "force_destroy": false,
            "id": "Z2ZXZ7VFSXR5E7",
            "name": "happilyeveraker.com.",
            "name_servers": [
              "ns-1242.awsdns-27.org",
              "ns-1942.awsdns-50.co.uk",
              "ns-477.awsdns-59.com",
              "ns-808.awsdns-37.net"
            ],
            "tags": {},
            "vpc": [],
            "vpc_id": "",
            "vpc_region": "",
            "zone_id": "Z2ZXZ7VFSXR5E7"
          },
          "dependencies": [
            "module.akerl-dns.aws_route53_delegation_set.main"
          ]
        }
      ]
    },
    {
      "module": "module.akerl-dns.module.id-ed25519_pub",
      "mode": "managed",
      "type": "aws_route53_record",
      "name": "caa",
      "provider": "provider[\"registry.terraform.io/hashicorp/aws\"]",
      "instances": [
        {
          "index_key": 0,
          "schema_version": 2,
          "attributes": {
            "alias": [],
            "allow_overwrite": null,
            "failover_routing_policy": [],
            "fqdn": "id-ed25519.pub",
            "geolocation_routing_policy": [],
            "health_check_id": "",
            "id": "Z23K6MA9HYNB2L_id-ed25519.pub_CAA",
            "latency_routing_policy": [],
            "multivalue_answer_routing_policy": null,
            "name": "id-ed25519.pub",
            "records": [
              "0 iodef \"mailto:admin@lesaker.org\"",
              "0 issue \"amazon.com\"",
              "0 issuewild \";\""
            ],
            "set_identifier": "",
            "ttl": 86400,
            "type": "CAA",
            "weighted_routing_policy": [],
            "zone_id": "Z23K6MA9HYNB2L"
          },
          "dependencies": [
            "module.akerl-dns.aws_route53_delegation_set.main",
            "module.akerl-dns.module.id-ed25519_pub.aws_route53_zone.this"
          ]
        }
      ]
    },
    {
      "module": "module.akerl-dns.module.id-ed25519_pub",
      "mode": "managed",
      "type": "aws_route53_record",
      "name": "mx",
      "provider": "provider[\"registry.terraform.io/hashicorp/aws\"]",
      "instances": [
        {
          "schema_version": 2,
          "attributes": {
            "alias": [],
            "allow_overwrite": null,
            "failover_routing_policy": [],
            "fqdn": "id-ed25519.pub",
            "geolocation_routing_policy": [],
            "health_check_id": "",
            "id": "Z23K6MA9HYNB2L_id-ed25519.pub_MX",
            "latency_routing_policy": [],
            "multivalue_answer_routing_policy": null,
            "name": "id-ed25519.pub",
            "records": [
              "1   aspmx.l.google.com.",
              "10  aspmx2.googlemail.com.",
              "10  aspmx3.googlemail.com.",
              "5   alt1.aspmx.l.google.com.",
              "5   alt2.aspmx.l.google.com."
            ],
            "set_identifier": "",
            "ttl": 86400,
            "type": "MX",
            "weighted_routing_policy": [],
            "zone_id": "Z23K6MA9HYNB2L"
          },
          "dependencies": [
            "module.akerl-dns.aws_route53_delegation_set.main",
            "module.akerl-dns.module.id-ed25519_pub.aws_route53_zone.this"
          ]
        }
      ]
    },
    {
      "module": "module.akerl-dns.module.id-ed25519_pub",
      "mode": "managed",
      "type": "aws_route53_record",
      "name": "soa",
      "provider": "provider[\"registry.terraform.io/hashicorp/aws\"]",
      "instances": [
        {
          "schema_version": 2,
          "attributes": {
            "alias": [],
            "allow_overwrite": true,
            "failover_routing_policy": [],
            "fqdn": "id-ed25519.pub",
            "geolocation_routing_policy": [],
            "health_check_id": "",
            "id": "Z23K6MA9HYNB2L_id-ed25519.pub_SOA",
            "latency_routing_policy": [],
            "multivalue_answer_routing_policy": null,
            "name": "id-ed25519.pub",
            "records": [
              "ns-1242.awsdns-27.org. admin.lesaker.org. 1 7200 900 1209600 3600"
            ],
            "set_identifier": "",
            "ttl": 86400,
            "type": "SOA",
            "weighted_routing_policy": [],
            "zone_id": "Z23K6MA9HYNB2L"
          },
          "private": "eyJzY2hlbWFfdmVyc2lvbiI6IjIifQ==",
          "dependencies": [
            "module.akerl-dns.module.id-ed25519_pub.aws_route53_zone.this"
          ]
        }
      ]
    },
    {
      "module": "module.akerl-dns.module.id-ed25519_pub",
      "mode": "managed",
      "type": "aws_route53_record",
      "name": "spf",
      "provider": "provider[\"registry.terraform.io/hashicorp/aws\"]",
      "instances": [
        {
          "schema_version": 2,
          "attributes": {
            "alias": [],
            "allow_overwrite": null,
            "failover_routing_policy": [],
            "fqdn": "id-ed25519.pub",
            "geolocation_routing_policy": [],
            "health_check_id": "",
            "id": "Z23K6MA9HYNB2L_id-ed25519.pub_SPF",
            "latency_routing_policy": [],
            "multivalue_answer_routing_policy": null,
            "name": "id-ed25519.pub",
            "records": [
              "v=spf1 a include:_spf.google.com ~all"
            ],
            "set_identifier": "",
            "ttl": 86400,
            "type": "SPF",
            "weighted_routing_policy": [],
            "zone_id": "Z23K6MA9HYNB2L"
          },
          "dependencies": [
            "module.akerl-dns.aws_route53_delegation_set.main",
            "module.akerl-dns.module.id-ed25519_pub.aws_route53_zone.this"
          ]
        }
      ]
    },
    {
      "module": "module.akerl-dns.module.id-ed25519_pub",
      "mode": "managed",
      "type": "aws_route53_record",
      "name": "txt",
      "provider": "provider[\"registry.terraform.io/hashicorp/aws\"]",
      "instances": [
        {
          "schema_version": 2,
          "attributes": {
            "alias": [],
            "allow_overwrite": null,
            "failover_routing_policy": [],
            "fqdn": "id-ed25519.pub",
            "geolocation_routing_policy": [],
            "health_check_id": "",
            "id": "Z23K6MA9HYNB2L_id-ed25519.pub_TXT",
            "latency_routing_policy": [],
            "multivalue_answer_routing_policy": null,
            "name": "id-ed25519.pub",
            "records": [
              "v=spf1 a include:_spf.google.com ~all"
            ],
            "set_identifier": "",
            "ttl": 86400,
            "type": "TXT",
            "weighted_routing_policy": [],
            "zone_id": "Z23K6MA9HYNB2L"
          },
          "dependencies": [
            "module.akerl-dns.aws_route53_delegation_set.main",
            "module.akerl-dns.module.id-ed25519_pub.aws_route53_zone.this"
          ]
        }
      ]
    },
    {
      "module": "module.akerl-dns.module.id-ed25519_pub",
      "mode": "managed",
      "type": "aws_route53_zone",
      "name": "this",
      "provider": "provider[\"registry.terraform.io/hashicorp/aws\"]",
      "instances": [
        {
          "schema_version": 0,
          "attributes": {
            "comment": "Managed by Terraform",
            "delegation_set_id": "N3C8AV2DA0N4N9",
            "force_destroy": false,
            "id": "Z23K6MA9HYNB2L",
            "name": "id-ed25519.pub.",
            "name_servers": [
              "ns-1242.awsdns-27.org",
              "ns-1942.awsdns-50.co.uk",
              "ns-477.awsdns-59.com",
              "ns-808.awsdns-37.net"
            ],
            "tags": {},
            "vpc": [],
            "vpc_id": "",
            "vpc_region": "",
            "zone_id": "Z23K6MA9HYNB2L"
          },
          "dependencies": [
            "module.akerl-dns.aws_route53_delegation_set.main"
          ]
        }
      ]
    },
    {
      "module": "module.akerl-dns.module.kellywatts_com",
      "mode": "managed",
      "type": "aws_route53_record",
      "name": "caa",
      "provider": "provider[\"registry.terraform.io/hashicorp/aws\"]",
      "instances": []
    },
    {
      "module": "module.akerl-dns.module.kellywatts_com",
      "mode": "managed",
      "type": "aws_route53_record",
      "name": "mx",
      "provider": "provider[\"registry.terraform.io/hashicorp/aws\"]",
      "instances": [
        {
          "schema_version": 2,
          "attributes": {
            "alias": [],
            "allow_overwrite": null,
            "failover_routing_policy": [],
            "fqdn": "kellywatts.com",
            "geolocation_routing_policy": [],
            "health_check_id": "",
            "id": "Z2DQ7RUJQNTQI5_kellywatts.com_MX",
            "latency_routing_policy": [],
            "multivalue_answer_routing_policy": null,
            "name": "kellywatts.com",
            "records": [
              "1   aspmx.l.google.com.",
              "10  aspmx2.googlemail.com.",
              "10  aspmx3.googlemail.com.",
              "5   alt1.aspmx.l.google.com.",
              "5   alt2.aspmx.l.google.com."
            ],
            "set_identifier": "",
            "ttl": 86400,
            "type": "MX",
            "weighted_routing_policy": [],
            "zone_id": "Z2DQ7RUJQNTQI5"
          },
          "dependencies": [
            "module.akerl-dns.aws_route53_delegation_set.main",
            "module.akerl-dns.module.kellywatts_com.aws_route53_zone.this"
          ]
        }
      ]
    },
    {
      "module": "module.akerl-dns.module.kellywatts_com",
      "mode": "managed",
      "type": "aws_route53_record",
      "name": "soa",
      "provider": "provider[\"registry.terraform.io/hashicorp/aws\"]",
      "instances": [
        {
          "schema_version": 2,
          "attributes": {
            "alias": [],
            "allow_overwrite": true,
            "failover_routing_policy": [],
            "fqdn": "kellywatts.com",
            "geolocation_routing_policy": [],
            "health_check_id": "",
            "id": "Z2DQ7RUJQNTQI5_kellywatts.com_SOA",
            "latency_routing_policy": [],
            "multivalue_answer_routing_policy": null,
            "name": "kellywatts.com",
            "records": [
              "ns-1242.awsdns-27.org. admin.lesaker.org. 1 7200 900 1209600 3600"
            ],
            "set_identifier": "",
            "ttl": 86400,
            "type": "SOA",
            "weighted_routing_policy": [],
            "zone_id": "Z2DQ7RUJQNTQI5"
          },
          "private": "eyJzY2hlbWFfdmVyc2lvbiI6IjIifQ==",
          "dependencies": [
            "module.akerl-dns.module.kellywatts_com.aws_route53_zone.this"
          ]
        }
      ]
    },
    {
      "module": "module.akerl-dns.module.kellywatts_com",
      "mode": "managed",
      "type": "aws_route53_record",
      "name": "spf",
      "provider": "provider[\"registry.terraform.io/hashicorp/aws\"]",
      "instances": [
        {
          "schema_version": 2,
          "attributes": {
            "alias": [],
            "allow_overwrite": null,
            "failover_routing_policy": [],
            "fqdn": "kellywatts.com",
            "geolocation_routing_policy": [],
            "health_check_id": "",
            "id": "Z2DQ7RUJQNTQI5_kellywatts.com_SPF",
            "latency_routing_policy": [],
            "multivalue_answer_routing_policy": null,
            "name": "kellywatts.com",
            "records": [
              "v=spf1 a include:_spf.google.com ~all"
            ],
            "set_identifier": "",
            "ttl": 86400,
            "type": "SPF",
            "weighted_routing_policy": [],
            "zone_id": "Z2DQ7RUJQNTQI5"
          },
          "dependencies": [
            "module.akerl-dns.aws_route53_delegation_set.main",
            "module.akerl-dns.module.kellywatts_com.aws_route53_zone.this"
          ]
        }
      ]
    },
    {
      "module": "module.akerl-dns.module.kellywatts_com",
      "mode": "managed",
      "type": "aws_route53_record",
      "name": "txt",
      "provider": "provider[\"registry.terraform.io/hashicorp/aws\"]",
      "instances": [
        {
          "schema_version": 2,
          "attributes": {
            "alias": [],
            "allow_overwrite": null,
            "failover_routing_policy": [],
            "fqdn": "kellywatts.com",
            "geolocation_routing_policy": [],
            "health_check_id": "",
            "id": "Z2DQ7RUJQNTQI5_kellywatts.com_TXT",
            "latency_routing_policy": [],
            "multivalue_answer_routing_policy": null,
            "name": "kellywatts.com",
            "records": [
              "v=spf1 a include:_spf.google.com ~all"
            ],
            "set_identifier": "",
            "ttl": 86400,
            "type": "TXT",
            "weighted_routing_policy": [],
            "zone_id": "Z2DQ7RUJQNTQI5"
          },
          "dependencies": [
            "module.akerl-dns.aws_route53_delegation_set.main",
            "module.akerl-dns.module.kellywatts_com.aws_route53_zone.this"
          ]
        }
      ]
    },
    {
      "module": "module.akerl-dns.module.kellywatts_com",
      "mode": "managed",
      "type": "aws_route53_zone",
      "name": "this",
      "provider": "provider[\"registry.terraform.io/hashicorp/aws\"]",
      "instances": [
        {
          "schema_version": 0,
          "attributes": {
            "comment": "Managed by Terraform",
            "delegation_set_id": "N3C8AV2DA0N4N9",
            "force_destroy": false,
            "id": "Z2DQ7RUJQNTQI5",
            "name": "kellywatts.com.",
            "name_servers": [
              "ns-1242.awsdns-27.org",
              "ns-1942.awsdns-50.co.uk",
              "ns-477.awsdns-59.com",
              "ns-808.awsdns-37.net"
            ],
            "tags": {},
            "vpc": [],
            "vpc_id": null,
            "vpc_region": null,
            "zone_id": "Z2DQ7RUJQNTQI5"
          },
          "dependencies": [
            "module.akerl-dns.aws_route53_delegation_set.main"
          ]
        }
      ]
    },
    {
      "module": "module.akerl-dns.module.lesaker_com",
      "mode": "managed",
      "type": "aws_route53_record",
      "name": "caa",
      "provider": "provider[\"registry.terraform.io/hashicorp/aws\"]",
      "instances": [
        {
          "index_key": 0,
          "schema_version": 2,
          "attributes": {
            "alias": [],
            "allow_overwrite": null,
            "failover_routing_policy": [],
            "fqdn": "lesaker.com",
            "geolocation_routing_policy": [],
            "health_check_id": "",
            "id": "Z12UG2AR1236YD_lesaker.com_CAA",
            "latency_routing_policy": [],
            "multivalue_answer_routing_policy": null,
            "name": "lesaker.com",
            "records": [
              "0 iodef \"mailto:admin@lesaker.org\"",
              "0 issue \"amazon.com\"",
              "0 issuewild \";\""
            ],
            "set_identifier": "",
            "ttl": 86400,
            "type": "CAA",
            "weighted_routing_policy": [],
            "zone_id": "Z12UG2AR1236YD"
          },
          "dependencies": [
            "module.akerl-dns.aws_route53_delegation_set.main",
            "module.akerl-dns.module.lesaker_com.aws_route53_zone.this"
          ]
        }
      ]
    },
    {
      "module": "module.akerl-dns.module.lesaker_com",
      "mode": "managed",
      "type": "aws_route53_record",
      "name": "mx",
      "provider": "provider[\"registry.terraform.io/hashicorp/aws\"]",
      "instances": [
        {
          "schema_version": 2,
          "attributes": {
            "alias": [],
            "allow_overwrite": null,
            "failover_routing_policy": [],
            "fqdn": "lesaker.com",
            "geolocation_routing_policy": [],
            "health_check_id": "",
            "id": "Z12UG2AR1236YD_lesaker.com_MX",
            "latency_routing_policy": [],
            "multivalue_answer_routing_policy": null,
            "name": "lesaker.com",
            "records": [
              "1   aspmx.l.google.com.",
              "10  aspmx2.googlemail.com.",
              "10  aspmx3.googlemail.com.",
              "5   alt1.aspmx.l.google.com.",
              "5   alt2.aspmx.l.google.com."
            ],
            "set_identifier": "",
            "ttl": 86400,
            "type": "MX",
            "weighted_routing_policy": [],
            "zone_id": "Z12UG2AR1236YD"
          },
          "dependencies": [
            "module.akerl-dns.aws_route53_delegation_set.main",
            "module.akerl-dns.module.lesaker_com.aws_route53_zone.this"
          ]
        }
      ]
    },
    {
      "module": "module.akerl-dns.module.lesaker_com",
      "mode": "managed",
      "type": "aws_route53_record",
      "name": "soa",
      "provider": "provider[\"registry.terraform.io/hashicorp/aws\"]",
      "instances": [
        {
          "schema_version": 2,
          "attributes": {
            "alias": [],
            "allow_overwrite": true,
            "failover_routing_policy": [],
            "fqdn": "lesaker.com",
            "geolocation_routing_policy": [],
            "health_check_id": "",
            "id": "Z12UG2AR1236YD_lesaker.com_SOA",
            "latency_routing_policy": [],
            "multivalue_answer_routing_policy": null,
            "name": "lesaker.com",
            "records": [
              "ns-1242.awsdns-27.org. admin.lesaker.org. 1 7200 900 1209600 3600"
            ],
            "set_identifier": "",
            "ttl": 86400,
            "type": "SOA",
            "weighted_routing_policy": [],
            "zone_id": "Z12UG2AR1236YD"
          },
          "private": "eyJzY2hlbWFfdmVyc2lvbiI6IjIifQ==",
          "dependencies": [
            "module.akerl-dns.module.lesaker_com.aws_route53_zone.this"
          ]
        }
      ]
    },
    {
      "module": "module.akerl-dns.module.lesaker_com",
      "mode": "managed",
      "type": "aws_route53_record",
      "name": "spf",
      "provider": "provider[\"registry.terraform.io/hashicorp/aws\"]",
      "instances": [
        {
          "schema_version": 2,
          "attributes": {
            "alias": [],
            "allow_overwrite": null,
            "failover_routing_policy": [],
            "fqdn": "lesaker.com",
            "geolocation_routing_policy": [],
            "health_check_id": "",
            "id": "Z12UG2AR1236YD_lesaker.com_SPF",
            "latency_routing_policy": [],
            "multivalue_answer_routing_policy": null,
            "name": "lesaker.com",
            "records": [
              "v=spf1 a include:_spf.google.com ~all"
            ],
            "set_identifier": "",
            "ttl": 86400,
            "type": "SPF",
            "weighted_routing_policy": [],
            "zone_id": "Z12UG2AR1236YD"
          },
          "dependencies": [
            "module.akerl-dns.aws_route53_delegation_set.main",
            "module.akerl-dns.module.lesaker_com.aws_route53_zone.this"
          ]
        }
      ]
    },
    {
      "module": "module.akerl-dns.module.lesaker_com",
      "mode": "managed",
      "type": "aws_route53_record",
      "name": "txt",
      "provider": "provider[\"registry.terraform.io/hashicorp/aws\"]",
      "instances": [
        {
          "schema_version": 2,
          "attributes": {
            "alias": [],
            "allow_overwrite": null,
            "failover_routing_policy": [],
            "fqdn": "lesaker.com",
            "geolocation_routing_policy": [],
            "health_check_id": "",
            "id": "Z12UG2AR1236YD_lesaker.com_TXT",
            "latency_routing_policy": [],
            "multivalue_answer_routing_policy": null,
            "name": "lesaker.com",
            "records": [
              "v=spf1 a include:_spf.google.com ~all"
            ],
            "set_identifier": "",
            "ttl": 86400,
            "type": "TXT",
            "weighted_routing_policy": [],
            "zone_id": "Z12UG2AR1236YD"
          },
          "dependencies": [
            "module.akerl-dns.aws_route53_delegation_set.main",
            "module.akerl-dns.module.lesaker_com.aws_route53_zone.this"
          ]
        }
      ]
    },
    {
      "module": "module.akerl-dns.module.lesaker_com",
      "mode": "managed",
      "type": "aws_route53_zone",
      "name": "this",
      "provider": "provider[\"registry.terraform.io/hashicorp/aws\"]",
      "instances": [
        {
          "schema_version": 0,
          "attributes": {
            "comment": "Managed by Terraform",
            "delegation_set_id": "N3C8AV2DA0N4N9",
            "force_destroy": false,
            "id": "Z12UG2AR1236YD",
            "name": "lesaker.com.",
            "name_servers": [
              "ns-1242.awsdns-27.org",
              "ns-1942.awsdns-50.co.uk",
              "ns-477.awsdns-59.com",
              "ns-808.awsdns-37.net"
            ],
            "tags": {},
            "vpc": [],
            "vpc_id": "",
            "vpc_region": "",
            "zone_id": "Z12UG2AR1236YD"
          },
          "dependencies": [
            "module.akerl-dns.aws_route53_delegation_set.main"
          ]
        }
      ]
    },
    {
      "module": "module.akerl-dns.module.lesaker_org",
      "mode": "managed",
      "type": "aws_route53_record",
      "name": "caa",
      "provider": "provider[\"registry.terraform.io/hashicorp/aws\"]",
      "instances": [
        {
          "index_key": 0,
          "schema_version": 2,
          "attributes": {
            "alias": [],
            "allow_overwrite": null,
            "failover_routing_policy": [],
            "fqdn": "lesaker.org",
            "geolocation_routing_policy": [],
            "health_check_id": "",
            "id": "Z3RU5N2GAL6D4W_lesaker.org_CAA",
            "latency_routing_policy": [],
            "multivalue_answer_routing_policy": null,
            "name": "lesaker.org",
            "records": [
              "0 iodef \"mailto:admin@lesaker.org\"",
              "0 issue \"amazon.com\"",
              "0 issuewild \";\""
            ],
            "set_identifier": "",
            "ttl": 86400,
            "type": "CAA",
            "weighted_routing_policy": [],
            "zone_id": "Z3RU5N2GAL6D4W"
          },
          "dependencies": [
            "module.akerl-dns.aws_route53_delegation_set.main",
            "module.akerl-dns.module.lesaker_org.aws_route53_zone.this"
          ]
        }
      ]
    },
    {
      "module": "module.akerl-dns.module.lesaker_org",
      "mode": "managed",
      "type": "aws_route53_record",
      "name": "mx",
      "provider": "provider[\"registry.terraform.io/hashicorp/aws\"]",
      "instances": [
        {
          "schema_version": 2,
          "attributes": {
            "alias": [],
            "allow_overwrite": null,
            "failover_routing_policy": [],
            "fqdn": "lesaker.org",
            "geolocation_routing_policy": [],
            "health_check_id": "",
            "id": "Z3RU5N2GAL6D4W_lesaker.org_MX",
            "latency_routing_policy": [],
            "multivalue_answer_routing_policy": null,
            "name": "lesaker.org",
            "records": [
              "1   aspmx.l.google.com.",
              "10  aspmx2.googlemail.com.",
              "10  aspmx3.googlemail.com.",
              "5   alt1.aspmx.l.google.com.",
              "5   alt2.aspmx.l.google.com."
            ],
            "set_identifier": "",
            "ttl": 86400,
            "type": "MX",
            "weighted_routing_policy": [],
            "zone_id": "Z3RU5N2GAL6D4W"
          },
          "dependencies": [
            "module.akerl-dns.aws_route53_delegation_set.main",
            "module.akerl-dns.module.lesaker_org.aws_route53_zone.this"
          ]
        }
      ]
    },
    {
      "module": "module.akerl-dns.module.lesaker_org",
      "mode": "managed",
      "type": "aws_route53_record",
      "name": "soa",
      "provider": "provider[\"registry.terraform.io/hashicorp/aws\"]",
      "instances": [
        {
          "schema_version": 2,
          "attributes": {
            "alias": [],
            "allow_overwrite": true,
            "failover_routing_policy": [],
            "fqdn": "lesaker.org",
            "geolocation_routing_policy": [],
            "health_check_id": "",
            "id": "Z3RU5N2GAL6D4W_lesaker.org_SOA",
            "latency_routing_policy": [],
            "multivalue_answer_routing_policy": null,
            "name": "lesaker.org",
            "records": [
              "ns-1242.awsdns-27.org. admin.lesaker.org. 1 7200 900 1209600 3600"
            ],
            "set_identifier": "",
            "ttl": 86400,
            "type": "SOA",
            "weighted_routing_policy": [],
            "zone_id": "Z3RU5N2GAL6D4W"
          },
          "private": "eyJzY2hlbWFfdmVyc2lvbiI6IjIifQ==",
          "dependencies": [
            "module.akerl-dns.module.lesaker_org.aws_route53_zone.this"
          ]
        }
      ]
    },
    {
      "module": "module.akerl-dns.module.lesaker_org",
      "mode": "managed",
      "type": "aws_route53_record",
      "name": "spf",
      "provider": "provider[\"registry.terraform.io/hashicorp/aws\"]",
      "instances": [
        {
          "schema_version": 2,
          "attributes": {
            "alias": [],
            "allow_overwrite": null,
            "failover_routing_policy": [],
            "fqdn": "lesaker.org",
            "geolocation_routing_policy": [],
            "health_check_id": "",
            "id": "Z3RU5N2GAL6D4W_lesaker.org_SPF",
            "latency_routing_policy": [],
            "multivalue_answer_routing_policy": null,
            "name": "lesaker.org",
            "records": [
              "v=spf1 a include:_spf.google.com ~all"
            ],
            "set_identifier": "",
            "ttl": 86400,
            "type": "SPF",
            "weighted_routing_policy": [],
            "zone_id": "Z3RU5N2GAL6D4W"
          },
          "dependencies": [
            "module.akerl-dns.aws_route53_delegation_set.main",
            "module.akerl-dns.module.lesaker_org.aws_route53_zone.this"
          ]
        }
      ]
    },
    {
      "module": "module.akerl-dns.module.lesaker_org",
      "mode": "managed",
      "type": "aws_route53_record",
      "name": "txt",
      "provider": "provider[\"registry.terraform.io/hashicorp/aws\"]",
      "instances": [
        {
          "schema_version": 2,
          "attributes": {
            "alias": [],
            "allow_overwrite": null,
            "failover_routing_policy": [],
            "fqdn": "lesaker.org",
            "geolocation_routing_policy": [],
            "health_check_id": "",
            "id": "Z3RU5N2GAL6D4W_lesaker.org_TXT",
            "latency_routing_policy": [],
            "multivalue_answer_routing_policy": null,
            "name": "lesaker.org",
            "records": [
              "v=spf1 a include:_spf.google.com ~all"
            ],
            "set_identifier": "",
            "ttl": 86400,
            "type": "TXT",
            "weighted_routing_policy": [],
            "zone_id": "Z3RU5N2GAL6D4W"
          },
          "dependencies": [
            "module.akerl-dns.aws_route53_delegation_set.main",
            "module.akerl-dns.module.lesaker_org.aws_route53_zone.this"
          ]
        }
      ]
    },
    {
      "module": "module.akerl-dns.module.lesaker_org",
      "mode": "managed",
      "type": "aws_route53_zone",
      "name": "this",
      "provider": "provider[\"registry.terraform.io/hashicorp/aws\"]",
      "instances": [
        {
          "schema_version": 0,
          "attributes": {
            "comment": "Managed by Terraform",
            "delegation_set_id": "N3C8AV2DA0N4N9",
            "force_destroy": false,
            "id": "Z3RU5N2GAL6D4W",
            "name": "lesaker.org.",
            "name_servers": [
              "ns-1242.awsdns-27.org",
              "ns-1942.awsdns-50.co.uk",
              "ns-477.awsdns-59.com",
              "ns-808.awsdns-37.net"
            ],
            "tags": {},
            "vpc": [],
            "vpc_id": "",
            "vpc_region": "",
            "zone_id": "Z3RU5N2GAL6D4W"
          },
          "dependencies": [
            "module.akerl-dns.aws_route53_delegation_set.main"
          ]
        }
      ]
    },
    {
      "module": "module.akerl-dns.module.phishing_network",
      "mode": "managed",
      "type": "aws_route53_record",
      "name": "caa",
      "provider": "provider[\"registry.terraform.io/hashicorp/aws\"]",
      "instances": [
        {
          "index_key": 0,
          "schema_version": 2,
          "attributes": {
            "alias": [],
            "allow_overwrite": null,
            "failover_routing_policy": [],
            "fqdn": "phishing.network",
            "geolocation_routing_policy": [],
            "health_check_id": "",
            "id": "Z1ENEH3PEWKJ6C_phishing.network_CAA",
            "latency_routing_policy": [],
            "multivalue_answer_routing_policy": null,
            "name": "phishing.network",
            "records": [
              "0 iodef \"mailto:admin@lesaker.org\"",
              "0 issue \"amazon.com\"",
              "0 issuewild \";\""
            ],
            "set_identifier": "",
            "ttl": 86400,
            "type": "CAA",
            "weighted_routing_policy": [],
            "zone_id": "Z1ENEH3PEWKJ6C"
          },
          "dependencies": [
            "module.akerl-dns.aws_route53_delegation_set.main",
            "module.akerl-dns.module.phishing_network.aws_route53_zone.this"
          ]
        }
      ]
    },
    {
      "module": "module.akerl-dns.module.phishing_network",
      "mode": "managed",
      "type": "aws_route53_record",
      "name": "mx",
      "provider": "provider[\"registry.terraform.io/hashicorp/aws\"]",
      "instances": [
        {
          "schema_version": 2,
          "attributes": {
            "alias": [],
            "allow_overwrite": null,
            "failover_routing_policy": [],
            "fqdn": "phishing.network",
            "geolocation_routing_policy": [],
            "health_check_id": "",
            "id": "Z1ENEH3PEWKJ6C_phishing.network_MX",
            "latency_routing_policy": [],
            "multivalue_answer_routing_policy": null,
            "name": "phishing.network",
            "records": [
              "1   aspmx.l.google.com.",
              "10  aspmx2.googlemail.com.",
              "10  aspmx3.googlemail.com.",
              "5   alt1.aspmx.l.google.com.",
              "5   alt2.aspmx.l.google.com."
            ],
            "set_identifier": "",
            "ttl": 86400,
            "type": "MX",
            "weighted_routing_policy": [],
            "zone_id": "Z1ENEH3PEWKJ6C"
          },
          "dependencies": [
            "module.akerl-dns.aws_route53_delegation_set.main",
            "module.akerl-dns.module.phishing_network.aws_route53_zone.this"
          ]
        }
      ]
    },
    {
      "module": "module.akerl-dns.module.phishing_network",
      "mode": "managed",
      "type": "aws_route53_record",
      "name": "soa",
      "provider": "provider[\"registry.terraform.io/hashicorp/aws\"]",
      "instances": [
        {
          "schema_version": 2,
          "attributes": {
            "alias": [],
            "allow_overwrite": true,
            "failover_routing_policy": [],
            "fqdn": "phishing.network",
            "geolocation_routing_policy": [],
            "health_check_id": "",
            "id": "Z1ENEH3PEWKJ6C_phishing.network_SOA",
            "latency_routing_policy": [],
            "multivalue_answer_routing_policy": null,
            "name": "phishing.network",
            "records": [
              "ns-1242.awsdns-27.org. admin.lesaker.org. 1 7200 900 1209600 3600"
            ],
            "set_identifier": "",
            "ttl": 86400,
            "type": "SOA",
            "weighted_routing_policy": [],
            "zone_id": "Z1ENEH3PEWKJ6C"
          },
          "private": "eyJzY2hlbWFfdmVyc2lvbiI6IjIifQ==",
          "dependencies": [
            "module.akerl-dns.module.phishing_network.aws_route53_zone.this"
          ]
        }
      ]
    },
    {
      "module": "module.akerl-dns.module.phishing_network",
      "mode": "managed",
      "type": "aws_route53_record",
      "name": "spf",
      "provider": "provider[\"registry.terraform.io/hashicorp/aws\"]",
      "instances": [
        {
          "schema_version": 2,
          "attributes": {
            "alias": [],
            "allow_overwrite": null,
            "failover_routing_policy": [],
            "fqdn": "phishing.network",
            "geolocation_routing_policy": [],
            "health_check_id": "",
            "id": "Z1ENEH3PEWKJ6C_phishing.network_SPF",
            "latency_routing_policy": [],
            "multivalue_answer_routing_policy": null,
            "name": "phishing.network",
            "records": [
              "v=spf1 a include:_spf.google.com ~all"
            ],
            "set_identifier": "",
            "ttl": 86400,
            "type": "SPF",
            "weighted_routing_policy": [],
            "zone_id": "Z1ENEH3PEWKJ6C"
          },
          "dependencies": [
            "module.akerl-dns.aws_route53_delegation_set.main",
            "module.akerl-dns.module.phishing_network.aws_route53_zone.this"
          ]
        }
      ]
    },
    {
      "module": "module.akerl-dns.module.phishing_network",
      "mode": "managed",
      "type": "aws_route53_record",
      "name": "txt",
      "provider": "provider[\"registry.terraform.io/hashicorp/aws\"]",
      "instances": [
        {
          "schema_version": 2,
          "attributes": {
            "alias": [],
            "allow_overwrite": null,
            "failover_routing_policy": [],
            "fqdn": "phishing.network",
            "geolocation_routing_policy": [],
            "health_check_id": "",
            "id": "Z1ENEH3PEWKJ6C_phishing.network_TXT",
            "latency_routing_policy": [],
            "multivalue_answer_routing_policy": null,
            "name": "phishing.network",
            "records": [
              "v=spf1 a include:_spf.google.com ~all"
            ],
            "set_identifier": "",
            "ttl": 86400,
            "type": "TXT",
            "weighted_routing_policy": [],
            "zone_id": "Z1ENEH3PEWKJ6C"
          },
          "dependencies": [
            "module.akerl-dns.aws_route53_delegation_set.main",
            "module.akerl-dns.module.phishing_network.aws_route53_zone.this"
          ]
        }
      ]
    },
    {
      "module": "module.akerl-dns.module.phishing_network",
      "mode": "managed",
      "type": "aws_route53_zone",
      "name": "this",
      "provider": "provider[\"registry.terraform.io/hashicorp/aws\"]",
      "instances": [
        {
          "schema_version": 0,
          "attributes": {
            "comment": "Managed by Terraform",
            "delegation_set_id": "N3C8AV2DA0N4N9",
            "force_destroy": false,
            "id": "Z1ENEH3PEWKJ6C",
            "name": "phishing.network.",
            "name_servers": [
              "ns-1242.awsdns-27.org",
              "ns-1942.awsdns-50.co.uk",
              "ns-477.awsdns-59.com",
              "ns-808.awsdns-37.net"
            ],
            "tags": {},
            "vpc": [],
            "vpc_id": null,
            "vpc_region": null,
            "zone_id": "Z1ENEH3PEWKJ6C"
          },
          "dependencies": [
            "module.akerl-dns.aws_route53_delegation_set.main"
          ]
        }
      ]
    },
    {
      "module": "module.akerl-dns.module.scrtybybscrty_org",
      "mode": "managed",
      "type": "aws_route53_record",
      "name": "caa",
      "provider": "provider[\"registry.terraform.io/hashicorp/aws\"]",
      "instances": [
        {
          "index_key": 0,
          "schema_version": 2,
          "attributes": {
            "alias": [],
            "allow_overwrite": null,
            "failover_routing_policy": [],
            "fqdn": "scrtybybscrty.org",
            "geolocation_routing_policy": [],
            "health_check_id": "",
            "id": "Z11UY811DI2S1K_scrtybybscrty.org_CAA",
            "latency_routing_policy": [],
            "multivalue_answer_routing_policy": null,
            "name": "scrtybybscrty.org",
            "records": [
              "0 iodef \"mailto:admin@lesaker.org\"",
              "0 issue \"amazon.com\"",
              "0 issuewild \";\""
            ],
            "set_identifier": "",
            "ttl": 86400,
            "type": "CAA",
            "weighted_routing_policy": [],
            "zone_id": "Z11UY811DI2S1K"
          },
          "dependencies": [
            "module.akerl-dns.aws_route53_delegation_set.main",
            "module.akerl-dns.module.scrtybybscrty_org.aws_route53_zone.this"
          ]
        }
      ]
    },
    {
      "module": "module.akerl-dns.module.scrtybybscrty_org",
      "mode": "managed",
      "type": "aws_route53_record",
      "name": "mx",
      "provider": "provider[\"registry.terraform.io/hashicorp/aws\"]",
      "instances": [
        {
          "schema_version": 2,
          "attributes": {
            "alias": [],
            "allow_overwrite": null,
            "failover_routing_policy": [],
            "fqdn": "scrtybybscrty.org",
            "geolocation_routing_policy": [],
            "health_check_id": "",
            "id": "Z11UY811DI2S1K_scrtybybscrty.org_MX",
            "latency_routing_policy": [],
            "multivalue_answer_routing_policy": null,
            "name": "scrtybybscrty.org",
            "records": [
              "1   aspmx.l.google.com.",
              "10  aspmx2.googlemail.com.",
              "10  aspmx3.googlemail.com.",
              "5   alt1.aspmx.l.google.com.",
              "5   alt2.aspmx.l.google.com."
            ],
            "set_identifier": "",
            "ttl": 86400,
            "type": "MX",
            "weighted_routing_policy": [],
            "zone_id": "Z11UY811DI2S1K"
          },
          "dependencies": [
            "module.akerl-dns.aws_route53_delegation_set.main",
            "module.akerl-dns.module.scrtybybscrty_org.aws_route53_zone.this"
          ]
        }
      ]
    },
    {
      "module": "module.akerl-dns.module.scrtybybscrty_org",
      "mode": "managed",
      "type": "aws_route53_record",
      "name": "soa",
      "provider": "provider[\"registry.terraform.io/hashicorp/aws\"]",
      "instances": [
        {
          "schema_version": 2,
          "attributes": {
            "alias": [],
            "allow_overwrite": true,
            "failover_routing_policy": [],
            "fqdn": "scrtybybscrty.org",
            "geolocation_routing_policy": [],
            "health_check_id": "",
            "id": "Z11UY811DI2S1K_scrtybybscrty.org_SOA",
            "latency_routing_policy": [],
            "multivalue_answer_routing_policy": null,
            "name": "scrtybybscrty.org",
            "records": [
              "ns-1242.awsdns-27.org. admin.lesaker.org. 1 7200 900 1209600 3600"
            ],
            "set_identifier": "",
            "ttl": 86400,
            "type": "SOA",
            "weighted_routing_policy": [],
            "zone_id": "Z11UY811DI2S1K"
          },
          "private": "eyJzY2hlbWFfdmVyc2lvbiI6IjIifQ==",
          "dependencies": [
            "module.akerl-dns.module.scrtybybscrty_org.aws_route53_zone.this"
          ]
        }
      ]
    },
    {
      "module": "module.akerl-dns.module.scrtybybscrty_org",
      "mode": "managed",
      "type": "aws_route53_record",
      "name": "spf",
      "provider": "provider[\"registry.terraform.io/hashicorp/aws\"]",
      "instances": [
        {
          "schema_version": 2,
          "attributes": {
            "alias": [],
            "allow_overwrite": null,
            "failover_routing_policy": [],
            "fqdn": "scrtybybscrty.org",
            "geolocation_routing_policy": [],
            "health_check_id": "",
            "id": "Z11UY811DI2S1K_scrtybybscrty.org_SPF",
            "latency_routing_policy": [],
            "multivalue_answer_routing_policy": null,
            "name": "scrtybybscrty.org",
            "records": [
              "v=spf1 a include:_spf.google.com ~all"
            ],
            "set_identifier": "",
            "ttl": 86400,
            "type": "SPF",
            "weighted_routing_policy": [],
            "zone_id": "Z11UY811DI2S1K"
          },
          "dependencies": [
            "module.akerl-dns.aws_route53_delegation_set.main",
            "module.akerl-dns.module.scrtybybscrty_org.aws_route53_zone.this"
          ]
        }
      ]
    },
    {
      "module": "module.akerl-dns.module.scrtybybscrty_org",
      "mode": "managed",
      "type": "aws_route53_record",
      "name": "txt",
      "provider": "provider[\"registry.terraform.io/hashicorp/aws\"]",
      "instances": [
        {
          "schema_version": 2,
          "attributes": {
            "alias": [],
            "allow_overwrite": null,
            "failover_routing_policy": [],
            "fqdn": "scrtybybscrty.org",
            "geolocation_routing_policy": [],
            "health_check_id": "",
            "id": "Z11UY811DI2S1K_scrtybybscrty.org_TXT",
            "latency_routing_policy": [],
            "multivalue_answer_routing_policy": null,
            "name": "scrtybybscrty.org",
            "records": [
              "v=spf1 a include:_spf.google.com ~all"
            ],
            "set_identifier": "",
            "ttl": 86400,
            "type": "TXT",
            "weighted_routing_policy": [],
            "zone_id": "Z11UY811DI2S1K"
          },
          "dependencies": [
            "module.akerl-dns.aws_route53_delegation_set.main",
            "module.akerl-dns.module.scrtybybscrty_org.aws_route53_zone.this"
          ]
        }
      ]
    },
    {
      "module": "module.akerl-dns.module.scrtybybscrty_org",
      "mode": "managed",
      "type": "aws_route53_zone",
      "name": "this",
      "provider": "provider[\"registry.terraform.io/hashicorp/aws\"]",
      "instances": [
        {
          "schema_version": 0,
          "attributes": {
            "comment": "Managed by Terraform",
            "delegation_set_id": "N3C8AV2DA0N4N9",
            "force_destroy": false,
            "id": "Z11UY811DI2S1K",
            "name": "scrtybybscrty.org.",
            "name_servers": [
              "ns-1242.awsdns-27.org",
              "ns-1942.awsdns-50.co.uk",
              "ns-477.awsdns-59.com",
              "ns-808.awsdns-37.net"
            ],
            "tags": {},
            "vpc": [],
            "vpc_id": "",
            "vpc_region": "",
            "zone_id": "Z11UY811DI2S1K"
          },
          "dependencies": [
            "module.akerl-dns.aws_route53_delegation_set.main"
          ]
        }
      ]
    },
    {
      "module": "module.akerl-dns.module.suspicious_cloud",
      "mode": "managed",
      "type": "aws_route53_record",
      "name": "caa",
      "provider": "provider[\"registry.terraform.io/hashicorp/aws\"]",
      "instances": [
        {
          "index_key": 0,
          "schema_version": 2,
          "attributes": {
            "alias": [],
            "allow_overwrite": null,
            "failover_routing_policy": [],
            "fqdn": "suspicious.cloud",
            "geolocation_routing_policy": [],
            "health_check_id": "",
            "id": "ZLY4VLVK35UWK_suspicious.cloud_CAA",
            "latency_routing_policy": [],
            "multivalue_answer_routing_policy": null,
            "name": "suspicious.cloud",
            "records": [
              "0 iodef \"mailto:admin@lesaker.org\"",
              "0 issue \"amazon.com\"",
              "0 issuewild \";\""
            ],
            "set_identifier": "",
            "ttl": 86400,
            "type": "CAA",
            "weighted_routing_policy": [],
            "zone_id": "ZLY4VLVK35UWK"
          },
          "dependencies": [
            "module.akerl-dns.aws_route53_delegation_set.main",
            "module.akerl-dns.module.suspicious_cloud.aws_route53_zone.this"
          ]
        }
      ]
    },
    {
      "module": "module.akerl-dns.module.suspicious_cloud",
      "mode": "managed",
      "type": "aws_route53_record",
      "name": "mx",
      "provider": "provider[\"registry.terraform.io/hashicorp/aws\"]",
      "instances": [
        {
          "schema_version": 2,
          "attributes": {
            "alias": [],
            "allow_overwrite": null,
            "failover_routing_policy": [],
            "fqdn": "suspicious.cloud",
            "geolocation_routing_policy": [],
            "health_check_id": "",
            "id": "ZLY4VLVK35UWK_suspicious.cloud_MX",
            "latency_routing_policy": [],
            "multivalue_answer_routing_policy": null,
            "name": "suspicious.cloud",
            "records": [
              "1   aspmx.l.google.com.",
              "10  aspmx2.googlemail.com.",
              "10  aspmx3.googlemail.com.",
              "5   alt1.aspmx.l.google.com.",
              "5   alt2.aspmx.l.google.com."
            ],
            "set_identifier": "",
            "ttl": 86400,
            "type": "MX",
            "weighted_routing_policy": [],
            "zone_id": "ZLY4VLVK35UWK"
          },
          "dependencies": [
            "module.akerl-dns.aws_route53_delegation_set.main",
            "module.akerl-dns.module.suspicious_cloud.aws_route53_zone.this"
          ]
        }
      ]
    },
    {
      "module": "module.akerl-dns.module.suspicious_cloud",
      "mode": "managed",
      "type": "aws_route53_record",
      "name": "soa",
      "provider": "provider[\"registry.terraform.io/hashicorp/aws\"]",
      "instances": [
        {
          "schema_version": 2,
          "attributes": {
            "alias": [],
            "allow_overwrite": true,
            "failover_routing_policy": [],
            "fqdn": "suspicious.cloud",
            "geolocation_routing_policy": [],
            "health_check_id": "",
            "id": "ZLY4VLVK35UWK_suspicious.cloud_SOA",
            "latency_routing_policy": [],
            "multivalue_answer_routing_policy": null,
            "name": "suspicious.cloud",
            "records": [
              "ns-1242.awsdns-27.org. admin.lesaker.org. 1 7200 900 1209600 3600"
            ],
            "set_identifier": "",
            "ttl": 86400,
            "type": "SOA",
            "weighted_routing_policy": [],
            "zone_id": "ZLY4VLVK35UWK"
          },
          "private": "eyJzY2hlbWFfdmVyc2lvbiI6IjIifQ==",
          "dependencies": [
            "module.akerl-dns.module.suspicious_cloud.aws_route53_zone.this"
          ]
        }
      ]
    },
    {
      "module": "module.akerl-dns.module.suspicious_cloud",
      "mode": "managed",
      "type": "aws_route53_record",
      "name": "spf",
      "provider": "provider[\"registry.terraform.io/hashicorp/aws\"]",
      "instances": [
        {
          "schema_version": 2,
          "attributes": {
            "alias": [],
            "allow_overwrite": null,
            "failover_routing_policy": [],
            "fqdn": "suspicious.cloud",
            "geolocation_routing_policy": [],
            "health_check_id": "",
            "id": "ZLY4VLVK35UWK_suspicious.cloud_SPF",
            "latency_routing_policy": [],
            "multivalue_answer_routing_policy": null,
            "name": "suspicious.cloud",
            "records": [
              "v=spf1 a include:_spf.google.com ~all"
            ],
            "set_identifier": "",
            "ttl": 86400,
            "type": "SPF",
            "weighted_routing_policy": [],
            "zone_id": "ZLY4VLVK35UWK"
          },
          "dependencies": [
            "module.akerl-dns.aws_route53_delegation_set.main",
            "module.akerl-dns.module.suspicious_cloud.aws_route53_zone.this"
          ]
        }
      ]
    },
    {
      "module": "module.akerl-dns.module.suspicious_cloud",
      "mode": "managed",
      "type": "aws_route53_record",
      "name": "txt",
      "provider": "provider[\"registry.terraform.io/hashicorp/aws\"]",
      "instances": [
        {
          "schema_version": 2,
          "attributes": {
            "alias": [],
            "allow_overwrite": null,
            "failover_routing_policy": [],
            "fqdn": "suspicious.cloud",
            "geolocation_routing_policy": [],
            "health_check_id": "",
            "id": "ZLY4VLVK35UWK_suspicious.cloud_TXT",
            "latency_routing_policy": [],
            "multivalue_answer_routing_policy": null,
            "name": "suspicious.cloud",
            "records": [
              "v=spf1 a include:_spf.google.com ~all"
            ],
            "set_identifier": "",
            "ttl": 86400,
            "type": "TXT",
            "weighted_routing_policy": [],
            "zone_id": "ZLY4VLVK35UWK"
          },
          "dependencies": [
            "module.akerl-dns.aws_route53_delegation_set.main",
            "module.akerl-dns.module.suspicious_cloud.aws_route53_zone.this"
          ]
        }
      ]
    },
    {
      "module": "module.akerl-dns.module.suspicious_cloud",
      "mode": "managed",
      "type": "aws_route53_zone",
      "name": "this",
      "provider": "provider[\"registry.terraform.io/hashicorp/aws\"]",
      "instances": [
        {
          "schema_version": 0,
          "attributes": {
            "comment": "Managed by Terraform",
            "delegation_set_id": "N3C8AV2DA0N4N9",
            "force_destroy": false,
            "id": "ZLY4VLVK35UWK",
            "name": "suspicious.cloud.",
            "name_servers": [
              "ns-1242.awsdns-27.org",
              "ns-1942.awsdns-50.co.uk",
              "ns-477.awsdns-59.com",
              "ns-808.awsdns-37.net"
            ],
            "tags": {},
            "vpc": [],
            "vpc_id": null,
            "vpc_region": null,
            "zone_id": "ZLY4VLVK35UWK"
          },
          "dependencies": [
            "module.akerl-dns.aws_route53_delegation_set.main"
          ]
        }
      ]
    },
    {
      "module": "module.akerl-dns.module.suspicious_engineer",
      "mode": "managed",
      "type": "aws_route53_record",
      "name": "caa",
      "provider": "provider[\"registry.terraform.io/hashicorp/aws\"]",
      "instances": [
        {
          "index_key": 0,
          "schema_version": 2,
          "attributes": {
            "alias": [],
            "allow_overwrite": null,
            "failover_routing_policy": [],
            "fqdn": "suspicious.engineer",
            "geolocation_routing_policy": [],
            "health_check_id": "",
            "id": "Z3T3ICKYQFHV9Y_suspicious.engineer_CAA",
            "latency_routing_policy": [],
            "multivalue_answer_routing_policy": null,
            "name": "suspicious.engineer",
            "records": [
              "0 iodef \"mailto:admin@lesaker.org\"",
              "0 issue \"amazon.com\"",
              "0 issuewild \";\""
            ],
            "set_identifier": "",
            "ttl": 86400,
            "type": "CAA",
            "weighted_routing_policy": [],
            "zone_id": "Z3T3ICKYQFHV9Y"
          },
          "dependencies": [
            "module.akerl-dns.aws_route53_delegation_set.main",
            "module.akerl-dns.module.suspicious_engineer.aws_route53_zone.this"
          ]
        }
      ]
    },
    {
      "module": "module.akerl-dns.module.suspicious_engineer",
      "mode": "managed",
      "type": "aws_route53_record",
      "name": "mx",
      "provider": "provider[\"registry.terraform.io/hashicorp/aws\"]",
      "instances": [
        {
          "schema_version": 2,
          "attributes": {
            "alias": [],
            "allow_overwrite": null,
            "failover_routing_policy": [],
            "fqdn": "suspicious.engineer",
            "geolocation_routing_policy": [],
            "health_check_id": "",
            "id": "Z3T3ICKYQFHV9Y_suspicious.engineer_MX",
            "latency_routing_policy": [],
            "multivalue_answer_routing_policy": null,
            "name": "suspicious.engineer",
            "records": [
              "1   aspmx.l.google.com.",
              "10  aspmx2.googlemail.com.",
              "10  aspmx3.googlemail.com.",
              "5   alt1.aspmx.l.google.com.",
              "5   alt2.aspmx.l.google.com."
            ],
            "set_identifier": "",
            "ttl": 86400,
            "type": "MX",
            "weighted_routing_policy": [],
            "zone_id": "Z3T3ICKYQFHV9Y"
          },
          "dependencies": [
            "module.akerl-dns.aws_route53_delegation_set.main",
            "module.akerl-dns.module.suspicious_engineer.aws_route53_zone.this"
          ]
        }
      ]
    },
    {
      "module": "module.akerl-dns.module.suspicious_engineer",
      "mode": "managed",
      "type": "aws_route53_record",
      "name": "soa",
      "provider": "provider[\"registry.terraform.io/hashicorp/aws\"]",
      "instances": [
        {
          "schema_version": 2,
          "attributes": {
            "alias": [],
            "allow_overwrite": true,
            "failover_routing_policy": [],
            "fqdn": "suspicious.engineer",
            "geolocation_routing_policy": [],
            "health_check_id": "",
            "id": "Z3T3ICKYQFHV9Y_suspicious.engineer_SOA",
            "latency_routing_policy": [],
            "multivalue_answer_routing_policy": null,
            "name": "suspicious.engineer",
            "records": [
              "ns-1242.awsdns-27.org. admin.lesaker.org. 1 7200 900 1209600 3600"
            ],
            "set_identifier": "",
            "ttl": 86400,
            "type": "SOA",
            "weighted_routing_policy": [],
            "zone_id": "Z3T3ICKYQFHV9Y"
          },
          "private": "eyJzY2hlbWFfdmVyc2lvbiI6IjIifQ==",
          "dependencies": [
            "module.akerl-dns.module.suspicious_engineer.aws_route53_zone.this"
          ]
        }
      ]
    },
    {
      "module": "module.akerl-dns.module.suspicious_engineer",
      "mode": "managed",
      "type": "aws_route53_record",
      "name": "spf",
      "provider": "provider[\"registry.terraform.io/hashicorp/aws\"]",
      "instances": [
        {
          "schema_version": 2,
          "attributes": {
            "alias": [],
            "allow_overwrite": null,
            "failover_routing_policy": [],
            "fqdn": "suspicious.engineer",
            "geolocation_routing_policy": [],
            "health_check_id": "",
            "id": "Z3T3ICKYQFHV9Y_suspicious.engineer_SPF",
            "latency_routing_policy": [],
            "multivalue_answer_routing_policy": null,
            "name": "suspicious.engineer",
            "records": [
              "v=spf1 a include:_spf.google.com ~all"
            ],
            "set_identifier": "",
            "ttl": 86400,
            "type": "SPF",
            "weighted_routing_policy": [],
            "zone_id": "Z3T3ICKYQFHV9Y"
          },
          "dependencies": [
            "module.akerl-dns.aws_route53_delegation_set.main",
            "module.akerl-dns.module.suspicious_engineer.aws_route53_zone.this"
          ]
        }
      ]
    },
    {
      "module": "module.akerl-dns.module.suspicious_engineer",
      "mode": "managed",
      "type": "aws_route53_record",
      "name": "txt",
      "provider": "provider[\"registry.terraform.io/hashicorp/aws\"]",
      "instances": [
        {
          "schema_version": 2,
          "attributes": {
            "alias": [],
            "allow_overwrite": null,
            "failover_routing_policy": [],
            "fqdn": "suspicious.engineer",
            "geolocation_routing_policy": [],
            "health_check_id": "",
            "id": "Z3T3ICKYQFHV9Y_suspicious.engineer_TXT",
            "latency_routing_policy": [],
            "multivalue_answer_routing_policy": null,
            "name": "suspicious.engineer",
            "records": [
              "v=spf1 a include:_spf.google.com ~all"
            ],
            "set_identifier": "",
            "ttl": 86400,
            "type": "TXT",
            "weighted_routing_policy": [],
            "zone_id": "Z3T3ICKYQFHV9Y"
          },
          "dependencies": [
            "module.akerl-dns.aws_route53_delegation_set.main",
            "module.akerl-dns.module.suspicious_engineer.aws_route53_zone.this"
          ]
        }
      ]
    },
    {
      "module": "module.akerl-dns.module.suspicious_engineer",
      "mode": "managed",
      "type": "aws_route53_zone",
      "name": "this",
      "provider": "provider[\"registry.terraform.io/hashicorp/aws\"]",
      "instances": [
        {
          "schema_version": 0,
          "attributes": {
            "comment": "Managed by Terraform",
            "delegation_set_id": "N3C8AV2DA0N4N9",
            "force_destroy": false,
            "id": "Z3T3ICKYQFHV9Y",
            "name": "suspicious.engineer.",
            "name_servers": [
              "ns-1242.awsdns-27.org",
              "ns-1942.awsdns-50.co.uk",
              "ns-477.awsdns-59.com",
              "ns-808.awsdns-37.net"
            ],
            "tags": {},
            "vpc": [],
            "vpc_id": null,
            "vpc_region": null,
            "zone_id": "Z3T3ICKYQFHV9Y"
          },
          "dependencies": [
            "module.akerl-dns.aws_route53_delegation_set.main"
          ]
        }
      ]
    },
    {
      "module": "module.akerl-githubauthlambda",
      "mode": "data",
      "type": "aws_iam_policy_document",
      "name": "this",
      "provider": "provider[\"registry.terraform.io/hashicorp/aws\"]",
      "instances": [
        {
          "schema_version": 0,
          "attributes": {
            "id": "2599301412",
            "json": "{\n  \"Version\": \"2012-10-17\",\n  \"Statement\": [\n    {\n      \"Sid\": \"\",\n      \"Effect\": \"Allow\",\n      \"Action\": [\n        \"s3:PutObject\",\n        \"s3:ListBucket\",\n        \"s3:ListAllMyBuckets\",\n        \"s3:GetObjectAcl\",\n        \"s3:GetObject\",\n        \"s3:GetBucketLocation\",\n        \"s3:GetBucketAcl\",\n        \"s3:DeleteObject\"\n      ],\n      \"Resource\": [\n        \"arn:aws:s3:::akerl-githubauthlambda/*\",\n        \"arn:aws:s3:::akerl-githubauthlambda\"\n      ]\n    }\n  ]\n}",
            "override_json": null,
            "policy_id": null,
            "source_json": null,
            "statement": [
              {
                "actions": [
                  "s3:DeleteObject",
                  "s3:GetBucketAcl",
                  "s3:GetBucketLocation",
                  "s3:GetObject",
                  "s3:GetObjectAcl",
                  "s3:ListAllMyBuckets",
                  "s3:ListBucket",
                  "s3:PutObject"
                ],
                "condition": [],
                "effect": "Allow",
                "not_actions": [],
                "not_principals": [],
                "not_resources": [],
                "principals": [],
                "resources": [
                  "arn:aws:s3:::akerl-githubauthlambda",
                  "arn:aws:s3:::akerl-githubauthlambda/*"
                ],
                "sid": ""
              }
            ],
            "version": "2012-10-17"
          }
        }
      ]
    },
    {
      "module": "module.akerl-githubauthlambda",
      "mode": "managed",
      "type": "aws_iam_user",
      "name": "this",
      "provider": "provider[\"registry.terraform.io/hashicorp/aws\"]",
      "instances": [
        {
          "schema_version": 0,
          "attributes": {
            "arn": "arn:aws:iam::764218738161:user/s3-publish-akerl-githubauthlambda",
            "force_destroy": false,
            "id": "s3-publish-akerl-githubauthlambda",
            "name": "s3-publish-akerl-githubauthlambda",
            "path": "/",
            "permissions_boundary": null,
            "tags": {},
            "unique_id": "AIDAJ3RBRQW5X4LZPZKOY"
          }
        }
      ]
    },
    {
      "module": "module.akerl-githubauthlambda",
      "mode": "managed",
      "type": "aws_iam_user_policy",
      "name": "this",
      "provider": "provider[\"registry.terraform.io/hashicorp/aws\"]",
      "instances": [
        {
          "schema_version": 0,
          "attributes": {
            "id": "s3-publish-akerl-githubauthlambda:s3-publish",
            "name": "s3-publish",
            "name_prefix": null,
            "policy": "{\n  \"Version\": \"2012-10-17\",\n  \"Statement\": [\n    {\n      \"Sid\": \"\",\n      \"Effect\": \"Allow\",\n      \"Action\": [\n        \"s3:PutObject\",\n        \"s3:ListBucket\",\n        \"s3:ListAllMyBuckets\",\n        \"s3:GetObjectAcl\",\n        \"s3:GetObject\",\n        \"s3:GetBucketLocation\",\n        \"s3:GetBucketAcl\",\n        \"s3:DeleteObject\"\n      ],\n      \"Resource\": [\n        \"arn:aws:s3:::akerl-githubauthlambda/*\",\n        \"arn:aws:s3:::akerl-githubauthlambda\"\n      ]\n    }\n  ]\n}",
            "user": "s3-publish-akerl-githubauthlambda"
          },
          "dependencies": [
            "module.akerl-githubauthlambda.aws_iam_user.this"
          ]
        }
      ]
    },
    {
      "module": "module.akerl-githubauthlambda",
      "mode": "managed",
      "type": "aws_s3_bucket",
      "name": "this",
      "provider": "provider[\"registry.terraform.io/hashicorp/aws\"]",
      "instances": [
        {
          "index_key": 0,
          "schema_version": 0,
          "attributes": {
            "acceleration_status": "",
            "acl": "private",
            "arn": "arn:aws:s3:::akerl-githubauthlambda",
            "bucket": "akerl-githubauthlambda",
            "bucket_domain_name": "akerl-githubauthlambda.s3.amazonaws.com",
            "bucket_prefix": null,
            "bucket_regional_domain_name": "akerl-githubauthlambda.s3.amazonaws.com",
            "cors_rule": [],
            "force_destroy": false,
            "hosted_zone_id": "Z3AQBSTGFYJSTF",
            "id": "akerl-githubauthlambda",
            "lifecycle_rule": [],
            "logging": [
              {
                "target_bucket": "akerl-s3-logs",
                "target_prefix": "akerl-githubauthlambda/"
              }
            ],
            "object_lock_configuration": [],
            "policy": null,
            "region": "us-east-1",
            "replication_configuration": [],
            "request_payer": "BucketOwner",
            "server_side_encryption_configuration": [],
            "tags": {},
            "versioning": [
              {
                "enabled": true,
                "mfa_delete": false
              }
            ],
            "website": [],
            "website_domain": null,
            "website_endpoint": null
          },
          "dependencies": [
            "module.account.aws_s3_bucket.logging"
          ]
        }
      ]
    },
    {
      "module": "module.akerl-githubauthlambda",
      "mode": "managed",
      "type": "awscreds_iam_access_key",
      "name": "this",
      "provider": "provider[\"terraform.scrtybybscrty.org/armorfret/awscreds\"]",
      "instances": [
        {
          "schema_version": 0,
          "attributes": {
            "encrypted_secret": null,
            "file": "creds/s3-publish-akerl-githubauthlambda",
            "id": "AKIAINRAJQTDQ2LVC6GA",
            "key_fingerprint": null,
            "pgp_key": null,
            "secret": "",
            "ses_smtp_password": "",
            "status": "Active",
            "user": "s3-publish-akerl-githubauthlambda"
          },
          "dependencies": [
            "module.akerl-githubauthlambda.aws_iam_user.this"
          ]
        }
      ]
    },
    {
      "module": "module.akerl-gohellolinodians",
      "mode": "data",
      "type": "aws_iam_policy_document",
      "name": "this",
      "provider": "provider[\"registry.terraform.io/hashicorp/aws\"]",
      "instances": [
        {
          "schema_version": 0,
          "attributes": {
            "id": "2212850870",
            "json": "{\n  \"Version\": \"2012-10-17\",\n  \"Statement\": [\n    {\n      \"Sid\": \"\",\n      \"Effect\": \"Allow\",\n      \"Action\": [\n        \"s3:PutObject\",\n        \"s3:ListBucket\",\n        \"s3:ListAllMyBuckets\",\n        \"s3:GetObjectAcl\",\n        \"s3:GetObject\",\n        \"s3:GetBucketLocation\",\n        \"s3:GetBucketAcl\",\n        \"s3:DeleteObject\"\n      ],\n      \"Resource\": [\n        \"arn:aws:s3:::akerl-gohellolinodians/*\",\n        \"arn:aws:s3:::akerl-gohellolinodians\"\n      ]\n    }\n  ]\n}",
            "override_json": null,
            "policy_id": null,
            "source_json": null,
            "statement": [
              {
                "actions": [
                  "s3:DeleteObject",
                  "s3:GetBucketAcl",
                  "s3:GetBucketLocation",
                  "s3:GetObject",
                  "s3:GetObjectAcl",
                  "s3:ListAllMyBuckets",
                  "s3:ListBucket",
                  "s3:PutObject"
                ],
                "condition": [],
                "effect": "Allow",
                "not_actions": [],
                "not_principals": [],
                "not_resources": [],
                "principals": [],
                "resources": [
                  "arn:aws:s3:::akerl-gohellolinodians",
                  "arn:aws:s3:::akerl-gohellolinodians/*"
                ],
                "sid": ""
              }
            ],
            "version": "2012-10-17"
          }
        }
      ]
    },
    {
      "module": "module.akerl-gohellolinodians",
      "mode": "managed",
      "type": "aws_iam_user",
      "name": "this",
      "provider": "provider[\"registry.terraform.io/hashicorp/aws\"]",
      "instances": [
        {
          "schema_version": 0,
          "attributes": {
            "arn": "arn:aws:iam::764218738161:user/s3-publish-akerl-gohellolinodians",
            "force_destroy": false,
            "id": "s3-publish-akerl-gohellolinodians",
            "name": "s3-publish-akerl-gohellolinodians",
            "path": "/",
            "permissions_boundary": null,
            "tags": {},
            "unique_id": "AIDAJX5XDL457FN24OYXQ"
          }
        }
      ]
    },
    {
      "module": "module.akerl-gohellolinodians",
      "mode": "managed",
      "type": "aws_iam_user_policy",
      "name": "this",
      "provider": "provider[\"registry.terraform.io/hashicorp/aws\"]",
      "instances": [
        {
          "schema_version": 0,
          "attributes": {
            "id": "s3-publish-akerl-gohellolinodians:s3-publish",
            "name": "s3-publish",
            "name_prefix": null,
            "policy": "{\n  \"Version\": \"2012-10-17\",\n  \"Statement\": [\n    {\n      \"Sid\": \"\",\n      \"Effect\": \"Allow\",\n      \"Action\": [\n        \"s3:PutObject\",\n        \"s3:ListBucket\",\n        \"s3:ListAllMyBuckets\",\n        \"s3:GetObjectAcl\",\n        \"s3:GetObject\",\n        \"s3:GetBucketLocation\",\n        \"s3:GetBucketAcl\",\n        \"s3:DeleteObject\"\n      ],\n      \"Resource\": [\n        \"arn:aws:s3:::akerl-gohellolinodians/*\",\n        \"arn:aws:s3:::akerl-gohellolinodians\"\n      ]\n    }\n  ]\n}",
            "user": "s3-publish-akerl-gohellolinodians"
          },
          "dependencies": [
            "module.akerl-gohellolinodians.aws_iam_user.this"
          ]
        }
      ]
    },
    {
      "module": "module.akerl-gohellolinodians",
      "mode": "managed",
      "type": "aws_s3_bucket",
      "name": "this",
      "provider": "provider[\"registry.terraform.io/hashicorp/aws\"]",
      "instances": [
        {
          "index_key": 0,
          "schema_version": 0,
          "attributes": {
            "acceleration_status": "",
            "acl": "private",
            "arn": "arn:aws:s3:::akerl-gohellolinodians",
            "bucket": "akerl-gohellolinodians",
            "bucket_domain_name": "akerl-gohellolinodians.s3.amazonaws.com",
            "bucket_prefix": null,
            "bucket_regional_domain_name": "akerl-gohellolinodians.s3.amazonaws.com",
            "cors_rule": [],
            "force_destroy": false,
            "hosted_zone_id": "Z3AQBSTGFYJSTF",
            "id": "akerl-gohellolinodians",
            "lifecycle_rule": [],
            "logging": [
              {
                "target_bucket": "akerl-s3-logs",
                "target_prefix": "akerl-gohellolinodians/"
              }
            ],
            "object_lock_configuration": [],
            "policy": null,
            "region": "us-east-1",
            "replication_configuration": [],
            "request_payer": "BucketOwner",
            "server_side_encryption_configuration": [],
            "tags": {},
            "versioning": [
              {
                "enabled": true,
                "mfa_delete": false
              }
            ],
            "website": [],
            "website_domain": null,
            "website_endpoint": null
          },
          "dependencies": [
            "module.account.aws_s3_bucket.logging"
          ]
        }
      ]
    },
    {
      "module": "module.akerl-gohellolinodians",
      "mode": "managed",
      "type": "awscreds_iam_access_key",
      "name": "this",
      "provider": "provider[\"terraform.scrtybybscrty.org/armorfret/awscreds\"]",
      "instances": [
        {
          "schema_version": 0,
          "attributes": {
            "encrypted_secret": null,
            "file": "creds/s3-publish-akerl-gohellolinodians",
            "id": "AKIAIIRZ3E6FNBQSOFTA",
            "key_fingerprint": null,
            "pgp_key": null,
            "secret": "",
            "ses_smtp_password": "",
            "status": "Active",
            "user": "s3-publish-akerl-gohellolinodians"
          },
          "dependencies": [
            "module.akerl-gohellolinodians.aws_iam_user.this"
          ]
        }
      ]
    },
    {
      "module": "module.akerl-hellolinodiansbot",
      "mode": "data",
      "type": "aws_iam_policy_document",
      "name": "lambda_perms",
      "provider": "provider[\"registry.terraform.io/hashicorp/aws\"]",
      "instances": [
        {
          "schema_version": 0,
          "attributes": {
            "id": "2300800208",
            "json": "{\n  \"Version\": \"2012-10-17\",\n  \"Statement\": [\n    {\n      \"Sid\": \"\",\n      \"Effect\": \"Allow\",\n      \"Action\": [\n        \"s3:PutObject\",\n        \"s3:ListBucket\",\n        \"s3:GetObject\"\n      ],\n      \"Resource\": [\n        \"arn:aws:s3:::akerl-hellolinodians-config/*\",\n        \"arn:aws:s3:::akerl-hellolinodians-config\"\n      ]\n    },\n    {\n      \"Sid\": \"\",\n      \"Effect\": \"Allow\",\n      \"Action\": [\n        \"logs:PutLogEvents\",\n        \"logs:CreateLogStream\",\n        \"logs:CreateLogGroup\"\n      ],\n      \"Resource\": \"arn:aws:logs:*:*:*\"\n    }\n  ]\n}",
            "override_json": null,
            "policy_id": null,
            "source_json": null,
            "statement": [
              {
                "actions": [
                  "s3:GetObject",
                  "s3:ListBucket",
                  "s3:PutObject"
                ],
                "condition": [],
                "effect": "Allow",
                "not_actions": [],
                "not_principals": [],
                "not_resources": [],
                "principals": [],
                "resources": [
                  "arn:aws:s3:::akerl-hellolinodians-config",
                  "arn:aws:s3:::akerl-hellolinodians-config/*"
                ],
                "sid": ""
              },
              {
                "actions": [
                  "logs:CreateLogGroup",
                  "logs:CreateLogStream",
                  "logs:PutLogEvents"
                ],
                "condition": [],
                "effect": "Allow",
                "not_actions": [],
                "not_principals": [],
                "not_resources": [],
                "principals": [],
                "resources": [
                  "arn:aws:logs:*:*:*"
                ],
                "sid": ""
              }
            ],
            "version": "2012-10-17"
          }
        }
      ]
    },
    {
      "module": "module.akerl-hellolinodiansbot",
      "mode": "managed",
      "type": "aws_cloudwatch_event_rule",
      "name": "cron",
      "provider": "provider[\"registry.terraform.io/hashicorp/aws\"]",
      "instances": [
        {
          "schema_version": 0,
          "attributes": {
            "arn": "arn:aws:events:us-east-1:764218738161:rule/hellolinodians_akerl-hellolinodians-config_cron",
            "description": "Launch lambda",
            "event_pattern": null,
            "id": "hellolinodians_akerl-hellolinodians-config_cron",
            "is_enabled": true,
            "name": "hellolinodians_akerl-hellolinodians-config_cron",
            "name_prefix": null,
            "role_arn": "",
            "schedule_expression": "rate(1 hour)",
            "tags": {}
          }
        }
      ]
    },
    {
      "module": "module.akerl-hellolinodiansbot",
      "mode": "managed",
      "type": "aws_cloudwatch_event_target",
      "name": "cron",
      "provider": "provider[\"registry.terraform.io/hashicorp/aws\"]",
      "instances": [
        {
          "schema_version": 0,
          "attributes": {
            "arn": "arn:aws:lambda:us-east-1:764218738161:function:hellolinodians_akerl-hellolinodians-config",
            "batch_target": [],
            "ecs_target": [],
            "id": "hellolinodians_akerl-hellolinodians-config_cron-invoke_hellolinodians",
            "input": "",
            "input_path": "",
            "input_transformer": [],
            "kinesis_target": [],
            "role_arn": "",
            "rule": "hellolinodians_akerl-hellolinodians-config_cron",
            "run_command_targets": [],
            "sqs_target": [],
            "target_id": "invoke_hellolinodians"
          },
          "dependencies": [
            "module.akerl-hellolinodiansbot.aws_cloudwatch_event_rule.cron",
            "module.akerl-hellolinodiansbot.module.lambda.aws_iam_role.lambda",
            "module.akerl-hellolinodiansbot.module.lambda.aws_lambda_function.this"
          ]
        }
      ]
    },
    {
      "module": "module.akerl-hellolinodiansbot.module.lambda",
      "mode": "data",
      "type": "aws_iam_policy_document",
      "name": "trust",
      "provider": "provider[\"registry.terraform.io/hashicorp/aws\"]",
      "instances": [
        {
          "schema_version": 0,
          "attributes": {
            "id": "3693445097",
            "json": "{\n  \"Version\": \"2012-10-17\",\n  \"Statement\": [\n    {\n      \"Sid\": \"\",\n      \"Effect\": \"Allow\",\n      \"Action\": \"sts:AssumeRole\",\n      \"Principal\": {\n        \"Service\": \"lambda.amazonaws.com\"\n      }\n    }\n  ]\n}",
            "override_json": null,
            "policy_id": null,
            "source_json": null,
            "statement": [
              {
                "actions": [
                  "sts:AssumeRole"
                ],
                "condition": [],
                "effect": "Allow",
                "not_actions": [],
                "not_principals": [],
                "not_resources": [],
                "principals": [
                  {
                    "identifiers": [
                      "lambda.amazonaws.com"
                    ],
                    "type": "Service"
                  }
                ],
                "resources": [],
                "sid": ""
              }
            ],
            "version": "2012-10-17"
          }
        }
      ]
    },
    {
      "module": "module.akerl-hellolinodiansbot.module.lambda",
      "mode": "managed",
      "type": "aws_iam_role",
      "name": "lambda",
      "provider": "provider[\"registry.terraform.io/hashicorp/aws\"]",
      "instances": [
        {
          "schema_version": 0,
          "attributes": {
            "arn": "arn:aws:iam::764218738161:role/hellolinodians_akerl-hellolinodians-config",
            "assume_role_policy": "{\"Version\":\"2012-10-17\",\"Statement\":[{\"Sid\":\"\",\"Effect\":\"Allow\",\"Principal\":{\"Service\":\"lambda.amazonaws.com\"},\"Action\":\"sts:AssumeRole\"}]}",
            "create_date": "2019-03-10T13:05:40Z",
            "description": "",
            "force_detach_policies": false,
            "id": "hellolinodians_akerl-hellolinodians-config",
            "max_session_duration": 3600,
            "name": "hellolinodians_akerl-hellolinodians-config",
            "name_prefix": null,
            "path": "/",
            "permissions_boundary": null,
            "tags": {},
            "unique_id": "AROAJHBHXULMFNTDAJXUO"
          }
        }
      ]
    },
    {
      "module": "module.akerl-hellolinodiansbot.module.lambda",
      "mode": "managed",
      "type": "aws_iam_role_policy",
      "name": "lambda_perms",
      "provider": "provider[\"registry.terraform.io/hashicorp/aws\"]",
      "instances": [
        {
          "schema_version": 0,
          "attributes": {
            "id": "hellolinodians_akerl-hellolinodians-config:lambda_perms",
            "name": "lambda_perms",
            "name_prefix": null,
            "policy": "{\n  \"Version\": \"2012-10-17\",\n  \"Statement\": [\n    {\n      \"Sid\": \"\",\n      \"Effect\": \"Allow\",\n      \"Action\": [\n        \"s3:PutObject\",\n        \"s3:ListBucket\",\n        \"s3:GetObject\"\n      ],\n      \"Resource\": [\n        \"arn:aws:s3:::akerl-hellolinodians-config/*\",\n        \"arn:aws:s3:::akerl-hellolinodians-config\"\n      ]\n    },\n    {\n      \"Sid\": \"\",\n      \"Effect\": \"Allow\",\n      \"Action\": [\n        \"logs:PutLogEvents\",\n        \"logs:CreateLogStream\",\n        \"logs:CreateLogGroup\"\n      ],\n      \"Resource\": \"arn:aws:logs:*:*:*\"\n    }\n  ]\n}",
            "role": "hellolinodians_akerl-hellolinodians-config"
          },
          "dependencies": [
            "module.akerl-hellolinodiansbot.module.lambda.aws_iam_role.lambda"
          ]
        }
      ]
    },
    {
      "module": "module.akerl-hellolinodiansbot.module.lambda",
      "mode": "managed",
      "type": "aws_lambda_function",
      "name": "this",
      "provider": "provider[\"registry.terraform.io/hashicorp/aws\"]",
      "instances": [
        {
          "schema_version": 0,
          "attributes": {
            "arn": "arn:aws:lambda:us-east-1:764218738161:function:hellolinodians_akerl-hellolinodians-config",
            "dead_letter_config": [],
            "description": "",
            "environment": [
              {
                "variables": {
                  "S3_BUCKET": "akerl-hellolinodians-config",
                  "S3_KEY": "config.yaml"
                }
              }
            ],
            "filename": null,
            "function_name": "hellolinodians_akerl-hellolinodians-config",
            "handler": "main",
            "id": "hellolinodians_akerl-hellolinodians-config",
            "invoke_arn": "arn:aws:apigateway:us-east-1:lambda:path/2015-03-31/functions/arn:aws:lambda:us-east-1:764218738161:function:hellolinodians_akerl-hellolinodians-config/invocations",
            "kms_key_arn": "",
            "last_modified": "2019-03-10T18:57:26.066+0000",
            "layers": [],
            "memory_size": 128,
            "publish": false,
            "qualified_arn": "arn:aws:lambda:us-east-1:764218738161:function:hellolinodians_akerl-hellolinodians-config:$LATEST",
            "reserved_concurrent_executions": -1,
            "role": "arn:aws:iam::764218738161:role/hellolinodians_akerl-hellolinodians-config",
            "runtime": "go1.x",
            "s3_bucket": "akerl-gohellolinodians",
            "s3_key": "v0.1.1.zip",
            "s3_object_version": null,
            "source_code_hash": "6Z2ta+ZAl24OGxE0R9iD4M5cIeFCNzA+Jxqh22jZAoM=",
            "source_code_size": 8021803,
            "tags": {},
            "timeout": 10,
            "timeouts": {
              "create": null
            },
            "tracing_config": [
              {
                "mode": "PassThrough"
              }
            ],
            "version": "$LATEST",
            "vpc_config": []
          },
          "private": "eyJlMmJmYjczMC1lY2FhLTExZTYtOGY4OC0zNDM2M2JjN2M0YzAiOnsiY3JlYXRlIjo2MDAwMDAwMDAwMDB9fQ==",
          "dependencies": [
            "module.akerl-hellolinodiansbot.module.lambda.aws_iam_role.lambda"
          ]
        }
      ]
    },
    {
      "module": "module.akerl-hellolinodiansbot.module.lambda",
      "mode": "managed",
      "type": "aws_lambda_permission",
      "name": "allow_source",
      "provider": "provider[\"registry.terraform.io/hashicorp/aws\"]",
      "instances": [
        {
          "index_key": 0,
          "schema_version": 0,
          "attributes": {
            "action": "lambda:InvokeFunction",
            "event_source_token": null,
            "function_name": "hellolinodians_akerl-hellolinodians-config",
            "id": "AllowExecutionFromEvents",
            "principal": "events.amazonaws.com",
            "qualifier": "",
            "source_account": null,
            "source_arn": "arn:aws:events:us-east-1:764218738161:rule/hellolinodians_akerl-hellolinodians-config_cron",
            "statement_id": "AllowExecutionFromEvents",
            "statement_id_prefix": null
          },
          "dependencies": [
            "module.akerl-hellolinodiansbot.aws_cloudwatch_event_rule.cron",
            "module.akerl-hellolinodiansbot.module.lambda.aws_iam_role.lambda",
            "module.akerl-hellolinodiansbot.module.lambda.aws_lambda_function.this"
          ]
        }
      ]
    },
    {
      "module": "module.akerl-hellolinodiansbot.module.publish-user",
      "mode": "data",
      "type": "aws_iam_policy_document",
      "name": "this",
      "provider": "provider[\"registry.terraform.io/hashicorp/aws\"]",
      "instances": [
        {
          "schema_version": 0,
          "attributes": {
            "id": "3357792879",
            "json": "{\n  \"Version\": \"2012-10-17\",\n  \"Statement\": [\n    {\n      \"Sid\": \"\",\n      \"Effect\": \"Allow\",\n      \"Action\": [\n        \"s3:PutObject\",\n        \"s3:ListBucket\",\n        \"s3:ListAllMyBuckets\",\n        \"s3:GetObjectAcl\",\n        \"s3:GetObject\",\n        \"s3:GetBucketLocation\",\n        \"s3:GetBucketAcl\",\n        \"s3:DeleteObject\"\n      ],\n      \"Resource\": [\n        \"arn:aws:s3:::akerl-hellolinodians-config/*\",\n        \"arn:aws:s3:::akerl-hellolinodians-config\"\n      ]\n    }\n  ]\n}",
            "override_json": null,
            "policy_id": null,
            "source_json": null,
            "statement": [
              {
                "actions": [
                  "s3:DeleteObject",
                  "s3:GetBucketAcl",
                  "s3:GetBucketLocation",
                  "s3:GetObject",
                  "s3:GetObjectAcl",
                  "s3:ListAllMyBuckets",
                  "s3:ListBucket",
                  "s3:PutObject"
                ],
                "condition": [],
                "effect": "Allow",
                "not_actions": [],
                "not_principals": [],
                "not_resources": [],
                "principals": [],
                "resources": [
                  "arn:aws:s3:::akerl-hellolinodians-config",
                  "arn:aws:s3:::akerl-hellolinodians-config/*"
                ],
                "sid": ""
              }
            ],
            "version": "2012-10-17"
          }
        }
      ]
    },
    {
      "module": "module.akerl-hellolinodiansbot.module.publish-user",
      "mode": "managed",
      "type": "aws_iam_user",
      "name": "this",
      "provider": "provider[\"registry.terraform.io/hashicorp/aws\"]",
      "instances": [
        {
          "schema_version": 0,
          "attributes": {
            "arn": "arn:aws:iam::764218738161:user/s3-publish-akerl-hellolinodians-config",
            "force_destroy": false,
            "id": "s3-publish-akerl-hellolinodians-config",
            "name": "s3-publish-akerl-hellolinodians-config",
            "path": "/",
            "permissions_boundary": null,
            "tags": {},
            "unique_id": "AIDAIYP5Z6UPNNB5LHBOI"
          }
        }
      ]
    },
    {
      "module": "module.akerl-hellolinodiansbot.module.publish-user",
      "mode": "managed",
      "type": "aws_iam_user_policy",
      "name": "this",
      "provider": "provider[\"registry.terraform.io/hashicorp/aws\"]",
      "instances": [
        {
          "schema_version": 0,
          "attributes": {
            "id": "s3-publish-akerl-hellolinodians-config:s3-publish",
            "name": "s3-publish",
            "name_prefix": null,
            "policy": "{\n  \"Version\": \"2012-10-17\",\n  \"Statement\": [\n    {\n      \"Sid\": \"\",\n      \"Effect\": \"Allow\",\n      \"Action\": [\n        \"s3:PutObject\",\n        \"s3:ListBucket\",\n        \"s3:ListAllMyBuckets\",\n        \"s3:GetObjectAcl\",\n        \"s3:GetObject\",\n        \"s3:GetBucketLocation\",\n        \"s3:GetBucketAcl\",\n        \"s3:DeleteObject\"\n      ],\n      \"Resource\": [\n        \"arn:aws:s3:::akerl-hellolinodians-config/*\",\n        \"arn:aws:s3:::akerl-hellolinodians-config\"\n      ]\n    }\n  ]\n}",
            "user": "s3-publish-akerl-hellolinodians-config"
          },
          "dependencies": [
            "module.akerl-hellolinodiansbot.module.publish-user.aws_iam_user.this"
          ]
        }
      ]
    },
    {
      "module": "module.akerl-hellolinodiansbot.module.publish-user",
      "mode": "managed",
      "type": "aws_s3_bucket",
      "name": "this",
      "provider": "provider[\"registry.terraform.io/hashicorp/aws\"]",
      "instances": [
        {
          "index_key": 0,
          "schema_version": 0,
          "attributes": {
            "acceleration_status": "",
            "acl": "private",
            "arn": "arn:aws:s3:::akerl-hellolinodians-config",
            "bucket": "akerl-hellolinodians-config",
            "bucket_domain_name": "akerl-hellolinodians-config.s3.amazonaws.com",
            "bucket_prefix": null,
            "bucket_regional_domain_name": "akerl-hellolinodians-config.s3.amazonaws.com",
            "cors_rule": [],
            "force_destroy": false,
            "hosted_zone_id": "Z3AQBSTGFYJSTF",
            "id": "akerl-hellolinodians-config",
            "lifecycle_rule": [],
            "logging": [
              {
                "target_bucket": "akerl-s3-logs",
                "target_prefix": "akerl-hellolinodians-config/"
              }
            ],
            "object_lock_configuration": [],
            "policy": null,
            "region": "us-east-1",
            "replication_configuration": [],
            "request_payer": "BucketOwner",
            "server_side_encryption_configuration": [],
            "tags": {},
            "versioning": [
              {
                "enabled": true,
                "mfa_delete": false
              }
            ],
            "website": [],
            "website_domain": null,
            "website_endpoint": null
          },
          "dependencies": [
            "module.account.aws_s3_bucket.logging"
          ]
        }
      ]
    },
    {
      "module": "module.akerl-hellolinodiansbot.module.publish-user",
      "mode": "managed",
      "type": "awscreds_iam_access_key",
      "name": "this",
      "provider": "provider[\"terraform.scrtybybscrty.org/armorfret/awscreds\"]",
      "instances": [
        {
          "schema_version": 0,
          "attributes": {
            "encrypted_secret": null,
            "file": "creds/s3-publish-akerl-hellolinodians-config",
            "id": "AKIAJVVNNF7HDH3TVAWA",
            "key_fingerprint": null,
            "pgp_key": null,
            "secret": "",
            "ses_smtp_password": "",
            "status": "Active",
            "user": "s3-publish-akerl-hellolinodians-config"
          },
          "dependencies": [
            "module.akerl-hellolinodiansbot.module.publish-user.aws_iam_user.this"
          ]
        }
      ]
    },
    {
      "module": "module.akerl-hf-library",
      "mode": "data",
      "type": "aws_iam_policy_document",
      "name": "lambda_perms",
      "provider": "provider[\"registry.terraform.io/hashicorp/aws\"]",
      "instances": [
        {
          "schema_version": 0,
          "attributes": {
            "id": "2504797304",
            "json": "{\n  \"Version\": \"2012-10-17\",\n  \"Statement\": [\n    {\n      \"Sid\": \"\",\n      \"Effect\": \"Allow\",\n      \"Action\": [\n        \"s3:ListBucket\",\n        \"s3:GetObject\"\n      ],\n      \"Resource\": [\n        \"arn:aws:s3:::akerl-hf-library/*\",\n        \"arn:aws:s3:::akerl-hf-library-config/*\",\n        \"arn:aws:s3:::akerl-hf-library-config\",\n        \"arn:aws:s3:::akerl-hf-library\"\n      ]\n    },\n    {\n      \"Sid\": \"\",\n      \"Effect\": \"Allow\",\n      \"Action\": [\n        \"logs:PutLogEvents\",\n        \"logs:CreateLogStream\",\n        \"logs:CreateLogGroup\"\n      ],\n      \"Resource\": \"arn:aws:logs:*:*:*\"\n    }\n  ]\n}",
            "override_json": null,
            "policy_id": null,
            "source_json": null,
            "statement": [
              {
                "actions": [
                  "s3:GetObject",
                  "s3:ListBucket"
                ],
                "condition": [],
                "effect": "Allow",
                "not_actions": [],
                "not_principals": [],
                "not_resources": [],
                "principals": [],
                "resources": [
                  "arn:aws:s3:::akerl-hf-library",
                  "arn:aws:s3:::akerl-hf-library-config",
                  "arn:aws:s3:::akerl-hf-library-config/*",
                  "arn:aws:s3:::akerl-hf-library/*"
                ],
                "sid": ""
              },
              {
                "actions": [
                  "logs:CreateLogGroup",
                  "logs:CreateLogStream",
                  "logs:PutLogEvents"
                ],
                "condition": [],
                "effect": "Allow",
                "not_actions": [],
                "not_principals": [],
                "not_resources": [],
                "principals": [],
                "resources": [
                  "arn:aws:logs:*:*:*"
                ],
                "sid": ""
              }
            ],
            "version": "2012-10-17"
          }
        }
      ]
    },
    {
      "module": "module.akerl-hf-library.module.apigw",
      "mode": "managed",
      "type": "aws_api_gateway_base_path_mapping",
      "name": "this",
      "provider": "provider[\"registry.terraform.io/hashicorp/aws\"]",
      "instances": [
        {
          "schema_version": 0,
          "attributes": {
            "api_id": "n18e5mjr47",
            "base_path": "",
            "domain_name": "hf.coolquotes.xyz",
            "id": "hf.coolquotes.xyz/",
            "stage_name": "prod"
          },
          "dependencies": [
            "module.akerl-hf-library.module.apigw.aws_api_gateway_deployment.this",
            "module.akerl-hf-library.module.apigw.aws_api_gateway_domain_name.this",
            "module.akerl-hf-library.module.apigw.aws_api_gateway_integration.root",
            "module.akerl-hf-library.module.apigw.aws_api_gateway_integration.this",
            "module.akerl-hf-library.module.apigw.aws_api_gateway_method.root",
            "module.akerl-hf-library.module.apigw.aws_api_gateway_method.this",
            "module.akerl-hf-library.module.apigw.aws_api_gateway_resource.this",
            "module.akerl-hf-library.module.apigw.aws_api_gateway_rest_api.this",
            "module.akerl-hf-library.module.apigw.module.certificate.aws_acm_certificate.this",
            "module.akerl-hf-library.module.apigw.module.certificate.aws_acm_certificate_validation.this",
            "module.akerl-hf-library.module.apigw.module.certificate.aws_route53_record.validation",
            "module.akerl-hf-library.module.apigw.module.lambda.aws_iam_role.lambda",
            "module.akerl-hf-library.module.apigw.module.lambda.aws_lambda_function.this"
          ]
        }
      ]
    },
    {
      "module": "module.akerl-hf-library.module.apigw",
      "mode": "managed",
      "type": "aws_api_gateway_deployment",
      "name": "this",
      "provider": "provider[\"registry.terraform.io/hashicorp/aws\"]",
      "instances": [
        {
          "schema_version": 0,
          "attributes": {
            "created_date": "2019-03-10T18:58:04Z",
            "description": "",
            "execution_arn": "arn:aws:execute-api:us-east-1:764218738161:n18e5mjr47/prod",
            "id": "bowqih",
            "invoke_url": "https://n18e5mjr47.execute-api.us-east-1.amazonaws.com/prod",
            "rest_api_id": "n18e5mjr47",
            "stage_description": null,
            "stage_name": "prod",
            "variables": {
              "bucket": "akerl-hf-library"
            }
          },
          "dependencies": [
            "module.akerl-hf-library.module.apigw.aws_api_gateway_integration.root",
            "module.akerl-hf-library.module.apigw.aws_api_gateway_integration.this",
            "module.akerl-hf-library.module.apigw.aws_api_gateway_method.root",
            "module.akerl-hf-library.module.apigw.aws_api_gateway_method.this",
            "module.akerl-hf-library.module.apigw.aws_api_gateway_resource.this",
            "module.akerl-hf-library.module.apigw.aws_api_gateway_rest_api.this",
            "module.akerl-hf-library.module.apigw.module.lambda.aws_iam_role.lambda",
            "module.akerl-hf-library.module.apigw.module.lambda.aws_lambda_function.this"
          ]
        }
      ]
    },
    {
      "module": "module.akerl-hf-library.module.apigw",
      "mode": "managed",
      "type": "aws_api_gateway_domain_name",
      "name": "this",
      "provider": "provider[\"registry.terraform.io/hashicorp/aws\"]",
      "instances": [
        {
          "schema_version": 0,
          "attributes": {
            "certificate_arn": "arn:aws:acm:us-east-1:764218738161:certificate/98551727-a130-4bb4-adf5-52fcc90965c9",
            "certificate_body": null,
            "certificate_chain": null,
            "certificate_name": "",
            "certificate_private_key": null,
            "certificate_upload_date": "2019-03-10T20:07:40Z",
            "cloudfront_domain_name": "d2i7ns0mouro3n.cloudfront.net",
            "cloudfront_zone_id": "Z2FDTNDATAQYW2",
            "domain_name": "hf.coolquotes.xyz",
            "endpoint_configuration": [
              {
                "types": [
                  "EDGE"
                ]
              }
            ],
            "id": "hf.coolquotes.xyz",
            "regional_certificate_arn": "",
            "regional_certificate_name": "",
            "regional_domain_name": "",
            "regional_zone_id": "",
            "security_policy": "TLS_1_0"
          },
          "dependencies": [
            "module.akerl-hf-library.module.apigw.module.certificate.aws_acm_certificate.this",
            "module.akerl-hf-library.module.apigw.module.certificate.aws_acm_certificate_validation.this",
            "module.akerl-hf-library.module.apigw.module.certificate.aws_route53_record.validation"
          ]
        }
      ]
    },
    {
      "module": "module.akerl-hf-library.module.apigw",
      "mode": "managed",
      "type": "aws_api_gateway_integration",
      "name": "root",
      "provider": "provider[\"registry.terraform.io/hashicorp/aws\"]",
      "instances": [
        {
          "schema_version": 0,
          "attributes": {
            "cache_key_parameters": [],
            "cache_namespace": "644bt17wee",
            "connection_id": "",
            "connection_type": "INTERNET",
            "content_handling": "",
            "credentials": "",
            "http_method": "ANY",
            "id": "agi-n18e5mjr47-644bt17wee-ANY",
            "integration_http_method": "POST",
            "passthrough_behavior": "WHEN_NO_MATCH",
            "request_parameters": {},
            "request_parameters_in_json": null,
            "request_templates": {},
            "resource_id": "644bt17wee",
            "rest_api_id": "n18e5mjr47",
            "timeout_milliseconds": 29000,
            "type": "AWS_PROXY",
            "uri": "arn:aws:apigateway:us-east-1:lambda:path/2015-03-31/functions/arn:aws:lambda:us-east-1:764218738161:function:madlibrarian_akerl-hf-library/invocations"
          },
          "dependencies": [
            "module.akerl-hf-library.module.apigw.aws_api_gateway_method.root",
            "module.akerl-hf-library.module.apigw.aws_api_gateway_rest_api.this",
            "module.akerl-hf-library.module.apigw.module.lambda.aws_iam_role.lambda",
            "module.akerl-hf-library.module.apigw.module.lambda.aws_lambda_function.this"
          ]
        }
      ]
    },
    {
      "module": "module.akerl-hf-library.module.apigw",
      "mode": "managed",
      "type": "aws_api_gateway_integration",
      "name": "this",
      "provider": "provider[\"registry.terraform.io/hashicorp/aws\"]",
      "instances": [
        {
          "schema_version": 0,
          "attributes": {
            "cache_key_parameters": [],
            "cache_namespace": "10ad6o",
            "connection_id": "",
            "connection_type": "INTERNET",
            "content_handling": "",
            "credentials": "",
            "http_method": "ANY",
            "id": "agi-n18e5mjr47-10ad6o-ANY",
            "integration_http_method": "POST",
            "passthrough_behavior": "WHEN_NO_MATCH",
            "request_parameters": {},
            "request_parameters_in_json": null,
            "request_templates": {},
            "resource_id": "10ad6o",
            "rest_api_id": "n18e5mjr47",
            "timeout_milliseconds": 29000,
            "type": "AWS_PROXY",
            "uri": "arn:aws:apigateway:us-east-1:lambda:path/2015-03-31/functions/arn:aws:lambda:us-east-1:764218738161:function:madlibrarian_akerl-hf-library/invocations"
          },
          "dependencies": [
            "module.akerl-hf-library.module.apigw.aws_api_gateway_method.this",
            "module.akerl-hf-library.module.apigw.aws_api_gateway_resource.this",
            "module.akerl-hf-library.module.apigw.aws_api_gateway_rest_api.this",
            "module.akerl-hf-library.module.apigw.module.lambda.aws_iam_role.lambda",
            "module.akerl-hf-library.module.apigw.module.lambda.aws_lambda_function.this"
          ]
        }
      ]
    },
    {
      "module": "module.akerl-hf-library.module.apigw",
      "mode": "managed",
      "type": "aws_api_gateway_method",
      "name": "root",
      "provider": "provider[\"registry.terraform.io/hashicorp/aws\"]",
      "instances": [
        {
          "schema_version": 0,
          "attributes": {
            "api_key_required": false,
            "authorization": "NONE",
            "authorization_scopes": [],
            "authorizer_id": "",
            "http_method": "ANY",
            "id": "agm-n18e5mjr47-644bt17wee-ANY",
            "request_models": {},
            "request_parameters": {},
            "request_parameters_in_json": null,
            "request_validator_id": "",
            "resource_id": "644bt17wee",
            "rest_api_id": "n18e5mjr47"
          },
          "dependencies": [
            "module.akerl-hf-library.module.apigw.aws_api_gateway_rest_api.this"
          ]
        }
      ]
    },
    {
      "module": "module.akerl-hf-library.module.apigw",
      "mode": "managed",
      "type": "aws_api_gateway_method",
      "name": "this",
      "provider": "provider[\"registry.terraform.io/hashicorp/aws\"]",
      "instances": [
        {
          "schema_version": 0,
          "attributes": {
            "api_key_required": false,
            "authorization": "NONE",
            "authorization_scopes": [],
            "authorizer_id": "",
            "http_method": "ANY",
            "id": "agm-n18e5mjr47-10ad6o-ANY",
            "request_models": {},
            "request_parameters": {},
            "request_parameters_in_json": null,
            "request_validator_id": "",
            "resource_id": "10ad6o",
            "rest_api_id": "n18e5mjr47"
          },
          "dependencies": [
            "module.akerl-hf-library.module.apigw.aws_api_gateway_resource.this",
            "module.akerl-hf-library.module.apigw.aws_api_gateway_rest_api.this"
          ]
        }
      ]
    },
    {
      "module": "module.akerl-hf-library.module.apigw",
      "mode": "managed",
      "type": "aws_api_gateway_method_settings",
      "name": "settings",
      "provider": "provider[\"registry.terraform.io/hashicorp/aws\"]",
      "instances": [
        {
          "schema_version": 0,
          "attributes": {
            "id": "n18e5mjr47-prod-*/*",
            "method_path": "*/*",
            "rest_api_id": "n18e5mjr47",
            "settings": [
              {
                "cache_data_encrypted": false,
                "cache_ttl_in_seconds": 0,
                "caching_enabled": false,
                "data_trace_enabled": false,
                "logging_level": "INFO",
                "metrics_enabled": true,
                "require_authorization_for_cache_control": false,
                "throttling_burst_limit": 0,
                "throttling_rate_limit": 0,
                "unauthorized_cache_control_header_strategy": ""
              }
            ],
            "stage_name": "prod"
          },
          "dependencies": [
            "module.akerl-hf-library.module.apigw.aws_api_gateway_deployment.this",
            "module.akerl-hf-library.module.apigw.aws_api_gateway_integration.root",
            "module.akerl-hf-library.module.apigw.aws_api_gateway_integration.this",
            "module.akerl-hf-library.module.apigw.aws_api_gateway_method.root",
            "module.akerl-hf-library.module.apigw.aws_api_gateway_method.this",
            "module.akerl-hf-library.module.apigw.aws_api_gateway_resource.this",
            "module.akerl-hf-library.module.apigw.aws_api_gateway_rest_api.this",
            "module.akerl-hf-library.module.apigw.module.lambda.aws_iam_role.lambda",
            "module.akerl-hf-library.module.apigw.module.lambda.aws_lambda_function.this"
          ]
        }
      ]
    },
    {
      "module": "module.akerl-hf-library.module.apigw",
      "mode": "managed",
      "type": "aws_api_gateway_resource",
      "name": "this",
      "provider": "provider[\"registry.terraform.io/hashicorp/aws\"]",
      "instances": [
        {
          "schema_version": 0,
          "attributes": {
            "id": "10ad6o",
            "parent_id": "644bt17wee",
            "path": "/{path+}",
            "path_part": "{path+}",
            "rest_api_id": "n18e5mjr47"
          },
          "dependencies": [
            "module.akerl-hf-library.module.apigw.aws_api_gateway_rest_api.this"
          ]
        }
      ]
    },
    {
      "module": "module.akerl-hf-library.module.apigw",
      "mode": "managed",
      "type": "aws_api_gateway_rest_api",
      "name": "this",
      "provider": "provider[\"registry.terraform.io/hashicorp/aws\"]",
      "instances": [
        {
          "schema_version": 0,
          "attributes": {
            "api_key_source": "HEADER",
            "binary_media_types": [],
            "body": null,
            "created_date": "2019-03-10T13:01:48Z",
            "description": "",
            "endpoint_configuration": [
              {
                "types": [
                  "EDGE"
                ]
              }
            ],
            "execution_arn": "arn:aws:execute-api:us-east-1:764218738161:n18e5mjr47",
            "id": "n18e5mjr47",
            "minimum_compression_size": -1,
            "name": "madlibrarian_akerl-hf-library",
            "policy": "",
            "root_resource_id": "644bt17wee"
          }
        }
      ]
    },
    {
      "module": "module.akerl-hf-library.module.apigw.module.certificate",
      "mode": "data",
      "type": "aws_route53_zone",
      "name": "parent",
      "provider": "provider[\"registry.terraform.io/hashicorp/aws\"]",
      "instances": [
        {
          "index_key": 0,
          "schema_version": 0,
          "attributes": {
            "caller_reference": "2017-09-14T01:31:08.67890792-04:00",
            "comment": "Managed by Terraform",
            "id": "Z8OAL9XXAA49Z",
            "linked_service_description": null,
            "linked_service_principal": null,
            "name": "coolquotes.xyz.",
            "name_servers": [
              "ns-1242.awsdns-27.org",
              "ns-477.awsdns-59.com",
              "ns-808.awsdns-37.net",
              "ns-1942.awsdns-50.co.uk"
            ],
            "private_zone": false,
            "resource_record_set_count": 16,
            "tags": null,
            "vpc_id": null,
            "zone_id": "Z8OAL9XXAA49Z"
          }
        }
      ]
    },
    {
      "module": "module.akerl-hf-library.module.apigw.module.certificate",
      "mode": "managed",
      "type": "aws_acm_certificate",
      "name": "this",
      "provider": "provider[\"registry.terraform.io/hashicorp/aws\"]",
      "instances": [
        {
          "schema_version": 0,
          "attributes": {
            "arn": "arn:aws:acm:us-east-1:764218738161:certificate/98551727-a130-4bb4-adf5-52fcc90965c9",
            "certificate_authority_arn": "",
            "certificate_body": null,
            "certificate_chain": null,
            "domain_name": "hf.coolquotes.xyz",
            "domain_validation_options": [
              {
                "domain_name": "hf.coolquotes.xyz",
                "resource_record_name": "_07033cb570a16d1ddd2b732082db6da6.hf.coolquotes.xyz.",
                "resource_record_type": "CNAME",
                "resource_record_value": "_6201fd67c88310e732107f603f461fd1.acm-validations.aws."
              }
            ],
            "id": "arn:aws:acm:us-east-1:764218738161:certificate/98551727-a130-4bb4-adf5-52fcc90965c9",
            "options": [
              {
                "certificate_transparency_logging_preference": "ENABLED"
              }
            ],
            "private_key": null,
            "subject_alternative_names": [],
            "tags": {},
            "validation_emails": [],
            "validation_method": "DNS"
          }
        }
      ]
    },
    {
      "module": "module.akerl-hf-library.module.apigw.module.certificate",
      "mode": "managed",
      "type": "aws_acm_certificate_validation",
      "name": "this",
      "provider": "provider[\"registry.terraform.io/hashicorp/aws\"]",
      "instances": [
        {
          "schema_version": 0,
          "attributes": {
            "certificate_arn": "arn:aws:acm:us-east-1:764218738161:certificate/98551727-a130-4bb4-adf5-52fcc90965c9",
            "id": "2020-02-11 01:42:59 +0000 UTC",
            "timeouts": null,
            "validation_record_fqdns": [
              "_07033cb570a16d1ddd2b732082db6da6.hf.coolquotes.xyz"
            ]
          },
          "private": "eyJlMmJmYjczMC1lY2FhLTExZTYtOGY4OC0zNDM2M2JjN2M0YzAiOnsiY3JlYXRlIjoyNzAwMDAwMDAwMDAwfX0=",
          "dependencies": [
            "module.akerl-hf-library.module.apigw.module.certificate.aws_acm_certificate.this",
            "module.akerl-hf-library.module.apigw.module.certificate.aws_route53_record.validation"
          ]
        }
      ]
    },
    {
      "module": "module.akerl-hf-library.module.apigw.module.certificate",
      "mode": "managed",
      "type": "aws_route53_record",
      "name": "validation",
      "provider": "provider[\"registry.terraform.io/hashicorp/aws\"]",
      "instances": [
        {
          "index_key": 0,
          "schema_version": 2,
          "attributes": {
            "alias": [],
            "allow_overwrite": null,
            "failover_routing_policy": [],
            "fqdn": "_07033cb570a16d1ddd2b732082db6da6.hf.coolquotes.xyz",
            "geolocation_routing_policy": [],
            "health_check_id": "",
            "id": "Z8OAL9XXAA49Z__07033cb570a16d1ddd2b732082db6da6.hf.coolquotes.xyz._CNAME",
            "latency_routing_policy": [],
            "multivalue_answer_routing_policy": null,
            "name": "_07033cb570a16d1ddd2b732082db6da6.hf.coolquotes.xyz",
            "records": [
              "_6201fd67c88310e732107f603f461fd1.acm-validations.aws."
            ],
            "set_identifier": "",
            "ttl": 60,
            "type": "CNAME",
            "weighted_routing_policy": [],
            "zone_id": "Z8OAL9XXAA49Z"
          },
          "private": "eyJzY2hlbWFfdmVyc2lvbiI6IjIifQ==",
          "dependencies": [
            "module.akerl-hf-library.module.apigw.module.certificate.aws_acm_certificate.this"
          ]
        }
      ]
    },
    {
      "module": "module.akerl-hf-library.module.apigw.module.lambda",
      "mode": "data",
      "type": "aws_iam_policy_document",
      "name": "trust",
      "provider": "provider[\"registry.terraform.io/hashicorp/aws\"]",
      "instances": [
        {
          "schema_version": 0,
          "attributes": {
            "id": "3693445097",
            "json": "{\n  \"Version\": \"2012-10-17\",\n  \"Statement\": [\n    {\n      \"Sid\": \"\",\n      \"Effect\": \"Allow\",\n      \"Action\": \"sts:AssumeRole\",\n      \"Principal\": {\n        \"Service\": \"lambda.amazonaws.com\"\n      }\n    }\n  ]\n}",
            "override_json": null,
            "policy_id": null,
            "source_json": null,
            "statement": [
              {
                "actions": [
                  "sts:AssumeRole"
                ],
                "condition": [],
                "effect": "Allow",
                "not_actions": [],
                "not_principals": [],
                "not_resources": [],
                "principals": [
                  {
                    "identifiers": [
                      "lambda.amazonaws.com"
                    ],
                    "type": "Service"
                  }
                ],
                "resources": [],
                "sid": ""
              }
            ],
            "version": "2012-10-17"
          }
        }
      ]
    },
    {
      "module": "module.akerl-hf-library.module.apigw.module.lambda",
      "mode": "managed",
      "type": "aws_iam_role",
      "name": "lambda",
      "provider": "provider[\"registry.terraform.io/hashicorp/aws\"]",
      "instances": [
        {
          "schema_version": 0,
          "attributes": {
            "arn": "arn:aws:iam::764218738161:role/madlibrarian_akerl-hf-library",
            "assume_role_policy": "{\"Version\":\"2012-10-17\",\"Statement\":[{\"Sid\":\"\",\"Effect\":\"Allow\",\"Principal\":{\"Service\":\"lambda.amazonaws.com\"},\"Action\":\"sts:AssumeRole\"}]}",
            "create_date": "2019-03-10T13:00:56Z",
            "description": "",
            "force_detach_policies": false,
            "id": "madlibrarian_akerl-hf-library",
            "max_session_duration": 3600,
            "name": "madlibrarian_akerl-hf-library",
            "name_prefix": null,
            "path": "/",
            "permissions_boundary": null,
            "tags": {},
            "unique_id": "AROAI7AEOKR4WVEDLENRA"
          }
        }
      ]
    },
    {
      "module": "module.akerl-hf-library.module.apigw.module.lambda",
      "mode": "managed",
      "type": "aws_iam_role_policy",
      "name": "lambda_perms",
      "provider": "provider[\"registry.terraform.io/hashicorp/aws\"]",
      "instances": [
        {
          "schema_version": 0,
          "attributes": {
            "id": "madlibrarian_akerl-hf-library:lambda_perms",
            "name": "lambda_perms",
            "name_prefix": null,
            "policy": "{\n  \"Version\": \"2012-10-17\",\n  \"Statement\": [\n    {\n      \"Sid\": \"\",\n      \"Effect\": \"Allow\",\n      \"Action\": [\n        \"s3:ListBucket\",\n        \"s3:GetObject\"\n      ],\n      \"Resource\": [\n        \"arn:aws:s3:::akerl-hf-library/*\",\n        \"arn:aws:s3:::akerl-hf-library-config/*\",\n        \"arn:aws:s3:::akerl-hf-library-config\",\n        \"arn:aws:s3:::akerl-hf-library\"\n      ]\n    },\n    {\n      \"Sid\": \"\",\n      \"Effect\": \"Allow\",\n      \"Action\": [\n        \"logs:PutLogEvents\",\n        \"logs:CreateLogStream\",\n        \"logs:CreateLogGroup\"\n      ],\n      \"Resource\": \"arn:aws:logs:*:*:*\"\n    }\n  ]\n}",
            "role": "madlibrarian_akerl-hf-library"
          },
          "dependencies": [
            "module.akerl-hf-library.module.apigw.module.lambda.aws_iam_role.lambda"
          ]
        }
      ]
    },
    {
      "module": "module.akerl-hf-library.module.apigw.module.lambda",
      "mode": "managed",
      "type": "aws_lambda_function",
      "name": "this",
      "provider": "provider[\"registry.terraform.io/hashicorp/aws\"]",
      "instances": [
        {
          "schema_version": 0,
          "attributes": {
            "arn": "arn:aws:lambda:us-east-1:764218738161:function:madlibrarian_akerl-hf-library",
            "dead_letter_config": [],
            "description": "",
            "environment": [
              {
                "variables": {
                  "S3_BUCKET": "akerl-hf-library-config",
                  "S3_KEY": "config.yaml"
                }
              }
            ],
            "filename": null,
            "function_name": "madlibrarian_akerl-hf-library",
            "handler": "main",
            "id": "madlibrarian_akerl-hf-library",
            "invoke_arn": "arn:aws:apigateway:us-east-1:lambda:path/2015-03-31/functions/arn:aws:lambda:us-east-1:764218738161:function:madlibrarian_akerl-hf-library/invocations",
            "kms_key_arn": "",
            "last_modified": "2019-07-11T22:08:43.929+0000",
            "layers": [],
            "memory_size": 128,
            "publish": false,
            "qualified_arn": "arn:aws:lambda:us-east-1:764218738161:function:madlibrarian_akerl-hf-library:$LATEST",
            "reserved_concurrent_executions": -1,
            "role": "arn:aws:iam::764218738161:role/madlibrarian_akerl-hf-library",
            "runtime": "go1.x",
            "s3_bucket": "akerl-madlibrarian",
            "s3_key": "v0.12.4.zip",
            "s3_object_version": null,
            "source_code_hash": "ulAjcRV+DbZNwAVWJt7ve9NK6uWx4StASmkW9dyzu0M=",
            "source_code_size": 9493776,
            "tags": {},
            "timeout": 10,
            "timeouts": {
              "create": null
            },
            "tracing_config": [
              {
                "mode": "PassThrough"
              }
            ],
            "version": "$LATEST",
            "vpc_config": []
          },
          "private": "eyJlMmJmYjczMC1lY2FhLTExZTYtOGY4OC0zNDM2M2JjN2M0YzAiOnsiY3JlYXRlIjo2MDAwMDAwMDAwMDB9fQ==",
          "dependencies": [
            "module.akerl-hf-library.module.apigw.module.lambda.aws_iam_role.lambda"
          ]
        }
      ]
    },
    {
      "module": "module.akerl-hf-library.module.apigw.module.lambda",
      "mode": "managed",
      "type": "aws_lambda_permission",
      "name": "allow_source",
      "provider": "provider[\"registry.terraform.io/hashicorp/aws\"]",
      "instances": [
        {
          "index_key": 0,
          "schema_version": 0,
          "attributes": {
            "action": "lambda:InvokeFunction",
            "event_source_token": null,
            "function_name": "madlibrarian_akerl-hf-library",
            "id": "AllowExecutionFromApigateway",
            "principal": "apigateway.amazonaws.com",
            "qualifier": "",
            "source_account": null,
            "source_arn": "arn:aws:execute-api:us-east-1:764218738161:n18e5mjr47/*",
            "statement_id": "AllowExecutionFromApigateway",
            "statement_id_prefix": null
          },
          "dependencies": [
            "module.akerl-hf-library.module.apigw.aws_api_gateway_rest_api.this",
            "module.akerl-hf-library.module.apigw.module.lambda.aws_iam_role.lambda",
            "module.akerl-hf-library.module.apigw.module.lambda.aws_lambda_function.this"
          ]
        }
      ]
    },
    {
      "module": "module.akerl-hf-library.module.config_user",
      "mode": "data",
      "type": "aws_iam_policy_document",
      "name": "this",
      "provider": "provider[\"registry.terraform.io/hashicorp/aws\"]",
      "instances": [
        {
          "schema_version": 0,
          "attributes": {
            "id": "2815185477",
            "json": "{\n  \"Version\": \"2012-10-17\",\n  \"Statement\": [\n    {\n      \"Sid\": \"\",\n      \"Effect\": \"Allow\",\n      \"Action\": [\n        \"s3:PutObject\",\n        \"s3:ListBucket\",\n        \"s3:ListAllMyBuckets\",\n        \"s3:GetObjectAcl\",\n        \"s3:GetObject\",\n        \"s3:GetBucketLocation\",\n        \"s3:GetBucketAcl\",\n        \"s3:DeleteObject\"\n      ],\n      \"Resource\": [\n        \"arn:aws:s3:::akerl-hf-library-config/*\",\n        \"arn:aws:s3:::akerl-hf-library-config\"\n      ]\n    }\n  ]\n}",
            "override_json": null,
            "policy_id": null,
            "source_json": null,
            "statement": [
              {
                "actions": [
                  "s3:DeleteObject",
                  "s3:GetBucketAcl",
                  "s3:GetBucketLocation",
                  "s3:GetObject",
                  "s3:GetObjectAcl",
                  "s3:ListAllMyBuckets",
                  "s3:ListBucket",
                  "s3:PutObject"
                ],
                "condition": [],
                "effect": "Allow",
                "not_actions": [],
                "not_principals": [],
                "not_resources": [],
                "principals": [],
                "resources": [
                  "arn:aws:s3:::akerl-hf-library-config",
                  "arn:aws:s3:::akerl-hf-library-config/*"
                ],
                "sid": ""
              }
            ],
            "version": "2012-10-17"
          }
        }
      ]
    },
    {
      "module": "module.akerl-hf-library.module.config_user",
      "mode": "managed",
      "type": "aws_iam_user",
      "name": "this",
      "provider": "provider[\"registry.terraform.io/hashicorp/aws\"]",
      "instances": [
        {
          "schema_version": 0,
          "attributes": {
            "arn": "arn:aws:iam::764218738161:user/s3-publish-akerl-hf-library-config",
            "force_destroy": false,
            "id": "s3-publish-akerl-hf-library-config",
            "name": "s3-publish-akerl-hf-library-config",
            "path": "/",
            "permissions_boundary": null,
            "tags": {},
            "unique_id": "AIDAIX3J32MSMIIYHN6WG"
          }
        }
      ]
    },
    {
      "module": "module.akerl-hf-library.module.config_user",
      "mode": "managed",
      "type": "aws_iam_user_policy",
      "name": "this",
      "provider": "provider[\"registry.terraform.io/hashicorp/aws\"]",
      "instances": [
        {
          "schema_version": 0,
          "attributes": {
            "id": "s3-publish-akerl-hf-library-config:s3-publish",
            "name": "s3-publish",
            "name_prefix": null,
            "policy": "{\n  \"Version\": \"2012-10-17\",\n  \"Statement\": [\n    {\n      \"Sid\": \"\",\n      \"Effect\": \"Allow\",\n      \"Action\": [\n        \"s3:PutObject\",\n        \"s3:ListBucket\",\n        \"s3:ListAllMyBuckets\",\n        \"s3:GetObjectAcl\",\n        \"s3:GetObject\",\n        \"s3:GetBucketLocation\",\n        \"s3:GetBucketAcl\",\n        \"s3:DeleteObject\"\n      ],\n      \"Resource\": [\n        \"arn:aws:s3:::akerl-hf-library-config/*\",\n        \"arn:aws:s3:::akerl-hf-library-config\"\n      ]\n    }\n  ]\n}",
            "user": "s3-publish-akerl-hf-library-config"
          },
          "dependencies": [
            "module.akerl-hf-library.module.config_user.aws_iam_user.this"
          ]
        }
      ]
    },
    {
      "module": "module.akerl-hf-library.module.config_user",
      "mode": "managed",
      "type": "aws_s3_bucket",
      "name": "this",
      "provider": "provider[\"registry.terraform.io/hashicorp/aws\"]",
      "instances": [
        {
          "index_key": 0,
          "schema_version": 0,
          "attributes": {
            "acceleration_status": "",
            "acl": "private",
            "arn": "arn:aws:s3:::akerl-hf-library-config",
            "bucket": "akerl-hf-library-config",
            "bucket_domain_name": "akerl-hf-library-config.s3.amazonaws.com",
            "bucket_prefix": null,
            "bucket_regional_domain_name": "akerl-hf-library-config.s3.amazonaws.com",
            "cors_rule": [],
            "force_destroy": false,
            "hosted_zone_id": "Z3AQBSTGFYJSTF",
            "id": "akerl-hf-library-config",
            "lifecycle_rule": [],
            "logging": [
              {
                "target_bucket": "akerl-s3-logs",
                "target_prefix": "akerl-hf-library-config/"
              }
            ],
            "object_lock_configuration": [],
            "policy": null,
            "region": "us-east-1",
            "replication_configuration": [],
            "request_payer": "BucketOwner",
            "server_side_encryption_configuration": [],
            "tags": {},
            "versioning": [
              {
                "enabled": true,
                "mfa_delete": false
              }
            ],
            "website": [],
            "website_domain": null,
            "website_endpoint": null
          },
          "dependencies": [
            "module.account.aws_s3_bucket.logging"
          ]
        }
      ]
    },
    {
      "module": "module.akerl-hf-library.module.config_user",
      "mode": "managed",
      "type": "awscreds_iam_access_key",
      "name": "this",
      "provider": "provider[\"terraform.scrtybybscrty.org/armorfret/awscreds\"]",
      "instances": [
        {
          "schema_version": 0,
          "attributes": {
            "encrypted_secret": null,
            "file": "creds/s3-publish-akerl-hf-library-config",
            "id": "AKIAJ4MOBPDIY2V3ZBQA",
            "key_fingerprint": null,
            "pgp_key": null,
            "secret": "",
            "ses_smtp_password": "",
            "status": "Active",
            "user": "s3-publish-akerl-hf-library-config"
          },
          "dependencies": [
            "module.akerl-hf-library.module.config_user.aws_iam_user.this"
          ]
        }
      ]
    },
    {
      "module": "module.akerl-hf-library.module.publish_user",
      "mode": "data",
      "type": "aws_iam_policy_document",
      "name": "this",
      "provider": "provider[\"registry.terraform.io/hashicorp/aws\"]",
      "instances": [
        {
          "schema_version": 0,
          "attributes": {
            "id": "3832156387",
            "json": "{\n  \"Version\": \"2012-10-17\",\n  \"Statement\": [\n    {\n      \"Sid\": \"\",\n      \"Effect\": \"Allow\",\n      \"Action\": [\n        \"s3:PutObject\",\n        \"s3:ListBucket\",\n        \"s3:ListAllMyBuckets\",\n        \"s3:GetObjectAcl\",\n        \"s3:GetObject\",\n        \"s3:GetBucketLocation\",\n        \"s3:GetBucketAcl\",\n        \"s3:DeleteObject\"\n      ],\n      \"Resource\": [\n        \"arn:aws:s3:::akerl-hf-library/*\",\n        \"arn:aws:s3:::akerl-hf-library\"\n      ]\n    }\n  ]\n}",
            "override_json": null,
            "policy_id": null,
            "source_json": null,
            "statement": [
              {
                "actions": [
                  "s3:DeleteObject",
                  "s3:GetBucketAcl",
                  "s3:GetBucketLocation",
                  "s3:GetObject",
                  "s3:GetObjectAcl",
                  "s3:ListAllMyBuckets",
                  "s3:ListBucket",
                  "s3:PutObject"
                ],
                "condition": [],
                "effect": "Allow",
                "not_actions": [],
                "not_principals": [],
                "not_resources": [],
                "principals": [],
                "resources": [
                  "arn:aws:s3:::akerl-hf-library",
                  "arn:aws:s3:::akerl-hf-library/*"
                ],
                "sid": ""
              }
            ],
            "version": "2012-10-17"
          }
        }
      ]
    },
    {
      "module": "module.akerl-hf-library.module.publish_user",
      "mode": "managed",
      "type": "aws_iam_user",
      "name": "this",
      "provider": "provider[\"registry.terraform.io/hashicorp/aws\"]",
      "instances": [
        {
          "schema_version": 0,
          "attributes": {
            "arn": "arn:aws:iam::764218738161:user/s3-publish-akerl-hf-library",
            "force_destroy": false,
            "id": "s3-publish-akerl-hf-library",
            "name": "s3-publish-akerl-hf-library",
            "path": "/",
            "permissions_boundary": null,
            "tags": {},
            "unique_id": "AIDAIGE27EMTK426TBJ4E"
          }
        }
      ]
    },
    {
      "module": "module.akerl-hf-library.module.publish_user",
      "mode": "managed",
      "type": "aws_iam_user_policy",
      "name": "this",
      "provider": "provider[\"registry.terraform.io/hashicorp/aws\"]",
      "instances": [
        {
          "schema_version": 0,
          "attributes": {
            "id": "s3-publish-akerl-hf-library:s3-publish",
            "name": "s3-publish",
            "name_prefix": null,
            "policy": "{\n  \"Version\": \"2012-10-17\",\n  \"Statement\": [\n    {\n      \"Sid\": \"\",\n      \"Effect\": \"Allow\",\n      \"Action\": [\n        \"s3:PutObject\",\n        \"s3:ListBucket\",\n        \"s3:ListAllMyBuckets\",\n        \"s3:GetObjectAcl\",\n        \"s3:GetObject\",\n        \"s3:GetBucketLocation\",\n        \"s3:GetBucketAcl\",\n        \"s3:DeleteObject\"\n      ],\n      \"Resource\": [\n        \"arn:aws:s3:::akerl-hf-library/*\",\n        \"arn:aws:s3:::akerl-hf-library\"\n      ]\n    }\n  ]\n}",
            "user": "s3-publish-akerl-hf-library"
          },
          "dependencies": [
            "module.akerl-hf-library.module.publish_user.aws_iam_user.this"
          ]
        }
      ]
    },
    {
      "module": "module.akerl-hf-library.module.publish_user",
      "mode": "managed",
      "type": "aws_s3_bucket",
      "name": "this",
      "provider": "provider[\"registry.terraform.io/hashicorp/aws\"]",
      "instances": [
        {
          "index_key": 0,
          "schema_version": 0,
          "attributes": {
            "acceleration_status": "",
            "acl": "private",
            "arn": "arn:aws:s3:::akerl-hf-library",
            "bucket": "akerl-hf-library",
            "bucket_domain_name": "akerl-hf-library.s3.amazonaws.com",
            "bucket_prefix": null,
            "bucket_regional_domain_name": "akerl-hf-library.s3.amazonaws.com",
            "cors_rule": [],
            "force_destroy": false,
            "hosted_zone_id": "Z3AQBSTGFYJSTF",
            "id": "akerl-hf-library",
            "lifecycle_rule": [],
            "logging": [
              {
                "target_bucket": "akerl-s3-logs",
                "target_prefix": "akerl-hf-library/"
              }
            ],
            "object_lock_configuration": [],
            "policy": null,
            "region": "us-east-1",
            "replication_configuration": [],
            "request_payer": "BucketOwner",
            "server_side_encryption_configuration": [],
            "tags": {},
            "versioning": [
              {
                "enabled": true,
                "mfa_delete": false
              }
            ],
            "website": [],
            "website_domain": null,
            "website_endpoint": null
          },
          "dependencies": [
            "module.account.aws_s3_bucket.logging"
          ]
        }
      ]
    },
    {
      "module": "module.akerl-hf-library.module.publish_user",
      "mode": "managed",
      "type": "awscreds_iam_access_key",
      "name": "this",
      "provider": "provider[\"terraform.scrtybybscrty.org/armorfret/awscreds\"]",
      "instances": [
        {
          "schema_version": 0,
          "attributes": {
            "encrypted_secret": null,
            "file": "creds/s3-publish-akerl-hf-library",
            "id": "AKIAINDC5LXK6JXTG4CA",
            "key_fingerprint": null,
            "pgp_key": null,
            "secret": "",
            "ses_smtp_password": "",
            "status": "Active",
            "user": "s3-publish-akerl-hf-library"
          },
          "dependencies": [
            "module.akerl-hf-library.module.publish_user.aws_iam_user.this"
          ]
        }
      ]
    },
    {
      "module": "module.akerl-hookshot",
      "mode": "data",
      "type": "aws_iam_policy_document",
      "name": "this",
      "provider": "provider[\"registry.terraform.io/hashicorp/aws\"]",
      "instances": [
        {
          "schema_version": 0,
          "attributes": {
            "id": "1661536030",
            "json": "{\n  \"Version\": \"2012-10-17\",\n  \"Statement\": [\n    {\n      \"Sid\": \"\",\n      \"Effect\": \"Allow\",\n      \"Action\": [\n        \"s3:PutObject\",\n        \"s3:ListBucket\",\n        \"s3:ListAllMyBuckets\",\n        \"s3:GetObjectAcl\",\n        \"s3:GetObject\",\n        \"s3:GetBucketLocation\",\n        \"s3:GetBucketAcl\",\n        \"s3:DeleteObject\"\n      ],\n      \"Resource\": [\n        \"arn:aws:s3:::akerl-hookshot/*\",\n        \"arn:aws:s3:::akerl-hookshot\"\n      ]\n    }\n  ]\n}",
            "override_json": null,
            "policy_id": null,
            "source_json": null,
            "statement": [
              {
                "actions": [
                  "s3:DeleteObject",
                  "s3:GetBucketAcl",
                  "s3:GetBucketLocation",
                  "s3:GetObject",
                  "s3:GetObjectAcl",
                  "s3:ListAllMyBuckets",
                  "s3:ListBucket",
                  "s3:PutObject"
                ],
                "condition": [],
                "effect": "Allow",
                "not_actions": [],
                "not_principals": [],
                "not_resources": [],
                "principals": [],
                "resources": [
                  "arn:aws:s3:::akerl-hookshot",
                  "arn:aws:s3:::akerl-hookshot/*"
                ],
                "sid": ""
              }
            ],
            "version": "2012-10-17"
          }
        }
      ]
    },
    {
      "module": "module.akerl-hookshot",
      "mode": "managed",
      "type": "aws_iam_user",
      "name": "this",
      "provider": "provider[\"registry.terraform.io/hashicorp/aws\"]",
      "instances": [
        {
          "schema_version": 0,
          "attributes": {
            "arn": "arn:aws:iam::764218738161:user/s3-publish-akerl-hookshot",
            "force_destroy": false,
            "id": "s3-publish-akerl-hookshot",
            "name": "s3-publish-akerl-hookshot",
            "path": "/",
            "permissions_boundary": null,
            "tags": {},
            "unique_id": "AIDAIE3LO7E576YOM7B52"
          }
        }
      ]
    },
    {
      "module": "module.akerl-hookshot",
      "mode": "managed",
      "type": "aws_iam_user_policy",
      "name": "this",
      "provider": "provider[\"registry.terraform.io/hashicorp/aws\"]",
      "instances": [
        {
          "schema_version": 0,
          "attributes": {
            "id": "s3-publish-akerl-hookshot:s3-publish",
            "name": "s3-publish",
            "name_prefix": null,
            "policy": "{\n  \"Version\": \"2012-10-17\",\n  \"Statement\": [\n    {\n      \"Sid\": \"\",\n      \"Effect\": \"Allow\",\n      \"Action\": [\n        \"s3:PutObject\",\n        \"s3:ListBucket\",\n        \"s3:ListAllMyBuckets\",\n        \"s3:GetObjectAcl\",\n        \"s3:GetObject\",\n        \"s3:GetBucketLocation\",\n        \"s3:GetBucketAcl\",\n        \"s3:DeleteObject\"\n      ],\n      \"Resource\": [\n        \"arn:aws:s3:::akerl-hookshot/*\",\n        \"arn:aws:s3:::akerl-hookshot\"\n      ]\n    }\n  ]\n}",
            "user": "s3-publish-akerl-hookshot"
          },
          "dependencies": [
            "module.akerl-hookshot.aws_iam_user.this"
          ]
        }
      ]
    },
    {
      "module": "module.akerl-hookshot",
      "mode": "managed",
      "type": "aws_s3_bucket",
      "name": "this",
      "provider": "provider[\"registry.terraform.io/hashicorp/aws\"]",
      "instances": [
        {
          "index_key": 0,
          "schema_version": 0,
          "attributes": {
            "acceleration_status": "",
            "acl": "private",
            "arn": "arn:aws:s3:::akerl-hookshot",
            "bucket": "akerl-hookshot",
            "bucket_domain_name": "akerl-hookshot.s3.amazonaws.com",
            "bucket_prefix": null,
            "bucket_regional_domain_name": "akerl-hookshot.s3.amazonaws.com",
            "cors_rule": [],
            "force_destroy": false,
            "hosted_zone_id": "Z3AQBSTGFYJSTF",
            "id": "akerl-hookshot",
            "lifecycle_rule": [],
            "logging": [
              {
                "target_bucket": "akerl-s3-logs",
                "target_prefix": "akerl-hookshot/"
              }
            ],
            "object_lock_configuration": [],
            "policy": null,
            "region": "us-east-1",
            "replication_configuration": [],
            "request_payer": "BucketOwner",
            "server_side_encryption_configuration": [],
            "tags": {},
            "versioning": [
              {
                "enabled": true,
                "mfa_delete": false
              }
            ],
            "website": [],
            "website_domain": null,
            "website_endpoint": null
          },
          "dependencies": [
            "module.account.aws_s3_bucket.logging"
          ]
        }
      ]
    },
    {
      "module": "module.akerl-hookshot",
      "mode": "managed",
      "type": "awscreds_iam_access_key",
      "name": "this",
      "provider": "provider[\"terraform.scrtybybscrty.org/armorfret/awscreds\"]",
      "instances": [
        {
          "schema_version": 0,
          "attributes": {
            "encrypted_secret": null,
            "file": "creds/s3-publish-akerl-hookshot",
            "id": "AKIAJ7U2DIETN433TGHQ",
            "key_fingerprint": null,
            "pgp_key": null,
            "secret": "",
            "ses_smtp_password": "",
            "status": "Active",
            "user": "s3-publish-akerl-hookshot"
          },
          "dependencies": [
            "module.akerl-hookshot.aws_iam_user.this"
          ]
        }
      ]
    },
    {
      "module": "module.akerl-keys",
      "mode": "data",
      "type": "aws_iam_policy_document",
      "name": "file_bucket_read_access",
      "provider": "provider[\"registry.terraform.io/hashicorp/aws\"]",
      "instances": [
        {
          "schema_version": 0,
          "attributes": {
            "id": "3679657030",
            "json": "{\n  \"Version\": \"2012-10-17\",\n  \"Statement\": [\n    {\n      \"Sid\": \"\",\n      \"Effect\": \"Allow\",\n      \"Action\": \"s3:GetObject\",\n      \"Resource\": \"arn:aws:s3:::akerl-keys/*\",\n      \"Principal\": {\n        \"AWS\": \"*\"\n      }\n    }\n  ]\n}",
            "override_json": null,
            "policy_id": null,
            "source_json": null,
            "statement": [
              {
                "actions": [
                  "s3:GetObject"
                ],
                "condition": [],
                "effect": "Allow",
                "not_actions": [],
                "not_principals": [],
                "not_resources": [],
                "principals": [
                  {
                    "identifiers": [
                      "*"
                    ],
                    "type": "AWS"
                  }
                ],
                "resources": [
                  "arn:aws:s3:::akerl-keys/*"
                ],
                "sid": ""
              }
            ],
            "version": "2012-10-17"
          }
        }
      ]
    },
    {
      "module": "module.akerl-keys",
      "mode": "data",
      "type": "aws_iam_policy_document",
      "name": "redirect_bucket_read_access",
      "provider": "provider[\"registry.terraform.io/hashicorp/aws\"]",
      "instances": [
        {
          "schema_version": 0,
          "attributes": {
            "id": "3618529637",
            "json": "{\n  \"Version\": \"2012-10-17\",\n  \"Statement\": [\n    {\n      \"Sid\": \"\",\n      \"Effect\": \"Allow\",\n      \"Action\": \"s3:GetObject\",\n      \"Resource\": \"arn:aws:s3:::akerl-keys-redirect/*\",\n      \"Principal\": {\n        \"AWS\": \"*\"\n      }\n    }\n  ]\n}",
            "override_json": null,
            "policy_id": null,
            "source_json": null,
            "statement": [
              {
                "actions": [
                  "s3:GetObject"
                ],
                "condition": [],
                "effect": "Allow",
                "not_actions": [],
                "not_principals": [],
                "not_resources": [],
                "principals": [
                  {
                    "identifiers": [
                      "*"
                    ],
                    "type": "AWS"
                  }
                ],
                "resources": [
                  "arn:aws:s3:::akerl-keys-redirect/*"
                ],
                "sid": ""
              }
            ],
            "version": "2012-10-17"
          }
        }
      ]
    },
    {
      "module": "module.akerl-keys",
      "mode": "managed",
      "type": "aws_cloudfront_distribution",
      "name": "file",
      "provider": "provider[\"registry.terraform.io/hashicorp/aws\"]",
      "instances": [
        {
          "schema_version": 1,
          "attributes": {
            "active_trusted_signers": {
              "enabled": "false",
              "items.#": "0"
            },
            "aliases": [
              "id-ed25519.pub"
            ],
            "arn": "arn:aws:cloudfront::764218738161:distribution/EVSHO2OOQX1KW",
            "cache_behavior": [],
            "caller_reference": "2019-03-10T16:12:59.981022+03:00",
            "comment": null,
            "custom_error_response": [],
            "default_cache_behavior": [
              {
                "allowed_methods": [
                  "GET",
                  "HEAD"
                ],
                "cached_methods": [
                  "GET",
                  "HEAD"
                ],
                "compress": true,
                "default_ttl": 0,
                "field_level_encryption_id": "",
                "forwarded_values": [
                  {
                    "cookies": [
                      {
                        "forward": "none",
                        "whitelisted_names": []
                      }
                    ],
                    "headers": [],
                    "query_string": false,
                    "query_string_cache_keys": []
                  }
                ],
                "lambda_function_association": [],
                "max_ttl": 300,
                "min_ttl": 0,
                "smooth_streaming": false,
                "target_origin_id": "file-bucket",
                "trusted_signers": [],
                "viewer_protocol_policy": "redirect-to-https"
              }
            ],
            "default_root_object": "index.html",
            "domain_name": "d1x4h1p4ky05i1.cloudfront.net",
            "enabled": true,
            "etag": "E7DPKHDD5HI9G",
            "hosted_zone_id": "Z2FDTNDATAQYW2",
            "http_version": "http2",
            "id": "EVSHO2OOQX1KW",
            "in_progress_validation_batches": 0,
            "is_ipv6_enabled": false,
            "last_modified_time": "2019-03-10 13:13:02.238 +0000 UTC",
            "logging_config": [
              {
                "bucket": "akerl-s3-logs.s3.amazonaws.com",
                "include_cookies": false,
                "prefix": "akerl-keys-cdn/"
              }
            ],
            "ordered_cache_behavior": [],
            "origin": [
              {
                "custom_header": [],
                "custom_origin_config": [
                  {
                    "http_port": 80,
                    "https_port": 443,
                    "origin_keepalive_timeout": 5,
                    "origin_protocol_policy": "http-only",
                    "origin_read_timeout": 30,
                    "origin_ssl_protocols": [
                      "TLSv1.2"
                    ]
                  }
                ],
                "domain_name": "akerl-keys.s3-website-us-east-1.amazonaws.com",
                "origin_id": "file-bucket",
                "origin_path": "",
                "s3_origin_config": []
              }
            ],
            "origin_group": [],
            "price_class": "PriceClass_100",
            "restrictions": [
              {
                "geo_restriction": [
                  {
                    "locations": [],
                    "restriction_type": "none"
                  }
                ]
              }
            ],
            "retain_on_delete": false,
            "status": "Deployed",
            "tags": {},
            "viewer_certificate": [
              {
                "acm_certificate_arn": "arn:aws:acm:us-east-1:764218738161:certificate/5d019bab-6c33-4073-aa83-3836d74f3ff6",
                "cloudfront_default_certificate": false,
                "iam_certificate_id": "",
                "minimum_protocol_version": "TLSv1.2_2018",
                "ssl_support_method": "sni-only"
              }
            ],
            "wait_for_deployment": true,
            "web_acl_id": ""
          },
          "dependencies": [
            "module.account.aws_s3_bucket.logging",
            "module.akerl-keys.aws_s3_bucket.file",
            "module.akerl-keys.module.certificate.aws_acm_certificate.this",
            "module.akerl-keys.module.certificate.aws_acm_certificate_validation.this",
            "module.akerl-keys.module.certificate.aws_route53_record.validation"
          ]
        }
      ]
    },
    {
      "module": "module.akerl-keys",
      "mode": "managed",
      "type": "aws_cloudfront_distribution",
      "name": "redirect",
      "provider": "provider[\"registry.terraform.io/hashicorp/aws\"]",
      "instances": [
        {
          "schema_version": 1,
          "attributes": {
            "active_trusted_signers": {
              "enabled": "false",
              "items.#": "0"
            },
            "aliases": [],
            "arn": "arn:aws:cloudfront::764218738161:distribution/E1IQYRZCMEPV07",
            "cache_behavior": [],
            "caller_reference": "2019-03-10T16:13:20.90876+03:00",
            "comment": null,
            "custom_error_response": [],
            "default_cache_behavior": [
              {
                "allowed_methods": [
                  "GET",
                  "HEAD"
                ],
                "cached_methods": [
                  "GET",
                  "HEAD"
                ],
                "compress": true,
                "default_ttl": 300,
                "field_level_encryption_id": "",
                "forwarded_values": [
                  {
                    "cookies": [
                      {
                        "forward": "none",
                        "whitelisted_names": []
                      }
                    ],
                    "headers": [],
                    "query_string": false,
                    "query_string_cache_keys": []
                  }
                ],
                "lambda_function_association": [],
                "max_ttl": 300,
                "min_ttl": 0,
                "smooth_streaming": false,
                "target_origin_id": "redirect-bucket",
                "trusted_signers": [],
                "viewer_protocol_policy": "redirect-to-https"
              }
            ],
            "default_root_object": "",
            "domain_name": "dro7nfiqw6vz3.cloudfront.net",
            "enabled": true,
            "etag": "EWS578OUF5K06",
            "hosted_zone_id": "Z2FDTNDATAQYW2",
            "http_version": "http2",
            "id": "E1IQYRZCMEPV07",
            "in_progress_validation_batches": 0,
            "is_ipv6_enabled": false,
            "last_modified_time": "2019-03-10 13:13:22.888 +0000 UTC",
            "logging_config": [
              {
                "bucket": "akerl-s3-logs.s3.amazonaws.com",
                "include_cookies": false,
                "prefix": "akerl-keys-redirect-cdn"
              }
            ],
            "ordered_cache_behavior": [],
            "origin": [
              {
                "custom_header": [],
                "custom_origin_config": [
                  {
                    "http_port": 80,
                    "https_port": 443,
                    "origin_keepalive_timeout": 5,
                    "origin_protocol_policy": "http-only",
                    "origin_read_timeout": 30,
                    "origin_ssl_protocols": [
                      "TLSv1.2"
                    ]
                  }
                ],
                "domain_name": "akerl-keys-redirect.s3-website-us-east-1.amazonaws.com",
                "origin_id": "redirect-bucket",
                "origin_path": "",
                "s3_origin_config": []
              }
            ],
            "origin_group": [],
            "price_class": "PriceClass_100",
            "restrictions": [
              {
                "geo_restriction": [
                  {
                    "locations": [],
                    "restriction_type": "none"
                  }
                ]
              }
            ],
            "retain_on_delete": false,
            "status": "Deployed",
            "tags": {},
            "viewer_certificate": [
              {
                "acm_certificate_arn": "arn:aws:acm:us-east-1:764218738161:certificate/5d019bab-6c33-4073-aa83-3836d74f3ff6",
                "cloudfront_default_certificate": false,
                "iam_certificate_id": "",
                "minimum_protocol_version": "TLSv1.2_2018",
                "ssl_support_method": "sni-only"
              }
            ],
            "wait_for_deployment": true,
            "web_acl_id": ""
          },
          "dependencies": [
            "module.account.aws_s3_bucket.logging",
            "module.akerl-keys.aws_s3_bucket.redirect",
            "module.akerl-keys.module.certificate.aws_acm_certificate.this",
            "module.akerl-keys.module.certificate.aws_acm_certificate_validation.this",
            "module.akerl-keys.module.certificate.aws_route53_record.validation"
          ]
        }
      ]
    },
    {
      "module": "module.akerl-keys",
      "mode": "managed",
      "type": "aws_s3_bucket",
      "name": "file",
      "provider": "provider[\"registry.terraform.io/hashicorp/aws\"]",
      "instances": [
        {
          "schema_version": 0,
          "attributes": {
            "acceleration_status": "",
            "acl": "private",
            "arn": "arn:aws:s3:::akerl-keys",
            "bucket": "akerl-keys",
            "bucket_domain_name": "akerl-keys.s3.amazonaws.com",
            "bucket_prefix": null,
            "bucket_regional_domain_name": "akerl-keys.s3.amazonaws.com",
            "cors_rule": [],
            "force_destroy": false,
            "hosted_zone_id": "Z3AQBSTGFYJSTF",
            "id": "akerl-keys",
            "lifecycle_rule": [],
            "logging": [
              {
                "target_bucket": "akerl-s3-logs",
                "target_prefix": "akerl-keys/"
              }
            ],
            "object_lock_configuration": [],
            "policy": "{\"Statement\":[{\"Action\":\"s3:GetObject\",\"Effect\":\"Allow\",\"Principal\":{\"AWS\":\"*\"},\"Resource\":\"arn:aws:s3:::akerl-keys/*\",\"Sid\":\"\"}],\"Version\":\"2012-10-17\"}",
            "region": "us-east-1",
            "replication_configuration": [],
            "request_payer": "BucketOwner",
            "server_side_encryption_configuration": [],
            "tags": {},
            "versioning": [
              {
                "enabled": true,
                "mfa_delete": false
              }
            ],
            "website": [
              {
                "error_document": "404.html",
                "index_document": "index.html",
                "redirect_all_requests_to": "",
                "routing_rules": ""
              }
            ],
            "website_domain": "s3-website-us-east-1.amazonaws.com",
            "website_endpoint": "akerl-keys.s3-website-us-east-1.amazonaws.com"
          },
          "dependencies": [
            "module.account.aws_s3_bucket.logging"
          ]
        }
      ]
    },
    {
      "module": "module.akerl-keys",
      "mode": "managed",
      "type": "aws_s3_bucket",
      "name": "redirect",
      "provider": "provider[\"registry.terraform.io/hashicorp/aws\"]",
      "instances": [
        {
          "schema_version": 0,
          "attributes": {
            "acceleration_status": "",
            "acl": "private",
            "arn": "arn:aws:s3:::akerl-keys-redirect",
            "bucket": "akerl-keys-redirect",
            "bucket_domain_name": "akerl-keys-redirect.s3.amazonaws.com",
            "bucket_prefix": null,
            "bucket_regional_domain_name": "akerl-keys-redirect.s3.amazonaws.com",
            "cors_rule": [],
            "force_destroy": false,
            "hosted_zone_id": "Z3AQBSTGFYJSTF",
            "id": "akerl-keys-redirect",
            "lifecycle_rule": [],
            "logging": [
              {
                "target_bucket": "akerl-s3-logs",
                "target_prefix": "akerl-keys-redirect/"
              }
            ],
            "object_lock_configuration": [],
            "policy": "{\"Statement\":[{\"Action\":\"s3:GetObject\",\"Effect\":\"Allow\",\"Principal\":{\"AWS\":\"*\"},\"Resource\":\"arn:aws:s3:::akerl-keys-redirect/*\",\"Sid\":\"\"}],\"Version\":\"2012-10-17\"}",
            "region": "us-east-1",
            "replication_configuration": [],
            "request_payer": "BucketOwner",
            "server_side_encryption_configuration": [],
            "tags": {},
            "versioning": [
              {
                "enabled": true,
                "mfa_delete": false
              }
            ],
            "website": [
              {
                "error_document": "",
                "index_document": "",
                "redirect_all_requests_to": "https://id-ed25519.pub",
                "routing_rules": ""
              }
            ],
            "website_domain": "s3-website-us-east-1.amazonaws.com",
            "website_endpoint": "akerl-keys-redirect.s3-website-us-east-1.amazonaws.com"
          },
          "dependencies": [
            "module.account.aws_s3_bucket.logging"
          ]
        }
      ]
    },
    {
      "module": "module.akerl-keys.module.certificate",
      "mode": "data",
      "type": "aws_route53_zone",
      "name": "parent",
      "provider": "provider[\"registry.terraform.io/hashicorp/aws\"]",
      "instances": [
        {
          "index_key": 0,
          "schema_version": 0,
          "attributes": {
            "caller_reference": "2016-09-14T19:18:10.521194709-04:00",
            "comment": "Managed by Terraform",
            "id": "Z23K6MA9HYNB2L",
            "linked_service_description": null,
            "linked_service_principal": null,
            "name": "id-ed25519.pub.",
            "name_servers": [
              "ns-1242.awsdns-27.org",
              "ns-477.awsdns-59.com",
              "ns-808.awsdns-37.net",
              "ns-1942.awsdns-50.co.uk"
            ],
            "private_zone": false,
            "resource_record_set_count": 8,
            "tags": null,
            "vpc_id": null,
            "zone_id": "Z23K6MA9HYNB2L"
          }
        }
      ]
    },
    {
      "module": "module.akerl-keys.module.certificate",
      "mode": "managed",
      "type": "aws_acm_certificate",
      "name": "this",
      "provider": "provider[\"registry.terraform.io/hashicorp/aws\"]",
      "instances": [
        {
          "schema_version": 0,
          "attributes": {
            "arn": "arn:aws:acm:us-east-1:764218738161:certificate/5d019bab-6c33-4073-aa83-3836d74f3ff6",
            "certificate_authority_arn": "",
            "certificate_body": null,
            "certificate_chain": null,
            "domain_name": "id-ed25519.pub",
            "domain_validation_options": [
              {
                "domain_name": "id-ed25519.pub",
                "resource_record_name": "_ee14637e67f6f903f6181a91d5ebf7f6.id-ed25519.pub.",
                "resource_record_type": "CNAME",
                "resource_record_value": "_07a13843c1c4ae49e83403e1f01c7196.acm-validations.aws."
              }
            ],
            "id": "arn:aws:acm:us-east-1:764218738161:certificate/5d019bab-6c33-4073-aa83-3836d74f3ff6",
            "options": [
              {
                "certificate_transparency_logging_preference": "ENABLED"
              }
            ],
            "private_key": null,
            "subject_alternative_names": [],
            "tags": {},
            "validation_emails": [],
            "validation_method": "DNS"
          }
        }
      ]
    },
    {
      "module": "module.akerl-keys.module.certificate",
      "mode": "managed",
      "type": "aws_acm_certificate_validation",
      "name": "this",
      "provider": "provider[\"registry.terraform.io/hashicorp/aws\"]",
      "instances": [
        {
          "schema_version": 0,
          "attributes": {
            "certificate_arn": "arn:aws:acm:us-east-1:764218738161:certificate/5d019bab-6c33-4073-aa83-3836d74f3ff6",
            "id": "2020-02-11 01:42:37 +0000 UTC",
            "timeouts": null,
            "validation_record_fqdns": [
              "_ee14637e67f6f903f6181a91d5ebf7f6.id-ed25519.pub"
            ]
          },
          "private": "eyJlMmJmYjczMC1lY2FhLTExZTYtOGY4OC0zNDM2M2JjN2M0YzAiOnsiY3JlYXRlIjoyNzAwMDAwMDAwMDAwfX0=",
          "dependencies": [
            "module.akerl-keys.module.certificate.aws_acm_certificate.this",
            "module.akerl-keys.module.certificate.aws_route53_record.validation"
          ]
        }
      ]
    },
    {
      "module": "module.akerl-keys.module.certificate",
      "mode": "managed",
      "type": "aws_route53_record",
      "name": "validation",
      "provider": "provider[\"registry.terraform.io/hashicorp/aws\"]",
      "instances": [
        {
          "index_key": 0,
          "schema_version": 2,
          "attributes": {
            "alias": [],
            "allow_overwrite": null,
            "failover_routing_policy": [],
            "fqdn": "_ee14637e67f6f903f6181a91d5ebf7f6.id-ed25519.pub",
            "geolocation_routing_policy": [],
            "health_check_id": "",
            "id": "Z23K6MA9HYNB2L__ee14637e67f6f903f6181a91d5ebf7f6.id-ed25519.pub._CNAME",
            "latency_routing_policy": [],
            "multivalue_answer_routing_policy": null,
            "name": "_ee14637e67f6f903f6181a91d5ebf7f6.id-ed25519.pub",
            "records": [
              "_07a13843c1c4ae49e83403e1f01c7196.acm-validations.aws."
            ],
            "set_identifier": "",
            "ttl": 60,
            "type": "CNAME",
            "weighted_routing_policy": [],
            "zone_id": "Z23K6MA9HYNB2L"
          },
          "private": "eyJzY2hlbWFfdmVyc2lvbiI6IjIifQ==",
          "dependencies": [
            "module.akerl-keys.module.certificate.aws_acm_certificate.this"
          ]
        }
      ]
    },
    {
      "module": "module.akerl-keys.module.publish_user",
      "mode": "data",
      "type": "aws_iam_policy_document",
      "name": "this",
      "provider": "provider[\"registry.terraform.io/hashicorp/aws\"]",
      "instances": [
        {
          "schema_version": 0,
          "attributes": {
            "id": "196588158",
            "json": "{\n  \"Version\": \"2012-10-17\",\n  \"Statement\": [\n    {\n      \"Sid\": \"\",\n      \"Effect\": \"Allow\",\n      \"Action\": [\n        \"s3:PutObject\",\n        \"s3:ListBucket\",\n        \"s3:ListAllMyBuckets\",\n        \"s3:GetObjectAcl\",\n        \"s3:GetObject\",\n        \"s3:GetBucketLocation\",\n        \"s3:GetBucketAcl\",\n        \"s3:DeleteObject\"\n      ],\n      \"Resource\": [\n        \"arn:aws:s3:::akerl-keys/*\",\n        \"arn:aws:s3:::akerl-keys\"\n      ]\n    }\n  ]\n}",
            "override_json": null,
            "policy_id": null,
            "source_json": null,
            "statement": [
              {
                "actions": [
                  "s3:DeleteObject",
                  "s3:GetBucketAcl",
                  "s3:GetBucketLocation",
                  "s3:GetObject",
                  "s3:GetObjectAcl",
                  "s3:ListAllMyBuckets",
                  "s3:ListBucket",
                  "s3:PutObject"
                ],
                "condition": [],
                "effect": "Allow",
                "not_actions": [],
                "not_principals": [],
                "not_resources": [],
                "principals": [],
                "resources": [
                  "arn:aws:s3:::akerl-keys",
                  "arn:aws:s3:::akerl-keys/*"
                ],
                "sid": ""
              }
            ],
            "version": "2012-10-17"
          }
        }
      ]
    },
    {
      "module": "module.akerl-keys.module.publish_user",
      "mode": "managed",
      "type": "aws_iam_user",
      "name": "this",
      "provider": "provider[\"registry.terraform.io/hashicorp/aws\"]",
      "instances": [
        {
          "schema_version": 0,
          "attributes": {
            "arn": "arn:aws:iam::764218738161:user/s3-publish-akerl-keys",
            "force_destroy": false,
            "id": "s3-publish-akerl-keys",
            "name": "s3-publish-akerl-keys",
            "path": "/",
            "permissions_boundary": null,
            "tags": {},
            "unique_id": "AIDAIZ4LNAJO33RYWCC4C"
          }
        }
      ]
    },
    {
      "module": "module.akerl-keys.module.publish_user",
      "mode": "managed",
      "type": "aws_iam_user_policy",
      "name": "this",
      "provider": "provider[\"registry.terraform.io/hashicorp/aws\"]",
      "instances": [
        {
          "schema_version": 0,
          "attributes": {
            "id": "s3-publish-akerl-keys:s3-publish",
            "name": "s3-publish",
            "name_prefix": null,
            "policy": "{\n  \"Version\": \"2012-10-17\",\n  \"Statement\": [\n    {\n      \"Sid\": \"\",\n      \"Effect\": \"Allow\",\n      \"Action\": [\n        \"s3:PutObject\",\n        \"s3:ListBucket\",\n        \"s3:ListAllMyBuckets\",\n        \"s3:GetObjectAcl\",\n        \"s3:GetObject\",\n        \"s3:GetBucketLocation\",\n        \"s3:GetBucketAcl\",\n        \"s3:DeleteObject\"\n      ],\n      \"Resource\": [\n        \"arn:aws:s3:::akerl-keys/*\",\n        \"arn:aws:s3:::akerl-keys\"\n      ]\n    }\n  ]\n}",
            "user": "s3-publish-akerl-keys"
          },
          "dependencies": [
            "module.akerl-keys.module.publish_user.aws_iam_user.this"
          ]
        }
      ]
    },
    {
      "module": "module.akerl-keys.module.publish_user",
      "mode": "managed",
      "type": "aws_s3_bucket",
      "name": "this",
      "provider": "provider[\"registry.terraform.io/hashicorp/aws\"]",
      "instances": []
    },
    {
      "module": "module.akerl-keys.module.publish_user",
      "mode": "managed",
      "type": "awscreds_iam_access_key",
      "name": "this",
      "provider": "provider[\"terraform.scrtybybscrty.org/armorfret/awscreds\"]",
      "instances": [
        {
          "schema_version": 0,
          "attributes": {
            "encrypted_secret": null,
            "file": "creds/s3-publish-akerl-keys",
            "id": "AKIAJMLWXPWMNMFBCWIQ",
            "key_fingerprint": null,
            "pgp_key": null,
            "secret": "",
            "ses_smtp_password": "",
            "status": "Active",
            "user": "s3-publish-akerl-keys"
          },
          "dependencies": [
            "module.akerl-keys.module.publish_user.aws_iam_user.this"
          ]
        }
      ]
    },
    {
      "module": "module.akerl-littlesnitch-rules",
      "mode": "data",
      "type": "aws_iam_policy_document",
      "name": "file_bucket_read_access",
      "provider": "provider[\"registry.terraform.io/hashicorp/aws\"]",
      "instances": [
        {
          "schema_version": 0,
          "attributes": {
            "id": "2910247984",
            "json": "{\n  \"Version\": \"2012-10-17\",\n  \"Statement\": [\n    {\n      \"Sid\": \"\",\n      \"Effect\": \"Allow\",\n      \"Action\": \"s3:GetObject\",\n      \"Resource\": \"arn:aws:s3:::akerl-littlesnitch-rules/*\",\n      \"Principal\": {\n        \"AWS\": \"*\"\n      }\n    }\n  ]\n}",
            "override_json": null,
            "policy_id": null,
            "source_json": null,
            "statement": [
              {
                "actions": [
                  "s3:GetObject"
                ],
                "condition": [],
                "effect": "Allow",
                "not_actions": [],
                "not_principals": [],
                "not_resources": [],
                "principals": [
                  {
                    "identifiers": [
                      "*"
                    ],
                    "type": "AWS"
                  }
                ],
                "resources": [
                  "arn:aws:s3:::akerl-littlesnitch-rules/*"
                ],
                "sid": ""
              }
            ],
            "version": "2012-10-17"
          }
        }
      ]
    },
    {
      "module": "module.akerl-littlesnitch-rules",
      "mode": "data",
      "type": "aws_iam_policy_document",
      "name": "redirect_bucket_read_access",
      "provider": "provider[\"registry.terraform.io/hashicorp/aws\"]",
      "instances": [
        {
          "schema_version": 0,
          "attributes": {
            "id": "1850696938",
            "json": "{\n  \"Version\": \"2012-10-17\",\n  \"Statement\": [\n    {\n      \"Sid\": \"\",\n      \"Effect\": \"Allow\",\n      \"Action\": \"s3:GetObject\",\n      \"Resource\": \"arn:aws:s3:::akerl-littlesnitch-rules-redirect/*\",\n      \"Principal\": {\n        \"AWS\": \"*\"\n      }\n    }\n  ]\n}",
            "override_json": null,
            "policy_id": null,
            "source_json": null,
            "statement": [
              {
                "actions": [
                  "s3:GetObject"
                ],
                "condition": [],
                "effect": "Allow",
                "not_actions": [],
                "not_principals": [],
                "not_resources": [],
                "principals": [
                  {
                    "identifiers": [
                      "*"
                    ],
                    "type": "AWS"
                  }
                ],
                "resources": [
                  "arn:aws:s3:::akerl-littlesnitch-rules-redirect/*"
                ],
                "sid": ""
              }
            ],
            "version": "2012-10-17"
          }
        }
      ]
    },
    {
      "module": "module.akerl-littlesnitch-rules",
      "mode": "managed",
      "type": "aws_cloudfront_distribution",
      "name": "file",
      "provider": "provider[\"registry.terraform.io/hashicorp/aws\"]",
      "instances": [
        {
          "schema_version": 1,
          "attributes": {
            "active_trusted_signers": {
              "enabled": "false",
              "items.#": "0"
            },
            "aliases": [
              "littlesnitch.scrtybybscrty.org"
            ],
            "arn": "arn:aws:cloudfront::764218738161:distribution/E2V42ZRMUH2JNS",
            "cache_behavior": [],
            "caller_reference": "2019-03-10T16:12:30.820948+03:00",
            "comment": null,
            "custom_error_response": [],
            "default_cache_behavior": [
              {
                "allowed_methods": [
                  "GET",
                  "HEAD"
                ],
                "cached_methods": [
                  "GET",
                  "HEAD"
                ],
                "compress": true,
                "default_ttl": 0,
                "field_level_encryption_id": "",
                "forwarded_values": [
                  {
                    "cookies": [
                      {
                        "forward": "none",
                        "whitelisted_names": []
                      }
                    ],
                    "headers": [],
                    "query_string": false,
                    "query_string_cache_keys": []
                  }
                ],
                "lambda_function_association": [],
                "max_ttl": 300,
                "min_ttl": 0,
                "smooth_streaming": false,
                "target_origin_id": "file-bucket",
                "trusted_signers": [],
                "viewer_protocol_policy": "redirect-to-https"
              }
            ],
            "default_root_object": "index.html",
            "domain_name": "d121rvu3mnm3b6.cloudfront.net",
            "enabled": true,
            "etag": "E3EU6QQFO0TC7S",
            "hosted_zone_id": "Z2FDTNDATAQYW2",
            "http_version": "http2",
            "id": "E2V42ZRMUH2JNS",
            "in_progress_validation_batches": 0,
            "is_ipv6_enabled": false,
            "last_modified_time": "2019-03-10 13:12:32.715 +0000 UTC",
            "logging_config": [
              {
                "bucket": "akerl-s3-logs.s3.amazonaws.com",
                "include_cookies": false,
                "prefix": "akerl-littlesnitch-rules-cdn/"
              }
            ],
            "ordered_cache_behavior": [],
            "origin": [
              {
                "custom_header": [],
                "custom_origin_config": [
                  {
                    "http_port": 80,
                    "https_port": 443,
                    "origin_keepalive_timeout": 5,
                    "origin_protocol_policy": "http-only",
                    "origin_read_timeout": 30,
                    "origin_ssl_protocols": [
                      "TLSv1.2"
                    ]
                  }
                ],
                "domain_name": "akerl-littlesnitch-rules.s3-website-us-east-1.amazonaws.com",
                "origin_id": "file-bucket",
                "origin_path": "",
                "s3_origin_config": []
              }
            ],
            "origin_group": [],
            "price_class": "PriceClass_100",
            "restrictions": [
              {
                "geo_restriction": [
                  {
                    "locations": [],
                    "restriction_type": "none"
                  }
                ]
              }
            ],
            "retain_on_delete": false,
            "status": "Deployed",
            "tags": {},
            "viewer_certificate": [
              {
                "acm_certificate_arn": "arn:aws:acm:us-east-1:764218738161:certificate/d66fe224-bc5a-457b-b77d-28c00969a822",
                "cloudfront_default_certificate": false,
                "iam_certificate_id": "",
                "minimum_protocol_version": "TLSv1.2_2018",
                "ssl_support_method": "sni-only"
              }
            ],
            "wait_for_deployment": true,
            "web_acl_id": ""
          },
          "dependencies": [
            "module.account.aws_s3_bucket.logging",
            "module.akerl-littlesnitch-rules.aws_s3_bucket.file",
            "module.akerl-littlesnitch-rules.module.certificate.aws_acm_certificate.this",
            "module.akerl-littlesnitch-rules.module.certificate.aws_acm_certificate_validation.this",
            "module.akerl-littlesnitch-rules.module.certificate.aws_route53_record.validation"
          ]
        }
      ]
    },
    {
      "module": "module.akerl-littlesnitch-rules",
      "mode": "managed",
      "type": "aws_cloudfront_distribution",
      "name": "redirect",
      "provider": "provider[\"registry.terraform.io/hashicorp/aws\"]",
      "instances": [
        {
          "schema_version": 1,
          "attributes": {
            "active_trusted_signers": {
              "enabled": "false",
              "items.#": "0"
            },
            "aliases": [],
            "arn": "arn:aws:cloudfront::764218738161:distribution/E24AFX77O0JZ4M",
            "cache_behavior": [],
            "caller_reference": "2019-03-10T16:12:27.978204+03:00",
            "comment": null,
            "custom_error_response": [],
            "default_cache_behavior": [
              {
                "allowed_methods": [
                  "GET",
                  "HEAD"
                ],
                "cached_methods": [
                  "GET",
                  "HEAD"
                ],
                "compress": true,
                "default_ttl": 300,
                "field_level_encryption_id": "",
                "forwarded_values": [
                  {
                    "cookies": [
                      {
                        "forward": "none",
                        "whitelisted_names": []
                      }
                    ],
                    "headers": [],
                    "query_string": false,
                    "query_string_cache_keys": []
                  }
                ],
                "lambda_function_association": [],
                "max_ttl": 300,
                "min_ttl": 0,
                "smooth_streaming": false,
                "target_origin_id": "redirect-bucket",
                "trusted_signers": [],
                "viewer_protocol_policy": "redirect-to-https"
              }
            ],
            "default_root_object": "",
            "domain_name": "d2wnz79mxxcmlz.cloudfront.net",
            "enabled": true,
            "etag": "E1KIFR9SG1SUBC",
            "hosted_zone_id": "Z2FDTNDATAQYW2",
            "http_version": "http2",
            "id": "E24AFX77O0JZ4M",
            "in_progress_validation_batches": 0,
            "is_ipv6_enabled": false,
            "last_modified_time": "2019-03-10 13:12:32.053 +0000 UTC",
            "logging_config": [
              {
                "bucket": "akerl-s3-logs.s3.amazonaws.com",
                "include_cookies": false,
                "prefix": "akerl-littlesnitch-rules-redirect-cdn"
              }
            ],
            "ordered_cache_behavior": [],
            "origin": [
              {
                "custom_header": [],
                "custom_origin_config": [
                  {
                    "http_port": 80,
                    "https_port": 443,
                    "origin_keepalive_timeout": 5,
                    "origin_protocol_policy": "http-only",
                    "origin_read_timeout": 30,
                    "origin_ssl_protocols": [
                      "TLSv1.2"
                    ]
                  }
                ],
                "domain_name": "akerl-littlesnitch-rules-redirect.s3-website-us-east-1.amazonaws.com",
                "origin_id": "redirect-bucket",
                "origin_path": "",
                "s3_origin_config": []
              }
            ],
            "origin_group": [],
            "price_class": "PriceClass_100",
            "restrictions": [
              {
                "geo_restriction": [
                  {
                    "locations": [],
                    "restriction_type": "none"
                  }
                ]
              }
            ],
            "retain_on_delete": false,
            "status": "Deployed",
            "tags": {},
            "viewer_certificate": [
              {
                "acm_certificate_arn": "arn:aws:acm:us-east-1:764218738161:certificate/d66fe224-bc5a-457b-b77d-28c00969a822",
                "cloudfront_default_certificate": false,
                "iam_certificate_id": "",
                "minimum_protocol_version": "TLSv1.2_2018",
                "ssl_support_method": "sni-only"
              }
            ],
            "wait_for_deployment": true,
            "web_acl_id": ""
          },
          "dependencies": [
            "module.account.aws_s3_bucket.logging",
            "module.akerl-littlesnitch-rules.aws_s3_bucket.redirect",
            "module.akerl-littlesnitch-rules.module.certificate.aws_acm_certificate.this",
            "module.akerl-littlesnitch-rules.module.certificate.aws_acm_certificate_validation.this",
            "module.akerl-littlesnitch-rules.module.certificate.aws_route53_record.validation"
          ]
        }
      ]
    },
    {
      "module": "module.akerl-littlesnitch-rules",
      "mode": "managed",
      "type": "aws_s3_bucket",
      "name": "file",
      "provider": "provider[\"registry.terraform.io/hashicorp/aws\"]",
      "instances": [
        {
          "schema_version": 0,
          "attributes": {
            "acceleration_status": "",
            "acl": "private",
            "arn": "arn:aws:s3:::akerl-littlesnitch-rules",
            "bucket": "akerl-littlesnitch-rules",
            "bucket_domain_name": "akerl-littlesnitch-rules.s3.amazonaws.com",
            "bucket_prefix": null,
            "bucket_regional_domain_name": "akerl-littlesnitch-rules.s3.amazonaws.com",
            "cors_rule": [],
            "force_destroy": false,
            "hosted_zone_id": "Z3AQBSTGFYJSTF",
            "id": "akerl-littlesnitch-rules",
            "lifecycle_rule": [],
            "logging": [
              {
                "target_bucket": "akerl-s3-logs",
                "target_prefix": "akerl-littlesnitch-rules/"
              }
            ],
            "object_lock_configuration": [],
            "policy": "{\"Statement\":[{\"Action\":\"s3:GetObject\",\"Effect\":\"Allow\",\"Principal\":{\"AWS\":\"*\"},\"Resource\":\"arn:aws:s3:::akerl-littlesnitch-rules/*\",\"Sid\":\"\"}],\"Version\":\"2012-10-17\"}",
            "region": "us-east-1",
            "replication_configuration": [],
            "request_payer": "BucketOwner",
            "server_side_encryption_configuration": [],
            "tags": {},
            "versioning": [
              {
                "enabled": true,
                "mfa_delete": false
              }
            ],
            "website": [
              {
                "error_document": "404.html",
                "index_document": "index.html",
                "redirect_all_requests_to": "",
                "routing_rules": ""
              }
            ],
            "website_domain": "s3-website-us-east-1.amazonaws.com",
            "website_endpoint": "akerl-littlesnitch-rules.s3-website-us-east-1.amazonaws.com"
          },
          "dependencies": [
            "module.account.aws_s3_bucket.logging"
          ]
        }
      ]
    },
    {
      "module": "module.akerl-littlesnitch-rules",
      "mode": "managed",
      "type": "aws_s3_bucket",
      "name": "redirect",
      "provider": "provider[\"registry.terraform.io/hashicorp/aws\"]",
      "instances": [
        {
          "schema_version": 0,
          "attributes": {
            "acceleration_status": "",
            "acl": "private",
            "arn": "arn:aws:s3:::akerl-littlesnitch-rules-redirect",
            "bucket": "akerl-littlesnitch-rules-redirect",
            "bucket_domain_name": "akerl-littlesnitch-rules-redirect.s3.amazonaws.com",
            "bucket_prefix": null,
            "bucket_regional_domain_name": "akerl-littlesnitch-rules-redirect.s3.amazonaws.com",
            "cors_rule": [],
            "force_destroy": false,
            "hosted_zone_id": "Z3AQBSTGFYJSTF",
            "id": "akerl-littlesnitch-rules-redirect",
            "lifecycle_rule": [],
            "logging": [
              {
                "target_bucket": "akerl-s3-logs",
                "target_prefix": "akerl-littlesnitch-rules-redirect/"
              }
            ],
            "object_lock_configuration": [],
            "policy": "{\"Statement\":[{\"Action\":\"s3:GetObject\",\"Effect\":\"Allow\",\"Principal\":{\"AWS\":\"*\"},\"Resource\":\"arn:aws:s3:::akerl-littlesnitch-rules-redirect/*\",\"Sid\":\"\"}],\"Version\":\"2012-10-17\"}",
            "region": "us-east-1",
            "replication_configuration": [],
            "request_payer": "BucketOwner",
            "server_side_encryption_configuration": [],
            "tags": {},
            "versioning": [
              {
                "enabled": true,
                "mfa_delete": false
              }
            ],
            "website": [
              {
                "error_document": "",
                "index_document": "",
                "redirect_all_requests_to": "https://littlesnitch.scrtybybscrty.org",
                "routing_rules": ""
              }
            ],
            "website_domain": "s3-website-us-east-1.amazonaws.com",
            "website_endpoint": "akerl-littlesnitch-rules-redirect.s3-website-us-east-1.amazonaws.com"
          },
          "dependencies": [
            "module.account.aws_s3_bucket.logging"
          ]
        }
      ]
    },
    {
      "module": "module.akerl-littlesnitch-rules.module.certificate",
      "mode": "data",
      "type": "aws_route53_zone",
      "name": "parent",
      "provider": "provider[\"registry.terraform.io/hashicorp/aws\"]",
      "instances": [
        {
          "index_key": 0,
          "schema_version": 0,
          "attributes": {
            "caller_reference": "2016-09-14T19:18:10.523044235-04:00",
            "comment": "Managed by Terraform",
            "id": "Z11UY811DI2S1K",
            "linked_service_description": null,
            "linked_service_principal": null,
            "name": "scrtybybscrty.org.",
            "name_servers": [
              "ns-1242.awsdns-27.org",
              "ns-477.awsdns-59.com",
              "ns-808.awsdns-37.net",
              "ns-1942.awsdns-50.co.uk"
            ],
            "private_zone": false,
            "resource_record_set_count": 22,
            "tags": null,
            "vpc_id": null,
            "zone_id": "Z11UY811DI2S1K"
          }
        }
      ]
    },
    {
      "module": "module.akerl-littlesnitch-rules.module.certificate",
      "mode": "managed",
      "type": "aws_acm_certificate",
      "name": "this",
      "provider": "provider[\"registry.terraform.io/hashicorp/aws\"]",
      "instances": [
        {
          "schema_version": 0,
          "attributes": {
            "arn": "arn:aws:acm:us-east-1:764218738161:certificate/d66fe224-bc5a-457b-b77d-28c00969a822",
            "certificate_authority_arn": "",
            "certificate_body": null,
            "certificate_chain": null,
            "domain_name": "littlesnitch.scrtybybscrty.org",
            "domain_validation_options": [
              {
                "domain_name": "littlesnitch.scrtybybscrty.org",
                "resource_record_name": "_d6f7a43c9d085d53e005fbc44409831a.littlesnitch.scrtybybscrty.org.",
                "resource_record_type": "CNAME",
                "resource_record_value": "_edc8e9af841cf99370a8283da25f52f4.hkvuiqjoua.acm-validations.aws."
              }
            ],
            "id": "arn:aws:acm:us-east-1:764218738161:certificate/d66fe224-bc5a-457b-b77d-28c00969a822",
            "options": [
              {
                "certificate_transparency_logging_preference": "ENABLED"
              }
            ],
            "private_key": null,
            "subject_alternative_names": [],
            "tags": {},
            "validation_emails": [],
            "validation_method": "DNS"
          }
        }
      ]
    },
    {
      "module": "module.akerl-littlesnitch-rules.module.certificate",
      "mode": "managed",
      "type": "aws_acm_certificate_validation",
      "name": "this",
      "provider": "provider[\"registry.terraform.io/hashicorp/aws\"]",
      "instances": [
        {
          "schema_version": 0,
          "attributes": {
            "certificate_arn": "arn:aws:acm:us-east-1:764218738161:certificate/d66fe224-bc5a-457b-b77d-28c00969a822",
            "id": "2020-02-11 01:42:31 +0000 UTC",
            "timeouts": null,
            "validation_record_fqdns": [
              "_d6f7a43c9d085d53e005fbc44409831a.littlesnitch.scrtybybscrty.org"
            ]
          },
          "private": "eyJlMmJmYjczMC1lY2FhLTExZTYtOGY4OC0zNDM2M2JjN2M0YzAiOnsiY3JlYXRlIjoyNzAwMDAwMDAwMDAwfX0=",
          "dependencies": [
            "module.akerl-littlesnitch-rules.module.certificate.aws_acm_certificate.this",
            "module.akerl-littlesnitch-rules.module.certificate.aws_route53_record.validation"
          ]
        }
      ]
    },
    {
      "module": "module.akerl-littlesnitch-rules.module.certificate",
      "mode": "managed",
      "type": "aws_route53_record",
      "name": "validation",
      "provider": "provider[\"registry.terraform.io/hashicorp/aws\"]",
      "instances": [
        {
          "index_key": 0,
          "schema_version": 2,
          "attributes": {
            "alias": [],
            "allow_overwrite": null,
            "failover_routing_policy": [],
            "fqdn": "_d6f7a43c9d085d53e005fbc44409831a.littlesnitch.scrtybybscrty.org",
            "geolocation_routing_policy": [],
            "health_check_id": "",
            "id": "Z11UY811DI2S1K__d6f7a43c9d085d53e005fbc44409831a.littlesnitch.scrtybybscrty.org._CNAME",
            "latency_routing_policy": [],
            "multivalue_answer_routing_policy": null,
            "name": "_d6f7a43c9d085d53e005fbc44409831a.littlesnitch.scrtybybscrty.org",
            "records": [
              "_edc8e9af841cf99370a8283da25f52f4.hkvuiqjoua.acm-validations.aws."
            ],
            "set_identifier": "",
            "ttl": 60,
            "type": "CNAME",
            "weighted_routing_policy": [],
            "zone_id": "Z11UY811DI2S1K"
          },
          "private": "eyJzY2hlbWFfdmVyc2lvbiI6IjIifQ==",
          "dependencies": [
            "module.akerl-littlesnitch-rules.module.certificate.aws_acm_certificate.this"
          ]
        }
      ]
    },
    {
      "module": "module.akerl-littlesnitch-rules.module.publish_user",
      "mode": "data",
      "type": "aws_iam_policy_document",
      "name": "this",
      "provider": "provider[\"registry.terraform.io/hashicorp/aws\"]",
      "instances": [
        {
          "schema_version": 0,
          "attributes": {
            "id": "796428069",
            "json": "{\n  \"Version\": \"2012-10-17\",\n  \"Statement\": [\n    {\n      \"Sid\": \"\",\n      \"Effect\": \"Allow\",\n      \"Action\": [\n        \"s3:PutObject\",\n        \"s3:ListBucket\",\n        \"s3:ListAllMyBuckets\",\n        \"s3:GetObjectAcl\",\n        \"s3:GetObject\",\n        \"s3:GetBucketLocation\",\n        \"s3:GetBucketAcl\",\n        \"s3:DeleteObject\"\n      ],\n      \"Resource\": [\n        \"arn:aws:s3:::akerl-littlesnitch-rules/*\",\n        \"arn:aws:s3:::akerl-littlesnitch-rules\"\n      ]\n    }\n  ]\n}",
            "override_json": null,
            "policy_id": null,
            "source_json": null,
            "statement": [
              {
                "actions": [
                  "s3:DeleteObject",
                  "s3:GetBucketAcl",
                  "s3:GetBucketLocation",
                  "s3:GetObject",
                  "s3:GetObjectAcl",
                  "s3:ListAllMyBuckets",
                  "s3:ListBucket",
                  "s3:PutObject"
                ],
                "condition": [],
                "effect": "Allow",
                "not_actions": [],
                "not_principals": [],
                "not_resources": [],
                "principals": [],
                "resources": [
                  "arn:aws:s3:::akerl-littlesnitch-rules",
                  "arn:aws:s3:::akerl-littlesnitch-rules/*"
                ],
                "sid": ""
              }
            ],
            "version": "2012-10-17"
          }
        }
      ]
    },
    {
      "module": "module.akerl-littlesnitch-rules.module.publish_user",
      "mode": "managed",
      "type": "aws_iam_user",
      "name": "this",
      "provider": "provider[\"registry.terraform.io/hashicorp/aws\"]",
      "instances": [
        {
          "schema_version": 0,
          "attributes": {
            "arn": "arn:aws:iam::764218738161:user/s3-publish-akerl-littlesnitch-rules",
            "force_destroy": false,
            "id": "s3-publish-akerl-littlesnitch-rules",
            "name": "s3-publish-akerl-littlesnitch-rules",
            "path": "/",
            "permissions_boundary": null,
            "tags": {},
            "unique_id": "AIDAJAT2CRMGGGLOEMRKI"
          }
        }
      ]
    },
    {
      "module": "module.akerl-littlesnitch-rules.module.publish_user",
      "mode": "managed",
      "type": "aws_iam_user_policy",
      "name": "this",
      "provider": "provider[\"registry.terraform.io/hashicorp/aws\"]",
      "instances": [
        {
          "schema_version": 0,
          "attributes": {
            "id": "s3-publish-akerl-littlesnitch-rules:s3-publish",
            "name": "s3-publish",
            "name_prefix": null,
            "policy": "{\n  \"Version\": \"2012-10-17\",\n  \"Statement\": [\n    {\n      \"Sid\": \"\",\n      \"Effect\": \"Allow\",\n      \"Action\": [\n        \"s3:PutObject\",\n        \"s3:ListBucket\",\n        \"s3:ListAllMyBuckets\",\n        \"s3:GetObjectAcl\",\n        \"s3:GetObject\",\n        \"s3:GetBucketLocation\",\n        \"s3:GetBucketAcl\",\n        \"s3:DeleteObject\"\n      ],\n      \"Resource\": [\n        \"arn:aws:s3:::akerl-littlesnitch-rules/*\",\n        \"arn:aws:s3:::akerl-littlesnitch-rules\"\n      ]\n    }\n  ]\n}",
            "user": "s3-publish-akerl-littlesnitch-rules"
          },
          "dependencies": [
            "module.akerl-littlesnitch-rules.module.publish_user.aws_iam_user.this"
          ]
        }
      ]
    },
    {
      "module": "module.akerl-littlesnitch-rules.module.publish_user",
      "mode": "managed",
      "type": "aws_s3_bucket",
      "name": "this",
      "provider": "provider[\"registry.terraform.io/hashicorp/aws\"]",
      "instances": []
    },
    {
      "module": "module.akerl-littlesnitch-rules.module.publish_user",
      "mode": "managed",
      "type": "awscreds_iam_access_key",
      "name": "this",
      "provider": "provider[\"terraform.scrtybybscrty.org/armorfret/awscreds\"]",
      "instances": [
        {
          "schema_version": 0,
          "attributes": {
            "encrypted_secret": null,
            "file": "creds/s3-publish-akerl-littlesnitch-rules",
            "id": "AKIAJ5ERHB6725C5ASRQ",
            "key_fingerprint": null,
            "pgp_key": null,
            "secret": "",
            "ses_smtp_password": "",
            "status": "Active",
            "user": "s3-publish-akerl-littlesnitch-rules"
          },
          "dependencies": [
            "module.akerl-littlesnitch-rules.module.publish_user.aws_iam_user.this"
          ]
        }
      ]
    },
    {
      "module": "module.akerl-madlibrarian",
      "mode": "data",
      "type": "aws_iam_policy_document",
      "name": "this",
      "provider": "provider[\"registry.terraform.io/hashicorp/aws\"]",
      "instances": [
        {
          "schema_version": 0,
          "attributes": {
            "id": "270864480",
            "json": "{\n  \"Version\": \"2012-10-17\",\n  \"Statement\": [\n    {\n      \"Sid\": \"\",\n      \"Effect\": \"Allow\",\n      \"Action\": [\n        \"s3:PutObject\",\n        \"s3:ListBucket\",\n        \"s3:ListAllMyBuckets\",\n        \"s3:GetObjectAcl\",\n        \"s3:GetObject\",\n        \"s3:GetBucketLocation\",\n        \"s3:GetBucketAcl\",\n        \"s3:DeleteObject\"\n      ],\n      \"Resource\": [\n        \"arn:aws:s3:::akerl-madlibrarian/*\",\n        \"arn:aws:s3:::akerl-madlibrarian\"\n      ]\n    }\n  ]\n}",
            "override_json": null,
            "policy_id": null,
            "source_json": null,
            "statement": [
              {
                "actions": [
                  "s3:DeleteObject",
                  "s3:GetBucketAcl",
                  "s3:GetBucketLocation",
                  "s3:GetObject",
                  "s3:GetObjectAcl",
                  "s3:ListAllMyBuckets",
                  "s3:ListBucket",
                  "s3:PutObject"
                ],
                "condition": [],
                "effect": "Allow",
                "not_actions": [],
                "not_principals": [],
                "not_resources": [],
                "principals": [],
                "resources": [
                  "arn:aws:s3:::akerl-madlibrarian",
                  "arn:aws:s3:::akerl-madlibrarian/*"
                ],
                "sid": ""
              }
            ],
            "version": "2012-10-17"
          }
        }
      ]
    },
    {
      "module": "module.akerl-madlibrarian",
      "mode": "managed",
      "type": "aws_iam_user",
      "name": "this",
      "provider": "provider[\"registry.terraform.io/hashicorp/aws\"]",
      "instances": [
        {
          "schema_version": 0,
          "attributes": {
            "arn": "arn:aws:iam::764218738161:user/s3-publish-akerl-madlibrarian",
            "force_destroy": false,
            "id": "s3-publish-akerl-madlibrarian",
            "name": "s3-publish-akerl-madlibrarian",
            "path": "/",
            "permissions_boundary": null,
            "tags": {},
            "unique_id": "AIDAIW3OKLV6NNVBJXHGW"
          }
        }
      ]
    },
    {
      "module": "module.akerl-madlibrarian",
      "mode": "managed",
      "type": "aws_iam_user_policy",
      "name": "this",
      "provider": "provider[\"registry.terraform.io/hashicorp/aws\"]",
      "instances": [
        {
          "schema_version": 0,
          "attributes": {
            "id": "s3-publish-akerl-madlibrarian:s3-publish",
            "name": "s3-publish",
            "name_prefix": null,
            "policy": "{\n  \"Version\": \"2012-10-17\",\n  \"Statement\": [\n    {\n      \"Sid\": \"\",\n      \"Effect\": \"Allow\",\n      \"Action\": [\n        \"s3:PutObject\",\n        \"s3:ListBucket\",\n        \"s3:ListAllMyBuckets\",\n        \"s3:GetObjectAcl\",\n        \"s3:GetObject\",\n        \"s3:GetBucketLocation\",\n        \"s3:GetBucketAcl\",\n        \"s3:DeleteObject\"\n      ],\n      \"Resource\": [\n        \"arn:aws:s3:::akerl-madlibrarian/*\",\n        \"arn:aws:s3:::akerl-madlibrarian\"\n      ]\n    }\n  ]\n}",
            "user": "s3-publish-akerl-madlibrarian"
          },
          "dependencies": [
            "module.akerl-madlibrarian.aws_iam_user.this"
          ]
        }
      ]
    },
    {
      "module": "module.akerl-madlibrarian",
      "mode": "managed",
      "type": "aws_s3_bucket",
      "name": "this",
      "provider": "provider[\"registry.terraform.io/hashicorp/aws\"]",
      "instances": [
        {
          "index_key": 0,
          "schema_version": 0,
          "attributes": {
            "acceleration_status": "",
            "acl": "private",
            "arn": "arn:aws:s3:::akerl-madlibrarian",
            "bucket": "akerl-madlibrarian",
            "bucket_domain_name": "akerl-madlibrarian.s3.amazonaws.com",
            "bucket_prefix": null,
            "bucket_regional_domain_name": "akerl-madlibrarian.s3.amazonaws.com",
            "cors_rule": [],
            "force_destroy": false,
            "hosted_zone_id": "Z3AQBSTGFYJSTF",
            "id": "akerl-madlibrarian",
            "lifecycle_rule": [],
            "logging": [
              {
                "target_bucket": "akerl-s3-logs",
                "target_prefix": "akerl-madlibrarian/"
              }
            ],
            "object_lock_configuration": [],
            "policy": null,
            "region": "us-east-1",
            "replication_configuration": [],
            "request_payer": "BucketOwner",
            "server_side_encryption_configuration": [],
            "tags": {},
            "versioning": [
              {
                "enabled": true,
                "mfa_delete": false
              }
            ],
            "website": [],
            "website_domain": null,
            "website_endpoint": null
          },
          "dependencies": [
            "module.account.aws_s3_bucket.logging"
          ]
        }
      ]
    },
    {
      "module": "module.akerl-madlibrarian",
      "mode": "managed",
      "type": "awscreds_iam_access_key",
      "name": "this",
      "provider": "provider[\"terraform.scrtybybscrty.org/armorfret/awscreds\"]",
      "instances": [
        {
          "schema_version": 0,
          "attributes": {
            "encrypted_secret": null,
            "file": "creds/s3-publish-akerl-madlibrarian",
            "id": "AKIAJ7GCQHAREZFR42SA",
            "key_fingerprint": null,
            "pgp_key": null,
            "secret": "",
            "ses_smtp_password": "",
            "status": "Active",
            "user": "s3-publish-akerl-madlibrarian"
          },
          "dependencies": [
            "module.akerl-madlibrarian.aws_iam_user.this"
          ]
        }
      ]
    },
    {
      "module": "module.akerl-private-auth",
      "mode": "data",
      "type": "aws_iam_policy_document",
      "name": "lambda_perms",
      "provider": "provider[\"registry.terraform.io/hashicorp/aws\"]",
      "instances": [
        {
          "schema_version": 0,
          "attributes": {
            "id": "11620166",
            "json": "{\n  \"Version\": \"2012-10-17\",\n  \"Statement\": [\n    {\n      \"Sid\": \"\",\n      \"Effect\": \"Allow\",\n      \"Action\": [\n        \"s3:ListBucket\",\n        \"s3:GetObject\"\n      ],\n      \"Resource\": [\n        \"arn:aws:s3:::akerl-private-auth/*\",\n        \"arn:aws:s3:::akerl-private-auth\"\n      ]\n    },\n    {\n      \"Sid\": \"\",\n      \"Effect\": \"Allow\",\n      \"Action\": [\n        \"logs:PutLogEvents\",\n        \"logs:CreateLogStream\",\n        \"logs:CreateLogGroup\"\n      ],\n      \"Resource\": \"arn:aws:logs:*:*:*\"\n    }\n  ]\n}",
            "override_json": null,
            "policy_id": null,
            "source_json": null,
            "statement": [
              {
                "actions": [
                  "s3:GetObject",
                  "s3:ListBucket"
                ],
                "condition": [],
                "effect": "Allow",
                "not_actions": [],
                "not_principals": [],
                "not_resources": [],
                "principals": [],
                "resources": [
                  "arn:aws:s3:::akerl-private-auth",
                  "arn:aws:s3:::akerl-private-auth/*"
                ],
                "sid": ""
              },
              {
                "actions": [
                  "logs:CreateLogGroup",
                  "logs:CreateLogStream",
                  "logs:PutLogEvents"
                ],
                "condition": [],
                "effect": "Allow",
                "not_actions": [],
                "not_principals": [],
                "not_resources": [],
                "principals": [],
                "resources": [
                  "arn:aws:logs:*:*:*"
                ],
                "sid": ""
              }
            ],
            "version": "2012-10-17"
          }
        }
      ]
    },
    {
      "module": "module.akerl-private-auth.module.apigw",
      "mode": "managed",
      "type": "aws_api_gateway_base_path_mapping",
      "name": "this",
      "provider": "provider[\"registry.terraform.io/hashicorp/aws\"]",
      "instances": [
        {
          "schema_version": 0,
          "attributes": {
            "api_id": "4xnfyez9g1",
            "base_path": "",
            "domain_name": "auth.scrtybybscrty.org",
            "id": "auth.scrtybybscrty.org/",
            "stage_name": "prod"
          },
          "dependencies": [
            "module.akerl-private-auth.module.apigw.aws_api_gateway_deployment.this",
            "module.akerl-private-auth.module.apigw.aws_api_gateway_domain_name.this",
            "module.akerl-private-auth.module.apigw.aws_api_gateway_integration.root",
            "module.akerl-private-auth.module.apigw.aws_api_gateway_integration.this",
            "module.akerl-private-auth.module.apigw.aws_api_gateway_method.root",
            "module.akerl-private-auth.module.apigw.aws_api_gateway_method.this",
            "module.akerl-private-auth.module.apigw.aws_api_gateway_resource.this",
            "module.akerl-private-auth.module.apigw.aws_api_gateway_rest_api.this",
            "module.akerl-private-auth.module.apigw.module.certificate.aws_acm_certificate.this",
            "module.akerl-private-auth.module.apigw.module.certificate.aws_acm_certificate_validation.this",
            "module.akerl-private-auth.module.apigw.module.certificate.aws_route53_record.validation",
            "module.akerl-private-auth.module.apigw.module.lambda.aws_iam_role.lambda",
            "module.akerl-private-auth.module.apigw.module.lambda.aws_lambda_function.this"
          ]
        }
      ]
    },
    {
      "module": "module.akerl-private-auth.module.apigw",
      "mode": "managed",
      "type": "aws_api_gateway_deployment",
      "name": "this",
      "provider": "provider[\"registry.terraform.io/hashicorp/aws\"]",
      "instances": [
        {
          "schema_version": 0,
          "attributes": {
            "created_date": "2019-03-10T18:57:29Z",
            "description": "",
            "execution_arn": "arn:aws:execute-api:us-east-1:764218738161:4xnfyez9g1/prod",
            "id": "wwhe9j",
            "invoke_url": "https://4xnfyez9g1.execute-api.us-east-1.amazonaws.com/prod",
            "rest_api_id": "4xnfyez9g1",
            "stage_description": null,
            "stage_name": "prod",
            "variables": null
          },
          "dependencies": [
            "module.akerl-private-auth.module.apigw.aws_api_gateway_integration.root",
            "module.akerl-private-auth.module.apigw.aws_api_gateway_integration.this",
            "module.akerl-private-auth.module.apigw.aws_api_gateway_method.root",
            "module.akerl-private-auth.module.apigw.aws_api_gateway_method.this",
            "module.akerl-private-auth.module.apigw.aws_api_gateway_resource.this",
            "module.akerl-private-auth.module.apigw.aws_api_gateway_rest_api.this",
            "module.akerl-private-auth.module.apigw.module.lambda.aws_iam_role.lambda",
            "module.akerl-private-auth.module.apigw.module.lambda.aws_lambda_function.this"
          ]
        }
      ]
    },
    {
      "module": "module.akerl-private-auth.module.apigw",
      "mode": "managed",
      "type": "aws_api_gateway_domain_name",
      "name": "this",
      "provider": "provider[\"registry.terraform.io/hashicorp/aws\"]",
      "instances": [
        {
          "schema_version": 0,
          "attributes": {
            "certificate_arn": "arn:aws:acm:us-east-1:764218738161:certificate/30ceb698-c24b-4d97-90f9-5b62caa50c13",
            "certificate_body": null,
            "certificate_chain": null,
            "certificate_name": "",
            "certificate_private_key": null,
            "certificate_upload_date": "2019-03-10T13:12:25Z",
            "cloudfront_domain_name": "d62jwfzckrglk.cloudfront.net",
            "cloudfront_zone_id": "Z2FDTNDATAQYW2",
            "domain_name": "auth.scrtybybscrty.org",
            "endpoint_configuration": [
              {
                "types": [
                  "EDGE"
                ]
              }
            ],
            "id": "auth.scrtybybscrty.org",
            "regional_certificate_arn": "",
            "regional_certificate_name": "",
            "regional_domain_name": "",
            "regional_zone_id": "",
            "security_policy": "TLS_1_0"
          },
          "dependencies": [
            "module.akerl-private-auth.module.apigw.module.certificate.aws_acm_certificate.this",
            "module.akerl-private-auth.module.apigw.module.certificate.aws_acm_certificate_validation.this",
            "module.akerl-private-auth.module.apigw.module.certificate.aws_route53_record.validation"
          ]
        }
      ]
    },
    {
      "module": "module.akerl-private-auth.module.apigw",
      "mode": "managed",
      "type": "aws_api_gateway_integration",
      "name": "root",
      "provider": "provider[\"registry.terraform.io/hashicorp/aws\"]",
      "instances": [
        {
          "schema_version": 0,
          "attributes": {
            "cache_key_parameters": [],
            "cache_namespace": "0jjuo2v2yl",
            "connection_id": "",
            "connection_type": "INTERNET",
            "content_handling": "",
            "credentials": "",
            "http_method": "ANY",
            "id": "agi-4xnfyez9g1-0jjuo2v2yl-ANY",
            "integration_http_method": "POST",
            "passthrough_behavior": "WHEN_NO_MATCH",
            "request_parameters": {},
            "request_parameters_in_json": null,
            "request_templates": {},
            "resource_id": "0jjuo2v2yl",
            "rest_api_id": "4xnfyez9g1",
            "timeout_milliseconds": 29000,
            "type": "AWS_PROXY",
            "uri": "arn:aws:apigateway:us-east-1:lambda:path/2015-03-31/functions/arn:aws:lambda:us-east-1:764218738161:function:githubauth-akerl-private-auth/invocations"
          },
          "dependencies": [
            "module.akerl-private-auth.module.apigw.aws_api_gateway_method.root",
            "module.akerl-private-auth.module.apigw.aws_api_gateway_rest_api.this",
            "module.akerl-private-auth.module.apigw.module.lambda.aws_iam_role.lambda",
            "module.akerl-private-auth.module.apigw.module.lambda.aws_lambda_function.this"
          ]
        }
      ]
    },
    {
      "module": "module.akerl-private-auth.module.apigw",
      "mode": "managed",
      "type": "aws_api_gateway_integration",
      "name": "this",
      "provider": "provider[\"registry.terraform.io/hashicorp/aws\"]",
      "instances": [
        {
          "schema_version": 0,
          "attributes": {
            "cache_key_parameters": [],
            "cache_namespace": "f9l5ok",
            "connection_id": "",
            "connection_type": "INTERNET",
            "content_handling": "",
            "credentials": "",
            "http_method": "ANY",
            "id": "agi-4xnfyez9g1-f9l5ok-ANY",
            "integration_http_method": "POST",
            "passthrough_behavior": "WHEN_NO_MATCH",
            "request_parameters": {},
            "request_parameters_in_json": null,
            "request_templates": {},
            "resource_id": "f9l5ok",
            "rest_api_id": "4xnfyez9g1",
            "timeout_milliseconds": 29000,
            "type": "AWS_PROXY",
            "uri": "arn:aws:apigateway:us-east-1:lambda:path/2015-03-31/functions/arn:aws:lambda:us-east-1:764218738161:function:githubauth-akerl-private-auth/invocations"
          },
          "dependencies": [
            "module.akerl-private-auth.module.apigw.aws_api_gateway_method.this",
            "module.akerl-private-auth.module.apigw.aws_api_gateway_resource.this",
            "module.akerl-private-auth.module.apigw.aws_api_gateway_rest_api.this",
            "module.akerl-private-auth.module.apigw.module.lambda.aws_iam_role.lambda",
            "module.akerl-private-auth.module.apigw.module.lambda.aws_lambda_function.this"
          ]
        }
      ]
    },
    {
      "module": "module.akerl-private-auth.module.apigw",
      "mode": "managed",
      "type": "aws_api_gateway_method",
      "name": "root",
      "provider": "provider[\"registry.terraform.io/hashicorp/aws\"]",
      "instances": [
        {
          "schema_version": 0,
          "attributes": {
            "api_key_required": false,
            "authorization": "NONE",
            "authorization_scopes": [],
            "authorizer_id": "",
            "http_method": "ANY",
            "id": "agm-4xnfyez9g1-0jjuo2v2yl-ANY",
            "request_models": {},
            "request_parameters": {},
            "request_parameters_in_json": null,
            "request_validator_id": "",
            "resource_id": "0jjuo2v2yl",
            "rest_api_id": "4xnfyez9g1"
          },
          "dependencies": [
            "module.akerl-private-auth.module.apigw.aws_api_gateway_rest_api.this"
          ]
        }
      ]
    },
    {
      "module": "module.akerl-private-auth.module.apigw",
      "mode": "managed",
      "type": "aws_api_gateway_method",
      "name": "this",
      "provider": "provider[\"registry.terraform.io/hashicorp/aws\"]",
      "instances": [
        {
          "schema_version": 0,
          "attributes": {
            "api_key_required": false,
            "authorization": "NONE",
            "authorization_scopes": [],
            "authorizer_id": "",
            "http_method": "ANY",
            "id": "agm-4xnfyez9g1-f9l5ok-ANY",
            "request_models": {},
            "request_parameters": {},
            "request_parameters_in_json": null,
            "request_validator_id": "",
            "resource_id": "f9l5ok",
            "rest_api_id": "4xnfyez9g1"
          },
          "dependencies": [
            "module.akerl-private-auth.module.apigw.aws_api_gateway_resource.this",
            "module.akerl-private-auth.module.apigw.aws_api_gateway_rest_api.this"
          ]
        }
      ]
    },
    {
      "module": "module.akerl-private-auth.module.apigw",
      "mode": "managed",
      "type": "aws_api_gateway_method_settings",
      "name": "settings",
      "provider": "provider[\"registry.terraform.io/hashicorp/aws\"]",
      "instances": [
        {
          "schema_version": 0,
          "attributes": {
            "id": "4xnfyez9g1-prod-*/*",
            "method_path": "*/*",
            "rest_api_id": "4xnfyez9g1",
            "settings": [
              {
                "cache_data_encrypted": false,
                "cache_ttl_in_seconds": 0,
                "caching_enabled": false,
                "data_trace_enabled": false,
                "logging_level": "INFO",
                "metrics_enabled": true,
                "require_authorization_for_cache_control": false,
                "throttling_burst_limit": 0,
                "throttling_rate_limit": 0,
                "unauthorized_cache_control_header_strategy": ""
              }
            ],
            "stage_name": "prod"
          },
          "dependencies": [
            "module.akerl-private-auth.module.apigw.aws_api_gateway_deployment.this",
            "module.akerl-private-auth.module.apigw.aws_api_gateway_integration.root",
            "module.akerl-private-auth.module.apigw.aws_api_gateway_integration.this",
            "module.akerl-private-auth.module.apigw.aws_api_gateway_method.root",
            "module.akerl-private-auth.module.apigw.aws_api_gateway_method.this",
            "module.akerl-private-auth.module.apigw.aws_api_gateway_resource.this",
            "module.akerl-private-auth.module.apigw.aws_api_gateway_rest_api.this",
            "module.akerl-private-auth.module.apigw.module.lambda.aws_iam_role.lambda",
            "module.akerl-private-auth.module.apigw.module.lambda.aws_lambda_function.this"
          ]
        }
      ]
    },
    {
      "module": "module.akerl-private-auth.module.apigw",
      "mode": "managed",
      "type": "aws_api_gateway_resource",
      "name": "this",
      "provider": "provider[\"registry.terraform.io/hashicorp/aws\"]",
      "instances": [
        {
          "schema_version": 0,
          "attributes": {
            "id": "f9l5ok",
            "parent_id": "0jjuo2v2yl",
            "path": "/{path+}",
            "path_part": "{path+}",
            "rest_api_id": "4xnfyez9g1"
          },
          "dependencies": [
            "module.akerl-private-auth.module.apigw.aws_api_gateway_rest_api.this"
          ]
        }
      ]
    },
    {
      "module": "module.akerl-private-auth.module.apigw",
      "mode": "managed",
      "type": "aws_api_gateway_rest_api",
      "name": "this",
      "provider": "provider[\"registry.terraform.io/hashicorp/aws\"]",
      "instances": [
        {
          "schema_version": 0,
          "attributes": {
            "api_key_source": "HEADER",
            "binary_media_types": [],
            "body": null,
            "created_date": "2019-03-10T13:05:31Z",
            "description": "",
            "endpoint_configuration": [
              {
                "types": [
                  "EDGE"
                ]
              }
            ],
            "execution_arn": "arn:aws:execute-api:us-east-1:764218738161:4xnfyez9g1",
            "id": "4xnfyez9g1",
            "minimum_compression_size": -1,
            "name": "githubauth-akerl-private-auth",
            "policy": "",
            "root_resource_id": "0jjuo2v2yl"
          }
        }
      ]
    },
    {
      "module": "module.akerl-private-auth.module.apigw.module.certificate",
      "mode": "data",
      "type": "aws_route53_zone",
      "name": "parent",
      "provider": "provider[\"registry.terraform.io/hashicorp/aws\"]",
      "instances": [
        {
          "index_key": 0,
          "schema_version": 0,
          "attributes": {
            "caller_reference": "2016-09-14T19:18:10.523044235-04:00",
            "comment": "Managed by Terraform",
            "id": "Z11UY811DI2S1K",
            "linked_service_description": null,
            "linked_service_principal": null,
            "name": "scrtybybscrty.org.",
            "name_servers": [
              "ns-1242.awsdns-27.org",
              "ns-477.awsdns-59.com",
              "ns-808.awsdns-37.net",
              "ns-1942.awsdns-50.co.uk"
            ],
            "private_zone": false,
            "resource_record_set_count": 22,
            "tags": null,
            "vpc_id": null,
            "zone_id": "Z11UY811DI2S1K"
          }
        }
      ]
    },
    {
      "module": "module.akerl-private-auth.module.apigw.module.certificate",
      "mode": "managed",
      "type": "aws_acm_certificate",
      "name": "this",
      "provider": "provider[\"registry.terraform.io/hashicorp/aws\"]",
      "instances": [
        {
          "schema_version": 0,
          "attributes": {
            "arn": "arn:aws:acm:us-east-1:764218738161:certificate/30ceb698-c24b-4d97-90f9-5b62caa50c13",
            "certificate_authority_arn": "",
            "certificate_body": null,
            "certificate_chain": null,
            "domain_name": "auth.scrtybybscrty.org",
            "domain_validation_options": [
              {
                "domain_name": "auth.scrtybybscrty.org",
                "resource_record_name": "_22e5488387058ded1122f7d8bc4f2eaf.auth.scrtybybscrty.org.",
                "resource_record_type": "CNAME",
                "resource_record_value": "_f558860ed57eaf6d06c892b8d0b0cbfc.hkvuiqjoua.acm-validations.aws."
              }
            ],
            "id": "arn:aws:acm:us-east-1:764218738161:certificate/30ceb698-c24b-4d97-90f9-5b62caa50c13",
            "options": [
              {
                "certificate_transparency_logging_preference": "ENABLED"
              }
            ],
            "private_key": null,
            "subject_alternative_names": [],
            "tags": {},
            "validation_emails": [],
            "validation_method": "DNS"
          }
        }
      ]
    },
    {
      "module": "module.akerl-private-auth.module.apigw.module.certificate",
      "mode": "managed",
      "type": "aws_acm_certificate_validation",
      "name": "this",
      "provider": "provider[\"registry.terraform.io/hashicorp/aws\"]",
      "instances": [
        {
          "schema_version": 0,
          "attributes": {
            "certificate_arn": "arn:aws:acm:us-east-1:764218738161:certificate/30ceb698-c24b-4d97-90f9-5b62caa50c13",
            "id": "2020-02-11 01:42:29 +0000 UTC",
            "timeouts": null,
            "validation_record_fqdns": [
              "_22e5488387058ded1122f7d8bc4f2eaf.auth.scrtybybscrty.org"
            ]
          },
          "private": "eyJlMmJmYjczMC1lY2FhLTExZTYtOGY4OC0zNDM2M2JjN2M0YzAiOnsiY3JlYXRlIjoyNzAwMDAwMDAwMDAwfX0=",
          "dependencies": [
            "module.akerl-private-auth.module.apigw.module.certificate.aws_acm_certificate.this",
            "module.akerl-private-auth.module.apigw.module.certificate.aws_route53_record.validation"
          ]
        }
      ]
    },
    {
      "module": "module.akerl-private-auth.module.apigw.module.certificate",
      "mode": "managed",
      "type": "aws_route53_record",
      "name": "validation",
      "provider": "provider[\"registry.terraform.io/hashicorp/aws\"]",
      "instances": [
        {
          "index_key": 0,
          "schema_version": 2,
          "attributes": {
            "alias": [],
            "allow_overwrite": null,
            "failover_routing_policy": [],
            "fqdn": "_22e5488387058ded1122f7d8bc4f2eaf.auth.scrtybybscrty.org",
            "geolocation_routing_policy": [],
            "health_check_id": "",
            "id": "Z11UY811DI2S1K__22e5488387058ded1122f7d8bc4f2eaf.auth.scrtybybscrty.org._CNAME",
            "latency_routing_policy": [],
            "multivalue_answer_routing_policy": null,
            "name": "_22e5488387058ded1122f7d8bc4f2eaf.auth.scrtybybscrty.org",
            "records": [
              "_f558860ed57eaf6d06c892b8d0b0cbfc.hkvuiqjoua.acm-validations.aws."
            ],
            "set_identifier": "",
            "ttl": 60,
            "type": "CNAME",
            "weighted_routing_policy": [],
            "zone_id": "Z11UY811DI2S1K"
          },
          "private": "eyJzY2hlbWFfdmVyc2lvbiI6IjIifQ==",
          "dependencies": [
            "module.akerl-private-auth.module.apigw.module.certificate.aws_acm_certificate.this"
          ]
        }
      ]
    },
    {
      "module": "module.akerl-private-auth.module.apigw.module.lambda",
      "mode": "data",
      "type": "aws_iam_policy_document",
      "name": "trust",
      "provider": "provider[\"registry.terraform.io/hashicorp/aws\"]",
      "instances": [
        {
          "schema_version": 0,
          "attributes": {
            "id": "3693445097",
            "json": "{\n  \"Version\": \"2012-10-17\",\n  \"Statement\": [\n    {\n      \"Sid\": \"\",\n      \"Effect\": \"Allow\",\n      \"Action\": \"sts:AssumeRole\",\n      \"Principal\": {\n        \"Service\": \"lambda.amazonaws.com\"\n      }\n    }\n  ]\n}",
            "override_json": null,
            "policy_id": null,
            "source_json": null,
            "statement": [
              {
                "actions": [
                  "sts:AssumeRole"
                ],
                "condition": [],
                "effect": "Allow",
                "not_actions": [],
                "not_principals": [],
                "not_resources": [],
                "principals": [
                  {
                    "identifiers": [
                      "lambda.amazonaws.com"
                    ],
                    "type": "Service"
                  }
                ],
                "resources": [],
                "sid": ""
              }
            ],
            "version": "2012-10-17"
          }
        }
      ]
    },
    {
      "module": "module.akerl-private-auth.module.apigw.module.lambda",
      "mode": "managed",
      "type": "aws_iam_role",
      "name": "lambda",
      "provider": "provider[\"registry.terraform.io/hashicorp/aws\"]",
      "instances": [
        {
          "schema_version": 0,
          "attributes": {
            "arn": "arn:aws:iam::764218738161:role/githubauth-akerl-private-auth",
            "assume_role_policy": "{\"Version\":\"2012-10-17\",\"Statement\":[{\"Sid\":\"\",\"Effect\":\"Allow\",\"Principal\":{\"Service\":\"lambda.amazonaws.com\"},\"Action\":\"sts:AssumeRole\"}]}",
            "create_date": "2019-03-10T13:00:56Z",
            "description": "",
            "force_detach_policies": false,
            "id": "githubauth-akerl-private-auth",
            "max_session_duration": 3600,
            "name": "githubauth-akerl-private-auth",
            "name_prefix": null,
            "path": "/",
            "permissions_boundary": null,
            "tags": {},
            "unique_id": "AROAJDUNEFGCFNQRPIZIE"
          }
        }
      ]
    },
    {
      "module": "module.akerl-private-auth.module.apigw.module.lambda",
      "mode": "managed",
      "type": "aws_iam_role_policy",
      "name": "lambda_perms",
      "provider": "provider[\"registry.terraform.io/hashicorp/aws\"]",
      "instances": [
        {
          "schema_version": 0,
          "attributes": {
            "id": "githubauth-akerl-private-auth:lambda_perms",
            "name": "lambda_perms",
            "name_prefix": null,
            "policy": "{\n  \"Version\": \"2012-10-17\",\n  \"Statement\": [\n    {\n      \"Sid\": \"\",\n      \"Effect\": \"Allow\",\n      \"Action\": [\n        \"s3:ListBucket\",\n        \"s3:GetObject\"\n      ],\n      \"Resource\": [\n        \"arn:aws:s3:::akerl-private-auth/*\",\n        \"arn:aws:s3:::akerl-private-auth\"\n      ]\n    },\n    {\n      \"Sid\": \"\",\n      \"Effect\": \"Allow\",\n      \"Action\": [\n        \"logs:PutLogEvents\",\n        \"logs:CreateLogStream\",\n        \"logs:CreateLogGroup\"\n      ],\n      \"Resource\": \"arn:aws:logs:*:*:*\"\n    }\n  ]\n}",
            "role": "githubauth-akerl-private-auth"
          },
          "dependencies": [
            "module.akerl-private-auth.module.apigw.module.lambda.aws_iam_role.lambda"
          ]
        }
      ]
    },
    {
      "module": "module.akerl-private-auth.module.apigw.module.lambda",
      "mode": "managed",
      "type": "aws_lambda_function",
      "name": "this",
      "provider": "provider[\"registry.terraform.io/hashicorp/aws\"]",
      "instances": [
        {
          "schema_version": 0,
          "attributes": {
            "arn": "arn:aws:lambda:us-east-1:764218738161:function:githubauth-akerl-private-auth",
            "dead_letter_config": [],
            "description": "",
            "environment": [
              {
                "variables": {
                  "S3_BUCKET": "akerl-private-auth",
                  "S3_KEY": "config.yaml"
                }
              }
            ],
            "filename": null,
            "function_name": "githubauth-akerl-private-auth",
            "handler": "main",
            "id": "githubauth-akerl-private-auth",
            "invoke_arn": "arn:aws:apigateway:us-east-1:lambda:path/2015-03-31/functions/arn:aws:lambda:us-east-1:764218738161:function:githubauth-akerl-private-auth/invocations",
            "kms_key_arn": "",
            "last_modified": "2019-07-11T22:08:43.971+0000",
            "layers": [],
            "memory_size": 128,
            "publish": false,
            "qualified_arn": "arn:aws:lambda:us-east-1:764218738161:function:githubauth-akerl-private-auth:$LATEST",
            "reserved_concurrent_executions": -1,
            "role": "arn:aws:iam::764218738161:role/githubauth-akerl-private-auth",
            "runtime": "go1.x",
            "s3_bucket": "akerl-githubauthlambda",
            "s3_key": "v0.1.3.zip",
            "s3_object_version": null,
            "source_code_hash": "dTs+YB0maa+zTmSoEYgpGDA4VkuOHu/hYIRtURoHDeU=",
            "source_code_size": 8637095,
            "tags": {},
            "timeout": 10,
            "timeouts": {
              "create": null
            },
            "tracing_config": [
              {
                "mode": "PassThrough"
              }
            ],
            "version": "$LATEST",
            "vpc_config": []
          },
          "private": "eyJlMmJmYjczMC1lY2FhLTExZTYtOGY4OC0zNDM2M2JjN2M0YzAiOnsiY3JlYXRlIjo2MDAwMDAwMDAwMDB9fQ==",
          "dependencies": [
            "module.akerl-private-auth.module.apigw.module.lambda.aws_iam_role.lambda"
          ]
        }
      ]
    },
    {
      "module": "module.akerl-private-auth.module.apigw.module.lambda",
      "mode": "managed",
      "type": "aws_lambda_permission",
      "name": "allow_source",
      "provider": "provider[\"registry.terraform.io/hashicorp/aws\"]",
      "instances": [
        {
          "index_key": 0,
          "schema_version": 0,
          "attributes": {
            "action": "lambda:InvokeFunction",
            "event_source_token": null,
            "function_name": "githubauth-akerl-private-auth",
            "id": "AllowExecutionFromApigateway",
            "principal": "apigateway.amazonaws.com",
            "qualifier": "",
            "source_account": null,
            "source_arn": "arn:aws:execute-api:us-east-1:764218738161:4xnfyez9g1/*",
            "statement_id": "AllowExecutionFromApigateway",
            "statement_id_prefix": null
          },
          "dependencies": [
            "module.akerl-private-auth.module.apigw.aws_api_gateway_rest_api.this",
            "module.akerl-private-auth.module.apigw.module.lambda.aws_iam_role.lambda",
            "module.akerl-private-auth.module.apigw.module.lambda.aws_lambda_function.this"
          ]
        }
      ]
    },
    {
      "module": "module.akerl-private-auth.module.publish-user",
      "mode": "data",
      "type": "aws_iam_policy_document",
      "name": "this",
      "provider": "provider[\"registry.terraform.io/hashicorp/aws\"]",
      "instances": [
        {
          "schema_version": 0,
          "attributes": {
            "id": "1352655843",
            "json": "{\n  \"Version\": \"2012-10-17\",\n  \"Statement\": [\n    {\n      \"Sid\": \"\",\n      \"Effect\": \"Allow\",\n      \"Action\": [\n        \"s3:PutObject\",\n        \"s3:ListBucket\",\n        \"s3:ListAllMyBuckets\",\n        \"s3:GetObjectAcl\",\n        \"s3:GetObject\",\n        \"s3:GetBucketLocation\",\n        \"s3:GetBucketAcl\",\n        \"s3:DeleteObject\"\n      ],\n      \"Resource\": [\n        \"arn:aws:s3:::akerl-private-auth/*\",\n        \"arn:aws:s3:::akerl-private-auth\"\n      ]\n    }\n  ]\n}",
            "override_json": null,
            "policy_id": null,
            "source_json": null,
            "statement": [
              {
                "actions": [
                  "s3:DeleteObject",
                  "s3:GetBucketAcl",
                  "s3:GetBucketLocation",
                  "s3:GetObject",
                  "s3:GetObjectAcl",
                  "s3:ListAllMyBuckets",
                  "s3:ListBucket",
                  "s3:PutObject"
                ],
                "condition": [],
                "effect": "Allow",
                "not_actions": [],
                "not_principals": [],
                "not_resources": [],
                "principals": [],
                "resources": [
                  "arn:aws:s3:::akerl-private-auth",
                  "arn:aws:s3:::akerl-private-auth/*"
                ],
                "sid": ""
              }
            ],
            "version": "2012-10-17"
          }
        }
      ]
    },
    {
      "module": "module.akerl-private-auth.module.publish-user",
      "mode": "managed",
      "type": "aws_iam_user",
      "name": "this",
      "provider": "provider[\"registry.terraform.io/hashicorp/aws\"]",
      "instances": [
        {
          "schema_version": 0,
          "attributes": {
            "arn": "arn:aws:iam::764218738161:user/s3-publish-akerl-private-auth",
            "force_destroy": false,
            "id": "s3-publish-akerl-private-auth",
            "name": "s3-publish-akerl-private-auth",
            "path": "/",
            "permissions_boundary": null,
            "tags": {},
            "unique_id": "AIDAJ7GWYQ6DIWH46CJ6U"
          }
        }
      ]
    },
    {
      "module": "module.akerl-private-auth.module.publish-user",
      "mode": "managed",
      "type": "aws_iam_user_policy",
      "name": "this",
      "provider": "provider[\"registry.terraform.io/hashicorp/aws\"]",
      "instances": [
        {
          "schema_version": 0,
          "attributes": {
            "id": "s3-publish-akerl-private-auth:s3-publish",
            "name": "s3-publish",
            "name_prefix": null,
            "policy": "{\n  \"Version\": \"2012-10-17\",\n  \"Statement\": [\n    {\n      \"Sid\": \"\",\n      \"Effect\": \"Allow\",\n      \"Action\": [\n        \"s3:PutObject\",\n        \"s3:ListBucket\",\n        \"s3:ListAllMyBuckets\",\n        \"s3:GetObjectAcl\",\n        \"s3:GetObject\",\n        \"s3:GetBucketLocation\",\n        \"s3:GetBucketAcl\",\n        \"s3:DeleteObject\"\n      ],\n      \"Resource\": [\n        \"arn:aws:s3:::akerl-private-auth/*\",\n        \"arn:aws:s3:::akerl-private-auth\"\n      ]\n    }\n  ]\n}",
            "user": "s3-publish-akerl-private-auth"
          },
          "dependencies": [
            "module.akerl-private-auth.module.publish-user.aws_iam_user.this"
          ]
        }
      ]
    },
    {
      "module": "module.akerl-private-auth.module.publish-user",
      "mode": "managed",
      "type": "aws_s3_bucket",
      "name": "this",
      "provider": "provider[\"registry.terraform.io/hashicorp/aws\"]",
      "instances": [
        {
          "index_key": 0,
          "schema_version": 0,
          "attributes": {
            "acceleration_status": "",
            "acl": "private",
            "arn": "arn:aws:s3:::akerl-private-auth",
            "bucket": "akerl-private-auth",
            "bucket_domain_name": "akerl-private-auth.s3.amazonaws.com",
            "bucket_prefix": null,
            "bucket_regional_domain_name": "akerl-private-auth.s3.amazonaws.com",
            "cors_rule": [],
            "force_destroy": false,
            "hosted_zone_id": "Z3AQBSTGFYJSTF",
            "id": "akerl-private-auth",
            "lifecycle_rule": [],
            "logging": [
              {
                "target_bucket": "akerl-s3-logs",
                "target_prefix": "akerl-private-auth/"
              }
            ],
            "object_lock_configuration": [],
            "policy": null,
            "region": "us-east-1",
            "replication_configuration": [],
            "request_payer": "BucketOwner",
            "server_side_encryption_configuration": [],
            "tags": {},
            "versioning": [
              {
                "enabled": true,
                "mfa_delete": false
              }
            ],
            "website": [],
            "website_domain": null,
            "website_endpoint": null
          },
          "dependencies": [
            "module.account.aws_s3_bucket.logging"
          ]
        }
      ]
    },
    {
      "module": "module.akerl-private-auth.module.publish-user",
      "mode": "managed",
      "type": "awscreds_iam_access_key",
      "name": "this",
      "provider": "provider[\"terraform.scrtybybscrty.org/armorfret/awscreds\"]",
      "instances": [
        {
          "schema_version": 0,
          "attributes": {
            "encrypted_secret": null,
            "file": "creds/s3-publish-akerl-private-auth",
            "id": "AKIAIA6RGH7TJB7UVT3A",
            "key_fingerprint": null,
            "pgp_key": null,
            "secret": "",
            "ses_smtp_password": "",
            "status": "Active",
            "user": "s3-publish-akerl-private-auth"
          },
          "dependencies": [
            "module.akerl-private-auth.module.publish-user.aws_iam_user.this"
          ]
        }
      ]
    },
    {
      "module": "module.akerl-private-files",
      "mode": "data",
      "type": "aws_iam_policy_document",
      "name": "lambda_perms",
      "provider": "provider[\"registry.terraform.io/hashicorp/aws\"]",
      "instances": [
        {
          "schema_version": 0,
          "attributes": {
            "id": "1683751823",
            "json": "{\n  \"Version\": \"2012-10-17\",\n  \"Statement\": [\n    {\n      \"Sid\": \"\",\n      \"Effect\": \"Allow\",\n      \"Action\": [\n        \"s3:ListBucket\",\n        \"s3:GetObject\"\n      ],\n      \"Resource\": [\n        \"arn:aws:s3:::akerl-private-files/*\",\n        \"arn:aws:s3:::akerl-private-files-config/*\",\n        \"arn:aws:s3:::akerl-private-files-config\",\n        \"arn:aws:s3:::akerl-private-files\"\n      ]\n    },\n    {\n      \"Sid\": \"\",\n      \"Effect\": \"Allow\",\n      \"Action\": [\n        \"logs:PutLogEvents\",\n        \"logs:CreateLogStream\",\n        \"logs:CreateLogGroup\"\n      ],\n      \"Resource\": \"arn:aws:logs:*:*:*\"\n    }\n  ]\n}",
            "override_json": null,
            "policy_id": null,
            "source_json": null,
            "statement": [
              {
                "actions": [
                  "s3:GetObject",
                  "s3:ListBucket"
                ],
                "condition": [],
                "effect": "Allow",
                "not_actions": [],
                "not_principals": [],
                "not_resources": [],
                "principals": [],
                "resources": [
                  "arn:aws:s3:::akerl-private-files",
                  "arn:aws:s3:::akerl-private-files-config",
                  "arn:aws:s3:::akerl-private-files-config/*",
                  "arn:aws:s3:::akerl-private-files/*"
                ],
                "sid": ""
              },
              {
                "actions": [
                  "logs:CreateLogGroup",
                  "logs:CreateLogStream",
                  "logs:PutLogEvents"
                ],
                "condition": [],
                "effect": "Allow",
                "not_actions": [],
                "not_principals": [],
                "not_resources": [],
                "principals": [],
                "resources": [
                  "arn:aws:logs:*:*:*"
                ],
                "sid": ""
              }
            ],
            "version": "2012-10-17"
          }
        }
      ]
    },
    {
      "module": "module.akerl-private-files.module.apigw",
      "mode": "managed",
      "type": "aws_api_gateway_base_path_mapping",
      "name": "this",
      "provider": "provider[\"registry.terraform.io/hashicorp/aws\"]",
      "instances": [
        {
          "schema_version": 0,
          "attributes": {
            "api_id": "8ch9kw2mi6",
            "base_path": "",
            "domain_name": "files.scrtybybscrty.org",
            "id": "files.scrtybybscrty.org/",
            "stage_name": "prod"
          },
          "dependencies": [
            "module.akerl-private-files.module.apigw.aws_api_gateway_deployment.this",
            "module.akerl-private-files.module.apigw.aws_api_gateway_domain_name.this",
            "module.akerl-private-files.module.apigw.aws_api_gateway_integration.root",
            "module.akerl-private-files.module.apigw.aws_api_gateway_integration.this",
            "module.akerl-private-files.module.apigw.aws_api_gateway_method.root",
            "module.akerl-private-files.module.apigw.aws_api_gateway_method.this",
            "module.akerl-private-files.module.apigw.aws_api_gateway_resource.this",
            "module.akerl-private-files.module.apigw.aws_api_gateway_rest_api.this",
            "module.akerl-private-files.module.apigw.module.certificate.aws_acm_certificate.this",
            "module.akerl-private-files.module.apigw.module.certificate.aws_acm_certificate_validation.this",
            "module.akerl-private-files.module.apigw.module.certificate.aws_route53_record.validation",
            "module.akerl-private-files.module.apigw.module.lambda.aws_iam_role.lambda",
            "module.akerl-private-files.module.apigw.module.lambda.aws_lambda_function.this"
          ]
        }
      ]
    },
    {
      "module": "module.akerl-private-files.module.apigw",
      "mode": "managed",
      "type": "aws_api_gateway_deployment",
      "name": "this",
      "provider": "provider[\"registry.terraform.io/hashicorp/aws\"]",
      "instances": [
        {
          "schema_version": 0,
          "attributes": {
            "created_date": "2019-03-10T18:57:29Z",
            "description": "",
            "execution_arn": "arn:aws:execute-api:us-east-1:764218738161:8ch9kw2mi6/prod",
            "id": "mq0vyl",
            "invoke_url": "https://8ch9kw2mi6.execute-api.us-east-1.amazonaws.com/prod",
            "rest_api_id": "8ch9kw2mi6",
            "stage_description": null,
            "stage_name": "prod",
            "variables": {
              "bucket": "akerl-private-files"
            }
          },
          "dependencies": [
            "module.akerl-private-files.module.apigw.aws_api_gateway_integration.root",
            "module.akerl-private-files.module.apigw.aws_api_gateway_integration.this",
            "module.akerl-private-files.module.apigw.aws_api_gateway_method.root",
            "module.akerl-private-files.module.apigw.aws_api_gateway_method.this",
            "module.akerl-private-files.module.apigw.aws_api_gateway_resource.this",
            "module.akerl-private-files.module.apigw.aws_api_gateway_rest_api.this",
            "module.akerl-private-files.module.apigw.module.lambda.aws_iam_role.lambda",
            "module.akerl-private-files.module.apigw.module.lambda.aws_lambda_function.this"
          ]
        }
      ]
    },
    {
      "module": "module.akerl-private-files.module.apigw",
      "mode": "managed",
      "type": "aws_api_gateway_domain_name",
      "name": "this",
      "provider": "provider[\"registry.terraform.io/hashicorp/aws\"]",
      "instances": [
        {
          "schema_version": 0,
          "attributes": {
            "certificate_arn": "arn:aws:acm:us-east-1:764218738161:certificate/d06fcfaf-7f0a-499c-b300-9e973cf3ad1e",
            "certificate_body": null,
            "certificate_chain": null,
            "certificate_name": "",
            "certificate_private_key": null,
            "certificate_upload_date": "2019-03-10T20:05:58Z",
            "cloudfront_domain_name": "dlo0riio86e63.cloudfront.net",
            "cloudfront_zone_id": "Z2FDTNDATAQYW2",
            "domain_name": "files.scrtybybscrty.org",
            "endpoint_configuration": [
              {
                "types": [
                  "EDGE"
                ]
              }
            ],
            "id": "files.scrtybybscrty.org",
            "regional_certificate_arn": "",
            "regional_certificate_name": "",
            "regional_domain_name": "",
            "regional_zone_id": "",
            "security_policy": "TLS_1_0"
          },
          "dependencies": [
            "module.akerl-private-files.module.apigw.module.certificate.aws_acm_certificate.this",
            "module.akerl-private-files.module.apigw.module.certificate.aws_acm_certificate_validation.this",
            "module.akerl-private-files.module.apigw.module.certificate.aws_route53_record.validation"
          ]
        }
      ]
    },
    {
      "module": "module.akerl-private-files.module.apigw",
      "mode": "managed",
      "type": "aws_api_gateway_integration",
      "name": "root",
      "provider": "provider[\"registry.terraform.io/hashicorp/aws\"]",
      "instances": [
        {
          "schema_version": 0,
          "attributes": {
            "cache_key_parameters": [],
            "cache_namespace": "a1caa6jjx4",
            "connection_id": "",
            "connection_type": "INTERNET",
            "content_handling": "",
            "credentials": "",
            "http_method": "ANY",
            "id": "agi-8ch9kw2mi6-a1caa6jjx4-ANY",
            "integration_http_method": "POST",
            "passthrough_behavior": "WHEN_NO_MATCH",
            "request_parameters": {},
            "request_parameters_in_json": null,
            "request_templates": {},
            "resource_id": "a1caa6jjx4",
            "rest_api_id": "8ch9kw2mi6",
            "timeout_milliseconds": 29000,
            "type": "AWS_PROXY",
            "uri": "arn:aws:apigateway:us-east-1:lambda:path/2015-03-31/functions/arn:aws:lambda:us-east-1:764218738161:function:s3authproxy_akerl-private-files-config/invocations"
          },
          "dependencies": [
            "module.akerl-private-files.module.apigw.aws_api_gateway_method.root",
            "module.akerl-private-files.module.apigw.aws_api_gateway_rest_api.this",
            "module.akerl-private-files.module.apigw.module.lambda.aws_iam_role.lambda",
            "module.akerl-private-files.module.apigw.module.lambda.aws_lambda_function.this"
          ]
        }
      ]
    },
    {
      "module": "module.akerl-private-files.module.apigw",
      "mode": "managed",
      "type": "aws_api_gateway_integration",
      "name": "this",
      "provider": "provider[\"registry.terraform.io/hashicorp/aws\"]",
      "instances": [
        {
          "schema_version": 0,
          "attributes": {
            "cache_key_parameters": [],
            "cache_namespace": "5xwrlv",
            "connection_id": "",
            "connection_type": "INTERNET",
            "content_handling": "",
            "credentials": "",
            "http_method": "ANY",
            "id": "agi-8ch9kw2mi6-5xwrlv-ANY",
            "integration_http_method": "POST",
            "passthrough_behavior": "WHEN_NO_MATCH",
            "request_parameters": {},
            "request_parameters_in_json": null,
            "request_templates": {},
            "resource_id": "5xwrlv",
            "rest_api_id": "8ch9kw2mi6",
            "timeout_milliseconds": 29000,
            "type": "AWS_PROXY",
            "uri": "arn:aws:apigateway:us-east-1:lambda:path/2015-03-31/functions/arn:aws:lambda:us-east-1:764218738161:function:s3authproxy_akerl-private-files-config/invocations"
          },
          "dependencies": [
            "module.akerl-private-files.module.apigw.aws_api_gateway_method.this",
            "module.akerl-private-files.module.apigw.aws_api_gateway_resource.this",
            "module.akerl-private-files.module.apigw.aws_api_gateway_rest_api.this",
            "module.akerl-private-files.module.apigw.module.lambda.aws_iam_role.lambda",
            "module.akerl-private-files.module.apigw.module.lambda.aws_lambda_function.this"
          ]
        }
      ]
    },
    {
      "module": "module.akerl-private-files.module.apigw",
      "mode": "managed",
      "type": "aws_api_gateway_method",
      "name": "root",
      "provider": "provider[\"registry.terraform.io/hashicorp/aws\"]",
      "instances": [
        {
          "schema_version": 0,
          "attributes": {
            "api_key_required": false,
            "authorization": "NONE",
            "authorization_scopes": [],
            "authorizer_id": "",
            "http_method": "ANY",
            "id": "agm-8ch9kw2mi6-a1caa6jjx4-ANY",
            "request_models": {},
            "request_parameters": {},
            "request_parameters_in_json": null,
            "request_validator_id": "",
            "resource_id": "a1caa6jjx4",
            "rest_api_id": "8ch9kw2mi6"
          },
          "dependencies": [
            "module.akerl-private-files.module.apigw.aws_api_gateway_rest_api.this"
          ]
        }
      ]
    },
    {
      "module": "module.akerl-private-files.module.apigw",
      "mode": "managed",
      "type": "aws_api_gateway_method",
      "name": "this",
      "provider": "provider[\"registry.terraform.io/hashicorp/aws\"]",
      "instances": [
        {
          "schema_version": 0,
          "attributes": {
            "api_key_required": false,
            "authorization": "NONE",
            "authorization_scopes": [],
            "authorizer_id": "",
            "http_method": "ANY",
            "id": "agm-8ch9kw2mi6-5xwrlv-ANY",
            "request_models": {},
            "request_parameters": {},
            "request_parameters_in_json": null,
            "request_validator_id": "",
            "resource_id": "5xwrlv",
            "rest_api_id": "8ch9kw2mi6"
          },
          "dependencies": [
            "module.akerl-private-files.module.apigw.aws_api_gateway_resource.this",
            "module.akerl-private-files.module.apigw.aws_api_gateway_rest_api.this"
          ]
        }
      ]
    },
    {
      "module": "module.akerl-private-files.module.apigw",
      "mode": "managed",
      "type": "aws_api_gateway_method_settings",
      "name": "settings",
      "provider": "provider[\"registry.terraform.io/hashicorp/aws\"]",
      "instances": [
        {
          "schema_version": 0,
          "attributes": {
            "id": "8ch9kw2mi6-prod-*/*",
            "method_path": "*/*",
            "rest_api_id": "8ch9kw2mi6",
            "settings": [
              {
                "cache_data_encrypted": false,
                "cache_ttl_in_seconds": 0,
                "caching_enabled": false,
                "data_trace_enabled": false,
                "logging_level": "INFO",
                "metrics_enabled": true,
                "require_authorization_for_cache_control": false,
                "throttling_burst_limit": 0,
                "throttling_rate_limit": 0,
                "unauthorized_cache_control_header_strategy": ""
              }
            ],
            "stage_name": "prod"
          },
          "dependencies": [
            "module.akerl-private-files.module.apigw.aws_api_gateway_deployment.this",
            "module.akerl-private-files.module.apigw.aws_api_gateway_integration.root",
            "module.akerl-private-files.module.apigw.aws_api_gateway_integration.this",
            "module.akerl-private-files.module.apigw.aws_api_gateway_method.root",
            "module.akerl-private-files.module.apigw.aws_api_gateway_method.this",
            "module.akerl-private-files.module.apigw.aws_api_gateway_resource.this",
            "module.akerl-private-files.module.apigw.aws_api_gateway_rest_api.this",
            "module.akerl-private-files.module.apigw.module.lambda.aws_iam_role.lambda",
            "module.akerl-private-files.module.apigw.module.lambda.aws_lambda_function.this"
          ]
        }
      ]
    },
    {
      "module": "module.akerl-private-files.module.apigw",
      "mode": "managed",
      "type": "aws_api_gateway_resource",
      "name": "this",
      "provider": "provider[\"registry.terraform.io/hashicorp/aws\"]",
      "instances": [
        {
          "schema_version": 0,
          "attributes": {
            "id": "5xwrlv",
            "parent_id": "a1caa6jjx4",
            "path": "/{path+}",
            "path_part": "{path+}",
            "rest_api_id": "8ch9kw2mi6"
          },
          "dependencies": [
            "module.akerl-private-files.module.apigw.aws_api_gateway_rest_api.this"
          ]
        }
      ]
    },
    {
      "module": "module.akerl-private-files.module.apigw",
      "mode": "managed",
      "type": "aws_api_gateway_rest_api",
      "name": "this",
      "provider": "provider[\"registry.terraform.io/hashicorp/aws\"]",
      "instances": [
        {
          "schema_version": 0,
          "attributes": {
            "api_key_source": "HEADER",
            "binary_media_types": [],
            "body": null,
            "created_date": "2019-03-10T13:06:23Z",
            "description": "",
            "endpoint_configuration": [
              {
                "types": [
                  "EDGE"
                ]
              }
            ],
            "execution_arn": "arn:aws:execute-api:us-east-1:764218738161:8ch9kw2mi6",
            "id": "8ch9kw2mi6",
            "minimum_compression_size": -1,
            "name": "s3authproxy_akerl-private-files-config",
            "policy": "",
            "root_resource_id": "a1caa6jjx4"
          }
        }
      ]
    },
    {
      "module": "module.akerl-private-files.module.apigw.module.certificate",
      "mode": "data",
      "type": "aws_route53_zone",
      "name": "parent",
      "provider": "provider[\"registry.terraform.io/hashicorp/aws\"]",
      "instances": [
        {
          "index_key": 0,
          "schema_version": 0,
          "attributes": {
            "caller_reference": "2016-09-14T19:18:10.523044235-04:00",
            "comment": "Managed by Terraform",
            "id": "Z11UY811DI2S1K",
            "linked_service_description": null,
            "linked_service_principal": null,
            "name": "scrtybybscrty.org.",
            "name_servers": [
              "ns-1242.awsdns-27.org",
              "ns-477.awsdns-59.com",
              "ns-808.awsdns-37.net",
              "ns-1942.awsdns-50.co.uk"
            ],
            "private_zone": false,
            "resource_record_set_count": 22,
            "tags": null,
            "vpc_id": null,
            "zone_id": "Z11UY811DI2S1K"
          }
        }
      ]
    },
    {
      "module": "module.akerl-private-files.module.apigw.module.certificate",
      "mode": "managed",
      "type": "aws_acm_certificate",
      "name": "this",
      "provider": "provider[\"registry.terraform.io/hashicorp/aws\"]",
      "instances": [
        {
          "schema_version": 0,
          "attributes": {
            "arn": "arn:aws:acm:us-east-1:764218738161:certificate/d06fcfaf-7f0a-499c-b300-9e973cf3ad1e",
            "certificate_authority_arn": "",
            "certificate_body": null,
            "certificate_chain": null,
            "domain_name": "files.scrtybybscrty.org",
            "domain_validation_options": [
              {
                "domain_name": "files.scrtybybscrty.org",
                "resource_record_name": "_2f21b6cedc1be4b68b4cec71ed4ef38d.files.scrtybybscrty.org.",
                "resource_record_type": "CNAME",
                "resource_record_value": "_52203434cdc47059de13f5a2abf63c64.hkvuiqjoua.acm-validations.aws."
              }
            ],
            "id": "arn:aws:acm:us-east-1:764218738161:certificate/d06fcfaf-7f0a-499c-b300-9e973cf3ad1e",
            "options": [
              {
                "certificate_transparency_logging_preference": "ENABLED"
              }
            ],
            "private_key": null,
            "subject_alternative_names": [],
            "tags": {},
            "validation_emails": [],
            "validation_method": "DNS"
          }
        }
      ]
    },
    {
      "module": "module.akerl-private-files.module.apigw.module.certificate",
      "mode": "managed",
      "type": "aws_acm_certificate_validation",
      "name": "this",
      "provider": "provider[\"registry.terraform.io/hashicorp/aws\"]",
      "instances": [
        {
          "schema_version": 0,
          "attributes": {
            "certificate_arn": "arn:aws:acm:us-east-1:764218738161:certificate/d06fcfaf-7f0a-499c-b300-9e973cf3ad1e",
            "id": "2020-02-11 01:42:29 +0000 UTC",
            "timeouts": null,
            "validation_record_fqdns": [
              "_2f21b6cedc1be4b68b4cec71ed4ef38d.files.scrtybybscrty.org"
            ]
          },
          "private": "eyJlMmJmYjczMC1lY2FhLTExZTYtOGY4OC0zNDM2M2JjN2M0YzAiOnsiY3JlYXRlIjoyNzAwMDAwMDAwMDAwfX0=",
          "dependencies": [
            "module.akerl-private-files.module.apigw.module.certificate.aws_acm_certificate.this",
            "module.akerl-private-files.module.apigw.module.certificate.aws_route53_record.validation"
          ]
        }
      ]
    },
    {
      "module": "module.akerl-private-files.module.apigw.module.certificate",
      "mode": "managed",
      "type": "aws_route53_record",
      "name": "validation",
      "provider": "provider[\"registry.terraform.io/hashicorp/aws\"]",
      "instances": [
        {
          "index_key": 0,
          "schema_version": 2,
          "attributes": {
            "alias": [],
            "allow_overwrite": null,
            "failover_routing_policy": [],
            "fqdn": "_2f21b6cedc1be4b68b4cec71ed4ef38d.files.scrtybybscrty.org",
            "geolocation_routing_policy": [],
            "health_check_id": "",
            "id": "Z11UY811DI2S1K__2f21b6cedc1be4b68b4cec71ed4ef38d.files.scrtybybscrty.org._CNAME",
            "latency_routing_policy": [],
            "multivalue_answer_routing_policy": null,
            "name": "_2f21b6cedc1be4b68b4cec71ed4ef38d.files.scrtybybscrty.org",
            "records": [
              "_52203434cdc47059de13f5a2abf63c64.hkvuiqjoua.acm-validations.aws."
            ],
            "set_identifier": "",
            "ttl": 60,
            "type": "CNAME",
            "weighted_routing_policy": [],
            "zone_id": "Z11UY811DI2S1K"
          },
          "private": "eyJzY2hlbWFfdmVyc2lvbiI6IjIifQ==",
          "dependencies": [
            "module.akerl-private-files.module.apigw.module.certificate.aws_acm_certificate.this"
          ]
        }
      ]
    },
    {
      "module": "module.akerl-private-files.module.apigw.module.lambda",
      "mode": "data",
      "type": "aws_iam_policy_document",
      "name": "trust",
      "provider": "provider[\"registry.terraform.io/hashicorp/aws\"]",
      "instances": [
        {
          "schema_version": 0,
          "attributes": {
            "id": "3693445097",
            "json": "{\n  \"Version\": \"2012-10-17\",\n  \"Statement\": [\n    {\n      \"Sid\": \"\",\n      \"Effect\": \"Allow\",\n      \"Action\": \"sts:AssumeRole\",\n      \"Principal\": {\n        \"Service\": \"lambda.amazonaws.com\"\n      }\n    }\n  ]\n}",
            "override_json": null,
            "policy_id": null,
            "source_json": null,
            "statement": [
              {
                "actions": [
                  "sts:AssumeRole"
                ],
                "condition": [],
                "effect": "Allow",
                "not_actions": [],
                "not_principals": [],
                "not_resources": [],
                "principals": [
                  {
                    "identifiers": [
                      "lambda.amazonaws.com"
                    ],
                    "type": "Service"
                  }
                ],
                "resources": [],
                "sid": ""
              }
            ],
            "version": "2012-10-17"
          }
        }
      ]
    },
    {
      "module": "module.akerl-private-files.module.apigw.module.lambda",
      "mode": "managed",
      "type": "aws_iam_role",
      "name": "lambda",
      "provider": "provider[\"registry.terraform.io/hashicorp/aws\"]",
      "instances": [
        {
          "schema_version": 0,
          "attributes": {
            "arn": "arn:aws:iam::764218738161:role/s3authproxy_akerl-private-files-config",
            "assume_role_policy": "{\"Version\":\"2012-10-17\",\"Statement\":[{\"Sid\":\"\",\"Effect\":\"Allow\",\"Principal\":{\"Service\":\"lambda.amazonaws.com\"},\"Action\":\"sts:AssumeRole\"}]}",
            "create_date": "2019-03-10T13:06:15Z",
            "description": "",
            "force_detach_policies": false,
            "id": "s3authproxy_akerl-private-files-config",
            "max_session_duration": 3600,
            "name": "s3authproxy_akerl-private-files-config",
            "name_prefix": null,
            "path": "/",
            "permissions_boundary": null,
            "tags": {},
            "unique_id": "AROAJBPTKK3FBTWADJCSE"
          }
        }
      ]
    },
    {
      "module": "module.akerl-private-files.module.apigw.module.lambda",
      "mode": "managed",
      "type": "aws_iam_role_policy",
      "name": "lambda_perms",
      "provider": "provider[\"registry.terraform.io/hashicorp/aws\"]",
      "instances": [
        {
          "schema_version": 0,
          "attributes": {
            "id": "s3authproxy_akerl-private-files-config:lambda_perms",
            "name": "lambda_perms",
            "name_prefix": null,
            "policy": "{\n  \"Version\": \"2012-10-17\",\n  \"Statement\": [\n    {\n      \"Sid\": \"\",\n      \"Effect\": \"Allow\",\n      \"Action\": [\n        \"s3:ListBucket\",\n        \"s3:GetObject\"\n      ],\n      \"Resource\": [\n        \"arn:aws:s3:::akerl-private-files/*\",\n        \"arn:aws:s3:::akerl-private-files-config/*\",\n        \"arn:aws:s3:::akerl-private-files-config\",\n        \"arn:aws:s3:::akerl-private-files\"\n      ]\n    },\n    {\n      \"Sid\": \"\",\n      \"Effect\": \"Allow\",\n      \"Action\": [\n        \"logs:PutLogEvents\",\n        \"logs:CreateLogStream\",\n        \"logs:CreateLogGroup\"\n      ],\n      \"Resource\": \"arn:aws:logs:*:*:*\"\n    }\n  ]\n}",
            "role": "s3authproxy_akerl-private-files-config"
          },
          "dependencies": [
            "module.akerl-private-files.module.apigw.module.lambda.aws_iam_role.lambda"
          ]
        }
      ]
    },
    {
      "module": "module.akerl-private-files.module.apigw.module.lambda",
      "mode": "managed",
      "type": "aws_lambda_function",
      "name": "this",
      "provider": "provider[\"registry.terraform.io/hashicorp/aws\"]",
      "instances": [
        {
          "schema_version": 0,
          "attributes": {
            "arn": "arn:aws:lambda:us-east-1:764218738161:function:s3authproxy_akerl-private-files-config",
            "dead_letter_config": [],
            "description": "",
            "environment": [
              {
                "variables": {
                  "S3_BUCKET": "akerl-private-files-config",
                  "S3_KEY": "config.yaml"
                }
              }
            ],
            "filename": null,
            "function_name": "s3authproxy_akerl-private-files-config",
            "handler": "main",
            "id": "s3authproxy_akerl-private-files-config",
            "invoke_arn": "arn:aws:apigateway:us-east-1:lambda:path/2015-03-31/functions/arn:aws:lambda:us-east-1:764218738161:function:s3authproxy_akerl-private-files-config/invocations",
            "kms_key_arn": "",
            "last_modified": "2019-07-11T22:08:43.887+0000",
            "layers": [],
            "memory_size": 128,
            "publish": false,
            "qualified_arn": "arn:aws:lambda:us-east-1:764218738161:function:s3authproxy_akerl-private-files-config:$LATEST",
            "reserved_concurrent_executions": -1,
            "role": "arn:aws:iam::764218738161:role/s3authproxy_akerl-private-files-config",
            "runtime": "go1.x",
            "s3_bucket": "akerl-s3authproxy",
            "s3_key": "v0.0.7.zip",
            "s3_object_version": null,
            "source_code_hash": "nHZWn3zsjDMG3cbHq6DWTQVOKssXKPAXyYZJymQ2Pyg=",
            "source_code_size": 7569804,
            "tags": {},
            "timeout": 10,
            "timeouts": {
              "create": null
            },
            "tracing_config": [
              {
                "mode": "PassThrough"
              }
            ],
            "version": "$LATEST",
            "vpc_config": []
          },
          "private": "eyJlMmJmYjczMC1lY2FhLTExZTYtOGY4OC0zNDM2M2JjN2M0YzAiOnsiY3JlYXRlIjo2MDAwMDAwMDAwMDB9fQ==",
          "dependencies": [
            "module.akerl-private-files.module.apigw.module.lambda.aws_iam_role.lambda"
          ]
        }
      ]
    },
    {
      "module": "module.akerl-private-files.module.apigw.module.lambda",
      "mode": "managed",
      "type": "aws_lambda_permission",
      "name": "allow_source",
      "provider": "provider[\"registry.terraform.io/hashicorp/aws\"]",
      "instances": [
        {
          "index_key": 0,
          "schema_version": 0,
          "attributes": {
            "action": "lambda:InvokeFunction",
            "event_source_token": null,
            "function_name": "s3authproxy_akerl-private-files-config",
            "id": "AllowExecutionFromApigateway",
            "principal": "apigateway.amazonaws.com",
            "qualifier": "",
            "source_account": null,
            "source_arn": "arn:aws:execute-api:us-east-1:764218738161:8ch9kw2mi6/*",
            "statement_id": "AllowExecutionFromApigateway",
            "statement_id_prefix": null
          },
          "dependencies": [
            "module.akerl-private-files.module.apigw.aws_api_gateway_rest_api.this",
            "module.akerl-private-files.module.apigw.module.lambda.aws_iam_role.lambda",
            "module.akerl-private-files.module.apigw.module.lambda.aws_lambda_function.this"
          ]
        }
      ]
    },
    {
      "module": "module.akerl-private-files.module.config_user",
      "mode": "data",
      "type": "aws_iam_policy_document",
      "name": "this",
      "provider": "provider[\"registry.terraform.io/hashicorp/aws\"]",
      "instances": [
        {
          "schema_version": 0,
          "attributes": {
            "id": "3701077179",
            "json": "{\n  \"Version\": \"2012-10-17\",\n  \"Statement\": [\n    {\n      \"Sid\": \"\",\n      \"Effect\": \"Allow\",\n      \"Action\": [\n        \"s3:PutObject\",\n        \"s3:ListBucket\",\n        \"s3:ListAllMyBuckets\",\n        \"s3:GetObjectAcl\",\n        \"s3:GetObject\",\n        \"s3:GetBucketLocation\",\n        \"s3:GetBucketAcl\",\n        \"s3:DeleteObject\"\n      ],\n      \"Resource\": [\n        \"arn:aws:s3:::akerl-private-files-config/*\",\n        \"arn:aws:s3:::akerl-private-files-config\"\n      ]\n    }\n  ]\n}",
            "override_json": null,
            "policy_id": null,
            "source_json": null,
            "statement": [
              {
                "actions": [
                  "s3:DeleteObject",
                  "s3:GetBucketAcl",
                  "s3:GetBucketLocation",
                  "s3:GetObject",
                  "s3:GetObjectAcl",
                  "s3:ListAllMyBuckets",
                  "s3:ListBucket",
                  "s3:PutObject"
                ],
                "condition": [],
                "effect": "Allow",
                "not_actions": [],
                "not_principals": [],
                "not_resources": [],
                "principals": [],
                "resources": [
                  "arn:aws:s3:::akerl-private-files-config",
                  "arn:aws:s3:::akerl-private-files-config/*"
                ],
                "sid": ""
              }
            ],
            "version": "2012-10-17"
          }
        }
      ]
    },
    {
      "module": "module.akerl-private-files.module.config_user",
      "mode": "managed",
      "type": "aws_iam_user",
      "name": "this",
      "provider": "provider[\"registry.terraform.io/hashicorp/aws\"]",
      "instances": [
        {
          "schema_version": 0,
          "attributes": {
            "arn": "arn:aws:iam::764218738161:user/s3-publish-akerl-private-files-config",
            "force_destroy": false,
            "id": "s3-publish-akerl-private-files-config",
            "name": "s3-publish-akerl-private-files-config",
            "path": "/",
            "permissions_boundary": null,
            "tags": {},
            "unique_id": "AIDAIMLALWVC6S4WYV266"
          }
        }
      ]
    },
    {
      "module": "module.akerl-private-files.module.config_user",
      "mode": "managed",
      "type": "aws_iam_user_policy",
      "name": "this",
      "provider": "provider[\"registry.terraform.io/hashicorp/aws\"]",
      "instances": [
        {
          "schema_version": 0,
          "attributes": {
            "id": "s3-publish-akerl-private-files-config:s3-publish",
            "name": "s3-publish",
            "name_prefix": null,
            "policy": "{\n  \"Version\": \"2012-10-17\",\n  \"Statement\": [\n    {\n      \"Sid\": \"\",\n      \"Effect\": \"Allow\",\n      \"Action\": [\n        \"s3:PutObject\",\n        \"s3:ListBucket\",\n        \"s3:ListAllMyBuckets\",\n        \"s3:GetObjectAcl\",\n        \"s3:GetObject\",\n        \"s3:GetBucketLocation\",\n        \"s3:GetBucketAcl\",\n        \"s3:DeleteObject\"\n      ],\n      \"Resource\": [\n        \"arn:aws:s3:::akerl-private-files-config/*\",\n        \"arn:aws:s3:::akerl-private-files-config\"\n      ]\n    }\n  ]\n}",
            "user": "s3-publish-akerl-private-files-config"
          },
          "dependencies": [
            "module.akerl-private-files.module.config_user.aws_iam_user.this"
          ]
        }
      ]
    },
    {
      "module": "module.akerl-private-files.module.config_user",
      "mode": "managed",
      "type": "aws_s3_bucket",
      "name": "this",
      "provider": "provider[\"registry.terraform.io/hashicorp/aws\"]",
      "instances": [
        {
          "index_key": 0,
          "schema_version": 0,
          "attributes": {
            "acceleration_status": "",
            "acl": "private",
            "arn": "arn:aws:s3:::akerl-private-files-config",
            "bucket": "akerl-private-files-config",
            "bucket_domain_name": "akerl-private-files-config.s3.amazonaws.com",
            "bucket_prefix": null,
            "bucket_regional_domain_name": "akerl-private-files-config.s3.amazonaws.com",
            "cors_rule": [],
            "force_destroy": false,
            "hosted_zone_id": "Z3AQBSTGFYJSTF",
            "id": "akerl-private-files-config",
            "lifecycle_rule": [],
            "logging": [
              {
                "target_bucket": "akerl-s3-logs",
                "target_prefix": "akerl-private-files-config/"
              }
            ],
            "object_lock_configuration": [],
            "policy": null,
            "region": "us-east-1",
            "replication_configuration": [],
            "request_payer": "BucketOwner",
            "server_side_encryption_configuration": [],
            "tags": {},
            "versioning": [
              {
                "enabled": true,
                "mfa_delete": false
              }
            ],
            "website": [],
            "website_domain": null,
            "website_endpoint": null
          },
          "dependencies": [
            "module.account.aws_s3_bucket.logging"
          ]
        }
      ]
    },
    {
      "module": "module.akerl-private-files.module.config_user",
      "mode": "managed",
      "type": "awscreds_iam_access_key",
      "name": "this",
      "provider": "provider[\"terraform.scrtybybscrty.org/armorfret/awscreds\"]",
      "instances": [
        {
          "schema_version": 0,
          "attributes": {
            "encrypted_secret": null,
            "file": "creds/s3-publish-akerl-private-files-config",
            "id": "AKIAJ4HMUAPNBM5OO7MQ",
            "key_fingerprint": null,
            "pgp_key": null,
            "secret": "",
            "ses_smtp_password": "",
            "status": "Active",
            "user": "s3-publish-akerl-private-files-config"
          },
          "dependencies": [
            "module.akerl-private-files.module.config_user.aws_iam_user.this"
          ]
        }
      ]
    },
    {
      "module": "module.akerl-private-files.module.publish_user",
      "mode": "data",
      "type": "aws_iam_policy_document",
      "name": "this",
      "provider": "provider[\"registry.terraform.io/hashicorp/aws\"]",
      "instances": [
        {
          "schema_version": 0,
          "attributes": {
            "id": "648676627",
            "json": "{\n  \"Version\": \"2012-10-17\",\n  \"Statement\": [\n    {\n      \"Sid\": \"\",\n      \"Effect\": \"Allow\",\n      \"Action\": [\n        \"s3:PutObject\",\n        \"s3:ListBucket\",\n        \"s3:ListAllMyBuckets\",\n        \"s3:GetObjectAcl\",\n        \"s3:GetObject\",\n        \"s3:GetBucketLocation\",\n        \"s3:GetBucketAcl\",\n        \"s3:DeleteObject\"\n      ],\n      \"Resource\": [\n        \"arn:aws:s3:::akerl-private-files/*\",\n        \"arn:aws:s3:::akerl-private-files\"\n      ]\n    }\n  ]\n}",
            "override_json": null,
            "policy_id": null,
            "source_json": null,
            "statement": [
              {
                "actions": [
                  "s3:DeleteObject",
                  "s3:GetBucketAcl",
                  "s3:GetBucketLocation",
                  "s3:GetObject",
                  "s3:GetObjectAcl",
                  "s3:ListAllMyBuckets",
                  "s3:ListBucket",
                  "s3:PutObject"
                ],
                "condition": [],
                "effect": "Allow",
                "not_actions": [],
                "not_principals": [],
                "not_resources": [],
                "principals": [],
                "resources": [
                  "arn:aws:s3:::akerl-private-files",
                  "arn:aws:s3:::akerl-private-files/*"
                ],
                "sid": ""
              }
            ],
            "version": "2012-10-17"
          }
        }
      ]
    },
    {
      "module": "module.akerl-private-files.module.publish_user",
      "mode": "managed",
      "type": "aws_iam_user",
      "name": "this",
      "provider": "provider[\"registry.terraform.io/hashicorp/aws\"]",
      "instances": [
        {
          "schema_version": 0,
          "attributes": {
            "arn": "arn:aws:iam::764218738161:user/s3-publish-akerl-private-files",
            "force_destroy": false,
            "id": "s3-publish-akerl-private-files",
            "name": "s3-publish-akerl-private-files",
            "path": "/",
            "permissions_boundary": null,
            "tags": {},
            "unique_id": "AIDAIL33VKCD2ZXWS7H6I"
          }
        }
      ]
    },
    {
      "module": "module.akerl-private-files.module.publish_user",
      "mode": "managed",
      "type": "aws_iam_user_policy",
      "name": "this",
      "provider": "provider[\"registry.terraform.io/hashicorp/aws\"]",
      "instances": [
        {
          "schema_version": 0,
          "attributes": {
            "id": "s3-publish-akerl-private-files:s3-publish",
            "name": "s3-publish",
            "name_prefix": null,
            "policy": "{\n  \"Version\": \"2012-10-17\",\n  \"Statement\": [\n    {\n      \"Sid\": \"\",\n      \"Effect\": \"Allow\",\n      \"Action\": [\n        \"s3:PutObject\",\n        \"s3:ListBucket\",\n        \"s3:ListAllMyBuckets\",\n        \"s3:GetObjectAcl\",\n        \"s3:GetObject\",\n        \"s3:GetBucketLocation\",\n        \"s3:GetBucketAcl\",\n        \"s3:DeleteObject\"\n      ],\n      \"Resource\": [\n        \"arn:aws:s3:::akerl-private-files/*\",\n        \"arn:aws:s3:::akerl-private-files\"\n      ]\n    }\n  ]\n}",
            "user": "s3-publish-akerl-private-files"
          },
          "dependencies": [
            "module.akerl-private-files.module.publish_user.aws_iam_user.this"
          ]
        }
      ]
    },
    {
      "module": "module.akerl-private-files.module.publish_user",
      "mode": "managed",
      "type": "aws_s3_bucket",
      "name": "this",
      "provider": "provider[\"registry.terraform.io/hashicorp/aws\"]",
      "instances": [
        {
          "index_key": 0,
          "schema_version": 0,
          "attributes": {
            "acceleration_status": "",
            "acl": "private",
            "arn": "arn:aws:s3:::akerl-private-files",
            "bucket": "akerl-private-files",
            "bucket_domain_name": "akerl-private-files.s3.amazonaws.com",
            "bucket_prefix": null,
            "bucket_regional_domain_name": "akerl-private-files.s3.amazonaws.com",
            "cors_rule": [],
            "force_destroy": false,
            "hosted_zone_id": "Z3AQBSTGFYJSTF",
            "id": "akerl-private-files",
            "lifecycle_rule": [],
            "logging": [
              {
                "target_bucket": "akerl-s3-logs",
                "target_prefix": "akerl-private-files/"
              }
            ],
            "object_lock_configuration": [],
            "policy": null,
            "region": "us-east-1",
            "replication_configuration": [],
            "request_payer": "BucketOwner",
            "server_side_encryption_configuration": [],
            "tags": {},
            "versioning": [
              {
                "enabled": true,
                "mfa_delete": false
              }
            ],
            "website": [],
            "website_domain": null,
            "website_endpoint": null
          },
          "dependencies": [
            "module.account.aws_s3_bucket.logging"
          ]
        }
      ]
    },
    {
      "module": "module.akerl-private-files.module.publish_user",
      "mode": "managed",
      "type": "awscreds_iam_access_key",
      "name": "this",
      "provider": "provider[\"terraform.scrtybybscrty.org/armorfret/awscreds\"]",
      "instances": [
        {
          "schema_version": 0,
          "attributes": {
            "encrypted_secret": null,
            "file": "creds/s3-publish-akerl-private-files",
            "id": "AKIAIXYNCNLEDFADEZVA",
            "key_fingerprint": null,
            "pgp_key": null,
            "secret": "",
            "ses_smtp_password": "",
            "status": "Active",
            "user": "s3-publish-akerl-private-files"
          },
          "dependencies": [
            "module.akerl-private-files.module.publish_user.aws_iam_user.this"
          ]
        }
      ]
    },
    {
      "module": "module.akerl-quote-auth",
      "mode": "data",
      "type": "aws_iam_policy_document",
      "name": "lambda_perms",
      "provider": "provider[\"registry.terraform.io/hashicorp/aws\"]",
      "instances": [
        {
          "schema_version": 0,
          "attributes": {
            "id": "2907632033",
            "json": "{\n  \"Version\": \"2012-10-17\",\n  \"Statement\": [\n    {\n      \"Sid\": \"\",\n      \"Effect\": \"Allow\",\n      \"Action\": [\n        \"s3:ListBucket\",\n        \"s3:GetObject\"\n      ],\n      \"Resource\": [\n        \"arn:aws:s3:::akerl-quote-auth/*\",\n        \"arn:aws:s3:::akerl-quote-auth\"\n      ]\n    },\n    {\n      \"Sid\": \"\",\n      \"Effect\": \"Allow\",\n      \"Action\": [\n        \"logs:PutLogEvents\",\n        \"logs:CreateLogStream\",\n        \"logs:CreateLogGroup\"\n      ],\n      \"Resource\": \"arn:aws:logs:*:*:*\"\n    }\n  ]\n}",
            "override_json": null,
            "policy_id": null,
            "source_json": null,
            "statement": [
              {
                "actions": [
                  "s3:GetObject",
                  "s3:ListBucket"
                ],
                "condition": [],
                "effect": "Allow",
                "not_actions": [],
                "not_principals": [],
                "not_resources": [],
                "principals": [],
                "resources": [
                  "arn:aws:s3:::akerl-quote-auth",
                  "arn:aws:s3:::akerl-quote-auth/*"
                ],
                "sid": ""
              },
              {
                "actions": [
                  "logs:CreateLogGroup",
                  "logs:CreateLogStream",
                  "logs:PutLogEvents"
                ],
                "condition": [],
                "effect": "Allow",
                "not_actions": [],
                "not_principals": [],
                "not_resources": [],
                "principals": [],
                "resources": [
                  "arn:aws:logs:*:*:*"
                ],
                "sid": ""
              }
            ],
            "version": "2012-10-17"
          }
        }
      ]
    },
    {
      "module": "module.akerl-quote-auth.module.apigw",
      "mode": "managed",
      "type": "aws_api_gateway_base_path_mapping",
      "name": "this",
      "provider": "provider[\"registry.terraform.io/hashicorp/aws\"]",
      "instances": [
        {
          "schema_version": 0,
          "attributes": {
            "api_id": "q2p2gdrqcf",
            "base_path": "",
            "domain_name": "auth.coolquotes.xyz",
            "id": "auth.coolquotes.xyz/",
            "stage_name": "prod"
          },
          "dependencies": [
            "module.akerl-quote-auth.module.apigw.aws_api_gateway_deployment.this",
            "module.akerl-quote-auth.module.apigw.aws_api_gateway_domain_name.this",
            "module.akerl-quote-auth.module.apigw.aws_api_gateway_integration.root",
            "module.akerl-quote-auth.module.apigw.aws_api_gateway_integration.this",
            "module.akerl-quote-auth.module.apigw.aws_api_gateway_method.root",
            "module.akerl-quote-auth.module.apigw.aws_api_gateway_method.this",
            "module.akerl-quote-auth.module.apigw.aws_api_gateway_resource.this",
            "module.akerl-quote-auth.module.apigw.aws_api_gateway_rest_api.this",
            "module.akerl-quote-auth.module.apigw.module.certificate.aws_acm_certificate.this",
            "module.akerl-quote-auth.module.apigw.module.certificate.aws_acm_certificate_validation.this",
            "module.akerl-quote-auth.module.apigw.module.certificate.aws_route53_record.validation",
            "module.akerl-quote-auth.module.apigw.module.lambda.aws_iam_role.lambda",
            "module.akerl-quote-auth.module.apigw.module.lambda.aws_lambda_function.this"
          ]
        }
      ]
    },
    {
      "module": "module.akerl-quote-auth.module.apigw",
      "mode": "managed",
      "type": "aws_api_gateway_deployment",
      "name": "this",
      "provider": "provider[\"registry.terraform.io/hashicorp/aws\"]",
      "instances": [
        {
          "schema_version": 0,
          "attributes": {
            "created_date": "2019-03-10T18:57:29Z",
            "description": "",
            "execution_arn": "arn:aws:execute-api:us-east-1:764218738161:q2p2gdrqcf/prod",
            "id": "nowz5g",
            "invoke_url": "https://q2p2gdrqcf.execute-api.us-east-1.amazonaws.com/prod",
            "rest_api_id": "q2p2gdrqcf",
            "stage_description": null,
            "stage_name": "prod",
            "variables": null
          },
          "dependencies": [
            "module.akerl-quote-auth.module.apigw.aws_api_gateway_integration.root",
            "module.akerl-quote-auth.module.apigw.aws_api_gateway_integration.this",
            "module.akerl-quote-auth.module.apigw.aws_api_gateway_method.root",
            "module.akerl-quote-auth.module.apigw.aws_api_gateway_method.this",
            "module.akerl-quote-auth.module.apigw.aws_api_gateway_resource.this",
            "module.akerl-quote-auth.module.apigw.aws_api_gateway_rest_api.this",
            "module.akerl-quote-auth.module.apigw.module.lambda.aws_iam_role.lambda",
            "module.akerl-quote-auth.module.apigw.module.lambda.aws_lambda_function.this"
          ]
        }
      ]
    },
    {
      "module": "module.akerl-quote-auth.module.apigw",
      "mode": "managed",
      "type": "aws_api_gateway_domain_name",
      "name": "this",
      "provider": "provider[\"registry.terraform.io/hashicorp/aws\"]",
      "instances": [
        {
          "schema_version": 0,
          "attributes": {
            "certificate_arn": "arn:aws:acm:us-east-1:764218738161:certificate/d5162e3e-c6c0-4217-b058-172ac9dd8352",
            "certificate_body": null,
            "certificate_chain": null,
            "certificate_name": "",
            "certificate_private_key": null,
            "certificate_upload_date": "2019-03-10T13:12:57Z",
            "cloudfront_domain_name": "d1398ufz80zb1c.cloudfront.net",
            "cloudfront_zone_id": "Z2FDTNDATAQYW2",
            "domain_name": "auth.coolquotes.xyz",
            "endpoint_configuration": [
              {
                "types": [
                  "EDGE"
                ]
              }
            ],
            "id": "auth.coolquotes.xyz",
            "regional_certificate_arn": "",
            "regional_certificate_name": "",
            "regional_domain_name": "",
            "regional_zone_id": "",
            "security_policy": "TLS_1_0"
          },
          "dependencies": [
            "module.akerl-quote-auth.module.apigw.module.certificate.aws_acm_certificate.this",
            "module.akerl-quote-auth.module.apigw.module.certificate.aws_acm_certificate_validation.this",
            "module.akerl-quote-auth.module.apigw.module.certificate.aws_route53_record.validation"
          ]
        }
      ]
    },
    {
      "module": "module.akerl-quote-auth.module.apigw",
      "mode": "managed",
      "type": "aws_api_gateway_integration",
      "name": "root",
      "provider": "provider[\"registry.terraform.io/hashicorp/aws\"]",
      "instances": [
        {
          "schema_version": 0,
          "attributes": {
            "cache_key_parameters": [],
            "cache_namespace": "wyjzn8xnyf",
            "connection_id": "",
            "connection_type": "INTERNET",
            "content_handling": "",
            "credentials": "",
            "http_method": "ANY",
            "id": "agi-q2p2gdrqcf-wyjzn8xnyf-ANY",
            "integration_http_method": "POST",
            "passthrough_behavior": "WHEN_NO_MATCH",
            "request_parameters": {},
            "request_parameters_in_json": null,
            "request_templates": {},
            "resource_id": "wyjzn8xnyf",
            "rest_api_id": "q2p2gdrqcf",
            "timeout_milliseconds": 29000,
            "type": "AWS_PROXY",
            "uri": "arn:aws:apigateway:us-east-1:lambda:path/2015-03-31/functions/arn:aws:lambda:us-east-1:764218738161:function:githubauth-akerl-quote-auth/invocations"
          },
          "dependencies": [
            "module.akerl-quote-auth.module.apigw.aws_api_gateway_method.root",
            "module.akerl-quote-auth.module.apigw.aws_api_gateway_rest_api.this",
            "module.akerl-quote-auth.module.apigw.module.lambda.aws_iam_role.lambda",
            "module.akerl-quote-auth.module.apigw.module.lambda.aws_lambda_function.this"
          ]
        }
      ]
    },
    {
      "module": "module.akerl-quote-auth.module.apigw",
      "mode": "managed",
      "type": "aws_api_gateway_integration",
      "name": "this",
      "provider": "provider[\"registry.terraform.io/hashicorp/aws\"]",
      "instances": [
        {
          "schema_version": 0,
          "attributes": {
            "cache_key_parameters": [],
            "cache_namespace": "fb5wew",
            "connection_id": "",
            "connection_type": "INTERNET",
            "content_handling": "",
            "credentials": "",
            "http_method": "ANY",
            "id": "agi-q2p2gdrqcf-fb5wew-ANY",
            "integration_http_method": "POST",
            "passthrough_behavior": "WHEN_NO_MATCH",
            "request_parameters": {},
            "request_parameters_in_json": null,
            "request_templates": {},
            "resource_id": "fb5wew",
            "rest_api_id": "q2p2gdrqcf",
            "timeout_milliseconds": 29000,
            "type": "AWS_PROXY",
            "uri": "arn:aws:apigateway:us-east-1:lambda:path/2015-03-31/functions/arn:aws:lambda:us-east-1:764218738161:function:githubauth-akerl-quote-auth/invocations"
          },
          "dependencies": [
            "module.akerl-quote-auth.module.apigw.aws_api_gateway_method.this",
            "module.akerl-quote-auth.module.apigw.aws_api_gateway_resource.this",
            "module.akerl-quote-auth.module.apigw.aws_api_gateway_rest_api.this",
            "module.akerl-quote-auth.module.apigw.module.lambda.aws_iam_role.lambda",
            "module.akerl-quote-auth.module.apigw.module.lambda.aws_lambda_function.this"
          ]
        }
      ]
    },
    {
      "module": "module.akerl-quote-auth.module.apigw",
      "mode": "managed",
      "type": "aws_api_gateway_method",
      "name": "root",
      "provider": "provider[\"registry.terraform.io/hashicorp/aws\"]",
      "instances": [
        {
          "schema_version": 0,
          "attributes": {
            "api_key_required": false,
            "authorization": "NONE",
            "authorization_scopes": [],
            "authorizer_id": "",
            "http_method": "ANY",
            "id": "agm-q2p2gdrqcf-wyjzn8xnyf-ANY",
            "request_models": {},
            "request_parameters": {},
            "request_parameters_in_json": null,
            "request_validator_id": "",
            "resource_id": "wyjzn8xnyf",
            "rest_api_id": "q2p2gdrqcf"
          },
          "dependencies": [
            "module.akerl-quote-auth.module.apigw.aws_api_gateway_rest_api.this"
          ]
        }
      ]
    },
    {
      "module": "module.akerl-quote-auth.module.apigw",
      "mode": "managed",
      "type": "aws_api_gateway_method",
      "name": "this",
      "provider": "provider[\"registry.terraform.io/hashicorp/aws\"]",
      "instances": [
        {
          "schema_version": 0,
          "attributes": {
            "api_key_required": false,
            "authorization": "NONE",
            "authorization_scopes": [],
            "authorizer_id": "",
            "http_method": "ANY",
            "id": "agm-q2p2gdrqcf-fb5wew-ANY",
            "request_models": {},
            "request_parameters": {},
            "request_parameters_in_json": null,
            "request_validator_id": "",
            "resource_id": "fb5wew",
            "rest_api_id": "q2p2gdrqcf"
          },
          "dependencies": [
            "module.akerl-quote-auth.module.apigw.aws_api_gateway_resource.this",
            "module.akerl-quote-auth.module.apigw.aws_api_gateway_rest_api.this"
          ]
        }
      ]
    },
    {
      "module": "module.akerl-quote-auth.module.apigw",
      "mode": "managed",
      "type": "aws_api_gateway_method_settings",
      "name": "settings",
      "provider": "provider[\"registry.terraform.io/hashicorp/aws\"]",
      "instances": [
        {
          "schema_version": 0,
          "attributes": {
            "id": "q2p2gdrqcf-prod-*/*",
            "method_path": "*/*",
            "rest_api_id": "q2p2gdrqcf",
            "settings": [
              {
                "cache_data_encrypted": false,
                "cache_ttl_in_seconds": 0,
                "caching_enabled": false,
                "data_trace_enabled": false,
                "logging_level": "INFO",
                "metrics_enabled": true,
                "require_authorization_for_cache_control": false,
                "throttling_burst_limit": 0,
                "throttling_rate_limit": 0,
                "unauthorized_cache_control_header_strategy": ""
              }
            ],
            "stage_name": "prod"
          },
          "dependencies": [
            "module.akerl-quote-auth.module.apigw.aws_api_gateway_deployment.this",
            "module.akerl-quote-auth.module.apigw.aws_api_gateway_integration.root",
            "module.akerl-quote-auth.module.apigw.aws_api_gateway_integration.this",
            "module.akerl-quote-auth.module.apigw.aws_api_gateway_method.root",
            "module.akerl-quote-auth.module.apigw.aws_api_gateway_method.this",
            "module.akerl-quote-auth.module.apigw.aws_api_gateway_resource.this",
            "module.akerl-quote-auth.module.apigw.aws_api_gateway_rest_api.this",
            "module.akerl-quote-auth.module.apigw.module.lambda.aws_iam_role.lambda",
            "module.akerl-quote-auth.module.apigw.module.lambda.aws_lambda_function.this"
          ]
        }
      ]
    },
    {
      "module": "module.akerl-quote-auth.module.apigw",
      "mode": "managed",
      "type": "aws_api_gateway_resource",
      "name": "this",
      "provider": "provider[\"registry.terraform.io/hashicorp/aws\"]",
      "instances": [
        {
          "schema_version": 0,
          "attributes": {
            "id": "fb5wew",
            "parent_id": "wyjzn8xnyf",
            "path": "/{path+}",
            "path_part": "{path+}",
            "rest_api_id": "q2p2gdrqcf"
          },
          "dependencies": [
            "module.akerl-quote-auth.module.apigw.aws_api_gateway_rest_api.this"
          ]
        }
      ]
    },
    {
      "module": "module.akerl-quote-auth.module.apigw",
      "mode": "managed",
      "type": "aws_api_gateway_rest_api",
      "name": "this",
      "provider": "provider[\"registry.terraform.io/hashicorp/aws\"]",
      "instances": [
        {
          "schema_version": 0,
          "attributes": {
            "api_key_source": "HEADER",
            "binary_media_types": [],
            "body": null,
            "created_date": "2019-03-10T13:04:15Z",
            "description": "",
            "endpoint_configuration": [
              {
                "types": [
                  "EDGE"
                ]
              }
            ],
            "execution_arn": "arn:aws:execute-api:us-east-1:764218738161:q2p2gdrqcf",
            "id": "q2p2gdrqcf",
            "minimum_compression_size": -1,
            "name": "githubauth-akerl-quote-auth",
            "policy": "",
            "root_resource_id": "wyjzn8xnyf"
          }
        }
      ]
    },
    {
      "module": "module.akerl-quote-auth.module.apigw.module.certificate",
      "mode": "data",
      "type": "aws_route53_zone",
      "name": "parent",
      "provider": "provider[\"registry.terraform.io/hashicorp/aws\"]",
      "instances": [
        {
          "index_key": 0,
          "schema_version": 0,
          "attributes": {
            "caller_reference": "2017-09-14T01:31:08.67890792-04:00",
            "comment": "Managed by Terraform",
            "id": "Z8OAL9XXAA49Z",
            "linked_service_description": null,
            "linked_service_principal": null,
            "name": "coolquotes.xyz.",
            "name_servers": [
              "ns-1242.awsdns-27.org",
              "ns-477.awsdns-59.com",
              "ns-808.awsdns-37.net",
              "ns-1942.awsdns-50.co.uk"
            ],
            "private_zone": false,
            "resource_record_set_count": 16,
            "tags": null,
            "vpc_id": null,
            "zone_id": "Z8OAL9XXAA49Z"
          }
        }
      ]
    },
    {
      "module": "module.akerl-quote-auth.module.apigw.module.certificate",
      "mode": "managed",
      "type": "aws_acm_certificate",
      "name": "this",
      "provider": "provider[\"registry.terraform.io/hashicorp/aws\"]",
      "instances": [
        {
          "schema_version": 0,
          "attributes": {
            "arn": "arn:aws:acm:us-east-1:764218738161:certificate/d5162e3e-c6c0-4217-b058-172ac9dd8352",
            "certificate_authority_arn": "",
            "certificate_body": null,
            "certificate_chain": null,
            "domain_name": "auth.coolquotes.xyz",
            "domain_validation_options": [
              {
                "domain_name": "auth.coolquotes.xyz",
                "resource_record_name": "_f5d170d1b029b421cc888d3c6792309b.auth.coolquotes.xyz.",
                "resource_record_type": "CNAME",
                "resource_record_value": "_0ad4fb8e744ead59503ed74a1115785f.acm-validations.aws."
              }
            ],
            "id": "arn:aws:acm:us-east-1:764218738161:certificate/d5162e3e-c6c0-4217-b058-172ac9dd8352",
            "options": [
              {
                "certificate_transparency_logging_preference": "ENABLED"
              }
            ],
            "private_key": null,
            "subject_alternative_names": [],
            "tags": {},
            "validation_emails": [],
            "validation_method": "DNS"
          }
        }
      ]
    },
    {
      "module": "module.akerl-quote-auth.module.apigw.module.certificate",
      "mode": "managed",
      "type": "aws_acm_certificate_validation",
      "name": "this",
      "provider": "provider[\"registry.terraform.io/hashicorp/aws\"]",
      "instances": [
        {
          "schema_version": 0,
          "attributes": {
            "certificate_arn": "arn:aws:acm:us-east-1:764218738161:certificate/d5162e3e-c6c0-4217-b058-172ac9dd8352",
            "id": "2020-02-11 01:43:05 +0000 UTC",
            "timeouts": null,
            "validation_record_fqdns": [
              "_f5d170d1b029b421cc888d3c6792309b.auth.coolquotes.xyz"
            ]
          },
          "private": "eyJlMmJmYjczMC1lY2FhLTExZTYtOGY4OC0zNDM2M2JjN2M0YzAiOnsiY3JlYXRlIjoyNzAwMDAwMDAwMDAwfX0=",
          "dependencies": [
            "module.akerl-quote-auth.module.apigw.module.certificate.aws_acm_certificate.this",
            "module.akerl-quote-auth.module.apigw.module.certificate.aws_route53_record.validation"
          ]
        }
      ]
    },
    {
      "module": "module.akerl-quote-auth.module.apigw.module.certificate",
      "mode": "managed",
      "type": "aws_route53_record",
      "name": "validation",
      "provider": "provider[\"registry.terraform.io/hashicorp/aws\"]",
      "instances": [
        {
          "index_key": 0,
          "schema_version": 2,
          "attributes": {
            "alias": [],
            "allow_overwrite": null,
            "failover_routing_policy": [],
            "fqdn": "_f5d170d1b029b421cc888d3c6792309b.auth.coolquotes.xyz",
            "geolocation_routing_policy": [],
            "health_check_id": "",
            "id": "Z8OAL9XXAA49Z__f5d170d1b029b421cc888d3c6792309b.auth.coolquotes.xyz._CNAME",
            "latency_routing_policy": [],
            "multivalue_answer_routing_policy": null,
            "name": "_f5d170d1b029b421cc888d3c6792309b.auth.coolquotes.xyz",
            "records": [
              "_0ad4fb8e744ead59503ed74a1115785f.acm-validations.aws."
            ],
            "set_identifier": "",
            "ttl": 60,
            "type": "CNAME",
            "weighted_routing_policy": [],
            "zone_id": "Z8OAL9XXAA49Z"
          },
          "private": "eyJzY2hlbWFfdmVyc2lvbiI6IjIifQ==",
          "dependencies": [
            "module.akerl-quote-auth.module.apigw.module.certificate.aws_acm_certificate.this"
          ]
        }
      ]
    },
    {
      "module": "module.akerl-quote-auth.module.apigw.module.lambda",
      "mode": "data",
      "type": "aws_iam_policy_document",
      "name": "trust",
      "provider": "provider[\"registry.terraform.io/hashicorp/aws\"]",
      "instances": [
        {
          "schema_version": 0,
          "attributes": {
            "id": "3693445097",
            "json": "{\n  \"Version\": \"2012-10-17\",\n  \"Statement\": [\n    {\n      \"Sid\": \"\",\n      \"Effect\": \"Allow\",\n      \"Action\": \"sts:AssumeRole\",\n      \"Principal\": {\n        \"Service\": \"lambda.amazonaws.com\"\n      }\n    }\n  ]\n}",
            "override_json": null,
            "policy_id": null,
            "source_json": null,
            "statement": [
              {
                "actions": [
                  "sts:AssumeRole"
                ],
                "condition": [],
                "effect": "Allow",
                "not_actions": [],
                "not_principals": [],
                "not_resources": [],
                "principals": [
                  {
                    "identifiers": [
                      "lambda.amazonaws.com"
                    ],
                    "type": "Service"
                  }
                ],
                "resources": [],
                "sid": ""
              }
            ],
            "version": "2012-10-17"
          }
        }
      ]
    },
    {
      "module": "module.akerl-quote-auth.module.apigw.module.lambda",
      "mode": "managed",
      "type": "aws_iam_role",
      "name": "lambda",
      "provider": "provider[\"registry.terraform.io/hashicorp/aws\"]",
      "instances": [
        {
          "schema_version": 0,
          "attributes": {
            "arn": "arn:aws:iam::764218738161:role/githubauth-akerl-quote-auth",
            "assume_role_policy": "{\"Version\":\"2012-10-17\",\"Statement\":[{\"Sid\":\"\",\"Effect\":\"Allow\",\"Principal\":{\"Service\":\"lambda.amazonaws.com\"},\"Action\":\"sts:AssumeRole\"}]}",
            "create_date": "2019-03-10T13:01:43Z",
            "description": "",
            "force_detach_policies": false,
            "id": "githubauth-akerl-quote-auth",
            "max_session_duration": 3600,
            "name": "githubauth-akerl-quote-auth",
            "name_prefix": null,
            "path": "/",
            "permissions_boundary": null,
            "tags": {},
            "unique_id": "AROAIACTS2K27KMHXTHEY"
          }
        }
      ]
    },
    {
      "module": "module.akerl-quote-auth.module.apigw.module.lambda",
      "mode": "managed",
      "type": "aws_iam_role_policy",
      "name": "lambda_perms",
      "provider": "provider[\"registry.terraform.io/hashicorp/aws\"]",
      "instances": [
        {
          "schema_version": 0,
          "attributes": {
            "id": "githubauth-akerl-quote-auth:lambda_perms",
            "name": "lambda_perms",
            "name_prefix": null,
            "policy": "{\n  \"Version\": \"2012-10-17\",\n  \"Statement\": [\n    {\n      \"Sid\": \"\",\n      \"Effect\": \"Allow\",\n      \"Action\": [\n        \"s3:ListBucket\",\n        \"s3:GetObject\"\n      ],\n      \"Resource\": [\n        \"arn:aws:s3:::akerl-quote-auth/*\",\n        \"arn:aws:s3:::akerl-quote-auth\"\n      ]\n    },\n    {\n      \"Sid\": \"\",\n      \"Effect\": \"Allow\",\n      \"Action\": [\n        \"logs:PutLogEvents\",\n        \"logs:CreateLogStream\",\n        \"logs:CreateLogGroup\"\n      ],\n      \"Resource\": \"arn:aws:logs:*:*:*\"\n    }\n  ]\n}",
            "role": "githubauth-akerl-quote-auth"
          },
          "dependencies": [
            "module.akerl-quote-auth.module.apigw.module.lambda.aws_iam_role.lambda"
          ]
        }
      ]
    },
    {
      "module": "module.akerl-quote-auth.module.apigw.module.lambda",
      "mode": "managed",
      "type": "aws_lambda_function",
      "name": "this",
      "provider": "provider[\"registry.terraform.io/hashicorp/aws\"]",
      "instances": [
        {
          "schema_version": 0,
          "attributes": {
            "arn": "arn:aws:lambda:us-east-1:764218738161:function:githubauth-akerl-quote-auth",
            "dead_letter_config": [],
            "description": "",
            "environment": [
              {
                "variables": {
                  "S3_BUCKET": "akerl-quote-auth",
                  "S3_KEY": "config.yaml"
                }
              }
            ],
            "filename": null,
            "function_name": "githubauth-akerl-quote-auth",
            "handler": "main",
            "id": "githubauth-akerl-quote-auth",
            "invoke_arn": "arn:aws:apigateway:us-east-1:lambda:path/2015-03-31/functions/arn:aws:lambda:us-east-1:764218738161:function:githubauth-akerl-quote-auth/invocations",
            "kms_key_arn": "",
            "last_modified": "2019-07-11T22:08:43.955+0000",
            "layers": [],
            "memory_size": 128,
            "publish": false,
            "qualified_arn": "arn:aws:lambda:us-east-1:764218738161:function:githubauth-akerl-quote-auth:$LATEST",
            "reserved_concurrent_executions": -1,
            "role": "arn:aws:iam::764218738161:role/githubauth-akerl-quote-auth",
            "runtime": "go1.x",
            "s3_bucket": "akerl-githubauthlambda",
            "s3_key": "v0.1.3.zip",
            "s3_object_version": null,
            "source_code_hash": "dTs+YB0maa+zTmSoEYgpGDA4VkuOHu/hYIRtURoHDeU=",
            "source_code_size": 8637095,
            "tags": {},
            "timeout": 10,
            "timeouts": {
              "create": null
            },
            "tracing_config": [
              {
                "mode": "PassThrough"
              }
            ],
            "version": "$LATEST",
            "vpc_config": []
          },
          "private": "eyJlMmJmYjczMC1lY2FhLTExZTYtOGY4OC0zNDM2M2JjN2M0YzAiOnsiY3JlYXRlIjo2MDAwMDAwMDAwMDB9fQ==",
          "dependencies": [
            "module.akerl-quote-auth.module.apigw.module.lambda.aws_iam_role.lambda"
          ]
        }
      ]
    },
    {
      "module": "module.akerl-quote-auth.module.apigw.module.lambda",
      "mode": "managed",
      "type": "aws_lambda_permission",
      "name": "allow_source",
      "provider": "provider[\"registry.terraform.io/hashicorp/aws\"]",
      "instances": [
        {
          "index_key": 0,
          "schema_version": 0,
          "attributes": {
            "action": "lambda:InvokeFunction",
            "event_source_token": null,
            "function_name": "githubauth-akerl-quote-auth",
            "id": "AllowExecutionFromApigateway",
            "principal": "apigateway.amazonaws.com",
            "qualifier": "",
            "source_account": null,
            "source_arn": "arn:aws:execute-api:us-east-1:764218738161:q2p2gdrqcf/*",
            "statement_id": "AllowExecutionFromApigateway",
            "statement_id_prefix": null
          },
          "dependencies": [
            "module.akerl-quote-auth.module.apigw.aws_api_gateway_rest_api.this",
            "module.akerl-quote-auth.module.apigw.module.lambda.aws_iam_role.lambda",
            "module.akerl-quote-auth.module.apigw.module.lambda.aws_lambda_function.this"
          ]
        }
      ]
    },
    {
      "module": "module.akerl-quote-auth.module.publish-user",
      "mode": "data",
      "type": "aws_iam_policy_document",
      "name": "this",
      "provider": "provider[\"registry.terraform.io/hashicorp/aws\"]",
      "instances": [
        {
          "schema_version": 0,
          "attributes": {
            "id": "134227253",
            "json": "{\n  \"Version\": \"2012-10-17\",\n  \"Statement\": [\n    {\n      \"Sid\": \"\",\n      \"Effect\": \"Allow\",\n      \"Action\": [\n        \"s3:PutObject\",\n        \"s3:ListBucket\",\n        \"s3:ListAllMyBuckets\",\n        \"s3:GetObjectAcl\",\n        \"s3:GetObject\",\n        \"s3:GetBucketLocation\",\n        \"s3:GetBucketAcl\",\n        \"s3:DeleteObject\"\n      ],\n      \"Resource\": [\n        \"arn:aws:s3:::akerl-quote-auth/*\",\n        \"arn:aws:s3:::akerl-quote-auth\"\n      ]\n    }\n  ]\n}",
            "override_json": null,
            "policy_id": null,
            "source_json": null,
            "statement": [
              {
                "actions": [
                  "s3:DeleteObject",
                  "s3:GetBucketAcl",
                  "s3:GetBucketLocation",
                  "s3:GetObject",
                  "s3:GetObjectAcl",
                  "s3:ListAllMyBuckets",
                  "s3:ListBucket",
                  "s3:PutObject"
                ],
                "condition": [],
                "effect": "Allow",
                "not_actions": [],
                "not_principals": [],
                "not_resources": [],
                "principals": [],
                "resources": [
                  "arn:aws:s3:::akerl-quote-auth",
                  "arn:aws:s3:::akerl-quote-auth/*"
                ],
                "sid": ""
              }
            ],
            "version": "2012-10-17"
          }
        }
      ]
    },
    {
      "module": "module.akerl-quote-auth.module.publish-user",
      "mode": "managed",
      "type": "aws_iam_user",
      "name": "this",
      "provider": "provider[\"registry.terraform.io/hashicorp/aws\"]",
      "instances": [
        {
          "schema_version": 0,
          "attributes": {
            "arn": "arn:aws:iam::764218738161:user/s3-publish-akerl-quote-auth",
            "force_destroy": false,
            "id": "s3-publish-akerl-quote-auth",
            "name": "s3-publish-akerl-quote-auth",
            "path": "/",
            "permissions_boundary": null,
            "tags": {},
            "unique_id": "AIDAIYREH4YLT5ZNHPIOU"
          }
        }
      ]
    },
    {
      "module": "module.akerl-quote-auth.module.publish-user",
      "mode": "managed",
      "type": "aws_iam_user_policy",
      "name": "this",
      "provider": "provider[\"registry.terraform.io/hashicorp/aws\"]",
      "instances": [
        {
          "schema_version": 0,
          "attributes": {
            "id": "s3-publish-akerl-quote-auth:s3-publish",
            "name": "s3-publish",
            "name_prefix": null,
            "policy": "{\n  \"Version\": \"2012-10-17\",\n  \"Statement\": [\n    {\n      \"Sid\": \"\",\n      \"Effect\": \"Allow\",\n      \"Action\": [\n        \"s3:PutObject\",\n        \"s3:ListBucket\",\n        \"s3:ListAllMyBuckets\",\n        \"s3:GetObjectAcl\",\n        \"s3:GetObject\",\n        \"s3:GetBucketLocation\",\n        \"s3:GetBucketAcl\",\n        \"s3:DeleteObject\"\n      ],\n      \"Resource\": [\n        \"arn:aws:s3:::akerl-quote-auth/*\",\n        \"arn:aws:s3:::akerl-quote-auth\"\n      ]\n    }\n  ]\n}",
            "user": "s3-publish-akerl-quote-auth"
          },
          "dependencies": [
            "module.akerl-quote-auth.module.publish-user.aws_iam_user.this"
          ]
        }
      ]
    },
    {
      "module": "module.akerl-quote-auth.module.publish-user",
      "mode": "managed",
      "type": "aws_s3_bucket",
      "name": "this",
      "provider": "provider[\"registry.terraform.io/hashicorp/aws\"]",
      "instances": [
        {
          "index_key": 0,
          "schema_version": 0,
          "attributes": {
            "acceleration_status": "",
            "acl": "private",
            "arn": "arn:aws:s3:::akerl-quote-auth",
            "bucket": "akerl-quote-auth",
            "bucket_domain_name": "akerl-quote-auth.s3.amazonaws.com",
            "bucket_prefix": null,
            "bucket_regional_domain_name": "akerl-quote-auth.s3.amazonaws.com",
            "cors_rule": [],
            "force_destroy": false,
            "hosted_zone_id": "Z3AQBSTGFYJSTF",
            "id": "akerl-quote-auth",
            "lifecycle_rule": [],
            "logging": [
              {
                "target_bucket": "akerl-s3-logs",
                "target_prefix": "akerl-quote-auth/"
              }
            ],
            "object_lock_configuration": [],
            "policy": null,
            "region": "us-east-1",
            "replication_configuration": [],
            "request_payer": "BucketOwner",
            "server_side_encryption_configuration": [],
            "tags": {},
            "versioning": [
              {
                "enabled": true,
                "mfa_delete": false
              }
            ],
            "website": [],
            "website_domain": null,
            "website_endpoint": null
          },
          "dependencies": [
            "module.account.aws_s3_bucket.logging"
          ]
        }
      ]
    },
    {
      "module": "module.akerl-quote-auth.module.publish-user",
      "mode": "managed",
      "type": "awscreds_iam_access_key",
      "name": "this",
      "provider": "provider[\"terraform.scrtybybscrty.org/armorfret/awscreds\"]",
      "instances": [
        {
          "schema_version": 0,
          "attributes": {
            "encrypted_secret": null,
            "file": "creds/s3-publish-akerl-quote-auth",
            "id": "AKIAJMBTYQSADUPH4T7Q",
            "key_fingerprint": null,
            "pgp_key": null,
            "secret": "",
            "ses_smtp_password": "",
            "status": "Active",
            "user": "s3-publish-akerl-quote-auth"
          },
          "dependencies": [
            "module.akerl-quote-auth.module.publish-user.aws_iam_user.this"
          ]
        }
      ]
    },
    {
      "module": "module.akerl-relay",
      "mode": "data",
      "type": "aws_iam_policy_document",
      "name": "this",
      "provider": "provider[\"registry.terraform.io/hashicorp/aws\"]",
      "instances": [
        {
          "schema_version": 0,
          "attributes": {
            "id": "2917894579",
            "json": "{\n  \"Version\": \"2012-10-17\",\n  \"Statement\": [\n    {\n      \"Sid\": \"\",\n      \"Effect\": \"Allow\",\n      \"Action\": [\n        \"s3:PutObject\",\n        \"s3:ListBucket\",\n        \"s3:ListAllMyBuckets\",\n        \"s3:GetObjectAcl\",\n        \"s3:GetObject\",\n        \"s3:GetBucketLocation\",\n        \"s3:GetBucketAcl\",\n        \"s3:DeleteObject\"\n      ],\n      \"Resource\": [\n        \"arn:aws:s3:::akerl-relay/*\",\n        \"arn:aws:s3:::akerl-relay\"\n      ]\n    }\n  ]\n}",
            "override_json": null,
            "policy_id": null,
            "source_json": null,
            "statement": [
              {
                "actions": [
                  "s3:DeleteObject",
                  "s3:GetBucketAcl",
                  "s3:GetBucketLocation",
                  "s3:GetObject",
                  "s3:GetObjectAcl",
                  "s3:ListAllMyBuckets",
                  "s3:ListBucket",
                  "s3:PutObject"
                ],
                "condition": [],
                "effect": "Allow",
                "not_actions": [],
                "not_principals": [],
                "not_resources": [],
                "principals": [],
                "resources": [
                  "arn:aws:s3:::akerl-relay",
                  "arn:aws:s3:::akerl-relay/*"
                ],
                "sid": ""
              }
            ],
            "version": "2012-10-17"
          }
        }
      ]
    },
    {
      "module": "module.akerl-relay",
      "mode": "managed",
      "type": "aws_iam_user",
      "name": "this",
      "provider": "provider[\"registry.terraform.io/hashicorp/aws\"]",
      "instances": [
        {
          "schema_version": 0,
          "attributes": {
            "arn": "arn:aws:iam::764218738161:user/s3-publish-akerl-relay",
            "force_destroy": false,
            "id": "s3-publish-akerl-relay",
            "name": "s3-publish-akerl-relay",
            "path": "/",
            "permissions_boundary": null,
            "tags": {},
            "unique_id": "AIDAIT65ULQZWFL3DVOWC"
          }
        }
      ]
    },
    {
      "module": "module.akerl-relay",
      "mode": "managed",
      "type": "aws_iam_user_policy",
      "name": "this",
      "provider": "provider[\"registry.terraform.io/hashicorp/aws\"]",
      "instances": [
        {
          "schema_version": 0,
          "attributes": {
            "id": "s3-publish-akerl-relay:s3-publish",
            "name": "s3-publish",
            "name_prefix": null,
            "policy": "{\n  \"Version\": \"2012-10-17\",\n  \"Statement\": [\n    {\n      \"Sid\": \"\",\n      \"Effect\": \"Allow\",\n      \"Action\": [\n        \"s3:PutObject\",\n        \"s3:ListBucket\",\n        \"s3:ListAllMyBuckets\",\n        \"s3:GetObjectAcl\",\n        \"s3:GetObject\",\n        \"s3:GetBucketLocation\",\n        \"s3:GetBucketAcl\",\n        \"s3:DeleteObject\"\n      ],\n      \"Resource\": [\n        \"arn:aws:s3:::akerl-relay/*\",\n        \"arn:aws:s3:::akerl-relay\"\n      ]\n    }\n  ]\n}",
            "user": "s3-publish-akerl-relay"
          },
          "dependencies": [
            "module.akerl-relay.aws_iam_user.this"
          ]
        }
      ]
    },
    {
      "module": "module.akerl-relay",
      "mode": "managed",
      "type": "aws_s3_bucket",
      "name": "this",
      "provider": "provider[\"registry.terraform.io/hashicorp/aws\"]",
      "instances": [
        {
          "index_key": 0,
          "schema_version": 0,
          "attributes": {
            "acceleration_status": "",
            "acl": "private",
            "arn": "arn:aws:s3:::akerl-relay",
            "bucket": "akerl-relay",
            "bucket_domain_name": "akerl-relay.s3.amazonaws.com",
            "bucket_prefix": null,
            "bucket_regional_domain_name": "akerl-relay.s3.amazonaws.com",
            "cors_rule": [],
            "force_destroy": false,
            "hosted_zone_id": "Z3AQBSTGFYJSTF",
            "id": "akerl-relay",
            "lifecycle_rule": [],
            "logging": [
              {
                "target_bucket": "akerl-s3-logs",
                "target_prefix": "akerl-relay/"
              }
            ],
            "object_lock_configuration": [],
            "policy": null,
            "region": "us-east-1",
            "replication_configuration": [],
            "request_payer": "BucketOwner",
            "server_side_encryption_configuration": [],
            "tags": {},
            "versioning": [
              {
                "enabled": true,
                "mfa_delete": false
              }
            ],
            "website": [],
            "website_domain": null,
            "website_endpoint": null
          },
          "dependencies": [
            "module.account.aws_s3_bucket.logging"
          ]
        }
      ]
    },
    {
      "module": "module.akerl-relay",
      "mode": "managed",
      "type": "awscreds_iam_access_key",
      "name": "this",
      "provider": "provider[\"terraform.scrtybybscrty.org/armorfret/awscreds\"]",
      "instances": [
        {
          "schema_version": 0,
          "attributes": {
            "encrypted_secret": null,
            "file": "creds/s3-publish-akerl-relay",
            "id": "AKIAJZOPOIBIAE4R7TPQ",
            "key_fingerprint": null,
            "pgp_key": null,
            "secret": "",
            "ses_smtp_password": "",
            "status": "Active",
            "user": "s3-publish-akerl-relay"
          },
          "dependencies": [
            "module.akerl-relay.aws_iam_user.this"
          ]
        }
      ]
    },
    {
      "module": "module.akerl-s3authproxy",
      "mode": "data",
      "type": "aws_iam_policy_document",
      "name": "this",
      "provider": "provider[\"registry.terraform.io/hashicorp/aws\"]",
      "instances": [
        {
          "schema_version": 0,
          "attributes": {
            "id": "347342268",
            "json": "{\n  \"Version\": \"2012-10-17\",\n  \"Statement\": [\n    {\n      \"Sid\": \"\",\n      \"Effect\": \"Allow\",\n      \"Action\": [\n        \"s3:PutObject\",\n        \"s3:ListBucket\",\n        \"s3:ListAllMyBuckets\",\n        \"s3:GetObjectAcl\",\n        \"s3:GetObject\",\n        \"s3:GetBucketLocation\",\n        \"s3:GetBucketAcl\",\n        \"s3:DeleteObject\"\n      ],\n      \"Resource\": [\n        \"arn:aws:s3:::akerl-s3authproxy/*\",\n        \"arn:aws:s3:::akerl-s3authproxy\"\n      ]\n    }\n  ]\n}",
            "override_json": null,
            "policy_id": null,
            "source_json": null,
            "statement": [
              {
                "actions": [
                  "s3:DeleteObject",
                  "s3:GetBucketAcl",
                  "s3:GetBucketLocation",
                  "s3:GetObject",
                  "s3:GetObjectAcl",
                  "s3:ListAllMyBuckets",
                  "s3:ListBucket",
                  "s3:PutObject"
                ],
                "condition": [],
                "effect": "Allow",
                "not_actions": [],
                "not_principals": [],
                "not_resources": [],
                "principals": [],
                "resources": [
                  "arn:aws:s3:::akerl-s3authproxy",
                  "arn:aws:s3:::akerl-s3authproxy/*"
                ],
                "sid": ""
              }
            ],
            "version": "2012-10-17"
          }
        }
      ]
    },
    {
      "module": "module.akerl-s3authproxy",
      "mode": "managed",
      "type": "aws_iam_user",
      "name": "this",
      "provider": "provider[\"registry.terraform.io/hashicorp/aws\"]",
      "instances": [
        {
          "schema_version": 0,
          "attributes": {
            "arn": "arn:aws:iam::764218738161:user/s3-publish-akerl-s3authproxy",
            "force_destroy": false,
            "id": "s3-publish-akerl-s3authproxy",
            "name": "s3-publish-akerl-s3authproxy",
            "path": "/",
            "permissions_boundary": null,
            "tags": {},
            "unique_id": "AIDAJQA6KYJAPMCETHH3M"
          }
        }
      ]
    },
    {
      "module": "module.akerl-s3authproxy",
      "mode": "managed",
      "type": "aws_iam_user_policy",
      "name": "this",
      "provider": "provider[\"registry.terraform.io/hashicorp/aws\"]",
      "instances": [
        {
          "schema_version": 0,
          "attributes": {
            "id": "s3-publish-akerl-s3authproxy:s3-publish",
            "name": "s3-publish",
            "name_prefix": null,
            "policy": "{\n  \"Version\": \"2012-10-17\",\n  \"Statement\": [\n    {\n      \"Sid\": \"\",\n      \"Effect\": \"Allow\",\n      \"Action\": [\n        \"s3:PutObject\",\n        \"s3:ListBucket\",\n        \"s3:ListAllMyBuckets\",\n        \"s3:GetObjectAcl\",\n        \"s3:GetObject\",\n        \"s3:GetBucketLocation\",\n        \"s3:GetBucketAcl\",\n        \"s3:DeleteObject\"\n      ],\n      \"Resource\": [\n        \"arn:aws:s3:::akerl-s3authproxy/*\",\n        \"arn:aws:s3:::akerl-s3authproxy\"\n      ]\n    }\n  ]\n}",
            "user": "s3-publish-akerl-s3authproxy"
          },
          "dependencies": [
            "module.akerl-s3authproxy.aws_iam_user.this"
          ]
        }
      ]
    },
    {
      "module": "module.akerl-s3authproxy",
      "mode": "managed",
      "type": "aws_s3_bucket",
      "name": "this",
      "provider": "provider[\"registry.terraform.io/hashicorp/aws\"]",
      "instances": [
        {
          "index_key": 0,
          "schema_version": 0,
          "attributes": {
            "acceleration_status": "",
            "acl": "private",
            "arn": "arn:aws:s3:::akerl-s3authproxy",
            "bucket": "akerl-s3authproxy",
            "bucket_domain_name": "akerl-s3authproxy.s3.amazonaws.com",
            "bucket_prefix": null,
            "bucket_regional_domain_name": "akerl-s3authproxy.s3.amazonaws.com",
            "cors_rule": [],
            "force_destroy": false,
            "hosted_zone_id": "Z3AQBSTGFYJSTF",
            "id": "akerl-s3authproxy",
            "lifecycle_rule": [],
            "logging": [
              {
                "target_bucket": "akerl-s3-logs",
                "target_prefix": "akerl-s3authproxy/"
              }
            ],
            "object_lock_configuration": [],
            "policy": null,
            "region": "us-east-1",
            "replication_configuration": [],
            "request_payer": "BucketOwner",
            "server_side_encryption_configuration": [],
            "tags": {},
            "versioning": [
              {
                "enabled": true,
                "mfa_delete": false
              }
            ],
            "website": [],
            "website_domain": null,
            "website_endpoint": null
          },
          "dependencies": [
            "module.account.aws_s3_bucket.logging"
          ]
        }
      ]
    },
    {
      "module": "module.akerl-s3authproxy",
      "mode": "managed",
      "type": "awscreds_iam_access_key",
      "name": "this",
      "provider": "provider[\"terraform.scrtybybscrty.org/armorfret/awscreds\"]",
      "instances": [
        {
          "schema_version": 0,
          "attributes": {
            "encrypted_secret": null,
            "file": "creds/s3-publish-akerl-s3authproxy",
            "id": "AKIAJCCFDOE7DMO45RZA",
            "key_fingerprint": null,
            "pgp_key": null,
            "secret": "",
            "ses_smtp_password": "",
            "status": "Active",
            "user": "s3-publish-akerl-s3authproxy"
          },
          "dependencies": [
            "module.akerl-s3authproxy.aws_iam_user.this"
          ]
        }
      ]
    },
    {
      "module": "module.akerl-scratch",
      "mode": "data",
      "type": "aws_iam_policy_document",
      "name": "file_bucket_read_access",
      "provider": "provider[\"registry.terraform.io/hashicorp/aws\"]",
      "instances": [
        {
          "schema_version": 0,
          "attributes": {
            "id": "714864521",
            "json": "{\n  \"Version\": \"2012-10-17\",\n  \"Statement\": [\n    {\n      \"Sid\": \"\",\n      \"Effect\": \"Allow\",\n      \"Action\": \"s3:GetObject\",\n      \"Resource\": \"arn:aws:s3:::akerl-scratch/*\",\n      \"Principal\": {\n        \"AWS\": \"*\"\n      }\n    }\n  ]\n}",
            "override_json": null,
            "policy_id": null,
            "source_json": null,
            "statement": [
              {
                "actions": [
                  "s3:GetObject"
                ],
                "condition": [],
                "effect": "Allow",
                "not_actions": [],
                "not_principals": [],
                "not_resources": [],
                "principals": [
                  {
                    "identifiers": [
                      "*"
                    ],
                    "type": "AWS"
                  }
                ],
                "resources": [
                  "arn:aws:s3:::akerl-scratch/*"
                ],
                "sid": ""
              }
            ],
            "version": "2012-10-17"
          }
        }
      ]
    },
    {
      "module": "module.akerl-scratch",
      "mode": "data",
      "type": "aws_iam_policy_document",
      "name": "redirect_bucket_read_access",
      "provider": "provider[\"registry.terraform.io/hashicorp/aws\"]",
      "instances": [
        {
          "schema_version": 0,
          "attributes": {
            "id": "1331072923",
            "json": "{\n  \"Version\": \"2012-10-17\",\n  \"Statement\": [\n    {\n      \"Sid\": \"\",\n      \"Effect\": \"Allow\",\n      \"Action\": \"s3:GetObject\",\n      \"Resource\": \"arn:aws:s3:::akerl-scratch-redirect/*\",\n      \"Principal\": {\n        \"AWS\": \"*\"\n      }\n    }\n  ]\n}",
            "override_json": null,
            "policy_id": null,
            "source_json": null,
            "statement": [
              {
                "actions": [
                  "s3:GetObject"
                ],
                "condition": [],
                "effect": "Allow",
                "not_actions": [],
                "not_principals": [],
                "not_resources": [],
                "principals": [
                  {
                    "identifiers": [
                      "*"
                    ],
                    "type": "AWS"
                  }
                ],
                "resources": [
                  "arn:aws:s3:::akerl-scratch-redirect/*"
                ],
                "sid": ""
              }
            ],
            "version": "2012-10-17"
          }
        }
      ]
    },
    {
      "module": "module.akerl-scratch",
      "mode": "managed",
      "type": "aws_cloudfront_distribution",
      "name": "file",
      "provider": "provider[\"registry.terraform.io/hashicorp/aws\"]",
      "instances": [
        {
          "schema_version": 1,
          "attributes": {
            "active_trusted_signers": {
              "enabled": "false",
              "items.#": "0"
            },
            "aliases": [
              "scratch.scrtybybscrty.org"
            ],
            "arn": "arn:aws:cloudfront::764218738161:distribution/E2ZA6U9AL34MBB",
            "cache_behavior": [],
            "caller_reference": "2019-03-10T16:13:34.241245+03:00",
            "comment": null,
            "custom_error_response": [],
            "default_cache_behavior": [
              {
                "allowed_methods": [
                  "GET",
                  "HEAD"
                ],
                "cached_methods": [
                  "GET",
                  "HEAD"
                ],
                "compress": true,
                "default_ttl": 0,
                "field_level_encryption_id": "",
                "forwarded_values": [
                  {
                    "cookies": [
                      {
                        "forward": "none",
                        "whitelisted_names": []
                      }
                    ],
                    "headers": [],
                    "query_string": false,
                    "query_string_cache_keys": []
                  }
                ],
                "lambda_function_association": [],
                "max_ttl": 300,
                "min_ttl": 0,
                "smooth_streaming": false,
                "target_origin_id": "file-bucket",
                "trusted_signers": [],
                "viewer_protocol_policy": "redirect-to-https"
              }
            ],
            "default_root_object": "index.html",
            "domain_name": "d11laxkl3xppse.cloudfront.net",
            "enabled": true,
            "etag": "E39II646MTUYLM",
            "hosted_zone_id": "Z2FDTNDATAQYW2",
            "http_version": "http2",
            "id": "E2ZA6U9AL34MBB",
            "in_progress_validation_batches": 0,
            "is_ipv6_enabled": false,
            "last_modified_time": "2019-03-10 13:13:36.172 +0000 UTC",
            "logging_config": [
              {
                "bucket": "akerl-s3-logs.s3.amazonaws.com",
                "include_cookies": false,
                "prefix": "akerl-scratch-cdn/"
              }
            ],
            "ordered_cache_behavior": [],
            "origin": [
              {
                "custom_header": [],
                "custom_origin_config": [
                  {
                    "http_port": 80,
                    "https_port": 443,
                    "origin_keepalive_timeout": 5,
                    "origin_protocol_policy": "http-only",
                    "origin_read_timeout": 30,
                    "origin_ssl_protocols": [
                      "TLSv1.2"
                    ]
                  }
                ],
                "domain_name": "akerl-scratch.s3-website-us-east-1.amazonaws.com",
                "origin_id": "file-bucket",
                "origin_path": "",
                "s3_origin_config": []
              }
            ],
            "origin_group": [],
            "price_class": "PriceClass_100",
            "restrictions": [
              {
                "geo_restriction": [
                  {
                    "locations": [],
                    "restriction_type": "none"
                  }
                ]
              }
            ],
            "retain_on_delete": false,
            "status": "Deployed",
            "tags": {},
            "viewer_certificate": [
              {
                "acm_certificate_arn": "arn:aws:acm:us-east-1:764218738161:certificate/59bce0fc-9818-441f-849f-baf79f83a150",
                "cloudfront_default_certificate": false,
                "iam_certificate_id": "",
                "minimum_protocol_version": "TLSv1.2_2018",
                "ssl_support_method": "sni-only"
              }
            ],
            "wait_for_deployment": true,
            "web_acl_id": ""
          },
          "dependencies": [
            "module.account.aws_s3_bucket.logging",
            "module.akerl-scratch.aws_s3_bucket.file",
            "module.akerl-scratch.module.certificate.aws_acm_certificate.this",
            "module.akerl-scratch.module.certificate.aws_acm_certificate_validation.this",
            "module.akerl-scratch.module.certificate.aws_route53_record.validation"
          ]
        }
      ]
    },
    {
      "module": "module.akerl-scratch",
      "mode": "managed",
      "type": "aws_cloudfront_distribution",
      "name": "redirect",
      "provider": "provider[\"registry.terraform.io/hashicorp/aws\"]",
      "instances": [
        {
          "schema_version": 1,
          "attributes": {
            "active_trusted_signers": {
              "enabled": "false",
              "items.#": "0"
            },
            "aliases": [],
            "arn": "arn:aws:cloudfront::764218738161:distribution/E240ZBUGZ39JDE",
            "cache_behavior": [],
            "caller_reference": "2019-03-10T16:14:06.096925+03:00",
            "comment": null,
            "custom_error_response": [],
            "default_cache_behavior": [
              {
                "allowed_methods": [
                  "GET",
                  "HEAD"
                ],
                "cached_methods": [
                  "GET",
                  "HEAD"
                ],
                "compress": true,
                "default_ttl": 300,
                "field_level_encryption_id": "",
                "forwarded_values": [
                  {
                    "cookies": [
                      {
                        "forward": "none",
                        "whitelisted_names": []
                      }
                    ],
                    "headers": [],
                    "query_string": false,
                    "query_string_cache_keys": []
                  }
                ],
                "lambda_function_association": [],
                "max_ttl": 300,
                "min_ttl": 0,
                "smooth_streaming": false,
                "target_origin_id": "redirect-bucket",
                "trusted_signers": [],
                "viewer_protocol_policy": "redirect-to-https"
              }
            ],
            "default_root_object": "",
            "domain_name": "d1r9fyunyclvqx.cloudfront.net",
            "enabled": true,
            "etag": "E3GCPZ56FOYU76",
            "hosted_zone_id": "Z2FDTNDATAQYW2",
            "http_version": "http2",
            "id": "E240ZBUGZ39JDE",
            "in_progress_validation_batches": 0,
            "is_ipv6_enabled": false,
            "last_modified_time": "2019-03-10 13:14:08.238 +0000 UTC",
            "logging_config": [
              {
                "bucket": "akerl-s3-logs.s3.amazonaws.com",
                "include_cookies": false,
                "prefix": "akerl-scratch-redirect-cdn"
              }
            ],
            "ordered_cache_behavior": [],
            "origin": [
              {
                "custom_header": [],
                "custom_origin_config": [
                  {
                    "http_port": 80,
                    "https_port": 443,
                    "origin_keepalive_timeout": 5,
                    "origin_protocol_policy": "http-only",
                    "origin_read_timeout": 30,
                    "origin_ssl_protocols": [
                      "TLSv1.2"
                    ]
                  }
                ],
                "domain_name": "akerl-scratch-redirect.s3-website-us-east-1.amazonaws.com",
                "origin_id": "redirect-bucket",
                "origin_path": "",
                "s3_origin_config": []
              }
            ],
            "origin_group": [],
            "price_class": "PriceClass_100",
            "restrictions": [
              {
                "geo_restriction": [
                  {
                    "locations": [],
                    "restriction_type": "none"
                  }
                ]
              }
            ],
            "retain_on_delete": false,
            "status": "Deployed",
            "tags": {},
            "viewer_certificate": [
              {
                "acm_certificate_arn": "arn:aws:acm:us-east-1:764218738161:certificate/59bce0fc-9818-441f-849f-baf79f83a150",
                "cloudfront_default_certificate": false,
                "iam_certificate_id": "",
                "minimum_protocol_version": "TLSv1.2_2018",
                "ssl_support_method": "sni-only"
              }
            ],
            "wait_for_deployment": true,
            "web_acl_id": ""
          },
          "dependencies": [
            "module.account.aws_s3_bucket.logging",
            "module.akerl-scratch.aws_s3_bucket.redirect",
            "module.akerl-scratch.module.certificate.aws_acm_certificate.this",
            "module.akerl-scratch.module.certificate.aws_acm_certificate_validation.this",
            "module.akerl-scratch.module.certificate.aws_route53_record.validation"
          ]
        }
      ]
    },
    {
      "module": "module.akerl-scratch",
      "mode": "managed",
      "type": "aws_s3_bucket",
      "name": "file",
      "provider": "provider[\"registry.terraform.io/hashicorp/aws\"]",
      "instances": [
        {
          "schema_version": 0,
          "attributes": {
            "acceleration_status": "",
            "acl": "private",
            "arn": "arn:aws:s3:::akerl-scratch",
            "bucket": "akerl-scratch",
            "bucket_domain_name": "akerl-scratch.s3.amazonaws.com",
            "bucket_prefix": null,
            "bucket_regional_domain_name": "akerl-scratch.s3.amazonaws.com",
            "cors_rule": [],
            "force_destroy": false,
            "hosted_zone_id": "Z3AQBSTGFYJSTF",
            "id": "akerl-scratch",
            "lifecycle_rule": [],
            "logging": [
              {
                "target_bucket": "akerl-s3-logs",
                "target_prefix": "akerl-scratch/"
              }
            ],
            "object_lock_configuration": [],
            "policy": "{\"Statement\":[{\"Action\":\"s3:GetObject\",\"Effect\":\"Allow\",\"Principal\":{\"AWS\":\"*\"},\"Resource\":\"arn:aws:s3:::akerl-scratch/*\",\"Sid\":\"\"}],\"Version\":\"2012-10-17\"}",
            "region": "us-east-1",
            "replication_configuration": [],
            "request_payer": "BucketOwner",
            "server_side_encryption_configuration": [],
            "tags": {},
            "versioning": [
              {
                "enabled": true,
                "mfa_delete": false
              }
            ],
            "website": [
              {
                "error_document": "404.html",
                "index_document": "index.html",
                "redirect_all_requests_to": "",
                "routing_rules": ""
              }
            ],
            "website_domain": "s3-website-us-east-1.amazonaws.com",
            "website_endpoint": "akerl-scratch.s3-website-us-east-1.amazonaws.com"
          },
          "dependencies": [
            "module.account.aws_s3_bucket.logging"
          ]
        }
      ]
    },
    {
      "module": "module.akerl-scratch",
      "mode": "managed",
      "type": "aws_s3_bucket",
      "name": "redirect",
      "provider": "provider[\"registry.terraform.io/hashicorp/aws\"]",
      "instances": [
        {
          "schema_version": 0,
          "attributes": {
            "acceleration_status": "",
            "acl": "private",
            "arn": "arn:aws:s3:::akerl-scratch-redirect",
            "bucket": "akerl-scratch-redirect",
            "bucket_domain_name": "akerl-scratch-redirect.s3.amazonaws.com",
            "bucket_prefix": null,
            "bucket_regional_domain_name": "akerl-scratch-redirect.s3.amazonaws.com",
            "cors_rule": [],
            "force_destroy": false,
            "hosted_zone_id": "Z3AQBSTGFYJSTF",
            "id": "akerl-scratch-redirect",
            "lifecycle_rule": [],
            "logging": [
              {
                "target_bucket": "akerl-s3-logs",
                "target_prefix": "akerl-scratch-redirect/"
              }
            ],
            "object_lock_configuration": [],
            "policy": "{\"Statement\":[{\"Action\":\"s3:GetObject\",\"Effect\":\"Allow\",\"Principal\":{\"AWS\":\"*\"},\"Resource\":\"arn:aws:s3:::akerl-scratch-redirect/*\",\"Sid\":\"\"}],\"Version\":\"2012-10-17\"}",
            "region": "us-east-1",
            "replication_configuration": [],
            "request_payer": "BucketOwner",
            "server_side_encryption_configuration": [],
            "tags": {},
            "versioning": [
              {
                "enabled": true,
                "mfa_delete": false
              }
            ],
            "website": [
              {
                "error_document": "",
                "index_document": "",
                "redirect_all_requests_to": "https://scratch.scrtybybscrty.org",
                "routing_rules": ""
              }
            ],
            "website_domain": "s3-website-us-east-1.amazonaws.com",
            "website_endpoint": "akerl-scratch-redirect.s3-website-us-east-1.amazonaws.com"
          },
          "dependencies": [
            "module.account.aws_s3_bucket.logging"
          ]
        }
      ]
    },
    {
      "module": "module.akerl-scratch.module.certificate",
      "mode": "data",
      "type": "aws_route53_zone",
      "name": "parent",
      "provider": "provider[\"registry.terraform.io/hashicorp/aws\"]",
      "instances": [
        {
          "index_key": 0,
          "schema_version": 0,
          "attributes": {
            "caller_reference": "2016-09-14T19:18:10.523044235-04:00",
            "comment": "Managed by Terraform",
            "id": "Z11UY811DI2S1K",
            "linked_service_description": null,
            "linked_service_principal": null,
            "name": "scrtybybscrty.org.",
            "name_servers": [
              "ns-1242.awsdns-27.org",
              "ns-477.awsdns-59.com",
              "ns-808.awsdns-37.net",
              "ns-1942.awsdns-50.co.uk"
            ],
            "private_zone": false,
            "resource_record_set_count": 22,
            "tags": null,
            "vpc_id": null,
            "zone_id": "Z11UY811DI2S1K"
          }
        }
      ]
    },
    {
      "module": "module.akerl-scratch.module.certificate",
      "mode": "managed",
      "type": "aws_acm_certificate",
      "name": "this",
      "provider": "provider[\"registry.terraform.io/hashicorp/aws\"]",
      "instances": [
        {
          "schema_version": 0,
          "attributes": {
            "arn": "arn:aws:acm:us-east-1:764218738161:certificate/59bce0fc-9818-441f-849f-baf79f83a150",
            "certificate_authority_arn": "",
            "certificate_body": null,
            "certificate_chain": null,
            "domain_name": "scratch.scrtybybscrty.org",
            "domain_validation_options": [
              {
                "domain_name": "scratch.scrtybybscrty.org",
                "resource_record_name": "_c9a4d9441b270a140df2827fa1fee4b3.scratch.scrtybybscrty.org.",
                "resource_record_type": "CNAME",
                "resource_record_value": "_b949c7fb27aa65a7955a6b172dde68c3.tljzshvwok.acm-validations.aws."
              }
            ],
            "id": "arn:aws:acm:us-east-1:764218738161:certificate/59bce0fc-9818-441f-849f-baf79f83a150",
            "options": [
              {
                "certificate_transparency_logging_preference": "ENABLED"
              }
            ],
            "private_key": null,
            "subject_alternative_names": [],
            "tags": {},
            "validation_emails": [],
            "validation_method": "DNS"
          }
        }
      ]
    },
    {
      "module": "module.akerl-scratch.module.certificate",
      "mode": "managed",
      "type": "aws_acm_certificate_validation",
      "name": "this",
      "provider": "provider[\"registry.terraform.io/hashicorp/aws\"]",
      "instances": [
        {
          "schema_version": 0,
          "attributes": {
            "certificate_arn": "arn:aws:acm:us-east-1:764218738161:certificate/59bce0fc-9818-441f-849f-baf79f83a150",
            "id": "2020-02-11 01:42:21 +0000 UTC",
            "timeouts": null,
            "validation_record_fqdns": [
              "_c9a4d9441b270a140df2827fa1fee4b3.scratch.scrtybybscrty.org"
            ]
          },
          "private": "eyJlMmJmYjczMC1lY2FhLTExZTYtOGY4OC0zNDM2M2JjN2M0YzAiOnsiY3JlYXRlIjoyNzAwMDAwMDAwMDAwfX0=",
          "dependencies": [
            "module.akerl-scratch.module.certificate.aws_acm_certificate.this",
            "module.akerl-scratch.module.certificate.aws_route53_record.validation"
          ]
        }
      ]
    },
    {
      "module": "module.akerl-scratch.module.certificate",
      "mode": "managed",
      "type": "aws_route53_record",
      "name": "validation",
      "provider": "provider[\"registry.terraform.io/hashicorp/aws\"]",
      "instances": [
        {
          "index_key": 0,
          "schema_version": 2,
          "attributes": {
            "alias": [],
            "allow_overwrite": null,
            "failover_routing_policy": [],
            "fqdn": "_c9a4d9441b270a140df2827fa1fee4b3.scratch.scrtybybscrty.org",
            "geolocation_routing_policy": [],
            "health_check_id": "",
            "id": "Z11UY811DI2S1K__c9a4d9441b270a140df2827fa1fee4b3.scratch.scrtybybscrty.org._CNAME",
            "latency_routing_policy": [],
            "multivalue_answer_routing_policy": null,
            "name": "_c9a4d9441b270a140df2827fa1fee4b3.scratch.scrtybybscrty.org",
            "records": [
              "_b949c7fb27aa65a7955a6b172dde68c3.tljzshvwok.acm-validations.aws."
            ],
            "set_identifier": "",
            "ttl": 60,
            "type": "CNAME",
            "weighted_routing_policy": [],
            "zone_id": "Z11UY811DI2S1K"
          },
          "private": "eyJzY2hlbWFfdmVyc2lvbiI6IjIifQ==",
          "dependencies": [
            "module.akerl-scratch.module.certificate.aws_acm_certificate.this"
          ]
        }
      ]
    },
    {
      "module": "module.akerl-scratch.module.publish_user",
      "mode": "data",
      "type": "aws_iam_policy_document",
      "name": "this",
      "provider": "provider[\"registry.terraform.io/hashicorp/aws\"]",
      "instances": [
        {
          "schema_version": 0,
          "attributes": {
            "id": "966541914",
            "json": "{\n  \"Version\": \"2012-10-17\",\n  \"Statement\": [\n    {\n      \"Sid\": \"\",\n      \"Effect\": \"Allow\",\n      \"Action\": [\n        \"s3:PutObject\",\n        \"s3:ListBucket\",\n        \"s3:ListAllMyBuckets\",\n        \"s3:GetObjectAcl\",\n        \"s3:GetObject\",\n        \"s3:GetBucketLocation\",\n        \"s3:GetBucketAcl\",\n        \"s3:DeleteObject\"\n      ],\n      \"Resource\": [\n        \"arn:aws:s3:::akerl-scratch/*\",\n        \"arn:aws:s3:::akerl-scratch\"\n      ]\n    }\n  ]\n}",
            "override_json": null,
            "policy_id": null,
            "source_json": null,
            "statement": [
              {
                "actions": [
                  "s3:DeleteObject",
                  "s3:GetBucketAcl",
                  "s3:GetBucketLocation",
                  "s3:GetObject",
                  "s3:GetObjectAcl",
                  "s3:ListAllMyBuckets",
                  "s3:ListBucket",
                  "s3:PutObject"
                ],
                "condition": [],
                "effect": "Allow",
                "not_actions": [],
                "not_principals": [],
                "not_resources": [],
                "principals": [],
                "resources": [
                  "arn:aws:s3:::akerl-scratch",
                  "arn:aws:s3:::akerl-scratch/*"
                ],
                "sid": ""
              }
            ],
            "version": "2012-10-17"
          }
        }
      ]
    },
    {
      "module": "module.akerl-scratch.module.publish_user",
      "mode": "managed",
      "type": "aws_iam_user",
      "name": "this",
      "provider": "provider[\"registry.terraform.io/hashicorp/aws\"]",
      "instances": [
        {
          "schema_version": 0,
          "attributes": {
            "arn": "arn:aws:iam::764218738161:user/s3-publish-akerl-scratch",
            "force_destroy": false,
            "id": "s3-publish-akerl-scratch",
            "name": "s3-publish-akerl-scratch",
            "path": "/",
            "permissions_boundary": null,
            "tags": {},
            "unique_id": "AIDAIECYZP237HXG26NOS"
          }
        }
      ]
    },
    {
      "module": "module.akerl-scratch.module.publish_user",
      "mode": "managed",
      "type": "aws_iam_user_policy",
      "name": "this",
      "provider": "provider[\"registry.terraform.io/hashicorp/aws\"]",
      "instances": [
        {
          "schema_version": 0,
          "attributes": {
            "id": "s3-publish-akerl-scratch:s3-publish",
            "name": "s3-publish",
            "name_prefix": null,
            "policy": "{\n  \"Version\": \"2012-10-17\",\n  \"Statement\": [\n    {\n      \"Sid\": \"\",\n      \"Effect\": \"Allow\",\n      \"Action\": [\n        \"s3:PutObject\",\n        \"s3:ListBucket\",\n        \"s3:ListAllMyBuckets\",\n        \"s3:GetObjectAcl\",\n        \"s3:GetObject\",\n        \"s3:GetBucketLocation\",\n        \"s3:GetBucketAcl\",\n        \"s3:DeleteObject\"\n      ],\n      \"Resource\": [\n        \"arn:aws:s3:::akerl-scratch/*\",\n        \"arn:aws:s3:::akerl-scratch\"\n      ]\n    }\n  ]\n}",
            "user": "s3-publish-akerl-scratch"
          },
          "dependencies": [
            "module.akerl-scratch.module.publish_user.aws_iam_user.this"
          ]
        }
      ]
    },
    {
      "module": "module.akerl-scratch.module.publish_user",
      "mode": "managed",
      "type": "aws_s3_bucket",
      "name": "this",
      "provider": "provider[\"registry.terraform.io/hashicorp/aws\"]",
      "instances": []
    },
    {
      "module": "module.akerl-scratch.module.publish_user",
      "mode": "managed",
      "type": "awscreds_iam_access_key",
      "name": "this",
      "provider": "provider[\"terraform.scrtybybscrty.org/armorfret/awscreds\"]",
      "instances": [
        {
          "schema_version": 0,
          "attributes": {
            "encrypted_secret": null,
            "file": "creds/s3-publish-akerl-scratch",
            "id": "AKIAJOC4DNABK7VEHJ3Q",
            "key_fingerprint": null,
            "pgp_key": null,
            "secret": "",
            "ses_smtp_password": "",
            "status": "Active",
            "user": "s3-publish-akerl-scratch"
          },
          "dependencies": [
            "module.akerl-scratch.module.publish_user.aws_iam_user.this"
          ]
        }
      ]
    },
    {
      "module": "module.akerl-snstoslack",
      "mode": "data",
      "type": "aws_iam_policy_document",
      "name": "this",
      "provider": "provider[\"registry.terraform.io/hashicorp/aws\"]",
      "instances": [
        {
          "schema_version": 0,
          "attributes": {
            "id": "1457191474",
            "json": "{\n  \"Version\": \"2012-10-17\",\n  \"Statement\": [\n    {\n      \"Sid\": \"\",\n      \"Effect\": \"Allow\",\n      \"Action\": [\n        \"s3:PutObject\",\n        \"s3:ListBucket\",\n        \"s3:ListAllMyBuckets\",\n        \"s3:GetObjectAcl\",\n        \"s3:GetObject\",\n        \"s3:GetBucketLocation\",\n        \"s3:GetBucketAcl\",\n        \"s3:DeleteObject\"\n      ],\n      \"Resource\": [\n        \"arn:aws:s3:::akerl-snstoslack/*\",\n        \"arn:aws:s3:::akerl-snstoslack\"\n      ]\n    }\n  ]\n}",
            "override_json": null,
            "policy_id": null,
            "source_json": null,
            "statement": [
              {
                "actions": [
                  "s3:DeleteObject",
                  "s3:GetBucketAcl",
                  "s3:GetBucketLocation",
                  "s3:GetObject",
                  "s3:GetObjectAcl",
                  "s3:ListAllMyBuckets",
                  "s3:ListBucket",
                  "s3:PutObject"
                ],
                "condition": [],
                "effect": "Allow",
                "not_actions": [],
                "not_principals": [],
                "not_resources": [],
                "principals": [],
                "resources": [
                  "arn:aws:s3:::akerl-snstoslack",
                  "arn:aws:s3:::akerl-snstoslack/*"
                ],
                "sid": ""
              }
            ],
            "version": "2012-10-17"
          }
        }
      ]
    },
    {
      "module": "module.akerl-snstoslack",
      "mode": "managed",
      "type": "aws_iam_user",
      "name": "this",
      "provider": "provider[\"registry.terraform.io/hashicorp/aws\"]",
      "instances": [
        {
          "schema_version": 0,
          "attributes": {
            "arn": "arn:aws:iam::764218738161:user/s3-publish-akerl-snstoslack",
            "force_destroy": false,
            "id": "s3-publish-akerl-snstoslack",
            "name": "s3-publish-akerl-snstoslack",
            "path": "/",
            "permissions_boundary": null,
            "tags": {},
            "unique_id": "AIDAI77XXR7HCCV7ZXW3C"
          }
        }
      ]
    },
    {
      "module": "module.akerl-snstoslack",
      "mode": "managed",
      "type": "aws_iam_user_policy",
      "name": "this",
      "provider": "provider[\"registry.terraform.io/hashicorp/aws\"]",
      "instances": [
        {
          "schema_version": 0,
          "attributes": {
            "id": "s3-publish-akerl-snstoslack:s3-publish",
            "name": "s3-publish",
            "name_prefix": null,
            "policy": "{\n  \"Version\": \"2012-10-17\",\n  \"Statement\": [\n    {\n      \"Sid\": \"\",\n      \"Effect\": \"Allow\",\n      \"Action\": [\n        \"s3:PutObject\",\n        \"s3:ListBucket\",\n        \"s3:ListAllMyBuckets\",\n        \"s3:GetObjectAcl\",\n        \"s3:GetObject\",\n        \"s3:GetBucketLocation\",\n        \"s3:GetBucketAcl\",\n        \"s3:DeleteObject\"\n      ],\n      \"Resource\": [\n        \"arn:aws:s3:::akerl-snstoslack/*\",\n        \"arn:aws:s3:::akerl-snstoslack\"\n      ]\n    }\n  ]\n}",
            "user": "s3-publish-akerl-snstoslack"
          },
          "dependencies": [
            "module.akerl-snstoslack.aws_iam_user.this"
          ]
        }
      ]
    },
    {
      "module": "module.akerl-snstoslack",
      "mode": "managed",
      "type": "aws_s3_bucket",
      "name": "this",
      "provider": "provider[\"registry.terraform.io/hashicorp/aws\"]",
      "instances": [
        {
          "index_key": 0,
          "schema_version": 0,
          "attributes": {
            "acceleration_status": "",
            "acl": "private",
            "arn": "arn:aws:s3:::akerl-snstoslack",
            "bucket": "akerl-snstoslack",
            "bucket_domain_name": "akerl-snstoslack.s3.amazonaws.com",
            "bucket_prefix": null,
            "bucket_regional_domain_name": "akerl-snstoslack.s3.amazonaws.com",
            "cors_rule": [],
            "force_destroy": false,
            "hosted_zone_id": "Z3AQBSTGFYJSTF",
            "id": "akerl-snstoslack",
            "lifecycle_rule": [],
            "logging": [
              {
                "target_bucket": "akerl-s3-logs",
                "target_prefix": "akerl-snstoslack/"
              }
            ],
            "object_lock_configuration": [],
            "policy": null,
            "region": "us-east-1",
            "replication_configuration": [],
            "request_payer": "BucketOwner",
            "server_side_encryption_configuration": [],
            "tags": {},
            "versioning": [
              {
                "enabled": true,
                "mfa_delete": false
              }
            ],
            "website": [],
            "website_domain": null,
            "website_endpoint": null
          },
          "dependencies": [
            "module.account.aws_s3_bucket.logging"
          ]
        }
      ]
    },
    {
      "module": "module.akerl-snstoslack",
      "mode": "managed",
      "type": "awscreds_iam_access_key",
      "name": "this",
      "provider": "provider[\"terraform.scrtybybscrty.org/armorfret/awscreds\"]",
      "instances": [
        {
          "schema_version": 0,
          "attributes": {
            "encrypted_secret": null,
            "file": "creds/s3-publish-akerl-snstoslack",
            "id": "AKIAJQUXKVVUOTRQD6KA",
            "key_fingerprint": null,
            "pgp_key": null,
            "secret": "",
            "ses_smtp_password": "",
            "status": "Active",
            "user": "s3-publish-akerl-snstoslack"
          },
          "dependencies": [
            "module.akerl-snstoslack.aws_iam_user.this"
          ]
        }
      ]
    },
    {
      "module": "module.akerl-wedding",
      "mode": "data",
      "type": "aws_iam_policy_document",
      "name": "redirect_bucket-read-access",
      "provider": "provider[\"registry.terraform.io/hashicorp/aws\"]",
      "instances": [
        {
          "schema_version": 0,
          "attributes": {
            "id": "3594735451",
            "json": "{\n  \"Version\": \"2012-10-17\",\n  \"Statement\": [\n    {\n      \"Sid\": \"\",\n      \"Effect\": \"Allow\",\n      \"Action\": \"s3:GetObject\",\n      \"Resource\": \"arn:aws:s3:::akerl-wedding-redirect/*\",\n      \"Principal\": {\n        \"AWS\": \"*\"\n      }\n    }\n  ]\n}",
            "override_json": null,
            "policy_id": null,
            "source_json": null,
            "statement": [
              {
                "actions": [
                  "s3:GetObject"
                ],
                "condition": [],
                "effect": "Allow",
                "not_actions": [],
                "not_principals": [],
                "not_resources": [],
                "principals": [
                  {
                    "identifiers": [
                      "*"
                    ],
                    "type": "AWS"
                  }
                ],
                "resources": [
                  "arn:aws:s3:::akerl-wedding-redirect/*"
                ],
                "sid": ""
              }
            ],
            "version": "2012-10-17"
          }
        }
      ]
    },
    {
      "module": "module.akerl-wedding",
      "mode": "managed",
      "type": "aws_cloudfront_distribution",
      "name": "redirect_distribution",
      "provider": "provider[\"registry.terraform.io/hashicorp/aws\"]",
      "instances": [
        {
          "schema_version": 1,
          "attributes": {
            "active_trusted_signers": {
              "enabled": "false",
              "items.#": "0"
            },
            "aliases": [
              "happilyeveraker.com",
              "www.happilyeveraker.com"
            ],
            "arn": "arn:aws:cloudfront::764218738161:distribution/E3PTYTTATMF10V",
            "cache_behavior": [],
            "caller_reference": "2019-03-10T16:12:59.19181+03:00",
            "comment": null,
            "custom_error_response": [],
            "default_cache_behavior": [
              {
                "allowed_methods": [
                  "GET",
                  "HEAD"
                ],
                "cached_methods": [
                  "GET",
                  "HEAD"
                ],
                "compress": true,
                "default_ttl": 300,
                "field_level_encryption_id": "",
                "forwarded_values": [
                  {
                    "cookies": [
                      {
                        "forward": "none",
                        "whitelisted_names": []
                      }
                    ],
                    "headers": [],
                    "query_string": false,
                    "query_string_cache_keys": []
                  }
                ],
                "lambda_function_association": [],
                "max_ttl": 300,
                "min_ttl": 0,
                "smooth_streaming": false,
                "target_origin_id": "redirect_bucket",
                "trusted_signers": [],
                "viewer_protocol_policy": "redirect-to-https"
              }
            ],
            "default_root_object": "",
            "domain_name": "d28rmrxunttz4a.cloudfront.net",
            "enabled": true,
            "etag": "E18J3KWFAEK4I6",
            "hosted_zone_id": "Z2FDTNDATAQYW2",
            "http_version": "http2",
            "id": "E3PTYTTATMF10V",
            "in_progress_validation_batches": 0,
            "is_ipv6_enabled": false,
            "last_modified_time": "2019-03-10 13:13:01.159 +0000 UTC",
            "logging_config": [
              {
                "bucket": "akerl-s3-logs.s3.amazonaws.com",
                "include_cookies": false,
                "prefix": "akerl-wedding-redirect-cdn"
              }
            ],
            "ordered_cache_behavior": [],
            "origin": [
              {
                "custom_header": [],
                "custom_origin_config": [
                  {
                    "http_port": 80,
                    "https_port": 443,
                    "origin_keepalive_timeout": 5,
                    "origin_protocol_policy": "http-only",
                    "origin_read_timeout": 30,
                    "origin_ssl_protocols": [
                      "TLSv1.2"
                    ]
                  }
                ],
                "domain_name": "akerl-wedding-redirect.s3-website-us-east-1.amazonaws.com",
                "origin_id": "redirect_bucket",
                "origin_path": "",
                "s3_origin_config": []
              }
            ],
            "origin_group": [],
            "price_class": "PriceClass_100",
            "restrictions": [
              {
                "geo_restriction": [
                  {
                    "locations": [],
                    "restriction_type": "none"
                  }
                ]
              }
            ],
            "retain_on_delete": false,
            "status": "Deployed",
            "tags": {},
            "viewer_certificate": [
              {
                "acm_certificate_arn": "arn:aws:acm:us-east-1:764218738161:certificate/91aeaeee-cb5d-4794-be6f-4e9b30314d57",
                "cloudfront_default_certificate": false,
                "iam_certificate_id": "",
                "minimum_protocol_version": "TLSv1.2_2018",
                "ssl_support_method": "sni-only"
              }
            ],
            "wait_for_deployment": true,
            "web_acl_id": ""
          },
          "dependencies": [
            "module.account.aws_s3_bucket.logging",
            "module.akerl-wedding.aws_s3_bucket.redirect_bucket",
            "module.akerl-wedding.module.certificate.aws_acm_certificate.this",
            "module.akerl-wedding.module.certificate.aws_acm_certificate_validation.this",
            "module.akerl-wedding.module.certificate.aws_route53_record.validation"
          ]
        }
      ]
    },
    {
      "module": "module.akerl-wedding",
      "mode": "managed",
      "type": "aws_s3_bucket",
      "name": "redirect_bucket",
      "provider": "provider[\"registry.terraform.io/hashicorp/aws\"]",
      "instances": [
        {
          "schema_version": 0,
          "attributes": {
            "acceleration_status": "",
            "acl": "private",
            "arn": "arn:aws:s3:::akerl-wedding-redirect",
            "bucket": "akerl-wedding-redirect",
            "bucket_domain_name": "akerl-wedding-redirect.s3.amazonaws.com",
            "bucket_prefix": null,
            "bucket_regional_domain_name": "akerl-wedding-redirect.s3.amazonaws.com",
            "cors_rule": [],
            "force_destroy": false,
            "hosted_zone_id": "Z3AQBSTGFYJSTF",
            "id": "akerl-wedding-redirect",
            "lifecycle_rule": [],
            "logging": [
              {
                "target_bucket": "akerl-s3-logs",
                "target_prefix": "akerl-wedding-redirect/"
              }
            ],
            "object_lock_configuration": [],
            "policy": "{\"Statement\":[{\"Action\":\"s3:GetObject\",\"Effect\":\"Allow\",\"Principal\":{\"AWS\":\"*\"},\"Resource\":\"arn:aws:s3:::akerl-wedding-redirect/*\",\"Sid\":\"\"}],\"Version\":\"2012-10-17\"}",
            "region": "us-east-1",
            "replication_configuration": [],
            "request_payer": "BucketOwner",
            "server_side_encryption_configuration": [],
            "tags": {},
            "versioning": [
              {
                "enabled": true,
                "mfa_delete": false
              }
            ],
            "website": [
              {
                "error_document": "",
                "index_document": "",
                "redirect_all_requests_to": "https://www.theknot.com/us/kelly-watts-and-les-aker-may-2017",
                "routing_rules": ""
              }
            ],
            "website_domain": "s3-website-us-east-1.amazonaws.com",
            "website_endpoint": "akerl-wedding-redirect.s3-website-us-east-1.amazonaws.com"
          },
          "dependencies": [
            "module.account.aws_s3_bucket.logging"
          ]
        }
      ]
    },
    {
      "module": "module.akerl-wedding.module.certificate",
      "mode": "data",
      "type": "aws_route53_zone",
      "name": "parent",
      "provider": "provider[\"registry.terraform.io/hashicorp/aws\"]",
      "instances": [
        {
          "index_key": 0,
          "schema_version": 0,
          "attributes": {
            "caller_reference": "2016-09-14T19:18:10.520736364-04:00",
            "comment": "Managed by Terraform",
            "id": "Z2ZXZ7VFSXR5E7",
            "linked_service_description": null,
            "linked_service_principal": null,
            "name": "happilyeveraker.com.",
            "name_servers": [
              "ns-1242.awsdns-27.org",
              "ns-477.awsdns-59.com",
              "ns-808.awsdns-37.net",
              "ns-1942.awsdns-50.co.uk"
            ],
            "private_zone": false,
            "resource_record_set_count": 10,
            "tags": null,
            "vpc_id": null,
            "zone_id": "Z2ZXZ7VFSXR5E7"
          }
        },
        {
          "index_key": 1,
          "schema_version": 0,
          "attributes": {
            "caller_reference": "2016-09-14T19:18:10.520736364-04:00",
            "comment": "Managed by Terraform",
            "id": "Z2ZXZ7VFSXR5E7",
            "linked_service_description": null,
            "linked_service_principal": null,
            "name": "happilyeveraker.com.",
            "name_servers": [
              "ns-1242.awsdns-27.org",
              "ns-477.awsdns-59.com",
              "ns-808.awsdns-37.net",
              "ns-1942.awsdns-50.co.uk"
            ],
            "private_zone": false,
            "resource_record_set_count": 10,
            "tags": null,
            "vpc_id": null,
            "zone_id": "Z2ZXZ7VFSXR5E7"
          }
        }
      ]
    },
    {
      "module": "module.akerl-wedding.module.certificate",
      "mode": "managed",
      "type": "aws_acm_certificate",
      "name": "this",
      "provider": "provider[\"registry.terraform.io/hashicorp/aws\"]",
      "instances": [
        {
          "schema_version": 0,
          "attributes": {
            "arn": "arn:aws:acm:us-east-1:764218738161:certificate/91aeaeee-cb5d-4794-be6f-4e9b30314d57",
            "certificate_authority_arn": "",
            "certificate_body": null,
            "certificate_chain": null,
            "domain_name": "happilyeveraker.com",
            "domain_validation_options": [
              {
                "domain_name": "happilyeveraker.com",
                "resource_record_name": "_844a2edc1c44f0acb82f796a02451b50.happilyeveraker.com.",
                "resource_record_type": "CNAME",
                "resource_record_value": "_ea31e595978e08bbf553e87305e89faf.acm-validations.aws."
              },
              {
                "domain_name": "www.happilyeveraker.com",
                "resource_record_name": "_3a8ecc65f762ead24ac8ba9fd43a3dbf.www.happilyeveraker.com.",
                "resource_record_type": "CNAME",
                "resource_record_value": "_b28ffeb9a066748dc91a54c67ef9be3c.acm-validations.aws."
              }
            ],
            "id": "arn:aws:acm:us-east-1:764218738161:certificate/91aeaeee-cb5d-4794-be6f-4e9b30314d57",
            "options": [
              {
                "certificate_transparency_logging_preference": "ENABLED"
              }
            ],
            "private_key": null,
            "subject_alternative_names": [
              "www.happilyeveraker.com"
            ],
            "tags": {},
            "validation_emails": [],
            "validation_method": "DNS"
          }
        }
      ]
    },
    {
      "module": "module.akerl-wedding.module.certificate",
      "mode": "managed",
      "type": "aws_acm_certificate_validation",
      "name": "this",
      "provider": "provider[\"registry.terraform.io/hashicorp/aws\"]",
      "instances": [
        {
          "schema_version": 0,
          "attributes": {
            "certificate_arn": "arn:aws:acm:us-east-1:764218738161:certificate/91aeaeee-cb5d-4794-be6f-4e9b30314d57",
            "id": "2020-02-11 01:42:59 +0000 UTC",
            "timeouts": null,
            "validation_record_fqdns": [
              "_3a8ecc65f762ead24ac8ba9fd43a3dbf.www.happilyeveraker.com",
              "_844a2edc1c44f0acb82f796a02451b50.happilyeveraker.com"
            ]
          },
          "private": "eyJlMmJmYjczMC1lY2FhLTExZTYtOGY4OC0zNDM2M2JjN2M0YzAiOnsiY3JlYXRlIjoyNzAwMDAwMDAwMDAwfX0=",
          "dependencies": [
            "module.akerl-wedding.module.certificate.aws_acm_certificate.this",
            "module.akerl-wedding.module.certificate.aws_route53_record.validation"
          ]
        }
      ]
    },
    {
      "module": "module.akerl-wedding.module.certificate",
      "mode": "managed",
      "type": "aws_route53_record",
      "name": "validation",
      "provider": "provider[\"registry.terraform.io/hashicorp/aws\"]",
      "instances": [
        {
          "index_key": 0,
          "schema_version": 2,
          "attributes": {
            "alias": [],
            "allow_overwrite": null,
            "failover_routing_policy": [],
            "fqdn": "_844a2edc1c44f0acb82f796a02451b50.happilyeveraker.com",
            "geolocation_routing_policy": [],
            "health_check_id": "",
            "id": "Z2ZXZ7VFSXR5E7__844a2edc1c44f0acb82f796a02451b50.happilyeveraker.com._CNAME",
            "latency_routing_policy": [],
            "multivalue_answer_routing_policy": null,
            "name": "_844a2edc1c44f0acb82f796a02451b50.happilyeveraker.com",
            "records": [
              "_ea31e595978e08bbf553e87305e89faf.acm-validations.aws."
            ],
            "set_identifier": "",
            "ttl": 60,
            "type": "CNAME",
            "weighted_routing_policy": [],
            "zone_id": "Z2ZXZ7VFSXR5E7"
          },
          "private": "eyJzY2hlbWFfdmVyc2lvbiI6IjIifQ==",
          "dependencies": [
            "module.akerl-wedding.module.certificate.aws_acm_certificate.this"
          ]
        },
        {
          "index_key": 1,
          "schema_version": 2,
          "attributes": {
            "alias": [],
            "allow_overwrite": null,
            "failover_routing_policy": [],
            "fqdn": "_3a8ecc65f762ead24ac8ba9fd43a3dbf.www.happilyeveraker.com",
            "geolocation_routing_policy": [],
            "health_check_id": "",
            "id": "Z2ZXZ7VFSXR5E7__3a8ecc65f762ead24ac8ba9fd43a3dbf.www.happilyeveraker.com._CNAME",
            "latency_routing_policy": [],
            "multivalue_answer_routing_policy": null,
            "name": "_3a8ecc65f762ead24ac8ba9fd43a3dbf.www.happilyeveraker.com",
            "records": [
              "_b28ffeb9a066748dc91a54c67ef9be3c.acm-validations.aws."
            ],
            "set_identifier": "",
            "ttl": 60,
            "type": "CNAME",
            "weighted_routing_policy": [],
            "zone_id": "Z2ZXZ7VFSXR5E7"
          },
          "private": "eyJzY2hlbWFfdmVyc2lvbiI6IjIifQ==",
          "dependencies": [
            "module.akerl-wedding.module.certificate.aws_acm_certificate.this"
          ]
        }
      ]
    },
    {
      "module": "module.amylum-repo",
      "mode": "data",
      "type": "aws_iam_policy_document",
      "name": "file_bucket_read_access",
      "provider": "provider[\"registry.terraform.io/hashicorp/aws\"]",
      "instances": [
        {
          "schema_version": 0,
          "attributes": {
            "id": "3554411074",
            "json": "{\n  \"Version\": \"2012-10-17\",\n  \"Statement\": [\n    {\n      \"Sid\": \"\",\n      \"Effect\": \"Allow\",\n      \"Action\": \"s3:GetObject\",\n      \"Resource\": \"arn:aws:s3:::amylum-repo/*\",\n      \"Principal\": {\n        \"AWS\": \"*\"\n      }\n    }\n  ]\n}",
            "override_json": null,
            "policy_id": null,
            "source_json": null,
            "statement": [
              {
                "actions": [
                  "s3:GetObject"
                ],
                "condition": [],
                "effect": "Allow",
                "not_actions": [],
                "not_principals": [],
                "not_resources": [],
                "principals": [
                  {
                    "identifiers": [
                      "*"
                    ],
                    "type": "AWS"
                  }
                ],
                "resources": [
                  "arn:aws:s3:::amylum-repo/*"
                ],
                "sid": ""
              }
            ],
            "version": "2012-10-17"
          }
        }
      ]
    },
    {
      "module": "module.amylum-repo",
      "mode": "data",
      "type": "aws_iam_policy_document",
      "name": "redirect_bucket_read_access",
      "provider": "provider[\"registry.terraform.io/hashicorp/aws\"]",
      "instances": [
        {
          "schema_version": 0,
          "attributes": {
            "id": "1904085766",
            "json": "{\n  \"Version\": \"2012-10-17\",\n  \"Statement\": [\n    {\n      \"Sid\": \"\",\n      \"Effect\": \"Allow\",\n      \"Action\": \"s3:GetObject\",\n      \"Resource\": \"arn:aws:s3:::amylum-repo-redirect/*\",\n      \"Principal\": {\n        \"AWS\": \"*\"\n      }\n    }\n  ]\n}",
            "override_json": null,
            "policy_id": null,
            "source_json": null,
            "statement": [
              {
                "actions": [
                  "s3:GetObject"
                ],
                "condition": [],
                "effect": "Allow",
                "not_actions": [],
                "not_principals": [],
                "not_resources": [],
                "principals": [
                  {
                    "identifiers": [
                      "*"
                    ],
                    "type": "AWS"
                  }
                ],
                "resources": [
                  "arn:aws:s3:::amylum-repo-redirect/*"
                ],
                "sid": ""
              }
            ],
            "version": "2012-10-17"
          }
        }
      ]
    },
    {
      "module": "module.amylum-repo",
      "mode": "managed",
      "type": "aws_cloudfront_distribution",
      "name": "file",
      "provider": "provider[\"registry.terraform.io/hashicorp/aws\"]",
      "instances": [
        {
          "schema_version": 1,
          "attributes": {
            "active_trusted_signers": {
              "enabled": "false",
              "items.#": "0"
            },
            "aliases": [
              "repo.scrtybybscrty.org"
            ],
            "arn": "arn:aws:cloudfront::764218738161:distribution/E1UFOR4KCYO8RN",
            "cache_behavior": [],
            "caller_reference": "2019-03-10T16:12:27.553898+03:00",
            "comment": null,
            "custom_error_response": [],
            "default_cache_behavior": [
              {
                "allowed_methods": [
                  "GET",
                  "HEAD"
                ],
                "cached_methods": [
                  "GET",
                  "HEAD"
                ],
                "compress": true,
                "default_ttl": 0,
                "field_level_encryption_id": "",
                "forwarded_values": [
                  {
                    "cookies": [
                      {
                        "forward": "none",
                        "whitelisted_names": []
                      }
                    ],
                    "headers": [],
                    "query_string": false,
                    "query_string_cache_keys": []
                  }
                ],
                "lambda_function_association": [],
                "max_ttl": 300,
                "min_ttl": 0,
                "smooth_streaming": false,
                "target_origin_id": "file-bucket",
                "trusted_signers": [],
                "viewer_protocol_policy": "redirect-to-https"
              }
            ],
            "default_root_object": "index.html",
            "domain_name": "d3b0h0je7nbicg.cloudfront.net",
            "enabled": true,
            "etag": "E1NW5ZSRM9CUSO",
            "hosted_zone_id": "Z2FDTNDATAQYW2",
            "http_version": "http2",
            "id": "E1UFOR4KCYO8RN",
            "in_progress_validation_batches": 0,
            "is_ipv6_enabled": false,
            "last_modified_time": "2019-03-10 13:12:32.8 +0000 UTC",
            "logging_config": [
              {
                "bucket": "akerl-s3-logs.s3.amazonaws.com",
                "include_cookies": false,
                "prefix": "amylum-repo-cdn/"
              }
            ],
            "ordered_cache_behavior": [],
            "origin": [
              {
                "custom_header": [],
                "custom_origin_config": [
                  {
                    "http_port": 80,
                    "https_port": 443,
                    "origin_keepalive_timeout": 5,
                    "origin_protocol_policy": "http-only",
                    "origin_read_timeout": 30,
                    "origin_ssl_protocols": [
                      "TLSv1.2"
                    ]
                  }
                ],
                "domain_name": "amylum-repo.s3-website-us-east-1.amazonaws.com",
                "origin_id": "file-bucket",
                "origin_path": "",
                "s3_origin_config": []
              }
            ],
            "origin_group": [],
            "price_class": "PriceClass_100",
            "restrictions": [
              {
                "geo_restriction": [
                  {
                    "locations": [],
                    "restriction_type": "none"
                  }
                ]
              }
            ],
            "retain_on_delete": false,
            "status": "Deployed",
            "tags": {},
            "viewer_certificate": [
              {
                "acm_certificate_arn": "arn:aws:acm:us-east-1:764218738161:certificate/64c634fc-9f5c-41fa-831c-dcad7894efc8",
                "cloudfront_default_certificate": false,
                "iam_certificate_id": "",
                "minimum_protocol_version": "TLSv1.2_2018",
                "ssl_support_method": "sni-only"
              }
            ],
            "wait_for_deployment": true,
            "web_acl_id": ""
          },
          "dependencies": [
            "module.account.aws_s3_bucket.logging",
            "module.amylum-repo.aws_s3_bucket.file",
            "module.amylum-repo.module.certificate.aws_acm_certificate.this",
            "module.amylum-repo.module.certificate.aws_acm_certificate_validation.this",
            "module.amylum-repo.module.certificate.aws_route53_record.validation"
          ]
        }
      ]
    },
    {
      "module": "module.amylum-repo",
      "mode": "managed",
      "type": "aws_cloudfront_distribution",
      "name": "redirect",
      "provider": "provider[\"registry.terraform.io/hashicorp/aws\"]",
      "instances": [
        {
          "schema_version": 1,
          "attributes": {
            "active_trusted_signers": {
              "enabled": "false",
              "items.#": "0"
            },
            "aliases": [],
            "arn": "arn:aws:cloudfront::764218738161:distribution/E2YJ9O855JY3GV",
            "cache_behavior": [],
            "caller_reference": "2019-03-10T16:12:24.03127+03:00",
            "comment": null,
            "custom_error_response": [],
            "default_cache_behavior": [
              {
                "allowed_methods": [
                  "GET",
                  "HEAD"
                ],
                "cached_methods": [
                  "GET",
                  "HEAD"
                ],
                "compress": true,
                "default_ttl": 300,
                "field_level_encryption_id": "",
                "forwarded_values": [
                  {
                    "cookies": [
                      {
                        "forward": "none",
                        "whitelisted_names": []
                      }
                    ],
                    "headers": [],
                    "query_string": false,
                    "query_string_cache_keys": []
                  }
                ],
                "lambda_function_association": [],
                "max_ttl": 300,
                "min_ttl": 0,
                "smooth_streaming": false,
                "target_origin_id": "redirect-bucket",
                "trusted_signers": [],
                "viewer_protocol_policy": "redirect-to-https"
              }
            ],
            "default_root_object": "",
            "domain_name": "dwkzfmxqn98ko.cloudfront.net",
            "enabled": true,
            "etag": "E2EXCOKQU1KTYQ",
            "hosted_zone_id": "Z2FDTNDATAQYW2",
            "http_version": "http2",
            "id": "E2YJ9O855JY3GV",
            "in_progress_validation_batches": 0,
            "is_ipv6_enabled": false,
            "last_modified_time": "2019-03-10 13:12:26.335 +0000 UTC",
            "logging_config": [
              {
                "bucket": "akerl-s3-logs.s3.amazonaws.com",
                "include_cookies": false,
                "prefix": "amylum-repo-redirect-cdn"
              }
            ],
            "ordered_cache_behavior": [],
            "origin": [
              {
                "custom_header": [],
                "custom_origin_config": [
                  {
                    "http_port": 80,
                    "https_port": 443,
                    "origin_keepalive_timeout": 5,
                    "origin_protocol_policy": "http-only",
                    "origin_read_timeout": 30,
                    "origin_ssl_protocols": [
                      "TLSv1.2"
                    ]
                  }
                ],
                "domain_name": "amylum-repo-redirect.s3-website-us-east-1.amazonaws.com",
                "origin_id": "redirect-bucket",
                "origin_path": "",
                "s3_origin_config": []
              }
            ],
            "origin_group": [],
            "price_class": "PriceClass_100",
            "restrictions": [
              {
                "geo_restriction": [
                  {
                    "locations": [],
                    "restriction_type": "none"
                  }
                ]
              }
            ],
            "retain_on_delete": false,
            "status": "Deployed",
            "tags": {},
            "viewer_certificate": [
              {
                "acm_certificate_arn": "arn:aws:acm:us-east-1:764218738161:certificate/64c634fc-9f5c-41fa-831c-dcad7894efc8",
                "cloudfront_default_certificate": false,
                "iam_certificate_id": "",
                "minimum_protocol_version": "TLSv1.2_2018",
                "ssl_support_method": "sni-only"
              }
            ],
            "wait_for_deployment": true,
            "web_acl_id": ""
          },
          "dependencies": [
            "module.account.aws_s3_bucket.logging",
            "module.amylum-repo.aws_s3_bucket.redirect",
            "module.amylum-repo.module.certificate.aws_acm_certificate.this",
            "module.amylum-repo.module.certificate.aws_acm_certificate_validation.this",
            "module.amylum-repo.module.certificate.aws_route53_record.validation"
          ]
        }
      ]
    },
    {
      "module": "module.amylum-repo",
      "mode": "managed",
      "type": "aws_s3_bucket",
      "name": "file",
      "provider": "provider[\"registry.terraform.io/hashicorp/aws\"]",
      "instances": [
        {
          "schema_version": 0,
          "attributes": {
            "acceleration_status": "",
            "acl": "private",
            "arn": "arn:aws:s3:::amylum-repo",
            "bucket": "amylum-repo",
            "bucket_domain_name": "amylum-repo.s3.amazonaws.com",
            "bucket_prefix": null,
            "bucket_regional_domain_name": "amylum-repo.s3.amazonaws.com",
            "cors_rule": [],
            "force_destroy": false,
            "hosted_zone_id": "Z3AQBSTGFYJSTF",
            "id": "amylum-repo",
            "lifecycle_rule": [],
            "logging": [
              {
                "target_bucket": "akerl-s3-logs",
                "target_prefix": "amylum-repo/"
              }
            ],
            "object_lock_configuration": [],
            "policy": "{\"Statement\":[{\"Action\":\"s3:GetObject\",\"Effect\":\"Allow\",\"Principal\":{\"AWS\":\"*\"},\"Resource\":\"arn:aws:s3:::amylum-repo/*\",\"Sid\":\"\"}],\"Version\":\"2012-10-17\"}",
            "region": "us-east-1",
            "replication_configuration": [],
            "request_payer": "BucketOwner",
            "server_side_encryption_configuration": [],
            "tags": {},
            "versioning": [
              {
                "enabled": true,
                "mfa_delete": false
              }
            ],
            "website": [
              {
                "error_document": "404.html",
                "index_document": "index.html",
                "redirect_all_requests_to": "",
                "routing_rules": ""
              }
            ],
            "website_domain": "s3-website-us-east-1.amazonaws.com",
            "website_endpoint": "amylum-repo.s3-website-us-east-1.amazonaws.com"
          },
          "dependencies": [
            "module.account.aws_s3_bucket.logging"
          ]
        }
      ]
    },
    {
      "module": "module.amylum-repo",
      "mode": "managed",
      "type": "aws_s3_bucket",
      "name": "redirect",
      "provider": "provider[\"registry.terraform.io/hashicorp/aws\"]",
      "instances": [
        {
          "schema_version": 0,
          "attributes": {
            "acceleration_status": "",
            "acl": "private",
            "arn": "arn:aws:s3:::amylum-repo-redirect",
            "bucket": "amylum-repo-redirect",
            "bucket_domain_name": "amylum-repo-redirect.s3.amazonaws.com",
            "bucket_prefix": null,
            "bucket_regional_domain_name": "amylum-repo-redirect.s3.amazonaws.com",
            "cors_rule": [],
            "force_destroy": false,
            "hosted_zone_id": "Z3AQBSTGFYJSTF",
            "id": "amylum-repo-redirect",
            "lifecycle_rule": [],
            "logging": [
              {
                "target_bucket": "akerl-s3-logs",
                "target_prefix": "amylum-repo-redirect/"
              }
            ],
            "object_lock_configuration": [],
            "policy": "{\"Statement\":[{\"Action\":\"s3:GetObject\",\"Effect\":\"Allow\",\"Principal\":{\"AWS\":\"*\"},\"Resource\":\"arn:aws:s3:::amylum-repo-redirect/*\",\"Sid\":\"\"}],\"Version\":\"2012-10-17\"}",
            "region": "us-east-1",
            "replication_configuration": [],
            "request_payer": "BucketOwner",
            "server_side_encryption_configuration": [],
            "tags": {},
            "versioning": [
              {
                "enabled": true,
                "mfa_delete": false
              }
            ],
            "website": [
              {
                "error_document": "",
                "index_document": "",
                "redirect_all_requests_to": "https://repo.scrtybybscrty.org",
                "routing_rules": ""
              }
            ],
            "website_domain": "s3-website-us-east-1.amazonaws.com",
            "website_endpoint": "amylum-repo-redirect.s3-website-us-east-1.amazonaws.com"
          },
          "dependencies": [
            "module.account.aws_s3_bucket.logging"
          ]
        }
      ]
    },
    {
      "module": "module.amylum-repo.module.certificate",
      "mode": "data",
      "type": "aws_route53_zone",
      "name": "parent",
      "provider": "provider[\"registry.terraform.io/hashicorp/aws\"]",
      "instances": [
        {
          "index_key": 0,
          "schema_version": 0,
          "attributes": {
            "caller_reference": "2016-09-14T19:18:10.523044235-04:00",
            "comment": "Managed by Terraform",
            "id": "Z11UY811DI2S1K",
            "linked_service_description": null,
            "linked_service_principal": null,
            "name": "scrtybybscrty.org.",
            "name_servers": [
              "ns-1242.awsdns-27.org",
              "ns-477.awsdns-59.com",
              "ns-808.awsdns-37.net",
              "ns-1942.awsdns-50.co.uk"
            ],
            "private_zone": false,
            "resource_record_set_count": 22,
            "tags": null,
            "vpc_id": null,
            "zone_id": "Z11UY811DI2S1K"
          }
        }
      ]
    },
    {
      "module": "module.amylum-repo.module.certificate",
      "mode": "managed",
      "type": "aws_acm_certificate",
      "name": "this",
      "provider": "provider[\"registry.terraform.io/hashicorp/aws\"]",
      "instances": [
        {
          "schema_version": 0,
          "attributes": {
            "arn": "arn:aws:acm:us-east-1:764218738161:certificate/64c634fc-9f5c-41fa-831c-dcad7894efc8",
            "certificate_authority_arn": "",
            "certificate_body": null,
            "certificate_chain": null,
            "domain_name": "repo.scrtybybscrty.org",
            "domain_validation_options": [
              {
                "domain_name": "repo.scrtybybscrty.org",
                "resource_record_name": "_5df42c85656ddf46781b3628416d301f.repo.scrtybybscrty.org.",
                "resource_record_type": "CNAME",
                "resource_record_value": "_627bddcb0ecdb21d6fe4b804e60e403a.acm-validations.aws."
              }
            ],
            "id": "arn:aws:acm:us-east-1:764218738161:certificate/64c634fc-9f5c-41fa-831c-dcad7894efc8",
            "options": [
              {
                "certificate_transparency_logging_preference": "ENABLED"
              }
            ],
            "private_key": null,
            "subject_alternative_names": [],
            "tags": {},
            "validation_emails": [],
            "validation_method": "DNS"
          }
        }
      ]
    },
    {
      "module": "module.amylum-repo.module.certificate",
      "mode": "managed",
      "type": "aws_acm_certificate_validation",
      "name": "this",
      "provider": "provider[\"registry.terraform.io/hashicorp/aws\"]",
      "instances": [
        {
          "schema_version": 0,
          "attributes": {
            "certificate_arn": "arn:aws:acm:us-east-1:764218738161:certificate/64c634fc-9f5c-41fa-831c-dcad7894efc8",
            "id": "2020-02-11 01:42:30 +0000 UTC",
            "timeouts": null,
            "validation_record_fqdns": [
              "_5df42c85656ddf46781b3628416d301f.repo.scrtybybscrty.org"
            ]
          },
          "private": "eyJlMmJmYjczMC1lY2FhLTExZTYtOGY4OC0zNDM2M2JjN2M0YzAiOnsiY3JlYXRlIjoyNzAwMDAwMDAwMDAwfX0=",
          "dependencies": [
            "module.amylum-repo.module.certificate.aws_acm_certificate.this",
            "module.amylum-repo.module.certificate.aws_route53_record.validation"
          ]
        }
      ]
    },
    {
      "module": "module.amylum-repo.module.certificate",
      "mode": "managed",
      "type": "aws_route53_record",
      "name": "validation",
      "provider": "provider[\"registry.terraform.io/hashicorp/aws\"]",
      "instances": [
        {
          "index_key": 0,
          "schema_version": 2,
          "attributes": {
            "alias": [],
            "allow_overwrite": null,
            "failover_routing_policy": [],
            "fqdn": "_5df42c85656ddf46781b3628416d301f.repo.scrtybybscrty.org",
            "geolocation_routing_policy": [],
            "health_check_id": "",
            "id": "Z11UY811DI2S1K__5df42c85656ddf46781b3628416d301f.repo.scrtybybscrty.org._CNAME",
            "latency_routing_policy": [],
            "multivalue_answer_routing_policy": null,
            "name": "_5df42c85656ddf46781b3628416d301f.repo.scrtybybscrty.org",
            "records": [
              "_627bddcb0ecdb21d6fe4b804e60e403a.acm-validations.aws."
            ],
            "set_identifier": "",
            "ttl": 60,
            "type": "CNAME",
            "weighted_routing_policy": [],
            "zone_id": "Z11UY811DI2S1K"
          },
          "private": "eyJzY2hlbWFfdmVyc2lvbiI6IjIifQ==",
          "dependencies": [
            "module.amylum-repo.module.certificate.aws_acm_certificate.this"
          ]
        }
      ]
    },
    {
      "module": "module.amylum-repo.module.publish_user",
      "mode": "data",
      "type": "aws_iam_policy_document",
      "name": "this",
      "provider": "provider[\"registry.terraform.io/hashicorp/aws\"]",
      "instances": [
        {
          "schema_version": 0,
          "attributes": {
            "id": "1193194925",
            "json": "{\n  \"Version\": \"2012-10-17\",\n  \"Statement\": [\n    {\n      \"Sid\": \"\",\n      \"Effect\": \"Allow\",\n      \"Action\": [\n        \"s3:PutObject\",\n        \"s3:ListBucket\",\n        \"s3:ListAllMyBuckets\",\n        \"s3:GetObjectAcl\",\n        \"s3:GetObject\",\n        \"s3:GetBucketLocation\",\n        \"s3:GetBucketAcl\",\n        \"s3:DeleteObject\"\n      ],\n      \"Resource\": [\n        \"arn:aws:s3:::amylum-repo/*\",\n        \"arn:aws:s3:::amylum-repo\"\n      ]\n    }\n  ]\n}",
            "override_json": null,
            "policy_id": null,
            "source_json": null,
            "statement": [
              {
                "actions": [
                  "s3:DeleteObject",
                  "s3:GetBucketAcl",
                  "s3:GetBucketLocation",
                  "s3:GetObject",
                  "s3:GetObjectAcl",
                  "s3:ListAllMyBuckets",
                  "s3:ListBucket",
                  "s3:PutObject"
                ],
                "condition": [],
                "effect": "Allow",
                "not_actions": [],
                "not_principals": [],
                "not_resources": [],
                "principals": [],
                "resources": [
                  "arn:aws:s3:::amylum-repo",
                  "arn:aws:s3:::amylum-repo/*"
                ],
                "sid": ""
              }
            ],
            "version": "2012-10-17"
          }
        }
      ]
    },
    {
      "module": "module.amylum-repo.module.publish_user",
      "mode": "managed",
      "type": "aws_iam_user",
      "name": "this",
      "provider": "provider[\"registry.terraform.io/hashicorp/aws\"]",
      "instances": [
        {
          "schema_version": 0,
          "attributes": {
            "arn": "arn:aws:iam::764218738161:user/s3-publish-amylum-repo",
            "force_destroy": false,
            "id": "s3-publish-amylum-repo",
            "name": "s3-publish-amylum-repo",
            "path": "/",
            "permissions_boundary": null,
            "tags": {},
            "unique_id": "AIDAJT7MTXCY46SA5RX42"
          }
        }
      ]
    },
    {
      "module": "module.amylum-repo.module.publish_user",
      "mode": "managed",
      "type": "aws_iam_user_policy",
      "name": "this",
      "provider": "provider[\"registry.terraform.io/hashicorp/aws\"]",
      "instances": [
        {
          "schema_version": 0,
          "attributes": {
            "id": "s3-publish-amylum-repo:s3-publish",
            "name": "s3-publish",
            "name_prefix": null,
            "policy": "{\n  \"Version\": \"2012-10-17\",\n  \"Statement\": [\n    {\n      \"Sid\": \"\",\n      \"Effect\": \"Allow\",\n      \"Action\": [\n        \"s3:PutObject\",\n        \"s3:ListBucket\",\n        \"s3:ListAllMyBuckets\",\n        \"s3:GetObjectAcl\",\n        \"s3:GetObject\",\n        \"s3:GetBucketLocation\",\n        \"s3:GetBucketAcl\",\n        \"s3:DeleteObject\"\n      ],\n      \"Resource\": [\n        \"arn:aws:s3:::amylum-repo/*\",\n        \"arn:aws:s3:::amylum-repo\"\n      ]\n    }\n  ]\n}",
            "user": "s3-publish-amylum-repo"
          },
          "dependencies": [
            "module.amylum-repo.module.publish_user.aws_iam_user.this"
          ]
        }
      ]
    },
    {
      "module": "module.amylum-repo.module.publish_user",
      "mode": "managed",
      "type": "aws_s3_bucket",
      "name": "this",
      "provider": "provider[\"registry.terraform.io/hashicorp/aws\"]",
      "instances": []
    },
    {
      "module": "module.amylum-repo.module.publish_user",
      "mode": "managed",
      "type": "awscreds_iam_access_key",
      "name": "this",
      "provider": "provider[\"terraform.scrtybybscrty.org/armorfret/awscreds\"]",
      "instances": [
        {
          "schema_version": 0,
          "attributes": {
            "encrypted_secret": null,
            "file": "creds/s3-publish-amylum-repo",
            "id": "AKIAIBHPFX4ZQJONH54Q",
            "key_fingerprint": null,
            "pgp_key": null,
            "secret": "",
            "ses_smtp_password": "",
            "status": "Active",
            "user": "s3-publish-amylum-repo"
          },
          "dependencies": [
            "module.amylum-repo.module.publish_user.aws_iam_user.this"
          ]
        }
      ]
    },
    {
      "module": "module.hourly",
      "mode": "data",
      "type": "aws_iam_policy_document",
      "name": "lambda_perms",
      "provider": "provider[\"registry.terraform.io/hashicorp/aws\"]",
      "instances": [
        {
          "schema_version": 0,
          "attributes": {
            "id": "1099555948",
            "json": "{\n  \"Version\": \"2012-10-17\",\n  \"Statement\": [\n    {\n      \"Sid\": \"\",\n      \"Effect\": \"Allow\",\n      \"Action\": [\n        \"s3:ListBucket\",\n        \"s3:GetObject\"\n      ],\n      \"Resource\": [\n        \"arn:aws:s3:::hookshot-hourly/*\",\n        \"arn:aws:s3:::hookshot-hourly\"\n      ]\n    },\n    {\n      \"Sid\": \"\",\n      \"Effect\": \"Allow\",\n      \"Action\": [\n        \"logs:PutLogEvents\",\n        \"logs:CreateLogStream\",\n        \"logs:CreateLogGroup\"\n      ],\n      \"Resource\": \"arn:aws:logs:*:*:*\"\n    }\n  ]\n}",
            "override_json": null,
            "policy_id": null,
            "source_json": null,
            "statement": [
              {
                "actions": [
                  "s3:GetObject",
                  "s3:ListBucket"
                ],
                "condition": [],
                "effect": "Allow",
                "not_actions": [],
                "not_principals": [],
                "not_resources": [],
                "principals": [],
                "resources": [
                  "arn:aws:s3:::hookshot-hourly",
                  "arn:aws:s3:::hookshot-hourly/*"
                ],
                "sid": ""
              },
              {
                "actions": [
                  "logs:CreateLogGroup",
                  "logs:CreateLogStream",
                  "logs:PutLogEvents"
                ],
                "condition": [],
                "effect": "Allow",
                "not_actions": [],
                "not_principals": [],
                "not_resources": [],
                "principals": [],
                "resources": [
                  "arn:aws:logs:*:*:*"
                ],
                "sid": ""
              }
            ],
            "version": "2012-10-17"
          }
        }
      ]
    },
    {
      "module": "module.hourly",
      "mode": "managed",
      "type": "aws_cloudwatch_event_rule",
      "name": "cron",
      "provider": "provider[\"registry.terraform.io/hashicorp/aws\"]",
      "instances": [
        {
          "schema_version": 0,
          "attributes": {
            "arn": "arn:aws:events:us-east-1:764218738161:rule/hookshot_hookshot-hourly_cron",
            "description": "Launch lambda",
            "event_pattern": null,
            "id": "hookshot_hookshot-hourly_cron",
            "is_enabled": true,
            "name": "hookshot_hookshot-hourly_cron",
            "name_prefix": null,
            "role_arn": "",
            "schedule_expression": "rate(1 hour)",
            "tags": {}
          }
        }
      ]
    },
    {
      "module": "module.hourly",
      "mode": "managed",
      "type": "aws_cloudwatch_event_target",
      "name": "cron",
      "provider": "provider[\"registry.terraform.io/hashicorp/aws\"]",
      "instances": [
        {
          "schema_version": 0,
          "attributes": {
            "arn": "arn:aws:lambda:us-east-1:764218738161:function:hookshot_hookshot-hourly",
            "batch_target": [],
            "ecs_target": [],
            "id": "hookshot_hookshot-hourly_cron-invoke_hookshot",
            "input": "",
            "input_path": "",
            "input_transformer": [],
            "kinesis_target": [],
            "role_arn": "",
            "rule": "hookshot_hookshot-hourly_cron",
            "run_command_targets": [],
            "sqs_target": [],
            "target_id": "invoke_hookshot"
          },
          "dependencies": [
            "module.hourly.aws_cloudwatch_event_rule.cron",
            "module.hourly.module.lambda.aws_iam_role.lambda",
            "module.hourly.module.lambda.aws_lambda_function.this"
          ]
        }
      ]
    },
    {
      "module": "module.hourly.module.lambda",
      "mode": "data",
      "type": "aws_iam_policy_document",
      "name": "trust",
      "provider": "provider[\"registry.terraform.io/hashicorp/aws\"]",
      "instances": [
        {
          "schema_version": 0,
          "attributes": {
            "id": "3693445097",
            "json": "{\n  \"Version\": \"2012-10-17\",\n  \"Statement\": [\n    {\n      \"Sid\": \"\",\n      \"Effect\": \"Allow\",\n      \"Action\": \"sts:AssumeRole\",\n      \"Principal\": {\n        \"Service\": \"lambda.amazonaws.com\"\n      }\n    }\n  ]\n}",
            "override_json": null,
            "policy_id": null,
            "source_json": null,
            "statement": [
              {
                "actions": [
                  "sts:AssumeRole"
                ],
                "condition": [],
                "effect": "Allow",
                "not_actions": [],
                "not_principals": [],
                "not_resources": [],
                "principals": [
                  {
                    "identifiers": [
                      "lambda.amazonaws.com"
                    ],
                    "type": "Service"
                  }
                ],
                "resources": [],
                "sid": ""
              }
            ],
            "version": "2012-10-17"
          }
        }
      ]
    },
    {
      "module": "module.hourly.module.lambda",
      "mode": "managed",
      "type": "aws_iam_role",
      "name": "lambda",
      "provider": "provider[\"registry.terraform.io/hashicorp/aws\"]",
      "instances": [
        {
          "schema_version": 0,
          "attributes": {
            "arn": "arn:aws:iam::764218738161:role/hookshot_hookshot-hourly",
            "assume_role_policy": "{\"Version\":\"2012-10-17\",\"Statement\":[{\"Sid\":\"\",\"Effect\":\"Allow\",\"Principal\":{\"Service\":\"lambda.amazonaws.com\"},\"Action\":\"sts:AssumeRole\"}]}",
            "create_date": "2019-03-11T07:56:26Z",
            "description": "",
            "force_detach_policies": false,
            "id": "hookshot_hookshot-hourly",
            "max_session_duration": 3600,
            "name": "hookshot_hookshot-hourly",
            "name_prefix": null,
            "path": "/",
            "permissions_boundary": null,
            "tags": {},
            "unique_id": "AROAJWIMTGENW4VZ72QRA"
          }
        }
      ]
    },
    {
      "module": "module.hourly.module.lambda",
      "mode": "managed",
      "type": "aws_iam_role_policy",
      "name": "lambda_perms",
      "provider": "provider[\"registry.terraform.io/hashicorp/aws\"]",
      "instances": [
        {
          "schema_version": 0,
          "attributes": {
            "id": "hookshot_hookshot-hourly:lambda_perms",
            "name": "lambda_perms",
            "name_prefix": null,
            "policy": "{\n  \"Version\": \"2012-10-17\",\n  \"Statement\": [\n    {\n      \"Sid\": \"\",\n      \"Effect\": \"Allow\",\n      \"Action\": [\n        \"s3:ListBucket\",\n        \"s3:GetObject\"\n      ],\n      \"Resource\": [\n        \"arn:aws:s3:::hookshot-hourly/*\",\n        \"arn:aws:s3:::hookshot-hourly\"\n      ]\n    },\n    {\n      \"Sid\": \"\",\n      \"Effect\": \"Allow\",\n      \"Action\": [\n        \"logs:PutLogEvents\",\n        \"logs:CreateLogStream\",\n        \"logs:CreateLogGroup\"\n      ],\n      \"Resource\": \"arn:aws:logs:*:*:*\"\n    }\n  ]\n}",
            "role": "hookshot_hookshot-hourly"
          },
          "dependencies": [
            "module.hourly.module.lambda.aws_iam_role.lambda"
          ]
        }
      ]
    },
    {
      "module": "module.hourly.module.lambda",
      "mode": "managed",
      "type": "aws_lambda_function",
      "name": "this",
      "provider": "provider[\"registry.terraform.io/hashicorp/aws\"]",
      "instances": [
        {
          "schema_version": 0,
          "attributes": {
            "arn": "arn:aws:lambda:us-east-1:764218738161:function:hookshot_hookshot-hourly",
            "dead_letter_config": [],
            "description": "",
            "environment": [
              {
                "variables": {
                  "S3_BUCKET": "hookshot-hourly",
                  "S3_KEY": "config.yaml"
                }
              }
            ],
            "filename": null,
            "function_name": "hookshot_hookshot-hourly",
            "handler": "main",
            "id": "hookshot_hookshot-hourly",
            "invoke_arn": "arn:aws:apigateway:us-east-1:lambda:path/2015-03-31/functions/arn:aws:lambda:us-east-1:764218738161:function:hookshot_hookshot-hourly/invocations",
            "kms_key_arn": "",
            "last_modified": "2019-03-11T18:58:52.992+0000",
            "layers": [],
            "memory_size": 128,
            "publish": false,
            "qualified_arn": "arn:aws:lambda:us-east-1:764218738161:function:hookshot_hookshot-hourly:$LATEST",
            "reserved_concurrent_executions": -1,
            "role": "arn:aws:iam::764218738161:role/hookshot_hookshot-hourly",
            "runtime": "go1.x",
            "s3_bucket": "akerl-hookshot",
            "s3_key": "v0.3.1.zip",
            "s3_object_version": null,
            "source_code_hash": "+zTOKy2AMN2oGXXhILgyhF3JnNgH2ywUdfQyEGqCihI=",
            "source_code_size": 7500875,
            "tags": {},
            "timeout": 10,
            "timeouts": {
              "create": null
            },
            "tracing_config": [
              {
                "mode": "PassThrough"
              }
            ],
            "version": "$LATEST",
            "vpc_config": []
          },
          "private": "eyJlMmJmYjczMC1lY2FhLTExZTYtOGY4OC0zNDM2M2JjN2M0YzAiOnsiY3JlYXRlIjo2MDAwMDAwMDAwMDB9fQ==",
          "dependencies": [
            "module.hourly.module.lambda.aws_iam_role.lambda"
          ]
        }
      ]
    },
    {
      "module": "module.hourly.module.lambda",
      "mode": "managed",
      "type": "aws_lambda_permission",
      "name": "allow_source",
      "provider": "provider[\"registry.terraform.io/hashicorp/aws\"]",
      "instances": [
        {
          "index_key": 0,
          "schema_version": 0,
          "attributes": {
            "action": "lambda:InvokeFunction",
            "event_source_token": null,
            "function_name": "hookshot_hookshot-hourly",
            "id": "AllowExecutionFromEvents",
            "principal": "events.amazonaws.com",
            "qualifier": "",
            "source_account": null,
            "source_arn": "arn:aws:events:us-east-1:764218738161:rule/hookshot_hookshot-hourly_cron",
            "statement_id": "AllowExecutionFromEvents",
            "statement_id_prefix": null
          },
          "dependencies": [
            "module.hourly.aws_cloudwatch_event_rule.cron",
            "module.hourly.module.lambda.aws_iam_role.lambda",
            "module.hourly.module.lambda.aws_lambda_function.this"
          ]
        }
      ]
    },
    {
      "module": "module.hourly.module.publish-user",
      "mode": "data",
      "type": "aws_iam_policy_document",
      "name": "this",
      "provider": "provider[\"registry.terraform.io/hashicorp/aws\"]",
      "instances": [
        {
          "schema_version": 0,
          "attributes": {
            "id": "112252553",
            "json": "{\n  \"Version\": \"2012-10-17\",\n  \"Statement\": [\n    {\n      \"Sid\": \"\",\n      \"Effect\": \"Allow\",\n      \"Action\": [\n        \"s3:PutObject\",\n        \"s3:ListBucket\",\n        \"s3:ListAllMyBuckets\",\n        \"s3:GetObjectAcl\",\n        \"s3:GetObject\",\n        \"s3:GetBucketLocation\",\n        \"s3:GetBucketAcl\",\n        \"s3:DeleteObject\"\n      ],\n      \"Resource\": [\n        \"arn:aws:s3:::hookshot-hourly/*\",\n        \"arn:aws:s3:::hookshot-hourly\"\n      ]\n    }\n  ]\n}",
            "override_json": null,
            "policy_id": null,
            "source_json": null,
            "statement": [
              {
                "actions": [
                  "s3:DeleteObject",
                  "s3:GetBucketAcl",
                  "s3:GetBucketLocation",
                  "s3:GetObject",
                  "s3:GetObjectAcl",
                  "s3:ListAllMyBuckets",
                  "s3:ListBucket",
                  "s3:PutObject"
                ],
                "condition": [],
                "effect": "Allow",
                "not_actions": [],
                "not_principals": [],
                "not_resources": [],
                "principals": [],
                "resources": [
                  "arn:aws:s3:::hookshot-hourly",
                  "arn:aws:s3:::hookshot-hourly/*"
                ],
                "sid": ""
              }
            ],
            "version": "2012-10-17"
          }
        }
      ]
    },
    {
      "module": "module.hourly.module.publish-user",
      "mode": "managed",
      "type": "aws_iam_user",
      "name": "this",
      "provider": "provider[\"registry.terraform.io/hashicorp/aws\"]",
      "instances": [
        {
          "schema_version": 0,
          "attributes": {
            "arn": "arn:aws:iam::764218738161:user/s3-publish-hookshot-hourly",
            "force_destroy": false,
            "id": "s3-publish-hookshot-hourly",
            "name": "s3-publish-hookshot-hourly",
            "path": "/",
            "permissions_boundary": null,
            "tags": {},
            "unique_id": "AIDAIN5BQMQ53H7LHSS5C"
          }
        }
      ]
    },
    {
      "module": "module.hourly.module.publish-user",
      "mode": "managed",
      "type": "aws_iam_user_policy",
      "name": "this",
      "provider": "provider[\"registry.terraform.io/hashicorp/aws\"]",
      "instances": [
        {
          "schema_version": 0,
          "attributes": {
            "id": "s3-publish-hookshot-hourly:s3-publish",
            "name": "s3-publish",
            "name_prefix": null,
            "policy": "{\n  \"Version\": \"2012-10-17\",\n  \"Statement\": [\n    {\n      \"Sid\": \"\",\n      \"Effect\": \"Allow\",\n      \"Action\": [\n        \"s3:PutObject\",\n        \"s3:ListBucket\",\n        \"s3:ListAllMyBuckets\",\n        \"s3:GetObjectAcl\",\n        \"s3:GetObject\",\n        \"s3:GetBucketLocation\",\n        \"s3:GetBucketAcl\",\n        \"s3:DeleteObject\"\n      ],\n      \"Resource\": [\n        \"arn:aws:s3:::hookshot-hourly/*\",\n        \"arn:aws:s3:::hookshot-hourly\"\n      ]\n    }\n  ]\n}",
            "user": "s3-publish-hookshot-hourly"
          },
          "dependencies": [
            "module.hourly.module.publish-user.aws_iam_user.this"
          ]
        }
      ]
    },
    {
      "module": "module.hourly.module.publish-user",
      "mode": "managed",
      "type": "aws_s3_bucket",
      "name": "this",
      "provider": "provider[\"registry.terraform.io/hashicorp/aws\"]",
      "instances": [
        {
          "index_key": 0,
          "schema_version": 0,
          "attributes": {
            "acceleration_status": "",
            "acl": "private",
            "arn": "arn:aws:s3:::hookshot-hourly",
            "bucket": "hookshot-hourly",
            "bucket_domain_name": "hookshot-hourly.s3.amazonaws.com",
            "bucket_prefix": null,
            "bucket_regional_domain_name": "hookshot-hourly.s3.amazonaws.com",
            "cors_rule": [],
            "force_destroy": false,
            "hosted_zone_id": "Z3AQBSTGFYJSTF",
            "id": "hookshot-hourly",
            "lifecycle_rule": [],
            "logging": [
              {
                "target_bucket": "akerl-s3-logs",
                "target_prefix": "hookshot-hourly/"
              }
            ],
            "object_lock_configuration": [],
            "policy": null,
            "region": "us-east-1",
            "replication_configuration": [],
            "request_payer": "BucketOwner",
            "server_side_encryption_configuration": [],
            "tags": {},
            "versioning": [
              {
                "enabled": true,
                "mfa_delete": false
              }
            ],
            "website": [],
            "website_domain": null,
            "website_endpoint": null
          },
          "dependencies": [
            "module.account.aws_s3_bucket.logging"
          ]
        }
      ]
    },
    {
      "module": "module.hourly.module.publish-user",
      "mode": "managed",
      "type": "awscreds_iam_access_key",
      "name": "this",
      "provider": "provider[\"terraform.scrtybybscrty.org/armorfret/awscreds\"]",
      "instances": [
        {
          "schema_version": 0,
          "attributes": {
            "encrypted_secret": null,
            "file": "creds/s3-publish-hookshot-hourly",
            "id": "AKIAJQAAJJAHNOVVYGDQ",
            "key_fingerprint": null,
            "pgp_key": null,
            "secret": "",
            "ses_smtp_password": "",
            "status": "Active",
            "user": "s3-publish-hookshot-hourly"
          },
          "dependencies": [
            "module.hourly.module.publish-user.aws_iam_user.this"
          ]
        }
      ]
    }
  ]
}
