{
    "version": 3,
    "terraform_version": "0.11.7",
    "serial": 295,
    "lineage": "6a6e3f47-d4c8-46eb-a34e-885062b7c62a",
    "modules": [
        {
            "path": [
                "root"
            ],
            "outputs": {},
            "resources": {},
            "depends_on": []
        },
        {
            "path": [
                "root",
                "account"
            ],
            "outputs": {
                "logging-bucket": {
                    "sensitive": false,
                    "type": "string",
                    "value": "akerl-s3-logs"
                }
            },
            "resources": {
                "aws_api_gateway_account.account": {
                    "type": "aws_api_gateway_account",
                    "depends_on": [
                        "aws_iam_role.apigw_cloudwatch"
                    ],
                    "primary": {
                        "id": "api-gateway-account",
                        "attributes": {
                            "cloudwatch_role_arn": "arn:aws:iam::764218738161:role/apigw_cloudwatch",
                            "id": "api-gateway-account",
                            "throttle_settings.#": "1",
                            "throttle_settings.0.burst_limit": "5000",
                            "throttle_settings.0.rate_limit": "10000"
                        },
                        "meta": {},
                        "tainted": false
                    },
                    "deposed": [],
                    "provider": "provider.aws"
                },
                "aws_budgets_budget.cost": {
                    "type": "aws_budgets_budget",
                    "depends_on": [],
                    "primary": {
                        "id": "764218738161:cost_budget",
                        "attributes": {
                            "account_id": "764218738161",
                            "budget_type": "COST",
                            "cost_filters.%": "0",
                            "cost_types.#": "1",
                            "cost_types.0.include_credit": "true",
                            "cost_types.0.include_discount": "true",
                            "cost_types.0.include_other_subscription": "false",
                            "cost_types.0.include_recurring": "true",
                            "cost_types.0.include_refund": "true",
                            "cost_types.0.include_subscription": "true",
                            "cost_types.0.include_support": "true",
                            "cost_types.0.include_tax": "true",
                            "cost_types.0.include_upfront": "true",
                            "cost_types.0.use_amortized": "false",
                            "cost_types.0.use_blended": "false",
                            "id": "764218738161:cost_budget",
                            "limit_amount": "10",
                            "limit_unit": "USD",
                            "name": "cost_budget",
                            "time_period_end": "2087-06-15_00:00",
                            "time_period_start": "2017-01-01_00:00",
                            "time_unit": "MONTHLY"
                        },
                        "meta": {},
                        "tainted": false
                    },
                    "deposed": [],
                    "provider": "provider.aws"
                },
                "aws_cloudtrail.main-trail": {
                    "type": "aws_cloudtrail",
                    "depends_on": [
                        "aws_s3_bucket.main-trail"
                    ],
                    "primary": {
                        "id": "main-trail",
                        "attributes": {
                            "arn": "arn:aws:cloudtrail:us-east-1:764218738161:trail/main-trail",
                            "cloud_watch_logs_group_arn": "",
                            "cloud_watch_logs_role_arn": "",
                            "enable_log_file_validation": "true",
                            "enable_logging": "true",
                            "event_selector.#": "2",
                            "event_selector.0.data_resource.#": "1",
                            "event_selector.0.data_resource.0.type": "AWS::S3::Object",
                            "event_selector.0.data_resource.0.values.#": "1",
                            "event_selector.0.data_resource.0.values.0": "arn:aws:s3:::",
                            "event_selector.0.include_management_events": "true",
                            "event_selector.0.read_write_type": "All",
                            "event_selector.1.data_resource.#": "1",
                            "event_selector.1.data_resource.0.type": "AWS::Lambda::Function",
                            "event_selector.1.data_resource.0.values.#": "1",
                            "event_selector.1.data_resource.0.values.0": "arn:aws:lambda",
                            "event_selector.1.include_management_events": "true",
                            "event_selector.1.read_write_type": "All",
                            "home_region": "us-east-1",
                            "id": "main-trail",
                            "include_global_service_events": "true",
                            "is_multi_region_trail": "true",
                            "kms_key_id": "",
                            "name": "main-trail",
                            "s3_bucket_name": "akerl-cloudtrail",
                            "s3_key_prefix": "",
                            "sns_topic_name": "",
                            "tags.%": "0"
                        },
                        "meta": {},
                        "tainted": false
                    },
                    "deposed": [],
                    "provider": "provider.aws"
                },
                "aws_iam_account_password_policy.strict": {
                    "type": "aws_iam_account_password_policy",
                    "depends_on": [],
                    "primary": {
                        "id": "iam-account-password-policy",
                        "attributes": {
                            "allow_users_to_change_password": "true",
                            "expire_passwords": "false",
                            "hard_expiry": "false",
                            "id": "iam-account-password-policy",
                            "max_password_age": "0",
                            "minimum_password_length": "32",
                            "password_reuse_prevention": "24",
                            "require_lowercase_characters": "true",
                            "require_numbers": "true",
                            "require_symbols": "true",
                            "require_uppercase_characters": "true"
                        },
                        "meta": {},
                        "tainted": false
                    },
                    "deposed": [],
                    "provider": "provider.aws"
                },
                "aws_iam_role.apigw_cloudwatch": {
                    "type": "aws_iam_role",
                    "depends_on": [
                        "data.aws_iam_policy_document.apigw_cloudwatch_assume"
                    ],
                    "primary": {
                        "id": "apigw_cloudwatch",
                        "attributes": {
                            "arn": "arn:aws:iam::764218738161:role/apigw_cloudwatch",
                            "assume_role_policy": "{\"Version\":\"2012-10-17\",\"Statement\":[{\"Sid\":\"\",\"Effect\":\"Allow\",\"Principal\":{\"Service\":\"apigateway.amazonaws.com\"},\"Action\":\"sts:AssumeRole\"}]}",
                            "create_date": "2018-03-01T03:55:40Z",
                            "force_detach_policies": "false",
                            "id": "apigw_cloudwatch",
                            "max_session_duration": "3600",
                            "name": "apigw_cloudwatch",
                            "path": "/",
                            "unique_id": "AROAJMZYHSSYFLVIBTKOS"
                        },
                        "meta": {},
                        "tainted": false
                    },
                    "deposed": [],
                    "provider": "provider.aws"
                },
                "aws_iam_role_policy.apigw_cloudwatch": {
                    "type": "aws_iam_role_policy",
                    "depends_on": [
                        "aws_iam_role.apigw_cloudwatch",
                        "data.aws_iam_policy_document.apigw_cloudwatch_perms"
                    ],
                    "primary": {
                        "id": "apigw_cloudwatch:apigw_cloudwatch",
                        "attributes": {
                            "id": "apigw_cloudwatch:apigw_cloudwatch",
                            "name": "apigw_cloudwatch",
                            "policy": "{\n  \"Version\": \"2012-10-17\",\n  \"Statement\": [\n    {\n      \"Sid\": \"\",\n      \"Effect\": \"Allow\",\n      \"Action\": [\n        \"logs:PutLogEvents\",\n        \"logs:GetLogEvents\",\n        \"logs:FilterLogEvents\",\n        \"logs:DescribeLogStreams\",\n        \"logs:DescribeLogGroups\",\n        \"logs:CreateLogStream\",\n        \"logs:CreateLogGroup\"\n      ],\n      \"Resource\": \"arn:aws:logs:*:*:*\"\n    }\n  ]\n}",
                            "role": "apigw_cloudwatch"
                        },
                        "meta": {},
                        "tainted": false
                    },
                    "deposed": [],
                    "provider": "provider.aws"
                },
                "aws_s3_bucket.logging": {
                    "type": "aws_s3_bucket",
                    "depends_on": [],
                    "primary": {
                        "id": "akerl-s3-logs",
                        "attributes": {
                            "acceleration_status": "",
                            "acl": "log-delivery-write",
                            "arn": "arn:aws:s3:::akerl-s3-logs",
                            "bucket": "akerl-s3-logs",
                            "bucket_domain_name": "akerl-s3-logs.s3.amazonaws.com",
                            "force_destroy": "false",
                            "hosted_zone_id": "Z3AQBSTGFYJSTF",
                            "id": "akerl-s3-logs",
                            "logging.#": "0",
                            "policy": "",
                            "region": "us-east-1",
                            "replication_configuration.#": "0",
                            "request_payer": "BucketOwner",
                            "server_side_encryption_configuration.#": "0",
                            "tags.%": "0",
                            "versioning.#": "1",
                            "versioning.0.enabled": "true",
                            "versioning.0.mfa_delete": "false",
                            "website.#": "0"
                        },
                        "meta": {},
                        "tainted": false
                    },
                    "deposed": [],
                    "provider": "provider.aws"
                },
                "aws_s3_bucket.main-trail": {
                    "type": "aws_s3_bucket",
                    "depends_on": [],
                    "primary": {
                        "id": "akerl-cloudtrail",
                        "attributes": {
                            "acceleration_status": "",
                            "acl": "private",
                            "arn": "arn:aws:s3:::akerl-cloudtrail",
                            "bucket": "akerl-cloudtrail",
                            "bucket_domain_name": "akerl-cloudtrail.s3.amazonaws.com",
                            "force_destroy": "false",
                            "hosted_zone_id": "Z3AQBSTGFYJSTF",
                            "id": "akerl-cloudtrail",
                            "logging.#": "0",
                            "policy": "{\"Statement\":[{\"Action\":\"s3:GetBucketAcl\",\"Effect\":\"Allow\",\"Principal\":{\"Service\":\"cloudtrail.amazonaws.com\"},\"Resource\":\"arn:aws:s3:::akerl-cloudtrail\",\"Sid\":\"AWSCloudTrailAclCheck\"},{\"Action\":\"s3:PutObject\",\"Condition\":{\"StringEquals\":{\"s3:x-amz-acl\":\"bucket-owner-full-control\"}},\"Effect\":\"Allow\",\"Principal\":{\"Service\":\"cloudtrail.amazonaws.com\"},\"Resource\":\"arn:aws:s3:::akerl-cloudtrail/*\",\"Sid\":\"AWSCloudTrailWrite\"}],\"Version\":\"2012-10-17\"}",
                            "region": "us-east-1",
                            "replication_configuration.#": "0",
                            "request_payer": "BucketOwner",
                            "server_side_encryption_configuration.#": "0",
                            "tags.%": "0",
                            "versioning.#": "1",
                            "versioning.0.enabled": "false",
                            "versioning.0.mfa_delete": "false",
                            "website.#": "0"
                        },
                        "meta": {},
                        "tainted": false
                    },
                    "deposed": [],
                    "provider": "provider.aws"
                },
                "data.aws_iam_policy_document.apigw_cloudwatch_assume": {
                    "type": "aws_iam_policy_document",
                    "depends_on": [],
                    "primary": {
                        "id": "1004447381",
                        "attributes": {
                            "id": "1004447381",
                            "json": "{\n  \"Version\": \"2012-10-17\",\n  \"Statement\": [\n    {\n      \"Sid\": \"\",\n      \"Effect\": \"Allow\",\n      \"Action\": \"sts:AssumeRole\",\n      \"Principal\": {\n        \"Service\": \"apigateway.amazonaws.com\"\n      }\n    }\n  ]\n}",
                            "statement.#": "1",
                            "statement.0.actions.#": "1",
                            "statement.0.actions.2528466339": "sts:AssumeRole",
                            "statement.0.condition.#": "0",
                            "statement.0.effect": "Allow",
                            "statement.0.not_actions.#": "0",
                            "statement.0.not_principals.#": "0",
                            "statement.0.not_resources.#": "0",
                            "statement.0.principals.#": "1",
                            "statement.0.principals.2040772961.identifiers.#": "1",
                            "statement.0.principals.2040772961.identifiers.1175233861": "apigateway.amazonaws.com",
                            "statement.0.principals.2040772961.type": "Service",
                            "statement.0.resources.#": "0",
                            "statement.0.sid": ""
                        },
                        "meta": {},
                        "tainted": false
                    },
                    "deposed": [],
                    "provider": "provider.aws"
                },
                "data.aws_iam_policy_document.apigw_cloudwatch_perms": {
                    "type": "aws_iam_policy_document",
                    "depends_on": [],
                    "primary": {
                        "id": "250684656",
                        "attributes": {
                            "id": "250684656",
                            "json": "{\n  \"Version\": \"2012-10-17\",\n  \"Statement\": [\n    {\n      \"Sid\": \"\",\n      \"Effect\": \"Allow\",\n      \"Action\": [\n        \"logs:PutLogEvents\",\n        \"logs:GetLogEvents\",\n        \"logs:FilterLogEvents\",\n        \"logs:DescribeLogStreams\",\n        \"logs:DescribeLogGroups\",\n        \"logs:CreateLogStream\",\n        \"logs:CreateLogGroup\"\n      ],\n      \"Resource\": \"arn:aws:logs:*:*:*\"\n    }\n  ]\n}",
                            "statement.#": "1",
                            "statement.0.actions.#": "7",
                            "statement.0.actions.2164683621": "logs:DescribeLogGroups",
                            "statement.0.actions.2809485102": "logs:CreateLogGroup",
                            "statement.0.actions.3065443861": "logs:FilterLogEvents",
                            "statement.0.actions.3285979848": "logs:CreateLogStream",
                            "statement.0.actions.3341951797": "logs:GetLogEvents",
                            "statement.0.actions.3697566380": "logs:DescribeLogStreams",
                            "statement.0.actions.39743051": "logs:PutLogEvents",
                            "statement.0.condition.#": "0",
                            "statement.0.effect": "Allow",
                            "statement.0.not_actions.#": "0",
                            "statement.0.not_principals.#": "0",
                            "statement.0.not_resources.#": "0",
                            "statement.0.principals.#": "0",
                            "statement.0.resources.#": "1",
                            "statement.0.resources.162423377": "arn:aws:logs:*:*:*",
                            "statement.0.sid": ""
                        },
                        "meta": {},
                        "tainted": false
                    },
                    "deposed": [],
                    "provider": "provider.aws"
                }
            },
            "depends_on": []
        },
        {
            "path": [
                "root",
                "akerl-aws-account"
            ],
            "outputs": {},
            "resources": {
                "aws_iam_user.circleci": {
                    "type": "aws_iam_user",
                    "depends_on": [],
                    "primary": {
                        "id": "circleci-akerl-aws-account",
                        "attributes": {
                            "arn": "arn:aws:iam::764218738161:user/circleci-akerl-aws-account",
                            "force_destroy": "false",
                            "id": "circleci-akerl-aws-account",
                            "name": "circleci-akerl-aws-account",
                            "path": "/",
                            "unique_id": "AIDAIBKO6FLE5PWHLFVD2"
                        },
                        "meta": {},
                        "tainted": false
                    },
                    "deposed": [],
                    "provider": "provider.aws"
                },
                "aws_iam_user_policy.terraform-planner": {
                    "type": "aws_iam_user_policy",
                    "depends_on": [
                        "aws_iam_user.circleci",
                        "data.aws_iam_policy_document.terraform-planner"
                    ],
                    "primary": {
                        "id": "circleci-akerl-aws-account:terraform-planner",
                        "attributes": {
                            "id": "circleci-akerl-aws-account:terraform-planner",
                            "name": "terraform-planner",
                            "policy": "{\n  \"Version\": \"2012-10-17\",\n  \"Statement\": [\n    {\n      \"Sid\": \"\",\n      \"Effect\": \"Allow\",\n      \"Action\": [\n        \"sns:Get*\",\n        \"s3:ListBucket\",\n        \"s3:ListAllMyBuckets\",\n        \"s3:GetReplicationConfiguration\",\n        \"s3:GetLifecycleConfiguration\",\n        \"s3:GetEncryptionConfiguration\",\n        \"s3:GetBucket*\",\n        \"s3:GetAccelerateConfiguration\",\n        \"route53:List*\",\n        \"route53:Get*\",\n        \"lambda:List*\",\n        \"lambda:Get*\",\n        \"iam:List*\",\n        \"iam:Get*\",\n        \"events:List*\",\n        \"events:Describe*\",\n        \"ec2:Describe*\",\n        \"cloudwatch:Describe*\",\n        \"cloudtrail:List*\",\n        \"cloudtrail:Get*\",\n        \"cloudtrail:Describe*\",\n        \"cloudfront:List*\",\n        \"cloudfront:Get*\",\n        \"budgets:View*\",\n        \"apigateway:Get*\",\n        \"acm:List*\",\n        \"acm:Describe*\"\n      ],\n      \"Resource\": \"*\"\n    }\n  ]\n}",
                            "user": "circleci-akerl-aws-account"
                        },
                        "meta": {},
                        "tainted": false
                    },
                    "deposed": [],
                    "provider": "provider.aws"
                },
                "awscreds_iam_access_key.circleci-key": {
                    "type": "awscreds_iam_access_key",
                    "depends_on": [
                        "aws_iam_user.circleci"
                    ],
                    "primary": {
                        "id": "AKIAJGVDRGWWJZWLTO5A",
                        "attributes": {
                            "file": "creds/circleci-akerl-aws-account",
                            "id": "AKIAJGVDRGWWJZWLTO5A",
                            "secret": "",
                            "ses_smtp_password": "",
                            "status": "Active",
                            "user": "circleci-akerl-aws-account"
                        },
                        "meta": {},
                        "tainted": false
                    },
                    "deposed": [],
                    "provider": "provider.awscreds"
                },
                "data.aws_iam_policy_document.terraform-planner": {
                    "type": "aws_iam_policy_document",
                    "depends_on": [],
                    "primary": {
                        "id": "490589767",
                        "attributes": {
                            "id": "490589767",
                            "json": "{\n  \"Version\": \"2012-10-17\",\n  \"Statement\": [\n    {\n      \"Sid\": \"\",\n      \"Effect\": \"Allow\",\n      \"Action\": [\n        \"sns:Get*\",\n        \"s3:ListBucket\",\n        \"s3:ListAllMyBuckets\",\n        \"s3:GetReplicationConfiguration\",\n        \"s3:GetLifecycleConfiguration\",\n        \"s3:GetEncryptionConfiguration\",\n        \"s3:GetBucket*\",\n        \"s3:GetAccelerateConfiguration\",\n        \"route53:List*\",\n        \"route53:Get*\",\n        \"lambda:List*\",\n        \"lambda:Get*\",\n        \"iam:List*\",\n        \"iam:Get*\",\n        \"events:List*\",\n        \"events:Describe*\",\n        \"ec2:Describe*\",\n        \"cloudwatch:Describe*\",\n        \"cloudtrail:List*\",\n        \"cloudtrail:Get*\",\n        \"cloudtrail:Describe*\",\n        \"cloudfront:List*\",\n        \"cloudfront:Get*\",\n        \"budgets:View*\",\n        \"apigateway:Get*\",\n        \"acm:List*\",\n        \"acm:Describe*\"\n      ],\n      \"Resource\": \"*\"\n    }\n  ]\n}",
                            "statement.#": "1",
                            "statement.0.actions.#": "27",
                            "statement.0.actions.1303906083": "route53:List*",
                            "statement.0.actions.1390412377": "s3:GetBucket*",
                            "statement.0.actions.1794484843": "s3:GetReplicationConfiguration",
                            "statement.0.actions.1877980538": "lambda:List*",
                            "statement.0.actions.1942864761": "route53:Get*",
                            "statement.0.actions.1999404577": "cloudfront:Get*",
                            "statement.0.actions.2323439281": "s3:GetAccelerateConfiguration",
                            "statement.0.actions.2459212947": "ec2:Describe*",
                            "statement.0.actions.2723925517": "events:List*",
                            "statement.0.actions.2960554739": "cloudtrail:Describe*",
                            "statement.0.actions.3319256821": "acm:Describe*",
                            "statement.0.actions.3643160128": "apigateway:Get*",
                            "statement.0.actions.3661080708": "iam:List*",
                            "statement.0.actions.3713003022": "events:Describe*",
                            "statement.0.actions.3877028086": "acm:List*",
                            "statement.0.actions.394265353": "cloudtrail:Get*",
                            "statement.0.actions.401159279": "cloudwatch:Describe*",
                            "statement.0.actions.4100473182": "s3:GetLifecycleConfiguration",
                            "statement.0.actions.4187279778": "sns:Get*",
                            "statement.0.actions.486976917": "s3:ListBucket",
                            "statement.0.actions.500775903": "cloudtrail:List*",
                            "statement.0.actions.644424655": "lambda:Get*",
                            "statement.0.actions.671891288": "cloudfront:List*",
                            "statement.0.actions.784067698": "iam:Get*",
                            "statement.0.actions.796062918": "s3:ListAllMyBuckets",
                            "statement.0.actions.821476004": "budgets:View*",
                            "statement.0.actions.906973559": "s3:GetEncryptionConfiguration",
                            "statement.0.condition.#": "0",
                            "statement.0.effect": "Allow",
                            "statement.0.not_actions.#": "0",
                            "statement.0.not_principals.#": "0",
                            "statement.0.not_resources.#": "0",
                            "statement.0.principals.#": "0",
                            "statement.0.resources.#": "1",
                            "statement.0.resources.2679715827": "*",
                            "statement.0.sid": ""
                        },
                        "meta": {},
                        "tainted": false
                    },
                    "deposed": [],
                    "provider": "provider.aws"
                }
            },
            "depends_on": []
        },
        {
            "path": [
                "root",
                "akerl-blog"
            ],
            "outputs": {
                "cloudfront-zone-id": {
                    "sensitive": false,
                    "type": "string",
                    "value": "Z2FDTNDATAQYW2"
                },
                "redirect-dns-name": {
                    "sensitive": false,
                    "type": "string",
                    "value": "d25ducmpfzq31v.cloudfront.net"
                },
                "site-dns-name": {
                    "sensitive": false,
                    "type": "string",
                    "value": "dsuwypuv0eq4c.cloudfront.net"
                }
            },
            "resources": {},
            "depends_on": []
        },
        {
            "path": [
                "root",
                "akerl-dcs-library"
            ],
            "outputs": {
                "dns-name": {
                    "sensitive": false,
                    "type": "string",
                    "value": "d31f4txo6riktz.cloudfront.net"
                }
            },
            "resources": {},
            "depends_on": []
        },
        {
            "path": [
                "root",
                "akerl-dns"
            ],
            "outputs": {},
            "resources": {
                "aws_route53_delegation_set.main": {
                    "type": "aws_route53_delegation_set",
                    "depends_on": [],
                    "primary": {
                        "id": "N3C8AV2DA0N4N9",
                        "attributes": {
                            "id": "N3C8AV2DA0N4N9",
                            "name_servers.#": "4",
                            "name_servers.0": "ns-1242.awsdns-27.org",
                            "name_servers.1": "ns-1942.awsdns-50.co.uk",
                            "name_servers.2": "ns-477.awsdns-59.com",
                            "name_servers.3": "ns-808.awsdns-37.net",
                            "reference_name": "main"
                        },
                        "meta": {},
                        "tainted": false
                    },
                    "deposed": [],
                    "provider": "provider.aws"
                },
                "aws_route53_record.a_a-rwx_org": {
                    "type": "aws_route53_record",
                    "depends_on": [
                        "module.a-rwx_org"
                    ],
                    "primary": {
                        "id": "Z1GSN0DUY7LO3I_a-rwx.org_A",
                        "attributes": {
                            "alias.#": "1",
                            "alias.71226817.evaluate_target_health": "false",
                            "alias.71226817.name": "d25ducmpfzq31v.cloudfront.net",
                            "alias.71226817.zone_id": "Z2FDTNDATAQYW2",
                            "allow_overwrite": "true",
                            "fqdn": "a-rwx.org",
                            "health_check_id": "",
                            "id": "Z1GSN0DUY7LO3I_a-rwx.org_A",
                            "name": "a-rwx.org",
                            "records.#": "0",
                            "set_identifier": "",
                            "ttl": "0",
                            "type": "A",
                            "zone_id": "Z1GSN0DUY7LO3I"
                        },
                        "meta": {
                            "schema_version": "2"
                        },
                        "tainted": false
                    },
                    "deposed": [],
                    "provider": "provider.aws"
                },
                "aws_route53_record.a_akerl_com": {
                    "type": "aws_route53_record",
                    "depends_on": [
                        "module.akerl_com"
                    ],
                    "primary": {
                        "id": "Z1EXF3DHNCLVFG_akerl.com_A",
                        "attributes": {
                            "alias.#": "1",
                            "alias.71226817.evaluate_target_health": "false",
                            "alias.71226817.name": "d25ducmpfzq31v.cloudfront.net",
                            "alias.71226817.zone_id": "Z2FDTNDATAQYW2",
                            "allow_overwrite": "true",
                            "fqdn": "akerl.com",
                            "health_check_id": "",
                            "id": "Z1EXF3DHNCLVFG_akerl.com_A",
                            "name": "akerl.com",
                            "records.#": "0",
                            "set_identifier": "",
                            "ttl": "0",
                            "type": "A",
                            "zone_id": "Z1EXF3DHNCLVFG"
                        },
                        "meta": {
                            "schema_version": "2"
                        },
                        "tainted": false
                    },
                    "deposed": [],
                    "provider": "provider.aws"
                },
                "aws_route53_record.a_akerl_org": {
                    "type": "aws_route53_record",
                    "depends_on": [
                        "module.akerl_org"
                    ],
                    "primary": {
                        "id": "Z1GXO6WRJN3B5T_akerl.org_A",
                        "attributes": {
                            "alias.#": "1",
                            "alias.71226817.evaluate_target_health": "false",
                            "alias.71226817.name": "d25ducmpfzq31v.cloudfront.net",
                            "alias.71226817.zone_id": "Z2FDTNDATAQYW2",
                            "allow_overwrite": "true",
                            "fqdn": "akerl.org",
                            "health_check_id": "",
                            "id": "Z1GXO6WRJN3B5T_akerl.org_A",
                            "name": "akerl.org",
                            "records.#": "0",
                            "set_identifier": "",
                            "ttl": "0",
                            "type": "A",
                            "zone_id": "Z1GXO6WRJN3B5T"
                        },
                        "meta": {
                            "schema_version": "2"
                        },
                        "tainted": false
                    },
                    "deposed": [],
                    "provider": "provider.aws"
                },
                "aws_route53_record.a_auth_coolquotes_xyz": {
                    "type": "aws_route53_record",
                    "depends_on": [
                        "module.coolquotes_xyz"
                    ],
                    "primary": {
                        "id": "Z8OAL9XXAA49Z_auth.coolquotes.xyz_A",
                        "attributes": {
                            "alias.#": "1",
                            "alias.1525068925.evaluate_target_health": "false",
                            "alias.1525068925.name": "d29lidrr0hbii1.cloudfront.net",
                            "alias.1525068925.zone_id": "Z2FDTNDATAQYW2",
                            "allow_overwrite": "true",
                            "fqdn": "auth.coolquotes.xyz",
                            "health_check_id": "",
                            "id": "Z8OAL9XXAA49Z_auth.coolquotes.xyz_A",
                            "name": "auth.coolquotes.xyz",
                            "records.#": "0",
                            "set_identifier": "",
                            "ttl": "0",
                            "type": "A",
                            "zone_id": "Z8OAL9XXAA49Z"
                        },
                        "meta": {
                            "schema_version": "2"
                        },
                        "tainted": false
                    },
                    "deposed": [],
                    "provider": "provider.aws"
                },
                "aws_route53_record.a_blog_akerl_org": {
                    "type": "aws_route53_record",
                    "depends_on": [
                        "module.akerl_org"
                    ],
                    "primary": {
                        "id": "Z1GXO6WRJN3B5T_blog.akerl.org_A",
                        "attributes": {
                            "alias.#": "1",
                            "alias.652884908.evaluate_target_health": "false",
                            "alias.652884908.name": "dsuwypuv0eq4c.cloudfront.net",
                            "alias.652884908.zone_id": "Z2FDTNDATAQYW2",
                            "allow_overwrite": "true",
                            "fqdn": "blog.akerl.org",
                            "health_check_id": "",
                            "id": "Z1GXO6WRJN3B5T_blog.akerl.org_A",
                            "name": "blog.akerl.org",
                            "records.#": "0",
                            "set_identifier": "",
                            "ttl": "0",
                            "type": "A",
                            "zone_id": "Z1GXO6WRJN3B5T"
                        },
                        "meta": {
                            "schema_version": "2"
                        },
                        "tainted": false
                    },
                    "deposed": [],
                    "provider": "provider.aws"
                },
                "aws_route53_record.a_dcs_coolquotes_xyz": {
                    "type": "aws_route53_record",
                    "depends_on": [
                        "module.coolquotes_xyz"
                    ],
                    "primary": {
                        "id": "Z8OAL9XXAA49Z_dcs.coolquotes.xyz_A",
                        "attributes": {
                            "alias.#": "1",
                            "alias.4002003435.evaluate_target_health": "false",
                            "alias.4002003435.name": "d31f4txo6riktz.cloudfront.net",
                            "alias.4002003435.zone_id": "Z2FDTNDATAQYW2",
                            "allow_overwrite": "true",
                            "fqdn": "dcs.coolquotes.xyz",
                            "health_check_id": "",
                            "id": "Z8OAL9XXAA49Z_dcs.coolquotes.xyz_A",
                            "name": "dcs.coolquotes.xyz",
                            "records.#": "0",
                            "set_identifier": "",
                            "ttl": "0",
                            "type": "A",
                            "zone_id": "Z8OAL9XXAA49Z"
                        },
                        "meta": {
                            "schema_version": "2"
                        },
                        "tainted": false
                    },
                    "deposed": [],
                    "provider": "provider.aws"
                },
                "aws_route53_record.a_happilyeveraker_com": {
                    "type": "aws_route53_record",
                    "depends_on": [
                        "module.happilyeveraker_com"
                    ],
                    "primary": {
                        "id": "Z2ZXZ7VFSXR5E7_happilyeveraker.com_A",
                        "attributes": {
                            "alias.#": "1",
                            "alias.68781069.evaluate_target_health": "false",
                            "alias.68781069.name": "d3bzinit6iv173.cloudfront.net",
                            "alias.68781069.zone_id": "Z2FDTNDATAQYW2",
                            "allow_overwrite": "true",
                            "fqdn": "happilyeveraker.com",
                            "health_check_id": "",
                            "id": "Z2ZXZ7VFSXR5E7_happilyeveraker.com_A",
                            "name": "happilyeveraker.com",
                            "records.#": "0",
                            "set_identifier": "",
                            "ttl": "0",
                            "type": "A",
                            "zone_id": "Z2ZXZ7VFSXR5E7"
                        },
                        "meta": {
                            "schema_version": "2"
                        },
                        "tainted": false
                    },
                    "deposed": [],
                    "provider": "provider.aws"
                },
                "aws_route53_record.a_hf_coolquotes_xyz": {
                    "type": "aws_route53_record",
                    "depends_on": [
                        "module.coolquotes_xyz"
                    ],
                    "primary": {
                        "id": "Z8OAL9XXAA49Z_hf.coolquotes.xyz_A",
                        "attributes": {
                            "alias.#": "1",
                            "alias.3675776081.evaluate_target_health": "false",
                            "alias.3675776081.name": "d1nmky36h4ic4n.cloudfront.net",
                            "alias.3675776081.zone_id": "Z2FDTNDATAQYW2",
                            "allow_overwrite": "true",
                            "fqdn": "hf.coolquotes.xyz",
                            "health_check_id": "",
                            "id": "Z8OAL9XXAA49Z_hf.coolquotes.xyz_A",
                            "name": "hf.coolquotes.xyz",
                            "records.#": "0",
                            "set_identifier": "",
                            "ttl": "0",
                            "type": "A",
                            "zone_id": "Z8OAL9XXAA49Z"
                        },
                        "meta": {
                            "schema_version": "2"
                        },
                        "tainted": false
                    },
                    "deposed": [],
                    "provider": "provider.aws"
                },
                "aws_route53_record.a_id-ed25519_pub": {
                    "type": "aws_route53_record",
                    "depends_on": [
                        "module.id-ed25519_pub"
                    ],
                    "primary": {
                        "id": "Z23K6MA9HYNB2L_id-ed25519.pub_A",
                        "attributes": {
                            "alias.#": "1",
                            "alias.1826672608.evaluate_target_health": "false",
                            "alias.1826672608.name": "d2jsdnv6ibvxye.cloudfront.net",
                            "alias.1826672608.zone_id": "Z2FDTNDATAQYW2",
                            "allow_overwrite": "true",
                            "fqdn": "id-ed25519.pub",
                            "health_check_id": "",
                            "id": "Z23K6MA9HYNB2L_id-ed25519.pub_A",
                            "name": "id-ed25519.pub",
                            "records.#": "0",
                            "set_identifier": "",
                            "ttl": "0",
                            "type": "A",
                            "zone_id": "Z23K6MA9HYNB2L"
                        },
                        "meta": {
                            "schema_version": "2"
                        },
                        "tainted": false
                    },
                    "deposed": [],
                    "provider": "provider.aws"
                },
                "aws_route53_record.a_kellywatts_com": {
                    "type": "aws_route53_record",
                    "depends_on": [
                        "module.kellywatts_com"
                    ],
                    "primary": {
                        "id": "Z42GR4540YNA5_kellywatts.com_A",
                        "attributes": {
                            "allow_overwrite": "true",
                            "fqdn": "kellywatts.com",
                            "health_check_id": "",
                            "id": "Z42GR4540YNA5_kellywatts.com_A",
                            "name": "kellywatts.com",
                            "records.#": "1",
                            "records.3175620411": "66.6.44.4",
                            "set_identifier": "",
                            "ttl": "86400",
                            "type": "A",
                            "zone_id": "Z42GR4540YNA5"
                        },
                        "meta": {
                            "schema_version": "2"
                        },
                        "tainted": false
                    },
                    "deposed": [],
                    "provider": "provider.aws"
                },
                "aws_route53_record.a_lesaker_com": {
                    "type": "aws_route53_record",
                    "depends_on": [
                        "module.lesaker_com"
                    ],
                    "primary": {
                        "id": "Z12UG2AR1236YD_lesaker.com_A",
                        "attributes": {
                            "alias.#": "1",
                            "alias.71226817.evaluate_target_health": "false",
                            "alias.71226817.name": "d25ducmpfzq31v.cloudfront.net",
                            "alias.71226817.zone_id": "Z2FDTNDATAQYW2",
                            "allow_overwrite": "true",
                            "fqdn": "lesaker.com",
                            "health_check_id": "",
                            "id": "Z12UG2AR1236YD_lesaker.com_A",
                            "name": "lesaker.com",
                            "records.#": "0",
                            "set_identifier": "",
                            "ttl": "0",
                            "type": "A",
                            "zone_id": "Z12UG2AR1236YD"
                        },
                        "meta": {
                            "schema_version": "2"
                        },
                        "tainted": false
                    },
                    "deposed": [],
                    "provider": "provider.aws"
                },
                "aws_route53_record.a_lesaker_org": {
                    "type": "aws_route53_record",
                    "depends_on": [
                        "module.lesaker_org"
                    ],
                    "primary": {
                        "id": "Z3RU5N2GAL6D4W_lesaker.org_A",
                        "attributes": {
                            "alias.#": "1",
                            "alias.71226817.evaluate_target_health": "false",
                            "alias.71226817.name": "d25ducmpfzq31v.cloudfront.net",
                            "alias.71226817.zone_id": "Z2FDTNDATAQYW2",
                            "allow_overwrite": "true",
                            "fqdn": "lesaker.org",
                            "health_check_id": "",
                            "id": "Z3RU5N2GAL6D4W_lesaker.org_A",
                            "name": "lesaker.org",
                            "records.#": "0",
                            "set_identifier": "",
                            "ttl": "0",
                            "type": "A",
                            "zone_id": "Z3RU5N2GAL6D4W"
                        },
                        "meta": {
                            "schema_version": "2"
                        },
                        "tainted": false
                    },
                    "deposed": [],
                    "provider": "provider.aws"
                },
                "aws_route53_record.a_repo_scrtybybscrty_org": {
                    "type": "aws_route53_record",
                    "depends_on": [
                        "module.scrtybybscrty_org"
                    ],
                    "primary": {
                        "id": "Z11UY811DI2S1K_repo.scrtybybscrty.org_A",
                        "attributes": {
                            "alias.#": "1",
                            "alias.873343640.evaluate_target_health": "false",
                            "alias.873343640.name": "d28ndvib2qch6l.cloudfront.net",
                            "alias.873343640.zone_id": "Z2FDTNDATAQYW2",
                            "allow_overwrite": "true",
                            "fqdn": "repo.scrtybybscrty.org",
                            "health_check_id": "",
                            "id": "Z11UY811DI2S1K_repo.scrtybybscrty.org_A",
                            "name": "repo.scrtybybscrty.org",
                            "records.#": "0",
                            "set_identifier": "",
                            "ttl": "0",
                            "type": "A",
                            "zone_id": "Z11UY811DI2S1K"
                        },
                        "meta": {
                            "schema_version": "2"
                        },
                        "tainted": false
                    },
                    "deposed": [],
                    "provider": "provider.aws"
                },
                "aws_route53_record.a_scrtybybscrty_org": {
                    "type": "aws_route53_record",
                    "depends_on": [
                        "module.scrtybybscrty_org"
                    ],
                    "primary": {
                        "id": "Z11UY811DI2S1K_scrtybybscrty.org_A",
                        "attributes": {
                            "alias.#": "1",
                            "alias.71226817.evaluate_target_health": "false",
                            "alias.71226817.name": "d25ducmpfzq31v.cloudfront.net",
                            "alias.71226817.zone_id": "Z2FDTNDATAQYW2",
                            "allow_overwrite": "true",
                            "fqdn": "scrtybybscrty.org",
                            "health_check_id": "",
                            "id": "Z11UY811DI2S1K_scrtybybscrty.org_A",
                            "name": "scrtybybscrty.org",
                            "records.#": "0",
                            "set_identifier": "",
                            "ttl": "0",
                            "type": "A",
                            "zone_id": "Z11UY811DI2S1K"
                        },
                        "meta": {
                            "schema_version": "2"
                        },
                        "tainted": false
                    },
                    "deposed": [],
                    "provider": "provider.aws"
                },
                "aws_route53_record.a_www_a-rwx_org": {
                    "type": "aws_route53_record",
                    "depends_on": [
                        "module.a-rwx_org"
                    ],
                    "primary": {
                        "id": "Z1GSN0DUY7LO3I_www.a-rwx.org_A",
                        "attributes": {
                            "alias.#": "1",
                            "alias.71226817.evaluate_target_health": "false",
                            "alias.71226817.name": "d25ducmpfzq31v.cloudfront.net",
                            "alias.71226817.zone_id": "Z2FDTNDATAQYW2",
                            "allow_overwrite": "true",
                            "fqdn": "www.a-rwx.org",
                            "health_check_id": "",
                            "id": "Z1GSN0DUY7LO3I_www.a-rwx.org_A",
                            "name": "www.a-rwx.org",
                            "records.#": "0",
                            "set_identifier": "",
                            "ttl": "0",
                            "type": "A",
                            "zone_id": "Z1GSN0DUY7LO3I"
                        },
                        "meta": {
                            "schema_version": "2"
                        },
                        "tainted": false
                    },
                    "deposed": [],
                    "provider": "provider.aws"
                },
                "aws_route53_record.a_www_akerl_com": {
                    "type": "aws_route53_record",
                    "depends_on": [
                        "module.akerl_com"
                    ],
                    "primary": {
                        "id": "Z1EXF3DHNCLVFG_www.akerl.com_A",
                        "attributes": {
                            "alias.#": "1",
                            "alias.71226817.evaluate_target_health": "false",
                            "alias.71226817.name": "d25ducmpfzq31v.cloudfront.net",
                            "alias.71226817.zone_id": "Z2FDTNDATAQYW2",
                            "allow_overwrite": "true",
                            "fqdn": "www.akerl.com",
                            "health_check_id": "",
                            "id": "Z1EXF3DHNCLVFG_www.akerl.com_A",
                            "name": "www.akerl.com",
                            "records.#": "0",
                            "set_identifier": "",
                            "ttl": "0",
                            "type": "A",
                            "zone_id": "Z1EXF3DHNCLVFG"
                        },
                        "meta": {
                            "schema_version": "2"
                        },
                        "tainted": false
                    },
                    "deposed": [],
                    "provider": "provider.aws"
                },
                "aws_route53_record.a_www_akerl_org": {
                    "type": "aws_route53_record",
                    "depends_on": [
                        "module.akerl_org"
                    ],
                    "primary": {
                        "id": "Z1GXO6WRJN3B5T_www.akerl.org_A",
                        "attributes": {
                            "alias.#": "1",
                            "alias.71226817.evaluate_target_health": "false",
                            "alias.71226817.name": "d25ducmpfzq31v.cloudfront.net",
                            "alias.71226817.zone_id": "Z2FDTNDATAQYW2",
                            "allow_overwrite": "true",
                            "fqdn": "www.akerl.org",
                            "health_check_id": "",
                            "id": "Z1GXO6WRJN3B5T_www.akerl.org_A",
                            "name": "www.akerl.org",
                            "records.#": "0",
                            "set_identifier": "",
                            "ttl": "0",
                            "type": "A",
                            "zone_id": "Z1GXO6WRJN3B5T"
                        },
                        "meta": {
                            "schema_version": "2"
                        },
                        "tainted": false
                    },
                    "deposed": [],
                    "provider": "provider.aws"
                },
                "aws_route53_record.a_www_happilyeveraker_com": {
                    "type": "aws_route53_record",
                    "depends_on": [
                        "module.happilyeveraker_com"
                    ],
                    "primary": {
                        "id": "Z2ZXZ7VFSXR5E7_www.happilyeveraker.com_A",
                        "attributes": {
                            "alias.#": "1",
                            "alias.68781069.evaluate_target_health": "false",
                            "alias.68781069.name": "d3bzinit6iv173.cloudfront.net",
                            "alias.68781069.zone_id": "Z2FDTNDATAQYW2",
                            "allow_overwrite": "true",
                            "fqdn": "www.happilyeveraker.com",
                            "health_check_id": "",
                            "id": "Z2ZXZ7VFSXR5E7_www.happilyeveraker.com_A",
                            "name": "www.happilyeveraker.com",
                            "records.#": "0",
                            "set_identifier": "",
                            "ttl": "0",
                            "type": "A",
                            "zone_id": "Z2ZXZ7VFSXR5E7"
                        },
                        "meta": {
                            "schema_version": "2"
                        },
                        "tainted": false
                    },
                    "deposed": [],
                    "provider": "provider.aws"
                },
                "aws_route53_record.a_www_lesaker_com": {
                    "type": "aws_route53_record",
                    "depends_on": [
                        "module.lesaker_com"
                    ],
                    "primary": {
                        "id": "Z12UG2AR1236YD_www.lesaker.com_A",
                        "attributes": {
                            "alias.#": "1",
                            "alias.71226817.evaluate_target_health": "false",
                            "alias.71226817.name": "d25ducmpfzq31v.cloudfront.net",
                            "alias.71226817.zone_id": "Z2FDTNDATAQYW2",
                            "allow_overwrite": "true",
                            "fqdn": "www.lesaker.com",
                            "health_check_id": "",
                            "id": "Z12UG2AR1236YD_www.lesaker.com_A",
                            "name": "www.lesaker.com",
                            "records.#": "0",
                            "set_identifier": "",
                            "ttl": "0",
                            "type": "A",
                            "zone_id": "Z12UG2AR1236YD"
                        },
                        "meta": {
                            "schema_version": "2"
                        },
                        "tainted": false
                    },
                    "deposed": [],
                    "provider": "provider.aws"
                },
                "aws_route53_record.a_www_lesaker_org": {
                    "type": "aws_route53_record",
                    "depends_on": [
                        "module.lesaker_org"
                    ],
                    "primary": {
                        "id": "Z3RU5N2GAL6D4W_www.lesaker.org_A",
                        "attributes": {
                            "alias.#": "1",
                            "alias.71226817.evaluate_target_health": "false",
                            "alias.71226817.name": "d25ducmpfzq31v.cloudfront.net",
                            "alias.71226817.zone_id": "Z2FDTNDATAQYW2",
                            "allow_overwrite": "true",
                            "fqdn": "www.lesaker.org",
                            "health_check_id": "",
                            "id": "Z3RU5N2GAL6D4W_www.lesaker.org_A",
                            "name": "www.lesaker.org",
                            "records.#": "0",
                            "set_identifier": "",
                            "ttl": "0",
                            "type": "A",
                            "zone_id": "Z3RU5N2GAL6D4W"
                        },
                        "meta": {
                            "schema_version": "2"
                        },
                        "tainted": false
                    },
                    "deposed": [],
                    "provider": "provider.aws"
                },
                "aws_route53_record.a_www_scrtybybscrty_org": {
                    "type": "aws_route53_record",
                    "depends_on": [
                        "module.scrtybybscrty_org"
                    ],
                    "primary": {
                        "id": "Z11UY811DI2S1K_www.scrtybybscrty.org_A",
                        "attributes": {
                            "alias.#": "1",
                            "alias.71226817.evaluate_target_health": "false",
                            "alias.71226817.name": "d25ducmpfzq31v.cloudfront.net",
                            "alias.71226817.zone_id": "Z2FDTNDATAQYW2",
                            "allow_overwrite": "true",
                            "fqdn": "www.scrtybybscrty.org",
                            "health_check_id": "",
                            "id": "Z11UY811DI2S1K_www.scrtybybscrty.org_A",
                            "name": "www.scrtybybscrty.org",
                            "records.#": "0",
                            "set_identifier": "",
                            "ttl": "0",
                            "type": "A",
                            "zone_id": "Z11UY811DI2S1K"
                        },
                        "meta": {
                            "schema_version": "2"
                        },
                        "tainted": false
                    },
                    "deposed": [],
                    "provider": "provider.aws"
                },
                "aws_route53_record.caa_text_a-rwx_org": {
                    "type": "aws_route53_record",
                    "depends_on": [
                        "module.a-rwx_org"
                    ],
                    "primary": {
                        "id": "Z1GSN0DUY7LO3I_text.a-rwx.org_CAA",
                        "attributes": {
                            "allow_overwrite": "true",
                            "fqdn": "text.a-rwx.org",
                            "health_check_id": "",
                            "id": "Z1GSN0DUY7LO3I_text.a-rwx.org_CAA",
                            "name": "text.a-rwx.org",
                            "records.#": "2",
                            "records.3034643430": "0 issuewild \";\"",
                            "records.3287749994": "0 issue \"letsencrypt.org\"",
                            "set_identifier": "",
                            "ttl": "60",
                            "type": "CAA",
                            "zone_id": "Z1GSN0DUY7LO3I"
                        },
                        "meta": {
                            "schema_version": "2"
                        },
                        "tainted": false
                    },
                    "deposed": [],
                    "provider": "provider.aws"
                },
                "aws_route53_record.cname_cal_lesaker_org": {
                    "type": "aws_route53_record",
                    "depends_on": [
                        "module.lesaker_org"
                    ],
                    "primary": {
                        "id": "Z3RU5N2GAL6D4W_cal.lesaker.org_CNAME",
                        "attributes": {
                            "allow_overwrite": "true",
                            "fqdn": "cal.lesaker.org",
                            "health_check_id": "",
                            "id": "Z3RU5N2GAL6D4W_cal.lesaker.org_CNAME",
                            "name": "cal.lesaker.org",
                            "records.#": "1",
                            "records.543990245": "ghs.googlehosted.com.",
                            "set_identifier": "",
                            "ttl": "86400",
                            "type": "CNAME",
                            "zone_id": "Z3RU5N2GAL6D4W"
                        },
                        "meta": {
                            "schema_version": "2"
                        },
                        "tainted": false
                    },
                    "deposed": [],
                    "provider": "provider.aws"
                },
                "aws_route53_record.cname_mail_lesaker_org": {
                    "type": "aws_route53_record",
                    "depends_on": [
                        "module.lesaker_org"
                    ],
                    "primary": {
                        "id": "Z3RU5N2GAL6D4W_mail.lesaker.org_CNAME",
                        "attributes": {
                            "allow_overwrite": "true",
                            "fqdn": "mail.lesaker.org",
                            "health_check_id": "",
                            "id": "Z3RU5N2GAL6D4W_mail.lesaker.org_CNAME",
                            "name": "mail.lesaker.org",
                            "records.#": "1",
                            "records.543990245": "ghs.googlehosted.com.",
                            "set_identifier": "",
                            "ttl": "86400",
                            "type": "CNAME",
                            "zone_id": "Z3RU5N2GAL6D4W"
                        },
                        "meta": {
                            "schema_version": "2"
                        },
                        "tainted": false
                    },
                    "deposed": [],
                    "provider": "provider.aws"
                },
                "aws_route53_record.cname_www_kellywatts_com": {
                    "type": "aws_route53_record",
                    "depends_on": [
                        "module.kellywatts_com"
                    ],
                    "primary": {
                        "id": "Z42GR4540YNA5_www.kellywatts.com_CNAME",
                        "attributes": {
                            "allow_overwrite": "true",
                            "fqdn": "www.kellywatts.com",
                            "health_check_id": "",
                            "id": "Z42GR4540YNA5_www.kellywatts.com_CNAME",
                            "name": "www.kellywatts.com",
                            "records.#": "1",
                            "records.1240937337": "domains.tumblr.com.",
                            "set_identifier": "",
                            "ttl": "86400",
                            "type": "CNAME",
                            "zone_id": "Z42GR4540YNA5"
                        },
                        "meta": {
                            "schema_version": "2"
                        },
                        "tainted": false
                    },
                    "deposed": [],
                    "provider": "provider.aws"
                },
                "aws_route53_record.text_a-rwx_org": {
                    "type": "aws_route53_record",
                    "depends_on": [
                        "module.a-rwx_org"
                    ],
                    "primary": {
                        "id": "Z1GSN0DUY7LO3I_text.a-rwx.org_A",
                        "attributes": {
                            "allow_overwrite": "true",
                            "fqdn": "text.a-rwx.org",
                            "health_check_id": "",
                            "id": "Z1GSN0DUY7LO3I_text.a-rwx.org_A",
                            "name": "text.a-rwx.org",
                            "records.#": "1",
                            "records.2482834837": "50.116.51.105",
                            "set_identifier": "",
                            "ttl": "60",
                            "type": "A",
                            "zone_id": "Z1GSN0DUY7LO3I"
                        },
                        "meta": {
                            "schema_version": "2"
                        },
                        "tainted": false
                    },
                    "deposed": [],
                    "provider": "provider.aws"
                }
            },
            "depends_on": []
        },
        {
            "path": [
                "root",
                "akerl-github-auth-lambda"
            ],
            "outputs": {
                "lambda-bucket": {
                    "sensitive": false,
                    "type": "string",
                    "value": "akerl-github-auth-lambda"
                }
            },
            "resources": {},
            "depends_on": []
        },
        {
            "path": [
                "root",
                "akerl-hf-library"
            ],
            "outputs": {
                "dns-name": {
                    "sensitive": false,
                    "type": "string",
                    "value": "d1nmky36h4ic4n.cloudfront.net"
                }
            },
            "resources": {},
            "depends_on": []
        },
        {
            "path": [
                "root",
                "akerl-hookshot"
            ],
            "outputs": {},
            "resources": {},
            "depends_on": []
        },
        {
            "path": [
                "root",
                "akerl-keys"
            ],
            "outputs": {
                "site-dns-name": {
                    "sensitive": false,
                    "type": "string",
                    "value": "d2jsdnv6ibvxye.cloudfront.net"
                }
            },
            "resources": {},
            "depends_on": []
        },
        {
            "path": [
                "root",
                "akerl-madlibrarian"
            ],
            "outputs": {
                "lambda-bucket": {
                    "sensitive": false,
                    "type": "string",
                    "value": "akerl-madlibrarian"
                }
            },
            "resources": {},
            "depends_on": []
        },
        {
            "path": [
                "root",
                "akerl-quote-auth"
            ],
            "outputs": {
                "dns-name": {
                    "sensitive": false,
                    "type": "string",
                    "value": "d29lidrr0hbii1.cloudfront.net"
                }
            },
            "resources": {},
            "depends_on": []
        },
        {
            "path": [
                "root",
                "akerl-wedding"
            ],
            "outputs": {
                "wedding-dns-name": {
                    "sensitive": false,
                    "type": "string",
                    "value": "d3bzinit6iv173.cloudfront.net"
                }
            },
            "resources": {
                "aws_cloudfront_distribution.redirect_distribution": {
                    "type": "aws_cloudfront_distribution",
                    "depends_on": [
                        "aws_s3_bucket.redirect-bucket",
                        "module.certificate"
                    ],
                    "primary": {
                        "id": "E1KCDNA0SCSJUO",
                        "attributes": {
                            "active_trusted_signers.%": "2",
                            "active_trusted_signers.enabled": "false",
                            "active_trusted_signers.items.#": "0",
                            "aliases.#": "2",
                            "aliases.1791641142": "www.happilyeveraker.com",
                            "aliases.2119664291": "happilyeveraker.com",
                            "arn": "arn:aws:cloudfront::764218738161:distribution/E1KCDNA0SCSJUO",
                            "cache_behavior.#": "0",
                            "caller_reference": "2017-02-11T11:55:06.711532371-08:00",
                            "custom_error_response.#": "0",
                            "default_cache_behavior.#": "1",
                            "default_cache_behavior.2219766909.allowed_methods.#": "2",
                            "default_cache_behavior.2219766909.allowed_methods.0": "HEAD",
                            "default_cache_behavior.2219766909.allowed_methods.1": "GET",
                            "default_cache_behavior.2219766909.cached_methods.#": "2",
                            "default_cache_behavior.2219766909.cached_methods.0": "HEAD",
                            "default_cache_behavior.2219766909.cached_methods.1": "GET",
                            "default_cache_behavior.2219766909.compress": "true",
                            "default_cache_behavior.2219766909.default_ttl": "300",
                            "default_cache_behavior.2219766909.field_level_encryption_id": "",
                            "default_cache_behavior.2219766909.forwarded_values.#": "1",
                            "default_cache_behavior.2219766909.forwarded_values.2759845635.cookies.#": "1",
                            "default_cache_behavior.2219766909.forwarded_values.2759845635.cookies.2625240281.forward": "none",
                            "default_cache_behavior.2219766909.forwarded_values.2759845635.cookies.2625240281.whitelisted_names.#": "0",
                            "default_cache_behavior.2219766909.forwarded_values.2759845635.headers.#": "0",
                            "default_cache_behavior.2219766909.forwarded_values.2759845635.query_string": "false",
                            "default_cache_behavior.2219766909.forwarded_values.2759845635.query_string_cache_keys.#": "0",
                            "default_cache_behavior.2219766909.lambda_function_association.#": "0",
                            "default_cache_behavior.2219766909.max_ttl": "300",
                            "default_cache_behavior.2219766909.min_ttl": "0",
                            "default_cache_behavior.2219766909.smooth_streaming": "false",
                            "default_cache_behavior.2219766909.target_origin_id": "redirect-bucket",
                            "default_cache_behavior.2219766909.trusted_signers.#": "0",
                            "default_cache_behavior.2219766909.viewer_protocol_policy": "redirect-to-https",
                            "default_root_object": "",
                            "domain_name": "d3bzinit6iv173.cloudfront.net",
                            "enabled": "true",
                            "etag": "E1OHRZDKLYH627",
                            "hosted_zone_id": "Z2FDTNDATAQYW2",
                            "http_version": "http2",
                            "id": "E1KCDNA0SCSJUO",
                            "in_progress_validation_batches": "0",
                            "is_ipv6_enabled": "false",
                            "last_modified_time": "2018-02-27 06:30:56.332 +0000 UTC",
                            "logging_config.#": "1",
                            "logging_config.1997544614.bucket": "akerl-s3-logs.s3.amazonaws.com",
                            "logging_config.1997544614.include_cookies": "false",
                            "logging_config.1997544614.prefix": "akerl-wedding-redirect-cdn",
                            "origin.#": "1",
                            "origin.4199489960.custom_header.#": "0",
                            "origin.4199489960.custom_origin_config.#": "1",
                            "origin.4199489960.custom_origin_config.2335875933.http_port": "80",
                            "origin.4199489960.custom_origin_config.2335875933.https_port": "443",
                            "origin.4199489960.custom_origin_config.2335875933.origin_keepalive_timeout": "5",
                            "origin.4199489960.custom_origin_config.2335875933.origin_protocol_policy": "http-only",
                            "origin.4199489960.custom_origin_config.2335875933.origin_read_timeout": "30",
                            "origin.4199489960.custom_origin_config.2335875933.origin_ssl_protocols.#": "1",
                            "origin.4199489960.custom_origin_config.2335875933.origin_ssl_protocols.0": "TLSv1.2",
                            "origin.4199489960.domain_name": "akerl-wedding-redirect.s3-website-us-east-1.amazonaws.com",
                            "origin.4199489960.origin_id": "redirect-bucket",
                            "origin.4199489960.origin_path": "",
                            "origin.4199489960.s3_origin_config.#": "0",
                            "price_class": "PriceClass_100",
                            "restrictions.#": "1",
                            "restrictions.1097372288.geo_restriction.#": "1",
                            "restrictions.1097372288.geo_restriction.2625240281.locations.#": "0",
                            "restrictions.1097372288.geo_restriction.2625240281.restriction_type": "none",
                            "retain_on_delete": "false",
                            "status": "Deployed",
                            "tags.%": "0",
                            "viewer_certificate.#": "1",
                            "viewer_certificate.3317947734.acm_certificate_arn": "arn:aws:acm:us-east-1:764218738161:certificate/211021f7-0907-493d-90ef-f5a917440bb2",
                            "viewer_certificate.3317947734.cloudfront_default_certificate": "false",
                            "viewer_certificate.3317947734.iam_certificate_id": "",
                            "viewer_certificate.3317947734.minimum_protocol_version": "TLSv1.2_2018",
                            "viewer_certificate.3317947734.ssl_support_method": "sni-only",
                            "web_acl_id": ""
                        },
                        "meta": {},
                        "tainted": false
                    },
                    "deposed": [],
                    "provider": "provider.aws"
                },
                "aws_s3_bucket.redirect-bucket": {
                    "type": "aws_s3_bucket",
                    "depends_on": [
                        "data.aws_iam_policy_document.redirect-bucket-read-access"
                    ],
                    "primary": {
                        "id": "akerl-wedding-redirect",
                        "attributes": {
                            "acceleration_status": "",
                            "acl": "private",
                            "arn": "arn:aws:s3:::akerl-wedding-redirect",
                            "bucket": "akerl-wedding-redirect",
                            "bucket_domain_name": "akerl-wedding-redirect.s3.amazonaws.com",
                            "force_destroy": "false",
                            "hosted_zone_id": "Z3AQBSTGFYJSTF",
                            "id": "akerl-wedding-redirect",
                            "logging.#": "1",
                            "logging.464015257.target_bucket": "akerl-s3-logs",
                            "logging.464015257.target_prefix": "akerl-wedding-redirect/",
                            "policy": "{\"Statement\":[{\"Action\":\"s3:GetObject\",\"Effect\":\"Allow\",\"Principal\":{\"AWS\":\"*\"},\"Resource\":\"arn:aws:s3:::akerl-wedding-redirect/*\",\"Sid\":\"\"}],\"Version\":\"2012-10-17\"}",
                            "region": "us-east-1",
                            "replication_configuration.#": "0",
                            "request_payer": "BucketOwner",
                            "server_side_encryption_configuration.#": "0",
                            "tags.%": "0",
                            "versioning.#": "1",
                            "versioning.0.enabled": "true",
                            "versioning.0.mfa_delete": "false",
                            "website.#": "1",
                            "website.0.error_document": "",
                            "website.0.index_document": "",
                            "website.0.redirect_all_requests_to": "https://www.theknot.com/us/kelly-watts-and-les-aker-may-2017",
                            "website.0.routing_rules": "",
                            "website_domain": "s3-website-us-east-1.amazonaws.com",
                            "website_endpoint": "akerl-wedding-redirect.s3-website-us-east-1.amazonaws.com"
                        },
                        "meta": {},
                        "tainted": false
                    },
                    "deposed": [],
                    "provider": "provider.aws"
                },
                "data.aws_iam_policy_document.redirect-bucket-read-access": {
                    "type": "aws_iam_policy_document",
                    "depends_on": [],
                    "primary": {
                        "id": "3594735451",
                        "attributes": {
                            "id": "3594735451",
                            "json": "{\n  \"Version\": \"2012-10-17\",\n  \"Statement\": [\n    {\n      \"Sid\": \"\",\n      \"Effect\": \"Allow\",\n      \"Action\": \"s3:GetObject\",\n      \"Resource\": \"arn:aws:s3:::akerl-wedding-redirect/*\",\n      \"Principal\": {\n        \"AWS\": \"*\"\n      }\n    }\n  ]\n}",
                            "statement.#": "1",
                            "statement.0.actions.#": "1",
                            "statement.0.actions.2071725391": "s3:GetObject",
                            "statement.0.condition.#": "0",
                            "statement.0.effect": "Allow",
                            "statement.0.not_actions.#": "0",
                            "statement.0.not_principals.#": "0",
                            "statement.0.not_resources.#": "0",
                            "statement.0.principals.#": "1",
                            "statement.0.principals.636693895.identifiers.#": "1",
                            "statement.0.principals.636693895.identifiers.2679715827": "*",
                            "statement.0.principals.636693895.type": "AWS",
                            "statement.0.resources.#": "1",
                            "statement.0.resources.3536382383": "arn:aws:s3:::akerl-wedding-redirect/*",
                            "statement.0.sid": ""
                        },
                        "meta": {},
                        "tainted": false
                    },
                    "deposed": [],
                    "provider": "provider.aws"
                }
            },
            "depends_on": []
        },
        {
            "path": [
                "root",
                "amylum-repo"
            ],
            "outputs": {
                "site-dns-name": {
                    "sensitive": false,
                    "type": "string",
                    "value": "d28ndvib2qch6l.cloudfront.net"
                }
            },
            "resources": {},
            "depends_on": []
        },
        {
            "path": [
                "root",
                "account",
                "admins"
            ],
            "outputs": {},
            "resources": {
                "aws_iam_group.admins": {
                    "type": "aws_iam_group",
                    "depends_on": [],
                    "primary": {
                        "id": "admins",
                        "attributes": {
                            "arn": "arn:aws:iam::764218738161:group/admins",
                            "id": "admins",
                            "name": "admins",
                            "path": "/",
                            "unique_id": "AGPAI66FG2KEIRI3KZB6W"
                        },
                        "meta": {},
                        "tainted": false
                    },
                    "deposed": [],
                    "provider": "provider.aws"
                },
                "aws_iam_group_membership.admins": {
                    "type": "aws_iam_group_membership",
                    "depends_on": [
                        "aws_iam_group.admins",
                        "aws_iam_user.admins"
                    ],
                    "primary": {
                        "id": "admins",
                        "attributes": {
                            "group": "admins",
                            "id": "admins",
                            "name": "admins",
                            "users.#": "1",
                            "users.2571560494": "akerl"
                        },
                        "meta": {},
                        "tainted": false
                    },
                    "deposed": [],
                    "provider": "provider.aws"
                },
                "aws_iam_group_policy_attachment.assume_admin": {
                    "type": "aws_iam_group_policy_attachment",
                    "depends_on": [
                        "aws_iam_group.admins",
                        "aws_iam_policy.assume_admin"
                    ],
                    "primary": {
                        "id": "admins-20161204061433071896942g6t",
                        "attributes": {
                            "group": "admins",
                            "id": "admins-20161204061433071896942g6t",
                            "policy_arn": "arn:aws:iam::764218738161:policy/AssumeAdmin"
                        },
                        "meta": {},
                        "tainted": false
                    },
                    "deposed": [],
                    "provider": "provider.aws"
                },
                "aws_iam_policy.assume_admin": {
                    "type": "aws_iam_policy",
                    "depends_on": [
                        "data.aws_iam_policy_document.assume_admin"
                    ],
                    "primary": {
                        "id": "arn:aws:iam::764218738161:policy/AssumeAdmin",
                        "attributes": {
                            "arn": "arn:aws:iam::764218738161:policy/AssumeAdmin",
                            "id": "arn:aws:iam::764218738161:policy/AssumeAdmin",
                            "name": "AssumeAdmin",
                            "path": "/",
                            "policy": "{\n  \"Version\": \"2012-10-17\",\n  \"Statement\": [\n    {\n      \"Sid\": \"\",\n      \"Effect\": \"Allow\",\n      \"Action\": \"sts:AssumeRole\",\n      \"Resource\": \"arn:aws:iam::764218738161:role/admin\"\n    }\n  ]\n}"
                        },
                        "meta": {},
                        "tainted": false
                    },
                    "deposed": [],
                    "provider": "provider.aws"
                },
                "aws_iam_role.admin": {
                    "type": "aws_iam_role",
                    "depends_on": [
                        "data.aws_iam_policy_document.admin_trust"
                    ],
                    "primary": {
                        "id": "admin",
                        "attributes": {
                            "arn": "arn:aws:iam::764218738161:role/admin",
                            "assume_role_policy": "{\"Version\":\"2012-10-17\",\"Statement\":[{\"Sid\":\"\",\"Effect\":\"Allow\",\"Principal\":{\"AWS\":\"arn:aws:iam::764218738161:root\"},\"Action\":\"sts:AssumeRole\",\"Condition\":{\"Bool\":{\"aws:MultiFactorAuthPresent\":\"true\"}}}]}",
                            "create_date": "2016-12-04T06:01:25Z",
                            "force_detach_policies": "false",
                            "id": "admin",
                            "max_session_duration": "3600",
                            "name": "admin",
                            "path": "/",
                            "unique_id": "AROAJGIBWVRCR3J55QVX6"
                        },
                        "meta": {},
                        "tainted": false
                    },
                    "deposed": [],
                    "provider": "provider.aws"
                },
                "aws_iam_role_policy_attachment.admin_access": {
                    "type": "aws_iam_role_policy_attachment",
                    "depends_on": [
                        "aws_iam_role.admin"
                    ],
                    "primary": {
                        "id": "admin-20161204060649193832020ds7",
                        "attributes": {
                            "id": "admin-20161204060649193832020ds7",
                            "policy_arn": "arn:aws:iam::aws:policy/AdministratorAccess",
                            "role": "admin"
                        },
                        "meta": {},
                        "tainted": false
                    },
                    "deposed": [],
                    "provider": "provider.aws"
                },
                "aws_iam_user.admins": {
                    "type": "aws_iam_user",
                    "depends_on": [],
                    "primary": {
                        "id": "akerl",
                        "attributes": {
                            "arn": "arn:aws:iam::764218738161:user/akerl",
                            "force_destroy": "false",
                            "id": "akerl",
                            "name": "akerl",
                            "path": "/",
                            "unique_id": "AIDAI6ZGH7H4L4QMBOUTG"
                        },
                        "meta": {},
                        "tainted": false
                    },
                    "deposed": [],
                    "provider": "provider.aws"
                },
                "awscreds_iam_access_key.admins": {
                    "type": "awscreds_iam_access_key",
                    "depends_on": [
                        "aws_iam_user.admins"
                    ],
                    "primary": {
                        "id": "AKIAIWTTQTDX4YYBMP2A",
                        "attributes": {
                            "file": "creds/account-admins-akerl",
                            "id": "AKIAIWTTQTDX4YYBMP2A",
                            "secret": "",
                            "ses_smtp_password": "",
                            "status": "Active",
                            "user": "akerl"
                        },
                        "meta": {},
                        "tainted": false
                    },
                    "deposed": [],
                    "provider": "provider.awscreds"
                },
                "data.aws_caller_identity.account_info": {
                    "type": "aws_caller_identity",
                    "depends_on": [],
                    "primary": {
                        "id": "2018-05-17 15:39:44.043823 +0000 UTC",
                        "attributes": {
                            "account_id": "764218738161",
                            "arn": "arn:aws:sts::764218738161:assumed-role/admin/akerl",
                            "id": "2018-05-17 15:39:44.043823 +0000 UTC",
                            "user_id": "AROAJGIBWVRCR3J55QVX6:akerl"
                        },
                        "meta": {},
                        "tainted": false
                    },
                    "deposed": [],
                    "provider": "provider.aws"
                },
                "data.aws_iam_policy_document.admin_trust": {
                    "type": "aws_iam_policy_document",
                    "depends_on": [
                        "data.aws_caller_identity.account_info"
                    ],
                    "primary": {
                        "id": "855490042",
                        "attributes": {
                            "id": "855490042",
                            "json": "{\n  \"Version\": \"2012-10-17\",\n  \"Statement\": [\n    {\n      \"Sid\": \"\",\n      \"Effect\": \"Allow\",\n      \"Action\": \"sts:AssumeRole\",\n      \"Principal\": {\n        \"AWS\": \"arn:aws:iam::764218738161:root\"\n      },\n      \"Condition\": {\n        \"Bool\": {\n          \"aws:MultiFactorAuthPresent\": \"true\"\n        }\n      }\n    }\n  ]\n}",
                            "statement.#": "1",
                            "statement.0.actions.#": "1",
                            "statement.0.actions.2528466339": "sts:AssumeRole",
                            "statement.0.condition.#": "1",
                            "statement.0.condition.3433588302.test": "Bool",
                            "statement.0.condition.3433588302.values.#": "1",
                            "statement.0.condition.3433588302.values.4043113848": "true",
                            "statement.0.condition.3433588302.variable": "aws:MultiFactorAuthPresent",
                            "statement.0.effect": "Allow",
                            "statement.0.not_actions.#": "0",
                            "statement.0.not_principals.#": "0",
                            "statement.0.not_resources.#": "0",
                            "statement.0.principals.#": "1",
                            "statement.0.principals.2199456504.identifiers.#": "1",
                            "statement.0.principals.2199456504.identifiers.1687563408": "arn:aws:iam::764218738161:root",
                            "statement.0.principals.2199456504.type": "AWS",
                            "statement.0.resources.#": "0",
                            "statement.0.sid": ""
                        },
                        "meta": {},
                        "tainted": false
                    },
                    "deposed": [],
                    "provider": "provider.aws"
                },
                "data.aws_iam_policy_document.assume_admin": {
                    "type": "aws_iam_policy_document",
                    "depends_on": [
                        "aws_iam_role.admin"
                    ],
                    "primary": {
                        "id": "3669647341",
                        "attributes": {
                            "id": "3669647341",
                            "json": "{\n  \"Version\": \"2012-10-17\",\n  \"Statement\": [\n    {\n      \"Sid\": \"\",\n      \"Effect\": \"Allow\",\n      \"Action\": \"sts:AssumeRole\",\n      \"Resource\": \"arn:aws:iam::764218738161:role/admin\"\n    }\n  ]\n}",
                            "statement.#": "1",
                            "statement.0.actions.#": "1",
                            "statement.0.actions.2528466339": "sts:AssumeRole",
                            "statement.0.condition.#": "0",
                            "statement.0.effect": "Allow",
                            "statement.0.not_actions.#": "0",
                            "statement.0.not_principals.#": "0",
                            "statement.0.not_resources.#": "0",
                            "statement.0.principals.#": "0",
                            "statement.0.resources.#": "1",
                            "statement.0.resources.239624386": "arn:aws:iam::764218738161:role/admin",
                            "statement.0.sid": ""
                        },
                        "meta": {},
                        "tainted": false
                    },
                    "deposed": [],
                    "provider": "provider.aws"
                }
            },
            "depends_on": []
        },
        {
            "path": [
                "root",
                "akerl-blog",
                "s3-website"
            ],
            "outputs": {
                "cloudfront-zone-id": {
                    "sensitive": false,
                    "type": "string",
                    "value": "Z2FDTNDATAQYW2"
                },
                "redirect-dns-name": {
                    "sensitive": false,
                    "type": "string",
                    "value": "d25ducmpfzq31v.cloudfront.net"
                },
                "site-dns-name": {
                    "sensitive": false,
                    "type": "string",
                    "value": "dsuwypuv0eq4c.cloudfront.net"
                }
            },
            "resources": {
                "aws_cloudfront_distribution.redirect_distribution": {
                    "type": "aws_cloudfront_distribution",
                    "depends_on": [
                        "aws_s3_bucket.redirect-bucket",
                        "module.certificate"
                    ],
                    "primary": {
                        "id": "EERH88E77D1CX",
                        "attributes": {
                            "active_trusted_signers.%": "2",
                            "active_trusted_signers.enabled": "false",
                            "active_trusted_signers.items.#": "0",
                            "aliases.#": "12",
                            "aliases.1288416212": "lesaker.org",
                            "aliases.1516820402": "lesaker.com",
                            "aliases.1577856700": "www.a-rwx.org",
                            "aliases.1599199520": "scrtybybscrty.org",
                            "aliases.2796100132": "a-rwx.org",
                            "aliases.3230243585": "www.akerl.com",
                            "aliases.3259292592": "www.lesaker.com",
                            "aliases.3465374948": "www.scrtybybscrty.org",
                            "aliases.3571951574": "www.lesaker.org",
                            "aliases.3593135975": "www.akerl.org",
                            "aliases.781177855": "akerl.org",
                            "aliases.942452633": "akerl.com",
                            "arn": "arn:aws:cloudfront::764218738161:distribution/EERH88E77D1CX",
                            "cache_behavior.#": "0",
                            "caller_reference": "2017-10-07T10:27:51.497074222-04:00",
                            "custom_error_response.#": "0",
                            "default_cache_behavior.#": "1",
                            "default_cache_behavior.2219766909.allowed_methods.#": "2",
                            "default_cache_behavior.2219766909.allowed_methods.0": "HEAD",
                            "default_cache_behavior.2219766909.allowed_methods.1": "GET",
                            "default_cache_behavior.2219766909.cached_methods.#": "2",
                            "default_cache_behavior.2219766909.cached_methods.0": "HEAD",
                            "default_cache_behavior.2219766909.cached_methods.1": "GET",
                            "default_cache_behavior.2219766909.compress": "true",
                            "default_cache_behavior.2219766909.default_ttl": "300",
                            "default_cache_behavior.2219766909.field_level_encryption_id": "",
                            "default_cache_behavior.2219766909.forwarded_values.#": "1",
                            "default_cache_behavior.2219766909.forwarded_values.2759845635.cookies.#": "1",
                            "default_cache_behavior.2219766909.forwarded_values.2759845635.cookies.2625240281.forward": "none",
                            "default_cache_behavior.2219766909.forwarded_values.2759845635.cookies.2625240281.whitelisted_names.#": "0",
                            "default_cache_behavior.2219766909.forwarded_values.2759845635.headers.#": "0",
                            "default_cache_behavior.2219766909.forwarded_values.2759845635.query_string": "false",
                            "default_cache_behavior.2219766909.forwarded_values.2759845635.query_string_cache_keys.#": "0",
                            "default_cache_behavior.2219766909.lambda_function_association.#": "0",
                            "default_cache_behavior.2219766909.max_ttl": "300",
                            "default_cache_behavior.2219766909.min_ttl": "0",
                            "default_cache_behavior.2219766909.smooth_streaming": "false",
                            "default_cache_behavior.2219766909.target_origin_id": "redirect-bucket",
                            "default_cache_behavior.2219766909.trusted_signers.#": "0",
                            "default_cache_behavior.2219766909.viewer_protocol_policy": "redirect-to-https",
                            "default_root_object": "",
                            "domain_name": "d25ducmpfzq31v.cloudfront.net",
                            "enabled": "true",
                            "etag": "E21QT2EEIPYP0X",
                            "hosted_zone_id": "Z2FDTNDATAQYW2",
                            "http_version": "http2",
                            "id": "EERH88E77D1CX",
                            "in_progress_validation_batches": "0",
                            "is_ipv6_enabled": "false",
                            "last_modified_time": "2018-02-27 06:35:46.767 +0000 UTC",
                            "logging_config.#": "1",
                            "logging_config.3634125634.bucket": "akerl-s3-logs.s3.amazonaws.com",
                            "logging_config.3634125634.include_cookies": "false",
                            "logging_config.3634125634.prefix": "akerl-blog-redirect-cdn",
                            "origin.#": "1",
                            "origin.3868504272.custom_header.#": "0",
                            "origin.3868504272.custom_origin_config.#": "1",
                            "origin.3868504272.custom_origin_config.2335875933.http_port": "80",
                            "origin.3868504272.custom_origin_config.2335875933.https_port": "443",
                            "origin.3868504272.custom_origin_config.2335875933.origin_keepalive_timeout": "5",
                            "origin.3868504272.custom_origin_config.2335875933.origin_protocol_policy": "http-only",
                            "origin.3868504272.custom_origin_config.2335875933.origin_read_timeout": "30",
                            "origin.3868504272.custom_origin_config.2335875933.origin_ssl_protocols.#": "1",
                            "origin.3868504272.custom_origin_config.2335875933.origin_ssl_protocols.0": "TLSv1.2",
                            "origin.3868504272.domain_name": "akerl-blog-redirect.s3-website-us-east-1.amazonaws.com",
                            "origin.3868504272.origin_id": "redirect-bucket",
                            "origin.3868504272.origin_path": "",
                            "origin.3868504272.s3_origin_config.#": "0",
                            "price_class": "PriceClass_100",
                            "restrictions.#": "1",
                            "restrictions.1097372288.geo_restriction.#": "1",
                            "restrictions.1097372288.geo_restriction.2625240281.locations.#": "0",
                            "restrictions.1097372288.geo_restriction.2625240281.restriction_type": "none",
                            "retain_on_delete": "false",
                            "status": "Deployed",
                            "tags.%": "0",
                            "viewer_certificate.#": "1",
                            "viewer_certificate.1179194850.acm_certificate_arn": "arn:aws:acm:us-east-1:764218738161:certificate/aac213dc-90eb-478d-bfc6-415d62b20a7a",
                            "viewer_certificate.1179194850.cloudfront_default_certificate": "false",
                            "viewer_certificate.1179194850.iam_certificate_id": "",
                            "viewer_certificate.1179194850.minimum_protocol_version": "TLSv1.2_2018",
                            "viewer_certificate.1179194850.ssl_support_method": "sni-only",
                            "web_acl_id": ""
                        },
                        "meta": {},
                        "tainted": false
                    },
                    "deposed": [],
                    "provider": "provider.aws"
                },
                "aws_cloudfront_distribution.site_distribution": {
                    "type": "aws_cloudfront_distribution",
                    "depends_on": [
                        "aws_s3_bucket.file-bucket",
                        "module.certificate"
                    ],
                    "primary": {
                        "id": "E1W0NXQC8IQA5S",
                        "attributes": {
                            "active_trusted_signers.%": "2",
                            "active_trusted_signers.enabled": "false",
                            "active_trusted_signers.items.#": "0",
                            "aliases.#": "1",
                            "aliases.2457523478": "blog.akerl.org",
                            "arn": "arn:aws:cloudfront::764218738161:distribution/E1W0NXQC8IQA5S",
                            "cache_behavior.#": "0",
                            "caller_reference": "2017-10-07T10:27:52.266879237-04:00",
                            "custom_error_response.#": "0",
                            "default_cache_behavior.#": "1",
                            "default_cache_behavior.3424070059.allowed_methods.#": "2",
                            "default_cache_behavior.3424070059.allowed_methods.0": "HEAD",
                            "default_cache_behavior.3424070059.allowed_methods.1": "GET",
                            "default_cache_behavior.3424070059.cached_methods.#": "2",
                            "default_cache_behavior.3424070059.cached_methods.0": "HEAD",
                            "default_cache_behavior.3424070059.cached_methods.1": "GET",
                            "default_cache_behavior.3424070059.compress": "true",
                            "default_cache_behavior.3424070059.default_ttl": "0",
                            "default_cache_behavior.3424070059.field_level_encryption_id": "",
                            "default_cache_behavior.3424070059.forwarded_values.#": "1",
                            "default_cache_behavior.3424070059.forwarded_values.2759845635.cookies.#": "1",
                            "default_cache_behavior.3424070059.forwarded_values.2759845635.cookies.2625240281.forward": "none",
                            "default_cache_behavior.3424070059.forwarded_values.2759845635.cookies.2625240281.whitelisted_names.#": "0",
                            "default_cache_behavior.3424070059.forwarded_values.2759845635.headers.#": "0",
                            "default_cache_behavior.3424070059.forwarded_values.2759845635.query_string": "false",
                            "default_cache_behavior.3424070059.forwarded_values.2759845635.query_string_cache_keys.#": "0",
                            "default_cache_behavior.3424070059.lambda_function_association.#": "0",
                            "default_cache_behavior.3424070059.max_ttl": "300",
                            "default_cache_behavior.3424070059.min_ttl": "0",
                            "default_cache_behavior.3424070059.smooth_streaming": "false",
                            "default_cache_behavior.3424070059.target_origin_id": "site-bucket",
                            "default_cache_behavior.3424070059.trusted_signers.#": "0",
                            "default_cache_behavior.3424070059.viewer_protocol_policy": "redirect-to-https",
                            "default_root_object": "index.html",
                            "domain_name": "dsuwypuv0eq4c.cloudfront.net",
                            "enabled": "true",
                            "etag": "EKQW3E22IZRQS",
                            "hosted_zone_id": "Z2FDTNDATAQYW2",
                            "http_version": "http2",
                            "id": "E1W0NXQC8IQA5S",
                            "in_progress_validation_batches": "0",
                            "is_ipv6_enabled": "false",
                            "last_modified_time": "2018-02-27 06:35:47.644 +0000 UTC",
                            "logging_config.#": "1",
                            "logging_config.2942440303.bucket": "akerl-s3-logs.s3.amazonaws.com",
                            "logging_config.2942440303.include_cookies": "false",
                            "logging_config.2942440303.prefix": "akerl-blog-cdn/",
                            "origin.#": "1",
                            "origin.604662508.custom_header.#": "0",
                            "origin.604662508.custom_origin_config.#": "1",
                            "origin.604662508.custom_origin_config.2335875933.http_port": "80",
                            "origin.604662508.custom_origin_config.2335875933.https_port": "443",
                            "origin.604662508.custom_origin_config.2335875933.origin_keepalive_timeout": "5",
                            "origin.604662508.custom_origin_config.2335875933.origin_protocol_policy": "http-only",
                            "origin.604662508.custom_origin_config.2335875933.origin_read_timeout": "30",
                            "origin.604662508.custom_origin_config.2335875933.origin_ssl_protocols.#": "1",
                            "origin.604662508.custom_origin_config.2335875933.origin_ssl_protocols.0": "TLSv1.2",
                            "origin.604662508.domain_name": "akerl-blog.s3-website-us-east-1.amazonaws.com",
                            "origin.604662508.origin_id": "site-bucket",
                            "origin.604662508.origin_path": "",
                            "origin.604662508.s3_origin_config.#": "0",
                            "price_class": "PriceClass_100",
                            "restrictions.#": "1",
                            "restrictions.1097372288.geo_restriction.#": "1",
                            "restrictions.1097372288.geo_restriction.2625240281.locations.#": "0",
                            "restrictions.1097372288.geo_restriction.2625240281.restriction_type": "none",
                            "retain_on_delete": "false",
                            "status": "Deployed",
                            "tags.%": "0",
                            "viewer_certificate.#": "1",
                            "viewer_certificate.1179194850.acm_certificate_arn": "arn:aws:acm:us-east-1:764218738161:certificate/aac213dc-90eb-478d-bfc6-415d62b20a7a",
                            "viewer_certificate.1179194850.cloudfront_default_certificate": "false",
                            "viewer_certificate.1179194850.iam_certificate_id": "",
                            "viewer_certificate.1179194850.minimum_protocol_version": "TLSv1.2_2018",
                            "viewer_certificate.1179194850.ssl_support_method": "sni-only",
                            "web_acl_id": ""
                        },
                        "meta": {},
                        "tainted": false
                    },
                    "deposed": [],
                    "provider": "provider.aws"
                },
                "aws_s3_bucket.file-bucket": {
                    "type": "aws_s3_bucket",
                    "depends_on": [
                        "data.aws_iam_policy_document.site-bucket-read-access"
                    ],
                    "primary": {
                        "id": "akerl-blog",
                        "attributes": {
                            "acceleration_status": "",
                            "acl": "private",
                            "arn": "arn:aws:s3:::akerl-blog",
                            "bucket": "akerl-blog",
                            "bucket_domain_name": "akerl-blog.s3.amazonaws.com",
                            "force_destroy": "false",
                            "hosted_zone_id": "Z3AQBSTGFYJSTF",
                            "id": "akerl-blog",
                            "logging.#": "1",
                            "logging.2158441842.target_bucket": "akerl-s3-logs",
                            "logging.2158441842.target_prefix": "akerl-blog/",
                            "policy": "{\"Statement\":[{\"Action\":\"s3:GetObject\",\"Effect\":\"Allow\",\"Principal\":{\"AWS\":\"*\"},\"Resource\":\"arn:aws:s3:::akerl-blog/*\",\"Sid\":\"\"}],\"Version\":\"2012-10-17\"}",
                            "region": "us-east-1",
                            "replication_configuration.#": "0",
                            "request_payer": "BucketOwner",
                            "server_side_encryption_configuration.#": "0",
                            "tags.%": "0",
                            "versioning.#": "1",
                            "versioning.0.enabled": "true",
                            "versioning.0.mfa_delete": "false",
                            "website.#": "1",
                            "website.0.error_document": "404/index.html",
                            "website.0.index_document": "index.html",
                            "website.0.redirect_all_requests_to": "",
                            "website.0.routing_rules": "",
                            "website_domain": "s3-website-us-east-1.amazonaws.com",
                            "website_endpoint": "akerl-blog.s3-website-us-east-1.amazonaws.com"
                        },
                        "meta": {},
                        "tainted": false
                    },
                    "deposed": [],
                    "provider": "provider.aws"
                },
                "aws_s3_bucket.redirect-bucket": {
                    "type": "aws_s3_bucket",
                    "depends_on": [
                        "data.aws_iam_policy_document.redirect-bucket-read-access"
                    ],
                    "primary": {
                        "id": "akerl-blog-redirect",
                        "attributes": {
                            "acceleration_status": "",
                            "acl": "private",
                            "arn": "arn:aws:s3:::akerl-blog-redirect",
                            "bucket": "akerl-blog-redirect",
                            "bucket_domain_name": "akerl-blog-redirect.s3.amazonaws.com",
                            "force_destroy": "false",
                            "hosted_zone_id": "Z3AQBSTGFYJSTF",
                            "id": "akerl-blog-redirect",
                            "logging.#": "1",
                            "logging.525726922.target_bucket": "akerl-s3-logs",
                            "logging.525726922.target_prefix": "akerl-blog-redirect/",
                            "policy": "{\"Statement\":[{\"Action\":\"s3:GetObject\",\"Effect\":\"Allow\",\"Principal\":{\"AWS\":\"*\"},\"Resource\":\"arn:aws:s3:::akerl-blog-redirect/*\",\"Sid\":\"\"}],\"Version\":\"2012-10-17\"}",
                            "region": "us-east-1",
                            "replication_configuration.#": "0",
                            "request_payer": "BucketOwner",
                            "server_side_encryption_configuration.#": "0",
                            "tags.%": "0",
                            "versioning.#": "1",
                            "versioning.0.enabled": "true",
                            "versioning.0.mfa_delete": "false",
                            "website.#": "1",
                            "website.0.error_document": "",
                            "website.0.index_document": "",
                            "website.0.redirect_all_requests_to": "https://blog.akerl.org",
                            "website.0.routing_rules": "",
                            "website_domain": "s3-website-us-east-1.amazonaws.com",
                            "website_endpoint": "akerl-blog-redirect.s3-website-us-east-1.amazonaws.com"
                        },
                        "meta": {},
                        "tainted": false
                    },
                    "deposed": [],
                    "provider": "provider.aws"
                },
                "data.aws_iam_policy_document.redirect-bucket-read-access": {
                    "type": "aws_iam_policy_document",
                    "depends_on": [],
                    "primary": {
                        "id": "2903805152",
                        "attributes": {
                            "id": "2903805152",
                            "json": "{\n  \"Version\": \"2012-10-17\",\n  \"Statement\": [\n    {\n      \"Sid\": \"\",\n      \"Effect\": \"Allow\",\n      \"Action\": \"s3:GetObject\",\n      \"Resource\": \"arn:aws:s3:::akerl-blog-redirect/*\",\n      \"Principal\": {\n        \"AWS\": \"*\"\n      }\n    }\n  ]\n}",
                            "statement.#": "1",
                            "statement.0.actions.#": "1",
                            "statement.0.actions.2071725391": "s3:GetObject",
                            "statement.0.condition.#": "0",
                            "statement.0.effect": "Allow",
                            "statement.0.not_actions.#": "0",
                            "statement.0.not_principals.#": "0",
                            "statement.0.not_resources.#": "0",
                            "statement.0.principals.#": "1",
                            "statement.0.principals.636693895.identifiers.#": "1",
                            "statement.0.principals.636693895.identifiers.2679715827": "*",
                            "statement.0.principals.636693895.type": "AWS",
                            "statement.0.resources.#": "1",
                            "statement.0.resources.2274886761": "arn:aws:s3:::akerl-blog-redirect/*",
                            "statement.0.sid": ""
                        },
                        "meta": {},
                        "tainted": false
                    },
                    "deposed": [],
                    "provider": "provider.aws"
                },
                "data.aws_iam_policy_document.site-bucket-read-access": {
                    "type": "aws_iam_policy_document",
                    "depends_on": [],
                    "primary": {
                        "id": "974320875",
                        "attributes": {
                            "id": "974320875",
                            "json": "{\n  \"Version\": \"2012-10-17\",\n  \"Statement\": [\n    {\n      \"Sid\": \"\",\n      \"Effect\": \"Allow\",\n      \"Action\": \"s3:GetObject\",\n      \"Resource\": \"arn:aws:s3:::akerl-blog/*\",\n      \"Principal\": {\n        \"AWS\": \"*\"\n      }\n    }\n  ]\n}",
                            "statement.#": "1",
                            "statement.0.actions.#": "1",
                            "statement.0.actions.2071725391": "s3:GetObject",
                            "statement.0.condition.#": "0",
                            "statement.0.effect": "Allow",
                            "statement.0.not_actions.#": "0",
                            "statement.0.not_principals.#": "0",
                            "statement.0.not_resources.#": "0",
                            "statement.0.principals.#": "1",
                            "statement.0.principals.636693895.identifiers.#": "1",
                            "statement.0.principals.636693895.identifiers.2679715827": "*",
                            "statement.0.principals.636693895.type": "AWS",
                            "statement.0.resources.#": "1",
                            "statement.0.resources.2218934011": "arn:aws:s3:::akerl-blog/*",
                            "statement.0.sid": ""
                        },
                        "meta": {},
                        "tainted": false
                    },
                    "deposed": [],
                    "provider": "provider.aws"
                }
            },
            "depends_on": []
        },
        {
            "path": [
                "root",
                "akerl-dcs-library",
                "madlibrarian"
            ],
            "outputs": {
                "dns-name": {
                    "sensitive": false,
                    "type": "string",
                    "value": "d31f4txo6riktz.cloudfront.net"
                }
            },
            "resources": {
                "aws_api_gateway_base_path_mapping.mapping": {
                    "type": "aws_api_gateway_base_path_mapping",
                    "depends_on": [
                        "aws_api_gateway_deployment.deployment",
                        "aws_api_gateway_domain_name.domain",
                        "aws_api_gateway_rest_api.api"
                    ],
                    "primary": {
                        "id": "dcs.coolquotes.xyz/",
                        "attributes": {
                            "api_id": "e54pbu86ig",
                            "base_path": "",
                            "domain_name": "dcs.coolquotes.xyz",
                            "id": "dcs.coolquotes.xyz/",
                            "stage_name": "prod"
                        },
                        "meta": {},
                        "tainted": false
                    },
                    "deposed": [],
                    "provider": "provider.aws"
                },
                "aws_api_gateway_deployment.deployment": {
                    "type": "aws_api_gateway_deployment",
                    "depends_on": [
                        "aws_api_gateway_integration.integration",
                        "aws_api_gateway_method.method",
                        "aws_api_gateway_rest_api.api"
                    ],
                    "primary": {
                        "id": "wldxe9",
                        "attributes": {
                            "created_date": "2018-05-11T14:13:37Z",
                            "description": "",
                            "execution_arn": "arn:aws:execute-api:us-east-1:764218738161:e54pbu86ig/prod",
                            "id": "wldxe9",
                            "invoke_url": "https://e54pbu86ig.execute-api.us-east-1.amazonaws.com/prod",
                            "rest_api_id": "e54pbu86ig",
                            "stage_name": "prod",
                            "variables.%": "1",
                            "variables.bucket": "akerl-dcs-library"
                        },
                        "meta": {},
                        "tainted": false
                    },
                    "deposed": [],
                    "provider": "provider.aws"
                },
                "aws_api_gateway_domain_name.domain": {
                    "type": "aws_api_gateway_domain_name",
                    "depends_on": [
                        "module.certificate"
                    ],
                    "primary": {
                        "id": "dcs.coolquotes.xyz",
                        "attributes": {
                            "certificate_arn": "arn:aws:acm:us-east-1:764218738161:certificate/d91a58f8-ae7f-4986-b5d7-3b62a7fac1b9",
                            "certificate_name": "",
                            "certificate_upload_date": "2018-05-11T14:15:22Z",
                            "cloudfront_domain_name": "d31f4txo6riktz.cloudfront.net",
                            "cloudfront_zone_id": "Z2FDTNDATAQYW2",
                            "domain_name": "dcs.coolquotes.xyz",
                            "id": "dcs.coolquotes.xyz"
                        },
                        "meta": {},
                        "tainted": false
                    },
                    "deposed": [],
                    "provider": "provider.aws"
                },
                "aws_api_gateway_integration.integration": {
                    "type": "aws_api_gateway_integration",
                    "depends_on": [
                        "aws_api_gateway_method.method",
                        "aws_api_gateway_resource.endpoint",
                        "aws_api_gateway_rest_api.api",
                        "aws_lambda_function.madlibrarian_lambda"
                    ],
                    "primary": {
                        "id": "agi-e54pbu86ig-0mtmpo-ANY",
                        "attributes": {
                            "cache_key_parameters.#": "0",
                            "cache_namespace": "0mtmpo",
                            "connection_id": "",
                            "connection_type": "INTERNET",
                            "http_method": "ANY",
                            "id": "agi-e54pbu86ig-0mtmpo-ANY",
                            "integration_http_method": "POST",
                            "passthrough_behavior": "WHEN_NO_MATCH",
                            "request_parameters.%": "0",
                            "request_templates.%": "0",
                            "resource_id": "0mtmpo",
                            "rest_api_id": "e54pbu86ig",
                            "type": "AWS_PROXY",
                            "uri": "arn:aws:apigateway:us-east-1:lambda:path/2015-03-31/functions/arn:aws:lambda:us-east-1:764218738161:function:madlibrarian_lambda_akerl-dcs-library/invocations"
                        },
                        "meta": {},
                        "tainted": false
                    },
                    "deposed": [],
                    "provider": "provider.aws"
                },
                "aws_api_gateway_method.method": {
                    "type": "aws_api_gateway_method",
                    "depends_on": [
                        "aws_api_gateway_resource.endpoint",
                        "aws_api_gateway_rest_api.api"
                    ],
                    "primary": {
                        "id": "agm-e54pbu86ig-0mtmpo-ANY",
                        "attributes": {
                            "api_key_required": "false",
                            "authorization": "NONE",
                            "authorizer_id": "",
                            "http_method": "ANY",
                            "id": "agm-e54pbu86ig-0mtmpo-ANY",
                            "request_models.%": "0",
                            "request_parameters.%": "0",
                            "request_validator_id": "",
                            "resource_id": "0mtmpo",
                            "rest_api_id": "e54pbu86ig"
                        },
                        "meta": {},
                        "tainted": false
                    },
                    "deposed": [],
                    "provider": "provider.aws"
                },
                "aws_api_gateway_method_settings.settings": {
                    "type": "aws_api_gateway_method_settings",
                    "depends_on": [
                        "aws_api_gateway_deployment.deployment",
                        "aws_api_gateway_rest_api.api"
                    ],
                    "primary": {
                        "id": "e54pbu86ig-prod-*/*",
                        "attributes": {
                            "id": "e54pbu86ig-prod-*/*",
                            "method_path": "*/*",
                            "rest_api_id": "e54pbu86ig",
                            "settings.#": "1",
                            "settings.0.cache_data_encrypted": "false",
                            "settings.0.cache_ttl_in_seconds": "0",
                            "settings.0.caching_enabled": "false",
                            "settings.0.data_trace_enabled": "false",
                            "settings.0.logging_level": "INFO",
                            "settings.0.metrics_enabled": "true",
                            "settings.0.require_authorization_for_cache_control": "false",
                            "settings.0.throttling_burst_limit": "0",
                            "settings.0.throttling_rate_limit": "0",
                            "settings.0.unauthorized_cache_control_header_strategy": "",
                            "stage_name": "prod"
                        },
                        "meta": {},
                        "tainted": false
                    },
                    "deposed": [],
                    "provider": "provider.aws"
                },
                "aws_api_gateway_resource.endpoint": {
                    "type": "aws_api_gateway_resource",
                    "depends_on": [
                        "aws_api_gateway_rest_api.api"
                    ],
                    "primary": {
                        "id": "0mtmpo",
                        "attributes": {
                            "id": "0mtmpo",
                            "parent_id": "d5ws4g16ag",
                            "path": "/{story}",
                            "path_part": "{story}",
                            "rest_api_id": "e54pbu86ig"
                        },
                        "meta": {},
                        "tainted": false
                    },
                    "deposed": [],
                    "provider": "provider.aws"
                },
                "aws_api_gateway_rest_api.api": {
                    "type": "aws_api_gateway_rest_api",
                    "depends_on": [],
                    "primary": {
                        "id": "e54pbu86ig",
                        "attributes": {
                            "binary_media_types.#": "0",
                            "created_date": "2018-05-11T14:13:26Z",
                            "description": "",
                            "execution_arn": "arn:aws:execute-api:us-east-1:764218738161:e54pbu86ig",
                            "id": "e54pbu86ig",
                            "minimum_compression_size": "-1",
                            "name": "madlibrarian-akerl-dcs-library",
                            "policy": "",
                            "root_resource_id": "d5ws4g16ag"
                        },
                        "meta": {},
                        "tainted": false
                    },
                    "deposed": [],
                    "provider": "provider.aws"
                },
                "aws_iam_role.madlibrarian_lambda": {
                    "type": "aws_iam_role",
                    "depends_on": [
                        "data.aws_iam_policy_document.lambda_assume"
                    ],
                    "primary": {
                        "id": "madlibrarian_lambda_akerl-dcs-library",
                        "attributes": {
                            "arn": "arn:aws:iam::764218738161:role/madlibrarian_lambda_akerl-dcs-library",
                            "assume_role_policy": "{\"Version\":\"2012-10-17\",\"Statement\":[{\"Sid\":\"\",\"Effect\":\"Allow\",\"Principal\":{\"Service\":[\"lambda.amazonaws.com\",\"apigateway.amazonaws.com\"]},\"Action\":\"sts:AssumeRole\"}]}",
                            "create_date": "2018-05-11T14:13:26Z",
                            "force_detach_policies": "false",
                            "id": "madlibrarian_lambda_akerl-dcs-library",
                            "max_session_duration": "3600",
                            "name": "madlibrarian_lambda_akerl-dcs-library",
                            "path": "/",
                            "unique_id": "AROAIPCCELU75W2IYBZUE"
                        },
                        "meta": {},
                        "tainted": false
                    },
                    "deposed": [],
                    "provider": "provider.aws"
                },
                "aws_iam_role_policy.lambda_perms": {
                    "type": "aws_iam_role_policy",
                    "depends_on": [
                        "aws_iam_role.madlibrarian_lambda",
                        "data.aws_iam_policy_document.lambda_perms"
                    ],
                    "primary": {
                        "id": "madlibrarian_lambda_akerl-dcs-library:lambda_perms",
                        "attributes": {
                            "id": "madlibrarian_lambda_akerl-dcs-library:lambda_perms",
                            "name": "lambda_perms",
                            "policy": "{\n  \"Version\": \"2012-10-17\",\n  \"Statement\": [\n    {\n      \"Sid\": \"\",\n      \"Effect\": \"Allow\",\n      \"Action\": [\n        \"s3:ListBucket\",\n        \"s3:GetObject\"\n      ],\n      \"Resource\": [\n        \"arn:aws:s3:::akerl-dcs-library/*\",\n        \"arn:aws:s3:::akerl-dcs-library-config/*\",\n        \"arn:aws:s3:::akerl-dcs-library-config\",\n        \"arn:aws:s3:::akerl-dcs-library\"\n      ]\n    },\n    {\n      \"Sid\": \"\",\n      \"Effect\": \"Allow\",\n      \"Action\": [\n        \"logs:PutLogEvents\",\n        \"logs:CreateLogStream\",\n        \"logs:CreateLogGroup\"\n      ],\n      \"Resource\": \"arn:aws:logs:*:*:*\"\n    }\n  ]\n}",
                            "role": "madlibrarian_lambda_akerl-dcs-library"
                        },
                        "meta": {},
                        "tainted": false
                    },
                    "deposed": [],
                    "provider": "provider.aws"
                },
                "aws_lambda_function.madlibrarian_lambda": {
                    "type": "aws_lambda_function",
                    "depends_on": [
                        "aws_iam_role.madlibrarian_lambda"
                    ],
                    "primary": {
                        "id": "madlibrarian_lambda_akerl-dcs-library",
                        "attributes": {
                            "arn": "arn:aws:lambda:us-east-1:764218738161:function:madlibrarian_lambda_akerl-dcs-library",
                            "dead_letter_config.#": "0",
                            "description": "",
                            "environment.#": "1",
                            "environment.0.variables.%": "2",
                            "environment.0.variables.S3_BUCKET": "akerl-dcs-library-config",
                            "environment.0.variables.S3_KEY": "config.yaml",
                            "function_name": "madlibrarian_lambda_akerl-dcs-library",
                            "handler": "main",
                            "id": "madlibrarian_lambda_akerl-dcs-library",
                            "invoke_arn": "arn:aws:apigateway:us-east-1:lambda:path/2015-03-31/functions/arn:aws:lambda:us-east-1:764218738161:function:madlibrarian_lambda_akerl-dcs-library/invocations",
                            "kms_key_arn": "",
                            "last_modified": "2018-05-11T14:13:36.841+0000",
                            "memory_size": "128",
                            "publish": "false",
                            "qualified_arn": "arn:aws:lambda:us-east-1:764218738161:function:madlibrarian_lambda_akerl-dcs-library:$LATEST",
                            "reserved_concurrent_executions": "0",
                            "role": "arn:aws:iam::764218738161:role/madlibrarian_lambda_akerl-dcs-library",
                            "runtime": "go1.x",
                            "s3_bucket": "akerl-madlibrarian",
                            "s3_key": "lambdas/payload-0.6.0.zip",
                            "source_code_hash": "w2xkcDVtcst5qwcieOe6FyFem+Bc+LkAOi65lL8EHZY=",
                            "source_code_size": "4530222",
                            "tags.%": "0",
                            "timeout": "10",
                            "tracing_config.#": "1",
                            "tracing_config.0.mode": "PassThrough",
                            "version": "$LATEST",
                            "vpc_config.#": "0"
                        },
                        "meta": {},
                        "tainted": false
                    },
                    "deposed": [],
                    "provider": "provider.aws"
                },
                "aws_lambda_permission.allow_api_gateway": {
                    "type": "aws_lambda_permission",
                    "depends_on": [
                        "aws_api_gateway_rest_api.api",
                        "aws_lambda_function.madlibrarian_lambda",
                        "data.aws_caller_identity.current",
                        "data.aws_region.current"
                    ],
                    "primary": {
                        "id": "AllowExecutionFromApiGateway",
                        "attributes": {
                            "action": "lambda:InvokeFunction",
                            "function_name": "madlibrarian_lambda_akerl-dcs-library",
                            "id": "AllowExecutionFromApiGateway",
                            "principal": "apigateway.amazonaws.com",
                            "qualifier": "",
                            "source_arn": "arn:aws:execute-api:us-east-1:764218738161:e54pbu86ig/*",
                            "statement_id": "AllowExecutionFromApiGateway"
                        },
                        "meta": {},
                        "tainted": false
                    },
                    "deposed": [],
                    "provider": "provider.aws"
                },
                "data.aws_caller_identity.current": {
                    "type": "aws_caller_identity",
                    "depends_on": [],
                    "primary": {
                        "id": "2018-05-17 15:39:37.417248 +0000 UTC",
                        "attributes": {
                            "account_id": "764218738161",
                            "arn": "arn:aws:sts::764218738161:assumed-role/admin/akerl",
                            "id": "2018-05-17 15:39:37.417248 +0000 UTC",
                            "user_id": "AROAJGIBWVRCR3J55QVX6:akerl"
                        },
                        "meta": {},
                        "tainted": false
                    },
                    "deposed": [],
                    "provider": "provider.aws"
                },
                "data.aws_iam_policy_document.lambda_assume": {
                    "type": "aws_iam_policy_document",
                    "depends_on": [],
                    "primary": {
                        "id": "3127519745",
                        "attributes": {
                            "id": "3127519745",
                            "json": "{\n  \"Version\": \"2012-10-17\",\n  \"Statement\": [\n    {\n      \"Sid\": \"\",\n      \"Effect\": \"Allow\",\n      \"Action\": \"sts:AssumeRole\",\n      \"Principal\": {\n        \"Service\": [\n          \"lambda.amazonaws.com\",\n          \"apigateway.amazonaws.com\"\n        ]\n      }\n    }\n  ]\n}",
                            "statement.#": "1",
                            "statement.0.actions.#": "1",
                            "statement.0.actions.2528466339": "sts:AssumeRole",
                            "statement.0.condition.#": "0",
                            "statement.0.effect": "Allow",
                            "statement.0.not_actions.#": "0",
                            "statement.0.not_principals.#": "0",
                            "statement.0.not_resources.#": "0",
                            "statement.0.principals.#": "1",
                            "statement.0.principals.1632598396.identifiers.#": "2",
                            "statement.0.principals.1632598396.identifiers.1175233861": "apigateway.amazonaws.com",
                            "statement.0.principals.1632598396.identifiers.2638019528": "lambda.amazonaws.com",
                            "statement.0.principals.1632598396.type": "Service",
                            "statement.0.resources.#": "0",
                            "statement.0.sid": ""
                        },
                        "meta": {},
                        "tainted": false
                    },
                    "deposed": [],
                    "provider": "provider.aws"
                },
                "data.aws_iam_policy_document.lambda_perms": {
                    "type": "aws_iam_policy_document",
                    "depends_on": [],
                    "primary": {
                        "id": "2492265245",
                        "attributes": {
                            "id": "2492265245",
                            "json": "{\n  \"Version\": \"2012-10-17\",\n  \"Statement\": [\n    {\n      \"Sid\": \"\",\n      \"Effect\": \"Allow\",\n      \"Action\": [\n        \"s3:ListBucket\",\n        \"s3:GetObject\"\n      ],\n      \"Resource\": [\n        \"arn:aws:s3:::akerl-dcs-library/*\",\n        \"arn:aws:s3:::akerl-dcs-library-config/*\",\n        \"arn:aws:s3:::akerl-dcs-library-config\",\n        \"arn:aws:s3:::akerl-dcs-library\"\n      ]\n    },\n    {\n      \"Sid\": \"\",\n      \"Effect\": \"Allow\",\n      \"Action\": [\n        \"logs:PutLogEvents\",\n        \"logs:CreateLogStream\",\n        \"logs:CreateLogGroup\"\n      ],\n      \"Resource\": \"arn:aws:logs:*:*:*\"\n    }\n  ]\n}",
                            "statement.#": "2",
                            "statement.0.actions.#": "2",
                            "statement.0.actions.2071725391": "s3:GetObject",
                            "statement.0.actions.486976917": "s3:ListBucket",
                            "statement.0.condition.#": "0",
                            "statement.0.effect": "Allow",
                            "statement.0.not_actions.#": "0",
                            "statement.0.not_principals.#": "0",
                            "statement.0.not_resources.#": "0",
                            "statement.0.principals.#": "0",
                            "statement.0.resources.#": "4",
                            "statement.0.resources.2145029193": "arn:aws:s3:::akerl-dcs-library/*",
                            "statement.0.resources.2830782896": "arn:aws:s3:::akerl-dcs-library-config/*",
                            "statement.0.resources.4238403927": "arn:aws:s3:::akerl-dcs-library-config",
                            "statement.0.resources.777249602": "arn:aws:s3:::akerl-dcs-library",
                            "statement.0.sid": "",
                            "statement.1.actions.#": "3",
                            "statement.1.actions.2809485102": "logs:CreateLogGroup",
                            "statement.1.actions.3285979848": "logs:CreateLogStream",
                            "statement.1.actions.39743051": "logs:PutLogEvents",
                            "statement.1.condition.#": "0",
                            "statement.1.effect": "Allow",
                            "statement.1.not_actions.#": "0",
                            "statement.1.not_principals.#": "0",
                            "statement.1.not_resources.#": "0",
                            "statement.1.principals.#": "0",
                            "statement.1.resources.#": "1",
                            "statement.1.resources.162423377": "arn:aws:logs:*:*:*",
                            "statement.1.sid": ""
                        },
                        "meta": {},
                        "tainted": false
                    },
                    "deposed": [],
                    "provider": "provider.aws"
                },
                "data.aws_region.current": {
                    "type": "aws_region",
                    "depends_on": [],
                    "primary": {
                        "id": "us-east-1",
                        "attributes": {
                            "current": "true",
                            "endpoint": "ec2.us-east-1.amazonaws.com",
                            "id": "us-east-1",
                            "name": "us-east-1"
                        },
                        "meta": {},
                        "tainted": false
                    },
                    "deposed": [],
                    "provider": "provider.aws"
                }
            },
            "depends_on": []
        },
        {
            "path": [
                "root",
                "akerl-dns",
                "a-rwx_org"
            ],
            "outputs": {
                "zone_id": {
                    "sensitive": false,
                    "type": "string",
                    "value": "Z1GSN0DUY7LO3I"
                }
            },
            "resources": {
                "aws_route53_record.caa": {
                    "type": "aws_route53_record",
                    "depends_on": [
                        "aws_route53_zone.domain"
                    ],
                    "primary": {
                        "id": "Z1GSN0DUY7LO3I_a-rwx.org_CAA",
                        "attributes": {
                            "allow_overwrite": "true",
                            "fqdn": "a-rwx.org",
                            "health_check_id": "",
                            "id": "Z1GSN0DUY7LO3I_a-rwx.org_CAA",
                            "name": "a-rwx.org",
                            "records.#": "3",
                            "records.2565321753": "0 iodef \"mailto:admin@lesaker.org\"",
                            "records.3034643430": "0 issuewild \";\"",
                            "records.3940762333": "0 issue \"amazon.com\"",
                            "set_identifier": "",
                            "ttl": "86400",
                            "type": "CAA",
                            "zone_id": "Z1GSN0DUY7LO3I"
                        },
                        "meta": {
                            "schema_version": "2"
                        },
                        "tainted": false
                    },
                    "deposed": [],
                    "provider": "provider.aws"
                },
                "aws_route53_record.mx": {
                    "type": "aws_route53_record",
                    "depends_on": [
                        "aws_route53_zone.domain"
                    ],
                    "primary": {
                        "id": "Z1GSN0DUY7LO3I_a-rwx.org_MX",
                        "attributes": {
                            "allow_overwrite": "true",
                            "fqdn": "a-rwx.org",
                            "health_check_id": "",
                            "id": "Z1GSN0DUY7LO3I_a-rwx.org_MX",
                            "name": "a-rwx.org",
                            "records.#": "5",
                            "records.2181529566": "1   aspmx.l.google.com.",
                            "records.2525408040": "5   alt2.aspmx.l.google.com.",
                            "records.3170450948": "10  aspmx3.googlemail.com.",
                            "records.3986172363": "5   alt1.aspmx.l.google.com.",
                            "records.996144455": "10  aspmx2.googlemail.com.",
                            "set_identifier": "",
                            "ttl": "86400",
                            "type": "MX",
                            "zone_id": "Z1GSN0DUY7LO3I"
                        },
                        "meta": {
                            "schema_version": "2"
                        },
                        "tainted": false
                    },
                    "deposed": [],
                    "provider": "provider.aws"
                },
                "aws_route53_record.soa": {
                    "type": "aws_route53_record",
                    "depends_on": [
                        "aws_route53_zone.domain"
                    ],
                    "primary": {
                        "id": "Z1GSN0DUY7LO3I_a-rwx.org_SOA",
                        "attributes": {
                            "allow_overwrite": "true",
                            "fqdn": "a-rwx.org",
                            "health_check_id": "",
                            "id": "Z1GSN0DUY7LO3I_a-rwx.org_SOA",
                            "name": "a-rwx.org",
                            "records.#": "1",
                            "records.79063542": "ns-1242.awsdns-27.org. admin.lesaker.org. 1 7200 900 1209600 3600",
                            "set_identifier": "",
                            "ttl": "86400",
                            "type": "SOA",
                            "zone_id": "Z1GSN0DUY7LO3I"
                        },
                        "meta": {
                            "schema_version": "2"
                        },
                        "tainted": false
                    },
                    "deposed": [],
                    "provider": "provider.aws"
                },
                "aws_route53_record.spf": {
                    "type": "aws_route53_record",
                    "depends_on": [
                        "aws_route53_zone.domain"
                    ],
                    "primary": {
                        "id": "Z1GSN0DUY7LO3I_a-rwx.org_SPF",
                        "attributes": {
                            "allow_overwrite": "true",
                            "fqdn": "a-rwx.org",
                            "health_check_id": "",
                            "id": "Z1GSN0DUY7LO3I_a-rwx.org_SPF",
                            "name": "a-rwx.org",
                            "records.#": "1",
                            "records.3572300059": "v=spf1 a include:_spf.google.com ~all",
                            "set_identifier": "",
                            "ttl": "86400",
                            "type": "SPF",
                            "zone_id": "Z1GSN0DUY7LO3I"
                        },
                        "meta": {
                            "schema_version": "2"
                        },
                        "tainted": false
                    },
                    "deposed": [],
                    "provider": "provider.aws"
                },
                "aws_route53_record.txt": {
                    "type": "aws_route53_record",
                    "depends_on": [
                        "aws_route53_zone.domain"
                    ],
                    "primary": {
                        "id": "Z1GSN0DUY7LO3I_a-rwx.org_TXT",
                        "attributes": {
                            "allow_overwrite": "true",
                            "fqdn": "a-rwx.org",
                            "health_check_id": "",
                            "id": "Z1GSN0DUY7LO3I_a-rwx.org_TXT",
                            "name": "a-rwx.org",
                            "records.#": "1",
                            "records.3572300059": "v=spf1 a include:_spf.google.com ~all",
                            "set_identifier": "",
                            "ttl": "86400",
                            "type": "TXT",
                            "zone_id": "Z1GSN0DUY7LO3I"
                        },
                        "meta": {
                            "schema_version": "2"
                        },
                        "tainted": false
                    },
                    "deposed": [],
                    "provider": "provider.aws"
                },
                "aws_route53_zone.domain": {
                    "type": "aws_route53_zone",
                    "depends_on": [],
                    "primary": {
                        "id": "Z1GSN0DUY7LO3I",
                        "attributes": {
                            "comment": "Managed by Terraform",
                            "delegation_set_id": "N3C8AV2DA0N4N9",
                            "force_destroy": "false",
                            "id": "Z1GSN0DUY7LO3I",
                            "name": "a-rwx.org",
                            "name_servers.#": "4",
                            "name_servers.0": "ns-1242.awsdns-27.org",
                            "name_servers.1": "ns-1942.awsdns-50.co.uk",
                            "name_servers.2": "ns-477.awsdns-59.com",
                            "name_servers.3": "ns-808.awsdns-37.net",
                            "tags.%": "0",
                            "zone_id": "Z1GSN0DUY7LO3I"
                        },
                        "meta": {},
                        "tainted": false
                    },
                    "deposed": [],
                    "provider": "provider.aws"
                }
            },
            "depends_on": []
        },
        {
            "path": [
                "root",
                "akerl-dns",
                "akerl_com"
            ],
            "outputs": {
                "zone_id": {
                    "sensitive": false,
                    "type": "string",
                    "value": "Z1EXF3DHNCLVFG"
                }
            },
            "resources": {
                "aws_route53_record.caa": {
                    "type": "aws_route53_record",
                    "depends_on": [
                        "aws_route53_zone.domain"
                    ],
                    "primary": {
                        "id": "Z1EXF3DHNCLVFG_akerl.com_CAA",
                        "attributes": {
                            "allow_overwrite": "true",
                            "fqdn": "akerl.com",
                            "health_check_id": "",
                            "id": "Z1EXF3DHNCLVFG_akerl.com_CAA",
                            "name": "akerl.com",
                            "records.#": "3",
                            "records.2565321753": "0 iodef \"mailto:admin@lesaker.org\"",
                            "records.3034643430": "0 issuewild \";\"",
                            "records.3940762333": "0 issue \"amazon.com\"",
                            "set_identifier": "",
                            "ttl": "86400",
                            "type": "CAA",
                            "zone_id": "Z1EXF3DHNCLVFG"
                        },
                        "meta": {
                            "schema_version": "2"
                        },
                        "tainted": false
                    },
                    "deposed": [],
                    "provider": "provider.aws"
                },
                "aws_route53_record.mx": {
                    "type": "aws_route53_record",
                    "depends_on": [
                        "aws_route53_zone.domain"
                    ],
                    "primary": {
                        "id": "Z1EXF3DHNCLVFG_akerl.com_MX",
                        "attributes": {
                            "allow_overwrite": "true",
                            "fqdn": "akerl.com",
                            "health_check_id": "",
                            "id": "Z1EXF3DHNCLVFG_akerl.com_MX",
                            "name": "akerl.com",
                            "records.#": "5",
                            "records.2181529566": "1   aspmx.l.google.com.",
                            "records.2525408040": "5   alt2.aspmx.l.google.com.",
                            "records.3170450948": "10  aspmx3.googlemail.com.",
                            "records.3986172363": "5   alt1.aspmx.l.google.com.",
                            "records.996144455": "10  aspmx2.googlemail.com.",
                            "set_identifier": "",
                            "ttl": "86400",
                            "type": "MX",
                            "zone_id": "Z1EXF3DHNCLVFG"
                        },
                        "meta": {
                            "schema_version": "2"
                        },
                        "tainted": false
                    },
                    "deposed": [],
                    "provider": "provider.aws"
                },
                "aws_route53_record.soa": {
                    "type": "aws_route53_record",
                    "depends_on": [
                        "aws_route53_zone.domain"
                    ],
                    "primary": {
                        "id": "Z1EXF3DHNCLVFG_akerl.com_SOA",
                        "attributes": {
                            "allow_overwrite": "true",
                            "fqdn": "akerl.com",
                            "health_check_id": "",
                            "id": "Z1EXF3DHNCLVFG_akerl.com_SOA",
                            "name": "akerl.com",
                            "records.#": "1",
                            "records.79063542": "ns-1242.awsdns-27.org. admin.lesaker.org. 1 7200 900 1209600 3600",
                            "set_identifier": "",
                            "ttl": "86400",
                            "type": "SOA",
                            "zone_id": "Z1EXF3DHNCLVFG"
                        },
                        "meta": {
                            "schema_version": "2"
                        },
                        "tainted": false
                    },
                    "deposed": [],
                    "provider": "provider.aws"
                },
                "aws_route53_record.spf": {
                    "type": "aws_route53_record",
                    "depends_on": [
                        "aws_route53_zone.domain"
                    ],
                    "primary": {
                        "id": "Z1EXF3DHNCLVFG_akerl.com_SPF",
                        "attributes": {
                            "allow_overwrite": "true",
                            "fqdn": "akerl.com",
                            "health_check_id": "",
                            "id": "Z1EXF3DHNCLVFG_akerl.com_SPF",
                            "name": "akerl.com",
                            "records.#": "1",
                            "records.3572300059": "v=spf1 a include:_spf.google.com ~all",
                            "set_identifier": "",
                            "ttl": "86400",
                            "type": "SPF",
                            "zone_id": "Z1EXF3DHNCLVFG"
                        },
                        "meta": {
                            "schema_version": "2"
                        },
                        "tainted": false
                    },
                    "deposed": [],
                    "provider": "provider.aws"
                },
                "aws_route53_record.txt": {
                    "type": "aws_route53_record",
                    "depends_on": [
                        "aws_route53_zone.domain"
                    ],
                    "primary": {
                        "id": "Z1EXF3DHNCLVFG_akerl.com_TXT",
                        "attributes": {
                            "allow_overwrite": "true",
                            "fqdn": "akerl.com",
                            "health_check_id": "",
                            "id": "Z1EXF3DHNCLVFG_akerl.com_TXT",
                            "name": "akerl.com",
                            "records.#": "1",
                            "records.3572300059": "v=spf1 a include:_spf.google.com ~all",
                            "set_identifier": "",
                            "ttl": "86400",
                            "type": "TXT",
                            "zone_id": "Z1EXF3DHNCLVFG"
                        },
                        "meta": {
                            "schema_version": "2"
                        },
                        "tainted": false
                    },
                    "deposed": [],
                    "provider": "provider.aws"
                },
                "aws_route53_zone.domain": {
                    "type": "aws_route53_zone",
                    "depends_on": [],
                    "primary": {
                        "id": "Z1EXF3DHNCLVFG",
                        "attributes": {
                            "comment": "Managed by Terraform",
                            "delegation_set_id": "N3C8AV2DA0N4N9",
                            "force_destroy": "false",
                            "id": "Z1EXF3DHNCLVFG",
                            "name": "akerl.com",
                            "name_servers.#": "4",
                            "name_servers.0": "ns-1242.awsdns-27.org",
                            "name_servers.1": "ns-1942.awsdns-50.co.uk",
                            "name_servers.2": "ns-477.awsdns-59.com",
                            "name_servers.3": "ns-808.awsdns-37.net",
                            "tags.%": "0",
                            "zone_id": "Z1EXF3DHNCLVFG"
                        },
                        "meta": {},
                        "tainted": false
                    },
                    "deposed": [],
                    "provider": "provider.aws"
                }
            },
            "depends_on": []
        },
        {
            "path": [
                "root",
                "akerl-dns",
                "akerl_org"
            ],
            "outputs": {
                "zone_id": {
                    "sensitive": false,
                    "type": "string",
                    "value": "Z1GXO6WRJN3B5T"
                }
            },
            "resources": {
                "aws_route53_record.caa": {
                    "type": "aws_route53_record",
                    "depends_on": [
                        "aws_route53_zone.domain"
                    ],
                    "primary": {
                        "id": "Z1GXO6WRJN3B5T_akerl.org_CAA",
                        "attributes": {
                            "allow_overwrite": "true",
                            "fqdn": "akerl.org",
                            "health_check_id": "",
                            "id": "Z1GXO6WRJN3B5T_akerl.org_CAA",
                            "name": "akerl.org",
                            "records.#": "3",
                            "records.2565321753": "0 iodef \"mailto:admin@lesaker.org\"",
                            "records.3034643430": "0 issuewild \";\"",
                            "records.3940762333": "0 issue \"amazon.com\"",
                            "set_identifier": "",
                            "ttl": "86400",
                            "type": "CAA",
                            "zone_id": "Z1GXO6WRJN3B5T"
                        },
                        "meta": {
                            "schema_version": "2"
                        },
                        "tainted": false
                    },
                    "deposed": [],
                    "provider": "provider.aws"
                },
                "aws_route53_record.mx": {
                    "type": "aws_route53_record",
                    "depends_on": [
                        "aws_route53_zone.domain"
                    ],
                    "primary": {
                        "id": "Z1GXO6WRJN3B5T_akerl.org_MX",
                        "attributes": {
                            "allow_overwrite": "true",
                            "fqdn": "akerl.org",
                            "health_check_id": "",
                            "id": "Z1GXO6WRJN3B5T_akerl.org_MX",
                            "name": "akerl.org",
                            "records.#": "5",
                            "records.2181529566": "1   aspmx.l.google.com.",
                            "records.2525408040": "5   alt2.aspmx.l.google.com.",
                            "records.3170450948": "10  aspmx3.googlemail.com.",
                            "records.3986172363": "5   alt1.aspmx.l.google.com.",
                            "records.996144455": "10  aspmx2.googlemail.com.",
                            "set_identifier": "",
                            "ttl": "86400",
                            "type": "MX",
                            "zone_id": "Z1GXO6WRJN3B5T"
                        },
                        "meta": {
                            "schema_version": "2"
                        },
                        "tainted": false
                    },
                    "deposed": [],
                    "provider": "provider.aws"
                },
                "aws_route53_record.soa": {
                    "type": "aws_route53_record",
                    "depends_on": [
                        "aws_route53_zone.domain"
                    ],
                    "primary": {
                        "id": "Z1GXO6WRJN3B5T_akerl.org_SOA",
                        "attributes": {
                            "allow_overwrite": "true",
                            "fqdn": "akerl.org",
                            "health_check_id": "",
                            "id": "Z1GXO6WRJN3B5T_akerl.org_SOA",
                            "name": "akerl.org",
                            "records.#": "1",
                            "records.79063542": "ns-1242.awsdns-27.org. admin.lesaker.org. 1 7200 900 1209600 3600",
                            "set_identifier": "",
                            "ttl": "86400",
                            "type": "SOA",
                            "zone_id": "Z1GXO6WRJN3B5T"
                        },
                        "meta": {
                            "schema_version": "2"
                        },
                        "tainted": false
                    },
                    "deposed": [],
                    "provider": "provider.aws"
                },
                "aws_route53_record.spf": {
                    "type": "aws_route53_record",
                    "depends_on": [
                        "aws_route53_zone.domain"
                    ],
                    "primary": {
                        "id": "Z1GXO6WRJN3B5T_akerl.org_SPF",
                        "attributes": {
                            "allow_overwrite": "true",
                            "fqdn": "akerl.org",
                            "health_check_id": "",
                            "id": "Z1GXO6WRJN3B5T_akerl.org_SPF",
                            "name": "akerl.org",
                            "records.#": "1",
                            "records.3572300059": "v=spf1 a include:_spf.google.com ~all",
                            "set_identifier": "",
                            "ttl": "86400",
                            "type": "SPF",
                            "zone_id": "Z1GXO6WRJN3B5T"
                        },
                        "meta": {
                            "schema_version": "2"
                        },
                        "tainted": false
                    },
                    "deposed": [],
                    "provider": "provider.aws"
                },
                "aws_route53_record.txt": {
                    "type": "aws_route53_record",
                    "depends_on": [
                        "aws_route53_zone.domain"
                    ],
                    "primary": {
                        "id": "Z1GXO6WRJN3B5T_akerl.org_TXT",
                        "attributes": {
                            "allow_overwrite": "true",
                            "fqdn": "akerl.org",
                            "health_check_id": "",
                            "id": "Z1GXO6WRJN3B5T_akerl.org_TXT",
                            "name": "akerl.org",
                            "records.#": "1",
                            "records.3572300059": "v=spf1 a include:_spf.google.com ~all",
                            "set_identifier": "",
                            "ttl": "86400",
                            "type": "TXT",
                            "zone_id": "Z1GXO6WRJN3B5T"
                        },
                        "meta": {
                            "schema_version": "2"
                        },
                        "tainted": false
                    },
                    "deposed": [],
                    "provider": "provider.aws"
                },
                "aws_route53_zone.domain": {
                    "type": "aws_route53_zone",
                    "depends_on": [],
                    "primary": {
                        "id": "Z1GXO6WRJN3B5T",
                        "attributes": {
                            "comment": "Managed by Terraform",
                            "delegation_set_id": "N3C8AV2DA0N4N9",
                            "force_destroy": "false",
                            "id": "Z1GXO6WRJN3B5T",
                            "name": "akerl.org",
                            "name_servers.#": "4",
                            "name_servers.0": "ns-1242.awsdns-27.org",
                            "name_servers.1": "ns-1942.awsdns-50.co.uk",
                            "name_servers.2": "ns-477.awsdns-59.com",
                            "name_servers.3": "ns-808.awsdns-37.net",
                            "tags.%": "0",
                            "zone_id": "Z1GXO6WRJN3B5T"
                        },
                        "meta": {},
                        "tainted": false
                    },
                    "deposed": [],
                    "provider": "provider.aws"
                }
            },
            "depends_on": []
        },
        {
            "path": [
                "root",
                "akerl-dns",
                "coolquotes_xyz"
            ],
            "outputs": {
                "zone_id": {
                    "sensitive": false,
                    "type": "string",
                    "value": "Z8OAL9XXAA49Z"
                }
            },
            "resources": {
                "aws_route53_record.caa": {
                    "type": "aws_route53_record",
                    "depends_on": [
                        "aws_route53_zone.domain"
                    ],
                    "primary": {
                        "id": "Z8OAL9XXAA49Z_coolquotes.xyz_CAA",
                        "attributes": {
                            "allow_overwrite": "true",
                            "fqdn": "coolquotes.xyz",
                            "health_check_id": "",
                            "id": "Z8OAL9XXAA49Z_coolquotes.xyz_CAA",
                            "name": "coolquotes.xyz",
                            "records.#": "3",
                            "records.2565321753": "0 iodef \"mailto:admin@lesaker.org\"",
                            "records.3034643430": "0 issuewild \";\"",
                            "records.3940762333": "0 issue \"amazon.com\"",
                            "set_identifier": "",
                            "ttl": "86400",
                            "type": "CAA",
                            "zone_id": "Z8OAL9XXAA49Z"
                        },
                        "meta": {
                            "schema_version": "2"
                        },
                        "tainted": false
                    },
                    "deposed": [],
                    "provider": "provider.aws"
                },
                "aws_route53_record.mx": {
                    "type": "aws_route53_record",
                    "depends_on": [
                        "aws_route53_zone.domain"
                    ],
                    "primary": {
                        "id": "Z8OAL9XXAA49Z_coolquotes.xyz_MX",
                        "attributes": {
                            "allow_overwrite": "true",
                            "fqdn": "coolquotes.xyz",
                            "health_check_id": "",
                            "id": "Z8OAL9XXAA49Z_coolquotes.xyz_MX",
                            "name": "coolquotes.xyz",
                            "records.#": "5",
                            "records.2181529566": "1   aspmx.l.google.com.",
                            "records.2525408040": "5   alt2.aspmx.l.google.com.",
                            "records.3170450948": "10  aspmx3.googlemail.com.",
                            "records.3986172363": "5   alt1.aspmx.l.google.com.",
                            "records.996144455": "10  aspmx2.googlemail.com.",
                            "set_identifier": "",
                            "ttl": "86400",
                            "type": "MX",
                            "zone_id": "Z8OAL9XXAA49Z"
                        },
                        "meta": {
                            "schema_version": "2"
                        },
                        "tainted": false
                    },
                    "deposed": [],
                    "provider": "provider.aws"
                },
                "aws_route53_record.soa": {
                    "type": "aws_route53_record",
                    "depends_on": [
                        "aws_route53_zone.domain"
                    ],
                    "primary": {
                        "id": "Z8OAL9XXAA49Z_coolquotes.xyz_SOA",
                        "attributes": {
                            "allow_overwrite": "true",
                            "fqdn": "coolquotes.xyz",
                            "health_check_id": "",
                            "id": "Z8OAL9XXAA49Z_coolquotes.xyz_SOA",
                            "name": "coolquotes.xyz",
                            "records.#": "1",
                            "records.79063542": "ns-1242.awsdns-27.org. admin.lesaker.org. 1 7200 900 1209600 3600",
                            "set_identifier": "",
                            "ttl": "86400",
                            "type": "SOA",
                            "zone_id": "Z8OAL9XXAA49Z"
                        },
                        "meta": {
                            "schema_version": "2"
                        },
                        "tainted": false
                    },
                    "deposed": [],
                    "provider": "provider.aws"
                },
                "aws_route53_record.spf": {
                    "type": "aws_route53_record",
                    "depends_on": [
                        "aws_route53_zone.domain"
                    ],
                    "primary": {
                        "id": "Z8OAL9XXAA49Z_coolquotes.xyz_SPF",
                        "attributes": {
                            "allow_overwrite": "true",
                            "fqdn": "coolquotes.xyz",
                            "health_check_id": "",
                            "id": "Z8OAL9XXAA49Z_coolquotes.xyz_SPF",
                            "name": "coolquotes.xyz",
                            "records.#": "1",
                            "records.3572300059": "v=spf1 a include:_spf.google.com ~all",
                            "set_identifier": "",
                            "ttl": "86400",
                            "type": "SPF",
                            "zone_id": "Z8OAL9XXAA49Z"
                        },
                        "meta": {
                            "schema_version": "2"
                        },
                        "tainted": false
                    },
                    "deposed": [],
                    "provider": "provider.aws"
                },
                "aws_route53_record.txt": {
                    "type": "aws_route53_record",
                    "depends_on": [
                        "aws_route53_zone.domain"
                    ],
                    "primary": {
                        "id": "Z8OAL9XXAA49Z_coolquotes.xyz_TXT",
                        "attributes": {
                            "allow_overwrite": "true",
                            "fqdn": "coolquotes.xyz",
                            "health_check_id": "",
                            "id": "Z8OAL9XXAA49Z_coolquotes.xyz_TXT",
                            "name": "coolquotes.xyz",
                            "records.#": "1",
                            "records.3572300059": "v=spf1 a include:_spf.google.com ~all",
                            "set_identifier": "",
                            "ttl": "86400",
                            "type": "TXT",
                            "zone_id": "Z8OAL9XXAA49Z"
                        },
                        "meta": {
                            "schema_version": "2"
                        },
                        "tainted": false
                    },
                    "deposed": [],
                    "provider": "provider.aws"
                },
                "aws_route53_zone.domain": {
                    "type": "aws_route53_zone",
                    "depends_on": [],
                    "primary": {
                        "id": "Z8OAL9XXAA49Z",
                        "attributes": {
                            "comment": "Managed by Terraform",
                            "delegation_set_id": "N3C8AV2DA0N4N9",
                            "force_destroy": "false",
                            "id": "Z8OAL9XXAA49Z",
                            "name": "coolquotes.xyz",
                            "name_servers.#": "4",
                            "name_servers.0": "ns-1242.awsdns-27.org",
                            "name_servers.1": "ns-1942.awsdns-50.co.uk",
                            "name_servers.2": "ns-477.awsdns-59.com",
                            "name_servers.3": "ns-808.awsdns-37.net",
                            "tags.%": "0",
                            "zone_id": "Z8OAL9XXAA49Z"
                        },
                        "meta": {},
                        "tainted": false
                    },
                    "deposed": [],
                    "provider": "provider.aws"
                }
            },
            "depends_on": []
        },
        {
            "path": [
                "root",
                "akerl-dns",
                "happilyeveraker_com"
            ],
            "outputs": {
                "zone_id": {
                    "sensitive": false,
                    "type": "string",
                    "value": "Z2ZXZ7VFSXR5E7"
                }
            },
            "resources": {
                "aws_route53_record.caa": {
                    "type": "aws_route53_record",
                    "depends_on": [
                        "aws_route53_zone.domain"
                    ],
                    "primary": {
                        "id": "Z2ZXZ7VFSXR5E7_happilyeveraker.com_CAA",
                        "attributes": {
                            "allow_overwrite": "true",
                            "fqdn": "happilyeveraker.com",
                            "health_check_id": "",
                            "id": "Z2ZXZ7VFSXR5E7_happilyeveraker.com_CAA",
                            "name": "happilyeveraker.com",
                            "records.#": "3",
                            "records.2565321753": "0 iodef \"mailto:admin@lesaker.org\"",
                            "records.3034643430": "0 issuewild \";\"",
                            "records.3940762333": "0 issue \"amazon.com\"",
                            "set_identifier": "",
                            "ttl": "86400",
                            "type": "CAA",
                            "zone_id": "Z2ZXZ7VFSXR5E7"
                        },
                        "meta": {
                            "schema_version": "2"
                        },
                        "tainted": false
                    },
                    "deposed": [],
                    "provider": "provider.aws"
                },
                "aws_route53_record.mx": {
                    "type": "aws_route53_record",
                    "depends_on": [
                        "aws_route53_zone.domain"
                    ],
                    "primary": {
                        "id": "Z2ZXZ7VFSXR5E7_happilyeveraker.com_MX",
                        "attributes": {
                            "allow_overwrite": "true",
                            "fqdn": "happilyeveraker.com",
                            "health_check_id": "",
                            "id": "Z2ZXZ7VFSXR5E7_happilyeveraker.com_MX",
                            "name": "happilyeveraker.com",
                            "records.#": "5",
                            "records.2181529566": "1   aspmx.l.google.com.",
                            "records.2525408040": "5   alt2.aspmx.l.google.com.",
                            "records.3170450948": "10  aspmx3.googlemail.com.",
                            "records.3986172363": "5   alt1.aspmx.l.google.com.",
                            "records.996144455": "10  aspmx2.googlemail.com.",
                            "set_identifier": "",
                            "ttl": "86400",
                            "type": "MX",
                            "zone_id": "Z2ZXZ7VFSXR5E7"
                        },
                        "meta": {
                            "schema_version": "2"
                        },
                        "tainted": false
                    },
                    "deposed": [],
                    "provider": "provider.aws"
                },
                "aws_route53_record.soa": {
                    "type": "aws_route53_record",
                    "depends_on": [
                        "aws_route53_zone.domain"
                    ],
                    "primary": {
                        "id": "Z2ZXZ7VFSXR5E7_happilyeveraker.com_SOA",
                        "attributes": {
                            "allow_overwrite": "true",
                            "fqdn": "happilyeveraker.com",
                            "health_check_id": "",
                            "id": "Z2ZXZ7VFSXR5E7_happilyeveraker.com_SOA",
                            "name": "happilyeveraker.com",
                            "records.#": "1",
                            "records.79063542": "ns-1242.awsdns-27.org. admin.lesaker.org. 1 7200 900 1209600 3600",
                            "set_identifier": "",
                            "ttl": "86400",
                            "type": "SOA",
                            "zone_id": "Z2ZXZ7VFSXR5E7"
                        },
                        "meta": {
                            "schema_version": "2"
                        },
                        "tainted": false
                    },
                    "deposed": [],
                    "provider": "provider.aws"
                },
                "aws_route53_record.spf": {
                    "type": "aws_route53_record",
                    "depends_on": [
                        "aws_route53_zone.domain"
                    ],
                    "primary": {
                        "id": "Z2ZXZ7VFSXR5E7_happilyeveraker.com_SPF",
                        "attributes": {
                            "allow_overwrite": "true",
                            "fqdn": "happilyeveraker.com",
                            "health_check_id": "",
                            "id": "Z2ZXZ7VFSXR5E7_happilyeveraker.com_SPF",
                            "name": "happilyeveraker.com",
                            "records.#": "1",
                            "records.3572300059": "v=spf1 a include:_spf.google.com ~all",
                            "set_identifier": "",
                            "ttl": "86400",
                            "type": "SPF",
                            "zone_id": "Z2ZXZ7VFSXR5E7"
                        },
                        "meta": {
                            "schema_version": "2"
                        },
                        "tainted": false
                    },
                    "deposed": [],
                    "provider": "provider.aws"
                },
                "aws_route53_record.txt": {
                    "type": "aws_route53_record",
                    "depends_on": [
                        "aws_route53_zone.domain"
                    ],
                    "primary": {
                        "id": "Z2ZXZ7VFSXR5E7_happilyeveraker.com_TXT",
                        "attributes": {
                            "allow_overwrite": "true",
                            "fqdn": "happilyeveraker.com",
                            "health_check_id": "",
                            "id": "Z2ZXZ7VFSXR5E7_happilyeveraker.com_TXT",
                            "name": "happilyeveraker.com",
                            "records.#": "1",
                            "records.3572300059": "v=spf1 a include:_spf.google.com ~all",
                            "set_identifier": "",
                            "ttl": "86400",
                            "type": "TXT",
                            "zone_id": "Z2ZXZ7VFSXR5E7"
                        },
                        "meta": {
                            "schema_version": "2"
                        },
                        "tainted": false
                    },
                    "deposed": [],
                    "provider": "provider.aws"
                },
                "aws_route53_zone.domain": {
                    "type": "aws_route53_zone",
                    "depends_on": [],
                    "primary": {
                        "id": "Z2ZXZ7VFSXR5E7",
                        "attributes": {
                            "comment": "Managed by Terraform",
                            "delegation_set_id": "N3C8AV2DA0N4N9",
                            "force_destroy": "false",
                            "id": "Z2ZXZ7VFSXR5E7",
                            "name": "happilyeveraker.com",
                            "name_servers.#": "4",
                            "name_servers.0": "ns-1242.awsdns-27.org",
                            "name_servers.1": "ns-1942.awsdns-50.co.uk",
                            "name_servers.2": "ns-477.awsdns-59.com",
                            "name_servers.3": "ns-808.awsdns-37.net",
                            "tags.%": "0",
                            "zone_id": "Z2ZXZ7VFSXR5E7"
                        },
                        "meta": {},
                        "tainted": false
                    },
                    "deposed": [],
                    "provider": "provider.aws"
                }
            },
            "depends_on": []
        },
        {
            "path": [
                "root",
                "akerl-dns",
                "id-ed25519_pub"
            ],
            "outputs": {
                "zone_id": {
                    "sensitive": false,
                    "type": "string",
                    "value": "Z23K6MA9HYNB2L"
                }
            },
            "resources": {
                "aws_route53_record.caa": {
                    "type": "aws_route53_record",
                    "depends_on": [
                        "aws_route53_zone.domain"
                    ],
                    "primary": {
                        "id": "Z23K6MA9HYNB2L_id-ed25519.pub_CAA",
                        "attributes": {
                            "allow_overwrite": "true",
                            "fqdn": "id-ed25519.pub",
                            "health_check_id": "",
                            "id": "Z23K6MA9HYNB2L_id-ed25519.pub_CAA",
                            "name": "id-ed25519.pub",
                            "records.#": "3",
                            "records.2565321753": "0 iodef \"mailto:admin@lesaker.org\"",
                            "records.3034643430": "0 issuewild \";\"",
                            "records.3940762333": "0 issue \"amazon.com\"",
                            "set_identifier": "",
                            "ttl": "86400",
                            "type": "CAA",
                            "zone_id": "Z23K6MA9HYNB2L"
                        },
                        "meta": {
                            "schema_version": "2"
                        },
                        "tainted": false
                    },
                    "deposed": [],
                    "provider": "provider.aws"
                },
                "aws_route53_record.mx": {
                    "type": "aws_route53_record",
                    "depends_on": [
                        "aws_route53_zone.domain"
                    ],
                    "primary": {
                        "id": "Z23K6MA9HYNB2L_id-ed25519.pub_MX",
                        "attributes": {
                            "allow_overwrite": "true",
                            "fqdn": "id-ed25519.pub",
                            "health_check_id": "",
                            "id": "Z23K6MA9HYNB2L_id-ed25519.pub_MX",
                            "name": "id-ed25519.pub",
                            "records.#": "5",
                            "records.2181529566": "1   aspmx.l.google.com.",
                            "records.2525408040": "5   alt2.aspmx.l.google.com.",
                            "records.3170450948": "10  aspmx3.googlemail.com.",
                            "records.3986172363": "5   alt1.aspmx.l.google.com.",
                            "records.996144455": "10  aspmx2.googlemail.com.",
                            "set_identifier": "",
                            "ttl": "86400",
                            "type": "MX",
                            "zone_id": "Z23K6MA9HYNB2L"
                        },
                        "meta": {
                            "schema_version": "2"
                        },
                        "tainted": false
                    },
                    "deposed": [],
                    "provider": "provider.aws"
                },
                "aws_route53_record.soa": {
                    "type": "aws_route53_record",
                    "depends_on": [
                        "aws_route53_zone.domain"
                    ],
                    "primary": {
                        "id": "Z23K6MA9HYNB2L_id-ed25519.pub_SOA",
                        "attributes": {
                            "allow_overwrite": "true",
                            "fqdn": "id-ed25519.pub",
                            "health_check_id": "",
                            "id": "Z23K6MA9HYNB2L_id-ed25519.pub_SOA",
                            "name": "id-ed25519.pub",
                            "records.#": "1",
                            "records.79063542": "ns-1242.awsdns-27.org. admin.lesaker.org. 1 7200 900 1209600 3600",
                            "set_identifier": "",
                            "ttl": "86400",
                            "type": "SOA",
                            "zone_id": "Z23K6MA9HYNB2L"
                        },
                        "meta": {
                            "schema_version": "2"
                        },
                        "tainted": false
                    },
                    "deposed": [],
                    "provider": "provider.aws"
                },
                "aws_route53_record.spf": {
                    "type": "aws_route53_record",
                    "depends_on": [
                        "aws_route53_zone.domain"
                    ],
                    "primary": {
                        "id": "Z23K6MA9HYNB2L_id-ed25519.pub_SPF",
                        "attributes": {
                            "allow_overwrite": "true",
                            "fqdn": "id-ed25519.pub",
                            "health_check_id": "",
                            "id": "Z23K6MA9HYNB2L_id-ed25519.pub_SPF",
                            "name": "id-ed25519.pub",
                            "records.#": "1",
                            "records.3572300059": "v=spf1 a include:_spf.google.com ~all",
                            "set_identifier": "",
                            "ttl": "86400",
                            "type": "SPF",
                            "zone_id": "Z23K6MA9HYNB2L"
                        },
                        "meta": {
                            "schema_version": "2"
                        },
                        "tainted": false
                    },
                    "deposed": [],
                    "provider": "provider.aws"
                },
                "aws_route53_record.txt": {
                    "type": "aws_route53_record",
                    "depends_on": [
                        "aws_route53_zone.domain"
                    ],
                    "primary": {
                        "id": "Z23K6MA9HYNB2L_id-ed25519.pub_TXT",
                        "attributes": {
                            "allow_overwrite": "true",
                            "fqdn": "id-ed25519.pub",
                            "health_check_id": "",
                            "id": "Z23K6MA9HYNB2L_id-ed25519.pub_TXT",
                            "name": "id-ed25519.pub",
                            "records.#": "1",
                            "records.3572300059": "v=spf1 a include:_spf.google.com ~all",
                            "set_identifier": "",
                            "ttl": "86400",
                            "type": "TXT",
                            "zone_id": "Z23K6MA9HYNB2L"
                        },
                        "meta": {
                            "schema_version": "2"
                        },
                        "tainted": false
                    },
                    "deposed": [],
                    "provider": "provider.aws"
                },
                "aws_route53_zone.domain": {
                    "type": "aws_route53_zone",
                    "depends_on": [],
                    "primary": {
                        "id": "Z23K6MA9HYNB2L",
                        "attributes": {
                            "comment": "Managed by Terraform",
                            "delegation_set_id": "N3C8AV2DA0N4N9",
                            "force_destroy": "false",
                            "id": "Z23K6MA9HYNB2L",
                            "name": "id-ed25519.pub",
                            "name_servers.#": "4",
                            "name_servers.0": "ns-1242.awsdns-27.org",
                            "name_servers.1": "ns-1942.awsdns-50.co.uk",
                            "name_servers.2": "ns-477.awsdns-59.com",
                            "name_servers.3": "ns-808.awsdns-37.net",
                            "tags.%": "0",
                            "zone_id": "Z23K6MA9HYNB2L"
                        },
                        "meta": {},
                        "tainted": false
                    },
                    "deposed": [],
                    "provider": "provider.aws"
                }
            },
            "depends_on": []
        },
        {
            "path": [
                "root",
                "akerl-dns",
                "kellywatts_com"
            ],
            "outputs": {
                "zone_id": {
                    "sensitive": false,
                    "type": "string",
                    "value": "Z42GR4540YNA5"
                }
            },
            "resources": {
                "aws_route53_record.mx": {
                    "type": "aws_route53_record",
                    "depends_on": [
                        "aws_route53_zone.domain"
                    ],
                    "primary": {
                        "id": "Z42GR4540YNA5_kellywatts.com_MX",
                        "attributes": {
                            "allow_overwrite": "true",
                            "fqdn": "kellywatts.com",
                            "health_check_id": "",
                            "id": "Z42GR4540YNA5_kellywatts.com_MX",
                            "name": "kellywatts.com",
                            "records.#": "5",
                            "records.2181529566": "1   aspmx.l.google.com.",
                            "records.2525408040": "5   alt2.aspmx.l.google.com.",
                            "records.3170450948": "10  aspmx3.googlemail.com.",
                            "records.3986172363": "5   alt1.aspmx.l.google.com.",
                            "records.996144455": "10  aspmx2.googlemail.com.",
                            "set_identifier": "",
                            "ttl": "86400",
                            "type": "MX",
                            "zone_id": "Z42GR4540YNA5"
                        },
                        "meta": {
                            "schema_version": "2"
                        },
                        "tainted": false
                    },
                    "deposed": [],
                    "provider": "provider.aws"
                },
                "aws_route53_record.soa": {
                    "type": "aws_route53_record",
                    "depends_on": [
                        "aws_route53_zone.domain"
                    ],
                    "primary": {
                        "id": "Z42GR4540YNA5_kellywatts.com_SOA",
                        "attributes": {
                            "allow_overwrite": "true",
                            "fqdn": "kellywatts.com",
                            "health_check_id": "",
                            "id": "Z42GR4540YNA5_kellywatts.com_SOA",
                            "name": "kellywatts.com",
                            "records.#": "1",
                            "records.79063542": "ns-1242.awsdns-27.org. admin.lesaker.org. 1 7200 900 1209600 3600",
                            "set_identifier": "",
                            "ttl": "86400",
                            "type": "SOA",
                            "zone_id": "Z42GR4540YNA5"
                        },
                        "meta": {
                            "schema_version": "2"
                        },
                        "tainted": false
                    },
                    "deposed": [],
                    "provider": "provider.aws"
                },
                "aws_route53_record.spf": {
                    "type": "aws_route53_record",
                    "depends_on": [
                        "aws_route53_zone.domain"
                    ],
                    "primary": {
                        "id": "Z42GR4540YNA5_kellywatts.com_SPF",
                        "attributes": {
                            "allow_overwrite": "true",
                            "fqdn": "kellywatts.com",
                            "health_check_id": "",
                            "id": "Z42GR4540YNA5_kellywatts.com_SPF",
                            "name": "kellywatts.com",
                            "records.#": "1",
                            "records.3572300059": "v=spf1 a include:_spf.google.com ~all",
                            "set_identifier": "",
                            "ttl": "86400",
                            "type": "SPF",
                            "zone_id": "Z42GR4540YNA5"
                        },
                        "meta": {
                            "schema_version": "2"
                        },
                        "tainted": false
                    },
                    "deposed": [],
                    "provider": "provider.aws"
                },
                "aws_route53_record.txt": {
                    "type": "aws_route53_record",
                    "depends_on": [
                        "aws_route53_zone.domain"
                    ],
                    "primary": {
                        "id": "Z42GR4540YNA5_kellywatts.com_TXT",
                        "attributes": {
                            "allow_overwrite": "true",
                            "fqdn": "kellywatts.com",
                            "health_check_id": "",
                            "id": "Z42GR4540YNA5_kellywatts.com_TXT",
                            "name": "kellywatts.com",
                            "records.#": "1",
                            "records.3572300059": "v=spf1 a include:_spf.google.com ~all",
                            "set_identifier": "",
                            "ttl": "86400",
                            "type": "TXT",
                            "zone_id": "Z42GR4540YNA5"
                        },
                        "meta": {
                            "schema_version": "2"
                        },
                        "tainted": false
                    },
                    "deposed": [],
                    "provider": "provider.aws"
                },
                "aws_route53_zone.domain": {
                    "type": "aws_route53_zone",
                    "depends_on": [],
                    "primary": {
                        "id": "Z42GR4540YNA5",
                        "attributes": {
                            "comment": "Managed by Terraform",
                            "delegation_set_id": "N3C8AV2DA0N4N9",
                            "force_destroy": "false",
                            "id": "Z42GR4540YNA5",
                            "name": "kellywatts.com",
                            "name_servers.#": "4",
                            "name_servers.0": "ns-1242.awsdns-27.org",
                            "name_servers.1": "ns-1942.awsdns-50.co.uk",
                            "name_servers.2": "ns-477.awsdns-59.com",
                            "name_servers.3": "ns-808.awsdns-37.net",
                            "tags.%": "0",
                            "zone_id": "Z42GR4540YNA5"
                        },
                        "meta": {},
                        "tainted": false
                    },
                    "deposed": [],
                    "provider": "provider.aws"
                }
            },
            "depends_on": []
        },
        {
            "path": [
                "root",
                "akerl-dns",
                "lesaker_com"
            ],
            "outputs": {
                "zone_id": {
                    "sensitive": false,
                    "type": "string",
                    "value": "Z12UG2AR1236YD"
                }
            },
            "resources": {
                "aws_route53_record.caa": {
                    "type": "aws_route53_record",
                    "depends_on": [
                        "aws_route53_zone.domain"
                    ],
                    "primary": {
                        "id": "Z12UG2AR1236YD_lesaker.com_CAA",
                        "attributes": {
                            "allow_overwrite": "true",
                            "fqdn": "lesaker.com",
                            "health_check_id": "",
                            "id": "Z12UG2AR1236YD_lesaker.com_CAA",
                            "name": "lesaker.com",
                            "records.#": "3",
                            "records.2565321753": "0 iodef \"mailto:admin@lesaker.org\"",
                            "records.3034643430": "0 issuewild \";\"",
                            "records.3940762333": "0 issue \"amazon.com\"",
                            "set_identifier": "",
                            "ttl": "86400",
                            "type": "CAA",
                            "zone_id": "Z12UG2AR1236YD"
                        },
                        "meta": {
                            "schema_version": "2"
                        },
                        "tainted": false
                    },
                    "deposed": [],
                    "provider": "provider.aws"
                },
                "aws_route53_record.mx": {
                    "type": "aws_route53_record",
                    "depends_on": [
                        "aws_route53_zone.domain"
                    ],
                    "primary": {
                        "id": "Z12UG2AR1236YD_lesaker.com_MX",
                        "attributes": {
                            "allow_overwrite": "true",
                            "fqdn": "lesaker.com",
                            "health_check_id": "",
                            "id": "Z12UG2AR1236YD_lesaker.com_MX",
                            "name": "lesaker.com",
                            "records.#": "5",
                            "records.2181529566": "1   aspmx.l.google.com.",
                            "records.2525408040": "5   alt2.aspmx.l.google.com.",
                            "records.3170450948": "10  aspmx3.googlemail.com.",
                            "records.3986172363": "5   alt1.aspmx.l.google.com.",
                            "records.996144455": "10  aspmx2.googlemail.com.",
                            "set_identifier": "",
                            "ttl": "86400",
                            "type": "MX",
                            "zone_id": "Z12UG2AR1236YD"
                        },
                        "meta": {
                            "schema_version": "2"
                        },
                        "tainted": false
                    },
                    "deposed": [],
                    "provider": "provider.aws"
                },
                "aws_route53_record.soa": {
                    "type": "aws_route53_record",
                    "depends_on": [
                        "aws_route53_zone.domain"
                    ],
                    "primary": {
                        "id": "Z12UG2AR1236YD_lesaker.com_SOA",
                        "attributes": {
                            "allow_overwrite": "true",
                            "fqdn": "lesaker.com",
                            "health_check_id": "",
                            "id": "Z12UG2AR1236YD_lesaker.com_SOA",
                            "name": "lesaker.com",
                            "records.#": "1",
                            "records.79063542": "ns-1242.awsdns-27.org. admin.lesaker.org. 1 7200 900 1209600 3600",
                            "set_identifier": "",
                            "ttl": "86400",
                            "type": "SOA",
                            "zone_id": "Z12UG2AR1236YD"
                        },
                        "meta": {
                            "schema_version": "2"
                        },
                        "tainted": false
                    },
                    "deposed": [],
                    "provider": "provider.aws"
                },
                "aws_route53_record.spf": {
                    "type": "aws_route53_record",
                    "depends_on": [
                        "aws_route53_zone.domain"
                    ],
                    "primary": {
                        "id": "Z12UG2AR1236YD_lesaker.com_SPF",
                        "attributes": {
                            "allow_overwrite": "true",
                            "fqdn": "lesaker.com",
                            "health_check_id": "",
                            "id": "Z12UG2AR1236YD_lesaker.com_SPF",
                            "name": "lesaker.com",
                            "records.#": "1",
                            "records.3572300059": "v=spf1 a include:_spf.google.com ~all",
                            "set_identifier": "",
                            "ttl": "86400",
                            "type": "SPF",
                            "zone_id": "Z12UG2AR1236YD"
                        },
                        "meta": {
                            "schema_version": "2"
                        },
                        "tainted": false
                    },
                    "deposed": [],
                    "provider": "provider.aws"
                },
                "aws_route53_record.txt": {
                    "type": "aws_route53_record",
                    "depends_on": [
                        "aws_route53_zone.domain"
                    ],
                    "primary": {
                        "id": "Z12UG2AR1236YD_lesaker.com_TXT",
                        "attributes": {
                            "allow_overwrite": "true",
                            "fqdn": "lesaker.com",
                            "health_check_id": "",
                            "id": "Z12UG2AR1236YD_lesaker.com_TXT",
                            "name": "lesaker.com",
                            "records.#": "1",
                            "records.3572300059": "v=spf1 a include:_spf.google.com ~all",
                            "set_identifier": "",
                            "ttl": "86400",
                            "type": "TXT",
                            "zone_id": "Z12UG2AR1236YD"
                        },
                        "meta": {
                            "schema_version": "2"
                        },
                        "tainted": false
                    },
                    "deposed": [],
                    "provider": "provider.aws"
                },
                "aws_route53_zone.domain": {
                    "type": "aws_route53_zone",
                    "depends_on": [],
                    "primary": {
                        "id": "Z12UG2AR1236YD",
                        "attributes": {
                            "comment": "Managed by Terraform",
                            "delegation_set_id": "N3C8AV2DA0N4N9",
                            "force_destroy": "false",
                            "id": "Z12UG2AR1236YD",
                            "name": "lesaker.com",
                            "name_servers.#": "4",
                            "name_servers.0": "ns-1242.awsdns-27.org",
                            "name_servers.1": "ns-1942.awsdns-50.co.uk",
                            "name_servers.2": "ns-477.awsdns-59.com",
                            "name_servers.3": "ns-808.awsdns-37.net",
                            "tags.%": "0",
                            "zone_id": "Z12UG2AR1236YD"
                        },
                        "meta": {},
                        "tainted": false
                    },
                    "deposed": [],
                    "provider": "provider.aws"
                }
            },
            "depends_on": []
        },
        {
            "path": [
                "root",
                "akerl-dns",
                "lesaker_org"
            ],
            "outputs": {
                "zone_id": {
                    "sensitive": false,
                    "type": "string",
                    "value": "Z3RU5N2GAL6D4W"
                }
            },
            "resources": {
                "aws_route53_record.caa": {
                    "type": "aws_route53_record",
                    "depends_on": [
                        "aws_route53_zone.domain"
                    ],
                    "primary": {
                        "id": "Z3RU5N2GAL6D4W_lesaker.org_CAA",
                        "attributes": {
                            "allow_overwrite": "true",
                            "fqdn": "lesaker.org",
                            "health_check_id": "",
                            "id": "Z3RU5N2GAL6D4W_lesaker.org_CAA",
                            "name": "lesaker.org",
                            "records.#": "3",
                            "records.2565321753": "0 iodef \"mailto:admin@lesaker.org\"",
                            "records.3034643430": "0 issuewild \";\"",
                            "records.3940762333": "0 issue \"amazon.com\"",
                            "set_identifier": "",
                            "ttl": "86400",
                            "type": "CAA",
                            "zone_id": "Z3RU5N2GAL6D4W"
                        },
                        "meta": {
                            "schema_version": "2"
                        },
                        "tainted": false
                    },
                    "deposed": [],
                    "provider": "provider.aws"
                },
                "aws_route53_record.mx": {
                    "type": "aws_route53_record",
                    "depends_on": [
                        "aws_route53_zone.domain"
                    ],
                    "primary": {
                        "id": "Z3RU5N2GAL6D4W_lesaker.org_MX",
                        "attributes": {
                            "allow_overwrite": "true",
                            "fqdn": "lesaker.org",
                            "health_check_id": "",
                            "id": "Z3RU5N2GAL6D4W_lesaker.org_MX",
                            "name": "lesaker.org",
                            "records.#": "5",
                            "records.2181529566": "1   aspmx.l.google.com.",
                            "records.2525408040": "5   alt2.aspmx.l.google.com.",
                            "records.3170450948": "10  aspmx3.googlemail.com.",
                            "records.3986172363": "5   alt1.aspmx.l.google.com.",
                            "records.996144455": "10  aspmx2.googlemail.com.",
                            "set_identifier": "",
                            "ttl": "86400",
                            "type": "MX",
                            "zone_id": "Z3RU5N2GAL6D4W"
                        },
                        "meta": {
                            "schema_version": "2"
                        },
                        "tainted": false
                    },
                    "deposed": [],
                    "provider": "provider.aws"
                },
                "aws_route53_record.soa": {
                    "type": "aws_route53_record",
                    "depends_on": [
                        "aws_route53_zone.domain"
                    ],
                    "primary": {
                        "id": "Z3RU5N2GAL6D4W_lesaker.org_SOA",
                        "attributes": {
                            "allow_overwrite": "true",
                            "fqdn": "lesaker.org",
                            "health_check_id": "",
                            "id": "Z3RU5N2GAL6D4W_lesaker.org_SOA",
                            "name": "lesaker.org",
                            "records.#": "1",
                            "records.79063542": "ns-1242.awsdns-27.org. admin.lesaker.org. 1 7200 900 1209600 3600",
                            "set_identifier": "",
                            "ttl": "86400",
                            "type": "SOA",
                            "zone_id": "Z3RU5N2GAL6D4W"
                        },
                        "meta": {
                            "schema_version": "2"
                        },
                        "tainted": false
                    },
                    "deposed": [],
                    "provider": "provider.aws"
                },
                "aws_route53_record.spf": {
                    "type": "aws_route53_record",
                    "depends_on": [
                        "aws_route53_zone.domain"
                    ],
                    "primary": {
                        "id": "Z3RU5N2GAL6D4W_lesaker.org_SPF",
                        "attributes": {
                            "allow_overwrite": "true",
                            "fqdn": "lesaker.org",
                            "health_check_id": "",
                            "id": "Z3RU5N2GAL6D4W_lesaker.org_SPF",
                            "name": "lesaker.org",
                            "records.#": "1",
                            "records.3572300059": "v=spf1 a include:_spf.google.com ~all",
                            "set_identifier": "",
                            "ttl": "86400",
                            "type": "SPF",
                            "zone_id": "Z3RU5N2GAL6D4W"
                        },
                        "meta": {
                            "schema_version": "2"
                        },
                        "tainted": false
                    },
                    "deposed": [],
                    "provider": "provider.aws"
                },
                "aws_route53_record.txt": {
                    "type": "aws_route53_record",
                    "depends_on": [
                        "aws_route53_zone.domain"
                    ],
                    "primary": {
                        "id": "Z3RU5N2GAL6D4W_lesaker.org_TXT",
                        "attributes": {
                            "allow_overwrite": "true",
                            "fqdn": "lesaker.org",
                            "health_check_id": "",
                            "id": "Z3RU5N2GAL6D4W_lesaker.org_TXT",
                            "name": "lesaker.org",
                            "records.#": "1",
                            "records.3572300059": "v=spf1 a include:_spf.google.com ~all",
                            "set_identifier": "",
                            "ttl": "86400",
                            "type": "TXT",
                            "zone_id": "Z3RU5N2GAL6D4W"
                        },
                        "meta": {
                            "schema_version": "2"
                        },
                        "tainted": false
                    },
                    "deposed": [],
                    "provider": "provider.aws"
                },
                "aws_route53_zone.domain": {
                    "type": "aws_route53_zone",
                    "depends_on": [],
                    "primary": {
                        "id": "Z3RU5N2GAL6D4W",
                        "attributes": {
                            "comment": "Managed by Terraform",
                            "delegation_set_id": "N3C8AV2DA0N4N9",
                            "force_destroy": "false",
                            "id": "Z3RU5N2GAL6D4W",
                            "name": "lesaker.org",
                            "name_servers.#": "4",
                            "name_servers.0": "ns-1242.awsdns-27.org",
                            "name_servers.1": "ns-1942.awsdns-50.co.uk",
                            "name_servers.2": "ns-477.awsdns-59.com",
                            "name_servers.3": "ns-808.awsdns-37.net",
                            "tags.%": "0",
                            "zone_id": "Z3RU5N2GAL6D4W"
                        },
                        "meta": {},
                        "tainted": false
                    },
                    "deposed": [],
                    "provider": "provider.aws"
                }
            },
            "depends_on": []
        },
        {
            "path": [
                "root",
                "akerl-dns",
                "scrtybybscrty_org"
            ],
            "outputs": {
                "zone_id": {
                    "sensitive": false,
                    "type": "string",
                    "value": "Z11UY811DI2S1K"
                }
            },
            "resources": {
                "aws_route53_record.caa": {
                    "type": "aws_route53_record",
                    "depends_on": [
                        "aws_route53_zone.domain"
                    ],
                    "primary": {
                        "id": "Z11UY811DI2S1K_scrtybybscrty.org_CAA",
                        "attributes": {
                            "allow_overwrite": "true",
                            "fqdn": "scrtybybscrty.org",
                            "health_check_id": "",
                            "id": "Z11UY811DI2S1K_scrtybybscrty.org_CAA",
                            "name": "scrtybybscrty.org",
                            "records.#": "3",
                            "records.2565321753": "0 iodef \"mailto:admin@lesaker.org\"",
                            "records.3034643430": "0 issuewild \";\"",
                            "records.3940762333": "0 issue \"amazon.com\"",
                            "set_identifier": "",
                            "ttl": "86400",
                            "type": "CAA",
                            "zone_id": "Z11UY811DI2S1K"
                        },
                        "meta": {
                            "schema_version": "2"
                        },
                        "tainted": false
                    },
                    "deposed": [],
                    "provider": "provider.aws"
                },
                "aws_route53_record.mx": {
                    "type": "aws_route53_record",
                    "depends_on": [
                        "aws_route53_zone.domain"
                    ],
                    "primary": {
                        "id": "Z11UY811DI2S1K_scrtybybscrty.org_MX",
                        "attributes": {
                            "allow_overwrite": "true",
                            "fqdn": "scrtybybscrty.org",
                            "health_check_id": "",
                            "id": "Z11UY811DI2S1K_scrtybybscrty.org_MX",
                            "name": "scrtybybscrty.org",
                            "records.#": "5",
                            "records.2181529566": "1   aspmx.l.google.com.",
                            "records.2525408040": "5   alt2.aspmx.l.google.com.",
                            "records.3170450948": "10  aspmx3.googlemail.com.",
                            "records.3986172363": "5   alt1.aspmx.l.google.com.",
                            "records.996144455": "10  aspmx2.googlemail.com.",
                            "set_identifier": "",
                            "ttl": "86400",
                            "type": "MX",
                            "zone_id": "Z11UY811DI2S1K"
                        },
                        "meta": {
                            "schema_version": "2"
                        },
                        "tainted": false
                    },
                    "deposed": [],
                    "provider": "provider.aws"
                },
                "aws_route53_record.soa": {
                    "type": "aws_route53_record",
                    "depends_on": [
                        "aws_route53_zone.domain"
                    ],
                    "primary": {
                        "id": "Z11UY811DI2S1K_scrtybybscrty.org_SOA",
                        "attributes": {
                            "allow_overwrite": "true",
                            "fqdn": "scrtybybscrty.org",
                            "health_check_id": "",
                            "id": "Z11UY811DI2S1K_scrtybybscrty.org_SOA",
                            "name": "scrtybybscrty.org",
                            "records.#": "1",
                            "records.79063542": "ns-1242.awsdns-27.org. admin.lesaker.org. 1 7200 900 1209600 3600",
                            "set_identifier": "",
                            "ttl": "86400",
                            "type": "SOA",
                            "zone_id": "Z11UY811DI2S1K"
                        },
                        "meta": {
                            "schema_version": "2"
                        },
                        "tainted": false
                    },
                    "deposed": [],
                    "provider": "provider.aws"
                },
                "aws_route53_record.spf": {
                    "type": "aws_route53_record",
                    "depends_on": [
                        "aws_route53_zone.domain"
                    ],
                    "primary": {
                        "id": "Z11UY811DI2S1K_scrtybybscrty.org_SPF",
                        "attributes": {
                            "allow_overwrite": "true",
                            "fqdn": "scrtybybscrty.org",
                            "health_check_id": "",
                            "id": "Z11UY811DI2S1K_scrtybybscrty.org_SPF",
                            "name": "scrtybybscrty.org",
                            "records.#": "1",
                            "records.3572300059": "v=spf1 a include:_spf.google.com ~all",
                            "set_identifier": "",
                            "ttl": "86400",
                            "type": "SPF",
                            "zone_id": "Z11UY811DI2S1K"
                        },
                        "meta": {
                            "schema_version": "2"
                        },
                        "tainted": false
                    },
                    "deposed": [],
                    "provider": "provider.aws"
                },
                "aws_route53_record.txt": {
                    "type": "aws_route53_record",
                    "depends_on": [
                        "aws_route53_zone.domain"
                    ],
                    "primary": {
                        "id": "Z11UY811DI2S1K_scrtybybscrty.org_TXT",
                        "attributes": {
                            "allow_overwrite": "true",
                            "fqdn": "scrtybybscrty.org",
                            "health_check_id": "",
                            "id": "Z11UY811DI2S1K_scrtybybscrty.org_TXT",
                            "name": "scrtybybscrty.org",
                            "records.#": "1",
                            "records.3572300059": "v=spf1 a include:_spf.google.com ~all",
                            "set_identifier": "",
                            "ttl": "86400",
                            "type": "TXT",
                            "zone_id": "Z11UY811DI2S1K"
                        },
                        "meta": {
                            "schema_version": "2"
                        },
                        "tainted": false
                    },
                    "deposed": [],
                    "provider": "provider.aws"
                },
                "aws_route53_zone.domain": {
                    "type": "aws_route53_zone",
                    "depends_on": [],
                    "primary": {
                        "id": "Z11UY811DI2S1K",
                        "attributes": {
                            "comment": "Managed by Terraform",
                            "delegation_set_id": "N3C8AV2DA0N4N9",
                            "force_destroy": "false",
                            "id": "Z11UY811DI2S1K",
                            "name": "scrtybybscrty.org",
                            "name_servers.#": "4",
                            "name_servers.0": "ns-1242.awsdns-27.org",
                            "name_servers.1": "ns-1942.awsdns-50.co.uk",
                            "name_servers.2": "ns-477.awsdns-59.com",
                            "name_servers.3": "ns-808.awsdns-37.net",
                            "tags.%": "0",
                            "zone_id": "Z11UY811DI2S1K"
                        },
                        "meta": {},
                        "tainted": false
                    },
                    "deposed": [],
                    "provider": "provider.aws"
                }
            },
            "depends_on": []
        },
        {
            "path": [
                "root",
                "akerl-github-auth-lambda",
                "publish-user"
            ],
            "outputs": {},
            "resources": {
                "aws_iam_user.circleci": {
                    "type": "aws_iam_user",
                    "depends_on": [],
                    "primary": {
                        "id": "circleci-akerl-github-auth-lambda",
                        "attributes": {
                            "arn": "arn:aws:iam::764218738161:user/circleci-akerl-github-auth-lambda",
                            "force_destroy": "false",
                            "id": "circleci-akerl-github-auth-lambda",
                            "name": "circleci-akerl-github-auth-lambda",
                            "path": "/",
                            "unique_id": "AIDAJIWFIKI4DNS6D5W2Q"
                        },
                        "meta": {},
                        "tainted": false
                    },
                    "deposed": [],
                    "provider": "provider.aws"
                },
                "aws_iam_user_policy.s3_publish": {
                    "type": "aws_iam_user_policy",
                    "depends_on": [
                        "aws_iam_user.circleci",
                        "data.aws_iam_policy_document.publish"
                    ],
                    "primary": {
                        "id": "circleci-akerl-github-auth-lambda:s3_publish",
                        "attributes": {
                            "id": "circleci-akerl-github-auth-lambda:s3_publish",
                            "name": "s3_publish",
                            "policy": "{\n  \"Version\": \"2012-10-17\",\n  \"Statement\": [\n    {\n      \"Sid\": \"\",\n      \"Effect\": \"Allow\",\n      \"Action\": [\n        \"s3:PutObject\",\n        \"s3:ListBucket\",\n        \"s3:ListAllMyBuckets\",\n        \"s3:GetObjectAcl\",\n        \"s3:GetObject\",\n        \"s3:GetBucketLocation\",\n        \"s3:GetBucketAcl\",\n        \"s3:DeleteObject\"\n      ],\n      \"Resource\": [\n        \"arn:aws:s3:::akerl-github-auth-lambda/*\",\n        \"arn:aws:s3:::akerl-github-auth-lambda\"\n      ]\n    }\n  ]\n}",
                            "user": "circleci-akerl-github-auth-lambda"
                        },
                        "meta": {},
                        "tainted": false
                    },
                    "deposed": [],
                    "provider": "provider.aws"
                },
                "aws_s3_bucket.publish-bucket": {
                    "type": "aws_s3_bucket",
                    "depends_on": [],
                    "primary": {
                        "id": "akerl-github-auth-lambda",
                        "attributes": {
                            "acceleration_status": "",
                            "acl": "private",
                            "arn": "arn:aws:s3:::akerl-github-auth-lambda",
                            "bucket": "akerl-github-auth-lambda",
                            "bucket_domain_name": "akerl-github-auth-lambda.s3.amazonaws.com",
                            "force_destroy": "false",
                            "hosted_zone_id": "Z3AQBSTGFYJSTF",
                            "id": "akerl-github-auth-lambda",
                            "logging.#": "1",
                            "logging.2766414175.target_bucket": "akerl-s3-logs",
                            "logging.2766414175.target_prefix": "akerl-github-auth-lambda/",
                            "region": "us-east-1",
                            "replication_configuration.#": "0",
                            "request_payer": "BucketOwner",
                            "server_side_encryption_configuration.#": "0",
                            "tags.%": "0",
                            "versioning.#": "1",
                            "versioning.0.enabled": "true",
                            "versioning.0.mfa_delete": "false",
                            "website.#": "0"
                        },
                        "meta": {},
                        "tainted": false
                    },
                    "deposed": [],
                    "provider": "provider.aws"
                },
                "awscreds_iam_access_key.circleci-key": {
                    "type": "awscreds_iam_access_key",
                    "depends_on": [
                        "aws_iam_user.circleci"
                    ],
                    "primary": {
                        "id": "AKIAIKQU2VNL2XWZNBQA",
                        "attributes": {
                            "file": "creds/circleci-akerl-github-auth-lambda",
                            "id": "AKIAIKQU2VNL2XWZNBQA",
                            "secret": "",
                            "ses_smtp_password": "",
                            "status": "Active",
                            "user": "circleci-akerl-github-auth-lambda"
                        },
                        "meta": {},
                        "tainted": false
                    },
                    "deposed": [],
                    "provider": "provider.awscreds"
                },
                "data.aws_iam_policy_document.publish": {
                    "type": "aws_iam_policy_document",
                    "depends_on": [],
                    "primary": {
                        "id": "2840084656",
                        "attributes": {
                            "id": "2840084656",
                            "json": "{\n  \"Version\": \"2012-10-17\",\n  \"Statement\": [\n    {\n      \"Sid\": \"\",\n      \"Effect\": \"Allow\",\n      \"Action\": [\n        \"s3:PutObject\",\n        \"s3:ListBucket\",\n        \"s3:ListAllMyBuckets\",\n        \"s3:GetObjectAcl\",\n        \"s3:GetObject\",\n        \"s3:GetBucketLocation\",\n        \"s3:GetBucketAcl\",\n        \"s3:DeleteObject\"\n      ],\n      \"Resource\": [\n        \"arn:aws:s3:::akerl-github-auth-lambda/*\",\n        \"arn:aws:s3:::akerl-github-auth-lambda\"\n      ]\n    }\n  ]\n}",
                            "statement.#": "1",
                            "statement.0.actions.#": "8",
                            "statement.0.actions.2071725391": "s3:GetObject",
                            "statement.0.actions.2517836488": "s3:GetObjectAcl",
                            "statement.0.actions.3009670498": "s3:DeleteObject",
                            "statement.0.actions.315547055": "s3:PutObject",
                            "statement.0.actions.3948445924": "s3:GetBucketLocation",
                            "statement.0.actions.486976917": "s3:ListBucket",
                            "statement.0.actions.796062918": "s3:ListAllMyBuckets",
                            "statement.0.actions.845481387": "s3:GetBucketAcl",
                            "statement.0.condition.#": "0",
                            "statement.0.effect": "Allow",
                            "statement.0.not_actions.#": "0",
                            "statement.0.not_principals.#": "0",
                            "statement.0.not_resources.#": "0",
                            "statement.0.principals.#": "0",
                            "statement.0.resources.#": "2",
                            "statement.0.resources.1461546110": "arn:aws:s3:::akerl-github-auth-lambda",
                            "statement.0.resources.1898844745": "arn:aws:s3:::akerl-github-auth-lambda/*",
                            "statement.0.sid": ""
                        },
                        "meta": {},
                        "tainted": false
                    },
                    "deposed": [],
                    "provider": "provider.aws"
                }
            },
            "depends_on": []
        },
        {
            "path": [
                "root",
                "akerl-hf-library",
                "madlibrarian"
            ],
            "outputs": {
                "dns-name": {
                    "sensitive": false,
                    "type": "string",
                    "value": "d1nmky36h4ic4n.cloudfront.net"
                }
            },
            "resources": {
                "aws_api_gateway_base_path_mapping.mapping": {
                    "type": "aws_api_gateway_base_path_mapping",
                    "depends_on": [
                        "aws_api_gateway_deployment.deployment",
                        "aws_api_gateway_domain_name.domain",
                        "aws_api_gateway_rest_api.api"
                    ],
                    "primary": {
                        "id": "hf.coolquotes.xyz/",
                        "attributes": {
                            "api_id": "bv2p8r1xs6",
                            "base_path": "",
                            "domain_name": "hf.coolquotes.xyz",
                            "id": "hf.coolquotes.xyz/",
                            "stage_name": "prod"
                        },
                        "meta": {},
                        "tainted": false
                    },
                    "deposed": [],
                    "provider": "provider.aws"
                },
                "aws_api_gateway_deployment.deployment": {
                    "type": "aws_api_gateway_deployment",
                    "depends_on": [
                        "aws_api_gateway_integration.integration",
                        "aws_api_gateway_method.method",
                        "aws_api_gateway_rest_api.api"
                    ],
                    "primary": {
                        "id": "ja4ug3",
                        "attributes": {
                            "created_date": "2018-05-09T23:40:30Z",
                            "description": "",
                            "execution_arn": "arn:aws:execute-api:us-east-1:764218738161:bv2p8r1xs6/prod",
                            "id": "ja4ug3",
                            "invoke_url": "https://bv2p8r1xs6.execute-api.us-east-1.amazonaws.com/prod",
                            "rest_api_id": "bv2p8r1xs6",
                            "stage_name": "prod",
                            "variables.%": "1",
                            "variables.bucket": "akerl-hf-library"
                        },
                        "meta": {},
                        "tainted": false
                    },
                    "deposed": [],
                    "provider": "provider.aws"
                },
                "aws_api_gateway_domain_name.domain": {
                    "type": "aws_api_gateway_domain_name",
                    "depends_on": [
                        "module.certificate"
                    ],
                    "primary": {
                        "id": "hf.coolquotes.xyz",
                        "attributes": {
                            "certificate_arn": "arn:aws:acm:us-east-1:764218738161:certificate/a2009f0d-10be-4e2c-ac9d-f85e7cfb05af",
                            "certificate_name": "",
                            "certificate_upload_date": "2018-05-09T23:40:35Z",
                            "cloudfront_domain_name": "d1nmky36h4ic4n.cloudfront.net",
                            "cloudfront_zone_id": "Z2FDTNDATAQYW2",
                            "domain_name": "hf.coolquotes.xyz",
                            "id": "hf.coolquotes.xyz"
                        },
                        "meta": {},
                        "tainted": false
                    },
                    "deposed": [],
                    "provider": "provider.aws"
                },
                "aws_api_gateway_integration.integration": {
                    "type": "aws_api_gateway_integration",
                    "depends_on": [
                        "aws_api_gateway_method.method",
                        "aws_api_gateway_resource.endpoint",
                        "aws_api_gateway_rest_api.api",
                        "aws_lambda_function.madlibrarian_lambda"
                    ],
                    "primary": {
                        "id": "agi-bv2p8r1xs6-yy6ccs-ANY",
                        "attributes": {
                            "cache_key_parameters.#": "0",
                            "cache_namespace": "yy6ccs",
                            "connection_id": "",
                            "connection_type": "INTERNET",
                            "http_method": "ANY",
                            "id": "agi-bv2p8r1xs6-yy6ccs-ANY",
                            "integration_http_method": "POST",
                            "passthrough_behavior": "WHEN_NO_MATCH",
                            "request_parameters.%": "0",
                            "request_templates.%": "0",
                            "resource_id": "yy6ccs",
                            "rest_api_id": "bv2p8r1xs6",
                            "type": "AWS_PROXY",
                            "uri": "arn:aws:apigateway:us-east-1:lambda:path/2015-03-31/functions/arn:aws:lambda:us-east-1:764218738161:function:madlibrarian_lambda_akerl-hf-library/invocations"
                        },
                        "meta": {},
                        "tainted": false
                    },
                    "deposed": [],
                    "provider": "provider.aws"
                },
                "aws_api_gateway_method.method": {
                    "type": "aws_api_gateway_method",
                    "depends_on": [
                        "aws_api_gateway_resource.endpoint",
                        "aws_api_gateway_rest_api.api"
                    ],
                    "primary": {
                        "id": "agm-bv2p8r1xs6-yy6ccs-ANY",
                        "attributes": {
                            "api_key_required": "false",
                            "authorization": "NONE",
                            "authorizer_id": "",
                            "http_method": "ANY",
                            "id": "agm-bv2p8r1xs6-yy6ccs-ANY",
                            "request_models.%": "0",
                            "request_parameters.%": "0",
                            "request_validator_id": "",
                            "resource_id": "yy6ccs",
                            "rest_api_id": "bv2p8r1xs6"
                        },
                        "meta": {},
                        "tainted": false
                    },
                    "deposed": [],
                    "provider": "provider.aws"
                },
                "aws_api_gateway_method_settings.settings": {
                    "type": "aws_api_gateway_method_settings",
                    "depends_on": [
                        "aws_api_gateway_deployment.deployment",
                        "aws_api_gateway_rest_api.api"
                    ],
                    "primary": {
                        "id": "bv2p8r1xs6-prod-*/*",
                        "attributes": {
                            "id": "bv2p8r1xs6-prod-*/*",
                            "method_path": "*/*",
                            "rest_api_id": "bv2p8r1xs6",
                            "settings.#": "1",
                            "settings.0.cache_data_encrypted": "false",
                            "settings.0.cache_ttl_in_seconds": "0",
                            "settings.0.caching_enabled": "false",
                            "settings.0.data_trace_enabled": "false",
                            "settings.0.logging_level": "INFO",
                            "settings.0.metrics_enabled": "true",
                            "settings.0.require_authorization_for_cache_control": "false",
                            "settings.0.throttling_burst_limit": "0",
                            "settings.0.throttling_rate_limit": "0",
                            "settings.0.unauthorized_cache_control_header_strategy": "",
                            "stage_name": "prod"
                        },
                        "meta": {},
                        "tainted": false
                    },
                    "deposed": [],
                    "provider": "provider.aws"
                },
                "aws_api_gateway_resource.endpoint": {
                    "type": "aws_api_gateway_resource",
                    "depends_on": [
                        "aws_api_gateway_rest_api.api"
                    ],
                    "primary": {
                        "id": "yy6ccs",
                        "attributes": {
                            "id": "yy6ccs",
                            "parent_id": "75t8m0febk",
                            "path": "/{story}",
                            "path_part": "{story}",
                            "rest_api_id": "bv2p8r1xs6"
                        },
                        "meta": {},
                        "tainted": false
                    },
                    "deposed": [],
                    "provider": "provider.aws"
                },
                "aws_api_gateway_rest_api.api": {
                    "type": "aws_api_gateway_rest_api",
                    "depends_on": [],
                    "primary": {
                        "id": "bv2p8r1xs6",
                        "attributes": {
                            "binary_media_types.#": "0",
                            "created_date": "2018-05-09T23:40:28Z",
                            "description": "",
                            "execution_arn": "arn:aws:execute-api:us-east-1:764218738161:bv2p8r1xs6",
                            "id": "bv2p8r1xs6",
                            "minimum_compression_size": "-1",
                            "name": "madlibrarian-akerl-hf-library",
                            "policy": "",
                            "root_resource_id": "75t8m0febk"
                        },
                        "meta": {},
                        "tainted": false
                    },
                    "deposed": [],
                    "provider": "provider.aws"
                },
                "aws_iam_role.madlibrarian_lambda": {
                    "type": "aws_iam_role",
                    "depends_on": [
                        "data.aws_iam_policy_document.lambda_assume"
                    ],
                    "primary": {
                        "id": "madlibrarian_lambda_akerl-hf-library",
                        "attributes": {
                            "arn": "arn:aws:iam::764218738161:role/madlibrarian_lambda_akerl-hf-library",
                            "assume_role_policy": "{\"Version\":\"2012-10-17\",\"Statement\":[{\"Sid\":\"\",\"Effect\":\"Allow\",\"Principal\":{\"Service\":[\"lambda.amazonaws.com\",\"apigateway.amazonaws.com\"]},\"Action\":\"sts:AssumeRole\"}]}",
                            "create_date": "2018-02-27T04:07:17Z",
                            "force_detach_policies": "false",
                            "id": "madlibrarian_lambda_akerl-hf-library",
                            "max_session_duration": "3600",
                            "name": "madlibrarian_lambda_akerl-hf-library",
                            "path": "/",
                            "unique_id": "AROAJDGFRYFTJITRDVQBG"
                        },
                        "meta": {},
                        "tainted": false
                    },
                    "deposed": [],
                    "provider": "provider.aws"
                },
                "aws_iam_role_policy.lambda_perms": {
                    "type": "aws_iam_role_policy",
                    "depends_on": [
                        "aws_iam_role.madlibrarian_lambda",
                        "data.aws_iam_policy_document.lambda_perms"
                    ],
                    "primary": {
                        "id": "madlibrarian_lambda_akerl-hf-library:lambda_perms",
                        "attributes": {
                            "id": "madlibrarian_lambda_akerl-hf-library:lambda_perms",
                            "name": "lambda_perms",
                            "policy": "{\n  \"Version\": \"2012-10-17\",\n  \"Statement\": [\n    {\n      \"Sid\": \"\",\n      \"Effect\": \"Allow\",\n      \"Action\": [\n        \"s3:ListBucket\",\n        \"s3:GetObject\"\n      ],\n      \"Resource\": [\n        \"arn:aws:s3:::akerl-hf-library/*\",\n        \"arn:aws:s3:::akerl-hf-library-config/*\",\n        \"arn:aws:s3:::akerl-hf-library-config\",\n        \"arn:aws:s3:::akerl-hf-library\"\n      ]\n    },\n    {\n      \"Sid\": \"\",\n      \"Effect\": \"Allow\",\n      \"Action\": [\n        \"logs:PutLogEvents\",\n        \"logs:CreateLogStream\",\n        \"logs:CreateLogGroup\"\n      ],\n      \"Resource\": \"arn:aws:logs:*:*:*\"\n    }\n  ]\n}",
                            "role": "madlibrarian_lambda_akerl-hf-library"
                        },
                        "meta": {},
                        "tainted": false
                    },
                    "deposed": [],
                    "provider": "provider.aws"
                },
                "aws_lambda_function.madlibrarian_lambda": {
                    "type": "aws_lambda_function",
                    "depends_on": [
                        "aws_iam_role.madlibrarian_lambda"
                    ],
                    "primary": {
                        "id": "madlibrarian_lambda_akerl-hf-library",
                        "attributes": {
                            "arn": "arn:aws:lambda:us-east-1:764218738161:function:madlibrarian_lambda_akerl-hf-library",
                            "dead_letter_config.#": "0",
                            "description": "",
                            "environment.#": "1",
                            "environment.0.variables.%": "2",
                            "environment.0.variables.S3_BUCKET": "akerl-hf-library-config",
                            "environment.0.variables.S3_KEY": "config.yaml",
                            "function_name": "madlibrarian_lambda_akerl-hf-library",
                            "handler": "main",
                            "id": "madlibrarian_lambda_akerl-hf-library",
                            "invoke_arn": "arn:aws:apigateway:us-east-1:lambda:path/2015-03-31/functions/arn:aws:lambda:us-east-1:764218738161:function:madlibrarian_lambda_akerl-hf-library/invocations",
                            "kms_key_arn": "",
                            "last_modified": "2018-05-10T22:20:33.867+0000",
                            "memory_size": "128",
                            "publish": "false",
                            "qualified_arn": "arn:aws:lambda:us-east-1:764218738161:function:madlibrarian_lambda_akerl-hf-library:$LATEST",
                            "reserved_concurrent_executions": "0",
                            "role": "arn:aws:iam::764218738161:role/madlibrarian_lambda_akerl-hf-library",
                            "runtime": "go1.x",
                            "s3_bucket": "akerl-madlibrarian",
                            "s3_key": "lambdas/payload-0.6.0.zip",
                            "source_code_hash": "w2xkcDVtcst5qwcieOe6FyFem+Bc+LkAOi65lL8EHZY=",
                            "source_code_size": "4530222",
                            "tags.%": "0",
                            "timeout": "10",
                            "tracing_config.#": "1",
                            "tracing_config.0.mode": "PassThrough",
                            "version": "$LATEST",
                            "vpc_config.#": "0"
                        },
                        "meta": {},
                        "tainted": false
                    },
                    "deposed": [],
                    "provider": "provider.aws"
                },
                "aws_lambda_permission.allow_api_gateway": {
                    "type": "aws_lambda_permission",
                    "depends_on": [
                        "aws_api_gateway_rest_api.api",
                        "aws_lambda_function.madlibrarian_lambda",
                        "data.aws_caller_identity.current",
                        "data.aws_region.current"
                    ],
                    "primary": {
                        "id": "AllowExecutionFromApiGateway",
                        "attributes": {
                            "action": "lambda:InvokeFunction",
                            "function_name": "madlibrarian_lambda_akerl-hf-library",
                            "id": "AllowExecutionFromApiGateway",
                            "principal": "apigateway.amazonaws.com",
                            "qualifier": "",
                            "source_arn": "arn:aws:execute-api:us-east-1:764218738161:bv2p8r1xs6/*",
                            "statement_id": "AllowExecutionFromApiGateway"
                        },
                        "meta": {},
                        "tainted": false
                    },
                    "deposed": [],
                    "provider": "provider.aws"
                },
                "data.aws_caller_identity.current": {
                    "type": "aws_caller_identity",
                    "depends_on": [],
                    "primary": {
                        "id": "2018-05-17 15:39:33.670089 +0000 UTC",
                        "attributes": {
                            "account_id": "764218738161",
                            "arn": "arn:aws:sts::764218738161:assumed-role/admin/akerl",
                            "id": "2018-05-17 15:39:33.670089 +0000 UTC",
                            "user_id": "AROAJGIBWVRCR3J55QVX6:akerl"
                        },
                        "meta": {},
                        "tainted": false
                    },
                    "deposed": [],
                    "provider": "provider.aws"
                },
                "data.aws_iam_policy_document.lambda_assume": {
                    "type": "aws_iam_policy_document",
                    "depends_on": [],
                    "primary": {
                        "id": "3127519745",
                        "attributes": {
                            "id": "3127519745",
                            "json": "{\n  \"Version\": \"2012-10-17\",\n  \"Statement\": [\n    {\n      \"Sid\": \"\",\n      \"Effect\": \"Allow\",\n      \"Action\": \"sts:AssumeRole\",\n      \"Principal\": {\n        \"Service\": [\n          \"lambda.amazonaws.com\",\n          \"apigateway.amazonaws.com\"\n        ]\n      }\n    }\n  ]\n}",
                            "statement.#": "1",
                            "statement.0.actions.#": "1",
                            "statement.0.actions.2528466339": "sts:AssumeRole",
                            "statement.0.condition.#": "0",
                            "statement.0.effect": "Allow",
                            "statement.0.not_actions.#": "0",
                            "statement.0.not_principals.#": "0",
                            "statement.0.not_resources.#": "0",
                            "statement.0.principals.#": "1",
                            "statement.0.principals.1632598396.identifiers.#": "2",
                            "statement.0.principals.1632598396.identifiers.1175233861": "apigateway.amazonaws.com",
                            "statement.0.principals.1632598396.identifiers.2638019528": "lambda.amazonaws.com",
                            "statement.0.principals.1632598396.type": "Service",
                            "statement.0.resources.#": "0",
                            "statement.0.sid": ""
                        },
                        "meta": {},
                        "tainted": false
                    },
                    "deposed": [],
                    "provider": "provider.aws"
                },
                "data.aws_iam_policy_document.lambda_perms": {
                    "type": "aws_iam_policy_document",
                    "depends_on": [],
                    "primary": {
                        "id": "2504797304",
                        "attributes": {
                            "id": "2504797304",
                            "json": "{\n  \"Version\": \"2012-10-17\",\n  \"Statement\": [\n    {\n      \"Sid\": \"\",\n      \"Effect\": \"Allow\",\n      \"Action\": [\n        \"s3:ListBucket\",\n        \"s3:GetObject\"\n      ],\n      \"Resource\": [\n        \"arn:aws:s3:::akerl-hf-library/*\",\n        \"arn:aws:s3:::akerl-hf-library-config/*\",\n        \"arn:aws:s3:::akerl-hf-library-config\",\n        \"arn:aws:s3:::akerl-hf-library\"\n      ]\n    },\n    {\n      \"Sid\": \"\",\n      \"Effect\": \"Allow\",\n      \"Action\": [\n        \"logs:PutLogEvents\",\n        \"logs:CreateLogStream\",\n        \"logs:CreateLogGroup\"\n      ],\n      \"Resource\": \"arn:aws:logs:*:*:*\"\n    }\n  ]\n}",
                            "statement.#": "2",
                            "statement.0.actions.#": "2",
                            "statement.0.actions.2071725391": "s3:GetObject",
                            "statement.0.actions.486976917": "s3:ListBucket",
                            "statement.0.condition.#": "0",
                            "statement.0.effect": "Allow",
                            "statement.0.not_actions.#": "0",
                            "statement.0.not_principals.#": "0",
                            "statement.0.not_resources.#": "0",
                            "statement.0.principals.#": "0",
                            "statement.0.resources.#": "4",
                            "statement.0.resources.1261111907": "arn:aws:s3:::akerl-hf-library-config/*",
                            "statement.0.resources.2626981634": "arn:aws:s3:::akerl-hf-library/*",
                            "statement.0.resources.3462475524": "arn:aws:s3:::akerl-hf-library-config",
                            "statement.0.resources.619046589": "arn:aws:s3:::akerl-hf-library",
                            "statement.0.sid": "",
                            "statement.1.actions.#": "3",
                            "statement.1.actions.2809485102": "logs:CreateLogGroup",
                            "statement.1.actions.3285979848": "logs:CreateLogStream",
                            "statement.1.actions.39743051": "logs:PutLogEvents",
                            "statement.1.condition.#": "0",
                            "statement.1.effect": "Allow",
                            "statement.1.not_actions.#": "0",
                            "statement.1.not_principals.#": "0",
                            "statement.1.not_resources.#": "0",
                            "statement.1.principals.#": "0",
                            "statement.1.resources.#": "1",
                            "statement.1.resources.162423377": "arn:aws:logs:*:*:*",
                            "statement.1.sid": ""
                        },
                        "meta": {},
                        "tainted": false
                    },
                    "deposed": [],
                    "provider": "provider.aws"
                },
                "data.aws_region.current": {
                    "type": "aws_region",
                    "depends_on": [],
                    "primary": {
                        "id": "us-east-1",
                        "attributes": {
                            "current": "true",
                            "endpoint": "ec2.us-east-1.amazonaws.com",
                            "id": "us-east-1",
                            "name": "us-east-1"
                        },
                        "meta": {},
                        "tainted": false
                    },
                    "deposed": [],
                    "provider": "provider.aws"
                }
            },
            "depends_on": []
        },
        {
            "path": [
                "root",
                "akerl-hookshot",
                "publish-user"
            ],
            "outputs": {},
            "resources": {
                "aws_iam_user.circleci": {
                    "type": "aws_iam_user",
                    "depends_on": [],
                    "primary": {
                        "id": "circleci-akerl-hookshot",
                        "attributes": {
                            "arn": "arn:aws:iam::764218738161:user/circleci-akerl-hookshot",
                            "force_destroy": "false",
                            "id": "circleci-akerl-hookshot",
                            "name": "circleci-akerl-hookshot",
                            "path": "/",
                            "unique_id": "AIDAIMZT4TSQRNMPYIAUW"
                        },
                        "meta": {},
                        "tainted": false
                    },
                    "deposed": [],
                    "provider": "provider.aws"
                },
                "aws_iam_user_policy.s3_publish": {
                    "type": "aws_iam_user_policy",
                    "depends_on": [
                        "aws_iam_user.circleci",
                        "data.aws_iam_policy_document.publish"
                    ],
                    "primary": {
                        "id": "circleci-akerl-hookshot:s3_publish",
                        "attributes": {
                            "id": "circleci-akerl-hookshot:s3_publish",
                            "name": "s3_publish",
                            "policy": "{\n  \"Version\": \"2012-10-17\",\n  \"Statement\": [\n    {\n      \"Sid\": \"\",\n      \"Effect\": \"Allow\",\n      \"Action\": [\n        \"s3:PutObject\",\n        \"s3:ListBucket\",\n        \"s3:ListAllMyBuckets\",\n        \"s3:GetObjectAcl\",\n        \"s3:GetObject\",\n        \"s3:GetBucketLocation\",\n        \"s3:GetBucketAcl\",\n        \"s3:DeleteObject\"\n      ],\n      \"Resource\": [\n        \"arn:aws:s3:::akerl-hookshot/*\",\n        \"arn:aws:s3:::akerl-hookshot\"\n      ]\n    }\n  ]\n}",
                            "user": "circleci-akerl-hookshot"
                        },
                        "meta": {},
                        "tainted": false
                    },
                    "deposed": [],
                    "provider": "provider.aws"
                },
                "aws_s3_bucket.publish-bucket": {
                    "type": "aws_s3_bucket",
                    "depends_on": [],
                    "primary": {
                        "id": "akerl-hookshot",
                        "attributes": {
                            "acceleration_status": "",
                            "acl": "private",
                            "arn": "arn:aws:s3:::akerl-hookshot",
                            "bucket": "akerl-hookshot",
                            "bucket_domain_name": "akerl-hookshot.s3.amazonaws.com",
                            "force_destroy": "false",
                            "hosted_zone_id": "Z3AQBSTGFYJSTF",
                            "id": "akerl-hookshot",
                            "logging.#": "1",
                            "logging.2869076850.target_bucket": "akerl-s3-logs",
                            "logging.2869076850.target_prefix": "akerl-hookshot/",
                            "region": "us-east-1",
                            "replication_configuration.#": "0",
                            "request_payer": "BucketOwner",
                            "server_side_encryption_configuration.#": "0",
                            "tags.%": "0",
                            "versioning.#": "1",
                            "versioning.0.enabled": "true",
                            "versioning.0.mfa_delete": "false",
                            "website.#": "0"
                        },
                        "meta": {},
                        "tainted": false
                    },
                    "deposed": [],
                    "provider": "provider.aws"
                },
                "awscreds_iam_access_key.circleci-key": {
                    "type": "awscreds_iam_access_key",
                    "depends_on": [
                        "aws_iam_user.circleci"
                    ],
                    "primary": {
                        "id": "AKIAJ4GF3XFL77EADJEA",
                        "attributes": {
                            "file": "creds/circleci-akerl-hookshot",
                            "id": "AKIAJ4GF3XFL77EADJEA",
                            "secret": "",
                            "ses_smtp_password": "",
                            "status": "Active",
                            "user": "circleci-akerl-hookshot"
                        },
                        "meta": {},
                        "tainted": false
                    },
                    "deposed": [],
                    "provider": "provider.awscreds"
                },
                "data.aws_iam_policy_document.publish": {
                    "type": "aws_iam_policy_document",
                    "depends_on": [],
                    "primary": {
                        "id": "1661536030",
                        "attributes": {
                            "id": "1661536030",
                            "json": "{\n  \"Version\": \"2012-10-17\",\n  \"Statement\": [\n    {\n      \"Sid\": \"\",\n      \"Effect\": \"Allow\",\n      \"Action\": [\n        \"s3:PutObject\",\n        \"s3:ListBucket\",\n        \"s3:ListAllMyBuckets\",\n        \"s3:GetObjectAcl\",\n        \"s3:GetObject\",\n        \"s3:GetBucketLocation\",\n        \"s3:GetBucketAcl\",\n        \"s3:DeleteObject\"\n      ],\n      \"Resource\": [\n        \"arn:aws:s3:::akerl-hookshot/*\",\n        \"arn:aws:s3:::akerl-hookshot\"\n      ]\n    }\n  ]\n}",
                            "statement.#": "1",
                            "statement.0.actions.#": "8",
                            "statement.0.actions.2071725391": "s3:GetObject",
                            "statement.0.actions.2517836488": "s3:GetObjectAcl",
                            "statement.0.actions.3009670498": "s3:DeleteObject",
                            "statement.0.actions.315547055": "s3:PutObject",
                            "statement.0.actions.3948445924": "s3:GetBucketLocation",
                            "statement.0.actions.486976917": "s3:ListBucket",
                            "statement.0.actions.796062918": "s3:ListAllMyBuckets",
                            "statement.0.actions.845481387": "s3:GetBucketAcl",
                            "statement.0.condition.#": "0",
                            "statement.0.effect": "Allow",
                            "statement.0.not_actions.#": "0",
                            "statement.0.not_principals.#": "0",
                            "statement.0.not_resources.#": "0",
                            "statement.0.principals.#": "0",
                            "statement.0.resources.#": "2",
                            "statement.0.resources.1182834592": "arn:aws:s3:::akerl-hookshot",
                            "statement.0.resources.1243695331": "arn:aws:s3:::akerl-hookshot/*",
                            "statement.0.sid": ""
                        },
                        "meta": {},
                        "tainted": false
                    },
                    "deposed": [],
                    "provider": "provider.aws"
                }
            },
            "depends_on": []
        },
        {
            "path": [
                "root",
                "akerl-keys",
                "s3-website"
            ],
            "outputs": {
                "cloudfront-zone-id": {
                    "sensitive": false,
                    "type": "string",
                    "value": "Z2FDTNDATAQYW2"
                },
                "redirect-dns-name": {
                    "sensitive": false,
                    "type": "string",
                    "value": "d3u2jxepqb02jo.cloudfront.net"
                },
                "site-dns-name": {
                    "sensitive": false,
                    "type": "string",
                    "value": "d2jsdnv6ibvxye.cloudfront.net"
                }
            },
            "resources": {
                "aws_cloudfront_distribution.redirect_distribution": {
                    "type": "aws_cloudfront_distribution",
                    "depends_on": [
                        "aws_s3_bucket.redirect-bucket",
                        "module.certificate"
                    ],
                    "primary": {
                        "id": "EYWWNI754YQ4N",
                        "attributes": {
                            "active_trusted_signers.%": "2",
                            "active_trusted_signers.enabled": "false",
                            "active_trusted_signers.items.#": "0",
                            "aliases.#": "0",
                            "arn": "arn:aws:cloudfront::764218738161:distribution/EYWWNI754YQ4N",
                            "cache_behavior.#": "0",
                            "caller_reference": "2017-11-11T13:25:14.097271478-05:00",
                            "custom_error_response.#": "0",
                            "default_cache_behavior.#": "1",
                            "default_cache_behavior.2219766909.allowed_methods.#": "2",
                            "default_cache_behavior.2219766909.allowed_methods.0": "HEAD",
                            "default_cache_behavior.2219766909.allowed_methods.1": "GET",
                            "default_cache_behavior.2219766909.cached_methods.#": "2",
                            "default_cache_behavior.2219766909.cached_methods.0": "HEAD",
                            "default_cache_behavior.2219766909.cached_methods.1": "GET",
                            "default_cache_behavior.2219766909.compress": "true",
                            "default_cache_behavior.2219766909.default_ttl": "300",
                            "default_cache_behavior.2219766909.field_level_encryption_id": "",
                            "default_cache_behavior.2219766909.forwarded_values.#": "1",
                            "default_cache_behavior.2219766909.forwarded_values.2759845635.cookies.#": "1",
                            "default_cache_behavior.2219766909.forwarded_values.2759845635.cookies.2625240281.forward": "none",
                            "default_cache_behavior.2219766909.forwarded_values.2759845635.cookies.2625240281.whitelisted_names.#": "0",
                            "default_cache_behavior.2219766909.forwarded_values.2759845635.headers.#": "0",
                            "default_cache_behavior.2219766909.forwarded_values.2759845635.query_string": "false",
                            "default_cache_behavior.2219766909.forwarded_values.2759845635.query_string_cache_keys.#": "0",
                            "default_cache_behavior.2219766909.lambda_function_association.#": "0",
                            "default_cache_behavior.2219766909.max_ttl": "300",
                            "default_cache_behavior.2219766909.min_ttl": "0",
                            "default_cache_behavior.2219766909.smooth_streaming": "false",
                            "default_cache_behavior.2219766909.target_origin_id": "redirect-bucket",
                            "default_cache_behavior.2219766909.trusted_signers.#": "0",
                            "default_cache_behavior.2219766909.viewer_protocol_policy": "redirect-to-https",
                            "default_root_object": "",
                            "domain_name": "d3u2jxepqb02jo.cloudfront.net",
                            "enabled": "true",
                            "etag": "E2QLW6AZ1CI85Z",
                            "hosted_zone_id": "Z2FDTNDATAQYW2",
                            "http_version": "http2",
                            "id": "EYWWNI754YQ4N",
                            "in_progress_validation_batches": "0",
                            "is_ipv6_enabled": "false",
                            "last_modified_time": "2018-02-27 06:33:15.967 +0000 UTC",
                            "logging_config.#": "1",
                            "logging_config.917373350.bucket": "akerl-s3-logs.s3.amazonaws.com",
                            "logging_config.917373350.include_cookies": "false",
                            "logging_config.917373350.prefix": "akerl-keys-redirect-cdn",
                            "origin.#": "1",
                            "origin.3103650474.custom_header.#": "0",
                            "origin.3103650474.custom_origin_config.#": "1",
                            "origin.3103650474.custom_origin_config.2335875933.http_port": "80",
                            "origin.3103650474.custom_origin_config.2335875933.https_port": "443",
                            "origin.3103650474.custom_origin_config.2335875933.origin_keepalive_timeout": "5",
                            "origin.3103650474.custom_origin_config.2335875933.origin_protocol_policy": "http-only",
                            "origin.3103650474.custom_origin_config.2335875933.origin_read_timeout": "30",
                            "origin.3103650474.custom_origin_config.2335875933.origin_ssl_protocols.#": "1",
                            "origin.3103650474.custom_origin_config.2335875933.origin_ssl_protocols.0": "TLSv1.2",
                            "origin.3103650474.domain_name": "akerl-keys-redirect.s3-website-us-east-1.amazonaws.com",
                            "origin.3103650474.origin_id": "redirect-bucket",
                            "origin.3103650474.origin_path": "",
                            "origin.3103650474.s3_origin_config.#": "0",
                            "price_class": "PriceClass_100",
                            "restrictions.#": "1",
                            "restrictions.1097372288.geo_restriction.#": "1",
                            "restrictions.1097372288.geo_restriction.2625240281.locations.#": "0",
                            "restrictions.1097372288.geo_restriction.2625240281.restriction_type": "none",
                            "retain_on_delete": "false",
                            "status": "Deployed",
                            "tags.%": "0",
                            "viewer_certificate.#": "1",
                            "viewer_certificate.279844115.acm_certificate_arn": "arn:aws:acm:us-east-1:764218738161:certificate/baf6e96a-3ab3-4825-99e3-3187b3f1b01a",
                            "viewer_certificate.279844115.cloudfront_default_certificate": "false",
                            "viewer_certificate.279844115.iam_certificate_id": "",
                            "viewer_certificate.279844115.minimum_protocol_version": "TLSv1.2_2018",
                            "viewer_certificate.279844115.ssl_support_method": "sni-only",
                            "web_acl_id": ""
                        },
                        "meta": {},
                        "tainted": false
                    },
                    "deposed": [],
                    "provider": "provider.aws"
                },
                "aws_cloudfront_distribution.site_distribution": {
                    "type": "aws_cloudfront_distribution",
                    "depends_on": [
                        "aws_s3_bucket.file-bucket",
                        "module.certificate"
                    ],
                    "primary": {
                        "id": "E34E4JXRSUAG4U",
                        "attributes": {
                            "active_trusted_signers.%": "2",
                            "active_trusted_signers.enabled": "false",
                            "active_trusted_signers.items.#": "0",
                            "aliases.#": "1",
                            "aliases.4079350237": "id-ed25519.pub",
                            "arn": "arn:aws:cloudfront::764218738161:distribution/E34E4JXRSUAG4U",
                            "cache_behavior.#": "0",
                            "caller_reference": "2017-11-11T13:29:28.305797599-05:00",
                            "custom_error_response.#": "0",
                            "default_cache_behavior.#": "1",
                            "default_cache_behavior.3424070059.allowed_methods.#": "2",
                            "default_cache_behavior.3424070059.allowed_methods.0": "HEAD",
                            "default_cache_behavior.3424070059.allowed_methods.1": "GET",
                            "default_cache_behavior.3424070059.cached_methods.#": "2",
                            "default_cache_behavior.3424070059.cached_methods.0": "HEAD",
                            "default_cache_behavior.3424070059.cached_methods.1": "GET",
                            "default_cache_behavior.3424070059.compress": "true",
                            "default_cache_behavior.3424070059.default_ttl": "0",
                            "default_cache_behavior.3424070059.field_level_encryption_id": "",
                            "default_cache_behavior.3424070059.forwarded_values.#": "1",
                            "default_cache_behavior.3424070059.forwarded_values.2759845635.cookies.#": "1",
                            "default_cache_behavior.3424070059.forwarded_values.2759845635.cookies.2625240281.forward": "none",
                            "default_cache_behavior.3424070059.forwarded_values.2759845635.cookies.2625240281.whitelisted_names.#": "0",
                            "default_cache_behavior.3424070059.forwarded_values.2759845635.headers.#": "0",
                            "default_cache_behavior.3424070059.forwarded_values.2759845635.query_string": "false",
                            "default_cache_behavior.3424070059.forwarded_values.2759845635.query_string_cache_keys.#": "0",
                            "default_cache_behavior.3424070059.lambda_function_association.#": "0",
                            "default_cache_behavior.3424070059.max_ttl": "300",
                            "default_cache_behavior.3424070059.min_ttl": "0",
                            "default_cache_behavior.3424070059.smooth_streaming": "false",
                            "default_cache_behavior.3424070059.target_origin_id": "site-bucket",
                            "default_cache_behavior.3424070059.trusted_signers.#": "0",
                            "default_cache_behavior.3424070059.viewer_protocol_policy": "redirect-to-https",
                            "default_root_object": "index.html",
                            "domain_name": "d2jsdnv6ibvxye.cloudfront.net",
                            "enabled": "true",
                            "etag": "E2541HMBXAVYVZ",
                            "hosted_zone_id": "Z2FDTNDATAQYW2",
                            "http_version": "http2",
                            "id": "E34E4JXRSUAG4U",
                            "in_progress_validation_batches": "0",
                            "is_ipv6_enabled": "false",
                            "last_modified_time": "2018-02-27 06:33:15.974 +0000 UTC",
                            "logging_config.#": "1",
                            "logging_config.767309606.bucket": "akerl-s3-logs.s3.amazonaws.com",
                            "logging_config.767309606.include_cookies": "false",
                            "logging_config.767309606.prefix": "akerl-keys-cdn/",
                            "origin.#": "1",
                            "origin.405906158.custom_header.#": "0",
                            "origin.405906158.custom_origin_config.#": "1",
                            "origin.405906158.custom_origin_config.2335875933.http_port": "80",
                            "origin.405906158.custom_origin_config.2335875933.https_port": "443",
                            "origin.405906158.custom_origin_config.2335875933.origin_keepalive_timeout": "5",
                            "origin.405906158.custom_origin_config.2335875933.origin_protocol_policy": "http-only",
                            "origin.405906158.custom_origin_config.2335875933.origin_read_timeout": "30",
                            "origin.405906158.custom_origin_config.2335875933.origin_ssl_protocols.#": "1",
                            "origin.405906158.custom_origin_config.2335875933.origin_ssl_protocols.0": "TLSv1.2",
                            "origin.405906158.domain_name": "akerl-keys.s3-website-us-east-1.amazonaws.com",
                            "origin.405906158.origin_id": "site-bucket",
                            "origin.405906158.origin_path": "",
                            "origin.405906158.s3_origin_config.#": "0",
                            "price_class": "PriceClass_100",
                            "restrictions.#": "1",
                            "restrictions.1097372288.geo_restriction.#": "1",
                            "restrictions.1097372288.geo_restriction.2625240281.locations.#": "0",
                            "restrictions.1097372288.geo_restriction.2625240281.restriction_type": "none",
                            "retain_on_delete": "false",
                            "status": "Deployed",
                            "tags.%": "0",
                            "viewer_certificate.#": "1",
                            "viewer_certificate.279844115.acm_certificate_arn": "arn:aws:acm:us-east-1:764218738161:certificate/baf6e96a-3ab3-4825-99e3-3187b3f1b01a",
                            "viewer_certificate.279844115.cloudfront_default_certificate": "false",
                            "viewer_certificate.279844115.iam_certificate_id": "",
                            "viewer_certificate.279844115.minimum_protocol_version": "TLSv1.2_2018",
                            "viewer_certificate.279844115.ssl_support_method": "sni-only",
                            "web_acl_id": ""
                        },
                        "meta": {},
                        "tainted": false
                    },
                    "deposed": [],
                    "provider": "provider.aws"
                },
                "aws_s3_bucket.file-bucket": {
                    "type": "aws_s3_bucket",
                    "depends_on": [
                        "data.aws_iam_policy_document.site-bucket-read-access"
                    ],
                    "primary": {
                        "id": "akerl-keys",
                        "attributes": {
                            "acceleration_status": "",
                            "acl": "private",
                            "arn": "arn:aws:s3:::akerl-keys",
                            "bucket": "akerl-keys",
                            "bucket_domain_name": "akerl-keys.s3.amazonaws.com",
                            "force_destroy": "false",
                            "hosted_zone_id": "Z3AQBSTGFYJSTF",
                            "id": "akerl-keys",
                            "logging.#": "1",
                            "logging.3303343396.target_bucket": "akerl-s3-logs",
                            "logging.3303343396.target_prefix": "akerl-keys/",
                            "policy": "{\"Statement\":[{\"Action\":\"s3:GetObject\",\"Effect\":\"Allow\",\"Principal\":{\"AWS\":\"*\"},\"Resource\":\"arn:aws:s3:::akerl-keys/*\",\"Sid\":\"\"}],\"Version\":\"2012-10-17\"}",
                            "region": "us-east-1",
                            "replication_configuration.#": "0",
                            "request_payer": "BucketOwner",
                            "server_side_encryption_configuration.#": "0",
                            "tags.%": "0",
                            "versioning.#": "1",
                            "versioning.0.enabled": "true",
                            "versioning.0.mfa_delete": "false",
                            "website.#": "1",
                            "website.0.error_document": "404.html",
                            "website.0.index_document": "index.html",
                            "website.0.redirect_all_requests_to": "",
                            "website.0.routing_rules": "",
                            "website_domain": "s3-website-us-east-1.amazonaws.com",
                            "website_endpoint": "akerl-keys.s3-website-us-east-1.amazonaws.com"
                        },
                        "meta": {},
                        "tainted": false
                    },
                    "deposed": [],
                    "provider": "provider.aws"
                },
                "aws_s3_bucket.redirect-bucket": {
                    "type": "aws_s3_bucket",
                    "depends_on": [
                        "data.aws_iam_policy_document.redirect-bucket-read-access"
                    ],
                    "primary": {
                        "id": "akerl-keys-redirect",
                        "attributes": {
                            "acceleration_status": "",
                            "acl": "private",
                            "arn": "arn:aws:s3:::akerl-keys-redirect",
                            "bucket": "akerl-keys-redirect",
                            "bucket_domain_name": "akerl-keys-redirect.s3.amazonaws.com",
                            "force_destroy": "false",
                            "hosted_zone_id": "Z3AQBSTGFYJSTF",
                            "id": "akerl-keys-redirect",
                            "logging.#": "1",
                            "logging.3700274017.target_bucket": "akerl-s3-logs",
                            "logging.3700274017.target_prefix": "akerl-keys-redirect/",
                            "policy": "{\"Statement\":[{\"Action\":\"s3:GetObject\",\"Effect\":\"Allow\",\"Principal\":{\"AWS\":\"*\"},\"Resource\":\"arn:aws:s3:::akerl-keys-redirect/*\",\"Sid\":\"\"}],\"Version\":\"2012-10-17\"}",
                            "region": "us-east-1",
                            "replication_configuration.#": "0",
                            "request_payer": "BucketOwner",
                            "server_side_encryption_configuration.#": "0",
                            "tags.%": "0",
                            "versioning.#": "1",
                            "versioning.0.enabled": "true",
                            "versioning.0.mfa_delete": "false",
                            "website.#": "1",
                            "website.0.error_document": "",
                            "website.0.index_document": "",
                            "website.0.redirect_all_requests_to": "https://id-ed25519.pub",
                            "website.0.routing_rules": "",
                            "website_domain": "s3-website-us-east-1.amazonaws.com",
                            "website_endpoint": "akerl-keys-redirect.s3-website-us-east-1.amazonaws.com"
                        },
                        "meta": {},
                        "tainted": false
                    },
                    "deposed": [],
                    "provider": "provider.aws"
                },
                "data.aws_iam_policy_document.redirect-bucket-read-access": {
                    "type": "aws_iam_policy_document",
                    "depends_on": [],
                    "primary": {
                        "id": "3618529637",
                        "attributes": {
                            "id": "3618529637",
                            "json": "{\n  \"Version\": \"2012-10-17\",\n  \"Statement\": [\n    {\n      \"Sid\": \"\",\n      \"Effect\": \"Allow\",\n      \"Action\": \"s3:GetObject\",\n      \"Resource\": \"arn:aws:s3:::akerl-keys-redirect/*\",\n      \"Principal\": {\n        \"AWS\": \"*\"\n      }\n    }\n  ]\n}",
                            "statement.#": "1",
                            "statement.0.actions.#": "1",
                            "statement.0.actions.2071725391": "s3:GetObject",
                            "statement.0.condition.#": "0",
                            "statement.0.effect": "Allow",
                            "statement.0.not_actions.#": "0",
                            "statement.0.not_principals.#": "0",
                            "statement.0.not_resources.#": "0",
                            "statement.0.principals.#": "1",
                            "statement.0.principals.636693895.identifiers.#": "1",
                            "statement.0.principals.636693895.identifiers.2679715827": "*",
                            "statement.0.principals.636693895.type": "AWS",
                            "statement.0.resources.#": "1",
                            "statement.0.resources.3328157262": "arn:aws:s3:::akerl-keys-redirect/*",
                            "statement.0.sid": ""
                        },
                        "meta": {},
                        "tainted": false
                    },
                    "deposed": [],
                    "provider": "provider.aws"
                },
                "data.aws_iam_policy_document.site-bucket-read-access": {
                    "type": "aws_iam_policy_document",
                    "depends_on": [],
                    "primary": {
                        "id": "3679657030",
                        "attributes": {
                            "id": "3679657030",
                            "json": "{\n  \"Version\": \"2012-10-17\",\n  \"Statement\": [\n    {\n      \"Sid\": \"\",\n      \"Effect\": \"Allow\",\n      \"Action\": \"s3:GetObject\",\n      \"Resource\": \"arn:aws:s3:::akerl-keys/*\",\n      \"Principal\": {\n        \"AWS\": \"*\"\n      }\n    }\n  ]\n}",
                            "statement.#": "1",
                            "statement.0.actions.#": "1",
                            "statement.0.actions.2071725391": "s3:GetObject",
                            "statement.0.condition.#": "0",
                            "statement.0.effect": "Allow",
                            "statement.0.not_actions.#": "0",
                            "statement.0.not_principals.#": "0",
                            "statement.0.not_resources.#": "0",
                            "statement.0.principals.#": "1",
                            "statement.0.principals.636693895.identifiers.#": "1",
                            "statement.0.principals.636693895.identifiers.2679715827": "*",
                            "statement.0.principals.636693895.type": "AWS",
                            "statement.0.resources.#": "1",
                            "statement.0.resources.101615626": "arn:aws:s3:::akerl-keys/*",
                            "statement.0.sid": ""
                        },
                        "meta": {},
                        "tainted": false
                    },
                    "deposed": [],
                    "provider": "provider.aws"
                }
            },
            "depends_on": []
        },
        {
            "path": [
                "root",
                "akerl-madlibrarian",
                "publish-user"
            ],
            "outputs": {},
            "resources": {
                "aws_iam_user.circleci": {
                    "type": "aws_iam_user",
                    "depends_on": [],
                    "primary": {
                        "id": "circleci-akerl-madlibrarian",
                        "attributes": {
                            "arn": "arn:aws:iam::764218738161:user/circleci-akerl-madlibrarian",
                            "force_destroy": "false",
                            "id": "circleci-akerl-madlibrarian",
                            "name": "circleci-akerl-madlibrarian",
                            "path": "/",
                            "unique_id": "AIDAISS2LQ5Y3F4CHFYJO"
                        },
                        "meta": {},
                        "tainted": false
                    },
                    "deposed": [],
                    "provider": "provider.aws"
                },
                "aws_iam_user_policy.s3_publish": {
                    "type": "aws_iam_user_policy",
                    "depends_on": [
                        "aws_iam_user.circleci",
                        "data.aws_iam_policy_document.publish"
                    ],
                    "primary": {
                        "id": "circleci-akerl-madlibrarian:s3_publish",
                        "attributes": {
                            "id": "circleci-akerl-madlibrarian:s3_publish",
                            "name": "s3_publish",
                            "policy": "{\n  \"Version\": \"2012-10-17\",\n  \"Statement\": [\n    {\n      \"Sid\": \"\",\n      \"Effect\": \"Allow\",\n      \"Action\": [\n        \"s3:PutObject\",\n        \"s3:ListBucket\",\n        \"s3:ListAllMyBuckets\",\n        \"s3:GetObjectAcl\",\n        \"s3:GetObject\",\n        \"s3:GetBucketLocation\",\n        \"s3:GetBucketAcl\",\n        \"s3:DeleteObject\"\n      ],\n      \"Resource\": [\n        \"arn:aws:s3:::akerl-madlibrarian/*\",\n        \"arn:aws:s3:::akerl-madlibrarian\"\n      ]\n    }\n  ]\n}",
                            "user": "circleci-akerl-madlibrarian"
                        },
                        "meta": {},
                        "tainted": false
                    },
                    "deposed": [],
                    "provider": "provider.aws"
                },
                "aws_s3_bucket.publish-bucket": {
                    "type": "aws_s3_bucket",
                    "depends_on": [],
                    "primary": {
                        "id": "akerl-madlibrarian",
                        "attributes": {
                            "acceleration_status": "",
                            "acl": "private",
                            "arn": "arn:aws:s3:::akerl-madlibrarian",
                            "bucket": "akerl-madlibrarian",
                            "bucket_domain_name": "akerl-madlibrarian.s3.amazonaws.com",
                            "force_destroy": "false",
                            "hosted_zone_id": "Z3AQBSTGFYJSTF",
                            "id": "akerl-madlibrarian",
                            "logging.#": "1",
                            "logging.2451268696.target_bucket": "akerl-s3-logs",
                            "logging.2451268696.target_prefix": "akerl-madlibrarian/",
                            "region": "us-east-1",
                            "replication_configuration.#": "0",
                            "request_payer": "BucketOwner",
                            "server_side_encryption_configuration.#": "0",
                            "tags.%": "0",
                            "versioning.#": "1",
                            "versioning.0.enabled": "true",
                            "versioning.0.mfa_delete": "false",
                            "website.#": "0"
                        },
                        "meta": {},
                        "tainted": false
                    },
                    "deposed": [],
                    "provider": "provider.aws"
                },
                "awscreds_iam_access_key.circleci-key": {
                    "type": "awscreds_iam_access_key",
                    "depends_on": [
                        "aws_iam_user.circleci"
                    ],
                    "primary": {
                        "id": "AKIAJZMX3RBLRBV6CA6Q",
                        "attributes": {
                            "file": "creds/circleci-akerl-madlibrarian",
                            "id": "AKIAJZMX3RBLRBV6CA6Q",
                            "secret": "",
                            "ses_smtp_password": "",
                            "status": "Active",
                            "user": "circleci-akerl-madlibrarian"
                        },
                        "meta": {},
                        "tainted": false
                    },
                    "deposed": [],
                    "provider": "provider.awscreds"
                },
                "data.aws_iam_policy_document.publish": {
                    "type": "aws_iam_policy_document",
                    "depends_on": [],
                    "primary": {
                        "id": "270864480",
                        "attributes": {
                            "id": "270864480",
                            "json": "{\n  \"Version\": \"2012-10-17\",\n  \"Statement\": [\n    {\n      \"Sid\": \"\",\n      \"Effect\": \"Allow\",\n      \"Action\": [\n        \"s3:PutObject\",\n        \"s3:ListBucket\",\n        \"s3:ListAllMyBuckets\",\n        \"s3:GetObjectAcl\",\n        \"s3:GetObject\",\n        \"s3:GetBucketLocation\",\n        \"s3:GetBucketAcl\",\n        \"s3:DeleteObject\"\n      ],\n      \"Resource\": [\n        \"arn:aws:s3:::akerl-madlibrarian/*\",\n        \"arn:aws:s3:::akerl-madlibrarian\"\n      ]\n    }\n  ]\n}",
                            "statement.#": "1",
                            "statement.0.actions.#": "8",
                            "statement.0.actions.2071725391": "s3:GetObject",
                            "statement.0.actions.2517836488": "s3:GetObjectAcl",
                            "statement.0.actions.3009670498": "s3:DeleteObject",
                            "statement.0.actions.315547055": "s3:PutObject",
                            "statement.0.actions.3948445924": "s3:GetBucketLocation",
                            "statement.0.actions.486976917": "s3:ListBucket",
                            "statement.0.actions.796062918": "s3:ListAllMyBuckets",
                            "statement.0.actions.845481387": "s3:GetBucketAcl",
                            "statement.0.condition.#": "0",
                            "statement.0.effect": "Allow",
                            "statement.0.not_actions.#": "0",
                            "statement.0.not_principals.#": "0",
                            "statement.0.not_resources.#": "0",
                            "statement.0.principals.#": "0",
                            "statement.0.resources.#": "2",
                            "statement.0.resources.1469511721": "arn:aws:s3:::akerl-madlibrarian/*",
                            "statement.0.resources.3861811104": "arn:aws:s3:::akerl-madlibrarian",
                            "statement.0.sid": ""
                        },
                        "meta": {},
                        "tainted": false
                    },
                    "deposed": [],
                    "provider": "provider.aws"
                }
            },
            "depends_on": []
        },
        {
            "path": [
                "root",
                "akerl-quote-auth",
                "github-auth"
            ],
            "outputs": {
                "dns-name": {
                    "sensitive": false,
                    "type": "string",
                    "value": "d29lidrr0hbii1.cloudfront.net"
                }
            },
            "resources": {
                "aws_api_gateway_base_path_mapping.mapping": {
                    "type": "aws_api_gateway_base_path_mapping",
                    "depends_on": [
                        "aws_api_gateway_deployment.deployment",
                        "aws_api_gateway_domain_name.domain",
                        "aws_api_gateway_rest_api.api"
                    ],
                    "primary": {
                        "id": "auth.coolquotes.xyz/",
                        "attributes": {
                            "api_id": "1zp35bum6d",
                            "base_path": "",
                            "domain_name": "auth.coolquotes.xyz",
                            "id": "auth.coolquotes.xyz/",
                            "stage_name": "prod"
                        },
                        "meta": {},
                        "tainted": false
                    },
                    "deposed": [],
                    "provider": "provider.aws"
                },
                "aws_api_gateway_deployment.deployment": {
                    "type": "aws_api_gateway_deployment",
                    "depends_on": [
                        "aws_api_gateway_integration.integration",
                        "aws_api_gateway_integration.root_integration",
                        "aws_api_gateway_method.method",
                        "aws_api_gateway_method.root_method",
                        "aws_api_gateway_resource.resource",
                        "aws_api_gateway_rest_api.api"
                    ],
                    "primary": {
                        "id": "tervsp",
                        "attributes": {
                            "created_date": "2018-05-09T23:40:30Z",
                            "description": "",
                            "execution_arn": "arn:aws:execute-api:us-east-1:764218738161:1zp35bum6d/prod",
                            "id": "tervsp",
                            "invoke_url": "https://1zp35bum6d.execute-api.us-east-1.amazonaws.com/prod",
                            "rest_api_id": "1zp35bum6d",
                            "stage_name": "prod",
                            "variables.%": "1",
                            "variables.bucket": "akerl-quote-auth"
                        },
                        "meta": {},
                        "tainted": false
                    },
                    "deposed": [],
                    "provider": "provider.aws"
                },
                "aws_api_gateway_domain_name.domain": {
                    "type": "aws_api_gateway_domain_name",
                    "depends_on": [
                        "module.certificate"
                    ],
                    "primary": {
                        "id": "auth.coolquotes.xyz",
                        "attributes": {
                            "certificate_arn": "arn:aws:acm:us-east-1:764218738161:certificate/18b468bf-84c5-4264-b887-434f9fa29d40",
                            "certificate_name": "",
                            "certificate_upload_date": "2018-05-09T23:40:34Z",
                            "cloudfront_domain_name": "d29lidrr0hbii1.cloudfront.net",
                            "cloudfront_zone_id": "Z2FDTNDATAQYW2",
                            "domain_name": "auth.coolquotes.xyz",
                            "id": "auth.coolquotes.xyz"
                        },
                        "meta": {},
                        "tainted": false
                    },
                    "deposed": [],
                    "provider": "provider.aws"
                },
                "aws_api_gateway_integration.integration": {
                    "type": "aws_api_gateway_integration",
                    "depends_on": [
                        "aws_api_gateway_method.method",
                        "aws_api_gateway_resource.resource",
                        "aws_api_gateway_rest_api.api",
                        "aws_lambda_function.github-auth-lambda"
                    ],
                    "primary": {
                        "id": "agi-1zp35bum6d-yy2p10-ANY",
                        "attributes": {
                            "cache_key_parameters.#": "0",
                            "cache_namespace": "yy2p10",
                            "connection_id": "",
                            "connection_type": "INTERNET",
                            "http_method": "ANY",
                            "id": "agi-1zp35bum6d-yy2p10-ANY",
                            "integration_http_method": "POST",
                            "passthrough_behavior": "WHEN_NO_MATCH",
                            "request_parameters.%": "0",
                            "request_templates.%": "0",
                            "resource_id": "yy2p10",
                            "rest_api_id": "1zp35bum6d",
                            "type": "AWS_PROXY",
                            "uri": "arn:aws:apigateway:us-east-1:lambda:path/2015-03-31/functions/arn:aws:lambda:us-east-1:764218738161:function:github-auth-lambda_akerl-quote-auth/invocations"
                        },
                        "meta": {},
                        "tainted": false
                    },
                    "deposed": [],
                    "provider": "provider.aws"
                },
                "aws_api_gateway_integration.root_integration": {
                    "type": "aws_api_gateway_integration",
                    "depends_on": [
                        "aws_api_gateway_method.method",
                        "aws_api_gateway_rest_api.api",
                        "aws_lambda_function.github-auth-lambda"
                    ],
                    "primary": {
                        "id": "agi-1zp35bum6d-g5vmvw4eh6-ANY",
                        "attributes": {
                            "cache_key_parameters.#": "0",
                            "cache_namespace": "g5vmvw4eh6",
                            "connection_id": "",
                            "connection_type": "INTERNET",
                            "http_method": "ANY",
                            "id": "agi-1zp35bum6d-g5vmvw4eh6-ANY",
                            "integration_http_method": "POST",
                            "passthrough_behavior": "WHEN_NO_MATCH",
                            "request_parameters.%": "0",
                            "request_templates.%": "0",
                            "resource_id": "g5vmvw4eh6",
                            "rest_api_id": "1zp35bum6d",
                            "type": "AWS_PROXY",
                            "uri": "arn:aws:apigateway:us-east-1:lambda:path/2015-03-31/functions/arn:aws:lambda:us-east-1:764218738161:function:github-auth-lambda_akerl-quote-auth/invocations"
                        },
                        "meta": {},
                        "tainted": false
                    },
                    "deposed": [],
                    "provider": "provider.aws"
                },
                "aws_api_gateway_method.method": {
                    "type": "aws_api_gateway_method",
                    "depends_on": [
                        "aws_api_gateway_resource.resource",
                        "aws_api_gateway_rest_api.api"
                    ],
                    "primary": {
                        "id": "agm-1zp35bum6d-yy2p10-ANY",
                        "attributes": {
                            "api_key_required": "false",
                            "authorization": "NONE",
                            "authorizer_id": "",
                            "http_method": "ANY",
                            "id": "agm-1zp35bum6d-yy2p10-ANY",
                            "request_models.%": "0",
                            "request_parameters.%": "0",
                            "request_validator_id": "",
                            "resource_id": "yy2p10",
                            "rest_api_id": "1zp35bum6d"
                        },
                        "meta": {},
                        "tainted": false
                    },
                    "deposed": [],
                    "provider": "provider.aws"
                },
                "aws_api_gateway_method.root_method": {
                    "type": "aws_api_gateway_method",
                    "depends_on": [
                        "aws_api_gateway_rest_api.api"
                    ],
                    "primary": {
                        "id": "agm-1zp35bum6d-g5vmvw4eh6-ANY",
                        "attributes": {
                            "api_key_required": "false",
                            "authorization": "NONE",
                            "authorizer_id": "",
                            "http_method": "ANY",
                            "id": "agm-1zp35bum6d-g5vmvw4eh6-ANY",
                            "request_models.%": "0",
                            "request_parameters.%": "0",
                            "request_validator_id": "",
                            "resource_id": "g5vmvw4eh6",
                            "rest_api_id": "1zp35bum6d"
                        },
                        "meta": {},
                        "tainted": false
                    },
                    "deposed": [],
                    "provider": "provider.aws"
                },
                "aws_api_gateway_method_settings.settings": {
                    "type": "aws_api_gateway_method_settings",
                    "depends_on": [
                        "aws_api_gateway_deployment.deployment",
                        "aws_api_gateway_rest_api.api"
                    ],
                    "primary": {
                        "id": "1zp35bum6d-prod-*/*",
                        "attributes": {
                            "id": "1zp35bum6d-prod-*/*",
                            "method_path": "*/*",
                            "rest_api_id": "1zp35bum6d",
                            "settings.#": "1",
                            "settings.0.cache_data_encrypted": "false",
                            "settings.0.cache_ttl_in_seconds": "0",
                            "settings.0.caching_enabled": "false",
                            "settings.0.data_trace_enabled": "false",
                            "settings.0.logging_level": "INFO",
                            "settings.0.metrics_enabled": "true",
                            "settings.0.require_authorization_for_cache_control": "false",
                            "settings.0.throttling_burst_limit": "0",
                            "settings.0.throttling_rate_limit": "0",
                            "settings.0.unauthorized_cache_control_header_strategy": "",
                            "stage_name": "prod"
                        },
                        "meta": {},
                        "tainted": false
                    },
                    "deposed": [],
                    "provider": "provider.aws"
                },
                "aws_api_gateway_resource.resource": {
                    "type": "aws_api_gateway_resource",
                    "depends_on": [
                        "aws_api_gateway_rest_api.api"
                    ],
                    "primary": {
                        "id": "yy2p10",
                        "attributes": {
                            "id": "yy2p10",
                            "parent_id": "g5vmvw4eh6",
                            "path": "/{path+}",
                            "path_part": "{path+}",
                            "rest_api_id": "1zp35bum6d"
                        },
                        "meta": {},
                        "tainted": false
                    },
                    "deposed": [],
                    "provider": "provider.aws"
                },
                "aws_api_gateway_rest_api.api": {
                    "type": "aws_api_gateway_rest_api",
                    "depends_on": [],
                    "primary": {
                        "id": "1zp35bum6d",
                        "attributes": {
                            "binary_media_types.#": "0",
                            "created_date": "2018-05-09T23:40:28Z",
                            "description": "",
                            "execution_arn": "arn:aws:execute-api:us-east-1:764218738161:1zp35bum6d",
                            "id": "1zp35bum6d",
                            "minimum_compression_size": "-1",
                            "name": "github-auth-lambda-akerl-quote-auth",
                            "policy": "",
                            "root_resource_id": "g5vmvw4eh6"
                        },
                        "meta": {},
                        "tainted": false
                    },
                    "deposed": [],
                    "provider": "provider.aws"
                },
                "aws_iam_role.github-auth-lambda": {
                    "type": "aws_iam_role",
                    "depends_on": [
                        "data.aws_iam_policy_document.lambda_assume"
                    ],
                    "primary": {
                        "id": "github-auth-lambda_akerl-quote-auth",
                        "attributes": {
                            "arn": "arn:aws:iam::764218738161:role/github-auth-lambda_akerl-quote-auth",
                            "assume_role_policy": "{\"Version\":\"2012-10-17\",\"Statement\":[{\"Sid\":\"\",\"Effect\":\"Allow\",\"Principal\":{\"Service\":[\"lambda.amazonaws.com\",\"apigateway.amazonaws.com\"]},\"Action\":\"sts:AssumeRole\"}]}",
                            "create_date": "2018-03-01T05:43:28Z",
                            "force_detach_policies": "false",
                            "id": "github-auth-lambda_akerl-quote-auth",
                            "max_session_duration": "3600",
                            "name": "github-auth-lambda_akerl-quote-auth",
                            "path": "/",
                            "unique_id": "AROAIMMSVA7PHHA3UDOTK"
                        },
                        "meta": {},
                        "tainted": false
                    },
                    "deposed": [],
                    "provider": "provider.aws"
                },
                "aws_iam_role_policy.lambda_perms": {
                    "type": "aws_iam_role_policy",
                    "depends_on": [
                        "aws_iam_role.github-auth-lambda",
                        "data.aws_iam_policy_document.lambda_perms"
                    ],
                    "primary": {
                        "id": "github-auth-lambda_akerl-quote-auth:lambda_perms",
                        "attributes": {
                            "id": "github-auth-lambda_akerl-quote-auth:lambda_perms",
                            "name": "lambda_perms",
                            "policy": "{\n  \"Version\": \"2012-10-17\",\n  \"Statement\": [\n    {\n      \"Sid\": \"\",\n      \"Effect\": \"Allow\",\n      \"Action\": [\n        \"s3:ListBucket\",\n        \"s3:GetObject\"\n      ],\n      \"Resource\": [\n        \"arn:aws:s3:::akerl-quote-auth/*\",\n        \"arn:aws:s3:::akerl-quote-auth\"\n      ]\n    },\n    {\n      \"Sid\": \"\",\n      \"Effect\": \"Allow\",\n      \"Action\": [\n        \"logs:PutLogEvents\",\n        \"logs:CreateLogStream\",\n        \"logs:CreateLogGroup\"\n      ],\n      \"Resource\": \"arn:aws:logs:*:*:*\"\n    }\n  ]\n}",
                            "role": "github-auth-lambda_akerl-quote-auth"
                        },
                        "meta": {},
                        "tainted": false
                    },
                    "deposed": [],
                    "provider": "provider.aws"
                },
                "aws_lambda_function.github-auth-lambda": {
                    "type": "aws_lambda_function",
                    "depends_on": [
                        "aws_iam_role.github-auth-lambda"
                    ],
                    "primary": {
                        "id": "github-auth-lambda_akerl-quote-auth",
                        "attributes": {
                            "arn": "arn:aws:lambda:us-east-1:764218738161:function:github-auth-lambda_akerl-quote-auth",
                            "dead_letter_config.#": "0",
                            "description": "",
                            "environment.#": "1",
                            "environment.0.variables.%": "2",
                            "environment.0.variables.S3_BUCKET": "akerl-quote-auth",
                            "environment.0.variables.S3_KEY": "config.yaml",
                            "function_name": "github-auth-lambda_akerl-quote-auth",
                            "handler": "main",
                            "id": "github-auth-lambda_akerl-quote-auth",
                            "invoke_arn": "arn:aws:apigateway:us-east-1:lambda:path/2015-03-31/functions/arn:aws:lambda:us-east-1:764218738161:function:github-auth-lambda_akerl-quote-auth/invocations",
                            "kms_key_arn": "",
                            "last_modified": "2018-05-09T23:40:30.135+0000",
                            "memory_size": "128",
                            "publish": "false",
                            "qualified_arn": "arn:aws:lambda:us-east-1:764218738161:function:github-auth-lambda_akerl-quote-auth:$LATEST",
                            "reserved_concurrent_executions": "0",
                            "role": "arn:aws:iam::764218738161:role/github-auth-lambda_akerl-quote-auth",
                            "runtime": "go1.x",
                            "s3_bucket": "akerl-github-auth-lambda",
                            "s3_key": "lambdas/payload-0.0.5.zip",
                            "source_code_hash": "t6OSi0HBhuZDZjWRtXCwkSM1oXRNjRe8QNTrFzJfD78=",
                            "source_code_size": "4993662",
                            "tags.%": "0",
                            "timeout": "10",
                            "tracing_config.#": "1",
                            "tracing_config.0.mode": "PassThrough",
                            "version": "$LATEST",
                            "vpc_config.#": "0"
                        },
                        "meta": {},
                        "tainted": false
                    },
                    "deposed": [],
                    "provider": "provider.aws"
                },
                "aws_lambda_permission.allow_api_gateway": {
                    "type": "aws_lambda_permission",
                    "depends_on": [
                        "aws_api_gateway_rest_api.api",
                        "aws_lambda_function.github-auth-lambda",
                        "data.aws_caller_identity.current",
                        "data.aws_region.current"
                    ],
                    "primary": {
                        "id": "AllowExecutionFromApiGateway",
                        "attributes": {
                            "action": "lambda:InvokeFunction",
                            "function_name": "github-auth-lambda_akerl-quote-auth",
                            "id": "AllowExecutionFromApiGateway",
                            "principal": "apigateway.amazonaws.com",
                            "qualifier": "",
                            "source_arn": "arn:aws:execute-api:us-east-1:764218738161:1zp35bum6d/*",
                            "statement_id": "AllowExecutionFromApiGateway"
                        },
                        "meta": {},
                        "tainted": false
                    },
                    "deposed": [],
                    "provider": "provider.aws"
                },
                "data.aws_caller_identity.current": {
                    "type": "aws_caller_identity",
                    "depends_on": [],
                    "primary": {
                        "id": "2018-05-17 15:39:38.512319 +0000 UTC",
                        "attributes": {
                            "account_id": "764218738161",
                            "arn": "arn:aws:sts::764218738161:assumed-role/admin/akerl",
                            "id": "2018-05-17 15:39:38.512319 +0000 UTC",
                            "user_id": "AROAJGIBWVRCR3J55QVX6:akerl"
                        },
                        "meta": {},
                        "tainted": false
                    },
                    "deposed": [],
                    "provider": "provider.aws"
                },
                "data.aws_iam_policy_document.lambda_assume": {
                    "type": "aws_iam_policy_document",
                    "depends_on": [],
                    "primary": {
                        "id": "3127519745",
                        "attributes": {
                            "id": "3127519745",
                            "json": "{\n  \"Version\": \"2012-10-17\",\n  \"Statement\": [\n    {\n      \"Sid\": \"\",\n      \"Effect\": \"Allow\",\n      \"Action\": \"sts:AssumeRole\",\n      \"Principal\": {\n        \"Service\": [\n          \"lambda.amazonaws.com\",\n          \"apigateway.amazonaws.com\"\n        ]\n      }\n    }\n  ]\n}",
                            "statement.#": "1",
                            "statement.0.actions.#": "1",
                            "statement.0.actions.2528466339": "sts:AssumeRole",
                            "statement.0.condition.#": "0",
                            "statement.0.effect": "Allow",
                            "statement.0.not_actions.#": "0",
                            "statement.0.not_principals.#": "0",
                            "statement.0.not_resources.#": "0",
                            "statement.0.principals.#": "1",
                            "statement.0.principals.1632598396.identifiers.#": "2",
                            "statement.0.principals.1632598396.identifiers.1175233861": "apigateway.amazonaws.com",
                            "statement.0.principals.1632598396.identifiers.2638019528": "lambda.amazonaws.com",
                            "statement.0.principals.1632598396.type": "Service",
                            "statement.0.resources.#": "0",
                            "statement.0.sid": ""
                        },
                        "meta": {},
                        "tainted": false
                    },
                    "deposed": [],
                    "provider": "provider.aws"
                },
                "data.aws_iam_policy_document.lambda_perms": {
                    "type": "aws_iam_policy_document",
                    "depends_on": [],
                    "primary": {
                        "id": "2907632033",
                        "attributes": {
                            "id": "2907632033",
                            "json": "{\n  \"Version\": \"2012-10-17\",\n  \"Statement\": [\n    {\n      \"Sid\": \"\",\n      \"Effect\": \"Allow\",\n      \"Action\": [\n        \"s3:ListBucket\",\n        \"s3:GetObject\"\n      ],\n      \"Resource\": [\n        \"arn:aws:s3:::akerl-quote-auth/*\",\n        \"arn:aws:s3:::akerl-quote-auth\"\n      ]\n    },\n    {\n      \"Sid\": \"\",\n      \"Effect\": \"Allow\",\n      \"Action\": [\n        \"logs:PutLogEvents\",\n        \"logs:CreateLogStream\",\n        \"logs:CreateLogGroup\"\n      ],\n      \"Resource\": \"arn:aws:logs:*:*:*\"\n    }\n  ]\n}",
                            "statement.#": "2",
                            "statement.0.actions.#": "2",
                            "statement.0.actions.2071725391": "s3:GetObject",
                            "statement.0.actions.486976917": "s3:ListBucket",
                            "statement.0.condition.#": "0",
                            "statement.0.effect": "Allow",
                            "statement.0.not_actions.#": "0",
                            "statement.0.not_principals.#": "0",
                            "statement.0.not_resources.#": "0",
                            "statement.0.principals.#": "0",
                            "statement.0.resources.#": "2",
                            "statement.0.resources.3519045087": "arn:aws:s3:::akerl-quote-auth/*",
                            "statement.0.resources.4097607666": "arn:aws:s3:::akerl-quote-auth",
                            "statement.0.sid": "",
                            "statement.1.actions.#": "3",
                            "statement.1.actions.2809485102": "logs:CreateLogGroup",
                            "statement.1.actions.3285979848": "logs:CreateLogStream",
                            "statement.1.actions.39743051": "logs:PutLogEvents",
                            "statement.1.condition.#": "0",
                            "statement.1.effect": "Allow",
                            "statement.1.not_actions.#": "0",
                            "statement.1.not_principals.#": "0",
                            "statement.1.not_resources.#": "0",
                            "statement.1.principals.#": "0",
                            "statement.1.resources.#": "1",
                            "statement.1.resources.162423377": "arn:aws:logs:*:*:*",
                            "statement.1.sid": ""
                        },
                        "meta": {},
                        "tainted": false
                    },
                    "deposed": [],
                    "provider": "provider.aws"
                },
                "data.aws_region.current": {
                    "type": "aws_region",
                    "depends_on": [],
                    "primary": {
                        "id": "us-east-1",
                        "attributes": {
                            "current": "true",
                            "endpoint": "ec2.us-east-1.amazonaws.com",
                            "id": "us-east-1",
                            "name": "us-east-1"
                        },
                        "meta": {},
                        "tainted": false
                    },
                    "deposed": [],
                    "provider": "provider.aws"
                }
            },
            "depends_on": []
        },
        {
            "path": [
                "root",
                "akerl-sns-to-slack",
                "publish-user"
            ],
            "outputs": {},
            "resources": {
                "aws_iam_user.circleci": {
                    "type": "aws_iam_user",
                    "depends_on": [],
                    "primary": {
                        "id": "circleci-akerl-sns-to-slack",
                        "attributes": {
                            "arn": "arn:aws:iam::764218738161:user/circleci-akerl-sns-to-slack",
                            "force_destroy": "false",
                            "id": "circleci-akerl-sns-to-slack",
                            "name": "circleci-akerl-sns-to-slack",
                            "path": "/",
                            "unique_id": "AIDAIG2TV2KDCCVQPYVFA"
                        },
                        "meta": {},
                        "tainted": false
                    },
                    "deposed": [],
                    "provider": "provider.aws"
                },
                "aws_iam_user_policy.s3_publish": {
                    "type": "aws_iam_user_policy",
                    "depends_on": [
                        "aws_iam_user.circleci",
                        "data.aws_iam_policy_document.publish"
                    ],
                    "primary": {
                        "id": "circleci-akerl-sns-to-slack:s3_publish",
                        "attributes": {
                            "id": "circleci-akerl-sns-to-slack:s3_publish",
                            "name": "s3_publish",
                            "policy": "{\n  \"Version\": \"2012-10-17\",\n  \"Statement\": [\n    {\n      \"Sid\": \"\",\n      \"Effect\": \"Allow\",\n      \"Action\": [\n        \"s3:PutObject\",\n        \"s3:ListBucket\",\n        \"s3:ListAllMyBuckets\",\n        \"s3:GetObjectAcl\",\n        \"s3:GetObject\",\n        \"s3:GetBucketLocation\",\n        \"s3:GetBucketAcl\",\n        \"s3:DeleteObject\"\n      ],\n      \"Resource\": [\n        \"arn:aws:s3:::akerl-sns-to-slack/*\",\n        \"arn:aws:s3:::akerl-sns-to-slack\"\n      ]\n    }\n  ]\n}",
                            "user": "circleci-akerl-sns-to-slack"
                        },
                        "meta": {},
                        "tainted": false
                    },
                    "deposed": [],
                    "provider": "provider.aws"
                },
                "aws_s3_bucket.publish-bucket": {
                    "type": "aws_s3_bucket",
                    "depends_on": [],
                    "primary": {
                        "id": "akerl-sns-to-slack",
                        "attributes": {
                            "acceleration_status": "",
                            "acl": "private",
                            "arn": "arn:aws:s3:::akerl-sns-to-slack",
                            "bucket": "akerl-sns-to-slack",
                            "bucket_domain_name": "akerl-sns-to-slack.s3.amazonaws.com",
                            "force_destroy": "false",
                            "hosted_zone_id": "Z3AQBSTGFYJSTF",
                            "id": "akerl-sns-to-slack",
                            "logging.#": "1",
                            "logging.2368911637.target_bucket": "akerl-s3-logs",
                            "logging.2368911637.target_prefix": "akerl-sns-to-slack/",
                            "region": "us-east-1",
                            "replication_configuration.#": "0",
                            "request_payer": "BucketOwner",
                            "server_side_encryption_configuration.#": "0",
                            "tags.%": "0",
                            "versioning.#": "1",
                            "versioning.0.enabled": "true",
                            "versioning.0.mfa_delete": "false",
                            "website.#": "0"
                        },
                        "meta": {},
                        "tainted": false
                    },
                    "deposed": [],
                    "provider": "provider.aws"
                },
                "awscreds_iam_access_key.circleci-key": {
                    "type": "awscreds_iam_access_key",
                    "depends_on": [
                        "aws_iam_user.circleci"
                    ],
                    "primary": {
                        "id": "AKIAJH2GYEJEA2TUI62A",
                        "attributes": {
                            "file": "creds/circleci-akerl-sns-to-slack",
                            "id": "AKIAJH2GYEJEA2TUI62A",
                            "secret": "",
                            "ses_smtp_password": "",
                            "status": "Active",
                            "user": "circleci-akerl-sns-to-slack"
                        },
                        "meta": {},
                        "tainted": false
                    },
                    "deposed": [],
                    "provider": "provider.awscreds"
                },
                "data.aws_iam_policy_document.publish": {
                    "type": "aws_iam_policy_document",
                    "depends_on": [],
                    "primary": {
                        "id": "1520920586",
                        "attributes": {
                            "id": "1520920586",
                            "json": "{\n  \"Version\": \"2012-10-17\",\n  \"Statement\": [\n    {\n      \"Sid\": \"\",\n      \"Effect\": \"Allow\",\n      \"Action\": [\n        \"s3:PutObject\",\n        \"s3:ListBucket\",\n        \"s3:ListAllMyBuckets\",\n        \"s3:GetObjectAcl\",\n        \"s3:GetObject\",\n        \"s3:GetBucketLocation\",\n        \"s3:GetBucketAcl\",\n        \"s3:DeleteObject\"\n      ],\n      \"Resource\": [\n        \"arn:aws:s3:::akerl-sns-to-slack/*\",\n        \"arn:aws:s3:::akerl-sns-to-slack\"\n      ]\n    }\n  ]\n}",
                            "statement.#": "1",
                            "statement.0.actions.#": "8",
                            "statement.0.actions.2071725391": "s3:GetObject",
                            "statement.0.actions.2517836488": "s3:GetObjectAcl",
                            "statement.0.actions.3009670498": "s3:DeleteObject",
                            "statement.0.actions.315547055": "s3:PutObject",
                            "statement.0.actions.3948445924": "s3:GetBucketLocation",
                            "statement.0.actions.486976917": "s3:ListBucket",
                            "statement.0.actions.796062918": "s3:ListAllMyBuckets",
                            "statement.0.actions.845481387": "s3:GetBucketAcl",
                            "statement.0.condition.#": "0",
                            "statement.0.effect": "Allow",
                            "statement.0.not_actions.#": "0",
                            "statement.0.not_principals.#": "0",
                            "statement.0.not_resources.#": "0",
                            "statement.0.principals.#": "0",
                            "statement.0.resources.#": "2",
                            "statement.0.resources.1608838361": "arn:aws:s3:::akerl-sns-to-slack/*",
                            "statement.0.resources.359705715": "arn:aws:s3:::akerl-sns-to-slack",
                            "statement.0.sid": ""
                        },
                        "meta": {},
                        "tainted": false
                    },
                    "deposed": [],
                    "provider": "provider.aws"
                }
            },
            "depends_on": []
        },
        {
            "path": [
                "root",
                "akerl-wedding",
                "certificate"
            ],
            "outputs": {
                "arn": {
                    "sensitive": false,
                    "type": "string",
                    "value": "arn:aws:acm:us-east-1:764218738161:certificate/211021f7-0907-493d-90ef-f5a917440bb2"
                }
            },
            "resources": {
                "aws_acm_certificate.certificate": {
                    "type": "aws_acm_certificate",
                    "depends_on": [],
                    "primary": {
                        "id": "arn:aws:acm:us-east-1:764218738161:certificate/211021f7-0907-493d-90ef-f5a917440bb2",
                        "attributes": {
                            "arn": "arn:aws:acm:us-east-1:764218738161:certificate/211021f7-0907-493d-90ef-f5a917440bb2",
                            "domain_name": "happilyeveraker.com",
                            "domain_validation_options.#": "2",
                            "domain_validation_options.0.domain_name": "happilyeveraker.com",
                            "domain_validation_options.0.resource_record_name": "_844a2edc1c44f0acb82f796a02451b50.happilyeveraker.com.",
                            "domain_validation_options.0.resource_record_type": "CNAME",
                            "domain_validation_options.0.resource_record_value": "_ea31e595978e08bbf553e87305e89faf.acm-validations.aws.",
                            "domain_validation_options.1.domain_name": "www.happilyeveraker.com",
                            "domain_validation_options.1.resource_record_name": "_3a8ecc65f762ead24ac8ba9fd43a3dbf.www.happilyeveraker.com.",
                            "domain_validation_options.1.resource_record_type": "CNAME",
                            "domain_validation_options.1.resource_record_value": "_b28ffeb9a066748dc91a54c67ef9be3c.acm-validations.aws.",
                            "id": "arn:aws:acm:us-east-1:764218738161:certificate/211021f7-0907-493d-90ef-f5a917440bb2",
                            "subject_alternative_names.#": "1",
                            "subject_alternative_names.0": "www.happilyeveraker.com",
                            "tags.%": "0",
                            "validation_emails.#": "0",
                            "validation_method": "DNS"
                        },
                        "meta": {},
                        "tainted": false
                    },
                    "deposed": [],
                    "provider": "provider.aws"
                },
                "aws_acm_certificate_validation.certificate": {
                    "type": "aws_acm_certificate_validation",
                    "depends_on": [
                        "aws_acm_certificate.certificate",
                        "aws_route53_record.validation.*"
                    ],
                    "primary": {
                        "id": "2018-02-27 06:18:11 +0000 UTC",
                        "attributes": {
                            "certificate_arn": "arn:aws:acm:us-east-1:764218738161:certificate/211021f7-0907-493d-90ef-f5a917440bb2",
                            "id": "2018-02-27 06:18:11 +0000 UTC",
                            "validation_record_fqdns.#": "2",
                            "validation_record_fqdns.1638951322": "_844a2edc1c44f0acb82f796a02451b50.happilyeveraker.com",
                            "validation_record_fqdns.971641759": "_3a8ecc65f762ead24ac8ba9fd43a3dbf.www.happilyeveraker.com"
                        },
                        "meta": {
                            "e2bfb730-ecaa-11e6-8f88-34363bc7c4c0": {
                                "create": 2700000000000
                            }
                        },
                        "tainted": false
                    },
                    "deposed": [],
                    "provider": "provider.aws"
                },
                "aws_route53_record.validation.0": {
                    "type": "aws_route53_record",
                    "depends_on": [
                        "aws_acm_certificate.certificate",
                        "data.aws_route53_zone.zone.*"
                    ],
                    "primary": {
                        "id": "Z2ZXZ7VFSXR5E7__844a2edc1c44f0acb82f796a02451b50.happilyeveraker.com._CNAME",
                        "attributes": {
                            "allow_overwrite": "true",
                            "fqdn": "_844a2edc1c44f0acb82f796a02451b50.happilyeveraker.com",
                            "health_check_id": "",
                            "id": "Z2ZXZ7VFSXR5E7__844a2edc1c44f0acb82f796a02451b50.happilyeveraker.com._CNAME",
                            "name": "_844a2edc1c44f0acb82f796a02451b50.happilyeveraker.com",
                            "records.#": "1",
                            "records.1532953696": "_ea31e595978e08bbf553e87305e89faf.acm-validations.aws.",
                            "set_identifier": "",
                            "ttl": "60",
                            "type": "CNAME",
                            "zone_id": "Z2ZXZ7VFSXR5E7"
                        },
                        "meta": {
                            "schema_version": "2"
                        },
                        "tainted": false
                    },
                    "deposed": [],
                    "provider": "provider.aws"
                },
                "aws_route53_record.validation.1": {
                    "type": "aws_route53_record",
                    "depends_on": [
                        "aws_acm_certificate.certificate",
                        "data.aws_route53_zone.zone.*"
                    ],
                    "primary": {
                        "id": "Z2ZXZ7VFSXR5E7__3a8ecc65f762ead24ac8ba9fd43a3dbf.www.happilyeveraker.com._CNAME",
                        "attributes": {
                            "allow_overwrite": "true",
                            "fqdn": "_3a8ecc65f762ead24ac8ba9fd43a3dbf.www.happilyeveraker.com",
                            "health_check_id": "",
                            "id": "Z2ZXZ7VFSXR5E7__3a8ecc65f762ead24ac8ba9fd43a3dbf.www.happilyeveraker.com._CNAME",
                            "name": "_3a8ecc65f762ead24ac8ba9fd43a3dbf.www.happilyeveraker.com",
                            "records.#": "1",
                            "records.2156776505": "_b28ffeb9a066748dc91a54c67ef9be3c.acm-validations.aws.",
                            "set_identifier": "",
                            "ttl": "60",
                            "type": "CNAME",
                            "zone_id": "Z2ZXZ7VFSXR5E7"
                        },
                        "meta": {
                            "schema_version": "2"
                        },
                        "tainted": false
                    },
                    "deposed": [],
                    "provider": "provider.aws"
                },
                "data.aws_route53_zone.zone.0": {
                    "type": "aws_route53_zone",
                    "depends_on": [],
                    "primary": {
                        "id": "Z2ZXZ7VFSXR5E7",
                        "attributes": {
                            "caller_reference": "2016-09-14T19:18:10.520736364-04:00",
                            "comment": "Managed by Terraform",
                            "id": "Z2ZXZ7VFSXR5E7",
                            "name": "happilyeveraker.com.",
                            "name_servers.#": "4",
                            "name_servers.0": "ns-1242.awsdns-27.org",
                            "name_servers.1": "ns-477.awsdns-59.com",
                            "name_servers.2": "ns-808.awsdns-37.net",
                            "name_servers.3": "ns-1942.awsdns-50.co.uk",
                            "private_zone": "false",
                            "resource_record_set_count": "10",
                            "zone_id": "Z2ZXZ7VFSXR5E7"
                        },
                        "meta": {},
                        "tainted": false
                    },
                    "deposed": [],
                    "provider": "provider.aws"
                },
                "data.aws_route53_zone.zone.1": {
                    "type": "aws_route53_zone",
                    "depends_on": [],
                    "primary": {
                        "id": "Z2ZXZ7VFSXR5E7",
                        "attributes": {
                            "caller_reference": "2016-09-14T19:18:10.520736364-04:00",
                            "comment": "Managed by Terraform",
                            "id": "Z2ZXZ7VFSXR5E7",
                            "name": "happilyeveraker.com.",
                            "name_servers.#": "4",
                            "name_servers.0": "ns-1242.awsdns-27.org",
                            "name_servers.1": "ns-477.awsdns-59.com",
                            "name_servers.2": "ns-808.awsdns-37.net",
                            "name_servers.3": "ns-1942.awsdns-50.co.uk",
                            "private_zone": "false",
                            "resource_record_set_count": "10",
                            "zone_id": "Z2ZXZ7VFSXR5E7"
                        },
                        "meta": {},
                        "tainted": false
                    },
                    "deposed": [],
                    "provider": "provider.aws"
                }
            },
            "depends_on": []
        },
        {
            "path": [
                "root",
                "amylum-repo",
                "s3-website"
            ],
            "outputs": {
                "cloudfront-zone-id": {
                    "sensitive": false,
                    "type": "string",
                    "value": "Z2FDTNDATAQYW2"
                },
                "redirect-dns-name": {
                    "sensitive": false,
                    "type": "string",
                    "value": "d1qtl3nxppfts1.cloudfront.net"
                },
                "site-dns-name": {
                    "sensitive": false,
                    "type": "string",
                    "value": "d28ndvib2qch6l.cloudfront.net"
                }
            },
            "resources": {
                "aws_cloudfront_distribution.redirect_distribution": {
                    "type": "aws_cloudfront_distribution",
                    "depends_on": [
                        "aws_s3_bucket.redirect-bucket",
                        "module.certificate"
                    ],
                    "primary": {
                        "id": "E34F8M4RVV5SGK",
                        "attributes": {
                            "active_trusted_signers.%": "2",
                            "active_trusted_signers.enabled": "false",
                            "active_trusted_signers.items.#": "0",
                            "aliases.#": "0",
                            "arn": "arn:aws:cloudfront::764218738161:distribution/E34F8M4RVV5SGK",
                            "cache_behavior.#": "0",
                            "caller_reference": "2017-10-07T10:27:50.747564923-04:00",
                            "custom_error_response.#": "0",
                            "default_cache_behavior.#": "1",
                            "default_cache_behavior.2219766909.allowed_methods.#": "2",
                            "default_cache_behavior.2219766909.allowed_methods.0": "HEAD",
                            "default_cache_behavior.2219766909.allowed_methods.1": "GET",
                            "default_cache_behavior.2219766909.cached_methods.#": "2",
                            "default_cache_behavior.2219766909.cached_methods.0": "HEAD",
                            "default_cache_behavior.2219766909.cached_methods.1": "GET",
                            "default_cache_behavior.2219766909.compress": "true",
                            "default_cache_behavior.2219766909.default_ttl": "300",
                            "default_cache_behavior.2219766909.field_level_encryption_id": "",
                            "default_cache_behavior.2219766909.forwarded_values.#": "1",
                            "default_cache_behavior.2219766909.forwarded_values.2759845635.cookies.#": "1",
                            "default_cache_behavior.2219766909.forwarded_values.2759845635.cookies.2625240281.forward": "none",
                            "default_cache_behavior.2219766909.forwarded_values.2759845635.cookies.2625240281.whitelisted_names.#": "0",
                            "default_cache_behavior.2219766909.forwarded_values.2759845635.headers.#": "0",
                            "default_cache_behavior.2219766909.forwarded_values.2759845635.query_string": "false",
                            "default_cache_behavior.2219766909.forwarded_values.2759845635.query_string_cache_keys.#": "0",
                            "default_cache_behavior.2219766909.lambda_function_association.#": "0",
                            "default_cache_behavior.2219766909.max_ttl": "300",
                            "default_cache_behavior.2219766909.min_ttl": "0",
                            "default_cache_behavior.2219766909.smooth_streaming": "false",
                            "default_cache_behavior.2219766909.target_origin_id": "redirect-bucket",
                            "default_cache_behavior.2219766909.trusted_signers.#": "0",
                            "default_cache_behavior.2219766909.viewer_protocol_policy": "redirect-to-https",
                            "default_root_object": "",
                            "domain_name": "d1qtl3nxppfts1.cloudfront.net",
                            "enabled": "true",
                            "etag": "E1BO0XCB4L8IHY",
                            "hosted_zone_id": "Z2FDTNDATAQYW2",
                            "http_version": "http2",
                            "id": "E34F8M4RVV5SGK",
                            "in_progress_validation_batches": "0",
                            "is_ipv6_enabled": "false",
                            "last_modified_time": "2018-02-27 06:32:45.049 +0000 UTC",
                            "logging_config.#": "1",
                            "logging_config.3713287414.bucket": "akerl-s3-logs.s3.amazonaws.com",
                            "logging_config.3713287414.include_cookies": "false",
                            "logging_config.3713287414.prefix": "amylum-repo-redirect-cdn",
                            "origin.#": "1",
                            "origin.3996731579.custom_header.#": "0",
                            "origin.3996731579.custom_origin_config.#": "1",
                            "origin.3996731579.custom_origin_config.2335875933.http_port": "80",
                            "origin.3996731579.custom_origin_config.2335875933.https_port": "443",
                            "origin.3996731579.custom_origin_config.2335875933.origin_keepalive_timeout": "5",
                            "origin.3996731579.custom_origin_config.2335875933.origin_protocol_policy": "http-only",
                            "origin.3996731579.custom_origin_config.2335875933.origin_read_timeout": "30",
                            "origin.3996731579.custom_origin_config.2335875933.origin_ssl_protocols.#": "1",
                            "origin.3996731579.custom_origin_config.2335875933.origin_ssl_protocols.0": "TLSv1.2",
                            "origin.3996731579.domain_name": "amylum-repo-redirect.s3-website-us-east-1.amazonaws.com",
                            "origin.3996731579.origin_id": "redirect-bucket",
                            "origin.3996731579.origin_path": "",
                            "origin.3996731579.s3_origin_config.#": "0",
                            "price_class": "PriceClass_100",
                            "restrictions.#": "1",
                            "restrictions.1097372288.geo_restriction.#": "1",
                            "restrictions.1097372288.geo_restriction.2625240281.locations.#": "0",
                            "restrictions.1097372288.geo_restriction.2625240281.restriction_type": "none",
                            "retain_on_delete": "false",
                            "status": "Deployed",
                            "tags.%": "0",
                            "viewer_certificate.#": "1",
                            "viewer_certificate.3800198994.acm_certificate_arn": "arn:aws:acm:us-east-1:764218738161:certificate/fdfaf92c-b338-4cf2-9349-32d24f311c92",
                            "viewer_certificate.3800198994.cloudfront_default_certificate": "false",
                            "viewer_certificate.3800198994.iam_certificate_id": "",
                            "viewer_certificate.3800198994.minimum_protocol_version": "TLSv1.2_2018",
                            "viewer_certificate.3800198994.ssl_support_method": "sni-only",
                            "web_acl_id": ""
                        },
                        "meta": {},
                        "tainted": false
                    },
                    "deposed": [],
                    "provider": "provider.aws"
                },
                "aws_cloudfront_distribution.site_distribution": {
                    "type": "aws_cloudfront_distribution",
                    "depends_on": [
                        "aws_s3_bucket.file-bucket",
                        "module.certificate"
                    ],
                    "primary": {
                        "id": "E15S830E0ZJ2DU",
                        "attributes": {
                            "active_trusted_signers.%": "2",
                            "active_trusted_signers.enabled": "false",
                            "active_trusted_signers.items.#": "0",
                            "aliases.#": "1",
                            "aliases.3058809287": "repo.scrtybybscrty.org",
                            "arn": "arn:aws:cloudfront::764218738161:distribution/E15S830E0ZJ2DU",
                            "cache_behavior.#": "0",
                            "caller_reference": "2017-10-07T10:43:33.162498293-04:00",
                            "custom_error_response.#": "0",
                            "default_cache_behavior.#": "1",
                            "default_cache_behavior.3424070059.allowed_methods.#": "2",
                            "default_cache_behavior.3424070059.allowed_methods.0": "HEAD",
                            "default_cache_behavior.3424070059.allowed_methods.1": "GET",
                            "default_cache_behavior.3424070059.cached_methods.#": "2",
                            "default_cache_behavior.3424070059.cached_methods.0": "HEAD",
                            "default_cache_behavior.3424070059.cached_methods.1": "GET",
                            "default_cache_behavior.3424070059.compress": "true",
                            "default_cache_behavior.3424070059.default_ttl": "0",
                            "default_cache_behavior.3424070059.field_level_encryption_id": "",
                            "default_cache_behavior.3424070059.forwarded_values.#": "1",
                            "default_cache_behavior.3424070059.forwarded_values.2759845635.cookies.#": "1",
                            "default_cache_behavior.3424070059.forwarded_values.2759845635.cookies.2625240281.forward": "none",
                            "default_cache_behavior.3424070059.forwarded_values.2759845635.cookies.2625240281.whitelisted_names.#": "0",
                            "default_cache_behavior.3424070059.forwarded_values.2759845635.headers.#": "0",
                            "default_cache_behavior.3424070059.forwarded_values.2759845635.query_string": "false",
                            "default_cache_behavior.3424070059.forwarded_values.2759845635.query_string_cache_keys.#": "0",
                            "default_cache_behavior.3424070059.lambda_function_association.#": "0",
                            "default_cache_behavior.3424070059.max_ttl": "300",
                            "default_cache_behavior.3424070059.min_ttl": "0",
                            "default_cache_behavior.3424070059.smooth_streaming": "false",
                            "default_cache_behavior.3424070059.target_origin_id": "site-bucket",
                            "default_cache_behavior.3424070059.trusted_signers.#": "0",
                            "default_cache_behavior.3424070059.viewer_protocol_policy": "redirect-to-https",
                            "default_root_object": "index.html",
                            "domain_name": "d28ndvib2qch6l.cloudfront.net",
                            "enabled": "true",
                            "etag": "E17O2O5G9PLG3D",
                            "hosted_zone_id": "Z2FDTNDATAQYW2",
                            "http_version": "http2",
                            "id": "E15S830E0ZJ2DU",
                            "in_progress_validation_batches": "0",
                            "is_ipv6_enabled": "false",
                            "last_modified_time": "2018-02-27 06:32:45.629 +0000 UTC",
                            "logging_config.#": "1",
                            "logging_config.2882177888.bucket": "akerl-s3-logs.s3.amazonaws.com",
                            "logging_config.2882177888.include_cookies": "false",
                            "logging_config.2882177888.prefix": "amylum-repo-cdn/",
                            "origin.#": "1",
                            "origin.2111645184.custom_header.#": "0",
                            "origin.2111645184.custom_origin_config.#": "1",
                            "origin.2111645184.custom_origin_config.2335875933.http_port": "80",
                            "origin.2111645184.custom_origin_config.2335875933.https_port": "443",
                            "origin.2111645184.custom_origin_config.2335875933.origin_keepalive_timeout": "5",
                            "origin.2111645184.custom_origin_config.2335875933.origin_protocol_policy": "http-only",
                            "origin.2111645184.custom_origin_config.2335875933.origin_read_timeout": "30",
                            "origin.2111645184.custom_origin_config.2335875933.origin_ssl_protocols.#": "1",
                            "origin.2111645184.custom_origin_config.2335875933.origin_ssl_protocols.0": "TLSv1.2",
                            "origin.2111645184.domain_name": "amylum-repo.s3-website-us-east-1.amazonaws.com",
                            "origin.2111645184.origin_id": "site-bucket",
                            "origin.2111645184.origin_path": "",
                            "origin.2111645184.s3_origin_config.#": "0",
                            "price_class": "PriceClass_100",
                            "restrictions.#": "1",
                            "restrictions.1097372288.geo_restriction.#": "1",
                            "restrictions.1097372288.geo_restriction.2625240281.locations.#": "0",
                            "restrictions.1097372288.geo_restriction.2625240281.restriction_type": "none",
                            "retain_on_delete": "false",
                            "status": "Deployed",
                            "tags.%": "0",
                            "viewer_certificate.#": "1",
                            "viewer_certificate.3800198994.acm_certificate_arn": "arn:aws:acm:us-east-1:764218738161:certificate/fdfaf92c-b338-4cf2-9349-32d24f311c92",
                            "viewer_certificate.3800198994.cloudfront_default_certificate": "false",
                            "viewer_certificate.3800198994.iam_certificate_id": "",
                            "viewer_certificate.3800198994.minimum_protocol_version": "TLSv1.2_2018",
                            "viewer_certificate.3800198994.ssl_support_method": "sni-only",
                            "web_acl_id": ""
                        },
                        "meta": {},
                        "tainted": false
                    },
                    "deposed": [],
                    "provider": "provider.aws"
                },
                "aws_s3_bucket.file-bucket": {
                    "type": "aws_s3_bucket",
                    "depends_on": [
                        "data.aws_iam_policy_document.site-bucket-read-access"
                    ],
                    "primary": {
                        "id": "amylum-repo",
                        "attributes": {
                            "acceleration_status": "",
                            "acl": "private",
                            "arn": "arn:aws:s3:::amylum-repo",
                            "bucket": "amylum-repo",
                            "bucket_domain_name": "amylum-repo.s3.amazonaws.com",
                            "force_destroy": "false",
                            "hosted_zone_id": "Z3AQBSTGFYJSTF",
                            "id": "amylum-repo",
                            "logging.#": "1",
                            "logging.1012108819.target_bucket": "akerl-s3-logs",
                            "logging.1012108819.target_prefix": "amylum-repo/",
                            "policy": "{\"Statement\":[{\"Action\":\"s3:GetObject\",\"Effect\":\"Allow\",\"Principal\":{\"AWS\":\"*\"},\"Resource\":\"arn:aws:s3:::amylum-repo/*\",\"Sid\":\"\"}],\"Version\":\"2012-10-17\"}",
                            "region": "us-east-1",
                            "replication_configuration.#": "0",
                            "request_payer": "BucketOwner",
                            "server_side_encryption_configuration.#": "0",
                            "tags.%": "0",
                            "versioning.#": "1",
                            "versioning.0.enabled": "true",
                            "versioning.0.mfa_delete": "false",
                            "website.#": "1",
                            "website.0.error_document": "404.html",
                            "website.0.index_document": "index.html",
                            "website.0.redirect_all_requests_to": "",
                            "website.0.routing_rules": "",
                            "website_domain": "s3-website-us-east-1.amazonaws.com",
                            "website_endpoint": "amylum-repo.s3-website-us-east-1.amazonaws.com"
                        },
                        "meta": {},
                        "tainted": false
                    },
                    "deposed": [],
                    "provider": "provider.aws"
                },
                "aws_s3_bucket.redirect-bucket": {
                    "type": "aws_s3_bucket",
                    "depends_on": [
                        "data.aws_iam_policy_document.redirect-bucket-read-access"
                    ],
                    "primary": {
                        "id": "amylum-repo-redirect",
                        "attributes": {
                            "acceleration_status": "",
                            "acl": "private",
                            "arn": "arn:aws:s3:::amylum-repo-redirect",
                            "bucket": "amylum-repo-redirect",
                            "bucket_domain_name": "amylum-repo-redirect.s3.amazonaws.com",
                            "force_destroy": "false",
                            "hosted_zone_id": "Z3AQBSTGFYJSTF",
                            "id": "amylum-repo-redirect",
                            "logging.#": "1",
                            "logging.585655832.target_bucket": "akerl-s3-logs",
                            "logging.585655832.target_prefix": "amylum-repo-redirect/",
                            "policy": "{\"Statement\":[{\"Action\":\"s3:GetObject\",\"Effect\":\"Allow\",\"Principal\":{\"AWS\":\"*\"},\"Resource\":\"arn:aws:s3:::amylum-repo-redirect/*\",\"Sid\":\"\"}],\"Version\":\"2012-10-17\"}",
                            "region": "us-east-1",
                            "replication_configuration.#": "0",
                            "request_payer": "BucketOwner",
                            "server_side_encryption_configuration.#": "0",
                            "tags.%": "0",
                            "versioning.#": "1",
                            "versioning.0.enabled": "true",
                            "versioning.0.mfa_delete": "false",
                            "website.#": "1",
                            "website.0.error_document": "",
                            "website.0.index_document": "",
                            "website.0.redirect_all_requests_to": "https://repo.scrtybybscrty.org",
                            "website.0.routing_rules": "",
                            "website_domain": "s3-website-us-east-1.amazonaws.com",
                            "website_endpoint": "amylum-repo-redirect.s3-website-us-east-1.amazonaws.com"
                        },
                        "meta": {},
                        "tainted": false
                    },
                    "deposed": [],
                    "provider": "provider.aws"
                },
                "data.aws_iam_policy_document.redirect-bucket-read-access": {
                    "type": "aws_iam_policy_document",
                    "depends_on": [],
                    "primary": {
                        "id": "1904085766",
                        "attributes": {
                            "id": "1904085766",
                            "json": "{\n  \"Version\": \"2012-10-17\",\n  \"Statement\": [\n    {\n      \"Sid\": \"\",\n      \"Effect\": \"Allow\",\n      \"Action\": \"s3:GetObject\",\n      \"Resource\": \"arn:aws:s3:::amylum-repo-redirect/*\",\n      \"Principal\": {\n        \"AWS\": \"*\"\n      }\n    }\n  ]\n}",
                            "statement.#": "1",
                            "statement.0.actions.#": "1",
                            "statement.0.actions.2071725391": "s3:GetObject",
                            "statement.0.condition.#": "0",
                            "statement.0.effect": "Allow",
                            "statement.0.not_actions.#": "0",
                            "statement.0.not_principals.#": "0",
                            "statement.0.not_resources.#": "0",
                            "statement.0.principals.#": "1",
                            "statement.0.principals.636693895.identifiers.#": "1",
                            "statement.0.principals.636693895.identifiers.2679715827": "*",
                            "statement.0.principals.636693895.type": "AWS",
                            "statement.0.resources.#": "1",
                            "statement.0.resources.705475581": "arn:aws:s3:::amylum-repo-redirect/*",
                            "statement.0.sid": ""
                        },
                        "meta": {},
                        "tainted": false
                    },
                    "deposed": [],
                    "provider": "provider.aws"
                },
                "data.aws_iam_policy_document.site-bucket-read-access": {
                    "type": "aws_iam_policy_document",
                    "depends_on": [],
                    "primary": {
                        "id": "3554411074",
                        "attributes": {
                            "id": "3554411074",
                            "json": "{\n  \"Version\": \"2012-10-17\",\n  \"Statement\": [\n    {\n      \"Sid\": \"\",\n      \"Effect\": \"Allow\",\n      \"Action\": \"s3:GetObject\",\n      \"Resource\": \"arn:aws:s3:::amylum-repo/*\",\n      \"Principal\": {\n        \"AWS\": \"*\"\n      }\n    }\n  ]\n}",
                            "statement.#": "1",
                            "statement.0.actions.#": "1",
                            "statement.0.actions.2071725391": "s3:GetObject",
                            "statement.0.condition.#": "0",
                            "statement.0.effect": "Allow",
                            "statement.0.not_actions.#": "0",
                            "statement.0.not_principals.#": "0",
                            "statement.0.not_resources.#": "0",
                            "statement.0.principals.#": "1",
                            "statement.0.principals.636693895.identifiers.#": "1",
                            "statement.0.principals.636693895.identifiers.2679715827": "*",
                            "statement.0.principals.636693895.type": "AWS",
                            "statement.0.resources.#": "1",
                            "statement.0.resources.1673375915": "arn:aws:s3:::amylum-repo/*",
                            "statement.0.sid": ""
                        },
                        "meta": {},
                        "tainted": false
                    },
                    "deposed": [],
                    "provider": "provider.aws"
                }
            },
            "depends_on": []
        },
        {
            "path": [
                "root",
                "dock0-arch",
                "hookshot"
            ],
            "outputs": {},
            "resources": {
                "aws_cloudwatch_event_rule.cron": {
                    "type": "aws_cloudwatch_event_rule",
                    "depends_on": [],
                    "primary": {
                        "id": "hookshot_dock0-arch_cron",
                        "attributes": {
                            "arn": "arn:aws:events:us-east-1:764218738161:rule/hookshot_dock0-arch_cron",
                            "description": "Launch lambda",
                            "id": "hookshot_dock0-arch_cron",
                            "is_enabled": "true",
                            "name": "hookshot_dock0-arch_cron",
                            "role_arn": "",
                            "schedule_expression": "rate(12 hours)"
                        },
                        "meta": {},
                        "tainted": false
                    },
                    "deposed": [],
                    "provider": "provider.aws"
                },
                "aws_cloudwatch_event_target.cron": {
                    "type": "aws_cloudwatch_event_target",
                    "depends_on": [
                        "aws_cloudwatch_event_rule.cron",
                        "aws_lambda_function.lambda"
                    ],
                    "primary": {
                        "id": "hookshot_dock0-arch_cron-invoke_hookshot",
                        "attributes": {
                            "arn": "arn:aws:lambda:us-east-1:764218738161:function:hookshot_dock0-arch",
                            "id": "hookshot_dock0-arch_cron-invoke_hookshot",
                            "input": "",
                            "input_path": "",
                            "role_arn": "",
                            "rule": "hookshot_dock0-arch_cron",
                            "target_id": "invoke_hookshot"
                        },
                        "meta": {},
                        "tainted": false
                    },
                    "deposed": [],
                    "provider": "provider.aws"
                },
                "aws_iam_role.lambda": {
                    "type": "aws_iam_role",
                    "depends_on": [
                        "data.aws_iam_policy_document.lambda_assume"
                    ],
                    "primary": {
                        "id": "hookshot_dock0-arch",
                        "attributes": {
                            "arn": "arn:aws:iam::764218738161:role/hookshot_dock0-arch",
                            "assume_role_policy": "{\"Version\":\"2012-10-17\",\"Statement\":[{\"Sid\":\"\",\"Effect\":\"Allow\",\"Principal\":{\"Service\":\"lambda.amazonaws.com\"},\"Action\":\"sts:AssumeRole\"}]}",
                            "create_date": "2018-03-04T13:34:57Z",
                            "force_detach_policies": "false",
                            "id": "hookshot_dock0-arch",
                            "max_session_duration": "3600",
                            "name": "hookshot_dock0-arch",
                            "path": "/",
                            "unique_id": "AROAIK4FO5YC3PJFT7AWW"
                        },
                        "meta": {},
                        "tainted": false
                    },
                    "deposed": [],
                    "provider": "provider.aws"
                },
                "aws_iam_role_policy.lambda_perms": {
                    "type": "aws_iam_role_policy",
                    "depends_on": [
                        "aws_iam_role.lambda",
                        "data.aws_iam_policy_document.lambda_perms"
                    ],
                    "primary": {
                        "id": "hookshot_dock0-arch:lambda_perms",
                        "attributes": {
                            "id": "hookshot_dock0-arch:lambda_perms",
                            "name": "lambda_perms",
                            "policy": "{\n  \"Version\": \"2012-10-17\",\n  \"Statement\": [\n    {\n      \"Sid\": \"\",\n      \"Effect\": \"Allow\",\n      \"Action\": [\n        \"s3:ListBucket\",\n        \"s3:GetObject\"\n      ],\n      \"Resource\": [\n        \"arn:aws:s3:::dock0-arch/*\",\n        \"arn:aws:s3:::dock0-arch\"\n      ]\n    },\n    {\n      \"Sid\": \"\",\n      \"Effect\": \"Allow\",\n      \"Action\": [\n        \"logs:PutLogEvents\",\n        \"logs:CreateLogStream\",\n        \"logs:CreateLogGroup\"\n      ],\n      \"Resource\": \"arn:aws:logs:*:*:*\"\n    }\n  ]\n}",
                            "role": "hookshot_dock0-arch"
                        },
                        "meta": {},
                        "tainted": false
                    },
                    "deposed": [],
                    "provider": "provider.aws"
                },
                "aws_lambda_function.lambda": {
                    "type": "aws_lambda_function",
                    "depends_on": [
                        "aws_iam_role.lambda"
                    ],
                    "primary": {
                        "id": "hookshot_dock0-arch",
                        "attributes": {
                            "arn": "arn:aws:lambda:us-east-1:764218738161:function:hookshot_dock0-arch",
                            "dead_letter_config.#": "0",
                            "description": "",
                            "environment.#": "1",
                            "environment.0.variables.%": "2",
                            "environment.0.variables.S3_BUCKET": "dock0-arch",
                            "environment.0.variables.S3_KEY": "config/urls",
                            "function_name": "hookshot_dock0-arch",
                            "handler": "main",
                            "id": "hookshot_dock0-arch",
                            "invoke_arn": "arn:aws:apigateway:us-east-1:lambda:path/2015-03-31/functions/arn:aws:lambda:us-east-1:764218738161:function:hookshot_dock0-arch/invocations",
                            "kms_key_arn": "",
                            "last_modified": "2018-05-09T23:40:29.758+0000",
                            "memory_size": "128",
                            "publish": "false",
                            "qualified_arn": "arn:aws:lambda:us-east-1:764218738161:function:hookshot_dock0-arch:$LATEST",
                            "reserved_concurrent_executions": "0",
                            "role": "arn:aws:iam::764218738161:role/hookshot_dock0-arch",
                            "runtime": "go1.x",
                            "s3_bucket": "akerl-hookshot",
                            "s3_key": "lambdas/payload-0.1.2.zip",
                            "source_code_hash": "Vz/3RhuStKZbeKlKuuE5kQeyp/yz31q55LT7hllPvKQ=",
                            "source_code_size": "4370718",
                            "tags.%": "0",
                            "timeout": "50",
                            "tracing_config.#": "1",
                            "tracing_config.0.mode": "PassThrough",
                            "version": "$LATEST",
                            "vpc_config.#": "0"
                        },
                        "meta": {},
                        "tainted": false
                    },
                    "deposed": [],
                    "provider": "provider.aws"
                },
                "aws_lambda_permission.allow_cloudwatch": {
                    "type": "aws_lambda_permission",
                    "depends_on": [
                        "aws_cloudwatch_event_rule.cron",
                        "aws_lambda_function.lambda"
                    ],
                    "primary": {
                        "id": "AllowExecutionFromCloudWatch",
                        "attributes": {
                            "action": "lambda:InvokeFunction",
                            "function_name": "hookshot_dock0-arch",
                            "id": "AllowExecutionFromCloudWatch",
                            "principal": "events.amazonaws.com",
                            "qualifier": "",
                            "source_arn": "arn:aws:events:us-east-1:764218738161:rule/hookshot_dock0-arch_cron",
                            "statement_id": "AllowExecutionFromCloudWatch"
                        },
                        "meta": {},
                        "tainted": false
                    },
                    "deposed": [],
                    "provider": "provider.aws"
                },
                "data.aws_iam_policy_document.lambda_assume": {
                    "type": "aws_iam_policy_document",
                    "depends_on": [],
                    "primary": {
                        "id": "3693445097",
                        "attributes": {
                            "id": "3693445097",
                            "json": "{\n  \"Version\": \"2012-10-17\",\n  \"Statement\": [\n    {\n      \"Sid\": \"\",\n      \"Effect\": \"Allow\",\n      \"Action\": \"sts:AssumeRole\",\n      \"Principal\": {\n        \"Service\": \"lambda.amazonaws.com\"\n      }\n    }\n  ]\n}",
                            "statement.#": "1",
                            "statement.0.actions.#": "1",
                            "statement.0.actions.2528466339": "sts:AssumeRole",
                            "statement.0.condition.#": "0",
                            "statement.0.effect": "Allow",
                            "statement.0.not_actions.#": "0",
                            "statement.0.not_principals.#": "0",
                            "statement.0.not_resources.#": "0",
                            "statement.0.principals.#": "1",
                            "statement.0.principals.3118762561.identifiers.#": "1",
                            "statement.0.principals.3118762561.identifiers.2638019528": "lambda.amazonaws.com",
                            "statement.0.principals.3118762561.type": "Service",
                            "statement.0.resources.#": "0",
                            "statement.0.sid": ""
                        },
                        "meta": {},
                        "tainted": false
                    },
                    "deposed": [],
                    "provider": "provider.aws"
                },
                "data.aws_iam_policy_document.lambda_perms": {
                    "type": "aws_iam_policy_document",
                    "depends_on": [],
                    "primary": {
                        "id": "2263446196",
                        "attributes": {
                            "id": "2263446196",
                            "json": "{\n  \"Version\": \"2012-10-17\",\n  \"Statement\": [\n    {\n      \"Sid\": \"\",\n      \"Effect\": \"Allow\",\n      \"Action\": [\n        \"s3:ListBucket\",\n        \"s3:GetObject\"\n      ],\n      \"Resource\": [\n        \"arn:aws:s3:::dock0-arch/*\",\n        \"arn:aws:s3:::dock0-arch\"\n      ]\n    },\n    {\n      \"Sid\": \"\",\n      \"Effect\": \"Allow\",\n      \"Action\": [\n        \"logs:PutLogEvents\",\n        \"logs:CreateLogStream\",\n        \"logs:CreateLogGroup\"\n      ],\n      \"Resource\": \"arn:aws:logs:*:*:*\"\n    }\n  ]\n}",
                            "statement.#": "2",
                            "statement.0.actions.#": "2",
                            "statement.0.actions.2071725391": "s3:GetObject",
                            "statement.0.actions.486976917": "s3:ListBucket",
                            "statement.0.condition.#": "0",
                            "statement.0.effect": "Allow",
                            "statement.0.not_actions.#": "0",
                            "statement.0.not_principals.#": "0",
                            "statement.0.not_resources.#": "0",
                            "statement.0.principals.#": "0",
                            "statement.0.resources.#": "2",
                            "statement.0.resources.1280803269": "arn:aws:s3:::dock0-arch",
                            "statement.0.resources.2829377717": "arn:aws:s3:::dock0-arch/*",
                            "statement.0.sid": "",
                            "statement.1.actions.#": "3",
                            "statement.1.actions.2809485102": "logs:CreateLogGroup",
                            "statement.1.actions.3285979848": "logs:CreateLogStream",
                            "statement.1.actions.39743051": "logs:PutLogEvents",
                            "statement.1.condition.#": "0",
                            "statement.1.effect": "Allow",
                            "statement.1.not_actions.#": "0",
                            "statement.1.not_principals.#": "0",
                            "statement.1.not_resources.#": "0",
                            "statement.1.principals.#": "0",
                            "statement.1.resources.#": "1",
                            "statement.1.resources.162423377": "arn:aws:logs:*:*:*",
                            "statement.1.sid": ""
                        },
                        "meta": {},
                        "tainted": false
                    },
                    "deposed": [],
                    "provider": "provider.aws"
                }
            },
            "depends_on": []
        },
        {
            "path": [
                "root",
                "akerl-blog",
                "s3-website",
                "certificate"
            ],
            "outputs": {
                "arn": {
                    "sensitive": false,
                    "type": "string",
                    "value": "arn:aws:acm:us-east-1:764218738161:certificate/aac213dc-90eb-478d-bfc6-415d62b20a7a"
                }
            },
            "resources": {
                "aws_acm_certificate.certificate": {
                    "type": "aws_acm_certificate",
                    "depends_on": [],
                    "primary": {
                        "id": "arn:aws:acm:us-east-1:764218738161:certificate/aac213dc-90eb-478d-bfc6-415d62b20a7a",
                        "attributes": {
                            "arn": "arn:aws:acm:us-east-1:764218738161:certificate/aac213dc-90eb-478d-bfc6-415d62b20a7a",
                            "domain_name": "blog.akerl.org",
                            "domain_validation_options.#": "13",
                            "domain_validation_options.0.domain_name": "blog.akerl.org",
                            "domain_validation_options.0.resource_record_name": "_7a3ec3b28e9915b39cd7212e0a3cebbb.blog.akerl.org.",
                            "domain_validation_options.0.resource_record_type": "CNAME",
                            "domain_validation_options.0.resource_record_value": "_4cb8503680d95f2e0f0491cb310312d7.acm-validations.aws.",
                            "domain_validation_options.1.domain_name": "lesaker.org",
                            "domain_validation_options.1.resource_record_name": "_10def5d8dcabd9b2523d3f223691faf6.lesaker.org.",
                            "domain_validation_options.1.resource_record_type": "CNAME",
                            "domain_validation_options.1.resource_record_value": "_0dc436dc6a70db4ae737d3c99ec34783.acm-validations.aws.",
                            "domain_validation_options.10.domain_name": "www.akerl.com",
                            "domain_validation_options.10.resource_record_name": "_b93ec15c7debfeffe7d8e02ec232ada9.www.akerl.com.",
                            "domain_validation_options.10.resource_record_type": "CNAME",
                            "domain_validation_options.10.resource_record_value": "_ac79db8c33417e4a178296c74d807d28.acm-validations.aws.",
                            "domain_validation_options.11.domain_name": "a-rwx.org",
                            "domain_validation_options.11.resource_record_name": "_f3adc7905d737b6c002c129623651603.a-rwx.org.",
                            "domain_validation_options.11.resource_record_type": "CNAME",
                            "domain_validation_options.11.resource_record_value": "_74459d0e2dfe4cdef12456457cc67ce9.acm-validations.aws.",
                            "domain_validation_options.12.domain_name": "www.a-rwx.org",
                            "domain_validation_options.12.resource_record_name": "_7a47d307d51f48fa2ebf893e7c68571d.www.a-rwx.org.",
                            "domain_validation_options.12.resource_record_type": "CNAME",
                            "domain_validation_options.12.resource_record_value": "_723561826f1299f7f58fcb296c1c6b68.acm-validations.aws.",
                            "domain_validation_options.2.domain_name": "www.lesaker.org",
                            "domain_validation_options.2.resource_record_name": "_93bcd041fce834edca0b647887c98042.www.lesaker.org.",
                            "domain_validation_options.2.resource_record_type": "CNAME",
                            "domain_validation_options.2.resource_record_value": "_9163b7a0cedcc2d2e805f5390ec86c20.acm-validations.aws.",
                            "domain_validation_options.3.domain_name": "scrtybybscrty.org",
                            "domain_validation_options.3.resource_record_name": "_6aa3cdf9b733a6b40f649e04c42a208a.scrtybybscrty.org.",
                            "domain_validation_options.3.resource_record_type": "CNAME",
                            "domain_validation_options.3.resource_record_value": "_0ff299895f594c93404f8cf67f6fee76.acm-validations.aws.",
                            "domain_validation_options.4.domain_name": "www.scrtybybscrty.org",
                            "domain_validation_options.4.resource_record_name": "_c065254b9b53d6af1a91cbd3ea5e1624.www.scrtybybscrty.org.",
                            "domain_validation_options.4.resource_record_type": "CNAME",
                            "domain_validation_options.4.resource_record_value": "_89f1b8b6e12ace264c5968ee4bf31feb.acm-validations.aws.",
                            "domain_validation_options.5.domain_name": "lesaker.com",
                            "domain_validation_options.5.resource_record_name": "_2143a2c8fea6a68d788698945a7129ba.lesaker.com.",
                            "domain_validation_options.5.resource_record_type": "CNAME",
                            "domain_validation_options.5.resource_record_value": "_640ce9c8da3865cb3c89df5ceea4769d.acm-validations.aws.",
                            "domain_validation_options.6.domain_name": "www.lesaker.com",
                            "domain_validation_options.6.resource_record_name": "_e3358842b459a87fd6f4dfd3edcf97b1.www.lesaker.com.",
                            "domain_validation_options.6.resource_record_type": "CNAME",
                            "domain_validation_options.6.resource_record_value": "_207f1de258aae194c7a65e839f86c0b1.acm-validations.aws.",
                            "domain_validation_options.7.domain_name": "akerl.org",
                            "domain_validation_options.7.resource_record_name": "_0682ace0a1f2d5669af2cb59fb0ad65f.akerl.org.",
                            "domain_validation_options.7.resource_record_type": "CNAME",
                            "domain_validation_options.7.resource_record_value": "_267ffba9fc2608500536bf047212fe30.acm-validations.aws.",
                            "domain_validation_options.8.domain_name": "www.akerl.org",
                            "domain_validation_options.8.resource_record_name": "_a19e98dfc8b630accbc93bf7c44953e1.www.akerl.org.",
                            "domain_validation_options.8.resource_record_type": "CNAME",
                            "domain_validation_options.8.resource_record_value": "_70373f85e4145f434a899444280557c1.acm-validations.aws.",
                            "domain_validation_options.9.domain_name": "akerl.com",
                            "domain_validation_options.9.resource_record_name": "_2e033dd592dce29f583a62ae5913a2c4.akerl.com.",
                            "domain_validation_options.9.resource_record_type": "CNAME",
                            "domain_validation_options.9.resource_record_value": "_a20d5a7c7dff688ebe5a64b118ba99a3.acm-validations.aws.",
                            "id": "arn:aws:acm:us-east-1:764218738161:certificate/aac213dc-90eb-478d-bfc6-415d62b20a7a",
                            "subject_alternative_names.#": "12",
                            "subject_alternative_names.0": "lesaker.org",
                            "subject_alternative_names.1": "www.lesaker.org",
                            "subject_alternative_names.10": "a-rwx.org",
                            "subject_alternative_names.11": "www.a-rwx.org",
                            "subject_alternative_names.2": "scrtybybscrty.org",
                            "subject_alternative_names.3": "www.scrtybybscrty.org",
                            "subject_alternative_names.4": "lesaker.com",
                            "subject_alternative_names.5": "www.lesaker.com",
                            "subject_alternative_names.6": "akerl.org",
                            "subject_alternative_names.7": "www.akerl.org",
                            "subject_alternative_names.8": "akerl.com",
                            "subject_alternative_names.9": "www.akerl.com",
                            "tags.%": "0",
                            "validation_emails.#": "0",
                            "validation_method": "DNS"
                        },
                        "meta": {},
                        "tainted": false
                    },
                    "deposed": [],
                    "provider": "provider.aws"
                },
                "aws_acm_certificate_validation.certificate": {
                    "type": "aws_acm_certificate_validation",
                    "depends_on": [
                        "aws_acm_certificate.certificate",
                        "aws_route53_record.validation.*"
                    ],
                    "primary": {
                        "id": "2018-02-27 06:35:32 +0000 UTC",
                        "attributes": {
                            "certificate_arn": "arn:aws:acm:us-east-1:764218738161:certificate/aac213dc-90eb-478d-bfc6-415d62b20a7a",
                            "id": "2018-02-27 06:35:32 +0000 UTC",
                            "validation_record_fqdns.#": "13",
                            "validation_record_fqdns.1327189261": "_f3adc7905d737b6c002c129623651603.a-rwx.org",
                            "validation_record_fqdns.1453055147": "_0682ace0a1f2d5669af2cb59fb0ad65f.akerl.org",
                            "validation_record_fqdns.1564064336": "_a19e98dfc8b630accbc93bf7c44953e1.www.akerl.org",
                            "validation_record_fqdns.3008612066": "_7a3ec3b28e9915b39cd7212e0a3cebbb.blog.akerl.org",
                            "validation_record_fqdns.3141162651": "_c065254b9b53d6af1a91cbd3ea5e1624.www.scrtybybscrty.org",
                            "validation_record_fqdns.3321787872": "_7a47d307d51f48fa2ebf893e7c68571d.www.a-rwx.org",
                            "validation_record_fqdns.3645331902": "_b93ec15c7debfeffe7d8e02ec232ada9.www.akerl.com",
                            "validation_record_fqdns.3936360562": "_10def5d8dcabd9b2523d3f223691faf6.lesaker.org",
                            "validation_record_fqdns.3981436017": "_2e033dd592dce29f583a62ae5913a2c4.akerl.com",
                            "validation_record_fqdns.448068773": "_e3358842b459a87fd6f4dfd3edcf97b1.www.lesaker.com",
                            "validation_record_fqdns.66526320": "_6aa3cdf9b733a6b40f649e04c42a208a.scrtybybscrty.org",
                            "validation_record_fqdns.774369086": "_2143a2c8fea6a68d788698945a7129ba.lesaker.com",
                            "validation_record_fqdns.951603222": "_93bcd041fce834edca0b647887c98042.www.lesaker.org"
                        },
                        "meta": {
                            "e2bfb730-ecaa-11e6-8f88-34363bc7c4c0": {
                                "create": 2700000000000
                            }
                        },
                        "tainted": false
                    },
                    "deposed": [],
                    "provider": "provider.aws"
                },
                "aws_route53_record.validation.0": {
                    "type": "aws_route53_record",
                    "depends_on": [
                        "aws_acm_certificate.certificate",
                        "data.aws_route53_zone.zone.*"
                    ],
                    "primary": {
                        "id": "Z1GXO6WRJN3B5T__7a3ec3b28e9915b39cd7212e0a3cebbb.blog.akerl.org._CNAME",
                        "attributes": {
                            "allow_overwrite": "true",
                            "fqdn": "_7a3ec3b28e9915b39cd7212e0a3cebbb.blog.akerl.org",
                            "health_check_id": "",
                            "id": "Z1GXO6WRJN3B5T__7a3ec3b28e9915b39cd7212e0a3cebbb.blog.akerl.org._CNAME",
                            "name": "_7a3ec3b28e9915b39cd7212e0a3cebbb.blog.akerl.org",
                            "records.#": "1",
                            "records.798904694": "_4cb8503680d95f2e0f0491cb310312d7.acm-validations.aws.",
                            "set_identifier": "",
                            "ttl": "60",
                            "type": "CNAME",
                            "zone_id": "Z1GXO6WRJN3B5T"
                        },
                        "meta": {
                            "schema_version": "2"
                        },
                        "tainted": false
                    },
                    "deposed": [],
                    "provider": "provider.aws"
                },
                "aws_route53_record.validation.1": {
                    "type": "aws_route53_record",
                    "depends_on": [
                        "aws_acm_certificate.certificate",
                        "data.aws_route53_zone.zone.*"
                    ],
                    "primary": {
                        "id": "Z3RU5N2GAL6D4W__10def5d8dcabd9b2523d3f223691faf6.lesaker.org._CNAME",
                        "attributes": {
                            "allow_overwrite": "true",
                            "fqdn": "_10def5d8dcabd9b2523d3f223691faf6.lesaker.org",
                            "health_check_id": "",
                            "id": "Z3RU5N2GAL6D4W__10def5d8dcabd9b2523d3f223691faf6.lesaker.org._CNAME",
                            "name": "_10def5d8dcabd9b2523d3f223691faf6.lesaker.org",
                            "records.#": "1",
                            "records.2332119785": "_0dc436dc6a70db4ae737d3c99ec34783.acm-validations.aws.",
                            "set_identifier": "",
                            "ttl": "60",
                            "type": "CNAME",
                            "zone_id": "Z3RU5N2GAL6D4W"
                        },
                        "meta": {
                            "schema_version": "2"
                        },
                        "tainted": false
                    },
                    "deposed": [],
                    "provider": "provider.aws"
                },
                "aws_route53_record.validation.10": {
                    "type": "aws_route53_record",
                    "depends_on": [
                        "aws_acm_certificate.certificate",
                        "data.aws_route53_zone.zone.*"
                    ],
                    "primary": {
                        "id": "Z1EXF3DHNCLVFG__b93ec15c7debfeffe7d8e02ec232ada9.www.akerl.com._CNAME",
                        "attributes": {
                            "allow_overwrite": "true",
                            "fqdn": "_b93ec15c7debfeffe7d8e02ec232ada9.www.akerl.com",
                            "health_check_id": "",
                            "id": "Z1EXF3DHNCLVFG__b93ec15c7debfeffe7d8e02ec232ada9.www.akerl.com._CNAME",
                            "name": "_b93ec15c7debfeffe7d8e02ec232ada9.www.akerl.com",
                            "records.#": "1",
                            "records.1004519948": "_ac79db8c33417e4a178296c74d807d28.acm-validations.aws.",
                            "set_identifier": "",
                            "ttl": "60",
                            "type": "CNAME",
                            "zone_id": "Z1EXF3DHNCLVFG"
                        },
                        "meta": {
                            "schema_version": "2"
                        },
                        "tainted": false
                    },
                    "deposed": [],
                    "provider": "provider.aws"
                },
                "aws_route53_record.validation.11": {
                    "type": "aws_route53_record",
                    "depends_on": [
                        "aws_acm_certificate.certificate",
                        "data.aws_route53_zone.zone.*"
                    ],
                    "primary": {
                        "id": "Z1GSN0DUY7LO3I__f3adc7905d737b6c002c129623651603.a-rwx.org._CNAME",
                        "attributes": {
                            "allow_overwrite": "true",
                            "fqdn": "_f3adc7905d737b6c002c129623651603.a-rwx.org",
                            "health_check_id": "",
                            "id": "Z1GSN0DUY7LO3I__f3adc7905d737b6c002c129623651603.a-rwx.org._CNAME",
                            "name": "_f3adc7905d737b6c002c129623651603.a-rwx.org",
                            "records.#": "1",
                            "records.2686349972": "_74459d0e2dfe4cdef12456457cc67ce9.acm-validations.aws.",
                            "set_identifier": "",
                            "ttl": "60",
                            "type": "CNAME",
                            "zone_id": "Z1GSN0DUY7LO3I"
                        },
                        "meta": {
                            "schema_version": "2"
                        },
                        "tainted": false
                    },
                    "deposed": [],
                    "provider": "provider.aws"
                },
                "aws_route53_record.validation.12": {
                    "type": "aws_route53_record",
                    "depends_on": [
                        "aws_acm_certificate.certificate",
                        "data.aws_route53_zone.zone.*"
                    ],
                    "primary": {
                        "id": "Z1GSN0DUY7LO3I__7a47d307d51f48fa2ebf893e7c68571d.www.a-rwx.org._CNAME",
                        "attributes": {
                            "allow_overwrite": "true",
                            "fqdn": "_7a47d307d51f48fa2ebf893e7c68571d.www.a-rwx.org",
                            "health_check_id": "",
                            "id": "Z1GSN0DUY7LO3I__7a47d307d51f48fa2ebf893e7c68571d.www.a-rwx.org._CNAME",
                            "name": "_7a47d307d51f48fa2ebf893e7c68571d.www.a-rwx.org",
                            "records.#": "1",
                            "records.2540393774": "_723561826f1299f7f58fcb296c1c6b68.acm-validations.aws.",
                            "set_identifier": "",
                            "ttl": "60",
                            "type": "CNAME",
                            "zone_id": "Z1GSN0DUY7LO3I"
                        },
                        "meta": {
                            "schema_version": "2"
                        },
                        "tainted": false
                    },
                    "deposed": [],
                    "provider": "provider.aws"
                },
                "aws_route53_record.validation.2": {
                    "type": "aws_route53_record",
                    "depends_on": [
                        "aws_acm_certificate.certificate",
                        "data.aws_route53_zone.zone.*"
                    ],
                    "primary": {
                        "id": "Z3RU5N2GAL6D4W__93bcd041fce834edca0b647887c98042.www.lesaker.org._CNAME",
                        "attributes": {
                            "allow_overwrite": "true",
                            "fqdn": "_93bcd041fce834edca0b647887c98042.www.lesaker.org",
                            "health_check_id": "",
                            "id": "Z3RU5N2GAL6D4W__93bcd041fce834edca0b647887c98042.www.lesaker.org._CNAME",
                            "name": "_93bcd041fce834edca0b647887c98042.www.lesaker.org",
                            "records.#": "1",
                            "records.209941514": "_9163b7a0cedcc2d2e805f5390ec86c20.acm-validations.aws.",
                            "set_identifier": "",
                            "ttl": "60",
                            "type": "CNAME",
                            "zone_id": "Z3RU5N2GAL6D4W"
                        },
                        "meta": {
                            "schema_version": "2"
                        },
                        "tainted": false
                    },
                    "deposed": [],
                    "provider": "provider.aws"
                },
                "aws_route53_record.validation.3": {
                    "type": "aws_route53_record",
                    "depends_on": [
                        "aws_acm_certificate.certificate",
                        "data.aws_route53_zone.zone.*"
                    ],
                    "primary": {
                        "id": "Z11UY811DI2S1K__6aa3cdf9b733a6b40f649e04c42a208a.scrtybybscrty.org._CNAME",
                        "attributes": {
                            "allow_overwrite": "true",
                            "fqdn": "_6aa3cdf9b733a6b40f649e04c42a208a.scrtybybscrty.org",
                            "health_check_id": "",
                            "id": "Z11UY811DI2S1K__6aa3cdf9b733a6b40f649e04c42a208a.scrtybybscrty.org._CNAME",
                            "name": "_6aa3cdf9b733a6b40f649e04c42a208a.scrtybybscrty.org",
                            "records.#": "1",
                            "records.436946205": "_0ff299895f594c93404f8cf67f6fee76.acm-validations.aws.",
                            "set_identifier": "",
                            "ttl": "60",
                            "type": "CNAME",
                            "zone_id": "Z11UY811DI2S1K"
                        },
                        "meta": {
                            "schema_version": "2"
                        },
                        "tainted": false
                    },
                    "deposed": [],
                    "provider": "provider.aws"
                },
                "aws_route53_record.validation.4": {
                    "type": "aws_route53_record",
                    "depends_on": [
                        "aws_acm_certificate.certificate",
                        "data.aws_route53_zone.zone.*"
                    ],
                    "primary": {
                        "id": "Z11UY811DI2S1K__c065254b9b53d6af1a91cbd3ea5e1624.www.scrtybybscrty.org._CNAME",
                        "attributes": {
                            "allow_overwrite": "true",
                            "fqdn": "_c065254b9b53d6af1a91cbd3ea5e1624.www.scrtybybscrty.org",
                            "health_check_id": "",
                            "id": "Z11UY811DI2S1K__c065254b9b53d6af1a91cbd3ea5e1624.www.scrtybybscrty.org._CNAME",
                            "name": "_c065254b9b53d6af1a91cbd3ea5e1624.www.scrtybybscrty.org",
                            "records.#": "1",
                            "records.3542367359": "_89f1b8b6e12ace264c5968ee4bf31feb.acm-validations.aws.",
                            "set_identifier": "",
                            "ttl": "60",
                            "type": "CNAME",
                            "zone_id": "Z11UY811DI2S1K"
                        },
                        "meta": {
                            "schema_version": "2"
                        },
                        "tainted": false
                    },
                    "deposed": [],
                    "provider": "provider.aws"
                },
                "aws_route53_record.validation.5": {
                    "type": "aws_route53_record",
                    "depends_on": [
                        "aws_acm_certificate.certificate",
                        "data.aws_route53_zone.zone.*"
                    ],
                    "primary": {
                        "id": "Z12UG2AR1236YD__2143a2c8fea6a68d788698945a7129ba.lesaker.com._CNAME",
                        "attributes": {
                            "allow_overwrite": "true",
                            "fqdn": "_2143a2c8fea6a68d788698945a7129ba.lesaker.com",
                            "health_check_id": "",
                            "id": "Z12UG2AR1236YD__2143a2c8fea6a68d788698945a7129ba.lesaker.com._CNAME",
                            "name": "_2143a2c8fea6a68d788698945a7129ba.lesaker.com",
                            "records.#": "1",
                            "records.840842902": "_640ce9c8da3865cb3c89df5ceea4769d.acm-validations.aws.",
                            "set_identifier": "",
                            "ttl": "60",
                            "type": "CNAME",
                            "zone_id": "Z12UG2AR1236YD"
                        },
                        "meta": {
                            "schema_version": "2"
                        },
                        "tainted": false
                    },
                    "deposed": [],
                    "provider": "provider.aws"
                },
                "aws_route53_record.validation.6": {
                    "type": "aws_route53_record",
                    "depends_on": [
                        "aws_acm_certificate.certificate",
                        "data.aws_route53_zone.zone.*"
                    ],
                    "primary": {
                        "id": "Z12UG2AR1236YD__e3358842b459a87fd6f4dfd3edcf97b1.www.lesaker.com._CNAME",
                        "attributes": {
                            "allow_overwrite": "true",
                            "fqdn": "_e3358842b459a87fd6f4dfd3edcf97b1.www.lesaker.com",
                            "health_check_id": "",
                            "id": "Z12UG2AR1236YD__e3358842b459a87fd6f4dfd3edcf97b1.www.lesaker.com._CNAME",
                            "name": "_e3358842b459a87fd6f4dfd3edcf97b1.www.lesaker.com",
                            "records.#": "1",
                            "records.61722377": "_207f1de258aae194c7a65e839f86c0b1.acm-validations.aws.",
                            "set_identifier": "",
                            "ttl": "60",
                            "type": "CNAME",
                            "zone_id": "Z12UG2AR1236YD"
                        },
                        "meta": {
                            "schema_version": "2"
                        },
                        "tainted": false
                    },
                    "deposed": [],
                    "provider": "provider.aws"
                },
                "aws_route53_record.validation.7": {
                    "type": "aws_route53_record",
                    "depends_on": [
                        "aws_acm_certificate.certificate",
                        "data.aws_route53_zone.zone.*"
                    ],
                    "primary": {
                        "id": "Z1GXO6WRJN3B5T__0682ace0a1f2d5669af2cb59fb0ad65f.akerl.org._CNAME",
                        "attributes": {
                            "allow_overwrite": "true",
                            "fqdn": "_0682ace0a1f2d5669af2cb59fb0ad65f.akerl.org",
                            "health_check_id": "",
                            "id": "Z1GXO6WRJN3B5T__0682ace0a1f2d5669af2cb59fb0ad65f.akerl.org._CNAME",
                            "name": "_0682ace0a1f2d5669af2cb59fb0ad65f.akerl.org",
                            "records.#": "1",
                            "records.1483929372": "_267ffba9fc2608500536bf047212fe30.acm-validations.aws.",
                            "set_identifier": "",
                            "ttl": "60",
                            "type": "CNAME",
                            "zone_id": "Z1GXO6WRJN3B5T"
                        },
                        "meta": {
                            "schema_version": "2"
                        },
                        "tainted": false
                    },
                    "deposed": [],
                    "provider": "provider.aws"
                },
                "aws_route53_record.validation.8": {
                    "type": "aws_route53_record",
                    "depends_on": [
                        "aws_acm_certificate.certificate",
                        "data.aws_route53_zone.zone.*"
                    ],
                    "primary": {
                        "id": "Z1GXO6WRJN3B5T__a19e98dfc8b630accbc93bf7c44953e1.www.akerl.org._CNAME",
                        "attributes": {
                            "allow_overwrite": "true",
                            "fqdn": "_a19e98dfc8b630accbc93bf7c44953e1.www.akerl.org",
                            "health_check_id": "",
                            "id": "Z1GXO6WRJN3B5T__a19e98dfc8b630accbc93bf7c44953e1.www.akerl.org._CNAME",
                            "name": "_a19e98dfc8b630accbc93bf7c44953e1.www.akerl.org",
                            "records.#": "1",
                            "records.567900900": "_70373f85e4145f434a899444280557c1.acm-validations.aws.",
                            "set_identifier": "",
                            "ttl": "60",
                            "type": "CNAME",
                            "zone_id": "Z1GXO6WRJN3B5T"
                        },
                        "meta": {
                            "schema_version": "2"
                        },
                        "tainted": false
                    },
                    "deposed": [],
                    "provider": "provider.aws"
                },
                "aws_route53_record.validation.9": {
                    "type": "aws_route53_record",
                    "depends_on": [
                        "aws_acm_certificate.certificate",
                        "data.aws_route53_zone.zone.*"
                    ],
                    "primary": {
                        "id": "Z1EXF3DHNCLVFG__2e033dd592dce29f583a62ae5913a2c4.akerl.com._CNAME",
                        "attributes": {
                            "allow_overwrite": "true",
                            "fqdn": "_2e033dd592dce29f583a62ae5913a2c4.akerl.com",
                            "health_check_id": "",
                            "id": "Z1EXF3DHNCLVFG__2e033dd592dce29f583a62ae5913a2c4.akerl.com._CNAME",
                            "name": "_2e033dd592dce29f583a62ae5913a2c4.akerl.com",
                            "records.#": "1",
                            "records.1149415412": "_a20d5a7c7dff688ebe5a64b118ba99a3.acm-validations.aws.",
                            "set_identifier": "",
                            "ttl": "60",
                            "type": "CNAME",
                            "zone_id": "Z1EXF3DHNCLVFG"
                        },
                        "meta": {
                            "schema_version": "2"
                        },
                        "tainted": false
                    },
                    "deposed": [],
                    "provider": "provider.aws"
                },
                "data.aws_route53_zone.zone.0": {
                    "type": "aws_route53_zone",
                    "depends_on": [],
                    "primary": {
                        "id": "Z1GXO6WRJN3B5T",
                        "attributes": {
                            "caller_reference": "2016-09-14T19:18:10.521998426-04:00",
                            "comment": "Managed by Terraform",
                            "id": "Z1GXO6WRJN3B5T",
                            "name": "akerl.org.",
                            "name_servers.#": "4",
                            "name_servers.0": "ns-1242.awsdns-27.org",
                            "name_servers.1": "ns-477.awsdns-59.com",
                            "name_servers.2": "ns-808.awsdns-37.net",
                            "name_servers.3": "ns-1942.awsdns-50.co.uk",
                            "private_zone": "false",
                            "resource_record_set_count": "12",
                            "zone_id": "Z1GXO6WRJN3B5T"
                        },
                        "meta": {},
                        "tainted": false
                    },
                    "deposed": [],
                    "provider": "provider.aws"
                },
                "data.aws_route53_zone.zone.1": {
                    "type": "aws_route53_zone",
                    "depends_on": [],
                    "primary": {
                        "id": "Z3RU5N2GAL6D4W",
                        "attributes": {
                            "caller_reference": "2016-09-14T19:18:10.522033792-04:00",
                            "comment": "Managed by Terraform",
                            "id": "Z3RU5N2GAL6D4W",
                            "name": "lesaker.org.",
                            "name_servers.#": "4",
                            "name_servers.0": "ns-1242.awsdns-27.org",
                            "name_servers.1": "ns-477.awsdns-59.com",
                            "name_servers.2": "ns-808.awsdns-37.net",
                            "name_servers.3": "ns-1942.awsdns-50.co.uk",
                            "private_zone": "false",
                            "resource_record_set_count": "12",
                            "zone_id": "Z3RU5N2GAL6D4W"
                        },
                        "meta": {},
                        "tainted": false
                    },
                    "deposed": [],
                    "provider": "provider.aws"
                },
                "data.aws_route53_zone.zone.10": {
                    "type": "aws_route53_zone",
                    "depends_on": [],
                    "primary": {
                        "id": "Z1EXF3DHNCLVFG",
                        "attributes": {
                            "caller_reference": "2016-09-14T19:18:10.521985366-04:00",
                            "comment": "Managed by Terraform",
                            "id": "Z1EXF3DHNCLVFG",
                            "name": "akerl.com.",
                            "name_servers.#": "4",
                            "name_servers.0": "ns-1242.awsdns-27.org",
                            "name_servers.1": "ns-477.awsdns-59.com",
                            "name_servers.2": "ns-808.awsdns-37.net",
                            "name_servers.3": "ns-1942.awsdns-50.co.uk",
                            "private_zone": "false",
                            "resource_record_set_count": "10",
                            "zone_id": "Z1EXF3DHNCLVFG"
                        },
                        "meta": {},
                        "tainted": false
                    },
                    "deposed": [],
                    "provider": "provider.aws"
                },
                "data.aws_route53_zone.zone.11": {
                    "type": "aws_route53_zone",
                    "depends_on": [],
                    "primary": {
                        "id": "Z1GSN0DUY7LO3I",
                        "attributes": {
                            "caller_reference": "2016-09-14T19:18:10.97680021-04:00",
                            "comment": "Managed by Terraform",
                            "id": "Z1GSN0DUY7LO3I",
                            "name": "a-rwx.org.",
                            "name_servers.#": "4",
                            "name_servers.0": "ns-1242.awsdns-27.org",
                            "name_servers.1": "ns-477.awsdns-59.com",
                            "name_servers.2": "ns-808.awsdns-37.net",
                            "name_servers.3": "ns-1942.awsdns-50.co.uk",
                            "private_zone": "false",
                            "resource_record_set_count": "13",
                            "zone_id": "Z1GSN0DUY7LO3I"
                        },
                        "meta": {},
                        "tainted": false
                    },
                    "deposed": [],
                    "provider": "provider.aws"
                },
                "data.aws_route53_zone.zone.12": {
                    "type": "aws_route53_zone",
                    "depends_on": [],
                    "primary": {
                        "id": "Z1GSN0DUY7LO3I",
                        "attributes": {
                            "caller_reference": "2016-09-14T19:18:10.97680021-04:00",
                            "comment": "Managed by Terraform",
                            "id": "Z1GSN0DUY7LO3I",
                            "name": "a-rwx.org.",
                            "name_servers.#": "4",
                            "name_servers.0": "ns-1242.awsdns-27.org",
                            "name_servers.1": "ns-477.awsdns-59.com",
                            "name_servers.2": "ns-808.awsdns-37.net",
                            "name_servers.3": "ns-1942.awsdns-50.co.uk",
                            "private_zone": "false",
                            "resource_record_set_count": "13",
                            "zone_id": "Z1GSN0DUY7LO3I"
                        },
                        "meta": {},
                        "tainted": false
                    },
                    "deposed": [],
                    "provider": "provider.aws"
                },
                "data.aws_route53_zone.zone.2": {
                    "type": "aws_route53_zone",
                    "depends_on": [],
                    "primary": {
                        "id": "Z3RU5N2GAL6D4W",
                        "attributes": {
                            "caller_reference": "2016-09-14T19:18:10.522033792-04:00",
                            "comment": "Managed by Terraform",
                            "id": "Z3RU5N2GAL6D4W",
                            "name": "lesaker.org.",
                            "name_servers.#": "4",
                            "name_servers.0": "ns-1242.awsdns-27.org",
                            "name_servers.1": "ns-477.awsdns-59.com",
                            "name_servers.2": "ns-808.awsdns-37.net",
                            "name_servers.3": "ns-1942.awsdns-50.co.uk",
                            "private_zone": "false",
                            "resource_record_set_count": "12",
                            "zone_id": "Z3RU5N2GAL6D4W"
                        },
                        "meta": {},
                        "tainted": false
                    },
                    "deposed": [],
                    "provider": "provider.aws"
                },
                "data.aws_route53_zone.zone.3": {
                    "type": "aws_route53_zone",
                    "depends_on": [],
                    "primary": {
                        "id": "Z11UY811DI2S1K",
                        "attributes": {
                            "caller_reference": "2016-09-14T19:18:10.523044235-04:00",
                            "comment": "Managed by Terraform",
                            "id": "Z11UY811DI2S1K",
                            "name": "scrtybybscrty.org.",
                            "name_servers.#": "4",
                            "name_servers.0": "ns-1242.awsdns-27.org",
                            "name_servers.1": "ns-477.awsdns-59.com",
                            "name_servers.2": "ns-808.awsdns-37.net",
                            "name_servers.3": "ns-1942.awsdns-50.co.uk",
                            "private_zone": "false",
                            "resource_record_set_count": "12",
                            "zone_id": "Z11UY811DI2S1K"
                        },
                        "meta": {},
                        "tainted": false
                    },
                    "deposed": [],
                    "provider": "provider.aws"
                },
                "data.aws_route53_zone.zone.4": {
                    "type": "aws_route53_zone",
                    "depends_on": [],
                    "primary": {
                        "id": "Z11UY811DI2S1K",
                        "attributes": {
                            "caller_reference": "2016-09-14T19:18:10.523044235-04:00",
                            "comment": "Managed by Terraform",
                            "id": "Z11UY811DI2S1K",
                            "name": "scrtybybscrty.org.",
                            "name_servers.#": "4",
                            "name_servers.0": "ns-1242.awsdns-27.org",
                            "name_servers.1": "ns-477.awsdns-59.com",
                            "name_servers.2": "ns-808.awsdns-37.net",
                            "name_servers.3": "ns-1942.awsdns-50.co.uk",
                            "private_zone": "false",
                            "resource_record_set_count": "12",
                            "zone_id": "Z11UY811DI2S1K"
                        },
                        "meta": {},
                        "tainted": false
                    },
                    "deposed": [],
                    "provider": "provider.aws"
                },
                "data.aws_route53_zone.zone.5": {
                    "type": "aws_route53_zone",
                    "depends_on": [],
                    "primary": {
                        "id": "Z12UG2AR1236YD",
                        "attributes": {
                            "caller_reference": "2016-09-14T19:18:10.513493351-04:00",
                            "comment": "Managed by Terraform",
                            "id": "Z12UG2AR1236YD",
                            "name": "lesaker.com.",
                            "name_servers.#": "4",
                            "name_servers.0": "ns-1242.awsdns-27.org",
                            "name_servers.1": "ns-477.awsdns-59.com",
                            "name_servers.2": "ns-808.awsdns-37.net",
                            "name_servers.3": "ns-1942.awsdns-50.co.uk",
                            "private_zone": "false",
                            "resource_record_set_count": "10",
                            "zone_id": "Z12UG2AR1236YD"
                        },
                        "meta": {},
                        "tainted": false
                    },
                    "deposed": [],
                    "provider": "provider.aws"
                },
                "data.aws_route53_zone.zone.6": {
                    "type": "aws_route53_zone",
                    "depends_on": [],
                    "primary": {
                        "id": "Z12UG2AR1236YD",
                        "attributes": {
                            "caller_reference": "2016-09-14T19:18:10.513493351-04:00",
                            "comment": "Managed by Terraform",
                            "id": "Z12UG2AR1236YD",
                            "name": "lesaker.com.",
                            "name_servers.#": "4",
                            "name_servers.0": "ns-1242.awsdns-27.org",
                            "name_servers.1": "ns-477.awsdns-59.com",
                            "name_servers.2": "ns-808.awsdns-37.net",
                            "name_servers.3": "ns-1942.awsdns-50.co.uk",
                            "private_zone": "false",
                            "resource_record_set_count": "10",
                            "zone_id": "Z12UG2AR1236YD"
                        },
                        "meta": {},
                        "tainted": false
                    },
                    "deposed": [],
                    "provider": "provider.aws"
                },
                "data.aws_route53_zone.zone.7": {
                    "type": "aws_route53_zone",
                    "depends_on": [],
                    "primary": {
                        "id": "Z1GXO6WRJN3B5T",
                        "attributes": {
                            "caller_reference": "2016-09-14T19:18:10.521998426-04:00",
                            "comment": "Managed by Terraform",
                            "id": "Z1GXO6WRJN3B5T",
                            "name": "akerl.org.",
                            "name_servers.#": "4",
                            "name_servers.0": "ns-1242.awsdns-27.org",
                            "name_servers.1": "ns-477.awsdns-59.com",
                            "name_servers.2": "ns-808.awsdns-37.net",
                            "name_servers.3": "ns-1942.awsdns-50.co.uk",
                            "private_zone": "false",
                            "resource_record_set_count": "12",
                            "zone_id": "Z1GXO6WRJN3B5T"
                        },
                        "meta": {},
                        "tainted": false
                    },
                    "deposed": [],
                    "provider": "provider.aws"
                },
                "data.aws_route53_zone.zone.8": {
                    "type": "aws_route53_zone",
                    "depends_on": [],
                    "primary": {
                        "id": "Z1GXO6WRJN3B5T",
                        "attributes": {
                            "caller_reference": "2016-09-14T19:18:10.521998426-04:00",
                            "comment": "Managed by Terraform",
                            "id": "Z1GXO6WRJN3B5T",
                            "name": "akerl.org.",
                            "name_servers.#": "4",
                            "name_servers.0": "ns-1242.awsdns-27.org",
                            "name_servers.1": "ns-477.awsdns-59.com",
                            "name_servers.2": "ns-808.awsdns-37.net",
                            "name_servers.3": "ns-1942.awsdns-50.co.uk",
                            "private_zone": "false",
                            "resource_record_set_count": "12",
                            "zone_id": "Z1GXO6WRJN3B5T"
                        },
                        "meta": {},
                        "tainted": false
                    },
                    "deposed": [],
                    "provider": "provider.aws"
                },
                "data.aws_route53_zone.zone.9": {
                    "type": "aws_route53_zone",
                    "depends_on": [],
                    "primary": {
                        "id": "Z1EXF3DHNCLVFG",
                        "attributes": {
                            "caller_reference": "2016-09-14T19:18:10.521985366-04:00",
                            "comment": "Managed by Terraform",
                            "id": "Z1EXF3DHNCLVFG",
                            "name": "akerl.com.",
                            "name_servers.#": "4",
                            "name_servers.0": "ns-1242.awsdns-27.org",
                            "name_servers.1": "ns-477.awsdns-59.com",
                            "name_servers.2": "ns-808.awsdns-37.net",
                            "name_servers.3": "ns-1942.awsdns-50.co.uk",
                            "private_zone": "false",
                            "resource_record_set_count": "10",
                            "zone_id": "Z1EXF3DHNCLVFG"
                        },
                        "meta": {},
                        "tainted": false
                    },
                    "deposed": [],
                    "provider": "provider.aws"
                }
            },
            "depends_on": []
        },
        {
            "path": [
                "root",
                "akerl-blog",
                "s3-website",
                "publish-user"
            ],
            "outputs": {},
            "resources": {
                "aws_iam_user.circleci": {
                    "type": "aws_iam_user",
                    "depends_on": [],
                    "primary": {
                        "id": "circleci-akerl-blog",
                        "attributes": {
                            "arn": "arn:aws:iam::764218738161:user/circleci-akerl-blog",
                            "force_destroy": "false",
                            "id": "circleci-akerl-blog",
                            "name": "circleci-akerl-blog",
                            "path": "/",
                            "unique_id": "AIDAJFVCGU3YX2FL2X4Z2"
                        },
                        "meta": {},
                        "tainted": false
                    },
                    "deposed": [],
                    "provider": "provider.aws"
                },
                "aws_iam_user_policy.s3_publish": {
                    "type": "aws_iam_user_policy",
                    "depends_on": [
                        "aws_iam_user.circleci",
                        "data.aws_iam_policy_document.publish"
                    ],
                    "primary": {
                        "id": "circleci-akerl-blog:s3_publish",
                        "attributes": {
                            "id": "circleci-akerl-blog:s3_publish",
                            "name": "s3_publish",
                            "policy": "{\n  \"Version\": \"2012-10-17\",\n  \"Statement\": [\n    {\n      \"Sid\": \"\",\n      \"Effect\": \"Allow\",\n      \"Action\": [\n        \"s3:PutObject\",\n        \"s3:ListBucket\",\n        \"s3:ListAllMyBuckets\",\n        \"s3:GetObjectAcl\",\n        \"s3:GetObject\",\n        \"s3:GetBucketLocation\",\n        \"s3:GetBucketAcl\",\n        \"s3:DeleteObject\"\n      ],\n      \"Resource\": [\n        \"arn:aws:s3:::akerl-blog/*\",\n        \"arn:aws:s3:::akerl-blog\"\n      ]\n    }\n  ]\n}",
                            "user": "circleci-akerl-blog"
                        },
                        "meta": {},
                        "tainted": false
                    },
                    "deposed": [],
                    "provider": "provider.aws"
                },
                "awscreds_iam_access_key.circleci-key": {
                    "type": "awscreds_iam_access_key",
                    "depends_on": [
                        "aws_iam_user.circleci"
                    ],
                    "primary": {
                        "id": "AKIAI5E6IY4YUQZNWDJA",
                        "attributes": {
                            "file": "creds/circleci-akerl-blog",
                            "id": "AKIAI5E6IY4YUQZNWDJA",
                            "secret": "",
                            "ses_smtp_password": "",
                            "status": "Active",
                            "user": "circleci-akerl-blog"
                        },
                        "meta": {},
                        "tainted": false
                    },
                    "deposed": [],
                    "provider": "provider.awscreds"
                },
                "data.aws_iam_policy_document.publish": {
                    "type": "aws_iam_policy_document",
                    "depends_on": [],
                    "primary": {
                        "id": "2135601489",
                        "attributes": {
                            "id": "2135601489",
                            "json": "{\n  \"Version\": \"2012-10-17\",\n  \"Statement\": [\n    {\n      \"Sid\": \"\",\n      \"Effect\": \"Allow\",\n      \"Action\": [\n        \"s3:PutObject\",\n        \"s3:ListBucket\",\n        \"s3:ListAllMyBuckets\",\n        \"s3:GetObjectAcl\",\n        \"s3:GetObject\",\n        \"s3:GetBucketLocation\",\n        \"s3:GetBucketAcl\",\n        \"s3:DeleteObject\"\n      ],\n      \"Resource\": [\n        \"arn:aws:s3:::akerl-blog/*\",\n        \"arn:aws:s3:::akerl-blog\"\n      ]\n    }\n  ]\n}",
                            "statement.#": "1",
                            "statement.0.actions.#": "8",
                            "statement.0.actions.2071725391": "s3:GetObject",
                            "statement.0.actions.2517836488": "s3:GetObjectAcl",
                            "statement.0.actions.3009670498": "s3:DeleteObject",
                            "statement.0.actions.315547055": "s3:PutObject",
                            "statement.0.actions.3948445924": "s3:GetBucketLocation",
                            "statement.0.actions.486976917": "s3:ListBucket",
                            "statement.0.actions.796062918": "s3:ListAllMyBuckets",
                            "statement.0.actions.845481387": "s3:GetBucketAcl",
                            "statement.0.condition.#": "0",
                            "statement.0.effect": "Allow",
                            "statement.0.not_actions.#": "0",
                            "statement.0.not_principals.#": "0",
                            "statement.0.not_resources.#": "0",
                            "statement.0.principals.#": "0",
                            "statement.0.resources.#": "2",
                            "statement.0.resources.2218934011": "arn:aws:s3:::akerl-blog/*",
                            "statement.0.resources.3113542243": "arn:aws:s3:::akerl-blog",
                            "statement.0.sid": ""
                        },
                        "meta": {},
                        "tainted": false
                    },
                    "deposed": [],
                    "provider": "provider.aws"
                }
            },
            "depends_on": []
        },
        {
            "path": [
                "root",
                "akerl-dcs-library",
                "madlibrarian",
                "certificate"
            ],
            "outputs": {
                "arn": {
                    "sensitive": false,
                    "type": "string",
                    "value": "arn:aws:acm:us-east-1:764218738161:certificate/d91a58f8-ae7f-4986-b5d7-3b62a7fac1b9"
                }
            },
            "resources": {
                "aws_acm_certificate.certificate": {
                    "type": "aws_acm_certificate",
                    "depends_on": [],
                    "primary": {
                        "id": "arn:aws:acm:us-east-1:764218738161:certificate/d91a58f8-ae7f-4986-b5d7-3b62a7fac1b9",
                        "attributes": {
                            "arn": "arn:aws:acm:us-east-1:764218738161:certificate/d91a58f8-ae7f-4986-b5d7-3b62a7fac1b9",
                            "domain_name": "dcs.coolquotes.xyz",
                            "domain_validation_options.#": "1",
                            "domain_validation_options.0.domain_name": "dcs.coolquotes.xyz",
                            "domain_validation_options.0.resource_record_name": "_b9b94583dc89ac6fb593bb0e98125d47.dcs.coolquotes.xyz.",
                            "domain_validation_options.0.resource_record_type": "CNAME",
                            "domain_validation_options.0.resource_record_value": "_56004aa83203431310ce76ca4d5aa03e.acm-validations.aws.",
                            "id": "arn:aws:acm:us-east-1:764218738161:certificate/d91a58f8-ae7f-4986-b5d7-3b62a7fac1b9",
                            "subject_alternative_names.#": "0",
                            "tags.%": "0",
                            "validation_emails.#": "0",
                            "validation_method": "DNS"
                        },
                        "meta": {},
                        "tainted": false
                    },
                    "deposed": [],
                    "provider": "provider.aws"
                },
                "aws_acm_certificate_validation.certificate": {
                    "type": "aws_acm_certificate_validation",
                    "depends_on": [
                        "aws_acm_certificate.certificate",
                        "aws_route53_record.validation.*"
                    ],
                    "primary": {
                        "id": "2018-05-11 14:15:11 +0000 UTC",
                        "attributes": {
                            "certificate_arn": "arn:aws:acm:us-east-1:764218738161:certificate/d91a58f8-ae7f-4986-b5d7-3b62a7fac1b9",
                            "id": "2018-05-11 14:15:11 +0000 UTC",
                            "validation_record_fqdns.#": "1",
                            "validation_record_fqdns.931338152": "_b9b94583dc89ac6fb593bb0e98125d47.dcs.coolquotes.xyz"
                        },
                        "meta": {
                            "e2bfb730-ecaa-11e6-8f88-34363bc7c4c0": {
                                "create": 2700000000000
                            }
                        },
                        "tainted": false
                    },
                    "deposed": [],
                    "provider": "provider.aws"
                },
                "aws_route53_record.validation": {
                    "type": "aws_route53_record",
                    "depends_on": [
                        "aws_acm_certificate.certificate",
                        "data.aws_route53_zone.zone.*"
                    ],
                    "primary": {
                        "id": "Z8OAL9XXAA49Z__b9b94583dc89ac6fb593bb0e98125d47.dcs.coolquotes.xyz._CNAME",
                        "attributes": {
                            "allow_overwrite": "true",
                            "fqdn": "_b9b94583dc89ac6fb593bb0e98125d47.dcs.coolquotes.xyz",
                            "health_check_id": "",
                            "id": "Z8OAL9XXAA49Z__b9b94583dc89ac6fb593bb0e98125d47.dcs.coolquotes.xyz._CNAME",
                            "name": "_b9b94583dc89ac6fb593bb0e98125d47.dcs.coolquotes.xyz",
                            "records.#": "1",
                            "records.2420866157": "_56004aa83203431310ce76ca4d5aa03e.acm-validations.aws.",
                            "set_identifier": "",
                            "ttl": "60",
                            "type": "CNAME",
                            "zone_id": "Z8OAL9XXAA49Z"
                        },
                        "meta": {
                            "schema_version": "2"
                        },
                        "tainted": false
                    },
                    "deposed": [],
                    "provider": "provider.aws"
                },
                "data.aws_route53_zone.zone": {
                    "type": "aws_route53_zone",
                    "depends_on": [],
                    "primary": {
                        "id": "Z8OAL9XXAA49Z",
                        "attributes": {
                            "caller_reference": "2017-09-14T01:31:08.67890792-04:00",
                            "comment": "Managed by Terraform",
                            "id": "Z8OAL9XXAA49Z",
                            "name": "coolquotes.xyz.",
                            "name_servers.#": "4",
                            "name_servers.0": "ns-1242.awsdns-27.org",
                            "name_servers.1": "ns-477.awsdns-59.com",
                            "name_servers.2": "ns-808.awsdns-37.net",
                            "name_servers.3": "ns-1942.awsdns-50.co.uk",
                            "private_zone": "false",
                            "resource_record_set_count": "12",
                            "zone_id": "Z8OAL9XXAA49Z"
                        },
                        "meta": {},
                        "tainted": false
                    },
                    "deposed": [],
                    "provider": "provider.aws"
                }
            },
            "depends_on": []
        },
        {
            "path": [
                "root",
                "akerl-dcs-library",
                "madlibrarian",
                "config-user"
            ],
            "outputs": {},
            "resources": {
                "aws_iam_user.circleci": {
                    "type": "aws_iam_user",
                    "depends_on": [],
                    "primary": {
                        "id": "circleci-akerl-dcs-library-config",
                        "attributes": {
                            "arn": "arn:aws:iam::764218738161:user/circleci-akerl-dcs-library-config",
                            "force_destroy": "false",
                            "id": "circleci-akerl-dcs-library-config",
                            "name": "circleci-akerl-dcs-library-config",
                            "path": "/",
                            "unique_id": "AIDAINITJRJFPPEBW45XS"
                        },
                        "meta": {},
                        "tainted": false
                    },
                    "deposed": [],
                    "provider": "provider.aws"
                },
                "aws_iam_user_policy.s3_publish": {
                    "type": "aws_iam_user_policy",
                    "depends_on": [
                        "aws_iam_user.circleci",
                        "data.aws_iam_policy_document.publish"
                    ],
                    "primary": {
                        "id": "circleci-akerl-dcs-library-config:s3_publish",
                        "attributes": {
                            "id": "circleci-akerl-dcs-library-config:s3_publish",
                            "name": "s3_publish",
                            "policy": "{\n  \"Version\": \"2012-10-17\",\n  \"Statement\": [\n    {\n      \"Sid\": \"\",\n      \"Effect\": \"Allow\",\n      \"Action\": [\n        \"s3:PutObject\",\n        \"s3:ListBucket\",\n        \"s3:ListAllMyBuckets\",\n        \"s3:GetObjectAcl\",\n        \"s3:GetObject\",\n        \"s3:GetBucketLocation\",\n        \"s3:GetBucketAcl\",\n        \"s3:DeleteObject\"\n      ],\n      \"Resource\": [\n        \"arn:aws:s3:::akerl-dcs-library-config/*\",\n        \"arn:aws:s3:::akerl-dcs-library-config\"\n      ]\n    }\n  ]\n}",
                            "user": "circleci-akerl-dcs-library-config"
                        },
                        "meta": {},
                        "tainted": false
                    },
                    "deposed": [],
                    "provider": "provider.aws"
                },
                "aws_s3_bucket.publish-bucket": {
                    "type": "aws_s3_bucket",
                    "depends_on": [],
                    "primary": {
                        "id": "akerl-dcs-library-config",
                        "attributes": {
                            "acceleration_status": "",
                            "acl": "private",
                            "arn": "arn:aws:s3:::akerl-dcs-library-config",
                            "bucket": "akerl-dcs-library-config",
                            "bucket_domain_name": "akerl-dcs-library-config.s3.amazonaws.com",
                            "force_destroy": "false",
                            "hosted_zone_id": "Z3AQBSTGFYJSTF",
                            "id": "akerl-dcs-library-config",
                            "logging.#": "1",
                            "logging.3875341494.target_bucket": "akerl-s3-logs",
                            "logging.3875341494.target_prefix": "akerl-dcs-library-config/",
                            "region": "us-east-1",
                            "replication_configuration.#": "0",
                            "request_payer": "BucketOwner",
                            "server_side_encryption_configuration.#": "0",
                            "tags.%": "0",
                            "versioning.#": "1",
                            "versioning.0.enabled": "true",
                            "versioning.0.mfa_delete": "false",
                            "website.#": "0"
                        },
                        "meta": {},
                        "tainted": false
                    },
                    "deposed": [],
                    "provider": "provider.aws"
                },
                "awscreds_iam_access_key.circleci-key": {
                    "type": "awscreds_iam_access_key",
                    "depends_on": [
                        "aws_iam_user.circleci"
                    ],
                    "primary": {
                        "id": "AKIAJIHP7PLBTJTXUHHA",
                        "attributes": {
                            "file": "creds/circleci-akerl-dcs-library-config",
                            "id": "AKIAJIHP7PLBTJTXUHHA",
                            "secret": "",
                            "ses_smtp_password": "",
                            "status": "Active",
                            "user": "circleci-akerl-dcs-library-config"
                        },
                        "meta": {},
                        "tainted": false
                    },
                    "deposed": [],
                    "provider": "provider.awscreds"
                },
                "data.aws_iam_policy_document.publish": {
                    "type": "aws_iam_policy_document",
                    "depends_on": [],
                    "primary": {
                        "id": "2906024152",
                        "attributes": {
                            "id": "2906024152",
                            "json": "{\n  \"Version\": \"2012-10-17\",\n  \"Statement\": [\n    {\n      \"Sid\": \"\",\n      \"Effect\": \"Allow\",\n      \"Action\": [\n        \"s3:PutObject\",\n        \"s3:ListBucket\",\n        \"s3:ListAllMyBuckets\",\n        \"s3:GetObjectAcl\",\n        \"s3:GetObject\",\n        \"s3:GetBucketLocation\",\n        \"s3:GetBucketAcl\",\n        \"s3:DeleteObject\"\n      ],\n      \"Resource\": [\n        \"arn:aws:s3:::akerl-dcs-library-config/*\",\n        \"arn:aws:s3:::akerl-dcs-library-config\"\n      ]\n    }\n  ]\n}",
                            "statement.#": "1",
                            "statement.0.actions.#": "8",
                            "statement.0.actions.2071725391": "s3:GetObject",
                            "statement.0.actions.2517836488": "s3:GetObjectAcl",
                            "statement.0.actions.3009670498": "s3:DeleteObject",
                            "statement.0.actions.315547055": "s3:PutObject",
                            "statement.0.actions.3948445924": "s3:GetBucketLocation",
                            "statement.0.actions.486976917": "s3:ListBucket",
                            "statement.0.actions.796062918": "s3:ListAllMyBuckets",
                            "statement.0.actions.845481387": "s3:GetBucketAcl",
                            "statement.0.condition.#": "0",
                            "statement.0.effect": "Allow",
                            "statement.0.not_actions.#": "0",
                            "statement.0.not_principals.#": "0",
                            "statement.0.not_resources.#": "0",
                            "statement.0.principals.#": "0",
                            "statement.0.resources.#": "2",
                            "statement.0.resources.2830782896": "arn:aws:s3:::akerl-dcs-library-config/*",
                            "statement.0.resources.4238403927": "arn:aws:s3:::akerl-dcs-library-config",
                            "statement.0.sid": ""
                        },
                        "meta": {},
                        "tainted": false
                    },
                    "deposed": [],
                    "provider": "provider.aws"
                }
            },
            "depends_on": []
        },
        {
            "path": [
                "root",
                "akerl-dcs-library",
                "madlibrarian",
                "publish-user"
            ],
            "outputs": {},
            "resources": {
                "aws_iam_user.circleci": {
                    "type": "aws_iam_user",
                    "depends_on": [],
                    "primary": {
                        "id": "circleci-akerl-dcs-library",
                        "attributes": {
                            "arn": "arn:aws:iam::764218738161:user/circleci-akerl-dcs-library",
                            "force_destroy": "false",
                            "id": "circleci-akerl-dcs-library",
                            "name": "circleci-akerl-dcs-library",
                            "path": "/",
                            "unique_id": "AIDAJZUS4JVBA4LRQCE4Y"
                        },
                        "meta": {},
                        "tainted": false
                    },
                    "deposed": [],
                    "provider": "provider.aws"
                },
                "aws_iam_user_policy.s3_publish": {
                    "type": "aws_iam_user_policy",
                    "depends_on": [
                        "aws_iam_user.circleci",
                        "data.aws_iam_policy_document.publish"
                    ],
                    "primary": {
                        "id": "circleci-akerl-dcs-library:s3_publish",
                        "attributes": {
                            "id": "circleci-akerl-dcs-library:s3_publish",
                            "name": "s3_publish",
                            "policy": "{\n  \"Version\": \"2012-10-17\",\n  \"Statement\": [\n    {\n      \"Sid\": \"\",\n      \"Effect\": \"Allow\",\n      \"Action\": [\n        \"s3:PutObject\",\n        \"s3:ListBucket\",\n        \"s3:ListAllMyBuckets\",\n        \"s3:GetObjectAcl\",\n        \"s3:GetObject\",\n        \"s3:GetBucketLocation\",\n        \"s3:GetBucketAcl\",\n        \"s3:DeleteObject\"\n      ],\n      \"Resource\": [\n        \"arn:aws:s3:::akerl-dcs-library/*\",\n        \"arn:aws:s3:::akerl-dcs-library\"\n      ]\n    }\n  ]\n}",
                            "user": "circleci-akerl-dcs-library"
                        },
                        "meta": {},
                        "tainted": false
                    },
                    "deposed": [],
                    "provider": "provider.aws"
                },
                "aws_s3_bucket.publish-bucket": {
                    "type": "aws_s3_bucket",
                    "depends_on": [],
                    "primary": {
                        "id": "akerl-dcs-library",
                        "attributes": {
                            "acceleration_status": "",
                            "acl": "private",
                            "arn": "arn:aws:s3:::akerl-dcs-library",
                            "bucket": "akerl-dcs-library",
                            "bucket_domain_name": "akerl-dcs-library.s3.amazonaws.com",
                            "force_destroy": "false",
                            "hosted_zone_id": "Z3AQBSTGFYJSTF",
                            "id": "akerl-dcs-library",
                            "logging.#": "1",
                            "logging.469499880.target_bucket": "akerl-s3-logs",
                            "logging.469499880.target_prefix": "akerl-dcs-library/",
                            "region": "us-east-1",
                            "replication_configuration.#": "0",
                            "request_payer": "BucketOwner",
                            "server_side_encryption_configuration.#": "0",
                            "tags.%": "0",
                            "versioning.#": "1",
                            "versioning.0.enabled": "true",
                            "versioning.0.mfa_delete": "false",
                            "website.#": "0"
                        },
                        "meta": {},
                        "tainted": false
                    },
                    "deposed": [],
                    "provider": "provider.aws"
                },
                "awscreds_iam_access_key.circleci-key": {
                    "type": "awscreds_iam_access_key",
                    "depends_on": [
                        "aws_iam_user.circleci"
                    ],
                    "primary": {
                        "id": "AKIAJ2VGZPO7G5PGSWZA",
                        "attributes": {
                            "file": "creds/circleci-akerl-dcs-library",
                            "id": "AKIAJ2VGZPO7G5PGSWZA",
                            "secret": "",
                            "ses_smtp_password": "",
                            "status": "Active",
                            "user": "circleci-akerl-dcs-library"
                        },
                        "meta": {},
                        "tainted": false
                    },
                    "deposed": [],
                    "provider": "provider.awscreds"
                },
                "data.aws_iam_policy_document.publish": {
                    "type": "aws_iam_policy_document",
                    "depends_on": [],
                    "primary": {
                        "id": "2265459946",
                        "attributes": {
                            "id": "2265459946",
                            "json": "{\n  \"Version\": \"2012-10-17\",\n  \"Statement\": [\n    {\n      \"Sid\": \"\",\n      \"Effect\": \"Allow\",\n      \"Action\": [\n        \"s3:PutObject\",\n        \"s3:ListBucket\",\n        \"s3:ListAllMyBuckets\",\n        \"s3:GetObjectAcl\",\n        \"s3:GetObject\",\n        \"s3:GetBucketLocation\",\n        \"s3:GetBucketAcl\",\n        \"s3:DeleteObject\"\n      ],\n      \"Resource\": [\n        \"arn:aws:s3:::akerl-dcs-library/*\",\n        \"arn:aws:s3:::akerl-dcs-library\"\n      ]\n    }\n  ]\n}",
                            "statement.#": "1",
                            "statement.0.actions.#": "8",
                            "statement.0.actions.2071725391": "s3:GetObject",
                            "statement.0.actions.2517836488": "s3:GetObjectAcl",
                            "statement.0.actions.3009670498": "s3:DeleteObject",
                            "statement.0.actions.315547055": "s3:PutObject",
                            "statement.0.actions.3948445924": "s3:GetBucketLocation",
                            "statement.0.actions.486976917": "s3:ListBucket",
                            "statement.0.actions.796062918": "s3:ListAllMyBuckets",
                            "statement.0.actions.845481387": "s3:GetBucketAcl",
                            "statement.0.condition.#": "0",
                            "statement.0.effect": "Allow",
                            "statement.0.not_actions.#": "0",
                            "statement.0.not_principals.#": "0",
                            "statement.0.not_resources.#": "0",
                            "statement.0.principals.#": "0",
                            "statement.0.resources.#": "2",
                            "statement.0.resources.2145029193": "arn:aws:s3:::akerl-dcs-library/*",
                            "statement.0.resources.777249602": "arn:aws:s3:::akerl-dcs-library",
                            "statement.0.sid": ""
                        },
                        "meta": {},
                        "tainted": false
                    },
                    "deposed": [],
                    "provider": "provider.aws"
                }
            },
            "depends_on": []
        },
        {
            "path": [
                "root",
                "akerl-hf-library",
                "madlibrarian",
                "certificate"
            ],
            "outputs": {
                "arn": {
                    "sensitive": false,
                    "type": "string",
                    "value": "arn:aws:acm:us-east-1:764218738161:certificate/a2009f0d-10be-4e2c-ac9d-f85e7cfb05af"
                }
            },
            "resources": {
                "aws_acm_certificate.certificate": {
                    "type": "aws_acm_certificate",
                    "depends_on": [],
                    "primary": {
                        "id": "arn:aws:acm:us-east-1:764218738161:certificate/a2009f0d-10be-4e2c-ac9d-f85e7cfb05af",
                        "attributes": {
                            "arn": "arn:aws:acm:us-east-1:764218738161:certificate/a2009f0d-10be-4e2c-ac9d-f85e7cfb05af",
                            "domain_name": "hf.coolquotes.xyz",
                            "domain_validation_options.#": "1",
                            "domain_validation_options.0.domain_name": "hf.coolquotes.xyz",
                            "domain_validation_options.0.resource_record_name": "_07033cb570a16d1ddd2b732082db6da6.hf.coolquotes.xyz.",
                            "domain_validation_options.0.resource_record_type": "CNAME",
                            "domain_validation_options.0.resource_record_value": "_6201fd67c88310e732107f603f461fd1.acm-validations.aws.",
                            "id": "arn:aws:acm:us-east-1:764218738161:certificate/a2009f0d-10be-4e2c-ac9d-f85e7cfb05af",
                            "subject_alternative_names.#": "0",
                            "tags.%": "0",
                            "validation_emails.#": "0",
                            "validation_method": "DNS"
                        },
                        "meta": {},
                        "tainted": false
                    },
                    "deposed": [],
                    "provider": "provider.aws"
                },
                "aws_acm_certificate_validation.certificate": {
                    "type": "aws_acm_certificate_validation",
                    "depends_on": [
                        "aws_acm_certificate.certificate",
                        "aws_route53_record.validation.*"
                    ],
                    "primary": {
                        "id": "2018-02-27 06:02:21 +0000 UTC",
                        "attributes": {
                            "certificate_arn": "arn:aws:acm:us-east-1:764218738161:certificate/a2009f0d-10be-4e2c-ac9d-f85e7cfb05af",
                            "id": "2018-02-27 06:02:21 +0000 UTC",
                            "validation_record_fqdns.#": "1",
                            "validation_record_fqdns.567843406": "_07033cb570a16d1ddd2b732082db6da6.hf.coolquotes.xyz"
                        },
                        "meta": {
                            "e2bfb730-ecaa-11e6-8f88-34363bc7c4c0": {
                                "create": 2700000000000
                            }
                        },
                        "tainted": false
                    },
                    "deposed": [],
                    "provider": "provider.aws"
                },
                "aws_route53_record.validation": {
                    "type": "aws_route53_record",
                    "depends_on": [
                        "aws_acm_certificate.certificate",
                        "data.aws_route53_zone.zone.*"
                    ],
                    "primary": {
                        "id": "Z8OAL9XXAA49Z__07033cb570a16d1ddd2b732082db6da6.hf.coolquotes.xyz._CNAME",
                        "attributes": {
                            "allow_overwrite": "true",
                            "fqdn": "_07033cb570a16d1ddd2b732082db6da6.hf.coolquotes.xyz",
                            "health_check_id": "",
                            "id": "Z8OAL9XXAA49Z__07033cb570a16d1ddd2b732082db6da6.hf.coolquotes.xyz._CNAME",
                            "name": "_07033cb570a16d1ddd2b732082db6da6.hf.coolquotes.xyz",
                            "records.#": "1",
                            "records.2146496206": "_6201fd67c88310e732107f603f461fd1.acm-validations.aws.",
                            "set_identifier": "",
                            "ttl": "60",
                            "type": "CNAME",
                            "zone_id": "Z8OAL9XXAA49Z"
                        },
                        "meta": {
                            "schema_version": "2"
                        },
                        "tainted": false
                    },
                    "deposed": [],
                    "provider": "provider.aws"
                },
                "data.aws_route53_zone.zone": {
                    "type": "aws_route53_zone",
                    "depends_on": [],
                    "primary": {
                        "id": "Z8OAL9XXAA49Z",
                        "attributes": {
                            "caller_reference": "2017-09-14T01:31:08.67890792-04:00",
                            "comment": "Managed by Terraform",
                            "id": "Z8OAL9XXAA49Z",
                            "name": "coolquotes.xyz.",
                            "name_servers.#": "4",
                            "name_servers.0": "ns-1242.awsdns-27.org",
                            "name_servers.1": "ns-477.awsdns-59.com",
                            "name_servers.2": "ns-808.awsdns-37.net",
                            "name_servers.3": "ns-1942.awsdns-50.co.uk",
                            "private_zone": "false",
                            "resource_record_set_count": "12",
                            "zone_id": "Z8OAL9XXAA49Z"
                        },
                        "meta": {},
                        "tainted": false
                    },
                    "deposed": [],
                    "provider": "provider.aws"
                }
            },
            "depends_on": []
        },
        {
            "path": [
                "root",
                "akerl-hf-library",
                "madlibrarian",
                "config-user"
            ],
            "outputs": {},
            "resources": {
                "aws_iam_user.circleci": {
                    "type": "aws_iam_user",
                    "depends_on": [],
                    "primary": {
                        "id": "circleci-akerl-hf-library-config",
                        "attributes": {
                            "arn": "arn:aws:iam::764218738161:user/circleci-akerl-hf-library-config",
                            "force_destroy": "false",
                            "id": "circleci-akerl-hf-library-config",
                            "name": "circleci-akerl-hf-library-config",
                            "path": "/",
                            "unique_id": "AIDAJGUMIWA2J7LKQNXPK"
                        },
                        "meta": {},
                        "tainted": false
                    },
                    "deposed": [],
                    "provider": "provider.aws"
                },
                "aws_iam_user_policy.s3_publish": {
                    "type": "aws_iam_user_policy",
                    "depends_on": [
                        "aws_iam_user.circleci",
                        "data.aws_iam_policy_document.publish"
                    ],
                    "primary": {
                        "id": "circleci-akerl-hf-library-config:s3_publish",
                        "attributes": {
                            "id": "circleci-akerl-hf-library-config:s3_publish",
                            "name": "s3_publish",
                            "policy": "{\n  \"Version\": \"2012-10-17\",\n  \"Statement\": [\n    {\n      \"Sid\": \"\",\n      \"Effect\": \"Allow\",\n      \"Action\": [\n        \"s3:PutObject\",\n        \"s3:ListBucket\",\n        \"s3:ListAllMyBuckets\",\n        \"s3:GetObjectAcl\",\n        \"s3:GetObject\",\n        \"s3:GetBucketLocation\",\n        \"s3:GetBucketAcl\",\n        \"s3:DeleteObject\"\n      ],\n      \"Resource\": [\n        \"arn:aws:s3:::akerl-hf-library-config/*\",\n        \"arn:aws:s3:::akerl-hf-library-config\"\n      ]\n    }\n  ]\n}",
                            "user": "circleci-akerl-hf-library-config"
                        },
                        "meta": {},
                        "tainted": false
                    },
                    "deposed": [],
                    "provider": "provider.aws"
                },
                "aws_s3_bucket.publish-bucket": {
                    "type": "aws_s3_bucket",
                    "depends_on": [],
                    "primary": {
                        "id": "akerl-hf-library-config",
                        "attributes": {
                            "acceleration_status": "",
                            "acl": "private",
                            "arn": "arn:aws:s3:::akerl-hf-library-config",
                            "bucket": "akerl-hf-library-config",
                            "bucket_domain_name": "akerl-hf-library-config.s3.amazonaws.com",
                            "force_destroy": "false",
                            "hosted_zone_id": "Z3AQBSTGFYJSTF",
                            "id": "akerl-hf-library-config",
                            "logging.#": "1",
                            "logging.3382197237.target_bucket": "akerl-s3-logs",
                            "logging.3382197237.target_prefix": "akerl-hf-library-config/",
                            "region": "us-east-1",
                            "replication_configuration.#": "0",
                            "request_payer": "BucketOwner",
                            "server_side_encryption_configuration.#": "0",
                            "tags.%": "0",
                            "versioning.#": "1",
                            "versioning.0.enabled": "true",
                            "versioning.0.mfa_delete": "false",
                            "website.#": "0"
                        },
                        "meta": {},
                        "tainted": false
                    },
                    "deposed": [],
                    "provider": "provider.aws"
                },
                "awscreds_iam_access_key.circleci-key": {
                    "type": "awscreds_iam_access_key",
                    "depends_on": [
                        "aws_iam_user.circleci"
                    ],
                    "primary": {
                        "id": "AKIAJODGI3BNNU3PNE7A",
                        "attributes": {
                            "file": "creds/circleci-akerl-hf-library-config",
                            "id": "AKIAJODGI3BNNU3PNE7A",
                            "secret": "",
                            "ses_smtp_password": "",
                            "status": "Active",
                            "user": "circleci-akerl-hf-library-config"
                        },
                        "meta": {},
                        "tainted": false
                    },
                    "deposed": [],
                    "provider": "provider.awscreds"
                },
                "data.aws_iam_policy_document.publish": {
                    "type": "aws_iam_policy_document",
                    "depends_on": [],
                    "primary": {
                        "id": "2815185477",
                        "attributes": {
                            "id": "2815185477",
                            "json": "{\n  \"Version\": \"2012-10-17\",\n  \"Statement\": [\n    {\n      \"Sid\": \"\",\n      \"Effect\": \"Allow\",\n      \"Action\": [\n        \"s3:PutObject\",\n        \"s3:ListBucket\",\n        \"s3:ListAllMyBuckets\",\n        \"s3:GetObjectAcl\",\n        \"s3:GetObject\",\n        \"s3:GetBucketLocation\",\n        \"s3:GetBucketAcl\",\n        \"s3:DeleteObject\"\n      ],\n      \"Resource\": [\n        \"arn:aws:s3:::akerl-hf-library-config/*\",\n        \"arn:aws:s3:::akerl-hf-library-config\"\n      ]\n    }\n  ]\n}",
                            "statement.#": "1",
                            "statement.0.actions.#": "8",
                            "statement.0.actions.2071725391": "s3:GetObject",
                            "statement.0.actions.2517836488": "s3:GetObjectAcl",
                            "statement.0.actions.3009670498": "s3:DeleteObject",
                            "statement.0.actions.315547055": "s3:PutObject",
                            "statement.0.actions.3948445924": "s3:GetBucketLocation",
                            "statement.0.actions.486976917": "s3:ListBucket",
                            "statement.0.actions.796062918": "s3:ListAllMyBuckets",
                            "statement.0.actions.845481387": "s3:GetBucketAcl",
                            "statement.0.condition.#": "0",
                            "statement.0.effect": "Allow",
                            "statement.0.not_actions.#": "0",
                            "statement.0.not_principals.#": "0",
                            "statement.0.not_resources.#": "0",
                            "statement.0.principals.#": "0",
                            "statement.0.resources.#": "2",
                            "statement.0.resources.1261111907": "arn:aws:s3:::akerl-hf-library-config/*",
                            "statement.0.resources.3462475524": "arn:aws:s3:::akerl-hf-library-config",
                            "statement.0.sid": ""
                        },
                        "meta": {},
                        "tainted": false
                    },
                    "deposed": [],
                    "provider": "provider.aws"
                }
            },
            "depends_on": []
        },
        {
            "path": [
                "root",
                "akerl-hf-library",
                "madlibrarian",
                "publish-user"
            ],
            "outputs": {},
            "resources": {
                "aws_iam_user.circleci": {
                    "type": "aws_iam_user",
                    "depends_on": [],
                    "primary": {
                        "id": "circleci-akerl-hf-library",
                        "attributes": {
                            "arn": "arn:aws:iam::764218738161:user/circleci-akerl-hf-library",
                            "force_destroy": "false",
                            "id": "circleci-akerl-hf-library",
                            "name": "circleci-akerl-hf-library",
                            "path": "/",
                            "unique_id": "AIDAJEEUXCXVVKVKDVA2I"
                        },
                        "meta": {},
                        "tainted": false
                    },
                    "deposed": [],
                    "provider": "provider.aws"
                },
                "aws_iam_user_policy.s3_publish": {
                    "type": "aws_iam_user_policy",
                    "depends_on": [
                        "aws_iam_user.circleci",
                        "data.aws_iam_policy_document.publish"
                    ],
                    "primary": {
                        "id": "circleci-akerl-hf-library:s3_publish",
                        "attributes": {
                            "id": "circleci-akerl-hf-library:s3_publish",
                            "name": "s3_publish",
                            "policy": "{\n  \"Version\": \"2012-10-17\",\n  \"Statement\": [\n    {\n      \"Sid\": \"\",\n      \"Effect\": \"Allow\",\n      \"Action\": [\n        \"s3:PutObject\",\n        \"s3:ListBucket\",\n        \"s3:ListAllMyBuckets\",\n        \"s3:GetObjectAcl\",\n        \"s3:GetObject\",\n        \"s3:GetBucketLocation\",\n        \"s3:GetBucketAcl\",\n        \"s3:DeleteObject\"\n      ],\n      \"Resource\": [\n        \"arn:aws:s3:::akerl-hf-library/*\",\n        \"arn:aws:s3:::akerl-hf-library\"\n      ]\n    }\n  ]\n}",
                            "user": "circleci-akerl-hf-library"
                        },
                        "meta": {},
                        "tainted": false
                    },
                    "deposed": [],
                    "provider": "provider.aws"
                },
                "aws_s3_bucket.publish-bucket": {
                    "type": "aws_s3_bucket",
                    "depends_on": [],
                    "primary": {
                        "id": "akerl-hf-library",
                        "attributes": {
                            "acceleration_status": "",
                            "acl": "private",
                            "arn": "arn:aws:s3:::akerl-hf-library",
                            "bucket": "akerl-hf-library",
                            "bucket_domain_name": "akerl-hf-library.s3.amazonaws.com",
                            "force_destroy": "false",
                            "hosted_zone_id": "Z3AQBSTGFYJSTF",
                            "id": "akerl-hf-library",
                            "logging.#": "1",
                            "logging.3443431963.target_bucket": "akerl-s3-logs",
                            "logging.3443431963.target_prefix": "akerl-hf-library/",
                            "region": "us-east-1",
                            "replication_configuration.#": "0",
                            "request_payer": "BucketOwner",
                            "server_side_encryption_configuration.#": "0",
                            "tags.%": "0",
                            "versioning.#": "1",
                            "versioning.0.enabled": "true",
                            "versioning.0.mfa_delete": "false",
                            "website.#": "0"
                        },
                        "meta": {},
                        "tainted": false
                    },
                    "deposed": [],
                    "provider": "provider.aws"
                },
                "awscreds_iam_access_key.circleci-key": {
                    "type": "awscreds_iam_access_key",
                    "depends_on": [
                        "aws_iam_user.circleci"
                    ],
                    "primary": {
                        "id": "AKIAIPKOUXRNRYYHL7FA",
                        "attributes": {
                            "file": "creds/circleci-akerl-hf-library",
                            "id": "AKIAIPKOUXRNRYYHL7FA",
                            "secret": "",
                            "ses_smtp_password": "",
                            "status": "Active",
                            "user": "circleci-akerl-hf-library"
                        },
                        "meta": {},
                        "tainted": false
                    },
                    "deposed": [],
                    "provider": "provider.awscreds"
                },
                "data.aws_iam_policy_document.publish": {
                    "type": "aws_iam_policy_document",
                    "depends_on": [],
                    "primary": {
                        "id": "3832156387",
                        "attributes": {
                            "id": "3832156387",
                            "json": "{\n  \"Version\": \"2012-10-17\",\n  \"Statement\": [\n    {\n      \"Sid\": \"\",\n      \"Effect\": \"Allow\",\n      \"Action\": [\n        \"s3:PutObject\",\n        \"s3:ListBucket\",\n        \"s3:ListAllMyBuckets\",\n        \"s3:GetObjectAcl\",\n        \"s3:GetObject\",\n        \"s3:GetBucketLocation\",\n        \"s3:GetBucketAcl\",\n        \"s3:DeleteObject\"\n      ],\n      \"Resource\": [\n        \"arn:aws:s3:::akerl-hf-library/*\",\n        \"arn:aws:s3:::akerl-hf-library\"\n      ]\n    }\n  ]\n}",
                            "statement.#": "1",
                            "statement.0.actions.#": "8",
                            "statement.0.actions.2071725391": "s3:GetObject",
                            "statement.0.actions.2517836488": "s3:GetObjectAcl",
                            "statement.0.actions.3009670498": "s3:DeleteObject",
                            "statement.0.actions.315547055": "s3:PutObject",
                            "statement.0.actions.3948445924": "s3:GetBucketLocation",
                            "statement.0.actions.486976917": "s3:ListBucket",
                            "statement.0.actions.796062918": "s3:ListAllMyBuckets",
                            "statement.0.actions.845481387": "s3:GetBucketAcl",
                            "statement.0.condition.#": "0",
                            "statement.0.effect": "Allow",
                            "statement.0.not_actions.#": "0",
                            "statement.0.not_principals.#": "0",
                            "statement.0.not_resources.#": "0",
                            "statement.0.principals.#": "0",
                            "statement.0.resources.#": "2",
                            "statement.0.resources.2626981634": "arn:aws:s3:::akerl-hf-library/*",
                            "statement.0.resources.619046589": "arn:aws:s3:::akerl-hf-library",
                            "statement.0.sid": ""
                        },
                        "meta": {},
                        "tainted": false
                    },
                    "deposed": [],
                    "provider": "provider.aws"
                }
            },
            "depends_on": []
        },
        {
            "path": [
                "root",
                "akerl-keys",
                "s3-website",
                "certificate"
            ],
            "outputs": {
                "arn": {
                    "sensitive": false,
                    "type": "string",
                    "value": "arn:aws:acm:us-east-1:764218738161:certificate/baf6e96a-3ab3-4825-99e3-3187b3f1b01a"
                }
            },
            "resources": {
                "aws_acm_certificate.certificate": {
                    "type": "aws_acm_certificate",
                    "depends_on": [],
                    "primary": {
                        "id": "arn:aws:acm:us-east-1:764218738161:certificate/baf6e96a-3ab3-4825-99e3-3187b3f1b01a",
                        "attributes": {
                            "arn": "arn:aws:acm:us-east-1:764218738161:certificate/baf6e96a-3ab3-4825-99e3-3187b3f1b01a",
                            "domain_name": "id-ed25519.pub",
                            "domain_validation_options.#": "1",
                            "domain_validation_options.0.domain_name": "id-ed25519.pub",
                            "domain_validation_options.0.resource_record_name": "_ee14637e67f6f903f6181a91d5ebf7f6.id-ed25519.pub.",
                            "domain_validation_options.0.resource_record_type": "CNAME",
                            "domain_validation_options.0.resource_record_value": "_07a13843c1c4ae49e83403e1f01c7196.acm-validations.aws.",
                            "id": "arn:aws:acm:us-east-1:764218738161:certificate/baf6e96a-3ab3-4825-99e3-3187b3f1b01a",
                            "subject_alternative_names.#": "0",
                            "tags.%": "0",
                            "validation_emails.#": "0",
                            "validation_method": "DNS"
                        },
                        "meta": {},
                        "tainted": false
                    },
                    "deposed": [],
                    "provider": "provider.aws"
                },
                "aws_acm_certificate_validation.certificate": {
                    "type": "aws_acm_certificate_validation",
                    "depends_on": [
                        "aws_acm_certificate.certificate",
                        "aws_route53_record.validation.*"
                    ],
                    "primary": {
                        "id": "2018-02-27 06:33:09 +0000 UTC",
                        "attributes": {
                            "certificate_arn": "arn:aws:acm:us-east-1:764218738161:certificate/baf6e96a-3ab3-4825-99e3-3187b3f1b01a",
                            "id": "2018-02-27 06:33:09 +0000 UTC",
                            "validation_record_fqdns.#": "1",
                            "validation_record_fqdns.2504342527": "_ee14637e67f6f903f6181a91d5ebf7f6.id-ed25519.pub"
                        },
                        "meta": {
                            "e2bfb730-ecaa-11e6-8f88-34363bc7c4c0": {
                                "create": 2700000000000
                            }
                        },
                        "tainted": false
                    },
                    "deposed": [],
                    "provider": "provider.aws"
                },
                "aws_route53_record.validation": {
                    "type": "aws_route53_record",
                    "depends_on": [
                        "aws_acm_certificate.certificate",
                        "data.aws_route53_zone.zone.*"
                    ],
                    "primary": {
                        "id": "Z23K6MA9HYNB2L__ee14637e67f6f903f6181a91d5ebf7f6.id-ed25519.pub._CNAME",
                        "attributes": {
                            "allow_overwrite": "true",
                            "fqdn": "_ee14637e67f6f903f6181a91d5ebf7f6.id-ed25519.pub",
                            "health_check_id": "",
                            "id": "Z23K6MA9HYNB2L__ee14637e67f6f903f6181a91d5ebf7f6.id-ed25519.pub._CNAME",
                            "name": "_ee14637e67f6f903f6181a91d5ebf7f6.id-ed25519.pub",
                            "records.#": "1",
                            "records.3485971062": "_07a13843c1c4ae49e83403e1f01c7196.acm-validations.aws.",
                            "set_identifier": "",
                            "ttl": "60",
                            "type": "CNAME",
                            "zone_id": "Z23K6MA9HYNB2L"
                        },
                        "meta": {
                            "schema_version": "2"
                        },
                        "tainted": false
                    },
                    "deposed": [],
                    "provider": "provider.aws"
                },
                "data.aws_route53_zone.zone": {
                    "type": "aws_route53_zone",
                    "depends_on": [],
                    "primary": {
                        "id": "Z23K6MA9HYNB2L",
                        "attributes": {
                            "caller_reference": "2016-09-14T19:18:10.521194709-04:00",
                            "comment": "Managed by Terraform",
                            "id": "Z23K6MA9HYNB2L",
                            "name": "id-ed25519.pub.",
                            "name_servers.#": "4",
                            "name_servers.0": "ns-1242.awsdns-27.org",
                            "name_servers.1": "ns-477.awsdns-59.com",
                            "name_servers.2": "ns-808.awsdns-37.net",
                            "name_servers.3": "ns-1942.awsdns-50.co.uk",
                            "private_zone": "false",
                            "resource_record_set_count": "8",
                            "zone_id": "Z23K6MA9HYNB2L"
                        },
                        "meta": {},
                        "tainted": false
                    },
                    "deposed": [],
                    "provider": "provider.aws"
                }
            },
            "depends_on": []
        },
        {
            "path": [
                "root",
                "akerl-keys",
                "s3-website",
                "publish-user"
            ],
            "outputs": {},
            "resources": {
                "aws_iam_user.circleci": {
                    "type": "aws_iam_user",
                    "depends_on": [],
                    "primary": {
                        "id": "circleci-akerl-keys",
                        "attributes": {
                            "arn": "arn:aws:iam::764218738161:user/circleci-akerl-keys",
                            "force_destroy": "false",
                            "id": "circleci-akerl-keys",
                            "name": "circleci-akerl-keys",
                            "path": "/",
                            "unique_id": "AIDAI2FI2UAPKKB2DCO74"
                        },
                        "meta": {},
                        "tainted": false
                    },
                    "deposed": [],
                    "provider": "provider.aws"
                },
                "aws_iam_user_policy.s3_publish": {
                    "type": "aws_iam_user_policy",
                    "depends_on": [
                        "aws_iam_user.circleci",
                        "data.aws_iam_policy_document.publish"
                    ],
                    "primary": {
                        "id": "circleci-akerl-keys:s3_publish",
                        "attributes": {
                            "id": "circleci-akerl-keys:s3_publish",
                            "name": "s3_publish",
                            "policy": "{\n  \"Version\": \"2012-10-17\",\n  \"Statement\": [\n    {\n      \"Sid\": \"\",\n      \"Effect\": \"Allow\",\n      \"Action\": [\n        \"s3:PutObject\",\n        \"s3:ListBucket\",\n        \"s3:ListAllMyBuckets\",\n        \"s3:GetObjectAcl\",\n        \"s3:GetObject\",\n        \"s3:GetBucketLocation\",\n        \"s3:GetBucketAcl\",\n        \"s3:DeleteObject\"\n      ],\n      \"Resource\": [\n        \"arn:aws:s3:::akerl-keys/*\",\n        \"arn:aws:s3:::akerl-keys\"\n      ]\n    }\n  ]\n}",
                            "user": "circleci-akerl-keys"
                        },
                        "meta": {},
                        "tainted": false
                    },
                    "deposed": [],
                    "provider": "provider.aws"
                },
                "awscreds_iam_access_key.circleci-key": {
                    "type": "awscreds_iam_access_key",
                    "depends_on": [
                        "aws_iam_user.circleci"
                    ],
                    "primary": {
                        "id": "AKIAIIIKWAHHZ7VZOYUQ",
                        "attributes": {
                            "file": "creds/circleci-akerl-keys",
                            "id": "AKIAIIIKWAHHZ7VZOYUQ",
                            "secret": "",
                            "ses_smtp_password": "",
                            "status": "Active",
                            "user": "circleci-akerl-keys"
                        },
                        "meta": {},
                        "tainted": false
                    },
                    "deposed": [],
                    "provider": "provider.awscreds"
                },
                "data.aws_iam_policy_document.publish": {
                    "type": "aws_iam_policy_document",
                    "depends_on": [],
                    "primary": {
                        "id": "196588158",
                        "attributes": {
                            "id": "196588158",
                            "json": "{\n  \"Version\": \"2012-10-17\",\n  \"Statement\": [\n    {\n      \"Sid\": \"\",\n      \"Effect\": \"Allow\",\n      \"Action\": [\n        \"s3:PutObject\",\n        \"s3:ListBucket\",\n        \"s3:ListAllMyBuckets\",\n        \"s3:GetObjectAcl\",\n        \"s3:GetObject\",\n        \"s3:GetBucketLocation\",\n        \"s3:GetBucketAcl\",\n        \"s3:DeleteObject\"\n      ],\n      \"Resource\": [\n        \"arn:aws:s3:::akerl-keys/*\",\n        \"arn:aws:s3:::akerl-keys\"\n      ]\n    }\n  ]\n}",
                            "statement.#": "1",
                            "statement.0.actions.#": "8",
                            "statement.0.actions.2071725391": "s3:GetObject",
                            "statement.0.actions.2517836488": "s3:GetObjectAcl",
                            "statement.0.actions.3009670498": "s3:DeleteObject",
                            "statement.0.actions.315547055": "s3:PutObject",
                            "statement.0.actions.3948445924": "s3:GetBucketLocation",
                            "statement.0.actions.486976917": "s3:ListBucket",
                            "statement.0.actions.796062918": "s3:ListAllMyBuckets",
                            "statement.0.actions.845481387": "s3:GetBucketAcl",
                            "statement.0.condition.#": "0",
                            "statement.0.effect": "Allow",
                            "statement.0.not_actions.#": "0",
                            "statement.0.not_principals.#": "0",
                            "statement.0.not_resources.#": "0",
                            "statement.0.principals.#": "0",
                            "statement.0.resources.#": "2",
                            "statement.0.resources.101615626": "arn:aws:s3:::akerl-keys/*",
                            "statement.0.resources.4287219471": "arn:aws:s3:::akerl-keys",
                            "statement.0.sid": ""
                        },
                        "meta": {},
                        "tainted": false
                    },
                    "deposed": [],
                    "provider": "provider.aws"
                }
            },
            "depends_on": []
        },
        {
            "path": [
                "root",
                "akerl-quote-auth",
                "github-auth",
                "certificate"
            ],
            "outputs": {
                "arn": {
                    "sensitive": false,
                    "type": "string",
                    "value": "arn:aws:acm:us-east-1:764218738161:certificate/18b468bf-84c5-4264-b887-434f9fa29d40"
                }
            },
            "resources": {
                "aws_acm_certificate.certificate": {
                    "type": "aws_acm_certificate",
                    "depends_on": [],
                    "primary": {
                        "id": "arn:aws:acm:us-east-1:764218738161:certificate/18b468bf-84c5-4264-b887-434f9fa29d40",
                        "attributes": {
                            "arn": "arn:aws:acm:us-east-1:764218738161:certificate/18b468bf-84c5-4264-b887-434f9fa29d40",
                            "domain_name": "auth.coolquotes.xyz",
                            "domain_validation_options.#": "1",
                            "domain_validation_options.0.domain_name": "auth.coolquotes.xyz",
                            "domain_validation_options.0.resource_record_name": "_f5d170d1b029b421cc888d3c6792309b.auth.coolquotes.xyz.",
                            "domain_validation_options.0.resource_record_type": "CNAME",
                            "domain_validation_options.0.resource_record_value": "_0ad4fb8e744ead59503ed74a1115785f.acm-validations.aws.",
                            "id": "arn:aws:acm:us-east-1:764218738161:certificate/18b468bf-84c5-4264-b887-434f9fa29d40",
                            "subject_alternative_names.#": "0",
                            "tags.%": "0",
                            "validation_emails.#": "0",
                            "validation_method": "DNS"
                        },
                        "meta": {},
                        "tainted": false
                    },
                    "deposed": [],
                    "provider": "provider.aws"
                },
                "aws_acm_certificate_validation.certificate": {
                    "type": "aws_acm_certificate_validation",
                    "depends_on": [
                        "aws_acm_certificate.certificate",
                        "aws_route53_record.validation.*"
                    ],
                    "primary": {
                        "id": "2018-03-01 05:45:44 +0000 UTC",
                        "attributes": {
                            "certificate_arn": "arn:aws:acm:us-east-1:764218738161:certificate/18b468bf-84c5-4264-b887-434f9fa29d40",
                            "id": "2018-03-01 05:45:44 +0000 UTC",
                            "validation_record_fqdns.#": "1",
                            "validation_record_fqdns.216770154": "_f5d170d1b029b421cc888d3c6792309b.auth.coolquotes.xyz"
                        },
                        "meta": {
                            "e2bfb730-ecaa-11e6-8f88-34363bc7c4c0": {
                                "create": 2700000000000
                            }
                        },
                        "tainted": false
                    },
                    "deposed": [],
                    "provider": "provider.aws"
                },
                "aws_route53_record.validation": {
                    "type": "aws_route53_record",
                    "depends_on": [
                        "aws_acm_certificate.certificate",
                        "data.aws_route53_zone.zone.*"
                    ],
                    "primary": {
                        "id": "Z8OAL9XXAA49Z__f5d170d1b029b421cc888d3c6792309b.auth.coolquotes.xyz._CNAME",
                        "attributes": {
                            "allow_overwrite": "true",
                            "fqdn": "_f5d170d1b029b421cc888d3c6792309b.auth.coolquotes.xyz",
                            "health_check_id": "",
                            "id": "Z8OAL9XXAA49Z__f5d170d1b029b421cc888d3c6792309b.auth.coolquotes.xyz._CNAME",
                            "name": "_f5d170d1b029b421cc888d3c6792309b.auth.coolquotes.xyz",
                            "records.#": "1",
                            "records.4215720875": "_0ad4fb8e744ead59503ed74a1115785f.acm-validations.aws.",
                            "set_identifier": "",
                            "ttl": "60",
                            "type": "CNAME",
                            "zone_id": "Z8OAL9XXAA49Z"
                        },
                        "meta": {
                            "schema_version": "2"
                        },
                        "tainted": false
                    },
                    "deposed": [],
                    "provider": "provider.aws"
                },
                "data.aws_route53_zone.zone": {
                    "type": "aws_route53_zone",
                    "depends_on": [],
                    "primary": {
                        "id": "Z8OAL9XXAA49Z",
                        "attributes": {
                            "caller_reference": "2017-09-14T01:31:08.67890792-04:00",
                            "comment": "Managed by Terraform",
                            "id": "Z8OAL9XXAA49Z",
                            "name": "coolquotes.xyz.",
                            "name_servers.#": "4",
                            "name_servers.0": "ns-1242.awsdns-27.org",
                            "name_servers.1": "ns-477.awsdns-59.com",
                            "name_servers.2": "ns-808.awsdns-37.net",
                            "name_servers.3": "ns-1942.awsdns-50.co.uk",
                            "private_zone": "false",
                            "resource_record_set_count": "12",
                            "zone_id": "Z8OAL9XXAA49Z"
                        },
                        "meta": {},
                        "tainted": false
                    },
                    "deposed": [],
                    "provider": "provider.aws"
                }
            },
            "depends_on": []
        },
        {
            "path": [
                "root",
                "akerl-quote-auth",
                "github-auth",
                "publish-user"
            ],
            "outputs": {},
            "resources": {
                "aws_iam_user.circleci": {
                    "type": "aws_iam_user",
                    "depends_on": [],
                    "primary": {
                        "id": "circleci-akerl-quote-auth",
                        "attributes": {
                            "arn": "arn:aws:iam::764218738161:user/circleci-akerl-quote-auth",
                            "force_destroy": "false",
                            "id": "circleci-akerl-quote-auth",
                            "name": "circleci-akerl-quote-auth",
                            "path": "/",
                            "unique_id": "AIDAJALUTIKJXWCPL2WX2"
                        },
                        "meta": {},
                        "tainted": false
                    },
                    "deposed": [],
                    "provider": "provider.aws"
                },
                "aws_iam_user_policy.s3_publish": {
                    "type": "aws_iam_user_policy",
                    "depends_on": [
                        "aws_iam_user.circleci",
                        "data.aws_iam_policy_document.publish"
                    ],
                    "primary": {
                        "id": "circleci-akerl-quote-auth:s3_publish",
                        "attributes": {
                            "id": "circleci-akerl-quote-auth:s3_publish",
                            "name": "s3_publish",
                            "policy": "{\n  \"Version\": \"2012-10-17\",\n  \"Statement\": [\n    {\n      \"Sid\": \"\",\n      \"Effect\": \"Allow\",\n      \"Action\": [\n        \"s3:PutObject\",\n        \"s3:ListBucket\",\n        \"s3:ListAllMyBuckets\",\n        \"s3:GetObjectAcl\",\n        \"s3:GetObject\",\n        \"s3:GetBucketLocation\",\n        \"s3:GetBucketAcl\",\n        \"s3:DeleteObject\"\n      ],\n      \"Resource\": [\n        \"arn:aws:s3:::akerl-quote-auth/*\",\n        \"arn:aws:s3:::akerl-quote-auth\"\n      ]\n    }\n  ]\n}",
                            "user": "circleci-akerl-quote-auth"
                        },
                        "meta": {},
                        "tainted": false
                    },
                    "deposed": [],
                    "provider": "provider.aws"
                },
                "aws_s3_bucket.publish-bucket": {
                    "type": "aws_s3_bucket",
                    "depends_on": [],
                    "primary": {
                        "id": "akerl-quote-auth",
                        "attributes": {
                            "acceleration_status": "",
                            "acl": "private",
                            "arn": "arn:aws:s3:::akerl-quote-auth",
                            "bucket": "akerl-quote-auth",
                            "bucket_domain_name": "akerl-quote-auth.s3.amazonaws.com",
                            "force_destroy": "false",
                            "hosted_zone_id": "Z3AQBSTGFYJSTF",
                            "id": "akerl-quote-auth",
                            "logging.#": "1",
                            "logging.730668923.target_bucket": "akerl-s3-logs",
                            "logging.730668923.target_prefix": "akerl-quote-auth/",
                            "region": "us-east-1",
                            "replication_configuration.#": "0",
                            "request_payer": "BucketOwner",
                            "server_side_encryption_configuration.#": "0",
                            "tags.%": "0",
                            "versioning.#": "1",
                            "versioning.0.enabled": "true",
                            "versioning.0.mfa_delete": "false",
                            "website.#": "0"
                        },
                        "meta": {},
                        "tainted": false
                    },
                    "deposed": [],
                    "provider": "provider.aws"
                },
                "awscreds_iam_access_key.circleci-key": {
                    "type": "awscreds_iam_access_key",
                    "depends_on": [
                        "aws_iam_user.circleci"
                    ],
                    "primary": {
                        "id": "AKIAIO7XC3I3A6WSD3FA",
                        "attributes": {
                            "file": "creds/circleci-akerl-quote-auth",
                            "id": "AKIAIO7XC3I3A6WSD3FA",
                            "secret": "",
                            "ses_smtp_password": "",
                            "status": "Active",
                            "user": "circleci-akerl-quote-auth"
                        },
                        "meta": {},
                        "tainted": false
                    },
                    "deposed": [],
                    "provider": "provider.awscreds"
                },
                "data.aws_iam_policy_document.publish": {
                    "type": "aws_iam_policy_document",
                    "depends_on": [],
                    "primary": {
                        "id": "134227253",
                        "attributes": {
                            "id": "134227253",
                            "json": "{\n  \"Version\": \"2012-10-17\",\n  \"Statement\": [\n    {\n      \"Sid\": \"\",\n      \"Effect\": \"Allow\",\n      \"Action\": [\n        \"s3:PutObject\",\n        \"s3:ListBucket\",\n        \"s3:ListAllMyBuckets\",\n        \"s3:GetObjectAcl\",\n        \"s3:GetObject\",\n        \"s3:GetBucketLocation\",\n        \"s3:GetBucketAcl\",\n        \"s3:DeleteObject\"\n      ],\n      \"Resource\": [\n        \"arn:aws:s3:::akerl-quote-auth/*\",\n        \"arn:aws:s3:::akerl-quote-auth\"\n      ]\n    }\n  ]\n}",
                            "statement.#": "1",
                            "statement.0.actions.#": "8",
                            "statement.0.actions.2071725391": "s3:GetObject",
                            "statement.0.actions.2517836488": "s3:GetObjectAcl",
                            "statement.0.actions.3009670498": "s3:DeleteObject",
                            "statement.0.actions.315547055": "s3:PutObject",
                            "statement.0.actions.3948445924": "s3:GetBucketLocation",
                            "statement.0.actions.486976917": "s3:ListBucket",
                            "statement.0.actions.796062918": "s3:ListAllMyBuckets",
                            "statement.0.actions.845481387": "s3:GetBucketAcl",
                            "statement.0.condition.#": "0",
                            "statement.0.effect": "Allow",
                            "statement.0.not_actions.#": "0",
                            "statement.0.not_principals.#": "0",
                            "statement.0.not_resources.#": "0",
                            "statement.0.principals.#": "0",
                            "statement.0.resources.#": "2",
                            "statement.0.resources.3519045087": "arn:aws:s3:::akerl-quote-auth/*",
                            "statement.0.resources.4097607666": "arn:aws:s3:::akerl-quote-auth",
                            "statement.0.sid": ""
                        },
                        "meta": {},
                        "tainted": false
                    },
                    "deposed": [],
                    "provider": "provider.aws"
                }
            },
            "depends_on": []
        },
        {
            "path": [
                "root",
                "amylum-repo",
                "s3-website",
                "certificate"
            ],
            "outputs": {
                "arn": {
                    "sensitive": false,
                    "type": "string",
                    "value": "arn:aws:acm:us-east-1:764218738161:certificate/fdfaf92c-b338-4cf2-9349-32d24f311c92"
                }
            },
            "resources": {
                "aws_acm_certificate.certificate": {
                    "type": "aws_acm_certificate",
                    "depends_on": [],
                    "primary": {
                        "id": "arn:aws:acm:us-east-1:764218738161:certificate/fdfaf92c-b338-4cf2-9349-32d24f311c92",
                        "attributes": {
                            "arn": "arn:aws:acm:us-east-1:764218738161:certificate/fdfaf92c-b338-4cf2-9349-32d24f311c92",
                            "domain_name": "repo.scrtybybscrty.org",
                            "domain_validation_options.#": "1",
                            "domain_validation_options.0.domain_name": "repo.scrtybybscrty.org",
                            "domain_validation_options.0.resource_record_name": "_5df42c85656ddf46781b3628416d301f.repo.scrtybybscrty.org.",
                            "domain_validation_options.0.resource_record_type": "CNAME",
                            "domain_validation_options.0.resource_record_value": "_627bddcb0ecdb21d6fe4b804e60e403a.acm-validations.aws.",
                            "id": "arn:aws:acm:us-east-1:764218738161:certificate/fdfaf92c-b338-4cf2-9349-32d24f311c92",
                            "subject_alternative_names.#": "0",
                            "tags.%": "0",
                            "validation_emails.#": "0",
                            "validation_method": "DNS"
                        },
                        "meta": {},
                        "tainted": false
                    },
                    "deposed": [],
                    "provider": "provider.aws"
                },
                "aws_acm_certificate_validation.certificate": {
                    "type": "aws_acm_certificate_validation",
                    "depends_on": [
                        "aws_acm_certificate.certificate",
                        "aws_route53_record.validation.*"
                    ],
                    "primary": {
                        "id": "2018-02-27 06:32:41 +0000 UTC",
                        "attributes": {
                            "certificate_arn": "arn:aws:acm:us-east-1:764218738161:certificate/fdfaf92c-b338-4cf2-9349-32d24f311c92",
                            "id": "2018-02-27 06:32:41 +0000 UTC",
                            "validation_record_fqdns.#": "1",
                            "validation_record_fqdns.2303480091": "_5df42c85656ddf46781b3628416d301f.repo.scrtybybscrty.org"
                        },
                        "meta": {
                            "e2bfb730-ecaa-11e6-8f88-34363bc7c4c0": {
                                "create": 2700000000000
                            }
                        },
                        "tainted": false
                    },
                    "deposed": [],
                    "provider": "provider.aws"
                },
                "aws_route53_record.validation": {
                    "type": "aws_route53_record",
                    "depends_on": [
                        "aws_acm_certificate.certificate",
                        "data.aws_route53_zone.zone.*"
                    ],
                    "primary": {
                        "id": "Z11UY811DI2S1K__5df42c85656ddf46781b3628416d301f.repo.scrtybybscrty.org._CNAME",
                        "attributes": {
                            "allow_overwrite": "true",
                            "fqdn": "_5df42c85656ddf46781b3628416d301f.repo.scrtybybscrty.org",
                            "health_check_id": "",
                            "id": "Z11UY811DI2S1K__5df42c85656ddf46781b3628416d301f.repo.scrtybybscrty.org._CNAME",
                            "name": "_5df42c85656ddf46781b3628416d301f.repo.scrtybybscrty.org",
                            "records.#": "1",
                            "records.1003836116": "_627bddcb0ecdb21d6fe4b804e60e403a.acm-validations.aws.",
                            "set_identifier": "",
                            "ttl": "60",
                            "type": "CNAME",
                            "zone_id": "Z11UY811DI2S1K"
                        },
                        "meta": {
                            "schema_version": "2"
                        },
                        "tainted": false
                    },
                    "deposed": [],
                    "provider": "provider.aws"
                },
                "data.aws_route53_zone.zone": {
                    "type": "aws_route53_zone",
                    "depends_on": [],
                    "primary": {
                        "id": "Z11UY811DI2S1K",
                        "attributes": {
                            "caller_reference": "2016-09-14T19:18:10.523044235-04:00",
                            "comment": "Managed by Terraform",
                            "id": "Z11UY811DI2S1K",
                            "name": "scrtybybscrty.org.",
                            "name_servers.#": "4",
                            "name_servers.0": "ns-1242.awsdns-27.org",
                            "name_servers.1": "ns-477.awsdns-59.com",
                            "name_servers.2": "ns-808.awsdns-37.net",
                            "name_servers.3": "ns-1942.awsdns-50.co.uk",
                            "private_zone": "false",
                            "resource_record_set_count": "12",
                            "zone_id": "Z11UY811DI2S1K"
                        },
                        "meta": {},
                        "tainted": false
                    },
                    "deposed": [],
                    "provider": "provider.aws"
                }
            },
            "depends_on": []
        },
        {
            "path": [
                "root",
                "amylum-repo",
                "s3-website",
                "publish-user"
            ],
            "outputs": {},
            "resources": {
                "aws_iam_user.circleci": {
                    "type": "aws_iam_user",
                    "depends_on": [],
                    "primary": {
                        "id": "circleci-amylum-repo",
                        "attributes": {
                            "arn": "arn:aws:iam::764218738161:user/circleci-amylum-repo",
                            "force_destroy": "false",
                            "id": "circleci-amylum-repo",
                            "name": "circleci-amylum-repo",
                            "path": "/",
                            "unique_id": "AIDAIG2KABB674RK6V2CS"
                        },
                        "meta": {},
                        "tainted": false
                    },
                    "deposed": [],
                    "provider": "provider.aws"
                },
                "aws_iam_user_policy.s3_publish": {
                    "type": "aws_iam_user_policy",
                    "depends_on": [
                        "aws_iam_user.circleci",
                        "data.aws_iam_policy_document.publish"
                    ],
                    "primary": {
                        "id": "circleci-amylum-repo:s3_publish",
                        "attributes": {
                            "id": "circleci-amylum-repo:s3_publish",
                            "name": "s3_publish",
                            "policy": "{\n  \"Version\": \"2012-10-17\",\n  \"Statement\": [\n    {\n      \"Sid\": \"\",\n      \"Effect\": \"Allow\",\n      \"Action\": [\n        \"s3:PutObject\",\n        \"s3:ListBucket\",\n        \"s3:ListAllMyBuckets\",\n        \"s3:GetObjectAcl\",\n        \"s3:GetObject\",\n        \"s3:GetBucketLocation\",\n        \"s3:GetBucketAcl\",\n        \"s3:DeleteObject\"\n      ],\n      \"Resource\": [\n        \"arn:aws:s3:::amylum-repo/*\",\n        \"arn:aws:s3:::amylum-repo\"\n      ]\n    }\n  ]\n}",
                            "user": "circleci-amylum-repo"
                        },
                        "meta": {},
                        "tainted": false
                    },
                    "deposed": [],
                    "provider": "provider.aws"
                },
                "awscreds_iam_access_key.circleci-key": {
                    "type": "awscreds_iam_access_key",
                    "depends_on": [
                        "aws_iam_user.circleci"
                    ],
                    "primary": {
                        "id": "AKIAJWDAR2M75GH4ESWA",
                        "attributes": {
                            "file": "creds/circleci-amylum-repo",
                            "id": "AKIAJWDAR2M75GH4ESWA",
                            "secret": "",
                            "ses_smtp_password": "",
                            "status": "Active",
                            "user": "circleci-amylum-repo"
                        },
                        "meta": {},
                        "tainted": false
                    },
                    "deposed": [],
                    "provider": "provider.awscreds"
                },
                "data.aws_iam_policy_document.publish": {
                    "type": "aws_iam_policy_document",
                    "depends_on": [],
                    "primary": {
                        "id": "1193194925",
                        "attributes": {
                            "id": "1193194925",
                            "json": "{\n  \"Version\": \"2012-10-17\",\n  \"Statement\": [\n    {\n      \"Sid\": \"\",\n      \"Effect\": \"Allow\",\n      \"Action\": [\n        \"s3:PutObject\",\n        \"s3:ListBucket\",\n        \"s3:ListAllMyBuckets\",\n        \"s3:GetObjectAcl\",\n        \"s3:GetObject\",\n        \"s3:GetBucketLocation\",\n        \"s3:GetBucketAcl\",\n        \"s3:DeleteObject\"\n      ],\n      \"Resource\": [\n        \"arn:aws:s3:::amylum-repo/*\",\n        \"arn:aws:s3:::amylum-repo\"\n      ]\n    }\n  ]\n}",
                            "statement.#": "1",
                            "statement.0.actions.#": "8",
                            "statement.0.actions.2071725391": "s3:GetObject",
                            "statement.0.actions.2517836488": "s3:GetObjectAcl",
                            "statement.0.actions.3009670498": "s3:DeleteObject",
                            "statement.0.actions.315547055": "s3:PutObject",
                            "statement.0.actions.3948445924": "s3:GetBucketLocation",
                            "statement.0.actions.486976917": "s3:ListBucket",
                            "statement.0.actions.796062918": "s3:ListAllMyBuckets",
                            "statement.0.actions.845481387": "s3:GetBucketAcl",
                            "statement.0.condition.#": "0",
                            "statement.0.effect": "Allow",
                            "statement.0.not_actions.#": "0",
                            "statement.0.not_principals.#": "0",
                            "statement.0.not_resources.#": "0",
                            "statement.0.principals.#": "0",
                            "statement.0.resources.#": "2",
                            "statement.0.resources.1673375915": "arn:aws:s3:::amylum-repo/*",
                            "statement.0.resources.2819396493": "arn:aws:s3:::amylum-repo",
                            "statement.0.sid": ""
                        },
                        "meta": {},
                        "tainted": false
                    },
                    "deposed": [],
                    "provider": "provider.aws"
                }
            },
            "depends_on": []
        },
        {
            "path": [
                "root",
                "dock0-arch",
                "hookshot",
                "publish-user"
            ],
            "outputs": {},
            "resources": {
                "aws_iam_user.circleci": {
                    "type": "aws_iam_user",
                    "depends_on": [],
                    "primary": {
                        "id": "circleci-dock0-arch",
                        "attributes": {
                            "arn": "arn:aws:iam::764218738161:user/circleci-dock0-arch",
                            "force_destroy": "false",
                            "id": "circleci-dock0-arch",
                            "name": "circleci-dock0-arch",
                            "path": "/",
                            "unique_id": "AIDAJ5CHNCKIVIGBSGHE4"
                        },
                        "meta": {},
                        "tainted": false
                    },
                    "deposed": [],
                    "provider": "provider.aws"
                },
                "aws_iam_user_policy.s3_publish": {
                    "type": "aws_iam_user_policy",
                    "depends_on": [
                        "aws_iam_user.circleci",
                        "data.aws_iam_policy_document.publish"
                    ],
                    "primary": {
                        "id": "circleci-dock0-arch:s3_publish",
                        "attributes": {
                            "id": "circleci-dock0-arch:s3_publish",
                            "name": "s3_publish",
                            "policy": "{\n  \"Version\": \"2012-10-17\",\n  \"Statement\": [\n    {\n      \"Sid\": \"\",\n      \"Effect\": \"Allow\",\n      \"Action\": [\n        \"s3:PutObject\",\n        \"s3:ListBucket\",\n        \"s3:ListAllMyBuckets\",\n        \"s3:GetObjectAcl\",\n        \"s3:GetObject\",\n        \"s3:GetBucketLocation\",\n        \"s3:GetBucketAcl\",\n        \"s3:DeleteObject\"\n      ],\n      \"Resource\": [\n        \"arn:aws:s3:::dock0-arch/*\",\n        \"arn:aws:s3:::dock0-arch\"\n      ]\n    }\n  ]\n}",
                            "user": "circleci-dock0-arch"
                        },
                        "meta": {},
                        "tainted": false
                    },
                    "deposed": [],
                    "provider": "provider.aws"
                },
                "aws_s3_bucket.publish-bucket": {
                    "type": "aws_s3_bucket",
                    "depends_on": [],
                    "primary": {
                        "id": "dock0-arch",
                        "attributes": {
                            "acceleration_status": "",
                            "acl": "private",
                            "arn": "arn:aws:s3:::dock0-arch",
                            "bucket": "dock0-arch",
                            "bucket_domain_name": "dock0-arch.s3.amazonaws.com",
                            "force_destroy": "false",
                            "hosted_zone_id": "Z3AQBSTGFYJSTF",
                            "id": "dock0-arch",
                            "logging.#": "1",
                            "logging.3219648716.target_bucket": "akerl-s3-logs",
                            "logging.3219648716.target_prefix": "dock0-arch/",
                            "region": "us-east-1",
                            "replication_configuration.#": "0",
                            "request_payer": "BucketOwner",
                            "server_side_encryption_configuration.#": "0",
                            "tags.%": "0",
                            "versioning.#": "1",
                            "versioning.0.enabled": "true",
                            "versioning.0.mfa_delete": "false",
                            "website.#": "0"
                        },
                        "meta": {},
                        "tainted": false
                    },
                    "deposed": [],
                    "provider": "provider.aws"
                },
                "awscreds_iam_access_key.circleci-key": {
                    "type": "awscreds_iam_access_key",
                    "depends_on": [
                        "aws_iam_user.circleci"
                    ],
                    "primary": {
                        "id": "AKIAIT3LHFD5TTJKTQ6Q",
                        "attributes": {
                            "file": "creds/circleci-dock0-arch",
                            "id": "AKIAIT3LHFD5TTJKTQ6Q",
                            "secret": "",
                            "ses_smtp_password": "",
                            "status": "Active",
                            "user": "circleci-dock0-arch"
                        },
                        "meta": {},
                        "tainted": false
                    },
                    "deposed": [],
                    "provider": "provider.awscreds"
                },
                "data.aws_iam_policy_document.publish": {
                    "type": "aws_iam_policy_document",
                    "depends_on": [],
                    "primary": {
                        "id": "3060168452",
                        "attributes": {
                            "id": "3060168452",
                            "json": "{\n  \"Version\": \"2012-10-17\",\n  \"Statement\": [\n    {\n      \"Sid\": \"\",\n      \"Effect\": \"Allow\",\n      \"Action\": [\n        \"s3:PutObject\",\n        \"s3:ListBucket\",\n        \"s3:ListAllMyBuckets\",\n        \"s3:GetObjectAcl\",\n        \"s3:GetObject\",\n        \"s3:GetBucketLocation\",\n        \"s3:GetBucketAcl\",\n        \"s3:DeleteObject\"\n      ],\n      \"Resource\": [\n        \"arn:aws:s3:::dock0-arch/*\",\n        \"arn:aws:s3:::dock0-arch\"\n      ]\n    }\n  ]\n}",
                            "statement.#": "1",
                            "statement.0.actions.#": "8",
                            "statement.0.actions.2071725391": "s3:GetObject",
                            "statement.0.actions.2517836488": "s3:GetObjectAcl",
                            "statement.0.actions.3009670498": "s3:DeleteObject",
                            "statement.0.actions.315547055": "s3:PutObject",
                            "statement.0.actions.3948445924": "s3:GetBucketLocation",
                            "statement.0.actions.486976917": "s3:ListBucket",
                            "statement.0.actions.796062918": "s3:ListAllMyBuckets",
                            "statement.0.actions.845481387": "s3:GetBucketAcl",
                            "statement.0.condition.#": "0",
                            "statement.0.effect": "Allow",
                            "statement.0.not_actions.#": "0",
                            "statement.0.not_principals.#": "0",
                            "statement.0.not_resources.#": "0",
                            "statement.0.principals.#": "0",
                            "statement.0.resources.#": "2",
                            "statement.0.resources.1280803269": "arn:aws:s3:::dock0-arch",
                            "statement.0.resources.2829377717": "arn:aws:s3:::dock0-arch/*",
                            "statement.0.sid": ""
                        },
                        "meta": {},
                        "tainted": false
                    },
                    "deposed": [],
                    "provider": "provider.aws"
                }
            },
            "depends_on": []
        }
    ]
}
