{
    "version": 3,
    "terraform_version": "0.11.11",
    "serial": 413,
    "lineage": "6a6e3f47-d4c8-46eb-a34e-885062b7c62a",
    "modules": [
        {
            "path": [
                "root"
            ],
            "outputs": {},
            "resources": {},
            "depends_on": []
        },
        {
            "path": [
                "root",
                "account"
            ],
            "outputs": {
                "logging_bucket": {
                    "sensitive": false,
                    "type": "string",
                    "value": "akerl-s3-logs"
                }
            },
            "resources": {
                "aws_api_gateway_account.account": {
                    "type": "aws_api_gateway_account",
                    "depends_on": [
                        "aws_iam_role.apigw_cloudwatch"
                    ],
                    "primary": {
                        "id": "api-gateway-account",
                        "attributes": {
                            "cloudwatch_role_arn": "arn:aws:iam::764218738161:role/apigw_cloudwatch",
                            "id": "api-gateway-account",
                            "throttle_settings.#": "1",
                            "throttle_settings.0.burst_limit": "5000",
                            "throttle_settings.0.rate_limit": "10000"
                        },
                        "meta": {},
                        "tainted": false
                    },
                    "deposed": [],
                    "provider": "provider.aws"
                },
                "aws_budgets_budget.cost": {
                    "type": "aws_budgets_budget",
                    "depends_on": [],
                    "primary": {
                        "id": "764218738161:cost_budget",
                        "attributes": {
                            "account_id": "764218738161",
                            "budget_type": "COST",
                            "cost_filters.%": "0",
                            "cost_types.#": "1",
                            "cost_types.0.include_credit": "true",
                            "cost_types.0.include_discount": "true",
                            "cost_types.0.include_other_subscription": "false",
                            "cost_types.0.include_recurring": "true",
                            "cost_types.0.include_refund": "true",
                            "cost_types.0.include_subscription": "true",
                            "cost_types.0.include_support": "true",
                            "cost_types.0.include_tax": "true",
                            "cost_types.0.include_upfront": "true",
                            "cost_types.0.use_amortized": "false",
                            "cost_types.0.use_blended": "false",
                            "id": "764218738161:cost_budget",
                            "limit_amount": "10",
                            "limit_unit": "USD",
                            "name": "cost_budget",
                            "time_period_end": "2087-06-15_00:00",
                            "time_period_start": "2017-01-01_00:00",
                            "time_unit": "MONTHLY"
                        },
                        "meta": {},
                        "tainted": false
                    },
                    "deposed": [],
                    "provider": "provider.aws"
                },
                "aws_cloudtrail.main-trail": {
                    "type": "aws_cloudtrail",
                    "depends_on": [
                        "aws_s3_bucket.main-trail"
                    ],
                    "primary": {
                        "id": "main-trail",
                        "attributes": {
                            "arn": "arn:aws:cloudtrail:us-east-1:764218738161:trail/main-trail",
                            "cloud_watch_logs_group_arn": "",
                            "cloud_watch_logs_role_arn": "",
                            "enable_log_file_validation": "true",
                            "enable_logging": "true",
                            "event_selector.#": "2",
                            "event_selector.0.data_resource.#": "1",
                            "event_selector.0.data_resource.0.type": "AWS::S3::Object",
                            "event_selector.0.data_resource.0.values.#": "1",
                            "event_selector.0.data_resource.0.values.0": "arn:aws:s3:::",
                            "event_selector.0.include_management_events": "true",
                            "event_selector.0.read_write_type": "All",
                            "event_selector.1.data_resource.#": "1",
                            "event_selector.1.data_resource.0.type": "AWS::Lambda::Function",
                            "event_selector.1.data_resource.0.values.#": "1",
                            "event_selector.1.data_resource.0.values.0": "arn:aws:lambda",
                            "event_selector.1.include_management_events": "true",
                            "event_selector.1.read_write_type": "All",
                            "home_region": "us-east-1",
                            "id": "main-trail",
                            "include_global_service_events": "true",
                            "is_multi_region_trail": "true",
                            "is_organization_trail": "false",
                            "kms_key_id": "",
                            "name": "main-trail",
                            "s3_bucket_name": "akerl-cloudtrail",
                            "s3_key_prefix": "",
                            "sns_topic_name": "",
                            "tags.%": "0"
                        },
                        "meta": {},
                        "tainted": false
                    },
                    "deposed": [],
                    "provider": "provider.aws"
                },
                "aws_iam_account_password_policy.strict": {
                    "type": "aws_iam_account_password_policy",
                    "depends_on": [],
                    "primary": {
                        "id": "iam-account-password-policy",
                        "attributes": {
                            "allow_users_to_change_password": "true",
                            "expire_passwords": "false",
                            "hard_expiry": "false",
                            "id": "iam-account-password-policy",
                            "max_password_age": "0",
                            "minimum_password_length": "32",
                            "password_reuse_prevention": "24",
                            "require_lowercase_characters": "true",
                            "require_numbers": "true",
                            "require_symbols": "true",
                            "require_uppercase_characters": "true"
                        },
                        "meta": {},
                        "tainted": false
                    },
                    "deposed": [],
                    "provider": "provider.aws"
                },
                "aws_iam_role.apigw_cloudwatch": {
                    "type": "aws_iam_role",
                    "depends_on": [
                        "data.aws_iam_policy_document.apigw_cloudwatch_assume"
                    ],
                    "primary": {
                        "id": "apigw_cloudwatch",
                        "attributes": {
                            "arn": "arn:aws:iam::764218738161:role/apigw_cloudwatch",
                            "assume_role_policy": "{\"Version\":\"2012-10-17\",\"Statement\":[{\"Sid\":\"\",\"Effect\":\"Allow\",\"Principal\":{\"Service\":\"apigateway.amazonaws.com\"},\"Action\":\"sts:AssumeRole\"}]}",
                            "create_date": "2019-03-10T13:09:02Z",
                            "description": "",
                            "force_detach_policies": "false",
                            "id": "apigw_cloudwatch",
                            "max_session_duration": "3600",
                            "name": "apigw_cloudwatch",
                            "path": "/",
                            "tags.%": "0",
                            "unique_id": "AROAJ7TMFFVTPEUDB4J5C"
                        },
                        "meta": {},
                        "tainted": false
                    },
                    "deposed": [],
                    "provider": "provider.aws"
                },
                "aws_iam_role_policy.apigw_cloudwatch": {
                    "type": "aws_iam_role_policy",
                    "depends_on": [
                        "aws_iam_role.apigw_cloudwatch",
                        "data.aws_iam_policy_document.apigw_cloudwatch_perms"
                    ],
                    "primary": {
                        "id": "apigw_cloudwatch:apigw_cloudwatch",
                        "attributes": {
                            "id": "apigw_cloudwatch:apigw_cloudwatch",
                            "name": "apigw_cloudwatch",
                            "policy": "{\n  \"Version\": \"2012-10-17\",\n  \"Statement\": [\n    {\n      \"Sid\": \"\",\n      \"Effect\": \"Allow\",\n      \"Action\": [\n        \"logs:PutLogEvents\",\n        \"logs:GetLogEvents\",\n        \"logs:FilterLogEvents\",\n        \"logs:DescribeLogStreams\",\n        \"logs:DescribeLogGroups\",\n        \"logs:CreateLogStream\",\n        \"logs:CreateLogGroup\"\n      ],\n      \"Resource\": \"arn:aws:logs:*:*:*\"\n    }\n  ]\n}",
                            "role": "apigw_cloudwatch"
                        },
                        "meta": {},
                        "tainted": false
                    },
                    "deposed": [],
                    "provider": "provider.aws"
                },
                "aws_s3_bucket.logging": {
                    "type": "aws_s3_bucket",
                    "depends_on": [],
                    "primary": {
                        "id": "akerl-s3-logs",
                        "attributes": {
                            "acceleration_status": "",
                            "acl": "log-delivery-write",
                            "arn": "arn:aws:s3:::akerl-s3-logs",
                            "bucket": "akerl-s3-logs",
                            "bucket_domain_name": "akerl-s3-logs.s3.amazonaws.com",
                            "bucket_regional_domain_name": "akerl-s3-logs.s3.amazonaws.com",
                            "cors_rule.#": "0",
                            "force_destroy": "false",
                            "hosted_zone_id": "Z3AQBSTGFYJSTF",
                            "id": "akerl-s3-logs",
                            "lifecycle_rule.#": "0",
                            "logging.#": "0",
                            "object_lock_configuration.#": "0",
                            "policy": "",
                            "region": "us-east-1",
                            "replication_configuration.#": "0",
                            "request_payer": "BucketOwner",
                            "server_side_encryption_configuration.#": "0",
                            "tags.%": "0",
                            "versioning.#": "1",
                            "versioning.0.enabled": "true",
                            "versioning.0.mfa_delete": "false",
                            "website.#": "0"
                        },
                        "meta": {},
                        "tainted": false
                    },
                    "deposed": [],
                    "provider": "provider.aws"
                },
                "aws_s3_bucket.main-trail": {
                    "type": "aws_s3_bucket",
                    "depends_on": [],
                    "primary": {
                        "id": "akerl-cloudtrail",
                        "attributes": {
                            "acceleration_status": "",
                            "acl": "private",
                            "arn": "arn:aws:s3:::akerl-cloudtrail",
                            "bucket": "akerl-cloudtrail",
                            "bucket_domain_name": "akerl-cloudtrail.s3.amazonaws.com",
                            "bucket_regional_domain_name": "akerl-cloudtrail.s3.amazonaws.com",
                            "cors_rule.#": "0",
                            "force_destroy": "false",
                            "hosted_zone_id": "Z3AQBSTGFYJSTF",
                            "id": "akerl-cloudtrail",
                            "lifecycle_rule.#": "0",
                            "logging.#": "0",
                            "object_lock_configuration.#": "0",
                            "policy": "{\"Statement\":[{\"Action\":\"s3:GetBucketAcl\",\"Effect\":\"Allow\",\"Principal\":{\"Service\":\"cloudtrail.amazonaws.com\"},\"Resource\":\"arn:aws:s3:::akerl-cloudtrail\",\"Sid\":\"AWSCloudTrailAclCheck\"},{\"Action\":\"s3:PutObject\",\"Condition\":{\"StringEquals\":{\"s3:x-amz-acl\":\"bucket-owner-full-control\"}},\"Effect\":\"Allow\",\"Principal\":{\"Service\":\"cloudtrail.amazonaws.com\"},\"Resource\":\"arn:aws:s3:::akerl-cloudtrail/*\",\"Sid\":\"AWSCloudTrailWrite\"}],\"Version\":\"2012-10-17\"}",
                            "region": "us-east-1",
                            "replication_configuration.#": "0",
                            "request_payer": "BucketOwner",
                            "server_side_encryption_configuration.#": "0",
                            "tags.%": "0",
                            "versioning.#": "1",
                            "versioning.0.enabled": "false",
                            "versioning.0.mfa_delete": "false",
                            "website.#": "0"
                        },
                        "meta": {},
                        "tainted": false
                    },
                    "deposed": [],
                    "provider": "provider.aws"
                },
                "data.aws_iam_policy_document.apigw_cloudwatch_assume": {
                    "type": "aws_iam_policy_document",
                    "depends_on": [],
                    "primary": {
                        "id": "1004447381",
                        "attributes": {
                            "id": "1004447381",
                            "json": "{\n  \"Version\": \"2012-10-17\",\n  \"Statement\": [\n    {\n      \"Sid\": \"\",\n      \"Effect\": \"Allow\",\n      \"Action\": \"sts:AssumeRole\",\n      \"Principal\": {\n        \"Service\": \"apigateway.amazonaws.com\"\n      }\n    }\n  ]\n}",
                            "statement.#": "1",
                            "statement.0.actions.#": "1",
                            "statement.0.actions.2528466339": "sts:AssumeRole",
                            "statement.0.condition.#": "0",
                            "statement.0.effect": "Allow",
                            "statement.0.not_actions.#": "0",
                            "statement.0.not_principals.#": "0",
                            "statement.0.not_resources.#": "0",
                            "statement.0.principals.#": "1",
                            "statement.0.principals.2040772961.identifiers.#": "1",
                            "statement.0.principals.2040772961.identifiers.1175233861": "apigateway.amazonaws.com",
                            "statement.0.principals.2040772961.type": "Service",
                            "statement.0.resources.#": "0",
                            "statement.0.sid": "",
                            "version": "2012-10-17"
                        },
                        "meta": {},
                        "tainted": false
                    },
                    "deposed": [],
                    "provider": "provider.aws"
                },
                "data.aws_iam_policy_document.apigw_cloudwatch_perms": {
                    "type": "aws_iam_policy_document",
                    "depends_on": [],
                    "primary": {
                        "id": "250684656",
                        "attributes": {
                            "id": "250684656",
                            "json": "{\n  \"Version\": \"2012-10-17\",\n  \"Statement\": [\n    {\n      \"Sid\": \"\",\n      \"Effect\": \"Allow\",\n      \"Action\": [\n        \"logs:PutLogEvents\",\n        \"logs:GetLogEvents\",\n        \"logs:FilterLogEvents\",\n        \"logs:DescribeLogStreams\",\n        \"logs:DescribeLogGroups\",\n        \"logs:CreateLogStream\",\n        \"logs:CreateLogGroup\"\n      ],\n      \"Resource\": \"arn:aws:logs:*:*:*\"\n    }\n  ]\n}",
                            "statement.#": "1",
                            "statement.0.actions.#": "7",
                            "statement.0.actions.2164683621": "logs:DescribeLogGroups",
                            "statement.0.actions.2809485102": "logs:CreateLogGroup",
                            "statement.0.actions.3065443861": "logs:FilterLogEvents",
                            "statement.0.actions.3285979848": "logs:CreateLogStream",
                            "statement.0.actions.3341951797": "logs:GetLogEvents",
                            "statement.0.actions.3697566380": "logs:DescribeLogStreams",
                            "statement.0.actions.39743051": "logs:PutLogEvents",
                            "statement.0.condition.#": "0",
                            "statement.0.effect": "Allow",
                            "statement.0.not_actions.#": "0",
                            "statement.0.not_principals.#": "0",
                            "statement.0.not_resources.#": "0",
                            "statement.0.principals.#": "0",
                            "statement.0.resources.#": "1",
                            "statement.0.resources.162423377": "arn:aws:logs:*:*:*",
                            "statement.0.sid": "",
                            "version": "2012-10-17"
                        },
                        "meta": {},
                        "tainted": false
                    },
                    "deposed": [],
                    "provider": "provider.aws"
                }
            },
            "depends_on": []
        },
        {
            "path": [
                "root",
                "akerl-aws-account"
            ],
            "outputs": {},
            "resources": {
                "aws_iam_user.build": {
                    "type": "aws_iam_user",
                    "depends_on": [],
                    "primary": {
                        "id": "build-akerl-aws-account",
                        "attributes": {
                            "arn": "arn:aws:iam::764218738161:user/build-akerl-aws-account",
                            "force_destroy": "false",
                            "id": "build-akerl-aws-account",
                            "name": "build-akerl-aws-account",
                            "path": "/",
                            "tags.%": "0",
                            "unique_id": "AIDAJ4HI3M43KDY46ZISA"
                        },
                        "meta": {},
                        "tainted": false
                    },
                    "deposed": [],
                    "provider": "provider.aws"
                },
                "aws_iam_user_policy.terraform-planner": {
                    "type": "aws_iam_user_policy",
                    "depends_on": [
                        "aws_iam_user.build",
                        "data.aws_iam_policy_document.terraform-planner"
                    ],
                    "primary": {
                        "id": "build-akerl-aws-account:terraform-planner",
                        "attributes": {
                            "id": "build-akerl-aws-account:terraform-planner",
                            "name": "terraform-planner",
                            "policy": "{\n  \"Version\": \"2012-10-17\",\n  \"Statement\": [\n    {\n      \"Sid\": \"\",\n      \"Effect\": \"Allow\",\n      \"Action\": [\n        \"sns:Get*\",\n        \"s3:ListBucket\",\n        \"s3:ListAllMyBuckets\",\n        \"s3:GetReplicationConfiguration\",\n        \"s3:GetLifecycleConfiguration\",\n        \"s3:GetEncryptionConfiguration\",\n        \"s3:GetBucket*\",\n        \"s3:GetAccelerateConfiguration\",\n        \"route53:List*\",\n        \"route53:Get*\",\n        \"lambda:List*\",\n        \"lambda:Get*\",\n        \"iam:List*\",\n        \"iam:Get*\",\n        \"events:List*\",\n        \"events:Describe*\",\n        \"ec2:Describe*\",\n        \"cloudwatch:Describe*\",\n        \"cloudtrail:List*\",\n        \"cloudtrail:Get*\",\n        \"cloudtrail:Describe*\",\n        \"cloudfront:List*\",\n        \"cloudfront:Get*\",\n        \"budgets:View*\",\n        \"apigateway:Get*\",\n        \"acm:List*\",\n        \"acm:Describe*\"\n      ],\n      \"Resource\": \"*\"\n    }\n  ]\n}",
                            "user": "build-akerl-aws-account"
                        },
                        "meta": {},
                        "tainted": false
                    },
                    "deposed": [],
                    "provider": "provider.aws"
                },
                "awscreds_iam_access_key.build-key": {
                    "type": "awscreds_iam_access_key",
                    "depends_on": [
                        "aws_iam_user.build"
                    ],
                    "primary": {
                        "id": "AKIAJGNT6XKPDZQADKOQ",
                        "attributes": {
                            "file": "creds/build-akerl-aws-account",
                            "id": "AKIAJGNT6XKPDZQADKOQ",
                            "secret": "",
                            "ses_smtp_password": "",
                            "status": "Active",
                            "user": "build-akerl-aws-account"
                        },
                        "meta": {},
                        "tainted": false
                    },
                    "deposed": [],
                    "provider": "provider.awscreds"
                },
                "data.aws_iam_policy_document.terraform-planner": {
                    "type": "aws_iam_policy_document",
                    "depends_on": [],
                    "primary": {
                        "id": "490589767",
                        "attributes": {
                            "id": "490589767",
                            "json": "{\n  \"Version\": \"2012-10-17\",\n  \"Statement\": [\n    {\n      \"Sid\": \"\",\n      \"Effect\": \"Allow\",\n      \"Action\": [\n        \"sns:Get*\",\n        \"s3:ListBucket\",\n        \"s3:ListAllMyBuckets\",\n        \"s3:GetReplicationConfiguration\",\n        \"s3:GetLifecycleConfiguration\",\n        \"s3:GetEncryptionConfiguration\",\n        \"s3:GetBucket*\",\n        \"s3:GetAccelerateConfiguration\",\n        \"route53:List*\",\n        \"route53:Get*\",\n        \"lambda:List*\",\n        \"lambda:Get*\",\n        \"iam:List*\",\n        \"iam:Get*\",\n        \"events:List*\",\n        \"events:Describe*\",\n        \"ec2:Describe*\",\n        \"cloudwatch:Describe*\",\n        \"cloudtrail:List*\",\n        \"cloudtrail:Get*\",\n        \"cloudtrail:Describe*\",\n        \"cloudfront:List*\",\n        \"cloudfront:Get*\",\n        \"budgets:View*\",\n        \"apigateway:Get*\",\n        \"acm:List*\",\n        \"acm:Describe*\"\n      ],\n      \"Resource\": \"*\"\n    }\n  ]\n}",
                            "statement.#": "1",
                            "statement.0.actions.#": "27",
                            "statement.0.actions.1303906083": "route53:List*",
                            "statement.0.actions.1390412377": "s3:GetBucket*",
                            "statement.0.actions.1794484843": "s3:GetReplicationConfiguration",
                            "statement.0.actions.1877980538": "lambda:List*",
                            "statement.0.actions.1942864761": "route53:Get*",
                            "statement.0.actions.1999404577": "cloudfront:Get*",
                            "statement.0.actions.2323439281": "s3:GetAccelerateConfiguration",
                            "statement.0.actions.2459212947": "ec2:Describe*",
                            "statement.0.actions.2723925517": "events:List*",
                            "statement.0.actions.2960554739": "cloudtrail:Describe*",
                            "statement.0.actions.3319256821": "acm:Describe*",
                            "statement.0.actions.3643160128": "apigateway:Get*",
                            "statement.0.actions.3661080708": "iam:List*",
                            "statement.0.actions.3713003022": "events:Describe*",
                            "statement.0.actions.3877028086": "acm:List*",
                            "statement.0.actions.394265353": "cloudtrail:Get*",
                            "statement.0.actions.401159279": "cloudwatch:Describe*",
                            "statement.0.actions.4100473182": "s3:GetLifecycleConfiguration",
                            "statement.0.actions.4187279778": "sns:Get*",
                            "statement.0.actions.486976917": "s3:ListBucket",
                            "statement.0.actions.500775903": "cloudtrail:List*",
                            "statement.0.actions.644424655": "lambda:Get*",
                            "statement.0.actions.671891288": "cloudfront:List*",
                            "statement.0.actions.784067698": "iam:Get*",
                            "statement.0.actions.796062918": "s3:ListAllMyBuckets",
                            "statement.0.actions.821476004": "budgets:View*",
                            "statement.0.actions.906973559": "s3:GetEncryptionConfiguration",
                            "statement.0.condition.#": "0",
                            "statement.0.effect": "Allow",
                            "statement.0.not_actions.#": "0",
                            "statement.0.not_principals.#": "0",
                            "statement.0.not_resources.#": "0",
                            "statement.0.principals.#": "0",
                            "statement.0.resources.#": "1",
                            "statement.0.resources.2679715827": "*",
                            "statement.0.sid": "",
                            "version": "2012-10-17"
                        },
                        "meta": {},
                        "tainted": false
                    },
                    "deposed": [],
                    "provider": "provider.aws"
                }
            },
            "depends_on": []
        },
        {
            "path": [
                "root",
                "akerl-blog"
            ],
            "outputs": {
                "cloudfront_zone_id": {
                    "sensitive": false,
                    "type": "string",
                    "value": "Z2FDTNDATAQYW2"
                },
                "redirect_dns_name": {
                    "sensitive": false,
                    "type": "string",
                    "value": "d1rqobv89rg0ff.cloudfront.net"
                },
                "site_dns_name": {
                    "sensitive": false,
                    "type": "string",
                    "value": "d1bw70pwuuwdo0.cloudfront.net"
                }
            },
            "resources": {
                "aws_cloudfront_distribution.file": {
                    "type": "aws_cloudfront_distribution",
                    "depends_on": [],
                    "primary": {
                        "id": "EJOK7T2CUGBYP",
                        "attributes": {
                            "active_trusted_signers.%": "2",
                            "active_trusted_signers.enabled": "false",
                            "active_trusted_signers.items.#": "0",
                            "aliases.#": "1",
                            "aliases.2457523478": "blog.akerl.org",
                            "arn": "arn:aws:cloudfront::764218738161:distribution/EJOK7T2CUGBYP",
                            "caller_reference": "2019-03-10T16:45:18.424506+03:00",
                            "custom_error_response.#": "0",
                            "default_cache_behavior.#": "1",
                            "default_cache_behavior.0.allowed_methods.#": "2",
                            "default_cache_behavior.0.allowed_methods.1040875975": "GET",
                            "default_cache_behavior.0.allowed_methods.1445840968": "HEAD",
                            "default_cache_behavior.0.cached_methods.#": "2",
                            "default_cache_behavior.0.cached_methods.1040875975": "GET",
                            "default_cache_behavior.0.cached_methods.1445840968": "HEAD",
                            "default_cache_behavior.0.compress": "true",
                            "default_cache_behavior.0.default_ttl": "0",
                            "default_cache_behavior.0.field_level_encryption_id": "",
                            "default_cache_behavior.0.forwarded_values.#": "1",
                            "default_cache_behavior.0.forwarded_values.0.cookies.#": "1",
                            "default_cache_behavior.0.forwarded_values.0.cookies.0.forward": "none",
                            "default_cache_behavior.0.forwarded_values.0.cookies.0.whitelisted_names.#": "0",
                            "default_cache_behavior.0.forwarded_values.0.headers.#": "0",
                            "default_cache_behavior.0.forwarded_values.0.query_string": "false",
                            "default_cache_behavior.0.forwarded_values.0.query_string_cache_keys.#": "0",
                            "default_cache_behavior.0.lambda_function_association.#": "0",
                            "default_cache_behavior.0.max_ttl": "300",
                            "default_cache_behavior.0.min_ttl": "0",
                            "default_cache_behavior.0.smooth_streaming": "false",
                            "default_cache_behavior.0.target_origin_id": "file-bucket",
                            "default_cache_behavior.0.trusted_signers.#": "0",
                            "default_cache_behavior.0.viewer_protocol_policy": "redirect-to-https",
                            "default_root_object": "index.html",
                            "domain_name": "d1bw70pwuuwdo0.cloudfront.net",
                            "enabled": "true",
                            "etag": "E3T1E73XLBS3VO",
                            "hosted_zone_id": "Z2FDTNDATAQYW2",
                            "http_version": "http2",
                            "id": "EJOK7T2CUGBYP",
                            "in_progress_validation_batches": "0",
                            "is_ipv6_enabled": "false",
                            "last_modified_time": "2019-03-10 13:45:23.309 +0000 UTC",
                            "logging_config.#": "1",
                            "logging_config.0.bucket": "akerl-s3-logs.s3.amazonaws.com",
                            "logging_config.0.include_cookies": "false",
                            "logging_config.0.prefix": "akerl-blog-cdn/",
                            "ordered_cache_behavior.#": "0",
                            "origin.#": "1",
                            "origin.2402435017.custom_header.#": "0",
                            "origin.2402435017.custom_origin_config.#": "1",
                            "origin.2402435017.custom_origin_config.0.http_port": "80",
                            "origin.2402435017.custom_origin_config.0.https_port": "443",
                            "origin.2402435017.custom_origin_config.0.origin_keepalive_timeout": "5",
                            "origin.2402435017.custom_origin_config.0.origin_protocol_policy": "http-only",
                            "origin.2402435017.custom_origin_config.0.origin_read_timeout": "30",
                            "origin.2402435017.custom_origin_config.0.origin_ssl_protocols.#": "1",
                            "origin.2402435017.custom_origin_config.0.origin_ssl_protocols.3981581077": "TLSv1.2",
                            "origin.2402435017.domain_name": "akerl-blog.s3-website-us-east-1.amazonaws.com",
                            "origin.2402435017.origin_id": "file-bucket",
                            "origin.2402435017.origin_path": "",
                            "origin.2402435017.s3_origin_config.#": "0",
                            "price_class": "PriceClass_100",
                            "restrictions.#": "1",
                            "restrictions.0.geo_restriction.#": "1",
                            "restrictions.0.geo_restriction.0.locations.#": "0",
                            "restrictions.0.geo_restriction.0.restriction_type": "none",
                            "retain_on_delete": "false",
                            "status": "Deployed",
                            "tags.%": "0",
                            "viewer_certificate.#": "1",
                            "viewer_certificate.0.acm_certificate_arn": "arn:aws:acm:us-east-1:764218738161:certificate/d4510974-2f79-437c-a744-0be088415f05",
                            "viewer_certificate.0.cloudfront_default_certificate": "false",
                            "viewer_certificate.0.iam_certificate_id": "",
                            "viewer_certificate.0.minimum_protocol_version": "TLSv1.2_2018",
                            "viewer_certificate.0.ssl_support_method": "sni-only",
                            "web_acl_id": ""
                        },
                        "meta": {},
                        "tainted": false
                    },
                    "deposed": [],
                    "provider": "provider.aws"
                },
                "aws_cloudfront_distribution.redirect": {
                    "type": "aws_cloudfront_distribution",
                    "depends_on": [
                        "aws_s3_bucket.redirect",
                        "module.certificate"
                    ],
                    "primary": {
                        "id": "E3KW5OM87UMD7P",
                        "attributes": {
                            "active_trusted_signers.%": "2",
                            "active_trusted_signers.enabled": "false",
                            "active_trusted_signers.items.#": "0",
                            "aliases.#": "12",
                            "aliases.1288416212": "lesaker.org",
                            "aliases.1516820402": "lesaker.com",
                            "aliases.1577856700": "www.a-rwx.org",
                            "aliases.1599199520": "scrtybybscrty.org",
                            "aliases.2796100132": "a-rwx.org",
                            "aliases.3230243585": "www.akerl.com",
                            "aliases.3259292592": "www.lesaker.com",
                            "aliases.3465374948": "www.scrtybybscrty.org",
                            "aliases.3571951574": "www.lesaker.org",
                            "aliases.3593135975": "www.akerl.org",
                            "aliases.781177855": "akerl.org",
                            "aliases.942452633": "akerl.com",
                            "arn": "arn:aws:cloudfront::764218738161:distribution/E3KW5OM87UMD7P",
                            "caller_reference": "2019-03-10T16:16:03.56448+03:00",
                            "custom_error_response.#": "0",
                            "default_cache_behavior.#": "1",
                            "default_cache_behavior.0.allowed_methods.#": "2",
                            "default_cache_behavior.0.allowed_methods.1040875975": "GET",
                            "default_cache_behavior.0.allowed_methods.1445840968": "HEAD",
                            "default_cache_behavior.0.cached_methods.#": "2",
                            "default_cache_behavior.0.cached_methods.1040875975": "GET",
                            "default_cache_behavior.0.cached_methods.1445840968": "HEAD",
                            "default_cache_behavior.0.compress": "true",
                            "default_cache_behavior.0.default_ttl": "300",
                            "default_cache_behavior.0.field_level_encryption_id": "",
                            "default_cache_behavior.0.forwarded_values.#": "1",
                            "default_cache_behavior.0.forwarded_values.0.cookies.#": "1",
                            "default_cache_behavior.0.forwarded_values.0.cookies.0.forward": "none",
                            "default_cache_behavior.0.forwarded_values.0.cookies.0.whitelisted_names.#": "0",
                            "default_cache_behavior.0.forwarded_values.0.headers.#": "0",
                            "default_cache_behavior.0.forwarded_values.0.query_string": "false",
                            "default_cache_behavior.0.forwarded_values.0.query_string_cache_keys.#": "0",
                            "default_cache_behavior.0.lambda_function_association.#": "0",
                            "default_cache_behavior.0.max_ttl": "300",
                            "default_cache_behavior.0.min_ttl": "0",
                            "default_cache_behavior.0.smooth_streaming": "false",
                            "default_cache_behavior.0.target_origin_id": "redirect-bucket",
                            "default_cache_behavior.0.trusted_signers.#": "0",
                            "default_cache_behavior.0.viewer_protocol_policy": "redirect-to-https",
                            "default_root_object": "",
                            "domain_name": "d1rqobv89rg0ff.cloudfront.net",
                            "enabled": "true",
                            "etag": "E39WV8U19IRSVM",
                            "hosted_zone_id": "Z2FDTNDATAQYW2",
                            "http_version": "http2",
                            "id": "E3KW5OM87UMD7P",
                            "in_progress_validation_batches": "0",
                            "is_ipv6_enabled": "false",
                            "last_modified_time": "2019-03-10 13:16:05.435 +0000 UTC",
                            "logging_config.#": "1",
                            "logging_config.0.bucket": "akerl-s3-logs.s3.amazonaws.com",
                            "logging_config.0.include_cookies": "false",
                            "logging_config.0.prefix": "akerl-blog-redirect-cdn",
                            "ordered_cache_behavior.#": "0",
                            "origin.#": "1",
                            "origin.3868504272.custom_header.#": "0",
                            "origin.3868504272.custom_origin_config.#": "1",
                            "origin.3868504272.custom_origin_config.0.http_port": "80",
                            "origin.3868504272.custom_origin_config.0.https_port": "443",
                            "origin.3868504272.custom_origin_config.0.origin_keepalive_timeout": "5",
                            "origin.3868504272.custom_origin_config.0.origin_protocol_policy": "http-only",
                            "origin.3868504272.custom_origin_config.0.origin_read_timeout": "30",
                            "origin.3868504272.custom_origin_config.0.origin_ssl_protocols.#": "1",
                            "origin.3868504272.custom_origin_config.0.origin_ssl_protocols.3981581077": "TLSv1.2",
                            "origin.3868504272.domain_name": "akerl-blog-redirect.s3-website-us-east-1.amazonaws.com",
                            "origin.3868504272.origin_id": "redirect-bucket",
                            "origin.3868504272.origin_path": "",
                            "origin.3868504272.s3_origin_config.#": "0",
                            "price_class": "PriceClass_100",
                            "restrictions.#": "1",
                            "restrictions.0.geo_restriction.#": "1",
                            "restrictions.0.geo_restriction.0.locations.#": "0",
                            "restrictions.0.geo_restriction.0.restriction_type": "none",
                            "retain_on_delete": "false",
                            "status": "Deployed",
                            "tags.%": "0",
                            "viewer_certificate.#": "1",
                            "viewer_certificate.0.acm_certificate_arn": "arn:aws:acm:us-east-1:764218738161:certificate/d4510974-2f79-437c-a744-0be088415f05",
                            "viewer_certificate.0.cloudfront_default_certificate": "false",
                            "viewer_certificate.0.iam_certificate_id": "",
                            "viewer_certificate.0.minimum_protocol_version": "TLSv1.2_2018",
                            "viewer_certificate.0.ssl_support_method": "sni-only",
                            "web_acl_id": ""
                        },
                        "meta": {},
                        "tainted": false
                    },
                    "deposed": [],
                    "provider": "provider.aws"
                },
                "aws_s3_bucket.file": {
                    "type": "aws_s3_bucket",
                    "depends_on": [
                        "data.aws_iam_policy_document.file_bucket_read_access"
                    ],
                    "primary": {
                        "id": "akerl-blog",
                        "attributes": {
                            "acceleration_status": "",
                            "acl": "private",
                            "arn": "arn:aws:s3:::akerl-blog",
                            "bucket": "akerl-blog",
                            "bucket_domain_name": "akerl-blog.s3.amazonaws.com",
                            "bucket_regional_domain_name": "akerl-blog.s3.amazonaws.com",
                            "cors_rule.#": "0",
                            "force_destroy": "false",
                            "hosted_zone_id": "Z3AQBSTGFYJSTF",
                            "id": "akerl-blog",
                            "lifecycle_rule.#": "0",
                            "logging.#": "1",
                            "logging.2158441842.target_bucket": "akerl-s3-logs",
                            "logging.2158441842.target_prefix": "akerl-blog/",
                            "object_lock_configuration.#": "0",
                            "policy": "{\"Statement\":[{\"Action\":\"s3:GetObject\",\"Effect\":\"Allow\",\"Principal\":{\"AWS\":\"*\"},\"Resource\":\"arn:aws:s3:::akerl-blog/*\",\"Sid\":\"\"}],\"Version\":\"2012-10-17\"}",
                            "region": "us-east-1",
                            "replication_configuration.#": "0",
                            "request_payer": "BucketOwner",
                            "server_side_encryption_configuration.#": "0",
                            "tags.%": "0",
                            "versioning.#": "1",
                            "versioning.0.enabled": "true",
                            "versioning.0.mfa_delete": "false",
                            "website.#": "1",
                            "website.0.error_document": "404/index.html",
                            "website.0.index_document": "index.html",
                            "website.0.redirect_all_requests_to": "",
                            "website.0.routing_rules": "",
                            "website_domain": "s3-website-us-east-1.amazonaws.com",
                            "website_endpoint": "akerl-blog.s3-website-us-east-1.amazonaws.com"
                        },
                        "meta": {},
                        "tainted": false
                    },
                    "deposed": [],
                    "provider": "provider.aws"
                },
                "aws_s3_bucket.redirect": {
                    "type": "aws_s3_bucket",
                    "depends_on": [
                        "data.aws_iam_policy_document.redirect_bucket_read_access"
                    ],
                    "primary": {
                        "id": "akerl-blog-redirect",
                        "attributes": {
                            "acceleration_status": "",
                            "acl": "private",
                            "arn": "arn:aws:s3:::akerl-blog-redirect",
                            "bucket": "akerl-blog-redirect",
                            "bucket_domain_name": "akerl-blog-redirect.s3.amazonaws.com",
                            "bucket_regional_domain_name": "akerl-blog-redirect.s3.amazonaws.com",
                            "cors_rule.#": "0",
                            "force_destroy": "false",
                            "hosted_zone_id": "Z3AQBSTGFYJSTF",
                            "id": "akerl-blog-redirect",
                            "lifecycle_rule.#": "0",
                            "logging.#": "1",
                            "logging.525726922.target_bucket": "akerl-s3-logs",
                            "logging.525726922.target_prefix": "akerl-blog-redirect/",
                            "object_lock_configuration.#": "0",
                            "policy": "{\"Statement\":[{\"Action\":\"s3:GetObject\",\"Effect\":\"Allow\",\"Principal\":{\"AWS\":\"*\"},\"Resource\":\"arn:aws:s3:::akerl-blog-redirect/*\",\"Sid\":\"\"}],\"Version\":\"2012-10-17\"}",
                            "region": "us-east-1",
                            "replication_configuration.#": "0",
                            "request_payer": "BucketOwner",
                            "server_side_encryption_configuration.#": "0",
                            "tags.%": "0",
                            "versioning.#": "1",
                            "versioning.0.enabled": "true",
                            "versioning.0.mfa_delete": "false",
                            "website.#": "1",
                            "website.0.error_document": "",
                            "website.0.index_document": "",
                            "website.0.redirect_all_requests_to": "https://blog.akerl.org",
                            "website.0.routing_rules": "",
                            "website_domain": "s3-website-us-east-1.amazonaws.com",
                            "website_endpoint": "akerl-blog-redirect.s3-website-us-east-1.amazonaws.com"
                        },
                        "meta": {},
                        "tainted": false
                    },
                    "deposed": [],
                    "provider": "provider.aws"
                },
                "data.aws_iam_policy_document.file_bucket_read_access": {
                    "type": "aws_iam_policy_document",
                    "depends_on": [],
                    "primary": {
                        "id": "974320875",
                        "attributes": {
                            "id": "974320875",
                            "json": "{\n  \"Version\": \"2012-10-17\",\n  \"Statement\": [\n    {\n      \"Sid\": \"\",\n      \"Effect\": \"Allow\",\n      \"Action\": \"s3:GetObject\",\n      \"Resource\": \"arn:aws:s3:::akerl-blog/*\",\n      \"Principal\": {\n        \"AWS\": \"*\"\n      }\n    }\n  ]\n}",
                            "statement.#": "1",
                            "statement.0.actions.#": "1",
                            "statement.0.actions.2071725391": "s3:GetObject",
                            "statement.0.condition.#": "0",
                            "statement.0.effect": "Allow",
                            "statement.0.not_actions.#": "0",
                            "statement.0.not_principals.#": "0",
                            "statement.0.not_resources.#": "0",
                            "statement.0.principals.#": "1",
                            "statement.0.principals.636693895.identifiers.#": "1",
                            "statement.0.principals.636693895.identifiers.2679715827": "*",
                            "statement.0.principals.636693895.type": "AWS",
                            "statement.0.resources.#": "1",
                            "statement.0.resources.2218934011": "arn:aws:s3:::akerl-blog/*",
                            "statement.0.sid": "",
                            "version": "2012-10-17"
                        },
                        "meta": {},
                        "tainted": false
                    },
                    "deposed": [],
                    "provider": "provider.aws"
                },
                "data.aws_iam_policy_document.redirect_bucket_read_access": {
                    "type": "aws_iam_policy_document",
                    "depends_on": [],
                    "primary": {
                        "id": "2903805152",
                        "attributes": {
                            "id": "2903805152",
                            "json": "{\n  \"Version\": \"2012-10-17\",\n  \"Statement\": [\n    {\n      \"Sid\": \"\",\n      \"Effect\": \"Allow\",\n      \"Action\": \"s3:GetObject\",\n      \"Resource\": \"arn:aws:s3:::akerl-blog-redirect/*\",\n      \"Principal\": {\n        \"AWS\": \"*\"\n      }\n    }\n  ]\n}",
                            "statement.#": "1",
                            "statement.0.actions.#": "1",
                            "statement.0.actions.2071725391": "s3:GetObject",
                            "statement.0.condition.#": "0",
                            "statement.0.effect": "Allow",
                            "statement.0.not_actions.#": "0",
                            "statement.0.not_principals.#": "0",
                            "statement.0.not_resources.#": "0",
                            "statement.0.principals.#": "1",
                            "statement.0.principals.636693895.identifiers.#": "1",
                            "statement.0.principals.636693895.identifiers.2679715827": "*",
                            "statement.0.principals.636693895.type": "AWS",
                            "statement.0.resources.#": "1",
                            "statement.0.resources.2274886761": "arn:aws:s3:::akerl-blog-redirect/*",
                            "statement.0.sid": "",
                            "version": "2012-10-17"
                        },
                        "meta": {},
                        "tainted": false
                    },
                    "deposed": [],
                    "provider": "provider.aws"
                }
            },
            "depends_on": []
        },
        {
            "path": [
                "root",
                "akerl-books-library"
            ],
            "outputs": {
                "dns_name": {
                    "sensitive": false,
                    "type": "string",
                    "value": "d3iukmmdtej1e4.cloudfront.net"
                }
            },
            "resources": {
                "data.aws_iam_policy_document.lambda_perms": {
                    "type": "aws_iam_policy_document",
                    "depends_on": [],
                    "primary": {
                        "id": "2584515409",
                        "attributes": {
                            "id": "2584515409",
                            "json": "{\n  \"Version\": \"2012-10-17\",\n  \"Statement\": [\n    {\n      \"Sid\": \"\",\n      \"Effect\": \"Allow\",\n      \"Action\": [\n        \"s3:ListBucket\",\n        \"s3:GetObject\"\n      ],\n      \"Resource\": [\n        \"arn:aws:s3:::akerl-book-library/*\",\n        \"arn:aws:s3:::akerl-book-library-config/*\",\n        \"arn:aws:s3:::akerl-book-library-config\",\n        \"arn:aws:s3:::akerl-book-library\"\n      ]\n    },\n    {\n      \"Sid\": \"\",\n      \"Effect\": \"Allow\",\n      \"Action\": [\n        \"logs:PutLogEvents\",\n        \"logs:CreateLogStream\",\n        \"logs:CreateLogGroup\"\n      ],\n      \"Resource\": \"arn:aws:logs:*:*:*\"\n    }\n  ]\n}",
                            "statement.#": "2",
                            "statement.0.actions.#": "2",
                            "statement.0.actions.2071725391": "s3:GetObject",
                            "statement.0.actions.486976917": "s3:ListBucket",
                            "statement.0.condition.#": "0",
                            "statement.0.effect": "Allow",
                            "statement.0.not_actions.#": "0",
                            "statement.0.not_principals.#": "0",
                            "statement.0.not_resources.#": "0",
                            "statement.0.principals.#": "0",
                            "statement.0.resources.#": "4",
                            "statement.0.resources.1115446853": "arn:aws:s3:::akerl-book-library",
                            "statement.0.resources.2236332432": "arn:aws:s3:::akerl-book-library/*",
                            "statement.0.resources.2905745180": "arn:aws:s3:::akerl-book-library-config",
                            "statement.0.resources.3354098011": "arn:aws:s3:::akerl-book-library-config/*",
                            "statement.0.sid": "",
                            "statement.1.actions.#": "3",
                            "statement.1.actions.2809485102": "logs:CreateLogGroup",
                            "statement.1.actions.3285979848": "logs:CreateLogStream",
                            "statement.1.actions.39743051": "logs:PutLogEvents",
                            "statement.1.condition.#": "0",
                            "statement.1.effect": "Allow",
                            "statement.1.not_actions.#": "0",
                            "statement.1.not_principals.#": "0",
                            "statement.1.not_resources.#": "0",
                            "statement.1.principals.#": "0",
                            "statement.1.resources.#": "1",
                            "statement.1.resources.162423377": "arn:aws:logs:*:*:*",
                            "statement.1.sid": "",
                            "version": "2012-10-17"
                        },
                        "meta": {},
                        "tainted": false
                    },
                    "deposed": [],
                    "provider": "provider.aws"
                }
            },
            "depends_on": []
        },
        {
            "path": [
                "root",
                "akerl-dcs-library"
            ],
            "outputs": {
                "dns_name": {
                    "sensitive": false,
                    "type": "string",
                    "value": "d27f42y68vvkmg.cloudfront.net"
                }
            },
            "resources": {
                "data.aws_iam_policy_document.lambda_perms": {
                    "type": "aws_iam_policy_document",
                    "depends_on": [],
                    "primary": {
                        "id": "2492265245",
                        "attributes": {
                            "id": "2492265245",
                            "json": "{\n  \"Version\": \"2012-10-17\",\n  \"Statement\": [\n    {\n      \"Sid\": \"\",\n      \"Effect\": \"Allow\",\n      \"Action\": [\n        \"s3:ListBucket\",\n        \"s3:GetObject\"\n      ],\n      \"Resource\": [\n        \"arn:aws:s3:::akerl-dcs-library/*\",\n        \"arn:aws:s3:::akerl-dcs-library-config/*\",\n        \"arn:aws:s3:::akerl-dcs-library-config\",\n        \"arn:aws:s3:::akerl-dcs-library\"\n      ]\n    },\n    {\n      \"Sid\": \"\",\n      \"Effect\": \"Allow\",\n      \"Action\": [\n        \"logs:PutLogEvents\",\n        \"logs:CreateLogStream\",\n        \"logs:CreateLogGroup\"\n      ],\n      \"Resource\": \"arn:aws:logs:*:*:*\"\n    }\n  ]\n}",
                            "statement.#": "2",
                            "statement.0.actions.#": "2",
                            "statement.0.actions.2071725391": "s3:GetObject",
                            "statement.0.actions.486976917": "s3:ListBucket",
                            "statement.0.condition.#": "0",
                            "statement.0.effect": "Allow",
                            "statement.0.not_actions.#": "0",
                            "statement.0.not_principals.#": "0",
                            "statement.0.not_resources.#": "0",
                            "statement.0.principals.#": "0",
                            "statement.0.resources.#": "4",
                            "statement.0.resources.2145029193": "arn:aws:s3:::akerl-dcs-library/*",
                            "statement.0.resources.2830782896": "arn:aws:s3:::akerl-dcs-library-config/*",
                            "statement.0.resources.4238403927": "arn:aws:s3:::akerl-dcs-library-config",
                            "statement.0.resources.777249602": "arn:aws:s3:::akerl-dcs-library",
                            "statement.0.sid": "",
                            "statement.1.actions.#": "3",
                            "statement.1.actions.2809485102": "logs:CreateLogGroup",
                            "statement.1.actions.3285979848": "logs:CreateLogStream",
                            "statement.1.actions.39743051": "logs:PutLogEvents",
                            "statement.1.condition.#": "0",
                            "statement.1.effect": "Allow",
                            "statement.1.not_actions.#": "0",
                            "statement.1.not_principals.#": "0",
                            "statement.1.not_resources.#": "0",
                            "statement.1.principals.#": "0",
                            "statement.1.resources.#": "1",
                            "statement.1.resources.162423377": "arn:aws:logs:*:*:*",
                            "statement.1.sid": "",
                            "version": "2012-10-17"
                        },
                        "meta": {},
                        "tainted": false
                    },
                    "deposed": [],
                    "provider": "provider.aws"
                }
            },
            "depends_on": []
        },
        {
            "path": [
                "root",
                "akerl-dns"
            ],
            "outputs": {},
            "resources": {
                "aws_route53_delegation_set.main": {
                    "type": "aws_route53_delegation_set",
                    "depends_on": [],
                    "primary": {
                        "id": "N3C8AV2DA0N4N9",
                        "attributes": {
                            "id": "N3C8AV2DA0N4N9",
                            "name_servers.#": "4",
                            "name_servers.0": "ns-1242.awsdns-27.org",
                            "name_servers.1": "ns-1942.awsdns-50.co.uk",
                            "name_servers.2": "ns-477.awsdns-59.com",
                            "name_servers.3": "ns-808.awsdns-37.net",
                            "reference_name": "main"
                        },
                        "meta": {},
                        "tainted": false
                    },
                    "deposed": [],
                    "provider": "provider.aws"
                },
                "aws_route53_record.a_a-rwx_org": {
                    "type": "aws_route53_record",
                    "depends_on": [
                        "module.a-rwx_org"
                    ],
                    "primary": {
                        "id": "Z1GSN0DUY7LO3I_a-rwx.org_A",
                        "attributes": {
                            "alias.#": "1",
                            "alias.2702719741.evaluate_target_health": "false",
                            "alias.2702719741.name": "d1rqobv89rg0ff.cloudfront.net",
                            "alias.2702719741.zone_id": "Z2FDTNDATAQYW2",
                            "fqdn": "a-rwx.org",
                            "health_check_id": "",
                            "id": "Z1GSN0DUY7LO3I_a-rwx.org_A",
                            "name": "a-rwx.org",
                            "records.#": "0",
                            "set_identifier": "",
                            "ttl": "0",
                            "type": "A",
                            "zone_id": "Z1GSN0DUY7LO3I"
                        },
                        "meta": {
                            "schema_version": "2"
                        },
                        "tainted": false
                    },
                    "deposed": [],
                    "provider": "provider.aws"
                },
                "aws_route53_record.a_akerl_com": {
                    "type": "aws_route53_record",
                    "depends_on": [
                        "module.akerl_com"
                    ],
                    "primary": {
                        "id": "Z1EXF3DHNCLVFG_akerl.com_A",
                        "attributes": {
                            "alias.#": "1",
                            "alias.2702719741.evaluate_target_health": "false",
                            "alias.2702719741.name": "d1rqobv89rg0ff.cloudfront.net",
                            "alias.2702719741.zone_id": "Z2FDTNDATAQYW2",
                            "fqdn": "akerl.com",
                            "health_check_id": "",
                            "id": "Z1EXF3DHNCLVFG_akerl.com_A",
                            "name": "akerl.com",
                            "records.#": "0",
                            "set_identifier": "",
                            "ttl": "0",
                            "type": "A",
                            "zone_id": "Z1EXF3DHNCLVFG"
                        },
                        "meta": {
                            "schema_version": "2"
                        },
                        "tainted": false
                    },
                    "deposed": [],
                    "provider": "provider.aws"
                },
                "aws_route53_record.a_akerl_org": {
                    "type": "aws_route53_record",
                    "depends_on": [
                        "module.akerl_org"
                    ],
                    "primary": {
                        "id": "Z1GXO6WRJN3B5T_akerl.org_A",
                        "attributes": {
                            "alias.#": "1",
                            "alias.2702719741.evaluate_target_health": "false",
                            "alias.2702719741.name": "d1rqobv89rg0ff.cloudfront.net",
                            "alias.2702719741.zone_id": "Z2FDTNDATAQYW2",
                            "fqdn": "akerl.org",
                            "health_check_id": "",
                            "id": "Z1GXO6WRJN3B5T_akerl.org_A",
                            "name": "akerl.org",
                            "records.#": "0",
                            "set_identifier": "",
                            "ttl": "0",
                            "type": "A",
                            "zone_id": "Z1GXO6WRJN3B5T"
                        },
                        "meta": {
                            "schema_version": "2"
                        },
                        "tainted": false
                    },
                    "deposed": [],
                    "provider": "provider.aws"
                },
                "aws_route53_record.a_auth_coolquotes_xyz": {
                    "type": "aws_route53_record",
                    "depends_on": [
                        "module.coolquotes_xyz"
                    ],
                    "primary": {
                        "id": "Z8OAL9XXAA49Z_auth.coolquotes.xyz_A",
                        "attributes": {
                            "alias.#": "1",
                            "alias.3749748189.evaluate_target_health": "false",
                            "alias.3749748189.name": "d1398ufz80zb1c.cloudfront.net",
                            "alias.3749748189.zone_id": "Z2FDTNDATAQYW2",
                            "fqdn": "auth.coolquotes.xyz",
                            "health_check_id": "",
                            "id": "Z8OAL9XXAA49Z_auth.coolquotes.xyz_A",
                            "name": "auth.coolquotes.xyz",
                            "records.#": "0",
                            "set_identifier": "",
                            "ttl": "0",
                            "type": "A",
                            "zone_id": "Z8OAL9XXAA49Z"
                        },
                        "meta": {
                            "schema_version": "2"
                        },
                        "tainted": false
                    },
                    "deposed": [],
                    "provider": "provider.aws"
                },
                "aws_route53_record.a_auth_scrtybybscrty_org": {
                    "type": "aws_route53_record",
                    "depends_on": [
                        "module.scrtybybscrty_org"
                    ],
                    "primary": {
                        "id": "Z11UY811DI2S1K_auth.scrtybybscrty.org_A",
                        "attributes": {
                            "alias.#": "1",
                            "alias.1907752972.evaluate_target_health": "false",
                            "alias.1907752972.name": "d62jwfzckrglk.cloudfront.net",
                            "alias.1907752972.zone_id": "Z2FDTNDATAQYW2",
                            "fqdn": "auth.scrtybybscrty.org",
                            "health_check_id": "",
                            "id": "Z11UY811DI2S1K_auth.scrtybybscrty.org_A",
                            "name": "auth.scrtybybscrty.org",
                            "records.#": "0",
                            "set_identifier": "",
                            "ttl": "0",
                            "type": "A",
                            "zone_id": "Z11UY811DI2S1K"
                        },
                        "meta": {
                            "schema_version": "2"
                        },
                        "tainted": false
                    },
                    "deposed": [],
                    "provider": "provider.aws"
                },
                "aws_route53_record.a_blog_akerl_org": {
                    "type": "aws_route53_record",
                    "depends_on": [
                        "module.akerl_org"
                    ],
                    "primary": {
                        "id": "Z1GXO6WRJN3B5T_blog.akerl.org_A",
                        "attributes": {
                            "alias.#": "1",
                            "alias.1550083817.evaluate_target_health": "false",
                            "alias.1550083817.name": "d1bw70pwuuwdo0.cloudfront.net",
                            "alias.1550083817.zone_id": "Z2FDTNDATAQYW2",
                            "fqdn": "blog.akerl.org",
                            "health_check_id": "",
                            "id": "Z1GXO6WRJN3B5T_blog.akerl.org_A",
                            "name": "blog.akerl.org",
                            "records.#": "0",
                            "set_identifier": "",
                            "ttl": "0",
                            "type": "A",
                            "zone_id": "Z1GXO6WRJN3B5T"
                        },
                        "meta": {
                            "schema_version": "2"
                        },
                        "tainted": false
                    },
                    "deposed": [],
                    "provider": "provider.aws"
                },
                "aws_route53_record.a_books_coolquotes_xyz": {
                    "type": "aws_route53_record",
                    "depends_on": [
                        "module.coolquotes_xyz"
                    ],
                    "primary": {
                        "id": "Z8OAL9XXAA49Z_books.coolquotes.xyz_A",
                        "attributes": {
                            "alias.#": "1",
                            "alias.2882786494.evaluate_target_health": "false",
                            "alias.2882786494.name": "d3iukmmdtej1e4.cloudfront.net",
                            "alias.2882786494.zone_id": "Z2FDTNDATAQYW2",
                            "fqdn": "books.coolquotes.xyz",
                            "health_check_id": "",
                            "id": "Z8OAL9XXAA49Z_books.coolquotes.xyz_A",
                            "name": "books.coolquotes.xyz",
                            "records.#": "0",
                            "set_identifier": "",
                            "ttl": "0",
                            "type": "A",
                            "zone_id": "Z8OAL9XXAA49Z"
                        },
                        "meta": {
                            "schema_version": "2"
                        },
                        "tainted": false
                    },
                    "deposed": [],
                    "provider": "provider.aws"
                },
                "aws_route53_record.a_dcs_coolquotes_xyz": {
                    "type": "aws_route53_record",
                    "depends_on": [
                        "module.coolquotes_xyz"
                    ],
                    "primary": {
                        "id": "Z8OAL9XXAA49Z_dcs.coolquotes.xyz_A",
                        "attributes": {
                            "alias.#": "1",
                            "alias.2374422197.evaluate_target_health": "false",
                            "alias.2374422197.name": "d27f42y68vvkmg.cloudfront.net",
                            "alias.2374422197.zone_id": "Z2FDTNDATAQYW2",
                            "fqdn": "dcs.coolquotes.xyz",
                            "health_check_id": "",
                            "id": "Z8OAL9XXAA49Z_dcs.coolquotes.xyz_A",
                            "name": "dcs.coolquotes.xyz",
                            "records.#": "0",
                            "set_identifier": "",
                            "ttl": "0",
                            "type": "A",
                            "zone_id": "Z8OAL9XXAA49Z"
                        },
                        "meta": {
                            "schema_version": "2"
                        },
                        "tainted": false
                    },
                    "deposed": [],
                    "provider": "provider.aws"
                },
                "aws_route53_record.a_files_scrtybybscrty_org": {
                    "type": "aws_route53_record",
                    "depends_on": [
                        "module.scrtybybscrty_org"
                    ],
                    "primary": {
                        "id": "Z11UY811DI2S1K_files.scrtybybscrty.org_A",
                        "attributes": {
                            "alias.#": "1",
                            "alias.3371671778.evaluate_target_health": "false",
                            "alias.3371671778.name": "dlo0riio86e63.cloudfront.net",
                            "alias.3371671778.zone_id": "Z2FDTNDATAQYW2",
                            "fqdn": "files.scrtybybscrty.org",
                            "health_check_id": "",
                            "id": "Z11UY811DI2S1K_files.scrtybybscrty.org_A",
                            "name": "files.scrtybybscrty.org",
                            "records.#": "0",
                            "set_identifier": "",
                            "ttl": "0",
                            "type": "A",
                            "zone_id": "Z11UY811DI2S1K"
                        },
                        "meta": {
                            "schema_version": "2"
                        },
                        "tainted": false
                    },
                    "deposed": [],
                    "provider": "provider.aws"
                },
                "aws_route53_record.a_happilyeveraker_com": {
                    "type": "aws_route53_record",
                    "depends_on": [
                        "module.happilyeveraker_com"
                    ],
                    "primary": {
                        "id": "Z2ZXZ7VFSXR5E7_happilyeveraker.com_A",
                        "attributes": {
                            "alias.#": "1",
                            "alias.1033685736.evaluate_target_health": "false",
                            "alias.1033685736.name": "d28rmrxunttz4a.cloudfront.net",
                            "alias.1033685736.zone_id": "Z2FDTNDATAQYW2",
                            "fqdn": "happilyeveraker.com",
                            "health_check_id": "",
                            "id": "Z2ZXZ7VFSXR5E7_happilyeveraker.com_A",
                            "name": "happilyeveraker.com",
                            "records.#": "0",
                            "set_identifier": "",
                            "ttl": "0",
                            "type": "A",
                            "zone_id": "Z2ZXZ7VFSXR5E7"
                        },
                        "meta": {
                            "schema_version": "2"
                        },
                        "tainted": false
                    },
                    "deposed": [],
                    "provider": "provider.aws"
                },
                "aws_route53_record.a_hf_coolquotes_xyz": {
                    "type": "aws_route53_record",
                    "depends_on": [
                        "module.coolquotes_xyz"
                    ],
                    "primary": {
                        "id": "Z8OAL9XXAA49Z_hf.coolquotes.xyz_A",
                        "attributes": {
                            "alias.#": "1",
                            "alias.457766807.evaluate_target_health": "false",
                            "alias.457766807.name": "d2i7ns0mouro3n.cloudfront.net",
                            "alias.457766807.zone_id": "Z2FDTNDATAQYW2",
                            "fqdn": "hf.coolquotes.xyz",
                            "health_check_id": "",
                            "id": "Z8OAL9XXAA49Z_hf.coolquotes.xyz_A",
                            "name": "hf.coolquotes.xyz",
                            "records.#": "0",
                            "set_identifier": "",
                            "ttl": "0",
                            "type": "A",
                            "zone_id": "Z8OAL9XXAA49Z"
                        },
                        "meta": {
                            "schema_version": "2"
                        },
                        "tainted": false
                    },
                    "deposed": [],
                    "provider": "provider.aws"
                },
                "aws_route53_record.a_id-ed25519_pub": {
                    "type": "aws_route53_record",
                    "depends_on": [
                        "module.id-ed25519_pub"
                    ],
                    "primary": {
                        "id": "Z23K6MA9HYNB2L_id-ed25519.pub_A",
                        "attributes": {
                            "alias.#": "1",
                            "alias.1082895555.evaluate_target_health": "false",
                            "alias.1082895555.name": "d1x4h1p4ky05i1.cloudfront.net",
                            "alias.1082895555.zone_id": "Z2FDTNDATAQYW2",
                            "fqdn": "id-ed25519.pub",
                            "health_check_id": "",
                            "id": "Z23K6MA9HYNB2L_id-ed25519.pub_A",
                            "name": "id-ed25519.pub",
                            "records.#": "0",
                            "set_identifier": "",
                            "ttl": "0",
                            "type": "A",
                            "zone_id": "Z23K6MA9HYNB2L"
                        },
                        "meta": {
                            "schema_version": "2"
                        },
                        "tainted": false
                    },
                    "deposed": [],
                    "provider": "provider.aws"
                },
                "aws_route53_record.a_kellywatts_com": {
                    "type": "aws_route53_record",
                    "depends_on": [
                        "module.kellywatts_com"
                    ],
                    "primary": {
                        "id": "Z2DQ7RUJQNTQI5_kellywatts.com_A",
                        "attributes": {
                            "fqdn": "kellywatts.com",
                            "health_check_id": "",
                            "id": "Z2DQ7RUJQNTQI5_kellywatts.com_A",
                            "name": "kellywatts.com",
                            "records.#": "1",
                            "records.3175620411": "66.6.44.4",
                            "set_identifier": "",
                            "ttl": "86400",
                            "type": "A",
                            "zone_id": "Z2DQ7RUJQNTQI5"
                        },
                        "meta": {
                            "schema_version": "2"
                        },
                        "tainted": false
                    },
                    "deposed": [],
                    "provider": "provider.aws"
                },
                "aws_route53_record.a_lesaker_com": {
                    "type": "aws_route53_record",
                    "depends_on": [
                        "module.lesaker_com"
                    ],
                    "primary": {
                        "id": "Z12UG2AR1236YD_lesaker.com_A",
                        "attributes": {
                            "alias.#": "1",
                            "alias.2702719741.evaluate_target_health": "false",
                            "alias.2702719741.name": "d1rqobv89rg0ff.cloudfront.net",
                            "alias.2702719741.zone_id": "Z2FDTNDATAQYW2",
                            "fqdn": "lesaker.com",
                            "health_check_id": "",
                            "id": "Z12UG2AR1236YD_lesaker.com_A",
                            "name": "lesaker.com",
                            "records.#": "0",
                            "set_identifier": "",
                            "ttl": "0",
                            "type": "A",
                            "zone_id": "Z12UG2AR1236YD"
                        },
                        "meta": {
                            "schema_version": "2"
                        },
                        "tainted": false
                    },
                    "deposed": [],
                    "provider": "provider.aws"
                },
                "aws_route53_record.a_lesaker_org": {
                    "type": "aws_route53_record",
                    "depends_on": [
                        "module.lesaker_org"
                    ],
                    "primary": {
                        "id": "Z3RU5N2GAL6D4W_lesaker.org_A",
                        "attributes": {
                            "alias.#": "1",
                            "alias.2702719741.evaluate_target_health": "false",
                            "alias.2702719741.name": "d1rqobv89rg0ff.cloudfront.net",
                            "alias.2702719741.zone_id": "Z2FDTNDATAQYW2",
                            "fqdn": "lesaker.org",
                            "health_check_id": "",
                            "id": "Z3RU5N2GAL6D4W_lesaker.org_A",
                            "name": "lesaker.org",
                            "records.#": "0",
                            "set_identifier": "",
                            "ttl": "0",
                            "type": "A",
                            "zone_id": "Z3RU5N2GAL6D4W"
                        },
                        "meta": {
                            "schema_version": "2"
                        },
                        "tainted": false
                    },
                    "deposed": [],
                    "provider": "provider.aws"
                },
                "aws_route53_record.a_littlesnitch_scrtybybscrty_org": {
                    "type": "aws_route53_record",
                    "depends_on": [
                        "module.scrtybybscrty_org"
                    ],
                    "primary": {
                        "id": "Z11UY811DI2S1K_littlesnitch.scrtybybscrty.org_A",
                        "attributes": {
                            "alias.#": "1",
                            "alias.3484463501.evaluate_target_health": "false",
                            "alias.3484463501.name": "d121rvu3mnm3b6.cloudfront.net",
                            "alias.3484463501.zone_id": "Z2FDTNDATAQYW2",
                            "fqdn": "littlesnitch.scrtybybscrty.org",
                            "health_check_id": "",
                            "id": "Z11UY811DI2S1K_littlesnitch.scrtybybscrty.org_A",
                            "name": "littlesnitch.scrtybybscrty.org",
                            "records.#": "0",
                            "set_identifier": "",
                            "ttl": "0",
                            "type": "A",
                            "zone_id": "Z11UY811DI2S1K"
                        },
                        "meta": {
                            "schema_version": "2"
                        },
                        "tainted": false
                    },
                    "deposed": [],
                    "provider": "provider.aws"
                },
                "aws_route53_record.a_repo_scrtybybscrty_org": {
                    "type": "aws_route53_record",
                    "depends_on": [
                        "module.scrtybybscrty_org"
                    ],
                    "primary": {
                        "id": "Z11UY811DI2S1K_repo.scrtybybscrty.org_A",
                        "attributes": {
                            "alias.#": "1",
                            "alias.3301391190.evaluate_target_health": "false",
                            "alias.3301391190.name": "d3b0h0je7nbicg.cloudfront.net",
                            "alias.3301391190.zone_id": "Z2FDTNDATAQYW2",
                            "fqdn": "repo.scrtybybscrty.org",
                            "health_check_id": "",
                            "id": "Z11UY811DI2S1K_repo.scrtybybscrty.org_A",
                            "name": "repo.scrtybybscrty.org",
                            "records.#": "0",
                            "set_identifier": "",
                            "ttl": "0",
                            "type": "A",
                            "zone_id": "Z11UY811DI2S1K"
                        },
                        "meta": {
                            "schema_version": "2"
                        },
                        "tainted": false
                    },
                    "deposed": [],
                    "provider": "provider.aws"
                },
                "aws_route53_record.a_scratch_scrtybybscrty_org": {
                    "type": "aws_route53_record",
                    "depends_on": [
                        "module.scrtybybscrty_org"
                    ],
                    "primary": {
                        "id": "Z11UY811DI2S1K_scratch.scrtybybscrty.org_A",
                        "attributes": {
                            "alias.#": "1",
                            "alias.3684295491.evaluate_target_health": "false",
                            "alias.3684295491.name": "d11laxkl3xppse.cloudfront.net",
                            "alias.3684295491.zone_id": "Z2FDTNDATAQYW2",
                            "fqdn": "scratch.scrtybybscrty.org",
                            "health_check_id": "",
                            "id": "Z11UY811DI2S1K_scratch.scrtybybscrty.org_A",
                            "name": "scratch.scrtybybscrty.org",
                            "records.#": "0",
                            "set_identifier": "",
                            "ttl": "0",
                            "type": "A",
                            "zone_id": "Z11UY811DI2S1K"
                        },
                        "meta": {
                            "schema_version": "2"
                        },
                        "tainted": false
                    },
                    "deposed": [],
                    "provider": "provider.aws"
                },
                "aws_route53_record.a_scrtybybscrty_org": {
                    "type": "aws_route53_record",
                    "depends_on": [
                        "module.scrtybybscrty_org"
                    ],
                    "primary": {
                        "id": "Z11UY811DI2S1K_scrtybybscrty.org_A",
                        "attributes": {
                            "alias.#": "1",
                            "alias.2702719741.evaluate_target_health": "false",
                            "alias.2702719741.name": "d1rqobv89rg0ff.cloudfront.net",
                            "alias.2702719741.zone_id": "Z2FDTNDATAQYW2",
                            "fqdn": "scrtybybscrty.org",
                            "health_check_id": "",
                            "id": "Z11UY811DI2S1K_scrtybybscrty.org_A",
                            "name": "scrtybybscrty.org",
                            "records.#": "0",
                            "set_identifier": "",
                            "ttl": "0",
                            "type": "A",
                            "zone_id": "Z11UY811DI2S1K"
                        },
                        "meta": {
                            "schema_version": "2"
                        },
                        "tainted": false
                    },
                    "deposed": [],
                    "provider": "provider.aws"
                },
                "aws_route53_record.a_www_a-rwx_org": {
                    "type": "aws_route53_record",
                    "depends_on": [
                        "module.a-rwx_org"
                    ],
                    "primary": {
                        "id": "Z1GSN0DUY7LO3I_www.a-rwx.org_A",
                        "attributes": {
                            "alias.#": "1",
                            "alias.2702719741.evaluate_target_health": "false",
                            "alias.2702719741.name": "d1rqobv89rg0ff.cloudfront.net",
                            "alias.2702719741.zone_id": "Z2FDTNDATAQYW2",
                            "fqdn": "www.a-rwx.org",
                            "health_check_id": "",
                            "id": "Z1GSN0DUY7LO3I_www.a-rwx.org_A",
                            "name": "www.a-rwx.org",
                            "records.#": "0",
                            "set_identifier": "",
                            "ttl": "0",
                            "type": "A",
                            "zone_id": "Z1GSN0DUY7LO3I"
                        },
                        "meta": {
                            "schema_version": "2"
                        },
                        "tainted": false
                    },
                    "deposed": [],
                    "provider": "provider.aws"
                },
                "aws_route53_record.a_www_akerl_com": {
                    "type": "aws_route53_record",
                    "depends_on": [
                        "module.akerl_com"
                    ],
                    "primary": {
                        "id": "Z1EXF3DHNCLVFG_www.akerl.com_A",
                        "attributes": {
                            "alias.#": "1",
                            "alias.2702719741.evaluate_target_health": "false",
                            "alias.2702719741.name": "d1rqobv89rg0ff.cloudfront.net",
                            "alias.2702719741.zone_id": "Z2FDTNDATAQYW2",
                            "fqdn": "www.akerl.com",
                            "health_check_id": "",
                            "id": "Z1EXF3DHNCLVFG_www.akerl.com_A",
                            "name": "www.akerl.com",
                            "records.#": "0",
                            "set_identifier": "",
                            "ttl": "0",
                            "type": "A",
                            "zone_id": "Z1EXF3DHNCLVFG"
                        },
                        "meta": {
                            "schema_version": "2"
                        },
                        "tainted": false
                    },
                    "deposed": [],
                    "provider": "provider.aws"
                },
                "aws_route53_record.a_www_akerl_org": {
                    "type": "aws_route53_record",
                    "depends_on": [
                        "module.akerl_org"
                    ],
                    "primary": {
                        "id": "Z1GXO6WRJN3B5T_www.akerl.org_A",
                        "attributes": {
                            "alias.#": "1",
                            "alias.2702719741.evaluate_target_health": "false",
                            "alias.2702719741.name": "d1rqobv89rg0ff.cloudfront.net",
                            "alias.2702719741.zone_id": "Z2FDTNDATAQYW2",
                            "fqdn": "www.akerl.org",
                            "health_check_id": "",
                            "id": "Z1GXO6WRJN3B5T_www.akerl.org_A",
                            "name": "www.akerl.org",
                            "records.#": "0",
                            "set_identifier": "",
                            "ttl": "0",
                            "type": "A",
                            "zone_id": "Z1GXO6WRJN3B5T"
                        },
                        "meta": {
                            "schema_version": "2"
                        },
                        "tainted": false
                    },
                    "deposed": [],
                    "provider": "provider.aws"
                },
                "aws_route53_record.a_www_happilyeveraker_com": {
                    "type": "aws_route53_record",
                    "depends_on": [
                        "module.happilyeveraker_com"
                    ],
                    "primary": {
                        "id": "Z2ZXZ7VFSXR5E7_www.happilyeveraker.com_A",
                        "attributes": {
                            "alias.#": "1",
                            "alias.1033685736.evaluate_target_health": "false",
                            "alias.1033685736.name": "d28rmrxunttz4a.cloudfront.net",
                            "alias.1033685736.zone_id": "Z2FDTNDATAQYW2",
                            "fqdn": "www.happilyeveraker.com",
                            "health_check_id": "",
                            "id": "Z2ZXZ7VFSXR5E7_www.happilyeveraker.com_A",
                            "name": "www.happilyeveraker.com",
                            "records.#": "0",
                            "set_identifier": "",
                            "ttl": "0",
                            "type": "A",
                            "zone_id": "Z2ZXZ7VFSXR5E7"
                        },
                        "meta": {
                            "schema_version": "2"
                        },
                        "tainted": false
                    },
                    "deposed": [],
                    "provider": "provider.aws"
                },
                "aws_route53_record.a_www_lesaker_com": {
                    "type": "aws_route53_record",
                    "depends_on": [
                        "module.lesaker_com"
                    ],
                    "primary": {
                        "id": "Z12UG2AR1236YD_www.lesaker.com_A",
                        "attributes": {
                            "alias.#": "1",
                            "alias.2702719741.evaluate_target_health": "false",
                            "alias.2702719741.name": "d1rqobv89rg0ff.cloudfront.net",
                            "alias.2702719741.zone_id": "Z2FDTNDATAQYW2",
                            "fqdn": "www.lesaker.com",
                            "health_check_id": "",
                            "id": "Z12UG2AR1236YD_www.lesaker.com_A",
                            "name": "www.lesaker.com",
                            "records.#": "0",
                            "set_identifier": "",
                            "ttl": "0",
                            "type": "A",
                            "zone_id": "Z12UG2AR1236YD"
                        },
                        "meta": {
                            "schema_version": "2"
                        },
                        "tainted": false
                    },
                    "deposed": [],
                    "provider": "provider.aws"
                },
                "aws_route53_record.a_www_lesaker_org": {
                    "type": "aws_route53_record",
                    "depends_on": [
                        "module.lesaker_org"
                    ],
                    "primary": {
                        "id": "Z3RU5N2GAL6D4W_www.lesaker.org_A",
                        "attributes": {
                            "alias.#": "1",
                            "alias.2702719741.evaluate_target_health": "false",
                            "alias.2702719741.name": "d1rqobv89rg0ff.cloudfront.net",
                            "alias.2702719741.zone_id": "Z2FDTNDATAQYW2",
                            "fqdn": "www.lesaker.org",
                            "health_check_id": "",
                            "id": "Z3RU5N2GAL6D4W_www.lesaker.org_A",
                            "name": "www.lesaker.org",
                            "records.#": "0",
                            "set_identifier": "",
                            "ttl": "0",
                            "type": "A",
                            "zone_id": "Z3RU5N2GAL6D4W"
                        },
                        "meta": {
                            "schema_version": "2"
                        },
                        "tainted": false
                    },
                    "deposed": [],
                    "provider": "provider.aws"
                },
                "aws_route53_record.a_www_scrtybybscrty_org": {
                    "type": "aws_route53_record",
                    "depends_on": [
                        "module.scrtybybscrty_org"
                    ],
                    "primary": {
                        "id": "Z11UY811DI2S1K_www.scrtybybscrty.org_A",
                        "attributes": {
                            "alias.#": "1",
                            "alias.2702719741.evaluate_target_health": "false",
                            "alias.2702719741.name": "d1rqobv89rg0ff.cloudfront.net",
                            "alias.2702719741.zone_id": "Z2FDTNDATAQYW2",
                            "fqdn": "www.scrtybybscrty.org",
                            "health_check_id": "",
                            "id": "Z11UY811DI2S1K_www.scrtybybscrty.org_A",
                            "name": "www.scrtybybscrty.org",
                            "records.#": "0",
                            "set_identifier": "",
                            "ttl": "0",
                            "type": "A",
                            "zone_id": "Z11UY811DI2S1K"
                        },
                        "meta": {
                            "schema_version": "2"
                        },
                        "tainted": false
                    },
                    "deposed": [],
                    "provider": "provider.aws"
                },
                "aws_route53_record.caa_macrepo_halyard_a-rwx_org": {
                    "type": "aws_route53_record",
                    "depends_on": [
                        "module.a-rwx_org"
                    ],
                    "primary": {
                        "id": "Z1GSN0DUY7LO3I_macrepo.halyard.a-rwx.org_CAA",
                        "attributes": {
                            "fqdn": "macrepo.halyard.a-rwx.org",
                            "health_check_id": "",
                            "id": "Z1GSN0DUY7LO3I_macrepo.halyard.a-rwx.org_CAA",
                            "name": "macrepo.halyard.a-rwx.org",
                            "records.#": "2",
                            "records.3034643430": "0 issuewild \";\"",
                            "records.3287749994": "0 issue \"letsencrypt.org\"",
                            "set_identifier": "",
                            "ttl": "60",
                            "type": "CAA",
                            "zone_id": "Z1GSN0DUY7LO3I"
                        },
                        "meta": {
                            "schema_version": "2"
                        },
                        "tainted": false
                    },
                    "deposed": [],
                    "provider": "provider.aws"
                },
                "aws_route53_record.cname_cal_lesaker_org": {
                    "type": "aws_route53_record",
                    "depends_on": [
                        "module.lesaker_org"
                    ],
                    "primary": {
                        "id": "Z3RU5N2GAL6D4W_cal.lesaker.org_CNAME",
                        "attributes": {
                            "fqdn": "cal.lesaker.org",
                            "health_check_id": "",
                            "id": "Z3RU5N2GAL6D4W_cal.lesaker.org_CNAME",
                            "name": "cal.lesaker.org",
                            "records.#": "1",
                            "records.543990245": "ghs.googlehosted.com.",
                            "set_identifier": "",
                            "ttl": "86400",
                            "type": "CNAME",
                            "zone_id": "Z3RU5N2GAL6D4W"
                        },
                        "meta": {
                            "schema_version": "2"
                        },
                        "tainted": false
                    },
                    "deposed": [],
                    "provider": "provider.aws"
                },
                "aws_route53_record.cname_mail_lesaker_org": {
                    "type": "aws_route53_record",
                    "depends_on": [
                        "module.lesaker_org"
                    ],
                    "primary": {
                        "id": "Z3RU5N2GAL6D4W_mail.lesaker.org_CNAME",
                        "attributes": {
                            "fqdn": "mail.lesaker.org",
                            "health_check_id": "",
                            "id": "Z3RU5N2GAL6D4W_mail.lesaker.org_CNAME",
                            "name": "mail.lesaker.org",
                            "records.#": "1",
                            "records.543990245": "ghs.googlehosted.com.",
                            "set_identifier": "",
                            "ttl": "86400",
                            "type": "CNAME",
                            "zone_id": "Z3RU5N2GAL6D4W"
                        },
                        "meta": {
                            "schema_version": "2"
                        },
                        "tainted": false
                    },
                    "deposed": [],
                    "provider": "provider.aws"
                },
                "aws_route53_record.cname_www_kellywatts_com": {
                    "type": "aws_route53_record",
                    "depends_on": [
                        "module.kellywatts_com"
                    ],
                    "primary": {
                        "id": "Z2DQ7RUJQNTQI5_www.kellywatts.com_CNAME",
                        "attributes": {
                            "fqdn": "www.kellywatts.com",
                            "health_check_id": "",
                            "id": "Z2DQ7RUJQNTQI5_www.kellywatts.com_CNAME",
                            "name": "www.kellywatts.com",
                            "records.#": "1",
                            "records.1240937337": "domains.tumblr.com.",
                            "set_identifier": "",
                            "ttl": "86400",
                            "type": "CNAME",
                            "zone_id": "Z2DQ7RUJQNTQI5"
                        },
                        "meta": {
                            "schema_version": "2"
                        },
                        "tainted": false
                    },
                    "deposed": [],
                    "provider": "provider.aws"
                },
                "aws_route53_record.macrepo_halyard_a-rwx_org": {
                    "type": "aws_route53_record",
                    "depends_on": [
                        "module.a-rwx_org"
                    ],
                    "primary": {
                        "id": "Z1GSN0DUY7LO3I_macrepo.halyard.a-rwx.org_A",
                        "attributes": {
                            "fqdn": "macrepo.halyard.a-rwx.org",
                            "health_check_id": "",
                            "id": "Z1GSN0DUY7LO3I_macrepo.halyard.a-rwx.org_A",
                            "name": "macrepo.halyard.a-rwx.org",
                            "records.#": "1",
                            "records.1651813113": "97.107.135.32",
                            "set_identifier": "",
                            "ttl": "60",
                            "type": "A",
                            "zone_id": "Z1GSN0DUY7LO3I"
                        },
                        "meta": {
                            "schema_version": "2"
                        },
                        "tainted": false
                    },
                    "deposed": [],
                    "provider": "provider.aws"
                }
            },
            "depends_on": []
        },
        {
            "path": [
                "root",
                "akerl-githubauthlambda"
            ],
            "outputs": {
                "publish_bucket": {
                    "sensitive": false,
                    "type": "string",
                    "value": "akerl-githubauthlambda"
                }
            },
            "resources": {
                "aws_iam_user.this": {
                    "type": "aws_iam_user",
                    "depends_on": [],
                    "primary": {
                        "id": "s3-publish-akerl-githubauthlambda",
                        "attributes": {
                            "arn": "arn:aws:iam::764218738161:user/s3-publish-akerl-githubauthlambda",
                            "force_destroy": "false",
                            "id": "s3-publish-akerl-githubauthlambda",
                            "name": "s3-publish-akerl-githubauthlambda",
                            "path": "/",
                            "tags.%": "0",
                            "unique_id": "AIDAJ3RBRQW5X4LZPZKOY"
                        },
                        "meta": {},
                        "tainted": false
                    },
                    "deposed": [],
                    "provider": "provider.aws"
                },
                "aws_iam_user_policy.this": {
                    "type": "aws_iam_user_policy",
                    "depends_on": [
                        "aws_iam_user.this",
                        "data.aws_iam_policy_document.this"
                    ],
                    "primary": {
                        "id": "s3-publish-akerl-githubauthlambda:s3-publish",
                        "attributes": {
                            "id": "s3-publish-akerl-githubauthlambda:s3-publish",
                            "name": "s3-publish",
                            "policy": "{\n  \"Version\": \"2012-10-17\",\n  \"Statement\": [\n    {\n      \"Sid\": \"\",\n      \"Effect\": \"Allow\",\n      \"Action\": [\n        \"s3:PutObject\",\n        \"s3:ListBucket\",\n        \"s3:ListAllMyBuckets\",\n        \"s3:GetObjectAcl\",\n        \"s3:GetObject\",\n        \"s3:GetBucketLocation\",\n        \"s3:GetBucketAcl\",\n        \"s3:DeleteObject\"\n      ],\n      \"Resource\": [\n        \"arn:aws:s3:::akerl-githubauthlambda/*\",\n        \"arn:aws:s3:::akerl-githubauthlambda\"\n      ]\n    }\n  ]\n}",
                            "user": "s3-publish-akerl-githubauthlambda"
                        },
                        "meta": {},
                        "tainted": false
                    },
                    "deposed": [],
                    "provider": "provider.aws"
                },
                "aws_s3_bucket.this": {
                    "type": "aws_s3_bucket",
                    "depends_on": [],
                    "primary": {
                        "id": "akerl-githubauthlambda",
                        "attributes": {
                            "acceleration_status": "",
                            "acl": "private",
                            "arn": "arn:aws:s3:::akerl-githubauthlambda",
                            "bucket": "akerl-githubauthlambda",
                            "bucket_domain_name": "akerl-githubauthlambda.s3.amazonaws.com",
                            "bucket_regional_domain_name": "akerl-githubauthlambda.s3.amazonaws.com",
                            "cors_rule.#": "0",
                            "force_destroy": "false",
                            "hosted_zone_id": "Z3AQBSTGFYJSTF",
                            "id": "akerl-githubauthlambda",
                            "lifecycle_rule.#": "0",
                            "logging.#": "1",
                            "logging.599627311.target_bucket": "akerl-s3-logs",
                            "logging.599627311.target_prefix": "akerl-githubauthlambda/",
                            "object_lock_configuration.#": "0",
                            "region": "us-east-1",
                            "replication_configuration.#": "0",
                            "request_payer": "BucketOwner",
                            "server_side_encryption_configuration.#": "0",
                            "tags.%": "0",
                            "versioning.#": "1",
                            "versioning.0.enabled": "true",
                            "versioning.0.mfa_delete": "false",
                            "website.#": "0"
                        },
                        "meta": {},
                        "tainted": false
                    },
                    "deposed": [],
                    "provider": "provider.aws"
                },
                "awscreds_iam_access_key.this": {
                    "type": "awscreds_iam_access_key",
                    "depends_on": [
                        "aws_iam_user.this"
                    ],
                    "primary": {
                        "id": "AKIAINRAJQTDQ2LVC6GA",
                        "attributes": {
                            "file": "creds/s3-publish-akerl-githubauthlambda",
                            "id": "AKIAINRAJQTDQ2LVC6GA",
                            "secret": "",
                            "ses_smtp_password": "",
                            "status": "Active",
                            "user": "s3-publish-akerl-githubauthlambda"
                        },
                        "meta": {},
                        "tainted": false
                    },
                    "deposed": [],
                    "provider": "provider.awscreds"
                },
                "data.aws_iam_policy_document.this": {
                    "type": "aws_iam_policy_document",
                    "depends_on": [],
                    "primary": {
                        "id": "2599301412",
                        "attributes": {
                            "id": "2599301412",
                            "json": "{\n  \"Version\": \"2012-10-17\",\n  \"Statement\": [\n    {\n      \"Sid\": \"\",\n      \"Effect\": \"Allow\",\n      \"Action\": [\n        \"s3:PutObject\",\n        \"s3:ListBucket\",\n        \"s3:ListAllMyBuckets\",\n        \"s3:GetObjectAcl\",\n        \"s3:GetObject\",\n        \"s3:GetBucketLocation\",\n        \"s3:GetBucketAcl\",\n        \"s3:DeleteObject\"\n      ],\n      \"Resource\": [\n        \"arn:aws:s3:::akerl-githubauthlambda/*\",\n        \"arn:aws:s3:::akerl-githubauthlambda\"\n      ]\n    }\n  ]\n}",
                            "statement.#": "1",
                            "statement.0.actions.#": "8",
                            "statement.0.actions.2071725391": "s3:GetObject",
                            "statement.0.actions.2517836488": "s3:GetObjectAcl",
                            "statement.0.actions.3009670498": "s3:DeleteObject",
                            "statement.0.actions.315547055": "s3:PutObject",
                            "statement.0.actions.3948445924": "s3:GetBucketLocation",
                            "statement.0.actions.486976917": "s3:ListBucket",
                            "statement.0.actions.796062918": "s3:ListAllMyBuckets",
                            "statement.0.actions.845481387": "s3:GetBucketAcl",
                            "statement.0.condition.#": "0",
                            "statement.0.effect": "Allow",
                            "statement.0.not_actions.#": "0",
                            "statement.0.not_principals.#": "0",
                            "statement.0.not_resources.#": "0",
                            "statement.0.principals.#": "0",
                            "statement.0.resources.#": "2",
                            "statement.0.resources.1682663202": "arn:aws:s3:::akerl-githubauthlambda",
                            "statement.0.resources.4042451663": "arn:aws:s3:::akerl-githubauthlambda/*",
                            "statement.0.sid": "",
                            "version": "2012-10-17"
                        },
                        "meta": {},
                        "tainted": false
                    },
                    "deposed": [],
                    "provider": "provider.aws"
                }
            },
            "depends_on": []
        },
        {
            "path": [
                "root",
                "akerl-gohellolinodians"
            ],
            "outputs": {
                "publish_bucket": {
                    "sensitive": false,
                    "type": "string",
                    "value": "akerl-gohellolinodians"
                }
            },
            "resources": {
                "aws_iam_user.this": {
                    "type": "aws_iam_user",
                    "depends_on": [],
                    "primary": {
                        "id": "s3-publish-akerl-gohellolinodians",
                        "attributes": {
                            "arn": "arn:aws:iam::764218738161:user/s3-publish-akerl-gohellolinodians",
                            "force_destroy": "false",
                            "id": "s3-publish-akerl-gohellolinodians",
                            "name": "s3-publish-akerl-gohellolinodians",
                            "path": "/",
                            "tags.%": "0",
                            "unique_id": "AIDAJX5XDL457FN24OYXQ"
                        },
                        "meta": {},
                        "tainted": false
                    },
                    "deposed": [],
                    "provider": "provider.aws"
                },
                "aws_iam_user_policy.this": {
                    "type": "aws_iam_user_policy",
                    "depends_on": [
                        "aws_iam_user.this",
                        "data.aws_iam_policy_document.this"
                    ],
                    "primary": {
                        "id": "s3-publish-akerl-gohellolinodians:s3-publish",
                        "attributes": {
                            "id": "s3-publish-akerl-gohellolinodians:s3-publish",
                            "name": "s3-publish",
                            "policy": "{\n  \"Version\": \"2012-10-17\",\n  \"Statement\": [\n    {\n      \"Sid\": \"\",\n      \"Effect\": \"Allow\",\n      \"Action\": [\n        \"s3:PutObject\",\n        \"s3:ListBucket\",\n        \"s3:ListAllMyBuckets\",\n        \"s3:GetObjectAcl\",\n        \"s3:GetObject\",\n        \"s3:GetBucketLocation\",\n        \"s3:GetBucketAcl\",\n        \"s3:DeleteObject\"\n      ],\n      \"Resource\": [\n        \"arn:aws:s3:::akerl-gohellolinodians/*\",\n        \"arn:aws:s3:::akerl-gohellolinodians\"\n      ]\n    }\n  ]\n}",
                            "user": "s3-publish-akerl-gohellolinodians"
                        },
                        "meta": {},
                        "tainted": false
                    },
                    "deposed": [],
                    "provider": "provider.aws"
                },
                "aws_s3_bucket.this": {
                    "type": "aws_s3_bucket",
                    "depends_on": [],
                    "primary": {
                        "id": "akerl-gohellolinodians",
                        "attributes": {
                            "acceleration_status": "",
                            "acl": "private",
                            "arn": "arn:aws:s3:::akerl-gohellolinodians",
                            "bucket": "akerl-gohellolinodians",
                            "bucket_domain_name": "akerl-gohellolinodians.s3.amazonaws.com",
                            "bucket_regional_domain_name": "akerl-gohellolinodians.s3.amazonaws.com",
                            "cors_rule.#": "0",
                            "force_destroy": "false",
                            "hosted_zone_id": "Z3AQBSTGFYJSTF",
                            "id": "akerl-gohellolinodians",
                            "lifecycle_rule.#": "0",
                            "logging.#": "1",
                            "logging.3873025179.target_bucket": "akerl-s3-logs",
                            "logging.3873025179.target_prefix": "akerl-gohellolinodians/",
                            "object_lock_configuration.#": "0",
                            "region": "us-east-1",
                            "replication_configuration.#": "0",
                            "request_payer": "BucketOwner",
                            "server_side_encryption_configuration.#": "0",
                            "tags.%": "0",
                            "versioning.#": "1",
                            "versioning.0.enabled": "true",
                            "versioning.0.mfa_delete": "false",
                            "website.#": "0"
                        },
                        "meta": {},
                        "tainted": false
                    },
                    "deposed": [],
                    "provider": "provider.aws"
                },
                "awscreds_iam_access_key.this": {
                    "type": "awscreds_iam_access_key",
                    "depends_on": [
                        "aws_iam_user.this"
                    ],
                    "primary": {
                        "id": "AKIAIIRZ3E6FNBQSOFTA",
                        "attributes": {
                            "file": "creds/s3-publish-akerl-gohellolinodians",
                            "id": "AKIAIIRZ3E6FNBQSOFTA",
                            "secret": "",
                            "ses_smtp_password": "",
                            "status": "Active",
                            "user": "s3-publish-akerl-gohellolinodians"
                        },
                        "meta": {},
                        "tainted": false
                    },
                    "deposed": [],
                    "provider": "provider.awscreds"
                },
                "data.aws_iam_policy_document.this": {
                    "type": "aws_iam_policy_document",
                    "depends_on": [],
                    "primary": {
                        "id": "2212850870",
                        "attributes": {
                            "id": "2212850870",
                            "json": "{\n  \"Version\": \"2012-10-17\",\n  \"Statement\": [\n    {\n      \"Sid\": \"\",\n      \"Effect\": \"Allow\",\n      \"Action\": [\n        \"s3:PutObject\",\n        \"s3:ListBucket\",\n        \"s3:ListAllMyBuckets\",\n        \"s3:GetObjectAcl\",\n        \"s3:GetObject\",\n        \"s3:GetBucketLocation\",\n        \"s3:GetBucketAcl\",\n        \"s3:DeleteObject\"\n      ],\n      \"Resource\": [\n        \"arn:aws:s3:::akerl-gohellolinodians/*\",\n        \"arn:aws:s3:::akerl-gohellolinodians\"\n      ]\n    }\n  ]\n}",
                            "statement.#": "1",
                            "statement.0.actions.#": "8",
                            "statement.0.actions.2071725391": "s3:GetObject",
                            "statement.0.actions.2517836488": "s3:GetObjectAcl",
                            "statement.0.actions.3009670498": "s3:DeleteObject",
                            "statement.0.actions.315547055": "s3:PutObject",
                            "statement.0.actions.3948445924": "s3:GetBucketLocation",
                            "statement.0.actions.486976917": "s3:ListBucket",
                            "statement.0.actions.796062918": "s3:ListAllMyBuckets",
                            "statement.0.actions.845481387": "s3:GetBucketAcl",
                            "statement.0.condition.#": "0",
                            "statement.0.effect": "Allow",
                            "statement.0.not_actions.#": "0",
                            "statement.0.not_principals.#": "0",
                            "statement.0.not_resources.#": "0",
                            "statement.0.principals.#": "0",
                            "statement.0.resources.#": "2",
                            "statement.0.resources.1010563424": "arn:aws:s3:::akerl-gohellolinodians/*",
                            "statement.0.resources.3125439898": "arn:aws:s3:::akerl-gohellolinodians",
                            "statement.0.sid": "",
                            "version": "2012-10-17"
                        },
                        "meta": {},
                        "tainted": false
                    },
                    "deposed": [],
                    "provider": "provider.aws"
                }
            },
            "depends_on": []
        },
        {
            "path": [
                "root",
                "akerl-hellolinodiansbot"
            ],
            "outputs": {},
            "resources": {
                "aws_cloudwatch_event_rule.cron": {
                    "type": "aws_cloudwatch_event_rule",
                    "depends_on": [],
                    "primary": {
                        "id": "hellolinodians_akerl-hellolinodians-config_cron",
                        "attributes": {
                            "arn": "arn:aws:events:us-east-1:764218738161:rule/hellolinodians_akerl-hellolinodians-config_cron",
                            "description": "Launch lambda",
                            "id": "hellolinodians_akerl-hellolinodians-config_cron",
                            "is_enabled": "true",
                            "name": "hellolinodians_akerl-hellolinodians-config_cron",
                            "role_arn": "",
                            "schedule_expression": "rate(1 hour)"
                        },
                        "meta": {},
                        "tainted": false
                    },
                    "deposed": [],
                    "provider": "provider.aws"
                },
                "aws_cloudwatch_event_target.cron": {
                    "type": "aws_cloudwatch_event_target",
                    "depends_on": [
                        "aws_cloudwatch_event_rule.cron",
                        "module.lambda"
                    ],
                    "primary": {
                        "id": "hellolinodians_akerl-hellolinodians-config_cron-invoke_hellolinodians",
                        "attributes": {
                            "arn": "arn:aws:lambda:us-east-1:764218738161:function:hellolinodians_akerl-hellolinodians-config",
                            "id": "hellolinodians_akerl-hellolinodians-config_cron-invoke_hellolinodians",
                            "input": "",
                            "input_path": "",
                            "role_arn": "",
                            "rule": "hellolinodians_akerl-hellolinodians-config_cron",
                            "target_id": "invoke_hellolinodians"
                        },
                        "meta": {},
                        "tainted": false
                    },
                    "deposed": [],
                    "provider": "provider.aws"
                },
                "data.aws_iam_policy_document.lambda_perms": {
                    "type": "aws_iam_policy_document",
                    "depends_on": [],
                    "primary": {
                        "id": "2300800208",
                        "attributes": {
                            "id": "2300800208",
                            "json": "{\n  \"Version\": \"2012-10-17\",\n  \"Statement\": [\n    {\n      \"Sid\": \"\",\n      \"Effect\": \"Allow\",\n      \"Action\": [\n        \"s3:PutObject\",\n        \"s3:ListBucket\",\n        \"s3:GetObject\"\n      ],\n      \"Resource\": [\n        \"arn:aws:s3:::akerl-hellolinodians-config/*\",\n        \"arn:aws:s3:::akerl-hellolinodians-config\"\n      ]\n    },\n    {\n      \"Sid\": \"\",\n      \"Effect\": \"Allow\",\n      \"Action\": [\n        \"logs:PutLogEvents\",\n        \"logs:CreateLogStream\",\n        \"logs:CreateLogGroup\"\n      ],\n      \"Resource\": \"arn:aws:logs:*:*:*\"\n    }\n  ]\n}",
                            "statement.#": "2",
                            "statement.0.actions.#": "3",
                            "statement.0.actions.2071725391": "s3:GetObject",
                            "statement.0.actions.315547055": "s3:PutObject",
                            "statement.0.actions.486976917": "s3:ListBucket",
                            "statement.0.condition.#": "0",
                            "statement.0.effect": "Allow",
                            "statement.0.not_actions.#": "0",
                            "statement.0.not_principals.#": "0",
                            "statement.0.not_resources.#": "0",
                            "statement.0.principals.#": "0",
                            "statement.0.resources.#": "2",
                            "statement.0.resources.3831236875": "arn:aws:s3:::akerl-hellolinodians-config",
                            "statement.0.resources.515815788": "arn:aws:s3:::akerl-hellolinodians-config/*",
                            "statement.0.sid": "",
                            "statement.1.actions.#": "3",
                            "statement.1.actions.2809485102": "logs:CreateLogGroup",
                            "statement.1.actions.3285979848": "logs:CreateLogStream",
                            "statement.1.actions.39743051": "logs:PutLogEvents",
                            "statement.1.condition.#": "0",
                            "statement.1.effect": "Allow",
                            "statement.1.not_actions.#": "0",
                            "statement.1.not_principals.#": "0",
                            "statement.1.not_resources.#": "0",
                            "statement.1.principals.#": "0",
                            "statement.1.resources.#": "1",
                            "statement.1.resources.162423377": "arn:aws:logs:*:*:*",
                            "statement.1.sid": "",
                            "version": "2012-10-17"
                        },
                        "meta": {},
                        "tainted": false
                    },
                    "deposed": [],
                    "provider": "provider.aws"
                }
            },
            "depends_on": []
        },
        {
            "path": [
                "root",
                "akerl-hf-library"
            ],
            "outputs": {
                "dns_name": {
                    "sensitive": false,
                    "type": "string",
                    "value": "d2i7ns0mouro3n.cloudfront.net"
                }
            },
            "resources": {
                "data.aws_iam_policy_document.lambda_perms": {
                    "type": "aws_iam_policy_document",
                    "depends_on": [],
                    "primary": {
                        "id": "2504797304",
                        "attributes": {
                            "id": "2504797304",
                            "json": "{\n  \"Version\": \"2012-10-17\",\n  \"Statement\": [\n    {\n      \"Sid\": \"\",\n      \"Effect\": \"Allow\",\n      \"Action\": [\n        \"s3:ListBucket\",\n        \"s3:GetObject\"\n      ],\n      \"Resource\": [\n        \"arn:aws:s3:::akerl-hf-library/*\",\n        \"arn:aws:s3:::akerl-hf-library-config/*\",\n        \"arn:aws:s3:::akerl-hf-library-config\",\n        \"arn:aws:s3:::akerl-hf-library\"\n      ]\n    },\n    {\n      \"Sid\": \"\",\n      \"Effect\": \"Allow\",\n      \"Action\": [\n        \"logs:PutLogEvents\",\n        \"logs:CreateLogStream\",\n        \"logs:CreateLogGroup\"\n      ],\n      \"Resource\": \"arn:aws:logs:*:*:*\"\n    }\n  ]\n}",
                            "statement.#": "2",
                            "statement.0.actions.#": "2",
                            "statement.0.actions.2071725391": "s3:GetObject",
                            "statement.0.actions.486976917": "s3:ListBucket",
                            "statement.0.condition.#": "0",
                            "statement.0.effect": "Allow",
                            "statement.0.not_actions.#": "0",
                            "statement.0.not_principals.#": "0",
                            "statement.0.not_resources.#": "0",
                            "statement.0.principals.#": "0",
                            "statement.0.resources.#": "4",
                            "statement.0.resources.1261111907": "arn:aws:s3:::akerl-hf-library-config/*",
                            "statement.0.resources.2626981634": "arn:aws:s3:::akerl-hf-library/*",
                            "statement.0.resources.3462475524": "arn:aws:s3:::akerl-hf-library-config",
                            "statement.0.resources.619046589": "arn:aws:s3:::akerl-hf-library",
                            "statement.0.sid": "",
                            "statement.1.actions.#": "3",
                            "statement.1.actions.2809485102": "logs:CreateLogGroup",
                            "statement.1.actions.3285979848": "logs:CreateLogStream",
                            "statement.1.actions.39743051": "logs:PutLogEvents",
                            "statement.1.condition.#": "0",
                            "statement.1.effect": "Allow",
                            "statement.1.not_actions.#": "0",
                            "statement.1.not_principals.#": "0",
                            "statement.1.not_resources.#": "0",
                            "statement.1.principals.#": "0",
                            "statement.1.resources.#": "1",
                            "statement.1.resources.162423377": "arn:aws:logs:*:*:*",
                            "statement.1.sid": "",
                            "version": "2012-10-17"
                        },
                        "meta": {},
                        "tainted": false
                    },
                    "deposed": [],
                    "provider": "provider.aws"
                }
            },
            "depends_on": []
        },
        {
            "path": [
                "root",
                "akerl-hookshot"
            ],
            "outputs": {
                "publish_bucket": {
                    "sensitive": false,
                    "type": "string",
                    "value": "akerl-hookshot"
                }
            },
            "resources": {
                "aws_iam_user.this": {
                    "type": "aws_iam_user",
                    "depends_on": [],
                    "primary": {
                        "id": "s3-publish-akerl-hookshot",
                        "attributes": {
                            "arn": "arn:aws:iam::764218738161:user/s3-publish-akerl-hookshot",
                            "force_destroy": "false",
                            "id": "s3-publish-akerl-hookshot",
                            "name": "s3-publish-akerl-hookshot",
                            "path": "/",
                            "tags.%": "0",
                            "unique_id": "AIDAIE3LO7E576YOM7B52"
                        },
                        "meta": {},
                        "tainted": false
                    },
                    "deposed": [],
                    "provider": "provider.aws"
                },
                "aws_iam_user_policy.this": {
                    "type": "aws_iam_user_policy",
                    "depends_on": [
                        "aws_iam_user.this",
                        "data.aws_iam_policy_document.this"
                    ],
                    "primary": {
                        "id": "s3-publish-akerl-hookshot:s3-publish",
                        "attributes": {
                            "id": "s3-publish-akerl-hookshot:s3-publish",
                            "name": "s3-publish",
                            "policy": "{\n  \"Version\": \"2012-10-17\",\n  \"Statement\": [\n    {\n      \"Sid\": \"\",\n      \"Effect\": \"Allow\",\n      \"Action\": [\n        \"s3:PutObject\",\n        \"s3:ListBucket\",\n        \"s3:ListAllMyBuckets\",\n        \"s3:GetObjectAcl\",\n        \"s3:GetObject\",\n        \"s3:GetBucketLocation\",\n        \"s3:GetBucketAcl\",\n        \"s3:DeleteObject\"\n      ],\n      \"Resource\": [\n        \"arn:aws:s3:::akerl-hookshot/*\",\n        \"arn:aws:s3:::akerl-hookshot\"\n      ]\n    }\n  ]\n}",
                            "user": "s3-publish-akerl-hookshot"
                        },
                        "meta": {},
                        "tainted": false
                    },
                    "deposed": [],
                    "provider": "provider.aws"
                },
                "aws_s3_bucket.this": {
                    "type": "aws_s3_bucket",
                    "depends_on": [],
                    "primary": {
                        "id": "akerl-hookshot",
                        "attributes": {
                            "acceleration_status": "",
                            "acl": "private",
                            "arn": "arn:aws:s3:::akerl-hookshot",
                            "bucket": "akerl-hookshot",
                            "bucket_domain_name": "akerl-hookshot.s3.amazonaws.com",
                            "bucket_regional_domain_name": "akerl-hookshot.s3.amazonaws.com",
                            "cors_rule.#": "0",
                            "force_destroy": "false",
                            "hosted_zone_id": "Z3AQBSTGFYJSTF",
                            "id": "akerl-hookshot",
                            "lifecycle_rule.#": "0",
                            "logging.#": "1",
                            "logging.2869076850.target_bucket": "akerl-s3-logs",
                            "logging.2869076850.target_prefix": "akerl-hookshot/",
                            "object_lock_configuration.#": "0",
                            "region": "us-east-1",
                            "replication_configuration.#": "0",
                            "request_payer": "BucketOwner",
                            "server_side_encryption_configuration.#": "0",
                            "tags.%": "0",
                            "versioning.#": "1",
                            "versioning.0.enabled": "true",
                            "versioning.0.mfa_delete": "false",
                            "website.#": "0"
                        },
                        "meta": {},
                        "tainted": false
                    },
                    "deposed": [],
                    "provider": "provider.aws"
                },
                "awscreds_iam_access_key.this": {
                    "type": "awscreds_iam_access_key",
                    "depends_on": [
                        "aws_iam_user.this"
                    ],
                    "primary": {
                        "id": "AKIAJ7U2DIETN433TGHQ",
                        "attributes": {
                            "file": "creds/s3-publish-akerl-hookshot",
                            "id": "AKIAJ7U2DIETN433TGHQ",
                            "secret": "",
                            "ses_smtp_password": "",
                            "status": "Active",
                            "user": "s3-publish-akerl-hookshot"
                        },
                        "meta": {},
                        "tainted": false
                    },
                    "deposed": [],
                    "provider": "provider.awscreds"
                },
                "data.aws_iam_policy_document.this": {
                    "type": "aws_iam_policy_document",
                    "depends_on": [],
                    "primary": {
                        "id": "1661536030",
                        "attributes": {
                            "id": "1661536030",
                            "json": "{\n  \"Version\": \"2012-10-17\",\n  \"Statement\": [\n    {\n      \"Sid\": \"\",\n      \"Effect\": \"Allow\",\n      \"Action\": [\n        \"s3:PutObject\",\n        \"s3:ListBucket\",\n        \"s3:ListAllMyBuckets\",\n        \"s3:GetObjectAcl\",\n        \"s3:GetObject\",\n        \"s3:GetBucketLocation\",\n        \"s3:GetBucketAcl\",\n        \"s3:DeleteObject\"\n      ],\n      \"Resource\": [\n        \"arn:aws:s3:::akerl-hookshot/*\",\n        \"arn:aws:s3:::akerl-hookshot\"\n      ]\n    }\n  ]\n}",
                            "statement.#": "1",
                            "statement.0.actions.#": "8",
                            "statement.0.actions.2071725391": "s3:GetObject",
                            "statement.0.actions.2517836488": "s3:GetObjectAcl",
                            "statement.0.actions.3009670498": "s3:DeleteObject",
                            "statement.0.actions.315547055": "s3:PutObject",
                            "statement.0.actions.3948445924": "s3:GetBucketLocation",
                            "statement.0.actions.486976917": "s3:ListBucket",
                            "statement.0.actions.796062918": "s3:ListAllMyBuckets",
                            "statement.0.actions.845481387": "s3:GetBucketAcl",
                            "statement.0.condition.#": "0",
                            "statement.0.effect": "Allow",
                            "statement.0.not_actions.#": "0",
                            "statement.0.not_principals.#": "0",
                            "statement.0.not_resources.#": "0",
                            "statement.0.principals.#": "0",
                            "statement.0.resources.#": "2",
                            "statement.0.resources.1182834592": "arn:aws:s3:::akerl-hookshot",
                            "statement.0.resources.1243695331": "arn:aws:s3:::akerl-hookshot/*",
                            "statement.0.sid": "",
                            "version": "2012-10-17"
                        },
                        "meta": {},
                        "tainted": false
                    },
                    "deposed": [],
                    "provider": "provider.aws"
                }
            },
            "depends_on": []
        },
        {
            "path": [
                "root",
                "akerl-keys"
            ],
            "outputs": {
                "cloudfront_zone_id": {
                    "sensitive": false,
                    "type": "string",
                    "value": "Z2FDTNDATAQYW2"
                },
                "redirect_dns_name": {
                    "sensitive": false,
                    "type": "string",
                    "value": "dro7nfiqw6vz3.cloudfront.net"
                },
                "site_dns_name": {
                    "sensitive": false,
                    "type": "string",
                    "value": "d1x4h1p4ky05i1.cloudfront.net"
                }
            },
            "resources": {
                "aws_cloudfront_distribution.file": {
                    "type": "aws_cloudfront_distribution",
                    "depends_on": [
                        "aws_s3_bucket.file",
                        "module.certificate"
                    ],
                    "primary": {
                        "id": "EVSHO2OOQX1KW",
                        "attributes": {
                            "active_trusted_signers.%": "2",
                            "active_trusted_signers.enabled": "false",
                            "active_trusted_signers.items.#": "0",
                            "aliases.#": "1",
                            "aliases.4079350237": "id-ed25519.pub",
                            "arn": "arn:aws:cloudfront::764218738161:distribution/EVSHO2OOQX1KW",
                            "caller_reference": "2019-03-10T16:12:59.981022+03:00",
                            "custom_error_response.#": "0",
                            "default_cache_behavior.#": "1",
                            "default_cache_behavior.0.allowed_methods.#": "2",
                            "default_cache_behavior.0.allowed_methods.1040875975": "GET",
                            "default_cache_behavior.0.allowed_methods.1445840968": "HEAD",
                            "default_cache_behavior.0.cached_methods.#": "2",
                            "default_cache_behavior.0.cached_methods.1040875975": "GET",
                            "default_cache_behavior.0.cached_methods.1445840968": "HEAD",
                            "default_cache_behavior.0.compress": "true",
                            "default_cache_behavior.0.default_ttl": "0",
                            "default_cache_behavior.0.field_level_encryption_id": "",
                            "default_cache_behavior.0.forwarded_values.#": "1",
                            "default_cache_behavior.0.forwarded_values.0.cookies.#": "1",
                            "default_cache_behavior.0.forwarded_values.0.cookies.0.forward": "none",
                            "default_cache_behavior.0.forwarded_values.0.cookies.0.whitelisted_names.#": "0",
                            "default_cache_behavior.0.forwarded_values.0.headers.#": "0",
                            "default_cache_behavior.0.forwarded_values.0.query_string": "false",
                            "default_cache_behavior.0.forwarded_values.0.query_string_cache_keys.#": "0",
                            "default_cache_behavior.0.lambda_function_association.#": "0",
                            "default_cache_behavior.0.max_ttl": "300",
                            "default_cache_behavior.0.min_ttl": "0",
                            "default_cache_behavior.0.smooth_streaming": "false",
                            "default_cache_behavior.0.target_origin_id": "file-bucket",
                            "default_cache_behavior.0.trusted_signers.#": "0",
                            "default_cache_behavior.0.viewer_protocol_policy": "redirect-to-https",
                            "default_root_object": "index.html",
                            "domain_name": "d1x4h1p4ky05i1.cloudfront.net",
                            "enabled": "true",
                            "etag": "E7DPKHDD5HI9G",
                            "hosted_zone_id": "Z2FDTNDATAQYW2",
                            "http_version": "http2",
                            "id": "EVSHO2OOQX1KW",
                            "in_progress_validation_batches": "0",
                            "is_ipv6_enabled": "false",
                            "last_modified_time": "2019-03-10 13:13:02.238 +0000 UTC",
                            "logging_config.#": "1",
                            "logging_config.0.bucket": "akerl-s3-logs.s3.amazonaws.com",
                            "logging_config.0.include_cookies": "false",
                            "logging_config.0.prefix": "akerl-keys-cdn/",
                            "ordered_cache_behavior.#": "0",
                            "origin.#": "1",
                            "origin.3003774923.custom_header.#": "0",
                            "origin.3003774923.custom_origin_config.#": "1",
                            "origin.3003774923.custom_origin_config.0.http_port": "80",
                            "origin.3003774923.custom_origin_config.0.https_port": "443",
                            "origin.3003774923.custom_origin_config.0.origin_keepalive_timeout": "5",
                            "origin.3003774923.custom_origin_config.0.origin_protocol_policy": "http-only",
                            "origin.3003774923.custom_origin_config.0.origin_read_timeout": "30",
                            "origin.3003774923.custom_origin_config.0.origin_ssl_protocols.#": "1",
                            "origin.3003774923.custom_origin_config.0.origin_ssl_protocols.3981581077": "TLSv1.2",
                            "origin.3003774923.domain_name": "akerl-keys.s3-website-us-east-1.amazonaws.com",
                            "origin.3003774923.origin_id": "file-bucket",
                            "origin.3003774923.origin_path": "",
                            "origin.3003774923.s3_origin_config.#": "0",
                            "price_class": "PriceClass_100",
                            "restrictions.#": "1",
                            "restrictions.0.geo_restriction.#": "1",
                            "restrictions.0.geo_restriction.0.locations.#": "0",
                            "restrictions.0.geo_restriction.0.restriction_type": "none",
                            "retain_on_delete": "false",
                            "status": "Deployed",
                            "tags.%": "0",
                            "viewer_certificate.#": "1",
                            "viewer_certificate.0.acm_certificate_arn": "arn:aws:acm:us-east-1:764218738161:certificate/5d019bab-6c33-4073-aa83-3836d74f3ff6",
                            "viewer_certificate.0.cloudfront_default_certificate": "false",
                            "viewer_certificate.0.iam_certificate_id": "",
                            "viewer_certificate.0.minimum_protocol_version": "TLSv1.2_2018",
                            "viewer_certificate.0.ssl_support_method": "sni-only",
                            "web_acl_id": ""
                        },
                        "meta": {},
                        "tainted": false
                    },
                    "deposed": [],
                    "provider": "provider.aws"
                },
                "aws_cloudfront_distribution.redirect": {
                    "type": "aws_cloudfront_distribution",
                    "depends_on": [
                        "aws_s3_bucket.redirect",
                        "module.certificate"
                    ],
                    "primary": {
                        "id": "E1IQYRZCMEPV07",
                        "attributes": {
                            "active_trusted_signers.%": "2",
                            "active_trusted_signers.enabled": "false",
                            "active_trusted_signers.items.#": "0",
                            "aliases.#": "0",
                            "arn": "arn:aws:cloudfront::764218738161:distribution/E1IQYRZCMEPV07",
                            "caller_reference": "2019-03-10T16:13:20.90876+03:00",
                            "custom_error_response.#": "0",
                            "default_cache_behavior.#": "1",
                            "default_cache_behavior.0.allowed_methods.#": "2",
                            "default_cache_behavior.0.allowed_methods.1040875975": "GET",
                            "default_cache_behavior.0.allowed_methods.1445840968": "HEAD",
                            "default_cache_behavior.0.cached_methods.#": "2",
                            "default_cache_behavior.0.cached_methods.1040875975": "GET",
                            "default_cache_behavior.0.cached_methods.1445840968": "HEAD",
                            "default_cache_behavior.0.compress": "true",
                            "default_cache_behavior.0.default_ttl": "300",
                            "default_cache_behavior.0.field_level_encryption_id": "",
                            "default_cache_behavior.0.forwarded_values.#": "1",
                            "default_cache_behavior.0.forwarded_values.0.cookies.#": "1",
                            "default_cache_behavior.0.forwarded_values.0.cookies.0.forward": "none",
                            "default_cache_behavior.0.forwarded_values.0.cookies.0.whitelisted_names.#": "0",
                            "default_cache_behavior.0.forwarded_values.0.headers.#": "0",
                            "default_cache_behavior.0.forwarded_values.0.query_string": "false",
                            "default_cache_behavior.0.forwarded_values.0.query_string_cache_keys.#": "0",
                            "default_cache_behavior.0.lambda_function_association.#": "0",
                            "default_cache_behavior.0.max_ttl": "300",
                            "default_cache_behavior.0.min_ttl": "0",
                            "default_cache_behavior.0.smooth_streaming": "false",
                            "default_cache_behavior.0.target_origin_id": "redirect-bucket",
                            "default_cache_behavior.0.trusted_signers.#": "0",
                            "default_cache_behavior.0.viewer_protocol_policy": "redirect-to-https",
                            "default_root_object": "",
                            "domain_name": "dro7nfiqw6vz3.cloudfront.net",
                            "enabled": "true",
                            "etag": "EWS578OUF5K06",
                            "hosted_zone_id": "Z2FDTNDATAQYW2",
                            "http_version": "http2",
                            "id": "E1IQYRZCMEPV07",
                            "in_progress_validation_batches": "0",
                            "is_ipv6_enabled": "false",
                            "last_modified_time": "2019-03-10 13:13:22.888 +0000 UTC",
                            "logging_config.#": "1",
                            "logging_config.0.bucket": "akerl-s3-logs.s3.amazonaws.com",
                            "logging_config.0.include_cookies": "false",
                            "logging_config.0.prefix": "akerl-keys-redirect-cdn",
                            "ordered_cache_behavior.#": "0",
                            "origin.#": "1",
                            "origin.3103650474.custom_header.#": "0",
                            "origin.3103650474.custom_origin_config.#": "1",
                            "origin.3103650474.custom_origin_config.0.http_port": "80",
                            "origin.3103650474.custom_origin_config.0.https_port": "443",
                            "origin.3103650474.custom_origin_config.0.origin_keepalive_timeout": "5",
                            "origin.3103650474.custom_origin_config.0.origin_protocol_policy": "http-only",
                            "origin.3103650474.custom_origin_config.0.origin_read_timeout": "30",
                            "origin.3103650474.custom_origin_config.0.origin_ssl_protocols.#": "1",
                            "origin.3103650474.custom_origin_config.0.origin_ssl_protocols.3981581077": "TLSv1.2",
                            "origin.3103650474.domain_name": "akerl-keys-redirect.s3-website-us-east-1.amazonaws.com",
                            "origin.3103650474.origin_id": "redirect-bucket",
                            "origin.3103650474.origin_path": "",
                            "origin.3103650474.s3_origin_config.#": "0",
                            "price_class": "PriceClass_100",
                            "restrictions.#": "1",
                            "restrictions.0.geo_restriction.#": "1",
                            "restrictions.0.geo_restriction.0.locations.#": "0",
                            "restrictions.0.geo_restriction.0.restriction_type": "none",
                            "retain_on_delete": "false",
                            "status": "Deployed",
                            "tags.%": "0",
                            "viewer_certificate.#": "1",
                            "viewer_certificate.0.acm_certificate_arn": "arn:aws:acm:us-east-1:764218738161:certificate/5d019bab-6c33-4073-aa83-3836d74f3ff6",
                            "viewer_certificate.0.cloudfront_default_certificate": "false",
                            "viewer_certificate.0.iam_certificate_id": "",
                            "viewer_certificate.0.minimum_protocol_version": "TLSv1.2_2018",
                            "viewer_certificate.0.ssl_support_method": "sni-only",
                            "web_acl_id": ""
                        },
                        "meta": {},
                        "tainted": false
                    },
                    "deposed": [],
                    "provider": "provider.aws"
                },
                "aws_s3_bucket.file": {
                    "type": "aws_s3_bucket",
                    "depends_on": [
                        "data.aws_iam_policy_document.file_bucket_read_access"
                    ],
                    "primary": {
                        "id": "akerl-keys",
                        "attributes": {
                            "acceleration_status": "",
                            "acl": "private",
                            "arn": "arn:aws:s3:::akerl-keys",
                            "bucket": "akerl-keys",
                            "bucket_domain_name": "akerl-keys.s3.amazonaws.com",
                            "bucket_regional_domain_name": "akerl-keys.s3.amazonaws.com",
                            "cors_rule.#": "0",
                            "force_destroy": "false",
                            "hosted_zone_id": "Z3AQBSTGFYJSTF",
                            "id": "akerl-keys",
                            "lifecycle_rule.#": "0",
                            "logging.#": "1",
                            "logging.3303343396.target_bucket": "akerl-s3-logs",
                            "logging.3303343396.target_prefix": "akerl-keys/",
                            "object_lock_configuration.#": "0",
                            "policy": "{\"Statement\":[{\"Action\":\"s3:GetObject\",\"Effect\":\"Allow\",\"Principal\":{\"AWS\":\"*\"},\"Resource\":\"arn:aws:s3:::akerl-keys/*\",\"Sid\":\"\"}],\"Version\":\"2012-10-17\"}",
                            "region": "us-east-1",
                            "replication_configuration.#": "0",
                            "request_payer": "BucketOwner",
                            "server_side_encryption_configuration.#": "0",
                            "tags.%": "0",
                            "versioning.#": "1",
                            "versioning.0.enabled": "true",
                            "versioning.0.mfa_delete": "false",
                            "website.#": "1",
                            "website.0.error_document": "404.html",
                            "website.0.index_document": "index.html",
                            "website.0.redirect_all_requests_to": "",
                            "website.0.routing_rules": "",
                            "website_domain": "s3-website-us-east-1.amazonaws.com",
                            "website_endpoint": "akerl-keys.s3-website-us-east-1.amazonaws.com"
                        },
                        "meta": {},
                        "tainted": false
                    },
                    "deposed": [],
                    "provider": "provider.aws"
                },
                "aws_s3_bucket.redirect": {
                    "type": "aws_s3_bucket",
                    "depends_on": [
                        "data.aws_iam_policy_document.redirect_bucket_read_access"
                    ],
                    "primary": {
                        "id": "akerl-keys-redirect",
                        "attributes": {
                            "acceleration_status": "",
                            "acl": "private",
                            "arn": "arn:aws:s3:::akerl-keys-redirect",
                            "bucket": "akerl-keys-redirect",
                            "bucket_domain_name": "akerl-keys-redirect.s3.amazonaws.com",
                            "bucket_regional_domain_name": "akerl-keys-redirect.s3.amazonaws.com",
                            "cors_rule.#": "0",
                            "force_destroy": "false",
                            "hosted_zone_id": "Z3AQBSTGFYJSTF",
                            "id": "akerl-keys-redirect",
                            "lifecycle_rule.#": "0",
                            "logging.#": "1",
                            "logging.3700274017.target_bucket": "akerl-s3-logs",
                            "logging.3700274017.target_prefix": "akerl-keys-redirect/",
                            "object_lock_configuration.#": "0",
                            "policy": "{\"Statement\":[{\"Action\":\"s3:GetObject\",\"Effect\":\"Allow\",\"Principal\":{\"AWS\":\"*\"},\"Resource\":\"arn:aws:s3:::akerl-keys-redirect/*\",\"Sid\":\"\"}],\"Version\":\"2012-10-17\"}",
                            "region": "us-east-1",
                            "replication_configuration.#": "0",
                            "request_payer": "BucketOwner",
                            "server_side_encryption_configuration.#": "0",
                            "tags.%": "0",
                            "versioning.#": "1",
                            "versioning.0.enabled": "true",
                            "versioning.0.mfa_delete": "false",
                            "website.#": "1",
                            "website.0.error_document": "",
                            "website.0.index_document": "",
                            "website.0.redirect_all_requests_to": "https://id-ed25519.pub",
                            "website.0.routing_rules": "",
                            "website_domain": "s3-website-us-east-1.amazonaws.com",
                            "website_endpoint": "akerl-keys-redirect.s3-website-us-east-1.amazonaws.com"
                        },
                        "meta": {},
                        "tainted": false
                    },
                    "deposed": [],
                    "provider": "provider.aws"
                },
                "data.aws_iam_policy_document.file_bucket_read_access": {
                    "type": "aws_iam_policy_document",
                    "depends_on": [],
                    "primary": {
                        "id": "3679657030",
                        "attributes": {
                            "id": "3679657030",
                            "json": "{\n  \"Version\": \"2012-10-17\",\n  \"Statement\": [\n    {\n      \"Sid\": \"\",\n      \"Effect\": \"Allow\",\n      \"Action\": \"s3:GetObject\",\n      \"Resource\": \"arn:aws:s3:::akerl-keys/*\",\n      \"Principal\": {\n        \"AWS\": \"*\"\n      }\n    }\n  ]\n}",
                            "statement.#": "1",
                            "statement.0.actions.#": "1",
                            "statement.0.actions.2071725391": "s3:GetObject",
                            "statement.0.condition.#": "0",
                            "statement.0.effect": "Allow",
                            "statement.0.not_actions.#": "0",
                            "statement.0.not_principals.#": "0",
                            "statement.0.not_resources.#": "0",
                            "statement.0.principals.#": "1",
                            "statement.0.principals.636693895.identifiers.#": "1",
                            "statement.0.principals.636693895.identifiers.2679715827": "*",
                            "statement.0.principals.636693895.type": "AWS",
                            "statement.0.resources.#": "1",
                            "statement.0.resources.101615626": "arn:aws:s3:::akerl-keys/*",
                            "statement.0.sid": "",
                            "version": "2012-10-17"
                        },
                        "meta": {},
                        "tainted": false
                    },
                    "deposed": [],
                    "provider": "provider.aws"
                },
                "data.aws_iam_policy_document.redirect_bucket_read_access": {
                    "type": "aws_iam_policy_document",
                    "depends_on": [],
                    "primary": {
                        "id": "3618529637",
                        "attributes": {
                            "id": "3618529637",
                            "json": "{\n  \"Version\": \"2012-10-17\",\n  \"Statement\": [\n    {\n      \"Sid\": \"\",\n      \"Effect\": \"Allow\",\n      \"Action\": \"s3:GetObject\",\n      \"Resource\": \"arn:aws:s3:::akerl-keys-redirect/*\",\n      \"Principal\": {\n        \"AWS\": \"*\"\n      }\n    }\n  ]\n}",
                            "statement.#": "1",
                            "statement.0.actions.#": "1",
                            "statement.0.actions.2071725391": "s3:GetObject",
                            "statement.0.condition.#": "0",
                            "statement.0.effect": "Allow",
                            "statement.0.not_actions.#": "0",
                            "statement.0.not_principals.#": "0",
                            "statement.0.not_resources.#": "0",
                            "statement.0.principals.#": "1",
                            "statement.0.principals.636693895.identifiers.#": "1",
                            "statement.0.principals.636693895.identifiers.2679715827": "*",
                            "statement.0.principals.636693895.type": "AWS",
                            "statement.0.resources.#": "1",
                            "statement.0.resources.3328157262": "arn:aws:s3:::akerl-keys-redirect/*",
                            "statement.0.sid": "",
                            "version": "2012-10-17"
                        },
                        "meta": {},
                        "tainted": false
                    },
                    "deposed": [],
                    "provider": "provider.aws"
                }
            },
            "depends_on": []
        },
        {
            "path": [
                "root",
                "akerl-littlesnitch-rules"
            ],
            "outputs": {
                "cloudfront_zone_id": {
                    "sensitive": false,
                    "type": "string",
                    "value": "Z2FDTNDATAQYW2"
                },
                "redirect_dns_name": {
                    "sensitive": false,
                    "type": "string",
                    "value": "d2wnz79mxxcmlz.cloudfront.net"
                },
                "site_dns_name": {
                    "sensitive": false,
                    "type": "string",
                    "value": "d121rvu3mnm3b6.cloudfront.net"
                }
            },
            "resources": {
                "aws_cloudfront_distribution.file": {
                    "type": "aws_cloudfront_distribution",
                    "depends_on": [
                        "aws_s3_bucket.file",
                        "module.certificate"
                    ],
                    "primary": {
                        "id": "E2V42ZRMUH2JNS",
                        "attributes": {
                            "active_trusted_signers.%": "2",
                            "active_trusted_signers.enabled": "false",
                            "active_trusted_signers.items.#": "0",
                            "aliases.#": "1",
                            "aliases.2821341398": "littlesnitch.scrtybybscrty.org",
                            "arn": "arn:aws:cloudfront::764218738161:distribution/E2V42ZRMUH2JNS",
                            "caller_reference": "2019-03-10T16:12:30.820948+03:00",
                            "custom_error_response.#": "0",
                            "default_cache_behavior.#": "1",
                            "default_cache_behavior.0.allowed_methods.#": "2",
                            "default_cache_behavior.0.allowed_methods.1040875975": "GET",
                            "default_cache_behavior.0.allowed_methods.1445840968": "HEAD",
                            "default_cache_behavior.0.cached_methods.#": "2",
                            "default_cache_behavior.0.cached_methods.1040875975": "GET",
                            "default_cache_behavior.0.cached_methods.1445840968": "HEAD",
                            "default_cache_behavior.0.compress": "true",
                            "default_cache_behavior.0.default_ttl": "0",
                            "default_cache_behavior.0.field_level_encryption_id": "",
                            "default_cache_behavior.0.forwarded_values.#": "1",
                            "default_cache_behavior.0.forwarded_values.0.cookies.#": "1",
                            "default_cache_behavior.0.forwarded_values.0.cookies.0.forward": "none",
                            "default_cache_behavior.0.forwarded_values.0.cookies.0.whitelisted_names.#": "0",
                            "default_cache_behavior.0.forwarded_values.0.headers.#": "0",
                            "default_cache_behavior.0.forwarded_values.0.query_string": "false",
                            "default_cache_behavior.0.forwarded_values.0.query_string_cache_keys.#": "0",
                            "default_cache_behavior.0.lambda_function_association.#": "0",
                            "default_cache_behavior.0.max_ttl": "300",
                            "default_cache_behavior.0.min_ttl": "0",
                            "default_cache_behavior.0.smooth_streaming": "false",
                            "default_cache_behavior.0.target_origin_id": "file-bucket",
                            "default_cache_behavior.0.trusted_signers.#": "0",
                            "default_cache_behavior.0.viewer_protocol_policy": "redirect-to-https",
                            "default_root_object": "index.html",
                            "domain_name": "d121rvu3mnm3b6.cloudfront.net",
                            "enabled": "true",
                            "etag": "E3EU6QQFO0TC7S",
                            "hosted_zone_id": "Z2FDTNDATAQYW2",
                            "http_version": "http2",
                            "id": "E2V42ZRMUH2JNS",
                            "in_progress_validation_batches": "0",
                            "is_ipv6_enabled": "false",
                            "last_modified_time": "2019-03-10 13:12:32.715 +0000 UTC",
                            "logging_config.#": "1",
                            "logging_config.0.bucket": "akerl-s3-logs.s3.amazonaws.com",
                            "logging_config.0.include_cookies": "false",
                            "logging_config.0.prefix": "akerl-littlesnitch-rules-cdn/",
                            "ordered_cache_behavior.#": "0",
                            "origin.#": "1",
                            "origin.1477349648.custom_header.#": "0",
                            "origin.1477349648.custom_origin_config.#": "1",
                            "origin.1477349648.custom_origin_config.0.http_port": "80",
                            "origin.1477349648.custom_origin_config.0.https_port": "443",
                            "origin.1477349648.custom_origin_config.0.origin_keepalive_timeout": "5",
                            "origin.1477349648.custom_origin_config.0.origin_protocol_policy": "http-only",
                            "origin.1477349648.custom_origin_config.0.origin_read_timeout": "30",
                            "origin.1477349648.custom_origin_config.0.origin_ssl_protocols.#": "1",
                            "origin.1477349648.custom_origin_config.0.origin_ssl_protocols.3981581077": "TLSv1.2",
                            "origin.1477349648.domain_name": "akerl-littlesnitch-rules.s3-website-us-east-1.amazonaws.com",
                            "origin.1477349648.origin_id": "file-bucket",
                            "origin.1477349648.origin_path": "",
                            "origin.1477349648.s3_origin_config.#": "0",
                            "price_class": "PriceClass_100",
                            "restrictions.#": "1",
                            "restrictions.0.geo_restriction.#": "1",
                            "restrictions.0.geo_restriction.0.locations.#": "0",
                            "restrictions.0.geo_restriction.0.restriction_type": "none",
                            "retain_on_delete": "false",
                            "status": "Deployed",
                            "tags.%": "0",
                            "viewer_certificate.#": "1",
                            "viewer_certificate.0.acm_certificate_arn": "arn:aws:acm:us-east-1:764218738161:certificate/d66fe224-bc5a-457b-b77d-28c00969a822",
                            "viewer_certificate.0.cloudfront_default_certificate": "false",
                            "viewer_certificate.0.iam_certificate_id": "",
                            "viewer_certificate.0.minimum_protocol_version": "TLSv1.2_2018",
                            "viewer_certificate.0.ssl_support_method": "sni-only",
                            "web_acl_id": ""
                        },
                        "meta": {},
                        "tainted": false
                    },
                    "deposed": [],
                    "provider": "provider.aws"
                },
                "aws_cloudfront_distribution.redirect": {
                    "type": "aws_cloudfront_distribution",
                    "depends_on": [
                        "aws_s3_bucket.redirect",
                        "module.certificate"
                    ],
                    "primary": {
                        "id": "E24AFX77O0JZ4M",
                        "attributes": {
                            "active_trusted_signers.%": "2",
                            "active_trusted_signers.enabled": "false",
                            "active_trusted_signers.items.#": "0",
                            "aliases.#": "0",
                            "arn": "arn:aws:cloudfront::764218738161:distribution/E24AFX77O0JZ4M",
                            "caller_reference": "2019-03-10T16:12:27.978204+03:00",
                            "custom_error_response.#": "0",
                            "default_cache_behavior.#": "1",
                            "default_cache_behavior.0.allowed_methods.#": "2",
                            "default_cache_behavior.0.allowed_methods.1040875975": "GET",
                            "default_cache_behavior.0.allowed_methods.1445840968": "HEAD",
                            "default_cache_behavior.0.cached_methods.#": "2",
                            "default_cache_behavior.0.cached_methods.1040875975": "GET",
                            "default_cache_behavior.0.cached_methods.1445840968": "HEAD",
                            "default_cache_behavior.0.compress": "true",
                            "default_cache_behavior.0.default_ttl": "300",
                            "default_cache_behavior.0.field_level_encryption_id": "",
                            "default_cache_behavior.0.forwarded_values.#": "1",
                            "default_cache_behavior.0.forwarded_values.0.cookies.#": "1",
                            "default_cache_behavior.0.forwarded_values.0.cookies.0.forward": "none",
                            "default_cache_behavior.0.forwarded_values.0.cookies.0.whitelisted_names.#": "0",
                            "default_cache_behavior.0.forwarded_values.0.headers.#": "0",
                            "default_cache_behavior.0.forwarded_values.0.query_string": "false",
                            "default_cache_behavior.0.forwarded_values.0.query_string_cache_keys.#": "0",
                            "default_cache_behavior.0.lambda_function_association.#": "0",
                            "default_cache_behavior.0.max_ttl": "300",
                            "default_cache_behavior.0.min_ttl": "0",
                            "default_cache_behavior.0.smooth_streaming": "false",
                            "default_cache_behavior.0.target_origin_id": "redirect-bucket",
                            "default_cache_behavior.0.trusted_signers.#": "0",
                            "default_cache_behavior.0.viewer_protocol_policy": "redirect-to-https",
                            "default_root_object": "",
                            "domain_name": "d2wnz79mxxcmlz.cloudfront.net",
                            "enabled": "true",
                            "etag": "E1KIFR9SG1SUBC",
                            "hosted_zone_id": "Z2FDTNDATAQYW2",
                            "http_version": "http2",
                            "id": "E24AFX77O0JZ4M",
                            "in_progress_validation_batches": "0",
                            "is_ipv6_enabled": "false",
                            "last_modified_time": "2019-03-10 13:12:32.053 +0000 UTC",
                            "logging_config.#": "1",
                            "logging_config.0.bucket": "akerl-s3-logs.s3.amazonaws.com",
                            "logging_config.0.include_cookies": "false",
                            "logging_config.0.prefix": "akerl-littlesnitch-rules-redirect-cdn",
                            "ordered_cache_behavior.#": "0",
                            "origin.#": "1",
                            "origin.3670579217.custom_header.#": "0",
                            "origin.3670579217.custom_origin_config.#": "1",
                            "origin.3670579217.custom_origin_config.0.http_port": "80",
                            "origin.3670579217.custom_origin_config.0.https_port": "443",
                            "origin.3670579217.custom_origin_config.0.origin_keepalive_timeout": "5",
                            "origin.3670579217.custom_origin_config.0.origin_protocol_policy": "http-only",
                            "origin.3670579217.custom_origin_config.0.origin_read_timeout": "30",
                            "origin.3670579217.custom_origin_config.0.origin_ssl_protocols.#": "1",
                            "origin.3670579217.custom_origin_config.0.origin_ssl_protocols.3981581077": "TLSv1.2",
                            "origin.3670579217.domain_name": "akerl-littlesnitch-rules-redirect.s3-website-us-east-1.amazonaws.com",
                            "origin.3670579217.origin_id": "redirect-bucket",
                            "origin.3670579217.origin_path": "",
                            "origin.3670579217.s3_origin_config.#": "0",
                            "price_class": "PriceClass_100",
                            "restrictions.#": "1",
                            "restrictions.0.geo_restriction.#": "1",
                            "restrictions.0.geo_restriction.0.locations.#": "0",
                            "restrictions.0.geo_restriction.0.restriction_type": "none",
                            "retain_on_delete": "false",
                            "status": "Deployed",
                            "tags.%": "0",
                            "viewer_certificate.#": "1",
                            "viewer_certificate.0.acm_certificate_arn": "arn:aws:acm:us-east-1:764218738161:certificate/d66fe224-bc5a-457b-b77d-28c00969a822",
                            "viewer_certificate.0.cloudfront_default_certificate": "false",
                            "viewer_certificate.0.iam_certificate_id": "",
                            "viewer_certificate.0.minimum_protocol_version": "TLSv1.2_2018",
                            "viewer_certificate.0.ssl_support_method": "sni-only",
                            "web_acl_id": ""
                        },
                        "meta": {},
                        "tainted": false
                    },
                    "deposed": [],
                    "provider": "provider.aws"
                },
                "aws_s3_bucket.file": {
                    "type": "aws_s3_bucket",
                    "depends_on": [
                        "data.aws_iam_policy_document.file_bucket_read_access"
                    ],
                    "primary": {
                        "id": "akerl-littlesnitch-rules",
                        "attributes": {
                            "acceleration_status": "",
                            "acl": "private",
                            "arn": "arn:aws:s3:::akerl-littlesnitch-rules",
                            "bucket": "akerl-littlesnitch-rules",
                            "bucket_domain_name": "akerl-littlesnitch-rules.s3.amazonaws.com",
                            "bucket_regional_domain_name": "akerl-littlesnitch-rules.s3.amazonaws.com",
                            "cors_rule.#": "0",
                            "force_destroy": "false",
                            "hosted_zone_id": "Z3AQBSTGFYJSTF",
                            "id": "akerl-littlesnitch-rules",
                            "lifecycle_rule.#": "0",
                            "logging.#": "1",
                            "logging.1581205623.target_bucket": "akerl-s3-logs",
                            "logging.1581205623.target_prefix": "akerl-littlesnitch-rules/",
                            "object_lock_configuration.#": "0",
                            "policy": "{\"Statement\":[{\"Action\":\"s3:GetObject\",\"Effect\":\"Allow\",\"Principal\":{\"AWS\":\"*\"},\"Resource\":\"arn:aws:s3:::akerl-littlesnitch-rules/*\",\"Sid\":\"\"}],\"Version\":\"2012-10-17\"}",
                            "region": "us-east-1",
                            "replication_configuration.#": "0",
                            "request_payer": "BucketOwner",
                            "server_side_encryption_configuration.#": "0",
                            "tags.%": "0",
                            "versioning.#": "1",
                            "versioning.0.enabled": "true",
                            "versioning.0.mfa_delete": "false",
                            "website.#": "1",
                            "website.0.error_document": "404.html",
                            "website.0.index_document": "index.html",
                            "website.0.redirect_all_requests_to": "",
                            "website.0.routing_rules": "",
                            "website_domain": "s3-website-us-east-1.amazonaws.com",
                            "website_endpoint": "akerl-littlesnitch-rules.s3-website-us-east-1.amazonaws.com"
                        },
                        "meta": {},
                        "tainted": false
                    },
                    "deposed": [],
                    "provider": "provider.aws"
                },
                "aws_s3_bucket.redirect": {
                    "type": "aws_s3_bucket",
                    "depends_on": [
                        "data.aws_iam_policy_document.redirect_bucket_read_access"
                    ],
                    "primary": {
                        "id": "akerl-littlesnitch-rules-redirect",
                        "attributes": {
                            "acceleration_status": "",
                            "acl": "private",
                            "arn": "arn:aws:s3:::akerl-littlesnitch-rules-redirect",
                            "bucket": "akerl-littlesnitch-rules-redirect",
                            "bucket_domain_name": "akerl-littlesnitch-rules-redirect.s3.amazonaws.com",
                            "bucket_regional_domain_name": "akerl-littlesnitch-rules-redirect.s3.amazonaws.com",
                            "cors_rule.#": "0",
                            "force_destroy": "false",
                            "hosted_zone_id": "Z3AQBSTGFYJSTF",
                            "id": "akerl-littlesnitch-rules-redirect",
                            "lifecycle_rule.#": "0",
                            "logging.#": "1",
                            "logging.2525262016.target_bucket": "akerl-s3-logs",
                            "logging.2525262016.target_prefix": "akerl-littlesnitch-rules-redirect/",
                            "object_lock_configuration.#": "0",
                            "policy": "{\"Statement\":[{\"Action\":\"s3:GetObject\",\"Effect\":\"Allow\",\"Principal\":{\"AWS\":\"*\"},\"Resource\":\"arn:aws:s3:::akerl-littlesnitch-rules-redirect/*\",\"Sid\":\"\"}],\"Version\":\"2012-10-17\"}",
                            "region": "us-east-1",
                            "replication_configuration.#": "0",
                            "request_payer": "BucketOwner",
                            "server_side_encryption_configuration.#": "0",
                            "tags.%": "0",
                            "versioning.#": "1",
                            "versioning.0.enabled": "true",
                            "versioning.0.mfa_delete": "false",
                            "website.#": "1",
                            "website.0.error_document": "",
                            "website.0.index_document": "",
                            "website.0.redirect_all_requests_to": "https://littlesnitch.scrtybybscrty.org",
                            "website.0.routing_rules": "",
                            "website_domain": "s3-website-us-east-1.amazonaws.com",
                            "website_endpoint": "akerl-littlesnitch-rules-redirect.s3-website-us-east-1.amazonaws.com"
                        },
                        "meta": {},
                        "tainted": false
                    },
                    "deposed": [],
                    "provider": "provider.aws"
                },
                "data.aws_iam_policy_document.file_bucket_read_access": {
                    "type": "aws_iam_policy_document",
                    "depends_on": [],
                    "primary": {
                        "id": "2910247984",
                        "attributes": {
                            "id": "2910247984",
                            "json": "{\n  \"Version\": \"2012-10-17\",\n  \"Statement\": [\n    {\n      \"Sid\": \"\",\n      \"Effect\": \"Allow\",\n      \"Action\": \"s3:GetObject\",\n      \"Resource\": \"arn:aws:s3:::akerl-littlesnitch-rules/*\",\n      \"Principal\": {\n        \"AWS\": \"*\"\n      }\n    }\n  ]\n}",
                            "statement.#": "1",
                            "statement.0.actions.#": "1",
                            "statement.0.actions.2071725391": "s3:GetObject",
                            "statement.0.condition.#": "0",
                            "statement.0.effect": "Allow",
                            "statement.0.not_actions.#": "0",
                            "statement.0.not_principals.#": "0",
                            "statement.0.not_resources.#": "0",
                            "statement.0.principals.#": "1",
                            "statement.0.principals.636693895.identifiers.#": "1",
                            "statement.0.principals.636693895.identifiers.2679715827": "*",
                            "statement.0.principals.636693895.type": "AWS",
                            "statement.0.resources.#": "1",
                            "statement.0.resources.1147232730": "arn:aws:s3:::akerl-littlesnitch-rules/*",
                            "statement.0.sid": "",
                            "version": "2012-10-17"
                        },
                        "meta": {},
                        "tainted": false
                    },
                    "deposed": [],
                    "provider": "provider.aws"
                },
                "data.aws_iam_policy_document.redirect_bucket_read_access": {
                    "type": "aws_iam_policy_document",
                    "depends_on": [],
                    "primary": {
                        "id": "1850696938",
                        "attributes": {
                            "id": "1850696938",
                            "json": "{\n  \"Version\": \"2012-10-17\",\n  \"Statement\": [\n    {\n      \"Sid\": \"\",\n      \"Effect\": \"Allow\",\n      \"Action\": \"s3:GetObject\",\n      \"Resource\": \"arn:aws:s3:::akerl-littlesnitch-rules-redirect/*\",\n      \"Principal\": {\n        \"AWS\": \"*\"\n      }\n    }\n  ]\n}",
                            "statement.#": "1",
                            "statement.0.actions.#": "1",
                            "statement.0.actions.2071725391": "s3:GetObject",
                            "statement.0.condition.#": "0",
                            "statement.0.effect": "Allow",
                            "statement.0.not_actions.#": "0",
                            "statement.0.not_principals.#": "0",
                            "statement.0.not_resources.#": "0",
                            "statement.0.principals.#": "1",
                            "statement.0.principals.636693895.identifiers.#": "1",
                            "statement.0.principals.636693895.identifiers.2679715827": "*",
                            "statement.0.principals.636693895.type": "AWS",
                            "statement.0.resources.#": "1",
                            "statement.0.resources.1906921046": "arn:aws:s3:::akerl-littlesnitch-rules-redirect/*",
                            "statement.0.sid": "",
                            "version": "2012-10-17"
                        },
                        "meta": {},
                        "tainted": false
                    },
                    "deposed": [],
                    "provider": "provider.aws"
                }
            },
            "depends_on": []
        },
        {
            "path": [
                "root",
                "akerl-madlibrarian"
            ],
            "outputs": {
                "publish_bucket": {
                    "sensitive": false,
                    "type": "string",
                    "value": "akerl-madlibrarian"
                }
            },
            "resources": {
                "aws_iam_user.this": {
                    "type": "aws_iam_user",
                    "depends_on": [],
                    "primary": {
                        "id": "s3-publish-akerl-madlibrarian",
                        "attributes": {
                            "arn": "arn:aws:iam::764218738161:user/s3-publish-akerl-madlibrarian",
                            "force_destroy": "false",
                            "id": "s3-publish-akerl-madlibrarian",
                            "name": "s3-publish-akerl-madlibrarian",
                            "path": "/",
                            "tags.%": "0",
                            "unique_id": "AIDAIW3OKLV6NNVBJXHGW"
                        },
                        "meta": {},
                        "tainted": false
                    },
                    "deposed": [],
                    "provider": "provider.aws"
                },
                "aws_iam_user_policy.this": {
                    "type": "aws_iam_user_policy",
                    "depends_on": [
                        "aws_iam_user.this",
                        "data.aws_iam_policy_document.this"
                    ],
                    "primary": {
                        "id": "s3-publish-akerl-madlibrarian:s3-publish",
                        "attributes": {
                            "id": "s3-publish-akerl-madlibrarian:s3-publish",
                            "name": "s3-publish",
                            "policy": "{\n  \"Version\": \"2012-10-17\",\n  \"Statement\": [\n    {\n      \"Sid\": \"\",\n      \"Effect\": \"Allow\",\n      \"Action\": [\n        \"s3:PutObject\",\n        \"s3:ListBucket\",\n        \"s3:ListAllMyBuckets\",\n        \"s3:GetObjectAcl\",\n        \"s3:GetObject\",\n        \"s3:GetBucketLocation\",\n        \"s3:GetBucketAcl\",\n        \"s3:DeleteObject\"\n      ],\n      \"Resource\": [\n        \"arn:aws:s3:::akerl-madlibrarian/*\",\n        \"arn:aws:s3:::akerl-madlibrarian\"\n      ]\n    }\n  ]\n}",
                            "user": "s3-publish-akerl-madlibrarian"
                        },
                        "meta": {},
                        "tainted": false
                    },
                    "deposed": [],
                    "provider": "provider.aws"
                },
                "aws_s3_bucket.this": {
                    "type": "aws_s3_bucket",
                    "depends_on": [],
                    "primary": {
                        "id": "akerl-madlibrarian",
                        "attributes": {
                            "acceleration_status": "",
                            "acl": "private",
                            "arn": "arn:aws:s3:::akerl-madlibrarian",
                            "bucket": "akerl-madlibrarian",
                            "bucket_domain_name": "akerl-madlibrarian.s3.amazonaws.com",
                            "bucket_regional_domain_name": "akerl-madlibrarian.s3.amazonaws.com",
                            "cors_rule.#": "0",
                            "force_destroy": "false",
                            "hosted_zone_id": "Z3AQBSTGFYJSTF",
                            "id": "akerl-madlibrarian",
                            "lifecycle_rule.#": "0",
                            "logging.#": "1",
                            "logging.2451268696.target_bucket": "akerl-s3-logs",
                            "logging.2451268696.target_prefix": "akerl-madlibrarian/",
                            "object_lock_configuration.#": "0",
                            "region": "us-east-1",
                            "replication_configuration.#": "0",
                            "request_payer": "BucketOwner",
                            "server_side_encryption_configuration.#": "0",
                            "tags.%": "0",
                            "versioning.#": "1",
                            "versioning.0.enabled": "true",
                            "versioning.0.mfa_delete": "false",
                            "website.#": "0"
                        },
                        "meta": {},
                        "tainted": false
                    },
                    "deposed": [],
                    "provider": "provider.aws"
                },
                "awscreds_iam_access_key.this": {
                    "type": "awscreds_iam_access_key",
                    "depends_on": [
                        "aws_iam_user.this"
                    ],
                    "primary": {
                        "id": "AKIAJ7GCQHAREZFR42SA",
                        "attributes": {
                            "file": "creds/s3-publish-akerl-madlibrarian",
                            "id": "AKIAJ7GCQHAREZFR42SA",
                            "secret": "",
                            "ses_smtp_password": "",
                            "status": "Active",
                            "user": "s3-publish-akerl-madlibrarian"
                        },
                        "meta": {},
                        "tainted": false
                    },
                    "deposed": [],
                    "provider": "provider.awscreds"
                },
                "data.aws_iam_policy_document.this": {
                    "type": "aws_iam_policy_document",
                    "depends_on": [],
                    "primary": {
                        "id": "270864480",
                        "attributes": {
                            "id": "270864480",
                            "json": "{\n  \"Version\": \"2012-10-17\",\n  \"Statement\": [\n    {\n      \"Sid\": \"\",\n      \"Effect\": \"Allow\",\n      \"Action\": [\n        \"s3:PutObject\",\n        \"s3:ListBucket\",\n        \"s3:ListAllMyBuckets\",\n        \"s3:GetObjectAcl\",\n        \"s3:GetObject\",\n        \"s3:GetBucketLocation\",\n        \"s3:GetBucketAcl\",\n        \"s3:DeleteObject\"\n      ],\n      \"Resource\": [\n        \"arn:aws:s3:::akerl-madlibrarian/*\",\n        \"arn:aws:s3:::akerl-madlibrarian\"\n      ]\n    }\n  ]\n}",
                            "statement.#": "1",
                            "statement.0.actions.#": "8",
                            "statement.0.actions.2071725391": "s3:GetObject",
                            "statement.0.actions.2517836488": "s3:GetObjectAcl",
                            "statement.0.actions.3009670498": "s3:DeleteObject",
                            "statement.0.actions.315547055": "s3:PutObject",
                            "statement.0.actions.3948445924": "s3:GetBucketLocation",
                            "statement.0.actions.486976917": "s3:ListBucket",
                            "statement.0.actions.796062918": "s3:ListAllMyBuckets",
                            "statement.0.actions.845481387": "s3:GetBucketAcl",
                            "statement.0.condition.#": "0",
                            "statement.0.effect": "Allow",
                            "statement.0.not_actions.#": "0",
                            "statement.0.not_principals.#": "0",
                            "statement.0.not_resources.#": "0",
                            "statement.0.principals.#": "0",
                            "statement.0.resources.#": "2",
                            "statement.0.resources.1469511721": "arn:aws:s3:::akerl-madlibrarian/*",
                            "statement.0.resources.3861811104": "arn:aws:s3:::akerl-madlibrarian",
                            "statement.0.sid": "",
                            "version": "2012-10-17"
                        },
                        "meta": {},
                        "tainted": false
                    },
                    "deposed": [],
                    "provider": "provider.aws"
                }
            },
            "depends_on": []
        },
        {
            "path": [
                "root",
                "akerl-private-auth"
            ],
            "outputs": {
                "dns_name": {
                    "sensitive": false,
                    "type": "string",
                    "value": "d62jwfzckrglk.cloudfront.net"
                }
            },
            "resources": {
                "data.aws_iam_policy_document.lambda_perms": {
                    "type": "aws_iam_policy_document",
                    "depends_on": [],
                    "primary": {
                        "id": "11620166",
                        "attributes": {
                            "id": "11620166",
                            "json": "{\n  \"Version\": \"2012-10-17\",\n  \"Statement\": [\n    {\n      \"Sid\": \"\",\n      \"Effect\": \"Allow\",\n      \"Action\": [\n        \"s3:ListBucket\",\n        \"s3:GetObject\"\n      ],\n      \"Resource\": [\n        \"arn:aws:s3:::akerl-private-auth/*\",\n        \"arn:aws:s3:::akerl-private-auth\"\n      ]\n    },\n    {\n      \"Sid\": \"\",\n      \"Effect\": \"Allow\",\n      \"Action\": [\n        \"logs:PutLogEvents\",\n        \"logs:CreateLogStream\",\n        \"logs:CreateLogGroup\"\n      ],\n      \"Resource\": \"arn:aws:logs:*:*:*\"\n    }\n  ]\n}",
                            "statement.#": "2",
                            "statement.0.actions.#": "2",
                            "statement.0.actions.2071725391": "s3:GetObject",
                            "statement.0.actions.486976917": "s3:ListBucket",
                            "statement.0.condition.#": "0",
                            "statement.0.effect": "Allow",
                            "statement.0.not_actions.#": "0",
                            "statement.0.not_principals.#": "0",
                            "statement.0.not_resources.#": "0",
                            "statement.0.principals.#": "0",
                            "statement.0.resources.#": "2",
                            "statement.0.resources.1061952421": "arn:aws:s3:::akerl-private-auth",
                            "statement.0.resources.3716383315": "arn:aws:s3:::akerl-private-auth/*",
                            "statement.0.sid": "",
                            "statement.1.actions.#": "3",
                            "statement.1.actions.2809485102": "logs:CreateLogGroup",
                            "statement.1.actions.3285979848": "logs:CreateLogStream",
                            "statement.1.actions.39743051": "logs:PutLogEvents",
                            "statement.1.condition.#": "0",
                            "statement.1.effect": "Allow",
                            "statement.1.not_actions.#": "0",
                            "statement.1.not_principals.#": "0",
                            "statement.1.not_resources.#": "0",
                            "statement.1.principals.#": "0",
                            "statement.1.resources.#": "1",
                            "statement.1.resources.162423377": "arn:aws:logs:*:*:*",
                            "statement.1.sid": "",
                            "version": "2012-10-17"
                        },
                        "meta": {},
                        "tainted": false
                    },
                    "deposed": [],
                    "provider": "provider.aws"
                }
            },
            "depends_on": []
        },
        {
            "path": [
                "root",
                "akerl-private-files"
            ],
            "outputs": {
                "dns_name": {
                    "sensitive": false,
                    "type": "string",
                    "value": "dlo0riio86e63.cloudfront.net"
                }
            },
            "resources": {
                "data.aws_iam_policy_document.lambda_perms": {
                    "type": "aws_iam_policy_document",
                    "depends_on": [],
                    "primary": {
                        "id": "1683751823",
                        "attributes": {
                            "id": "1683751823",
                            "json": "{\n  \"Version\": \"2012-10-17\",\n  \"Statement\": [\n    {\n      \"Sid\": \"\",\n      \"Effect\": \"Allow\",\n      \"Action\": [\n        \"s3:ListBucket\",\n        \"s3:GetObject\"\n      ],\n      \"Resource\": [\n        \"arn:aws:s3:::akerl-private-files/*\",\n        \"arn:aws:s3:::akerl-private-files-config/*\",\n        \"arn:aws:s3:::akerl-private-files-config\",\n        \"arn:aws:s3:::akerl-private-files\"\n      ]\n    },\n    {\n      \"Sid\": \"\",\n      \"Effect\": \"Allow\",\n      \"Action\": [\n        \"logs:PutLogEvents\",\n        \"logs:CreateLogStream\",\n        \"logs:CreateLogGroup\"\n      ],\n      \"Resource\": \"arn:aws:logs:*:*:*\"\n    }\n  ]\n}",
                            "statement.#": "2",
                            "statement.0.actions.#": "2",
                            "statement.0.actions.2071725391": "s3:GetObject",
                            "statement.0.actions.486976917": "s3:ListBucket",
                            "statement.0.condition.#": "0",
                            "statement.0.effect": "Allow",
                            "statement.0.not_actions.#": "0",
                            "statement.0.not_principals.#": "0",
                            "statement.0.not_resources.#": "0",
                            "statement.0.principals.#": "0",
                            "statement.0.resources.#": "4",
                            "statement.0.resources.1695677248": "arn:aws:s3:::akerl-private-files-config/*",
                            "statement.0.resources.2351737753": "arn:aws:s3:::akerl-private-files-config",
                            "statement.0.resources.3628760768": "arn:aws:s3:::akerl-private-files",
                            "statement.0.resources.4174475104": "arn:aws:s3:::akerl-private-files/*",
                            "statement.0.sid": "",
                            "statement.1.actions.#": "3",
                            "statement.1.actions.2809485102": "logs:CreateLogGroup",
                            "statement.1.actions.3285979848": "logs:CreateLogStream",
                            "statement.1.actions.39743051": "logs:PutLogEvents",
                            "statement.1.condition.#": "0",
                            "statement.1.effect": "Allow",
                            "statement.1.not_actions.#": "0",
                            "statement.1.not_principals.#": "0",
                            "statement.1.not_resources.#": "0",
                            "statement.1.principals.#": "0",
                            "statement.1.resources.#": "1",
                            "statement.1.resources.162423377": "arn:aws:logs:*:*:*",
                            "statement.1.sid": "",
                            "version": "2012-10-17"
                        },
                        "meta": {},
                        "tainted": false
                    },
                    "deposed": [],
                    "provider": "provider.aws"
                }
            },
            "depends_on": []
        },
        {
            "path": [
                "root",
                "akerl-quote-auth"
            ],
            "outputs": {
                "dns_name": {
                    "sensitive": false,
                    "type": "string",
                    "value": "d1398ufz80zb1c.cloudfront.net"
                }
            },
            "resources": {
                "data.aws_iam_policy_document.lambda_perms": {
                    "type": "aws_iam_policy_document",
                    "depends_on": [],
                    "primary": {
                        "id": "2907632033",
                        "attributes": {
                            "id": "2907632033",
                            "json": "{\n  \"Version\": \"2012-10-17\",\n  \"Statement\": [\n    {\n      \"Sid\": \"\",\n      \"Effect\": \"Allow\",\n      \"Action\": [\n        \"s3:ListBucket\",\n        \"s3:GetObject\"\n      ],\n      \"Resource\": [\n        \"arn:aws:s3:::akerl-quote-auth/*\",\n        \"arn:aws:s3:::akerl-quote-auth\"\n      ]\n    },\n    {\n      \"Sid\": \"\",\n      \"Effect\": \"Allow\",\n      \"Action\": [\n        \"logs:PutLogEvents\",\n        \"logs:CreateLogStream\",\n        \"logs:CreateLogGroup\"\n      ],\n      \"Resource\": \"arn:aws:logs:*:*:*\"\n    }\n  ]\n}",
                            "statement.#": "2",
                            "statement.0.actions.#": "2",
                            "statement.0.actions.2071725391": "s3:GetObject",
                            "statement.0.actions.486976917": "s3:ListBucket",
                            "statement.0.condition.#": "0",
                            "statement.0.effect": "Allow",
                            "statement.0.not_actions.#": "0",
                            "statement.0.not_principals.#": "0",
                            "statement.0.not_resources.#": "0",
                            "statement.0.principals.#": "0",
                            "statement.0.resources.#": "2",
                            "statement.0.resources.3519045087": "arn:aws:s3:::akerl-quote-auth/*",
                            "statement.0.resources.4097607666": "arn:aws:s3:::akerl-quote-auth",
                            "statement.0.sid": "",
                            "statement.1.actions.#": "3",
                            "statement.1.actions.2809485102": "logs:CreateLogGroup",
                            "statement.1.actions.3285979848": "logs:CreateLogStream",
                            "statement.1.actions.39743051": "logs:PutLogEvents",
                            "statement.1.condition.#": "0",
                            "statement.1.effect": "Allow",
                            "statement.1.not_actions.#": "0",
                            "statement.1.not_principals.#": "0",
                            "statement.1.not_resources.#": "0",
                            "statement.1.principals.#": "0",
                            "statement.1.resources.#": "1",
                            "statement.1.resources.162423377": "arn:aws:logs:*:*:*",
                            "statement.1.sid": "",
                            "version": "2012-10-17"
                        },
                        "meta": {},
                        "tainted": false
                    },
                    "deposed": [],
                    "provider": "provider.aws"
                }
            },
            "depends_on": []
        },
        {
            "path": [
                "root",
                "akerl-relay"
            ],
            "outputs": {
                "publish_bucket": {
                    "sensitive": false,
                    "type": "string",
                    "value": "akerl-relay"
                }
            },
            "resources": {
                "aws_iam_user.this": {
                    "type": "aws_iam_user",
                    "depends_on": [],
                    "primary": {
                        "id": "s3-publish-akerl-relay",
                        "attributes": {
                            "arn": "arn:aws:iam::764218738161:user/s3-publish-akerl-relay",
                            "force_destroy": "false",
                            "id": "s3-publish-akerl-relay",
                            "name": "s3-publish-akerl-relay",
                            "path": "/",
                            "tags.%": "0",
                            "unique_id": "AIDAIT65ULQZWFL3DVOWC"
                        },
                        "meta": {},
                        "tainted": false
                    },
                    "deposed": [],
                    "provider": "provider.aws"
                },
                "aws_iam_user_policy.this": {
                    "type": "aws_iam_user_policy",
                    "depends_on": [
                        "aws_iam_user.this",
                        "data.aws_iam_policy_document.this"
                    ],
                    "primary": {
                        "id": "s3-publish-akerl-relay:s3-publish",
                        "attributes": {
                            "id": "s3-publish-akerl-relay:s3-publish",
                            "name": "s3-publish",
                            "policy": "{\n  \"Version\": \"2012-10-17\",\n  \"Statement\": [\n    {\n      \"Sid\": \"\",\n      \"Effect\": \"Allow\",\n      \"Action\": [\n        \"s3:PutObject\",\n        \"s3:ListBucket\",\n        \"s3:ListAllMyBuckets\",\n        \"s3:GetObjectAcl\",\n        \"s3:GetObject\",\n        \"s3:GetBucketLocation\",\n        \"s3:GetBucketAcl\",\n        \"s3:DeleteObject\"\n      ],\n      \"Resource\": [\n        \"arn:aws:s3:::akerl-relay/*\",\n        \"arn:aws:s3:::akerl-relay\"\n      ]\n    }\n  ]\n}",
                            "user": "s3-publish-akerl-relay"
                        },
                        "meta": {},
                        "tainted": false
                    },
                    "deposed": [],
                    "provider": "provider.aws"
                },
                "aws_s3_bucket.this": {
                    "type": "aws_s3_bucket",
                    "depends_on": [],
                    "primary": {
                        "id": "akerl-relay",
                        "attributes": {
                            "acceleration_status": "",
                            "acl": "private",
                            "arn": "arn:aws:s3:::akerl-relay",
                            "bucket": "akerl-relay",
                            "bucket_domain_name": "akerl-relay.s3.amazonaws.com",
                            "bucket_regional_domain_name": "akerl-relay.s3.amazonaws.com",
                            "cors_rule.#": "0",
                            "force_destroy": "false",
                            "hosted_zone_id": "Z3AQBSTGFYJSTF",
                            "id": "akerl-relay",
                            "lifecycle_rule.#": "0",
                            "logging.#": "1",
                            "logging.1363926103.target_bucket": "akerl-s3-logs",
                            "logging.1363926103.target_prefix": "akerl-relay/",
                            "object_lock_configuration.#": "0",
                            "region": "us-east-1",
                            "replication_configuration.#": "0",
                            "request_payer": "BucketOwner",
                            "server_side_encryption_configuration.#": "0",
                            "tags.%": "0",
                            "versioning.#": "1",
                            "versioning.0.enabled": "true",
                            "versioning.0.mfa_delete": "false",
                            "website.#": "0"
                        },
                        "meta": {},
                        "tainted": false
                    },
                    "deposed": [],
                    "provider": "provider.aws"
                },
                "awscreds_iam_access_key.this": {
                    "type": "awscreds_iam_access_key",
                    "depends_on": [
                        "aws_iam_user.this"
                    ],
                    "primary": {
                        "id": "AKIAJZOPOIBIAE4R7TPQ",
                        "attributes": {
                            "file": "creds/s3-publish-akerl-relay",
                            "id": "AKIAJZOPOIBIAE4R7TPQ",
                            "secret": "",
                            "ses_smtp_password": "",
                            "status": "Active",
                            "user": "s3-publish-akerl-relay"
                        },
                        "meta": {},
                        "tainted": false
                    },
                    "deposed": [],
                    "provider": "provider.awscreds"
                },
                "data.aws_iam_policy_document.this": {
                    "type": "aws_iam_policy_document",
                    "depends_on": [],
                    "primary": {
                        "id": "2917894579",
                        "attributes": {
                            "id": "2917894579",
                            "json": "{\n  \"Version\": \"2012-10-17\",\n  \"Statement\": [\n    {\n      \"Sid\": \"\",\n      \"Effect\": \"Allow\",\n      \"Action\": [\n        \"s3:PutObject\",\n        \"s3:ListBucket\",\n        \"s3:ListAllMyBuckets\",\n        \"s3:GetObjectAcl\",\n        \"s3:GetObject\",\n        \"s3:GetBucketLocation\",\n        \"s3:GetBucketAcl\",\n        \"s3:DeleteObject\"\n      ],\n      \"Resource\": [\n        \"arn:aws:s3:::akerl-relay/*\",\n        \"arn:aws:s3:::akerl-relay\"\n      ]\n    }\n  ]\n}",
                            "statement.#": "1",
                            "statement.0.actions.#": "8",
                            "statement.0.actions.2071725391": "s3:GetObject",
                            "statement.0.actions.2517836488": "s3:GetObjectAcl",
                            "statement.0.actions.3009670498": "s3:DeleteObject",
                            "statement.0.actions.315547055": "s3:PutObject",
                            "statement.0.actions.3948445924": "s3:GetBucketLocation",
                            "statement.0.actions.486976917": "s3:ListBucket",
                            "statement.0.actions.796062918": "s3:ListAllMyBuckets",
                            "statement.0.actions.845481387": "s3:GetBucketAcl",
                            "statement.0.condition.#": "0",
                            "statement.0.effect": "Allow",
                            "statement.0.not_actions.#": "0",
                            "statement.0.not_principals.#": "0",
                            "statement.0.not_resources.#": "0",
                            "statement.0.principals.#": "0",
                            "statement.0.resources.#": "2",
                            "statement.0.resources.1840921752": "arn:aws:s3:::akerl-relay",
                            "statement.0.resources.308358512": "arn:aws:s3:::akerl-relay/*",
                            "statement.0.sid": "",
                            "version": "2012-10-17"
                        },
                        "meta": {},
                        "tainted": false
                    },
                    "deposed": [],
                    "provider": "provider.aws"
                }
            },
            "depends_on": []
        },
        {
            "path": [
                "root",
                "akerl-s3authproxy"
            ],
            "outputs": {
                "publish_bucket": {
                    "sensitive": false,
                    "type": "string",
                    "value": "akerl-s3authproxy"
                }
            },
            "resources": {
                "aws_iam_user.this": {
                    "type": "aws_iam_user",
                    "depends_on": [],
                    "primary": {
                        "id": "s3-publish-akerl-s3authproxy",
                        "attributes": {
                            "arn": "arn:aws:iam::764218738161:user/s3-publish-akerl-s3authproxy",
                            "force_destroy": "false",
                            "id": "s3-publish-akerl-s3authproxy",
                            "name": "s3-publish-akerl-s3authproxy",
                            "path": "/",
                            "tags.%": "0",
                            "unique_id": "AIDAJQA6KYJAPMCETHH3M"
                        },
                        "meta": {},
                        "tainted": false
                    },
                    "deposed": [],
                    "provider": "provider.aws"
                },
                "aws_iam_user_policy.this": {
                    "type": "aws_iam_user_policy",
                    "depends_on": [
                        "aws_iam_user.this",
                        "data.aws_iam_policy_document.this"
                    ],
                    "primary": {
                        "id": "s3-publish-akerl-s3authproxy:s3-publish",
                        "attributes": {
                            "id": "s3-publish-akerl-s3authproxy:s3-publish",
                            "name": "s3-publish",
                            "policy": "{\n  \"Version\": \"2012-10-17\",\n  \"Statement\": [\n    {\n      \"Sid\": \"\",\n      \"Effect\": \"Allow\",\n      \"Action\": [\n        \"s3:PutObject\",\n        \"s3:ListBucket\",\n        \"s3:ListAllMyBuckets\",\n        \"s3:GetObjectAcl\",\n        \"s3:GetObject\",\n        \"s3:GetBucketLocation\",\n        \"s3:GetBucketAcl\",\n        \"s3:DeleteObject\"\n      ],\n      \"Resource\": [\n        \"arn:aws:s3:::akerl-s3authproxy/*\",\n        \"arn:aws:s3:::akerl-s3authproxy\"\n      ]\n    }\n  ]\n}",
                            "user": "s3-publish-akerl-s3authproxy"
                        },
                        "meta": {},
                        "tainted": false
                    },
                    "deposed": [],
                    "provider": "provider.aws"
                },
                "aws_s3_bucket.this": {
                    "type": "aws_s3_bucket",
                    "depends_on": [],
                    "primary": {
                        "id": "akerl-s3authproxy",
                        "attributes": {
                            "acceleration_status": "",
                            "acl": "private",
                            "arn": "arn:aws:s3:::akerl-s3authproxy",
                            "bucket": "akerl-s3authproxy",
                            "bucket_domain_name": "akerl-s3authproxy.s3.amazonaws.com",
                            "bucket_regional_domain_name": "akerl-s3authproxy.s3.amazonaws.com",
                            "cors_rule.#": "0",
                            "force_destroy": "false",
                            "hosted_zone_id": "Z3AQBSTGFYJSTF",
                            "id": "akerl-s3authproxy",
                            "lifecycle_rule.#": "0",
                            "logging.#": "1",
                            "logging.1238601157.target_bucket": "akerl-s3-logs",
                            "logging.1238601157.target_prefix": "akerl-s3authproxy/",
                            "object_lock_configuration.#": "0",
                            "region": "us-east-1",
                            "replication_configuration.#": "0",
                            "request_payer": "BucketOwner",
                            "server_side_encryption_configuration.#": "0",
                            "tags.%": "0",
                            "versioning.#": "1",
                            "versioning.0.enabled": "true",
                            "versioning.0.mfa_delete": "false",
                            "website.#": "0"
                        },
                        "meta": {},
                        "tainted": false
                    },
                    "deposed": [],
                    "provider": "provider.aws"
                },
                "awscreds_iam_access_key.this": {
                    "type": "awscreds_iam_access_key",
                    "depends_on": [
                        "aws_iam_user.this"
                    ],
                    "primary": {
                        "id": "AKIAJCCFDOE7DMO45RZA",
                        "attributes": {
                            "file": "creds/s3-publish-akerl-s3authproxy",
                            "id": "AKIAJCCFDOE7DMO45RZA",
                            "secret": "",
                            "ses_smtp_password": "",
                            "status": "Active",
                            "user": "s3-publish-akerl-s3authproxy"
                        },
                        "meta": {},
                        "tainted": false
                    },
                    "deposed": [],
                    "provider": "provider.awscreds"
                },
                "data.aws_iam_policy_document.this": {
                    "type": "aws_iam_policy_document",
                    "depends_on": [],
                    "primary": {
                        "id": "347342268",
                        "attributes": {
                            "id": "347342268",
                            "json": "{\n  \"Version\": \"2012-10-17\",\n  \"Statement\": [\n    {\n      \"Sid\": \"\",\n      \"Effect\": \"Allow\",\n      \"Action\": [\n        \"s3:PutObject\",\n        \"s3:ListBucket\",\n        \"s3:ListAllMyBuckets\",\n        \"s3:GetObjectAcl\",\n        \"s3:GetObject\",\n        \"s3:GetBucketLocation\",\n        \"s3:GetBucketAcl\",\n        \"s3:DeleteObject\"\n      ],\n      \"Resource\": [\n        \"arn:aws:s3:::akerl-s3authproxy/*\",\n        \"arn:aws:s3:::akerl-s3authproxy\"\n      ]\n    }\n  ]\n}",
                            "statement.#": "1",
                            "statement.0.actions.#": "8",
                            "statement.0.actions.2071725391": "s3:GetObject",
                            "statement.0.actions.2517836488": "s3:GetObjectAcl",
                            "statement.0.actions.3009670498": "s3:DeleteObject",
                            "statement.0.actions.315547055": "s3:PutObject",
                            "statement.0.actions.3948445924": "s3:GetBucketLocation",
                            "statement.0.actions.486976917": "s3:ListBucket",
                            "statement.0.actions.796062918": "s3:ListAllMyBuckets",
                            "statement.0.actions.845481387": "s3:GetBucketAcl",
                            "statement.0.condition.#": "0",
                            "statement.0.effect": "Allow",
                            "statement.0.not_actions.#": "0",
                            "statement.0.not_principals.#": "0",
                            "statement.0.not_resources.#": "0",
                            "statement.0.principals.#": "0",
                            "statement.0.resources.#": "2",
                            "statement.0.resources.1858337009": "arn:aws:s3:::akerl-s3authproxy",
                            "statement.0.resources.978843726": "arn:aws:s3:::akerl-s3authproxy/*",
                            "statement.0.sid": "",
                            "version": "2012-10-17"
                        },
                        "meta": {},
                        "tainted": false
                    },
                    "deposed": [],
                    "provider": "provider.aws"
                }
            },
            "depends_on": []
        },
        {
            "path": [
                "root",
                "akerl-scratch"
            ],
            "outputs": {
                "cloudfront_zone_id": {
                    "sensitive": false,
                    "type": "string",
                    "value": "Z2FDTNDATAQYW2"
                },
                "redirect_dns_name": {
                    "sensitive": false,
                    "type": "string",
                    "value": "d1r9fyunyclvqx.cloudfront.net"
                },
                "site_dns_name": {
                    "sensitive": false,
                    "type": "string",
                    "value": "d11laxkl3xppse.cloudfront.net"
                }
            },
            "resources": {
                "aws_cloudfront_distribution.file": {
                    "type": "aws_cloudfront_distribution",
                    "depends_on": [
                        "aws_s3_bucket.file",
                        "module.certificate"
                    ],
                    "primary": {
                        "id": "E2ZA6U9AL34MBB",
                        "attributes": {
                            "active_trusted_signers.%": "2",
                            "active_trusted_signers.enabled": "false",
                            "active_trusted_signers.items.#": "0",
                            "aliases.#": "1",
                            "aliases.3144791181": "scratch.scrtybybscrty.org",
                            "arn": "arn:aws:cloudfront::764218738161:distribution/E2ZA6U9AL34MBB",
                            "caller_reference": "2019-03-10T16:13:34.241245+03:00",
                            "custom_error_response.#": "0",
                            "default_cache_behavior.#": "1",
                            "default_cache_behavior.0.allowed_methods.#": "2",
                            "default_cache_behavior.0.allowed_methods.1040875975": "GET",
                            "default_cache_behavior.0.allowed_methods.1445840968": "HEAD",
                            "default_cache_behavior.0.cached_methods.#": "2",
                            "default_cache_behavior.0.cached_methods.1040875975": "GET",
                            "default_cache_behavior.0.cached_methods.1445840968": "HEAD",
                            "default_cache_behavior.0.compress": "true",
                            "default_cache_behavior.0.default_ttl": "0",
                            "default_cache_behavior.0.field_level_encryption_id": "",
                            "default_cache_behavior.0.forwarded_values.#": "1",
                            "default_cache_behavior.0.forwarded_values.0.cookies.#": "1",
                            "default_cache_behavior.0.forwarded_values.0.cookies.0.forward": "none",
                            "default_cache_behavior.0.forwarded_values.0.cookies.0.whitelisted_names.#": "0",
                            "default_cache_behavior.0.forwarded_values.0.headers.#": "0",
                            "default_cache_behavior.0.forwarded_values.0.query_string": "false",
                            "default_cache_behavior.0.forwarded_values.0.query_string_cache_keys.#": "0",
                            "default_cache_behavior.0.lambda_function_association.#": "0",
                            "default_cache_behavior.0.max_ttl": "300",
                            "default_cache_behavior.0.min_ttl": "0",
                            "default_cache_behavior.0.smooth_streaming": "false",
                            "default_cache_behavior.0.target_origin_id": "file-bucket",
                            "default_cache_behavior.0.trusted_signers.#": "0",
                            "default_cache_behavior.0.viewer_protocol_policy": "redirect-to-https",
                            "default_root_object": "index.html",
                            "domain_name": "d11laxkl3xppse.cloudfront.net",
                            "enabled": "true",
                            "etag": "E39II646MTUYLM",
                            "hosted_zone_id": "Z2FDTNDATAQYW2",
                            "http_version": "http2",
                            "id": "E2ZA6U9AL34MBB",
                            "in_progress_validation_batches": "0",
                            "is_ipv6_enabled": "false",
                            "last_modified_time": "2019-03-10 13:13:36.172 +0000 UTC",
                            "logging_config.#": "1",
                            "logging_config.0.bucket": "akerl-s3-logs.s3.amazonaws.com",
                            "logging_config.0.include_cookies": "false",
                            "logging_config.0.prefix": "akerl-scratch-cdn/",
                            "ordered_cache_behavior.#": "0",
                            "origin.#": "1",
                            "origin.696411052.custom_header.#": "0",
                            "origin.696411052.custom_origin_config.#": "1",
                            "origin.696411052.custom_origin_config.0.http_port": "80",
                            "origin.696411052.custom_origin_config.0.https_port": "443",
                            "origin.696411052.custom_origin_config.0.origin_keepalive_timeout": "5",
                            "origin.696411052.custom_origin_config.0.origin_protocol_policy": "http-only",
                            "origin.696411052.custom_origin_config.0.origin_read_timeout": "30",
                            "origin.696411052.custom_origin_config.0.origin_ssl_protocols.#": "1",
                            "origin.696411052.custom_origin_config.0.origin_ssl_protocols.3981581077": "TLSv1.2",
                            "origin.696411052.domain_name": "akerl-scratch.s3-website-us-east-1.amazonaws.com",
                            "origin.696411052.origin_id": "file-bucket",
                            "origin.696411052.origin_path": "",
                            "origin.696411052.s3_origin_config.#": "0",
                            "price_class": "PriceClass_100",
                            "restrictions.#": "1",
                            "restrictions.0.geo_restriction.#": "1",
                            "restrictions.0.geo_restriction.0.locations.#": "0",
                            "restrictions.0.geo_restriction.0.restriction_type": "none",
                            "retain_on_delete": "false",
                            "status": "Deployed",
                            "tags.%": "0",
                            "viewer_certificate.#": "1",
                            "viewer_certificate.0.acm_certificate_arn": "arn:aws:acm:us-east-1:764218738161:certificate/59bce0fc-9818-441f-849f-baf79f83a150",
                            "viewer_certificate.0.cloudfront_default_certificate": "false",
                            "viewer_certificate.0.iam_certificate_id": "",
                            "viewer_certificate.0.minimum_protocol_version": "TLSv1.2_2018",
                            "viewer_certificate.0.ssl_support_method": "sni-only",
                            "web_acl_id": ""
                        },
                        "meta": {},
                        "tainted": false
                    },
                    "deposed": [],
                    "provider": "provider.aws"
                },
                "aws_cloudfront_distribution.redirect": {
                    "type": "aws_cloudfront_distribution",
                    "depends_on": [
                        "aws_s3_bucket.redirect",
                        "module.certificate"
                    ],
                    "primary": {
                        "id": "E240ZBUGZ39JDE",
                        "attributes": {
                            "active_trusted_signers.%": "2",
                            "active_trusted_signers.enabled": "false",
                            "active_trusted_signers.items.#": "0",
                            "aliases.#": "0",
                            "arn": "arn:aws:cloudfront::764218738161:distribution/E240ZBUGZ39JDE",
                            "caller_reference": "2019-03-10T16:14:06.096925+03:00",
                            "custom_error_response.#": "0",
                            "default_cache_behavior.#": "1",
                            "default_cache_behavior.0.allowed_methods.#": "2",
                            "default_cache_behavior.0.allowed_methods.1040875975": "GET",
                            "default_cache_behavior.0.allowed_methods.1445840968": "HEAD",
                            "default_cache_behavior.0.cached_methods.#": "2",
                            "default_cache_behavior.0.cached_methods.1040875975": "GET",
                            "default_cache_behavior.0.cached_methods.1445840968": "HEAD",
                            "default_cache_behavior.0.compress": "true",
                            "default_cache_behavior.0.default_ttl": "300",
                            "default_cache_behavior.0.field_level_encryption_id": "",
                            "default_cache_behavior.0.forwarded_values.#": "1",
                            "default_cache_behavior.0.forwarded_values.0.cookies.#": "1",
                            "default_cache_behavior.0.forwarded_values.0.cookies.0.forward": "none",
                            "default_cache_behavior.0.forwarded_values.0.cookies.0.whitelisted_names.#": "0",
                            "default_cache_behavior.0.forwarded_values.0.headers.#": "0",
                            "default_cache_behavior.0.forwarded_values.0.query_string": "false",
                            "default_cache_behavior.0.forwarded_values.0.query_string_cache_keys.#": "0",
                            "default_cache_behavior.0.lambda_function_association.#": "0",
                            "default_cache_behavior.0.max_ttl": "300",
                            "default_cache_behavior.0.min_ttl": "0",
                            "default_cache_behavior.0.smooth_streaming": "false",
                            "default_cache_behavior.0.target_origin_id": "redirect-bucket",
                            "default_cache_behavior.0.trusted_signers.#": "0",
                            "default_cache_behavior.0.viewer_protocol_policy": "redirect-to-https",
                            "default_root_object": "",
                            "domain_name": "d1r9fyunyclvqx.cloudfront.net",
                            "enabled": "true",
                            "etag": "E3GCPZ56FOYU76",
                            "hosted_zone_id": "Z2FDTNDATAQYW2",
                            "http_version": "http2",
                            "id": "E240ZBUGZ39JDE",
                            "in_progress_validation_batches": "0",
                            "is_ipv6_enabled": "false",
                            "last_modified_time": "2019-03-10 13:14:08.238 +0000 UTC",
                            "logging_config.#": "1",
                            "logging_config.0.bucket": "akerl-s3-logs.s3.amazonaws.com",
                            "logging_config.0.include_cookies": "false",
                            "logging_config.0.prefix": "akerl-scratch-redirect-cdn",
                            "ordered_cache_behavior.#": "0",
                            "origin.#": "1",
                            "origin.2293509151.custom_header.#": "0",
                            "origin.2293509151.custom_origin_config.#": "1",
                            "origin.2293509151.custom_origin_config.0.http_port": "80",
                            "origin.2293509151.custom_origin_config.0.https_port": "443",
                            "origin.2293509151.custom_origin_config.0.origin_keepalive_timeout": "5",
                            "origin.2293509151.custom_origin_config.0.origin_protocol_policy": "http-only",
                            "origin.2293509151.custom_origin_config.0.origin_read_timeout": "30",
                            "origin.2293509151.custom_origin_config.0.origin_ssl_protocols.#": "1",
                            "origin.2293509151.custom_origin_config.0.origin_ssl_protocols.3981581077": "TLSv1.2",
                            "origin.2293509151.domain_name": "akerl-scratch-redirect.s3-website-us-east-1.amazonaws.com",
                            "origin.2293509151.origin_id": "redirect-bucket",
                            "origin.2293509151.origin_path": "",
                            "origin.2293509151.s3_origin_config.#": "0",
                            "price_class": "PriceClass_100",
                            "restrictions.#": "1",
                            "restrictions.0.geo_restriction.#": "1",
                            "restrictions.0.geo_restriction.0.locations.#": "0",
                            "restrictions.0.geo_restriction.0.restriction_type": "none",
                            "retain_on_delete": "false",
                            "status": "Deployed",
                            "tags.%": "0",
                            "viewer_certificate.#": "1",
                            "viewer_certificate.0.acm_certificate_arn": "arn:aws:acm:us-east-1:764218738161:certificate/59bce0fc-9818-441f-849f-baf79f83a150",
                            "viewer_certificate.0.cloudfront_default_certificate": "false",
                            "viewer_certificate.0.iam_certificate_id": "",
                            "viewer_certificate.0.minimum_protocol_version": "TLSv1.2_2018",
                            "viewer_certificate.0.ssl_support_method": "sni-only",
                            "web_acl_id": ""
                        },
                        "meta": {},
                        "tainted": false
                    },
                    "deposed": [],
                    "provider": "provider.aws"
                },
                "aws_s3_bucket.file": {
                    "type": "aws_s3_bucket",
                    "depends_on": [
                        "data.aws_iam_policy_document.file_bucket_read_access"
                    ],
                    "primary": {
                        "id": "akerl-scratch",
                        "attributes": {
                            "acceleration_status": "",
                            "acl": "private",
                            "arn": "arn:aws:s3:::akerl-scratch",
                            "bucket": "akerl-scratch",
                            "bucket_domain_name": "akerl-scratch.s3.amazonaws.com",
                            "bucket_regional_domain_name": "akerl-scratch.s3.amazonaws.com",
                            "cors_rule.#": "0",
                            "force_destroy": "false",
                            "hosted_zone_id": "Z3AQBSTGFYJSTF",
                            "id": "akerl-scratch",
                            "lifecycle_rule.#": "0",
                            "logging.#": "1",
                            "logging.3581142152.target_bucket": "akerl-s3-logs",
                            "logging.3581142152.target_prefix": "akerl-scratch/",
                            "object_lock_configuration.#": "0",
                            "policy": "{\"Statement\":[{\"Action\":\"s3:GetObject\",\"Effect\":\"Allow\",\"Principal\":{\"AWS\":\"*\"},\"Resource\":\"arn:aws:s3:::akerl-scratch/*\",\"Sid\":\"\"}],\"Version\":\"2012-10-17\"}",
                            "region": "us-east-1",
                            "replication_configuration.#": "0",
                            "request_payer": "BucketOwner",
                            "server_side_encryption_configuration.#": "0",
                            "tags.%": "0",
                            "versioning.#": "1",
                            "versioning.0.enabled": "true",
                            "versioning.0.mfa_delete": "false",
                            "website.#": "1",
                            "website.0.error_document": "404.html",
                            "website.0.index_document": "index.html",
                            "website.0.redirect_all_requests_to": "",
                            "website.0.routing_rules": "",
                            "website_domain": "s3-website-us-east-1.amazonaws.com",
                            "website_endpoint": "akerl-scratch.s3-website-us-east-1.amazonaws.com"
                        },
                        "meta": {},
                        "tainted": false
                    },
                    "deposed": [],
                    "provider": "provider.aws"
                },
                "aws_s3_bucket.redirect": {
                    "type": "aws_s3_bucket",
                    "depends_on": [
                        "data.aws_iam_policy_document.redirect_bucket_read_access"
                    ],
                    "primary": {
                        "id": "akerl-scratch-redirect",
                        "attributes": {
                            "acceleration_status": "",
                            "acl": "private",
                            "arn": "arn:aws:s3:::akerl-scratch-redirect",
                            "bucket": "akerl-scratch-redirect",
                            "bucket_domain_name": "akerl-scratch-redirect.s3.amazonaws.com",
                            "bucket_regional_domain_name": "akerl-scratch-redirect.s3.amazonaws.com",
                            "cors_rule.#": "0",
                            "force_destroy": "false",
                            "hosted_zone_id": "Z3AQBSTGFYJSTF",
                            "id": "akerl-scratch-redirect",
                            "lifecycle_rule.#": "0",
                            "logging.#": "1",
                            "logging.3589633374.target_bucket": "akerl-s3-logs",
                            "logging.3589633374.target_prefix": "akerl-scratch-redirect/",
                            "object_lock_configuration.#": "0",
                            "policy": "{\"Statement\":[{\"Action\":\"s3:GetObject\",\"Effect\":\"Allow\",\"Principal\":{\"AWS\":\"*\"},\"Resource\":\"arn:aws:s3:::akerl-scratch-redirect/*\",\"Sid\":\"\"}],\"Version\":\"2012-10-17\"}",
                            "region": "us-east-1",
                            "replication_configuration.#": "0",
                            "request_payer": "BucketOwner",
                            "server_side_encryption_configuration.#": "0",
                            "tags.%": "0",
                            "versioning.#": "1",
                            "versioning.0.enabled": "true",
                            "versioning.0.mfa_delete": "false",
                            "website.#": "1",
                            "website.0.error_document": "",
                            "website.0.index_document": "",
                            "website.0.redirect_all_requests_to": "https://scratch.scrtybybscrty.org",
                            "website.0.routing_rules": "",
                            "website_domain": "s3-website-us-east-1.amazonaws.com",
                            "website_endpoint": "akerl-scratch-redirect.s3-website-us-east-1.amazonaws.com"
                        },
                        "meta": {},
                        "tainted": false
                    },
                    "deposed": [],
                    "provider": "provider.aws"
                },
                "data.aws_iam_policy_document.file_bucket_read_access": {
                    "type": "aws_iam_policy_document",
                    "depends_on": [],
                    "primary": {
                        "id": "714864521",
                        "attributes": {
                            "id": "714864521",
                            "json": "{\n  \"Version\": \"2012-10-17\",\n  \"Statement\": [\n    {\n      \"Sid\": \"\",\n      \"Effect\": \"Allow\",\n      \"Action\": \"s3:GetObject\",\n      \"Resource\": \"arn:aws:s3:::akerl-scratch/*\",\n      \"Principal\": {\n        \"AWS\": \"*\"\n      }\n    }\n  ]\n}",
                            "statement.#": "1",
                            "statement.0.actions.#": "1",
                            "statement.0.actions.2071725391": "s3:GetObject",
                            "statement.0.condition.#": "0",
                            "statement.0.effect": "Allow",
                            "statement.0.not_actions.#": "0",
                            "statement.0.not_principals.#": "0",
                            "statement.0.not_resources.#": "0",
                            "statement.0.principals.#": "1",
                            "statement.0.principals.636693895.identifiers.#": "1",
                            "statement.0.principals.636693895.identifiers.2679715827": "*",
                            "statement.0.principals.636693895.type": "AWS",
                            "statement.0.resources.#": "1",
                            "statement.0.resources.186584112": "arn:aws:s3:::akerl-scratch/*",
                            "statement.0.sid": "",
                            "version": "2012-10-17"
                        },
                        "meta": {},
                        "tainted": false
                    },
                    "deposed": [],
                    "provider": "provider.aws"
                },
                "data.aws_iam_policy_document.redirect_bucket_read_access": {
                    "type": "aws_iam_policy_document",
                    "depends_on": [],
                    "primary": {
                        "id": "1331072923",
                        "attributes": {
                            "id": "1331072923",
                            "json": "{\n  \"Version\": \"2012-10-17\",\n  \"Statement\": [\n    {\n      \"Sid\": \"\",\n      \"Effect\": \"Allow\",\n      \"Action\": \"s3:GetObject\",\n      \"Resource\": \"arn:aws:s3:::akerl-scratch-redirect/*\",\n      \"Principal\": {\n        \"AWS\": \"*\"\n      }\n    }\n  ]\n}",
                            "statement.#": "1",
                            "statement.0.actions.#": "1",
                            "statement.0.actions.2071725391": "s3:GetObject",
                            "statement.0.condition.#": "0",
                            "statement.0.effect": "Allow",
                            "statement.0.not_actions.#": "0",
                            "statement.0.not_principals.#": "0",
                            "statement.0.not_resources.#": "0",
                            "statement.0.principals.#": "1",
                            "statement.0.principals.636693895.identifiers.#": "1",
                            "statement.0.principals.636693895.identifiers.2679715827": "*",
                            "statement.0.principals.636693895.type": "AWS",
                            "statement.0.resources.#": "1",
                            "statement.0.resources.3607552902": "arn:aws:s3:::akerl-scratch-redirect/*",
                            "statement.0.sid": "",
                            "version": "2012-10-17"
                        },
                        "meta": {},
                        "tainted": false
                    },
                    "deposed": [],
                    "provider": "provider.aws"
                }
            },
            "depends_on": []
        },
        {
            "path": [
                "root",
                "akerl-snstoslack"
            ],
            "outputs": {
                "publish_bucket": {
                    "sensitive": false,
                    "type": "string",
                    "value": "akerl-snstoslack"
                }
            },
            "resources": {
                "aws_iam_user.this": {
                    "type": "aws_iam_user",
                    "depends_on": [],
                    "primary": {
                        "id": "s3-publish-akerl-snstoslack",
                        "attributes": {
                            "arn": "arn:aws:iam::764218738161:user/s3-publish-akerl-snstoslack",
                            "force_destroy": "false",
                            "id": "s3-publish-akerl-snstoslack",
                            "name": "s3-publish-akerl-snstoslack",
                            "path": "/",
                            "tags.%": "0",
                            "unique_id": "AIDAI77XXR7HCCV7ZXW3C"
                        },
                        "meta": {},
                        "tainted": false
                    },
                    "deposed": [],
                    "provider": "provider.aws"
                },
                "aws_iam_user_policy.this": {
                    "type": "aws_iam_user_policy",
                    "depends_on": [
                        "aws_iam_user.this",
                        "data.aws_iam_policy_document.this"
                    ],
                    "primary": {
                        "id": "s3-publish-akerl-snstoslack:s3-publish",
                        "attributes": {
                            "id": "s3-publish-akerl-snstoslack:s3-publish",
                            "name": "s3-publish",
                            "policy": "{\n  \"Version\": \"2012-10-17\",\n  \"Statement\": [\n    {\n      \"Sid\": \"\",\n      \"Effect\": \"Allow\",\n      \"Action\": [\n        \"s3:PutObject\",\n        \"s3:ListBucket\",\n        \"s3:ListAllMyBuckets\",\n        \"s3:GetObjectAcl\",\n        \"s3:GetObject\",\n        \"s3:GetBucketLocation\",\n        \"s3:GetBucketAcl\",\n        \"s3:DeleteObject\"\n      ],\n      \"Resource\": [\n        \"arn:aws:s3:::akerl-snstoslack/*\",\n        \"arn:aws:s3:::akerl-snstoslack\"\n      ]\n    }\n  ]\n}",
                            "user": "s3-publish-akerl-snstoslack"
                        },
                        "meta": {},
                        "tainted": false
                    },
                    "deposed": [],
                    "provider": "provider.aws"
                },
                "aws_s3_bucket.this": {
                    "type": "aws_s3_bucket",
                    "depends_on": [],
                    "primary": {
                        "id": "akerl-snstoslack",
                        "attributes": {
                            "acceleration_status": "",
                            "acl": "private",
                            "arn": "arn:aws:s3:::akerl-snstoslack",
                            "bucket": "akerl-snstoslack",
                            "bucket_domain_name": "akerl-snstoslack.s3.amazonaws.com",
                            "bucket_regional_domain_name": "akerl-snstoslack.s3.amazonaws.com",
                            "cors_rule.#": "0",
                            "force_destroy": "false",
                            "hosted_zone_id": "Z3AQBSTGFYJSTF",
                            "id": "akerl-snstoslack",
                            "lifecycle_rule.#": "0",
                            "logging.#": "1",
                            "logging.1940905676.target_bucket": "akerl-s3-logs",
                            "logging.1940905676.target_prefix": "akerl-snstoslack/",
                            "object_lock_configuration.#": "0",
                            "region": "us-east-1",
                            "replication_configuration.#": "0",
                            "request_payer": "BucketOwner",
                            "server_side_encryption_configuration.#": "0",
                            "tags.%": "0",
                            "versioning.#": "1",
                            "versioning.0.enabled": "true",
                            "versioning.0.mfa_delete": "false",
                            "website.#": "0"
                        },
                        "meta": {},
                        "tainted": false
                    },
                    "deposed": [],
                    "provider": "provider.aws"
                },
                "awscreds_iam_access_key.this": {
                    "type": "awscreds_iam_access_key",
                    "depends_on": [
                        "aws_iam_user.this"
                    ],
                    "primary": {
                        "id": "AKIAJQUXKVVUOTRQD6KA",
                        "attributes": {
                            "file": "creds/s3-publish-akerl-snstoslack",
                            "id": "AKIAJQUXKVVUOTRQD6KA",
                            "secret": "",
                            "ses_smtp_password": "",
                            "status": "Active",
                            "user": "s3-publish-akerl-snstoslack"
                        },
                        "meta": {},
                        "tainted": false
                    },
                    "deposed": [],
                    "provider": "provider.awscreds"
                },
                "data.aws_iam_policy_document.this": {
                    "type": "aws_iam_policy_document",
                    "depends_on": [],
                    "primary": {
                        "id": "1457191474",
                        "attributes": {
                            "id": "1457191474",
                            "json": "{\n  \"Version\": \"2012-10-17\",\n  \"Statement\": [\n    {\n      \"Sid\": \"\",\n      \"Effect\": \"Allow\",\n      \"Action\": [\n        \"s3:PutObject\",\n        \"s3:ListBucket\",\n        \"s3:ListAllMyBuckets\",\n        \"s3:GetObjectAcl\",\n        \"s3:GetObject\",\n        \"s3:GetBucketLocation\",\n        \"s3:GetBucketAcl\",\n        \"s3:DeleteObject\"\n      ],\n      \"Resource\": [\n        \"arn:aws:s3:::akerl-snstoslack/*\",\n        \"arn:aws:s3:::akerl-snstoslack\"\n      ]\n    }\n  ]\n}",
                            "statement.#": "1",
                            "statement.0.actions.#": "8",
                            "statement.0.actions.2071725391": "s3:GetObject",
                            "statement.0.actions.2517836488": "s3:GetObjectAcl",
                            "statement.0.actions.3009670498": "s3:DeleteObject",
                            "statement.0.actions.315547055": "s3:PutObject",
                            "statement.0.actions.3948445924": "s3:GetBucketLocation",
                            "statement.0.actions.486976917": "s3:ListBucket",
                            "statement.0.actions.796062918": "s3:ListAllMyBuckets",
                            "statement.0.actions.845481387": "s3:GetBucketAcl",
                            "statement.0.condition.#": "0",
                            "statement.0.effect": "Allow",
                            "statement.0.not_actions.#": "0",
                            "statement.0.not_principals.#": "0",
                            "statement.0.not_resources.#": "0",
                            "statement.0.principals.#": "0",
                            "statement.0.resources.#": "2",
                            "statement.0.resources.2224904497": "arn:aws:s3:::akerl-snstoslack/*",
                            "statement.0.resources.3199279567": "arn:aws:s3:::akerl-snstoslack",
                            "statement.0.sid": "",
                            "version": "2012-10-17"
                        },
                        "meta": {},
                        "tainted": false
                    },
                    "deposed": [],
                    "provider": "provider.aws"
                }
            },
            "depends_on": []
        },
        {
            "path": [
                "root",
                "akerl-wedding"
            ],
            "outputs": {
                "wedding-dns_name": {
                    "sensitive": false,
                    "type": "string",
                    "value": "d28rmrxunttz4a.cloudfront.net"
                }
            },
            "resources": {
                "aws_cloudfront_distribution.redirect_distribution": {
                    "type": "aws_cloudfront_distribution",
                    "depends_on": [
                        "aws_s3_bucket.redirect_bucket",
                        "module.certificate"
                    ],
                    "primary": {
                        "id": "E3PTYTTATMF10V",
                        "attributes": {
                            "active_trusted_signers.%": "2",
                            "active_trusted_signers.enabled": "false",
                            "active_trusted_signers.items.#": "0",
                            "aliases.#": "2",
                            "aliases.1791641142": "www.happilyeveraker.com",
                            "aliases.2119664291": "happilyeveraker.com",
                            "arn": "arn:aws:cloudfront::764218738161:distribution/E3PTYTTATMF10V",
                            "caller_reference": "2019-03-10T16:12:59.19181+03:00",
                            "custom_error_response.#": "0",
                            "default_cache_behavior.#": "1",
                            "default_cache_behavior.0.allowed_methods.#": "2",
                            "default_cache_behavior.0.allowed_methods.1040875975": "GET",
                            "default_cache_behavior.0.allowed_methods.1445840968": "HEAD",
                            "default_cache_behavior.0.cached_methods.#": "2",
                            "default_cache_behavior.0.cached_methods.1040875975": "GET",
                            "default_cache_behavior.0.cached_methods.1445840968": "HEAD",
                            "default_cache_behavior.0.compress": "true",
                            "default_cache_behavior.0.default_ttl": "300",
                            "default_cache_behavior.0.field_level_encryption_id": "",
                            "default_cache_behavior.0.forwarded_values.#": "1",
                            "default_cache_behavior.0.forwarded_values.0.cookies.#": "1",
                            "default_cache_behavior.0.forwarded_values.0.cookies.0.forward": "none",
                            "default_cache_behavior.0.forwarded_values.0.cookies.0.whitelisted_names.#": "0",
                            "default_cache_behavior.0.forwarded_values.0.headers.#": "0",
                            "default_cache_behavior.0.forwarded_values.0.query_string": "false",
                            "default_cache_behavior.0.forwarded_values.0.query_string_cache_keys.#": "0",
                            "default_cache_behavior.0.lambda_function_association.#": "0",
                            "default_cache_behavior.0.max_ttl": "300",
                            "default_cache_behavior.0.min_ttl": "0",
                            "default_cache_behavior.0.smooth_streaming": "false",
                            "default_cache_behavior.0.target_origin_id": "redirect_bucket",
                            "default_cache_behavior.0.trusted_signers.#": "0",
                            "default_cache_behavior.0.viewer_protocol_policy": "redirect-to-https",
                            "default_root_object": "",
                            "domain_name": "d28rmrxunttz4a.cloudfront.net",
                            "enabled": "true",
                            "etag": "E18J3KWFAEK4I6",
                            "hosted_zone_id": "Z2FDTNDATAQYW2",
                            "http_version": "http2",
                            "id": "E3PTYTTATMF10V",
                            "in_progress_validation_batches": "0",
                            "is_ipv6_enabled": "false",
                            "last_modified_time": "2019-03-10 13:13:01.159 +0000 UTC",
                            "logging_config.#": "1",
                            "logging_config.0.bucket": "akerl-s3-logs.s3.amazonaws.com",
                            "logging_config.0.include_cookies": "false",
                            "logging_config.0.prefix": "akerl-wedding-redirect-cdn",
                            "ordered_cache_behavior.#": "0",
                            "origin.#": "1",
                            "origin.2369488117.custom_header.#": "0",
                            "origin.2369488117.custom_origin_config.#": "1",
                            "origin.2369488117.custom_origin_config.0.http_port": "80",
                            "origin.2369488117.custom_origin_config.0.https_port": "443",
                            "origin.2369488117.custom_origin_config.0.origin_keepalive_timeout": "5",
                            "origin.2369488117.custom_origin_config.0.origin_protocol_policy": "http-only",
                            "origin.2369488117.custom_origin_config.0.origin_read_timeout": "30",
                            "origin.2369488117.custom_origin_config.0.origin_ssl_protocols.#": "1",
                            "origin.2369488117.custom_origin_config.0.origin_ssl_protocols.3981581077": "TLSv1.2",
                            "origin.2369488117.domain_name": "akerl-wedding-redirect.s3-website-us-east-1.amazonaws.com",
                            "origin.2369488117.origin_id": "redirect_bucket",
                            "origin.2369488117.origin_path": "",
                            "origin.2369488117.s3_origin_config.#": "0",
                            "price_class": "PriceClass_100",
                            "restrictions.#": "1",
                            "restrictions.0.geo_restriction.#": "1",
                            "restrictions.0.geo_restriction.0.locations.#": "0",
                            "restrictions.0.geo_restriction.0.restriction_type": "none",
                            "retain_on_delete": "false",
                            "status": "Deployed",
                            "tags.%": "0",
                            "viewer_certificate.#": "1",
                            "viewer_certificate.0.acm_certificate_arn": "arn:aws:acm:us-east-1:764218738161:certificate/91aeaeee-cb5d-4794-be6f-4e9b30314d57",
                            "viewer_certificate.0.cloudfront_default_certificate": "false",
                            "viewer_certificate.0.iam_certificate_id": "",
                            "viewer_certificate.0.minimum_protocol_version": "TLSv1.2_2018",
                            "viewer_certificate.0.ssl_support_method": "sni-only",
                            "web_acl_id": ""
                        },
                        "meta": {},
                        "tainted": false
                    },
                    "deposed": [],
                    "provider": "provider.aws"
                },
                "aws_s3_bucket.redirect_bucket": {
                    "type": "aws_s3_bucket",
                    "depends_on": [
                        "data.aws_iam_policy_document.redirect_bucket-read-access"
                    ],
                    "primary": {
                        "id": "akerl-wedding-redirect",
                        "attributes": {
                            "acceleration_status": "",
                            "acl": "private",
                            "arn": "arn:aws:s3:::akerl-wedding-redirect",
                            "bucket": "akerl-wedding-redirect",
                            "bucket_domain_name": "akerl-wedding-redirect.s3.amazonaws.com",
                            "bucket_regional_domain_name": "akerl-wedding-redirect.s3.amazonaws.com",
                            "cors_rule.#": "0",
                            "force_destroy": "false",
                            "hosted_zone_id": "Z3AQBSTGFYJSTF",
                            "id": "akerl-wedding-redirect",
                            "lifecycle_rule.#": "0",
                            "logging.#": "1",
                            "logging.464015257.target_bucket": "akerl-s3-logs",
                            "logging.464015257.target_prefix": "akerl-wedding-redirect/",
                            "object_lock_configuration.#": "0",
                            "policy": "{\"Statement\":[{\"Action\":\"s3:GetObject\",\"Effect\":\"Allow\",\"Principal\":{\"AWS\":\"*\"},\"Resource\":\"arn:aws:s3:::akerl-wedding-redirect/*\",\"Sid\":\"\"}],\"Version\":\"2012-10-17\"}",
                            "region": "us-east-1",
                            "replication_configuration.#": "0",
                            "request_payer": "BucketOwner",
                            "server_side_encryption_configuration.#": "0",
                            "tags.%": "0",
                            "versioning.#": "1",
                            "versioning.0.enabled": "true",
                            "versioning.0.mfa_delete": "false",
                            "website.#": "1",
                            "website.0.error_document": "",
                            "website.0.index_document": "",
                            "website.0.redirect_all_requests_to": "https://www.theknot.com/us/kelly-watts-and-les-aker-may-2017",
                            "website.0.routing_rules": "",
                            "website_domain": "s3-website-us-east-1.amazonaws.com",
                            "website_endpoint": "akerl-wedding-redirect.s3-website-us-east-1.amazonaws.com"
                        },
                        "meta": {},
                        "tainted": false
                    },
                    "deposed": [],
                    "provider": "provider.aws"
                },
                "data.aws_iam_policy_document.redirect_bucket-read-access": {
                    "type": "aws_iam_policy_document",
                    "depends_on": [],
                    "primary": {
                        "id": "3594735451",
                        "attributes": {
                            "id": "3594735451",
                            "json": "{\n  \"Version\": \"2012-10-17\",\n  \"Statement\": [\n    {\n      \"Sid\": \"\",\n      \"Effect\": \"Allow\",\n      \"Action\": \"s3:GetObject\",\n      \"Resource\": \"arn:aws:s3:::akerl-wedding-redirect/*\",\n      \"Principal\": {\n        \"AWS\": \"*\"\n      }\n    }\n  ]\n}",
                            "statement.#": "1",
                            "statement.0.actions.#": "1",
                            "statement.0.actions.2071725391": "s3:GetObject",
                            "statement.0.condition.#": "0",
                            "statement.0.effect": "Allow",
                            "statement.0.not_actions.#": "0",
                            "statement.0.not_principals.#": "0",
                            "statement.0.not_resources.#": "0",
                            "statement.0.principals.#": "1",
                            "statement.0.principals.636693895.identifiers.#": "1",
                            "statement.0.principals.636693895.identifiers.2679715827": "*",
                            "statement.0.principals.636693895.type": "AWS",
                            "statement.0.resources.#": "1",
                            "statement.0.resources.3536382383": "arn:aws:s3:::akerl-wedding-redirect/*",
                            "statement.0.sid": "",
                            "version": "2012-10-17"
                        },
                        "meta": {},
                        "tainted": false
                    },
                    "deposed": [],
                    "provider": "provider.aws"
                }
            },
            "depends_on": []
        },
        {
            "path": [
                "root",
                "amylum-repo"
            ],
            "outputs": {
                "cloudfront_zone_id": {
                    "sensitive": false,
                    "type": "string",
                    "value": "Z2FDTNDATAQYW2"
                },
                "redirect_dns_name": {
                    "sensitive": false,
                    "type": "string",
                    "value": "dwkzfmxqn98ko.cloudfront.net"
                },
                "site_dns_name": {
                    "sensitive": false,
                    "type": "string",
                    "value": "d3b0h0je7nbicg.cloudfront.net"
                }
            },
            "resources": {
                "aws_cloudfront_distribution.file": {
                    "type": "aws_cloudfront_distribution",
                    "depends_on": [
                        "aws_s3_bucket.file",
                        "module.certificate"
                    ],
                    "primary": {
                        "id": "E1UFOR4KCYO8RN",
                        "attributes": {
                            "active_trusted_signers.%": "2",
                            "active_trusted_signers.enabled": "false",
                            "active_trusted_signers.items.#": "0",
                            "aliases.#": "1",
                            "aliases.3058809287": "repo.scrtybybscrty.org",
                            "arn": "arn:aws:cloudfront::764218738161:distribution/E1UFOR4KCYO8RN",
                            "caller_reference": "2019-03-10T16:12:27.553898+03:00",
                            "custom_error_response.#": "0",
                            "default_cache_behavior.#": "1",
                            "default_cache_behavior.0.allowed_methods.#": "2",
                            "default_cache_behavior.0.allowed_methods.1040875975": "GET",
                            "default_cache_behavior.0.allowed_methods.1445840968": "HEAD",
                            "default_cache_behavior.0.cached_methods.#": "2",
                            "default_cache_behavior.0.cached_methods.1040875975": "GET",
                            "default_cache_behavior.0.cached_methods.1445840968": "HEAD",
                            "default_cache_behavior.0.compress": "true",
                            "default_cache_behavior.0.default_ttl": "0",
                            "default_cache_behavior.0.field_level_encryption_id": "",
                            "default_cache_behavior.0.forwarded_values.#": "1",
                            "default_cache_behavior.0.forwarded_values.0.cookies.#": "1",
                            "default_cache_behavior.0.forwarded_values.0.cookies.0.forward": "none",
                            "default_cache_behavior.0.forwarded_values.0.cookies.0.whitelisted_names.#": "0",
                            "default_cache_behavior.0.forwarded_values.0.headers.#": "0",
                            "default_cache_behavior.0.forwarded_values.0.query_string": "false",
                            "default_cache_behavior.0.forwarded_values.0.query_string_cache_keys.#": "0",
                            "default_cache_behavior.0.lambda_function_association.#": "0",
                            "default_cache_behavior.0.max_ttl": "300",
                            "default_cache_behavior.0.min_ttl": "0",
                            "default_cache_behavior.0.smooth_streaming": "false",
                            "default_cache_behavior.0.target_origin_id": "file-bucket",
                            "default_cache_behavior.0.trusted_signers.#": "0",
                            "default_cache_behavior.0.viewer_protocol_policy": "redirect-to-https",
                            "default_root_object": "index.html",
                            "domain_name": "d3b0h0je7nbicg.cloudfront.net",
                            "enabled": "true",
                            "etag": "E1NW5ZSRM9CUSO",
                            "hosted_zone_id": "Z2FDTNDATAQYW2",
                            "http_version": "http2",
                            "id": "E1UFOR4KCYO8RN",
                            "in_progress_validation_batches": "0",
                            "is_ipv6_enabled": "false",
                            "last_modified_time": "2019-03-10 13:12:32.8 +0000 UTC",
                            "logging_config.#": "1",
                            "logging_config.0.bucket": "akerl-s3-logs.s3.amazonaws.com",
                            "logging_config.0.include_cookies": "false",
                            "logging_config.0.prefix": "amylum-repo-cdn/",
                            "ordered_cache_behavior.#": "0",
                            "origin.#": "1",
                            "origin.913492498.custom_header.#": "0",
                            "origin.913492498.custom_origin_config.#": "1",
                            "origin.913492498.custom_origin_config.0.http_port": "80",
                            "origin.913492498.custom_origin_config.0.https_port": "443",
                            "origin.913492498.custom_origin_config.0.origin_keepalive_timeout": "5",
                            "origin.913492498.custom_origin_config.0.origin_protocol_policy": "http-only",
                            "origin.913492498.custom_origin_config.0.origin_read_timeout": "30",
                            "origin.913492498.custom_origin_config.0.origin_ssl_protocols.#": "1",
                            "origin.913492498.custom_origin_config.0.origin_ssl_protocols.3981581077": "TLSv1.2",
                            "origin.913492498.domain_name": "amylum-repo.s3-website-us-east-1.amazonaws.com",
                            "origin.913492498.origin_id": "file-bucket",
                            "origin.913492498.origin_path": "",
                            "origin.913492498.s3_origin_config.#": "0",
                            "price_class": "PriceClass_100",
                            "restrictions.#": "1",
                            "restrictions.0.geo_restriction.#": "1",
                            "restrictions.0.geo_restriction.0.locations.#": "0",
                            "restrictions.0.geo_restriction.0.restriction_type": "none",
                            "retain_on_delete": "false",
                            "status": "Deployed",
                            "tags.%": "0",
                            "viewer_certificate.#": "1",
                            "viewer_certificate.0.acm_certificate_arn": "arn:aws:acm:us-east-1:764218738161:certificate/64c634fc-9f5c-41fa-831c-dcad7894efc8",
                            "viewer_certificate.0.cloudfront_default_certificate": "false",
                            "viewer_certificate.0.iam_certificate_id": "",
                            "viewer_certificate.0.minimum_protocol_version": "TLSv1.2_2018",
                            "viewer_certificate.0.ssl_support_method": "sni-only",
                            "web_acl_id": ""
                        },
                        "meta": {},
                        "tainted": false
                    },
                    "deposed": [],
                    "provider": "provider.aws"
                },
                "aws_cloudfront_distribution.redirect": {
                    "type": "aws_cloudfront_distribution",
                    "depends_on": [
                        "aws_s3_bucket.redirect",
                        "module.certificate"
                    ],
                    "primary": {
                        "id": "E2YJ9O855JY3GV",
                        "attributes": {
                            "active_trusted_signers.%": "2",
                            "active_trusted_signers.enabled": "false",
                            "active_trusted_signers.items.#": "0",
                            "aliases.#": "0",
                            "arn": "arn:aws:cloudfront::764218738161:distribution/E2YJ9O855JY3GV",
                            "caller_reference": "2019-03-10T16:12:24.03127+03:00",
                            "custom_error_response.#": "0",
                            "default_cache_behavior.#": "1",
                            "default_cache_behavior.0.allowed_methods.#": "2",
                            "default_cache_behavior.0.allowed_methods.1040875975": "GET",
                            "default_cache_behavior.0.allowed_methods.1445840968": "HEAD",
                            "default_cache_behavior.0.cached_methods.#": "2",
                            "default_cache_behavior.0.cached_methods.1040875975": "GET",
                            "default_cache_behavior.0.cached_methods.1445840968": "HEAD",
                            "default_cache_behavior.0.compress": "true",
                            "default_cache_behavior.0.default_ttl": "300",
                            "default_cache_behavior.0.field_level_encryption_id": "",
                            "default_cache_behavior.0.forwarded_values.#": "1",
                            "default_cache_behavior.0.forwarded_values.0.cookies.#": "1",
                            "default_cache_behavior.0.forwarded_values.0.cookies.0.forward": "none",
                            "default_cache_behavior.0.forwarded_values.0.cookies.0.whitelisted_names.#": "0",
                            "default_cache_behavior.0.forwarded_values.0.headers.#": "0",
                            "default_cache_behavior.0.forwarded_values.0.query_string": "false",
                            "default_cache_behavior.0.forwarded_values.0.query_string_cache_keys.#": "0",
                            "default_cache_behavior.0.lambda_function_association.#": "0",
                            "default_cache_behavior.0.max_ttl": "300",
                            "default_cache_behavior.0.min_ttl": "0",
                            "default_cache_behavior.0.smooth_streaming": "false",
                            "default_cache_behavior.0.target_origin_id": "redirect-bucket",
                            "default_cache_behavior.0.trusted_signers.#": "0",
                            "default_cache_behavior.0.viewer_protocol_policy": "redirect-to-https",
                            "default_root_object": "",
                            "domain_name": "dwkzfmxqn98ko.cloudfront.net",
                            "enabled": "true",
                            "etag": "E2EXCOKQU1KTYQ",
                            "hosted_zone_id": "Z2FDTNDATAQYW2",
                            "http_version": "http2",
                            "id": "E2YJ9O855JY3GV",
                            "in_progress_validation_batches": "0",
                            "is_ipv6_enabled": "false",
                            "last_modified_time": "2019-03-10 13:12:26.335 +0000 UTC",
                            "logging_config.#": "1",
                            "logging_config.0.bucket": "akerl-s3-logs.s3.amazonaws.com",
                            "logging_config.0.include_cookies": "false",
                            "logging_config.0.prefix": "amylum-repo-redirect-cdn",
                            "ordered_cache_behavior.#": "0",
                            "origin.#": "1",
                            "origin.3996731579.custom_header.#": "0",
                            "origin.3996731579.custom_origin_config.#": "1",
                            "origin.3996731579.custom_origin_config.0.http_port": "80",
                            "origin.3996731579.custom_origin_config.0.https_port": "443",
                            "origin.3996731579.custom_origin_config.0.origin_keepalive_timeout": "5",
                            "origin.3996731579.custom_origin_config.0.origin_protocol_policy": "http-only",
                            "origin.3996731579.custom_origin_config.0.origin_read_timeout": "30",
                            "origin.3996731579.custom_origin_config.0.origin_ssl_protocols.#": "1",
                            "origin.3996731579.custom_origin_config.0.origin_ssl_protocols.3981581077": "TLSv1.2",
                            "origin.3996731579.domain_name": "amylum-repo-redirect.s3-website-us-east-1.amazonaws.com",
                            "origin.3996731579.origin_id": "redirect-bucket",
                            "origin.3996731579.origin_path": "",
                            "origin.3996731579.s3_origin_config.#": "0",
                            "price_class": "PriceClass_100",
                            "restrictions.#": "1",
                            "restrictions.0.geo_restriction.#": "1",
                            "restrictions.0.geo_restriction.0.locations.#": "0",
                            "restrictions.0.geo_restriction.0.restriction_type": "none",
                            "retain_on_delete": "false",
                            "status": "Deployed",
                            "tags.%": "0",
                            "viewer_certificate.#": "1",
                            "viewer_certificate.0.acm_certificate_arn": "arn:aws:acm:us-east-1:764218738161:certificate/64c634fc-9f5c-41fa-831c-dcad7894efc8",
                            "viewer_certificate.0.cloudfront_default_certificate": "false",
                            "viewer_certificate.0.iam_certificate_id": "",
                            "viewer_certificate.0.minimum_protocol_version": "TLSv1.2_2018",
                            "viewer_certificate.0.ssl_support_method": "sni-only",
                            "web_acl_id": ""
                        },
                        "meta": {},
                        "tainted": false
                    },
                    "deposed": [],
                    "provider": "provider.aws"
                },
                "aws_s3_bucket.file": {
                    "type": "aws_s3_bucket",
                    "depends_on": [
                        "data.aws_iam_policy_document.file_bucket_read_access"
                    ],
                    "primary": {
                        "id": "amylum-repo",
                        "attributes": {
                            "acceleration_status": "",
                            "acl": "private",
                            "arn": "arn:aws:s3:::amylum-repo",
                            "bucket": "amylum-repo",
                            "bucket_domain_name": "amylum-repo.s3.amazonaws.com",
                            "bucket_regional_domain_name": "amylum-repo.s3.amazonaws.com",
                            "cors_rule.#": "0",
                            "force_destroy": "false",
                            "hosted_zone_id": "Z3AQBSTGFYJSTF",
                            "id": "amylum-repo",
                            "lifecycle_rule.#": "0",
                            "logging.#": "1",
                            "logging.1012108819.target_bucket": "akerl-s3-logs",
                            "logging.1012108819.target_prefix": "amylum-repo/",
                            "object_lock_configuration.#": "0",
                            "policy": "{\"Statement\":[{\"Action\":\"s3:GetObject\",\"Effect\":\"Allow\",\"Principal\":{\"AWS\":\"*\"},\"Resource\":\"arn:aws:s3:::amylum-repo/*\",\"Sid\":\"\"}],\"Version\":\"2012-10-17\"}",
                            "region": "us-east-1",
                            "replication_configuration.#": "0",
                            "request_payer": "BucketOwner",
                            "server_side_encryption_configuration.#": "0",
                            "tags.%": "0",
                            "versioning.#": "1",
                            "versioning.0.enabled": "true",
                            "versioning.0.mfa_delete": "false",
                            "website.#": "1",
                            "website.0.error_document": "404.html",
                            "website.0.index_document": "index.html",
                            "website.0.redirect_all_requests_to": "",
                            "website.0.routing_rules": "",
                            "website_domain": "s3-website-us-east-1.amazonaws.com",
                            "website_endpoint": "amylum-repo.s3-website-us-east-1.amazonaws.com"
                        },
                        "meta": {},
                        "tainted": false
                    },
                    "deposed": [],
                    "provider": "provider.aws"
                },
                "aws_s3_bucket.redirect": {
                    "type": "aws_s3_bucket",
                    "depends_on": [
                        "data.aws_iam_policy_document.redirect_bucket_read_access"
                    ],
                    "primary": {
                        "id": "amylum-repo-redirect",
                        "attributes": {
                            "acceleration_status": "",
                            "acl": "private",
                            "arn": "arn:aws:s3:::amylum-repo-redirect",
                            "bucket": "amylum-repo-redirect",
                            "bucket_domain_name": "amylum-repo-redirect.s3.amazonaws.com",
                            "bucket_regional_domain_name": "amylum-repo-redirect.s3.amazonaws.com",
                            "cors_rule.#": "0",
                            "force_destroy": "false",
                            "hosted_zone_id": "Z3AQBSTGFYJSTF",
                            "id": "amylum-repo-redirect",
                            "lifecycle_rule.#": "0",
                            "logging.#": "1",
                            "logging.585655832.target_bucket": "akerl-s3-logs",
                            "logging.585655832.target_prefix": "amylum-repo-redirect/",
                            "object_lock_configuration.#": "0",
                            "policy": "{\"Statement\":[{\"Action\":\"s3:GetObject\",\"Effect\":\"Allow\",\"Principal\":{\"AWS\":\"*\"},\"Resource\":\"arn:aws:s3:::amylum-repo-redirect/*\",\"Sid\":\"\"}],\"Version\":\"2012-10-17\"}",
                            "region": "us-east-1",
                            "replication_configuration.#": "0",
                            "request_payer": "BucketOwner",
                            "server_side_encryption_configuration.#": "0",
                            "tags.%": "0",
                            "versioning.#": "1",
                            "versioning.0.enabled": "true",
                            "versioning.0.mfa_delete": "false",
                            "website.#": "1",
                            "website.0.error_document": "",
                            "website.0.index_document": "",
                            "website.0.redirect_all_requests_to": "https://repo.scrtybybscrty.org",
                            "website.0.routing_rules": "",
                            "website_domain": "s3-website-us-east-1.amazonaws.com",
                            "website_endpoint": "amylum-repo-redirect.s3-website-us-east-1.amazonaws.com"
                        },
                        "meta": {},
                        "tainted": false
                    },
                    "deposed": [],
                    "provider": "provider.aws"
                },
                "data.aws_iam_policy_document.file_bucket_read_access": {
                    "type": "aws_iam_policy_document",
                    "depends_on": [],
                    "primary": {
                        "id": "3554411074",
                        "attributes": {
                            "id": "3554411074",
                            "json": "{\n  \"Version\": \"2012-10-17\",\n  \"Statement\": [\n    {\n      \"Sid\": \"\",\n      \"Effect\": \"Allow\",\n      \"Action\": \"s3:GetObject\",\n      \"Resource\": \"arn:aws:s3:::amylum-repo/*\",\n      \"Principal\": {\n        \"AWS\": \"*\"\n      }\n    }\n  ]\n}",
                            "statement.#": "1",
                            "statement.0.actions.#": "1",
                            "statement.0.actions.2071725391": "s3:GetObject",
                            "statement.0.condition.#": "0",
                            "statement.0.effect": "Allow",
                            "statement.0.not_actions.#": "0",
                            "statement.0.not_principals.#": "0",
                            "statement.0.not_resources.#": "0",
                            "statement.0.principals.#": "1",
                            "statement.0.principals.636693895.identifiers.#": "1",
                            "statement.0.principals.636693895.identifiers.2679715827": "*",
                            "statement.0.principals.636693895.type": "AWS",
                            "statement.0.resources.#": "1",
                            "statement.0.resources.1673375915": "arn:aws:s3:::amylum-repo/*",
                            "statement.0.sid": "",
                            "version": "2012-10-17"
                        },
                        "meta": {},
                        "tainted": false
                    },
                    "deposed": [],
                    "provider": "provider.aws"
                },
                "data.aws_iam_policy_document.redirect_bucket_read_access": {
                    "type": "aws_iam_policy_document",
                    "depends_on": [],
                    "primary": {
                        "id": "1904085766",
                        "attributes": {
                            "id": "1904085766",
                            "json": "{\n  \"Version\": \"2012-10-17\",\n  \"Statement\": [\n    {\n      \"Sid\": \"\",\n      \"Effect\": \"Allow\",\n      \"Action\": \"s3:GetObject\",\n      \"Resource\": \"arn:aws:s3:::amylum-repo-redirect/*\",\n      \"Principal\": {\n        \"AWS\": \"*\"\n      }\n    }\n  ]\n}",
                            "statement.#": "1",
                            "statement.0.actions.#": "1",
                            "statement.0.actions.2071725391": "s3:GetObject",
                            "statement.0.condition.#": "0",
                            "statement.0.effect": "Allow",
                            "statement.0.not_actions.#": "0",
                            "statement.0.not_principals.#": "0",
                            "statement.0.not_resources.#": "0",
                            "statement.0.principals.#": "1",
                            "statement.0.principals.636693895.identifiers.#": "1",
                            "statement.0.principals.636693895.identifiers.2679715827": "*",
                            "statement.0.principals.636693895.type": "AWS",
                            "statement.0.resources.#": "1",
                            "statement.0.resources.705475581": "arn:aws:s3:::amylum-repo-redirect/*",
                            "statement.0.sid": "",
                            "version": "2012-10-17"
                        },
                        "meta": {},
                        "tainted": false
                    },
                    "deposed": [],
                    "provider": "provider.aws"
                }
            },
            "depends_on": []
        },
        {
            "path": [
                "root",
                "hourly"
            ],
            "outputs": {},
            "resources": {
                "aws_cloudwatch_event_rule.cron": {
                    "type": "aws_cloudwatch_event_rule",
                    "depends_on": [],
                    "primary": {
                        "id": "hookshot_hookshot-hourly_cron",
                        "attributes": {
                            "arn": "arn:aws:events:us-east-1:764218738161:rule/hookshot_hookshot-hourly_cron",
                            "description": "Launch lambda",
                            "id": "hookshot_hookshot-hourly_cron",
                            "is_enabled": "true",
                            "name": "hookshot_hookshot-hourly_cron",
                            "role_arn": "",
                            "schedule_expression": "rate(1 hour)"
                        },
                        "meta": {},
                        "tainted": false
                    },
                    "deposed": [],
                    "provider": "provider.aws"
                },
                "aws_cloudwatch_event_target.cron": {
                    "type": "aws_cloudwatch_event_target",
                    "depends_on": [
                        "aws_cloudwatch_event_rule.cron",
                        "module.lambda"
                    ],
                    "primary": {
                        "id": "hookshot_hookshot-hourly_cron-invoke_hookshot",
                        "attributes": {
                            "arn": "arn:aws:lambda:us-east-1:764218738161:function:hookshot_hookshot-hourly",
                            "id": "hookshot_hookshot-hourly_cron-invoke_hookshot",
                            "input": "",
                            "input_path": "",
                            "role_arn": "",
                            "rule": "hookshot_hookshot-hourly_cron",
                            "target_id": "invoke_hookshot"
                        },
                        "meta": {},
                        "tainted": false
                    },
                    "deposed": [],
                    "provider": "provider.aws"
                },
                "data.aws_iam_policy_document.lambda_perms": {
                    "type": "aws_iam_policy_document",
                    "depends_on": [],
                    "primary": {
                        "id": "1099555948",
                        "attributes": {
                            "id": "1099555948",
                            "json": "{\n  \"Version\": \"2012-10-17\",\n  \"Statement\": [\n    {\n      \"Sid\": \"\",\n      \"Effect\": \"Allow\",\n      \"Action\": [\n        \"s3:ListBucket\",\n        \"s3:GetObject\"\n      ],\n      \"Resource\": [\n        \"arn:aws:s3:::hookshot-hourly/*\",\n        \"arn:aws:s3:::hookshot-hourly\"\n      ]\n    },\n    {\n      \"Sid\": \"\",\n      \"Effect\": \"Allow\",\n      \"Action\": [\n        \"logs:PutLogEvents\",\n        \"logs:CreateLogStream\",\n        \"logs:CreateLogGroup\"\n      ],\n      \"Resource\": \"arn:aws:logs:*:*:*\"\n    }\n  ]\n}",
                            "statement.#": "2",
                            "statement.0.actions.#": "2",
                            "statement.0.actions.2071725391": "s3:GetObject",
                            "statement.0.actions.486976917": "s3:ListBucket",
                            "statement.0.condition.#": "0",
                            "statement.0.effect": "Allow",
                            "statement.0.not_actions.#": "0",
                            "statement.0.not_principals.#": "0",
                            "statement.0.not_resources.#": "0",
                            "statement.0.principals.#": "0",
                            "statement.0.resources.#": "2",
                            "statement.0.resources.2756761502": "arn:aws:s3:::hookshot-hourly/*",
                            "statement.0.resources.3537643244": "arn:aws:s3:::hookshot-hourly",
                            "statement.0.sid": "",
                            "statement.1.actions.#": "3",
                            "statement.1.actions.2809485102": "logs:CreateLogGroup",
                            "statement.1.actions.3285979848": "logs:CreateLogStream",
                            "statement.1.actions.39743051": "logs:PutLogEvents",
                            "statement.1.condition.#": "0",
                            "statement.1.effect": "Allow",
                            "statement.1.not_actions.#": "0",
                            "statement.1.not_principals.#": "0",
                            "statement.1.not_resources.#": "0",
                            "statement.1.principals.#": "0",
                            "statement.1.resources.#": "1",
                            "statement.1.resources.162423377": "arn:aws:logs:*:*:*",
                            "statement.1.sid": "",
                            "version": "2012-10-17"
                        },
                        "meta": {},
                        "tainted": false
                    },
                    "deposed": [],
                    "provider": "provider.aws"
                }
            },
            "depends_on": []
        },
        {
            "path": [
                "root",
                "account",
                "admins"
            ],
            "outputs": {},
            "resources": {
                "aws_iam_group.admins": {
                    "type": "aws_iam_group",
                    "depends_on": [],
                    "primary": {
                        "id": "admins",
                        "attributes": {
                            "arn": "arn:aws:iam::764218738161:group/admins",
                            "id": "admins",
                            "name": "admins",
                            "path": "/",
                            "unique_id": "AGPAI66FG2KEIRI3KZB6W"
                        },
                        "meta": {},
                        "tainted": false
                    },
                    "deposed": [],
                    "provider": "provider.aws"
                },
                "aws_iam_group_membership.admins": {
                    "type": "aws_iam_group_membership",
                    "depends_on": [
                        "aws_iam_group.admins",
                        "aws_iam_user.admins"
                    ],
                    "primary": {
                        "id": "admins",
                        "attributes": {
                            "group": "admins",
                            "id": "admins",
                            "name": "admins",
                            "users.#": "3",
                            "users.2950525938": "akerl-bean",
                            "users.3248497666": "akerl-mazer",
                            "users.3484699915": "akerl-codepad"
                        },
                        "meta": {},
                        "tainted": false
                    },
                    "deposed": [],
                    "provider": "provider.aws"
                },
                "aws_iam_group_policy_attachment.assume_admin": {
                    "type": "aws_iam_group_policy_attachment",
                    "depends_on": [
                        "aws_iam_group.admins",
                        "aws_iam_policy.assume_admin"
                    ],
                    "primary": {
                        "id": "admins-20161204061433071896942g6t",
                        "attributes": {
                            "group": "admins",
                            "id": "admins-20161204061433071896942g6t",
                            "policy_arn": "arn:aws:iam::764218738161:policy/AssumeAdmin"
                        },
                        "meta": {},
                        "tainted": false
                    },
                    "deposed": [],
                    "provider": "provider.aws"
                },
                "aws_iam_policy.assume_admin": {
                    "type": "aws_iam_policy",
                    "depends_on": [
                        "data.aws_iam_policy_document.assume_admin"
                    ],
                    "primary": {
                        "id": "arn:aws:iam::764218738161:policy/AssumeAdmin",
                        "attributes": {
                            "arn": "arn:aws:iam::764218738161:policy/AssumeAdmin",
                            "description": "",
                            "id": "arn:aws:iam::764218738161:policy/AssumeAdmin",
                            "name": "AssumeAdmin",
                            "path": "/",
                            "policy": "{\n  \"Version\": \"2012-10-17\",\n  \"Statement\": [\n    {\n      \"Sid\": \"\",\n      \"Effect\": \"Allow\",\n      \"Action\": \"sts:AssumeRole\",\n      \"Resource\": \"arn:aws:iam::764218738161:role/admin\",\n      \"Condition\": {\n        \"Bool\": {\n          \"aws:MultiFactorAuthPresent\": \"true\"\n        }\n      }\n    }\n  ]\n}"
                        },
                        "meta": {},
                        "tainted": false
                    },
                    "deposed": [],
                    "provider": "provider.aws"
                },
                "aws_iam_role.admin": {
                    "type": "aws_iam_role",
                    "depends_on": [
                        "data.aws_iam_policy_document.admin_trust"
                    ],
                    "primary": {
                        "id": "admin",
                        "attributes": {
                            "arn": "arn:aws:iam::764218738161:role/admin",
                            "assume_role_policy": "{\"Version\":\"2012-10-17\",\"Statement\":[{\"Sid\":\"\",\"Effect\":\"Allow\",\"Principal\":{\"AWS\":\"arn:aws:iam::764218738161:root\"},\"Action\":\"sts:AssumeRole\",\"Condition\":{\"Bool\":{\"aws:MultiFactorAuthPresent\":\"true\"}}}]}",
                            "create_date": "2016-12-04T06:01:25Z",
                            "description": "",
                            "force_detach_policies": "false",
                            "id": "admin",
                            "max_session_duration": "3600",
                            "name": "admin",
                            "path": "/",
                            "tags.%": "0",
                            "unique_id": "AROAJGIBWVRCR3J55QVX6"
                        },
                        "meta": {},
                        "tainted": false
                    },
                    "deposed": [],
                    "provider": "provider.aws"
                },
                "aws_iam_role_policy_attachment.admin_access": {
                    "type": "aws_iam_role_policy_attachment",
                    "depends_on": [
                        "aws_iam_role.admin"
                    ],
                    "primary": {
                        "id": "admin-20161204060649193832020ds7",
                        "attributes": {
                            "id": "admin-20161204060649193832020ds7",
                            "policy_arn": "arn:aws:iam::aws:policy/AdministratorAccess",
                            "role": "admin"
                        },
                        "meta": {},
                        "tainted": false
                    },
                    "deposed": [],
                    "provider": "provider.aws"
                },
                "aws_iam_user.admins.0": {
                    "type": "aws_iam_user",
                    "depends_on": [],
                    "primary": {
                        "id": "akerl-bean",
                        "attributes": {
                            "arn": "arn:aws:iam::764218738161:user/akerl-bean",
                            "force_destroy": "false",
                            "id": "akerl-bean",
                            "name": "akerl-bean",
                            "path": "/",
                            "tags.%": "0",
                            "unique_id": "AIDAJRZCZ7SUBP3YVVLSK"
                        },
                        "meta": {},
                        "tainted": false
                    },
                    "deposed": [],
                    "provider": "provider.aws"
                },
                "aws_iam_user.admins.1": {
                    "type": "aws_iam_user",
                    "depends_on": [],
                    "primary": {
                        "id": "akerl-mazer",
                        "attributes": {
                            "arn": "arn:aws:iam::764218738161:user/akerl-mazer",
                            "force_destroy": "false",
                            "id": "akerl-mazer",
                            "name": "akerl-mazer",
                            "path": "/",
                            "tags.%": "0",
                            "unique_id": "AIDAIHJ7HNFYLOWLR2NCC"
                        },
                        "meta": {},
                        "tainted": false
                    },
                    "deposed": [],
                    "provider": "provider.aws"
                },
                "aws_iam_user.admins.2": {
                    "type": "aws_iam_user",
                    "depends_on": [],
                    "primary": {
                        "id": "akerl-codepad",
                        "attributes": {
                            "arn": "arn:aws:iam::764218738161:user/akerl-codepad",
                            "force_destroy": "false",
                            "id": "akerl-codepad",
                            "name": "akerl-codepad",
                            "path": "/",
                            "tags.%": "0",
                            "unique_id": "AIDAJMD3R4RRNXT35ZVLC"
                        },
                        "meta": {},
                        "tainted": false
                    },
                    "deposed": [],
                    "provider": "provider.aws"
                },
                "awscreds_iam_access_key.admins.0": {
                    "type": "awscreds_iam_access_key",
                    "depends_on": [
                        "aws_iam_user.admins"
                    ],
                    "primary": {
                        "id": "AKIAJM6BHVXPO3NITVPQ",
                        "attributes": {
                            "file": "creds/account-admins-akerl-bean",
                            "id": "AKIAJM6BHVXPO3NITVPQ",
                            "secret": "",
                            "ses_smtp_password": "",
                            "status": "Active",
                            "user": "akerl-bean"
                        },
                        "meta": {},
                        "tainted": false
                    },
                    "deposed": [],
                    "provider": "provider.awscreds"
                },
                "awscreds_iam_access_key.admins.1": {
                    "type": "awscreds_iam_access_key",
                    "depends_on": [
                        "aws_iam_user.admins"
                    ],
                    "primary": {
                        "id": "AKIAJY2SC7NIIALB7KOQ",
                        "attributes": {
                            "file": "creds/account-admins-akerl-mazer",
                            "id": "AKIAJY2SC7NIIALB7KOQ",
                            "secret": "",
                            "ses_smtp_password": "",
                            "status": "Active",
                            "user": "akerl-mazer"
                        },
                        "meta": {},
                        "tainted": false
                    },
                    "deposed": [],
                    "provider": "provider.awscreds"
                },
                "awscreds_iam_access_key.admins.2": {
                    "type": "awscreds_iam_access_key",
                    "depends_on": [
                        "aws_iam_user.admins"
                    ],
                    "primary": {
                        "id": "AKIAJQ7THACQAKAYWJ6A",
                        "attributes": {
                            "file": "creds/account-admins-akerl-codepad",
                            "id": "AKIAJQ7THACQAKAYWJ6A",
                            "secret": "",
                            "ses_smtp_password": "",
                            "status": "Active",
                            "user": "akerl-codepad"
                        },
                        "meta": {},
                        "tainted": false
                    },
                    "deposed": [],
                    "provider": "provider.awscreds"
                },
                "data.aws_caller_identity.account_info": {
                    "type": "aws_caller_identity",
                    "depends_on": [],
                    "primary": {
                        "id": "2019-03-11 07:48:06.688092 +0000 UTC",
                        "attributes": {
                            "account_id": "764218738161",
                            "arn": "arn:aws:sts::764218738161:assumed-role/admin/akerl-mazer",
                            "id": "2019-03-11 07:48:06.688092 +0000 UTC",
                            "user_id": "AROAJGIBWVRCR3J55QVX6:akerl-mazer"
                        },
                        "meta": {},
                        "tainted": false
                    },
                    "deposed": [],
                    "provider": "provider.aws"
                },
                "data.aws_iam_policy_document.admin_trust": {
                    "type": "aws_iam_policy_document",
                    "depends_on": [
                        "data.aws_caller_identity.account_info"
                    ],
                    "primary": {
                        "id": "855490042",
                        "attributes": {
                            "id": "855490042",
                            "json": "{\n  \"Version\": \"2012-10-17\",\n  \"Statement\": [\n    {\n      \"Sid\": \"\",\n      \"Effect\": \"Allow\",\n      \"Action\": \"sts:AssumeRole\",\n      \"Principal\": {\n        \"AWS\": \"arn:aws:iam::764218738161:root\"\n      },\n      \"Condition\": {\n        \"Bool\": {\n          \"aws:MultiFactorAuthPresent\": \"true\"\n        }\n      }\n    }\n  ]\n}",
                            "statement.#": "1",
                            "statement.0.actions.#": "1",
                            "statement.0.actions.2528466339": "sts:AssumeRole",
                            "statement.0.condition.#": "1",
                            "statement.0.condition.3433588302.test": "Bool",
                            "statement.0.condition.3433588302.values.#": "1",
                            "statement.0.condition.3433588302.values.4043113848": "true",
                            "statement.0.condition.3433588302.variable": "aws:MultiFactorAuthPresent",
                            "statement.0.effect": "Allow",
                            "statement.0.not_actions.#": "0",
                            "statement.0.not_principals.#": "0",
                            "statement.0.not_resources.#": "0",
                            "statement.0.principals.#": "1",
                            "statement.0.principals.2199456504.identifiers.#": "1",
                            "statement.0.principals.2199456504.identifiers.1687563408": "arn:aws:iam::764218738161:root",
                            "statement.0.principals.2199456504.type": "AWS",
                            "statement.0.resources.#": "0",
                            "statement.0.sid": "",
                            "version": "2012-10-17"
                        },
                        "meta": {},
                        "tainted": false
                    },
                    "deposed": [],
                    "provider": "provider.aws"
                },
                "data.aws_iam_policy_document.assume_admin": {
                    "type": "aws_iam_policy_document",
                    "depends_on": [
                        "aws_iam_role.admin"
                    ],
                    "primary": {
                        "id": "2475857684",
                        "attributes": {
                            "id": "2475857684",
                            "json": "{\n  \"Version\": \"2012-10-17\",\n  \"Statement\": [\n    {\n      \"Sid\": \"\",\n      \"Effect\": \"Allow\",\n      \"Action\": \"sts:AssumeRole\",\n      \"Resource\": \"arn:aws:iam::764218738161:role/admin\",\n      \"Condition\": {\n        \"Bool\": {\n          \"aws:MultiFactorAuthPresent\": \"true\"\n        }\n      }\n    }\n  ]\n}",
                            "statement.#": "1",
                            "statement.0.actions.#": "1",
                            "statement.0.actions.2528466339": "sts:AssumeRole",
                            "statement.0.condition.#": "1",
                            "statement.0.condition.3433588302.test": "Bool",
                            "statement.0.condition.3433588302.values.#": "1",
                            "statement.0.condition.3433588302.values.4043113848": "true",
                            "statement.0.condition.3433588302.variable": "aws:MultiFactorAuthPresent",
                            "statement.0.effect": "Allow",
                            "statement.0.not_actions.#": "0",
                            "statement.0.not_principals.#": "0",
                            "statement.0.not_resources.#": "0",
                            "statement.0.principals.#": "0",
                            "statement.0.resources.#": "1",
                            "statement.0.resources.239624386": "arn:aws:iam::764218738161:role/admin",
                            "statement.0.sid": "",
                            "version": "2012-10-17"
                        },
                        "meta": {},
                        "tainted": false
                    },
                    "deposed": [],
                    "provider": "provider.aws"
                }
            },
            "depends_on": []
        },
        {
            "path": [
                "root",
                "akerl-blog",
                "certificate"
            ],
            "outputs": {
                "arn": {
                    "sensitive": false,
                    "type": "string",
                    "value": "arn:aws:acm:us-east-1:764218738161:certificate/d4510974-2f79-437c-a744-0be088415f05"
                }
            },
            "resources": {
                "aws_acm_certificate.this": {
                    "type": "aws_acm_certificate",
                    "depends_on": [
                        "local.common_name",
                        "local.subject_alternative_names"
                    ],
                    "primary": {
                        "id": "arn:aws:acm:us-east-1:764218738161:certificate/d4510974-2f79-437c-a744-0be088415f05",
                        "attributes": {
                            "arn": "arn:aws:acm:us-east-1:764218738161:certificate/d4510974-2f79-437c-a744-0be088415f05",
                            "domain_name": "blog.akerl.org",
                            "domain_validation_options.#": "13",
                            "domain_validation_options.0.domain_name": "blog.akerl.org",
                            "domain_validation_options.0.resource_record_name": "_7a3ec3b28e9915b39cd7212e0a3cebbb.blog.akerl.org.",
                            "domain_validation_options.0.resource_record_type": "CNAME",
                            "domain_validation_options.0.resource_record_value": "_4cb8503680d95f2e0f0491cb310312d7.acm-validations.aws.",
                            "domain_validation_options.1.domain_name": "lesaker.org",
                            "domain_validation_options.1.resource_record_name": "_10def5d8dcabd9b2523d3f223691faf6.lesaker.org.",
                            "domain_validation_options.1.resource_record_type": "CNAME",
                            "domain_validation_options.1.resource_record_value": "_0dc436dc6a70db4ae737d3c99ec34783.acm-validations.aws.",
                            "domain_validation_options.10.domain_name": "www.akerl.com",
                            "domain_validation_options.10.resource_record_name": "_b93ec15c7debfeffe7d8e02ec232ada9.www.akerl.com.",
                            "domain_validation_options.10.resource_record_type": "CNAME",
                            "domain_validation_options.10.resource_record_value": "_ac79db8c33417e4a178296c74d807d28.acm-validations.aws.",
                            "domain_validation_options.11.domain_name": "a-rwx.org",
                            "domain_validation_options.11.resource_record_name": "_f3adc7905d737b6c002c129623651603.a-rwx.org.",
                            "domain_validation_options.11.resource_record_type": "CNAME",
                            "domain_validation_options.11.resource_record_value": "_74459d0e2dfe4cdef12456457cc67ce9.acm-validations.aws.",
                            "domain_validation_options.12.domain_name": "www.a-rwx.org",
                            "domain_validation_options.12.resource_record_name": "_7a47d307d51f48fa2ebf893e7c68571d.www.a-rwx.org.",
                            "domain_validation_options.12.resource_record_type": "CNAME",
                            "domain_validation_options.12.resource_record_value": "_723561826f1299f7f58fcb296c1c6b68.acm-validations.aws.",
                            "domain_validation_options.2.domain_name": "www.lesaker.org",
                            "domain_validation_options.2.resource_record_name": "_93bcd041fce834edca0b647887c98042.www.lesaker.org.",
                            "domain_validation_options.2.resource_record_type": "CNAME",
                            "domain_validation_options.2.resource_record_value": "_9163b7a0cedcc2d2e805f5390ec86c20.acm-validations.aws.",
                            "domain_validation_options.3.domain_name": "scrtybybscrty.org",
                            "domain_validation_options.3.resource_record_name": "_6aa3cdf9b733a6b40f649e04c42a208a.scrtybybscrty.org.",
                            "domain_validation_options.3.resource_record_type": "CNAME",
                            "domain_validation_options.3.resource_record_value": "_0ff299895f594c93404f8cf67f6fee76.acm-validations.aws.",
                            "domain_validation_options.4.domain_name": "www.scrtybybscrty.org",
                            "domain_validation_options.4.resource_record_name": "_c065254b9b53d6af1a91cbd3ea5e1624.www.scrtybybscrty.org.",
                            "domain_validation_options.4.resource_record_type": "CNAME",
                            "domain_validation_options.4.resource_record_value": "_89f1b8b6e12ace264c5968ee4bf31feb.acm-validations.aws.",
                            "domain_validation_options.5.domain_name": "lesaker.com",
                            "domain_validation_options.5.resource_record_name": "_2143a2c8fea6a68d788698945a7129ba.lesaker.com.",
                            "domain_validation_options.5.resource_record_type": "CNAME",
                            "domain_validation_options.5.resource_record_value": "_640ce9c8da3865cb3c89df5ceea4769d.acm-validations.aws.",
                            "domain_validation_options.6.domain_name": "www.lesaker.com",
                            "domain_validation_options.6.resource_record_name": "_e3358842b459a87fd6f4dfd3edcf97b1.www.lesaker.com.",
                            "domain_validation_options.6.resource_record_type": "CNAME",
                            "domain_validation_options.6.resource_record_value": "_207f1de258aae194c7a65e839f86c0b1.acm-validations.aws.",
                            "domain_validation_options.7.domain_name": "akerl.org",
                            "domain_validation_options.7.resource_record_name": "_0682ace0a1f2d5669af2cb59fb0ad65f.akerl.org.",
                            "domain_validation_options.7.resource_record_type": "CNAME",
                            "domain_validation_options.7.resource_record_value": "_267ffba9fc2608500536bf047212fe30.acm-validations.aws.",
                            "domain_validation_options.8.domain_name": "www.akerl.org",
                            "domain_validation_options.8.resource_record_name": "_a19e98dfc8b630accbc93bf7c44953e1.www.akerl.org.",
                            "domain_validation_options.8.resource_record_type": "CNAME",
                            "domain_validation_options.8.resource_record_value": "_70373f85e4145f434a899444280557c1.acm-validations.aws.",
                            "domain_validation_options.9.domain_name": "akerl.com",
                            "domain_validation_options.9.resource_record_name": "_2e033dd592dce29f583a62ae5913a2c4.akerl.com.",
                            "domain_validation_options.9.resource_record_type": "CNAME",
                            "domain_validation_options.9.resource_record_value": "_a20d5a7c7dff688ebe5a64b118ba99a3.acm-validations.aws.",
                            "id": "arn:aws:acm:us-east-1:764218738161:certificate/d4510974-2f79-437c-a744-0be088415f05",
                            "subject_alternative_names.#": "12",
                            "subject_alternative_names.0": "lesaker.org",
                            "subject_alternative_names.1": "www.lesaker.org",
                            "subject_alternative_names.10": "a-rwx.org",
                            "subject_alternative_names.11": "www.a-rwx.org",
                            "subject_alternative_names.2": "scrtybybscrty.org",
                            "subject_alternative_names.3": "www.scrtybybscrty.org",
                            "subject_alternative_names.4": "lesaker.com",
                            "subject_alternative_names.5": "www.lesaker.com",
                            "subject_alternative_names.6": "akerl.org",
                            "subject_alternative_names.7": "www.akerl.org",
                            "subject_alternative_names.8": "akerl.com",
                            "subject_alternative_names.9": "www.akerl.com",
                            "tags.%": "0",
                            "validation_emails.#": "0",
                            "validation_method": "DNS"
                        },
                        "meta": {},
                        "tainted": false
                    },
                    "deposed": [],
                    "provider": "provider.aws"
                },
                "aws_acm_certificate_validation.this": {
                    "type": "aws_acm_certificate_validation",
                    "depends_on": [
                        "aws_acm_certificate.this",
                        "aws_route53_record.validation.*"
                    ],
                    "primary": {
                        "id": "2019-03-10 13:15:56 +0000 UTC",
                        "attributes": {
                            "certificate_arn": "arn:aws:acm:us-east-1:764218738161:certificate/d4510974-2f79-437c-a744-0be088415f05",
                            "id": "2019-03-10 13:15:56 +0000 UTC",
                            "validation_record_fqdns.#": "13",
                            "validation_record_fqdns.1327189261": "_f3adc7905d737b6c002c129623651603.a-rwx.org",
                            "validation_record_fqdns.1453055147": "_0682ace0a1f2d5669af2cb59fb0ad65f.akerl.org",
                            "validation_record_fqdns.1564064336": "_a19e98dfc8b630accbc93bf7c44953e1.www.akerl.org",
                            "validation_record_fqdns.3008612066": "_7a3ec3b28e9915b39cd7212e0a3cebbb.blog.akerl.org",
                            "validation_record_fqdns.3141162651": "_c065254b9b53d6af1a91cbd3ea5e1624.www.scrtybybscrty.org",
                            "validation_record_fqdns.3321787872": "_7a47d307d51f48fa2ebf893e7c68571d.www.a-rwx.org",
                            "validation_record_fqdns.3645331902": "_b93ec15c7debfeffe7d8e02ec232ada9.www.akerl.com",
                            "validation_record_fqdns.3936360562": "_10def5d8dcabd9b2523d3f223691faf6.lesaker.org",
                            "validation_record_fqdns.3981436017": "_2e033dd592dce29f583a62ae5913a2c4.akerl.com",
                            "validation_record_fqdns.448068773": "_e3358842b459a87fd6f4dfd3edcf97b1.www.lesaker.com",
                            "validation_record_fqdns.66526320": "_6aa3cdf9b733a6b40f649e04c42a208a.scrtybybscrty.org",
                            "validation_record_fqdns.774369086": "_2143a2c8fea6a68d788698945a7129ba.lesaker.com",
                            "validation_record_fqdns.951603222": "_93bcd041fce834edca0b647887c98042.www.lesaker.org"
                        },
                        "meta": {
                            "e2bfb730-ecaa-11e6-8f88-34363bc7c4c0": {
                                "create": 2700000000000
                            }
                        },
                        "tainted": false
                    },
                    "deposed": [],
                    "provider": "provider.aws"
                },
                "aws_route53_record.validation.0": {
                    "type": "aws_route53_record",
                    "depends_on": [
                        "aws_acm_certificate.this",
                        "data.aws_route53_zone.parent.*"
                    ],
                    "primary": {
                        "id": "Z1GXO6WRJN3B5T__7a3ec3b28e9915b39cd7212e0a3cebbb.blog.akerl.org._CNAME",
                        "attributes": {
                            "fqdn": "_7a3ec3b28e9915b39cd7212e0a3cebbb.blog.akerl.org",
                            "health_check_id": "",
                            "id": "Z1GXO6WRJN3B5T__7a3ec3b28e9915b39cd7212e0a3cebbb.blog.akerl.org._CNAME",
                            "name": "_7a3ec3b28e9915b39cd7212e0a3cebbb.blog.akerl.org",
                            "records.#": "1",
                            "records.798904694": "_4cb8503680d95f2e0f0491cb310312d7.acm-validations.aws.",
                            "set_identifier": "",
                            "ttl": "60",
                            "type": "CNAME",
                            "zone_id": "Z1GXO6WRJN3B5T"
                        },
                        "meta": {
                            "schema_version": "2"
                        },
                        "tainted": false
                    },
                    "deposed": [],
                    "provider": "provider.aws"
                },
                "aws_route53_record.validation.1": {
                    "type": "aws_route53_record",
                    "depends_on": [
                        "aws_acm_certificate.this",
                        "data.aws_route53_zone.parent.*"
                    ],
                    "primary": {
                        "id": "Z3RU5N2GAL6D4W__10def5d8dcabd9b2523d3f223691faf6.lesaker.org._CNAME",
                        "attributes": {
                            "fqdn": "_10def5d8dcabd9b2523d3f223691faf6.lesaker.org",
                            "health_check_id": "",
                            "id": "Z3RU5N2GAL6D4W__10def5d8dcabd9b2523d3f223691faf6.lesaker.org._CNAME",
                            "name": "_10def5d8dcabd9b2523d3f223691faf6.lesaker.org",
                            "records.#": "1",
                            "records.2332119785": "_0dc436dc6a70db4ae737d3c99ec34783.acm-validations.aws.",
                            "set_identifier": "",
                            "ttl": "60",
                            "type": "CNAME",
                            "zone_id": "Z3RU5N2GAL6D4W"
                        },
                        "meta": {
                            "schema_version": "2"
                        },
                        "tainted": false
                    },
                    "deposed": [],
                    "provider": "provider.aws"
                },
                "aws_route53_record.validation.10": {
                    "type": "aws_route53_record",
                    "depends_on": [
                        "aws_acm_certificate.this",
                        "data.aws_route53_zone.parent.*"
                    ],
                    "primary": {
                        "id": "Z1EXF3DHNCLVFG__b93ec15c7debfeffe7d8e02ec232ada9.www.akerl.com._CNAME",
                        "attributes": {
                            "fqdn": "_b93ec15c7debfeffe7d8e02ec232ada9.www.akerl.com",
                            "health_check_id": "",
                            "id": "Z1EXF3DHNCLVFG__b93ec15c7debfeffe7d8e02ec232ada9.www.akerl.com._CNAME",
                            "name": "_b93ec15c7debfeffe7d8e02ec232ada9.www.akerl.com",
                            "records.#": "1",
                            "records.1004519948": "_ac79db8c33417e4a178296c74d807d28.acm-validations.aws.",
                            "set_identifier": "",
                            "ttl": "60",
                            "type": "CNAME",
                            "zone_id": "Z1EXF3DHNCLVFG"
                        },
                        "meta": {
                            "schema_version": "2"
                        },
                        "tainted": false
                    },
                    "deposed": [],
                    "provider": "provider.aws"
                },
                "aws_route53_record.validation.11": {
                    "type": "aws_route53_record",
                    "depends_on": [
                        "aws_acm_certificate.this",
                        "data.aws_route53_zone.parent.*"
                    ],
                    "primary": {
                        "id": "Z1GSN0DUY7LO3I__f3adc7905d737b6c002c129623651603.a-rwx.org._CNAME",
                        "attributes": {
                            "fqdn": "_f3adc7905d737b6c002c129623651603.a-rwx.org",
                            "health_check_id": "",
                            "id": "Z1GSN0DUY7LO3I__f3adc7905d737b6c002c129623651603.a-rwx.org._CNAME",
                            "name": "_f3adc7905d737b6c002c129623651603.a-rwx.org",
                            "records.#": "1",
                            "records.2686349972": "_74459d0e2dfe4cdef12456457cc67ce9.acm-validations.aws.",
                            "set_identifier": "",
                            "ttl": "60",
                            "type": "CNAME",
                            "zone_id": "Z1GSN0DUY7LO3I"
                        },
                        "meta": {
                            "schema_version": "2"
                        },
                        "tainted": false
                    },
                    "deposed": [],
                    "provider": "provider.aws"
                },
                "aws_route53_record.validation.12": {
                    "type": "aws_route53_record",
                    "depends_on": [
                        "aws_acm_certificate.this",
                        "data.aws_route53_zone.parent.*"
                    ],
                    "primary": {
                        "id": "Z1GSN0DUY7LO3I__7a47d307d51f48fa2ebf893e7c68571d.www.a-rwx.org._CNAME",
                        "attributes": {
                            "fqdn": "_7a47d307d51f48fa2ebf893e7c68571d.www.a-rwx.org",
                            "health_check_id": "",
                            "id": "Z1GSN0DUY7LO3I__7a47d307d51f48fa2ebf893e7c68571d.www.a-rwx.org._CNAME",
                            "name": "_7a47d307d51f48fa2ebf893e7c68571d.www.a-rwx.org",
                            "records.#": "1",
                            "records.2540393774": "_723561826f1299f7f58fcb296c1c6b68.acm-validations.aws.",
                            "set_identifier": "",
                            "ttl": "60",
                            "type": "CNAME",
                            "zone_id": "Z1GSN0DUY7LO3I"
                        },
                        "meta": {
                            "schema_version": "2"
                        },
                        "tainted": false
                    },
                    "deposed": [],
                    "provider": "provider.aws"
                },
                "aws_route53_record.validation.2": {
                    "type": "aws_route53_record",
                    "depends_on": [
                        "aws_acm_certificate.this",
                        "data.aws_route53_zone.parent.*"
                    ],
                    "primary": {
                        "id": "Z3RU5N2GAL6D4W__93bcd041fce834edca0b647887c98042.www.lesaker.org._CNAME",
                        "attributes": {
                            "fqdn": "_93bcd041fce834edca0b647887c98042.www.lesaker.org",
                            "health_check_id": "",
                            "id": "Z3RU5N2GAL6D4W__93bcd041fce834edca0b647887c98042.www.lesaker.org._CNAME",
                            "name": "_93bcd041fce834edca0b647887c98042.www.lesaker.org",
                            "records.#": "1",
                            "records.209941514": "_9163b7a0cedcc2d2e805f5390ec86c20.acm-validations.aws.",
                            "set_identifier": "",
                            "ttl": "60",
                            "type": "CNAME",
                            "zone_id": "Z3RU5N2GAL6D4W"
                        },
                        "meta": {
                            "schema_version": "2"
                        },
                        "tainted": false
                    },
                    "deposed": [],
                    "provider": "provider.aws"
                },
                "aws_route53_record.validation.3": {
                    "type": "aws_route53_record",
                    "depends_on": [
                        "aws_acm_certificate.this",
                        "data.aws_route53_zone.parent.*"
                    ],
                    "primary": {
                        "id": "Z11UY811DI2S1K__6aa3cdf9b733a6b40f649e04c42a208a.scrtybybscrty.org._CNAME",
                        "attributes": {
                            "fqdn": "_6aa3cdf9b733a6b40f649e04c42a208a.scrtybybscrty.org",
                            "health_check_id": "",
                            "id": "Z11UY811DI2S1K__6aa3cdf9b733a6b40f649e04c42a208a.scrtybybscrty.org._CNAME",
                            "name": "_6aa3cdf9b733a6b40f649e04c42a208a.scrtybybscrty.org",
                            "records.#": "1",
                            "records.436946205": "_0ff299895f594c93404f8cf67f6fee76.acm-validations.aws.",
                            "set_identifier": "",
                            "ttl": "60",
                            "type": "CNAME",
                            "zone_id": "Z11UY811DI2S1K"
                        },
                        "meta": {
                            "schema_version": "2"
                        },
                        "tainted": false
                    },
                    "deposed": [],
                    "provider": "provider.aws"
                },
                "aws_route53_record.validation.4": {
                    "type": "aws_route53_record",
                    "depends_on": [
                        "aws_acm_certificate.this",
                        "data.aws_route53_zone.parent.*"
                    ],
                    "primary": {
                        "id": "Z11UY811DI2S1K__c065254b9b53d6af1a91cbd3ea5e1624.www.scrtybybscrty.org._CNAME",
                        "attributes": {
                            "fqdn": "_c065254b9b53d6af1a91cbd3ea5e1624.www.scrtybybscrty.org",
                            "health_check_id": "",
                            "id": "Z11UY811DI2S1K__c065254b9b53d6af1a91cbd3ea5e1624.www.scrtybybscrty.org._CNAME",
                            "name": "_c065254b9b53d6af1a91cbd3ea5e1624.www.scrtybybscrty.org",
                            "records.#": "1",
                            "records.3542367359": "_89f1b8b6e12ace264c5968ee4bf31feb.acm-validations.aws.",
                            "set_identifier": "",
                            "ttl": "60",
                            "type": "CNAME",
                            "zone_id": "Z11UY811DI2S1K"
                        },
                        "meta": {
                            "schema_version": "2"
                        },
                        "tainted": false
                    },
                    "deposed": [],
                    "provider": "provider.aws"
                },
                "aws_route53_record.validation.5": {
                    "type": "aws_route53_record",
                    "depends_on": [
                        "aws_acm_certificate.this",
                        "data.aws_route53_zone.parent.*"
                    ],
                    "primary": {
                        "id": "Z12UG2AR1236YD__2143a2c8fea6a68d788698945a7129ba.lesaker.com._CNAME",
                        "attributes": {
                            "fqdn": "_2143a2c8fea6a68d788698945a7129ba.lesaker.com",
                            "health_check_id": "",
                            "id": "Z12UG2AR1236YD__2143a2c8fea6a68d788698945a7129ba.lesaker.com._CNAME",
                            "name": "_2143a2c8fea6a68d788698945a7129ba.lesaker.com",
                            "records.#": "1",
                            "records.840842902": "_640ce9c8da3865cb3c89df5ceea4769d.acm-validations.aws.",
                            "set_identifier": "",
                            "ttl": "60",
                            "type": "CNAME",
                            "zone_id": "Z12UG2AR1236YD"
                        },
                        "meta": {
                            "schema_version": "2"
                        },
                        "tainted": false
                    },
                    "deposed": [],
                    "provider": "provider.aws"
                },
                "aws_route53_record.validation.6": {
                    "type": "aws_route53_record",
                    "depends_on": [
                        "aws_acm_certificate.this",
                        "data.aws_route53_zone.parent.*"
                    ],
                    "primary": {
                        "id": "Z12UG2AR1236YD__e3358842b459a87fd6f4dfd3edcf97b1.www.lesaker.com._CNAME",
                        "attributes": {
                            "fqdn": "_e3358842b459a87fd6f4dfd3edcf97b1.www.lesaker.com",
                            "health_check_id": "",
                            "id": "Z12UG2AR1236YD__e3358842b459a87fd6f4dfd3edcf97b1.www.lesaker.com._CNAME",
                            "name": "_e3358842b459a87fd6f4dfd3edcf97b1.www.lesaker.com",
                            "records.#": "1",
                            "records.61722377": "_207f1de258aae194c7a65e839f86c0b1.acm-validations.aws.",
                            "set_identifier": "",
                            "ttl": "60",
                            "type": "CNAME",
                            "zone_id": "Z12UG2AR1236YD"
                        },
                        "meta": {
                            "schema_version": "2"
                        },
                        "tainted": false
                    },
                    "deposed": [],
                    "provider": "provider.aws"
                },
                "aws_route53_record.validation.7": {
                    "type": "aws_route53_record",
                    "depends_on": [
                        "aws_acm_certificate.this",
                        "data.aws_route53_zone.parent.*"
                    ],
                    "primary": {
                        "id": "Z1GXO6WRJN3B5T__0682ace0a1f2d5669af2cb59fb0ad65f.akerl.org._CNAME",
                        "attributes": {
                            "fqdn": "_0682ace0a1f2d5669af2cb59fb0ad65f.akerl.org",
                            "health_check_id": "",
                            "id": "Z1GXO6WRJN3B5T__0682ace0a1f2d5669af2cb59fb0ad65f.akerl.org._CNAME",
                            "name": "_0682ace0a1f2d5669af2cb59fb0ad65f.akerl.org",
                            "records.#": "1",
                            "records.1483929372": "_267ffba9fc2608500536bf047212fe30.acm-validations.aws.",
                            "set_identifier": "",
                            "ttl": "60",
                            "type": "CNAME",
                            "zone_id": "Z1GXO6WRJN3B5T"
                        },
                        "meta": {
                            "schema_version": "2"
                        },
                        "tainted": false
                    },
                    "deposed": [],
                    "provider": "provider.aws"
                },
                "aws_route53_record.validation.8": {
                    "type": "aws_route53_record",
                    "depends_on": [
                        "aws_acm_certificate.this",
                        "data.aws_route53_zone.parent.*"
                    ],
                    "primary": {
                        "id": "Z1GXO6WRJN3B5T__a19e98dfc8b630accbc93bf7c44953e1.www.akerl.org._CNAME",
                        "attributes": {
                            "fqdn": "_a19e98dfc8b630accbc93bf7c44953e1.www.akerl.org",
                            "health_check_id": "",
                            "id": "Z1GXO6WRJN3B5T__a19e98dfc8b630accbc93bf7c44953e1.www.akerl.org._CNAME",
                            "name": "_a19e98dfc8b630accbc93bf7c44953e1.www.akerl.org",
                            "records.#": "1",
                            "records.567900900": "_70373f85e4145f434a899444280557c1.acm-validations.aws.",
                            "set_identifier": "",
                            "ttl": "60",
                            "type": "CNAME",
                            "zone_id": "Z1GXO6WRJN3B5T"
                        },
                        "meta": {
                            "schema_version": "2"
                        },
                        "tainted": false
                    },
                    "deposed": [],
                    "provider": "provider.aws"
                },
                "aws_route53_record.validation.9": {
                    "type": "aws_route53_record",
                    "depends_on": [
                        "aws_acm_certificate.this",
                        "data.aws_route53_zone.parent.*"
                    ],
                    "primary": {
                        "id": "Z1EXF3DHNCLVFG__2e033dd592dce29f583a62ae5913a2c4.akerl.com._CNAME",
                        "attributes": {
                            "fqdn": "_2e033dd592dce29f583a62ae5913a2c4.akerl.com",
                            "health_check_id": "",
                            "id": "Z1EXF3DHNCLVFG__2e033dd592dce29f583a62ae5913a2c4.akerl.com._CNAME",
                            "name": "_2e033dd592dce29f583a62ae5913a2c4.akerl.com",
                            "records.#": "1",
                            "records.1149415412": "_a20d5a7c7dff688ebe5a64b118ba99a3.acm-validations.aws.",
                            "set_identifier": "",
                            "ttl": "60",
                            "type": "CNAME",
                            "zone_id": "Z1EXF3DHNCLVFG"
                        },
                        "meta": {
                            "schema_version": "2"
                        },
                        "tainted": false
                    },
                    "deposed": [],
                    "provider": "provider.aws"
                },
                "data.aws_route53_zone.parent.0": {
                    "type": "aws_route53_zone",
                    "depends_on": [
                        "local.host_to_zone_regex"
                    ],
                    "primary": {
                        "id": "Z1GXO6WRJN3B5T",
                        "attributes": {
                            "caller_reference": "2016-09-14T19:18:10.521998426-04:00",
                            "comment": "Managed by Terraform",
                            "id": "Z1GXO6WRJN3B5T",
                            "name": "akerl.org.",
                            "name_servers.#": "4",
                            "name_servers.0": "ns-1242.awsdns-27.org",
                            "name_servers.1": "ns-477.awsdns-59.com",
                            "name_servers.2": "ns-808.awsdns-37.net",
                            "name_servers.3": "ns-1942.awsdns-50.co.uk",
                            "private_zone": "false",
                            "resource_record_set_count": "12",
                            "zone_id": "Z1GXO6WRJN3B5T"
                        },
                        "meta": {},
                        "tainted": false
                    },
                    "deposed": [],
                    "provider": "provider.aws"
                },
                "data.aws_route53_zone.parent.1": {
                    "type": "aws_route53_zone",
                    "depends_on": [
                        "local.host_to_zone_regex"
                    ],
                    "primary": {
                        "id": "Z3RU5N2GAL6D4W",
                        "attributes": {
                            "caller_reference": "2016-09-14T19:18:10.522033792-04:00",
                            "comment": "Managed by Terraform",
                            "id": "Z3RU5N2GAL6D4W",
                            "name": "lesaker.org.",
                            "name_servers.#": "4",
                            "name_servers.0": "ns-1242.awsdns-27.org",
                            "name_servers.1": "ns-477.awsdns-59.com",
                            "name_servers.2": "ns-808.awsdns-37.net",
                            "name_servers.3": "ns-1942.awsdns-50.co.uk",
                            "private_zone": "false",
                            "resource_record_set_count": "12",
                            "zone_id": "Z3RU5N2GAL6D4W"
                        },
                        "meta": {},
                        "tainted": false
                    },
                    "deposed": [],
                    "provider": "provider.aws"
                },
                "data.aws_route53_zone.parent.10": {
                    "type": "aws_route53_zone",
                    "depends_on": [
                        "local.host_to_zone_regex"
                    ],
                    "primary": {
                        "id": "Z1EXF3DHNCLVFG",
                        "attributes": {
                            "caller_reference": "2016-09-14T19:18:10.521985366-04:00",
                            "comment": "Managed by Terraform",
                            "id": "Z1EXF3DHNCLVFG",
                            "name": "akerl.com.",
                            "name_servers.#": "4",
                            "name_servers.0": "ns-1242.awsdns-27.org",
                            "name_servers.1": "ns-477.awsdns-59.com",
                            "name_servers.2": "ns-808.awsdns-37.net",
                            "name_servers.3": "ns-1942.awsdns-50.co.uk",
                            "private_zone": "false",
                            "resource_record_set_count": "10",
                            "zone_id": "Z1EXF3DHNCLVFG"
                        },
                        "meta": {},
                        "tainted": false
                    },
                    "deposed": [],
                    "provider": "provider.aws"
                },
                "data.aws_route53_zone.parent.11": {
                    "type": "aws_route53_zone",
                    "depends_on": [
                        "local.host_to_zone_regex"
                    ],
                    "primary": {
                        "id": "Z1GSN0DUY7LO3I",
                        "attributes": {
                            "caller_reference": "2016-09-14T19:18:10.97680021-04:00",
                            "comment": "Managed by Terraform",
                            "id": "Z1GSN0DUY7LO3I",
                            "name": "a-rwx.org.",
                            "name_servers.#": "4",
                            "name_servers.0": "ns-1242.awsdns-27.org",
                            "name_servers.1": "ns-477.awsdns-59.com",
                            "name_servers.2": "ns-808.awsdns-37.net",
                            "name_servers.3": "ns-1942.awsdns-50.co.uk",
                            "private_zone": "false",
                            "resource_record_set_count": "13",
                            "zone_id": "Z1GSN0DUY7LO3I"
                        },
                        "meta": {},
                        "tainted": false
                    },
                    "deposed": [],
                    "provider": "provider.aws"
                },
                "data.aws_route53_zone.parent.12": {
                    "type": "aws_route53_zone",
                    "depends_on": [
                        "local.host_to_zone_regex"
                    ],
                    "primary": {
                        "id": "Z1GSN0DUY7LO3I",
                        "attributes": {
                            "caller_reference": "2016-09-14T19:18:10.97680021-04:00",
                            "comment": "Managed by Terraform",
                            "id": "Z1GSN0DUY7LO3I",
                            "name": "a-rwx.org.",
                            "name_servers.#": "4",
                            "name_servers.0": "ns-1242.awsdns-27.org",
                            "name_servers.1": "ns-477.awsdns-59.com",
                            "name_servers.2": "ns-808.awsdns-37.net",
                            "name_servers.3": "ns-1942.awsdns-50.co.uk",
                            "private_zone": "false",
                            "resource_record_set_count": "13",
                            "zone_id": "Z1GSN0DUY7LO3I"
                        },
                        "meta": {},
                        "tainted": false
                    },
                    "deposed": [],
                    "provider": "provider.aws"
                },
                "data.aws_route53_zone.parent.2": {
                    "type": "aws_route53_zone",
                    "depends_on": [
                        "local.host_to_zone_regex"
                    ],
                    "primary": {
                        "id": "Z3RU5N2GAL6D4W",
                        "attributes": {
                            "caller_reference": "2016-09-14T19:18:10.522033792-04:00",
                            "comment": "Managed by Terraform",
                            "id": "Z3RU5N2GAL6D4W",
                            "name": "lesaker.org.",
                            "name_servers.#": "4",
                            "name_servers.0": "ns-1242.awsdns-27.org",
                            "name_servers.1": "ns-477.awsdns-59.com",
                            "name_servers.2": "ns-808.awsdns-37.net",
                            "name_servers.3": "ns-1942.awsdns-50.co.uk",
                            "private_zone": "false",
                            "resource_record_set_count": "12",
                            "zone_id": "Z3RU5N2GAL6D4W"
                        },
                        "meta": {},
                        "tainted": false
                    },
                    "deposed": [],
                    "provider": "provider.aws"
                },
                "data.aws_route53_zone.parent.3": {
                    "type": "aws_route53_zone",
                    "depends_on": [
                        "local.host_to_zone_regex"
                    ],
                    "primary": {
                        "id": "Z11UY811DI2S1K",
                        "attributes": {
                            "caller_reference": "2016-09-14T19:18:10.523044235-04:00",
                            "comment": "Managed by Terraform",
                            "id": "Z11UY811DI2S1K",
                            "name": "scrtybybscrty.org.",
                            "name_servers.#": "4",
                            "name_servers.0": "ns-1242.awsdns-27.org",
                            "name_servers.1": "ns-477.awsdns-59.com",
                            "name_servers.2": "ns-808.awsdns-37.net",
                            "name_servers.3": "ns-1942.awsdns-50.co.uk",
                            "private_zone": "false",
                            "resource_record_set_count": "20",
                            "zone_id": "Z11UY811DI2S1K"
                        },
                        "meta": {},
                        "tainted": false
                    },
                    "deposed": [],
                    "provider": "provider.aws"
                },
                "data.aws_route53_zone.parent.4": {
                    "type": "aws_route53_zone",
                    "depends_on": [
                        "local.host_to_zone_regex"
                    ],
                    "primary": {
                        "id": "Z11UY811DI2S1K",
                        "attributes": {
                            "caller_reference": "2016-09-14T19:18:10.523044235-04:00",
                            "comment": "Managed by Terraform",
                            "id": "Z11UY811DI2S1K",
                            "name": "scrtybybscrty.org.",
                            "name_servers.#": "4",
                            "name_servers.0": "ns-1242.awsdns-27.org",
                            "name_servers.1": "ns-477.awsdns-59.com",
                            "name_servers.2": "ns-808.awsdns-37.net",
                            "name_servers.3": "ns-1942.awsdns-50.co.uk",
                            "private_zone": "false",
                            "resource_record_set_count": "20",
                            "zone_id": "Z11UY811DI2S1K"
                        },
                        "meta": {},
                        "tainted": false
                    },
                    "deposed": [],
                    "provider": "provider.aws"
                },
                "data.aws_route53_zone.parent.5": {
                    "type": "aws_route53_zone",
                    "depends_on": [
                        "local.host_to_zone_regex"
                    ],
                    "primary": {
                        "id": "Z12UG2AR1236YD",
                        "attributes": {
                            "caller_reference": "2016-09-14T19:18:10.513493351-04:00",
                            "comment": "Managed by Terraform",
                            "id": "Z12UG2AR1236YD",
                            "name": "lesaker.com.",
                            "name_servers.#": "4",
                            "name_servers.0": "ns-1242.awsdns-27.org",
                            "name_servers.1": "ns-477.awsdns-59.com",
                            "name_servers.2": "ns-808.awsdns-37.net",
                            "name_servers.3": "ns-1942.awsdns-50.co.uk",
                            "private_zone": "false",
                            "resource_record_set_count": "10",
                            "zone_id": "Z12UG2AR1236YD"
                        },
                        "meta": {},
                        "tainted": false
                    },
                    "deposed": [],
                    "provider": "provider.aws"
                },
                "data.aws_route53_zone.parent.6": {
                    "type": "aws_route53_zone",
                    "depends_on": [
                        "local.host_to_zone_regex"
                    ],
                    "primary": {
                        "id": "Z12UG2AR1236YD",
                        "attributes": {
                            "caller_reference": "2016-09-14T19:18:10.513493351-04:00",
                            "comment": "Managed by Terraform",
                            "id": "Z12UG2AR1236YD",
                            "name": "lesaker.com.",
                            "name_servers.#": "4",
                            "name_servers.0": "ns-1242.awsdns-27.org",
                            "name_servers.1": "ns-477.awsdns-59.com",
                            "name_servers.2": "ns-808.awsdns-37.net",
                            "name_servers.3": "ns-1942.awsdns-50.co.uk",
                            "private_zone": "false",
                            "resource_record_set_count": "10",
                            "zone_id": "Z12UG2AR1236YD"
                        },
                        "meta": {},
                        "tainted": false
                    },
                    "deposed": [],
                    "provider": "provider.aws"
                },
                "data.aws_route53_zone.parent.7": {
                    "type": "aws_route53_zone",
                    "depends_on": [
                        "local.host_to_zone_regex"
                    ],
                    "primary": {
                        "id": "Z1GXO6WRJN3B5T",
                        "attributes": {
                            "caller_reference": "2016-09-14T19:18:10.521998426-04:00",
                            "comment": "Managed by Terraform",
                            "id": "Z1GXO6WRJN3B5T",
                            "name": "akerl.org.",
                            "name_servers.#": "4",
                            "name_servers.0": "ns-1242.awsdns-27.org",
                            "name_servers.1": "ns-477.awsdns-59.com",
                            "name_servers.2": "ns-808.awsdns-37.net",
                            "name_servers.3": "ns-1942.awsdns-50.co.uk",
                            "private_zone": "false",
                            "resource_record_set_count": "12",
                            "zone_id": "Z1GXO6WRJN3B5T"
                        },
                        "meta": {},
                        "tainted": false
                    },
                    "deposed": [],
                    "provider": "provider.aws"
                },
                "data.aws_route53_zone.parent.8": {
                    "type": "aws_route53_zone",
                    "depends_on": [
                        "local.host_to_zone_regex"
                    ],
                    "primary": {
                        "id": "Z1GXO6WRJN3B5T",
                        "attributes": {
                            "caller_reference": "2016-09-14T19:18:10.521998426-04:00",
                            "comment": "Managed by Terraform",
                            "id": "Z1GXO6WRJN3B5T",
                            "name": "akerl.org.",
                            "name_servers.#": "4",
                            "name_servers.0": "ns-1242.awsdns-27.org",
                            "name_servers.1": "ns-477.awsdns-59.com",
                            "name_servers.2": "ns-808.awsdns-37.net",
                            "name_servers.3": "ns-1942.awsdns-50.co.uk",
                            "private_zone": "false",
                            "resource_record_set_count": "12",
                            "zone_id": "Z1GXO6WRJN3B5T"
                        },
                        "meta": {},
                        "tainted": false
                    },
                    "deposed": [],
                    "provider": "provider.aws"
                },
                "data.aws_route53_zone.parent.9": {
                    "type": "aws_route53_zone",
                    "depends_on": [
                        "local.host_to_zone_regex"
                    ],
                    "primary": {
                        "id": "Z1EXF3DHNCLVFG",
                        "attributes": {
                            "caller_reference": "2016-09-14T19:18:10.521985366-04:00",
                            "comment": "Managed by Terraform",
                            "id": "Z1EXF3DHNCLVFG",
                            "name": "akerl.com.",
                            "name_servers.#": "4",
                            "name_servers.0": "ns-1242.awsdns-27.org",
                            "name_servers.1": "ns-477.awsdns-59.com",
                            "name_servers.2": "ns-808.awsdns-37.net",
                            "name_servers.3": "ns-1942.awsdns-50.co.uk",
                            "private_zone": "false",
                            "resource_record_set_count": "10",
                            "zone_id": "Z1EXF3DHNCLVFG"
                        },
                        "meta": {},
                        "tainted": false
                    },
                    "deposed": [],
                    "provider": "provider.aws"
                }
            },
            "depends_on": []
        },
        {
            "path": [
                "root",
                "akerl-blog",
                "publish_user"
            ],
            "outputs": {
                "publish_bucket": {
                    "sensitive": false,
                    "type": "string",
                    "value": "akerl-blog"
                }
            },
            "resources": {
                "aws_iam_user.this": {
                    "type": "aws_iam_user",
                    "depends_on": [],
                    "primary": {
                        "id": "s3-publish-akerl-blog",
                        "attributes": {
                            "arn": "arn:aws:iam::764218738161:user/s3-publish-akerl-blog",
                            "force_destroy": "false",
                            "id": "s3-publish-akerl-blog",
                            "name": "s3-publish-akerl-blog",
                            "path": "/",
                            "tags.%": "0",
                            "unique_id": "AIDAISZXREHGOVTMO43PY"
                        },
                        "meta": {},
                        "tainted": false
                    },
                    "deposed": [],
                    "provider": "provider.aws"
                },
                "aws_iam_user_policy.this": {
                    "type": "aws_iam_user_policy",
                    "depends_on": [
                        "aws_iam_user.this",
                        "data.aws_iam_policy_document.this"
                    ],
                    "primary": {
                        "id": "s3-publish-akerl-blog:s3-publish",
                        "attributes": {
                            "id": "s3-publish-akerl-blog:s3-publish",
                            "name": "s3-publish",
                            "policy": "{\n  \"Version\": \"2012-10-17\",\n  \"Statement\": [\n    {\n      \"Sid\": \"\",\n      \"Effect\": \"Allow\",\n      \"Action\": [\n        \"s3:PutObject\",\n        \"s3:ListBucket\",\n        \"s3:ListAllMyBuckets\",\n        \"s3:GetObjectAcl\",\n        \"s3:GetObject\",\n        \"s3:GetBucketLocation\",\n        \"s3:GetBucketAcl\",\n        \"s3:DeleteObject\"\n      ],\n      \"Resource\": [\n        \"arn:aws:s3:::akerl-blog/*\",\n        \"arn:aws:s3:::akerl-blog\"\n      ]\n    }\n  ]\n}",
                            "user": "s3-publish-akerl-blog"
                        },
                        "meta": {},
                        "tainted": false
                    },
                    "deposed": [],
                    "provider": "provider.aws"
                },
                "awscreds_iam_access_key.this": {
                    "type": "awscreds_iam_access_key",
                    "depends_on": [
                        "aws_iam_user.this"
                    ],
                    "primary": {
                        "id": "AKIAI5XZCIFC45GO3NWQ",
                        "attributes": {
                            "file": "creds/s3-publish-akerl-blog",
                            "id": "AKIAI5XZCIFC45GO3NWQ",
                            "secret": "",
                            "ses_smtp_password": "",
                            "status": "Active",
                            "user": "s3-publish-akerl-blog"
                        },
                        "meta": {},
                        "tainted": false
                    },
                    "deposed": [],
                    "provider": "provider.awscreds"
                },
                "data.aws_iam_policy_document.this": {
                    "type": "aws_iam_policy_document",
                    "depends_on": [],
                    "primary": {
                        "id": "2135601489",
                        "attributes": {
                            "id": "2135601489",
                            "json": "{\n  \"Version\": \"2012-10-17\",\n  \"Statement\": [\n    {\n      \"Sid\": \"\",\n      \"Effect\": \"Allow\",\n      \"Action\": [\n        \"s3:PutObject\",\n        \"s3:ListBucket\",\n        \"s3:ListAllMyBuckets\",\n        \"s3:GetObjectAcl\",\n        \"s3:GetObject\",\n        \"s3:GetBucketLocation\",\n        \"s3:GetBucketAcl\",\n        \"s3:DeleteObject\"\n      ],\n      \"Resource\": [\n        \"arn:aws:s3:::akerl-blog/*\",\n        \"arn:aws:s3:::akerl-blog\"\n      ]\n    }\n  ]\n}",
                            "statement.#": "1",
                            "statement.0.actions.#": "8",
                            "statement.0.actions.2071725391": "s3:GetObject",
                            "statement.0.actions.2517836488": "s3:GetObjectAcl",
                            "statement.0.actions.3009670498": "s3:DeleteObject",
                            "statement.0.actions.315547055": "s3:PutObject",
                            "statement.0.actions.3948445924": "s3:GetBucketLocation",
                            "statement.0.actions.486976917": "s3:ListBucket",
                            "statement.0.actions.796062918": "s3:ListAllMyBuckets",
                            "statement.0.actions.845481387": "s3:GetBucketAcl",
                            "statement.0.condition.#": "0",
                            "statement.0.effect": "Allow",
                            "statement.0.not_actions.#": "0",
                            "statement.0.not_principals.#": "0",
                            "statement.0.not_resources.#": "0",
                            "statement.0.principals.#": "0",
                            "statement.0.resources.#": "2",
                            "statement.0.resources.2218934011": "arn:aws:s3:::akerl-blog/*",
                            "statement.0.resources.3113542243": "arn:aws:s3:::akerl-blog",
                            "statement.0.sid": "",
                            "version": "2012-10-17"
                        },
                        "meta": {},
                        "tainted": false
                    },
                    "deposed": [],
                    "provider": "provider.aws"
                }
            },
            "depends_on": []
        },
        {
            "path": [
                "root",
                "akerl-books-library",
                "apigw"
            ],
            "outputs": {
                "dns_name": {
                    "sensitive": false,
                    "type": "string",
                    "value": "d3iukmmdtej1e4.cloudfront.net"
                }
            },
            "resources": {
                "aws_api_gateway_base_path_mapping.this": {
                    "type": "aws_api_gateway_base_path_mapping",
                    "depends_on": [
                        "aws_api_gateway_deployment.this",
                        "aws_api_gateway_domain_name.this",
                        "aws_api_gateway_rest_api.this"
                    ],
                    "primary": {
                        "id": "books.coolquotes.xyz/",
                        "attributes": {
                            "api_id": "uece7pm8e1",
                            "base_path": "",
                            "domain_name": "books.coolquotes.xyz",
                            "id": "books.coolquotes.xyz/",
                            "stage_name": "prod"
                        },
                        "meta": {},
                        "tainted": false
                    },
                    "deposed": [],
                    "provider": "provider.aws"
                },
                "aws_api_gateway_deployment.this": {
                    "type": "aws_api_gateway_deployment",
                    "depends_on": [
                        "aws_api_gateway_integration.this",
                        "aws_api_gateway_method.this",
                        "aws_api_gateway_resource.this",
                        "aws_api_gateway_rest_api.this"
                    ],
                    "primary": {
                        "id": "unxqxq",
                        "attributes": {
                            "created_date": "2019-03-10T18:57:29Z",
                            "description": "",
                            "execution_arn": "arn:aws:execute-api:us-east-1:764218738161:uece7pm8e1/prod",
                            "id": "unxqxq",
                            "invoke_url": "https://uece7pm8e1.execute-api.us-east-1.amazonaws.com/prod",
                            "rest_api_id": "uece7pm8e1",
                            "stage_name": "prod",
                            "variables.%": "1",
                            "variables.bucket": "akerl-book-library"
                        },
                        "meta": {},
                        "tainted": false
                    },
                    "deposed": [],
                    "provider": "provider.aws"
                },
                "aws_api_gateway_domain_name.this": {
                    "type": "aws_api_gateway_domain_name",
                    "depends_on": [
                        "module.certificate"
                    ],
                    "primary": {
                        "id": "books.coolquotes.xyz",
                        "attributes": {
                            "certificate_arn": "arn:aws:acm:us-east-1:764218738161:certificate/92c197d6-80d3-43fe-95f4-3470c3695373",
                            "certificate_name": "",
                            "certificate_upload_date": "2019-03-10T20:06:31Z",
                            "cloudfront_domain_name": "d3iukmmdtej1e4.cloudfront.net",
                            "cloudfront_zone_id": "Z2FDTNDATAQYW2",
                            "domain_name": "books.coolquotes.xyz",
                            "endpoint_configuration.#": "1",
                            "endpoint_configuration.0.types.#": "1",
                            "endpoint_configuration.0.types.0": "EDGE",
                            "id": "books.coolquotes.xyz",
                            "regional_certificate_arn": "",
                            "regional_certificate_name": "",
                            "regional_domain_name": "",
                            "regional_zone_id": ""
                        },
                        "meta": {},
                        "tainted": false
                    },
                    "deposed": [],
                    "provider": "provider.aws"
                },
                "aws_api_gateway_integration.this": {
                    "type": "aws_api_gateway_integration",
                    "depends_on": [
                        "aws_api_gateway_method.this",
                        "aws_api_gateway_resource.this",
                        "aws_api_gateway_rest_api.this",
                        "module.lambda"
                    ],
                    "primary": {
                        "id": "agi-uece7pm8e1-gcykju-ANY",
                        "attributes": {
                            "cache_key_parameters.#": "0",
                            "cache_namespace": "gcykju",
                            "connection_id": "",
                            "connection_type": "INTERNET",
                            "content_handling": "",
                            "credentials": "",
                            "http_method": "ANY",
                            "id": "agi-uece7pm8e1-gcykju-ANY",
                            "integration_http_method": "POST",
                            "passthrough_behavior": "WHEN_NO_MATCH",
                            "request_parameters.%": "0",
                            "request_templates.%": "0",
                            "resource_id": "gcykju",
                            "rest_api_id": "uece7pm8e1",
                            "timeout_milliseconds": "29000",
                            "type": "AWS_PROXY",
                            "uri": "arn:aws:apigateway:us-east-1:lambda:path/2015-03-31/functions/arn:aws:lambda:us-east-1:764218738161:function:madlibrarian_akerl-book-library/invocations"
                        },
                        "meta": {},
                        "tainted": false
                    },
                    "deposed": [],
                    "provider": "provider.aws"
                },
                "aws_api_gateway_method.this": {
                    "type": "aws_api_gateway_method",
                    "depends_on": [
                        "aws_api_gateway_resource.this",
                        "aws_api_gateway_rest_api.this"
                    ],
                    "primary": {
                        "id": "agm-uece7pm8e1-gcykju-ANY",
                        "attributes": {
                            "api_key_required": "false",
                            "authorization": "NONE",
                            "authorization_scopes.#": "0",
                            "authorizer_id": "",
                            "http_method": "ANY",
                            "id": "agm-uece7pm8e1-gcykju-ANY",
                            "request_models.%": "0",
                            "request_parameters.%": "0",
                            "request_validator_id": "",
                            "resource_id": "gcykju",
                            "rest_api_id": "uece7pm8e1"
                        },
                        "meta": {},
                        "tainted": false
                    },
                    "deposed": [],
                    "provider": "provider.aws"
                },
                "aws_api_gateway_method_settings.settings": {
                    "type": "aws_api_gateway_method_settings",
                    "depends_on": [
                        "aws_api_gateway_deployment.this",
                        "aws_api_gateway_rest_api.this"
                    ],
                    "primary": {
                        "id": "uece7pm8e1-prod-*/*",
                        "attributes": {
                            "id": "uece7pm8e1-prod-*/*",
                            "method_path": "*/*",
                            "rest_api_id": "uece7pm8e1",
                            "settings.#": "1",
                            "settings.0.cache_data_encrypted": "false",
                            "settings.0.cache_ttl_in_seconds": "0",
                            "settings.0.caching_enabled": "false",
                            "settings.0.data_trace_enabled": "false",
                            "settings.0.logging_level": "INFO",
                            "settings.0.metrics_enabled": "true",
                            "settings.0.require_authorization_for_cache_control": "false",
                            "settings.0.throttling_burst_limit": "0",
                            "settings.0.throttling_rate_limit": "0",
                            "settings.0.unauthorized_cache_control_header_strategy": "",
                            "stage_name": "prod"
                        },
                        "meta": {},
                        "tainted": false
                    },
                    "deposed": [],
                    "provider": "provider.aws"
                },
                "aws_api_gateway_resource.this": {
                    "type": "aws_api_gateway_resource",
                    "depends_on": [
                        "aws_api_gateway_rest_api.this"
                    ],
                    "primary": {
                        "id": "gcykju",
                        "attributes": {
                            "id": "gcykju",
                            "parent_id": "pixnifqvvh",
                            "path": "/{path+}",
                            "path_part": "{path+}",
                            "rest_api_id": "uece7pm8e1"
                        },
                        "meta": {},
                        "tainted": false
                    },
                    "deposed": [],
                    "provider": "provider.aws"
                },
                "aws_api_gateway_rest_api.this": {
                    "type": "aws_api_gateway_rest_api",
                    "depends_on": [],
                    "primary": {
                        "id": "uece7pm8e1",
                        "attributes": {
                            "api_key_source": "HEADER",
                            "binary_media_types.#": "0",
                            "created_date": "2019-03-10T13:01:42Z",
                            "description": "",
                            "endpoint_configuration.#": "1",
                            "endpoint_configuration.0.types.#": "1",
                            "endpoint_configuration.0.types.0": "EDGE",
                            "execution_arn": "arn:aws:execute-api:us-east-1:764218738161:uece7pm8e1",
                            "id": "uece7pm8e1",
                            "minimum_compression_size": "-1",
                            "name": "madlibrarian_akerl-book-library",
                            "policy": "",
                            "root_resource_id": "pixnifqvvh"
                        },
                        "meta": {},
                        "tainted": false
                    },
                    "deposed": [],
                    "provider": "provider.aws"
                },
                "data.aws_caller_identity.current": {
                    "type": "aws_caller_identity",
                    "depends_on": [],
                    "primary": {
                        "id": "2019-03-11 07:47:52.990287 +0000 UTC",
                        "attributes": {
                            "account_id": "764218738161",
                            "arn": "arn:aws:sts::764218738161:assumed-role/admin/akerl-mazer",
                            "id": "2019-03-11 07:47:52.990287 +0000 UTC",
                            "user_id": "AROAJGIBWVRCR3J55QVX6:akerl-mazer"
                        },
                        "meta": {},
                        "tainted": false
                    },
                    "deposed": [],
                    "provider": "provider.aws"
                },
                "data.aws_region.current": {
                    "type": "aws_region",
                    "depends_on": [],
                    "primary": {
                        "id": "us-east-1",
                        "attributes": {
                            "description": "US East (N. Virginia)",
                            "endpoint": "ec2.us-east-1.amazonaws.com",
                            "id": "us-east-1",
                            "name": "us-east-1"
                        },
                        "meta": {},
                        "tainted": false
                    },
                    "deposed": [],
                    "provider": "provider.aws"
                }
            },
            "depends_on": []
        },
        {
            "path": [
                "root",
                "akerl-books-library",
                "config_user"
            ],
            "outputs": {
                "publish_bucket": {
                    "sensitive": false,
                    "type": "string",
                    "value": "akerl-book-library-config"
                }
            },
            "resources": {
                "aws_iam_user.this": {
                    "type": "aws_iam_user",
                    "depends_on": [],
                    "primary": {
                        "id": "s3-publish-akerl-book-library-config",
                        "attributes": {
                            "arn": "arn:aws:iam::764218738161:user/s3-publish-akerl-book-library-config",
                            "force_destroy": "false",
                            "id": "s3-publish-akerl-book-library-config",
                            "name": "s3-publish-akerl-book-library-config",
                            "path": "/",
                            "tags.%": "0",
                            "unique_id": "AIDAIJLQ6IH2Q2ZRIJBGW"
                        },
                        "meta": {},
                        "tainted": false
                    },
                    "deposed": [],
                    "provider": "provider.aws"
                },
                "aws_iam_user_policy.this": {
                    "type": "aws_iam_user_policy",
                    "depends_on": [
                        "aws_iam_user.this",
                        "data.aws_iam_policy_document.this"
                    ],
                    "primary": {
                        "id": "s3-publish-akerl-book-library-config:s3-publish",
                        "attributes": {
                            "id": "s3-publish-akerl-book-library-config:s3-publish",
                            "name": "s3-publish",
                            "policy": "{\n  \"Version\": \"2012-10-17\",\n  \"Statement\": [\n    {\n      \"Sid\": \"\",\n      \"Effect\": \"Allow\",\n      \"Action\": [\n        \"s3:PutObject\",\n        \"s3:ListBucket\",\n        \"s3:ListAllMyBuckets\",\n        \"s3:GetObjectAcl\",\n        \"s3:GetObject\",\n        \"s3:GetBucketLocation\",\n        \"s3:GetBucketAcl\",\n        \"s3:DeleteObject\"\n      ],\n      \"Resource\": [\n        \"arn:aws:s3:::akerl-book-library-config/*\",\n        \"arn:aws:s3:::akerl-book-library-config\"\n      ]\n    }\n  ]\n}",
                            "user": "s3-publish-akerl-book-library-config"
                        },
                        "meta": {},
                        "tainted": false
                    },
                    "deposed": [],
                    "provider": "provider.aws"
                },
                "aws_s3_bucket.this": {
                    "type": "aws_s3_bucket",
                    "depends_on": [],
                    "primary": {
                        "id": "akerl-book-library-config",
                        "attributes": {
                            "acceleration_status": "",
                            "acl": "private",
                            "arn": "arn:aws:s3:::akerl-book-library-config",
                            "bucket": "akerl-book-library-config",
                            "bucket_domain_name": "akerl-book-library-config.s3.amazonaws.com",
                            "bucket_regional_domain_name": "akerl-book-library-config.s3.amazonaws.com",
                            "cors_rule.#": "0",
                            "force_destroy": "false",
                            "hosted_zone_id": "Z3AQBSTGFYJSTF",
                            "id": "akerl-book-library-config",
                            "lifecycle_rule.#": "0",
                            "logging.#": "1",
                            "logging.197730470.target_bucket": "akerl-s3-logs",
                            "logging.197730470.target_prefix": "akerl-book-library-config/",
                            "object_lock_configuration.#": "0",
                            "region": "us-east-1",
                            "replication_configuration.#": "0",
                            "request_payer": "BucketOwner",
                            "server_side_encryption_configuration.#": "0",
                            "tags.%": "0",
                            "versioning.#": "1",
                            "versioning.0.enabled": "true",
                            "versioning.0.mfa_delete": "false",
                            "website.#": "0"
                        },
                        "meta": {},
                        "tainted": false
                    },
                    "deposed": [],
                    "provider": "provider.aws"
                },
                "awscreds_iam_access_key.this": {
                    "type": "awscreds_iam_access_key",
                    "depends_on": [
                        "aws_iam_user.this"
                    ],
                    "primary": {
                        "id": "AKIAJE6T6P7RC4JKITPQ",
                        "attributes": {
                            "file": "creds/s3-publish-akerl-book-library-config",
                            "id": "AKIAJE6T6P7RC4JKITPQ",
                            "secret": "",
                            "ses_smtp_password": "",
                            "status": "Active",
                            "user": "s3-publish-akerl-book-library-config"
                        },
                        "meta": {},
                        "tainted": false
                    },
                    "deposed": [],
                    "provider": "provider.awscreds"
                },
                "data.aws_iam_policy_document.this": {
                    "type": "aws_iam_policy_document",
                    "depends_on": [],
                    "primary": {
                        "id": "4216300623",
                        "attributes": {
                            "id": "4216300623",
                            "json": "{\n  \"Version\": \"2012-10-17\",\n  \"Statement\": [\n    {\n      \"Sid\": \"\",\n      \"Effect\": \"Allow\",\n      \"Action\": [\n        \"s3:PutObject\",\n        \"s3:ListBucket\",\n        \"s3:ListAllMyBuckets\",\n        \"s3:GetObjectAcl\",\n        \"s3:GetObject\",\n        \"s3:GetBucketLocation\",\n        \"s3:GetBucketAcl\",\n        \"s3:DeleteObject\"\n      ],\n      \"Resource\": [\n        \"arn:aws:s3:::akerl-book-library-config/*\",\n        \"arn:aws:s3:::akerl-book-library-config\"\n      ]\n    }\n  ]\n}",
                            "statement.#": "1",
                            "statement.0.actions.#": "8",
                            "statement.0.actions.2071725391": "s3:GetObject",
                            "statement.0.actions.2517836488": "s3:GetObjectAcl",
                            "statement.0.actions.3009670498": "s3:DeleteObject",
                            "statement.0.actions.315547055": "s3:PutObject",
                            "statement.0.actions.3948445924": "s3:GetBucketLocation",
                            "statement.0.actions.486976917": "s3:ListBucket",
                            "statement.0.actions.796062918": "s3:ListAllMyBuckets",
                            "statement.0.actions.845481387": "s3:GetBucketAcl",
                            "statement.0.condition.#": "0",
                            "statement.0.effect": "Allow",
                            "statement.0.not_actions.#": "0",
                            "statement.0.not_principals.#": "0",
                            "statement.0.not_resources.#": "0",
                            "statement.0.principals.#": "0",
                            "statement.0.resources.#": "2",
                            "statement.0.resources.2905745180": "arn:aws:s3:::akerl-book-library-config",
                            "statement.0.resources.3354098011": "arn:aws:s3:::akerl-book-library-config/*",
                            "statement.0.sid": "",
                            "version": "2012-10-17"
                        },
                        "meta": {},
                        "tainted": false
                    },
                    "deposed": [],
                    "provider": "provider.aws"
                }
            },
            "depends_on": []
        },
        {
            "path": [
                "root",
                "akerl-books-library",
                "publish_user"
            ],
            "outputs": {
                "publish_bucket": {
                    "sensitive": false,
                    "type": "string",
                    "value": "akerl-book-library"
                }
            },
            "resources": {
                "aws_iam_user.this": {
                    "type": "aws_iam_user",
                    "depends_on": [],
                    "primary": {
                        "id": "s3-publish-akerl-book-library",
                        "attributes": {
                            "arn": "arn:aws:iam::764218738161:user/s3-publish-akerl-book-library",
                            "force_destroy": "false",
                            "id": "s3-publish-akerl-book-library",
                            "name": "s3-publish-akerl-book-library",
                            "path": "/",
                            "tags.%": "0",
                            "unique_id": "AIDAJODVMLEZYG66Y5AQE"
                        },
                        "meta": {},
                        "tainted": false
                    },
                    "deposed": [],
                    "provider": "provider.aws"
                },
                "aws_iam_user_policy.this": {
                    "type": "aws_iam_user_policy",
                    "depends_on": [
                        "aws_iam_user.this",
                        "data.aws_iam_policy_document.this"
                    ],
                    "primary": {
                        "id": "s3-publish-akerl-book-library:s3-publish",
                        "attributes": {
                            "id": "s3-publish-akerl-book-library:s3-publish",
                            "name": "s3-publish",
                            "policy": "{\n  \"Version\": \"2012-10-17\",\n  \"Statement\": [\n    {\n      \"Sid\": \"\",\n      \"Effect\": \"Allow\",\n      \"Action\": [\n        \"s3:PutObject\",\n        \"s3:ListBucket\",\n        \"s3:ListAllMyBuckets\",\n        \"s3:GetObjectAcl\",\n        \"s3:GetObject\",\n        \"s3:GetBucketLocation\",\n        \"s3:GetBucketAcl\",\n        \"s3:DeleteObject\"\n      ],\n      \"Resource\": [\n        \"arn:aws:s3:::akerl-book-library/*\",\n        \"arn:aws:s3:::akerl-book-library\"\n      ]\n    }\n  ]\n}",
                            "user": "s3-publish-akerl-book-library"
                        },
                        "meta": {},
                        "tainted": false
                    },
                    "deposed": [],
                    "provider": "provider.aws"
                },
                "aws_s3_bucket.this": {
                    "type": "aws_s3_bucket",
                    "depends_on": [],
                    "primary": {
                        "id": "akerl-book-library",
                        "attributes": {
                            "acceleration_status": "",
                            "acl": "private",
                            "arn": "arn:aws:s3:::akerl-book-library",
                            "bucket": "akerl-book-library",
                            "bucket_domain_name": "akerl-book-library.s3.amazonaws.com",
                            "bucket_regional_domain_name": "akerl-book-library.s3.amazonaws.com",
                            "cors_rule.#": "0",
                            "force_destroy": "false",
                            "hosted_zone_id": "Z3AQBSTGFYJSTF",
                            "id": "akerl-book-library",
                            "lifecycle_rule.#": "0",
                            "logging.#": "1",
                            "logging.1121919102.target_bucket": "akerl-s3-logs",
                            "logging.1121919102.target_prefix": "akerl-book-library/",
                            "object_lock_configuration.#": "0",
                            "region": "us-east-1",
                            "replication_configuration.#": "0",
                            "request_payer": "BucketOwner",
                            "server_side_encryption_configuration.#": "0",
                            "tags.%": "0",
                            "versioning.#": "1",
                            "versioning.0.enabled": "true",
                            "versioning.0.mfa_delete": "false",
                            "website.#": "0"
                        },
                        "meta": {},
                        "tainted": false
                    },
                    "deposed": [],
                    "provider": "provider.aws"
                },
                "awscreds_iam_access_key.this": {
                    "type": "awscreds_iam_access_key",
                    "depends_on": [
                        "aws_iam_user.this"
                    ],
                    "primary": {
                        "id": "AKIAJGPKYUJECKWLGZOQ",
                        "attributes": {
                            "file": "creds/s3-publish-akerl-book-library",
                            "id": "AKIAJGPKYUJECKWLGZOQ",
                            "secret": "",
                            "ses_smtp_password": "",
                            "status": "Active",
                            "user": "s3-publish-akerl-book-library"
                        },
                        "meta": {},
                        "tainted": false
                    },
                    "deposed": [],
                    "provider": "provider.awscreds"
                },
                "data.aws_iam_policy_document.this": {
                    "type": "aws_iam_policy_document",
                    "depends_on": [],
                    "primary": {
                        "id": "2941430827",
                        "attributes": {
                            "id": "2941430827",
                            "json": "{\n  \"Version\": \"2012-10-17\",\n  \"Statement\": [\n    {\n      \"Sid\": \"\",\n      \"Effect\": \"Allow\",\n      \"Action\": [\n        \"s3:PutObject\",\n        \"s3:ListBucket\",\n        \"s3:ListAllMyBuckets\",\n        \"s3:GetObjectAcl\",\n        \"s3:GetObject\",\n        \"s3:GetBucketLocation\",\n        \"s3:GetBucketAcl\",\n        \"s3:DeleteObject\"\n      ],\n      \"Resource\": [\n        \"arn:aws:s3:::akerl-book-library/*\",\n        \"arn:aws:s3:::akerl-book-library\"\n      ]\n    }\n  ]\n}",
                            "statement.#": "1",
                            "statement.0.actions.#": "8",
                            "statement.0.actions.2071725391": "s3:GetObject",
                            "statement.0.actions.2517836488": "s3:GetObjectAcl",
                            "statement.0.actions.3009670498": "s3:DeleteObject",
                            "statement.0.actions.315547055": "s3:PutObject",
                            "statement.0.actions.3948445924": "s3:GetBucketLocation",
                            "statement.0.actions.486976917": "s3:ListBucket",
                            "statement.0.actions.796062918": "s3:ListAllMyBuckets",
                            "statement.0.actions.845481387": "s3:GetBucketAcl",
                            "statement.0.condition.#": "0",
                            "statement.0.effect": "Allow",
                            "statement.0.not_actions.#": "0",
                            "statement.0.not_principals.#": "0",
                            "statement.0.not_resources.#": "0",
                            "statement.0.principals.#": "0",
                            "statement.0.resources.#": "2",
                            "statement.0.resources.1115446853": "arn:aws:s3:::akerl-book-library",
                            "statement.0.resources.2236332432": "arn:aws:s3:::akerl-book-library/*",
                            "statement.0.sid": "",
                            "version": "2012-10-17"
                        },
                        "meta": {},
                        "tainted": false
                    },
                    "deposed": [],
                    "provider": "provider.aws"
                }
            },
            "depends_on": []
        },
        {
            "path": [
                "root",
                "akerl-dcs-library",
                "apigw"
            ],
            "outputs": {
                "dns_name": {
                    "sensitive": false,
                    "type": "string",
                    "value": "d27f42y68vvkmg.cloudfront.net"
                }
            },
            "resources": {
                "aws_api_gateway_base_path_mapping.this": {
                    "type": "aws_api_gateway_base_path_mapping",
                    "depends_on": [
                        "aws_api_gateway_deployment.this",
                        "aws_api_gateway_domain_name.this",
                        "aws_api_gateway_rest_api.this"
                    ],
                    "primary": {
                        "id": "dcs.coolquotes.xyz/",
                        "attributes": {
                            "api_id": "xo2l31ffu6",
                            "base_path": "",
                            "domain_name": "dcs.coolquotes.xyz",
                            "id": "dcs.coolquotes.xyz/",
                            "stage_name": "prod"
                        },
                        "meta": {},
                        "tainted": false
                    },
                    "deposed": [],
                    "provider": "provider.aws"
                },
                "aws_api_gateway_deployment.this": {
                    "type": "aws_api_gateway_deployment",
                    "depends_on": [
                        "aws_api_gateway_integration.this",
                        "aws_api_gateway_method.this",
                        "aws_api_gateway_resource.this",
                        "aws_api_gateway_rest_api.this"
                    ],
                    "primary": {
                        "id": "gs855e",
                        "attributes": {
                            "created_date": "2019-03-10T18:57:29Z",
                            "description": "",
                            "execution_arn": "arn:aws:execute-api:us-east-1:764218738161:xo2l31ffu6/prod",
                            "id": "gs855e",
                            "invoke_url": "https://xo2l31ffu6.execute-api.us-east-1.amazonaws.com/prod",
                            "rest_api_id": "xo2l31ffu6",
                            "stage_name": "prod",
                            "variables.%": "1",
                            "variables.bucket": "akerl-dcs-library"
                        },
                        "meta": {},
                        "tainted": false
                    },
                    "deposed": [],
                    "provider": "provider.aws"
                },
                "aws_api_gateway_domain_name.this": {
                    "type": "aws_api_gateway_domain_name",
                    "depends_on": [
                        "module.certificate"
                    ],
                    "primary": {
                        "id": "dcs.coolquotes.xyz",
                        "attributes": {
                            "certificate_arn": "arn:aws:acm:us-east-1:764218738161:certificate/6c7bdabb-950f-49da-a8e0-e0c195347590",
                            "certificate_name": "",
                            "certificate_upload_date": "2019-03-10T20:23:54Z",
                            "cloudfront_domain_name": "d27f42y68vvkmg.cloudfront.net",
                            "cloudfront_zone_id": "Z2FDTNDATAQYW2",
                            "domain_name": "dcs.coolquotes.xyz",
                            "endpoint_configuration.#": "1",
                            "endpoint_configuration.0.types.#": "1",
                            "endpoint_configuration.0.types.0": "EDGE",
                            "id": "dcs.coolquotes.xyz",
                            "regional_certificate_arn": "",
                            "regional_certificate_name": "",
                            "regional_domain_name": "",
                            "regional_zone_id": ""
                        },
                        "meta": {},
                        "tainted": false
                    },
                    "deposed": [],
                    "provider": "provider.aws"
                },
                "aws_api_gateway_integration.this": {
                    "type": "aws_api_gateway_integration",
                    "depends_on": [
                        "aws_api_gateway_method.this",
                        "aws_api_gateway_resource.this",
                        "aws_api_gateway_rest_api.this",
                        "module.lambda"
                    ],
                    "primary": {
                        "id": "agi-xo2l31ffu6-sk52hx-ANY",
                        "attributes": {
                            "cache_key_parameters.#": "0",
                            "cache_namespace": "sk52hx",
                            "connection_id": "",
                            "connection_type": "INTERNET",
                            "content_handling": "",
                            "credentials": "",
                            "http_method": "ANY",
                            "id": "agi-xo2l31ffu6-sk52hx-ANY",
                            "integration_http_method": "POST",
                            "passthrough_behavior": "WHEN_NO_MATCH",
                            "request_parameters.%": "0",
                            "request_templates.%": "0",
                            "resource_id": "sk52hx",
                            "rest_api_id": "xo2l31ffu6",
                            "timeout_milliseconds": "29000",
                            "type": "AWS_PROXY",
                            "uri": "arn:aws:apigateway:us-east-1:lambda:path/2015-03-31/functions/arn:aws:lambda:us-east-1:764218738161:function:madlibrarian_akerl-dcs-library/invocations"
                        },
                        "meta": {},
                        "tainted": false
                    },
                    "deposed": [],
                    "provider": "provider.aws"
                },
                "aws_api_gateway_method.this": {
                    "type": "aws_api_gateway_method",
                    "depends_on": [
                        "aws_api_gateway_resource.this",
                        "aws_api_gateway_rest_api.this"
                    ],
                    "primary": {
                        "id": "agm-xo2l31ffu6-sk52hx-ANY",
                        "attributes": {
                            "api_key_required": "false",
                            "authorization": "NONE",
                            "authorization_scopes.#": "0",
                            "authorizer_id": "",
                            "http_method": "ANY",
                            "id": "agm-xo2l31ffu6-sk52hx-ANY",
                            "request_models.%": "0",
                            "request_parameters.%": "0",
                            "request_validator_id": "",
                            "resource_id": "sk52hx",
                            "rest_api_id": "xo2l31ffu6"
                        },
                        "meta": {},
                        "tainted": false
                    },
                    "deposed": [],
                    "provider": "provider.aws"
                },
                "aws_api_gateway_method_settings.settings": {
                    "type": "aws_api_gateway_method_settings",
                    "depends_on": [
                        "aws_api_gateway_deployment.this",
                        "aws_api_gateway_rest_api.this"
                    ],
                    "primary": {
                        "id": "xo2l31ffu6-prod-*/*",
                        "attributes": {
                            "id": "xo2l31ffu6-prod-*/*",
                            "method_path": "*/*",
                            "rest_api_id": "xo2l31ffu6",
                            "settings.#": "1",
                            "settings.0.cache_data_encrypted": "false",
                            "settings.0.cache_ttl_in_seconds": "0",
                            "settings.0.caching_enabled": "false",
                            "settings.0.data_trace_enabled": "false",
                            "settings.0.logging_level": "INFO",
                            "settings.0.metrics_enabled": "true",
                            "settings.0.require_authorization_for_cache_control": "false",
                            "settings.0.throttling_burst_limit": "0",
                            "settings.0.throttling_rate_limit": "0",
                            "settings.0.unauthorized_cache_control_header_strategy": "",
                            "stage_name": "prod"
                        },
                        "meta": {},
                        "tainted": false
                    },
                    "deposed": [],
                    "provider": "provider.aws"
                },
                "aws_api_gateway_resource.this": {
                    "type": "aws_api_gateway_resource",
                    "depends_on": [
                        "aws_api_gateway_rest_api.this"
                    ],
                    "primary": {
                        "id": "sk52hx",
                        "attributes": {
                            "id": "sk52hx",
                            "parent_id": "ptcmh3bne1",
                            "path": "/{path+}",
                            "path_part": "{path+}",
                            "rest_api_id": "xo2l31ffu6"
                        },
                        "meta": {},
                        "tainted": false
                    },
                    "deposed": [],
                    "provider": "provider.aws"
                },
                "aws_api_gateway_rest_api.this": {
                    "type": "aws_api_gateway_rest_api",
                    "depends_on": [],
                    "primary": {
                        "id": "xo2l31ffu6",
                        "attributes": {
                            "api_key_source": "HEADER",
                            "binary_media_types.#": "0",
                            "created_date": "2019-03-10T13:06:08Z",
                            "description": "",
                            "endpoint_configuration.#": "1",
                            "endpoint_configuration.0.types.#": "1",
                            "endpoint_configuration.0.types.0": "EDGE",
                            "execution_arn": "arn:aws:execute-api:us-east-1:764218738161:xo2l31ffu6",
                            "id": "xo2l31ffu6",
                            "minimum_compression_size": "-1",
                            "name": "madlibrarian_akerl-dcs-library",
                            "policy": "",
                            "root_resource_id": "ptcmh3bne1"
                        },
                        "meta": {},
                        "tainted": false
                    },
                    "deposed": [],
                    "provider": "provider.aws"
                },
                "data.aws_caller_identity.current": {
                    "type": "aws_caller_identity",
                    "depends_on": [],
                    "primary": {
                        "id": "2019-03-11 07:47:51.303388 +0000 UTC",
                        "attributes": {
                            "account_id": "764218738161",
                            "arn": "arn:aws:sts::764218738161:assumed-role/admin/akerl-mazer",
                            "id": "2019-03-11 07:47:51.303388 +0000 UTC",
                            "user_id": "AROAJGIBWVRCR3J55QVX6:akerl-mazer"
                        },
                        "meta": {},
                        "tainted": false
                    },
                    "deposed": [],
                    "provider": "provider.aws"
                },
                "data.aws_region.current": {
                    "type": "aws_region",
                    "depends_on": [],
                    "primary": {
                        "id": "us-east-1",
                        "attributes": {
                            "description": "US East (N. Virginia)",
                            "endpoint": "ec2.us-east-1.amazonaws.com",
                            "id": "us-east-1",
                            "name": "us-east-1"
                        },
                        "meta": {},
                        "tainted": false
                    },
                    "deposed": [],
                    "provider": "provider.aws"
                }
            },
            "depends_on": []
        },
        {
            "path": [
                "root",
                "akerl-dcs-library",
                "config_user"
            ],
            "outputs": {
                "publish_bucket": {
                    "sensitive": false,
                    "type": "string",
                    "value": "akerl-dcs-library-config"
                }
            },
            "resources": {
                "aws_iam_user.this": {
                    "type": "aws_iam_user",
                    "depends_on": [],
                    "primary": {
                        "id": "s3-publish-akerl-dcs-library-config",
                        "attributes": {
                            "arn": "arn:aws:iam::764218738161:user/s3-publish-akerl-dcs-library-config",
                            "force_destroy": "false",
                            "id": "s3-publish-akerl-dcs-library-config",
                            "name": "s3-publish-akerl-dcs-library-config",
                            "path": "/",
                            "tags.%": "0",
                            "unique_id": "AIDAIT5PN3WFCEWLPMJSC"
                        },
                        "meta": {},
                        "tainted": false
                    },
                    "deposed": [],
                    "provider": "provider.aws"
                },
                "aws_iam_user_policy.this": {
                    "type": "aws_iam_user_policy",
                    "depends_on": [
                        "aws_iam_user.this",
                        "data.aws_iam_policy_document.this"
                    ],
                    "primary": {
                        "id": "s3-publish-akerl-dcs-library-config:s3-publish",
                        "attributes": {
                            "id": "s3-publish-akerl-dcs-library-config:s3-publish",
                            "name": "s3-publish",
                            "policy": "{\n  \"Version\": \"2012-10-17\",\n  \"Statement\": [\n    {\n      \"Sid\": \"\",\n      \"Effect\": \"Allow\",\n      \"Action\": [\n        \"s3:PutObject\",\n        \"s3:ListBucket\",\n        \"s3:ListAllMyBuckets\",\n        \"s3:GetObjectAcl\",\n        \"s3:GetObject\",\n        \"s3:GetBucketLocation\",\n        \"s3:GetBucketAcl\",\n        \"s3:DeleteObject\"\n      ],\n      \"Resource\": [\n        \"arn:aws:s3:::akerl-dcs-library-config/*\",\n        \"arn:aws:s3:::akerl-dcs-library-config\"\n      ]\n    }\n  ]\n}",
                            "user": "s3-publish-akerl-dcs-library-config"
                        },
                        "meta": {},
                        "tainted": false
                    },
                    "deposed": [],
                    "provider": "provider.aws"
                },
                "aws_s3_bucket.this": {
                    "type": "aws_s3_bucket",
                    "depends_on": [],
                    "primary": {
                        "id": "akerl-dcs-library-config",
                        "attributes": {
                            "acceleration_status": "",
                            "acl": "private",
                            "arn": "arn:aws:s3:::akerl-dcs-library-config",
                            "bucket": "akerl-dcs-library-config",
                            "bucket_domain_name": "akerl-dcs-library-config.s3.amazonaws.com",
                            "bucket_regional_domain_name": "akerl-dcs-library-config.s3.amazonaws.com",
                            "cors_rule.#": "0",
                            "force_destroy": "false",
                            "hosted_zone_id": "Z3AQBSTGFYJSTF",
                            "id": "akerl-dcs-library-config",
                            "lifecycle_rule.#": "0",
                            "logging.#": "1",
                            "logging.3875341494.target_bucket": "akerl-s3-logs",
                            "logging.3875341494.target_prefix": "akerl-dcs-library-config/",
                            "object_lock_configuration.#": "0",
                            "region": "us-east-1",
                            "replication_configuration.#": "0",
                            "request_payer": "BucketOwner",
                            "server_side_encryption_configuration.#": "0",
                            "tags.%": "0",
                            "versioning.#": "1",
                            "versioning.0.enabled": "true",
                            "versioning.0.mfa_delete": "false",
                            "website.#": "0"
                        },
                        "meta": {},
                        "tainted": false
                    },
                    "deposed": [],
                    "provider": "provider.aws"
                },
                "awscreds_iam_access_key.this": {
                    "type": "awscreds_iam_access_key",
                    "depends_on": [
                        "aws_iam_user.this"
                    ],
                    "primary": {
                        "id": "AKIAJDUH27QYBXJFJMYQ",
                        "attributes": {
                            "file": "creds/s3-publish-akerl-dcs-library-config",
                            "id": "AKIAJDUH27QYBXJFJMYQ",
                            "secret": "",
                            "ses_smtp_password": "",
                            "status": "Active",
                            "user": "s3-publish-akerl-dcs-library-config"
                        },
                        "meta": {},
                        "tainted": false
                    },
                    "deposed": [],
                    "provider": "provider.awscreds"
                },
                "data.aws_iam_policy_document.this": {
                    "type": "aws_iam_policy_document",
                    "depends_on": [],
                    "primary": {
                        "id": "2906024152",
                        "attributes": {
                            "id": "2906024152",
                            "json": "{\n  \"Version\": \"2012-10-17\",\n  \"Statement\": [\n    {\n      \"Sid\": \"\",\n      \"Effect\": \"Allow\",\n      \"Action\": [\n        \"s3:PutObject\",\n        \"s3:ListBucket\",\n        \"s3:ListAllMyBuckets\",\n        \"s3:GetObjectAcl\",\n        \"s3:GetObject\",\n        \"s3:GetBucketLocation\",\n        \"s3:GetBucketAcl\",\n        \"s3:DeleteObject\"\n      ],\n      \"Resource\": [\n        \"arn:aws:s3:::akerl-dcs-library-config/*\",\n        \"arn:aws:s3:::akerl-dcs-library-config\"\n      ]\n    }\n  ]\n}",
                            "statement.#": "1",
                            "statement.0.actions.#": "8",
                            "statement.0.actions.2071725391": "s3:GetObject",
                            "statement.0.actions.2517836488": "s3:GetObjectAcl",
                            "statement.0.actions.3009670498": "s3:DeleteObject",
                            "statement.0.actions.315547055": "s3:PutObject",
                            "statement.0.actions.3948445924": "s3:GetBucketLocation",
                            "statement.0.actions.486976917": "s3:ListBucket",
                            "statement.0.actions.796062918": "s3:ListAllMyBuckets",
                            "statement.0.actions.845481387": "s3:GetBucketAcl",
                            "statement.0.condition.#": "0",
                            "statement.0.effect": "Allow",
                            "statement.0.not_actions.#": "0",
                            "statement.0.not_principals.#": "0",
                            "statement.0.not_resources.#": "0",
                            "statement.0.principals.#": "0",
                            "statement.0.resources.#": "2",
                            "statement.0.resources.2830782896": "arn:aws:s3:::akerl-dcs-library-config/*",
                            "statement.0.resources.4238403927": "arn:aws:s3:::akerl-dcs-library-config",
                            "statement.0.sid": "",
                            "version": "2012-10-17"
                        },
                        "meta": {},
                        "tainted": false
                    },
                    "deposed": [],
                    "provider": "provider.aws"
                }
            },
            "depends_on": []
        },
        {
            "path": [
                "root",
                "akerl-dcs-library",
                "publish_user"
            ],
            "outputs": {
                "publish_bucket": {
                    "sensitive": false,
                    "type": "string",
                    "value": "akerl-dcs-library"
                }
            },
            "resources": {
                "aws_iam_user.this": {
                    "type": "aws_iam_user",
                    "depends_on": [],
                    "primary": {
                        "id": "s3-publish-akerl-dcs-library",
                        "attributes": {
                            "arn": "arn:aws:iam::764218738161:user/s3-publish-akerl-dcs-library",
                            "force_destroy": "false",
                            "id": "s3-publish-akerl-dcs-library",
                            "name": "s3-publish-akerl-dcs-library",
                            "path": "/",
                            "tags.%": "0",
                            "unique_id": "AIDAJH3VU5UWPSJKB3QXU"
                        },
                        "meta": {},
                        "tainted": false
                    },
                    "deposed": [],
                    "provider": "provider.aws"
                },
                "aws_iam_user_policy.this": {
                    "type": "aws_iam_user_policy",
                    "depends_on": [
                        "aws_iam_user.this",
                        "data.aws_iam_policy_document.this"
                    ],
                    "primary": {
                        "id": "s3-publish-akerl-dcs-library:s3-publish",
                        "attributes": {
                            "id": "s3-publish-akerl-dcs-library:s3-publish",
                            "name": "s3-publish",
                            "policy": "{\n  \"Version\": \"2012-10-17\",\n  \"Statement\": [\n    {\n      \"Sid\": \"\",\n      \"Effect\": \"Allow\",\n      \"Action\": [\n        \"s3:PutObject\",\n        \"s3:ListBucket\",\n        \"s3:ListAllMyBuckets\",\n        \"s3:GetObjectAcl\",\n        \"s3:GetObject\",\n        \"s3:GetBucketLocation\",\n        \"s3:GetBucketAcl\",\n        \"s3:DeleteObject\"\n      ],\n      \"Resource\": [\n        \"arn:aws:s3:::akerl-dcs-library/*\",\n        \"arn:aws:s3:::akerl-dcs-library\"\n      ]\n    }\n  ]\n}",
                            "user": "s3-publish-akerl-dcs-library"
                        },
                        "meta": {},
                        "tainted": false
                    },
                    "deposed": [],
                    "provider": "provider.aws"
                },
                "aws_s3_bucket.this": {
                    "type": "aws_s3_bucket",
                    "depends_on": [],
                    "primary": {
                        "id": "akerl-dcs-library",
                        "attributes": {
                            "acceleration_status": "",
                            "acl": "private",
                            "arn": "arn:aws:s3:::akerl-dcs-library",
                            "bucket": "akerl-dcs-library",
                            "bucket_domain_name": "akerl-dcs-library.s3.amazonaws.com",
                            "bucket_regional_domain_name": "akerl-dcs-library.s3.amazonaws.com",
                            "cors_rule.#": "0",
                            "force_destroy": "false",
                            "hosted_zone_id": "Z3AQBSTGFYJSTF",
                            "id": "akerl-dcs-library",
                            "lifecycle_rule.#": "0",
                            "logging.#": "1",
                            "logging.469499880.target_bucket": "akerl-s3-logs",
                            "logging.469499880.target_prefix": "akerl-dcs-library/",
                            "object_lock_configuration.#": "0",
                            "region": "us-east-1",
                            "replication_configuration.#": "0",
                            "request_payer": "BucketOwner",
                            "server_side_encryption_configuration.#": "0",
                            "tags.%": "0",
                            "versioning.#": "1",
                            "versioning.0.enabled": "true",
                            "versioning.0.mfa_delete": "false",
                            "website.#": "0"
                        },
                        "meta": {},
                        "tainted": false
                    },
                    "deposed": [],
                    "provider": "provider.aws"
                },
                "awscreds_iam_access_key.this": {
                    "type": "awscreds_iam_access_key",
                    "depends_on": [
                        "aws_iam_user.this"
                    ],
                    "primary": {
                        "id": "AKIAI2K6VSZAZFKDURCA",
                        "attributes": {
                            "file": "creds/s3-publish-akerl-dcs-library",
                            "id": "AKIAI2K6VSZAZFKDURCA",
                            "secret": "",
                            "ses_smtp_password": "",
                            "status": "Active",
                            "user": "s3-publish-akerl-dcs-library"
                        },
                        "meta": {},
                        "tainted": false
                    },
                    "deposed": [],
                    "provider": "provider.awscreds"
                },
                "data.aws_iam_policy_document.this": {
                    "type": "aws_iam_policy_document",
                    "depends_on": [],
                    "primary": {
                        "id": "2265459946",
                        "attributes": {
                            "id": "2265459946",
                            "json": "{\n  \"Version\": \"2012-10-17\",\n  \"Statement\": [\n    {\n      \"Sid\": \"\",\n      \"Effect\": \"Allow\",\n      \"Action\": [\n        \"s3:PutObject\",\n        \"s3:ListBucket\",\n        \"s3:ListAllMyBuckets\",\n        \"s3:GetObjectAcl\",\n        \"s3:GetObject\",\n        \"s3:GetBucketLocation\",\n        \"s3:GetBucketAcl\",\n        \"s3:DeleteObject\"\n      ],\n      \"Resource\": [\n        \"arn:aws:s3:::akerl-dcs-library/*\",\n        \"arn:aws:s3:::akerl-dcs-library\"\n      ]\n    }\n  ]\n}",
                            "statement.#": "1",
                            "statement.0.actions.#": "8",
                            "statement.0.actions.2071725391": "s3:GetObject",
                            "statement.0.actions.2517836488": "s3:GetObjectAcl",
                            "statement.0.actions.3009670498": "s3:DeleteObject",
                            "statement.0.actions.315547055": "s3:PutObject",
                            "statement.0.actions.3948445924": "s3:GetBucketLocation",
                            "statement.0.actions.486976917": "s3:ListBucket",
                            "statement.0.actions.796062918": "s3:ListAllMyBuckets",
                            "statement.0.actions.845481387": "s3:GetBucketAcl",
                            "statement.0.condition.#": "0",
                            "statement.0.effect": "Allow",
                            "statement.0.not_actions.#": "0",
                            "statement.0.not_principals.#": "0",
                            "statement.0.not_resources.#": "0",
                            "statement.0.principals.#": "0",
                            "statement.0.resources.#": "2",
                            "statement.0.resources.2145029193": "arn:aws:s3:::akerl-dcs-library/*",
                            "statement.0.resources.777249602": "arn:aws:s3:::akerl-dcs-library",
                            "statement.0.sid": "",
                            "version": "2012-10-17"
                        },
                        "meta": {},
                        "tainted": false
                    },
                    "deposed": [],
                    "provider": "provider.aws"
                }
            },
            "depends_on": []
        },
        {
            "path": [
                "root",
                "akerl-dns",
                "a-rwx_org"
            ],
            "outputs": {
                "zone_id": {
                    "sensitive": false,
                    "type": "string",
                    "value": "Z1GSN0DUY7LO3I"
                }
            },
            "resources": {
                "aws_route53_record.caa": {
                    "type": "aws_route53_record",
                    "depends_on": [
                        "aws_route53_zone.this"
                    ],
                    "primary": {
                        "id": "Z1GSN0DUY7LO3I_a-rwx.org_CAA",
                        "attributes": {
                            "fqdn": "a-rwx.org",
                            "health_check_id": "",
                            "id": "Z1GSN0DUY7LO3I_a-rwx.org_CAA",
                            "name": "a-rwx.org",
                            "records.#": "3",
                            "records.2565321753": "0 iodef \"mailto:admin@lesaker.org\"",
                            "records.3034643430": "0 issuewild \";\"",
                            "records.3940762333": "0 issue \"amazon.com\"",
                            "set_identifier": "",
                            "ttl": "86400",
                            "type": "CAA",
                            "zone_id": "Z1GSN0DUY7LO3I"
                        },
                        "meta": {
                            "schema_version": "2"
                        },
                        "tainted": false
                    },
                    "deposed": [],
                    "provider": "provider.aws"
                },
                "aws_route53_record.mx": {
                    "type": "aws_route53_record",
                    "depends_on": [
                        "aws_route53_zone.this"
                    ],
                    "primary": {
                        "id": "Z1GSN0DUY7LO3I_a-rwx.org_MX",
                        "attributes": {
                            "fqdn": "a-rwx.org",
                            "health_check_id": "",
                            "id": "Z1GSN0DUY7LO3I_a-rwx.org_MX",
                            "name": "a-rwx.org",
                            "records.#": "5",
                            "records.2181529566": "1   aspmx.l.google.com.",
                            "records.2525408040": "5   alt2.aspmx.l.google.com.",
                            "records.3170450948": "10  aspmx3.googlemail.com.",
                            "records.3986172363": "5   alt1.aspmx.l.google.com.",
                            "records.996144455": "10  aspmx2.googlemail.com.",
                            "set_identifier": "",
                            "ttl": "86400",
                            "type": "MX",
                            "zone_id": "Z1GSN0DUY7LO3I"
                        },
                        "meta": {
                            "schema_version": "2"
                        },
                        "tainted": false
                    },
                    "deposed": [],
                    "provider": "provider.aws"
                },
                "aws_route53_record.soa": {
                    "type": "aws_route53_record",
                    "depends_on": [],
                    "primary": {
                        "id": "Z1GSN0DUY7LO3I_a-rwx.org_SOA",
                        "attributes": {
                            "fqdn": "a-rwx.org",
                            "health_check_id": "",
                            "id": "Z1GSN0DUY7LO3I_a-rwx.org_SOA",
                            "name": "a-rwx.org",
                            "records.#": "1",
                            "records.79063542": "ns-1242.awsdns-27.org. admin.lesaker.org. 1 7200 900 1209600 3600",
                            "set_identifier": "",
                            "ttl": "86400",
                            "type": "SOA",
                            "zone_id": "Z1GSN0DUY7LO3I"
                        },
                        "meta": {
                            "schema_version": "2"
                        },
                        "tainted": false
                    },
                    "deposed": [],
                    "provider": "provider.aws"
                },
                "aws_route53_record.spf": {
                    "type": "aws_route53_record",
                    "depends_on": [
                        "aws_route53_zone.this"
                    ],
                    "primary": {
                        "id": "Z1GSN0DUY7LO3I_a-rwx.org_SPF",
                        "attributes": {
                            "fqdn": "a-rwx.org",
                            "health_check_id": "",
                            "id": "Z1GSN0DUY7LO3I_a-rwx.org_SPF",
                            "name": "a-rwx.org",
                            "records.#": "1",
                            "records.3572300059": "v=spf1 a include:_spf.google.com ~all",
                            "set_identifier": "",
                            "ttl": "86400",
                            "type": "SPF",
                            "zone_id": "Z1GSN0DUY7LO3I"
                        },
                        "meta": {
                            "schema_version": "2"
                        },
                        "tainted": false
                    },
                    "deposed": [],
                    "provider": "provider.aws"
                },
                "aws_route53_record.txt": {
                    "type": "aws_route53_record",
                    "depends_on": [
                        "aws_route53_zone.this"
                    ],
                    "primary": {
                        "id": "Z1GSN0DUY7LO3I_a-rwx.org_TXT",
                        "attributes": {
                            "fqdn": "a-rwx.org",
                            "health_check_id": "",
                            "id": "Z1GSN0DUY7LO3I_a-rwx.org_TXT",
                            "name": "a-rwx.org",
                            "records.#": "1",
                            "records.3572300059": "v=spf1 a include:_spf.google.com ~all",
                            "set_identifier": "",
                            "ttl": "86400",
                            "type": "TXT",
                            "zone_id": "Z1GSN0DUY7LO3I"
                        },
                        "meta": {
                            "schema_version": "2"
                        },
                        "tainted": false
                    },
                    "deposed": [],
                    "provider": "provider.aws"
                },
                "aws_route53_zone.this": {
                    "type": "aws_route53_zone",
                    "depends_on": [],
                    "primary": {
                        "id": "Z1GSN0DUY7LO3I",
                        "attributes": {
                            "comment": "Managed by Terraform",
                            "delegation_set_id": "N3C8AV2DA0N4N9",
                            "force_destroy": "false",
                            "id": "Z1GSN0DUY7LO3I",
                            "name": "a-rwx.org.",
                            "name_servers.#": "4",
                            "name_servers.0": "ns-1242.awsdns-27.org",
                            "name_servers.1": "ns-1942.awsdns-50.co.uk",
                            "name_servers.2": "ns-477.awsdns-59.com",
                            "name_servers.3": "ns-808.awsdns-37.net",
                            "tags.%": "0",
                            "vpc.#": "0",
                            "vpc_id": "",
                            "vpc_region": "",
                            "zone_id": "Z1GSN0DUY7LO3I"
                        },
                        "meta": {},
                        "tainted": false
                    },
                    "deposed": [],
                    "provider": "provider.aws"
                }
            },
            "depends_on": []
        },
        {
            "path": [
                "root",
                "akerl-dns",
                "akerl_com"
            ],
            "outputs": {
                "zone_id": {
                    "sensitive": false,
                    "type": "string",
                    "value": "Z1EXF3DHNCLVFG"
                }
            },
            "resources": {
                "aws_route53_record.caa": {
                    "type": "aws_route53_record",
                    "depends_on": [
                        "aws_route53_zone.this"
                    ],
                    "primary": {
                        "id": "Z1EXF3DHNCLVFG_akerl.com_CAA",
                        "attributes": {
                            "fqdn": "akerl.com",
                            "health_check_id": "",
                            "id": "Z1EXF3DHNCLVFG_akerl.com_CAA",
                            "name": "akerl.com",
                            "records.#": "3",
                            "records.2565321753": "0 iodef \"mailto:admin@lesaker.org\"",
                            "records.3034643430": "0 issuewild \";\"",
                            "records.3940762333": "0 issue \"amazon.com\"",
                            "set_identifier": "",
                            "ttl": "86400",
                            "type": "CAA",
                            "zone_id": "Z1EXF3DHNCLVFG"
                        },
                        "meta": {
                            "schema_version": "2"
                        },
                        "tainted": false
                    },
                    "deposed": [],
                    "provider": "provider.aws"
                },
                "aws_route53_record.mx": {
                    "type": "aws_route53_record",
                    "depends_on": [
                        "aws_route53_zone.this"
                    ],
                    "primary": {
                        "id": "Z1EXF3DHNCLVFG_akerl.com_MX",
                        "attributes": {
                            "fqdn": "akerl.com",
                            "health_check_id": "",
                            "id": "Z1EXF3DHNCLVFG_akerl.com_MX",
                            "name": "akerl.com",
                            "records.#": "5",
                            "records.2181529566": "1   aspmx.l.google.com.",
                            "records.2525408040": "5   alt2.aspmx.l.google.com.",
                            "records.3170450948": "10  aspmx3.googlemail.com.",
                            "records.3986172363": "5   alt1.aspmx.l.google.com.",
                            "records.996144455": "10  aspmx2.googlemail.com.",
                            "set_identifier": "",
                            "ttl": "86400",
                            "type": "MX",
                            "zone_id": "Z1EXF3DHNCLVFG"
                        },
                        "meta": {
                            "schema_version": "2"
                        },
                        "tainted": false
                    },
                    "deposed": [],
                    "provider": "provider.aws"
                },
                "aws_route53_record.soa": {
                    "type": "aws_route53_record",
                    "depends_on": [],
                    "primary": {
                        "id": "Z1EXF3DHNCLVFG_akerl.com_SOA",
                        "attributes": {
                            "fqdn": "akerl.com",
                            "health_check_id": "",
                            "id": "Z1EXF3DHNCLVFG_akerl.com_SOA",
                            "name": "akerl.com",
                            "records.#": "1",
                            "records.79063542": "ns-1242.awsdns-27.org. admin.lesaker.org. 1 7200 900 1209600 3600",
                            "set_identifier": "",
                            "ttl": "86400",
                            "type": "SOA",
                            "zone_id": "Z1EXF3DHNCLVFG"
                        },
                        "meta": {
                            "schema_version": "2"
                        },
                        "tainted": false
                    },
                    "deposed": [],
                    "provider": "provider.aws"
                },
                "aws_route53_record.spf": {
                    "type": "aws_route53_record",
                    "depends_on": [
                        "aws_route53_zone.this"
                    ],
                    "primary": {
                        "id": "Z1EXF3DHNCLVFG_akerl.com_SPF",
                        "attributes": {
                            "fqdn": "akerl.com",
                            "health_check_id": "",
                            "id": "Z1EXF3DHNCLVFG_akerl.com_SPF",
                            "name": "akerl.com",
                            "records.#": "1",
                            "records.3572300059": "v=spf1 a include:_spf.google.com ~all",
                            "set_identifier": "",
                            "ttl": "86400",
                            "type": "SPF",
                            "zone_id": "Z1EXF3DHNCLVFG"
                        },
                        "meta": {
                            "schema_version": "2"
                        },
                        "tainted": false
                    },
                    "deposed": [],
                    "provider": "provider.aws"
                },
                "aws_route53_record.txt": {
                    "type": "aws_route53_record",
                    "depends_on": [
                        "aws_route53_zone.this"
                    ],
                    "primary": {
                        "id": "Z1EXF3DHNCLVFG_akerl.com_TXT",
                        "attributes": {
                            "fqdn": "akerl.com",
                            "health_check_id": "",
                            "id": "Z1EXF3DHNCLVFG_akerl.com_TXT",
                            "name": "akerl.com",
                            "records.#": "1",
                            "records.3572300059": "v=spf1 a include:_spf.google.com ~all",
                            "set_identifier": "",
                            "ttl": "86400",
                            "type": "TXT",
                            "zone_id": "Z1EXF3DHNCLVFG"
                        },
                        "meta": {
                            "schema_version": "2"
                        },
                        "tainted": false
                    },
                    "deposed": [],
                    "provider": "provider.aws"
                },
                "aws_route53_zone.this": {
                    "type": "aws_route53_zone",
                    "depends_on": [],
                    "primary": {
                        "id": "Z1EXF3DHNCLVFG",
                        "attributes": {
                            "comment": "Managed by Terraform",
                            "delegation_set_id": "N3C8AV2DA0N4N9",
                            "force_destroy": "false",
                            "id": "Z1EXF3DHNCLVFG",
                            "name": "akerl.com.",
                            "name_servers.#": "4",
                            "name_servers.0": "ns-1242.awsdns-27.org",
                            "name_servers.1": "ns-1942.awsdns-50.co.uk",
                            "name_servers.2": "ns-477.awsdns-59.com",
                            "name_servers.3": "ns-808.awsdns-37.net",
                            "tags.%": "0",
                            "vpc.#": "0",
                            "vpc_id": "",
                            "vpc_region": "",
                            "zone_id": "Z1EXF3DHNCLVFG"
                        },
                        "meta": {},
                        "tainted": false
                    },
                    "deposed": [],
                    "provider": "provider.aws"
                }
            },
            "depends_on": []
        },
        {
            "path": [
                "root",
                "akerl-dns",
                "akerl_dev"
            ],
            "outputs": {
                "zone_id": {
                    "sensitive": false,
                    "type": "string",
                    "value": "ZFTS7NQJK6C96"
                }
            },
            "resources": {
                "aws_route53_record.caa": {
                    "type": "aws_route53_record",
                    "depends_on": [
                        "aws_route53_zone.this"
                    ],
                    "primary": {
                        "id": "ZFTS7NQJK6C96_akerl.dev_CAA",
                        "attributes": {
                            "fqdn": "akerl.dev",
                            "health_check_id": "",
                            "id": "ZFTS7NQJK6C96_akerl.dev_CAA",
                            "name": "akerl.dev",
                            "records.#": "3",
                            "records.2565321753": "0 iodef \"mailto:admin@lesaker.org\"",
                            "records.3034643430": "0 issuewild \";\"",
                            "records.3940762333": "0 issue \"amazon.com\"",
                            "set_identifier": "",
                            "ttl": "86400",
                            "type": "CAA",
                            "zone_id": "ZFTS7NQJK6C96"
                        },
                        "meta": {
                            "schema_version": "2"
                        },
                        "tainted": false
                    },
                    "deposed": [],
                    "provider": "provider.aws"
                },
                "aws_route53_record.mx": {
                    "type": "aws_route53_record",
                    "depends_on": [
                        "aws_route53_zone.this"
                    ],
                    "primary": {
                        "id": "ZFTS7NQJK6C96_akerl.dev_MX",
                        "attributes": {
                            "fqdn": "akerl.dev",
                            "health_check_id": "",
                            "id": "ZFTS7NQJK6C96_akerl.dev_MX",
                            "name": "akerl.dev",
                            "records.#": "5",
                            "records.2181529566": "1   aspmx.l.google.com.",
                            "records.2525408040": "5   alt2.aspmx.l.google.com.",
                            "records.3170450948": "10  aspmx3.googlemail.com.",
                            "records.3986172363": "5   alt1.aspmx.l.google.com.",
                            "records.996144455": "10  aspmx2.googlemail.com.",
                            "set_identifier": "",
                            "ttl": "86400",
                            "type": "MX",
                            "zone_id": "ZFTS7NQJK6C96"
                        },
                        "meta": {
                            "schema_version": "2"
                        },
                        "tainted": false
                    },
                    "deposed": [],
                    "provider": "provider.aws"
                },
                "aws_route53_record.soa": {
                    "type": "aws_route53_record",
                    "depends_on": [
                        "aws_route53_zone.this"
                    ],
                    "primary": {
                        "id": "ZFTS7NQJK6C96_akerl.dev_SOA",
                        "attributes": {
                            "fqdn": "akerl.dev",
                            "health_check_id": "",
                            "id": "ZFTS7NQJK6C96_akerl.dev_SOA",
                            "name": "akerl.dev",
                            "records.#": "1",
                            "records.79063542": "ns-1242.awsdns-27.org. admin.lesaker.org. 1 7200 900 1209600 3600",
                            "set_identifier": "",
                            "ttl": "86400",
                            "type": "SOA",
                            "zone_id": "ZFTS7NQJK6C96"
                        },
                        "meta": {
                            "schema_version": "2"
                        },
                        "tainted": false
                    },
                    "deposed": [],
                    "provider": "provider.aws"
                },
                "aws_route53_record.spf": {
                    "type": "aws_route53_record",
                    "depends_on": [
                        "aws_route53_zone.this"
                    ],
                    "primary": {
                        "id": "ZFTS7NQJK6C96_akerl.dev_SPF",
                        "attributes": {
                            "fqdn": "akerl.dev",
                            "health_check_id": "",
                            "id": "ZFTS7NQJK6C96_akerl.dev_SPF",
                            "name": "akerl.dev",
                            "records.#": "1",
                            "records.3572300059": "v=spf1 a include:_spf.google.com ~all",
                            "set_identifier": "",
                            "ttl": "86400",
                            "type": "SPF",
                            "zone_id": "ZFTS7NQJK6C96"
                        },
                        "meta": {
                            "schema_version": "2"
                        },
                        "tainted": false
                    },
                    "deposed": [],
                    "provider": "provider.aws"
                },
                "aws_route53_record.txt": {
                    "type": "aws_route53_record",
                    "depends_on": [
                        "aws_route53_zone.this"
                    ],
                    "primary": {
                        "id": "ZFTS7NQJK6C96_akerl.dev_TXT",
                        "attributes": {
                            "fqdn": "akerl.dev",
                            "health_check_id": "",
                            "id": "ZFTS7NQJK6C96_akerl.dev_TXT",
                            "name": "akerl.dev",
                            "records.#": "1",
                            "records.3572300059": "v=spf1 a include:_spf.google.com ~all",
                            "set_identifier": "",
                            "ttl": "86400",
                            "type": "TXT",
                            "zone_id": "ZFTS7NQJK6C96"
                        },
                        "meta": {
                            "schema_version": "2"
                        },
                        "tainted": false
                    },
                    "deposed": [],
                    "provider": "provider.aws"
                },
                "aws_route53_zone.this": {
                    "type": "aws_route53_zone",
                    "depends_on": [],
                    "primary": {
                        "id": "ZFTS7NQJK6C96",
                        "attributes": {
                            "comment": "Managed by Terraform",
                            "delegation_set_id": "N3C8AV2DA0N4N9",
                            "force_destroy": "false",
                            "id": "ZFTS7NQJK6C96",
                            "name": "akerl.dev.",
                            "name_servers.#": "4",
                            "name_servers.0": "ns-1242.awsdns-27.org",
                            "name_servers.1": "ns-1942.awsdns-50.co.uk",
                            "name_servers.2": "ns-477.awsdns-59.com",
                            "name_servers.3": "ns-808.awsdns-37.net",
                            "tags.%": "0",
                            "vpc.#": "0",
                            "zone_id": "ZFTS7NQJK6C96"
                        },
                        "meta": {},
                        "tainted": false
                    },
                    "deposed": [],
                    "provider": "provider.aws"
                }
            },
            "depends_on": []
        },
        {
            "path": [
                "root",
                "akerl-dns",
                "akerl_org"
            ],
            "outputs": {
                "zone_id": {
                    "sensitive": false,
                    "type": "string",
                    "value": "Z1GXO6WRJN3B5T"
                }
            },
            "resources": {
                "aws_route53_record.caa": {
                    "type": "aws_route53_record",
                    "depends_on": [
                        "aws_route53_zone.this"
                    ],
                    "primary": {
                        "id": "Z1GXO6WRJN3B5T_akerl.org_CAA",
                        "attributes": {
                            "fqdn": "akerl.org",
                            "health_check_id": "",
                            "id": "Z1GXO6WRJN3B5T_akerl.org_CAA",
                            "name": "akerl.org",
                            "records.#": "3",
                            "records.2565321753": "0 iodef \"mailto:admin@lesaker.org\"",
                            "records.3034643430": "0 issuewild \";\"",
                            "records.3940762333": "0 issue \"amazon.com\"",
                            "set_identifier": "",
                            "ttl": "86400",
                            "type": "CAA",
                            "zone_id": "Z1GXO6WRJN3B5T"
                        },
                        "meta": {
                            "schema_version": "2"
                        },
                        "tainted": false
                    },
                    "deposed": [],
                    "provider": "provider.aws"
                },
                "aws_route53_record.mx": {
                    "type": "aws_route53_record",
                    "depends_on": [
                        "aws_route53_zone.this"
                    ],
                    "primary": {
                        "id": "Z1GXO6WRJN3B5T_akerl.org_MX",
                        "attributes": {
                            "fqdn": "akerl.org",
                            "health_check_id": "",
                            "id": "Z1GXO6WRJN3B5T_akerl.org_MX",
                            "name": "akerl.org",
                            "records.#": "5",
                            "records.2181529566": "1   aspmx.l.google.com.",
                            "records.2525408040": "5   alt2.aspmx.l.google.com.",
                            "records.3170450948": "10  aspmx3.googlemail.com.",
                            "records.3986172363": "5   alt1.aspmx.l.google.com.",
                            "records.996144455": "10  aspmx2.googlemail.com.",
                            "set_identifier": "",
                            "ttl": "86400",
                            "type": "MX",
                            "zone_id": "Z1GXO6WRJN3B5T"
                        },
                        "meta": {
                            "schema_version": "2"
                        },
                        "tainted": false
                    },
                    "deposed": [],
                    "provider": "provider.aws"
                },
                "aws_route53_record.soa": {
                    "type": "aws_route53_record",
                    "depends_on": [],
                    "primary": {
                        "id": "Z1GXO6WRJN3B5T_akerl.org_SOA",
                        "attributes": {
                            "fqdn": "akerl.org",
                            "health_check_id": "",
                            "id": "Z1GXO6WRJN3B5T_akerl.org_SOA",
                            "name": "akerl.org",
                            "records.#": "1",
                            "records.79063542": "ns-1242.awsdns-27.org. admin.lesaker.org. 1 7200 900 1209600 3600",
                            "set_identifier": "",
                            "ttl": "86400",
                            "type": "SOA",
                            "zone_id": "Z1GXO6WRJN3B5T"
                        },
                        "meta": {
                            "schema_version": "2"
                        },
                        "tainted": false
                    },
                    "deposed": [],
                    "provider": "provider.aws"
                },
                "aws_route53_record.spf": {
                    "type": "aws_route53_record",
                    "depends_on": [
                        "aws_route53_zone.this"
                    ],
                    "primary": {
                        "id": "Z1GXO6WRJN3B5T_akerl.org_SPF",
                        "attributes": {
                            "fqdn": "akerl.org",
                            "health_check_id": "",
                            "id": "Z1GXO6WRJN3B5T_akerl.org_SPF",
                            "name": "akerl.org",
                            "records.#": "1",
                            "records.3572300059": "v=spf1 a include:_spf.google.com ~all",
                            "set_identifier": "",
                            "ttl": "86400",
                            "type": "SPF",
                            "zone_id": "Z1GXO6WRJN3B5T"
                        },
                        "meta": {
                            "schema_version": "2"
                        },
                        "tainted": false
                    },
                    "deposed": [],
                    "provider": "provider.aws"
                },
                "aws_route53_record.txt": {
                    "type": "aws_route53_record",
                    "depends_on": [
                        "aws_route53_zone.this"
                    ],
                    "primary": {
                        "id": "Z1GXO6WRJN3B5T_akerl.org_TXT",
                        "attributes": {
                            "fqdn": "akerl.org",
                            "health_check_id": "",
                            "id": "Z1GXO6WRJN3B5T_akerl.org_TXT",
                            "name": "akerl.org",
                            "records.#": "1",
                            "records.3572300059": "v=spf1 a include:_spf.google.com ~all",
                            "set_identifier": "",
                            "ttl": "86400",
                            "type": "TXT",
                            "zone_id": "Z1GXO6WRJN3B5T"
                        },
                        "meta": {
                            "schema_version": "2"
                        },
                        "tainted": false
                    },
                    "deposed": [],
                    "provider": "provider.aws"
                },
                "aws_route53_zone.this": {
                    "type": "aws_route53_zone",
                    "depends_on": [],
                    "primary": {
                        "id": "Z1GXO6WRJN3B5T",
                        "attributes": {
                            "comment": "Managed by Terraform",
                            "delegation_set_id": "N3C8AV2DA0N4N9",
                            "force_destroy": "false",
                            "id": "Z1GXO6WRJN3B5T",
                            "name": "akerl.org.",
                            "name_servers.#": "4",
                            "name_servers.0": "ns-1242.awsdns-27.org",
                            "name_servers.1": "ns-1942.awsdns-50.co.uk",
                            "name_servers.2": "ns-477.awsdns-59.com",
                            "name_servers.3": "ns-808.awsdns-37.net",
                            "tags.%": "0",
                            "vpc.#": "0",
                            "vpc_id": "",
                            "vpc_region": "",
                            "zone_id": "Z1GXO6WRJN3B5T"
                        },
                        "meta": {},
                        "tainted": false
                    },
                    "deposed": [],
                    "provider": "provider.aws"
                }
            },
            "depends_on": []
        },
        {
            "path": [
                "root",
                "akerl-dns",
                "coolquotes_xyz"
            ],
            "outputs": {
                "zone_id": {
                    "sensitive": false,
                    "type": "string",
                    "value": "Z8OAL9XXAA49Z"
                }
            },
            "resources": {
                "aws_route53_record.caa": {
                    "type": "aws_route53_record",
                    "depends_on": [
                        "aws_route53_zone.this"
                    ],
                    "primary": {
                        "id": "Z8OAL9XXAA49Z_coolquotes.xyz_CAA",
                        "attributes": {
                            "fqdn": "coolquotes.xyz",
                            "health_check_id": "",
                            "id": "Z8OAL9XXAA49Z_coolquotes.xyz_CAA",
                            "name": "coolquotes.xyz",
                            "records.#": "3",
                            "records.2565321753": "0 iodef \"mailto:admin@lesaker.org\"",
                            "records.3034643430": "0 issuewild \";\"",
                            "records.3940762333": "0 issue \"amazon.com\"",
                            "set_identifier": "",
                            "ttl": "86400",
                            "type": "CAA",
                            "zone_id": "Z8OAL9XXAA49Z"
                        },
                        "meta": {
                            "schema_version": "2"
                        },
                        "tainted": false
                    },
                    "deposed": [],
                    "provider": "provider.aws"
                },
                "aws_route53_record.mx": {
                    "type": "aws_route53_record",
                    "depends_on": [
                        "aws_route53_zone.this"
                    ],
                    "primary": {
                        "id": "Z8OAL9XXAA49Z_coolquotes.xyz_MX",
                        "attributes": {
                            "fqdn": "coolquotes.xyz",
                            "health_check_id": "",
                            "id": "Z8OAL9XXAA49Z_coolquotes.xyz_MX",
                            "name": "coolquotes.xyz",
                            "records.#": "5",
                            "records.2181529566": "1   aspmx.l.google.com.",
                            "records.2525408040": "5   alt2.aspmx.l.google.com.",
                            "records.3170450948": "10  aspmx3.googlemail.com.",
                            "records.3986172363": "5   alt1.aspmx.l.google.com.",
                            "records.996144455": "10  aspmx2.googlemail.com.",
                            "set_identifier": "",
                            "ttl": "86400",
                            "type": "MX",
                            "zone_id": "Z8OAL9XXAA49Z"
                        },
                        "meta": {
                            "schema_version": "2"
                        },
                        "tainted": false
                    },
                    "deposed": [],
                    "provider": "provider.aws"
                },
                "aws_route53_record.soa": {
                    "type": "aws_route53_record",
                    "depends_on": [],
                    "primary": {
                        "id": "Z8OAL9XXAA49Z_coolquotes.xyz_SOA",
                        "attributes": {
                            "fqdn": "coolquotes.xyz",
                            "health_check_id": "",
                            "id": "Z8OAL9XXAA49Z_coolquotes.xyz_SOA",
                            "name": "coolquotes.xyz",
                            "records.#": "1",
                            "records.79063542": "ns-1242.awsdns-27.org. admin.lesaker.org. 1 7200 900 1209600 3600",
                            "set_identifier": "",
                            "ttl": "86400",
                            "type": "SOA",
                            "zone_id": "Z8OAL9XXAA49Z"
                        },
                        "meta": {
                            "schema_version": "2"
                        },
                        "tainted": false
                    },
                    "deposed": [],
                    "provider": "provider.aws"
                },
                "aws_route53_record.spf": {
                    "type": "aws_route53_record",
                    "depends_on": [
                        "aws_route53_zone.this"
                    ],
                    "primary": {
                        "id": "Z8OAL9XXAA49Z_coolquotes.xyz_SPF",
                        "attributes": {
                            "fqdn": "coolquotes.xyz",
                            "health_check_id": "",
                            "id": "Z8OAL9XXAA49Z_coolquotes.xyz_SPF",
                            "name": "coolquotes.xyz",
                            "records.#": "1",
                            "records.3572300059": "v=spf1 a include:_spf.google.com ~all",
                            "set_identifier": "",
                            "ttl": "86400",
                            "type": "SPF",
                            "zone_id": "Z8OAL9XXAA49Z"
                        },
                        "meta": {
                            "schema_version": "2"
                        },
                        "tainted": false
                    },
                    "deposed": [],
                    "provider": "provider.aws"
                },
                "aws_route53_record.txt": {
                    "type": "aws_route53_record",
                    "depends_on": [
                        "aws_route53_zone.this"
                    ],
                    "primary": {
                        "id": "Z8OAL9XXAA49Z_coolquotes.xyz_TXT",
                        "attributes": {
                            "fqdn": "coolquotes.xyz",
                            "health_check_id": "",
                            "id": "Z8OAL9XXAA49Z_coolquotes.xyz_TXT",
                            "name": "coolquotes.xyz",
                            "records.#": "1",
                            "records.3572300059": "v=spf1 a include:_spf.google.com ~all",
                            "set_identifier": "",
                            "ttl": "86400",
                            "type": "TXT",
                            "zone_id": "Z8OAL9XXAA49Z"
                        },
                        "meta": {
                            "schema_version": "2"
                        },
                        "tainted": false
                    },
                    "deposed": [],
                    "provider": "provider.aws"
                },
                "aws_route53_zone.this": {
                    "type": "aws_route53_zone",
                    "depends_on": [],
                    "primary": {
                        "id": "Z8OAL9XXAA49Z",
                        "attributes": {
                            "comment": "Managed by Terraform",
                            "delegation_set_id": "N3C8AV2DA0N4N9",
                            "force_destroy": "false",
                            "id": "Z8OAL9XXAA49Z",
                            "name": "coolquotes.xyz.",
                            "name_servers.#": "4",
                            "name_servers.0": "ns-1242.awsdns-27.org",
                            "name_servers.1": "ns-1942.awsdns-50.co.uk",
                            "name_servers.2": "ns-477.awsdns-59.com",
                            "name_servers.3": "ns-808.awsdns-37.net",
                            "tags.%": "0",
                            "vpc.#": "0",
                            "vpc_id": "",
                            "vpc_region": "",
                            "zone_id": "Z8OAL9XXAA49Z"
                        },
                        "meta": {},
                        "tainted": false
                    },
                    "deposed": [],
                    "provider": "provider.aws"
                }
            },
            "depends_on": []
        },
        {
            "path": [
                "root",
                "akerl-dns",
                "happilyeveraker_com"
            ],
            "outputs": {
                "zone_id": {
                    "sensitive": false,
                    "type": "string",
                    "value": "Z2ZXZ7VFSXR5E7"
                }
            },
            "resources": {
                "aws_route53_record.caa": {
                    "type": "aws_route53_record",
                    "depends_on": [
                        "aws_route53_zone.this"
                    ],
                    "primary": {
                        "id": "Z2ZXZ7VFSXR5E7_happilyeveraker.com_CAA",
                        "attributes": {
                            "fqdn": "happilyeveraker.com",
                            "health_check_id": "",
                            "id": "Z2ZXZ7VFSXR5E7_happilyeveraker.com_CAA",
                            "name": "happilyeveraker.com",
                            "records.#": "3",
                            "records.2565321753": "0 iodef \"mailto:admin@lesaker.org\"",
                            "records.3034643430": "0 issuewild \";\"",
                            "records.3940762333": "0 issue \"amazon.com\"",
                            "set_identifier": "",
                            "ttl": "86400",
                            "type": "CAA",
                            "zone_id": "Z2ZXZ7VFSXR5E7"
                        },
                        "meta": {
                            "schema_version": "2"
                        },
                        "tainted": false
                    },
                    "deposed": [],
                    "provider": "provider.aws"
                },
                "aws_route53_record.mx": {
                    "type": "aws_route53_record",
                    "depends_on": [
                        "aws_route53_zone.this"
                    ],
                    "primary": {
                        "id": "Z2ZXZ7VFSXR5E7_happilyeveraker.com_MX",
                        "attributes": {
                            "fqdn": "happilyeveraker.com",
                            "health_check_id": "",
                            "id": "Z2ZXZ7VFSXR5E7_happilyeveraker.com_MX",
                            "name": "happilyeveraker.com",
                            "records.#": "5",
                            "records.2181529566": "1   aspmx.l.google.com.",
                            "records.2525408040": "5   alt2.aspmx.l.google.com.",
                            "records.3170450948": "10  aspmx3.googlemail.com.",
                            "records.3986172363": "5   alt1.aspmx.l.google.com.",
                            "records.996144455": "10  aspmx2.googlemail.com.",
                            "set_identifier": "",
                            "ttl": "86400",
                            "type": "MX",
                            "zone_id": "Z2ZXZ7VFSXR5E7"
                        },
                        "meta": {
                            "schema_version": "2"
                        },
                        "tainted": false
                    },
                    "deposed": [],
                    "provider": "provider.aws"
                },
                "aws_route53_record.soa": {
                    "type": "aws_route53_record",
                    "depends_on": [],
                    "primary": {
                        "id": "Z2ZXZ7VFSXR5E7_happilyeveraker.com_SOA",
                        "attributes": {
                            "fqdn": "happilyeveraker.com",
                            "health_check_id": "",
                            "id": "Z2ZXZ7VFSXR5E7_happilyeveraker.com_SOA",
                            "name": "happilyeveraker.com",
                            "records.#": "1",
                            "records.79063542": "ns-1242.awsdns-27.org. admin.lesaker.org. 1 7200 900 1209600 3600",
                            "set_identifier": "",
                            "ttl": "86400",
                            "type": "SOA",
                            "zone_id": "Z2ZXZ7VFSXR5E7"
                        },
                        "meta": {
                            "schema_version": "2"
                        },
                        "tainted": false
                    },
                    "deposed": [],
                    "provider": "provider.aws"
                },
                "aws_route53_record.spf": {
                    "type": "aws_route53_record",
                    "depends_on": [
                        "aws_route53_zone.this"
                    ],
                    "primary": {
                        "id": "Z2ZXZ7VFSXR5E7_happilyeveraker.com_SPF",
                        "attributes": {
                            "fqdn": "happilyeveraker.com",
                            "health_check_id": "",
                            "id": "Z2ZXZ7VFSXR5E7_happilyeveraker.com_SPF",
                            "name": "happilyeveraker.com",
                            "records.#": "1",
                            "records.3572300059": "v=spf1 a include:_spf.google.com ~all",
                            "set_identifier": "",
                            "ttl": "86400",
                            "type": "SPF",
                            "zone_id": "Z2ZXZ7VFSXR5E7"
                        },
                        "meta": {
                            "schema_version": "2"
                        },
                        "tainted": false
                    },
                    "deposed": [],
                    "provider": "provider.aws"
                },
                "aws_route53_record.txt": {
                    "type": "aws_route53_record",
                    "depends_on": [
                        "aws_route53_zone.this"
                    ],
                    "primary": {
                        "id": "Z2ZXZ7VFSXR5E7_happilyeveraker.com_TXT",
                        "attributes": {
                            "fqdn": "happilyeveraker.com",
                            "health_check_id": "",
                            "id": "Z2ZXZ7VFSXR5E7_happilyeveraker.com_TXT",
                            "name": "happilyeveraker.com",
                            "records.#": "1",
                            "records.3572300059": "v=spf1 a include:_spf.google.com ~all",
                            "set_identifier": "",
                            "ttl": "86400",
                            "type": "TXT",
                            "zone_id": "Z2ZXZ7VFSXR5E7"
                        },
                        "meta": {
                            "schema_version": "2"
                        },
                        "tainted": false
                    },
                    "deposed": [],
                    "provider": "provider.aws"
                },
                "aws_route53_zone.this": {
                    "type": "aws_route53_zone",
                    "depends_on": [],
                    "primary": {
                        "id": "Z2ZXZ7VFSXR5E7",
                        "attributes": {
                            "comment": "Managed by Terraform",
                            "delegation_set_id": "N3C8AV2DA0N4N9",
                            "force_destroy": "false",
                            "id": "Z2ZXZ7VFSXR5E7",
                            "name": "happilyeveraker.com.",
                            "name_servers.#": "4",
                            "name_servers.0": "ns-1242.awsdns-27.org",
                            "name_servers.1": "ns-1942.awsdns-50.co.uk",
                            "name_servers.2": "ns-477.awsdns-59.com",
                            "name_servers.3": "ns-808.awsdns-37.net",
                            "tags.%": "0",
                            "vpc.#": "0",
                            "vpc_id": "",
                            "vpc_region": "",
                            "zone_id": "Z2ZXZ7VFSXR5E7"
                        },
                        "meta": {},
                        "tainted": false
                    },
                    "deposed": [],
                    "provider": "provider.aws"
                }
            },
            "depends_on": []
        },
        {
            "path": [
                "root",
                "akerl-dns",
                "id-ed25519_pub"
            ],
            "outputs": {
                "zone_id": {
                    "sensitive": false,
                    "type": "string",
                    "value": "Z23K6MA9HYNB2L"
                }
            },
            "resources": {
                "aws_route53_record.caa": {
                    "type": "aws_route53_record",
                    "depends_on": [
                        "aws_route53_zone.this"
                    ],
                    "primary": {
                        "id": "Z23K6MA9HYNB2L_id-ed25519.pub_CAA",
                        "attributes": {
                            "fqdn": "id-ed25519.pub",
                            "health_check_id": "",
                            "id": "Z23K6MA9HYNB2L_id-ed25519.pub_CAA",
                            "name": "id-ed25519.pub",
                            "records.#": "3",
                            "records.2565321753": "0 iodef \"mailto:admin@lesaker.org\"",
                            "records.3034643430": "0 issuewild \";\"",
                            "records.3940762333": "0 issue \"amazon.com\"",
                            "set_identifier": "",
                            "ttl": "86400",
                            "type": "CAA",
                            "zone_id": "Z23K6MA9HYNB2L"
                        },
                        "meta": {
                            "schema_version": "2"
                        },
                        "tainted": false
                    },
                    "deposed": [],
                    "provider": "provider.aws"
                },
                "aws_route53_record.mx": {
                    "type": "aws_route53_record",
                    "depends_on": [
                        "aws_route53_zone.this"
                    ],
                    "primary": {
                        "id": "Z23K6MA9HYNB2L_id-ed25519.pub_MX",
                        "attributes": {
                            "fqdn": "id-ed25519.pub",
                            "health_check_id": "",
                            "id": "Z23K6MA9HYNB2L_id-ed25519.pub_MX",
                            "name": "id-ed25519.pub",
                            "records.#": "5",
                            "records.2181529566": "1   aspmx.l.google.com.",
                            "records.2525408040": "5   alt2.aspmx.l.google.com.",
                            "records.3170450948": "10  aspmx3.googlemail.com.",
                            "records.3986172363": "5   alt1.aspmx.l.google.com.",
                            "records.996144455": "10  aspmx2.googlemail.com.",
                            "set_identifier": "",
                            "ttl": "86400",
                            "type": "MX",
                            "zone_id": "Z23K6MA9HYNB2L"
                        },
                        "meta": {
                            "schema_version": "2"
                        },
                        "tainted": false
                    },
                    "deposed": [],
                    "provider": "provider.aws"
                },
                "aws_route53_record.soa": {
                    "type": "aws_route53_record",
                    "depends_on": [],
                    "primary": {
                        "id": "Z23K6MA9HYNB2L_id-ed25519.pub_SOA",
                        "attributes": {
                            "fqdn": "id-ed25519.pub",
                            "health_check_id": "",
                            "id": "Z23K6MA9HYNB2L_id-ed25519.pub_SOA",
                            "name": "id-ed25519.pub",
                            "records.#": "1",
                            "records.79063542": "ns-1242.awsdns-27.org. admin.lesaker.org. 1 7200 900 1209600 3600",
                            "set_identifier": "",
                            "ttl": "86400",
                            "type": "SOA",
                            "zone_id": "Z23K6MA9HYNB2L"
                        },
                        "meta": {
                            "schema_version": "2"
                        },
                        "tainted": false
                    },
                    "deposed": [],
                    "provider": "provider.aws"
                },
                "aws_route53_record.spf": {
                    "type": "aws_route53_record",
                    "depends_on": [
                        "aws_route53_zone.this"
                    ],
                    "primary": {
                        "id": "Z23K6MA9HYNB2L_id-ed25519.pub_SPF",
                        "attributes": {
                            "fqdn": "id-ed25519.pub",
                            "health_check_id": "",
                            "id": "Z23K6MA9HYNB2L_id-ed25519.pub_SPF",
                            "name": "id-ed25519.pub",
                            "records.#": "1",
                            "records.3572300059": "v=spf1 a include:_spf.google.com ~all",
                            "set_identifier": "",
                            "ttl": "86400",
                            "type": "SPF",
                            "zone_id": "Z23K6MA9HYNB2L"
                        },
                        "meta": {
                            "schema_version": "2"
                        },
                        "tainted": false
                    },
                    "deposed": [],
                    "provider": "provider.aws"
                },
                "aws_route53_record.txt": {
                    "type": "aws_route53_record",
                    "depends_on": [
                        "aws_route53_zone.this"
                    ],
                    "primary": {
                        "id": "Z23K6MA9HYNB2L_id-ed25519.pub_TXT",
                        "attributes": {
                            "fqdn": "id-ed25519.pub",
                            "health_check_id": "",
                            "id": "Z23K6MA9HYNB2L_id-ed25519.pub_TXT",
                            "name": "id-ed25519.pub",
                            "records.#": "1",
                            "records.3572300059": "v=spf1 a include:_spf.google.com ~all",
                            "set_identifier": "",
                            "ttl": "86400",
                            "type": "TXT",
                            "zone_id": "Z23K6MA9HYNB2L"
                        },
                        "meta": {
                            "schema_version": "2"
                        },
                        "tainted": false
                    },
                    "deposed": [],
                    "provider": "provider.aws"
                },
                "aws_route53_zone.this": {
                    "type": "aws_route53_zone",
                    "depends_on": [],
                    "primary": {
                        "id": "Z23K6MA9HYNB2L",
                        "attributes": {
                            "comment": "Managed by Terraform",
                            "delegation_set_id": "N3C8AV2DA0N4N9",
                            "force_destroy": "false",
                            "id": "Z23K6MA9HYNB2L",
                            "name": "id-ed25519.pub.",
                            "name_servers.#": "4",
                            "name_servers.0": "ns-1242.awsdns-27.org",
                            "name_servers.1": "ns-1942.awsdns-50.co.uk",
                            "name_servers.2": "ns-477.awsdns-59.com",
                            "name_servers.3": "ns-808.awsdns-37.net",
                            "tags.%": "0",
                            "vpc.#": "0",
                            "vpc_id": "",
                            "vpc_region": "",
                            "zone_id": "Z23K6MA9HYNB2L"
                        },
                        "meta": {},
                        "tainted": false
                    },
                    "deposed": [],
                    "provider": "provider.aws"
                }
            },
            "depends_on": []
        },
        {
            "path": [
                "root",
                "akerl-dns",
                "kellywatts_com"
            ],
            "outputs": {
                "zone_id": {
                    "sensitive": false,
                    "type": "string",
                    "value": "Z2DQ7RUJQNTQI5"
                }
            },
            "resources": {
                "aws_route53_record.mx": {
                    "type": "aws_route53_record",
                    "depends_on": [
                        "aws_route53_zone.this"
                    ],
                    "primary": {
                        "id": "Z2DQ7RUJQNTQI5_kellywatts.com_MX",
                        "attributes": {
                            "fqdn": "kellywatts.com",
                            "health_check_id": "",
                            "id": "Z2DQ7RUJQNTQI5_kellywatts.com_MX",
                            "name": "kellywatts.com",
                            "records.#": "5",
                            "records.2181529566": "1   aspmx.l.google.com.",
                            "records.2525408040": "5   alt2.aspmx.l.google.com.",
                            "records.3170450948": "10  aspmx3.googlemail.com.",
                            "records.3986172363": "5   alt1.aspmx.l.google.com.",
                            "records.996144455": "10  aspmx2.googlemail.com.",
                            "set_identifier": "",
                            "ttl": "86400",
                            "type": "MX",
                            "zone_id": "Z2DQ7RUJQNTQI5"
                        },
                        "meta": {
                            "schema_version": "2"
                        },
                        "tainted": false
                    },
                    "deposed": [],
                    "provider": "provider.aws"
                },
                "aws_route53_record.soa": {
                    "type": "aws_route53_record",
                    "depends_on": [
                        "aws_route53_zone.this"
                    ],
                    "primary": {
                        "id": "Z2DQ7RUJQNTQI5_kellywatts.com_SOA",
                        "attributes": {
                            "fqdn": "kellywatts.com",
                            "health_check_id": "",
                            "id": "Z2DQ7RUJQNTQI5_kellywatts.com_SOA",
                            "name": "kellywatts.com",
                            "records.#": "1",
                            "records.79063542": "ns-1242.awsdns-27.org. admin.lesaker.org. 1 7200 900 1209600 3600",
                            "set_identifier": "",
                            "ttl": "86400",
                            "type": "SOA",
                            "zone_id": "Z2DQ7RUJQNTQI5"
                        },
                        "meta": {
                            "schema_version": "2"
                        },
                        "tainted": false
                    },
                    "deposed": [],
                    "provider": "provider.aws"
                },
                "aws_route53_record.spf": {
                    "type": "aws_route53_record",
                    "depends_on": [
                        "aws_route53_zone.this"
                    ],
                    "primary": {
                        "id": "Z2DQ7RUJQNTQI5_kellywatts.com_SPF",
                        "attributes": {
                            "fqdn": "kellywatts.com",
                            "health_check_id": "",
                            "id": "Z2DQ7RUJQNTQI5_kellywatts.com_SPF",
                            "name": "kellywatts.com",
                            "records.#": "1",
                            "records.3572300059": "v=spf1 a include:_spf.google.com ~all",
                            "set_identifier": "",
                            "ttl": "86400",
                            "type": "SPF",
                            "zone_id": "Z2DQ7RUJQNTQI5"
                        },
                        "meta": {
                            "schema_version": "2"
                        },
                        "tainted": false
                    },
                    "deposed": [],
                    "provider": "provider.aws"
                },
                "aws_route53_record.txt": {
                    "type": "aws_route53_record",
                    "depends_on": [
                        "aws_route53_zone.this"
                    ],
                    "primary": {
                        "id": "Z2DQ7RUJQNTQI5_kellywatts.com_TXT",
                        "attributes": {
                            "fqdn": "kellywatts.com",
                            "health_check_id": "",
                            "id": "Z2DQ7RUJQNTQI5_kellywatts.com_TXT",
                            "name": "kellywatts.com",
                            "records.#": "1",
                            "records.3572300059": "v=spf1 a include:_spf.google.com ~all",
                            "set_identifier": "",
                            "ttl": "86400",
                            "type": "TXT",
                            "zone_id": "Z2DQ7RUJQNTQI5"
                        },
                        "meta": {
                            "schema_version": "2"
                        },
                        "tainted": false
                    },
                    "deposed": [],
                    "provider": "provider.aws"
                },
                "aws_route53_zone.this": {
                    "type": "aws_route53_zone",
                    "depends_on": [],
                    "primary": {
                        "id": "Z2DQ7RUJQNTQI5",
                        "attributes": {
                            "comment": "Managed by Terraform",
                            "delegation_set_id": "N3C8AV2DA0N4N9",
                            "force_destroy": "false",
                            "id": "Z2DQ7RUJQNTQI5",
                            "name": "kellywatts.com.",
                            "name_servers.#": "4",
                            "name_servers.0": "ns-1242.awsdns-27.org",
                            "name_servers.1": "ns-1942.awsdns-50.co.uk",
                            "name_servers.2": "ns-477.awsdns-59.com",
                            "name_servers.3": "ns-808.awsdns-37.net",
                            "tags.%": "0",
                            "vpc.#": "0",
                            "zone_id": "Z2DQ7RUJQNTQI5"
                        },
                        "meta": {},
                        "tainted": false
                    },
                    "deposed": [],
                    "provider": "provider.aws"
                }
            },
            "depends_on": []
        },
        {
            "path": [
                "root",
                "akerl-dns",
                "lesaker_com"
            ],
            "outputs": {
                "zone_id": {
                    "sensitive": false,
                    "type": "string",
                    "value": "Z12UG2AR1236YD"
                }
            },
            "resources": {
                "aws_route53_record.caa": {
                    "type": "aws_route53_record",
                    "depends_on": [
                        "aws_route53_zone.this"
                    ],
                    "primary": {
                        "id": "Z12UG2AR1236YD_lesaker.com_CAA",
                        "attributes": {
                            "fqdn": "lesaker.com",
                            "health_check_id": "",
                            "id": "Z12UG2AR1236YD_lesaker.com_CAA",
                            "name": "lesaker.com",
                            "records.#": "3",
                            "records.2565321753": "0 iodef \"mailto:admin@lesaker.org\"",
                            "records.3034643430": "0 issuewild \";\"",
                            "records.3940762333": "0 issue \"amazon.com\"",
                            "set_identifier": "",
                            "ttl": "86400",
                            "type": "CAA",
                            "zone_id": "Z12UG2AR1236YD"
                        },
                        "meta": {
                            "schema_version": "2"
                        },
                        "tainted": false
                    },
                    "deposed": [],
                    "provider": "provider.aws"
                },
                "aws_route53_record.mx": {
                    "type": "aws_route53_record",
                    "depends_on": [
                        "aws_route53_zone.this"
                    ],
                    "primary": {
                        "id": "Z12UG2AR1236YD_lesaker.com_MX",
                        "attributes": {
                            "fqdn": "lesaker.com",
                            "health_check_id": "",
                            "id": "Z12UG2AR1236YD_lesaker.com_MX",
                            "name": "lesaker.com",
                            "records.#": "5",
                            "records.2181529566": "1   aspmx.l.google.com.",
                            "records.2525408040": "5   alt2.aspmx.l.google.com.",
                            "records.3170450948": "10  aspmx3.googlemail.com.",
                            "records.3986172363": "5   alt1.aspmx.l.google.com.",
                            "records.996144455": "10  aspmx2.googlemail.com.",
                            "set_identifier": "",
                            "ttl": "86400",
                            "type": "MX",
                            "zone_id": "Z12UG2AR1236YD"
                        },
                        "meta": {
                            "schema_version": "2"
                        },
                        "tainted": false
                    },
                    "deposed": [],
                    "provider": "provider.aws"
                },
                "aws_route53_record.soa": {
                    "type": "aws_route53_record",
                    "depends_on": [],
                    "primary": {
                        "id": "Z12UG2AR1236YD_lesaker.com_SOA",
                        "attributes": {
                            "fqdn": "lesaker.com",
                            "health_check_id": "",
                            "id": "Z12UG2AR1236YD_lesaker.com_SOA",
                            "name": "lesaker.com",
                            "records.#": "1",
                            "records.79063542": "ns-1242.awsdns-27.org. admin.lesaker.org. 1 7200 900 1209600 3600",
                            "set_identifier": "",
                            "ttl": "86400",
                            "type": "SOA",
                            "zone_id": "Z12UG2AR1236YD"
                        },
                        "meta": {
                            "schema_version": "2"
                        },
                        "tainted": false
                    },
                    "deposed": [],
                    "provider": "provider.aws"
                },
                "aws_route53_record.spf": {
                    "type": "aws_route53_record",
                    "depends_on": [
                        "aws_route53_zone.this"
                    ],
                    "primary": {
                        "id": "Z12UG2AR1236YD_lesaker.com_SPF",
                        "attributes": {
                            "fqdn": "lesaker.com",
                            "health_check_id": "",
                            "id": "Z12UG2AR1236YD_lesaker.com_SPF",
                            "name": "lesaker.com",
                            "records.#": "1",
                            "records.3572300059": "v=spf1 a include:_spf.google.com ~all",
                            "set_identifier": "",
                            "ttl": "86400",
                            "type": "SPF",
                            "zone_id": "Z12UG2AR1236YD"
                        },
                        "meta": {
                            "schema_version": "2"
                        },
                        "tainted": false
                    },
                    "deposed": [],
                    "provider": "provider.aws"
                },
                "aws_route53_record.txt": {
                    "type": "aws_route53_record",
                    "depends_on": [
                        "aws_route53_zone.this"
                    ],
                    "primary": {
                        "id": "Z12UG2AR1236YD_lesaker.com_TXT",
                        "attributes": {
                            "fqdn": "lesaker.com",
                            "health_check_id": "",
                            "id": "Z12UG2AR1236YD_lesaker.com_TXT",
                            "name": "lesaker.com",
                            "records.#": "1",
                            "records.3572300059": "v=spf1 a include:_spf.google.com ~all",
                            "set_identifier": "",
                            "ttl": "86400",
                            "type": "TXT",
                            "zone_id": "Z12UG2AR1236YD"
                        },
                        "meta": {
                            "schema_version": "2"
                        },
                        "tainted": false
                    },
                    "deposed": [],
                    "provider": "provider.aws"
                },
                "aws_route53_zone.this": {
                    "type": "aws_route53_zone",
                    "depends_on": [],
                    "primary": {
                        "id": "Z12UG2AR1236YD",
                        "attributes": {
                            "comment": "Managed by Terraform",
                            "delegation_set_id": "N3C8AV2DA0N4N9",
                            "force_destroy": "false",
                            "id": "Z12UG2AR1236YD",
                            "name": "lesaker.com.",
                            "name_servers.#": "4",
                            "name_servers.0": "ns-1242.awsdns-27.org",
                            "name_servers.1": "ns-1942.awsdns-50.co.uk",
                            "name_servers.2": "ns-477.awsdns-59.com",
                            "name_servers.3": "ns-808.awsdns-37.net",
                            "tags.%": "0",
                            "vpc.#": "0",
                            "vpc_id": "",
                            "vpc_region": "",
                            "zone_id": "Z12UG2AR1236YD"
                        },
                        "meta": {},
                        "tainted": false
                    },
                    "deposed": [],
                    "provider": "provider.aws"
                }
            },
            "depends_on": []
        },
        {
            "path": [
                "root",
                "akerl-dns",
                "lesaker_org"
            ],
            "outputs": {
                "zone_id": {
                    "sensitive": false,
                    "type": "string",
                    "value": "Z3RU5N2GAL6D4W"
                }
            },
            "resources": {
                "aws_route53_record.caa": {
                    "type": "aws_route53_record",
                    "depends_on": [
                        "aws_route53_zone.this"
                    ],
                    "primary": {
                        "id": "Z3RU5N2GAL6D4W_lesaker.org_CAA",
                        "attributes": {
                            "fqdn": "lesaker.org",
                            "health_check_id": "",
                            "id": "Z3RU5N2GAL6D4W_lesaker.org_CAA",
                            "name": "lesaker.org",
                            "records.#": "3",
                            "records.2565321753": "0 iodef \"mailto:admin@lesaker.org\"",
                            "records.3034643430": "0 issuewild \";\"",
                            "records.3940762333": "0 issue \"amazon.com\"",
                            "set_identifier": "",
                            "ttl": "86400",
                            "type": "CAA",
                            "zone_id": "Z3RU5N2GAL6D4W"
                        },
                        "meta": {
                            "schema_version": "2"
                        },
                        "tainted": false
                    },
                    "deposed": [],
                    "provider": "provider.aws"
                },
                "aws_route53_record.mx": {
                    "type": "aws_route53_record",
                    "depends_on": [
                        "aws_route53_zone.this"
                    ],
                    "primary": {
                        "id": "Z3RU5N2GAL6D4W_lesaker.org_MX",
                        "attributes": {
                            "fqdn": "lesaker.org",
                            "health_check_id": "",
                            "id": "Z3RU5N2GAL6D4W_lesaker.org_MX",
                            "name": "lesaker.org",
                            "records.#": "5",
                            "records.2181529566": "1   aspmx.l.google.com.",
                            "records.2525408040": "5   alt2.aspmx.l.google.com.",
                            "records.3170450948": "10  aspmx3.googlemail.com.",
                            "records.3986172363": "5   alt1.aspmx.l.google.com.",
                            "records.996144455": "10  aspmx2.googlemail.com.",
                            "set_identifier": "",
                            "ttl": "86400",
                            "type": "MX",
                            "zone_id": "Z3RU5N2GAL6D4W"
                        },
                        "meta": {
                            "schema_version": "2"
                        },
                        "tainted": false
                    },
                    "deposed": [],
                    "provider": "provider.aws"
                },
                "aws_route53_record.soa": {
                    "type": "aws_route53_record",
                    "depends_on": [],
                    "primary": {
                        "id": "Z3RU5N2GAL6D4W_lesaker.org_SOA",
                        "attributes": {
                            "fqdn": "lesaker.org",
                            "health_check_id": "",
                            "id": "Z3RU5N2GAL6D4W_lesaker.org_SOA",
                            "name": "lesaker.org",
                            "records.#": "1",
                            "records.79063542": "ns-1242.awsdns-27.org. admin.lesaker.org. 1 7200 900 1209600 3600",
                            "set_identifier": "",
                            "ttl": "86400",
                            "type": "SOA",
                            "zone_id": "Z3RU5N2GAL6D4W"
                        },
                        "meta": {
                            "schema_version": "2"
                        },
                        "tainted": false
                    },
                    "deposed": [],
                    "provider": "provider.aws"
                },
                "aws_route53_record.spf": {
                    "type": "aws_route53_record",
                    "depends_on": [
                        "aws_route53_zone.this"
                    ],
                    "primary": {
                        "id": "Z3RU5N2GAL6D4W_lesaker.org_SPF",
                        "attributes": {
                            "fqdn": "lesaker.org",
                            "health_check_id": "",
                            "id": "Z3RU5N2GAL6D4W_lesaker.org_SPF",
                            "name": "lesaker.org",
                            "records.#": "1",
                            "records.3572300059": "v=spf1 a include:_spf.google.com ~all",
                            "set_identifier": "",
                            "ttl": "86400",
                            "type": "SPF",
                            "zone_id": "Z3RU5N2GAL6D4W"
                        },
                        "meta": {
                            "schema_version": "2"
                        },
                        "tainted": false
                    },
                    "deposed": [],
                    "provider": "provider.aws"
                },
                "aws_route53_record.txt": {
                    "type": "aws_route53_record",
                    "depends_on": [
                        "aws_route53_zone.this"
                    ],
                    "primary": {
                        "id": "Z3RU5N2GAL6D4W_lesaker.org_TXT",
                        "attributes": {
                            "fqdn": "lesaker.org",
                            "health_check_id": "",
                            "id": "Z3RU5N2GAL6D4W_lesaker.org_TXT",
                            "name": "lesaker.org",
                            "records.#": "1",
                            "records.3572300059": "v=spf1 a include:_spf.google.com ~all",
                            "set_identifier": "",
                            "ttl": "86400",
                            "type": "TXT",
                            "zone_id": "Z3RU5N2GAL6D4W"
                        },
                        "meta": {
                            "schema_version": "2"
                        },
                        "tainted": false
                    },
                    "deposed": [],
                    "provider": "provider.aws"
                },
                "aws_route53_zone.this": {
                    "type": "aws_route53_zone",
                    "depends_on": [],
                    "primary": {
                        "id": "Z3RU5N2GAL6D4W",
                        "attributes": {
                            "comment": "Managed by Terraform",
                            "delegation_set_id": "N3C8AV2DA0N4N9",
                            "force_destroy": "false",
                            "id": "Z3RU5N2GAL6D4W",
                            "name": "lesaker.org.",
                            "name_servers.#": "4",
                            "name_servers.0": "ns-1242.awsdns-27.org",
                            "name_servers.1": "ns-1942.awsdns-50.co.uk",
                            "name_servers.2": "ns-477.awsdns-59.com",
                            "name_servers.3": "ns-808.awsdns-37.net",
                            "tags.%": "0",
                            "vpc.#": "0",
                            "vpc_id": "",
                            "vpc_region": "",
                            "zone_id": "Z3RU5N2GAL6D4W"
                        },
                        "meta": {},
                        "tainted": false
                    },
                    "deposed": [],
                    "provider": "provider.aws"
                }
            },
            "depends_on": []
        },
        {
            "path": [
                "root",
                "akerl-dns",
                "phishing_network"
            ],
            "outputs": {
                "zone_id": {
                    "sensitive": false,
                    "type": "string",
                    "value": "Z1ENEH3PEWKJ6C"
                }
            },
            "resources": {
                "aws_route53_record.caa": {
                    "type": "aws_route53_record",
                    "depends_on": [
                        "aws_route53_zone.this"
                    ],
                    "primary": {
                        "id": "Z1ENEH3PEWKJ6C_phishing.network_CAA",
                        "attributes": {
                            "fqdn": "phishing.network",
                            "health_check_id": "",
                            "id": "Z1ENEH3PEWKJ6C_phishing.network_CAA",
                            "name": "phishing.network",
                            "records.#": "3",
                            "records.2565321753": "0 iodef \"mailto:admin@lesaker.org\"",
                            "records.3034643430": "0 issuewild \";\"",
                            "records.3940762333": "0 issue \"amazon.com\"",
                            "set_identifier": "",
                            "ttl": "86400",
                            "type": "CAA",
                            "zone_id": "Z1ENEH3PEWKJ6C"
                        },
                        "meta": {
                            "schema_version": "2"
                        },
                        "tainted": false
                    },
                    "deposed": [],
                    "provider": "provider.aws"
                },
                "aws_route53_record.mx": {
                    "type": "aws_route53_record",
                    "depends_on": [
                        "aws_route53_zone.this"
                    ],
                    "primary": {
                        "id": "Z1ENEH3PEWKJ6C_phishing.network_MX",
                        "attributes": {
                            "fqdn": "phishing.network",
                            "health_check_id": "",
                            "id": "Z1ENEH3PEWKJ6C_phishing.network_MX",
                            "name": "phishing.network",
                            "records.#": "5",
                            "records.2181529566": "1   aspmx.l.google.com.",
                            "records.2525408040": "5   alt2.aspmx.l.google.com.",
                            "records.3170450948": "10  aspmx3.googlemail.com.",
                            "records.3986172363": "5   alt1.aspmx.l.google.com.",
                            "records.996144455": "10  aspmx2.googlemail.com.",
                            "set_identifier": "",
                            "ttl": "86400",
                            "type": "MX",
                            "zone_id": "Z1ENEH3PEWKJ6C"
                        },
                        "meta": {
                            "schema_version": "2"
                        },
                        "tainted": false
                    },
                    "deposed": [],
                    "provider": "provider.aws"
                },
                "aws_route53_record.soa": {
                    "type": "aws_route53_record",
                    "depends_on": [
                        "aws_route53_zone.this"
                    ],
                    "primary": {
                        "id": "Z1ENEH3PEWKJ6C_phishing.network_SOA",
                        "attributes": {
                            "fqdn": "phishing.network",
                            "health_check_id": "",
                            "id": "Z1ENEH3PEWKJ6C_phishing.network_SOA",
                            "name": "phishing.network",
                            "records.#": "1",
                            "records.79063542": "ns-1242.awsdns-27.org. admin.lesaker.org. 1 7200 900 1209600 3600",
                            "set_identifier": "",
                            "ttl": "86400",
                            "type": "SOA",
                            "zone_id": "Z1ENEH3PEWKJ6C"
                        },
                        "meta": {
                            "schema_version": "2"
                        },
                        "tainted": false
                    },
                    "deposed": [],
                    "provider": "provider.aws"
                },
                "aws_route53_record.spf": {
                    "type": "aws_route53_record",
                    "depends_on": [
                        "aws_route53_zone.this"
                    ],
                    "primary": {
                        "id": "Z1ENEH3PEWKJ6C_phishing.network_SPF",
                        "attributes": {
                            "fqdn": "phishing.network",
                            "health_check_id": "",
                            "id": "Z1ENEH3PEWKJ6C_phishing.network_SPF",
                            "name": "phishing.network",
                            "records.#": "1",
                            "records.3572300059": "v=spf1 a include:_spf.google.com ~all",
                            "set_identifier": "",
                            "ttl": "86400",
                            "type": "SPF",
                            "zone_id": "Z1ENEH3PEWKJ6C"
                        },
                        "meta": {
                            "schema_version": "2"
                        },
                        "tainted": false
                    },
                    "deposed": [],
                    "provider": "provider.aws"
                },
                "aws_route53_record.txt": {
                    "type": "aws_route53_record",
                    "depends_on": [
                        "aws_route53_zone.this"
                    ],
                    "primary": {
                        "id": "Z1ENEH3PEWKJ6C_phishing.network_TXT",
                        "attributes": {
                            "fqdn": "phishing.network",
                            "health_check_id": "",
                            "id": "Z1ENEH3PEWKJ6C_phishing.network_TXT",
                            "name": "phishing.network",
                            "records.#": "1",
                            "records.3572300059": "v=spf1 a include:_spf.google.com ~all",
                            "set_identifier": "",
                            "ttl": "86400",
                            "type": "TXT",
                            "zone_id": "Z1ENEH3PEWKJ6C"
                        },
                        "meta": {
                            "schema_version": "2"
                        },
                        "tainted": false
                    },
                    "deposed": [],
                    "provider": "provider.aws"
                },
                "aws_route53_zone.this": {
                    "type": "aws_route53_zone",
                    "depends_on": [],
                    "primary": {
                        "id": "Z1ENEH3PEWKJ6C",
                        "attributes": {
                            "comment": "Managed by Terraform",
                            "delegation_set_id": "N3C8AV2DA0N4N9",
                            "force_destroy": "false",
                            "id": "Z1ENEH3PEWKJ6C",
                            "name": "phishing.network.",
                            "name_servers.#": "4",
                            "name_servers.0": "ns-1242.awsdns-27.org",
                            "name_servers.1": "ns-1942.awsdns-50.co.uk",
                            "name_servers.2": "ns-477.awsdns-59.com",
                            "name_servers.3": "ns-808.awsdns-37.net",
                            "tags.%": "0",
                            "vpc.#": "0",
                            "zone_id": "Z1ENEH3PEWKJ6C"
                        },
                        "meta": {},
                        "tainted": false
                    },
                    "deposed": [],
                    "provider": "provider.aws"
                }
            },
            "depends_on": []
        },
        {
            "path": [
                "root",
                "akerl-dns",
                "scrtybybscrty_org"
            ],
            "outputs": {
                "zone_id": {
                    "sensitive": false,
                    "type": "string",
                    "value": "Z11UY811DI2S1K"
                }
            },
            "resources": {
                "aws_route53_record.caa": {
                    "type": "aws_route53_record",
                    "depends_on": [
                        "aws_route53_zone.this"
                    ],
                    "primary": {
                        "id": "Z11UY811DI2S1K_scrtybybscrty.org_CAA",
                        "attributes": {
                            "fqdn": "scrtybybscrty.org",
                            "health_check_id": "",
                            "id": "Z11UY811DI2S1K_scrtybybscrty.org_CAA",
                            "name": "scrtybybscrty.org",
                            "records.#": "3",
                            "records.2565321753": "0 iodef \"mailto:admin@lesaker.org\"",
                            "records.3034643430": "0 issuewild \";\"",
                            "records.3940762333": "0 issue \"amazon.com\"",
                            "set_identifier": "",
                            "ttl": "86400",
                            "type": "CAA",
                            "zone_id": "Z11UY811DI2S1K"
                        },
                        "meta": {
                            "schema_version": "2"
                        },
                        "tainted": false
                    },
                    "deposed": [],
                    "provider": "provider.aws"
                },
                "aws_route53_record.mx": {
                    "type": "aws_route53_record",
                    "depends_on": [
                        "aws_route53_zone.this"
                    ],
                    "primary": {
                        "id": "Z11UY811DI2S1K_scrtybybscrty.org_MX",
                        "attributes": {
                            "fqdn": "scrtybybscrty.org",
                            "health_check_id": "",
                            "id": "Z11UY811DI2S1K_scrtybybscrty.org_MX",
                            "name": "scrtybybscrty.org",
                            "records.#": "5",
                            "records.2181529566": "1   aspmx.l.google.com.",
                            "records.2525408040": "5   alt2.aspmx.l.google.com.",
                            "records.3170450948": "10  aspmx3.googlemail.com.",
                            "records.3986172363": "5   alt1.aspmx.l.google.com.",
                            "records.996144455": "10  aspmx2.googlemail.com.",
                            "set_identifier": "",
                            "ttl": "86400",
                            "type": "MX",
                            "zone_id": "Z11UY811DI2S1K"
                        },
                        "meta": {
                            "schema_version": "2"
                        },
                        "tainted": false
                    },
                    "deposed": [],
                    "provider": "provider.aws"
                },
                "aws_route53_record.soa": {
                    "type": "aws_route53_record",
                    "depends_on": [],
                    "primary": {
                        "id": "Z11UY811DI2S1K_scrtybybscrty.org_SOA",
                        "attributes": {
                            "fqdn": "scrtybybscrty.org",
                            "health_check_id": "",
                            "id": "Z11UY811DI2S1K_scrtybybscrty.org_SOA",
                            "name": "scrtybybscrty.org",
                            "records.#": "1",
                            "records.79063542": "ns-1242.awsdns-27.org. admin.lesaker.org. 1 7200 900 1209600 3600",
                            "set_identifier": "",
                            "ttl": "86400",
                            "type": "SOA",
                            "zone_id": "Z11UY811DI2S1K"
                        },
                        "meta": {
                            "schema_version": "2"
                        },
                        "tainted": false
                    },
                    "deposed": [],
                    "provider": "provider.aws"
                },
                "aws_route53_record.spf": {
                    "type": "aws_route53_record",
                    "depends_on": [
                        "aws_route53_zone.this"
                    ],
                    "primary": {
                        "id": "Z11UY811DI2S1K_scrtybybscrty.org_SPF",
                        "attributes": {
                            "fqdn": "scrtybybscrty.org",
                            "health_check_id": "",
                            "id": "Z11UY811DI2S1K_scrtybybscrty.org_SPF",
                            "name": "scrtybybscrty.org",
                            "records.#": "1",
                            "records.3572300059": "v=spf1 a include:_spf.google.com ~all",
                            "set_identifier": "",
                            "ttl": "86400",
                            "type": "SPF",
                            "zone_id": "Z11UY811DI2S1K"
                        },
                        "meta": {
                            "schema_version": "2"
                        },
                        "tainted": false
                    },
                    "deposed": [],
                    "provider": "provider.aws"
                },
                "aws_route53_record.txt": {
                    "type": "aws_route53_record",
                    "depends_on": [
                        "aws_route53_zone.this"
                    ],
                    "primary": {
                        "id": "Z11UY811DI2S1K_scrtybybscrty.org_TXT",
                        "attributes": {
                            "fqdn": "scrtybybscrty.org",
                            "health_check_id": "",
                            "id": "Z11UY811DI2S1K_scrtybybscrty.org_TXT",
                            "name": "scrtybybscrty.org",
                            "records.#": "1",
                            "records.3572300059": "v=spf1 a include:_spf.google.com ~all",
                            "set_identifier": "",
                            "ttl": "86400",
                            "type": "TXT",
                            "zone_id": "Z11UY811DI2S1K"
                        },
                        "meta": {
                            "schema_version": "2"
                        },
                        "tainted": false
                    },
                    "deposed": [],
                    "provider": "provider.aws"
                },
                "aws_route53_zone.this": {
                    "type": "aws_route53_zone",
                    "depends_on": [],
                    "primary": {
                        "id": "Z11UY811DI2S1K",
                        "attributes": {
                            "comment": "Managed by Terraform",
                            "delegation_set_id": "N3C8AV2DA0N4N9",
                            "force_destroy": "false",
                            "id": "Z11UY811DI2S1K",
                            "name": "scrtybybscrty.org.",
                            "name_servers.#": "4",
                            "name_servers.0": "ns-1242.awsdns-27.org",
                            "name_servers.1": "ns-1942.awsdns-50.co.uk",
                            "name_servers.2": "ns-477.awsdns-59.com",
                            "name_servers.3": "ns-808.awsdns-37.net",
                            "tags.%": "0",
                            "vpc.#": "0",
                            "vpc_id": "",
                            "vpc_region": "",
                            "zone_id": "Z11UY811DI2S1K"
                        },
                        "meta": {},
                        "tainted": false
                    },
                    "deposed": [],
                    "provider": "provider.aws"
                }
            },
            "depends_on": []
        },
        {
            "path": [
                "root",
                "akerl-dns",
                "suspicious_cloud"
            ],
            "outputs": {
                "zone_id": {
                    "sensitive": false,
                    "type": "string",
                    "value": "ZLY4VLVK35UWK"
                }
            },
            "resources": {
                "aws_route53_record.caa": {
                    "type": "aws_route53_record",
                    "depends_on": [
                        "aws_route53_zone.this"
                    ],
                    "primary": {
                        "id": "ZLY4VLVK35UWK_suspicious.cloud_CAA",
                        "attributes": {
                            "fqdn": "suspicious.cloud",
                            "health_check_id": "",
                            "id": "ZLY4VLVK35UWK_suspicious.cloud_CAA",
                            "name": "suspicious.cloud",
                            "records.#": "3",
                            "records.2565321753": "0 iodef \"mailto:admin@lesaker.org\"",
                            "records.3034643430": "0 issuewild \";\"",
                            "records.3940762333": "0 issue \"amazon.com\"",
                            "set_identifier": "",
                            "ttl": "86400",
                            "type": "CAA",
                            "zone_id": "ZLY4VLVK35UWK"
                        },
                        "meta": {
                            "schema_version": "2"
                        },
                        "tainted": false
                    },
                    "deposed": [],
                    "provider": "provider.aws"
                },
                "aws_route53_record.mx": {
                    "type": "aws_route53_record",
                    "depends_on": [
                        "aws_route53_zone.this"
                    ],
                    "primary": {
                        "id": "ZLY4VLVK35UWK_suspicious.cloud_MX",
                        "attributes": {
                            "fqdn": "suspicious.cloud",
                            "health_check_id": "",
                            "id": "ZLY4VLVK35UWK_suspicious.cloud_MX",
                            "name": "suspicious.cloud",
                            "records.#": "5",
                            "records.2181529566": "1   aspmx.l.google.com.",
                            "records.2525408040": "5   alt2.aspmx.l.google.com.",
                            "records.3170450948": "10  aspmx3.googlemail.com.",
                            "records.3986172363": "5   alt1.aspmx.l.google.com.",
                            "records.996144455": "10  aspmx2.googlemail.com.",
                            "set_identifier": "",
                            "ttl": "86400",
                            "type": "MX",
                            "zone_id": "ZLY4VLVK35UWK"
                        },
                        "meta": {
                            "schema_version": "2"
                        },
                        "tainted": false
                    },
                    "deposed": [],
                    "provider": "provider.aws"
                },
                "aws_route53_record.soa": {
                    "type": "aws_route53_record",
                    "depends_on": [
                        "aws_route53_zone.this"
                    ],
                    "primary": {
                        "id": "ZLY4VLVK35UWK_suspicious.cloud_SOA",
                        "attributes": {
                            "fqdn": "suspicious.cloud",
                            "health_check_id": "",
                            "id": "ZLY4VLVK35UWK_suspicious.cloud_SOA",
                            "name": "suspicious.cloud",
                            "records.#": "1",
                            "records.79063542": "ns-1242.awsdns-27.org. admin.lesaker.org. 1 7200 900 1209600 3600",
                            "set_identifier": "",
                            "ttl": "86400",
                            "type": "SOA",
                            "zone_id": "ZLY4VLVK35UWK"
                        },
                        "meta": {
                            "schema_version": "2"
                        },
                        "tainted": false
                    },
                    "deposed": [],
                    "provider": "provider.aws"
                },
                "aws_route53_record.spf": {
                    "type": "aws_route53_record",
                    "depends_on": [
                        "aws_route53_zone.this"
                    ],
                    "primary": {
                        "id": "ZLY4VLVK35UWK_suspicious.cloud_SPF",
                        "attributes": {
                            "fqdn": "suspicious.cloud",
                            "health_check_id": "",
                            "id": "ZLY4VLVK35UWK_suspicious.cloud_SPF",
                            "name": "suspicious.cloud",
                            "records.#": "1",
                            "records.3572300059": "v=spf1 a include:_spf.google.com ~all",
                            "set_identifier": "",
                            "ttl": "86400",
                            "type": "SPF",
                            "zone_id": "ZLY4VLVK35UWK"
                        },
                        "meta": {
                            "schema_version": "2"
                        },
                        "tainted": false
                    },
                    "deposed": [],
                    "provider": "provider.aws"
                },
                "aws_route53_record.txt": {
                    "type": "aws_route53_record",
                    "depends_on": [
                        "aws_route53_zone.this"
                    ],
                    "primary": {
                        "id": "ZLY4VLVK35UWK_suspicious.cloud_TXT",
                        "attributes": {
                            "fqdn": "suspicious.cloud",
                            "health_check_id": "",
                            "id": "ZLY4VLVK35UWK_suspicious.cloud_TXT",
                            "name": "suspicious.cloud",
                            "records.#": "1",
                            "records.3572300059": "v=spf1 a include:_spf.google.com ~all",
                            "set_identifier": "",
                            "ttl": "86400",
                            "type": "TXT",
                            "zone_id": "ZLY4VLVK35UWK"
                        },
                        "meta": {
                            "schema_version": "2"
                        },
                        "tainted": false
                    },
                    "deposed": [],
                    "provider": "provider.aws"
                },
                "aws_route53_zone.this": {
                    "type": "aws_route53_zone",
                    "depends_on": [],
                    "primary": {
                        "id": "ZLY4VLVK35UWK",
                        "attributes": {
                            "comment": "Managed by Terraform",
                            "delegation_set_id": "N3C8AV2DA0N4N9",
                            "force_destroy": "false",
                            "id": "ZLY4VLVK35UWK",
                            "name": "suspicious.cloud.",
                            "name_servers.#": "4",
                            "name_servers.0": "ns-1242.awsdns-27.org",
                            "name_servers.1": "ns-1942.awsdns-50.co.uk",
                            "name_servers.2": "ns-477.awsdns-59.com",
                            "name_servers.3": "ns-808.awsdns-37.net",
                            "tags.%": "0",
                            "vpc.#": "0",
                            "zone_id": "ZLY4VLVK35UWK"
                        },
                        "meta": {},
                        "tainted": false
                    },
                    "deposed": [],
                    "provider": "provider.aws"
                }
            },
            "depends_on": []
        },
        {
            "path": [
                "root",
                "akerl-dns",
                "suspicious_engineer"
            ],
            "outputs": {
                "zone_id": {
                    "sensitive": false,
                    "type": "string",
                    "value": "Z3T3ICKYQFHV9Y"
                }
            },
            "resources": {
                "aws_route53_record.caa": {
                    "type": "aws_route53_record",
                    "depends_on": [
                        "aws_route53_zone.this"
                    ],
                    "primary": {
                        "id": "Z3T3ICKYQFHV9Y_suspicious.engineer_CAA",
                        "attributes": {
                            "fqdn": "suspicious.engineer",
                            "health_check_id": "",
                            "id": "Z3T3ICKYQFHV9Y_suspicious.engineer_CAA",
                            "name": "suspicious.engineer",
                            "records.#": "3",
                            "records.2565321753": "0 iodef \"mailto:admin@lesaker.org\"",
                            "records.3034643430": "0 issuewild \";\"",
                            "records.3940762333": "0 issue \"amazon.com\"",
                            "set_identifier": "",
                            "ttl": "86400",
                            "type": "CAA",
                            "zone_id": "Z3T3ICKYQFHV9Y"
                        },
                        "meta": {
                            "schema_version": "2"
                        },
                        "tainted": false
                    },
                    "deposed": [],
                    "provider": "provider.aws"
                },
                "aws_route53_record.mx": {
                    "type": "aws_route53_record",
                    "depends_on": [
                        "aws_route53_zone.this"
                    ],
                    "primary": {
                        "id": "Z3T3ICKYQFHV9Y_suspicious.engineer_MX",
                        "attributes": {
                            "fqdn": "suspicious.engineer",
                            "health_check_id": "",
                            "id": "Z3T3ICKYQFHV9Y_suspicious.engineer_MX",
                            "name": "suspicious.engineer",
                            "records.#": "5",
                            "records.2181529566": "1   aspmx.l.google.com.",
                            "records.2525408040": "5   alt2.aspmx.l.google.com.",
                            "records.3170450948": "10  aspmx3.googlemail.com.",
                            "records.3986172363": "5   alt1.aspmx.l.google.com.",
                            "records.996144455": "10  aspmx2.googlemail.com.",
                            "set_identifier": "",
                            "ttl": "86400",
                            "type": "MX",
                            "zone_id": "Z3T3ICKYQFHV9Y"
                        },
                        "meta": {
                            "schema_version": "2"
                        },
                        "tainted": false
                    },
                    "deposed": [],
                    "provider": "provider.aws"
                },
                "aws_route53_record.soa": {
                    "type": "aws_route53_record",
                    "depends_on": [
                        "aws_route53_zone.this"
                    ],
                    "primary": {
                        "id": "Z3T3ICKYQFHV9Y_suspicious.engineer_SOA",
                        "attributes": {
                            "fqdn": "suspicious.engineer",
                            "health_check_id": "",
                            "id": "Z3T3ICKYQFHV9Y_suspicious.engineer_SOA",
                            "name": "suspicious.engineer",
                            "records.#": "1",
                            "records.79063542": "ns-1242.awsdns-27.org. admin.lesaker.org. 1 7200 900 1209600 3600",
                            "set_identifier": "",
                            "ttl": "86400",
                            "type": "SOA",
                            "zone_id": "Z3T3ICKYQFHV9Y"
                        },
                        "meta": {
                            "schema_version": "2"
                        },
                        "tainted": false
                    },
                    "deposed": [],
                    "provider": "provider.aws"
                },
                "aws_route53_record.spf": {
                    "type": "aws_route53_record",
                    "depends_on": [
                        "aws_route53_zone.this"
                    ],
                    "primary": {
                        "id": "Z3T3ICKYQFHV9Y_suspicious.engineer_SPF",
                        "attributes": {
                            "fqdn": "suspicious.engineer",
                            "health_check_id": "",
                            "id": "Z3T3ICKYQFHV9Y_suspicious.engineer_SPF",
                            "name": "suspicious.engineer",
                            "records.#": "1",
                            "records.3572300059": "v=spf1 a include:_spf.google.com ~all",
                            "set_identifier": "",
                            "ttl": "86400",
                            "type": "SPF",
                            "zone_id": "Z3T3ICKYQFHV9Y"
                        },
                        "meta": {
                            "schema_version": "2"
                        },
                        "tainted": false
                    },
                    "deposed": [],
                    "provider": "provider.aws"
                },
                "aws_route53_record.txt": {
                    "type": "aws_route53_record",
                    "depends_on": [
                        "aws_route53_zone.this"
                    ],
                    "primary": {
                        "id": "Z3T3ICKYQFHV9Y_suspicious.engineer_TXT",
                        "attributes": {
                            "fqdn": "suspicious.engineer",
                            "health_check_id": "",
                            "id": "Z3T3ICKYQFHV9Y_suspicious.engineer_TXT",
                            "name": "suspicious.engineer",
                            "records.#": "1",
                            "records.3572300059": "v=spf1 a include:_spf.google.com ~all",
                            "set_identifier": "",
                            "ttl": "86400",
                            "type": "TXT",
                            "zone_id": "Z3T3ICKYQFHV9Y"
                        },
                        "meta": {
                            "schema_version": "2"
                        },
                        "tainted": false
                    },
                    "deposed": [],
                    "provider": "provider.aws"
                },
                "aws_route53_zone.this": {
                    "type": "aws_route53_zone",
                    "depends_on": [],
                    "primary": {
                        "id": "Z3T3ICKYQFHV9Y",
                        "attributes": {
                            "comment": "Managed by Terraform",
                            "delegation_set_id": "N3C8AV2DA0N4N9",
                            "force_destroy": "false",
                            "id": "Z3T3ICKYQFHV9Y",
                            "name": "suspicious.engineer.",
                            "name_servers.#": "4",
                            "name_servers.0": "ns-1242.awsdns-27.org",
                            "name_servers.1": "ns-1942.awsdns-50.co.uk",
                            "name_servers.2": "ns-477.awsdns-59.com",
                            "name_servers.3": "ns-808.awsdns-37.net",
                            "tags.%": "0",
                            "vpc.#": "0",
                            "zone_id": "Z3T3ICKYQFHV9Y"
                        },
                        "meta": {},
                        "tainted": false
                    },
                    "deposed": [],
                    "provider": "provider.aws"
                }
            },
            "depends_on": []
        },
        {
            "path": [
                "root",
                "akerl-hellolinodiansbot",
                "lambda"
            ],
            "outputs": {
                "arn": {
                    "sensitive": false,
                    "type": "string",
                    "value": "arn:aws:lambda:us-east-1:764218738161:function:hellolinodians_akerl-hellolinodians-config"
                },
                "invoke_arn": {
                    "sensitive": false,
                    "type": "string",
                    "value": "arn:aws:apigateway:us-east-1:lambda:path/2015-03-31/functions/arn:aws:lambda:us-east-1:764218738161:function:hellolinodians_akerl-hellolinodians-config/invocations"
                }
            },
            "resources": {
                "aws_iam_role.lambda": {
                    "type": "aws_iam_role",
                    "depends_on": [
                        "data.aws_iam_policy_document.trust"
                    ],
                    "primary": {
                        "id": "hellolinodians_akerl-hellolinodians-config",
                        "attributes": {
                            "arn": "arn:aws:iam::764218738161:role/hellolinodians_akerl-hellolinodians-config",
                            "assume_role_policy": "{\"Version\":\"2012-10-17\",\"Statement\":[{\"Sid\":\"\",\"Effect\":\"Allow\",\"Principal\":{\"Service\":\"lambda.amazonaws.com\"},\"Action\":\"sts:AssumeRole\"}]}",
                            "create_date": "2019-03-10T13:05:40Z",
                            "description": "",
                            "force_detach_policies": "false",
                            "id": "hellolinodians_akerl-hellolinodians-config",
                            "max_session_duration": "3600",
                            "name": "hellolinodians_akerl-hellolinodians-config",
                            "path": "/",
                            "tags.%": "0",
                            "unique_id": "AROAJHBHXULMFNTDAJXUO"
                        },
                        "meta": {},
                        "tainted": false
                    },
                    "deposed": [],
                    "provider": "provider.aws"
                },
                "aws_iam_role_policy.lambda_perms": {
                    "type": "aws_iam_role_policy",
                    "depends_on": [
                        "aws_iam_role.lambda"
                    ],
                    "primary": {
                        "id": "hellolinodians_akerl-hellolinodians-config:lambda_perms",
                        "attributes": {
                            "id": "hellolinodians_akerl-hellolinodians-config:lambda_perms",
                            "name": "lambda_perms",
                            "policy": "{\n  \"Version\": \"2012-10-17\",\n  \"Statement\": [\n    {\n      \"Sid\": \"\",\n      \"Effect\": \"Allow\",\n      \"Action\": [\n        \"s3:PutObject\",\n        \"s3:ListBucket\",\n        \"s3:GetObject\"\n      ],\n      \"Resource\": [\n        \"arn:aws:s3:::akerl-hellolinodians-config/*\",\n        \"arn:aws:s3:::akerl-hellolinodians-config\"\n      ]\n    },\n    {\n      \"Sid\": \"\",\n      \"Effect\": \"Allow\",\n      \"Action\": [\n        \"logs:PutLogEvents\",\n        \"logs:CreateLogStream\",\n        \"logs:CreateLogGroup\"\n      ],\n      \"Resource\": \"arn:aws:logs:*:*:*\"\n    }\n  ]\n}",
                            "role": "hellolinodians_akerl-hellolinodians-config"
                        },
                        "meta": {},
                        "tainted": false
                    },
                    "deposed": [],
                    "provider": "provider.aws"
                },
                "aws_lambda_function.this": {
                    "type": "aws_lambda_function",
                    "depends_on": [
                        "aws_iam_role.lambda"
                    ],
                    "primary": {
                        "id": "hellolinodians_akerl-hellolinodians-config",
                        "attributes": {
                            "arn": "arn:aws:lambda:us-east-1:764218738161:function:hellolinodians_akerl-hellolinodians-config",
                            "dead_letter_config.#": "0",
                            "description": "",
                            "environment.#": "1",
                            "environment.0.variables.%": "2",
                            "environment.0.variables.S3_BUCKET": "akerl-hellolinodians-config",
                            "environment.0.variables.S3_KEY": "config.yaml",
                            "function_name": "hellolinodians_akerl-hellolinodians-config",
                            "handler": "main",
                            "id": "hellolinodians_akerl-hellolinodians-config",
                            "invoke_arn": "arn:aws:apigateway:us-east-1:lambda:path/2015-03-31/functions/arn:aws:lambda:us-east-1:764218738161:function:hellolinodians_akerl-hellolinodians-config/invocations",
                            "kms_key_arn": "",
                            "last_modified": "2019-03-10T18:57:26.066+0000",
                            "layers.#": "0",
                            "memory_size": "128",
                            "publish": "false",
                            "qualified_arn": "arn:aws:lambda:us-east-1:764218738161:function:hellolinodians_akerl-hellolinodians-config:$LATEST",
                            "reserved_concurrent_executions": "-1",
                            "role": "arn:aws:iam::764218738161:role/hellolinodians_akerl-hellolinodians-config",
                            "runtime": "go1.x",
                            "s3_bucket": "akerl-gohellolinodians",
                            "s3_key": "v0.1.1.zip",
                            "source_code_hash": "6Z2ta+ZAl24OGxE0R9iD4M5cIeFCNzA+Jxqh22jZAoM=",
                            "source_code_size": "8021803",
                            "tags.%": "0",
                            "timeout": "10",
                            "tracing_config.#": "1",
                            "tracing_config.0.mode": "PassThrough",
                            "version": "$LATEST",
                            "vpc_config.#": "0"
                        },
                        "meta": {
                            "e2bfb730-ecaa-11e6-8f88-34363bc7c4c0": {
                                "create": 600000000000
                            }
                        },
                        "tainted": false
                    },
                    "deposed": [],
                    "provider": "provider.aws"
                },
                "aws_lambda_permission.allow_source": {
                    "type": "aws_lambda_permission",
                    "depends_on": [
                        "aws_lambda_function.this"
                    ],
                    "primary": {
                        "id": "AllowExecutionFromEvents",
                        "attributes": {
                            "action": "lambda:InvokeFunction",
                            "function_name": "hellolinodians_akerl-hellolinodians-config",
                            "id": "AllowExecutionFromEvents",
                            "principal": "events.amazonaws.com",
                            "qualifier": "",
                            "source_arn": "arn:aws:events:us-east-1:764218738161:rule/hellolinodians_akerl-hellolinodians-config_cron",
                            "statement_id": "AllowExecutionFromEvents"
                        },
                        "meta": {},
                        "tainted": false
                    },
                    "deposed": [],
                    "provider": "provider.aws"
                },
                "data.aws_iam_policy_document.trust": {
                    "type": "aws_iam_policy_document",
                    "depends_on": [],
                    "primary": {
                        "id": "3693445097",
                        "attributes": {
                            "id": "3693445097",
                            "json": "{\n  \"Version\": \"2012-10-17\",\n  \"Statement\": [\n    {\n      \"Sid\": \"\",\n      \"Effect\": \"Allow\",\n      \"Action\": \"sts:AssumeRole\",\n      \"Principal\": {\n        \"Service\": \"lambda.amazonaws.com\"\n      }\n    }\n  ]\n}",
                            "statement.#": "1",
                            "statement.0.actions.#": "1",
                            "statement.0.actions.2528466339": "sts:AssumeRole",
                            "statement.0.condition.#": "0",
                            "statement.0.effect": "Allow",
                            "statement.0.not_actions.#": "0",
                            "statement.0.not_principals.#": "0",
                            "statement.0.not_resources.#": "0",
                            "statement.0.principals.#": "1",
                            "statement.0.principals.3118762561.identifiers.#": "1",
                            "statement.0.principals.3118762561.identifiers.2638019528": "lambda.amazonaws.com",
                            "statement.0.principals.3118762561.type": "Service",
                            "statement.0.resources.#": "0",
                            "statement.0.sid": "",
                            "version": "2012-10-17"
                        },
                        "meta": {},
                        "tainted": false
                    },
                    "deposed": [],
                    "provider": "provider.aws"
                }
            },
            "depends_on": []
        },
        {
            "path": [
                "root",
                "akerl-hellolinodiansbot",
                "publish-user"
            ],
            "outputs": {
                "publish_bucket": {
                    "sensitive": false,
                    "type": "string",
                    "value": "akerl-hellolinodians-config"
                }
            },
            "resources": {
                "aws_iam_user.this": {
                    "type": "aws_iam_user",
                    "depends_on": [],
                    "primary": {
                        "id": "s3-publish-akerl-hellolinodians-config",
                        "attributes": {
                            "arn": "arn:aws:iam::764218738161:user/s3-publish-akerl-hellolinodians-config",
                            "force_destroy": "false",
                            "id": "s3-publish-akerl-hellolinodians-config",
                            "name": "s3-publish-akerl-hellolinodians-config",
                            "path": "/",
                            "tags.%": "0",
                            "unique_id": "AIDAIYP5Z6UPNNB5LHBOI"
                        },
                        "meta": {},
                        "tainted": false
                    },
                    "deposed": [],
                    "provider": "provider.aws"
                },
                "aws_iam_user_policy.this": {
                    "type": "aws_iam_user_policy",
                    "depends_on": [
                        "aws_iam_user.this",
                        "data.aws_iam_policy_document.this"
                    ],
                    "primary": {
                        "id": "s3-publish-akerl-hellolinodians-config:s3-publish",
                        "attributes": {
                            "id": "s3-publish-akerl-hellolinodians-config:s3-publish",
                            "name": "s3-publish",
                            "policy": "{\n  \"Version\": \"2012-10-17\",\n  \"Statement\": [\n    {\n      \"Sid\": \"\",\n      \"Effect\": \"Allow\",\n      \"Action\": [\n        \"s3:PutObject\",\n        \"s3:ListBucket\",\n        \"s3:ListAllMyBuckets\",\n        \"s3:GetObjectAcl\",\n        \"s3:GetObject\",\n        \"s3:GetBucketLocation\",\n        \"s3:GetBucketAcl\",\n        \"s3:DeleteObject\"\n      ],\n      \"Resource\": [\n        \"arn:aws:s3:::akerl-hellolinodians-config/*\",\n        \"arn:aws:s3:::akerl-hellolinodians-config\"\n      ]\n    }\n  ]\n}",
                            "user": "s3-publish-akerl-hellolinodians-config"
                        },
                        "meta": {},
                        "tainted": false
                    },
                    "deposed": [],
                    "provider": "provider.aws"
                },
                "aws_s3_bucket.this": {
                    "type": "aws_s3_bucket",
                    "depends_on": [],
                    "primary": {
                        "id": "akerl-hellolinodians-config",
                        "attributes": {
                            "acceleration_status": "",
                            "acl": "private",
                            "arn": "arn:aws:s3:::akerl-hellolinodians-config",
                            "bucket": "akerl-hellolinodians-config",
                            "bucket_domain_name": "akerl-hellolinodians-config.s3.amazonaws.com",
                            "bucket_regional_domain_name": "akerl-hellolinodians-config.s3.amazonaws.com",
                            "cors_rule.#": "0",
                            "force_destroy": "false",
                            "hosted_zone_id": "Z3AQBSTGFYJSTF",
                            "id": "akerl-hellolinodians-config",
                            "lifecycle_rule.#": "0",
                            "logging.#": "1",
                            "logging.3140400776.target_bucket": "akerl-s3-logs",
                            "logging.3140400776.target_prefix": "akerl-hellolinodians-config/",
                            "object_lock_configuration.#": "0",
                            "region": "us-east-1",
                            "replication_configuration.#": "0",
                            "request_payer": "BucketOwner",
                            "server_side_encryption_configuration.#": "0",
                            "tags.%": "0",
                            "versioning.#": "1",
                            "versioning.0.enabled": "true",
                            "versioning.0.mfa_delete": "false",
                            "website.#": "0"
                        },
                        "meta": {},
                        "tainted": false
                    },
                    "deposed": [],
                    "provider": "provider.aws"
                },
                "awscreds_iam_access_key.this": {
                    "type": "awscreds_iam_access_key",
                    "depends_on": [
                        "aws_iam_user.this"
                    ],
                    "primary": {
                        "id": "AKIAJVVNNF7HDH3TVAWA",
                        "attributes": {
                            "file": "creds/s3-publish-akerl-hellolinodians-config",
                            "id": "AKIAJVVNNF7HDH3TVAWA",
                            "secret": "",
                            "ses_smtp_password": "",
                            "status": "Active",
                            "user": "s3-publish-akerl-hellolinodians-config"
                        },
                        "meta": {},
                        "tainted": false
                    },
                    "deposed": [],
                    "provider": "provider.awscreds"
                },
                "data.aws_iam_policy_document.this": {
                    "type": "aws_iam_policy_document",
                    "depends_on": [],
                    "primary": {
                        "id": "3357792879",
                        "attributes": {
                            "id": "3357792879",
                            "json": "{\n  \"Version\": \"2012-10-17\",\n  \"Statement\": [\n    {\n      \"Sid\": \"\",\n      \"Effect\": \"Allow\",\n      \"Action\": [\n        \"s3:PutObject\",\n        \"s3:ListBucket\",\n        \"s3:ListAllMyBuckets\",\n        \"s3:GetObjectAcl\",\n        \"s3:GetObject\",\n        \"s3:GetBucketLocation\",\n        \"s3:GetBucketAcl\",\n        \"s3:DeleteObject\"\n      ],\n      \"Resource\": [\n        \"arn:aws:s3:::akerl-hellolinodians-config/*\",\n        \"arn:aws:s3:::akerl-hellolinodians-config\"\n      ]\n    }\n  ]\n}",
                            "statement.#": "1",
                            "statement.0.actions.#": "8",
                            "statement.0.actions.2071725391": "s3:GetObject",
                            "statement.0.actions.2517836488": "s3:GetObjectAcl",
                            "statement.0.actions.3009670498": "s3:DeleteObject",
                            "statement.0.actions.315547055": "s3:PutObject",
                            "statement.0.actions.3948445924": "s3:GetBucketLocation",
                            "statement.0.actions.486976917": "s3:ListBucket",
                            "statement.0.actions.796062918": "s3:ListAllMyBuckets",
                            "statement.0.actions.845481387": "s3:GetBucketAcl",
                            "statement.0.condition.#": "0",
                            "statement.0.effect": "Allow",
                            "statement.0.not_actions.#": "0",
                            "statement.0.not_principals.#": "0",
                            "statement.0.not_resources.#": "0",
                            "statement.0.principals.#": "0",
                            "statement.0.resources.#": "2",
                            "statement.0.resources.3831236875": "arn:aws:s3:::akerl-hellolinodians-config",
                            "statement.0.resources.515815788": "arn:aws:s3:::akerl-hellolinodians-config/*",
                            "statement.0.sid": "",
                            "version": "2012-10-17"
                        },
                        "meta": {},
                        "tainted": false
                    },
                    "deposed": [],
                    "provider": "provider.aws"
                }
            },
            "depends_on": []
        },
        {
            "path": [
                "root",
                "akerl-hf-library",
                "apigw"
            ],
            "outputs": {
                "dns_name": {
                    "sensitive": false,
                    "type": "string",
                    "value": "d2i7ns0mouro3n.cloudfront.net"
                }
            },
            "resources": {
                "aws_api_gateway_base_path_mapping.this": {
                    "type": "aws_api_gateway_base_path_mapping",
                    "depends_on": [
                        "aws_api_gateway_deployment.this",
                        "aws_api_gateway_domain_name.this",
                        "aws_api_gateway_rest_api.this"
                    ],
                    "primary": {
                        "id": "hf.coolquotes.xyz/",
                        "attributes": {
                            "api_id": "n18e5mjr47",
                            "base_path": "",
                            "domain_name": "hf.coolquotes.xyz",
                            "id": "hf.coolquotes.xyz/",
                            "stage_name": "prod"
                        },
                        "meta": {},
                        "tainted": false
                    },
                    "deposed": [],
                    "provider": "provider.aws"
                },
                "aws_api_gateway_deployment.this": {
                    "type": "aws_api_gateway_deployment",
                    "depends_on": [
                        "aws_api_gateway_integration.this",
                        "aws_api_gateway_method.this",
                        "aws_api_gateway_resource.this",
                        "aws_api_gateway_rest_api.this"
                    ],
                    "primary": {
                        "id": "bowqih",
                        "attributes": {
                            "created_date": "2019-03-10T18:58:04Z",
                            "description": "",
                            "execution_arn": "arn:aws:execute-api:us-east-1:764218738161:n18e5mjr47/prod",
                            "id": "bowqih",
                            "invoke_url": "https://n18e5mjr47.execute-api.us-east-1.amazonaws.com/prod",
                            "rest_api_id": "n18e5mjr47",
                            "stage_name": "prod",
                            "variables.%": "1",
                            "variables.bucket": "akerl-hf-library"
                        },
                        "meta": {},
                        "tainted": false
                    },
                    "deposed": [],
                    "provider": "provider.aws"
                },
                "aws_api_gateway_domain_name.this": {
                    "type": "aws_api_gateway_domain_name",
                    "depends_on": [
                        "module.certificate"
                    ],
                    "primary": {
                        "id": "hf.coolquotes.xyz",
                        "attributes": {
                            "certificate_arn": "arn:aws:acm:us-east-1:764218738161:certificate/98551727-a130-4bb4-adf5-52fcc90965c9",
                            "certificate_name": "",
                            "certificate_upload_date": "2019-03-10T20:07:40Z",
                            "cloudfront_domain_name": "d2i7ns0mouro3n.cloudfront.net",
                            "cloudfront_zone_id": "Z2FDTNDATAQYW2",
                            "domain_name": "hf.coolquotes.xyz",
                            "endpoint_configuration.#": "1",
                            "endpoint_configuration.0.types.#": "1",
                            "endpoint_configuration.0.types.0": "EDGE",
                            "id": "hf.coolquotes.xyz",
                            "regional_certificate_arn": "",
                            "regional_certificate_name": "",
                            "regional_domain_name": "",
                            "regional_zone_id": ""
                        },
                        "meta": {},
                        "tainted": false
                    },
                    "deposed": [],
                    "provider": "provider.aws"
                },
                "aws_api_gateway_integration.this": {
                    "type": "aws_api_gateway_integration",
                    "depends_on": [
                        "aws_api_gateway_method.this",
                        "aws_api_gateway_resource.this",
                        "aws_api_gateway_rest_api.this",
                        "module.lambda"
                    ],
                    "primary": {
                        "id": "agi-n18e5mjr47-10ad6o-ANY",
                        "attributes": {
                            "cache_key_parameters.#": "0",
                            "cache_namespace": "10ad6o",
                            "connection_id": "",
                            "connection_type": "INTERNET",
                            "content_handling": "",
                            "credentials": "",
                            "http_method": "ANY",
                            "id": "agi-n18e5mjr47-10ad6o-ANY",
                            "integration_http_method": "POST",
                            "passthrough_behavior": "WHEN_NO_MATCH",
                            "request_parameters.%": "0",
                            "request_templates.%": "0",
                            "resource_id": "10ad6o",
                            "rest_api_id": "n18e5mjr47",
                            "timeout_milliseconds": "29000",
                            "type": "AWS_PROXY",
                            "uri": "arn:aws:apigateway:us-east-1:lambda:path/2015-03-31/functions/arn:aws:lambda:us-east-1:764218738161:function:madlibrarian_akerl-hf-library/invocations"
                        },
                        "meta": {},
                        "tainted": false
                    },
                    "deposed": [],
                    "provider": "provider.aws"
                },
                "aws_api_gateway_method.this": {
                    "type": "aws_api_gateway_method",
                    "depends_on": [
                        "aws_api_gateway_resource.this",
                        "aws_api_gateway_rest_api.this"
                    ],
                    "primary": {
                        "id": "agm-n18e5mjr47-10ad6o-ANY",
                        "attributes": {
                            "api_key_required": "false",
                            "authorization": "NONE",
                            "authorization_scopes.#": "0",
                            "authorizer_id": "",
                            "http_method": "ANY",
                            "id": "agm-n18e5mjr47-10ad6o-ANY",
                            "request_models.%": "0",
                            "request_parameters.%": "0",
                            "request_validator_id": "",
                            "resource_id": "10ad6o",
                            "rest_api_id": "n18e5mjr47"
                        },
                        "meta": {},
                        "tainted": false
                    },
                    "deposed": [],
                    "provider": "provider.aws"
                },
                "aws_api_gateway_method_settings.settings": {
                    "type": "aws_api_gateway_method_settings",
                    "depends_on": [
                        "aws_api_gateway_deployment.this",
                        "aws_api_gateway_rest_api.this"
                    ],
                    "primary": {
                        "id": "n18e5mjr47-prod-*/*",
                        "attributes": {
                            "id": "n18e5mjr47-prod-*/*",
                            "method_path": "*/*",
                            "rest_api_id": "n18e5mjr47",
                            "settings.#": "1",
                            "settings.0.cache_data_encrypted": "false",
                            "settings.0.cache_ttl_in_seconds": "0",
                            "settings.0.caching_enabled": "false",
                            "settings.0.data_trace_enabled": "false",
                            "settings.0.logging_level": "INFO",
                            "settings.0.metrics_enabled": "true",
                            "settings.0.require_authorization_for_cache_control": "false",
                            "settings.0.throttling_burst_limit": "0",
                            "settings.0.throttling_rate_limit": "0",
                            "settings.0.unauthorized_cache_control_header_strategy": "",
                            "stage_name": "prod"
                        },
                        "meta": {},
                        "tainted": false
                    },
                    "deposed": [],
                    "provider": "provider.aws"
                },
                "aws_api_gateway_resource.this": {
                    "type": "aws_api_gateway_resource",
                    "depends_on": [
                        "aws_api_gateway_rest_api.this"
                    ],
                    "primary": {
                        "id": "10ad6o",
                        "attributes": {
                            "id": "10ad6o",
                            "parent_id": "644bt17wee",
                            "path": "/{path+}",
                            "path_part": "{path+}",
                            "rest_api_id": "n18e5mjr47"
                        },
                        "meta": {},
                        "tainted": false
                    },
                    "deposed": [],
                    "provider": "provider.aws"
                },
                "aws_api_gateway_rest_api.this": {
                    "type": "aws_api_gateway_rest_api",
                    "depends_on": [],
                    "primary": {
                        "id": "n18e5mjr47",
                        "attributes": {
                            "api_key_source": "HEADER",
                            "binary_media_types.#": "0",
                            "created_date": "2019-03-10T13:01:48Z",
                            "description": "",
                            "endpoint_configuration.#": "1",
                            "endpoint_configuration.0.types.#": "1",
                            "endpoint_configuration.0.types.0": "EDGE",
                            "execution_arn": "arn:aws:execute-api:us-east-1:764218738161:n18e5mjr47",
                            "id": "n18e5mjr47",
                            "minimum_compression_size": "-1",
                            "name": "madlibrarian_akerl-hf-library",
                            "policy": "",
                            "root_resource_id": "644bt17wee"
                        },
                        "meta": {},
                        "tainted": false
                    },
                    "deposed": [],
                    "provider": "provider.aws"
                },
                "data.aws_caller_identity.current": {
                    "type": "aws_caller_identity",
                    "depends_on": [],
                    "primary": {
                        "id": "2019-03-11 07:47:59.834787 +0000 UTC",
                        "attributes": {
                            "account_id": "764218738161",
                            "arn": "arn:aws:sts::764218738161:assumed-role/admin/akerl-mazer",
                            "id": "2019-03-11 07:47:59.834787 +0000 UTC",
                            "user_id": "AROAJGIBWVRCR3J55QVX6:akerl-mazer"
                        },
                        "meta": {},
                        "tainted": false
                    },
                    "deposed": [],
                    "provider": "provider.aws"
                },
                "data.aws_region.current": {
                    "type": "aws_region",
                    "depends_on": [],
                    "primary": {
                        "id": "us-east-1",
                        "attributes": {
                            "description": "US East (N. Virginia)",
                            "endpoint": "ec2.us-east-1.amazonaws.com",
                            "id": "us-east-1",
                            "name": "us-east-1"
                        },
                        "meta": {},
                        "tainted": false
                    },
                    "deposed": [],
                    "provider": "provider.aws"
                }
            },
            "depends_on": []
        },
        {
            "path": [
                "root",
                "akerl-hf-library",
                "config_user"
            ],
            "outputs": {
                "publish_bucket": {
                    "sensitive": false,
                    "type": "string",
                    "value": "akerl-hf-library-config"
                }
            },
            "resources": {
                "aws_iam_user.this": {
                    "type": "aws_iam_user",
                    "depends_on": [],
                    "primary": {
                        "id": "s3-publish-akerl-hf-library-config",
                        "attributes": {
                            "arn": "arn:aws:iam::764218738161:user/s3-publish-akerl-hf-library-config",
                            "force_destroy": "false",
                            "id": "s3-publish-akerl-hf-library-config",
                            "name": "s3-publish-akerl-hf-library-config",
                            "path": "/",
                            "tags.%": "0",
                            "unique_id": "AIDAIX3J32MSMIIYHN6WG"
                        },
                        "meta": {},
                        "tainted": false
                    },
                    "deposed": [],
                    "provider": "provider.aws"
                },
                "aws_iam_user_policy.this": {
                    "type": "aws_iam_user_policy",
                    "depends_on": [
                        "aws_iam_user.this",
                        "data.aws_iam_policy_document.this"
                    ],
                    "primary": {
                        "id": "s3-publish-akerl-hf-library-config:s3-publish",
                        "attributes": {
                            "id": "s3-publish-akerl-hf-library-config:s3-publish",
                            "name": "s3-publish",
                            "policy": "{\n  \"Version\": \"2012-10-17\",\n  \"Statement\": [\n    {\n      \"Sid\": \"\",\n      \"Effect\": \"Allow\",\n      \"Action\": [\n        \"s3:PutObject\",\n        \"s3:ListBucket\",\n        \"s3:ListAllMyBuckets\",\n        \"s3:GetObjectAcl\",\n        \"s3:GetObject\",\n        \"s3:GetBucketLocation\",\n        \"s3:GetBucketAcl\",\n        \"s3:DeleteObject\"\n      ],\n      \"Resource\": [\n        \"arn:aws:s3:::akerl-hf-library-config/*\",\n        \"arn:aws:s3:::akerl-hf-library-config\"\n      ]\n    }\n  ]\n}",
                            "user": "s3-publish-akerl-hf-library-config"
                        },
                        "meta": {},
                        "tainted": false
                    },
                    "deposed": [],
                    "provider": "provider.aws"
                },
                "aws_s3_bucket.this": {
                    "type": "aws_s3_bucket",
                    "depends_on": [],
                    "primary": {
                        "id": "akerl-hf-library-config",
                        "attributes": {
                            "acceleration_status": "",
                            "acl": "private",
                            "arn": "arn:aws:s3:::akerl-hf-library-config",
                            "bucket": "akerl-hf-library-config",
                            "bucket_domain_name": "akerl-hf-library-config.s3.amazonaws.com",
                            "bucket_regional_domain_name": "akerl-hf-library-config.s3.amazonaws.com",
                            "cors_rule.#": "0",
                            "force_destroy": "false",
                            "hosted_zone_id": "Z3AQBSTGFYJSTF",
                            "id": "akerl-hf-library-config",
                            "lifecycle_rule.#": "0",
                            "logging.#": "1",
                            "logging.3382197237.target_bucket": "akerl-s3-logs",
                            "logging.3382197237.target_prefix": "akerl-hf-library-config/",
                            "object_lock_configuration.#": "0",
                            "region": "us-east-1",
                            "replication_configuration.#": "0",
                            "request_payer": "BucketOwner",
                            "server_side_encryption_configuration.#": "0",
                            "tags.%": "0",
                            "versioning.#": "1",
                            "versioning.0.enabled": "true",
                            "versioning.0.mfa_delete": "false",
                            "website.#": "0"
                        },
                        "meta": {},
                        "tainted": false
                    },
                    "deposed": [],
                    "provider": "provider.aws"
                },
                "awscreds_iam_access_key.this": {
                    "type": "awscreds_iam_access_key",
                    "depends_on": [
                        "aws_iam_user.this"
                    ],
                    "primary": {
                        "id": "AKIAJ4MOBPDIY2V3ZBQA",
                        "attributes": {
                            "file": "creds/s3-publish-akerl-hf-library-config",
                            "id": "AKIAJ4MOBPDIY2V3ZBQA",
                            "secret": "",
                            "ses_smtp_password": "",
                            "status": "Active",
                            "user": "s3-publish-akerl-hf-library-config"
                        },
                        "meta": {},
                        "tainted": false
                    },
                    "deposed": [],
                    "provider": "provider.awscreds"
                },
                "data.aws_iam_policy_document.this": {
                    "type": "aws_iam_policy_document",
                    "depends_on": [],
                    "primary": {
                        "id": "2815185477",
                        "attributes": {
                            "id": "2815185477",
                            "json": "{\n  \"Version\": \"2012-10-17\",\n  \"Statement\": [\n    {\n      \"Sid\": \"\",\n      \"Effect\": \"Allow\",\n      \"Action\": [\n        \"s3:PutObject\",\n        \"s3:ListBucket\",\n        \"s3:ListAllMyBuckets\",\n        \"s3:GetObjectAcl\",\n        \"s3:GetObject\",\n        \"s3:GetBucketLocation\",\n        \"s3:GetBucketAcl\",\n        \"s3:DeleteObject\"\n      ],\n      \"Resource\": [\n        \"arn:aws:s3:::akerl-hf-library-config/*\",\n        \"arn:aws:s3:::akerl-hf-library-config\"\n      ]\n    }\n  ]\n}",
                            "statement.#": "1",
                            "statement.0.actions.#": "8",
                            "statement.0.actions.2071725391": "s3:GetObject",
                            "statement.0.actions.2517836488": "s3:GetObjectAcl",
                            "statement.0.actions.3009670498": "s3:DeleteObject",
                            "statement.0.actions.315547055": "s3:PutObject",
                            "statement.0.actions.3948445924": "s3:GetBucketLocation",
                            "statement.0.actions.486976917": "s3:ListBucket",
                            "statement.0.actions.796062918": "s3:ListAllMyBuckets",
                            "statement.0.actions.845481387": "s3:GetBucketAcl",
                            "statement.0.condition.#": "0",
                            "statement.0.effect": "Allow",
                            "statement.0.not_actions.#": "0",
                            "statement.0.not_principals.#": "0",
                            "statement.0.not_resources.#": "0",
                            "statement.0.principals.#": "0",
                            "statement.0.resources.#": "2",
                            "statement.0.resources.1261111907": "arn:aws:s3:::akerl-hf-library-config/*",
                            "statement.0.resources.3462475524": "arn:aws:s3:::akerl-hf-library-config",
                            "statement.0.sid": "",
                            "version": "2012-10-17"
                        },
                        "meta": {},
                        "tainted": false
                    },
                    "deposed": [],
                    "provider": "provider.aws"
                }
            },
            "depends_on": []
        },
        {
            "path": [
                "root",
                "akerl-hf-library",
                "publish_user"
            ],
            "outputs": {
                "publish_bucket": {
                    "sensitive": false,
                    "type": "string",
                    "value": "akerl-hf-library"
                }
            },
            "resources": {
                "aws_iam_user.this": {
                    "type": "aws_iam_user",
                    "depends_on": [],
                    "primary": {
                        "id": "s3-publish-akerl-hf-library",
                        "attributes": {
                            "arn": "arn:aws:iam::764218738161:user/s3-publish-akerl-hf-library",
                            "force_destroy": "false",
                            "id": "s3-publish-akerl-hf-library",
                            "name": "s3-publish-akerl-hf-library",
                            "path": "/",
                            "tags.%": "0",
                            "unique_id": "AIDAIGE27EMTK426TBJ4E"
                        },
                        "meta": {},
                        "tainted": false
                    },
                    "deposed": [],
                    "provider": "provider.aws"
                },
                "aws_iam_user_policy.this": {
                    "type": "aws_iam_user_policy",
                    "depends_on": [
                        "aws_iam_user.this",
                        "data.aws_iam_policy_document.this"
                    ],
                    "primary": {
                        "id": "s3-publish-akerl-hf-library:s3-publish",
                        "attributes": {
                            "id": "s3-publish-akerl-hf-library:s3-publish",
                            "name": "s3-publish",
                            "policy": "{\n  \"Version\": \"2012-10-17\",\n  \"Statement\": [\n    {\n      \"Sid\": \"\",\n      \"Effect\": \"Allow\",\n      \"Action\": [\n        \"s3:PutObject\",\n        \"s3:ListBucket\",\n        \"s3:ListAllMyBuckets\",\n        \"s3:GetObjectAcl\",\n        \"s3:GetObject\",\n        \"s3:GetBucketLocation\",\n        \"s3:GetBucketAcl\",\n        \"s3:DeleteObject\"\n      ],\n      \"Resource\": [\n        \"arn:aws:s3:::akerl-hf-library/*\",\n        \"arn:aws:s3:::akerl-hf-library\"\n      ]\n    }\n  ]\n}",
                            "user": "s3-publish-akerl-hf-library"
                        },
                        "meta": {},
                        "tainted": false
                    },
                    "deposed": [],
                    "provider": "provider.aws"
                },
                "aws_s3_bucket.this": {
                    "type": "aws_s3_bucket",
                    "depends_on": [],
                    "primary": {
                        "id": "akerl-hf-library",
                        "attributes": {
                            "acceleration_status": "",
                            "acl": "private",
                            "arn": "arn:aws:s3:::akerl-hf-library",
                            "bucket": "akerl-hf-library",
                            "bucket_domain_name": "akerl-hf-library.s3.amazonaws.com",
                            "bucket_regional_domain_name": "akerl-hf-library.s3.amazonaws.com",
                            "cors_rule.#": "0",
                            "force_destroy": "false",
                            "hosted_zone_id": "Z3AQBSTGFYJSTF",
                            "id": "akerl-hf-library",
                            "lifecycle_rule.#": "0",
                            "logging.#": "1",
                            "logging.3443431963.target_bucket": "akerl-s3-logs",
                            "logging.3443431963.target_prefix": "akerl-hf-library/",
                            "object_lock_configuration.#": "0",
                            "region": "us-east-1",
                            "replication_configuration.#": "0",
                            "request_payer": "BucketOwner",
                            "server_side_encryption_configuration.#": "0",
                            "tags.%": "0",
                            "versioning.#": "1",
                            "versioning.0.enabled": "true",
                            "versioning.0.mfa_delete": "false",
                            "website.#": "0"
                        },
                        "meta": {},
                        "tainted": false
                    },
                    "deposed": [],
                    "provider": "provider.aws"
                },
                "awscreds_iam_access_key.this": {
                    "type": "awscreds_iam_access_key",
                    "depends_on": [
                        "aws_iam_user.this"
                    ],
                    "primary": {
                        "id": "AKIAINDC5LXK6JXTG4CA",
                        "attributes": {
                            "file": "creds/s3-publish-akerl-hf-library",
                            "id": "AKIAINDC5LXK6JXTG4CA",
                            "secret": "",
                            "ses_smtp_password": "",
                            "status": "Active",
                            "user": "s3-publish-akerl-hf-library"
                        },
                        "meta": {},
                        "tainted": false
                    },
                    "deposed": [],
                    "provider": "provider.awscreds"
                },
                "data.aws_iam_policy_document.this": {
                    "type": "aws_iam_policy_document",
                    "depends_on": [],
                    "primary": {
                        "id": "3832156387",
                        "attributes": {
                            "id": "3832156387",
                            "json": "{\n  \"Version\": \"2012-10-17\",\n  \"Statement\": [\n    {\n      \"Sid\": \"\",\n      \"Effect\": \"Allow\",\n      \"Action\": [\n        \"s3:PutObject\",\n        \"s3:ListBucket\",\n        \"s3:ListAllMyBuckets\",\n        \"s3:GetObjectAcl\",\n        \"s3:GetObject\",\n        \"s3:GetBucketLocation\",\n        \"s3:GetBucketAcl\",\n        \"s3:DeleteObject\"\n      ],\n      \"Resource\": [\n        \"arn:aws:s3:::akerl-hf-library/*\",\n        \"arn:aws:s3:::akerl-hf-library\"\n      ]\n    }\n  ]\n}",
                            "statement.#": "1",
                            "statement.0.actions.#": "8",
                            "statement.0.actions.2071725391": "s3:GetObject",
                            "statement.0.actions.2517836488": "s3:GetObjectAcl",
                            "statement.0.actions.3009670498": "s3:DeleteObject",
                            "statement.0.actions.315547055": "s3:PutObject",
                            "statement.0.actions.3948445924": "s3:GetBucketLocation",
                            "statement.0.actions.486976917": "s3:ListBucket",
                            "statement.0.actions.796062918": "s3:ListAllMyBuckets",
                            "statement.0.actions.845481387": "s3:GetBucketAcl",
                            "statement.0.condition.#": "0",
                            "statement.0.effect": "Allow",
                            "statement.0.not_actions.#": "0",
                            "statement.0.not_principals.#": "0",
                            "statement.0.not_resources.#": "0",
                            "statement.0.principals.#": "0",
                            "statement.0.resources.#": "2",
                            "statement.0.resources.2626981634": "arn:aws:s3:::akerl-hf-library/*",
                            "statement.0.resources.619046589": "arn:aws:s3:::akerl-hf-library",
                            "statement.0.sid": "",
                            "version": "2012-10-17"
                        },
                        "meta": {},
                        "tainted": false
                    },
                    "deposed": [],
                    "provider": "provider.aws"
                }
            },
            "depends_on": []
        },
        {
            "path": [
                "root",
                "akerl-keys",
                "certificate"
            ],
            "outputs": {
                "arn": {
                    "sensitive": false,
                    "type": "string",
                    "value": "arn:aws:acm:us-east-1:764218738161:certificate/5d019bab-6c33-4073-aa83-3836d74f3ff6"
                }
            },
            "resources": {
                "aws_acm_certificate.this": {
                    "type": "aws_acm_certificate",
                    "depends_on": [
                        "local.common_name",
                        "local.subject_alternative_names"
                    ],
                    "primary": {
                        "id": "arn:aws:acm:us-east-1:764218738161:certificate/5d019bab-6c33-4073-aa83-3836d74f3ff6",
                        "attributes": {
                            "arn": "arn:aws:acm:us-east-1:764218738161:certificate/5d019bab-6c33-4073-aa83-3836d74f3ff6",
                            "domain_name": "id-ed25519.pub",
                            "domain_validation_options.#": "1",
                            "domain_validation_options.0.domain_name": "id-ed25519.pub",
                            "domain_validation_options.0.resource_record_name": "_ee14637e67f6f903f6181a91d5ebf7f6.id-ed25519.pub.",
                            "domain_validation_options.0.resource_record_type": "CNAME",
                            "domain_validation_options.0.resource_record_value": "_07a13843c1c4ae49e83403e1f01c7196.acm-validations.aws.",
                            "id": "arn:aws:acm:us-east-1:764218738161:certificate/5d019bab-6c33-4073-aa83-3836d74f3ff6",
                            "subject_alternative_names.#": "0",
                            "tags.%": "0",
                            "validation_emails.#": "0",
                            "validation_method": "DNS"
                        },
                        "meta": {},
                        "tainted": false
                    },
                    "deposed": [],
                    "provider": "provider.aws"
                },
                "aws_acm_certificate_validation.this": {
                    "type": "aws_acm_certificate_validation",
                    "depends_on": [
                        "aws_acm_certificate.this",
                        "aws_route53_record.validation.*"
                    ],
                    "primary": {
                        "id": "2019-03-10 13:12:16 +0000 UTC",
                        "attributes": {
                            "certificate_arn": "arn:aws:acm:us-east-1:764218738161:certificate/5d019bab-6c33-4073-aa83-3836d74f3ff6",
                            "id": "2019-03-10 13:12:16 +0000 UTC",
                            "validation_record_fqdns.#": "1",
                            "validation_record_fqdns.2504342527": "_ee14637e67f6f903f6181a91d5ebf7f6.id-ed25519.pub"
                        },
                        "meta": {
                            "e2bfb730-ecaa-11e6-8f88-34363bc7c4c0": {
                                "create": 2700000000000
                            }
                        },
                        "tainted": false
                    },
                    "deposed": [],
                    "provider": "provider.aws"
                },
                "aws_route53_record.validation": {
                    "type": "aws_route53_record",
                    "depends_on": [
                        "aws_acm_certificate.this",
                        "data.aws_route53_zone.parent.*"
                    ],
                    "primary": {
                        "id": "Z23K6MA9HYNB2L__ee14637e67f6f903f6181a91d5ebf7f6.id-ed25519.pub._CNAME",
                        "attributes": {
                            "fqdn": "_ee14637e67f6f903f6181a91d5ebf7f6.id-ed25519.pub",
                            "health_check_id": "",
                            "id": "Z23K6MA9HYNB2L__ee14637e67f6f903f6181a91d5ebf7f6.id-ed25519.pub._CNAME",
                            "name": "_ee14637e67f6f903f6181a91d5ebf7f6.id-ed25519.pub",
                            "records.#": "1",
                            "records.3485971062": "_07a13843c1c4ae49e83403e1f01c7196.acm-validations.aws.",
                            "set_identifier": "",
                            "ttl": "60",
                            "type": "CNAME",
                            "zone_id": "Z23K6MA9HYNB2L"
                        },
                        "meta": {
                            "schema_version": "2"
                        },
                        "tainted": false
                    },
                    "deposed": [],
                    "provider": "provider.aws"
                },
                "data.aws_route53_zone.parent": {
                    "type": "aws_route53_zone",
                    "depends_on": [
                        "local.host_to_zone_regex"
                    ],
                    "primary": {
                        "id": "Z23K6MA9HYNB2L",
                        "attributes": {
                            "caller_reference": "2016-09-14T19:18:10.521194709-04:00",
                            "comment": "Managed by Terraform",
                            "id": "Z23K6MA9HYNB2L",
                            "name": "id-ed25519.pub.",
                            "name_servers.#": "4",
                            "name_servers.0": "ns-1242.awsdns-27.org",
                            "name_servers.1": "ns-477.awsdns-59.com",
                            "name_servers.2": "ns-808.awsdns-37.net",
                            "name_servers.3": "ns-1942.awsdns-50.co.uk",
                            "private_zone": "false",
                            "resource_record_set_count": "8",
                            "zone_id": "Z23K6MA9HYNB2L"
                        },
                        "meta": {},
                        "tainted": false
                    },
                    "deposed": [],
                    "provider": "provider.aws"
                }
            },
            "depends_on": []
        },
        {
            "path": [
                "root",
                "akerl-keys",
                "publish_user"
            ],
            "outputs": {
                "publish_bucket": {
                    "sensitive": false,
                    "type": "string",
                    "value": "akerl-keys"
                }
            },
            "resources": {
                "aws_iam_user.this": {
                    "type": "aws_iam_user",
                    "depends_on": [],
                    "primary": {
                        "id": "s3-publish-akerl-keys",
                        "attributes": {
                            "arn": "arn:aws:iam::764218738161:user/s3-publish-akerl-keys",
                            "force_destroy": "false",
                            "id": "s3-publish-akerl-keys",
                            "name": "s3-publish-akerl-keys",
                            "path": "/",
                            "tags.%": "0",
                            "unique_id": "AIDAIZ4LNAJO33RYWCC4C"
                        },
                        "meta": {},
                        "tainted": false
                    },
                    "deposed": [],
                    "provider": "provider.aws"
                },
                "aws_iam_user_policy.this": {
                    "type": "aws_iam_user_policy",
                    "depends_on": [
                        "aws_iam_user.this",
                        "data.aws_iam_policy_document.this"
                    ],
                    "primary": {
                        "id": "s3-publish-akerl-keys:s3-publish",
                        "attributes": {
                            "id": "s3-publish-akerl-keys:s3-publish",
                            "name": "s3-publish",
                            "policy": "{\n  \"Version\": \"2012-10-17\",\n  \"Statement\": [\n    {\n      \"Sid\": \"\",\n      \"Effect\": \"Allow\",\n      \"Action\": [\n        \"s3:PutObject\",\n        \"s3:ListBucket\",\n        \"s3:ListAllMyBuckets\",\n        \"s3:GetObjectAcl\",\n        \"s3:GetObject\",\n        \"s3:GetBucketLocation\",\n        \"s3:GetBucketAcl\",\n        \"s3:DeleteObject\"\n      ],\n      \"Resource\": [\n        \"arn:aws:s3:::akerl-keys/*\",\n        \"arn:aws:s3:::akerl-keys\"\n      ]\n    }\n  ]\n}",
                            "user": "s3-publish-akerl-keys"
                        },
                        "meta": {},
                        "tainted": false
                    },
                    "deposed": [],
                    "provider": "provider.aws"
                },
                "awscreds_iam_access_key.this": {
                    "type": "awscreds_iam_access_key",
                    "depends_on": [
                        "aws_iam_user.this"
                    ],
                    "primary": {
                        "id": "AKIAJMLWXPWMNMFBCWIQ",
                        "attributes": {
                            "file": "creds/s3-publish-akerl-keys",
                            "id": "AKIAJMLWXPWMNMFBCWIQ",
                            "secret": "",
                            "ses_smtp_password": "",
                            "status": "Active",
                            "user": "s3-publish-akerl-keys"
                        },
                        "meta": {},
                        "tainted": false
                    },
                    "deposed": [],
                    "provider": "provider.awscreds"
                },
                "data.aws_iam_policy_document.this": {
                    "type": "aws_iam_policy_document",
                    "depends_on": [],
                    "primary": {
                        "id": "196588158",
                        "attributes": {
                            "id": "196588158",
                            "json": "{\n  \"Version\": \"2012-10-17\",\n  \"Statement\": [\n    {\n      \"Sid\": \"\",\n      \"Effect\": \"Allow\",\n      \"Action\": [\n        \"s3:PutObject\",\n        \"s3:ListBucket\",\n        \"s3:ListAllMyBuckets\",\n        \"s3:GetObjectAcl\",\n        \"s3:GetObject\",\n        \"s3:GetBucketLocation\",\n        \"s3:GetBucketAcl\",\n        \"s3:DeleteObject\"\n      ],\n      \"Resource\": [\n        \"arn:aws:s3:::akerl-keys/*\",\n        \"arn:aws:s3:::akerl-keys\"\n      ]\n    }\n  ]\n}",
                            "statement.#": "1",
                            "statement.0.actions.#": "8",
                            "statement.0.actions.2071725391": "s3:GetObject",
                            "statement.0.actions.2517836488": "s3:GetObjectAcl",
                            "statement.0.actions.3009670498": "s3:DeleteObject",
                            "statement.0.actions.315547055": "s3:PutObject",
                            "statement.0.actions.3948445924": "s3:GetBucketLocation",
                            "statement.0.actions.486976917": "s3:ListBucket",
                            "statement.0.actions.796062918": "s3:ListAllMyBuckets",
                            "statement.0.actions.845481387": "s3:GetBucketAcl",
                            "statement.0.condition.#": "0",
                            "statement.0.effect": "Allow",
                            "statement.0.not_actions.#": "0",
                            "statement.0.not_principals.#": "0",
                            "statement.0.not_resources.#": "0",
                            "statement.0.principals.#": "0",
                            "statement.0.resources.#": "2",
                            "statement.0.resources.101615626": "arn:aws:s3:::akerl-keys/*",
                            "statement.0.resources.4287219471": "arn:aws:s3:::akerl-keys",
                            "statement.0.sid": "",
                            "version": "2012-10-17"
                        },
                        "meta": {},
                        "tainted": false
                    },
                    "deposed": [],
                    "provider": "provider.aws"
                }
            },
            "depends_on": []
        },
        {
            "path": [
                "root",
                "akerl-littlesnitch-rules",
                "certificate"
            ],
            "outputs": {
                "arn": {
                    "sensitive": false,
                    "type": "string",
                    "value": "arn:aws:acm:us-east-1:764218738161:certificate/d66fe224-bc5a-457b-b77d-28c00969a822"
                }
            },
            "resources": {
                "aws_acm_certificate.this": {
                    "type": "aws_acm_certificate",
                    "depends_on": [
                        "local.common_name",
                        "local.subject_alternative_names"
                    ],
                    "primary": {
                        "id": "arn:aws:acm:us-east-1:764218738161:certificate/d66fe224-bc5a-457b-b77d-28c00969a822",
                        "attributes": {
                            "arn": "arn:aws:acm:us-east-1:764218738161:certificate/d66fe224-bc5a-457b-b77d-28c00969a822",
                            "domain_name": "littlesnitch.scrtybybscrty.org",
                            "domain_validation_options.#": "1",
                            "domain_validation_options.0.domain_name": "littlesnitch.scrtybybscrty.org",
                            "domain_validation_options.0.resource_record_name": "_d6f7a43c9d085d53e005fbc44409831a.littlesnitch.scrtybybscrty.org.",
                            "domain_validation_options.0.resource_record_type": "CNAME",
                            "domain_validation_options.0.resource_record_value": "_edc8e9af841cf99370a8283da25f52f4.hkvuiqjoua.acm-validations.aws.",
                            "id": "arn:aws:acm:us-east-1:764218738161:certificate/d66fe224-bc5a-457b-b77d-28c00969a822",
                            "subject_alternative_names.#": "0",
                            "tags.%": "0",
                            "validation_emails.#": "0",
                            "validation_method": "DNS"
                        },
                        "meta": {},
                        "tainted": false
                    },
                    "deposed": [],
                    "provider": "provider.aws"
                },
                "aws_acm_certificate_validation.this": {
                    "type": "aws_acm_certificate_validation",
                    "depends_on": [
                        "aws_acm_certificate.this",
                        "aws_route53_record.validation.*"
                    ],
                    "primary": {
                        "id": "2019-03-10 13:11:03 +0000 UTC",
                        "attributes": {
                            "certificate_arn": "arn:aws:acm:us-east-1:764218738161:certificate/d66fe224-bc5a-457b-b77d-28c00969a822",
                            "id": "2019-03-10 13:11:03 +0000 UTC",
                            "validation_record_fqdns.#": "1",
                            "validation_record_fqdns.1581639105": "_d6f7a43c9d085d53e005fbc44409831a.littlesnitch.scrtybybscrty.org"
                        },
                        "meta": {
                            "e2bfb730-ecaa-11e6-8f88-34363bc7c4c0": {
                                "create": 2700000000000
                            }
                        },
                        "tainted": false
                    },
                    "deposed": [],
                    "provider": "provider.aws"
                },
                "aws_route53_record.validation": {
                    "type": "aws_route53_record",
                    "depends_on": [
                        "aws_acm_certificate.this",
                        "data.aws_route53_zone.parent.*"
                    ],
                    "primary": {
                        "id": "Z11UY811DI2S1K__d6f7a43c9d085d53e005fbc44409831a.littlesnitch.scrtybybscrty.org._CNAME",
                        "attributes": {
                            "fqdn": "_d6f7a43c9d085d53e005fbc44409831a.littlesnitch.scrtybybscrty.org",
                            "health_check_id": "",
                            "id": "Z11UY811DI2S1K__d6f7a43c9d085d53e005fbc44409831a.littlesnitch.scrtybybscrty.org._CNAME",
                            "name": "_d6f7a43c9d085d53e005fbc44409831a.littlesnitch.scrtybybscrty.org",
                            "records.#": "1",
                            "records.3748028283": "_edc8e9af841cf99370a8283da25f52f4.hkvuiqjoua.acm-validations.aws.",
                            "set_identifier": "",
                            "ttl": "60",
                            "type": "CNAME",
                            "zone_id": "Z11UY811DI2S1K"
                        },
                        "meta": {
                            "schema_version": "2"
                        },
                        "tainted": false
                    },
                    "deposed": [],
                    "provider": "provider.aws"
                },
                "data.aws_route53_zone.parent": {
                    "type": "aws_route53_zone",
                    "depends_on": [
                        "local.host_to_zone_regex"
                    ],
                    "primary": {
                        "id": "Z11UY811DI2S1K",
                        "attributes": {
                            "caller_reference": "2016-09-14T19:18:10.523044235-04:00",
                            "comment": "Managed by Terraform",
                            "id": "Z11UY811DI2S1K",
                            "name": "scrtybybscrty.org.",
                            "name_servers.#": "4",
                            "name_servers.0": "ns-1242.awsdns-27.org",
                            "name_servers.1": "ns-477.awsdns-59.com",
                            "name_servers.2": "ns-808.awsdns-37.net",
                            "name_servers.3": "ns-1942.awsdns-50.co.uk",
                            "private_zone": "false",
                            "resource_record_set_count": "20",
                            "zone_id": "Z11UY811DI2S1K"
                        },
                        "meta": {},
                        "tainted": false
                    },
                    "deposed": [],
                    "provider": "provider.aws"
                }
            },
            "depends_on": []
        },
        {
            "path": [
                "root",
                "akerl-littlesnitch-rules",
                "publish_user"
            ],
            "outputs": {
                "publish_bucket": {
                    "sensitive": false,
                    "type": "string",
                    "value": "akerl-littlesnitch-rules"
                }
            },
            "resources": {
                "aws_iam_user.this": {
                    "type": "aws_iam_user",
                    "depends_on": [],
                    "primary": {
                        "id": "s3-publish-akerl-littlesnitch-rules",
                        "attributes": {
                            "arn": "arn:aws:iam::764218738161:user/s3-publish-akerl-littlesnitch-rules",
                            "force_destroy": "false",
                            "id": "s3-publish-akerl-littlesnitch-rules",
                            "name": "s3-publish-akerl-littlesnitch-rules",
                            "path": "/",
                            "tags.%": "0",
                            "unique_id": "AIDAJAT2CRMGGGLOEMRKI"
                        },
                        "meta": {},
                        "tainted": false
                    },
                    "deposed": [],
                    "provider": "provider.aws"
                },
                "aws_iam_user_policy.this": {
                    "type": "aws_iam_user_policy",
                    "depends_on": [
                        "aws_iam_user.this",
                        "data.aws_iam_policy_document.this"
                    ],
                    "primary": {
                        "id": "s3-publish-akerl-littlesnitch-rules:s3-publish",
                        "attributes": {
                            "id": "s3-publish-akerl-littlesnitch-rules:s3-publish",
                            "name": "s3-publish",
                            "policy": "{\n  \"Version\": \"2012-10-17\",\n  \"Statement\": [\n    {\n      \"Sid\": \"\",\n      \"Effect\": \"Allow\",\n      \"Action\": [\n        \"s3:PutObject\",\n        \"s3:ListBucket\",\n        \"s3:ListAllMyBuckets\",\n        \"s3:GetObjectAcl\",\n        \"s3:GetObject\",\n        \"s3:GetBucketLocation\",\n        \"s3:GetBucketAcl\",\n        \"s3:DeleteObject\"\n      ],\n      \"Resource\": [\n        \"arn:aws:s3:::akerl-littlesnitch-rules/*\",\n        \"arn:aws:s3:::akerl-littlesnitch-rules\"\n      ]\n    }\n  ]\n}",
                            "user": "s3-publish-akerl-littlesnitch-rules"
                        },
                        "meta": {},
                        "tainted": false
                    },
                    "deposed": [],
                    "provider": "provider.aws"
                },
                "awscreds_iam_access_key.this": {
                    "type": "awscreds_iam_access_key",
                    "depends_on": [
                        "aws_iam_user.this"
                    ],
                    "primary": {
                        "id": "AKIAJ5ERHB6725C5ASRQ",
                        "attributes": {
                            "file": "creds/s3-publish-akerl-littlesnitch-rules",
                            "id": "AKIAJ5ERHB6725C5ASRQ",
                            "secret": "",
                            "ses_smtp_password": "",
                            "status": "Active",
                            "user": "s3-publish-akerl-littlesnitch-rules"
                        },
                        "meta": {},
                        "tainted": false
                    },
                    "deposed": [],
                    "provider": "provider.awscreds"
                },
                "data.aws_iam_policy_document.this": {
                    "type": "aws_iam_policy_document",
                    "depends_on": [],
                    "primary": {
                        "id": "796428069",
                        "attributes": {
                            "id": "796428069",
                            "json": "{\n  \"Version\": \"2012-10-17\",\n  \"Statement\": [\n    {\n      \"Sid\": \"\",\n      \"Effect\": \"Allow\",\n      \"Action\": [\n        \"s3:PutObject\",\n        \"s3:ListBucket\",\n        \"s3:ListAllMyBuckets\",\n        \"s3:GetObjectAcl\",\n        \"s3:GetObject\",\n        \"s3:GetBucketLocation\",\n        \"s3:GetBucketAcl\",\n        \"s3:DeleteObject\"\n      ],\n      \"Resource\": [\n        \"arn:aws:s3:::akerl-littlesnitch-rules/*\",\n        \"arn:aws:s3:::akerl-littlesnitch-rules\"\n      ]\n    }\n  ]\n}",
                            "statement.#": "1",
                            "statement.0.actions.#": "8",
                            "statement.0.actions.2071725391": "s3:GetObject",
                            "statement.0.actions.2517836488": "s3:GetObjectAcl",
                            "statement.0.actions.3009670498": "s3:DeleteObject",
                            "statement.0.actions.315547055": "s3:PutObject",
                            "statement.0.actions.3948445924": "s3:GetBucketLocation",
                            "statement.0.actions.486976917": "s3:ListBucket",
                            "statement.0.actions.796062918": "s3:ListAllMyBuckets",
                            "statement.0.actions.845481387": "s3:GetBucketAcl",
                            "statement.0.condition.#": "0",
                            "statement.0.effect": "Allow",
                            "statement.0.not_actions.#": "0",
                            "statement.0.not_principals.#": "0",
                            "statement.0.not_resources.#": "0",
                            "statement.0.principals.#": "0",
                            "statement.0.resources.#": "2",
                            "statement.0.resources.1147232730": "arn:aws:s3:::akerl-littlesnitch-rules/*",
                            "statement.0.resources.2202609504": "arn:aws:s3:::akerl-littlesnitch-rules",
                            "statement.0.sid": "",
                            "version": "2012-10-17"
                        },
                        "meta": {},
                        "tainted": false
                    },
                    "deposed": [],
                    "provider": "provider.aws"
                }
            },
            "depends_on": []
        },
        {
            "path": [
                "root",
                "akerl-private-auth",
                "apigw"
            ],
            "outputs": {
                "dns_name": {
                    "sensitive": false,
                    "type": "string",
                    "value": "d62jwfzckrglk.cloudfront.net"
                }
            },
            "resources": {
                "aws_api_gateway_base_path_mapping.this": {
                    "type": "aws_api_gateway_base_path_mapping",
                    "depends_on": [
                        "aws_api_gateway_deployment.this",
                        "aws_api_gateway_domain_name.this",
                        "aws_api_gateway_rest_api.this"
                    ],
                    "primary": {
                        "id": "auth.scrtybybscrty.org/",
                        "attributes": {
                            "api_id": "4xnfyez9g1",
                            "base_path": "",
                            "domain_name": "auth.scrtybybscrty.org",
                            "id": "auth.scrtybybscrty.org/",
                            "stage_name": "prod"
                        },
                        "meta": {},
                        "tainted": false
                    },
                    "deposed": [],
                    "provider": "provider.aws"
                },
                "aws_api_gateway_deployment.this": {
                    "type": "aws_api_gateway_deployment",
                    "depends_on": [
                        "aws_api_gateway_integration.this",
                        "aws_api_gateway_method.this",
                        "aws_api_gateway_resource.this",
                        "aws_api_gateway_rest_api.this"
                    ],
                    "primary": {
                        "id": "wwhe9j",
                        "attributes": {
                            "created_date": "2019-03-10T18:57:29Z",
                            "description": "",
                            "execution_arn": "arn:aws:execute-api:us-east-1:764218738161:4xnfyez9g1/prod",
                            "id": "wwhe9j",
                            "invoke_url": "https://4xnfyez9g1.execute-api.us-east-1.amazonaws.com/prod",
                            "rest_api_id": "4xnfyez9g1",
                            "stage_name": "prod"
                        },
                        "meta": {},
                        "tainted": false
                    },
                    "deposed": [],
                    "provider": "provider.aws"
                },
                "aws_api_gateway_domain_name.this": {
                    "type": "aws_api_gateway_domain_name",
                    "depends_on": [
                        "module.certificate"
                    ],
                    "primary": {
                        "id": "auth.scrtybybscrty.org",
                        "attributes": {
                            "certificate_arn": "arn:aws:acm:us-east-1:764218738161:certificate/30ceb698-c24b-4d97-90f9-5b62caa50c13",
                            "certificate_name": "",
                            "certificate_upload_date": "2019-03-10T13:12:25Z",
                            "cloudfront_domain_name": "d62jwfzckrglk.cloudfront.net",
                            "cloudfront_zone_id": "Z2FDTNDATAQYW2",
                            "domain_name": "auth.scrtybybscrty.org",
                            "endpoint_configuration.#": "1",
                            "endpoint_configuration.0.types.#": "1",
                            "endpoint_configuration.0.types.0": "EDGE",
                            "id": "auth.scrtybybscrty.org",
                            "regional_certificate_arn": "",
                            "regional_certificate_name": "",
                            "regional_domain_name": "",
                            "regional_zone_id": ""
                        },
                        "meta": {},
                        "tainted": false
                    },
                    "deposed": [],
                    "provider": "provider.aws"
                },
                "aws_api_gateway_integration.this": {
                    "type": "aws_api_gateway_integration",
                    "depends_on": [
                        "aws_api_gateway_method.this",
                        "aws_api_gateway_resource.this",
                        "aws_api_gateway_rest_api.this",
                        "module.lambda"
                    ],
                    "primary": {
                        "id": "agi-4xnfyez9g1-f9l5ok-ANY",
                        "attributes": {
                            "cache_key_parameters.#": "0",
                            "cache_namespace": "f9l5ok",
                            "connection_id": "",
                            "connection_type": "INTERNET",
                            "content_handling": "",
                            "credentials": "",
                            "http_method": "ANY",
                            "id": "agi-4xnfyez9g1-f9l5ok-ANY",
                            "integration_http_method": "POST",
                            "passthrough_behavior": "WHEN_NO_MATCH",
                            "request_parameters.%": "0",
                            "request_templates.%": "0",
                            "resource_id": "f9l5ok",
                            "rest_api_id": "4xnfyez9g1",
                            "timeout_milliseconds": "29000",
                            "type": "AWS_PROXY",
                            "uri": "arn:aws:apigateway:us-east-1:lambda:path/2015-03-31/functions/arn:aws:lambda:us-east-1:764218738161:function:githubauth-akerl-private-auth/invocations"
                        },
                        "meta": {},
                        "tainted": false
                    },
                    "deposed": [],
                    "provider": "provider.aws"
                },
                "aws_api_gateway_method.this": {
                    "type": "aws_api_gateway_method",
                    "depends_on": [
                        "aws_api_gateway_resource.this",
                        "aws_api_gateway_rest_api.this"
                    ],
                    "primary": {
                        "id": "agm-4xnfyez9g1-f9l5ok-ANY",
                        "attributes": {
                            "api_key_required": "false",
                            "authorization": "NONE",
                            "authorization_scopes.#": "0",
                            "authorizer_id": "",
                            "http_method": "ANY",
                            "id": "agm-4xnfyez9g1-f9l5ok-ANY",
                            "request_models.%": "0",
                            "request_parameters.%": "0",
                            "request_validator_id": "",
                            "resource_id": "f9l5ok",
                            "rest_api_id": "4xnfyez9g1"
                        },
                        "meta": {},
                        "tainted": false
                    },
                    "deposed": [],
                    "provider": "provider.aws"
                },
                "aws_api_gateway_method_settings.settings": {
                    "type": "aws_api_gateway_method_settings",
                    "depends_on": [
                        "aws_api_gateway_deployment.this",
                        "aws_api_gateway_rest_api.this"
                    ],
                    "primary": {
                        "id": "4xnfyez9g1-prod-*/*",
                        "attributes": {
                            "id": "4xnfyez9g1-prod-*/*",
                            "method_path": "*/*",
                            "rest_api_id": "4xnfyez9g1",
                            "settings.#": "1",
                            "settings.0.cache_data_encrypted": "false",
                            "settings.0.cache_ttl_in_seconds": "0",
                            "settings.0.caching_enabled": "false",
                            "settings.0.data_trace_enabled": "false",
                            "settings.0.logging_level": "INFO",
                            "settings.0.metrics_enabled": "true",
                            "settings.0.require_authorization_for_cache_control": "false",
                            "settings.0.throttling_burst_limit": "0",
                            "settings.0.throttling_rate_limit": "0",
                            "settings.0.unauthorized_cache_control_header_strategy": "",
                            "stage_name": "prod"
                        },
                        "meta": {},
                        "tainted": false
                    },
                    "deposed": [],
                    "provider": "provider.aws"
                },
                "aws_api_gateway_resource.this": {
                    "type": "aws_api_gateway_resource",
                    "depends_on": [
                        "aws_api_gateway_rest_api.this"
                    ],
                    "primary": {
                        "id": "f9l5ok",
                        "attributes": {
                            "id": "f9l5ok",
                            "parent_id": "0jjuo2v2yl",
                            "path": "/{path+}",
                            "path_part": "{path+}",
                            "rest_api_id": "4xnfyez9g1"
                        },
                        "meta": {},
                        "tainted": false
                    },
                    "deposed": [],
                    "provider": "provider.aws"
                },
                "aws_api_gateway_rest_api.this": {
                    "type": "aws_api_gateway_rest_api",
                    "depends_on": [],
                    "primary": {
                        "id": "4xnfyez9g1",
                        "attributes": {
                            "api_key_source": "HEADER",
                            "binary_media_types.#": "0",
                            "created_date": "2019-03-10T13:05:31Z",
                            "description": "",
                            "endpoint_configuration.#": "1",
                            "endpoint_configuration.0.types.#": "1",
                            "endpoint_configuration.0.types.0": "EDGE",
                            "execution_arn": "arn:aws:execute-api:us-east-1:764218738161:4xnfyez9g1",
                            "id": "4xnfyez9g1",
                            "minimum_compression_size": "-1",
                            "name": "githubauth-akerl-private-auth",
                            "policy": "",
                            "root_resource_id": "0jjuo2v2yl"
                        },
                        "meta": {},
                        "tainted": false
                    },
                    "deposed": [],
                    "provider": "provider.aws"
                },
                "data.aws_caller_identity.current": {
                    "type": "aws_caller_identity",
                    "depends_on": [],
                    "primary": {
                        "id": "2019-03-11 07:48:08.375389 +0000 UTC",
                        "attributes": {
                            "account_id": "764218738161",
                            "arn": "arn:aws:sts::764218738161:assumed-role/admin/akerl-mazer",
                            "id": "2019-03-11 07:48:08.375389 +0000 UTC",
                            "user_id": "AROAJGIBWVRCR3J55QVX6:akerl-mazer"
                        },
                        "meta": {},
                        "tainted": false
                    },
                    "deposed": [],
                    "provider": "provider.aws"
                },
                "data.aws_region.current": {
                    "type": "aws_region",
                    "depends_on": [],
                    "primary": {
                        "id": "us-east-1",
                        "attributes": {
                            "description": "US East (N. Virginia)",
                            "endpoint": "ec2.us-east-1.amazonaws.com",
                            "id": "us-east-1",
                            "name": "us-east-1"
                        },
                        "meta": {},
                        "tainted": false
                    },
                    "deposed": [],
                    "provider": "provider.aws"
                }
            },
            "depends_on": []
        },
        {
            "path": [
                "root",
                "akerl-private-auth",
                "publish-user"
            ],
            "outputs": {
                "publish_bucket": {
                    "sensitive": false,
                    "type": "string",
                    "value": "akerl-private-auth"
                }
            },
            "resources": {
                "aws_iam_user.this": {
                    "type": "aws_iam_user",
                    "depends_on": [],
                    "primary": {
                        "id": "s3-publish-akerl-private-auth",
                        "attributes": {
                            "arn": "arn:aws:iam::764218738161:user/s3-publish-akerl-private-auth",
                            "force_destroy": "false",
                            "id": "s3-publish-akerl-private-auth",
                            "name": "s3-publish-akerl-private-auth",
                            "path": "/",
                            "tags.%": "0",
                            "unique_id": "AIDAJ7GWYQ6DIWH46CJ6U"
                        },
                        "meta": {},
                        "tainted": false
                    },
                    "deposed": [],
                    "provider": "provider.aws"
                },
                "aws_iam_user_policy.this": {
                    "type": "aws_iam_user_policy",
                    "depends_on": [
                        "aws_iam_user.this",
                        "data.aws_iam_policy_document.this"
                    ],
                    "primary": {
                        "id": "s3-publish-akerl-private-auth:s3-publish",
                        "attributes": {
                            "id": "s3-publish-akerl-private-auth:s3-publish",
                            "name": "s3-publish",
                            "policy": "{\n  \"Version\": \"2012-10-17\",\n  \"Statement\": [\n    {\n      \"Sid\": \"\",\n      \"Effect\": \"Allow\",\n      \"Action\": [\n        \"s3:PutObject\",\n        \"s3:ListBucket\",\n        \"s3:ListAllMyBuckets\",\n        \"s3:GetObjectAcl\",\n        \"s3:GetObject\",\n        \"s3:GetBucketLocation\",\n        \"s3:GetBucketAcl\",\n        \"s3:DeleteObject\"\n      ],\n      \"Resource\": [\n        \"arn:aws:s3:::akerl-private-auth/*\",\n        \"arn:aws:s3:::akerl-private-auth\"\n      ]\n    }\n  ]\n}",
                            "user": "s3-publish-akerl-private-auth"
                        },
                        "meta": {},
                        "tainted": false
                    },
                    "deposed": [],
                    "provider": "provider.aws"
                },
                "aws_s3_bucket.this": {
                    "type": "aws_s3_bucket",
                    "depends_on": [],
                    "primary": {
                        "id": "akerl-private-auth",
                        "attributes": {
                            "acceleration_status": "",
                            "acl": "private",
                            "arn": "arn:aws:s3:::akerl-private-auth",
                            "bucket": "akerl-private-auth",
                            "bucket_domain_name": "akerl-private-auth.s3.amazonaws.com",
                            "bucket_regional_domain_name": "akerl-private-auth.s3.amazonaws.com",
                            "cors_rule.#": "0",
                            "force_destroy": "false",
                            "hosted_zone_id": "Z3AQBSTGFYJSTF",
                            "id": "akerl-private-auth",
                            "lifecycle_rule.#": "0",
                            "logging.#": "1",
                            "logging.3802722883.target_bucket": "akerl-s3-logs",
                            "logging.3802722883.target_prefix": "akerl-private-auth/",
                            "object_lock_configuration.#": "0",
                            "region": "us-east-1",
                            "replication_configuration.#": "0",
                            "request_payer": "BucketOwner",
                            "server_side_encryption_configuration.#": "0",
                            "tags.%": "0",
                            "versioning.#": "1",
                            "versioning.0.enabled": "true",
                            "versioning.0.mfa_delete": "false",
                            "website.#": "0"
                        },
                        "meta": {},
                        "tainted": false
                    },
                    "deposed": [],
                    "provider": "provider.aws"
                },
                "awscreds_iam_access_key.this": {
                    "type": "awscreds_iam_access_key",
                    "depends_on": [
                        "aws_iam_user.this"
                    ],
                    "primary": {
                        "id": "AKIAIA6RGH7TJB7UVT3A",
                        "attributes": {
                            "file": "creds/s3-publish-akerl-private-auth",
                            "id": "AKIAIA6RGH7TJB7UVT3A",
                            "secret": "",
                            "ses_smtp_password": "",
                            "status": "Active",
                            "user": "s3-publish-akerl-private-auth"
                        },
                        "meta": {},
                        "tainted": false
                    },
                    "deposed": [],
                    "provider": "provider.awscreds"
                },
                "data.aws_iam_policy_document.this": {
                    "type": "aws_iam_policy_document",
                    "depends_on": [],
                    "primary": {
                        "id": "1352655843",
                        "attributes": {
                            "id": "1352655843",
                            "json": "{\n  \"Version\": \"2012-10-17\",\n  \"Statement\": [\n    {\n      \"Sid\": \"\",\n      \"Effect\": \"Allow\",\n      \"Action\": [\n        \"s3:PutObject\",\n        \"s3:ListBucket\",\n        \"s3:ListAllMyBuckets\",\n        \"s3:GetObjectAcl\",\n        \"s3:GetObject\",\n        \"s3:GetBucketLocation\",\n        \"s3:GetBucketAcl\",\n        \"s3:DeleteObject\"\n      ],\n      \"Resource\": [\n        \"arn:aws:s3:::akerl-private-auth/*\",\n        \"arn:aws:s3:::akerl-private-auth\"\n      ]\n    }\n  ]\n}",
                            "statement.#": "1",
                            "statement.0.actions.#": "8",
                            "statement.0.actions.2071725391": "s3:GetObject",
                            "statement.0.actions.2517836488": "s3:GetObjectAcl",
                            "statement.0.actions.3009670498": "s3:DeleteObject",
                            "statement.0.actions.315547055": "s3:PutObject",
                            "statement.0.actions.3948445924": "s3:GetBucketLocation",
                            "statement.0.actions.486976917": "s3:ListBucket",
                            "statement.0.actions.796062918": "s3:ListAllMyBuckets",
                            "statement.0.actions.845481387": "s3:GetBucketAcl",
                            "statement.0.condition.#": "0",
                            "statement.0.effect": "Allow",
                            "statement.0.not_actions.#": "0",
                            "statement.0.not_principals.#": "0",
                            "statement.0.not_resources.#": "0",
                            "statement.0.principals.#": "0",
                            "statement.0.resources.#": "2",
                            "statement.0.resources.1061952421": "arn:aws:s3:::akerl-private-auth",
                            "statement.0.resources.3716383315": "arn:aws:s3:::akerl-private-auth/*",
                            "statement.0.sid": "",
                            "version": "2012-10-17"
                        },
                        "meta": {},
                        "tainted": false
                    },
                    "deposed": [],
                    "provider": "provider.aws"
                }
            },
            "depends_on": []
        },
        {
            "path": [
                "root",
                "akerl-private-files",
                "apigw"
            ],
            "outputs": {
                "dns_name": {
                    "sensitive": false,
                    "type": "string",
                    "value": "dlo0riio86e63.cloudfront.net"
                }
            },
            "resources": {
                "aws_api_gateway_base_path_mapping.this": {
                    "type": "aws_api_gateway_base_path_mapping",
                    "depends_on": [
                        "aws_api_gateway_deployment.this",
                        "aws_api_gateway_domain_name.this",
                        "aws_api_gateway_rest_api.this"
                    ],
                    "primary": {
                        "id": "files.scrtybybscrty.org/",
                        "attributes": {
                            "api_id": "8ch9kw2mi6",
                            "base_path": "",
                            "domain_name": "files.scrtybybscrty.org",
                            "id": "files.scrtybybscrty.org/",
                            "stage_name": "prod"
                        },
                        "meta": {},
                        "tainted": false
                    },
                    "deposed": [],
                    "provider": "provider.aws"
                },
                "aws_api_gateway_deployment.this": {
                    "type": "aws_api_gateway_deployment",
                    "depends_on": [
                        "aws_api_gateway_integration.this",
                        "aws_api_gateway_method.this",
                        "aws_api_gateway_resource.this",
                        "aws_api_gateway_rest_api.this"
                    ],
                    "primary": {
                        "id": "mq0vyl",
                        "attributes": {
                            "created_date": "2019-03-10T18:57:29Z",
                            "description": "",
                            "execution_arn": "arn:aws:execute-api:us-east-1:764218738161:8ch9kw2mi6/prod",
                            "id": "mq0vyl",
                            "invoke_url": "https://8ch9kw2mi6.execute-api.us-east-1.amazonaws.com/prod",
                            "rest_api_id": "8ch9kw2mi6",
                            "stage_name": "prod",
                            "variables.%": "1",
                            "variables.bucket": "akerl-private-files"
                        },
                        "meta": {},
                        "tainted": false
                    },
                    "deposed": [],
                    "provider": "provider.aws"
                },
                "aws_api_gateway_domain_name.this": {
                    "type": "aws_api_gateway_domain_name",
                    "depends_on": [
                        "module.certificate"
                    ],
                    "primary": {
                        "id": "files.scrtybybscrty.org",
                        "attributes": {
                            "certificate_arn": "arn:aws:acm:us-east-1:764218738161:certificate/d06fcfaf-7f0a-499c-b300-9e973cf3ad1e",
                            "certificate_name": "",
                            "certificate_upload_date": "2019-03-10T20:05:58Z",
                            "cloudfront_domain_name": "dlo0riio86e63.cloudfront.net",
                            "cloudfront_zone_id": "Z2FDTNDATAQYW2",
                            "domain_name": "files.scrtybybscrty.org",
                            "endpoint_configuration.#": "1",
                            "endpoint_configuration.0.types.#": "1",
                            "endpoint_configuration.0.types.0": "EDGE",
                            "id": "files.scrtybybscrty.org",
                            "regional_certificate_arn": "",
                            "regional_certificate_name": "",
                            "regional_domain_name": "",
                            "regional_zone_id": ""
                        },
                        "meta": {},
                        "tainted": false
                    },
                    "deposed": [],
                    "provider": "provider.aws"
                },
                "aws_api_gateway_integration.this": {
                    "type": "aws_api_gateway_integration",
                    "depends_on": [
                        "aws_api_gateway_method.this",
                        "aws_api_gateway_resource.this",
                        "aws_api_gateway_rest_api.this",
                        "module.lambda"
                    ],
                    "primary": {
                        "id": "agi-8ch9kw2mi6-5xwrlv-ANY",
                        "attributes": {
                            "cache_key_parameters.#": "0",
                            "cache_namespace": "5xwrlv",
                            "connection_id": "",
                            "connection_type": "INTERNET",
                            "content_handling": "",
                            "credentials": "",
                            "http_method": "ANY",
                            "id": "agi-8ch9kw2mi6-5xwrlv-ANY",
                            "integration_http_method": "POST",
                            "passthrough_behavior": "WHEN_NO_MATCH",
                            "request_parameters.%": "0",
                            "request_templates.%": "0",
                            "resource_id": "5xwrlv",
                            "rest_api_id": "8ch9kw2mi6",
                            "timeout_milliseconds": "29000",
                            "type": "AWS_PROXY",
                            "uri": "arn:aws:apigateway:us-east-1:lambda:path/2015-03-31/functions/arn:aws:lambda:us-east-1:764218738161:function:s3authproxy_akerl-private-files-config/invocations"
                        },
                        "meta": {},
                        "tainted": false
                    },
                    "deposed": [],
                    "provider": "provider.aws"
                },
                "aws_api_gateway_method.this": {
                    "type": "aws_api_gateway_method",
                    "depends_on": [
                        "aws_api_gateway_resource.this",
                        "aws_api_gateway_rest_api.this"
                    ],
                    "primary": {
                        "id": "agm-8ch9kw2mi6-5xwrlv-ANY",
                        "attributes": {
                            "api_key_required": "false",
                            "authorization": "NONE",
                            "authorization_scopes.#": "0",
                            "authorizer_id": "",
                            "http_method": "ANY",
                            "id": "agm-8ch9kw2mi6-5xwrlv-ANY",
                            "request_models.%": "0",
                            "request_parameters.%": "0",
                            "request_validator_id": "",
                            "resource_id": "5xwrlv",
                            "rest_api_id": "8ch9kw2mi6"
                        },
                        "meta": {},
                        "tainted": false
                    },
                    "deposed": [],
                    "provider": "provider.aws"
                },
                "aws_api_gateway_method_settings.settings": {
                    "type": "aws_api_gateway_method_settings",
                    "depends_on": [
                        "aws_api_gateway_deployment.this",
                        "aws_api_gateway_rest_api.this"
                    ],
                    "primary": {
                        "id": "8ch9kw2mi6-prod-*/*",
                        "attributes": {
                            "id": "8ch9kw2mi6-prod-*/*",
                            "method_path": "*/*",
                            "rest_api_id": "8ch9kw2mi6",
                            "settings.#": "1",
                            "settings.0.cache_data_encrypted": "false",
                            "settings.0.cache_ttl_in_seconds": "0",
                            "settings.0.caching_enabled": "false",
                            "settings.0.data_trace_enabled": "false",
                            "settings.0.logging_level": "INFO",
                            "settings.0.metrics_enabled": "true",
                            "settings.0.require_authorization_for_cache_control": "false",
                            "settings.0.throttling_burst_limit": "0",
                            "settings.0.throttling_rate_limit": "0",
                            "settings.0.unauthorized_cache_control_header_strategy": "",
                            "stage_name": "prod"
                        },
                        "meta": {},
                        "tainted": false
                    },
                    "deposed": [],
                    "provider": "provider.aws"
                },
                "aws_api_gateway_resource.this": {
                    "type": "aws_api_gateway_resource",
                    "depends_on": [
                        "aws_api_gateway_rest_api.this"
                    ],
                    "primary": {
                        "id": "5xwrlv",
                        "attributes": {
                            "id": "5xwrlv",
                            "parent_id": "a1caa6jjx4",
                            "path": "/{path+}",
                            "path_part": "{path+}",
                            "rest_api_id": "8ch9kw2mi6"
                        },
                        "meta": {},
                        "tainted": false
                    },
                    "deposed": [],
                    "provider": "provider.aws"
                },
                "aws_api_gateway_rest_api.this": {
                    "type": "aws_api_gateway_rest_api",
                    "depends_on": [],
                    "primary": {
                        "id": "8ch9kw2mi6",
                        "attributes": {
                            "api_key_source": "HEADER",
                            "binary_media_types.#": "0",
                            "created_date": "2019-03-10T13:06:23Z",
                            "description": "",
                            "endpoint_configuration.#": "1",
                            "endpoint_configuration.0.types.#": "1",
                            "endpoint_configuration.0.types.0": "EDGE",
                            "execution_arn": "arn:aws:execute-api:us-east-1:764218738161:8ch9kw2mi6",
                            "id": "8ch9kw2mi6",
                            "minimum_compression_size": "-1",
                            "name": "s3authproxy_akerl-private-files-config",
                            "policy": "",
                            "root_resource_id": "a1caa6jjx4"
                        },
                        "meta": {},
                        "tainted": false
                    },
                    "deposed": [],
                    "provider": "provider.aws"
                },
                "data.aws_caller_identity.current": {
                    "type": "aws_caller_identity",
                    "depends_on": [],
                    "primary": {
                        "id": "2019-03-11 07:47:58.494389 +0000 UTC",
                        "attributes": {
                            "account_id": "764218738161",
                            "arn": "arn:aws:sts::764218738161:assumed-role/admin/akerl-mazer",
                            "id": "2019-03-11 07:47:58.494389 +0000 UTC",
                            "user_id": "AROAJGIBWVRCR3J55QVX6:akerl-mazer"
                        },
                        "meta": {},
                        "tainted": false
                    },
                    "deposed": [],
                    "provider": "provider.aws"
                },
                "data.aws_region.current": {
                    "type": "aws_region",
                    "depends_on": [],
                    "primary": {
                        "id": "us-east-1",
                        "attributes": {
                            "description": "US East (N. Virginia)",
                            "endpoint": "ec2.us-east-1.amazonaws.com",
                            "id": "us-east-1",
                            "name": "us-east-1"
                        },
                        "meta": {},
                        "tainted": false
                    },
                    "deposed": [],
                    "provider": "provider.aws"
                }
            },
            "depends_on": []
        },
        {
            "path": [
                "root",
                "akerl-private-files",
                "config_user"
            ],
            "outputs": {
                "publish_bucket": {
                    "sensitive": false,
                    "type": "string",
                    "value": "akerl-private-files-config"
                }
            },
            "resources": {
                "aws_iam_user.this": {
                    "type": "aws_iam_user",
                    "depends_on": [],
                    "primary": {
                        "id": "s3-publish-akerl-private-files-config",
                        "attributes": {
                            "arn": "arn:aws:iam::764218738161:user/s3-publish-akerl-private-files-config",
                            "force_destroy": "false",
                            "id": "s3-publish-akerl-private-files-config",
                            "name": "s3-publish-akerl-private-files-config",
                            "path": "/",
                            "tags.%": "0",
                            "unique_id": "AIDAIMLALWVC6S4WYV266"
                        },
                        "meta": {},
                        "tainted": false
                    },
                    "deposed": [],
                    "provider": "provider.aws"
                },
                "aws_iam_user_policy.this": {
                    "type": "aws_iam_user_policy",
                    "depends_on": [
                        "aws_iam_user.this",
                        "data.aws_iam_policy_document.this"
                    ],
                    "primary": {
                        "id": "s3-publish-akerl-private-files-config:s3-publish",
                        "attributes": {
                            "id": "s3-publish-akerl-private-files-config:s3-publish",
                            "name": "s3-publish",
                            "policy": "{\n  \"Version\": \"2012-10-17\",\n  \"Statement\": [\n    {\n      \"Sid\": \"\",\n      \"Effect\": \"Allow\",\n      \"Action\": [\n        \"s3:PutObject\",\n        \"s3:ListBucket\",\n        \"s3:ListAllMyBuckets\",\n        \"s3:GetObjectAcl\",\n        \"s3:GetObject\",\n        \"s3:GetBucketLocation\",\n        \"s3:GetBucketAcl\",\n        \"s3:DeleteObject\"\n      ],\n      \"Resource\": [\n        \"arn:aws:s3:::akerl-private-files-config/*\",\n        \"arn:aws:s3:::akerl-private-files-config\"\n      ]\n    }\n  ]\n}",
                            "user": "s3-publish-akerl-private-files-config"
                        },
                        "meta": {},
                        "tainted": false
                    },
                    "deposed": [],
                    "provider": "provider.aws"
                },
                "aws_s3_bucket.this": {
                    "type": "aws_s3_bucket",
                    "depends_on": [],
                    "primary": {
                        "id": "akerl-private-files-config",
                        "attributes": {
                            "acceleration_status": "",
                            "acl": "private",
                            "arn": "arn:aws:s3:::akerl-private-files-config",
                            "bucket": "akerl-private-files-config",
                            "bucket_domain_name": "akerl-private-files-config.s3.amazonaws.com",
                            "bucket_regional_domain_name": "akerl-private-files-config.s3.amazonaws.com",
                            "cors_rule.#": "0",
                            "force_destroy": "false",
                            "hosted_zone_id": "Z3AQBSTGFYJSTF",
                            "id": "akerl-private-files-config",
                            "lifecycle_rule.#": "0",
                            "logging.#": "1",
                            "logging.3828434222.target_bucket": "akerl-s3-logs",
                            "logging.3828434222.target_prefix": "akerl-private-files-config/",
                            "object_lock_configuration.#": "0",
                            "region": "us-east-1",
                            "replication_configuration.#": "0",
                            "request_payer": "BucketOwner",
                            "server_side_encryption_configuration.#": "0",
                            "tags.%": "0",
                            "versioning.#": "1",
                            "versioning.0.enabled": "true",
                            "versioning.0.mfa_delete": "false",
                            "website.#": "0"
                        },
                        "meta": {},
                        "tainted": false
                    },
                    "deposed": [],
                    "provider": "provider.aws"
                },
                "awscreds_iam_access_key.this": {
                    "type": "awscreds_iam_access_key",
                    "depends_on": [
                        "aws_iam_user.this"
                    ],
                    "primary": {
                        "id": "AKIAJ4HMUAPNBM5OO7MQ",
                        "attributes": {
                            "file": "creds/s3-publish-akerl-private-files-config",
                            "id": "AKIAJ4HMUAPNBM5OO7MQ",
                            "secret": "",
                            "ses_smtp_password": "",
                            "status": "Active",
                            "user": "s3-publish-akerl-private-files-config"
                        },
                        "meta": {},
                        "tainted": false
                    },
                    "deposed": [],
                    "provider": "provider.awscreds"
                },
                "data.aws_iam_policy_document.this": {
                    "type": "aws_iam_policy_document",
                    "depends_on": [],
                    "primary": {
                        "id": "3701077179",
                        "attributes": {
                            "id": "3701077179",
                            "json": "{\n  \"Version\": \"2012-10-17\",\n  \"Statement\": [\n    {\n      \"Sid\": \"\",\n      \"Effect\": \"Allow\",\n      \"Action\": [\n        \"s3:PutObject\",\n        \"s3:ListBucket\",\n        \"s3:ListAllMyBuckets\",\n        \"s3:GetObjectAcl\",\n        \"s3:GetObject\",\n        \"s3:GetBucketLocation\",\n        \"s3:GetBucketAcl\",\n        \"s3:DeleteObject\"\n      ],\n      \"Resource\": [\n        \"arn:aws:s3:::akerl-private-files-config/*\",\n        \"arn:aws:s3:::akerl-private-files-config\"\n      ]\n    }\n  ]\n}",
                            "statement.#": "1",
                            "statement.0.actions.#": "8",
                            "statement.0.actions.2071725391": "s3:GetObject",
                            "statement.0.actions.2517836488": "s3:GetObjectAcl",
                            "statement.0.actions.3009670498": "s3:DeleteObject",
                            "statement.0.actions.315547055": "s3:PutObject",
                            "statement.0.actions.3948445924": "s3:GetBucketLocation",
                            "statement.0.actions.486976917": "s3:ListBucket",
                            "statement.0.actions.796062918": "s3:ListAllMyBuckets",
                            "statement.0.actions.845481387": "s3:GetBucketAcl",
                            "statement.0.condition.#": "0",
                            "statement.0.effect": "Allow",
                            "statement.0.not_actions.#": "0",
                            "statement.0.not_principals.#": "0",
                            "statement.0.not_resources.#": "0",
                            "statement.0.principals.#": "0",
                            "statement.0.resources.#": "2",
                            "statement.0.resources.1695677248": "arn:aws:s3:::akerl-private-files-config/*",
                            "statement.0.resources.2351737753": "arn:aws:s3:::akerl-private-files-config",
                            "statement.0.sid": "",
                            "version": "2012-10-17"
                        },
                        "meta": {},
                        "tainted": false
                    },
                    "deposed": [],
                    "provider": "provider.aws"
                }
            },
            "depends_on": []
        },
        {
            "path": [
                "root",
                "akerl-private-files",
                "publish_user"
            ],
            "outputs": {
                "publish_bucket": {
                    "sensitive": false,
                    "type": "string",
                    "value": "akerl-private-files"
                }
            },
            "resources": {
                "aws_iam_user.this": {
                    "type": "aws_iam_user",
                    "depends_on": [],
                    "primary": {
                        "id": "s3-publish-akerl-private-files",
                        "attributes": {
                            "arn": "arn:aws:iam::764218738161:user/s3-publish-akerl-private-files",
                            "force_destroy": "false",
                            "id": "s3-publish-akerl-private-files",
                            "name": "s3-publish-akerl-private-files",
                            "path": "/",
                            "tags.%": "0",
                            "unique_id": "AIDAIL33VKCD2ZXWS7H6I"
                        },
                        "meta": {},
                        "tainted": false
                    },
                    "deposed": [],
                    "provider": "provider.aws"
                },
                "aws_iam_user_policy.this": {
                    "type": "aws_iam_user_policy",
                    "depends_on": [
                        "aws_iam_user.this",
                        "data.aws_iam_policy_document.this"
                    ],
                    "primary": {
                        "id": "s3-publish-akerl-private-files:s3-publish",
                        "attributes": {
                            "id": "s3-publish-akerl-private-files:s3-publish",
                            "name": "s3-publish",
                            "policy": "{\n  \"Version\": \"2012-10-17\",\n  \"Statement\": [\n    {\n      \"Sid\": \"\",\n      \"Effect\": \"Allow\",\n      \"Action\": [\n        \"s3:PutObject\",\n        \"s3:ListBucket\",\n        \"s3:ListAllMyBuckets\",\n        \"s3:GetObjectAcl\",\n        \"s3:GetObject\",\n        \"s3:GetBucketLocation\",\n        \"s3:GetBucketAcl\",\n        \"s3:DeleteObject\"\n      ],\n      \"Resource\": [\n        \"arn:aws:s3:::akerl-private-files/*\",\n        \"arn:aws:s3:::akerl-private-files\"\n      ]\n    }\n  ]\n}",
                            "user": "s3-publish-akerl-private-files"
                        },
                        "meta": {},
                        "tainted": false
                    },
                    "deposed": [],
                    "provider": "provider.aws"
                },
                "aws_s3_bucket.this": {
                    "type": "aws_s3_bucket",
                    "depends_on": [],
                    "primary": {
                        "id": "akerl-private-files",
                        "attributes": {
                            "acceleration_status": "",
                            "acl": "private",
                            "arn": "arn:aws:s3:::akerl-private-files",
                            "bucket": "akerl-private-files",
                            "bucket_domain_name": "akerl-private-files.s3.amazonaws.com",
                            "bucket_regional_domain_name": "akerl-private-files.s3.amazonaws.com",
                            "cors_rule.#": "0",
                            "force_destroy": "false",
                            "hosted_zone_id": "Z3AQBSTGFYJSTF",
                            "id": "akerl-private-files",
                            "lifecycle_rule.#": "0",
                            "logging.#": "1",
                            "logging.1009993350.target_bucket": "akerl-s3-logs",
                            "logging.1009993350.target_prefix": "akerl-private-files/",
                            "object_lock_configuration.#": "0",
                            "region": "us-east-1",
                            "replication_configuration.#": "0",
                            "request_payer": "BucketOwner",
                            "server_side_encryption_configuration.#": "0",
                            "tags.%": "0",
                            "versioning.#": "1",
                            "versioning.0.enabled": "true",
                            "versioning.0.mfa_delete": "false",
                            "website.#": "0"
                        },
                        "meta": {},
                        "tainted": false
                    },
                    "deposed": [],
                    "provider": "provider.aws"
                },
                "awscreds_iam_access_key.this": {
                    "type": "awscreds_iam_access_key",
                    "depends_on": [
                        "aws_iam_user.this"
                    ],
                    "primary": {
                        "id": "AKIAIXYNCNLEDFADEZVA",
                        "attributes": {
                            "file": "creds/s3-publish-akerl-private-files",
                            "id": "AKIAIXYNCNLEDFADEZVA",
                            "secret": "",
                            "ses_smtp_password": "",
                            "status": "Active",
                            "user": "s3-publish-akerl-private-files"
                        },
                        "meta": {},
                        "tainted": false
                    },
                    "deposed": [],
                    "provider": "provider.awscreds"
                },
                "data.aws_iam_policy_document.this": {
                    "type": "aws_iam_policy_document",
                    "depends_on": [],
                    "primary": {
                        "id": "648676627",
                        "attributes": {
                            "id": "648676627",
                            "json": "{\n  \"Version\": \"2012-10-17\",\n  \"Statement\": [\n    {\n      \"Sid\": \"\",\n      \"Effect\": \"Allow\",\n      \"Action\": [\n        \"s3:PutObject\",\n        \"s3:ListBucket\",\n        \"s3:ListAllMyBuckets\",\n        \"s3:GetObjectAcl\",\n        \"s3:GetObject\",\n        \"s3:GetBucketLocation\",\n        \"s3:GetBucketAcl\",\n        \"s3:DeleteObject\"\n      ],\n      \"Resource\": [\n        \"arn:aws:s3:::akerl-private-files/*\",\n        \"arn:aws:s3:::akerl-private-files\"\n      ]\n    }\n  ]\n}",
                            "statement.#": "1",
                            "statement.0.actions.#": "8",
                            "statement.0.actions.2071725391": "s3:GetObject",
                            "statement.0.actions.2517836488": "s3:GetObjectAcl",
                            "statement.0.actions.3009670498": "s3:DeleteObject",
                            "statement.0.actions.315547055": "s3:PutObject",
                            "statement.0.actions.3948445924": "s3:GetBucketLocation",
                            "statement.0.actions.486976917": "s3:ListBucket",
                            "statement.0.actions.796062918": "s3:ListAllMyBuckets",
                            "statement.0.actions.845481387": "s3:GetBucketAcl",
                            "statement.0.condition.#": "0",
                            "statement.0.effect": "Allow",
                            "statement.0.not_actions.#": "0",
                            "statement.0.not_principals.#": "0",
                            "statement.0.not_resources.#": "0",
                            "statement.0.principals.#": "0",
                            "statement.0.resources.#": "2",
                            "statement.0.resources.3628760768": "arn:aws:s3:::akerl-private-files",
                            "statement.0.resources.4174475104": "arn:aws:s3:::akerl-private-files/*",
                            "statement.0.sid": "",
                            "version": "2012-10-17"
                        },
                        "meta": {},
                        "tainted": false
                    },
                    "deposed": [],
                    "provider": "provider.aws"
                }
            },
            "depends_on": []
        },
        {
            "path": [
                "root",
                "akerl-quote-auth",
                "apigw"
            ],
            "outputs": {
                "dns_name": {
                    "sensitive": false,
                    "type": "string",
                    "value": "d1398ufz80zb1c.cloudfront.net"
                }
            },
            "resources": {
                "aws_api_gateway_base_path_mapping.this": {
                    "type": "aws_api_gateway_base_path_mapping",
                    "depends_on": [
                        "aws_api_gateway_deployment.this",
                        "aws_api_gateway_domain_name.this",
                        "aws_api_gateway_rest_api.this"
                    ],
                    "primary": {
                        "id": "auth.coolquotes.xyz/",
                        "attributes": {
                            "api_id": "q2p2gdrqcf",
                            "base_path": "",
                            "domain_name": "auth.coolquotes.xyz",
                            "id": "auth.coolquotes.xyz/",
                            "stage_name": "prod"
                        },
                        "meta": {},
                        "tainted": false
                    },
                    "deposed": [],
                    "provider": "provider.aws"
                },
                "aws_api_gateway_deployment.this": {
                    "type": "aws_api_gateway_deployment",
                    "depends_on": [
                        "aws_api_gateway_integration.this",
                        "aws_api_gateway_method.this",
                        "aws_api_gateway_resource.this",
                        "aws_api_gateway_rest_api.this"
                    ],
                    "primary": {
                        "id": "nowz5g",
                        "attributes": {
                            "created_date": "2019-03-10T18:57:29Z",
                            "description": "",
                            "execution_arn": "arn:aws:execute-api:us-east-1:764218738161:q2p2gdrqcf/prod",
                            "id": "nowz5g",
                            "invoke_url": "https://q2p2gdrqcf.execute-api.us-east-1.amazonaws.com/prod",
                            "rest_api_id": "q2p2gdrqcf",
                            "stage_name": "prod"
                        },
                        "meta": {},
                        "tainted": false
                    },
                    "deposed": [],
                    "provider": "provider.aws"
                },
                "aws_api_gateway_domain_name.this": {
                    "type": "aws_api_gateway_domain_name",
                    "depends_on": [
                        "module.certificate"
                    ],
                    "primary": {
                        "id": "auth.coolquotes.xyz",
                        "attributes": {
                            "certificate_arn": "arn:aws:acm:us-east-1:764218738161:certificate/d5162e3e-c6c0-4217-b058-172ac9dd8352",
                            "certificate_name": "",
                            "certificate_upload_date": "2019-03-10T13:12:57Z",
                            "cloudfront_domain_name": "d1398ufz80zb1c.cloudfront.net",
                            "cloudfront_zone_id": "Z2FDTNDATAQYW2",
                            "domain_name": "auth.coolquotes.xyz",
                            "endpoint_configuration.#": "1",
                            "endpoint_configuration.0.types.#": "1",
                            "endpoint_configuration.0.types.0": "EDGE",
                            "id": "auth.coolquotes.xyz",
                            "regional_certificate_arn": "",
                            "regional_certificate_name": "",
                            "regional_domain_name": "",
                            "regional_zone_id": ""
                        },
                        "meta": {},
                        "tainted": false
                    },
                    "deposed": [],
                    "provider": "provider.aws"
                },
                "aws_api_gateway_integration.this": {
                    "type": "aws_api_gateway_integration",
                    "depends_on": [
                        "aws_api_gateway_method.this",
                        "aws_api_gateway_resource.this",
                        "aws_api_gateway_rest_api.this",
                        "module.lambda"
                    ],
                    "primary": {
                        "id": "agi-q2p2gdrqcf-fb5wew-ANY",
                        "attributes": {
                            "cache_key_parameters.#": "0",
                            "cache_namespace": "fb5wew",
                            "connection_id": "",
                            "connection_type": "INTERNET",
                            "content_handling": "",
                            "credentials": "",
                            "http_method": "ANY",
                            "id": "agi-q2p2gdrqcf-fb5wew-ANY",
                            "integration_http_method": "POST",
                            "passthrough_behavior": "WHEN_NO_MATCH",
                            "request_parameters.%": "0",
                            "request_templates.%": "0",
                            "resource_id": "fb5wew",
                            "rest_api_id": "q2p2gdrqcf",
                            "timeout_milliseconds": "29000",
                            "type": "AWS_PROXY",
                            "uri": "arn:aws:apigateway:us-east-1:lambda:path/2015-03-31/functions/arn:aws:lambda:us-east-1:764218738161:function:githubauth-akerl-quote-auth/invocations"
                        },
                        "meta": {},
                        "tainted": false
                    },
                    "deposed": [],
                    "provider": "provider.aws"
                },
                "aws_api_gateway_method.this": {
                    "type": "aws_api_gateway_method",
                    "depends_on": [
                        "aws_api_gateway_resource.this",
                        "aws_api_gateway_rest_api.this"
                    ],
                    "primary": {
                        "id": "agm-q2p2gdrqcf-fb5wew-ANY",
                        "attributes": {
                            "api_key_required": "false",
                            "authorization": "NONE",
                            "authorization_scopes.#": "0",
                            "authorizer_id": "",
                            "http_method": "ANY",
                            "id": "agm-q2p2gdrqcf-fb5wew-ANY",
                            "request_models.%": "0",
                            "request_parameters.%": "0",
                            "request_validator_id": "",
                            "resource_id": "fb5wew",
                            "rest_api_id": "q2p2gdrqcf"
                        },
                        "meta": {},
                        "tainted": false
                    },
                    "deposed": [],
                    "provider": "provider.aws"
                },
                "aws_api_gateway_method_settings.settings": {
                    "type": "aws_api_gateway_method_settings",
                    "depends_on": [
                        "aws_api_gateway_deployment.this",
                        "aws_api_gateway_rest_api.this"
                    ],
                    "primary": {
                        "id": "q2p2gdrqcf-prod-*/*",
                        "attributes": {
                            "id": "q2p2gdrqcf-prod-*/*",
                            "method_path": "*/*",
                            "rest_api_id": "q2p2gdrqcf",
                            "settings.#": "1",
                            "settings.0.cache_data_encrypted": "false",
                            "settings.0.cache_ttl_in_seconds": "0",
                            "settings.0.caching_enabled": "false",
                            "settings.0.data_trace_enabled": "false",
                            "settings.0.logging_level": "INFO",
                            "settings.0.metrics_enabled": "true",
                            "settings.0.require_authorization_for_cache_control": "false",
                            "settings.0.throttling_burst_limit": "0",
                            "settings.0.throttling_rate_limit": "0",
                            "settings.0.unauthorized_cache_control_header_strategy": "",
                            "stage_name": "prod"
                        },
                        "meta": {},
                        "tainted": false
                    },
                    "deposed": [],
                    "provider": "provider.aws"
                },
                "aws_api_gateway_resource.this": {
                    "type": "aws_api_gateway_resource",
                    "depends_on": [
                        "aws_api_gateway_rest_api.this"
                    ],
                    "primary": {
                        "id": "fb5wew",
                        "attributes": {
                            "id": "fb5wew",
                            "parent_id": "wyjzn8xnyf",
                            "path": "/{path+}",
                            "path_part": "{path+}",
                            "rest_api_id": "q2p2gdrqcf"
                        },
                        "meta": {},
                        "tainted": false
                    },
                    "deposed": [],
                    "provider": "provider.aws"
                },
                "aws_api_gateway_rest_api.this": {
                    "type": "aws_api_gateway_rest_api",
                    "depends_on": [],
                    "primary": {
                        "id": "q2p2gdrqcf",
                        "attributes": {
                            "api_key_source": "HEADER",
                            "binary_media_types.#": "0",
                            "created_date": "2019-03-10T13:04:15Z",
                            "description": "",
                            "endpoint_configuration.#": "1",
                            "endpoint_configuration.0.types.#": "1",
                            "endpoint_configuration.0.types.0": "EDGE",
                            "execution_arn": "arn:aws:execute-api:us-east-1:764218738161:q2p2gdrqcf",
                            "id": "q2p2gdrqcf",
                            "minimum_compression_size": "-1",
                            "name": "githubauth-akerl-quote-auth",
                            "policy": "",
                            "root_resource_id": "wyjzn8xnyf"
                        },
                        "meta": {},
                        "tainted": false
                    },
                    "deposed": [],
                    "provider": "provider.aws"
                },
                "data.aws_caller_identity.current": {
                    "type": "aws_caller_identity",
                    "depends_on": [],
                    "primary": {
                        "id": "2019-03-11 07:47:54.698076 +0000 UTC",
                        "attributes": {
                            "account_id": "764218738161",
                            "arn": "arn:aws:sts::764218738161:assumed-role/admin/akerl-mazer",
                            "id": "2019-03-11 07:47:54.698076 +0000 UTC",
                            "user_id": "AROAJGIBWVRCR3J55QVX6:akerl-mazer"
                        },
                        "meta": {},
                        "tainted": false
                    },
                    "deposed": [],
                    "provider": "provider.aws"
                },
                "data.aws_region.current": {
                    "type": "aws_region",
                    "depends_on": [],
                    "primary": {
                        "id": "us-east-1",
                        "attributes": {
                            "description": "US East (N. Virginia)",
                            "endpoint": "ec2.us-east-1.amazonaws.com",
                            "id": "us-east-1",
                            "name": "us-east-1"
                        },
                        "meta": {},
                        "tainted": false
                    },
                    "deposed": [],
                    "provider": "provider.aws"
                }
            },
            "depends_on": []
        },
        {
            "path": [
                "root",
                "akerl-quote-auth",
                "publish-user"
            ],
            "outputs": {
                "publish_bucket": {
                    "sensitive": false,
                    "type": "string",
                    "value": "akerl-quote-auth"
                }
            },
            "resources": {
                "aws_iam_user.this": {
                    "type": "aws_iam_user",
                    "depends_on": [],
                    "primary": {
                        "id": "s3-publish-akerl-quote-auth",
                        "attributes": {
                            "arn": "arn:aws:iam::764218738161:user/s3-publish-akerl-quote-auth",
                            "force_destroy": "false",
                            "id": "s3-publish-akerl-quote-auth",
                            "name": "s3-publish-akerl-quote-auth",
                            "path": "/",
                            "tags.%": "0",
                            "unique_id": "AIDAIYREH4YLT5ZNHPIOU"
                        },
                        "meta": {},
                        "tainted": false
                    },
                    "deposed": [],
                    "provider": "provider.aws"
                },
                "aws_iam_user_policy.this": {
                    "type": "aws_iam_user_policy",
                    "depends_on": [
                        "aws_iam_user.this",
                        "data.aws_iam_policy_document.this"
                    ],
                    "primary": {
                        "id": "s3-publish-akerl-quote-auth:s3-publish",
                        "attributes": {
                            "id": "s3-publish-akerl-quote-auth:s3-publish",
                            "name": "s3-publish",
                            "policy": "{\n  \"Version\": \"2012-10-17\",\n  \"Statement\": [\n    {\n      \"Sid\": \"\",\n      \"Effect\": \"Allow\",\n      \"Action\": [\n        \"s3:PutObject\",\n        \"s3:ListBucket\",\n        \"s3:ListAllMyBuckets\",\n        \"s3:GetObjectAcl\",\n        \"s3:GetObject\",\n        \"s3:GetBucketLocation\",\n        \"s3:GetBucketAcl\",\n        \"s3:DeleteObject\"\n      ],\n      \"Resource\": [\n        \"arn:aws:s3:::akerl-quote-auth/*\",\n        \"arn:aws:s3:::akerl-quote-auth\"\n      ]\n    }\n  ]\n}",
                            "user": "s3-publish-akerl-quote-auth"
                        },
                        "meta": {},
                        "tainted": false
                    },
                    "deposed": [],
                    "provider": "provider.aws"
                },
                "aws_s3_bucket.this": {
                    "type": "aws_s3_bucket",
                    "depends_on": [],
                    "primary": {
                        "id": "akerl-quote-auth",
                        "attributes": {
                            "acceleration_status": "",
                            "acl": "private",
                            "arn": "arn:aws:s3:::akerl-quote-auth",
                            "bucket": "akerl-quote-auth",
                            "bucket_domain_name": "akerl-quote-auth.s3.amazonaws.com",
                            "bucket_regional_domain_name": "akerl-quote-auth.s3.amazonaws.com",
                            "cors_rule.#": "0",
                            "force_destroy": "false",
                            "hosted_zone_id": "Z3AQBSTGFYJSTF",
                            "id": "akerl-quote-auth",
                            "lifecycle_rule.#": "0",
                            "logging.#": "1",
                            "logging.730668923.target_bucket": "akerl-s3-logs",
                            "logging.730668923.target_prefix": "akerl-quote-auth/",
                            "object_lock_configuration.#": "0",
                            "region": "us-east-1",
                            "replication_configuration.#": "0",
                            "request_payer": "BucketOwner",
                            "server_side_encryption_configuration.#": "0",
                            "tags.%": "0",
                            "versioning.#": "1",
                            "versioning.0.enabled": "true",
                            "versioning.0.mfa_delete": "false",
                            "website.#": "0"
                        },
                        "meta": {},
                        "tainted": false
                    },
                    "deposed": [],
                    "provider": "provider.aws"
                },
                "awscreds_iam_access_key.this": {
                    "type": "awscreds_iam_access_key",
                    "depends_on": [
                        "aws_iam_user.this"
                    ],
                    "primary": {
                        "id": "AKIAJMBTYQSADUPH4T7Q",
                        "attributes": {
                            "file": "creds/s3-publish-akerl-quote-auth",
                            "id": "AKIAJMBTYQSADUPH4T7Q",
                            "secret": "",
                            "ses_smtp_password": "",
                            "status": "Active",
                            "user": "s3-publish-akerl-quote-auth"
                        },
                        "meta": {},
                        "tainted": false
                    },
                    "deposed": [],
                    "provider": "provider.awscreds"
                },
                "data.aws_iam_policy_document.this": {
                    "type": "aws_iam_policy_document",
                    "depends_on": [],
                    "primary": {
                        "id": "134227253",
                        "attributes": {
                            "id": "134227253",
                            "json": "{\n  \"Version\": \"2012-10-17\",\n  \"Statement\": [\n    {\n      \"Sid\": \"\",\n      \"Effect\": \"Allow\",\n      \"Action\": [\n        \"s3:PutObject\",\n        \"s3:ListBucket\",\n        \"s3:ListAllMyBuckets\",\n        \"s3:GetObjectAcl\",\n        \"s3:GetObject\",\n        \"s3:GetBucketLocation\",\n        \"s3:GetBucketAcl\",\n        \"s3:DeleteObject\"\n      ],\n      \"Resource\": [\n        \"arn:aws:s3:::akerl-quote-auth/*\",\n        \"arn:aws:s3:::akerl-quote-auth\"\n      ]\n    }\n  ]\n}",
                            "statement.#": "1",
                            "statement.0.actions.#": "8",
                            "statement.0.actions.2071725391": "s3:GetObject",
                            "statement.0.actions.2517836488": "s3:GetObjectAcl",
                            "statement.0.actions.3009670498": "s3:DeleteObject",
                            "statement.0.actions.315547055": "s3:PutObject",
                            "statement.0.actions.3948445924": "s3:GetBucketLocation",
                            "statement.0.actions.486976917": "s3:ListBucket",
                            "statement.0.actions.796062918": "s3:ListAllMyBuckets",
                            "statement.0.actions.845481387": "s3:GetBucketAcl",
                            "statement.0.condition.#": "0",
                            "statement.0.effect": "Allow",
                            "statement.0.not_actions.#": "0",
                            "statement.0.not_principals.#": "0",
                            "statement.0.not_resources.#": "0",
                            "statement.0.principals.#": "0",
                            "statement.0.resources.#": "2",
                            "statement.0.resources.3519045087": "arn:aws:s3:::akerl-quote-auth/*",
                            "statement.0.resources.4097607666": "arn:aws:s3:::akerl-quote-auth",
                            "statement.0.sid": "",
                            "version": "2012-10-17"
                        },
                        "meta": {},
                        "tainted": false
                    },
                    "deposed": [],
                    "provider": "provider.aws"
                }
            },
            "depends_on": []
        },
        {
            "path": [
                "root",
                "akerl-scratch",
                "certificate"
            ],
            "outputs": {
                "arn": {
                    "sensitive": false,
                    "type": "string",
                    "value": "arn:aws:acm:us-east-1:764218738161:certificate/59bce0fc-9818-441f-849f-baf79f83a150"
                }
            },
            "resources": {
                "aws_acm_certificate.this": {
                    "type": "aws_acm_certificate",
                    "depends_on": [
                        "local.common_name",
                        "local.subject_alternative_names"
                    ],
                    "primary": {
                        "id": "arn:aws:acm:us-east-1:764218738161:certificate/59bce0fc-9818-441f-849f-baf79f83a150",
                        "attributes": {
                            "arn": "arn:aws:acm:us-east-1:764218738161:certificate/59bce0fc-9818-441f-849f-baf79f83a150",
                            "domain_name": "scratch.scrtybybscrty.org",
                            "domain_validation_options.#": "1",
                            "domain_validation_options.0.domain_name": "scratch.scrtybybscrty.org",
                            "domain_validation_options.0.resource_record_name": "_c9a4d9441b270a140df2827fa1fee4b3.scratch.scrtybybscrty.org.",
                            "domain_validation_options.0.resource_record_type": "CNAME",
                            "domain_validation_options.0.resource_record_value": "_b949c7fb27aa65a7955a6b172dde68c3.tljzshvwok.acm-validations.aws.",
                            "id": "arn:aws:acm:us-east-1:764218738161:certificate/59bce0fc-9818-441f-849f-baf79f83a150",
                            "subject_alternative_names.#": "0",
                            "tags.%": "0",
                            "validation_emails.#": "0",
                            "validation_method": "DNS"
                        },
                        "meta": {},
                        "tainted": false
                    },
                    "deposed": [],
                    "provider": "provider.aws"
                },
                "aws_acm_certificate_validation.this": {
                    "type": "aws_acm_certificate_validation",
                    "depends_on": [
                        "aws_acm_certificate.this",
                        "aws_route53_record.validation.*"
                    ],
                    "primary": {
                        "id": "2019-03-10 13:12:54 +0000 UTC",
                        "attributes": {
                            "certificate_arn": "arn:aws:acm:us-east-1:764218738161:certificate/59bce0fc-9818-441f-849f-baf79f83a150",
                            "id": "2019-03-10 13:12:54 +0000 UTC",
                            "validation_record_fqdns.#": "1",
                            "validation_record_fqdns.3346728233": "_c9a4d9441b270a140df2827fa1fee4b3.scratch.scrtybybscrty.org"
                        },
                        "meta": {
                            "e2bfb730-ecaa-11e6-8f88-34363bc7c4c0": {
                                "create": 2700000000000
                            }
                        },
                        "tainted": false
                    },
                    "deposed": [],
                    "provider": "provider.aws"
                },
                "aws_route53_record.validation": {
                    "type": "aws_route53_record",
                    "depends_on": [
                        "aws_acm_certificate.this",
                        "data.aws_route53_zone.parent.*"
                    ],
                    "primary": {
                        "id": "Z11UY811DI2S1K__c9a4d9441b270a140df2827fa1fee4b3.scratch.scrtybybscrty.org._CNAME",
                        "attributes": {
                            "fqdn": "_c9a4d9441b270a140df2827fa1fee4b3.scratch.scrtybybscrty.org",
                            "health_check_id": "",
                            "id": "Z11UY811DI2S1K__c9a4d9441b270a140df2827fa1fee4b3.scratch.scrtybybscrty.org._CNAME",
                            "name": "_c9a4d9441b270a140df2827fa1fee4b3.scratch.scrtybybscrty.org",
                            "records.#": "1",
                            "records.2172338261": "_b949c7fb27aa65a7955a6b172dde68c3.tljzshvwok.acm-validations.aws.",
                            "set_identifier": "",
                            "ttl": "60",
                            "type": "CNAME",
                            "zone_id": "Z11UY811DI2S1K"
                        },
                        "meta": {
                            "schema_version": "2"
                        },
                        "tainted": false
                    },
                    "deposed": [],
                    "provider": "provider.aws"
                },
                "data.aws_route53_zone.parent": {
                    "type": "aws_route53_zone",
                    "depends_on": [
                        "local.host_to_zone_regex"
                    ],
                    "primary": {
                        "id": "Z11UY811DI2S1K",
                        "attributes": {
                            "caller_reference": "2016-09-14T19:18:10.523044235-04:00",
                            "comment": "Managed by Terraform",
                            "id": "Z11UY811DI2S1K",
                            "name": "scrtybybscrty.org.",
                            "name_servers.#": "4",
                            "name_servers.0": "ns-1242.awsdns-27.org",
                            "name_servers.1": "ns-477.awsdns-59.com",
                            "name_servers.2": "ns-808.awsdns-37.net",
                            "name_servers.3": "ns-1942.awsdns-50.co.uk",
                            "private_zone": "false",
                            "resource_record_set_count": "20",
                            "zone_id": "Z11UY811DI2S1K"
                        },
                        "meta": {},
                        "tainted": false
                    },
                    "deposed": [],
                    "provider": "provider.aws"
                }
            },
            "depends_on": []
        },
        {
            "path": [
                "root",
                "akerl-scratch",
                "publish_user"
            ],
            "outputs": {
                "publish_bucket": {
                    "sensitive": false,
                    "type": "string",
                    "value": "akerl-scratch"
                }
            },
            "resources": {
                "aws_iam_user.this": {
                    "type": "aws_iam_user",
                    "depends_on": [],
                    "primary": {
                        "id": "s3-publish-akerl-scratch",
                        "attributes": {
                            "arn": "arn:aws:iam::764218738161:user/s3-publish-akerl-scratch",
                            "force_destroy": "false",
                            "id": "s3-publish-akerl-scratch",
                            "name": "s3-publish-akerl-scratch",
                            "path": "/",
                            "tags.%": "0",
                            "unique_id": "AIDAIECYZP237HXG26NOS"
                        },
                        "meta": {},
                        "tainted": false
                    },
                    "deposed": [],
                    "provider": "provider.aws"
                },
                "aws_iam_user_policy.this": {
                    "type": "aws_iam_user_policy",
                    "depends_on": [
                        "aws_iam_user.this",
                        "data.aws_iam_policy_document.this"
                    ],
                    "primary": {
                        "id": "s3-publish-akerl-scratch:s3-publish",
                        "attributes": {
                            "id": "s3-publish-akerl-scratch:s3-publish",
                            "name": "s3-publish",
                            "policy": "{\n  \"Version\": \"2012-10-17\",\n  \"Statement\": [\n    {\n      \"Sid\": \"\",\n      \"Effect\": \"Allow\",\n      \"Action\": [\n        \"s3:PutObject\",\n        \"s3:ListBucket\",\n        \"s3:ListAllMyBuckets\",\n        \"s3:GetObjectAcl\",\n        \"s3:GetObject\",\n        \"s3:GetBucketLocation\",\n        \"s3:GetBucketAcl\",\n        \"s3:DeleteObject\"\n      ],\n      \"Resource\": [\n        \"arn:aws:s3:::akerl-scratch/*\",\n        \"arn:aws:s3:::akerl-scratch\"\n      ]\n    }\n  ]\n}",
                            "user": "s3-publish-akerl-scratch"
                        },
                        "meta": {},
                        "tainted": false
                    },
                    "deposed": [],
                    "provider": "provider.aws"
                },
                "awscreds_iam_access_key.this": {
                    "type": "awscreds_iam_access_key",
                    "depends_on": [
                        "aws_iam_user.this"
                    ],
                    "primary": {
                        "id": "AKIAJOC4DNABK7VEHJ3Q",
                        "attributes": {
                            "file": "creds/s3-publish-akerl-scratch",
                            "id": "AKIAJOC4DNABK7VEHJ3Q",
                            "secret": "",
                            "ses_smtp_password": "",
                            "status": "Active",
                            "user": "s3-publish-akerl-scratch"
                        },
                        "meta": {},
                        "tainted": false
                    },
                    "deposed": [],
                    "provider": "provider.awscreds"
                },
                "data.aws_iam_policy_document.this": {
                    "type": "aws_iam_policy_document",
                    "depends_on": [],
                    "primary": {
                        "id": "966541914",
                        "attributes": {
                            "id": "966541914",
                            "json": "{\n  \"Version\": \"2012-10-17\",\n  \"Statement\": [\n    {\n      \"Sid\": \"\",\n      \"Effect\": \"Allow\",\n      \"Action\": [\n        \"s3:PutObject\",\n        \"s3:ListBucket\",\n        \"s3:ListAllMyBuckets\",\n        \"s3:GetObjectAcl\",\n        \"s3:GetObject\",\n        \"s3:GetBucketLocation\",\n        \"s3:GetBucketAcl\",\n        \"s3:DeleteObject\"\n      ],\n      \"Resource\": [\n        \"arn:aws:s3:::akerl-scratch/*\",\n        \"arn:aws:s3:::akerl-scratch\"\n      ]\n    }\n  ]\n}",
                            "statement.#": "1",
                            "statement.0.actions.#": "8",
                            "statement.0.actions.2071725391": "s3:GetObject",
                            "statement.0.actions.2517836488": "s3:GetObjectAcl",
                            "statement.0.actions.3009670498": "s3:DeleteObject",
                            "statement.0.actions.315547055": "s3:PutObject",
                            "statement.0.actions.3948445924": "s3:GetBucketLocation",
                            "statement.0.actions.486976917": "s3:ListBucket",
                            "statement.0.actions.796062918": "s3:ListAllMyBuckets",
                            "statement.0.actions.845481387": "s3:GetBucketAcl",
                            "statement.0.condition.#": "0",
                            "statement.0.effect": "Allow",
                            "statement.0.not_actions.#": "0",
                            "statement.0.not_principals.#": "0",
                            "statement.0.not_resources.#": "0",
                            "statement.0.principals.#": "0",
                            "statement.0.resources.#": "2",
                            "statement.0.resources.186584112": "arn:aws:s3:::akerl-scratch/*",
                            "statement.0.resources.3445816001": "arn:aws:s3:::akerl-scratch",
                            "statement.0.sid": "",
                            "version": "2012-10-17"
                        },
                        "meta": {},
                        "tainted": false
                    },
                    "deposed": [],
                    "provider": "provider.aws"
                }
            },
            "depends_on": []
        },
        {
            "path": [
                "root",
                "akerl-wedding",
                "certificate"
            ],
            "outputs": {
                "arn": {
                    "sensitive": false,
                    "type": "string",
                    "value": "arn:aws:acm:us-east-1:764218738161:certificate/91aeaeee-cb5d-4794-be6f-4e9b30314d57"
                }
            },
            "resources": {
                "aws_acm_certificate.this": {
                    "type": "aws_acm_certificate",
                    "depends_on": [
                        "local.common_name",
                        "local.subject_alternative_names"
                    ],
                    "primary": {
                        "id": "arn:aws:acm:us-east-1:764218738161:certificate/91aeaeee-cb5d-4794-be6f-4e9b30314d57",
                        "attributes": {
                            "arn": "arn:aws:acm:us-east-1:764218738161:certificate/91aeaeee-cb5d-4794-be6f-4e9b30314d57",
                            "domain_name": "happilyeveraker.com",
                            "domain_validation_options.#": "2",
                            "domain_validation_options.0.domain_name": "happilyeveraker.com",
                            "domain_validation_options.0.resource_record_name": "_844a2edc1c44f0acb82f796a02451b50.happilyeveraker.com.",
                            "domain_validation_options.0.resource_record_type": "CNAME",
                            "domain_validation_options.0.resource_record_value": "_ea31e595978e08bbf553e87305e89faf.acm-validations.aws.",
                            "domain_validation_options.1.domain_name": "www.happilyeveraker.com",
                            "domain_validation_options.1.resource_record_name": "_3a8ecc65f762ead24ac8ba9fd43a3dbf.www.happilyeveraker.com.",
                            "domain_validation_options.1.resource_record_type": "CNAME",
                            "domain_validation_options.1.resource_record_value": "_b28ffeb9a066748dc91a54c67ef9be3c.acm-validations.aws.",
                            "id": "arn:aws:acm:us-east-1:764218738161:certificate/91aeaeee-cb5d-4794-be6f-4e9b30314d57",
                            "subject_alternative_names.#": "1",
                            "subject_alternative_names.0": "www.happilyeveraker.com",
                            "tags.%": "0",
                            "validation_emails.#": "0",
                            "validation_method": "DNS"
                        },
                        "meta": {},
                        "tainted": false
                    },
                    "deposed": [],
                    "provider": "provider.aws"
                },
                "aws_acm_certificate_validation.this": {
                    "type": "aws_acm_certificate_validation",
                    "depends_on": [
                        "aws_acm_certificate.this",
                        "aws_route53_record.validation.*"
                    ],
                    "primary": {
                        "id": "2019-03-10 13:03:16 +0000 UTC",
                        "attributes": {
                            "certificate_arn": "arn:aws:acm:us-east-1:764218738161:certificate/91aeaeee-cb5d-4794-be6f-4e9b30314d57",
                            "id": "2019-03-10 13:03:16 +0000 UTC",
                            "validation_record_fqdns.#": "2",
                            "validation_record_fqdns.1638951322": "_844a2edc1c44f0acb82f796a02451b50.happilyeveraker.com",
                            "validation_record_fqdns.971641759": "_3a8ecc65f762ead24ac8ba9fd43a3dbf.www.happilyeveraker.com"
                        },
                        "meta": {
                            "e2bfb730-ecaa-11e6-8f88-34363bc7c4c0": {
                                "create": 2700000000000
                            }
                        },
                        "tainted": false
                    },
                    "deposed": [],
                    "provider": "provider.aws"
                },
                "aws_route53_record.validation.0": {
                    "type": "aws_route53_record",
                    "depends_on": [
                        "aws_acm_certificate.this",
                        "data.aws_route53_zone.parent.*"
                    ],
                    "primary": {
                        "id": "Z2ZXZ7VFSXR5E7__844a2edc1c44f0acb82f796a02451b50.happilyeveraker.com._CNAME",
                        "attributes": {
                            "fqdn": "_844a2edc1c44f0acb82f796a02451b50.happilyeveraker.com",
                            "health_check_id": "",
                            "id": "Z2ZXZ7VFSXR5E7__844a2edc1c44f0acb82f796a02451b50.happilyeveraker.com._CNAME",
                            "name": "_844a2edc1c44f0acb82f796a02451b50.happilyeveraker.com",
                            "records.#": "1",
                            "records.1532953696": "_ea31e595978e08bbf553e87305e89faf.acm-validations.aws.",
                            "set_identifier": "",
                            "ttl": "60",
                            "type": "CNAME",
                            "zone_id": "Z2ZXZ7VFSXR5E7"
                        },
                        "meta": {
                            "schema_version": "2"
                        },
                        "tainted": false
                    },
                    "deposed": [],
                    "provider": "provider.aws"
                },
                "aws_route53_record.validation.1": {
                    "type": "aws_route53_record",
                    "depends_on": [
                        "aws_acm_certificate.this",
                        "data.aws_route53_zone.parent.*"
                    ],
                    "primary": {
                        "id": "Z2ZXZ7VFSXR5E7__3a8ecc65f762ead24ac8ba9fd43a3dbf.www.happilyeveraker.com._CNAME",
                        "attributes": {
                            "fqdn": "_3a8ecc65f762ead24ac8ba9fd43a3dbf.www.happilyeveraker.com",
                            "health_check_id": "",
                            "id": "Z2ZXZ7VFSXR5E7__3a8ecc65f762ead24ac8ba9fd43a3dbf.www.happilyeveraker.com._CNAME",
                            "name": "_3a8ecc65f762ead24ac8ba9fd43a3dbf.www.happilyeveraker.com",
                            "records.#": "1",
                            "records.2156776505": "_b28ffeb9a066748dc91a54c67ef9be3c.acm-validations.aws.",
                            "set_identifier": "",
                            "ttl": "60",
                            "type": "CNAME",
                            "zone_id": "Z2ZXZ7VFSXR5E7"
                        },
                        "meta": {
                            "schema_version": "2"
                        },
                        "tainted": false
                    },
                    "deposed": [],
                    "provider": "provider.aws"
                },
                "data.aws_route53_zone.parent.0": {
                    "type": "aws_route53_zone",
                    "depends_on": [
                        "local.host_to_zone_regex"
                    ],
                    "primary": {
                        "id": "Z2ZXZ7VFSXR5E7",
                        "attributes": {
                            "caller_reference": "2016-09-14T19:18:10.520736364-04:00",
                            "comment": "Managed by Terraform",
                            "id": "Z2ZXZ7VFSXR5E7",
                            "name": "happilyeveraker.com.",
                            "name_servers.#": "4",
                            "name_servers.0": "ns-1242.awsdns-27.org",
                            "name_servers.1": "ns-477.awsdns-59.com",
                            "name_servers.2": "ns-808.awsdns-37.net",
                            "name_servers.3": "ns-1942.awsdns-50.co.uk",
                            "private_zone": "false",
                            "resource_record_set_count": "10",
                            "zone_id": "Z2ZXZ7VFSXR5E7"
                        },
                        "meta": {},
                        "tainted": false
                    },
                    "deposed": [],
                    "provider": "provider.aws"
                },
                "data.aws_route53_zone.parent.1": {
                    "type": "aws_route53_zone",
                    "depends_on": [
                        "local.host_to_zone_regex"
                    ],
                    "primary": {
                        "id": "Z2ZXZ7VFSXR5E7",
                        "attributes": {
                            "caller_reference": "2016-09-14T19:18:10.520736364-04:00",
                            "comment": "Managed by Terraform",
                            "id": "Z2ZXZ7VFSXR5E7",
                            "name": "happilyeveraker.com.",
                            "name_servers.#": "4",
                            "name_servers.0": "ns-1242.awsdns-27.org",
                            "name_servers.1": "ns-477.awsdns-59.com",
                            "name_servers.2": "ns-808.awsdns-37.net",
                            "name_servers.3": "ns-1942.awsdns-50.co.uk",
                            "private_zone": "false",
                            "resource_record_set_count": "10",
                            "zone_id": "Z2ZXZ7VFSXR5E7"
                        },
                        "meta": {},
                        "tainted": false
                    },
                    "deposed": [],
                    "provider": "provider.aws"
                }
            },
            "depends_on": []
        },
        {
            "path": [
                "root",
                "amylum-repo",
                "certificate"
            ],
            "outputs": {
                "arn": {
                    "sensitive": false,
                    "type": "string",
                    "value": "arn:aws:acm:us-east-1:764218738161:certificate/64c634fc-9f5c-41fa-831c-dcad7894efc8"
                }
            },
            "resources": {
                "aws_acm_certificate.this": {
                    "type": "aws_acm_certificate",
                    "depends_on": [
                        "local.common_name",
                        "local.subject_alternative_names"
                    ],
                    "primary": {
                        "id": "arn:aws:acm:us-east-1:764218738161:certificate/64c634fc-9f5c-41fa-831c-dcad7894efc8",
                        "attributes": {
                            "arn": "arn:aws:acm:us-east-1:764218738161:certificate/64c634fc-9f5c-41fa-831c-dcad7894efc8",
                            "domain_name": "repo.scrtybybscrty.org",
                            "domain_validation_options.#": "1",
                            "domain_validation_options.0.domain_name": "repo.scrtybybscrty.org",
                            "domain_validation_options.0.resource_record_name": "_5df42c85656ddf46781b3628416d301f.repo.scrtybybscrty.org.",
                            "domain_validation_options.0.resource_record_type": "CNAME",
                            "domain_validation_options.0.resource_record_value": "_627bddcb0ecdb21d6fe4b804e60e403a.acm-validations.aws.",
                            "id": "arn:aws:acm:us-east-1:764218738161:certificate/64c634fc-9f5c-41fa-831c-dcad7894efc8",
                            "subject_alternative_names.#": "0",
                            "tags.%": "0",
                            "validation_emails.#": "0",
                            "validation_method": "DNS"
                        },
                        "meta": {},
                        "tainted": false
                    },
                    "deposed": [],
                    "provider": "provider.aws"
                },
                "aws_acm_certificate_validation.this": {
                    "type": "aws_acm_certificate_validation",
                    "depends_on": [
                        "aws_acm_certificate.this",
                        "aws_route53_record.validation.*"
                    ],
                    "primary": {
                        "id": "2019-03-10 13:02:14 +0000 UTC",
                        "attributes": {
                            "certificate_arn": "arn:aws:acm:us-east-1:764218738161:certificate/64c634fc-9f5c-41fa-831c-dcad7894efc8",
                            "id": "2019-03-10 13:02:14 +0000 UTC",
                            "validation_record_fqdns.#": "1",
                            "validation_record_fqdns.2303480091": "_5df42c85656ddf46781b3628416d301f.repo.scrtybybscrty.org"
                        },
                        "meta": {
                            "e2bfb730-ecaa-11e6-8f88-34363bc7c4c0": {
                                "create": 2700000000000
                            }
                        },
                        "tainted": false
                    },
                    "deposed": [],
                    "provider": "provider.aws"
                },
                "aws_route53_record.validation": {
                    "type": "aws_route53_record",
                    "depends_on": [
                        "aws_acm_certificate.this",
                        "data.aws_route53_zone.parent.*"
                    ],
                    "primary": {
                        "id": "Z11UY811DI2S1K__5df42c85656ddf46781b3628416d301f.repo.scrtybybscrty.org._CNAME",
                        "attributes": {
                            "fqdn": "_5df42c85656ddf46781b3628416d301f.repo.scrtybybscrty.org",
                            "health_check_id": "",
                            "id": "Z11UY811DI2S1K__5df42c85656ddf46781b3628416d301f.repo.scrtybybscrty.org._CNAME",
                            "name": "_5df42c85656ddf46781b3628416d301f.repo.scrtybybscrty.org",
                            "records.#": "1",
                            "records.1003836116": "_627bddcb0ecdb21d6fe4b804e60e403a.acm-validations.aws.",
                            "set_identifier": "",
                            "ttl": "60",
                            "type": "CNAME",
                            "zone_id": "Z11UY811DI2S1K"
                        },
                        "meta": {
                            "schema_version": "2"
                        },
                        "tainted": false
                    },
                    "deposed": [],
                    "provider": "provider.aws"
                },
                "data.aws_route53_zone.parent": {
                    "type": "aws_route53_zone",
                    "depends_on": [
                        "local.host_to_zone_regex"
                    ],
                    "primary": {
                        "id": "Z11UY811DI2S1K",
                        "attributes": {
                            "caller_reference": "2016-09-14T19:18:10.523044235-04:00",
                            "comment": "Managed by Terraform",
                            "id": "Z11UY811DI2S1K",
                            "name": "scrtybybscrty.org.",
                            "name_servers.#": "4",
                            "name_servers.0": "ns-1242.awsdns-27.org",
                            "name_servers.1": "ns-477.awsdns-59.com",
                            "name_servers.2": "ns-808.awsdns-37.net",
                            "name_servers.3": "ns-1942.awsdns-50.co.uk",
                            "private_zone": "false",
                            "resource_record_set_count": "20",
                            "zone_id": "Z11UY811DI2S1K"
                        },
                        "meta": {},
                        "tainted": false
                    },
                    "deposed": [],
                    "provider": "provider.aws"
                }
            },
            "depends_on": []
        },
        {
            "path": [
                "root",
                "amylum-repo",
                "publish_user"
            ],
            "outputs": {
                "publish_bucket": {
                    "sensitive": false,
                    "type": "string",
                    "value": "amylum-repo"
                }
            },
            "resources": {
                "aws_iam_user.this": {
                    "type": "aws_iam_user",
                    "depends_on": [],
                    "primary": {
                        "id": "s3-publish-amylum-repo",
                        "attributes": {
                            "arn": "arn:aws:iam::764218738161:user/s3-publish-amylum-repo",
                            "force_destroy": "false",
                            "id": "s3-publish-amylum-repo",
                            "name": "s3-publish-amylum-repo",
                            "path": "/",
                            "tags.%": "0",
                            "unique_id": "AIDAJT7MTXCY46SA5RX42"
                        },
                        "meta": {},
                        "tainted": false
                    },
                    "deposed": [],
                    "provider": "provider.aws"
                },
                "aws_iam_user_policy.this": {
                    "type": "aws_iam_user_policy",
                    "depends_on": [
                        "aws_iam_user.this",
                        "data.aws_iam_policy_document.this"
                    ],
                    "primary": {
                        "id": "s3-publish-amylum-repo:s3-publish",
                        "attributes": {
                            "id": "s3-publish-amylum-repo:s3-publish",
                            "name": "s3-publish",
                            "policy": "{\n  \"Version\": \"2012-10-17\",\n  \"Statement\": [\n    {\n      \"Sid\": \"\",\n      \"Effect\": \"Allow\",\n      \"Action\": [\n        \"s3:PutObject\",\n        \"s3:ListBucket\",\n        \"s3:ListAllMyBuckets\",\n        \"s3:GetObjectAcl\",\n        \"s3:GetObject\",\n        \"s3:GetBucketLocation\",\n        \"s3:GetBucketAcl\",\n        \"s3:DeleteObject\"\n      ],\n      \"Resource\": [\n        \"arn:aws:s3:::amylum-repo/*\",\n        \"arn:aws:s3:::amylum-repo\"\n      ]\n    }\n  ]\n}",
                            "user": "s3-publish-amylum-repo"
                        },
                        "meta": {},
                        "tainted": false
                    },
                    "deposed": [],
                    "provider": "provider.aws"
                },
                "awscreds_iam_access_key.this": {
                    "type": "awscreds_iam_access_key",
                    "depends_on": [
                        "aws_iam_user.this"
                    ],
                    "primary": {
                        "id": "AKIAIBHPFX4ZQJONH54Q",
                        "attributes": {
                            "file": "creds/s3-publish-amylum-repo",
                            "id": "AKIAIBHPFX4ZQJONH54Q",
                            "secret": "",
                            "ses_smtp_password": "",
                            "status": "Active",
                            "user": "s3-publish-amylum-repo"
                        },
                        "meta": {},
                        "tainted": false
                    },
                    "deposed": [],
                    "provider": "provider.awscreds"
                },
                "data.aws_iam_policy_document.this": {
                    "type": "aws_iam_policy_document",
                    "depends_on": [],
                    "primary": {
                        "id": "1193194925",
                        "attributes": {
                            "id": "1193194925",
                            "json": "{\n  \"Version\": \"2012-10-17\",\n  \"Statement\": [\n    {\n      \"Sid\": \"\",\n      \"Effect\": \"Allow\",\n      \"Action\": [\n        \"s3:PutObject\",\n        \"s3:ListBucket\",\n        \"s3:ListAllMyBuckets\",\n        \"s3:GetObjectAcl\",\n        \"s3:GetObject\",\n        \"s3:GetBucketLocation\",\n        \"s3:GetBucketAcl\",\n        \"s3:DeleteObject\"\n      ],\n      \"Resource\": [\n        \"arn:aws:s3:::amylum-repo/*\",\n        \"arn:aws:s3:::amylum-repo\"\n      ]\n    }\n  ]\n}",
                            "statement.#": "1",
                            "statement.0.actions.#": "8",
                            "statement.0.actions.2071725391": "s3:GetObject",
                            "statement.0.actions.2517836488": "s3:GetObjectAcl",
                            "statement.0.actions.3009670498": "s3:DeleteObject",
                            "statement.0.actions.315547055": "s3:PutObject",
                            "statement.0.actions.3948445924": "s3:GetBucketLocation",
                            "statement.0.actions.486976917": "s3:ListBucket",
                            "statement.0.actions.796062918": "s3:ListAllMyBuckets",
                            "statement.0.actions.845481387": "s3:GetBucketAcl",
                            "statement.0.condition.#": "0",
                            "statement.0.effect": "Allow",
                            "statement.0.not_actions.#": "0",
                            "statement.0.not_principals.#": "0",
                            "statement.0.not_resources.#": "0",
                            "statement.0.principals.#": "0",
                            "statement.0.resources.#": "2",
                            "statement.0.resources.1673375915": "arn:aws:s3:::amylum-repo/*",
                            "statement.0.resources.2819396493": "arn:aws:s3:::amylum-repo",
                            "statement.0.sid": "",
                            "version": "2012-10-17"
                        },
                        "meta": {},
                        "tainted": false
                    },
                    "deposed": [],
                    "provider": "provider.aws"
                }
            },
            "depends_on": []
        },
        {
            "path": [
                "root",
                "hourly",
                "lambda"
            ],
            "outputs": {
                "arn": {
                    "sensitive": false,
                    "type": "string",
                    "value": "arn:aws:lambda:us-east-1:764218738161:function:hookshot_hookshot-hourly"
                },
                "invoke_arn": {
                    "sensitive": false,
                    "type": "string",
                    "value": "arn:aws:apigateway:us-east-1:lambda:path/2015-03-31/functions/arn:aws:lambda:us-east-1:764218738161:function:hookshot_hookshot-hourly/invocations"
                }
            },
            "resources": {
                "aws_iam_role.lambda": {
                    "type": "aws_iam_role",
                    "depends_on": [
                        "data.aws_iam_policy_document.trust"
                    ],
                    "primary": {
                        "id": "hookshot_hookshot-hourly",
                        "attributes": {
                            "arn": "arn:aws:iam::764218738161:role/hookshot_hookshot-hourly",
                            "assume_role_policy": "{\"Version\":\"2012-10-17\",\"Statement\":[{\"Sid\":\"\",\"Effect\":\"Allow\",\"Principal\":{\"Service\":\"lambda.amazonaws.com\"},\"Action\":\"sts:AssumeRole\"}]}",
                            "create_date": "2019-03-11T07:56:26Z",
                            "description": "",
                            "force_detach_policies": "false",
                            "id": "hookshot_hookshot-hourly",
                            "max_session_duration": "3600",
                            "name": "hookshot_hookshot-hourly",
                            "path": "/",
                            "tags.%": "0",
                            "unique_id": "AROAJWIMTGENW4VZ72QRA"
                        },
                        "meta": {},
                        "tainted": false
                    },
                    "deposed": [],
                    "provider": "provider.aws"
                },
                "aws_iam_role_policy.lambda_perms": {
                    "type": "aws_iam_role_policy",
                    "depends_on": [
                        "aws_iam_role.lambda"
                    ],
                    "primary": {
                        "id": "hookshot_hookshot-hourly:lambda_perms",
                        "attributes": {
                            "id": "hookshot_hookshot-hourly:lambda_perms",
                            "name": "lambda_perms",
                            "policy": "{\n  \"Version\": \"2012-10-17\",\n  \"Statement\": [\n    {\n      \"Sid\": \"\",\n      \"Effect\": \"Allow\",\n      \"Action\": [\n        \"s3:ListBucket\",\n        \"s3:GetObject\"\n      ],\n      \"Resource\": [\n        \"arn:aws:s3:::hookshot-hourly/*\",\n        \"arn:aws:s3:::hookshot-hourly\"\n      ]\n    },\n    {\n      \"Sid\": \"\",\n      \"Effect\": \"Allow\",\n      \"Action\": [\n        \"logs:PutLogEvents\",\n        \"logs:CreateLogStream\",\n        \"logs:CreateLogGroup\"\n      ],\n      \"Resource\": \"arn:aws:logs:*:*:*\"\n    }\n  ]\n}",
                            "role": "hookshot_hookshot-hourly"
                        },
                        "meta": {},
                        "tainted": false
                    },
                    "deposed": [],
                    "provider": "provider.aws"
                },
                "aws_lambda_function.this": {
                    "type": "aws_lambda_function",
                    "depends_on": [
                        "aws_iam_role.lambda"
                    ],
                    "primary": {
                        "id": "hookshot_hookshot-hourly",
                        "attributes": {
                            "arn": "arn:aws:lambda:us-east-1:764218738161:function:hookshot_hookshot-hourly",
                            "dead_letter_config.#": "0",
                            "description": "",
                            "environment.#": "1",
                            "environment.0.variables.%": "2",
                            "environment.0.variables.S3_BUCKET": "hookshot-hourly",
                            "environment.0.variables.S3_KEY": "config/urls",
                            "function_name": "hookshot_hookshot-hourly",
                            "handler": "main",
                            "id": "hookshot_hookshot-hourly",
                            "invoke_arn": "arn:aws:apigateway:us-east-1:lambda:path/2015-03-31/functions/arn:aws:lambda:us-east-1:764218738161:function:hookshot_hookshot-hourly/invocations",
                            "kms_key_arn": "",
                            "last_modified": "2019-03-11T07:56:38.370+0000",
                            "layers.#": "0",
                            "memory_size": "128",
                            "publish": "false",
                            "qualified_arn": "arn:aws:lambda:us-east-1:764218738161:function:hookshot_hookshot-hourly:$LATEST",
                            "reserved_concurrent_executions": "-1",
                            "role": "arn:aws:iam::764218738161:role/hookshot_hookshot-hourly",
                            "runtime": "go1.x",
                            "s3_bucket": "akerl-hookshot",
                            "s3_key": "v0.3.1.zip",
                            "source_code_hash": "+zTOKy2AMN2oGXXhILgyhF3JnNgH2ywUdfQyEGqCihI=",
                            "source_code_size": "7500875",
                            "tags.%": "0",
                            "timeout": "10",
                            "tracing_config.#": "1",
                            "tracing_config.0.mode": "PassThrough",
                            "version": "$LATEST",
                            "vpc_config.#": "0"
                        },
                        "meta": {
                            "e2bfb730-ecaa-11e6-8f88-34363bc7c4c0": {
                                "create": 600000000000
                            }
                        },
                        "tainted": false
                    },
                    "deposed": [],
                    "provider": "provider.aws"
                },
                "aws_lambda_permission.allow_source": {
                    "type": "aws_lambda_permission",
                    "depends_on": [
                        "aws_lambda_function.this"
                    ],
                    "primary": {
                        "id": "AllowExecutionFromEvents",
                        "attributes": {
                            "action": "lambda:InvokeFunction",
                            "function_name": "hookshot_hookshot-hourly",
                            "id": "AllowExecutionFromEvents",
                            "principal": "events.amazonaws.com",
                            "qualifier": "",
                            "source_arn": "arn:aws:events:us-east-1:764218738161:rule/hookshot_hookshot-hourly_cron",
                            "statement_id": "AllowExecutionFromEvents"
                        },
                        "meta": {},
                        "tainted": false
                    },
                    "deposed": [],
                    "provider": "provider.aws"
                },
                "data.aws_iam_policy_document.trust": {
                    "type": "aws_iam_policy_document",
                    "depends_on": [],
                    "primary": {
                        "id": "3693445097",
                        "attributes": {
                            "id": "3693445097",
                            "json": "{\n  \"Version\": \"2012-10-17\",\n  \"Statement\": [\n    {\n      \"Sid\": \"\",\n      \"Effect\": \"Allow\",\n      \"Action\": \"sts:AssumeRole\",\n      \"Principal\": {\n        \"Service\": \"lambda.amazonaws.com\"\n      }\n    }\n  ]\n}",
                            "statement.#": "1",
                            "statement.0.actions.#": "1",
                            "statement.0.actions.2528466339": "sts:AssumeRole",
                            "statement.0.condition.#": "0",
                            "statement.0.effect": "Allow",
                            "statement.0.not_actions.#": "0",
                            "statement.0.not_principals.#": "0",
                            "statement.0.not_resources.#": "0",
                            "statement.0.principals.#": "1",
                            "statement.0.principals.3118762561.identifiers.#": "1",
                            "statement.0.principals.3118762561.identifiers.2638019528": "lambda.amazonaws.com",
                            "statement.0.principals.3118762561.type": "Service",
                            "statement.0.resources.#": "0",
                            "statement.0.sid": "",
                            "version": "2012-10-17"
                        },
                        "meta": {},
                        "tainted": false
                    },
                    "deposed": [],
                    "provider": "provider.aws"
                }
            },
            "depends_on": []
        },
        {
            "path": [
                "root",
                "hourly",
                "publish-user"
            ],
            "outputs": {
                "publish_bucket": {
                    "sensitive": false,
                    "type": "string",
                    "value": "hookshot-hourly"
                }
            },
            "resources": {
                "aws_iam_user.this": {
                    "type": "aws_iam_user",
                    "depends_on": [],
                    "primary": {
                        "id": "s3-publish-hookshot-hourly",
                        "attributes": {
                            "arn": "arn:aws:iam::764218738161:user/s3-publish-hookshot-hourly",
                            "force_destroy": "false",
                            "id": "s3-publish-hookshot-hourly",
                            "name": "s3-publish-hookshot-hourly",
                            "path": "/",
                            "tags.%": "0",
                            "unique_id": "AIDAIN5BQMQ53H7LHSS5C"
                        },
                        "meta": {},
                        "tainted": false
                    },
                    "deposed": [],
                    "provider": "provider.aws"
                },
                "aws_iam_user_policy.this": {
                    "type": "aws_iam_user_policy",
                    "depends_on": [
                        "aws_iam_user.this",
                        "data.aws_iam_policy_document.this"
                    ],
                    "primary": {
                        "id": "s3-publish-hookshot-hourly:s3-publish",
                        "attributes": {
                            "id": "s3-publish-hookshot-hourly:s3-publish",
                            "name": "s3-publish",
                            "policy": "{\n  \"Version\": \"2012-10-17\",\n  \"Statement\": [\n    {\n      \"Sid\": \"\",\n      \"Effect\": \"Allow\",\n      \"Action\": [\n        \"s3:PutObject\",\n        \"s3:ListBucket\",\n        \"s3:ListAllMyBuckets\",\n        \"s3:GetObjectAcl\",\n        \"s3:GetObject\",\n        \"s3:GetBucketLocation\",\n        \"s3:GetBucketAcl\",\n        \"s3:DeleteObject\"\n      ],\n      \"Resource\": [\n        \"arn:aws:s3:::hookshot-hourly/*\",\n        \"arn:aws:s3:::hookshot-hourly\"\n      ]\n    }\n  ]\n}",
                            "user": "s3-publish-hookshot-hourly"
                        },
                        "meta": {},
                        "tainted": false
                    },
                    "deposed": [],
                    "provider": "provider.aws"
                },
                "aws_s3_bucket.this": {
                    "type": "aws_s3_bucket",
                    "depends_on": [],
                    "primary": {
                        "id": "hookshot-hourly",
                        "attributes": {
                            "acceleration_status": "",
                            "acl": "private",
                            "arn": "arn:aws:s3:::hookshot-hourly",
                            "bucket": "hookshot-hourly",
                            "bucket_domain_name": "hookshot-hourly.s3.amazonaws.com",
                            "bucket_regional_domain_name": "hookshot-hourly.s3.amazonaws.com",
                            "cors_rule.#": "0",
                            "force_destroy": "false",
                            "hosted_zone_id": "Z3AQBSTGFYJSTF",
                            "id": "hookshot-hourly",
                            "lifecycle_rule.#": "0",
                            "logging.#": "1",
                            "logging.3369393382.target_bucket": "akerl-s3-logs",
                            "logging.3369393382.target_prefix": "hookshot-hourly/",
                            "object_lock_configuration.#": "0",
                            "region": "us-east-1",
                            "replication_configuration.#": "0",
                            "request_payer": "BucketOwner",
                            "server_side_encryption_configuration.#": "0",
                            "tags.%": "0",
                            "versioning.#": "1",
                            "versioning.0.enabled": "true",
                            "versioning.0.mfa_delete": "false",
                            "website.#": "0"
                        },
                        "meta": {},
                        "tainted": false
                    },
                    "deposed": [],
                    "provider": "provider.aws"
                },
                "awscreds_iam_access_key.this": {
                    "type": "awscreds_iam_access_key",
                    "depends_on": [
                        "aws_iam_user.this"
                    ],
                    "primary": {
                        "id": "AKIAJQAAJJAHNOVVYGDQ",
                        "attributes": {
                            "file": "creds/s3-publish-hookshot-hourly",
                            "id": "AKIAJQAAJJAHNOVVYGDQ",
                            "secret": "",
                            "ses_smtp_password": "",
                            "status": "Active",
                            "user": "s3-publish-hookshot-hourly"
                        },
                        "meta": {},
                        "tainted": false
                    },
                    "deposed": [],
                    "provider": "provider.awscreds"
                },
                "data.aws_iam_policy_document.this": {
                    "type": "aws_iam_policy_document",
                    "depends_on": [],
                    "primary": {
                        "id": "112252553",
                        "attributes": {
                            "id": "112252553",
                            "json": "{\n  \"Version\": \"2012-10-17\",\n  \"Statement\": [\n    {\n      \"Sid\": \"\",\n      \"Effect\": \"Allow\",\n      \"Action\": [\n        \"s3:PutObject\",\n        \"s3:ListBucket\",\n        \"s3:ListAllMyBuckets\",\n        \"s3:GetObjectAcl\",\n        \"s3:GetObject\",\n        \"s3:GetBucketLocation\",\n        \"s3:GetBucketAcl\",\n        \"s3:DeleteObject\"\n      ],\n      \"Resource\": [\n        \"arn:aws:s3:::hookshot-hourly/*\",\n        \"arn:aws:s3:::hookshot-hourly\"\n      ]\n    }\n  ]\n}",
                            "statement.#": "1",
                            "statement.0.actions.#": "8",
                            "statement.0.actions.2071725391": "s3:GetObject",
                            "statement.0.actions.2517836488": "s3:GetObjectAcl",
                            "statement.0.actions.3009670498": "s3:DeleteObject",
                            "statement.0.actions.315547055": "s3:PutObject",
                            "statement.0.actions.3948445924": "s3:GetBucketLocation",
                            "statement.0.actions.486976917": "s3:ListBucket",
                            "statement.0.actions.796062918": "s3:ListAllMyBuckets",
                            "statement.0.actions.845481387": "s3:GetBucketAcl",
                            "statement.0.condition.#": "0",
                            "statement.0.effect": "Allow",
                            "statement.0.not_actions.#": "0",
                            "statement.0.not_principals.#": "0",
                            "statement.0.not_resources.#": "0",
                            "statement.0.principals.#": "0",
                            "statement.0.resources.#": "2",
                            "statement.0.resources.2756761502": "arn:aws:s3:::hookshot-hourly/*",
                            "statement.0.resources.3537643244": "arn:aws:s3:::hookshot-hourly",
                            "statement.0.sid": "",
                            "version": "2012-10-17"
                        },
                        "meta": {},
                        "tainted": false
                    },
                    "deposed": [],
                    "provider": "provider.aws"
                }
            },
            "depends_on": []
        },
        {
            "path": [
                "root",
                "akerl-books-library",
                "apigw",
                "certificate"
            ],
            "outputs": {
                "arn": {
                    "sensitive": false,
                    "type": "string",
                    "value": "arn:aws:acm:us-east-1:764218738161:certificate/92c197d6-80d3-43fe-95f4-3470c3695373"
                }
            },
            "resources": {
                "aws_acm_certificate.this": {
                    "type": "aws_acm_certificate",
                    "depends_on": [
                        "local.common_name",
                        "local.subject_alternative_names"
                    ],
                    "primary": {
                        "id": "arn:aws:acm:us-east-1:764218738161:certificate/92c197d6-80d3-43fe-95f4-3470c3695373",
                        "attributes": {
                            "arn": "arn:aws:acm:us-east-1:764218738161:certificate/92c197d6-80d3-43fe-95f4-3470c3695373",
                            "domain_name": "books.coolquotes.xyz",
                            "domain_validation_options.#": "1",
                            "domain_validation_options.0.domain_name": "books.coolquotes.xyz",
                            "domain_validation_options.0.resource_record_name": "_d3a2aca77ccecb8a511cd0b3386cad83.books.coolquotes.xyz.",
                            "domain_validation_options.0.resource_record_type": "CNAME",
                            "domain_validation_options.0.resource_record_value": "_563a90cf16eda912f6c8961df8a52e34.tljzshvwok.acm-validations.aws.",
                            "id": "arn:aws:acm:us-east-1:764218738161:certificate/92c197d6-80d3-43fe-95f4-3470c3695373",
                            "subject_alternative_names.#": "0",
                            "tags.%": "0",
                            "validation_emails.#": "0",
                            "validation_method": "DNS"
                        },
                        "meta": {},
                        "tainted": false
                    },
                    "deposed": [],
                    "provider": "provider.aws"
                },
                "aws_acm_certificate_validation.this": {
                    "type": "aws_acm_certificate_validation",
                    "depends_on": [
                        "aws_acm_certificate.this",
                        "aws_route53_record.validation.*"
                    ],
                    "primary": {
                        "id": "2019-03-10 20:06:15 +0000 UTC",
                        "attributes": {
                            "certificate_arn": "arn:aws:acm:us-east-1:764218738161:certificate/92c197d6-80d3-43fe-95f4-3470c3695373",
                            "id": "2019-03-10 20:06:15 +0000 UTC",
                            "validation_record_fqdns.#": "1",
                            "validation_record_fqdns.2816214843": "_d3a2aca77ccecb8a511cd0b3386cad83.books.coolquotes.xyz"
                        },
                        "meta": {
                            "e2bfb730-ecaa-11e6-8f88-34363bc7c4c0": {
                                "create": 2700000000000
                            }
                        },
                        "tainted": false
                    },
                    "deposed": [],
                    "provider": "provider.aws"
                },
                "aws_route53_record.validation": {
                    "type": "aws_route53_record",
                    "depends_on": [
                        "aws_acm_certificate.this",
                        "data.aws_route53_zone.parent.*"
                    ],
                    "primary": {
                        "id": "Z8OAL9XXAA49Z__d3a2aca77ccecb8a511cd0b3386cad83.books.coolquotes.xyz._CNAME",
                        "attributes": {
                            "fqdn": "_d3a2aca77ccecb8a511cd0b3386cad83.books.coolquotes.xyz",
                            "health_check_id": "",
                            "id": "Z8OAL9XXAA49Z__d3a2aca77ccecb8a511cd0b3386cad83.books.coolquotes.xyz._CNAME",
                            "name": "_d3a2aca77ccecb8a511cd0b3386cad83.books.coolquotes.xyz",
                            "records.#": "1",
                            "records.3312572196": "_563a90cf16eda912f6c8961df8a52e34.tljzshvwok.acm-validations.aws.",
                            "set_identifier": "",
                            "ttl": "60",
                            "type": "CNAME",
                            "zone_id": "Z8OAL9XXAA49Z"
                        },
                        "meta": {
                            "schema_version": "2"
                        },
                        "tainted": false
                    },
                    "deposed": [],
                    "provider": "provider.aws"
                },
                "data.aws_route53_zone.parent": {
                    "type": "aws_route53_zone",
                    "depends_on": [
                        "local.host_to_zone_regex"
                    ],
                    "primary": {
                        "id": "Z8OAL9XXAA49Z",
                        "attributes": {
                            "caller_reference": "2017-09-14T01:31:08.67890792-04:00",
                            "comment": "Managed by Terraform",
                            "id": "Z8OAL9XXAA49Z",
                            "name": "coolquotes.xyz.",
                            "name_servers.#": "4",
                            "name_servers.0": "ns-1242.awsdns-27.org",
                            "name_servers.1": "ns-477.awsdns-59.com",
                            "name_servers.2": "ns-808.awsdns-37.net",
                            "name_servers.3": "ns-1942.awsdns-50.co.uk",
                            "private_zone": "false",
                            "resource_record_set_count": "14",
                            "zone_id": "Z8OAL9XXAA49Z"
                        },
                        "meta": {},
                        "tainted": false
                    },
                    "deposed": [],
                    "provider": "provider.aws"
                }
            },
            "depends_on": []
        },
        {
            "path": [
                "root",
                "akerl-books-library",
                "apigw",
                "lambda"
            ],
            "outputs": {
                "arn": {
                    "sensitive": false,
                    "type": "string",
                    "value": "arn:aws:lambda:us-east-1:764218738161:function:madlibrarian_akerl-book-library"
                },
                "invoke_arn": {
                    "sensitive": false,
                    "type": "string",
                    "value": "arn:aws:apigateway:us-east-1:lambda:path/2015-03-31/functions/arn:aws:lambda:us-east-1:764218738161:function:madlibrarian_akerl-book-library/invocations"
                }
            },
            "resources": {
                "aws_iam_role.lambda": {
                    "type": "aws_iam_role",
                    "depends_on": [
                        "data.aws_iam_policy_document.trust"
                    ],
                    "primary": {
                        "id": "madlibrarian_akerl-book-library",
                        "attributes": {
                            "arn": "arn:aws:iam::764218738161:role/madlibrarian_akerl-book-library",
                            "assume_role_policy": "{\"Version\":\"2012-10-17\",\"Statement\":[{\"Sid\":\"\",\"Effect\":\"Allow\",\"Principal\":{\"Service\":\"lambda.amazonaws.com\"},\"Action\":\"sts:AssumeRole\"}]}",
                            "create_date": "2019-03-10T13:01:56Z",
                            "description": "",
                            "force_detach_policies": "false",
                            "id": "madlibrarian_akerl-book-library",
                            "max_session_duration": "3600",
                            "name": "madlibrarian_akerl-book-library",
                            "path": "/",
                            "tags.%": "0",
                            "unique_id": "AROAJEP6CLAXJU4MGMA44"
                        },
                        "meta": {},
                        "tainted": false
                    },
                    "deposed": [],
                    "provider": "provider.aws"
                },
                "aws_iam_role_policy.lambda_perms": {
                    "type": "aws_iam_role_policy",
                    "depends_on": [
                        "aws_iam_role.lambda"
                    ],
                    "primary": {
                        "id": "madlibrarian_akerl-book-library:lambda_perms",
                        "attributes": {
                            "id": "madlibrarian_akerl-book-library:lambda_perms",
                            "name": "lambda_perms",
                            "policy": "{\n  \"Version\": \"2012-10-17\",\n  \"Statement\": [\n    {\n      \"Sid\": \"\",\n      \"Effect\": \"Allow\",\n      \"Action\": [\n        \"s3:ListBucket\",\n        \"s3:GetObject\"\n      ],\n      \"Resource\": [\n        \"arn:aws:s3:::akerl-book-library/*\",\n        \"arn:aws:s3:::akerl-book-library-config/*\",\n        \"arn:aws:s3:::akerl-book-library-config\",\n        \"arn:aws:s3:::akerl-book-library\"\n      ]\n    },\n    {\n      \"Sid\": \"\",\n      \"Effect\": \"Allow\",\n      \"Action\": [\n        \"logs:PutLogEvents\",\n        \"logs:CreateLogStream\",\n        \"logs:CreateLogGroup\"\n      ],\n      \"Resource\": \"arn:aws:logs:*:*:*\"\n    }\n  ]\n}",
                            "role": "madlibrarian_akerl-book-library"
                        },
                        "meta": {},
                        "tainted": false
                    },
                    "deposed": [],
                    "provider": "provider.aws"
                },
                "aws_lambda_function.this": {
                    "type": "aws_lambda_function",
                    "depends_on": [
                        "aws_iam_role.lambda"
                    ],
                    "primary": {
                        "id": "madlibrarian_akerl-book-library",
                        "attributes": {
                            "arn": "arn:aws:lambda:us-east-1:764218738161:function:madlibrarian_akerl-book-library",
                            "dead_letter_config.#": "0",
                            "description": "",
                            "environment.#": "1",
                            "environment.0.variables.%": "2",
                            "environment.0.variables.S3_BUCKET": "akerl-book-library-config",
                            "environment.0.variables.S3_KEY": "config.yaml",
                            "function_name": "madlibrarian_akerl-book-library",
                            "handler": "main",
                            "id": "madlibrarian_akerl-book-library",
                            "invoke_arn": "arn:aws:apigateway:us-east-1:lambda:path/2015-03-31/functions/arn:aws:lambda:us-east-1:764218738161:function:madlibrarian_akerl-book-library/invocations",
                            "kms_key_arn": "",
                            "last_modified": "2019-03-10T18:57:26.070+0000",
                            "layers.#": "0",
                            "memory_size": "128",
                            "publish": "false",
                            "qualified_arn": "arn:aws:lambda:us-east-1:764218738161:function:madlibrarian_akerl-book-library:$LATEST",
                            "reserved_concurrent_executions": "-1",
                            "role": "arn:aws:iam::764218738161:role/madlibrarian_akerl-book-library",
                            "runtime": "go1.x",
                            "s3_bucket": "akerl-madlibrarian",
                            "s3_key": "v0.12.1.zip",
                            "source_code_hash": "e9dgBrz/pvPD7Tus+pXBBFdKI7ZPDAp6biw2vJTq1bQ=",
                            "source_code_size": "9467673",
                            "tags.%": "0",
                            "timeout": "10",
                            "tracing_config.#": "1",
                            "tracing_config.0.mode": "PassThrough",
                            "version": "$LATEST",
                            "vpc_config.#": "0"
                        },
                        "meta": {
                            "e2bfb730-ecaa-11e6-8f88-34363bc7c4c0": {
                                "create": 600000000000
                            }
                        },
                        "tainted": false
                    },
                    "deposed": [],
                    "provider": "provider.aws"
                },
                "aws_lambda_permission.allow_source": {
                    "type": "aws_lambda_permission",
                    "depends_on": [
                        "aws_lambda_function.this"
                    ],
                    "primary": {
                        "id": "AllowExecutionFromApigateway",
                        "attributes": {
                            "action": "lambda:InvokeFunction",
                            "function_name": "madlibrarian_akerl-book-library",
                            "id": "AllowExecutionFromApigateway",
                            "principal": "apigateway.amazonaws.com",
                            "qualifier": "",
                            "source_arn": "arn:aws:execute-api:us-east-1:764218738161:uece7pm8e1/*",
                            "statement_id": "AllowExecutionFromApigateway"
                        },
                        "meta": {},
                        "tainted": false
                    },
                    "deposed": [],
                    "provider": "provider.aws"
                },
                "data.aws_iam_policy_document.trust": {
                    "type": "aws_iam_policy_document",
                    "depends_on": [],
                    "primary": {
                        "id": "3693445097",
                        "attributes": {
                            "id": "3693445097",
                            "json": "{\n  \"Version\": \"2012-10-17\",\n  \"Statement\": [\n    {\n      \"Sid\": \"\",\n      \"Effect\": \"Allow\",\n      \"Action\": \"sts:AssumeRole\",\n      \"Principal\": {\n        \"Service\": \"lambda.amazonaws.com\"\n      }\n    }\n  ]\n}",
                            "statement.#": "1",
                            "statement.0.actions.#": "1",
                            "statement.0.actions.2528466339": "sts:AssumeRole",
                            "statement.0.condition.#": "0",
                            "statement.0.effect": "Allow",
                            "statement.0.not_actions.#": "0",
                            "statement.0.not_principals.#": "0",
                            "statement.0.not_resources.#": "0",
                            "statement.0.principals.#": "1",
                            "statement.0.principals.3118762561.identifiers.#": "1",
                            "statement.0.principals.3118762561.identifiers.2638019528": "lambda.amazonaws.com",
                            "statement.0.principals.3118762561.type": "Service",
                            "statement.0.resources.#": "0",
                            "statement.0.sid": "",
                            "version": "2012-10-17"
                        },
                        "meta": {},
                        "tainted": false
                    },
                    "deposed": [],
                    "provider": "provider.aws"
                }
            },
            "depends_on": []
        },
        {
            "path": [
                "root",
                "akerl-dcs-library",
                "apigw",
                "certificate"
            ],
            "outputs": {
                "arn": {
                    "sensitive": false,
                    "type": "string",
                    "value": "arn:aws:acm:us-east-1:764218738161:certificate/6c7bdabb-950f-49da-a8e0-e0c195347590"
                }
            },
            "resources": {
                "aws_acm_certificate.this": {
                    "type": "aws_acm_certificate",
                    "depends_on": [
                        "local.common_name",
                        "local.subject_alternative_names"
                    ],
                    "primary": {
                        "id": "arn:aws:acm:us-east-1:764218738161:certificate/6c7bdabb-950f-49da-a8e0-e0c195347590",
                        "attributes": {
                            "arn": "arn:aws:acm:us-east-1:764218738161:certificate/6c7bdabb-950f-49da-a8e0-e0c195347590",
                            "domain_name": "dcs.coolquotes.xyz",
                            "domain_validation_options.#": "1",
                            "domain_validation_options.0.domain_name": "dcs.coolquotes.xyz",
                            "domain_validation_options.0.resource_record_name": "_b9b94583dc89ac6fb593bb0e98125d47.dcs.coolquotes.xyz.",
                            "domain_validation_options.0.resource_record_type": "CNAME",
                            "domain_validation_options.0.resource_record_value": "_56004aa83203431310ce76ca4d5aa03e.acm-validations.aws.",
                            "id": "arn:aws:acm:us-east-1:764218738161:certificate/6c7bdabb-950f-49da-a8e0-e0c195347590",
                            "subject_alternative_names.#": "0",
                            "tags.%": "0",
                            "validation_emails.#": "0",
                            "validation_method": "DNS"
                        },
                        "meta": {},
                        "tainted": false
                    },
                    "deposed": [],
                    "provider": "provider.aws"
                },
                "aws_acm_certificate_validation.this": {
                    "type": "aws_acm_certificate_validation",
                    "depends_on": [
                        "aws_acm_certificate.this",
                        "aws_route53_record.validation.*"
                    ],
                    "primary": {
                        "id": "2019-03-10 20:23:47 +0000 UTC",
                        "attributes": {
                            "certificate_arn": "arn:aws:acm:us-east-1:764218738161:certificate/6c7bdabb-950f-49da-a8e0-e0c195347590",
                            "id": "2019-03-10 20:23:47 +0000 UTC",
                            "validation_record_fqdns.#": "1",
                            "validation_record_fqdns.931338152": "_b9b94583dc89ac6fb593bb0e98125d47.dcs.coolquotes.xyz"
                        },
                        "meta": {
                            "e2bfb730-ecaa-11e6-8f88-34363bc7c4c0": {
                                "create": 2700000000000
                            }
                        },
                        "tainted": false
                    },
                    "deposed": [],
                    "provider": "provider.aws"
                },
                "aws_route53_record.validation": {
                    "type": "aws_route53_record",
                    "depends_on": [
                        "aws_acm_certificate.this",
                        "data.aws_route53_zone.parent.*"
                    ],
                    "primary": {
                        "id": "Z8OAL9XXAA49Z__b9b94583dc89ac6fb593bb0e98125d47.dcs.coolquotes.xyz._CNAME",
                        "attributes": {
                            "fqdn": "_b9b94583dc89ac6fb593bb0e98125d47.dcs.coolquotes.xyz",
                            "health_check_id": "",
                            "id": "Z8OAL9XXAA49Z__b9b94583dc89ac6fb593bb0e98125d47.dcs.coolquotes.xyz._CNAME",
                            "name": "_b9b94583dc89ac6fb593bb0e98125d47.dcs.coolquotes.xyz",
                            "records.#": "1",
                            "records.2420866157": "_56004aa83203431310ce76ca4d5aa03e.acm-validations.aws.",
                            "set_identifier": "",
                            "ttl": "60",
                            "type": "CNAME",
                            "zone_id": "Z8OAL9XXAA49Z"
                        },
                        "meta": {
                            "schema_version": "2"
                        },
                        "tainted": false
                    },
                    "deposed": [],
                    "provider": "provider.aws"
                },
                "data.aws_route53_zone.parent": {
                    "type": "aws_route53_zone",
                    "depends_on": [
                        "local.host_to_zone_regex"
                    ],
                    "primary": {
                        "id": "Z8OAL9XXAA49Z",
                        "attributes": {
                            "caller_reference": "2017-09-14T01:31:08.67890792-04:00",
                            "comment": "Managed by Terraform",
                            "id": "Z8OAL9XXAA49Z",
                            "name": "coolquotes.xyz.",
                            "name_servers.#": "4",
                            "name_servers.0": "ns-1242.awsdns-27.org",
                            "name_servers.1": "ns-477.awsdns-59.com",
                            "name_servers.2": "ns-808.awsdns-37.net",
                            "name_servers.3": "ns-1942.awsdns-50.co.uk",
                            "private_zone": "false",
                            "resource_record_set_count": "14",
                            "zone_id": "Z8OAL9XXAA49Z"
                        },
                        "meta": {},
                        "tainted": false
                    },
                    "deposed": [],
                    "provider": "provider.aws"
                }
            },
            "depends_on": []
        },
        {
            "path": [
                "root",
                "akerl-dcs-library",
                "apigw",
                "lambda"
            ],
            "outputs": {
                "arn": {
                    "sensitive": false,
                    "type": "string",
                    "value": "arn:aws:lambda:us-east-1:764218738161:function:madlibrarian_akerl-dcs-library"
                },
                "invoke_arn": {
                    "sensitive": false,
                    "type": "string",
                    "value": "arn:aws:apigateway:us-east-1:lambda:path/2015-03-31/functions/arn:aws:lambda:us-east-1:764218738161:function:madlibrarian_akerl-dcs-library/invocations"
                }
            },
            "resources": {
                "aws_iam_role.lambda": {
                    "type": "aws_iam_role",
                    "depends_on": [
                        "data.aws_iam_policy_document.trust"
                    ],
                    "primary": {
                        "id": "madlibrarian_akerl-dcs-library",
                        "attributes": {
                            "arn": "arn:aws:iam::764218738161:role/madlibrarian_akerl-dcs-library",
                            "assume_role_policy": "{\"Version\":\"2012-10-17\",\"Statement\":[{\"Sid\":\"\",\"Effect\":\"Allow\",\"Principal\":{\"Service\":\"lambda.amazonaws.com\"},\"Action\":\"sts:AssumeRole\"}]}",
                            "create_date": "2019-03-10T13:01:05Z",
                            "description": "",
                            "force_detach_policies": "false",
                            "id": "madlibrarian_akerl-dcs-library",
                            "max_session_duration": "3600",
                            "name": "madlibrarian_akerl-dcs-library",
                            "path": "/",
                            "tags.%": "0",
                            "unique_id": "AROAJTQS3OCBCCFJBSKAM"
                        },
                        "meta": {},
                        "tainted": false
                    },
                    "deposed": [],
                    "provider": "provider.aws"
                },
                "aws_iam_role_policy.lambda_perms": {
                    "type": "aws_iam_role_policy",
                    "depends_on": [
                        "aws_iam_role.lambda"
                    ],
                    "primary": {
                        "id": "madlibrarian_akerl-dcs-library:lambda_perms",
                        "attributes": {
                            "id": "madlibrarian_akerl-dcs-library:lambda_perms",
                            "name": "lambda_perms",
                            "policy": "{\n  \"Version\": \"2012-10-17\",\n  \"Statement\": [\n    {\n      \"Sid\": \"\",\n      \"Effect\": \"Allow\",\n      \"Action\": [\n        \"s3:ListBucket\",\n        \"s3:GetObject\"\n      ],\n      \"Resource\": [\n        \"arn:aws:s3:::akerl-dcs-library/*\",\n        \"arn:aws:s3:::akerl-dcs-library-config/*\",\n        \"arn:aws:s3:::akerl-dcs-library-config\",\n        \"arn:aws:s3:::akerl-dcs-library\"\n      ]\n    },\n    {\n      \"Sid\": \"\",\n      \"Effect\": \"Allow\",\n      \"Action\": [\n        \"logs:PutLogEvents\",\n        \"logs:CreateLogStream\",\n        \"logs:CreateLogGroup\"\n      ],\n      \"Resource\": \"arn:aws:logs:*:*:*\"\n    }\n  ]\n}",
                            "role": "madlibrarian_akerl-dcs-library"
                        },
                        "meta": {},
                        "tainted": false
                    },
                    "deposed": [],
                    "provider": "provider.aws"
                },
                "aws_lambda_function.this": {
                    "type": "aws_lambda_function",
                    "depends_on": [
                        "aws_iam_role.lambda"
                    ],
                    "primary": {
                        "id": "madlibrarian_akerl-dcs-library",
                        "attributes": {
                            "arn": "arn:aws:lambda:us-east-1:764218738161:function:madlibrarian_akerl-dcs-library",
                            "dead_letter_config.#": "0",
                            "description": "",
                            "environment.#": "1",
                            "environment.0.variables.%": "2",
                            "environment.0.variables.S3_BUCKET": "akerl-dcs-library-config",
                            "environment.0.variables.S3_KEY": "config.yaml",
                            "function_name": "madlibrarian_akerl-dcs-library",
                            "handler": "main",
                            "id": "madlibrarian_akerl-dcs-library",
                            "invoke_arn": "arn:aws:apigateway:us-east-1:lambda:path/2015-03-31/functions/arn:aws:lambda:us-east-1:764218738161:function:madlibrarian_akerl-dcs-library/invocations",
                            "kms_key_arn": "",
                            "last_modified": "2019-03-10T18:57:27.102+0000",
                            "layers.#": "0",
                            "memory_size": "128",
                            "publish": "false",
                            "qualified_arn": "arn:aws:lambda:us-east-1:764218738161:function:madlibrarian_akerl-dcs-library:$LATEST",
                            "reserved_concurrent_executions": "-1",
                            "role": "arn:aws:iam::764218738161:role/madlibrarian_akerl-dcs-library",
                            "runtime": "go1.x",
                            "s3_bucket": "akerl-madlibrarian",
                            "s3_key": "v0.12.1.zip",
                            "source_code_hash": "e9dgBrz/pvPD7Tus+pXBBFdKI7ZPDAp6biw2vJTq1bQ=",
                            "source_code_size": "9467673",
                            "tags.%": "0",
                            "timeout": "10",
                            "tracing_config.#": "1",
                            "tracing_config.0.mode": "PassThrough",
                            "version": "$LATEST",
                            "vpc_config.#": "0"
                        },
                        "meta": {
                            "e2bfb730-ecaa-11e6-8f88-34363bc7c4c0": {
                                "create": 600000000000
                            }
                        },
                        "tainted": false
                    },
                    "deposed": [],
                    "provider": "provider.aws"
                },
                "aws_lambda_permission.allow_source": {
                    "type": "aws_lambda_permission",
                    "depends_on": [
                        "aws_lambda_function.this"
                    ],
                    "primary": {
                        "id": "AllowExecutionFromApigateway",
                        "attributes": {
                            "action": "lambda:InvokeFunction",
                            "function_name": "madlibrarian_akerl-dcs-library",
                            "id": "AllowExecutionFromApigateway",
                            "principal": "apigateway.amazonaws.com",
                            "qualifier": "",
                            "source_arn": "arn:aws:execute-api:us-east-1:764218738161:xo2l31ffu6/*",
                            "statement_id": "AllowExecutionFromApigateway"
                        },
                        "meta": {},
                        "tainted": false
                    },
                    "deposed": [],
                    "provider": "provider.aws"
                },
                "data.aws_iam_policy_document.trust": {
                    "type": "aws_iam_policy_document",
                    "depends_on": [],
                    "primary": {
                        "id": "3693445097",
                        "attributes": {
                            "id": "3693445097",
                            "json": "{\n  \"Version\": \"2012-10-17\",\n  \"Statement\": [\n    {\n      \"Sid\": \"\",\n      \"Effect\": \"Allow\",\n      \"Action\": \"sts:AssumeRole\",\n      \"Principal\": {\n        \"Service\": \"lambda.amazonaws.com\"\n      }\n    }\n  ]\n}",
                            "statement.#": "1",
                            "statement.0.actions.#": "1",
                            "statement.0.actions.2528466339": "sts:AssumeRole",
                            "statement.0.condition.#": "0",
                            "statement.0.effect": "Allow",
                            "statement.0.not_actions.#": "0",
                            "statement.0.not_principals.#": "0",
                            "statement.0.not_resources.#": "0",
                            "statement.0.principals.#": "1",
                            "statement.0.principals.3118762561.identifiers.#": "1",
                            "statement.0.principals.3118762561.identifiers.2638019528": "lambda.amazonaws.com",
                            "statement.0.principals.3118762561.type": "Service",
                            "statement.0.resources.#": "0",
                            "statement.0.sid": "",
                            "version": "2012-10-17"
                        },
                        "meta": {},
                        "tainted": false
                    },
                    "deposed": [],
                    "provider": "provider.aws"
                }
            },
            "depends_on": []
        },
        {
            "path": [
                "root",
                "akerl-hf-library",
                "apigw",
                "certificate"
            ],
            "outputs": {
                "arn": {
                    "sensitive": false,
                    "type": "string",
                    "value": "arn:aws:acm:us-east-1:764218738161:certificate/98551727-a130-4bb4-adf5-52fcc90965c9"
                }
            },
            "resources": {
                "aws_acm_certificate.this": {
                    "type": "aws_acm_certificate",
                    "depends_on": [
                        "local.common_name",
                        "local.subject_alternative_names"
                    ],
                    "primary": {
                        "id": "arn:aws:acm:us-east-1:764218738161:certificate/98551727-a130-4bb4-adf5-52fcc90965c9",
                        "attributes": {
                            "arn": "arn:aws:acm:us-east-1:764218738161:certificate/98551727-a130-4bb4-adf5-52fcc90965c9",
                            "domain_name": "hf.coolquotes.xyz",
                            "domain_validation_options.#": "1",
                            "domain_validation_options.0.domain_name": "hf.coolquotes.xyz",
                            "domain_validation_options.0.resource_record_name": "_07033cb570a16d1ddd2b732082db6da6.hf.coolquotes.xyz.",
                            "domain_validation_options.0.resource_record_type": "CNAME",
                            "domain_validation_options.0.resource_record_value": "_6201fd67c88310e732107f603f461fd1.acm-validations.aws.",
                            "id": "arn:aws:acm:us-east-1:764218738161:certificate/98551727-a130-4bb4-adf5-52fcc90965c9",
                            "subject_alternative_names.#": "0",
                            "tags.%": "0",
                            "validation_emails.#": "0",
                            "validation_method": "DNS"
                        },
                        "meta": {},
                        "tainted": false
                    },
                    "deposed": [],
                    "provider": "provider.aws"
                },
                "aws_acm_certificate_validation.this": {
                    "type": "aws_acm_certificate_validation",
                    "depends_on": [
                        "aws_acm_certificate.this",
                        "aws_route53_record.validation.*"
                    ],
                    "primary": {
                        "id": "2019-03-10 20:07:24 +0000 UTC",
                        "attributes": {
                            "certificate_arn": "arn:aws:acm:us-east-1:764218738161:certificate/98551727-a130-4bb4-adf5-52fcc90965c9",
                            "id": "2019-03-10 20:07:24 +0000 UTC",
                            "validation_record_fqdns.#": "1",
                            "validation_record_fqdns.567843406": "_07033cb570a16d1ddd2b732082db6da6.hf.coolquotes.xyz"
                        },
                        "meta": {
                            "e2bfb730-ecaa-11e6-8f88-34363bc7c4c0": {
                                "create": 2700000000000
                            }
                        },
                        "tainted": false
                    },
                    "deposed": [],
                    "provider": "provider.aws"
                },
                "aws_route53_record.validation": {
                    "type": "aws_route53_record",
                    "depends_on": [
                        "aws_acm_certificate.this",
                        "data.aws_route53_zone.parent.*"
                    ],
                    "primary": {
                        "id": "Z8OAL9XXAA49Z__07033cb570a16d1ddd2b732082db6da6.hf.coolquotes.xyz._CNAME",
                        "attributes": {
                            "fqdn": "_07033cb570a16d1ddd2b732082db6da6.hf.coolquotes.xyz",
                            "health_check_id": "",
                            "id": "Z8OAL9XXAA49Z__07033cb570a16d1ddd2b732082db6da6.hf.coolquotes.xyz._CNAME",
                            "name": "_07033cb570a16d1ddd2b732082db6da6.hf.coolquotes.xyz",
                            "records.#": "1",
                            "records.2146496206": "_6201fd67c88310e732107f603f461fd1.acm-validations.aws.",
                            "set_identifier": "",
                            "ttl": "60",
                            "type": "CNAME",
                            "zone_id": "Z8OAL9XXAA49Z"
                        },
                        "meta": {
                            "schema_version": "2"
                        },
                        "tainted": false
                    },
                    "deposed": [],
                    "provider": "provider.aws"
                },
                "data.aws_route53_zone.parent": {
                    "type": "aws_route53_zone",
                    "depends_on": [
                        "local.host_to_zone_regex"
                    ],
                    "primary": {
                        "id": "Z8OAL9XXAA49Z",
                        "attributes": {
                            "caller_reference": "2017-09-14T01:31:08.67890792-04:00",
                            "comment": "Managed by Terraform",
                            "id": "Z8OAL9XXAA49Z",
                            "name": "coolquotes.xyz.",
                            "name_servers.#": "4",
                            "name_servers.0": "ns-1242.awsdns-27.org",
                            "name_servers.1": "ns-477.awsdns-59.com",
                            "name_servers.2": "ns-808.awsdns-37.net",
                            "name_servers.3": "ns-1942.awsdns-50.co.uk",
                            "private_zone": "false",
                            "resource_record_set_count": "14",
                            "zone_id": "Z8OAL9XXAA49Z"
                        },
                        "meta": {},
                        "tainted": false
                    },
                    "deposed": [],
                    "provider": "provider.aws"
                }
            },
            "depends_on": []
        },
        {
            "path": [
                "root",
                "akerl-hf-library",
                "apigw",
                "lambda"
            ],
            "outputs": {
                "arn": {
                    "sensitive": false,
                    "type": "string",
                    "value": "arn:aws:lambda:us-east-1:764218738161:function:madlibrarian_akerl-hf-library"
                },
                "invoke_arn": {
                    "sensitive": false,
                    "type": "string",
                    "value": "arn:aws:apigateway:us-east-1:lambda:path/2015-03-31/functions/arn:aws:lambda:us-east-1:764218738161:function:madlibrarian_akerl-hf-library/invocations"
                }
            },
            "resources": {
                "aws_iam_role.lambda": {
                    "type": "aws_iam_role",
                    "depends_on": [
                        "data.aws_iam_policy_document.trust"
                    ],
                    "primary": {
                        "id": "madlibrarian_akerl-hf-library",
                        "attributes": {
                            "arn": "arn:aws:iam::764218738161:role/madlibrarian_akerl-hf-library",
                            "assume_role_policy": "{\"Version\":\"2012-10-17\",\"Statement\":[{\"Sid\":\"\",\"Effect\":\"Allow\",\"Principal\":{\"Service\":\"lambda.amazonaws.com\"},\"Action\":\"sts:AssumeRole\"}]}",
                            "create_date": "2019-03-10T13:00:56Z",
                            "description": "",
                            "force_detach_policies": "false",
                            "id": "madlibrarian_akerl-hf-library",
                            "max_session_duration": "3600",
                            "name": "madlibrarian_akerl-hf-library",
                            "path": "/",
                            "tags.%": "0",
                            "unique_id": "AROAI7AEOKR4WVEDLENRA"
                        },
                        "meta": {},
                        "tainted": false
                    },
                    "deposed": [],
                    "provider": "provider.aws"
                },
                "aws_iam_role_policy.lambda_perms": {
                    "type": "aws_iam_role_policy",
                    "depends_on": [
                        "aws_iam_role.lambda"
                    ],
                    "primary": {
                        "id": "madlibrarian_akerl-hf-library:lambda_perms",
                        "attributes": {
                            "id": "madlibrarian_akerl-hf-library:lambda_perms",
                            "name": "lambda_perms",
                            "policy": "{\n  \"Version\": \"2012-10-17\",\n  \"Statement\": [\n    {\n      \"Sid\": \"\",\n      \"Effect\": \"Allow\",\n      \"Action\": [\n        \"s3:ListBucket\",\n        \"s3:GetObject\"\n      ],\n      \"Resource\": [\n        \"arn:aws:s3:::akerl-hf-library/*\",\n        \"arn:aws:s3:::akerl-hf-library-config/*\",\n        \"arn:aws:s3:::akerl-hf-library-config\",\n        \"arn:aws:s3:::akerl-hf-library\"\n      ]\n    },\n    {\n      \"Sid\": \"\",\n      \"Effect\": \"Allow\",\n      \"Action\": [\n        \"logs:PutLogEvents\",\n        \"logs:CreateLogStream\",\n        \"logs:CreateLogGroup\"\n      ],\n      \"Resource\": \"arn:aws:logs:*:*:*\"\n    }\n  ]\n}",
                            "role": "madlibrarian_akerl-hf-library"
                        },
                        "meta": {},
                        "tainted": false
                    },
                    "deposed": [],
                    "provider": "provider.aws"
                },
                "aws_lambda_function.this": {
                    "type": "aws_lambda_function",
                    "depends_on": [
                        "aws_iam_role.lambda"
                    ],
                    "primary": {
                        "id": "madlibrarian_akerl-hf-library",
                        "attributes": {
                            "arn": "arn:aws:lambda:us-east-1:764218738161:function:madlibrarian_akerl-hf-library",
                            "dead_letter_config.#": "0",
                            "description": "",
                            "environment.#": "1",
                            "environment.0.variables.%": "2",
                            "environment.0.variables.S3_BUCKET": "akerl-hf-library-config",
                            "environment.0.variables.S3_KEY": "config.yaml",
                            "function_name": "madlibrarian_akerl-hf-library",
                            "handler": "main",
                            "id": "madlibrarian_akerl-hf-library",
                            "invoke_arn": "arn:aws:apigateway:us-east-1:lambda:path/2015-03-31/functions/arn:aws:lambda:us-east-1:764218738161:function:madlibrarian_akerl-hf-library/invocations",
                            "kms_key_arn": "",
                            "last_modified": "2019-03-10T18:57:27.799+0000",
                            "layers.#": "0",
                            "memory_size": "128",
                            "publish": "false",
                            "qualified_arn": "arn:aws:lambda:us-east-1:764218738161:function:madlibrarian_akerl-hf-library:$LATEST",
                            "reserved_concurrent_executions": "-1",
                            "role": "arn:aws:iam::764218738161:role/madlibrarian_akerl-hf-library",
                            "runtime": "go1.x",
                            "s3_bucket": "akerl-madlibrarian",
                            "s3_key": "v0.12.1.zip",
                            "source_code_hash": "e9dgBrz/pvPD7Tus+pXBBFdKI7ZPDAp6biw2vJTq1bQ=",
                            "source_code_size": "9467673",
                            "tags.%": "0",
                            "timeout": "10",
                            "tracing_config.#": "1",
                            "tracing_config.0.mode": "PassThrough",
                            "version": "$LATEST",
                            "vpc_config.#": "0"
                        },
                        "meta": {
                            "e2bfb730-ecaa-11e6-8f88-34363bc7c4c0": {
                                "create": 600000000000
                            }
                        },
                        "tainted": false
                    },
                    "deposed": [],
                    "provider": "provider.aws"
                },
                "aws_lambda_permission.allow_source": {
                    "type": "aws_lambda_permission",
                    "depends_on": [
                        "aws_lambda_function.this"
                    ],
                    "primary": {
                        "id": "AllowExecutionFromApigateway",
                        "attributes": {
                            "action": "lambda:InvokeFunction",
                            "function_name": "madlibrarian_akerl-hf-library",
                            "id": "AllowExecutionFromApigateway",
                            "principal": "apigateway.amazonaws.com",
                            "qualifier": "",
                            "source_arn": "arn:aws:execute-api:us-east-1:764218738161:n18e5mjr47/*",
                            "statement_id": "AllowExecutionFromApigateway"
                        },
                        "meta": {},
                        "tainted": false
                    },
                    "deposed": [],
                    "provider": "provider.aws"
                },
                "data.aws_iam_policy_document.trust": {
                    "type": "aws_iam_policy_document",
                    "depends_on": [],
                    "primary": {
                        "id": "3693445097",
                        "attributes": {
                            "id": "3693445097",
                            "json": "{\n  \"Version\": \"2012-10-17\",\n  \"Statement\": [\n    {\n      \"Sid\": \"\",\n      \"Effect\": \"Allow\",\n      \"Action\": \"sts:AssumeRole\",\n      \"Principal\": {\n        \"Service\": \"lambda.amazonaws.com\"\n      }\n    }\n  ]\n}",
                            "statement.#": "1",
                            "statement.0.actions.#": "1",
                            "statement.0.actions.2528466339": "sts:AssumeRole",
                            "statement.0.condition.#": "0",
                            "statement.0.effect": "Allow",
                            "statement.0.not_actions.#": "0",
                            "statement.0.not_principals.#": "0",
                            "statement.0.not_resources.#": "0",
                            "statement.0.principals.#": "1",
                            "statement.0.principals.3118762561.identifiers.#": "1",
                            "statement.0.principals.3118762561.identifiers.2638019528": "lambda.amazonaws.com",
                            "statement.0.principals.3118762561.type": "Service",
                            "statement.0.resources.#": "0",
                            "statement.0.sid": "",
                            "version": "2012-10-17"
                        },
                        "meta": {},
                        "tainted": false
                    },
                    "deposed": [],
                    "provider": "provider.aws"
                }
            },
            "depends_on": []
        },
        {
            "path": [
                "root",
                "akerl-private-auth",
                "apigw",
                "certificate"
            ],
            "outputs": {
                "arn": {
                    "sensitive": false,
                    "type": "string",
                    "value": "arn:aws:acm:us-east-1:764218738161:certificate/30ceb698-c24b-4d97-90f9-5b62caa50c13"
                }
            },
            "resources": {
                "aws_acm_certificate.this": {
                    "type": "aws_acm_certificate",
                    "depends_on": [
                        "local.common_name",
                        "local.subject_alternative_names"
                    ],
                    "primary": {
                        "id": "arn:aws:acm:us-east-1:764218738161:certificate/30ceb698-c24b-4d97-90f9-5b62caa50c13",
                        "attributes": {
                            "arn": "arn:aws:acm:us-east-1:764218738161:certificate/30ceb698-c24b-4d97-90f9-5b62caa50c13",
                            "domain_name": "auth.scrtybybscrty.org",
                            "domain_validation_options.#": "1",
                            "domain_validation_options.0.domain_name": "auth.scrtybybscrty.org",
                            "domain_validation_options.0.resource_record_name": "_22e5488387058ded1122f7d8bc4f2eaf.auth.scrtybybscrty.org.",
                            "domain_validation_options.0.resource_record_type": "CNAME",
                            "domain_validation_options.0.resource_record_value": "_f558860ed57eaf6d06c892b8d0b0cbfc.hkvuiqjoua.acm-validations.aws.",
                            "id": "arn:aws:acm:us-east-1:764218738161:certificate/30ceb698-c24b-4d97-90f9-5b62caa50c13",
                            "subject_alternative_names.#": "0",
                            "tags.%": "0",
                            "validation_emails.#": "0",
                            "validation_method": "DNS"
                        },
                        "meta": {},
                        "tainted": false
                    },
                    "deposed": [],
                    "provider": "provider.aws"
                },
                "aws_acm_certificate_validation.this": {
                    "type": "aws_acm_certificate_validation",
                    "depends_on": [
                        "aws_acm_certificate.this",
                        "aws_route53_record.validation.*"
                    ],
                    "primary": {
                        "id": "2019-03-10 13:02:05 +0000 UTC",
                        "attributes": {
                            "certificate_arn": "arn:aws:acm:us-east-1:764218738161:certificate/30ceb698-c24b-4d97-90f9-5b62caa50c13",
                            "id": "2019-03-10 13:02:05 +0000 UTC",
                            "validation_record_fqdns.#": "1",
                            "validation_record_fqdns.193358725": "_22e5488387058ded1122f7d8bc4f2eaf.auth.scrtybybscrty.org"
                        },
                        "meta": {
                            "e2bfb730-ecaa-11e6-8f88-34363bc7c4c0": {
                                "create": 2700000000000
                            }
                        },
                        "tainted": false
                    },
                    "deposed": [],
                    "provider": "provider.aws"
                },
                "aws_route53_record.validation": {
                    "type": "aws_route53_record",
                    "depends_on": [
                        "aws_acm_certificate.this",
                        "data.aws_route53_zone.parent.*"
                    ],
                    "primary": {
                        "id": "Z11UY811DI2S1K__22e5488387058ded1122f7d8bc4f2eaf.auth.scrtybybscrty.org._CNAME",
                        "attributes": {
                            "fqdn": "_22e5488387058ded1122f7d8bc4f2eaf.auth.scrtybybscrty.org",
                            "health_check_id": "",
                            "id": "Z11UY811DI2S1K__22e5488387058ded1122f7d8bc4f2eaf.auth.scrtybybscrty.org._CNAME",
                            "name": "_22e5488387058ded1122f7d8bc4f2eaf.auth.scrtybybscrty.org",
                            "records.#": "1",
                            "records.3748849360": "_f558860ed57eaf6d06c892b8d0b0cbfc.hkvuiqjoua.acm-validations.aws.",
                            "set_identifier": "",
                            "ttl": "60",
                            "type": "CNAME",
                            "zone_id": "Z11UY811DI2S1K"
                        },
                        "meta": {
                            "schema_version": "2"
                        },
                        "tainted": false
                    },
                    "deposed": [],
                    "provider": "provider.aws"
                },
                "data.aws_route53_zone.parent": {
                    "type": "aws_route53_zone",
                    "depends_on": [
                        "local.host_to_zone_regex"
                    ],
                    "primary": {
                        "id": "Z11UY811DI2S1K",
                        "attributes": {
                            "caller_reference": "2016-09-14T19:18:10.523044235-04:00",
                            "comment": "Managed by Terraform",
                            "id": "Z11UY811DI2S1K",
                            "name": "scrtybybscrty.org.",
                            "name_servers.#": "4",
                            "name_servers.0": "ns-1242.awsdns-27.org",
                            "name_servers.1": "ns-477.awsdns-59.com",
                            "name_servers.2": "ns-808.awsdns-37.net",
                            "name_servers.3": "ns-1942.awsdns-50.co.uk",
                            "private_zone": "false",
                            "resource_record_set_count": "20",
                            "zone_id": "Z11UY811DI2S1K"
                        },
                        "meta": {},
                        "tainted": false
                    },
                    "deposed": [],
                    "provider": "provider.aws"
                }
            },
            "depends_on": []
        },
        {
            "path": [
                "root",
                "akerl-private-auth",
                "apigw",
                "lambda"
            ],
            "outputs": {
                "arn": {
                    "sensitive": false,
                    "type": "string",
                    "value": "arn:aws:lambda:us-east-1:764218738161:function:githubauth-akerl-private-auth"
                },
                "invoke_arn": {
                    "sensitive": false,
                    "type": "string",
                    "value": "arn:aws:apigateway:us-east-1:lambda:path/2015-03-31/functions/arn:aws:lambda:us-east-1:764218738161:function:githubauth-akerl-private-auth/invocations"
                }
            },
            "resources": {
                "aws_iam_role.lambda": {
                    "type": "aws_iam_role",
                    "depends_on": [
                        "data.aws_iam_policy_document.trust"
                    ],
                    "primary": {
                        "id": "githubauth-akerl-private-auth",
                        "attributes": {
                            "arn": "arn:aws:iam::764218738161:role/githubauth-akerl-private-auth",
                            "assume_role_policy": "{\"Version\":\"2012-10-17\",\"Statement\":[{\"Sid\":\"\",\"Effect\":\"Allow\",\"Principal\":{\"Service\":\"lambda.amazonaws.com\"},\"Action\":\"sts:AssumeRole\"}]}",
                            "create_date": "2019-03-10T13:00:56Z",
                            "description": "",
                            "force_detach_policies": "false",
                            "id": "githubauth-akerl-private-auth",
                            "max_session_duration": "3600",
                            "name": "githubauth-akerl-private-auth",
                            "path": "/",
                            "tags.%": "0",
                            "unique_id": "AROAJDUNEFGCFNQRPIZIE"
                        },
                        "meta": {},
                        "tainted": false
                    },
                    "deposed": [],
                    "provider": "provider.aws"
                },
                "aws_iam_role_policy.lambda_perms": {
                    "type": "aws_iam_role_policy",
                    "depends_on": [
                        "aws_iam_role.lambda"
                    ],
                    "primary": {
                        "id": "githubauth-akerl-private-auth:lambda_perms",
                        "attributes": {
                            "id": "githubauth-akerl-private-auth:lambda_perms",
                            "name": "lambda_perms",
                            "policy": "{\n  \"Version\": \"2012-10-17\",\n  \"Statement\": [\n    {\n      \"Sid\": \"\",\n      \"Effect\": \"Allow\",\n      \"Action\": [\n        \"s3:ListBucket\",\n        \"s3:GetObject\"\n      ],\n      \"Resource\": [\n        \"arn:aws:s3:::akerl-private-auth/*\",\n        \"arn:aws:s3:::akerl-private-auth\"\n      ]\n    },\n    {\n      \"Sid\": \"\",\n      \"Effect\": \"Allow\",\n      \"Action\": [\n        \"logs:PutLogEvents\",\n        \"logs:CreateLogStream\",\n        \"logs:CreateLogGroup\"\n      ],\n      \"Resource\": \"arn:aws:logs:*:*:*\"\n    }\n  ]\n}",
                            "role": "githubauth-akerl-private-auth"
                        },
                        "meta": {},
                        "tainted": false
                    },
                    "deposed": [],
                    "provider": "provider.aws"
                },
                "aws_lambda_function.this": {
                    "type": "aws_lambda_function",
                    "depends_on": [
                        "aws_iam_role.lambda"
                    ],
                    "primary": {
                        "id": "githubauth-akerl-private-auth",
                        "attributes": {
                            "arn": "arn:aws:lambda:us-east-1:764218738161:function:githubauth-akerl-private-auth",
                            "dead_letter_config.#": "0",
                            "description": "",
                            "environment.#": "1",
                            "environment.0.variables.%": "2",
                            "environment.0.variables.S3_BUCKET": "akerl-private-auth",
                            "environment.0.variables.S3_KEY": "config.yaml",
                            "function_name": "githubauth-akerl-private-auth",
                            "handler": "main",
                            "id": "githubauth-akerl-private-auth",
                            "invoke_arn": "arn:aws:apigateway:us-east-1:lambda:path/2015-03-31/functions/arn:aws:lambda:us-east-1:764218738161:function:githubauth-akerl-private-auth/invocations",
                            "kms_key_arn": "",
                            "last_modified": "2019-03-10T18:57:26.000+0000",
                            "layers.#": "0",
                            "memory_size": "128",
                            "publish": "false",
                            "qualified_arn": "arn:aws:lambda:us-east-1:764218738161:function:githubauth-akerl-private-auth:$LATEST",
                            "reserved_concurrent_executions": "-1",
                            "role": "arn:aws:iam::764218738161:role/githubauth-akerl-private-auth",
                            "runtime": "go1.x",
                            "s3_bucket": "akerl-githubauthlambda",
                            "s3_key": "v0.1.1.zip",
                            "source_code_hash": "yAaKB3u0l+4+rLu3zkB6GS63eVtwB4ihWoqGLolK6yE=",
                            "source_code_size": "8612589",
                            "tags.%": "0",
                            "timeout": "10",
                            "tracing_config.#": "1",
                            "tracing_config.0.mode": "PassThrough",
                            "version": "$LATEST",
                            "vpc_config.#": "0"
                        },
                        "meta": {
                            "e2bfb730-ecaa-11e6-8f88-34363bc7c4c0": {
                                "create": 600000000000
                            }
                        },
                        "tainted": false
                    },
                    "deposed": [],
                    "provider": "provider.aws"
                },
                "aws_lambda_permission.allow_source": {
                    "type": "aws_lambda_permission",
                    "depends_on": [
                        "aws_lambda_function.this"
                    ],
                    "primary": {
                        "id": "AllowExecutionFromApigateway",
                        "attributes": {
                            "action": "lambda:InvokeFunction",
                            "function_name": "githubauth-akerl-private-auth",
                            "id": "AllowExecutionFromApigateway",
                            "principal": "apigateway.amazonaws.com",
                            "qualifier": "",
                            "source_arn": "arn:aws:execute-api:us-east-1:764218738161:4xnfyez9g1/*",
                            "statement_id": "AllowExecutionFromApigateway"
                        },
                        "meta": {},
                        "tainted": false
                    },
                    "deposed": [],
                    "provider": "provider.aws"
                },
                "data.aws_iam_policy_document.trust": {
                    "type": "aws_iam_policy_document",
                    "depends_on": [],
                    "primary": {
                        "id": "3693445097",
                        "attributes": {
                            "id": "3693445097",
                            "json": "{\n  \"Version\": \"2012-10-17\",\n  \"Statement\": [\n    {\n      \"Sid\": \"\",\n      \"Effect\": \"Allow\",\n      \"Action\": \"sts:AssumeRole\",\n      \"Principal\": {\n        \"Service\": \"lambda.amazonaws.com\"\n      }\n    }\n  ]\n}",
                            "statement.#": "1",
                            "statement.0.actions.#": "1",
                            "statement.0.actions.2528466339": "sts:AssumeRole",
                            "statement.0.condition.#": "0",
                            "statement.0.effect": "Allow",
                            "statement.0.not_actions.#": "0",
                            "statement.0.not_principals.#": "0",
                            "statement.0.not_resources.#": "0",
                            "statement.0.principals.#": "1",
                            "statement.0.principals.3118762561.identifiers.#": "1",
                            "statement.0.principals.3118762561.identifiers.2638019528": "lambda.amazonaws.com",
                            "statement.0.principals.3118762561.type": "Service",
                            "statement.0.resources.#": "0",
                            "statement.0.sid": "",
                            "version": "2012-10-17"
                        },
                        "meta": {},
                        "tainted": false
                    },
                    "deposed": [],
                    "provider": "provider.aws"
                }
            },
            "depends_on": []
        },
        {
            "path": [
                "root",
                "akerl-private-files",
                "apigw",
                "certificate"
            ],
            "outputs": {
                "arn": {
                    "sensitive": false,
                    "type": "string",
                    "value": "arn:aws:acm:us-east-1:764218738161:certificate/d06fcfaf-7f0a-499c-b300-9e973cf3ad1e"
                }
            },
            "resources": {
                "aws_acm_certificate.this": {
                    "type": "aws_acm_certificate",
                    "depends_on": [
                        "local.common_name",
                        "local.subject_alternative_names"
                    ],
                    "primary": {
                        "id": "arn:aws:acm:us-east-1:764218738161:certificate/d06fcfaf-7f0a-499c-b300-9e973cf3ad1e",
                        "attributes": {
                            "arn": "arn:aws:acm:us-east-1:764218738161:certificate/d06fcfaf-7f0a-499c-b300-9e973cf3ad1e",
                            "domain_name": "files.scrtybybscrty.org",
                            "domain_validation_options.#": "1",
                            "domain_validation_options.0.domain_name": "files.scrtybybscrty.org",
                            "domain_validation_options.0.resource_record_name": "_2f21b6cedc1be4b68b4cec71ed4ef38d.files.scrtybybscrty.org.",
                            "domain_validation_options.0.resource_record_type": "CNAME",
                            "domain_validation_options.0.resource_record_value": "_52203434cdc47059de13f5a2abf63c64.hkvuiqjoua.acm-validations.aws.",
                            "id": "arn:aws:acm:us-east-1:764218738161:certificate/d06fcfaf-7f0a-499c-b300-9e973cf3ad1e",
                            "subject_alternative_names.#": "0",
                            "tags.%": "0",
                            "validation_emails.#": "0",
                            "validation_method": "DNS"
                        },
                        "meta": {},
                        "tainted": false
                    },
                    "deposed": [],
                    "provider": "provider.aws"
                },
                "aws_acm_certificate_validation.this": {
                    "type": "aws_acm_certificate_validation",
                    "depends_on": [
                        "aws_acm_certificate.this",
                        "aws_route53_record.validation.*"
                    ],
                    "primary": {
                        "id": "2019-03-10 20:05:51 +0000 UTC",
                        "attributes": {
                            "certificate_arn": "arn:aws:acm:us-east-1:764218738161:certificate/d06fcfaf-7f0a-499c-b300-9e973cf3ad1e",
                            "id": "2019-03-10 20:05:51 +0000 UTC",
                            "validation_record_fqdns.#": "1",
                            "validation_record_fqdns.3938044904": "_2f21b6cedc1be4b68b4cec71ed4ef38d.files.scrtybybscrty.org"
                        },
                        "meta": {
                            "e2bfb730-ecaa-11e6-8f88-34363bc7c4c0": {
                                "create": 2700000000000
                            }
                        },
                        "tainted": false
                    },
                    "deposed": [],
                    "provider": "provider.aws"
                },
                "aws_route53_record.validation": {
                    "type": "aws_route53_record",
                    "depends_on": [
                        "aws_acm_certificate.this",
                        "data.aws_route53_zone.parent.*"
                    ],
                    "primary": {
                        "id": "Z11UY811DI2S1K__2f21b6cedc1be4b68b4cec71ed4ef38d.files.scrtybybscrty.org._CNAME",
                        "attributes": {
                            "fqdn": "_2f21b6cedc1be4b68b4cec71ed4ef38d.files.scrtybybscrty.org",
                            "health_check_id": "",
                            "id": "Z11UY811DI2S1K__2f21b6cedc1be4b68b4cec71ed4ef38d.files.scrtybybscrty.org._CNAME",
                            "name": "_2f21b6cedc1be4b68b4cec71ed4ef38d.files.scrtybybscrty.org",
                            "records.#": "1",
                            "records.1083428771": "_52203434cdc47059de13f5a2abf63c64.hkvuiqjoua.acm-validations.aws.",
                            "set_identifier": "",
                            "ttl": "60",
                            "type": "CNAME",
                            "zone_id": "Z11UY811DI2S1K"
                        },
                        "meta": {
                            "schema_version": "2"
                        },
                        "tainted": false
                    },
                    "deposed": [],
                    "provider": "provider.aws"
                },
                "data.aws_route53_zone.parent": {
                    "type": "aws_route53_zone",
                    "depends_on": [
                        "local.host_to_zone_regex"
                    ],
                    "primary": {
                        "id": "Z11UY811DI2S1K",
                        "attributes": {
                            "caller_reference": "2016-09-14T19:18:10.523044235-04:00",
                            "comment": "Managed by Terraform",
                            "id": "Z11UY811DI2S1K",
                            "name": "scrtybybscrty.org.",
                            "name_servers.#": "4",
                            "name_servers.0": "ns-1242.awsdns-27.org",
                            "name_servers.1": "ns-477.awsdns-59.com",
                            "name_servers.2": "ns-808.awsdns-37.net",
                            "name_servers.3": "ns-1942.awsdns-50.co.uk",
                            "private_zone": "false",
                            "resource_record_set_count": "20",
                            "zone_id": "Z11UY811DI2S1K"
                        },
                        "meta": {},
                        "tainted": false
                    },
                    "deposed": [],
                    "provider": "provider.aws"
                }
            },
            "depends_on": []
        },
        {
            "path": [
                "root",
                "akerl-private-files",
                "apigw",
                "lambda"
            ],
            "outputs": {
                "arn": {
                    "sensitive": false,
                    "type": "string",
                    "value": "arn:aws:lambda:us-east-1:764218738161:function:s3authproxy_akerl-private-files-config"
                },
                "invoke_arn": {
                    "sensitive": false,
                    "type": "string",
                    "value": "arn:aws:apigateway:us-east-1:lambda:path/2015-03-31/functions/arn:aws:lambda:us-east-1:764218738161:function:s3authproxy_akerl-private-files-config/invocations"
                }
            },
            "resources": {
                "aws_iam_role.lambda": {
                    "type": "aws_iam_role",
                    "depends_on": [
                        "data.aws_iam_policy_document.trust"
                    ],
                    "primary": {
                        "id": "s3authproxy_akerl-private-files-config",
                        "attributes": {
                            "arn": "arn:aws:iam::764218738161:role/s3authproxy_akerl-private-files-config",
                            "assume_role_policy": "{\"Version\":\"2012-10-17\",\"Statement\":[{\"Sid\":\"\",\"Effect\":\"Allow\",\"Principal\":{\"Service\":\"lambda.amazonaws.com\"},\"Action\":\"sts:AssumeRole\"}]}",
                            "create_date": "2019-03-10T13:06:15Z",
                            "description": "",
                            "force_detach_policies": "false",
                            "id": "s3authproxy_akerl-private-files-config",
                            "max_session_duration": "3600",
                            "name": "s3authproxy_akerl-private-files-config",
                            "path": "/",
                            "tags.%": "0",
                            "unique_id": "AROAJBPTKK3FBTWADJCSE"
                        },
                        "meta": {},
                        "tainted": false
                    },
                    "deposed": [],
                    "provider": "provider.aws"
                },
                "aws_iam_role_policy.lambda_perms": {
                    "type": "aws_iam_role_policy",
                    "depends_on": [
                        "aws_iam_role.lambda"
                    ],
                    "primary": {
                        "id": "s3authproxy_akerl-private-files-config:lambda_perms",
                        "attributes": {
                            "id": "s3authproxy_akerl-private-files-config:lambda_perms",
                            "name": "lambda_perms",
                            "policy": "{\n  \"Version\": \"2012-10-17\",\n  \"Statement\": [\n    {\n      \"Sid\": \"\",\n      \"Effect\": \"Allow\",\n      \"Action\": [\n        \"s3:ListBucket\",\n        \"s3:GetObject\"\n      ],\n      \"Resource\": [\n        \"arn:aws:s3:::akerl-private-files/*\",\n        \"arn:aws:s3:::akerl-private-files-config/*\",\n        \"arn:aws:s3:::akerl-private-files-config\",\n        \"arn:aws:s3:::akerl-private-files\"\n      ]\n    },\n    {\n      \"Sid\": \"\",\n      \"Effect\": \"Allow\",\n      \"Action\": [\n        \"logs:PutLogEvents\",\n        \"logs:CreateLogStream\",\n        \"logs:CreateLogGroup\"\n      ],\n      \"Resource\": \"arn:aws:logs:*:*:*\"\n    }\n  ]\n}",
                            "role": "s3authproxy_akerl-private-files-config"
                        },
                        "meta": {},
                        "tainted": false
                    },
                    "deposed": [],
                    "provider": "provider.aws"
                },
                "aws_lambda_function.this": {
                    "type": "aws_lambda_function",
                    "depends_on": [
                        "aws_iam_role.lambda"
                    ],
                    "primary": {
                        "id": "s3authproxy_akerl-private-files-config",
                        "attributes": {
                            "arn": "arn:aws:lambda:us-east-1:764218738161:function:s3authproxy_akerl-private-files-config",
                            "dead_letter_config.#": "0",
                            "description": "",
                            "environment.#": "1",
                            "environment.0.variables.%": "2",
                            "environment.0.variables.S3_BUCKET": "akerl-private-files-config",
                            "environment.0.variables.S3_KEY": "config.yaml",
                            "function_name": "s3authproxy_akerl-private-files-config",
                            "handler": "main",
                            "id": "s3authproxy_akerl-private-files-config",
                            "invoke_arn": "arn:aws:apigateway:us-east-1:lambda:path/2015-03-31/functions/arn:aws:lambda:us-east-1:764218738161:function:s3authproxy_akerl-private-files-config/invocations",
                            "kms_key_arn": "",
                            "last_modified": "2019-03-10T18:57:27.802+0000",
                            "layers.#": "0",
                            "memory_size": "128",
                            "publish": "false",
                            "qualified_arn": "arn:aws:lambda:us-east-1:764218738161:function:s3authproxy_akerl-private-files-config:$LATEST",
                            "reserved_concurrent_executions": "-1",
                            "role": "arn:aws:iam::764218738161:role/s3authproxy_akerl-private-files-config",
                            "runtime": "go1.x",
                            "s3_bucket": "akerl-s3authproxy",
                            "s3_key": "v0.0.5.zip",
                            "source_code_hash": "X3lvSD0HloDAnhwkrnAj/YVCTjOTT1wFOoXiF/dw7/E=",
                            "source_code_size": "7546832",
                            "tags.%": "0",
                            "timeout": "10",
                            "tracing_config.#": "1",
                            "tracing_config.0.mode": "PassThrough",
                            "version": "$LATEST",
                            "vpc_config.#": "0"
                        },
                        "meta": {
                            "e2bfb730-ecaa-11e6-8f88-34363bc7c4c0": {
                                "create": 600000000000
                            }
                        },
                        "tainted": false
                    },
                    "deposed": [],
                    "provider": "provider.aws"
                },
                "aws_lambda_permission.allow_source": {
                    "type": "aws_lambda_permission",
                    "depends_on": [
                        "aws_lambda_function.this"
                    ],
                    "primary": {
                        "id": "AllowExecutionFromApigateway",
                        "attributes": {
                            "action": "lambda:InvokeFunction",
                            "function_name": "s3authproxy_akerl-private-files-config",
                            "id": "AllowExecutionFromApigateway",
                            "principal": "apigateway.amazonaws.com",
                            "qualifier": "",
                            "source_arn": "arn:aws:execute-api:us-east-1:764218738161:8ch9kw2mi6/*",
                            "statement_id": "AllowExecutionFromApigateway"
                        },
                        "meta": {},
                        "tainted": false
                    },
                    "deposed": [],
                    "provider": "provider.aws"
                },
                "data.aws_iam_policy_document.trust": {
                    "type": "aws_iam_policy_document",
                    "depends_on": [],
                    "primary": {
                        "id": "3693445097",
                        "attributes": {
                            "id": "3693445097",
                            "json": "{\n  \"Version\": \"2012-10-17\",\n  \"Statement\": [\n    {\n      \"Sid\": \"\",\n      \"Effect\": \"Allow\",\n      \"Action\": \"sts:AssumeRole\",\n      \"Principal\": {\n        \"Service\": \"lambda.amazonaws.com\"\n      }\n    }\n  ]\n}",
                            "statement.#": "1",
                            "statement.0.actions.#": "1",
                            "statement.0.actions.2528466339": "sts:AssumeRole",
                            "statement.0.condition.#": "0",
                            "statement.0.effect": "Allow",
                            "statement.0.not_actions.#": "0",
                            "statement.0.not_principals.#": "0",
                            "statement.0.not_resources.#": "0",
                            "statement.0.principals.#": "1",
                            "statement.0.principals.3118762561.identifiers.#": "1",
                            "statement.0.principals.3118762561.identifiers.2638019528": "lambda.amazonaws.com",
                            "statement.0.principals.3118762561.type": "Service",
                            "statement.0.resources.#": "0",
                            "statement.0.sid": "",
                            "version": "2012-10-17"
                        },
                        "meta": {},
                        "tainted": false
                    },
                    "deposed": [],
                    "provider": "provider.aws"
                }
            },
            "depends_on": []
        },
        {
            "path": [
                "root",
                "akerl-quote-auth",
                "apigw",
                "certificate"
            ],
            "outputs": {
                "arn": {
                    "sensitive": false,
                    "type": "string",
                    "value": "arn:aws:acm:us-east-1:764218738161:certificate/d5162e3e-c6c0-4217-b058-172ac9dd8352"
                }
            },
            "resources": {
                "aws_acm_certificate.this": {
                    "type": "aws_acm_certificate",
                    "depends_on": [
                        "local.common_name",
                        "local.subject_alternative_names"
                    ],
                    "primary": {
                        "id": "arn:aws:acm:us-east-1:764218738161:certificate/d5162e3e-c6c0-4217-b058-172ac9dd8352",
                        "attributes": {
                            "arn": "arn:aws:acm:us-east-1:764218738161:certificate/d5162e3e-c6c0-4217-b058-172ac9dd8352",
                            "domain_name": "auth.coolquotes.xyz",
                            "domain_validation_options.#": "1",
                            "domain_validation_options.0.domain_name": "auth.coolquotes.xyz",
                            "domain_validation_options.0.resource_record_name": "_f5d170d1b029b421cc888d3c6792309b.auth.coolquotes.xyz.",
                            "domain_validation_options.0.resource_record_type": "CNAME",
                            "domain_validation_options.0.resource_record_value": "_0ad4fb8e744ead59503ed74a1115785f.acm-validations.aws.",
                            "id": "arn:aws:acm:us-east-1:764218738161:certificate/d5162e3e-c6c0-4217-b058-172ac9dd8352",
                            "subject_alternative_names.#": "0",
                            "tags.%": "0",
                            "validation_emails.#": "0",
                            "validation_method": "DNS"
                        },
                        "meta": {},
                        "tainted": false
                    },
                    "deposed": [],
                    "provider": "provider.aws"
                },
                "aws_acm_certificate_validation.this": {
                    "type": "aws_acm_certificate_validation",
                    "depends_on": [
                        "aws_acm_certificate.this",
                        "aws_route53_record.validation.*"
                    ],
                    "primary": {
                        "id": "2019-03-10 13:05:03 +0000 UTC",
                        "attributes": {
                            "certificate_arn": "arn:aws:acm:us-east-1:764218738161:certificate/d5162e3e-c6c0-4217-b058-172ac9dd8352",
                            "id": "2019-03-10 13:05:03 +0000 UTC",
                            "validation_record_fqdns.#": "1",
                            "validation_record_fqdns.216770154": "_f5d170d1b029b421cc888d3c6792309b.auth.coolquotes.xyz"
                        },
                        "meta": {
                            "e2bfb730-ecaa-11e6-8f88-34363bc7c4c0": {
                                "create": 2700000000000
                            }
                        },
                        "tainted": false
                    },
                    "deposed": [],
                    "provider": "provider.aws"
                },
                "aws_route53_record.validation": {
                    "type": "aws_route53_record",
                    "depends_on": [
                        "aws_acm_certificate.this",
                        "data.aws_route53_zone.parent.*"
                    ],
                    "primary": {
                        "id": "Z8OAL9XXAA49Z__f5d170d1b029b421cc888d3c6792309b.auth.coolquotes.xyz._CNAME",
                        "attributes": {
                            "fqdn": "_f5d170d1b029b421cc888d3c6792309b.auth.coolquotes.xyz",
                            "health_check_id": "",
                            "id": "Z8OAL9XXAA49Z__f5d170d1b029b421cc888d3c6792309b.auth.coolquotes.xyz._CNAME",
                            "name": "_f5d170d1b029b421cc888d3c6792309b.auth.coolquotes.xyz",
                            "records.#": "1",
                            "records.4215720875": "_0ad4fb8e744ead59503ed74a1115785f.acm-validations.aws.",
                            "set_identifier": "",
                            "ttl": "60",
                            "type": "CNAME",
                            "zone_id": "Z8OAL9XXAA49Z"
                        },
                        "meta": {
                            "schema_version": "2"
                        },
                        "tainted": false
                    },
                    "deposed": [],
                    "provider": "provider.aws"
                },
                "data.aws_route53_zone.parent": {
                    "type": "aws_route53_zone",
                    "depends_on": [
                        "local.host_to_zone_regex"
                    ],
                    "primary": {
                        "id": "Z8OAL9XXAA49Z",
                        "attributes": {
                            "caller_reference": "2017-09-14T01:31:08.67890792-04:00",
                            "comment": "Managed by Terraform",
                            "id": "Z8OAL9XXAA49Z",
                            "name": "coolquotes.xyz.",
                            "name_servers.#": "4",
                            "name_servers.0": "ns-1242.awsdns-27.org",
                            "name_servers.1": "ns-477.awsdns-59.com",
                            "name_servers.2": "ns-808.awsdns-37.net",
                            "name_servers.3": "ns-1942.awsdns-50.co.uk",
                            "private_zone": "false",
                            "resource_record_set_count": "14",
                            "zone_id": "Z8OAL9XXAA49Z"
                        },
                        "meta": {},
                        "tainted": false
                    },
                    "deposed": [],
                    "provider": "provider.aws"
                }
            },
            "depends_on": []
        },
        {
            "path": [
                "root",
                "akerl-quote-auth",
                "apigw",
                "lambda"
            ],
            "outputs": {
                "arn": {
                    "sensitive": false,
                    "type": "string",
                    "value": "arn:aws:lambda:us-east-1:764218738161:function:githubauth-akerl-quote-auth"
                },
                "invoke_arn": {
                    "sensitive": false,
                    "type": "string",
                    "value": "arn:aws:apigateway:us-east-1:lambda:path/2015-03-31/functions/arn:aws:lambda:us-east-1:764218738161:function:githubauth-akerl-quote-auth/invocations"
                }
            },
            "resources": {
                "aws_iam_role.lambda": {
                    "type": "aws_iam_role",
                    "depends_on": [
                        "data.aws_iam_policy_document.trust"
                    ],
                    "primary": {
                        "id": "githubauth-akerl-quote-auth",
                        "attributes": {
                            "arn": "arn:aws:iam::764218738161:role/githubauth-akerl-quote-auth",
                            "assume_role_policy": "{\"Version\":\"2012-10-17\",\"Statement\":[{\"Sid\":\"\",\"Effect\":\"Allow\",\"Principal\":{\"Service\":\"lambda.amazonaws.com\"},\"Action\":\"sts:AssumeRole\"}]}",
                            "create_date": "2019-03-10T13:01:43Z",
                            "description": "",
                            "force_detach_policies": "false",
                            "id": "githubauth-akerl-quote-auth",
                            "max_session_duration": "3600",
                            "name": "githubauth-akerl-quote-auth",
                            "path": "/",
                            "tags.%": "0",
                            "unique_id": "AROAIACTS2K27KMHXTHEY"
                        },
                        "meta": {},
                        "tainted": false
                    },
                    "deposed": [],
                    "provider": "provider.aws"
                },
                "aws_iam_role_policy.lambda_perms": {
                    "type": "aws_iam_role_policy",
                    "depends_on": [
                        "aws_iam_role.lambda"
                    ],
                    "primary": {
                        "id": "githubauth-akerl-quote-auth:lambda_perms",
                        "attributes": {
                            "id": "githubauth-akerl-quote-auth:lambda_perms",
                            "name": "lambda_perms",
                            "policy": "{\n  \"Version\": \"2012-10-17\",\n  \"Statement\": [\n    {\n      \"Sid\": \"\",\n      \"Effect\": \"Allow\",\n      \"Action\": [\n        \"s3:ListBucket\",\n        \"s3:GetObject\"\n      ],\n      \"Resource\": [\n        \"arn:aws:s3:::akerl-quote-auth/*\",\n        \"arn:aws:s3:::akerl-quote-auth\"\n      ]\n    },\n    {\n      \"Sid\": \"\",\n      \"Effect\": \"Allow\",\n      \"Action\": [\n        \"logs:PutLogEvents\",\n        \"logs:CreateLogStream\",\n        \"logs:CreateLogGroup\"\n      ],\n      \"Resource\": \"arn:aws:logs:*:*:*\"\n    }\n  ]\n}",
                            "role": "githubauth-akerl-quote-auth"
                        },
                        "meta": {},
                        "tainted": false
                    },
                    "deposed": [],
                    "provider": "provider.aws"
                },
                "aws_lambda_function.this": {
                    "type": "aws_lambda_function",
                    "depends_on": [
                        "aws_iam_role.lambda"
                    ],
                    "primary": {
                        "id": "githubauth-akerl-quote-auth",
                        "attributes": {
                            "arn": "arn:aws:lambda:us-east-1:764218738161:function:githubauth-akerl-quote-auth",
                            "dead_letter_config.#": "0",
                            "description": "",
                            "environment.#": "1",
                            "environment.0.variables.%": "2",
                            "environment.0.variables.S3_BUCKET": "akerl-quote-auth",
                            "environment.0.variables.S3_KEY": "config.yaml",
                            "function_name": "githubauth-akerl-quote-auth",
                            "handler": "main",
                            "id": "githubauth-akerl-quote-auth",
                            "invoke_arn": "arn:aws:apigateway:us-east-1:lambda:path/2015-03-31/functions/arn:aws:lambda:us-east-1:764218738161:function:githubauth-akerl-quote-auth/invocations",
                            "kms_key_arn": "",
                            "last_modified": "2019-03-10T18:57:27.602+0000",
                            "layers.#": "0",
                            "memory_size": "128",
                            "publish": "false",
                            "qualified_arn": "arn:aws:lambda:us-east-1:764218738161:function:githubauth-akerl-quote-auth:$LATEST",
                            "reserved_concurrent_executions": "-1",
                            "role": "arn:aws:iam::764218738161:role/githubauth-akerl-quote-auth",
                            "runtime": "go1.x",
                            "s3_bucket": "akerl-githubauthlambda",
                            "s3_key": "v0.1.1.zip",
                            "source_code_hash": "yAaKB3u0l+4+rLu3zkB6GS63eVtwB4ihWoqGLolK6yE=",
                            "source_code_size": "8612589",
                            "tags.%": "0",
                            "timeout": "10",
                            "tracing_config.#": "1",
                            "tracing_config.0.mode": "PassThrough",
                            "version": "$LATEST",
                            "vpc_config.#": "0"
                        },
                        "meta": {
                            "e2bfb730-ecaa-11e6-8f88-34363bc7c4c0": {
                                "create": 600000000000
                            }
                        },
                        "tainted": false
                    },
                    "deposed": [],
                    "provider": "provider.aws"
                },
                "aws_lambda_permission.allow_source": {
                    "type": "aws_lambda_permission",
                    "depends_on": [
                        "aws_lambda_function.this"
                    ],
                    "primary": {
                        "id": "AllowExecutionFromApigateway",
                        "attributes": {
                            "action": "lambda:InvokeFunction",
                            "function_name": "githubauth-akerl-quote-auth",
                            "id": "AllowExecutionFromApigateway",
                            "principal": "apigateway.amazonaws.com",
                            "qualifier": "",
                            "source_arn": "arn:aws:execute-api:us-east-1:764218738161:q2p2gdrqcf/*",
                            "statement_id": "AllowExecutionFromApigateway"
                        },
                        "meta": {},
                        "tainted": false
                    },
                    "deposed": [],
                    "provider": "provider.aws"
                },
                "data.aws_iam_policy_document.trust": {
                    "type": "aws_iam_policy_document",
                    "depends_on": [],
                    "primary": {
                        "id": "3693445097",
                        "attributes": {
                            "id": "3693445097",
                            "json": "{\n  \"Version\": \"2012-10-17\",\n  \"Statement\": [\n    {\n      \"Sid\": \"\",\n      \"Effect\": \"Allow\",\n      \"Action\": \"sts:AssumeRole\",\n      \"Principal\": {\n        \"Service\": \"lambda.amazonaws.com\"\n      }\n    }\n  ]\n}",
                            "statement.#": "1",
                            "statement.0.actions.#": "1",
                            "statement.0.actions.2528466339": "sts:AssumeRole",
                            "statement.0.condition.#": "0",
                            "statement.0.effect": "Allow",
                            "statement.0.not_actions.#": "0",
                            "statement.0.not_principals.#": "0",
                            "statement.0.not_resources.#": "0",
                            "statement.0.principals.#": "1",
                            "statement.0.principals.3118762561.identifiers.#": "1",
                            "statement.0.principals.3118762561.identifiers.2638019528": "lambda.amazonaws.com",
                            "statement.0.principals.3118762561.type": "Service",
                            "statement.0.resources.#": "0",
                            "statement.0.sid": "",
                            "version": "2012-10-17"
                        },
                        "meta": {},
                        "tainted": false
                    },
                    "deposed": [],
                    "provider": "provider.aws"
                }
            },
            "depends_on": []
        }
    ]
}
